{
  "version": 4,
  "terraform_version": "1.3.6",
  "serial": 583,
  "lineage": "842a2913-e436-4381-8e72-045e740c9c1f",
  "outputs": {},
  "resources": [
    {
      "mode": "managed",
      "type": "github_membership",
      "name": "member",
      "provider": "provider[\"registry.terraform.io/integrations/github\"]",
      "instances": [
        {
          "index_key": "210on",
          "schema_version": 0,
          "attributes": {
            "etag": "W/\"af9af585732d15167c4808da721d4a7510df2177fd07067947f61dd3a34dedac\"",
            "id": "ictsc:210on",
            "role": "member",
            "username": "210on"
          },
          "sensitive_attributes": [],
          "private": "bnVsbA=="
        },
        {
          "index_key": "39Hane",
          "schema_version": 0,
          "attributes": {
            "etag": "W/\"bea8a5b28e48f861f40126486cc9892fbab311829230bfdf0834d526b21374b9\"",
            "id": "ictsc:39Hane",
            "role": "member",
            "username": "39Hane"
          },
          "sensitive_attributes": [],
          "private": "bnVsbA=="
        },
        {
          "index_key": "Art-Atlas",
          "schema_version": 0,
          "attributes": {
            "etag": "W/\"efdae781f3baeabd37c8fd0f77f254a39bf7e0517978d042aa5a5aa05b2d59e6\"",
            "id": "ictsc:Art-Atlas",
            "role": "admin",
            "username": "Art-Atlas"
          },
          "sensitive_attributes": [],
          "private": "bnVsbA=="
        },
        {
          "index_key": "Azusa72",
          "schema_version": 0,
          "attributes": {
            "etag": "W/\"8e078830787cf4d47e5df6b71ba6c8a766b0d5c35bef097ee8a3a4d03c354475\"",
            "id": "ictsc:Azusa72",
            "role": "member",
            "username": "Azusa72"
          },
          "sensitive_attributes": []
        },
        {
          "index_key": "Crow314",
          "schema_version": 0,
          "attributes": {
            "etag": "W/\"d5efb7853b74a741cf1ee258221d48f1d051a52e27c9070fa7ef2d69dde8d8b4\"",
            "id": "ictsc:Crow314",
            "role": "admin",
            "username": "Crow314"
          },
          "sensitive_attributes": [],
          "private": "bnVsbA=="
        },
        {
          "index_key": "Dodai-Dodai",
          "schema_version": 0,
          "attributes": {
            "etag": "W/\"f4006007d56e85c58d4d7da7040507fc3a0e1a33c44ad74bf2e19039adc475a7\"",
            "id": "ictsc:Dodai-Dodai",
            "role": "admin",
            "username": "Dodai-Dodai"
          },
          "sensitive_attributes": [],
          "private": "bnVsbA=="
        },
        {
          "index_key": "Explosive6363",
          "schema_version": 0,
          "attributes": {
            "etag": "W/\"c497b486331dd44b7bc94dbcf74038270c0c3332e4a8c1f147bd8471b7103473\"",
            "id": "ictsc:Explosive6363",
            "role": "admin",
            "username": "Explosive6363"
          },
          "sensitive_attributes": []
        },
        {
          "index_key": "Fuuma0000",
          "schema_version": 0,
          "attributes": {
            "etag": "W/\"17f50333c79b47890116e234a5f4ddb7c188167ac0975c53b8b52511ab16193a\"",
            "id": "ictsc:Fuuma0000",
            "role": "admin",
            "username": "Fuuma0000"
          },
          "sensitive_attributes": [],
          "private": "bnVsbA=="
        },
        {
          "index_key": "Hicky1025",
          "schema_version": 0,
          "attributes": {
            "etag": "W/\"96e9b658474727dbc6503c9f6f80e4b3fb727d3770c82997c552f8854ce4bf2a\"",
            "id": "ictsc:Hicky1025",
            "role": "member",
            "username": "Hicky1025"
          },
          "sensitive_attributes": []
        },
        {
          "index_key": "I1da725",
          "schema_version": 0,
          "attributes": {
            "etag": "W/\"1bfdb078c1ba11653f40109e533489d009e595e09eddd2e6ee4e126d1714b3ac\"",
            "id": "ictsc:I1da725",
            "role": "member",
            "username": "I1da725"
          },
          "sensitive_attributes": [],
          "private": "bnVsbA=="
        },
        {
          "index_key": "Iwancof",
          "schema_version": 0,
          "attributes": {
            "etag": "W/\"d2d1711cbf527fc609c71f6e09a9914585d3a641bdabe970fc3c3965a46b7916\"",
            "id": "ictsc:Iwancof",
            "role": "member",
            "username": "Iwancof"
          },
          "sensitive_attributes": []
        },
        {
          "index_key": "K-shir0",
          "schema_version": 0,
          "attributes": {
            "etag": "W/\"cf6a6c7eff7933b838e5f90f22040787cd8c833d89bea31c3032cc73e1b22c3a\"",
            "id": "ictsc:K-shir0",
            "role": "member",
            "username": "K-shir0"
          },
          "sensitive_attributes": []
        },
        {
          "index_key": "Katsuya414",
          "schema_version": 0,
          "attributes": {
            "etag": "W/\"dd183aa66185a87d8352d1318d2ad45c40086f73bb17b570788ba6e261886fe7\"",
            "id": "ictsc:Katsuya414",
            "role": "member",
            "username": "Katsuya414"
          },
          "sensitive_attributes": []
        },
        {
          "index_key": "Kurorororo",
          "schema_version": 0,
          "attributes": {
            "etag": "W/\"6115a48230833cdc702f957f0d2c13141845d01a6d509b617ab730ddbd030fb9\"",
            "id": "ictsc:Kurorororo",
            "role": "member",
            "username": "Kurorororo"
          },
          "sensitive_attributes": []
        },
        {
          "index_key": "NozomiSugiyama",
          "schema_version": 0,
          "attributes": {
            "etag": "W/\"6a1ed171cd4b40fc19c4dd282719fc67028c0c75e842c9db738a89db1296678a\"",
            "id": "ictsc:NozomiSugiyama",
            "role": "member",
            "username": "NozomiSugiyama"
          },
          "sensitive_attributes": []
        },
        {
          "index_key": "Ryusuke-Seki",
          "schema_version": 0,
          "attributes": {
            "etag": "W/\"d75abf314270332b2ee64e790fa2a6e46f00be94815dd7b70221567ff9c421c3\"",
            "id": "ictsc:Ryusuke-Seki",
            "role": "member",
            "username": "Ryusuke-Seki"
          },
          "sensitive_attributes": [],
          "private": "bnVsbA=="
        },
        {
          "index_key": "SakurazakaShin",
          "schema_version": 0,
          "attributes": {
            "etag": "W/\"14661b44b7ecaa4d39ba4f2a177649db57fc273344a0a23d0fdee886620921e4\"",
            "id": "ictsc:SakurazakaShin",
            "role": "member",
            "username": "SakurazakaShin"
          },
          "sensitive_attributes": []
        },
        {
          "index_key": "SallyAcolyte",
          "schema_version": 0,
          "attributes": {
            "etag": "W/\"771909f8f161bafe6ded855f7063b4f2286f06456b41394706c5523888ef62e3\"",
            "id": "ictsc:SallyAcolyte",
            "role": "member",
            "username": "SallyAcolyte"
          },
          "sensitive_attributes": []
        },
        {
          "index_key": "ShotaKitazawa",
          "schema_version": 0,
          "attributes": {
            "etag": "W/\"404ebe2c0a5e40ce4c9ad196fc3ce55f92274f582a674cb0a991f00d21213817\"",
            "id": "ictsc:ShotaKitazawa",
            "role": "member",
            "username": "ShotaKitazawa"
          },
          "sensitive_attributes": []
        },
        {
          "index_key": "SilEighty-ym",
          "schema_version": 0,
          "attributes": {
            "etag": "W/\"8ee46ac35b4aeee2463648417b7137c0ea64cfd99572f93891e55a98a1b8e962\"",
            "id": "ictsc:SilEighty-ym",
            "role": "member",
            "username": "SilEighty-ym"
          },
          "sensitive_attributes": []
        },
        {
          "index_key": "SouJimmy",
          "schema_version": 0,
          "attributes": {
            "etag": "W/\"a347cc9896605d1b5aec37d3baea523f9d5fc1dcc2959ac68f62f0bfb37816b1\"",
            "id": "ictsc:SouJimmy",
            "role": "member",
            "username": "SouJimmy"
          },
          "sensitive_attributes": [],
          "private": "bnVsbA=="
        },
        {
          "index_key": "TenkiGit",
          "schema_version": 0,
          "attributes": {
            "etag": "W/\"8ab1505b17a0eb4391b0c0ee841319c1fa763e864e18da372ca1ba4898198abf\"",
            "id": "ictsc:TenkiGit",
            "role": "member",
            "username": "TenkiGit"
          },
          "sensitive_attributes": []
        },
        {
          "index_key": "Terfno",
          "schema_version": 0,
          "attributes": {
            "etag": "W/\"9f693d71be3b6a68061c8d7b53595627b4cde1a21d03231b5492405929b19409\"",
            "id": "ictsc:Terfno",
            "role": "member",
            "username": "Terfno"
          },
          "sensitive_attributes": []
        },
        {
          "index_key": "Yosshi72",
          "schema_version": 0,
          "attributes": {
            "etag": "W/\"418acc82bea5c6104f4440ea5ccde1783116272283406007fb8dec364784418b\"",
            "id": "ictsc:Yosshi72",
            "role": "member",
            "username": "Yosshi72"
          },
          "sensitive_attributes": [],
          "private": "bnVsbA=="
        },
        {
          "index_key": "a-r-g-v",
          "schema_version": 0,
          "attributes": {
            "etag": "W/\"8156bd56f4d5f7924e0470576f2604c6b6ce051e7f3b89764e0b383d319e9576\"",
            "id": "ictsc:a-r-g-v",
            "role": "member",
            "username": "a-r-g-v"
          },
          "sensitive_attributes": []
        },
        {
          "index_key": "acque2two",
          "schema_version": 0,
          "attributes": {
            "etag": "W/\"c529747700466a55614af5990528a4da4db34a170faa06a42bfa2f736303722e\"",
            "id": "ictsc:acque2two",
            "role": "member",
            "username": "acque2two"
          },
          "sensitive_attributes": []
        },
        {
          "index_key": "alias-aria",
          "schema_version": 0,
          "attributes": {
            "etag": "W/\"88209d9d95c30d53031a97ef37315e6d74060b7006437125f12b316e46de8932\"",
            "id": "ictsc:alias-aria",
            "role": "member",
            "username": "alias-aria"
          },
          "sensitive_attributes": []
        },
        {
          "index_key": "amechun",
          "schema_version": 0,
          "attributes": {
            "etag": "W/\"582f5e7aa6c7ab23448d7d889e674a759734eb26979c69bd58bcb706f112dd91\"",
            "id": "ictsc:amechun",
            "role": "member",
            "username": "amechun"
          },
          "sensitive_attributes": [],
          "private": "bnVsbA=="
        },
        {
          "index_key": "aoi96",
          "schema_version": 0,
          "attributes": {
            "etag": "W/\"502ac4f45e7d01e3366126abc00eb4a02ece7d604bd0c98efa330c775e22379a\"",
            "id": "ictsc:aoi96",
            "role": "member",
            "username": "aoi96"
          },
          "sensitive_attributes": []
        },
        {
          "index_key": "arupakan125",
          "schema_version": 0,
          "attributes": {
            "etag": "W/\"ca14add04ccd2bf2189ebfd5dfdabeb1864c8e1756fcb38abc299f3919fd4fd9\"",
            "id": "ictsc:arupakan125",
            "role": "member",
            "username": "arupakan125"
          },
          "sensitive_attributes": []
        },
        {
          "index_key": "asarijiru",
          "schema_version": 0,
          "attributes": {
            "etag": "W/\"9adfaf3b302097d7c7f197d206c9e72e4b58d8931d4e207e9f9395673d3dba95\"",
            "id": "ictsc:asarijiru",
            "role": "member",
            "username": "asarijiru"
          },
          "sensitive_attributes": []
        },
        {
          "index_key": "asdfec",
          "schema_version": 0,
          "attributes": {
            "etag": "W/\"bace4c3b35a906660cff038b41c1187870dd66972f68d8451c54fbf59e4c3851\"",
            "id": "ictsc:asdfec",
            "role": "member",
            "username": "asdfec"
          },
          "sensitive_attributes": []
        },
        {
          "index_key": "beggarl",
          "schema_version": 0,
          "attributes": {
            "etag": "W/\"c02f6ce98947ddcd82405cd0d38ad6fc5490a424b26f53c2c8b38553dd2e2b49\"",
            "id": "ictsc:beggarl",
            "role": "member",
            "username": "beggarl"
          },
          "sensitive_attributes": [],
          "private": "bnVsbA=="
        },
        {
          "index_key": "bosan120",
          "schema_version": 0,
          "attributes": {
            "etag": "W/\"5c1229efb1f62cec4b0fcff1b6fdef55f0335e4a9ca1f212aad104584fc343db\"",
            "id": "ictsc:bosan120",
            "role": "member",
            "username": "bosan120"
          },
          "sensitive_attributes": []
        },
        {
          "index_key": "bqc0n",
          "schema_version": 0,
          "attributes": {
            "etag": "W/\"f338ba0b86b32d24de611491bb175a6f8a9852b3b26bc45b080a78502fdbda2d\"",
            "id": "ictsc:bqc0n",
            "role": "member",
            "username": "bqc0n"
          },
          "sensitive_attributes": [],
          "private": "bnVsbA=="
        },
        {
          "index_key": "chalkygames123",
          "schema_version": 0,
          "attributes": {
            "etag": "W/\"9700050730ee3b7dbc6bc87cc20618d1715388444735bb6555074db16e8ea07b\"",
            "id": "ictsc:chalkygames123",
            "role": "member",
            "username": "chalkygames123"
          },
          "sensitive_attributes": []
        },
        {
          "index_key": "chamaharun",
          "schema_version": 0,
          "attributes": {
            "etag": "W/\"48139d43f7f306445af29af6dfe3c314c1e3b75136978e3c0ccbc6446b634edc\"",
            "id": "ictsc:chamaharun",
            "role": "member",
            "username": "chamaharun"
          },
          "sensitive_attributes": []
        },
        {
          "index_key": "chaya2z",
          "schema_version": 0,
          "attributes": {
            "etag": "W/\"0c90e02c6af087265243dc645ebe8ca95851c5df3aa17d8a4c6cd9384d99ce32\"",
            "id": "ictsc:chaya2z",
            "role": "member",
            "username": "chaya2z"
          },
          "sensitive_attributes": []
        },
        {
          "index_key": "chibiegg",
          "schema_version": 0,
          "attributes": {
            "etag": "W/\"654911c8dfb5c14f7ce6fbfc9def76631c3a7913f1df81eca659e7dd0cb3c9cc\"",
            "id": "ictsc:chibiegg",
            "role": "member",
            "username": "chibiegg"
          },
          "sensitive_attributes": []
        },
        {
          "index_key": "chisaton1",
          "schema_version": 0,
          "attributes": {
            "etag": "W/\"0765e3bead6299eda807015f70488b4fbf24b7b88eb99bc35332825195c202c1\"",
            "id": "ictsc:chisaton1",
            "role": "member",
            "username": "chisaton1"
          },
          "sensitive_attributes": []
        },
        {
          "index_key": "chouett0",
          "schema_version": 0,
          "attributes": {
            "etag": "W/\"ae2f1863ac3dd89b13f492890bb0eb6061c8a2ac5add8fccbccc467626e8bb05\"",
            "id": "ictsc:chouett0",
            "role": "member",
            "username": "chouett0"
          },
          "sensitive_attributes": []
        },
        {
          "index_key": "ecodrive-18",
          "schema_version": 0,
          "attributes": {
            "etag": "W/\"9f0c66a9d5367813ce7e9ce1d83c1a461653bcbdacd714ff312fe53165235f33\"",
            "id": "ictsc:ecodrive-18",
            "role": "member",
            "username": "ecodrive-18"
          },
          "sensitive_attributes": []
        },
        {
          "index_key": "flora058x",
          "schema_version": 0,
          "attributes": {
            "etag": "W/\"ce1af8152d2c8424b21a4abf391e09f70259ad46af9dff72f11397f7309b03ba\"",
            "id": "ictsc:flora058x",
            "role": "member",
            "username": "flora058x"
          },
          "sensitive_attributes": [],
          "private": "bnVsbA=="
        },
        {
          "index_key": "guragusan",
          "schema_version": 0,
          "attributes": {
            "etag": "W/\"f2d108e1f3188a01c262d2276a04a7682a6ac0ed1f07662e6c47e8368ffda6a0\"",
            "id": "ictsc:guragusan",
            "role": "member",
            "username": "guragusan"
          },
          "sensitive_attributes": []
        },
        {
          "index_key": "gurapomu",
          "schema_version": 0,
          "attributes": {
            "etag": "W/\"a0ed3a1cb5742a1ac3e74a8a877270b678bc762c45e7ebc933c20c45e61bb01c\"",
            "id": "ictsc:gurapomu",
            "role": "member",
            "username": "gurapomu"
          },
          "sensitive_attributes": []
        },
        {
          "index_key": "h-otter",
          "schema_version": 0,
          "attributes": {
            "etag": "W/\"621428604cfd5cc351a46d5f88f85d0bb6a40036f94db852ec258364ca0a75c8\"",
            "id": "ictsc:h-otter",
            "role": "admin",
            "username": "h-otter"
          },
          "sensitive_attributes": []
        },
        {
          "index_key": "ha-kun0711",
          "schema_version": 0,
          "attributes": {
            "etag": "W/\"6cbc6f445d65233b09a838ed38cce6c8759ec518b8d074fdcb623edcf910aaa9\"",
            "id": "ictsc:ha-kun0711",
            "role": "member",
            "username": "ha-kun0711"
          },
          "sensitive_attributes": []
        },
        {
          "index_key": "hibiki31",
          "schema_version": 0,
          "attributes": {
            "etag": "W/\"dd9dbbf8b165fb69c7d4d97271f2b97b264bb0d482ea1433b8998696967051b0\"",
            "id": "ictsc:hibiki31",
            "role": "member",
            "username": "hibiki31"
          },
          "sensitive_attributes": []
        },
        {
          "index_key": "hide-1",
          "schema_version": 0,
          "attributes": {
            "etag": "W/\"a8f15e249d6fad1cdcdfcb7ffef63e8752f6207477ae0d19724de7c223928ac3\"",
            "id": "ictsc:hide-1",
            "role": "member",
            "username": "hide-1"
          },
          "sensitive_attributes": [],
          "private": "bnVsbA=="
        },
        {
          "index_key": "hitto-hub",
          "schema_version": 0,
          "attributes": {
            "etag": "W/\"1b5abcbe7caf193c3274e3b6a040c107216779af9fdde8b7afd45197e4c97a22\"",
            "id": "ictsc:hitto-hub",
            "role": "member",
            "username": "hitto-hub"
          },
          "sensitive_attributes": [],
          "private": "bnVsbA=="
        },
        {
          "index_key": "ibucho",
          "schema_version": 0,
          "attributes": {
            "etag": "W/\"cba29c750a155a1dc7a205866b24fbf40b6d13694cf98a5987c286d39cde936f\"",
            "id": "ictsc:ibucho",
            "role": "admin",
            "username": "ibucho"
          },
          "sensitive_attributes": []
        },
        {
          "index_key": "icchy",
          "schema_version": 0,
          "attributes": {
            "etag": "W/\"a4bf296b275103f1844636da5bde8fc8911fd5abd62293d47d38c521c7b087b5\"",
            "id": "ictsc:icchy",
            "role": "member",
            "username": "icchy"
          },
          "sensitive_attributes": []
        },
        {
          "index_key": "int-tt",
          "schema_version": 0,
          "attributes": {
            "etag": "W/\"4534d18a0bd6b43d504f25d56dc71dab022915719a3e9b20e771fc13df8665a5\"",
            "id": "ictsc:int-tt",
            "role": "member",
            "username": "int-tt"
          },
          "sensitive_attributes": []
        },
        {
          "index_key": "inuyosi",
          "schema_version": 0,
          "attributes": {
            "etag": "W/\"8c67bed21ac662a3d175ba7f347e9be76bcd3610e0cdc596f51dc1b9342b9db6\"",
            "id": "ictsc:inuyosi",
            "role": "member",
            "username": "inuyosi"
          },
          "sensitive_attributes": []
        },
        {
          "index_key": "ishisora",
          "schema_version": 0,
          "attributes": {
            "etag": "W/\"bfe00a8432be446e6038e3066e0e29f059d5e3cb0c3430e8fe2e79981b72b443\"",
            "id": "ictsc:ishisora",
            "role": "member",
            "username": "ishisora"
          },
          "sensitive_attributes": [],
          "private": "bnVsbA=="
        },
        {
          "index_key": "jeterdx",
          "schema_version": 0,
          "attributes": {
            "etag": "W/\"36e52b384591fe97c7d81e330dd94d0b16855f5935834f56983a3d71759b7f09\"",
            "id": "ictsc:jeterdx",
            "role": "member",
            "username": "jeterdx"
          },
          "sensitive_attributes": [],
          "private": "bnVsbA=="
        },
        {
          "index_key": "k-84mo10",
          "schema_version": 0,
          "attributes": {
            "etag": "W/\"0bcb592d8df45ea9cb475ed843934099acde723ec724b7d81bd9010443fa5b3c\"",
            "id": "ictsc:k-84mo10",
            "role": "member",
            "username": "k-84mo10"
          },
          "sensitive_attributes": [],
          "private": "bnVsbA=="
        },
        {
          "index_key": "kadokusei",
          "schema_version": 0,
          "attributes": {
            "etag": "W/\"9760195061c402bf557dde32628edb5f58ceaa77e570c517d18398b5b732f8bd\"",
            "id": "ictsc:kadokusei",
            "role": "member",
            "username": "kadokusei"
          },
          "sensitive_attributes": []
        },
        {
          "index_key": "kamijin-fanta",
          "schema_version": 0,
          "attributes": {
            "etag": "W/\"d74c32887cffb5ebb2c90da8cfca7cafe8fa41c507f447725d92cea3825fcfeb\"",
            "id": "ictsc:kamijin-fanta",
            "role": "member",
            "username": "kamijin-fanta"
          },
          "sensitive_attributes": []
        },
        {
          "index_key": "kapibara824",
          "schema_version": 0,
          "attributes": {
            "etag": "W/\"c8b0aea8d2f8a1f02b40c71a7a67959c0e7df21e4144e02418a2b7cee9ed03b3\"",
            "id": "ictsc:kapibara824",
            "role": "member",
            "username": "kapibara824"
          },
          "sensitive_attributes": []
        },
        {
          "index_key": "kayo-tozaki",
          "schema_version": 0,
          "attributes": {
            "etag": "W/\"6c590e19db0d62bc8438974984a6292c559e11aa8bf212cdf888cf5c9960ae63\"",
            "id": "ictsc:kayo-tozaki",
            "role": "member",
            "username": "kayo-tozaki"
          },
          "sensitive_attributes": []
        },
        {
          "index_key": "keisukearakawa",
          "schema_version": 0,
          "attributes": {
            "etag": "W/\"ba180173c86573cc1908f3359a7c8e3655e29be2d88c6b344c8472457587ba40\"",
            "id": "ictsc:keisukearakawa",
            "role": "member",
            "username": "keisukearakawa"
          },
          "sensitive_attributes": []
        },
        {
          "index_key": "kerthical",
          "schema_version": 0,
          "attributes": {
            "etag": "W/\"ae72acd46de2dfe18d51990fff1a8eab0c6536bc430c5e5565d169808318609d\"",
            "id": "ictsc:kerthical",
            "role": "member",
            "username": "kerthical"
          },
          "sensitive_attributes": [],
          "private": "bnVsbA=="
        },
        {
          "index_key": "keyakko",
          "schema_version": 0,
          "attributes": {
            "etag": "W/\"1dc5acfa87ebab32abe4d6c99ec1581b8a3d7177d3df66762b5c1e46d5528843\"",
            "id": "ictsc:keyakko",
            "role": "member",
            "username": "keyakko"
          },
          "sensitive_attributes": []
        },
        {
          "index_key": "konkichi836",
          "schema_version": 0,
          "attributes": {
            "etag": "W/\"c10400aff723e600c0ef9db0aa4de5a2046e7ebf6fa5735914fdf167fb3f235b\"",
            "id": "ictsc:konkichi836",
            "role": "member",
            "username": "konkichi836"
          },
          "sensitive_attributes": [],
          "private": "bnVsbA=="
        },
        {
          "index_key": "kouxi08",
          "schema_version": 0,
          "attributes": {
            "etag": "W/\"b92f1d773aefa800f227c2732b91b3ba738a63b24b3e90f740c3ad0f013a1169\"",
            "id": "ictsc:kouxi08",
            "role": "member",
            "username": "kouxi08"
          },
          "sensitive_attributes": [],
          "private": "bnVsbA=="
        },
        {
          "index_key": "kurochan",
          "schema_version": 0,
          "attributes": {
            "etag": "W/\"ad25120e7961667835ef99bafaeba2a450b2e5af200c7ac06b572fe512a5052b\"",
            "id": "ictsc:kurochan",
            "role": "admin",
            "username": "kurochan"
          },
          "sensitive_attributes": []
        },
        {
          "index_key": "kyoko0514",
          "schema_version": 0,
          "attributes": {
            "etag": "W/\"caa14b75af493746f74b6d5d1a0a112f3e872fb6f32de51560d1c40a960e368a\"",
            "id": "ictsc:kyoko0514",
            "role": "member",
            "username": "kyoko0514"
          },
          "sensitive_attributes": []
        },
        {
          "index_key": "kyontan",
          "schema_version": 0,
          "attributes": {
            "etag": "W/\"4dbedbf363f45599a29bada492c6f2c96fdc72fa46dd41e14bd674f2f45b6e8f\"",
            "id": "ictsc:kyontan",
            "role": "member",
            "username": "kyontan"
          },
          "sensitive_attributes": []
        },
        {
          "index_key": "logica0419",
          "schema_version": 0,
          "attributes": {
            "etag": "W/\"d85c25b94d946e94a9ddedfb366d44d73d2e5c164acb38f3803a200395abe2a1\"",
            "id": "ictsc:logica0419",
            "role": "admin",
            "username": "logica0419"
          },
          "sensitive_attributes": [],
          "private": "bnVsbA=="
        },
        {
          "index_key": "mbook-x86",
          "schema_version": 0,
          "attributes": {
            "etag": "W/\"7e9ad810310c1e5060260a2a74b5929eb4930e6d5c7bb82bcbb7ac75ef064479\"",
            "id": "ictsc:mbook-x86",
            "role": "member",
            "username": "mbook-x86"
          },
          "sensitive_attributes": []
        },
        {
          "index_key": "miyashita77",
          "schema_version": 0,
          "attributes": {
            "etag": "W/\"053404900a0d79dafbad30990215bc3cfa7f7548d7fd64e12566b2cc0fb37ca4\"",
            "id": "ictsc:miyashita77",
            "role": "member",
            "username": "miyashita77"
          },
          "sensitive_attributes": [],
          "private": "bnVsbA=="
        },
        {
          "index_key": "mk0913mnck",
          "schema_version": 0,
          "attributes": {
            "etag": "W/\"bb470e80dbdb0421471380ab498bf472f9ecd1fcb4e5a434715a0e231a1bdadb\"",
            "id": "ictsc:mk0913mnck",
            "role": "member",
            "username": "mk0913mnck"
          },
          "sensitive_attributes": []
        },
        {
          "index_key": "momoka0122y",
          "schema_version": 0,
          "attributes": {
            "etag": "W/\"cc3c9339c98307dfed3209d6c211e007510d1e10419c51d74915b8cd5e0c65ca\"",
            "id": "ictsc:momoka0122y",
            "role": "member",
            "username": "momoka0122y"
          },
          "sensitive_attributes": [],
          "private": "bnVsbA=="
        },
        {
          "index_key": "mu-ruU1",
          "schema_version": 0,
          "attributes": {
            "etag": "W/\"4185c18b87c6ceaf11fc77d2ee50ecd9e6e5748e8469bdf2417e5f5716b0780b\"",
            "id": "ictsc:mu-ruU1",
            "role": "admin",
            "username": "mu-ruU1"
          },
          "sensitive_attributes": [],
          "private": "bnVsbA=="
        },
        {
          "index_key": "nagayon-935",
          "schema_version": 0,
          "attributes": {
            "etag": "W/\"db55f5decad5b201755130d5f01eb8d8e465eadb17eb884e19be8fef45ad2dce\"",
            "id": "ictsc:nagayon-935",
            "role": "member",
            "username": "nagayon-935"
          },
          "sensitive_attributes": [],
          "private": "bnVsbA=="
        },
        {
          "index_key": "nakasyo2650",
          "schema_version": 0,
          "attributes": {
            "etag": "W/\"ffd362bca5db2e5eba6954499f7d9d7c6f85e162a20a3d5427a95ef4ab5f6c70\"",
            "id": "ictsc:nakasyo2650",
            "role": "member",
            "username": "nakasyo2650"
          },
          "sensitive_attributes": []
        },
        {
          "index_key": "naoki2001",
          "schema_version": 0,
          "attributes": {
            "etag": "W/\"5d87779332b6a3a7b0175251c0ed5fcd0252d0a97cb1f44984fa43136ebb693a\"",
            "id": "ictsc:naoki2001",
            "role": "member",
            "username": "naoki2001"
          },
          "sensitive_attributes": []
        },
        {
          "index_key": "naoki912",
          "schema_version": 0,
          "attributes": {
            "etag": "W/\"00a57e7620ab38428058307237f9eda9701c66ccb8a11156986e7269e229592a\"",
            "id": "ictsc:naoki912",
            "role": "member",
            "username": "naoki912"
          },
          "sensitive_attributes": []
        },
        {
          "index_key": "netmarkjp",
          "schema_version": 0,
          "attributes": {
            "etag": "W/\"7025a38852b75483238d2841ba46e40dadc859b37df7bd94cc8de8f10847fa58\"",
            "id": "ictsc:netmarkjp",
            "role": "admin",
            "username": "netmarkjp"
          },
          "sensitive_attributes": []
        },
        {
          "index_key": "nishinoyama",
          "schema_version": 0,
          "attributes": {
            "etag": "W/\"fd4cc9fc8bffce89b01c2d4ba3d9632a23263c3c5396238b8c5c555c979d3d75\"",
            "id": "ictsc:nishinoyama",
            "role": "admin",
            "username": "nishinoyama"
          },
          "sensitive_attributes": [],
          "private": "bnVsbA=="
        },
        {
          "index_key": "nomeaning777",
          "schema_version": 0,
          "attributes": {
            "etag": "W/\"c963e92e8dd4f29e5656d23c8843834c315775b40c1820085b68baa6b9ab67a0\"",
            "id": "ictsc:nomeaning777",
            "role": "member",
            "username": "nomeaning777"
          },
          "sensitive_attributes": []
        },
        {
          "index_key": "notchi590",
          "schema_version": 0,
          "attributes": {
            "etag": "W/\"174c690f78f5c2849e87fc5f24e0c18a87f966ce32bafaf66b8003fa132e1ffa\"",
            "id": "ictsc:notchi590",
            "role": "member",
            "username": "notchi590"
          },
          "sensitive_attributes": []
        },
        {
          "index_key": "onabe3",
          "schema_version": 0,
          "attributes": {
            "etag": "W/\"60982cba815647c35b6f601a78d1453bdb76e4c708fc2e2e242fb8e7ca1130a3\"",
            "id": "ictsc:onabe3",
            "role": "member",
            "username": "onabe3"
          },
          "sensitive_attributes": [],
          "private": "bnVsbA=="
        },
        {
          "index_key": "onokatio",
          "schema_version": 0,
          "attributes": {
            "etag": "W/\"2fc981430487359dc8e81db7c22538782b35373fabeb1f09f40fc7361e7fe021\"",
            "id": "ictsc:onokatio",
            "role": "admin",
            "username": "onokatio"
          },
          "sensitive_attributes": []
        },
        {
          "index_key": "oomorio",
          "schema_version": 0,
          "attributes": {
            "etag": "W/\"1e09c9c3a46281ed27e619001dc19bd90498bfcfd2aabf7772666bf8e9c0c9f4\"",
            "id": "ictsc:oomorio",
            "role": "member",
            "username": "oomorio"
          },
          "sensitive_attributes": []
        },
        {
          "index_key": "ophum",
          "schema_version": 0,
          "attributes": {
            "etag": "W/\"77b298ceaf6e752041922e9d4269a436b7d1a5930afd19f7342d45eeca511c73\"",
            "id": "ictsc:ophum",
            "role": "member",
            "username": "ophum"
          },
          "sensitive_attributes": []
        },
        {
          "index_key": "orin24",
          "schema_version": 0,
          "attributes": {
            "etag": "W/\"4321d3b28d6333625b1ea1b023fc970e80d429a16eba8caa4ae5b6cacb0ff9c3\"",
            "id": "ictsc:orin24",
            "role": "member",
            "username": "orin24"
          },
          "sensitive_attributes": []
        },
        {
          "index_key": "oshamashama",
          "schema_version": 0,
          "attributes": {
            "etag": "W/\"33071ff83ec4eac1f514da5c2919271af8aa62fe5fa5a8318c6f156d57517e0e\"",
            "id": "ictsc:oshamashama",
            "role": "member",
            "username": "oshamashama"
          },
          "sensitive_attributes": [],
          "private": "bnVsbA=="
        },
        {
          "index_key": "palloc",
          "schema_version": 0,
          "attributes": {
            "etag": "W/\"6fe583be153217d40f7a40d17dc2e515d10d7fea3f2e725b2dc863b4f0bfac97\"",
            "id": "ictsc:palloc",
            "role": "member",
            "username": "palloc"
          },
          "sensitive_attributes": []
        },
        {
          "index_key": "potyama",
          "schema_version": 0,
          "attributes": {
            "etag": "W/\"67a4456dad96f1ba28324c9b000695ce42cf71b5995e27735b0f83b4a88a2c0f\"",
            "id": "ictsc:potyama",
            "role": "member",
            "username": "potyama"
          },
          "sensitive_attributes": []
        },
        {
          "index_key": "private-yusuke",
          "schema_version": 0,
          "attributes": {
            "etag": "W/\"6ec3972dee1ee2b573571dd7d65417efeaadc0d8e1f0968c8f99dd3a42424a3c\"",
            "id": "ictsc:private-yusuke",
            "role": "admin",
            "username": "private-yusuke"
          },
          "sensitive_attributes": [],
          "private": "bnVsbA=="
        },
        {
          "index_key": "proelbtn",
          "schema_version": 0,
          "attributes": {
            "etag": "W/\"7510e3601bf50f434791d851bfba584e30d07653ff9212d98af8ef2e324f647c\"",
            "id": "ictsc:proelbtn",
            "role": "admin",
            "username": "proelbtn"
          },
          "sensitive_attributes": []
        },
        {
          "index_key": "recuraki",
          "schema_version": 0,
          "attributes": {
            "etag": "W/\"54f1d57661710593d34446991392f53201a3e915f1882d9c043236966206b916\"",
            "id": "ictsc:recuraki",
            "role": "member",
            "username": "recuraki"
          },
          "sensitive_attributes": []
        },
        {
          "index_key": "red-3ya",
          "schema_version": 0,
          "attributes": {
            "etag": "W/\"ca0ad61e2802d28365853c1ab4b3596d07fa6763c8b69fb1c9615531f1153f44\"",
            "id": "ictsc:red-3ya",
            "role": "member",
            "username": "red-3ya"
          },
          "sensitive_attributes": [],
          "private": "bnVsbA=="
        },
        {
          "index_key": "rk76feWF",
          "schema_version": 0,
          "attributes": {
            "etag": "W/\"4260224a294d9d9f352ca76ede55819c8f0608dea09706a4a429317ad492ff41\"",
            "id": "ictsc:rk76feWF",
            "role": "member",
            "username": "rk76feWF"
          },
          "sensitive_attributes": [],
          "private": "bnVsbA=="
        },
        {
          "index_key": "rlia",
          "schema_version": 0,
          "attributes": {
            "etag": "W/\"136f2a405905fb270259a5b834dbc2e2f1a3e09a0f518805ca0d14af062e8abf\"",
            "id": "ictsc:rlia",
            "role": "member",
            "username": "rlia"
          },
          "sensitive_attributes": []
        },
        {
          "index_key": "sharknasuhorse",
          "schema_version": 0,
          "attributes": {
            "etag": "W/\"a86bc8ffd5fa06fb368344a0d3e396a3f8f08fc587ea4f95763a8829244f157e\"",
            "id": "ictsc:sharknasuhorse",
            "role": "admin",
            "username": "sharknasuhorse"
          },
          "sensitive_attributes": []
        },
        {
          "index_key": "shou3008",
          "schema_version": 0,
          "attributes": {
            "etag": "W/\"3b6c375e3ca0fda669c17f3a6d08b4c381e0dbf4db35993c7b1bf6c1bfb44fd9\"",
            "id": "ictsc:shou3008",
            "role": "member",
            "username": "shou3008"
          },
          "sensitive_attributes": [],
          "private": "bnVsbA=="
        },
        {
          "index_key": "siberiy4",
          "schema_version": 0,
          "attributes": {
            "etag": "W/\"5c45ec8d8ff71838aa36fe566099bdcc4a933d0ea2f972717530e0979e6a4068\"",
            "id": "ictsc:siberiy4",
            "role": "member",
            "username": "siberiy4"
          },
          "sensitive_attributes": [],
          "private": "bnVsbA=="
        },
        {
          "index_key": "site0801",
          "schema_version": 0,
          "attributes": {
            "etag": "W/\"d578068af063cc5595a9d049fd194db9158c72a0cae31f02705798ca533899bd\"",
            "id": "ictsc:site0801",
            "role": "member",
            "username": "site0801"
          },
          "sensitive_attributes": []
        },
        {
          "index_key": "sora34",
          "schema_version": 0,
          "attributes": {
            "etag": "W/\"17c5a21f09fe25cf6da9e6088ec7dccda73a649b54b3048d936380d13a4c2259\"",
            "id": "ictsc:sora34",
            "role": "member",
            "username": "sora34"
          },
          "sensitive_attributes": []
        },
        {
          "index_key": "staybuzz",
          "schema_version": 0,
          "attributes": {
            "etag": "W/\"13bc26668b21535737b046a152c15470e65b159473b4c9862468908230bf563c\"",
            "id": "ictsc:staybuzz",
            "role": "member",
            "username": "staybuzz"
          },
          "sensitive_attributes": []
        },
        {
          "index_key": "sugiki-accelia",
          "schema_version": 0,
          "attributes": {
            "etag": "W/\"b965357f1d964b2be615a276b184f02f6e134107d47cf8cf5d26720b653b28fb\"",
            "id": "ictsc:sugiki-accelia",
            "role": "member",
            "username": "sugiki-accelia"
          },
          "sensitive_attributes": []
        },
        {
          "index_key": "sukekawa-accelia",
          "schema_version": 0,
          "attributes": {
            "etag": "W/\"434d759b735c6070db7b3d3a451ff6d225c70200694e43148a61b578cfcd2632\"",
            "id": "ictsc:sukekawa-accelia",
            "role": "member",
            "username": "sukekawa-accelia"
          },
          "sensitive_attributes": []
        },
        {
          "index_key": "syuli",
          "schema_version": 0,
          "attributes": {
            "etag": "W/\"31845016e6b380bc27dea27a533ffc7adec244445aa27715783525ee2c3976f2\"",
            "id": "ictsc:syuli",
            "role": "member",
            "username": "syuli"
          },
          "sensitive_attributes": []
        },
        {
          "index_key": "syuuya-nakatomi",
          "schema_version": 0,
          "attributes": {
            "etag": "W/\"9a403e9db5728d75aaf37590de8d47c90e15a65c8982a13327448000f4c3246c\"",
            "id": "ictsc:syuuya-nakatomi",
            "role": "member",
            "username": "syuuya-nakatomi"
          },
          "sensitive_attributes": [],
          "private": "bnVsbA=="
        },
        {
          "index_key": "takamasa272",
          "schema_version": 0,
          "attributes": {
            "etag": "W/\"a6ce985ef6a55394e6222157f63af557d89db73d2c66a21b8e4e5734cf0db1b3\"",
            "id": "ictsc:takamasa272",
            "role": "member",
            "username": "takamasa272"
          },
          "sensitive_attributes": [],
          "private": "bnVsbA=="
        },
        {
          "index_key": "takato256",
          "schema_version": 0,
          "attributes": {
            "etag": "W/\"86ea0f1099da13e1a0dc8da1fe4cbf3eeb5fab675448a153bf7c43474524d448\"",
            "id": "ictsc:takato256",
            "role": "member",
            "username": "takato256"
          },
          "sensitive_attributes": [],
          "private": "bnVsbA=="
        },
        {
          "index_key": "takehaya",
          "schema_version": 0,
          "attributes": {
            "etag": "W/\"1abb9462a2319b253d67726d02eeb1dc42a234511dcc4f58626fb209f2381f59\"",
            "id": "ictsc:takehaya",
            "role": "admin",
            "username": "takehaya"
          },
          "sensitive_attributes": []
        },
        {
          "index_key": "takes3",
          "schema_version": 0,
          "attributes": {
            "etag": "W/\"a0aea52bbcf1bfd89c24694dcf16c75603c712909eaee2d53895c4f56f6f4358\"",
            "id": "ictsc:takes3",
            "role": "member",
            "username": "takes3"
          },
          "sensitive_attributes": []
        },
        {
          "index_key": "takonomura",
          "schema_version": 0,
          "attributes": {
            "etag": "W/\"570b189b1530a6293eeca8db5a3ba6005fc2e419bbdf5167445f26c1b25a114d\"",
            "id": "ictsc:takonomura",
            "role": "member",
            "username": "takonomura"
          },
          "sensitive_attributes": [],
          "private": "bnVsbA=="
        },
        {
          "index_key": "tanishi001",
          "schema_version": 0,
          "attributes": {
            "etag": "W/\"da11e5f1a307bd48bf248f9c5043bd2ffda2a539ffbffd0b1cad29a90de946f5\"",
            "id": "ictsc:tanishi001",
            "role": "member",
            "username": "tanishi001"
          },
          "sensitive_attributes": []
        },
        {
          "index_key": "tar-xzvff",
          "schema_version": 0,
          "attributes": {
            "etag": "W/\"34e9f32e41a5e0c6cfd0c165f444ad1291d923bfc3cbdf5bd9a4d70cd079e56f\"",
            "id": "ictsc:tar-xzvff",
            "role": "admin",
            "username": "tar-xzvff"
          },
          "sensitive_attributes": []
        },
        {
          "index_key": "tom--bo",
          "schema_version": 0,
          "attributes": {
            "etag": "W/\"ba34e41b33e7744f75fc03308b9cc06af35a44aa90a2cecf759119fd48354e03\"",
            "id": "ictsc:tom--bo",
            "role": "member",
            "username": "tom--bo"
          },
          "sensitive_attributes": []
        },
        {
          "index_key": "toma1128",
          "schema_version": 0,
          "attributes": {
            "etag": "W/\"0159b0ea2aaebed228bb58edfa443a8212df3a171a15c962164ed87c3a549b26\"",
            "id": "ictsc:toma1128",
            "role": "member",
            "username": "toma1128"
          },
          "sensitive_attributes": [],
          "private": "bnVsbA=="
        },
        {
          "index_key": "tomatoaas",
          "schema_version": 0,
          "attributes": {
            "etag": "W/\"2a0e5292b1f7a6bf7c75072f6fe0db62557e21f40b0e5ea5a94782a6bd691ffb\"",
            "id": "ictsc:tomatoaas",
            "role": "member",
            "username": "tomatoaas"
          },
          "sensitive_attributes": []
        },
        {
          "index_key": "tosuke",
          "schema_version": 0,
          "attributes": {
            "etag": "W/\"b3c50110116e2f167947471d5f569ce094d566ae91437c5aceea05c1e5438ba4\"",
            "id": "ictsc:tosuke",
            "role": "admin",
            "username": "tosuke"
          },
          "sensitive_attributes": [],
          "private": "bnVsbA=="
        },
        {
          "index_key": "tsuttsu305",
          "schema_version": 0,
          "attributes": {
            "etag": "W/\"57cd1857d25fefc631c1aea148ebf5b31d0179a90566e38ccd27a61f6c8d6667\"",
            "id": "ictsc:tsuttsu305",
            "role": "member",
            "username": "tsuttsu305"
          },
          "sensitive_attributes": []
        },
        {
          "index_key": "tsuzu",
          "schema_version": 0,
          "attributes": {
            "etag": "W/\"b55d555eea97c9cecc43df0dc45b8c732c51fd509ca8d2bdf182f8796e9aeb33\"",
            "id": "ictsc:tsuzu",
            "role": "member",
            "username": "tsuzu"
          },
          "sensitive_attributes": [],
          "private": "bnVsbA=="
        },
        {
          "index_key": "uplus",
          "schema_version": 0,
          "attributes": {
            "etag": "W/\"2a6ff8bf0ccdd5774d0f1b242319af441e3578e57601f96ef0ac2cee6c1ae799\"",
            "id": "ictsc:uplus",
            "role": "admin",
            "username": "uplus"
          },
          "sensitive_attributes": []
        },
        {
          "index_key": "whywaita",
          "schema_version": 0,
          "attributes": {
            "etag": "W/\"f968a0e299e0372e56bc1331dc0654234fd4a46f57252d5de067bf4abd9e1378\"",
            "id": "ictsc:whywaita",
            "role": "admin",
            "username": "whywaita"
          },
          "sensitive_attributes": []
        },
        {
          "index_key": "x86taka",
          "schema_version": 0,
          "attributes": {
            "etag": "W/\"6a1c48956e0745330f2702dff7030a00e5cda78f7537635c0c68d27a3f179696\"",
            "id": "ictsc:x86taka",
            "role": "admin",
            "username": "x86taka"
          },
          "sensitive_attributes": []
        },
        {
          "index_key": "y-monma",
          "schema_version": 0,
          "attributes": {
            "etag": "W/\"286b0473533b13a1084c03dec6bb5bcc9d9429494d4098badaacc83a7ceb49b3\"",
            "id": "ictsc:y-monma",
            "role": "member",
            "username": "y-monma"
          },
          "sensitive_attributes": []
        },
        {
          "index_key": "yaminoma",
          "schema_version": 0,
          "attributes": {
            "etag": "W/\"6c79983bd80fbef55947a83c62ebc33c9f4b23d818e4731eeb5c5701d5651e66\"",
            "id": "ictsc:yaminoma",
            "role": "member",
            "username": "yaminoma"
          },
          "sensitive_attributes": []
        },
        {
          "index_key": "yatuhashi",
          "schema_version": 0,
          "attributes": {
            "etag": "W/\"e944665f60a5f24b0d793bdef1a8cea8ae7ea6ce7db1945f5024223c131a531c\"",
            "id": "ictsc:yatuhashi",
            "role": "member",
            "username": "yatuhashi"
          },
          "sensitive_attributes": []
        },
        {
          "index_key": "yfujii854",
          "schema_version": 0,
          "attributes": {
            "etag": "W/\"0baf36f17c158833a8f46494ac3bb894b323d3b3733b44785b925ee7a8ed75ef\"",
            "id": "ictsc:yfujii854",
            "role": "member",
            "username": "yfujii854"
          },
          "sensitive_attributes": [],
          "private": "bnVsbA=="
        },
        {
          "index_key": "yo-taro",
          "schema_version": 0,
          "attributes": {
            "etag": "W/\"ca87804ad6d95af7edf3f8ecae7ed17471c9a18ec8c1c37dcdc61e8177f54f42\"",
            "id": "ictsc:yo-taro",
            "role": "member",
            "username": "yo-taro"
          },
          "sensitive_attributes": []
        },
        {
          "index_key": "yoneyan",
          "schema_version": 0,
          "attributes": {
            "etag": "W/\"4930dafa5c416d038c7c8b4ae064b9993d7ee866aa04dc6c422e9308bc0fb9f0\"",
            "id": "ictsc:yoneyan",
            "role": "member",
            "username": "yoneyan"
          },
          "sensitive_attributes": []
        },
        {
          "index_key": "yu-tanaka00",
          "schema_version": 0,
          "attributes": {
            "etag": "W/\"277e5d4eaa87ca48d6d3964a5374a723027683c7ae31976ebe855906362de4b3\"",
            "id": "ictsc:yu-tanaka00",
            "role": "member",
            "username": "yu-tanaka00"
          },
          "sensitive_attributes": []
        },
        {
          "index_key": "yukamoja",
          "schema_version": 0,
          "attributes": {
            "etag": "W/\"57a7c593d610193e83b1964b1bab45c953b52c01bd4fe717330fb611daf9823e\"",
            "id": "ictsc:yukamoja",
            "role": "admin",
            "username": "yukamoja"
          },
          "sensitive_attributes": []
        },
        {
          "index_key": "yuscarlet",
          "schema_version": 0,
          "attributes": {
            "etag": "W/\"2be9335ec2470d9cfca2efe44b5dfe58e217490300a57d2db9bf248e81989e6f\"",
            "id": "ictsc:yuscarlet",
            "role": "admin",
            "username": "yuscarlet"
          },
          "sensitive_attributes": [],
          "private": "bnVsbA=="
        },
        {
          "index_key": "yuukinetwork",
          "schema_version": 0,
          "attributes": {
            "etag": "W/\"afe66f1ec5fca9d2fe33868f8a3f0ebb293a3c8263a03c9955039388096f8cb4\"",
            "id": "ictsc:yuukinetwork",
            "role": "member",
            "username": "yuukinetwork"
          },
          "sensitive_attributes": []
        },
        {
          "index_key": "zeroalphat",
          "schema_version": 0,
          "attributes": {
            "etag": "W/\"5e1755888775a6a77c2371d5fca6dd85c610d88ac8d6e47bd2ac5d4b32cee779\"",
            "id": "ictsc:zeroalphat",
            "role": "member",
            "username": "zeroalphat"
          },
          "sensitive_attributes": []
        }
      ]
    },
    {
      "mode": "managed",
      "type": "github_team",
      "name": "score-dev",
      "provider": "provider[\"registry.terraform.io/integrations/github\"]",
      "instances": [
        {
          "schema_version": 0,
          "attributes": {
            "create_default_maintainer": false,
            "description": "score server development team",
            "etag": "W/\"cddb8c53a42c80a3fcd4c6c43435f83cd97e065438d5d94dec5fab1edf5b75de\"",
            "id": "2004353",
            "ldap_dn": "",
            "members_count": 1,
            "name": "score-dev",
            "node_id": "MDQ6VGVhbTIwMDQzNTM=",
            "parent_team_id": null,
            "privacy": "closed",
            "slug": "score-dev"
          },
          "sensitive_attributes": []
        }
      ]
    },
    {
      "mode": "managed",
      "type": "github_team",
      "name": "team",
      "provider": "provider[\"registry.terraform.io/integrations/github\"]",
      "instances": [
        {
          "index_key": "Admins",
          "schema_version": 0,
          "attributes": {
            "create_default_maintainer": false,
            "description": "member of Admins",
            "etag": "W/\"768a7bd18dce16756d8f96744dd984e5bc010f0d9bd04e2e9246d8e3aa71dbbe\"",
            "id": "2008807",
            "ldap_dn": "",
            "members_count": 23,
            "name": "Admins",
            "node_id": "MDQ6VGVhbTIwMDg4MDc=",
            "parent_team_id": null,
            "privacy": "closed",
            "slug": "admins"
          },
          "sensitive_attributes": [],
          "private": "bnVsbA=="
        },
        {
          "index_key": "ictsc2018",
          "schema_version": 0,
          "attributes": {
            "create_default_maintainer": false,
            "description": "member of ictsc2018",
            "etag": "W/\"e6f139ea78c955e706239ec704ba7b103eb460a2fb0e2b737bdb6449d39799db\"",
            "id": "2818425",
            "ldap_dn": "",
            "members_count": 21,
            "name": "ictsc2018",
            "node_id": "MDQ6VGVhbTI4MTg0MjU=",
            "parent_team_id": null,
            "privacy": "closed",
            "slug": "ictsc2018"
          },
          "sensitive_attributes": []
        },
        {
          "index_key": "ictsc2019",
          "schema_version": 0,
          "attributes": {
            "create_default_maintainer": false,
            "description": "member of ictsc2019",
            "etag": "W/\"c00de93eed0a0f67e8afd3a48f5b3174f2ffdb5756cbeee4690b992683d9b2c3\"",
            "id": "3300293",
            "ldap_dn": "",
            "members_count": 32,
            "name": "ictsc2019",
            "node_id": "MDQ6VGVhbTMzMDAyOTM=",
            "parent_team_id": null,
            "privacy": "closed",
            "slug": "ictsc2019"
          },
          "sensitive_attributes": []
        },
        {
          "index_key": "ictsc2020",
          "schema_version": 0,
          "attributes": {
            "create_default_maintainer": false,
            "description": "member of ictsc2020",
            "etag": "W/\"c4791b2b1de74a65d73491eb6f5de2ea791f3757a0bab8da70383626b5b36976\"",
            "id": "3894829",
            "ldap_dn": "",
            "members_count": 22,
            "name": "ictsc2020",
            "node_id": "MDQ6VGVhbTM4OTQ4Mjk=",
            "parent_team_id": null,
            "privacy": "closed",
            "slug": "ictsc2020"
          },
          "sensitive_attributes": []
        },
        {
          "index_key": "ictsc2021",
          "schema_version": 0,
          "attributes": {
            "create_default_maintainer": false,
            "description": "member of ictsc2021",
            "etag": "W/\"232c183de2030648eae2c968c1ac56096ad96f89ae8428bb7c61bc40a661c202\"",
            "id": "4811781",
            "ldap_dn": "",
            "members_count": 15,
            "name": "ictsc2021",
            "node_id": "MDQ6VGVhbTQ4MTE3ODE=",
            "parent_team_id": null,
            "privacy": "closed",
            "slug": "ictsc2021"
          },
          "sensitive_attributes": []
        },
        {
          "index_key": "ictsc2022",
          "schema_version": 0,
          "attributes": {
            "create_default_maintainer": false,
            "description": "member of ictsc2022",
            "etag": "W/\"c66938df3a16b29410b8d8d737d34522d2b91db4dd65fcbe7cea5d5c958827f1\"",
            "id": "7097691",
            "ldap_dn": "",
            "members_count": 11,
            "name": "ictsc2022",
            "node_id": "T_kwDOAKhxTs4AbE1b",
            "parent_team_id": null,
            "privacy": "closed",
            "slug": "ictsc2022"
          },
          "sensitive_attributes": [],
          "private": "bnVsbA=="
        },
        {
          "index_key": "ictsc2023",
          "schema_version": 0,
          "attributes": {
            "create_default_maintainer": false,
            "description": "member of ictsc2023",
            "etag": "W/\"0fdfdbb49e4645f9d4d275bc9512060e2c9980f60cf2abfb36fa8d8f5418ba71\"",
            "id": "8186988",
            "ldap_dn": "",
            "members_count": 11,
            "name": "ictsc2023",
            "node_id": "T_kwDOAKhxTs4AfOxs",
            "parent_team_id": null,
            "privacy": "closed",
            "slug": "ictsc2023"
          },
          "sensitive_attributes": [],
          "private": "bnVsbA=="
        },
        {
          "index_key": "ictsc2024",
          "schema_version": 0,
          "attributes": {
            "create_default_maintainer": false,
            "description": "member of ictsc2024",
            "etag": "W/\"923881ffe9d8a6ded5d342e71edf5f608d672280b462c107c28b6aba689087ca\"",
            "id": "10324448",
            "ldap_dn": "",
            "members_count": 26,
            "name": "ictsc2024",
            "node_id": "T_kwDOAKhxTs4AnYng",
            "parent_team_id": null,
            "privacy": "closed",
            "slug": "ictsc2024"
          },
          "sensitive_attributes": [],
          "private": "bnVsbA=="
        },
        {
          "index_key": "ictsc2025",
          "schema_version": 0,
          "attributes": {
            "create_default_maintainer": false,
            "description": "member of ictsc2025",
            "etag": "W/\"d50644dbe0080f58616c4d9d89abde889305637e5f54fdea833aa4803f649ce8\"",
            "id": "12998717",
            "ldap_dn": "",
            "members_count": 23,
            "name": "ictsc2025",
            "node_id": "T_kwDOAKhxTs4Axlg9",
            "parent_team_id": null,
            "privacy": "closed",
            "slug": "ictsc2025"
          },
          "sensitive_attributes": [],
          "private": "bnVsbA=="
        },
        {
          "index_key": "ictsc4",
          "schema_version": 0,
          "attributes": {
            "create_default_maintainer": false,
            "description": "member of ictsc4",
            "etag": "W/\"bc0edab98a55a45aa09ca65c4f1b48babe5407ecc5bb79b30b5cd917b2c75b1d\"",
            "id": "2004351",
            "ldap_dn": "",
            "members_count": 11,
            "name": "ictsc4",
            "node_id": "MDQ6VGVhbTIwMDQzNTE=",
            "parent_team_id": null,
            "privacy": "closed",
            "slug": "ictsc4"
          },
          "sensitive_attributes": []
        },
        {
          "index_key": "ictsc5",
          "schema_version": 0,
          "attributes": {
            "create_default_maintainer": false,
            "description": "member of ictsc5",
            "etag": "W/\"a6ca1717bfd22d9167ba9deaf169ab8955b32d09f8d9a8dd959995993669df4c\"",
            "id": "2004352",
            "ldap_dn": "",
            "members_count": 26,
            "name": "ictsc5",
            "node_id": "MDQ6VGVhbTIwMDQzNTI=",
            "parent_team_id": null,
            "privacy": "closed",
            "slug": "ictsc5"
          },
          "sensitive_attributes": []
        },
        {
          "index_key": "ictsc6",
          "schema_version": 0,
          "attributes": {
            "create_default_maintainer": false,
            "description": "member of ictsc6",
            "etag": "W/\"dccfff7459379c71e40195983132e3210678cc1fd0d6f8acaf228064f6a2b887\"",
            "id": "2004355",
            "ldap_dn": "",
            "members_count": 20,
            "name": "ictsc6",
            "node_id": "MDQ6VGVhbTIwMDQzNTU=",
            "parent_team_id": null,
            "privacy": "closed",
            "slug": "ictsc6"
          },
          "sensitive_attributes": []
        },
        {
          "index_key": "ictsc7",
          "schema_version": 0,
          "attributes": {
            "create_default_maintainer": false,
            "description": "member of ictsc7",
            "etag": "W/\"c3538293e845b1bcb0ca29526f420c46a46922eaad195f59e3295c73977a80cc\"",
            "id": "2178374",
            "ldap_dn": "",
            "members_count": 17,
            "name": "ictsc7",
            "node_id": "MDQ6VGVhbTIxNzgzNzQ=",
            "parent_team_id": null,
            "privacy": "closed",
            "slug": "ictsc7"
          },
          "sensitive_attributes": []
        },
        {
          "index_key": "ictsc8",
          "schema_version": 0,
          "attributes": {
            "create_default_maintainer": false,
            "description": "member of ictsc8",
            "etag": "W/\"73a9c174f80368143a37fc01563d762322e2e4a6b1ec254d911b5607659dfa84\"",
            "id": "2341229",
            "ldap_dn": "",
            "members_count": 20,
            "name": "ictsc8",
            "node_id": "MDQ6VGVhbTIzNDEyMjk=",
            "parent_team_id": null,
            "privacy": "closed",
            "slug": "ictsc8"
          },
          "sensitive_attributes": []
        },
        {
          "index_key": "ictsc9",
          "schema_version": 0,
          "attributes": {
            "create_default_maintainer": false,
            "description": "member of ictsc9",
            "etag": "W/\"f400c15c6636bd97644d3bd72af9e70969a110ce684ab46519106d8efe25514d\"",
            "id": "2818424",
            "ldap_dn": "",
            "members_count": 19,
            "name": "ictsc9",
            "node_id": "MDQ6VGVhbTI4MTg0MjQ=",
            "parent_team_id": null,
            "privacy": "closed",
            "slug": "ictsc9"
          },
          "sensitive_attributes": []
        }
      ]
    },
    {
      "mode": "managed",
      "type": "github_team_members",
      "name": "team_member",
      "provider": "provider[\"registry.terraform.io/integrations/github\"]",
      "instances": [
        {
          "index_key": "Admins",
          "schema_version": 0,
          "attributes": {
            "etag": "dc0336e1f94019587e87bfdd5a54f52b",
            "id": "2008807",
            "members": [
              {
                "role": "maintainer",
                "username": "Art-Atlas"
              },
              {
                "role": "maintainer",
                "username": "Crow314"
              },
              {
                "role": "maintainer",
                "username": "Dodai-Dodai"
              },
              {
                "role": "maintainer",
                "username": "Explosive6363"
              },
              {
                "role": "maintainer",
                "username": "Fuuma0000"
              },
              {
                "role": "maintainer",
                "username": "h-otter"
              },
              {
                "role": "maintainer",
                "username": "ibucho"
              },
              {
                "role": "maintainer",
                "username": "kurochan"
              },
              {
                "role": "maintainer",
                "username": "logica0419"
              },
              {
                "role": "maintainer",
                "username": "mu-ruU1"
              },
              {
                "role": "maintainer",
                "username": "netmarkjp"
              },
              {
                "role": "maintainer",
                "username": "nishinoyama"
              },
              {
                "role": "maintainer",
                "username": "onokatio"
              },
              {
                "role": "maintainer",
                "username": "private-yusuke"
              },
              {
                "role": "maintainer",
                "username": "proelbtn"
              },
              {
                "role": "maintainer",
                "username": "sharknasuhorse"
              },
              {
                "role": "maintainer",
                "username": "takehaya"
              },
              {
                "role": "maintainer",
                "username": "tar-xzvff"
              },
              {
                "role": "maintainer",
                "username": "tosuke"
              },
              {
                "role": "maintainer",
                "username": "uplus"
              },
              {
                "role": "maintainer",
                "username": "whywaita"
              },
              {
                "role": "maintainer",
                "username": "x86taka"
              },
              {
                "role": "maintainer",
                "username": "yukamoja"
              },
              {
                "role": "maintainer",
                "username": "yuscarlet"
              }
            ],
            "team_id": "2008807"
          },
          "sensitive_attributes": [],
          "private": "bnVsbA==",
          "dependencies": [
            "github_membership.member",
            "github_team.team"
          ]
        },
        {
          "index_key": "ictsc2018",
          "schema_version": 0,
          "attributes": {
            "etag": "5e9cf852cc978cae667ea4bae2b4196a",
            "id": "2818425",
            "members": [
              {
                "role": "maintainer",
                "username": "h-otter"
              },
              {
                "role": "maintainer",
                "username": "onokatio"
              },
              {
                "role": "maintainer",
                "username": "proelbtn"
              },
              {
                "role": "maintainer",
                "username": "sharknasuhorse"
              },
              {
                "role": "maintainer",
                "username": "takehaya"
              },
              {
                "role": "maintainer",
                "username": "uplus"
              },
              {
                "role": "maintainer",
                "username": "whywaita"
              },
              {
                "role": "maintainer",
                "username": "yukamoja"
              },
              {
                "role": "member",
                "username": "Kurorororo"
              },
              {
                "role": "member",
                "username": "NozomiSugiyama"
              },
              {
                "role": "member",
                "username": "ShotaKitazawa"
              },
              {
                "role": "member",
                "username": "acque2two"
              },
              {
                "role": "member",
                "username": "bosan120"
              },
              {
                "role": "member",
                "username": "gurapomu"
              },
              {
                "role": "member",
                "username": "ha-kun0711"
              },
              {
                "role": "member",
                "username": "icchy"
              },
              {
                "role": "member",
                "username": "kyontan"
              },
              {
                "role": "member",
                "username": "orin24"
              },
              {
                "role": "member",
                "username": "palloc"
              },
              {
                "role": "member",
                "username": "potyama"
              },
              {
                "role": "member",
                "username": "yatuhashi"
              }
            ],
            "team_id": "2818425"
          },
          "sensitive_attributes": [],
          "private": "bnVsbA==",
          "dependencies": [
            "github_membership.member",
            "github_team.team"
          ]
        },
        {
          "index_key": "ictsc2019",
          "schema_version": 0,
          "attributes": {
            "etag": "c7e2b5a18c5d47baf5f482851d6d4f2d",
            "id": "3300293",
            "members": [
              {
                "role": "maintainer",
                "username": "h-otter"
              },
              {
                "role": "maintainer",
                "username": "onokatio"
              },
              {
                "role": "maintainer",
                "username": "proelbtn"
              },
              {
                "role": "maintainer",
                "username": "sharknasuhorse"
              },
              {
                "role": "maintainer",
                "username": "takehaya"
              },
              {
                "role": "maintainer",
                "username": "uplus"
              },
              {
                "role": "maintainer",
                "username": "yukamoja"
              },
              {
                "role": "member",
                "username": "Iwancof"
              },
              {
                "role": "member",
                "username": "Kurorororo"
              },
              {
                "role": "member",
                "username": "SallyAcolyte"
              },
              {
                "role": "member",
                "username": "SilEighty-ym"
              },
              {
                "role": "member",
                "username": "TenkiGit"
              },
              {
                "role": "member",
                "username": "Terfno"
              },
              {
                "role": "member",
                "username": "arupakan125"
              },
              {
                "role": "member",
                "username": "beggarl"
              },
              {
                "role": "member",
                "username": "chouett0"
              },
              {
                "role": "member",
                "username": "ecodrive-18"
              },
              {
                "role": "member",
                "username": "gurapomu"
              },
              {
                "role": "member",
                "username": "hibiki31"
              },
              {
                "role": "member",
                "username": "icchy"
              },
              {
                "role": "member",
                "username": "kapibara824"
              },
              {
                "role": "member",
                "username": "mbook-x86"
              },
              {
                "role": "member",
                "username": "naoki912"
              },
              {
                "role": "member",
                "username": "ophum"
              },
              {
                "role": "member",
                "username": "potyama"
              },
              {
                "role": "member",
                "username": "recuraki"
              },
              {
                "role": "member",
                "username": "rlia"
              },
              {
                "role": "member",
                "username": "siberiy4"
              },
              {
                "role": "member",
                "username": "site0801"
              },
              {
                "role": "member",
                "username": "syuli"
              },
              {
                "role": "member",
                "username": "tom--bo"
              },
              {
                "role": "member",
                "username": "yoneyan"
              },
              {
                "role": "member",
                "username": "yu-tanaka00"
              }
            ],
            "team_id": "3300293"
          },
          "sensitive_attributes": [],
          "private": "bnVsbA==",
          "dependencies": [
            "github_membership.member",
            "github_team.team"
          ]
        },
        {
          "index_key": "ictsc2020",
          "schema_version": 0,
          "attributes": {
            "etag": "c6f402ce89ad32f256838b55ef01a108",
            "id": "3894829",
            "members": [
              {
                "role": "maintainer",
                "username": "onokatio"
              },
              {
                "role": "maintainer",
                "username": "proelbtn"
              },
              {
                "role": "maintainer",
                "username": "takehaya"
              },
              {
                "role": "maintainer",
                "username": "uplus"
              },
              {
                "role": "maintainer",
                "username": "x86taka"
              },
              {
                "role": "maintainer",
                "username": "yukamoja"
              },
              {
                "role": "member",
                "username": "Hicky1025"
              },
              {
                "role": "member",
                "username": "TenkiGit"
              },
              {
                "role": "member",
                "username": "Terfno"
              },
              {
                "role": "member",
                "username": "arupakan125"
              },
              {
                "role": "member",
                "username": "hibiki31"
              },
              {
                "role": "member",
                "username": "kapibara824"
              },
              {
                "role": "member",
                "username": "nakasyo2650"
              },
              {
                "role": "member",
                "username": "naoki2001"
              },
              {
                "role": "member",
                "username": "ophum"
              },
              {
                "role": "member",
                "username": "potyama"
              },
              {
                "role": "member",
                "username": "rlia"
              },
              {
                "role": "member",
                "username": "siberiy4"
              },
              {
                "role": "member",
                "username": "site0801"
              },
              {
                "role": "member",
                "username": "tanishi001"
              },
              {
                "role": "member",
                "username": "yoneyan"
              },
              {
                "role": "member",
                "username": "zeroalphat"
              }
            ],
            "team_id": "3894829"
          },
          "sensitive_attributes": [],
          "private": "bnVsbA==",
          "dependencies": [
            "github_membership.member",
            "github_team.team"
          ]
        },
        {
          "index_key": "ictsc2021",
          "schema_version": 0,
          "attributes": {
            "etag": "d194b0fb59cb8a53b0b4d4dd8062bcdb",
            "id": "4811781",
            "members": [
              {
                "role": "maintainer",
                "username": "Explosive6363"
              },
              {
                "role": "maintainer",
                "username": "onokatio"
              },
              {
                "role": "maintainer",
                "username": "proelbtn"
              },
              {
                "role": "maintainer",
                "username": "x86taka"
              },
              {
                "role": "member",
                "username": "Hicky1025"
              },
              {
                "role": "member",
                "username": "K-shir0"
              },
              {
                "role": "member",
                "username": "Terfno"
              },
              {
                "role": "member",
                "username": "arupakan125"
              },
              {
                "role": "member",
                "username": "chaya2z"
              },
              {
                "role": "member",
                "username": "kapibara824"
              },
              {
                "role": "member",
                "username": "ophum"
              },
              {
                "role": "member",
                "username": "siberiy4"
              },
              {
                "role": "member",
                "username": "site0801"
              },
              {
                "role": "member",
                "username": "tomatoaas"
              },
              {
                "role": "member",
                "username": "yoneyan"
              }
            ],
            "team_id": "4811781"
          },
          "sensitive_attributes": [],
          "private": "bnVsbA==",
          "dependencies": [
            "github_membership.member",
            "github_team.team"
          ]
        },
        {
          "index_key": "ictsc2022",
          "schema_version": 0,
          "attributes": {
            "etag": "3a895335e0bec3686e1c7b10ade7277b",
            "id": "7097691",
            "members": [
              {
                "role": "maintainer",
                "username": "Crow314"
              },
              {
                "role": "maintainer",
                "username": "Explosive6363"
              },
              {
                "role": "maintainer",
                "username": "logica0419"
              },
              {
                "role": "maintainer",
                "username": "nishinoyama"
              },
              {
                "role": "maintainer",
                "username": "onokatio"
              },
              {
                "role": "maintainer",
                "username": "x86taka"
              },
              {
                "role": "member",
                "username": "Hicky1025"
              },
              {
                "role": "member",
                "username": "K-shir0"
              },
              {
                "role": "member",
                "username": "chaya2z"
              },
              {
                "role": "member",
                "username": "siberiy4"
              },
              {
                "role": "member",
                "username": "site0801"
              },
              {
                "role": "member",
                "username": "syuuya-nakatomi"
              }
            ],
            "team_id": "7097691"
          },
          "sensitive_attributes": [],
          "private": "bnVsbA==",
          "dependencies": [
            "github_membership.member",
            "github_team.team"
          ]
        },
        {
          "index_key": "ictsc2023",
          "schema_version": 0,
          "attributes": {
            "etag": "b71b9b032601a966b36f22d93e2af8a3",
            "id": "8186988",
            "members": [
              {
                "role": "maintainer",
                "username": "Art-Atlas"
              },
              {
                "role": "maintainer",
                "username": "Crow314"
              },
              {
                "role": "maintainer",
                "username": "Fuuma0000"
              },
              {
                "role": "maintainer",
                "username": "logica0419"
              },
              {
                "role": "maintainer",
                "username": "mu-ruU1"
              },
              {
                "role": "maintainer",
                "username": "nishinoyama"
              },
              {
                "role": "maintainer",
                "username": "onokatio"
              },
              {
                "role": "maintainer",
                "username": "x86taka"
              },
              {
                "role": "member",
                "username": "ecodrive-18"
              },
              {
                "role": "member",
                "username": "flora058x"
              },
              {
                "role": "member",
                "username": "momoka0122y"
              },
              {
                "role": "member",
                "username": "syuuya-nakatomi"
              }
            ],
            "team_id": "8186988"
          },
          "sensitive_attributes": [],
          "private": "bnVsbA==",
          "dependencies": [
            "github_membership.member",
            "github_team.team"
          ]
        },
        {
          "index_key": "ictsc2024",
          "schema_version": 0,
          "attributes": {
            "etag": "71bf25118d8f72a1b38e4f51630f4449",
            "id": "10324448",
            "members": [
              {
                "role": "maintainer",
                "username": "Art-Atlas"
              },
              {
                "role": "maintainer",
                "username": "Crow314"
              },
              {
                "role": "maintainer",
                "username": "Dodai-Dodai"
              },
              {
                "role": "maintainer",
                "username": "Fuuma0000"
              },
              {
                "role": "maintainer",
                "username": "logica0419"
              },
              {
                "role": "maintainer",
                "username": "mu-ruU1"
              },
              {
                "role": "maintainer",
                "username": "nishinoyama"
              },
              {
                "role": "maintainer",
                "username": "onokatio"
              },
              {
                "role": "maintainer",
                "username": "private-yusuke"
              },
              {
                "role": "maintainer",
                "username": "tosuke"
              },
              {
                "role": "maintainer",
                "username": "x86taka"
              },
              {
                "role": "member",
                "username": "210on"
              },
              {
                "role": "member",
                "username": "I1da725"
              },
              {
                "role": "member",
                "username": "Yosshi72"
              },
              {
                "role": "member",
                "username": "flora058x"
              },
              {
                "role": "member",
                "username": "hide-1"
              },
              {
                "role": "member",
                "username": "hitto-hub"
              },
              {
                "role": "member",
                "username": "jeterdx"
              },
              {
                "role": "member",
                "username": "kerthical"
              },
              {
                "role": "member",
                "username": "konkichi836"
              },
              {
                "role": "member",
                "username": "kouxi08"
              },
              {
                "role": "member",
                "username": "miyashita77"
              },
              {
                "role": "member",
                "username": "onabe3"
              },
              {
                "role": "member",
                "username": "shou3008"
              },
              {
                "role": "member",
                "username": "syuuya-nakatomi"
              },
              {
                "role": "member",
                "username": "takato256"
              },
              {
                "role": "member",
                "username": "tsuzu"
              },
              {
                "role": "member",
                "username": "yfujii854"
              }
            ],
            "team_id": "10324448"
          },
          "sensitive_attributes": [],
          "private": "bnVsbA==",
          "dependencies": [
            "github_membership.member",
            "github_team.team"
          ]
        },
        {
          "index_key": "ictsc2025",
          "schema_version": 0,
          "attributes": {
            "etag": "64730793d047352df016c6709d3e527a",
            "id": "12998717",
            "members": [
              {
                "role": "maintainer",
                "username": "Art-Atlas"
              },
              {
                "role": "maintainer",
                "username": "Crow314"
              },
              {
                "role": "maintainer",
                "username": "Dodai-Dodai"
              },
              {
                "role": "maintainer",
                "username": "Fuuma0000"
              },
              {
                "role": "maintainer",
                "username": "logica0419"
              },
              {
                "role": "maintainer",
                "username": "nishinoyama"
              },
              {
                "role": "maintainer",
                "username": "private-yusuke"
              },
              {
                "role": "maintainer",
                "username": "tosuke"
              },
              {
                "role": "maintainer",
                "username": "yuscarlet"
              },
              {
                "role": "member",
                "username": "210on"
              },
              {
                "role": "member",
                "username": "39Hane"
              },
              {
                "role": "member",
                "username": "Ryusuke-Seki"
              },
              {
                "role": "member",
                "username": "SouJimmy"
              },
              {
                "role": "member",
                "username": "amechun"
              },
              {
                "role": "member",
                "username": "bqc0n"
              },
              {
                "role": "member",
                "username": "hitto-hub"
              },
              {
                "role": "member",
                "username": "ishisora"
              },
              {
                "role": "member",
                "username": "k-84mo10"
              },
              {
                "role": "member",
                "username": "nagayon-935"
              },
              {
                "role": "member",
                "username": "oshamashama"
              },
              {
                "role": "member",
                "username": "red-3ya"
              },
              {
                "role": "member",
                "username": "rk76feWF"
              },
              {
                "role": "member",
                "username": "syuuya-nakatomi"
              },
              {
                "role": "member",
                "username": "takamasa272"
              },
              {
                "role": "member",
                "username": "takonomura"
              },
              {
                "role": "member",
                "username": "toma1128"
              }
            ],
            "team_id": "12998717"
          },
          "sensitive_attributes": [],
          "private": "bnVsbA==",
          "dependencies": [
            "github_membership.member",
            "github_team.team"
          ]
        },
        {
          "index_key": "ictsc4",
          "schema_version": 0,
          "attributes": {
            "etag": "7ee6c0d40c0131891b45c36e65992257",
            "id": "2004351",
            "members": [
              {
                "role": "maintainer",
                "username": "ibucho"
              },
              {
                "role": "maintainer",
                "username": "kurochan"
              },
              {
                "role": "maintainer",
                "username": "netmarkjp"
              },
              {
                "role": "maintainer",
                "username": "whywaita"
              },
              {
                "role": "member",
                "username": "chisaton1"
              },
              {
                "role": "member",
                "username": "kayo-tozaki"
              },
              {
                "role": "member",
                "username": "keisukearakawa"
              },
              {
                "role": "member",
                "username": "mbook-x86"
              },
              {
                "role": "member",
                "username": "staybuzz"
              },
              {
                "role": "member",
                "username": "yatuhashi"
              },
              {
                "role": "member",
                "username": "yo-taro"
              }
            ],
            "team_id": "2004351"
          },
          "sensitive_attributes": [],
          "private": "bnVsbA==",
          "dependencies": [
            "github_membership.member",
            "github_team.team"
          ]
        },
        {
          "index_key": "ictsc5",
          "schema_version": 0,
          "attributes": {
            "etag": "c6e53ce2ef089920df78ceb95804ac0d",
            "id": "2004352",
            "members": [
              {
                "role": "maintainer",
                "username": "ibucho"
              },
              {
                "role": "maintainer",
                "username": "kurochan"
              },
              {
                "role": "maintainer",
                "username": "netmarkjp"
              },
              {
                "role": "maintainer",
                "username": "whywaita"
              },
              {
                "role": "member",
                "username": "aoi96"
              },
              {
                "role": "member",
                "username": "asdfec"
              },
              {
                "role": "member",
                "username": "chamaharun"
              },
              {
                "role": "member",
                "username": "chibiegg"
              },
              {
                "role": "member",
                "username": "guragusan"
              },
              {
                "role": "member",
                "username": "icchy"
              },
              {
                "role": "member",
                "username": "kadokusei"
              },
              {
                "role": "member",
                "username": "kayo-tozaki"
              },
              {
                "role": "member",
                "username": "keisukearakawa"
              },
              {
                "role": "member",
                "username": "kyoko0514"
              },
              {
                "role": "member",
                "username": "mbook-x86"
              },
              {
                "role": "member",
                "username": "mk0913mnck"
              },
              {
                "role": "member",
                "username": "notchi590"
              },
              {
                "role": "member",
                "username": "palloc"
              },
              {
                "role": "member",
                "username": "sora34"
              },
              {
                "role": "member",
                "username": "staybuzz"
              },
              {
                "role": "member",
                "username": "sugiki-accelia"
              },
              {
                "role": "member",
                "username": "sukekawa-accelia"
              },
              {
                "role": "member",
                "username": "takes3"
              },
              {
                "role": "member",
                "username": "y-monma"
              },
              {
                "role": "member",
                "username": "yatuhashi"
              },
              {
                "role": "member",
                "username": "yo-taro"
              }
            ],
            "team_id": "2004352"
          },
          "sensitive_attributes": [],
          "private": "bnVsbA==",
          "dependencies": [
            "github_membership.member",
            "github_team.team"
          ]
        },
        {
          "index_key": "ictsc6",
          "schema_version": 0,
          "attributes": {
            "etag": "30cfa88b1fc671831338a70d2b1f7797",
            "id": "2004355",
            "members": [
              {
                "role": "maintainer",
                "username": "h-otter"
              },
              {
                "role": "maintainer",
                "username": "ibucho"
              },
              {
                "role": "maintainer",
                "username": "kurochan"
              },
              {
                "role": "maintainer",
                "username": "netmarkjp"
              },
              {
                "role": "maintainer",
                "username": "tar-xzvff"
              },
              {
                "role": "member",
                "username": "a-r-g-v"
              },
              {
                "role": "member",
                "username": "aoi96"
              },
              {
                "role": "member",
                "username": "asarijiru"
              },
              {
                "role": "member",
                "username": "asdfec"
              },
              {
                "role": "member",
                "username": "chalkygames123"
              },
              {
                "role": "member",
                "username": "guragusan"
              },
              {
                "role": "member",
                "username": "int-tt"
              },
              {
                "role": "member",
                "username": "kamijin-fanta"
              },
              {
                "role": "member",
                "username": "kyoko0514"
              },
              {
                "role": "member",
                "username": "kyontan"
              },
              {
                "role": "member",
                "username": "notchi590"
              },
              {
                "role": "member",
                "username": "palloc"
              },
              {
                "role": "member",
                "username": "y-monma"
              },
              {
                "role": "member",
                "username": "yo-taro"
              },
              {
                "role": "member",
                "username": "yuukinetwork"
              }
            ],
            "team_id": "2004355"
          },
          "sensitive_attributes": [],
          "private": "bnVsbA==",
          "dependencies": [
            "github_membership.member",
            "github_team.team"
          ]
        },
        {
          "index_key": "ictsc7",
          "schema_version": 0,
          "attributes": {
            "etag": "c7bb5860da526d336a3ee6fbb3a1cac2",
            "id": "2178374",
            "members": [
              {
                "role": "maintainer",
                "username": "h-otter"
              },
              {
                "role": "member",
                "username": "Katsuya414"
              },
              {
                "role": "member",
                "username": "Kurorororo"
              },
              {
                "role": "member",
                "username": "alias-aria"
              },
              {
                "role": "member",
                "username": "bosan120"
              },
              {
                "role": "member",
                "username": "ecodrive-18"
              },
              {
                "role": "member",
                "username": "guragusan"
              },
              {
                "role": "member",
                "username": "inuyosi"
              },
              {
                "role": "member",
                "username": "kadokusei"
              },
              {
                "role": "member",
                "username": "kyontan"
              },
              {
                "role": "member",
                "username": "mbook-x86"
              },
              {
                "role": "member",
                "username": "naoki912"
              },
              {
                "role": "member",
                "username": "oomorio"
              },
              {
                "role": "member",
                "username": "palloc"
              },
              {
                "role": "member",
                "username": "yaminoma"
              },
              {
                "role": "member",
                "username": "yatuhashi"
              },
              {
                "role": "member",
                "username": "yuukinetwork"
              }
            ],
            "team_id": "2178374"
          },
          "sensitive_attributes": [],
          "private": "bnVsbA==",
          "dependencies": [
            "github_membership.member",
            "github_team.team"
          ]
        },
        {
          "index_key": "ictsc8",
          "schema_version": 0,
          "attributes": {
            "etag": "4c4d28cb2507c209bf44259c1075692a",
            "id": "2341229",
            "members": [
              {
                "role": "maintainer",
                "username": "h-otter"
              },
              {
                "role": "maintainer",
                "username": "whywaita"
              },
              {
                "role": "member",
                "username": "Azusa72"
              },
              {
                "role": "member",
                "username": "Katsuya414"
              },
              {
                "role": "member",
                "username": "Kurorororo"
              },
              {
                "role": "member",
                "username": "alias-aria"
              },
              {
                "role": "member",
                "username": "aoi96"
              },
              {
                "role": "member",
                "username": "bosan120"
              },
              {
                "role": "member",
                "username": "chisaton1"
              },
              {
                "role": "member",
                "username": "ecodrive-18"
              },
              {
                "role": "member",
                "username": "icchy"
              },
              {
                "role": "member",
                "username": "inuyosi"
              },
              {
                "role": "member",
                "username": "keyakko"
              },
              {
                "role": "member",
                "username": "kyontan"
              },
              {
                "role": "member",
                "username": "mbook-x86"
              },
              {
                "role": "member",
                "username": "naoki912"
              },
              {
                "role": "member",
                "username": "oomorio"
              },
              {
                "role": "member",
                "username": "palloc"
              },
              {
                "role": "member",
                "username": "staybuzz"
              },
              {
                "role": "member",
                "username": "yatuhashi"
              }
            ],
            "team_id": "2341229"
          },
          "sensitive_attributes": [],
          "private": "bnVsbA==",
          "dependencies": [
            "github_membership.member",
            "github_team.team"
          ]
        },
        {
          "index_key": "ictsc9",
          "schema_version": 0,
          "attributes": {
            "etag": "b7e2f5e7054c944d815889d2c54d5191",
            "id": "2818424",
            "members": [
              {
                "role": "maintainer",
                "username": "h-otter"
              },
              {
                "role": "maintainer",
                "username": "sharknasuhorse"
              },
              {
                "role": "maintainer",
                "username": "uplus"
              },
              {
                "role": "maintainer",
                "username": "whywaita"
              },
              {
                "role": "maintainer",
                "username": "yukamoja"
              },
              {
                "role": "member",
                "username": "Kurorororo"
              },
              {
                "role": "member",
                "username": "SakurazakaShin"
              },
              {
                "role": "member",
                "username": "acque2two"
              },
              {
                "role": "member",
                "username": "chisaton1"
              },
              {
                "role": "member",
                "username": "ecodrive-18"
              },
              {
                "role": "member",
                "username": "gurapomu"
              },
              {
                "role": "member",
                "username": "ha-kun0711"
              },
              {
                "role": "member",
                "username": "icchy"
              },
              {
                "role": "member",
                "username": "mbook-x86"
              },
              {
                "role": "member",
                "username": "naoki912"
              },
              {
                "role": "member",
                "username": "nomeaning777"
              },
              {
                "role": "member",
                "username": "palloc"
              },
              {
                "role": "member",
                "username": "tsuttsu305"
              },
              {
                "role": "member",
                "username": "yatuhashi"
              }
            ],
            "team_id": "2818424"
          },
          "sensitive_attributes": [],
          "private": "bnVsbA==",
          "dependencies": [
            "github_membership.member",
            "github_team.team"
          ]
        }
      ]
    },
    {
      "mode": "managed",
      "type": "github_team_membership",
      "name": "score-dev-uplus",
      "provider": "provider[\"registry.terraform.io/integrations/github\"]",
      "instances": [
        {
          "schema_version": 0,
          "attributes": {
            "etag": "W/\"f2f7787a0db62cc63375b0ee2ea9dcc529277b8cbd5c1d39be0f2a404bed65d7\"",
            "id": "2004353:uplus",
            "role": "maintainer",
            "team_id": "2004353",
            "username": "uplus"
          },
          "sensitive_attributes": [],
          "dependencies": [
            "github_team.score-dev"
          ]
        }
      ]
    },
    {
      "mode": "managed",
      "type": "github_team_repository",
      "name": "score-dev-ictsc-score-server",
      "provider": "provider[\"registry.terraform.io/integrations/github\"]",
      "instances": [
        {
          "schema_version": 0,
          "attributes": {
            "etag": "W/\"8ab83153898dc760bbaa7adcdbe83db10ec632589ca82c89e64e92a6dae6460e\"",
            "id": "2004353:ictsc-score-server",
            "permission": "admin",
            "repository": "ictsc-score-server",
            "team_id": "2004353"
          },
          "sensitive_attributes": [],
          "dependencies": [
            "github_team.score-dev"
          ]
        }
      ]
    }
  ],
  "check_results": null
}
