{
  "version": 4,
  "terraform_version": "1.3.5",
  "serial": 134,
  "lineage": "842a2913-e436-4381-8e72-045e740c9c1f",
  "outputs": {},
  "resources": [
    {
      "mode": "managed",
      "type": "github_membership",
      "name": "Azusa72",
      "provider": "provider[\"registry.terraform.io/integrations/github\"]",
      "instances": [
        {
          "schema_version": 0,
          "attributes": {
            "etag": "W/\"4113e76ff045f455d8967df916625c60bc547c7b8f977c512e9af113c5934d0b\"",
            "id": "ictsc:Azusa72",
            "role": "member",
            "username": "Azusa72"
          },
          "sensitive_attributes": []
        }
      ]
    },
    {
      "mode": "managed",
      "type": "github_membership",
      "name": "Crow314",
      "provider": "provider[\"registry.terraform.io/integrations/github\"]",
      "instances": [
        {
          "schema_version": 0,
          "attributes": {
            "etag": "W/\"ebe16930c6a57c67633dfff22c860d3c3166f86cb2908428cd387a07cb0ab3e1\"",
            "id": "ictsc:Crow314",
            "role": "member",
            "username": "Crow314"
          },
          "sensitive_attributes": [],
          "private": "bnVsbA=="
        }
      ]
    },
    {
      "mode": "managed",
      "type": "github_membership",
      "name": "Explosive6363",
      "provider": "provider[\"registry.terraform.io/integrations/github\"]",
      "instances": [
        {
          "schema_version": 0,
          "attributes": {
            "etag": "W/\"ae88dc03ccdfb6db9b57c1c4e4d1429d05dea5da3aa56b09957c80a8af3f526f\"",
            "id": "ictsc:Explosive6363",
            "role": "admin",
            "username": "Explosive6363"
          },
          "sensitive_attributes": []
        }
      ]
    },
    {
      "mode": "managed",
      "type": "github_membership",
      "name": "Hicky1025",
      "provider": "provider[\"registry.terraform.io/integrations/github\"]",
      "instances": [
        {
          "schema_version": 0,
          "attributes": {
            "etag": "W/\"b664382565cb47f02dba7e6a1b2301f49499708d27bf8d52dd5cf25f4e48e418\"",
            "id": "ictsc:Hicky1025",
            "role": "member",
            "username": "Hicky1025"
          },
          "sensitive_attributes": []
        }
      ]
    },
    {
      "mode": "managed",
      "type": "github_membership",
      "name": "Iwancof",
      "provider": "provider[\"registry.terraform.io/integrations/github\"]",
      "instances": [
        {
          "schema_version": 0,
          "attributes": {
            "etag": "W/\"4e38d7cb1077f58157765e55e938dc6edae77034ae508c6f454473d54e2ea51b\"",
            "id": "ictsc:Iwancof",
            "role": "member",
            "username": "Iwancof"
          },
          "sensitive_attributes": []
        }
      ]
    },
    {
      "mode": "managed",
      "type": "github_membership",
      "name": "K-shir0",
      "provider": "provider[\"registry.terraform.io/integrations/github\"]",
      "instances": [
        {
          "schema_version": 0,
          "attributes": {
            "etag": "W/\"687d78c42883f224eb6cce597604daee8144b1cf5ffb30c32d7818090002664c\"",
            "id": "ictsc:K-shir0",
            "role": "member",
            "username": "K-shir0"
          },
          "sensitive_attributes": []
        }
      ]
    },
    {
      "mode": "managed",
      "type": "github_membership",
      "name": "Katsuya414",
      "provider": "provider[\"registry.terraform.io/integrations/github\"]",
      "instances": [
        {
          "schema_version": 0,
          "attributes": {
            "etag": "W/\"34aba1aa0eb74e651bb640a8d474eb710b31c633db9283dc767b7dc0fb97af08\"",
            "id": "ictsc:Katsuya414",
            "role": "member",
            "username": "Katsuya414"
          },
          "sensitive_attributes": []
        }
      ]
    },
    {
      "mode": "managed",
      "type": "github_membership",
      "name": "Kurorororo",
      "provider": "provider[\"registry.terraform.io/integrations/github\"]",
      "instances": [
        {
          "schema_version": 0,
          "attributes": {
            "etag": "W/\"2f4e93034416ed8525df9121ea418f67839f2e5f8c72fb6d5aa7f62bf9b4aa70\"",
            "id": "ictsc:Kurorororo",
            "role": "member",
            "username": "Kurorororo"
          },
          "sensitive_attributes": []
        }
      ]
    },
    {
      "mode": "managed",
      "type": "github_membership",
      "name": "Nishinoyama",
      "provider": "provider[\"registry.terraform.io/integrations/github\"]",
      "instances": [
        {
          "schema_version": 0,
          "attributes": {
            "etag": "W/\"bd0d6f20c8abdf4309a38739374a085f2b3fbbfd17f90e27f9ea7fe504634e40\"",
            "id": "ictsc:Nishinoyama",
            "role": "member",
            "username": "Nishinoyama"
          },
          "sensitive_attributes": [],
          "private": "bnVsbA=="
        }
      ]
    },
    {
      "mode": "managed",
      "type": "github_membership",
      "name": "NozomiSugiyama",
      "provider": "provider[\"registry.terraform.io/integrations/github\"]",
      "instances": [
        {
          "schema_version": 0,
          "attributes": {
            "etag": "W/\"dc5e915551f8a7c30138c1ec423a1e72b73301f2fd1c65be3f73818e81690a49\"",
            "id": "ictsc:NozomiSugiyama",
            "role": "member",
            "username": "NozomiSugiyama"
          },
          "sensitive_attributes": []
        }
      ]
    },
    {
      "mode": "managed",
      "type": "github_membership",
      "name": "SakurazakaShin",
      "provider": "provider[\"registry.terraform.io/integrations/github\"]",
      "instances": [
        {
          "schema_version": 0,
          "attributes": {
            "etag": "W/\"5d02b0f64f01a6cc0a724815ab19a5a29deae9b97d580f3a97debd5606ed4a81\"",
            "id": "ictsc:SakurazakaShin",
            "role": "member",
            "username": "SakurazakaShin"
          },
          "sensitive_attributes": []
        }
      ]
    },
    {
      "mode": "managed",
      "type": "github_membership",
      "name": "SallyAcolyte",
      "provider": "provider[\"registry.terraform.io/integrations/github\"]",
      "instances": [
        {
          "schema_version": 0,
          "attributes": {
            "etag": "W/\"3e78d352aef702eb44329f53851e4eec551732cdeb87079e9b4df52d0f95af09\"",
            "id": "ictsc:SallyAcolyte",
            "role": "member",
            "username": "SallyAcolyte"
          },
          "sensitive_attributes": []
        }
      ]
    },
    {
      "mode": "managed",
      "type": "github_membership",
      "name": "ShotaKitazawa",
      "provider": "provider[\"registry.terraform.io/integrations/github\"]",
      "instances": [
        {
          "schema_version": 0,
          "attributes": {
            "etag": "W/\"9729ef9ef3c99d1add1e30ce50b87b732fa6c20911f18360b98ed5f11059e0ee\"",
            "id": "ictsc:ShotaKitazawa",
            "role": "member",
            "username": "ShotaKitazawa"
          },
          "sensitive_attributes": []
        }
      ]
    },
    {
      "mode": "managed",
      "type": "github_membership",
      "name": "SilEighty-ym",
      "provider": "provider[\"registry.terraform.io/integrations/github\"]",
      "instances": [
        {
          "schema_version": 0,
          "attributes": {
            "etag": "W/\"61a62b4186489d8a0676182cd6f9882acc99686730dbdf11e8e61ceee22edd7a\"",
            "id": "ictsc:SilEighty-ym",
            "role": "member",
            "username": "SilEighty-ym"
          },
          "sensitive_attributes": []
        }
      ]
    },
    {
      "mode": "managed",
      "type": "github_membership",
      "name": "TenkiGit",
      "provider": "provider[\"registry.terraform.io/integrations/github\"]",
      "instances": [
        {
          "schema_version": 0,
          "attributes": {
            "etag": "W/\"47eab3b42e1f6b7e888218399dcd0f2a34e7526533296bf807c6246ddff4e944\"",
            "id": "ictsc:TenkiGit",
            "role": "member",
            "username": "TenkiGit"
          },
          "sensitive_attributes": []
        }
      ]
    },
    {
      "mode": "managed",
      "type": "github_membership",
      "name": "Terfno",
      "provider": "provider[\"registry.terraform.io/integrations/github\"]",
      "instances": [
        {
          "schema_version": 0,
          "attributes": {
            "etag": "W/\"a1faab7d56a79efff11d4af6ed940e06c21aa50c6fc015aec0a7bb3f62baf00f\"",
            "id": "ictsc:Terfno",
            "role": "member",
            "username": "Terfno"
          },
          "sensitive_attributes": []
        }
      ]
    },
    {
      "mode": "managed",
      "type": "github_membership",
      "name": "a-r-g-v",
      "provider": "provider[\"registry.terraform.io/integrations/github\"]",
      "instances": [
        {
          "schema_version": 0,
          "attributes": {
            "etag": "W/\"6460a0b03f676c1c82b4dfc3fc489ccded10baec3ab855cf405102e321c24d19\"",
            "id": "ictsc:a-r-g-v",
            "role": "member",
            "username": "a-r-g-v"
          },
          "sensitive_attributes": []
        }
      ]
    },
    {
      "mode": "managed",
      "type": "github_membership",
      "name": "acque2two",
      "provider": "provider[\"registry.terraform.io/integrations/github\"]",
      "instances": [
        {
          "schema_version": 0,
          "attributes": {
            "etag": "W/\"f37ab90409f896e6f89b52b1b3a3b94ff2809878a97d97b7559a1a94b4f1eaf1\"",
            "id": "ictsc:acque2two",
            "role": "member",
            "username": "acque2two"
          },
          "sensitive_attributes": []
        }
      ]
    },
    {
      "mode": "managed",
      "type": "github_membership",
      "name": "alias-aria",
      "provider": "provider[\"registry.terraform.io/integrations/github\"]",
      "instances": [
        {
          "schema_version": 0,
          "attributes": {
            "etag": "W/\"0435dbc5fc925168a607a4cfd089a02fdd112c4234d57d8628351542bba98785\"",
            "id": "ictsc:alias-aria",
            "role": "member",
            "username": "alias-aria"
          },
          "sensitive_attributes": []
        }
      ]
    },
    {
      "mode": "managed",
      "type": "github_membership",
      "name": "aoi96",
      "provider": "provider[\"registry.terraform.io/integrations/github\"]",
      "instances": [
        {
          "schema_version": 0,
          "attributes": {
            "etag": "W/\"3f0886ab4d62e0265899e748de0189215b29174ccdb338dc963ecd568cd29ae9\"",
            "id": "ictsc:aoi96",
            "role": "member",
            "username": "aoi96"
          },
          "sensitive_attributes": []
        }
      ]
    },
    {
      "mode": "managed",
      "type": "github_membership",
      "name": "arupakan125",
      "provider": "provider[\"registry.terraform.io/integrations/github\"]",
      "instances": [
        {
          "schema_version": 0,
          "attributes": {
            "etag": "W/\"849e58092840590b42a4c26f94dfff7e7539ba44866ac2d93d761362c9253ba8\"",
            "id": "ictsc:arupakan125",
            "role": "member",
            "username": "arupakan125"
          },
          "sensitive_attributes": []
        }
      ]
    },
    {
      "mode": "managed",
      "type": "github_membership",
      "name": "asarijiru",
      "provider": "provider[\"registry.terraform.io/integrations/github\"]",
      "instances": [
        {
          "schema_version": 0,
          "attributes": {
            "etag": "W/\"baf4733f8899dc3dd0240d84fb8aec8633b3aef0c5076c3ea879dce9cb78efb1\"",
            "id": "ictsc:asarijiru",
            "role": "member",
            "username": "asarijiru"
          },
          "sensitive_attributes": []
        }
      ]
    },
    {
      "mode": "managed",
      "type": "github_membership",
      "name": "asdfec",
      "provider": "provider[\"registry.terraform.io/integrations/github\"]",
      "instances": [
        {
          "schema_version": 0,
          "attributes": {
            "etag": "W/\"5dd56443df30a88ed12111777c66365eae39a939aa8389ee522b0f6fac4c5692\"",
            "id": "ictsc:asdfec",
            "role": "member",
            "username": "asdfec"
          },
          "sensitive_attributes": []
        }
      ]
    },
    {
      "mode": "managed",
      "type": "github_membership",
      "name": "beggarl",
      "provider": "provider[\"registry.terraform.io/integrations/github\"]",
      "instances": [
        {
          "schema_version": 0,
          "attributes": {
            "etag": "W/\"ed91588a315bd4110338cf216fdefc2786fac57543b34b7b85f423ab0eaaea3f\"",
            "id": "ictsc:beggarl",
            "role": "member",
            "username": "beggarl"
          },
          "sensitive_attributes": []
        }
      ]
    },
    {
      "mode": "managed",
      "type": "github_membership",
      "name": "bosan120",
      "provider": "provider[\"registry.terraform.io/integrations/github\"]",
      "instances": [
        {
          "schema_version": 0,
          "attributes": {
            "etag": "W/\"bbcdd82cb6e4a06dc12ca40ae3dbac3db82c8f77f335759ca14ee2c9688b43d8\"",
            "id": "ictsc:bosan120",
            "role": "member",
            "username": "bosan120"
          },
          "sensitive_attributes": []
        }
      ]
    },
    {
      "mode": "managed",
      "type": "github_membership",
      "name": "chalkygames123",
      "provider": "provider[\"registry.terraform.io/integrations/github\"]",
      "instances": [
        {
          "schema_version": 0,
          "attributes": {
            "etag": "W/\"a6291d3a3eae801b9d908c1c0b001e353c8bb9242d2564ed98dfab82cb9c0063\"",
            "id": "ictsc:chalkygames123",
            "role": "member",
            "username": "chalkygames123"
          },
          "sensitive_attributes": []
        }
      ]
    },
    {
      "mode": "managed",
      "type": "github_membership",
      "name": "chamaharun",
      "provider": "provider[\"registry.terraform.io/integrations/github\"]",
      "instances": [
        {
          "schema_version": 0,
          "attributes": {
            "etag": "W/\"f176fb5da2b09dfa24581e2b1ba674e61bc1e09f2757bafeb72a2d4e130bf7d4\"",
            "id": "ictsc:chamaharun",
            "role": "member",
            "username": "chamaharun"
          },
          "sensitive_attributes": []
        }
      ]
    },
    {
      "mode": "managed",
      "type": "github_membership",
      "name": "chaya2z",
      "provider": "provider[\"registry.terraform.io/integrations/github\"]",
      "instances": [
        {
          "schema_version": 0,
          "attributes": {
            "etag": "W/\"ed153f893a9e7b10d4f0958a0e0eccc0589eea84810b782edd95f506baa987a1\"",
            "id": "ictsc:chaya2z",
            "role": "member",
            "username": "chaya2z"
          },
          "sensitive_attributes": []
        }
      ]
    },
    {
      "mode": "managed",
      "type": "github_membership",
      "name": "chibiegg",
      "provider": "provider[\"registry.terraform.io/integrations/github\"]",
      "instances": [
        {
          "schema_version": 0,
          "attributes": {
            "etag": "W/\"36c92b2596fd913ee6a697eba56b4aca092b8ab4d673f2aea2d45e38edb4b6f1\"",
            "id": "ictsc:chibiegg",
            "role": "member",
            "username": "chibiegg"
          },
          "sensitive_attributes": []
        }
      ]
    },
    {
      "mode": "managed",
      "type": "github_membership",
      "name": "chisaton1",
      "provider": "provider[\"registry.terraform.io/integrations/github\"]",
      "instances": [
        {
          "schema_version": 0,
          "attributes": {
            "etag": "W/\"81b6509cef048a55e3b8293c8b5858191a7b9819f7f756331c4c4e3fb732612c\"",
            "id": "ictsc:chisaton1",
            "role": "member",
            "username": "chisaton1"
          },
          "sensitive_attributes": []
        }
      ]
    },
    {
      "mode": "managed",
      "type": "github_membership",
      "name": "chouett0",
      "provider": "provider[\"registry.terraform.io/integrations/github\"]",
      "instances": [
        {
          "schema_version": 0,
          "attributes": {
            "etag": "W/\"b27e681a4307fb53a2587fd017ae538b4468b18747a50403659ab33ede751156\"",
            "id": "ictsc:chouett0",
            "role": "member",
            "username": "chouett0"
          },
          "sensitive_attributes": []
        }
      ]
    },
    {
      "mode": "managed",
      "type": "github_membership",
      "name": "ecodrive-18",
      "provider": "provider[\"registry.terraform.io/integrations/github\"]",
      "instances": [
        {
          "schema_version": 0,
          "attributes": {
            "etag": "W/\"389042681508b10c8ad86e544a65c68dfe7e08229107514b44d0913fa130e1e0\"",
            "id": "ictsc:ecodrive-18",
            "role": "member",
            "username": "ecodrive-18"
          },
          "sensitive_attributes": []
        }
      ]
    },
    {
      "mode": "managed",
      "type": "github_membership",
      "name": "guragusan",
      "provider": "provider[\"registry.terraform.io/integrations/github\"]",
      "instances": [
        {
          "schema_version": 0,
          "attributes": {
            "etag": "W/\"2f9cccaddd725f1aa70459592f88dbb9fdd33dc20928320cdb12b74c6939bdc8\"",
            "id": "ictsc:guragusan",
            "role": "member",
            "username": "guragusan"
          },
          "sensitive_attributes": []
        }
      ]
    },
    {
      "mode": "managed",
      "type": "github_membership",
      "name": "gurapomu",
      "provider": "provider[\"registry.terraform.io/integrations/github\"]",
      "instances": [
        {
          "schema_version": 0,
          "attributes": {
            "etag": "W/\"b3ab8d4cbd35a258282d8c17f0b3e31f0cd7f71f2d8ce959e8353e9a83cc8f46\"",
            "id": "ictsc:gurapomu",
            "role": "member",
            "username": "gurapomu"
          },
          "sensitive_attributes": []
        }
      ]
    },
    {
      "mode": "managed",
      "type": "github_membership",
      "name": "h-otter",
      "provider": "provider[\"registry.terraform.io/integrations/github\"]",
      "instances": [
        {
          "schema_version": 0,
          "attributes": {
            "etag": "W/\"224dede5b65740b3359772f3a50d1dc66b847e4b5a85a964e14c56998ceacf68\"",
            "id": "ictsc:h-otter",
            "role": "admin",
            "username": "h-otter"
          },
          "sensitive_attributes": []
        }
      ]
    },
    {
      "mode": "managed",
      "type": "github_membership",
      "name": "ha-kun0711",
      "provider": "provider[\"registry.terraform.io/integrations/github\"]",
      "instances": [
        {
          "schema_version": 0,
          "attributes": {
            "etag": "W/\"7d4949a58064b70af4315765c9fdc64240a333a74e1d0f5cffc53e39a94d305f\"",
            "id": "ictsc:ha-kun0711",
            "role": "member",
            "username": "ha-kun0711"
          },
          "sensitive_attributes": []
        }
      ]
    },
    {
      "mode": "managed",
      "type": "github_membership",
      "name": "hibiki31",
      "provider": "provider[\"registry.terraform.io/integrations/github\"]",
      "instances": [
        {
          "schema_version": 0,
          "attributes": {
            "etag": "W/\"54fcbb2d46a89f7d88832109796564228404b794f08173916a9879d59e46ca53\"",
            "id": "ictsc:hibiki31",
            "role": "member",
            "username": "hibiki31"
          },
          "sensitive_attributes": []
        }
      ]
    },
    {
      "mode": "managed",
      "type": "github_membership",
      "name": "ibucho",
      "provider": "provider[\"registry.terraform.io/integrations/github\"]",
      "instances": [
        {
          "schema_version": 0,
          "attributes": {
            "etag": "W/\"7ae072c1a90f10f62adface3798e6c9199eea4dba33faeb28ac06827e0954b75\"",
            "id": "ictsc:ibucho",
            "role": "admin",
            "username": "ibucho"
          },
          "sensitive_attributes": []
        }
      ]
    },
    {
      "mode": "managed",
      "type": "github_membership",
      "name": "icchy",
      "provider": "provider[\"registry.terraform.io/integrations/github\"]",
      "instances": [
        {
          "schema_version": 0,
          "attributes": {
            "etag": "W/\"70ef5b6b399b051bd3df4bc72c557c6a11ee3add5f062e9dbc5a890864473a37\"",
            "id": "ictsc:icchy",
            "role": "member",
            "username": "icchy"
          },
          "sensitive_attributes": []
        }
      ]
    },
    {
      "mode": "managed",
      "type": "github_membership",
      "name": "int-tt",
      "provider": "provider[\"registry.terraform.io/integrations/github\"]",
      "instances": [
        {
          "schema_version": 0,
          "attributes": {
            "etag": "W/\"5275768bfadd69f58c3055a8c3169e16c48755b74034f3a156b22fb3b370c45a\"",
            "id": "ictsc:int-tt",
            "role": "member",
            "username": "int-tt"
          },
          "sensitive_attributes": []
        }
      ]
    },
    {
      "mode": "managed",
      "type": "github_membership",
      "name": "inuyosi",
      "provider": "provider[\"registry.terraform.io/integrations/github\"]",
      "instances": [
        {
          "schema_version": 0,
          "attributes": {
            "etag": "W/\"108bd9fce6479a2f9a721d4c52079570f7af21f9281fbe7b5ee65447babfe570\"",
            "id": "ictsc:inuyosi",
            "role": "member",
            "username": "inuyosi"
          },
          "sensitive_attributes": []
        }
      ]
    },
    {
      "mode": "managed",
      "type": "github_membership",
      "name": "kadokusei",
      "provider": "provider[\"registry.terraform.io/integrations/github\"]",
      "instances": [
        {
          "schema_version": 0,
          "attributes": {
            "etag": "W/\"1096f5195b7093d85f56f53db1c2948e6a64b16951e8eab47bc3164223aaafca\"",
            "id": "ictsc:kadokusei",
            "role": "member",
            "username": "kadokusei"
          },
          "sensitive_attributes": []
        }
      ]
    },
    {
      "mode": "managed",
      "type": "github_membership",
      "name": "kamijin-fanta",
      "provider": "provider[\"registry.terraform.io/integrations/github\"]",
      "instances": [
        {
          "schema_version": 0,
          "attributes": {
            "etag": "W/\"2d7535caf38635ad6cbfc25565112f63493a8f8656aa0eeb06f53af2ae7f8f79\"",
            "id": "ictsc:kamijin-fanta",
            "role": "member",
            "username": "kamijin-fanta"
          },
          "sensitive_attributes": []
        }
      ]
    },
    {
      "mode": "managed",
      "type": "github_membership",
      "name": "kapibara824",
      "provider": "provider[\"registry.terraform.io/integrations/github\"]",
      "instances": [
        {
          "schema_version": 0,
          "attributes": {
            "etag": "W/\"c61c3770005175e50751047c8c14e362dd6a7507795fbc0e17b293aba3adafe3\"",
            "id": "ictsc:kapibara824",
            "role": "member",
            "username": "kapibara824"
          },
          "sensitive_attributes": []
        }
      ]
    },
    {
      "mode": "managed",
      "type": "github_membership",
      "name": "kayo-tozaki",
      "provider": "provider[\"registry.terraform.io/integrations/github\"]",
      "instances": [
        {
          "schema_version": 0,
          "attributes": {
            "etag": "W/\"f8c96a30e2e5cde8f7ebeba815afd28dac264ef0f566897ae98397c0e7cefadf\"",
            "id": "ictsc:kayo-tozaki",
            "role": "member",
            "username": "kayo-tozaki"
          },
          "sensitive_attributes": []
        }
      ]
    },
    {
      "mode": "managed",
      "type": "github_membership",
      "name": "keisukearakawa",
      "provider": "provider[\"registry.terraform.io/integrations/github\"]",
      "instances": [
        {
          "schema_version": 0,
          "attributes": {
            "etag": "W/\"2b7c15635c4b4d0eae1eff76f7dcba3cca2baecf9a7a61ea9372a69634e3c7a6\"",
            "id": "ictsc:keisukearakawa",
            "role": "member",
            "username": "keisukearakawa"
          },
          "sensitive_attributes": []
        }
      ]
    },
    {
      "mode": "managed",
      "type": "github_membership",
      "name": "keyakko",
      "provider": "provider[\"registry.terraform.io/integrations/github\"]",
      "instances": [
        {
          "schema_version": 0,
          "attributes": {
            "etag": "W/\"eb92aa573d4ce53de903b18cc3b09a8f800a55e078dfe5c063d432dcd0a0e464\"",
            "id": "ictsc:keyakko",
            "role": "member",
            "username": "keyakko"
          },
          "sensitive_attributes": []
        }
      ]
    },
    {
      "mode": "managed",
      "type": "github_membership",
      "name": "kurochan",
      "provider": "provider[\"registry.terraform.io/integrations/github\"]",
      "instances": [
        {
          "schema_version": 0,
          "attributes": {
            "etag": "W/\"e1b9cef47397808356890e97691867fe97ca6af87af0bd7b2863a1aca955892a\"",
            "id": "ictsc:kurochan",
            "role": "admin",
            "username": "kurochan"
          },
          "sensitive_attributes": []
        }
      ]
    },
    {
      "mode": "managed",
      "type": "github_membership",
      "name": "kyoko0514",
      "provider": "provider[\"registry.terraform.io/integrations/github\"]",
      "instances": [
        {
          "schema_version": 0,
          "attributes": {
            "etag": "W/\"9e3a36a604f1dc9f584ffe4f3d35899162d9a670a0e0863e5aeb888796c20661\"",
            "id": "ictsc:kyoko0514",
            "role": "member",
            "username": "kyoko0514"
          },
          "sensitive_attributes": []
        }
      ]
    },
    {
      "mode": "managed",
      "type": "github_membership",
      "name": "kyontan",
      "provider": "provider[\"registry.terraform.io/integrations/github\"]",
      "instances": [
        {
          "schema_version": 0,
          "attributes": {
            "etag": "W/\"110e47817caa85e1c41914fdcd33237d45b8f5c0817b2cb22e639c117b03f6fe\"",
            "id": "ictsc:kyontan",
            "role": "member",
            "username": "kyontan"
          },
          "sensitive_attributes": []
        }
      ]
    },
    {
      "mode": "managed",
      "type": "github_membership",
      "name": "logica0419",
      "provider": "provider[\"registry.terraform.io/integrations/github\"]",
      "instances": [
        {
          "schema_version": 0,
          "attributes": {
            "etag": "W/\"e95bd0f14cee5bd6751b18f3ff69d29486b977b742aa74eac93c07086ac80298\"",
            "id": "ictsc:logica0419",
            "role": "member",
            "username": "logica0419"
          },
          "sensitive_attributes": [],
          "private": "bnVsbA=="
        }
      ]
    },
    {
      "mode": "managed",
      "type": "github_membership",
      "name": "mbook-x86",
      "provider": "provider[\"registry.terraform.io/integrations/github\"]",
      "instances": [
        {
          "schema_version": 0,
          "attributes": {
            "etag": "W/\"e0ac8797657d0da3a213c2fefe54c42d1c209969993f1b9160290dc40339d35e\"",
            "id": "ictsc:mbook-x86",
            "role": "member",
            "username": "mbook-x86"
          },
          "sensitive_attributes": []
        }
      ]
    },
    {
      "mode": "managed",
      "type": "github_membership",
      "name": "miyao11",
      "provider": "provider[\"registry.terraform.io/integrations/github\"]",
      "instances": [
        {
          "schema_version": 0,
          "attributes": {
            "etag": "W/\"ceb0390ffbb6a6465098d0f52b91de169acdb247f04237889772efc449fec53e\"",
            "id": "ictsc:Miyao11",
            "role": "member",
            "username": "Miyao11"
          },
          "sensitive_attributes": []
        }
      ]
    },
    {
      "mode": "managed",
      "type": "github_membership",
      "name": "mk0913mnck",
      "provider": "provider[\"registry.terraform.io/integrations/github\"]",
      "instances": [
        {
          "schema_version": 0,
          "attributes": {
            "etag": "W/\"212196c5525e84de20488f3f9c0fca36120f479f7213db0d0718b1152b2d6b97\"",
            "id": "ictsc:mk0913mnck",
            "role": "member",
            "username": "mk0913mnck"
          },
          "sensitive_attributes": []
        }
      ]
    },
    {
      "mode": "managed",
      "type": "github_membership",
      "name": "nakasyo2650",
      "provider": "provider[\"registry.terraform.io/integrations/github\"]",
      "instances": [
        {
          "schema_version": 0,
          "attributes": {
            "etag": "W/\"a49465a0d9104f9de631d4d2bb6a00a577f5fd5b04d45a5a7f9d51091f2c4a64\"",
            "id": "ictsc:nakasyo2650",
            "role": "member",
            "username": "nakasyo2650"
          },
          "sensitive_attributes": []
        }
      ]
    },
    {
      "mode": "managed",
      "type": "github_membership",
      "name": "naoki2001",
      "provider": "provider[\"registry.terraform.io/integrations/github\"]",
      "instances": [
        {
          "schema_version": 0,
          "attributes": {
            "etag": "W/\"ee3941fe92bffa1c2716f94e1be9e1738f06bf9c4b93d0a77429072a00bdcf35\"",
            "id": "ictsc:naoki2001",
            "role": "member",
            "username": "naoki2001"
          },
          "sensitive_attributes": []
        }
      ]
    },
    {
      "mode": "managed",
      "type": "github_membership",
      "name": "naoki912",
      "provider": "provider[\"registry.terraform.io/integrations/github\"]",
      "instances": [
        {
          "schema_version": 0,
          "attributes": {
            "etag": "W/\"c714494d6097488e685e5f54018bdb5be649ea076f7c478b7f020a7b11bf0f8e\"",
            "id": "ictsc:naoki912",
            "role": "member",
            "username": "naoki912"
          },
          "sensitive_attributes": []
        }
      ]
    },
    {
      "mode": "managed",
      "type": "github_membership",
      "name": "netmarkjp",
      "provider": "provider[\"registry.terraform.io/integrations/github\"]",
      "instances": [
        {
          "schema_version": 0,
          "attributes": {
            "etag": "W/\"286e3754240b416c8bba719e6a360ef0bf6baab1acdd63813cbf961683f90439\"",
            "id": "ictsc:netmarkjp",
            "role": "admin",
            "username": "netmarkjp"
          },
          "sensitive_attributes": []
        }
      ]
    },
    {
      "mode": "managed",
      "type": "github_membership",
      "name": "nomeaning777",
      "provider": "provider[\"registry.terraform.io/integrations/github\"]",
      "instances": [
        {
          "schema_version": 0,
          "attributes": {
            "etag": "W/\"f90eab4ca4999c96f168b5819de8189e847179181a1b8b95398920c064101ef3\"",
            "id": "ictsc:nomeaning777",
            "role": "member",
            "username": "nomeaning777"
          },
          "sensitive_attributes": []
        }
      ]
    },
    {
      "mode": "managed",
      "type": "github_membership",
      "name": "notchi590",
      "provider": "provider[\"registry.terraform.io/integrations/github\"]",
      "instances": [
        {
          "schema_version": 0,
          "attributes": {
            "etag": "W/\"28bc51ea83442826d096e6cc9dd1482b9ae93a5ca0789beaca4d3453e6ad23b9\"",
            "id": "ictsc:notchi590",
            "role": "member",
            "username": "notchi590"
          },
          "sensitive_attributes": []
        }
      ]
    },
    {
      "mode": "managed",
      "type": "github_membership",
      "name": "onokatio",
      "provider": "provider[\"registry.terraform.io/integrations/github\"]",
      "instances": [
        {
          "schema_version": 0,
          "attributes": {
            "etag": "W/\"19eb97d49288f3e239f4ec42be47ca1e031244bf2aca6d085c5e0f18c6411bf9\"",
            "id": "ictsc:onokatio",
            "role": "admin",
            "username": "onokatio"
          },
          "sensitive_attributes": []
        }
      ]
    },
    {
      "mode": "managed",
      "type": "github_membership",
      "name": "oomorio",
      "provider": "provider[\"registry.terraform.io/integrations/github\"]",
      "instances": [
        {
          "schema_version": 0,
          "attributes": {
            "etag": "W/\"3d629aef5bb07273bc5131896317d03ef1105c3705937da5e93900ab448390df\"",
            "id": "ictsc:oomorio",
            "role": "member",
            "username": "oomorio"
          },
          "sensitive_attributes": []
        }
      ]
    },
    {
      "mode": "managed",
      "type": "github_membership",
      "name": "ophum",
      "provider": "provider[\"registry.terraform.io/integrations/github\"]",
      "instances": [
        {
          "schema_version": 0,
          "attributes": {
            "etag": "W/\"507ae267b44ac1432f54519cb2b3b568da48ff06d693642f9a412435756234d3\"",
            "id": "ictsc:ophum",
            "role": "member",
            "username": "ophum"
          },
          "sensitive_attributes": []
        }
      ]
    },
    {
      "mode": "managed",
      "type": "github_membership",
      "name": "orin24",
      "provider": "provider[\"registry.terraform.io/integrations/github\"]",
      "instances": [
        {
          "schema_version": 0,
          "attributes": {
            "etag": "W/\"b5893ca90f8f7f720d7b449a25987dc6d2756b4188911d2b0792e4e071f87540\"",
            "id": "ictsc:orin24",
            "role": "member",
            "username": "orin24"
          },
          "sensitive_attributes": []
        }
      ]
    },
    {
      "mode": "managed",
      "type": "github_membership",
      "name": "palloc",
      "provider": "provider[\"registry.terraform.io/integrations/github\"]",
      "instances": [
        {
          "schema_version": 0,
          "attributes": {
            "etag": "W/\"10d55fe75742763a03036ec3c9fc1b6e37fb2f140710436e1d9fa1752520a1dc\"",
            "id": "ictsc:palloc",
            "role": "member",
            "username": "palloc"
          },
          "sensitive_attributes": []
        }
      ]
    },
    {
      "mode": "managed",
      "type": "github_membership",
      "name": "potyama",
      "provider": "provider[\"registry.terraform.io/integrations/github\"]",
      "instances": [
        {
          "schema_version": 0,
          "attributes": {
            "etag": "W/\"9488eaab96dc27a806e31316452c6c542e7e5fa7fb0ab69a043a64eb8708c787\"",
            "id": "ictsc:potyama",
            "role": "member",
            "username": "potyama"
          },
          "sensitive_attributes": []
        }
      ]
    },
    {
      "mode": "managed",
      "type": "github_membership",
      "name": "proelbtn",
      "provider": "provider[\"registry.terraform.io/integrations/github\"]",
      "instances": [
        {
          "schema_version": 0,
          "attributes": {
            "etag": "W/\"c2013e3e52f8995cc1b158c154c27d1739bebe9996ca36707066a70e8f02bc29\"",
            "id": "ictsc:proelbtn",
            "role": "admin",
            "username": "proelbtn"
          },
          "sensitive_attributes": []
        }
      ]
    },
    {
      "mode": "managed",
      "type": "github_membership",
      "name": "recuraki",
      "provider": "provider[\"registry.terraform.io/integrations/github\"]",
      "instances": [
        {
          "schema_version": 0,
          "attributes": {
            "etag": "W/\"d11aafd09c655fed5f6fc92c2e19851e0c1fb2d0cbe77b98ace280f8ddcdc525\"",
            "id": "ictsc:recuraki",
            "role": "member",
            "username": "recuraki"
          },
          "sensitive_attributes": []
        }
      ]
    },
    {
      "mode": "managed",
      "type": "github_membership",
      "name": "rlia",
      "provider": "provider[\"registry.terraform.io/integrations/github\"]",
      "instances": [
        {
          "schema_version": 0,
          "attributes": {
            "etag": "W/\"eecd6f5026775ccb5c7b240581a7a38196f9160aaebae8886937fa24851c8c8a\"",
            "id": "ictsc:rlia",
            "role": "member",
            "username": "rlia"
          },
          "sensitive_attributes": []
        }
      ]
    },
    {
      "mode": "managed",
      "type": "github_membership",
      "name": "sharknasuhorse",
      "provider": "provider[\"registry.terraform.io/integrations/github\"]",
      "instances": [
        {
          "schema_version": 0,
          "attributes": {
            "etag": "W/\"4d9e8b38528dbec182caabf2a2ca5c12cf980cf2b9d30f0887c9e435e6761963\"",
            "id": "ictsc:sharknasuhorse",
            "role": "admin",
            "username": "sharknasuhorse"
          },
          "sensitive_attributes": []
        }
      ]
    },
    {
      "mode": "managed",
      "type": "github_membership",
      "name": "shinonome01",
      "provider": "provider[\"registry.terraform.io/integrations/github\"]",
      "instances": [
        {
          "schema_version": 0,
          "attributes": {
            "etag": "W/\"3b07a5f3e40629174cd27e5237bd6423bfeb2aea092d2146fb2da42dc66db14d\"",
            "id": "ictsc:shinonome01",
            "role": "member",
            "username": "shinonome01"
          },
          "sensitive_attributes": []
        }
      ]
    },
    {
      "mode": "managed",
      "type": "github_membership",
      "name": "site0801",
      "provider": "provider[\"registry.terraform.io/integrations/github\"]",
      "instances": [
        {
          "schema_version": 0,
          "attributes": {
            "etag": "W/\"bba41aea466479c4ff546ce8f2d800e296fb7bc22609cb5bf07bbe248b5855bf\"",
            "id": "ictsc:site0801",
            "role": "member",
            "username": "site0801"
          },
          "sensitive_attributes": []
        }
      ]
    },
    {
      "mode": "managed",
      "type": "github_membership",
      "name": "sora34",
      "provider": "provider[\"registry.terraform.io/integrations/github\"]",
      "instances": [
        {
          "schema_version": 0,
          "attributes": {
            "etag": "W/\"683853fbd170409ce1875f8c2315d51b986b407c69655ebee3d3bfd42092374b\"",
            "id": "ictsc:sora34",
            "role": "member",
            "username": "sora34"
          },
          "sensitive_attributes": []
        }
      ]
    },
    {
      "mode": "managed",
      "type": "github_membership",
      "name": "staybuzz",
      "provider": "provider[\"registry.terraform.io/integrations/github\"]",
      "instances": [
        {
          "schema_version": 0,
          "attributes": {
            "etag": "W/\"6eafc60c811a780a3ed90aeaa3a203f773efb4d6ca248c17d8a5689b428f106e\"",
            "id": "ictsc:staybuzz",
            "role": "member",
            "username": "staybuzz"
          },
          "sensitive_attributes": []
        }
      ]
    },
    {
      "mode": "managed",
      "type": "github_membership",
      "name": "sugiki-accelia",
      "provider": "provider[\"registry.terraform.io/integrations/github\"]",
      "instances": [
        {
          "schema_version": 0,
          "attributes": {
            "etag": "W/\"29458831bd2432f74ad8af57e8278cf3e24f2007aca180e7d207182e8a76c044\"",
            "id": "ictsc:sugiki-accelia",
            "role": "member",
            "username": "sugiki-accelia"
          },
          "sensitive_attributes": []
        }
      ]
    },
    {
      "mode": "managed",
      "type": "github_membership",
      "name": "sukekawa-accelia",
      "provider": "provider[\"registry.terraform.io/integrations/github\"]",
      "instances": [
        {
          "schema_version": 0,
          "attributes": {
            "etag": "W/\"0c72ae42acd7974b641250374732c7febb728e873f9f23a674bb792643747e33\"",
            "id": "ictsc:sukekawa-accelia",
            "role": "member",
            "username": "sukekawa-accelia"
          },
          "sensitive_attributes": []
        }
      ]
    },
    {
      "mode": "managed",
      "type": "github_membership",
      "name": "syuli",
      "provider": "provider[\"registry.terraform.io/integrations/github\"]",
      "instances": [
        {
          "schema_version": 0,
          "attributes": {
            "etag": "W/\"9397f4960d2a9c488e356f55fb32fa9cf5bdda2d69f35e47ad2d4e6b4445bd4a\"",
            "id": "ictsc:syuli",
            "role": "member",
            "username": "syuli"
          },
          "sensitive_attributes": []
        }
      ]
    },
    {
      "mode": "managed",
      "type": "github_membership",
      "name": "syuuya-nakatomi",
      "provider": "provider[\"registry.terraform.io/integrations/github\"]",
      "instances": [
        {
          "schema_version": 0,
          "attributes": {
            "etag": "W/\"90e213153359a61cbc9e6790dcfb9785ac36bbe5f3c2f377eeb391b089b59aa7\"",
            "id": "ictsc:syuuya-nakatomi",
            "role": "member",
            "username": "syuuya-nakatomi"
          },
          "sensitive_attributes": [],
          "private": "bnVsbA=="
        }
      ]
    },
    {
      "mode": "managed",
      "type": "github_membership",
      "name": "takehaya",
      "provider": "provider[\"registry.terraform.io/integrations/github\"]",
      "instances": [
        {
          "schema_version": 0,
          "attributes": {
            "etag": "W/\"615b100850180d6061008cd3b5e09926bba963a468d365aff43193809d4c993e\"",
            "id": "ictsc:takehaya",
            "role": "admin",
            "username": "takehaya"
          },
          "sensitive_attributes": []
        }
      ]
    },
    {
      "mode": "managed",
      "type": "github_membership",
      "name": "takes3",
      "provider": "provider[\"registry.terraform.io/integrations/github\"]",
      "instances": [
        {
          "schema_version": 0,
          "attributes": {
            "etag": "W/\"c8cb84daf47ab0d53c00e956e646ccf457a5ffc4be7cd5cbbbb07607e79ee153\"",
            "id": "ictsc:takes3",
            "role": "member",
            "username": "takes3"
          },
          "sensitive_attributes": []
        }
      ]
    },
    {
      "mode": "managed",
      "type": "github_membership",
      "name": "tanishi001",
      "provider": "provider[\"registry.terraform.io/integrations/github\"]",
      "instances": [
        {
          "schema_version": 0,
          "attributes": {
            "etag": "W/\"63904dacd58b0a876b8fce94b0f04bd0c1f1784b018c1da934c7b9cc46e5e936\"",
            "id": "ictsc:tanishi001",
            "role": "member",
            "username": "tanishi001"
          },
          "sensitive_attributes": []
        }
      ]
    },
    {
      "mode": "managed",
      "type": "github_membership",
      "name": "tar-xzvff",
      "provider": "provider[\"registry.terraform.io/integrations/github\"]",
      "instances": [
        {
          "schema_version": 0,
          "attributes": {
            "etag": "W/\"efd0e9157637adca8e1df8f772216e05bca57bd9a53504642c1fb7b6fdea4d8a\"",
            "id": "ictsc:tar-xzvff",
            "role": "admin",
            "username": "tar-xzvff"
          },
          "sensitive_attributes": []
        }
      ]
    },
    {
      "mode": "managed",
      "type": "github_membership",
      "name": "tom--bo",
      "provider": "provider[\"registry.terraform.io/integrations/github\"]",
      "instances": [
        {
          "schema_version": 0,
          "attributes": {
            "etag": "W/\"1d167e8ad4119789995ef4e547827fbf50ee2ecafbce9e53cad944c341b89c70\"",
            "id": "ictsc:tom--bo",
            "role": "member",
            "username": "tom--bo"
          },
          "sensitive_attributes": []
        }
      ]
    },
    {
      "mode": "managed",
      "type": "github_membership",
      "name": "tomatoaas",
      "provider": "provider[\"registry.terraform.io/integrations/github\"]",
      "instances": [
        {
          "schema_version": 0,
          "attributes": {
            "etag": "W/\"de0e10229702277f5b6871914d82dbc07aa03b9429c6ba764d55d13e581e9bf0\"",
            "id": "ictsc:tomatoaas",
            "role": "member",
            "username": "tomatoaas"
          },
          "sensitive_attributes": []
        }
      ]
    },
    {
      "mode": "managed",
      "type": "github_membership",
      "name": "tsuttsu305",
      "provider": "provider[\"registry.terraform.io/integrations/github\"]",
      "instances": [
        {
          "schema_version": 0,
          "attributes": {
            "etag": "W/\"39dba8b11406426f43dbef86f8c80fb553ebb53eb295419e69aeac663bb07f87\"",
            "id": "ictsc:tsuttsu305",
            "role": "member",
            "username": "tsuttsu305"
          },
          "sensitive_attributes": []
        }
      ]
    },
    {
      "mode": "managed",
      "type": "github_membership",
      "name": "uplus",
      "provider": "provider[\"registry.terraform.io/integrations/github\"]",
      "instances": [
        {
          "schema_version": 0,
          "attributes": {
            "etag": "W/\"a2b1233baeeef8f3f21a3143354f41dbf3db2b7aacd556d30a2242a8c7ccb966\"",
            "id": "ictsc:uplus",
            "role": "admin",
            "username": "uplus"
          },
          "sensitive_attributes": []
        }
      ]
    },
    {
      "mode": "managed",
      "type": "github_membership",
      "name": "whywaita",
      "provider": "provider[\"registry.terraform.io/integrations/github\"]",
      "instances": [
        {
          "schema_version": 0,
          "attributes": {
            "etag": "W/\"c881fe69d5b8b2d7f87b0b33d8caa006b7ba32e20c8befe16408023b6567593b\"",
            "id": "ictsc:whywaita",
            "role": "admin",
            "username": "whywaita"
          },
          "sensitive_attributes": []
        }
      ]
    },
    {
      "mode": "managed",
      "type": "github_membership",
      "name": "x86taka",
      "provider": "provider[\"registry.terraform.io/integrations/github\"]",
      "instances": [
        {
          "schema_version": 0,
          "attributes": {
            "etag": "W/\"c382af5a221ea0296e1f44c7708d7ef18b2a94f893b06a1baec1b315f829719c\"",
            "id": "ictsc:x86taka",
            "role": "admin",
            "username": "x86taka"
          },
          "sensitive_attributes": []
        }
      ]
    },
    {
      "mode": "managed",
      "type": "github_membership",
      "name": "y-monma",
      "provider": "provider[\"registry.terraform.io/integrations/github\"]",
      "instances": [
        {
          "schema_version": 0,
          "attributes": {
            "etag": "W/\"8bc0727db1b17a8cc2d9e18f07f9647789bdbdc5bd9bb5025deb888130e4172a\"",
            "id": "ictsc:y-monma",
            "role": "member",
            "username": "y-monma"
          },
          "sensitive_attributes": []
        }
      ]
    },
    {
      "mode": "managed",
      "type": "github_membership",
      "name": "yaminoma",
      "provider": "provider[\"registry.terraform.io/integrations/github\"]",
      "instances": [
        {
          "schema_version": 0,
          "attributes": {
            "etag": "W/\"238d3fb5e67fa4cae4308457de8879beb972f673f9f6d71ebc4f31ea8969036c\"",
            "id": "ictsc:yaminoma",
            "role": "member",
            "username": "yaminoma"
          },
          "sensitive_attributes": []
        }
      ]
    },
    {
      "mode": "managed",
      "type": "github_membership",
      "name": "yatuhashi",
      "provider": "provider[\"registry.terraform.io/integrations/github\"]",
      "instances": [
        {
          "schema_version": 0,
          "attributes": {
            "etag": "W/\"c7fad629ff7f2658b8b637425bcc73b667f7d2aaa0a6f1740f3b470ee9296c2e\"",
            "id": "ictsc:yatuhashi",
            "role": "member",
            "username": "yatuhashi"
          },
          "sensitive_attributes": []
        }
      ]
    },
    {
      "mode": "managed",
      "type": "github_membership",
      "name": "yo-kanyukari",
      "provider": "provider[\"registry.terraform.io/integrations/github\"]",
      "instances": [
        {
          "schema_version": 0,
          "attributes": {
            "etag": "W/\"1cac1351a271c4e66c544265699263001d3275109cdbd6ea4e348b928bbd609e\"",
            "id": "ictsc:siberiy4",
            "role": "member",
            "username": "siberiy4"
          },
          "sensitive_attributes": [],
          "private": "bnVsbA=="
        }
      ]
    },
    {
      "mode": "managed",
      "type": "github_membership",
      "name": "yo-taro",
      "provider": "provider[\"registry.terraform.io/integrations/github\"]",
      "instances": [
        {
          "schema_version": 0,
          "attributes": {
            "etag": "W/\"e3e5c79b6d5847e4b262af06c2fcc82b901e8cc6616ad7bbdb611bf6bbb0875a\"",
            "id": "ictsc:yo-taro",
            "role": "member",
            "username": "yo-taro"
          },
          "sensitive_attributes": []
        }
      ]
    },
    {
      "mode": "managed",
      "type": "github_membership",
      "name": "yoneyan",
      "provider": "provider[\"registry.terraform.io/integrations/github\"]",
      "instances": [
        {
          "schema_version": 0,
          "attributes": {
            "etag": "W/\"1664182d1ff50198fc4ad3b790fe1afd11deb5aac0f2d87eba2538a37202adc3\"",
            "id": "ictsc:yoneyan",
            "role": "member",
            "username": "yoneyan"
          },
          "sensitive_attributes": []
        }
      ]
    },
    {
      "mode": "managed",
      "type": "github_membership",
      "name": "yu-tanaka00",
      "provider": "provider[\"registry.terraform.io/integrations/github\"]",
      "instances": [
        {
          "schema_version": 0,
          "attributes": {
            "etag": "W/\"47cce404536f4cdd8db9a620600e5f49984602187e5e86cdd2b0c4b36f4f766d\"",
            "id": "ictsc:yu-tanaka00",
            "role": "member",
            "username": "yu-tanaka00"
          },
          "sensitive_attributes": []
        }
      ]
    },
    {
      "mode": "managed",
      "type": "github_membership",
      "name": "yukamoja",
      "provider": "provider[\"registry.terraform.io/integrations/github\"]",
      "instances": [
        {
          "schema_version": 0,
          "attributes": {
            "etag": "W/\"10eba8561ab22952a6d83aac2456d6262248f6c63cf1cc7828041539a65c9c57\"",
            "id": "ictsc:yukamoja",
            "role": "admin",
            "username": "yukamoja"
          },
          "sensitive_attributes": []
        }
      ]
    },
    {
      "mode": "managed",
      "type": "github_membership",
      "name": "yuukinetwork",
      "provider": "provider[\"registry.terraform.io/integrations/github\"]",
      "instances": [
        {
          "schema_version": 0,
          "attributes": {
            "etag": "W/\"ccf90ca93ed745fbaa321090afa49bc3521eaf2b2574cdcd77681f043edbdab6\"",
            "id": "ictsc:yuukinetwork",
            "role": "member",
            "username": "yuukinetwork"
          },
          "sensitive_attributes": []
        }
      ]
    },
    {
      "mode": "managed",
      "type": "github_membership",
      "name": "zeroalphat",
      "provider": "provider[\"registry.terraform.io/integrations/github\"]",
      "instances": [
        {
          "schema_version": 0,
          "attributes": {
            "etag": "W/\"d0bacae1667484d69107784f5699ba7c2de4a4f790fb17b3c4d813f44cdffe4a\"",
            "id": "ictsc:zeroalphat",
            "role": "member",
            "username": "zeroalphat"
          },
          "sensitive_attributes": []
        }
      ]
    },
    {
      "mode": "managed",
      "type": "github_team",
      "name": "admin",
      "provider": "provider[\"registry.terraform.io/integrations/github\"]",
      "instances": [
        {
          "schema_version": 0,
          "attributes": {
            "create_default_maintainer": false,
            "description": "ictsc organization admins",
            "etag": "W/\"296a3cfdc6adf47d32dfa9d4201344aa30b575631afe14286f42bd36811494e3\"",
            "id": "2008807",
            "ldap_dn": "",
            "members_count": 11,
            "name": "Admins",
            "node_id": "MDQ6VGVhbTIwMDg4MDc=",
            "parent_team_id": null,
            "privacy": "closed",
            "slug": "admins"
          },
          "sensitive_attributes": []
        }
      ]
    },
    {
      "mode": "managed",
      "type": "github_team",
      "name": "ictsc2018",
      "provider": "provider[\"registry.terraform.io/integrations/github\"]",
      "instances": [
        {
          "schema_version": 0,
          "attributes": {
            "create_default_maintainer": false,
            "description": "member of ictsc2018",
            "etag": "W/\"4762611f0a0ac289c6c3574733d0ee293a091ee130de827a7851c149a043b9d4\"",
            "id": "2818425",
            "ldap_dn": "",
            "members_count": 21,
            "name": "ictsc2018",
            "node_id": "MDQ6VGVhbTI4MTg0MjU=",
            "parent_team_id": null,
            "privacy": "closed",
            "slug": "ictsc2018"
          },
          "sensitive_attributes": []
        }
      ]
    },
    {
      "mode": "managed",
      "type": "github_team",
      "name": "ictsc2019",
      "provider": "provider[\"registry.terraform.io/integrations/github\"]",
      "instances": [
        {
          "schema_version": 0,
          "attributes": {
            "create_default_maintainer": false,
            "description": "member of ictsc2019",
            "etag": "W/\"0e73c1e6f6a56e5798328a5e4f477795b9fd8da293e2fe63fb24bb19470c2e44\"",
            "id": "3300293",
            "ldap_dn": "",
            "members_count": 36,
            "name": "ictsc2019",
            "node_id": "MDQ6VGVhbTMzMDAyOTM=",
            "parent_team_id": null,
            "privacy": "closed",
            "slug": "ictsc2019"
          },
          "sensitive_attributes": []
        }
      ]
    },
    {
      "mode": "managed",
      "type": "github_team",
      "name": "ictsc2020",
      "provider": "provider[\"registry.terraform.io/integrations/github\"]",
      "instances": [
        {
          "schema_version": 0,
          "attributes": {
            "create_default_maintainer": false,
            "description": "member of ictsc2020",
            "etag": "W/\"1286772bf3161909751cd4a8d041eee71724793ad6fa7dfc2859e754ed0a0d3a\"",
            "id": "3894829",
            "ldap_dn": "",
            "members_count": 25,
            "name": "ictsc2020",
            "node_id": "MDQ6VGVhbTM4OTQ4Mjk=",
            "parent_team_id": null,
            "privacy": "closed",
            "slug": "ictsc2020"
          },
          "sensitive_attributes": []
        }
      ]
    },
    {
      "mode": "managed",
      "type": "github_team",
      "name": "ictsc2021",
      "provider": "provider[\"registry.terraform.io/integrations/github\"]",
      "instances": [
        {
          "schema_version": 0,
          "attributes": {
            "create_default_maintainer": false,
            "description": "member of ictsc2021",
            "etag": "W/\"956117ba1f3d822959ae90d18f0211aead067e897fb8821aef9fb1d4017b0325\"",
            "id": "4811781",
            "ldap_dn": "",
            "members_count": 15,
            "name": "ictsc2021",
            "node_id": "MDQ6VGVhbTQ4MTE3ODE=",
            "parent_team_id": null,
            "privacy": "closed",
            "slug": "ictsc2021"
          },
          "sensitive_attributes": []
        }
      ]
    },
    {
      "mode": "managed",
      "type": "github_team",
      "name": "ictsc2022",
      "provider": "provider[\"registry.terraform.io/integrations/github\"]",
      "instances": [
        {
          "schema_version": 0,
          "attributes": {
            "create_default_maintainer": false,
            "description": "member of ictsc2022",
            "etag": "W/\"dd9b77d769f195321f0fc3c29dcbd3ce4ca3b048eb2f2e34b11142ec76d46e21\"",
            "id": "7097691",
            "ldap_dn": "",
            "members_count": 0,
            "name": "ictsc2022",
            "node_id": "T_kwDOAKhxTs4AbE1b",
            "parent_team_id": null,
            "privacy": "closed",
            "slug": "ictsc2022"
          },
          "sensitive_attributes": [],
          "private": "bnVsbA=="
        }
      ]
    },
    {
      "mode": "managed",
      "type": "github_team",
      "name": "ictsc4",
      "provider": "provider[\"registry.terraform.io/integrations/github\"]",
      "instances": [
        {
          "schema_version": 0,
          "attributes": {
            "create_default_maintainer": false,
            "description": "member of ictsc4",
            "etag": "W/\"30f16ee23fb1d1b931aab07b74294f78fa54238d6784f17dda68eb01ef172a37\"",
            "id": "2004351",
            "ldap_dn": "",
            "members_count": 11,
            "name": "ictsc4",
            "node_id": "MDQ6VGVhbTIwMDQzNTE=",
            "parent_team_id": null,
            "privacy": "closed",
            "slug": "ictsc4"
          },
          "sensitive_attributes": []
        }
      ]
    },
    {
      "mode": "managed",
      "type": "github_team",
      "name": "ictsc5",
      "provider": "provider[\"registry.terraform.io/integrations/github\"]",
      "instances": [
        {
          "schema_version": 0,
          "attributes": {
            "create_default_maintainer": false,
            "description": "member of ictsc5",
            "etag": "W/\"8873f1ebbe47b1cfdf9c3572a93a7c0420d62ade103616dff6e6fbfd9a22b773\"",
            "id": "2004352",
            "ldap_dn": "",
            "members_count": 28,
            "name": "ictsc5",
            "node_id": "MDQ6VGVhbTIwMDQzNTI=",
            "parent_team_id": null,
            "privacy": "closed",
            "slug": "ictsc5"
          },
          "sensitive_attributes": []
        }
      ]
    },
    {
      "mode": "managed",
      "type": "github_team",
      "name": "ictsc6",
      "provider": "provider[\"registry.terraform.io/integrations/github\"]",
      "instances": [
        {
          "schema_version": 0,
          "attributes": {
            "create_default_maintainer": false,
            "description": "member of ictsc6",
            "etag": "W/\"2a4f59dfba6f211377073170a740de4b0891c423f6768e83cddee74396d2368b\"",
            "id": "2004355",
            "ldap_dn": "",
            "members_count": 23,
            "name": "ictsc6",
            "node_id": "MDQ6VGVhbTIwMDQzNTU=",
            "parent_team_id": null,
            "privacy": "closed",
            "slug": "ictsc6"
          },
          "sensitive_attributes": []
        }
      ]
    },
    {
      "mode": "managed",
      "type": "github_team",
      "name": "ictsc7",
      "provider": "provider[\"registry.terraform.io/integrations/github\"]",
      "instances": [
        {
          "schema_version": 0,
          "attributes": {
            "create_default_maintainer": false,
            "description": "member of ictsc7",
            "etag": "W/\"ca440f776b47185dbb80834fda1c3bccf980893b4da21e1dc23d3fb93d1aba48\"",
            "id": "2178374",
            "ldap_dn": "",
            "members_count": 17,
            "name": "ictsc7",
            "node_id": "MDQ6VGVhbTIxNzgzNzQ=",
            "parent_team_id": null,
            "privacy": "closed",
            "slug": "ictsc7"
          },
          "sensitive_attributes": []
        }
      ]
    },
    {
      "mode": "managed",
      "type": "github_team",
      "name": "ictsc8",
      "provider": "provider[\"registry.terraform.io/integrations/github\"]",
      "instances": [
        {
          "schema_version": 0,
          "attributes": {
            "create_default_maintainer": false,
            "description": "member of ictsc8",
            "etag": "W/\"543ce13ef56fee58bac94cb68aa3a958668afb6208ab9dcbbadd81362299dcbf\"",
            "id": "2341229",
            "ldap_dn": "",
            "members_count": 20,
            "name": "ictsc8",
            "node_id": "MDQ6VGVhbTIzNDEyMjk=",
            "parent_team_id": null,
            "privacy": "closed",
            "slug": "ictsc8"
          },
          "sensitive_attributes": []
        }
      ]
    },
    {
      "mode": "managed",
      "type": "github_team",
      "name": "ictsc9",
      "provider": "provider[\"registry.terraform.io/integrations/github\"]",
      "instances": [
        {
          "schema_version": 0,
          "attributes": {
            "create_default_maintainer": false,
            "description": "member of ictsc9",
            "etag": "W/\"f07e2a05a434d0336ad164fba82b91ef64135ff4ab8d8a43b3021ed733d01858\"",
            "id": "2818424",
            "ldap_dn": "",
            "members_count": 19,
            "name": "ictsc9",
            "node_id": "MDQ6VGVhbTI4MTg0MjQ=",
            "parent_team_id": null,
            "privacy": "closed",
            "slug": "ictsc9"
          },
          "sensitive_attributes": []
        }
      ]
    },
    {
      "mode": "managed",
      "type": "github_team",
      "name": "score-dev",
      "provider": "provider[\"registry.terraform.io/integrations/github\"]",
      "instances": [
        {
          "schema_version": 0,
          "attributes": {
            "create_default_maintainer": false,
            "description": "score server development team",
            "etag": "W/\"b0606d3904e4732e7ace2da5a27dfd59b808535ff6d85b506904fb78cd236a43\"",
            "id": "2004353",
            "ldap_dn": "",
            "members_count": 1,
            "name": "score-dev",
            "node_id": "MDQ6VGVhbTIwMDQzNTM=",
            "parent_team_id": null,
            "privacy": "closed",
            "slug": "score-dev"
          },
          "sensitive_attributes": []
        }
      ]
    },
    {
      "mode": "managed",
      "type": "github_team_membership",
      "name": "admin-h-otter",
      "provider": "provider[\"registry.terraform.io/integrations/github\"]",
      "instances": [
        {
          "schema_version": 0,
          "attributes": {
            "etag": "W/\"fa18ac0d6320be547f92afc33e16da1f426188d7fbc15aea50515c9dcf379401\"",
            "id": "2008807:h-otter",
            "role": "member",
            "team_id": "2008807",
            "username": "h-otter"
          },
          "sensitive_attributes": [],
          "private": "bnVsbA==",
          "dependencies": [
            "github_membership.h-otter",
            "github_team.admin"
          ]
        }
      ]
    },
    {
      "mode": "managed",
      "type": "github_team_membership",
      "name": "admin-onokatio",
      "provider": "provider[\"registry.terraform.io/integrations/github\"]",
      "instances": [
        {
          "schema_version": 0,
          "attributes": {
            "etag": "W/\"7c32f539eed8b3f8742bb70c4b8b44a9221abdb06ec2ed2f0e0c4824cb7026c0\"",
            "id": "2008807:onokatio",
            "role": "maintainer",
            "team_id": "2008807",
            "username": "onokatio"
          },
          "sensitive_attributes": [],
          "private": "bnVsbA==",
          "dependencies": [
            "github_membership.onokatio",
            "github_team.admin"
          ]
        }
      ]
    },
    {
      "mode": "managed",
      "type": "github_team_membership",
      "name": "admin-proelbtn",
      "provider": "provider[\"registry.terraform.io/integrations/github\"]",
      "instances": [
        {
          "schema_version": 0,
          "attributes": {
            "etag": "W/\"04221743be78d5f85e28324abb5d0485593dc272833e933978339915fc401b3c\"",
            "id": "2008807:proelbtn",
            "role": "member",
            "team_id": "2008807",
            "username": "proelbtn"
          },
          "sensitive_attributes": [],
          "private": "bnVsbA==",
          "dependencies": [
            "github_membership.proelbtn",
            "github_team.admin"
          ]
        }
      ]
    },
    {
      "mode": "managed",
      "type": "github_team_membership",
      "name": "admin-sharknasuhorse",
      "provider": "provider[\"registry.terraform.io/integrations/github\"]",
      "instances": [
        {
          "schema_version": 0,
          "attributes": {
            "etag": "W/\"ad27dc8dc95d25324c47d4fef846ba8d01bb86d7d9953f2e27d90bf0ec98032a\"",
            "id": "2008807:sharknasuhorse",
            "role": "member",
            "team_id": "2008807",
            "username": "sharknasuhorse"
          },
          "sensitive_attributes": [],
          "private": "bnVsbA==",
          "dependencies": [
            "github_membership.sharknasuhorse",
            "github_team.admin"
          ]
        }
      ]
    },
    {
      "mode": "managed",
      "type": "github_team_membership",
      "name": "admin-takemhaya",
      "provider": "provider[\"registry.terraform.io/integrations/github\"]",
      "instances": [
        {
          "schema_version": 0,
          "attributes": {
            "etag": "W/\"47390995afeede553244602c30d5c2b5082a6d9cdc6ff8d27ee6a2ebd9e5c51c\"",
            "id": "2008807:takehaya",
            "role": "member",
            "team_id": "2008807",
            "username": "takehaya"
          },
          "sensitive_attributes": [],
          "private": "bnVsbA==",
          "dependencies": [
            "github_membership.takehaya",
            "github_team.admin"
          ]
        }
      ]
    },
    {
      "mode": "managed",
      "type": "github_team_membership",
      "name": "admin-tar-xzvff",
      "provider": "provider[\"registry.terraform.io/integrations/github\"]",
      "instances": [
        {
          "schema_version": 0,
          "attributes": {
            "etag": "W/\"2084385fceb7dc7047388d9a7b340c6def38dbc4fff1a3b8d19f13636373ebf1\"",
            "id": "2008807:tar-xzvff",
            "role": "member",
            "team_id": "2008807",
            "username": "tar-xzvff"
          },
          "sensitive_attributes": [],
          "private": "bnVsbA==",
          "dependencies": [
            "github_membership.tar-xzvff",
            "github_team.admin"
          ]
        }
      ]
    },
    {
      "mode": "managed",
      "type": "github_team_membership",
      "name": "admin-uplus",
      "provider": "provider[\"registry.terraform.io/integrations/github\"]",
      "instances": [
        {
          "schema_version": 0,
          "attributes": {
            "etag": "W/\"d628043e8e9fa6a09c013fe0c32619ad9565a71f3ac2a4c4a0b00d5529462514\"",
            "id": "2008807:uplus",
            "role": "member",
            "team_id": "2008807",
            "username": "uplus"
          },
          "sensitive_attributes": [],
          "private": "bnVsbA==",
          "dependencies": [
            "github_membership.uplus",
            "github_team.admin"
          ]
        }
      ]
    },
    {
      "mode": "managed",
      "type": "github_team_membership",
      "name": "admin-whywaita",
      "provider": "provider[\"registry.terraform.io/integrations/github\"]",
      "instances": [
        {
          "schema_version": 0,
          "attributes": {
            "etag": "W/\"886387032f357776c7ad0bd9a7d8c03a2dd704256dc54b420632ddcbfed05233\"",
            "id": "2008807:whywaita",
            "role": "member",
            "team_id": "2008807",
            "username": "whywaita"
          },
          "sensitive_attributes": [],
          "private": "bnVsbA==",
          "dependencies": [
            "github_membership.whywaita",
            "github_team.admin"
          ]
        }
      ]
    },
    {
      "mode": "managed",
      "type": "github_team_membership",
      "name": "admin-x86taka",
      "provider": "provider[\"registry.terraform.io/integrations/github\"]",
      "instances": [
        {
          "schema_version": 0,
          "attributes": {
            "etag": "W/\"306b36456488ab5f96a57b958e2c937b259ab5cccd566569d3fdb7c73db58b91\"",
            "id": "2008807:x86taka",
            "role": "member",
            "team_id": "2008807",
            "username": "x86taka"
          },
          "sensitive_attributes": [],
          "private": "bnVsbA==",
          "dependencies": [
            "github_membership.x86taka",
            "github_team.admin"
          ]
        }
      ]
    },
    {
      "mode": "managed",
      "type": "github_team_membership",
      "name": "admin-yukamoja",
      "provider": "provider[\"registry.terraform.io/integrations/github\"]",
      "instances": [
        {
          "schema_version": 0,
          "attributes": {
            "etag": "W/\"1572341e5fc000a58fe096f8deeba291dcf745abdcb2a0b37da4a39ec51f4126\"",
            "id": "2008807:yukamoja",
            "role": "member",
            "team_id": "2008807",
            "username": "yukamoja"
          },
          "sensitive_attributes": [],
          "private": "bnVsbA==",
          "dependencies": [
            "github_membership.yukamoja",
            "github_team.admin"
          ]
        }
      ]
    },
    {
      "mode": "managed",
      "type": "github_team_membership",
      "name": "ictsc2018-Kurorororo",
      "provider": "provider[\"registry.terraform.io/integrations/github\"]",
      "instances": [
        {
          "schema_version": 0,
          "attributes": {
            "etag": "W/\"b3439213cb4bbf99cac9ac67ef83128b945dfa5de9071294a37f8fe1b7c18a7d\"",
            "id": "2818425:Kurorororo",
            "role": "member",
            "team_id": "2818425",
            "username": "Kurorororo"
          },
          "sensitive_attributes": [],
          "dependencies": [
            "github_membership.Kurorororo",
            "github_team.ictsc2018"
          ]
        }
      ]
    },
    {
      "mode": "managed",
      "type": "github_team_membership",
      "name": "ictsc2018-NozomiSugiyama",
      "provider": "provider[\"registry.terraform.io/integrations/github\"]",
      "instances": [
        {
          "schema_version": 0,
          "attributes": {
            "etag": "W/\"0af478ef0eb4f05536dc17e90b14d38834dc5f1a34b0a0ec24ba9250cdda28f0\"",
            "id": "2818425:NozomiSugiyama",
            "role": "member",
            "team_id": "2818425",
            "username": "NozomiSugiyama"
          },
          "sensitive_attributes": [],
          "dependencies": [
            "github_membership.NozomiSugiyama",
            "github_team.ictsc2018"
          ]
        }
      ]
    },
    {
      "mode": "managed",
      "type": "github_team_membership",
      "name": "ictsc2018-ShotaKitazawa",
      "provider": "provider[\"registry.terraform.io/integrations/github\"]",
      "instances": [
        {
          "schema_version": 0,
          "attributes": {
            "etag": "W/\"7474c21a5ac5815edbbe1be682b44e562805402fdd59d44adfc6e9e5f223e72e\"",
            "id": "2818425:ShotaKitazawa",
            "role": "member",
            "team_id": "2818425",
            "username": "ShotaKitazawa"
          },
          "sensitive_attributes": [],
          "dependencies": [
            "github_membership.ShotaKitazawa",
            "github_team.ictsc2018"
          ]
        }
      ]
    },
    {
      "mode": "managed",
      "type": "github_team_membership",
      "name": "ictsc2018-acque2two",
      "provider": "provider[\"registry.terraform.io/integrations/github\"]",
      "instances": [
        {
          "schema_version": 0,
          "attributes": {
            "etag": "W/\"ddbba07a3fb020582c6bc3f51022cc98edbac36518bc534c207c247b7af2e38b\"",
            "id": "2818425:acque2two",
            "role": "member",
            "team_id": "2818425",
            "username": "acque2two"
          },
          "sensitive_attributes": [],
          "dependencies": [
            "github_membership.acque2two",
            "github_team.ictsc2018"
          ]
        }
      ]
    },
    {
      "mode": "managed",
      "type": "github_team_membership",
      "name": "ictsc2018-bosan120",
      "provider": "provider[\"registry.terraform.io/integrations/github\"]",
      "instances": [
        {
          "schema_version": 0,
          "attributes": {
            "etag": "W/\"7c63ae63b5aab7b0cb8accd60dbebcab0ab97e7e06525efe6aaed88429ced28f\"",
            "id": "2818425:bosan120",
            "role": "member",
            "team_id": "2818425",
            "username": "bosan120"
          },
          "sensitive_attributes": [],
          "dependencies": [
            "github_membership.bosan120",
            "github_team.ictsc2018"
          ]
        }
      ]
    },
    {
      "mode": "managed",
      "type": "github_team_membership",
      "name": "ictsc2018-gurapomu",
      "provider": "provider[\"registry.terraform.io/integrations/github\"]",
      "instances": [
        {
          "schema_version": 0,
          "attributes": {
            "etag": "W/\"5ba87b7f8e54900ae25dd4e4f8c78673f4500b6d01c142d0a8fe6032e90b7fdb\"",
            "id": "2818425:gurapomu",
            "role": "member",
            "team_id": "2818425",
            "username": "gurapomu"
          },
          "sensitive_attributes": [],
          "dependencies": [
            "github_membership.gurapomu",
            "github_team.ictsc2018"
          ]
        }
      ]
    },
    {
      "mode": "managed",
      "type": "github_team_membership",
      "name": "ictsc2018-h-otter",
      "provider": "provider[\"registry.terraform.io/integrations/github\"]",
      "instances": [
        {
          "schema_version": 0,
          "attributes": {
            "etag": "W/\"a525ff49c953dac8c9780389c4600b62c8808d0496a21d4d1d913df600cc3169\"",
            "id": "2818425:h-otter",
            "role": "member",
            "team_id": "2818425",
            "username": "h-otter"
          },
          "sensitive_attributes": [],
          "private": "bnVsbA==",
          "dependencies": [
            "github_membership.h-otter",
            "github_team.ictsc2018"
          ]
        }
      ]
    },
    {
      "mode": "managed",
      "type": "github_team_membership",
      "name": "ictsc2018-ha-kun0711",
      "provider": "provider[\"registry.terraform.io/integrations/github\"]",
      "instances": [
        {
          "schema_version": 0,
          "attributes": {
            "etag": "W/\"ee2ff2b6e8d3e438387fc88858e94dddd2c60df0751270767f128497c9c59f5b\"",
            "id": "2818425:ha-kun0711",
            "role": "member",
            "team_id": "2818425",
            "username": "ha-kun0711"
          },
          "sensitive_attributes": [],
          "dependencies": [
            "github_membership.ha-kun0711",
            "github_team.ictsc2018"
          ]
        }
      ]
    },
    {
      "mode": "managed",
      "type": "github_team_membership",
      "name": "ictsc2018-icchy",
      "provider": "provider[\"registry.terraform.io/integrations/github\"]",
      "instances": [
        {
          "schema_version": 0,
          "attributes": {
            "etag": "W/\"f10660dae3ed60f6bb8d2d6f37865fa0e212df910a2c0bd9eee23741a2b211f5\"",
            "id": "2818425:icchy",
            "role": "member",
            "team_id": "2818425",
            "username": "icchy"
          },
          "sensitive_attributes": [],
          "dependencies": [
            "github_membership.icchy",
            "github_team.ictsc2018"
          ]
        }
      ]
    },
    {
      "mode": "managed",
      "type": "github_team_membership",
      "name": "ictsc2018-kyontan",
      "provider": "provider[\"registry.terraform.io/integrations/github\"]",
      "instances": [
        {
          "schema_version": 0,
          "attributes": {
            "etag": "W/\"c924061024db4ff8873c274a1125625627b608098faef8b4796bbd208a3118e7\"",
            "id": "2818425:kyontan",
            "role": "member",
            "team_id": "2818425",
            "username": "kyontan"
          },
          "sensitive_attributes": [],
          "dependencies": [
            "github_membership.kyontan",
            "github_team.ictsc2018"
          ]
        }
      ]
    },
    {
      "mode": "managed",
      "type": "github_team_membership",
      "name": "ictsc2018-onokatio",
      "provider": "provider[\"registry.terraform.io/integrations/github\"]",
      "instances": [
        {
          "schema_version": 0,
          "attributes": {
            "etag": "W/\"9bdee45b7e9d41f8187495b3d42fa601bde4f69fc6f1e4397ffc334f20b53d21\"",
            "id": "2818425:onokatio",
            "role": "member",
            "team_id": "2818425",
            "username": "onokatio"
          },
          "sensitive_attributes": [],
          "private": "bnVsbA==",
          "dependencies": [
            "github_membership.onokatio",
            "github_team.ictsc2018"
          ]
        }
      ]
    },
    {
      "mode": "managed",
      "type": "github_team_membership",
      "name": "ictsc2018-orin24",
      "provider": "provider[\"registry.terraform.io/integrations/github\"]",
      "instances": [
        {
          "schema_version": 0,
          "attributes": {
            "etag": "W/\"7d42f034554db469d3aaba26327ea808a5c5b898f895d0699e955bfb7211e8f4\"",
            "id": "2818425:orin24",
            "role": "member",
            "team_id": "2818425",
            "username": "orin24"
          },
          "sensitive_attributes": [],
          "dependencies": [
            "github_membership.orin24",
            "github_team.ictsc2018"
          ]
        }
      ]
    },
    {
      "mode": "managed",
      "type": "github_team_membership",
      "name": "ictsc2018-palloc",
      "provider": "provider[\"registry.terraform.io/integrations/github\"]",
      "instances": [
        {
          "schema_version": 0,
          "attributes": {
            "etag": "W/\"21644292f8095d8d6307362f0898bd6b63d343f61a674751b2190daef287038c\"",
            "id": "2818425:palloc",
            "role": "member",
            "team_id": "2818425",
            "username": "palloc"
          },
          "sensitive_attributes": [],
          "dependencies": [
            "github_membership.palloc",
            "github_team.ictsc2018"
          ]
        }
      ]
    },
    {
      "mode": "managed",
      "type": "github_team_membership",
      "name": "ictsc2018-potyama",
      "provider": "provider[\"registry.terraform.io/integrations/github\"]",
      "instances": [
        {
          "schema_version": 0,
          "attributes": {
            "etag": "W/\"5fd0a6302a04b8d9e28aaa43be99e704826193093055b3eb420a5a261f0de9d9\"",
            "id": "2818425:potyama",
            "role": "member",
            "team_id": "2818425",
            "username": "potyama"
          },
          "sensitive_attributes": [],
          "dependencies": [
            "github_membership.potyama",
            "github_team.ictsc2018"
          ]
        }
      ]
    },
    {
      "mode": "managed",
      "type": "github_team_membership",
      "name": "ictsc2018-proelbtn",
      "provider": "provider[\"registry.terraform.io/integrations/github\"]",
      "instances": [
        {
          "schema_version": 0,
          "attributes": {
            "etag": "W/\"ebd2ba4957f2b3d800c9f6aa022e4c542ec9550c4544834f2df65f03cbad23ea\"",
            "id": "2818425:proelbtn",
            "role": "member",
            "team_id": "2818425",
            "username": "proelbtn"
          },
          "sensitive_attributes": [],
          "private": "bnVsbA==",
          "dependencies": [
            "github_membership.proelbtn",
            "github_team.ictsc2018"
          ]
        }
      ]
    },
    {
      "mode": "managed",
      "type": "github_team_membership",
      "name": "ictsc2018-sharknasuhorse",
      "provider": "provider[\"registry.terraform.io/integrations/github\"]",
      "instances": [
        {
          "schema_version": 0,
          "attributes": {
            "etag": "W/\"e4fbdb5fac1b91fb9c20359f7b36d2e5b6fa35070ecc71362ab208d8e11f57b5\"",
            "id": "2818425:sharknasuhorse",
            "role": "member",
            "team_id": "2818425",
            "username": "sharknasuhorse"
          },
          "sensitive_attributes": [],
          "private": "bnVsbA==",
          "dependencies": [
            "github_membership.sharknasuhorse",
            "github_team.ictsc2018"
          ]
        }
      ]
    },
    {
      "mode": "managed",
      "type": "github_team_membership",
      "name": "ictsc2018-takehaya",
      "provider": "provider[\"registry.terraform.io/integrations/github\"]",
      "instances": [
        {
          "schema_version": 0,
          "attributes": {
            "etag": "W/\"d6657eb7ad8d3178f5e80a68f175a3c9688e98b3f0ad76692a69d800717b4219\"",
            "id": "2818425:takehaya",
            "role": "member",
            "team_id": "2818425",
            "username": "takehaya"
          },
          "sensitive_attributes": [],
          "private": "bnVsbA==",
          "dependencies": [
            "github_membership.takehaya",
            "github_team.ictsc2018"
          ]
        }
      ]
    },
    {
      "mode": "managed",
      "type": "github_team_membership",
      "name": "ictsc2018-uplus",
      "provider": "provider[\"registry.terraform.io/integrations/github\"]",
      "instances": [
        {
          "schema_version": 0,
          "attributes": {
            "etag": "W/\"c3124ff510620c88d94ff0dcc3d76c23c0fdf37f360a81f5d75475ae4fb122d1\"",
            "id": "2818425:uplus",
            "role": "member",
            "team_id": "2818425",
            "username": "uplus"
          },
          "sensitive_attributes": [],
          "private": "bnVsbA==",
          "dependencies": [
            "github_membership.uplus",
            "github_team.ictsc2018"
          ]
        }
      ]
    },
    {
      "mode": "managed",
      "type": "github_team_membership",
      "name": "ictsc2018-whywaita",
      "provider": "provider[\"registry.terraform.io/integrations/github\"]",
      "instances": [
        {
          "schema_version": 0,
          "attributes": {
            "etag": "W/\"97ebcab8346257584724c3671746606bfb512a0ba97d1593e8235cedc53dcdbd\"",
            "id": "2818425:whywaita",
            "role": "member",
            "team_id": "2818425",
            "username": "whywaita"
          },
          "sensitive_attributes": [],
          "private": "bnVsbA==",
          "dependencies": [
            "github_membership.whywaita",
            "github_team.ictsc2018"
          ]
        }
      ]
    },
    {
      "mode": "managed",
      "type": "github_team_membership",
      "name": "ictsc2018-yatuhashi",
      "provider": "provider[\"registry.terraform.io/integrations/github\"]",
      "instances": [
        {
          "schema_version": 0,
          "attributes": {
            "etag": "W/\"f428fdcc1b1488f77b87f2931b362f81ff5e6ae698680718c62b8fe8410957ea\"",
            "id": "2818425:yatuhashi",
            "role": "member",
            "team_id": "2818425",
            "username": "yatuhashi"
          },
          "sensitive_attributes": [],
          "dependencies": [
            "github_membership.yatuhashi",
            "github_team.ictsc2018"
          ]
        }
      ]
    },
    {
      "mode": "managed",
      "type": "github_team_membership",
      "name": "ictsc2019-Iwancof",
      "provider": "provider[\"registry.terraform.io/integrations/github\"]",
      "instances": [
        {
          "schema_version": 0,
          "attributes": {
            "etag": "W/\"a3f4cdc5c4c4af72e91f70b0556dc3e5898ef6094b9234104c622ad1774717b8\"",
            "id": "3300293:Iwancof",
            "role": "member",
            "team_id": "3300293",
            "username": "Iwancof"
          },
          "sensitive_attributes": [],
          "dependencies": [
            "github_membership.Iwancof",
            "github_team.ictsc2019"
          ]
        }
      ]
    },
    {
      "mode": "managed",
      "type": "github_team_membership",
      "name": "ictsc2019-Kurorororo",
      "provider": "provider[\"registry.terraform.io/integrations/github\"]",
      "instances": [
        {
          "schema_version": 0,
          "attributes": {
            "etag": "W/\"e70beffe968ee7351bb0bf34c4b0fdf79ac2bf0790cb0d38b7a875e20387cc5e\"",
            "id": "3300293:Kurorororo",
            "role": "member",
            "team_id": "3300293",
            "username": "Kurorororo"
          },
          "sensitive_attributes": [],
          "dependencies": [
            "github_membership.Kurorororo",
            "github_team.ictsc2019"
          ]
        }
      ]
    },
    {
      "mode": "managed",
      "type": "github_team_membership",
      "name": "ictsc2019-SallyAcolyte",
      "provider": "provider[\"registry.terraform.io/integrations/github\"]",
      "instances": [
        {
          "schema_version": 0,
          "attributes": {
            "etag": "W/\"e6d47414c9f4c94767d1f49e1c0741d842ee744a470b1e73a0238b56dda53683\"",
            "id": "3300293:SallyAcolyte",
            "role": "member",
            "team_id": "3300293",
            "username": "SallyAcolyte"
          },
          "sensitive_attributes": [],
          "dependencies": [
            "github_membership.SallyAcolyte",
            "github_team.ictsc2019"
          ]
        }
      ]
    },
    {
      "mode": "managed",
      "type": "github_team_membership",
      "name": "ictsc2019-SilEighty-ym",
      "provider": "provider[\"registry.terraform.io/integrations/github\"]",
      "instances": [
        {
          "schema_version": 0,
          "attributes": {
            "etag": "W/\"8c1742343fad3349b7a5ffe44578245fcc8eda6dd6c49912c4db9e3db6a4e23a\"",
            "id": "3300293:SilEighty-ym",
            "role": "member",
            "team_id": "3300293",
            "username": "SilEighty-ym"
          },
          "sensitive_attributes": [],
          "dependencies": [
            "github_membership.SilEighty-ym",
            "github_team.ictsc2019"
          ]
        }
      ]
    },
    {
      "mode": "managed",
      "type": "github_team_membership",
      "name": "ictsc2019-TenkiGit",
      "provider": "provider[\"registry.terraform.io/integrations/github\"]",
      "instances": [
        {
          "schema_version": 0,
          "attributes": {
            "etag": "W/\"a49b247f67ab20d855995e6fe2a9c74c266ba5ae31fe0de07a1264c118bca649\"",
            "id": "3300293:TenkiGit",
            "role": "member",
            "team_id": "3300293",
            "username": "TenkiGit"
          },
          "sensitive_attributes": [],
          "dependencies": [
            "github_membership.TenkiGit",
            "github_team.ictsc2019"
          ]
        }
      ]
    },
    {
      "mode": "managed",
      "type": "github_team_membership",
      "name": "ictsc2019-Terfno",
      "provider": "provider[\"registry.terraform.io/integrations/github\"]",
      "instances": [
        {
          "schema_version": 0,
          "attributes": {
            "etag": "W/\"26bd328ba0c3cba0daf71658ad3e05449697e144d9c9741c18400467efe998d3\"",
            "id": "3300293:Terfno",
            "role": "member",
            "team_id": "3300293",
            "username": "Terfno"
          },
          "sensitive_attributes": [],
          "dependencies": [
            "github_membership.Terfno",
            "github_team.ictsc2019"
          ]
        }
      ]
    },
    {
      "mode": "managed",
      "type": "github_team_membership",
      "name": "ictsc2019-arupakan125",
      "provider": "provider[\"registry.terraform.io/integrations/github\"]",
      "instances": [
        {
          "schema_version": 0,
          "attributes": {
            "etag": "W/\"643861d4cf2b9cd5dde8b04673e5efb39dbea167279f640f4bdc1b8ca043f804\"",
            "id": "3300293:arupakan125",
            "role": "member",
            "team_id": "3300293",
            "username": "arupakan125"
          },
          "sensitive_attributes": [],
          "dependencies": [
            "github_membership.arupakan125",
            "github_team.ictsc2019"
          ]
        }
      ]
    },
    {
      "mode": "managed",
      "type": "github_team_membership",
      "name": "ictsc2019-beggarl",
      "provider": "provider[\"registry.terraform.io/integrations/github\"]",
      "instances": [
        {
          "schema_version": 0,
          "attributes": {
            "etag": "W/\"793d39751eb0948b8ed989c4367b2b6676eb92bad9ddeb6369c3855772617074\"",
            "id": "3300293:beggarl",
            "role": "member",
            "team_id": "3300293",
            "username": "beggarl"
          },
          "sensitive_attributes": [],
          "dependencies": [
            "github_membership.beggarl",
            "github_team.ictsc2019"
          ]
        }
      ]
    },
    {
      "mode": "managed",
      "type": "github_team_membership",
      "name": "ictsc2019-chouett0",
      "provider": "provider[\"registry.terraform.io/integrations/github\"]",
      "instances": [
        {
          "schema_version": 0,
          "attributes": {
            "etag": "W/\"064c80c4fdcac7f2548f4cdf6db4a26d31a6e8c6b1be85aaa617954e549ce33a\"",
            "id": "3300293:chouett0",
            "role": "member",
            "team_id": "3300293",
            "username": "chouett0"
          },
          "sensitive_attributes": [],
          "dependencies": [
            "github_membership.chouett0",
            "github_team.ictsc2019"
          ]
        }
      ]
    },
    {
      "mode": "managed",
      "type": "github_team_membership",
      "name": "ictsc2019-ecodrive-18",
      "provider": "provider[\"registry.terraform.io/integrations/github\"]",
      "instances": [
        {
          "schema_version": 0,
          "attributes": {
            "etag": "W/\"ac6b959fe329f77a091a3376635d18f4bca882efb3a05899b95fbb09dda74ec2\"",
            "id": "3300293:ecodrive-18",
            "role": "member",
            "team_id": "3300293",
            "username": "ecodrive-18"
          },
          "sensitive_attributes": [],
          "dependencies": [
            "github_membership.ecodrive-18",
            "github_team.ictsc2019"
          ]
        }
      ]
    },
    {
      "mode": "managed",
      "type": "github_team_membership",
      "name": "ictsc2019-gurapomu",
      "provider": "provider[\"registry.terraform.io/integrations/github\"]",
      "instances": [
        {
          "schema_version": 0,
          "attributes": {
            "etag": "W/\"91278bad581a95f0fbc237a9e01dca6ad637278d0b556f1e9acc54c7563d26de\"",
            "id": "3300293:gurapomu",
            "role": "member",
            "team_id": "3300293",
            "username": "gurapomu"
          },
          "sensitive_attributes": [],
          "dependencies": [
            "github_membership.gurapomu",
            "github_team.ictsc2019"
          ]
        }
      ]
    },
    {
      "mode": "managed",
      "type": "github_team_membership",
      "name": "ictsc2019-h-otter",
      "provider": "provider[\"registry.terraform.io/integrations/github\"]",
      "instances": [
        {
          "schema_version": 0,
          "attributes": {
            "etag": "W/\"5e0694ce466e1d181022f0f109fa045b5e5355933cd10351b2d32f286eee8b1b\"",
            "id": "3300293:h-otter",
            "role": "member",
            "team_id": "3300293",
            "username": "h-otter"
          },
          "sensitive_attributes": [],
          "private": "bnVsbA==",
          "dependencies": [
            "github_membership.h-otter",
            "github_team.ictsc2019"
          ]
        }
      ]
    },
    {
      "mode": "managed",
      "type": "github_team_membership",
      "name": "ictsc2019-hibiki31",
      "provider": "provider[\"registry.terraform.io/integrations/github\"]",
      "instances": [
        {
          "schema_version": 0,
          "attributes": {
            "etag": "W/\"5c6f43b1fc7de10f9a2ce2abf24c5b5e31da9ce99fcfc823f18525b231968342\"",
            "id": "3300293:hibiki31",
            "role": "member",
            "team_id": "3300293",
            "username": "hibiki31"
          },
          "sensitive_attributes": [],
          "dependencies": [
            "github_membership.hibiki31",
            "github_team.ictsc2019"
          ]
        }
      ]
    },
    {
      "mode": "managed",
      "type": "github_team_membership",
      "name": "ictsc2019-icchy",
      "provider": "provider[\"registry.terraform.io/integrations/github\"]",
      "instances": [
        {
          "schema_version": 0,
          "attributes": {
            "etag": "W/\"83f4831d23883f127f8b8d2e9032992cd42ceee96f6261721a754b1c2ec700ea\"",
            "id": "3300293:icchy",
            "role": "member",
            "team_id": "3300293",
            "username": "icchy"
          },
          "sensitive_attributes": [],
          "dependencies": [
            "github_membership.icchy",
            "github_team.ictsc2019"
          ]
        }
      ]
    },
    {
      "mode": "managed",
      "type": "github_team_membership",
      "name": "ictsc2019-kapibara824",
      "provider": "provider[\"registry.terraform.io/integrations/github\"]",
      "instances": [
        {
          "schema_version": 0,
          "attributes": {
            "etag": "W/\"1fe8d4a2a676ea2d237fe33a2a94b3c8d4a8d35e969a92b06e085a6c26d08c6d\"",
            "id": "3300293:kapibara824",
            "role": "member",
            "team_id": "3300293",
            "username": "kapibara824"
          },
          "sensitive_attributes": [],
          "dependencies": [
            "github_membership.kapibara824",
            "github_team.ictsc2019"
          ]
        }
      ]
    },
    {
      "mode": "managed",
      "type": "github_team_membership",
      "name": "ictsc2019-mbook-x86",
      "provider": "provider[\"registry.terraform.io/integrations/github\"]",
      "instances": [
        {
          "schema_version": 0,
          "attributes": {
            "etag": "W/\"9c9e21d80bf0ca7cf1f2fb2183a0b0369e5567cf9208a5b151b482b3918c5280\"",
            "id": "3300293:mbook-x86",
            "role": "member",
            "team_id": "3300293",
            "username": "mbook-x86"
          },
          "sensitive_attributes": [],
          "dependencies": [
            "github_membership.mbook-x86",
            "github_team.ictsc2019"
          ]
        }
      ]
    },
    {
      "mode": "managed",
      "type": "github_team_membership",
      "name": "ictsc2019-naoki912",
      "provider": "provider[\"registry.terraform.io/integrations/github\"]",
      "instances": [
        {
          "schema_version": 0,
          "attributes": {
            "etag": "W/\"d3da409c83d60af501320d15348a7d8cde86aa0d3a84e015037905ee7cd89944\"",
            "id": "3300293:naoki912",
            "role": "member",
            "team_id": "3300293",
            "username": "naoki912"
          },
          "sensitive_attributes": [],
          "dependencies": [
            "github_membership.naoki912",
            "github_team.ictsc2019"
          ]
        }
      ]
    },
    {
      "mode": "managed",
      "type": "github_team_membership",
      "name": "ictsc2019-onokatio",
      "provider": "provider[\"registry.terraform.io/integrations/github\"]",
      "instances": [
        {
          "schema_version": 0,
          "attributes": {
            "etag": "W/\"fce353534e574bcef0d9925d2b4660abbd450aff23f86bc913704190fda166a6\"",
            "id": "3300293:onokatio",
            "role": "member",
            "team_id": "3300293",
            "username": "onokatio"
          },
          "sensitive_attributes": [],
          "private": "bnVsbA==",
          "dependencies": [
            "github_membership.onokatio",
            "github_team.ictsc2019"
          ]
        }
      ]
    },
    {
      "mode": "managed",
      "type": "github_team_membership",
      "name": "ictsc2019-ophum",
      "provider": "provider[\"registry.terraform.io/integrations/github\"]",
      "instances": [
        {
          "schema_version": 0,
          "attributes": {
            "etag": "W/\"6f216b497eaf7103fa11805ef08bea2c811af457954414c96347075c971bc13b\"",
            "id": "3300293:ophum",
            "role": "member",
            "team_id": "3300293",
            "username": "ophum"
          },
          "sensitive_attributes": [],
          "dependencies": [
            "github_membership.ophum",
            "github_team.ictsc2019"
          ]
        }
      ]
    },
    {
      "mode": "managed",
      "type": "github_team_membership",
      "name": "ictsc2019-potyama",
      "provider": "provider[\"registry.terraform.io/integrations/github\"]",
      "instances": [
        {
          "schema_version": 0,
          "attributes": {
            "etag": "W/\"3e8e58636e752b69dc9523c866a96f7141072fc8be31912343a9bb601e64fa80\"",
            "id": "3300293:potyama",
            "role": "member",
            "team_id": "3300293",
            "username": "potyama"
          },
          "sensitive_attributes": [],
          "dependencies": [
            "github_membership.potyama",
            "github_team.ictsc2019"
          ]
        }
      ]
    },
    {
      "mode": "managed",
      "type": "github_team_membership",
      "name": "ictsc2019-proelbtn",
      "provider": "provider[\"registry.terraform.io/integrations/github\"]",
      "instances": [
        {
          "schema_version": 0,
          "attributes": {
            "etag": "W/\"ac80aa6270eb46fc1bc2145e989d9e21342322b4bfa806b8206aee2e6b2b6cc4\"",
            "id": "3300293:proelbtn",
            "role": "member",
            "team_id": "3300293",
            "username": "proelbtn"
          },
          "sensitive_attributes": [],
          "private": "bnVsbA==",
          "dependencies": [
            "github_membership.proelbtn",
            "github_team.ictsc2019"
          ]
        }
      ]
    },
    {
      "mode": "managed",
      "type": "github_team_membership",
      "name": "ictsc2019-recuraki",
      "provider": "provider[\"registry.terraform.io/integrations/github\"]",
      "instances": [
        {
          "schema_version": 0,
          "attributes": {
            "etag": "W/\"365613c9052441af516b28d99a67fb3324886263cb45e74180b4617bb298e591\"",
            "id": "3300293:recuraki",
            "role": "member",
            "team_id": "3300293",
            "username": "recuraki"
          },
          "sensitive_attributes": [],
          "dependencies": [
            "github_membership.recuraki",
            "github_team.ictsc2019"
          ]
        }
      ]
    },
    {
      "mode": "managed",
      "type": "github_team_membership",
      "name": "ictsc2019-rlia",
      "provider": "provider[\"registry.terraform.io/integrations/github\"]",
      "instances": [
        {
          "schema_version": 0,
          "attributes": {
            "etag": "W/\"1d6257ae27741cb50b7c3c4517dc5c8b200c8d3641a5df911cd4d59be8f4d15e\"",
            "id": "3300293:rlia",
            "role": "member",
            "team_id": "3300293",
            "username": "rlia"
          },
          "sensitive_attributes": [],
          "dependencies": [
            "github_membership.rlia",
            "github_team.ictsc2019"
          ]
        }
      ]
    },
    {
      "mode": "managed",
      "type": "github_team_membership",
      "name": "ictsc2019-sharknasuhorse",
      "provider": "provider[\"registry.terraform.io/integrations/github\"]",
      "instances": [
        {
          "schema_version": 0,
          "attributes": {
            "etag": "W/\"a6fca3a4d7231f627a7430f06931f819bf2043c1236a44ab2e9b1c21f57b2762\"",
            "id": "3300293:sharknasuhorse",
            "role": "member",
            "team_id": "3300293",
            "username": "sharknasuhorse"
          },
          "sensitive_attributes": [],
          "private": "bnVsbA==",
          "dependencies": [
            "github_membership.sharknasuhorse",
            "github_team.ictsc2019"
          ]
        }
      ]
    },
    {
      "mode": "managed",
      "type": "github_team_membership",
      "name": "ictsc2019-site0801",
      "provider": "provider[\"registry.terraform.io/integrations/github\"]",
      "instances": [
        {
          "schema_version": 0,
          "attributes": {
            "etag": "W/\"9bca4a551ed1152fe9b13a88c03308560cfd4b9f0bc7e13961c78b6df2eedb7e\"",
            "id": "3300293:site0801",
            "role": "member",
            "team_id": "3300293",
            "username": "site0801"
          },
          "sensitive_attributes": [],
          "dependencies": [
            "github_membership.site0801",
            "github_team.ictsc2019"
          ]
        }
      ]
    },
    {
      "mode": "managed",
      "type": "github_team_membership",
      "name": "ictsc2019-syuli",
      "provider": "provider[\"registry.terraform.io/integrations/github\"]",
      "instances": [
        {
          "schema_version": 0,
          "attributes": {
            "etag": "W/\"8591cded6de29dda900c29a29d1061a0d2da922634650b5484f6a8d90d2a0ae5\"",
            "id": "3300293:syuli",
            "role": "member",
            "team_id": "3300293",
            "username": "syuli"
          },
          "sensitive_attributes": [],
          "dependencies": [
            "github_membership.syuli",
            "github_team.ictsc2019"
          ]
        }
      ]
    },
    {
      "mode": "managed",
      "type": "github_team_membership",
      "name": "ictsc2019-takehaya",
      "provider": "provider[\"registry.terraform.io/integrations/github\"]",
      "instances": [
        {
          "schema_version": 0,
          "attributes": {
            "etag": "W/\"18e4204faeb10306308b08241e795d8d9ee54dd3a96eb7c49f7d09ead7a2a8b8\"",
            "id": "3300293:takehaya",
            "role": "member",
            "team_id": "3300293",
            "username": "takehaya"
          },
          "sensitive_attributes": [],
          "private": "bnVsbA==",
          "dependencies": [
            "github_membership.takehaya",
            "github_team.ictsc2019"
          ]
        }
      ]
    },
    {
      "mode": "managed",
      "type": "github_team_membership",
      "name": "ictsc2019-tom--bo",
      "provider": "provider[\"registry.terraform.io/integrations/github\"]",
      "instances": [
        {
          "schema_version": 0,
          "attributes": {
            "etag": "W/\"dc9d68bee58e137dc0acb07eec00346bc165aec89f75067d0c3efefdad02c0c6\"",
            "id": "3300293:tom--bo",
            "role": "member",
            "team_id": "3300293",
            "username": "tom--bo"
          },
          "sensitive_attributes": [],
          "dependencies": [
            "github_membership.tom--bo",
            "github_team.ictsc2019"
          ]
        }
      ]
    },
    {
      "mode": "managed",
      "type": "github_team_membership",
      "name": "ictsc2019-uplus",
      "provider": "provider[\"registry.terraform.io/integrations/github\"]",
      "instances": [
        {
          "schema_version": 0,
          "attributes": {
            "etag": "W/\"d7aeb60c704b3f4c19fdea1d120ae7d5da342e12de5fb6539f46da2be3d502a7\"",
            "id": "3300293:uplus",
            "role": "member",
            "team_id": "3300293",
            "username": "uplus"
          },
          "sensitive_attributes": [],
          "private": "bnVsbA==",
          "dependencies": [
            "github_membership.uplus",
            "github_team.ictsc2019"
          ]
        }
      ]
    },
    {
      "mode": "managed",
      "type": "github_team_membership",
      "name": "ictsc2019-yo-kanyukari",
      "provider": "provider[\"registry.terraform.io/integrations/github\"]",
      "instances": [
        {
          "schema_version": 0,
          "attributes": {
            "etag": "W/\"7d0817f5e91f9ad9bb88c3ece41e4631c88afa914308bc1fbf292d549b69acd6\"",
            "id": "3300293:siberiy4",
            "role": "member",
            "team_id": "3300293",
            "username": "siberiy4"
          },
          "sensitive_attributes": [],
          "private": "bnVsbA==",
          "dependencies": [
            "github_membership.yo-kanyukari",
            "github_team.ictsc2019"
          ]
        }
      ]
    },
    {
      "mode": "managed",
      "type": "github_team_membership",
      "name": "ictsc2019-yoneyan",
      "provider": "provider[\"registry.terraform.io/integrations/github\"]",
      "instances": [
        {
          "schema_version": 0,
          "attributes": {
            "etag": "W/\"1b054de50b5690317596f38d964c67b00c6b347d4b2999c175e03857bd239d48\"",
            "id": "3300293:yoneyan",
            "role": "member",
            "team_id": "3300293",
            "username": "yoneyan"
          },
          "sensitive_attributes": [],
          "dependencies": [
            "github_membership.yoneyan",
            "github_team.ictsc2019"
          ]
        }
      ]
    },
    {
      "mode": "managed",
      "type": "github_team_membership",
      "name": "ictsc2019-yu-tanaka00",
      "provider": "provider[\"registry.terraform.io/integrations/github\"]",
      "instances": [
        {
          "schema_version": 0,
          "attributes": {
            "etag": "W/\"4c736d9329ea945aa1aa33d92160ad422d715a3205499c98910aba63e405baa8\"",
            "id": "3300293:yu-tanaka00",
            "role": "member",
            "team_id": "3300293",
            "username": "yu-tanaka00"
          },
          "sensitive_attributes": [],
          "dependencies": [
            "github_membership.yu-tanaka00",
            "github_team.ictsc2019"
          ]
        }
      ]
    },
    {
      "mode": "managed",
      "type": "github_team_membership",
      "name": "ictsc2020-Hicky1025",
      "provider": "provider[\"registry.terraform.io/integrations/github\"]",
      "instances": [
        {
          "schema_version": 0,
          "attributes": {
            "etag": "W/\"24fdfcf7aed635738e9d85d64269970435a3b6b76e94ecd8790546e5a1c1a6cc\"",
            "id": "3894829:Hicky1025",
            "role": "member",
            "team_id": "3894829",
            "username": "Hicky1025"
          },
          "sensitive_attributes": [],
          "dependencies": [
            "github_membership.Hicky1025",
            "github_team.ictsc2020"
          ]
        }
      ]
    },
    {
      "mode": "managed",
      "type": "github_team_membership",
      "name": "ictsc2020-TenkiGit",
      "provider": "provider[\"registry.terraform.io/integrations/github\"]",
      "instances": [
        {
          "schema_version": 0,
          "attributes": {
            "etag": "W/\"e380d9cf237d3d020f927f72e37179bc2e6a897edf7bd5dba6b897dccfe4b973\"",
            "id": "3894829:TenkiGit",
            "role": "member",
            "team_id": "3894829",
            "username": "TenkiGit"
          },
          "sensitive_attributes": [],
          "dependencies": [
            "github_membership.TenkiGit",
            "github_team.ictsc2020"
          ]
        }
      ]
    },
    {
      "mode": "managed",
      "type": "github_team_membership",
      "name": "ictsc2020-Terfno",
      "provider": "provider[\"registry.terraform.io/integrations/github\"]",
      "instances": [
        {
          "schema_version": 0,
          "attributes": {
            "etag": "W/\"f2ec1b3d02421996f541d23db4914050f1204e56e563b0b34925e0f0d8997dd0\"",
            "id": "3894829:Terfno",
            "role": "member",
            "team_id": "3894829",
            "username": "Terfno"
          },
          "sensitive_attributes": [],
          "dependencies": [
            "github_membership.Terfno",
            "github_team.ictsc2020"
          ]
        }
      ]
    },
    {
      "mode": "managed",
      "type": "github_team_membership",
      "name": "ictsc2020-arupakan125",
      "provider": "provider[\"registry.terraform.io/integrations/github\"]",
      "instances": [
        {
          "schema_version": 0,
          "attributes": {
            "etag": "W/\"b78607d539b92983b5fffbc173202a8b1fdcde320a9b57777a797b3fa41e922d\"",
            "id": "3894829:arupakan125",
            "role": "member",
            "team_id": "3894829",
            "username": "arupakan125"
          },
          "sensitive_attributes": [],
          "dependencies": [
            "github_membership.arupakan125",
            "github_team.ictsc2020"
          ]
        }
      ]
    },
    {
      "mode": "managed",
      "type": "github_team_membership",
      "name": "ictsc2020-hibiki31",
      "provider": "provider[\"registry.terraform.io/integrations/github\"]",
      "instances": [
        {
          "schema_version": 0,
          "attributes": {
            "etag": "W/\"64d0131139d9fd6184cc0d2eeebc334ed9569bd27c771939dd15c488626b3bca\"",
            "id": "3894829:hibiki31",
            "role": "member",
            "team_id": "3894829",
            "username": "hibiki31"
          },
          "sensitive_attributes": [],
          "dependencies": [
            "github_membership.hibiki31",
            "github_team.ictsc2020"
          ]
        }
      ]
    },
    {
      "mode": "managed",
      "type": "github_team_membership",
      "name": "ictsc2020-kapibara824",
      "provider": "provider[\"registry.terraform.io/integrations/github\"]",
      "instances": [
        {
          "schema_version": 0,
          "attributes": {
            "etag": "W/\"42a25517884522e23f4ad1d2d07784be1c38bd588039e8a25b8ec989608495f8\"",
            "id": "3894829:kapibara824",
            "role": "member",
            "team_id": "3894829",
            "username": "kapibara824"
          },
          "sensitive_attributes": [],
          "dependencies": [
            "github_membership.kapibara824",
            "github_team.ictsc2020"
          ]
        }
      ]
    },
    {
      "mode": "managed",
      "type": "github_team_membership",
      "name": "ictsc2020-nakasyo2650",
      "provider": "provider[\"registry.terraform.io/integrations/github\"]",
      "instances": [
        {
          "schema_version": 0,
          "attributes": {
            "etag": "W/\"cc2658dfda83b38ff617274590f56f14e83630c2a77b9a7b73d5c95f007d0e3e\"",
            "id": "3894829:nakasyo2650",
            "role": "member",
            "team_id": "3894829",
            "username": "nakasyo2650"
          },
          "sensitive_attributes": [],
          "dependencies": [
            "github_membership.nakasyo2650",
            "github_team.ictsc2020"
          ]
        }
      ]
    },
    {
      "mode": "managed",
      "type": "github_team_membership",
      "name": "ictsc2020-naoki2001",
      "provider": "provider[\"registry.terraform.io/integrations/github\"]",
      "instances": [
        {
          "schema_version": 0,
          "attributes": {
            "etag": "W/\"94a0cc1566343b1cec048088c8d896f64161fbf90ab350cc439d1b60283faaf0\"",
            "id": "3894829:naoki2001",
            "role": "member",
            "team_id": "3894829",
            "username": "naoki2001"
          },
          "sensitive_attributes": [],
          "dependencies": [
            "github_membership.naoki2001",
            "github_team.ictsc2020"
          ]
        }
      ]
    },
    {
      "mode": "managed",
      "type": "github_team_membership",
      "name": "ictsc2020-onokatio",
      "provider": "provider[\"registry.terraform.io/integrations/github\"]",
      "instances": [
        {
          "schema_version": 0,
          "attributes": {
            "etag": "W/\"66520764545b8a7b89bf2a5bbd1c568d3b749526e60b33fe8cbc79c6a4166431\"",
            "id": "3894829:onokatio",
            "role": "member",
            "team_id": "3894829",
            "username": "onokatio"
          },
          "sensitive_attributes": [],
          "private": "bnVsbA==",
          "dependencies": [
            "github_membership.onokatio",
            "github_team.ictsc2020"
          ]
        }
      ]
    },
    {
      "mode": "managed",
      "type": "github_team_membership",
      "name": "ictsc2020-ophum",
      "provider": "provider[\"registry.terraform.io/integrations/github\"]",
      "instances": [
        {
          "schema_version": 0,
          "attributes": {
            "etag": "W/\"049b57d7276a72b766da7b63443a8e3dccd50bfb487fc3f2adef14ab57c69862\"",
            "id": "3894829:ophum",
            "role": "member",
            "team_id": "3894829",
            "username": "ophum"
          },
          "sensitive_attributes": [],
          "dependencies": [
            "github_membership.ophum",
            "github_team.ictsc2020"
          ]
        }
      ]
    },
    {
      "mode": "managed",
      "type": "github_team_membership",
      "name": "ictsc2020-potyama",
      "provider": "provider[\"registry.terraform.io/integrations/github\"]",
      "instances": [
        {
          "schema_version": 0,
          "attributes": {
            "etag": "W/\"7e8d63bcd0e2c62d1bf6dff1fe9243bc88ee3abc9805220169011330675c3e03\"",
            "id": "3894829:potyama",
            "role": "member",
            "team_id": "3894829",
            "username": "potyama"
          },
          "sensitive_attributes": [],
          "dependencies": [
            "github_membership.potyama",
            "github_team.ictsc2020"
          ]
        }
      ]
    },
    {
      "mode": "managed",
      "type": "github_team_membership",
      "name": "ictsc2020-proelbtn",
      "provider": "provider[\"registry.terraform.io/integrations/github\"]",
      "instances": [
        {
          "schema_version": 0,
          "attributes": {
            "etag": "W/\"b7fe3740f4c311ac321a9a90db04d3dc51d46de1ecf737963b4ff5095c29f562\"",
            "id": "3894829:proelbtn",
            "role": "member",
            "team_id": "3894829",
            "username": "proelbtn"
          },
          "sensitive_attributes": [],
          "private": "bnVsbA==",
          "dependencies": [
            "github_membership.proelbtn",
            "github_team.ictsc2020"
          ]
        }
      ]
    },
    {
      "mode": "managed",
      "type": "github_team_membership",
      "name": "ictsc2020-rlia",
      "provider": "provider[\"registry.terraform.io/integrations/github\"]",
      "instances": [
        {
          "schema_version": 0,
          "attributes": {
            "etag": "W/\"1b97ae76531d9bc4278a2b7dca1bf3b8dbb4b886ef493cbf89a79c3f57c6a039\"",
            "id": "3894829:rlia",
            "role": "member",
            "team_id": "3894829",
            "username": "rlia"
          },
          "sensitive_attributes": [],
          "dependencies": [
            "github_membership.rlia",
            "github_team.ictsc2020"
          ]
        }
      ]
    },
    {
      "mode": "managed",
      "type": "github_team_membership",
      "name": "ictsc2020-site0801",
      "provider": "provider[\"registry.terraform.io/integrations/github\"]",
      "instances": [
        {
          "schema_version": 0,
          "attributes": {
            "etag": "W/\"2169524a9b2008c0725413d277dd9a998d5975a9b4082892d800eac660711316\"",
            "id": "3894829:site0801",
            "role": "member",
            "team_id": "3894829",
            "username": "site0801"
          },
          "sensitive_attributes": [],
          "dependencies": [
            "github_membership.site0801",
            "github_team.ictsc2020"
          ]
        }
      ]
    },
    {
      "mode": "managed",
      "type": "github_team_membership",
      "name": "ictsc2020-takehaya",
      "provider": "provider[\"registry.terraform.io/integrations/github\"]",
      "instances": [
        {
          "schema_version": 0,
          "attributes": {
            "etag": "W/\"484970d6e45a897c7533cd4833923e60261d101d87c4453c41e17fdeeb13af96\"",
            "id": "3894829:takehaya",
            "role": "member",
            "team_id": "3894829",
            "username": "takehaya"
          },
          "sensitive_attributes": [],
          "private": "bnVsbA==",
          "dependencies": [
            "github_membership.takehaya",
            "github_team.ictsc2020"
          ]
        }
      ]
    },
    {
      "mode": "managed",
      "type": "github_team_membership",
      "name": "ictsc2020-tanishi001",
      "provider": "provider[\"registry.terraform.io/integrations/github\"]",
      "instances": [
        {
          "schema_version": 0,
          "attributes": {
            "etag": "W/\"f6876d9a7b72a73e9e1ded23c854e566e1b32e45473799aa9a3cf945441730ef\"",
            "id": "3894829:tanishi001",
            "role": "member",
            "team_id": "3894829",
            "username": "tanishi001"
          },
          "sensitive_attributes": [],
          "dependencies": [
            "github_membership.tanishi001",
            "github_team.ictsc2020"
          ]
        }
      ]
    },
    {
      "mode": "managed",
      "type": "github_team_membership",
      "name": "ictsc2020-uplus",
      "provider": "provider[\"registry.terraform.io/integrations/github\"]",
      "instances": [
        {
          "schema_version": 0,
          "attributes": {
            "etag": "W/\"e07bb95dd1d274e3c962cf9299b035cd55e52eca8ecaf98d94d7ccf3a3742eaf\"",
            "id": "3894829:uplus",
            "role": "member",
            "team_id": "3894829",
            "username": "uplus"
          },
          "sensitive_attributes": [],
          "private": "bnVsbA==",
          "dependencies": [
            "github_membership.uplus",
            "github_team.ictsc2020"
          ]
        }
      ]
    },
    {
      "mode": "managed",
      "type": "github_team_membership",
      "name": "ictsc2020-x86taka",
      "provider": "provider[\"registry.terraform.io/integrations/github\"]",
      "instances": [
        {
          "schema_version": 0,
          "attributes": {
            "etag": "W/\"dec8d0002e2175b3c5c22c5d238b72451c9f229bea6416380852cce97bf9eb70\"",
            "id": "3894829:x86taka",
            "role": "member",
            "team_id": "3894829",
            "username": "x86taka"
          },
          "sensitive_attributes": [],
          "private": "bnVsbA==",
          "dependencies": [
            "github_membership.x86taka",
            "github_team.ictsc2020"
          ]
        }
      ]
    },
    {
      "mode": "managed",
      "type": "github_team_membership",
      "name": "ictsc2020-yo-kanyukari",
      "provider": "provider[\"registry.terraform.io/integrations/github\"]",
      "instances": [
        {
          "schema_version": 0,
          "attributes": {
            "etag": "W/\"82e5940a79165654d810466fa09ebfb68b59339978a10cb051b4a65b6a8a9002\"",
            "id": "3894829:siberiy4",
            "role": "member",
            "team_id": "3894829",
            "username": "siberiy4"
          },
          "sensitive_attributes": [],
          "private": "bnVsbA==",
          "dependencies": [
            "github_membership.yo-kanyukari",
            "github_team.ictsc2020"
          ]
        }
      ]
    },
    {
      "mode": "managed",
      "type": "github_team_membership",
      "name": "ictsc2020-yoneyan",
      "provider": "provider[\"registry.terraform.io/integrations/github\"]",
      "instances": [
        {
          "schema_version": 0,
          "attributes": {
            "etag": "W/\"228ba757751d568003abb46e5a689c54a169d85b7efe1bf0437d5501e3344eac\"",
            "id": "3894829:yoneyan",
            "role": "member",
            "team_id": "3894829",
            "username": "yoneyan"
          },
          "sensitive_attributes": [],
          "dependencies": [
            "github_membership.yoneyan",
            "github_team.ictsc2020"
          ]
        }
      ]
    },
    {
      "mode": "managed",
      "type": "github_team_membership",
      "name": "ictsc2020-yukamoja",
      "provider": "provider[\"registry.terraform.io/integrations/github\"]",
      "instances": [
        {
          "schema_version": 0,
          "attributes": {
            "etag": "W/\"00a00dd3e34e39f61e01d55195cf71b71ff80a527c85d932efc000634dc3df47\"",
            "id": "3894829:yukamoja",
            "role": "member",
            "team_id": "3894829",
            "username": "yukamoja"
          },
          "sensitive_attributes": [],
          "private": "bnVsbA==",
          "dependencies": [
            "github_membership.yukamoja",
            "github_team.ictsc2020"
          ]
        }
      ]
    },
    {
      "mode": "managed",
      "type": "github_team_membership",
      "name": "ictsc2020-zeroalphat",
      "provider": "provider[\"registry.terraform.io/integrations/github\"]",
      "instances": [
        {
          "schema_version": 0,
          "attributes": {
            "etag": "W/\"f465bc7f4f68c54319b662d43b49dad5ae20954d31002c0be0122275bb4c8b9d\"",
            "id": "3894829:zeroalphat",
            "role": "member",
            "team_id": "3894829",
            "username": "zeroalphat"
          },
          "sensitive_attributes": [],
          "dependencies": [
            "github_membership.zeroalphat",
            "github_team.ictsc2020"
          ]
        }
      ]
    },
    {
      "mode": "managed",
      "type": "github_team_membership",
      "name": "ictsc2021-Explosive6363",
      "provider": "provider[\"registry.terraform.io/integrations/github\"]",
      "instances": [
        {
          "schema_version": 0,
          "attributes": {
            "etag": "W/\"8a657c433aa6c85533bf6c586ba5c362b15ae5b38106f9f86a21c17c38f0000d\"",
            "id": "4811781:Explosive6363",
            "role": "member",
            "team_id": "4811781",
            "username": "Explosive6363"
          },
          "sensitive_attributes": [],
          "private": "bnVsbA==",
          "dependencies": [
            "github_membership.Explosive6363",
            "github_team.ictsc2021"
          ]
        }
      ]
    },
    {
      "mode": "managed",
      "type": "github_team_membership",
      "name": "ictsc2021-Hicky1025",
      "provider": "provider[\"registry.terraform.io/integrations/github\"]",
      "instances": [
        {
          "schema_version": 0,
          "attributes": {
            "etag": "W/\"fb3ecd39788200c54e7984f8ace7ffa87547b53ccb210f8ebce9629ea181d6e4\"",
            "id": "4811781:Hicky1025",
            "role": "member",
            "team_id": "4811781",
            "username": "Hicky1025"
          },
          "sensitive_attributes": [],
          "dependencies": [
            "github_membership.Hicky1025",
            "github_team.ictsc2021"
          ]
        }
      ]
    },
    {
      "mode": "managed",
      "type": "github_team_membership",
      "name": "ictsc2021-K-shir0",
      "provider": "provider[\"registry.terraform.io/integrations/github\"]",
      "instances": [
        {
          "schema_version": 0,
          "attributes": {
            "etag": "W/\"54d92301d03a357ec198b18178e1306995037b92819d4ccd2a31ecfe179fbfb0\"",
            "id": "4811781:K-shir0",
            "role": "member",
            "team_id": "4811781",
            "username": "K-shir0"
          },
          "sensitive_attributes": [],
          "dependencies": [
            "github_membership.K-shir0",
            "github_team.ictsc2021"
          ]
        }
      ]
    },
    {
      "mode": "managed",
      "type": "github_team_membership",
      "name": "ictsc2021-Terfno",
      "provider": "provider[\"registry.terraform.io/integrations/github\"]",
      "instances": [
        {
          "schema_version": 0,
          "attributes": {
            "etag": "W/\"fc18b608c8c66864224a2ac79be547748f36b2cfeb7abb483758cdcb1061f738\"",
            "id": "4811781:Terfno",
            "role": "member",
            "team_id": "4811781",
            "username": "Terfno"
          },
          "sensitive_attributes": [],
          "dependencies": [
            "github_membership.Terfno",
            "github_team.ictsc2021"
          ]
        }
      ]
    },
    {
      "mode": "managed",
      "type": "github_team_membership",
      "name": "ictsc2021-arupakan125",
      "provider": "provider[\"registry.terraform.io/integrations/github\"]",
      "instances": [
        {
          "schema_version": 0,
          "attributes": {
            "etag": "W/\"4463e88379e8df0e78998d1923f46326612b3b8bb03cda21b4ddcbe388a7f1ce\"",
            "id": "4811781:arupakan125",
            "role": "member",
            "team_id": "4811781",
            "username": "arupakan125"
          },
          "sensitive_attributes": [],
          "dependencies": [
            "github_membership.arupakan125",
            "github_team.ictsc2021"
          ]
        }
      ]
    },
    {
      "mode": "managed",
      "type": "github_team_membership",
      "name": "ictsc2021-chaya2z",
      "provider": "provider[\"registry.terraform.io/integrations/github\"]",
      "instances": [
        {
          "schema_version": 0,
          "attributes": {
            "etag": "W/\"e364c1bef72795cd77fcb6107b44fd662b992c7eb2ad2cad10ac2ebbc7ea80c5\"",
            "id": "4811781:chaya2z",
            "role": "member",
            "team_id": "4811781",
            "username": "chaya2z"
          },
          "sensitive_attributes": [],
          "dependencies": [
            "github_membership.chaya2z",
            "github_team.ictsc2021"
          ]
        }
      ]
    },
    {
      "mode": "managed",
      "type": "github_team_membership",
      "name": "ictsc2021-kapibara824",
      "provider": "provider[\"registry.terraform.io/integrations/github\"]",
      "instances": [
        {
          "schema_version": 0,
          "attributes": {
            "etag": "W/\"6da41721efe3942c0f2b71e2ef45868d630d565fa1f0c71914b9f5ea95b8ed9a\"",
            "id": "4811781:kapibara824",
            "role": "member",
            "team_id": "4811781",
            "username": "kapibara824"
          },
          "sensitive_attributes": [],
          "dependencies": [
            "github_membership.kapibara824",
            "github_team.ictsc2021"
          ]
        }
      ]
    },
    {
      "mode": "managed",
      "type": "github_team_membership",
      "name": "ictsc2021-onokatio",
      "provider": "provider[\"registry.terraform.io/integrations/github\"]",
      "instances": [
        {
          "schema_version": 0,
          "attributes": {
            "etag": "W/\"452b626d05b3011fe84d28619567da943d02ce6c522c987afbc975f937a31413\"",
            "id": "4811781:onokatio",
            "role": "member",
            "team_id": "4811781",
            "username": "onokatio"
          },
          "sensitive_attributes": [],
          "private": "bnVsbA==",
          "dependencies": [
            "github_membership.onokatio",
            "github_team.ictsc2021"
          ]
        }
      ]
    },
    {
      "mode": "managed",
      "type": "github_team_membership",
      "name": "ictsc2021-ophum",
      "provider": "provider[\"registry.terraform.io/integrations/github\"]",
      "instances": [
        {
          "schema_version": 0,
          "attributes": {
            "etag": "W/\"28af598e0ef871897c6d87e4a95e4ad9d74111354ec95d26ac11d9980f3af2b6\"",
            "id": "4811781:ophum",
            "role": "member",
            "team_id": "4811781",
            "username": "ophum"
          },
          "sensitive_attributes": [],
          "dependencies": [
            "github_membership.ophum",
            "github_team.ictsc2021"
          ]
        }
      ]
    },
    {
      "mode": "managed",
      "type": "github_team_membership",
      "name": "ictsc2021-proelbtn",
      "provider": "provider[\"registry.terraform.io/integrations/github\"]",
      "instances": [
        {
          "schema_version": 0,
          "attributes": {
            "etag": "W/\"0e47dffb7733b426b7e21f37c0b2785bf2e48f8fe03bcb09bb03281c019690aa\"",
            "id": "4811781:proelbtn",
            "role": "member",
            "team_id": "4811781",
            "username": "proelbtn"
          },
          "sensitive_attributes": [],
          "private": "bnVsbA==",
          "dependencies": [
            "github_membership.proelbtn",
            "github_team.ictsc2021"
          ]
        }
      ]
    },
    {
      "mode": "managed",
      "type": "github_team_membership",
      "name": "ictsc2021-site0801",
      "provider": "provider[\"registry.terraform.io/integrations/github\"]",
      "instances": [
        {
          "schema_version": 0,
          "attributes": {
            "etag": "W/\"1a53fbf452ed71090f45b5b70da1a73c3e87fa7b70a7f661f9c035b45ec4440f\"",
            "id": "4811781:site0801",
            "role": "member",
            "team_id": "4811781",
            "username": "site0801"
          },
          "sensitive_attributes": [],
          "dependencies": [
            "github_membership.site0801",
            "github_team.ictsc2021"
          ]
        }
      ]
    },
    {
      "mode": "managed",
      "type": "github_team_membership",
      "name": "ictsc2021-tomatoaas",
      "provider": "provider[\"registry.terraform.io/integrations/github\"]",
      "instances": [
        {
          "schema_version": 0,
          "attributes": {
            "etag": "W/\"4fc937efe1002b7d99d9d9d26b2de059ad2f6a3fbe46d177c300fa8fe8ff0cb5\"",
            "id": "4811781:tomatoaas",
            "role": "member",
            "team_id": "4811781",
            "username": "tomatoaas"
          },
          "sensitive_attributes": [],
          "dependencies": [
            "github_membership.tomatoaas",
            "github_team.ictsc2021"
          ]
        }
      ]
    },
    {
      "mode": "managed",
      "type": "github_team_membership",
      "name": "ictsc2021-x86taka",
      "provider": "provider[\"registry.terraform.io/integrations/github\"]",
      "instances": [
        {
          "schema_version": 0,
          "attributes": {
            "etag": "W/\"34b76ef32f58f54e6a39dc827c16814ac1208f337aeef593231aaa2e84a26464\"",
            "id": "4811781:x86taka",
            "role": "member",
            "team_id": "4811781",
            "username": "x86taka"
          },
          "sensitive_attributes": [],
          "private": "bnVsbA==",
          "dependencies": [
            "github_membership.x86taka",
            "github_team.ictsc2021"
          ]
        }
      ]
    },
    {
      "mode": "managed",
      "type": "github_team_membership",
      "name": "ictsc2021-yo-kanyukari",
      "provider": "provider[\"registry.terraform.io/integrations/github\"]",
      "instances": [
        {
          "schema_version": 0,
          "attributes": {
            "etag": "W/\"afacec6b6684a28d93010f4c4ae34c20173264435feddcf478ddfe8be33897d6\"",
            "id": "4811781:siberiy4",
            "role": "member",
            "team_id": "4811781",
            "username": "siberiy4"
          },
          "sensitive_attributes": [],
          "private": "bnVsbA==",
          "dependencies": [
            "github_membership.yo-kanyukari",
            "github_team.ictsc2021"
          ]
        }
      ]
    },
    {
      "mode": "managed",
      "type": "github_team_membership",
      "name": "ictsc2021-yoneyan",
      "provider": "provider[\"registry.terraform.io/integrations/github\"]",
      "instances": [
        {
          "schema_version": 0,
          "attributes": {
            "etag": "W/\"3a28823b064ff48b31b557e95f11372d39627afbbae605deb0484b2b5d3e6543\"",
            "id": "4811781:yoneyan",
            "role": "member",
            "team_id": "4811781",
            "username": "yoneyan"
          },
          "sensitive_attributes": [],
          "dependencies": [
            "github_membership.yoneyan",
            "github_team.ictsc2021"
          ]
        }
      ]
    },
    {
      "mode": "managed",
      "type": "github_team_membership",
      "name": "ictsc2022-Crow314",
      "provider": "provider[\"registry.terraform.io/integrations/github\"]",
      "instances": [
        {
          "schema_version": 0,
          "attributes": {
            "etag": "W/\"63f6ee570de513702c2ce34f82ee5720b9c02a2d83b836f269f48c061cb74aa8\"",
            "id": "7097691:Crow314",
            "role": "member",
            "team_id": "7097691",
            "username": "Crow314"
          },
          "sensitive_attributes": [],
          "private": "bnVsbA==",
          "dependencies": [
            "github_membership.Crow314",
            "github_team.ictsc2022"
          ]
        }
      ]
    },
    {
      "mode": "managed",
      "type": "github_team_membership",
      "name": "ictsc2022-Explosive6363",
      "provider": "provider[\"registry.terraform.io/integrations/github\"]",
      "instances": [
        {
          "schema_version": 0,
          "attributes": {
            "etag": "W/\"6841495723a5a2091582289d630f8a3c35994ed93a1de3a1a9d8b4e7305ed13e\"",
            "id": "7097691:Explosive6363",
            "role": "maintainer",
            "team_id": "7097691",
            "username": "Explosive6363"
          },
          "sensitive_attributes": [],
          "private": "bnVsbA==",
          "dependencies": [
            "github_membership.Explosive6363",
            "github_team.ictsc2022"
          ]
        }
      ]
    },
    {
      "mode": "managed",
      "type": "github_team_membership",
      "name": "ictsc2022-Hicky1025",
      "provider": "provider[\"registry.terraform.io/integrations/github\"]",
      "instances": [
        {
          "schema_version": 0,
          "attributes": {
            "etag": "W/\"60e41ba97da44be37c51ad638fff01b061110ff64e1650bcb021d6c010c9f3f4\"",
            "id": "7097691:Hicky1025",
            "role": "member",
            "team_id": "7097691",
            "username": "Hicky1025"
          },
          "sensitive_attributes": [],
          "private": "bnVsbA==",
          "dependencies": [
            "github_membership.Hicky1025",
            "github_team.ictsc2022"
          ]
        }
      ]
    },
    {
      "mode": "managed",
      "type": "github_team_membership",
      "name": "ictsc2022-K-shir0",
      "provider": "provider[\"registry.terraform.io/integrations/github\"]",
      "instances": [
        {
          "schema_version": 0,
          "attributes": {
            "etag": "W/\"074075440a0eb595feecc1bdfa9c719c339b56afbcd3b7cb8898b58e0a5bf42e\"",
            "id": "7097691:K-shir0",
            "role": "member",
            "team_id": "7097691",
            "username": "K-shir0"
          },
          "sensitive_attributes": [],
          "private": "bnVsbA==",
          "dependencies": [
            "github_membership.K-shir0",
            "github_team.ictsc2022"
          ]
        }
      ]
    },
    {
      "mode": "managed",
      "type": "github_team_membership",
      "name": "ictsc2022-Nishinoyama",
      "provider": "provider[\"registry.terraform.io/integrations/github\"]",
      "instances": [
        {
          "schema_version": 0,
          "attributes": {
            "etag": "W/\"620e1811736f3165e058ea631f17b197a0bfda4871c82a15691549354a781583\"",
            "id": "7097691:Nishinoyama",
            "role": "member",
            "team_id": "7097691",
            "username": "Nishinoyama"
          },
          "sensitive_attributes": [],
          "private": "bnVsbA==",
          "dependencies": [
            "github_membership.Nishinoyama",
            "github_team.ictsc2022"
          ]
        }
      ]
    },
    {
      "mode": "managed",
      "type": "github_team_membership",
      "name": "ictsc2022-chaya2z",
      "provider": "provider[\"registry.terraform.io/integrations/github\"]",
      "instances": [
        {
          "schema_version": 0,
          "attributes": {
            "etag": "W/\"746f454325060430eb46cd443b3b1abd144da334534f246a79249d039efd5628\"",
            "id": "7097691:chaya2z",
            "role": "member",
            "team_id": "7097691",
            "username": "chaya2z"
          },
          "sensitive_attributes": [],
          "private": "bnVsbA==",
          "dependencies": [
            "github_membership.chaya2z",
            "github_team.ictsc2022"
          ]
        }
      ]
    },
    {
      "mode": "managed",
      "type": "github_team_membership",
      "name": "ictsc2022-logica0419",
      "provider": "provider[\"registry.terraform.io/integrations/github\"]",
      "instances": [
        {
          "schema_version": 0,
          "attributes": {
            "etag": "W/\"536b5bff3acb63048346d27e56b48434441458c62e38f62c6ca3871ac1e8f7c1\"",
            "id": "7097691:logica0419",
            "role": "member",
            "team_id": "7097691",
            "username": "logica0419"
          },
          "sensitive_attributes": [],
          "private": "bnVsbA==",
          "dependencies": [
            "github_membership.logica0419",
            "github_team.ictsc2022"
          ]
        }
      ]
    },
    {
      "mode": "managed",
      "type": "github_team_membership",
      "name": "ictsc2022-onokatio",
      "provider": "provider[\"registry.terraform.io/integrations/github\"]",
      "instances": [
        {
          "schema_version": 0,
          "attributes": {
            "etag": "W/\"812d1fa7b4b372f763e0688a116ad9f79e3711fb6388f58b651fe421e4b5facb\"",
            "id": "7097691:onokatio",
            "role": "maintainer",
            "team_id": "7097691",
            "username": "onokatio"
          },
          "sensitive_attributes": [],
          "private": "bnVsbA==",
          "dependencies": [
            "github_membership.onokatio",
            "github_team.ictsc2022"
          ]
        }
      ]
    },
    {
      "mode": "managed",
      "type": "github_team_membership",
      "name": "ictsc2022-site0801",
      "provider": "provider[\"registry.terraform.io/integrations/github\"]",
      "instances": [
        {
          "schema_version": 0,
          "attributes": {
            "etag": "W/\"f774c160cd3f370fa40b6229b16aecf7fb0eba7bf039c63f05023ff1bd38ccae\"",
            "id": "7097691:site0801",
            "role": "member",
            "team_id": "7097691",
            "username": "site0801"
          },
          "sensitive_attributes": [],
          "private": "bnVsbA==",
          "dependencies": [
            "github_membership.site0801",
            "github_team.ictsc2022"
          ]
        }
      ]
    },
    {
      "mode": "managed",
      "type": "github_team_membership",
      "name": "ictsc2022-syuuya-nakatomi",
      "provider": "provider[\"registry.terraform.io/integrations/github\"]",
      "instances": [
        {
          "schema_version": 0,
          "attributes": {
            "etag": "W/\"1d9ffcc8a8b793290886bbe34bcef4f839e90128d89102636b2c1a5717deae17\"",
            "id": "7097691:syuuya-nakatomi",
            "role": "member",
            "team_id": "7097691",
            "username": "syuuya-nakatomi"
          },
          "sensitive_attributes": [],
          "private": "bnVsbA==",
          "dependencies": [
            "github_membership.syuuya-nakatomi",
            "github_team.ictsc2022"
          ]
        }
      ]
    },
    {
      "mode": "managed",
      "type": "github_team_membership",
      "name": "ictsc2022-x86taka",
      "provider": "provider[\"registry.terraform.io/integrations/github\"]",
      "instances": [
        {
          "schema_version": 0,
          "attributes": {
            "etag": "W/\"bc8dd73a53dc6a8069e57f13d6c230a8aa78bcd5727554ef52711922c51fc1cf\"",
            "id": "7097691:x86taka",
            "role": "maintainer",
            "team_id": "7097691",
            "username": "x86taka"
          },
          "sensitive_attributes": [],
          "private": "bnVsbA==",
          "dependencies": [
            "github_membership.x86taka",
            "github_team.ictsc2022"
          ]
        }
      ]
    },
    {
      "mode": "managed",
      "type": "github_team_membership",
      "name": "ictsc2022-yo-kanyukari",
      "provider": "provider[\"registry.terraform.io/integrations/github\"]",
      "instances": [
        {
          "schema_version": 0,
          "attributes": {
            "etag": "W/\"483d97be2ac971742120f66baf60144e283eb4640c71d22e1f520b20a9a0f178\"",
            "id": "7097691:siberiy4",
            "role": "member",
            "team_id": "7097691",
            "username": "siberiy4"
          },
          "sensitive_attributes": [],
          "private": "bnVsbA==",
          "dependencies": [
            "github_membership.yo-kanyukari",
            "github_team.ictsc2022"
          ]
        }
      ]
    },
    {
      "mode": "managed",
      "type": "github_team_membership",
      "name": "ictsc4-chisaton1",
      "provider": "provider[\"registry.terraform.io/integrations/github\"]",
      "instances": [
        {
          "schema_version": 0,
          "attributes": {
            "etag": "W/\"7741b04b81a54ffa70bdbd18ecadfe98a400c31ad4cacd34f4e4ba52c57e735c\"",
            "id": "2004351:chisaton1",
            "role": "member",
            "team_id": "2004351",
            "username": "chisaton1"
          },
          "sensitive_attributes": [],
          "dependencies": [
            "github_membership.chisaton1",
            "github_team.ictsc4"
          ]
        }
      ]
    },
    {
      "mode": "managed",
      "type": "github_team_membership",
      "name": "ictsc4-ibucho",
      "provider": "provider[\"registry.terraform.io/integrations/github\"]",
      "instances": [
        {
          "schema_version": 0,
          "attributes": {
            "etag": "W/\"591efa4114bda339f33f887df570f7635fa0669f9aad4bf31e1720c0b509a737\"",
            "id": "2004351:ibucho",
            "role": "member",
            "team_id": "2004351",
            "username": "ibucho"
          },
          "sensitive_attributes": [],
          "private": "bnVsbA==",
          "dependencies": [
            "github_membership.ibucho",
            "github_team.ictsc4"
          ]
        }
      ]
    },
    {
      "mode": "managed",
      "type": "github_team_membership",
      "name": "ictsc4-kayo-tozaki",
      "provider": "provider[\"registry.terraform.io/integrations/github\"]",
      "instances": [
        {
          "schema_version": 0,
          "attributes": {
            "etag": "W/\"4f80af36da6beb707d330fe6733d7d6c452c10c81e186b10040f0f2ad309db64\"",
            "id": "2004351:kayo-tozaki",
            "role": "member",
            "team_id": "2004351",
            "username": "kayo-tozaki"
          },
          "sensitive_attributes": [],
          "dependencies": [
            "github_membership.kayo-tozaki",
            "github_team.ictsc4"
          ]
        }
      ]
    },
    {
      "mode": "managed",
      "type": "github_team_membership",
      "name": "ictsc4-keisukearakawa",
      "provider": "provider[\"registry.terraform.io/integrations/github\"]",
      "instances": [
        {
          "schema_version": 0,
          "attributes": {
            "etag": "W/\"2fe6047f2fafaa06130df52fd000a8ad1338a0a7c7a01a6958dd1a48a1ef6822\"",
            "id": "2004351:keisukearakawa",
            "role": "member",
            "team_id": "2004351",
            "username": "keisukearakawa"
          },
          "sensitive_attributes": [],
          "dependencies": [
            "github_membership.keisukearakawa",
            "github_team.ictsc4"
          ]
        }
      ]
    },
    {
      "mode": "managed",
      "type": "github_team_membership",
      "name": "ictsc4-kurochan",
      "provider": "provider[\"registry.terraform.io/integrations/github\"]",
      "instances": [
        {
          "schema_version": 0,
          "attributes": {
            "etag": "W/\"b3fa8eeedee7c06faf8d264ef598d3ffe456b4bbdb1afa23aee6da7231205ad2\"",
            "id": "2004351:kurochan",
            "role": "member",
            "team_id": "2004351",
            "username": "kurochan"
          },
          "sensitive_attributes": [],
          "private": "bnVsbA==",
          "dependencies": [
            "github_membership.kurochan",
            "github_team.ictsc4"
          ]
        }
      ]
    },
    {
      "mode": "managed",
      "type": "github_team_membership",
      "name": "ictsc4-mbook-x86",
      "provider": "provider[\"registry.terraform.io/integrations/github\"]",
      "instances": [
        {
          "schema_version": 0,
          "attributes": {
            "etag": "W/\"307073d01c8fe2eed7b2ce2ea4f2922527ed21d5e2ad4128875071112047874a\"",
            "id": "2004351:mbook-x86",
            "role": "member",
            "team_id": "2004351",
            "username": "mbook-x86"
          },
          "sensitive_attributes": [],
          "dependencies": [
            "github_membership.mbook-x86",
            "github_team.ictsc4"
          ]
        }
      ]
    },
    {
      "mode": "managed",
      "type": "github_team_membership",
      "name": "ictsc4-netmarkjp",
      "provider": "provider[\"registry.terraform.io/integrations/github\"]",
      "instances": [
        {
          "schema_version": 0,
          "attributes": {
            "etag": "W/\"ffa268f34784694c74de86781bf5c7057e7a44aba88afa3e87e67f48222ecfe0\"",
            "id": "2004351:netmarkjp",
            "role": "member",
            "team_id": "2004351",
            "username": "netmarkjp"
          },
          "sensitive_attributes": [],
          "private": "bnVsbA==",
          "dependencies": [
            "github_membership.netmarkjp",
            "github_team.ictsc4"
          ]
        }
      ]
    },
    {
      "mode": "managed",
      "type": "github_team_membership",
      "name": "ictsc4-staybuzz",
      "provider": "provider[\"registry.terraform.io/integrations/github\"]",
      "instances": [
        {
          "schema_version": 0,
          "attributes": {
            "etag": "W/\"978d75d558c2503ddbc912ad4d5e9efd72aac3207cdd974c092ca514036f14e0\"",
            "id": "2004351:staybuzz",
            "role": "member",
            "team_id": "2004351",
            "username": "staybuzz"
          },
          "sensitive_attributes": [],
          "dependencies": [
            "github_membership.staybuzz",
            "github_team.ictsc4"
          ]
        }
      ]
    },
    {
      "mode": "managed",
      "type": "github_team_membership",
      "name": "ictsc4-whywaita",
      "provider": "provider[\"registry.terraform.io/integrations/github\"]",
      "instances": [
        {
          "schema_version": 0,
          "attributes": {
            "etag": "W/\"2a5daba184aa0d73f493ac4c14fe6fd385f05f0eabe9e35455284d868a745153\"",
            "id": "2004351:whywaita",
            "role": "member",
            "team_id": "2004351",
            "username": "whywaita"
          },
          "sensitive_attributes": [],
          "private": "bnVsbA==",
          "dependencies": [
            "github_membership.whywaita",
            "github_team.ictsc4"
          ]
        }
      ]
    },
    {
      "mode": "managed",
      "type": "github_team_membership",
      "name": "ictsc4-yatuhashi",
      "provider": "provider[\"registry.terraform.io/integrations/github\"]",
      "instances": [
        {
          "schema_version": 0,
          "attributes": {
            "etag": "W/\"b4fd8c192d3df283db2bd6511b24492da7c6186fd001f013ed4b672a2b19cca6\"",
            "id": "2004351:yatuhashi",
            "role": "member",
            "team_id": "2004351",
            "username": "yatuhashi"
          },
          "sensitive_attributes": [],
          "dependencies": [
            "github_membership.yatuhashi",
            "github_team.ictsc4"
          ]
        }
      ]
    },
    {
      "mode": "managed",
      "type": "github_team_membership",
      "name": "ictsc4-yo-taro",
      "provider": "provider[\"registry.terraform.io/integrations/github\"]",
      "instances": [
        {
          "schema_version": 0,
          "attributes": {
            "etag": "W/\"677563b78d4e99f8733d63858f72e956b8df798b8bcdf5ba7ea88eb56d0eb687\"",
            "id": "2004351:yo-taro",
            "role": "member",
            "team_id": "2004351",
            "username": "yo-taro"
          },
          "sensitive_attributes": [],
          "dependencies": [
            "github_membership.yo-taro",
            "github_team.ictsc4"
          ]
        }
      ]
    },
    {
      "mode": "managed",
      "type": "github_team_membership",
      "name": "ictsc5-aoi96",
      "provider": "provider[\"registry.terraform.io/integrations/github\"]",
      "instances": [
        {
          "schema_version": 0,
          "attributes": {
            "etag": "W/\"b86225ce82943a7fa85223b33ed2c43bdfa9c49a87dd4d0319eba67df210fd8a\"",
            "id": "2004352:aoi96",
            "role": "member",
            "team_id": "2004352",
            "username": "aoi96"
          },
          "sensitive_attributes": [],
          "dependencies": [
            "github_membership.aoi96",
            "github_team.ictsc5"
          ]
        }
      ]
    },
    {
      "mode": "managed",
      "type": "github_team_membership",
      "name": "ictsc5-asdfec",
      "provider": "provider[\"registry.terraform.io/integrations/github\"]",
      "instances": [
        {
          "schema_version": 0,
          "attributes": {
            "etag": "W/\"655cd190ea8afedab1b2e204211f27a2a62b7e17c84375b5ec7264893c052fbf\"",
            "id": "2004352:asdfec",
            "role": "member",
            "team_id": "2004352",
            "username": "asdfec"
          },
          "sensitive_attributes": [],
          "dependencies": [
            "github_membership.asdfec",
            "github_team.ictsc5"
          ]
        }
      ]
    },
    {
      "mode": "managed",
      "type": "github_team_membership",
      "name": "ictsc5-chamaharun",
      "provider": "provider[\"registry.terraform.io/integrations/github\"]",
      "instances": [
        {
          "schema_version": 0,
          "attributes": {
            "etag": "W/\"7eca4a28cc224b9ac95d3d8289a79a5bd3cd6411d13184ea189c031e3558f56e\"",
            "id": "2004352:chamaharun",
            "role": "member",
            "team_id": "2004352",
            "username": "chamaharun"
          },
          "sensitive_attributes": [],
          "dependencies": [
            "github_membership.chamaharun",
            "github_team.ictsc5"
          ]
        }
      ]
    },
    {
      "mode": "managed",
      "type": "github_team_membership",
      "name": "ictsc5-chibiegg",
      "provider": "provider[\"registry.terraform.io/integrations/github\"]",
      "instances": [
        {
          "schema_version": 0,
          "attributes": {
            "etag": "W/\"f7f257558e48aed7506c54f3983da033c1c168e9b3441ddf0a9c0d41ffb02d65\"",
            "id": "2004352:chibiegg",
            "role": "member",
            "team_id": "2004352",
            "username": "chibiegg"
          },
          "sensitive_attributes": [],
          "dependencies": [
            "github_membership.chibiegg",
            "github_team.ictsc5"
          ]
        }
      ]
    },
    {
      "mode": "managed",
      "type": "github_team_membership",
      "name": "ictsc5-guragusan",
      "provider": "provider[\"registry.terraform.io/integrations/github\"]",
      "instances": [
        {
          "schema_version": 0,
          "attributes": {
            "etag": "W/\"e6b1c6d88d076b9bc51f778be5a96c7f6cc8d74ad6c33390224f5ec5dd80f910\"",
            "id": "2004352:guragusan",
            "role": "member",
            "team_id": "2004352",
            "username": "guragusan"
          },
          "sensitive_attributes": [],
          "dependencies": [
            "github_membership.guragusan",
            "github_team.ictsc5"
          ]
        }
      ]
    },
    {
      "mode": "managed",
      "type": "github_team_membership",
      "name": "ictsc5-ibucho",
      "provider": "provider[\"registry.terraform.io/integrations/github\"]",
      "instances": [
        {
          "schema_version": 0,
          "attributes": {
            "etag": "W/\"0baf8f1a9d1e2fa0b450dff7e94aedc75a14da87d7fd3f9662fbd0b96cb9080e\"",
            "id": "2004352:ibucho",
            "role": "member",
            "team_id": "2004352",
            "username": "ibucho"
          },
          "sensitive_attributes": [],
          "private": "bnVsbA==",
          "dependencies": [
            "github_membership.ibucho",
            "github_team.ictsc5"
          ]
        }
      ]
    },
    {
      "mode": "managed",
      "type": "github_team_membership",
      "name": "ictsc5-icchy",
      "provider": "provider[\"registry.terraform.io/integrations/github\"]",
      "instances": [
        {
          "schema_version": 0,
          "attributes": {
            "etag": "W/\"d7d934bfa849bcd8201531653f5474685d5e4f6f4ccd8797089aa06e5663f09a\"",
            "id": "2004352:icchy",
            "role": "member",
            "team_id": "2004352",
            "username": "icchy"
          },
          "sensitive_attributes": [],
          "dependencies": [
            "github_membership.icchy",
            "github_team.ictsc5"
          ]
        }
      ]
    },
    {
      "mode": "managed",
      "type": "github_team_membership",
      "name": "ictsc5-kadokusei",
      "provider": "provider[\"registry.terraform.io/integrations/github\"]",
      "instances": [
        {
          "schema_version": 0,
          "attributes": {
            "etag": "W/\"594c23f49bd33be13cb6f3d3142d04cd9c159ab11ca9affc659bbaae9b378b37\"",
            "id": "2004352:kadokusei",
            "role": "member",
            "team_id": "2004352",
            "username": "kadokusei"
          },
          "sensitive_attributes": [],
          "dependencies": [
            "github_membership.kadokusei",
            "github_team.ictsc5"
          ]
        }
      ]
    },
    {
      "mode": "managed",
      "type": "github_team_membership",
      "name": "ictsc5-kayo-tozaki",
      "provider": "provider[\"registry.terraform.io/integrations/github\"]",
      "instances": [
        {
          "schema_version": 0,
          "attributes": {
            "etag": "W/\"276e14ad3fe45968ecef15326754a71e3c552b73725024259a770cdb11a596c2\"",
            "id": "2004352:kayo-tozaki",
            "role": "member",
            "team_id": "2004352",
            "username": "kayo-tozaki"
          },
          "sensitive_attributes": [],
          "dependencies": [
            "github_membership.kayo-tozaki",
            "github_team.ictsc5"
          ]
        }
      ]
    },
    {
      "mode": "managed",
      "type": "github_team_membership",
      "name": "ictsc5-keisukearakawa",
      "provider": "provider[\"registry.terraform.io/integrations/github\"]",
      "instances": [
        {
          "schema_version": 0,
          "attributes": {
            "etag": "W/\"ec4c27650bfc2792c74177c32b6d17c9ca328a997b1fe08d3f738cb43e2fc5fb\"",
            "id": "2004352:keisukearakawa",
            "role": "member",
            "team_id": "2004352",
            "username": "keisukearakawa"
          },
          "sensitive_attributes": [],
          "dependencies": [
            "github_membership.keisukearakawa",
            "github_team.ictsc5"
          ]
        }
      ]
    },
    {
      "mode": "managed",
      "type": "github_team_membership",
      "name": "ictsc5-kurochan",
      "provider": "provider[\"registry.terraform.io/integrations/github\"]",
      "instances": [
        {
          "schema_version": 0,
          "attributes": {
            "etag": "W/\"a9c36237be584a8a7bc5b485ffeb191ad3bf1b8b3b1a2ddea9197d60946dd103\"",
            "id": "2004352:kurochan",
            "role": "member",
            "team_id": "2004352",
            "username": "kurochan"
          },
          "sensitive_attributes": [],
          "private": "bnVsbA==",
          "dependencies": [
            "github_membership.kurochan",
            "github_team.ictsc5"
          ]
        }
      ]
    },
    {
      "mode": "managed",
      "type": "github_team_membership",
      "name": "ictsc5-kyoko0514",
      "provider": "provider[\"registry.terraform.io/integrations/github\"]",
      "instances": [
        {
          "schema_version": 0,
          "attributes": {
            "etag": "W/\"b59c14e2af377e6253ce05834b8a035d0d86fdac15b6f05e2d1969e5d7f0710c\"",
            "id": "2004352:kyoko0514",
            "role": "member",
            "team_id": "2004352",
            "username": "kyoko0514"
          },
          "sensitive_attributes": [],
          "dependencies": [
            "github_membership.kyoko0514",
            "github_team.ictsc5"
          ]
        }
      ]
    },
    {
      "mode": "managed",
      "type": "github_team_membership",
      "name": "ictsc5-mbook-x86",
      "provider": "provider[\"registry.terraform.io/integrations/github\"]",
      "instances": [
        {
          "schema_version": 0,
          "attributes": {
            "etag": "W/\"904846db10c6948b53a3095ad6f409d659c938b3c51f1da366e0752bf24212d9\"",
            "id": "2004352:mbook-x86",
            "role": "member",
            "team_id": "2004352",
            "username": "mbook-x86"
          },
          "sensitive_attributes": [],
          "dependencies": [
            "github_membership.mbook-x86",
            "github_team.ictsc5"
          ]
        }
      ]
    },
    {
      "mode": "managed",
      "type": "github_team_membership",
      "name": "ictsc5-miyao11",
      "provider": "provider[\"registry.terraform.io/integrations/github\"]",
      "instances": [
        {
          "schema_version": 0,
          "attributes": {
            "etag": "W/\"b438cbd628fa3e75c3d6f6abf37316fe94b5c5f3cb0fd94c6b8b433ca6270177\"",
            "id": "2004352:Miyao11",
            "role": "member",
            "team_id": "2004352",
            "username": "Miyao11"
          },
          "sensitive_attributes": [],
          "dependencies": [
            "github_membership.miyao11",
            "github_team.ictsc5"
          ]
        }
      ]
    },
    {
      "mode": "managed",
      "type": "github_team_membership",
      "name": "ictsc5-mk0913mnck",
      "provider": "provider[\"registry.terraform.io/integrations/github\"]",
      "instances": [
        {
          "schema_version": 0,
          "attributes": {
            "etag": "W/\"ac5fc935e44eca2ad206873c2bc8efa3a1bb1ab4f5c97b816c1889c640ad3f43\"",
            "id": "2004352:mk0913mnck",
            "role": "member",
            "team_id": "2004352",
            "username": "mk0913mnck"
          },
          "sensitive_attributes": [],
          "dependencies": [
            "github_membership.mk0913mnck",
            "github_team.ictsc5"
          ]
        }
      ]
    },
    {
      "mode": "managed",
      "type": "github_team_membership",
      "name": "ictsc5-netmarkjp",
      "provider": "provider[\"registry.terraform.io/integrations/github\"]",
      "instances": [
        {
          "schema_version": 0,
          "attributes": {
            "etag": "W/\"850f692a94655b8a2b9a7ace460f03699cd5aed017d4ac1824373af0bf0f31a0\"",
            "id": "2004352:netmarkjp",
            "role": "member",
            "team_id": "2004352",
            "username": "netmarkjp"
          },
          "sensitive_attributes": [],
          "private": "bnVsbA==",
          "dependencies": [
            "github_membership.netmarkjp",
            "github_team.ictsc5"
          ]
        }
      ]
    },
    {
      "mode": "managed",
      "type": "github_team_membership",
      "name": "ictsc5-notchi590",
      "provider": "provider[\"registry.terraform.io/integrations/github\"]",
      "instances": [
        {
          "schema_version": 0,
          "attributes": {
            "etag": "W/\"ece43effb83b475ce65a789403df0cb4794ed1b854e3f858a7607caee982cf89\"",
            "id": "2004352:notchi590",
            "role": "member",
            "team_id": "2004352",
            "username": "notchi590"
          },
          "sensitive_attributes": [],
          "dependencies": [
            "github_membership.notchi590",
            "github_team.ictsc5"
          ]
        }
      ]
    },
    {
      "mode": "managed",
      "type": "github_team_membership",
      "name": "ictsc5-palloc",
      "provider": "provider[\"registry.terraform.io/integrations/github\"]",
      "instances": [
        {
          "schema_version": 0,
          "attributes": {
            "etag": "W/\"41d49e21e028e2e8e5641b3f1ca4af208295e19f92cea253c0742cf47d719797\"",
            "id": "2004352:palloc",
            "role": "member",
            "team_id": "2004352",
            "username": "palloc"
          },
          "sensitive_attributes": [],
          "dependencies": [
            "github_membership.palloc",
            "github_team.ictsc5"
          ]
        }
      ]
    },
    {
      "mode": "managed",
      "type": "github_team_membership",
      "name": "ictsc5-sora34",
      "provider": "provider[\"registry.terraform.io/integrations/github\"]",
      "instances": [
        {
          "schema_version": 0,
          "attributes": {
            "etag": "W/\"a05ea26b9705b1218410ee783bb408a5002444608060c3a83d6f4d432cee9dd9\"",
            "id": "2004352:sora34",
            "role": "member",
            "team_id": "2004352",
            "username": "sora34"
          },
          "sensitive_attributes": [],
          "dependencies": [
            "github_membership.sora34",
            "github_team.ictsc5"
          ]
        }
      ]
    },
    {
      "mode": "managed",
      "type": "github_team_membership",
      "name": "ictsc5-staybuzz",
      "provider": "provider[\"registry.terraform.io/integrations/github\"]",
      "instances": [
        {
          "schema_version": 0,
          "attributes": {
            "etag": "W/\"170dea68d25ff4f6040e30884cbdee1e1d749601491781327509775d0bf95ec0\"",
            "id": "2004352:staybuzz",
            "role": "member",
            "team_id": "2004352",
            "username": "staybuzz"
          },
          "sensitive_attributes": [],
          "dependencies": [
            "github_membership.staybuzz",
            "github_team.ictsc5"
          ]
        }
      ]
    },
    {
      "mode": "managed",
      "type": "github_team_membership",
      "name": "ictsc5-sugiki-accelia",
      "provider": "provider[\"registry.terraform.io/integrations/github\"]",
      "instances": [
        {
          "schema_version": 0,
          "attributes": {
            "etag": "W/\"e6d64ca54eb740b5535540e634a63ed8648f24bc9a011fadfac69a11c057c100\"",
            "id": "2004352:sugiki-accelia",
            "role": "member",
            "team_id": "2004352",
            "username": "sugiki-accelia"
          },
          "sensitive_attributes": [],
          "dependencies": [
            "github_membership.sugiki-accelia",
            "github_team.ictsc5"
          ]
        }
      ]
    },
    {
      "mode": "managed",
      "type": "github_team_membership",
      "name": "ictsc5-sukekawa-accelia",
      "provider": "provider[\"registry.terraform.io/integrations/github\"]",
      "instances": [
        {
          "schema_version": 0,
          "attributes": {
            "etag": "W/\"480684489943374ed968e6f82948ef8c9996b949641411eed259de4cb48b6a5c\"",
            "id": "2004352:sukekawa-accelia",
            "role": "member",
            "team_id": "2004352",
            "username": "sukekawa-accelia"
          },
          "sensitive_attributes": [],
          "dependencies": [
            "github_membership.sukekawa-accelia",
            "github_team.ictsc5"
          ]
        }
      ]
    },
    {
      "mode": "managed",
      "type": "github_team_membership",
      "name": "ictsc5-takes3",
      "provider": "provider[\"registry.terraform.io/integrations/github\"]",
      "instances": [
        {
          "schema_version": 0,
          "attributes": {
            "etag": "W/\"d481302bd3adf09a16542f92bb3796728d2262a40755f7b9ed91ad6c91b55b18\"",
            "id": "2004352:takes3",
            "role": "member",
            "team_id": "2004352",
            "username": "takes3"
          },
          "sensitive_attributes": [],
          "dependencies": [
            "github_membership.takes3",
            "github_team.ictsc5"
          ]
        }
      ]
    },
    {
      "mode": "managed",
      "type": "github_team_membership",
      "name": "ictsc5-whywaita",
      "provider": "provider[\"registry.terraform.io/integrations/github\"]",
      "instances": [
        {
          "schema_version": 0,
          "attributes": {
            "etag": "W/\"9b1765af00095d2390d9f5c0e0526d565e8a3d17d21444780f53defd9d44f38b\"",
            "id": "2004352:whywaita",
            "role": "member",
            "team_id": "2004352",
            "username": "whywaita"
          },
          "sensitive_attributes": [],
          "private": "bnVsbA==",
          "dependencies": [
            "github_membership.whywaita",
            "github_team.ictsc5"
          ]
        }
      ]
    },
    {
      "mode": "managed",
      "type": "github_team_membership",
      "name": "ictsc5-y-monma",
      "provider": "provider[\"registry.terraform.io/integrations/github\"]",
      "instances": [
        {
          "schema_version": 0,
          "attributes": {
            "etag": "W/\"897e1f186f0c985c6a4f33bd20594d9cbb8b828d60502bc813a1b5609b605d34\"",
            "id": "2004352:y-monma",
            "role": "member",
            "team_id": "2004352",
            "username": "y-monma"
          },
          "sensitive_attributes": [],
          "dependencies": [
            "github_membership.y-monma",
            "github_team.ictsc5"
          ]
        }
      ]
    },
    {
      "mode": "managed",
      "type": "github_team_membership",
      "name": "ictsc5-yatuhashi",
      "provider": "provider[\"registry.terraform.io/integrations/github\"]",
      "instances": [
        {
          "schema_version": 0,
          "attributes": {
            "etag": "W/\"8aad2d6a3f0b98451291fd4b89f575392c86dbf2c8f873f64bc0b24466de61a3\"",
            "id": "2004352:yatuhashi",
            "role": "member",
            "team_id": "2004352",
            "username": "yatuhashi"
          },
          "sensitive_attributes": [],
          "dependencies": [
            "github_membership.yatuhashi",
            "github_team.ictsc5"
          ]
        }
      ]
    },
    {
      "mode": "managed",
      "type": "github_team_membership",
      "name": "ictsc5-yo-taro",
      "provider": "provider[\"registry.terraform.io/integrations/github\"]",
      "instances": [
        {
          "schema_version": 0,
          "attributes": {
            "etag": "W/\"7d347d18f37e49148f124dc696acbee0bcbcf4cfef94f1b4641210d0bce6ff6b\"",
            "id": "2004352:yo-taro",
            "role": "member",
            "team_id": "2004352",
            "username": "yo-taro"
          },
          "sensitive_attributes": [],
          "dependencies": [
            "github_membership.yo-taro",
            "github_team.ictsc5"
          ]
        }
      ]
    },
    {
      "mode": "managed",
      "type": "github_team_membership",
      "name": "ictsc6-a-r-g-v",
      "provider": "provider[\"registry.terraform.io/integrations/github\"]",
      "instances": [
        {
          "schema_version": 0,
          "attributes": {
            "etag": "W/\"9b3abdbc59648aa6e1abc351cdaef052cedbe21286ecc9474d58df0cee9bc572\"",
            "id": "2004355:a-r-g-v",
            "role": "member",
            "team_id": "2004355",
            "username": "a-r-g-v"
          },
          "sensitive_attributes": [],
          "dependencies": [
            "github_membership.a-r-g-v",
            "github_team.ictsc6"
          ]
        }
      ]
    },
    {
      "mode": "managed",
      "type": "github_team_membership",
      "name": "ictsc6-aoi96",
      "provider": "provider[\"registry.terraform.io/integrations/github\"]",
      "instances": [
        {
          "schema_version": 0,
          "attributes": {
            "etag": "W/\"094ae75441c842283d8674742acfe9813d94d54b6e98d6d7c7c29e7ac7884658\"",
            "id": "2004355:aoi96",
            "role": "member",
            "team_id": "2004355",
            "username": "aoi96"
          },
          "sensitive_attributes": [],
          "dependencies": [
            "github_membership.aoi96",
            "github_team.ictsc6"
          ]
        }
      ]
    },
    {
      "mode": "managed",
      "type": "github_team_membership",
      "name": "ictsc6-asarijiru",
      "provider": "provider[\"registry.terraform.io/integrations/github\"]",
      "instances": [
        {
          "schema_version": 0,
          "attributes": {
            "etag": "W/\"c86ec6d1555cd84f5c9d7828cf3073df97cf1e56f019e3e954b46be09eed3102\"",
            "id": "2004355:asarijiru",
            "role": "member",
            "team_id": "2004355",
            "username": "asarijiru"
          },
          "sensitive_attributes": [],
          "dependencies": [
            "github_membership.asarijiru",
            "github_team.ictsc6"
          ]
        }
      ]
    },
    {
      "mode": "managed",
      "type": "github_team_membership",
      "name": "ictsc6-asdfec",
      "provider": "provider[\"registry.terraform.io/integrations/github\"]",
      "instances": [
        {
          "schema_version": 0,
          "attributes": {
            "etag": "W/\"99da10b32f6d462ee117c7f4f866e83250b70cb8b357d61df498d225526ec5d4\"",
            "id": "2004355:asdfec",
            "role": "member",
            "team_id": "2004355",
            "username": "asdfec"
          },
          "sensitive_attributes": [],
          "dependencies": [
            "github_membership.asdfec",
            "github_team.ictsc6"
          ]
        }
      ]
    },
    {
      "mode": "managed",
      "type": "github_team_membership",
      "name": "ictsc6-chalkygames123",
      "provider": "provider[\"registry.terraform.io/integrations/github\"]",
      "instances": [
        {
          "schema_version": 0,
          "attributes": {
            "etag": "W/\"56492e0feec6fe35c5dbbd5743cd80379bb10e2d53108740e05886b3405e165c\"",
            "id": "2004355:chalkygames123",
            "role": "member",
            "team_id": "2004355",
            "username": "chalkygames123"
          },
          "sensitive_attributes": [],
          "dependencies": [
            "github_membership.chalkygames123",
            "github_team.ictsc6"
          ]
        }
      ]
    },
    {
      "mode": "managed",
      "type": "github_team_membership",
      "name": "ictsc6-guragusan",
      "provider": "provider[\"registry.terraform.io/integrations/github\"]",
      "instances": [
        {
          "schema_version": 0,
          "attributes": {
            "etag": "W/\"e895a5ee53fe937316508c0443959033b3117399808c8a29cfeb64664cb5949f\"",
            "id": "2004355:guragusan",
            "role": "member",
            "team_id": "2004355",
            "username": "guragusan"
          },
          "sensitive_attributes": [],
          "dependencies": [
            "github_membership.guragusan",
            "github_team.ictsc6"
          ]
        }
      ]
    },
    {
      "mode": "managed",
      "type": "github_team_membership",
      "name": "ictsc6-h-otter",
      "provider": "provider[\"registry.terraform.io/integrations/github\"]",
      "instances": [
        {
          "schema_version": 0,
          "attributes": {
            "etag": "W/\"a984fb0b3911cef08409d08a791fdcc2298b895feb09bb726b2d09b2e073c132\"",
            "id": "2004355:h-otter",
            "role": "member",
            "team_id": "2004355",
            "username": "h-otter"
          },
          "sensitive_attributes": [],
          "private": "bnVsbA==",
          "dependencies": [
            "github_membership.h-otter",
            "github_team.ictsc6"
          ]
        }
      ]
    },
    {
      "mode": "managed",
      "type": "github_team_membership",
      "name": "ictsc6-ibucho",
      "provider": "provider[\"registry.terraform.io/integrations/github\"]",
      "instances": [
        {
          "schema_version": 0,
          "attributes": {
            "etag": "W/\"61793a62ef22d6d01021914956eb95a64f06f5859b432bbb949bebb53dc416f6\"",
            "id": "2004355:ibucho",
            "role": "member",
            "team_id": "2004355",
            "username": "ibucho"
          },
          "sensitive_attributes": [],
          "private": "bnVsbA==",
          "dependencies": [
            "github_membership.ibucho",
            "github_team.ictsc6"
          ]
        }
      ]
    },
    {
      "mode": "managed",
      "type": "github_team_membership",
      "name": "ictsc6-int-tt",
      "provider": "provider[\"registry.terraform.io/integrations/github\"]",
      "instances": [
        {
          "schema_version": 0,
          "attributes": {
            "etag": "W/\"18ff12b734449b8ad62b4bd29bcc1e8ab8b54770483bb3456c1a797b2cfeb7c6\"",
            "id": "2004355:int-tt",
            "role": "member",
            "team_id": "2004355",
            "username": "int-tt"
          },
          "sensitive_attributes": [],
          "dependencies": [
            "github_membership.int-tt",
            "github_team.ictsc6"
          ]
        }
      ]
    },
    {
      "mode": "managed",
      "type": "github_team_membership",
      "name": "ictsc6-kamijin-fanta",
      "provider": "provider[\"registry.terraform.io/integrations/github\"]",
      "instances": [
        {
          "schema_version": 0,
          "attributes": {
            "etag": "W/\"300b82d310ca9eff4f0bbc79c720d05437bed9623e8c678a281444b5591531b7\"",
            "id": "2004355:kamijin-fanta",
            "role": "member",
            "team_id": "2004355",
            "username": "kamijin-fanta"
          },
          "sensitive_attributes": [],
          "dependencies": [
            "github_membership.kamijin-fanta",
            "github_team.ictsc6"
          ]
        }
      ]
    },
    {
      "mode": "managed",
      "type": "github_team_membership",
      "name": "ictsc6-kurochan",
      "provider": "provider[\"registry.terraform.io/integrations/github\"]",
      "instances": [
        {
          "schema_version": 0,
          "attributes": {
            "etag": "W/\"d7e095af72a3f1001b3fdf711b747aff0e374da2fcaeb53755723cd3dfc2fb12\"",
            "id": "2004355:kurochan",
            "role": "member",
            "team_id": "2004355",
            "username": "kurochan"
          },
          "sensitive_attributes": [],
          "private": "bnVsbA==",
          "dependencies": [
            "github_membership.kurochan",
            "github_team.ictsc6"
          ]
        }
      ]
    },
    {
      "mode": "managed",
      "type": "github_team_membership",
      "name": "ictsc6-kyoko0514",
      "provider": "provider[\"registry.terraform.io/integrations/github\"]",
      "instances": [
        {
          "schema_version": 0,
          "attributes": {
            "etag": "W/\"53685f03e80fcbb256afd2e5fafae616589a99454f823f9a744f39d74f7c8d69\"",
            "id": "2004355:kyoko0514",
            "role": "member",
            "team_id": "2004355",
            "username": "kyoko0514"
          },
          "sensitive_attributes": [],
          "dependencies": [
            "github_membership.kyoko0514",
            "github_team.ictsc6"
          ]
        }
      ]
    },
    {
      "mode": "managed",
      "type": "github_team_membership",
      "name": "ictsc6-kyontan",
      "provider": "provider[\"registry.terraform.io/integrations/github\"]",
      "instances": [
        {
          "schema_version": 0,
          "attributes": {
            "etag": "W/\"9cece7e4848283a487a2b2289522063fcfaf2863ddb565981ba24b3d3509f14e\"",
            "id": "2004355:kyontan",
            "role": "member",
            "team_id": "2004355",
            "username": "kyontan"
          },
          "sensitive_attributes": [],
          "dependencies": [
            "github_membership.kyontan",
            "github_team.ictsc6"
          ]
        }
      ]
    },
    {
      "mode": "managed",
      "type": "github_team_membership",
      "name": "ictsc6-miyao11",
      "provider": "provider[\"registry.terraform.io/integrations/github\"]",
      "instances": [
        {
          "schema_version": 0,
          "attributes": {
            "etag": "W/\"bfdaf60d240738d0b06067b6b68d9de960cb298952c3afa6d37e468b3d1ba7f9\"",
            "id": "2004355:Miyao11",
            "role": "member",
            "team_id": "2004355",
            "username": "Miyao11"
          },
          "sensitive_attributes": [],
          "dependencies": [
            "github_membership.miyao11",
            "github_team.ictsc6"
          ]
        }
      ]
    },
    {
      "mode": "managed",
      "type": "github_team_membership",
      "name": "ictsc6-netmarkjp",
      "provider": "provider[\"registry.terraform.io/integrations/github\"]",
      "instances": [
        {
          "schema_version": 0,
          "attributes": {
            "etag": "W/\"1dddd33a697ec6719e2bc54e6e07453c7a58d1da3568557a933e8bf9ee527bec\"",
            "id": "2004355:netmarkjp",
            "role": "member",
            "team_id": "2004355",
            "username": "netmarkjp"
          },
          "sensitive_attributes": [],
          "private": "bnVsbA==",
          "dependencies": [
            "github_membership.netmarkjp",
            "github_team.ictsc6"
          ]
        }
      ]
    },
    {
      "mode": "managed",
      "type": "github_team_membership",
      "name": "ictsc6-notchi590",
      "provider": "provider[\"registry.terraform.io/integrations/github\"]",
      "instances": [
        {
          "schema_version": 0,
          "attributes": {
            "etag": "W/\"559a76d971dfbae588b8fc510d89ea0d428c0801c10d1a56b480138ee4982b55\"",
            "id": "2004355:notchi590",
            "role": "member",
            "team_id": "2004355",
            "username": "notchi590"
          },
          "sensitive_attributes": [],
          "dependencies": [
            "github_membership.notchi590",
            "github_team.ictsc6"
          ]
        }
      ]
    },
    {
      "mode": "managed",
      "type": "github_team_membership",
      "name": "ictsc6-palloc",
      "provider": "provider[\"registry.terraform.io/integrations/github\"]",
      "instances": [
        {
          "schema_version": 0,
          "attributes": {
            "etag": "W/\"f6ee1c4c2c2385db80d7e599f7ce1fe07f0ed7358dc2b38a876c47c279a30723\"",
            "id": "2004355:palloc",
            "role": "member",
            "team_id": "2004355",
            "username": "palloc"
          },
          "sensitive_attributes": [],
          "dependencies": [
            "github_membership.palloc",
            "github_team.ictsc6"
          ]
        }
      ]
    },
    {
      "mode": "managed",
      "type": "github_team_membership",
      "name": "ictsc6-tar-xzvff",
      "provider": "provider[\"registry.terraform.io/integrations/github\"]",
      "instances": [
        {
          "schema_version": 0,
          "attributes": {
            "etag": "W/\"2bf08b3367056ba088ed67d176cc97451c4ba5fb46afc0b713d270fe8f13ed60\"",
            "id": "2004355:tar-xzvff",
            "role": "member",
            "team_id": "2004355",
            "username": "tar-xzvff"
          },
          "sensitive_attributes": [],
          "private": "bnVsbA==",
          "dependencies": [
            "github_membership.tar-xzvff",
            "github_team.ictsc6"
          ]
        }
      ]
    },
    {
      "mode": "managed",
      "type": "github_team_membership",
      "name": "ictsc6-y-monma",
      "provider": "provider[\"registry.terraform.io/integrations/github\"]",
      "instances": [
        {
          "schema_version": 0,
          "attributes": {
            "etag": "W/\"16d239e49182c76bcfec0ea9a246eff4690b3bafb06051299cb0bb75f773935a\"",
            "id": "2004355:y-monma",
            "role": "member",
            "team_id": "2004355",
            "username": "y-monma"
          },
          "sensitive_attributes": [],
          "dependencies": [
            "github_membership.y-monma",
            "github_team.ictsc6"
          ]
        }
      ]
    },
    {
      "mode": "managed",
      "type": "github_team_membership",
      "name": "ictsc6-yo-taro",
      "provider": "provider[\"registry.terraform.io/integrations/github\"]",
      "instances": [
        {
          "schema_version": 0,
          "attributes": {
            "etag": "W/\"2126ffa028ec563e6fbcce1c7e239d04b91b1a6c235527916de493748cd8c1a4\"",
            "id": "2004355:yo-taro",
            "role": "member",
            "team_id": "2004355",
            "username": "yo-taro"
          },
          "sensitive_attributes": [],
          "dependencies": [
            "github_membership.yo-taro",
            "github_team.ictsc6"
          ]
        }
      ]
    },
    {
      "mode": "managed",
      "type": "github_team_membership",
      "name": "ictsc6-yuukinetwork",
      "provider": "provider[\"registry.terraform.io/integrations/github\"]",
      "instances": [
        {
          "schema_version": 0,
          "attributes": {
            "etag": "W/\"7bd48b534eaaf0c8770e95bd4ff09724c97b3dac5b8aa4f40c1abbff0d048eab\"",
            "id": "2004355:yuukinetwork",
            "role": "member",
            "team_id": "2004355",
            "username": "yuukinetwork"
          },
          "sensitive_attributes": [],
          "dependencies": [
            "github_membership.yuukinetwork",
            "github_team.ictsc6"
          ]
        }
      ]
    },
    {
      "mode": "managed",
      "type": "github_team_membership",
      "name": "ictsc7-Katsuya414",
      "provider": "provider[\"registry.terraform.io/integrations/github\"]",
      "instances": [
        {
          "schema_version": 0,
          "attributes": {
            "etag": "W/\"c7b7253692c6bf9709879d973055215c49ba72aa2358e51924aef9aa3daf1c64\"",
            "id": "2178374:Katsuya414",
            "role": "member",
            "team_id": "2178374",
            "username": "Katsuya414"
          },
          "sensitive_attributes": [],
          "dependencies": [
            "github_membership.Katsuya414",
            "github_team.ictsc7"
          ]
        }
      ]
    },
    {
      "mode": "managed",
      "type": "github_team_membership",
      "name": "ictsc7-Kurorororo",
      "provider": "provider[\"registry.terraform.io/integrations/github\"]",
      "instances": [
        {
          "schema_version": 0,
          "attributes": {
            "etag": "W/\"71978c66c8bf06a9c48ada4789d787bf090b1b5d92a9844ab78b27152f7be78b\"",
            "id": "2178374:Kurorororo",
            "role": "member",
            "team_id": "2178374",
            "username": "Kurorororo"
          },
          "sensitive_attributes": [],
          "dependencies": [
            "github_membership.Kurorororo",
            "github_team.ictsc7"
          ]
        }
      ]
    },
    {
      "mode": "managed",
      "type": "github_team_membership",
      "name": "ictsc7-alias-aria",
      "provider": "provider[\"registry.terraform.io/integrations/github\"]",
      "instances": [
        {
          "schema_version": 0,
          "attributes": {
            "etag": "W/\"f30f08d3eb285f23a6c984c4f1c2b6dac190cabb48cd492c9c4a404f58162af3\"",
            "id": "2178374:alias-aria",
            "role": "member",
            "team_id": "2178374",
            "username": "alias-aria"
          },
          "sensitive_attributes": [],
          "dependencies": [
            "github_membership.alias-aria",
            "github_team.ictsc7"
          ]
        }
      ]
    },
    {
      "mode": "managed",
      "type": "github_team_membership",
      "name": "ictsc7-bosan120",
      "provider": "provider[\"registry.terraform.io/integrations/github\"]",
      "instances": [
        {
          "schema_version": 0,
          "attributes": {
            "etag": "W/\"f64f7208ffb6150b4515a67d366a612c43341f1067074dd128324e9580fe0c7f\"",
            "id": "2178374:bosan120",
            "role": "member",
            "team_id": "2178374",
            "username": "bosan120"
          },
          "sensitive_attributes": [],
          "dependencies": [
            "github_membership.bosan120",
            "github_team.ictsc7"
          ]
        }
      ]
    },
    {
      "mode": "managed",
      "type": "github_team_membership",
      "name": "ictsc7-ecodrive-18",
      "provider": "provider[\"registry.terraform.io/integrations/github\"]",
      "instances": [
        {
          "schema_version": 0,
          "attributes": {
            "etag": "W/\"91d6f59882a2b249e8504bc212d47fee9140d0294e4255ec6827b0f7e2a39bec\"",
            "id": "2178374:ecodrive-18",
            "role": "member",
            "team_id": "2178374",
            "username": "ecodrive-18"
          },
          "sensitive_attributes": [],
          "dependencies": [
            "github_membership.ecodrive-18",
            "github_team.ictsc7"
          ]
        }
      ]
    },
    {
      "mode": "managed",
      "type": "github_team_membership",
      "name": "ictsc7-guragusan",
      "provider": "provider[\"registry.terraform.io/integrations/github\"]",
      "instances": [
        {
          "schema_version": 0,
          "attributes": {
            "etag": "W/\"7b10d0054a95f5bd65a4e9fed03fb440f9ca07c8d330efd800e1e62e714bc2e6\"",
            "id": "2178374:guragusan",
            "role": "member",
            "team_id": "2178374",
            "username": "guragusan"
          },
          "sensitive_attributes": [],
          "dependencies": [
            "github_membership.guragusan",
            "github_team.ictsc7"
          ]
        }
      ]
    },
    {
      "mode": "managed",
      "type": "github_team_membership",
      "name": "ictsc7-h-otter",
      "provider": "provider[\"registry.terraform.io/integrations/github\"]",
      "instances": [
        {
          "schema_version": 0,
          "attributes": {
            "etag": "W/\"cd96533cae6de11404c02affbca0614054dae34f95d58650f79f21445dcb89d9\"",
            "id": "2178374:h-otter",
            "role": "member",
            "team_id": "2178374",
            "username": "h-otter"
          },
          "sensitive_attributes": [],
          "private": "bnVsbA==",
          "dependencies": [
            "github_membership.h-otter",
            "github_team.ictsc7"
          ]
        }
      ]
    },
    {
      "mode": "managed",
      "type": "github_team_membership",
      "name": "ictsc7-inuyosi",
      "provider": "provider[\"registry.terraform.io/integrations/github\"]",
      "instances": [
        {
          "schema_version": 0,
          "attributes": {
            "etag": "W/\"9adb34e827ee89e0394165666a737d2e561f6911f77a0800298edc5eaa0b043a\"",
            "id": "2178374:inuyosi",
            "role": "member",
            "team_id": "2178374",
            "username": "inuyosi"
          },
          "sensitive_attributes": [],
          "dependencies": [
            "github_membership.inuyosi",
            "github_team.ictsc7"
          ]
        }
      ]
    },
    {
      "mode": "managed",
      "type": "github_team_membership",
      "name": "ictsc7-kadokusei",
      "provider": "provider[\"registry.terraform.io/integrations/github\"]",
      "instances": [
        {
          "schema_version": 0,
          "attributes": {
            "etag": "W/\"bb3c2d73cbcbeb5ad909da7865ce1c40b8555d722212a91a964591e3eda1c99c\"",
            "id": "2178374:kadokusei",
            "role": "member",
            "team_id": "2178374",
            "username": "kadokusei"
          },
          "sensitive_attributes": [],
          "dependencies": [
            "github_membership.kadokusei",
            "github_team.ictsc7"
          ]
        }
      ]
    },
    {
      "mode": "managed",
      "type": "github_team_membership",
      "name": "ictsc7-kyontan",
      "provider": "provider[\"registry.terraform.io/integrations/github\"]",
      "instances": [
        {
          "schema_version": 0,
          "attributes": {
            "etag": "W/\"3c30ac9c17b9dd3361857fec93cb26872ad062c20a57c01ba88aa10aa7f7660e\"",
            "id": "2178374:kyontan",
            "role": "member",
            "team_id": "2178374",
            "username": "kyontan"
          },
          "sensitive_attributes": [],
          "dependencies": [
            "github_membership.kyontan",
            "github_team.ictsc7"
          ]
        }
      ]
    },
    {
      "mode": "managed",
      "type": "github_team_membership",
      "name": "ictsc7-mbook-x86",
      "provider": "provider[\"registry.terraform.io/integrations/github\"]",
      "instances": [
        {
          "schema_version": 0,
          "attributes": {
            "etag": "W/\"a9930fa7cc9be81fa18deec11e4ed1ac5f078d845754c22835c314e8f5ef9b28\"",
            "id": "2178374:mbook-x86",
            "role": "member",
            "team_id": "2178374",
            "username": "mbook-x86"
          },
          "sensitive_attributes": [],
          "dependencies": [
            "github_membership.mbook-x86",
            "github_team.ictsc7"
          ]
        }
      ]
    },
    {
      "mode": "managed",
      "type": "github_team_membership",
      "name": "ictsc7-naoki912",
      "provider": "provider[\"registry.terraform.io/integrations/github\"]",
      "instances": [
        {
          "schema_version": 0,
          "attributes": {
            "etag": "W/\"5f6ab061972aa8b132d7ef884d27af2058293ee9db7562f5e92e0c00239c629a\"",
            "id": "2178374:naoki912",
            "role": "member",
            "team_id": "2178374",
            "username": "naoki912"
          },
          "sensitive_attributes": [],
          "dependencies": [
            "github_membership.naoki912",
            "github_team.ictsc7"
          ]
        }
      ]
    },
    {
      "mode": "managed",
      "type": "github_team_membership",
      "name": "ictsc7-oomorio",
      "provider": "provider[\"registry.terraform.io/integrations/github\"]",
      "instances": [
        {
          "schema_version": 0,
          "attributes": {
            "etag": "W/\"7d9ab62a24e9f62d921d347878512080a5cac8e02a41f9b721dd69897714c70e\"",
            "id": "2178374:oomorio",
            "role": "member",
            "team_id": "2178374",
            "username": "oomorio"
          },
          "sensitive_attributes": [],
          "dependencies": [
            "github_membership.oomorio",
            "github_team.ictsc7"
          ]
        }
      ]
    },
    {
      "mode": "managed",
      "type": "github_team_membership",
      "name": "ictsc7-palloc",
      "provider": "provider[\"registry.terraform.io/integrations/github\"]",
      "instances": [
        {
          "schema_version": 0,
          "attributes": {
            "etag": "W/\"9921a697bd078b5f2b4065e739ababc93a865b9c4aa5b50b721c0bbc1146668e\"",
            "id": "2178374:palloc",
            "role": "member",
            "team_id": "2178374",
            "username": "palloc"
          },
          "sensitive_attributes": [],
          "dependencies": [
            "github_membership.palloc",
            "github_team.ictsc7"
          ]
        }
      ]
    },
    {
      "mode": "managed",
      "type": "github_team_membership",
      "name": "ictsc7-yaminoma",
      "provider": "provider[\"registry.terraform.io/integrations/github\"]",
      "instances": [
        {
          "schema_version": 0,
          "attributes": {
            "etag": "W/\"8756cb739b84947d24390f1dd6c00b164962b66c107da89f2149f7c680b20d1c\"",
            "id": "2178374:yaminoma",
            "role": "member",
            "team_id": "2178374",
            "username": "yaminoma"
          },
          "sensitive_attributes": [],
          "dependencies": [
            "github_membership.yaminoma",
            "github_team.ictsc7"
          ]
        }
      ]
    },
    {
      "mode": "managed",
      "type": "github_team_membership",
      "name": "ictsc7-yatuhashi",
      "provider": "provider[\"registry.terraform.io/integrations/github\"]",
      "instances": [
        {
          "schema_version": 0,
          "attributes": {
            "etag": "W/\"cfe1255bbeac03484176b008eb96dc48d9c048f27d480ca82fce3c53472ca28a\"",
            "id": "2178374:yatuhashi",
            "role": "member",
            "team_id": "2178374",
            "username": "yatuhashi"
          },
          "sensitive_attributes": [],
          "dependencies": [
            "github_membership.yatuhashi",
            "github_team.ictsc7"
          ]
        }
      ]
    },
    {
      "mode": "managed",
      "type": "github_team_membership",
      "name": "ictsc7-yuukinetwork",
      "provider": "provider[\"registry.terraform.io/integrations/github\"]",
      "instances": [
        {
          "schema_version": 0,
          "attributes": {
            "etag": "W/\"5cc76b7bdb647bcc42e506b3251814619c57ff4c150af9b57b0b935e1f3969af\"",
            "id": "2178374:yuukinetwork",
            "role": "member",
            "team_id": "2178374",
            "username": "yuukinetwork"
          },
          "sensitive_attributes": [],
          "dependencies": [
            "github_membership.yuukinetwork",
            "github_team.ictsc7"
          ]
        }
      ]
    },
    {
      "mode": "managed",
      "type": "github_team_membership",
      "name": "ictsc8-Azusa72",
      "provider": "provider[\"registry.terraform.io/integrations/github\"]",
      "instances": [
        {
          "schema_version": 0,
          "attributes": {
            "etag": "W/\"c14a8fb5bd547507109d014967014abbbaec28758e7d50354ed8d2fe91f25648\"",
            "id": "2341229:Azusa72",
            "role": "member",
            "team_id": "2341229",
            "username": "Azusa72"
          },
          "sensitive_attributes": [],
          "dependencies": [
            "github_membership.Azusa72",
            "github_team.ictsc8"
          ]
        }
      ]
    },
    {
      "mode": "managed",
      "type": "github_team_membership",
      "name": "ictsc8-Katsuya414",
      "provider": "provider[\"registry.terraform.io/integrations/github\"]",
      "instances": [
        {
          "schema_version": 0,
          "attributes": {
            "etag": "W/\"6082dabb35b56eac2b3de986f5e12cf82496011505c29a7975005e15333ce149\"",
            "id": "2341229:Katsuya414",
            "role": "member",
            "team_id": "2341229",
            "username": "Katsuya414"
          },
          "sensitive_attributes": [],
          "dependencies": [
            "github_membership.Katsuya414",
            "github_team.ictsc8"
          ]
        }
      ]
    },
    {
      "mode": "managed",
      "type": "github_team_membership",
      "name": "ictsc8-Kurorororo",
      "provider": "provider[\"registry.terraform.io/integrations/github\"]",
      "instances": [
        {
          "schema_version": 0,
          "attributes": {
            "etag": "W/\"eb0eb7ffe3f852a7f0bb751f127ff1c7f02013bb0b05cbab8b6dbf85f786325e\"",
            "id": "2341229:Kurorororo",
            "role": "member",
            "team_id": "2341229",
            "username": "Kurorororo"
          },
          "sensitive_attributes": [],
          "dependencies": [
            "github_membership.Kurorororo",
            "github_team.ictsc8"
          ]
        }
      ]
    },
    {
      "mode": "managed",
      "type": "github_team_membership",
      "name": "ictsc8-alias-aria",
      "provider": "provider[\"registry.terraform.io/integrations/github\"]",
      "instances": [
        {
          "schema_version": 0,
          "attributes": {
            "etag": "W/\"5e31f4bbe5a80e73fa56ed9d1e6db3be93ac8a539b88c43b5629aa5890a1202b\"",
            "id": "2341229:alias-aria",
            "role": "member",
            "team_id": "2341229",
            "username": "alias-aria"
          },
          "sensitive_attributes": [],
          "dependencies": [
            "github_membership.alias-aria",
            "github_team.ictsc8"
          ]
        }
      ]
    },
    {
      "mode": "managed",
      "type": "github_team_membership",
      "name": "ictsc8-aoi96",
      "provider": "provider[\"registry.terraform.io/integrations/github\"]",
      "instances": [
        {
          "schema_version": 0,
          "attributes": {
            "etag": "W/\"4ca247e0c778b50b96c3b96d67fee3de73018f3d37f9ed1619847d5b11e2c62e\"",
            "id": "2341229:aoi96",
            "role": "member",
            "team_id": "2341229",
            "username": "aoi96"
          },
          "sensitive_attributes": [],
          "dependencies": [
            "github_membership.aoi96",
            "github_team.ictsc8"
          ]
        }
      ]
    },
    {
      "mode": "managed",
      "type": "github_team_membership",
      "name": "ictsc8-bosan120",
      "provider": "provider[\"registry.terraform.io/integrations/github\"]",
      "instances": [
        {
          "schema_version": 0,
          "attributes": {
            "etag": "W/\"f94e535e30437b2032e37b13060c058f48fba95faef82e318bea59d962d2591d\"",
            "id": "2341229:bosan120",
            "role": "member",
            "team_id": "2341229",
            "username": "bosan120"
          },
          "sensitive_attributes": [],
          "dependencies": [
            "github_membership.bosan120",
            "github_team.ictsc8"
          ]
        }
      ]
    },
    {
      "mode": "managed",
      "type": "github_team_membership",
      "name": "ictsc8-chisaton1",
      "provider": "provider[\"registry.terraform.io/integrations/github\"]",
      "instances": [
        {
          "schema_version": 0,
          "attributes": {
            "etag": "W/\"5b1cf3130edf0dc9e38b8c6430909c623ec71084e11ee9c8f0a8da26fac54834\"",
            "id": "2341229:chisaton1",
            "role": "member",
            "team_id": "2341229",
            "username": "chisaton1"
          },
          "sensitive_attributes": [],
          "dependencies": [
            "github_membership.chisaton1",
            "github_team.ictsc8"
          ]
        }
      ]
    },
    {
      "mode": "managed",
      "type": "github_team_membership",
      "name": "ictsc8-ecodrive-18",
      "provider": "provider[\"registry.terraform.io/integrations/github\"]",
      "instances": [
        {
          "schema_version": 0,
          "attributes": {
            "etag": "W/\"1a5b03985fb4f67aabf9da7ce7a3ca648aec44390872ba6d7090db87050f620a\"",
            "id": "2341229:ecodrive-18",
            "role": "member",
            "team_id": "2341229",
            "username": "ecodrive-18"
          },
          "sensitive_attributes": [],
          "dependencies": [
            "github_membership.ecodrive-18",
            "github_team.ictsc8"
          ]
        }
      ]
    },
    {
      "mode": "managed",
      "type": "github_team_membership",
      "name": "ictsc8-h-otter",
      "provider": "provider[\"registry.terraform.io/integrations/github\"]",
      "instances": [
        {
          "schema_version": 0,
          "attributes": {
            "etag": "W/\"492895664db94dc6b845c1a34ff9c4b9fbf07dcb99dab5cca690317caa24beaa\"",
            "id": "2341229:h-otter",
            "role": "member",
            "team_id": "2341229",
            "username": "h-otter"
          },
          "sensitive_attributes": [],
          "private": "bnVsbA==",
          "dependencies": [
            "github_membership.h-otter",
            "github_team.ictsc8"
          ]
        }
      ]
    },
    {
      "mode": "managed",
      "type": "github_team_membership",
      "name": "ictsc8-icchy",
      "provider": "provider[\"registry.terraform.io/integrations/github\"]",
      "instances": [
        {
          "schema_version": 0,
          "attributes": {
            "etag": "W/\"c45c5f36745278121a950acd9ed1f50a71843d9620861093e8cdf32186ef8df1\"",
            "id": "2341229:icchy",
            "role": "member",
            "team_id": "2341229",
            "username": "icchy"
          },
          "sensitive_attributes": [],
          "dependencies": [
            "github_membership.icchy",
            "github_team.ictsc8"
          ]
        }
      ]
    },
    {
      "mode": "managed",
      "type": "github_team_membership",
      "name": "ictsc8-inuyosi",
      "provider": "provider[\"registry.terraform.io/integrations/github\"]",
      "instances": [
        {
          "schema_version": 0,
          "attributes": {
            "etag": "W/\"1510c28ccbb43dfa033085be10cb70f148ed8ddd98d214c04f0ec0ad10ca1705\"",
            "id": "2341229:inuyosi",
            "role": "member",
            "team_id": "2341229",
            "username": "inuyosi"
          },
          "sensitive_attributes": [],
          "dependencies": [
            "github_membership.inuyosi",
            "github_team.ictsc8"
          ]
        }
      ]
    },
    {
      "mode": "managed",
      "type": "github_team_membership",
      "name": "ictsc8-keyakko",
      "provider": "provider[\"registry.terraform.io/integrations/github\"]",
      "instances": [
        {
          "schema_version": 0,
          "attributes": {
            "etag": "W/\"1580fd115857e136cc875e453638169fcd359eb49ef1434a3576468a401a783f\"",
            "id": "2341229:keyakko",
            "role": "member",
            "team_id": "2341229",
            "username": "keyakko"
          },
          "sensitive_attributes": [],
          "dependencies": [
            "github_membership.keyakko",
            "github_team.ictsc8"
          ]
        }
      ]
    },
    {
      "mode": "managed",
      "type": "github_team_membership",
      "name": "ictsc8-kyontan",
      "provider": "provider[\"registry.terraform.io/integrations/github\"]",
      "instances": [
        {
          "schema_version": 0,
          "attributes": {
            "etag": "W/\"ea7b7e9a534a4ae5934ed67df10db15823a7f1892276e2ff8ebeddbc6c3024e8\"",
            "id": "2341229:kyontan",
            "role": "member",
            "team_id": "2341229",
            "username": "kyontan"
          },
          "sensitive_attributes": [],
          "dependencies": [
            "github_membership.kyontan",
            "github_team.ictsc8"
          ]
        }
      ]
    },
    {
      "mode": "managed",
      "type": "github_team_membership",
      "name": "ictsc8-mbook-x86",
      "provider": "provider[\"registry.terraform.io/integrations/github\"]",
      "instances": [
        {
          "schema_version": 0,
          "attributes": {
            "etag": "W/\"8e414bce225c901bedc5c5a1ce65c9864567bef5b7cd67f49d1ef8730c0a8035\"",
            "id": "2341229:mbook-x86",
            "role": "member",
            "team_id": "2341229",
            "username": "mbook-x86"
          },
          "sensitive_attributes": [],
          "dependencies": [
            "github_membership.mbook-x86",
            "github_team.ictsc8"
          ]
        }
      ]
    },
    {
      "mode": "managed",
      "type": "github_team_membership",
      "name": "ictsc8-naoki912",
      "provider": "provider[\"registry.terraform.io/integrations/github\"]",
      "instances": [
        {
          "schema_version": 0,
          "attributes": {
            "etag": "W/\"9d0b418de80aa87bcdc49446762f35eb0010501944f4daa8c77a04a36e4acb0d\"",
            "id": "2341229:naoki912",
            "role": "member",
            "team_id": "2341229",
            "username": "naoki912"
          },
          "sensitive_attributes": [],
          "dependencies": [
            "github_membership.naoki912",
            "github_team.ictsc8"
          ]
        }
      ]
    },
    {
      "mode": "managed",
      "type": "github_team_membership",
      "name": "ictsc8-oomorio",
      "provider": "provider[\"registry.terraform.io/integrations/github\"]",
      "instances": [
        {
          "schema_version": 0,
          "attributes": {
            "etag": "W/\"b224f67b9212ca5cf0c2caabbaf0eca5ba5dd163679662b4a710acf98da63c9d\"",
            "id": "2341229:oomorio",
            "role": "member",
            "team_id": "2341229",
            "username": "oomorio"
          },
          "sensitive_attributes": [],
          "dependencies": [
            "github_membership.oomorio",
            "github_team.ictsc8"
          ]
        }
      ]
    },
    {
      "mode": "managed",
      "type": "github_team_membership",
      "name": "ictsc8-palloc",
      "provider": "provider[\"registry.terraform.io/integrations/github\"]",
      "instances": [
        {
          "schema_version": 0,
          "attributes": {
            "etag": "W/\"7a77925dbd7684174b4261be5a295496fc5b9179541c3a749c5446dc2405fdb4\"",
            "id": "2341229:palloc",
            "role": "member",
            "team_id": "2341229",
            "username": "palloc"
          },
          "sensitive_attributes": [],
          "dependencies": [
            "github_membership.palloc",
            "github_team.ictsc8"
          ]
        }
      ]
    },
    {
      "mode": "managed",
      "type": "github_team_membership",
      "name": "ictsc8-staybuzz",
      "provider": "provider[\"registry.terraform.io/integrations/github\"]",
      "instances": [
        {
          "schema_version": 0,
          "attributes": {
            "etag": "W/\"92242d68c88e1b997345a43d25cf18084b8faa28161ca5f331399407a221e30d\"",
            "id": "2341229:staybuzz",
            "role": "member",
            "team_id": "2341229",
            "username": "staybuzz"
          },
          "sensitive_attributes": [],
          "dependencies": [
            "github_membership.staybuzz",
            "github_team.ictsc8"
          ]
        }
      ]
    },
    {
      "mode": "managed",
      "type": "github_team_membership",
      "name": "ictsc8-whywaita",
      "provider": "provider[\"registry.terraform.io/integrations/github\"]",
      "instances": [
        {
          "schema_version": 0,
          "attributes": {
            "etag": "W/\"b21ac8fc04e8c4ba6f4ecd866e42eecbbd1969c132e6fd3781107ef0fb2bb26f\"",
            "id": "2341229:whywaita",
            "role": "member",
            "team_id": "2341229",
            "username": "whywaita"
          },
          "sensitive_attributes": [],
          "private": "bnVsbA==",
          "dependencies": [
            "github_membership.whywaita",
            "github_team.ictsc8"
          ]
        }
      ]
    },
    {
      "mode": "managed",
      "type": "github_team_membership",
      "name": "ictsc8-yatuhashi",
      "provider": "provider[\"registry.terraform.io/integrations/github\"]",
      "instances": [
        {
          "schema_version": 0,
          "attributes": {
            "etag": "W/\"8af2b532976c3e7dd5249bc7851b4c982b920da679014716a0594e9715d111ed\"",
            "id": "2341229:yatuhashi",
            "role": "member",
            "team_id": "2341229",
            "username": "yatuhashi"
          },
          "sensitive_attributes": [],
          "dependencies": [
            "github_membership.yatuhashi",
            "github_team.ictsc8"
          ]
        }
      ]
    },
    {
      "mode": "managed",
      "type": "github_team_membership",
      "name": "ictsc9-Kurorororo",
      "provider": "provider[\"registry.terraform.io/integrations/github\"]",
      "instances": [
        {
          "schema_version": 0,
          "attributes": {
            "etag": "W/\"6b23461d668e351e039fb094743ce8621138178b13bf0c47dadd542152845b7a\"",
            "id": "2818424:Kurorororo",
            "role": "member",
            "team_id": "2818424",
            "username": "Kurorororo"
          },
          "sensitive_attributes": [],
          "dependencies": [
            "github_membership.Kurorororo",
            "github_team.ictsc9"
          ]
        }
      ]
    },
    {
      "mode": "managed",
      "type": "github_team_membership",
      "name": "ictsc9-SakurazakaShin",
      "provider": "provider[\"registry.terraform.io/integrations/github\"]",
      "instances": [
        {
          "schema_version": 0,
          "attributes": {
            "etag": "W/\"17a0a48813eff5ba5ea2d2513171c86b5b62247ac03b8fde9650a98083ddf3eb\"",
            "id": "2818424:SakurazakaShin",
            "role": "member",
            "team_id": "2818424",
            "username": "SakurazakaShin"
          },
          "sensitive_attributes": [],
          "dependencies": [
            "github_membership.SakurazakaShin",
            "github_team.ictsc9"
          ]
        }
      ]
    },
    {
      "mode": "managed",
      "type": "github_team_membership",
      "name": "ictsc9-acque2two",
      "provider": "provider[\"registry.terraform.io/integrations/github\"]",
      "instances": [
        {
          "schema_version": 0,
          "attributes": {
            "etag": "W/\"cc9a9a2e60dc53f4e6f016767c5a7f2d70d21500311e30b576ad651947d1e517\"",
            "id": "2818424:acque2two",
            "role": "member",
            "team_id": "2818424",
            "username": "acque2two"
          },
          "sensitive_attributes": [],
          "dependencies": [
            "github_membership.acque2two",
            "github_team.ictsc9"
          ]
        }
      ]
    },
    {
      "mode": "managed",
      "type": "github_team_membership",
      "name": "ictsc9-chisaton1",
      "provider": "provider[\"registry.terraform.io/integrations/github\"]",
      "instances": [
        {
          "schema_version": 0,
          "attributes": {
            "etag": "W/\"a3f6aae641e38b9d2144745e256f6b4314558350bade14d3e35078a229f760b9\"",
            "id": "2818424:chisaton1",
            "role": "member",
            "team_id": "2818424",
            "username": "chisaton1"
          },
          "sensitive_attributes": [],
          "dependencies": [
            "github_membership.chisaton1",
            "github_team.ictsc9"
          ]
        }
      ]
    },
    {
      "mode": "managed",
      "type": "github_team_membership",
      "name": "ictsc9-ecodrive-18",
      "provider": "provider[\"registry.terraform.io/integrations/github\"]",
      "instances": [
        {
          "schema_version": 0,
          "attributes": {
            "etag": "W/\"9802391f0960628a786b779b658b303140383f2da922f9eed1e7269ebab4df20\"",
            "id": "2818424:ecodrive-18",
            "role": "member",
            "team_id": "2818424",
            "username": "ecodrive-18"
          },
          "sensitive_attributes": [],
          "dependencies": [
            "github_membership.ecodrive-18",
            "github_team.ictsc9"
          ]
        }
      ]
    },
    {
      "mode": "managed",
      "type": "github_team_membership",
      "name": "ictsc9-gurapomu",
      "provider": "provider[\"registry.terraform.io/integrations/github\"]",
      "instances": [
        {
          "schema_version": 0,
          "attributes": {
            "etag": "W/\"c20314d7f9ce251aeb0add65ea0be8bc52f41d9a12adcc215d51c5e55862c159\"",
            "id": "2818424:gurapomu",
            "role": "member",
            "team_id": "2818424",
            "username": "gurapomu"
          },
          "sensitive_attributes": [],
          "dependencies": [
            "github_membership.gurapomu",
            "github_team.ictsc9"
          ]
        }
      ]
    },
    {
      "mode": "managed",
      "type": "github_team_membership",
      "name": "ictsc9-h-otter",
      "provider": "provider[\"registry.terraform.io/integrations/github\"]",
      "instances": [
        {
          "schema_version": 0,
          "attributes": {
            "etag": "W/\"3c17873b5b6f7d66f952a01449833c2bbd1e0f739b108ab1a2f5538ef630feaf\"",
            "id": "2818424:h-otter",
            "role": "member",
            "team_id": "2818424",
            "username": "h-otter"
          },
          "sensitive_attributes": [],
          "private": "bnVsbA==",
          "dependencies": [
            "github_membership.h-otter",
            "github_team.ictsc9"
          ]
        }
      ]
    },
    {
      "mode": "managed",
      "type": "github_team_membership",
      "name": "ictsc9-ha-kun0711",
      "provider": "provider[\"registry.terraform.io/integrations/github\"]",
      "instances": [
        {
          "schema_version": 0,
          "attributes": {
            "etag": "W/\"ebfdf0a2d0c16df4f5ff9543582f65520c553881a0922019780891d4a23ebeb8\"",
            "id": "2818424:ha-kun0711",
            "role": "member",
            "team_id": "2818424",
            "username": "ha-kun0711"
          },
          "sensitive_attributes": [],
          "dependencies": [
            "github_membership.ha-kun0711",
            "github_team.ictsc9"
          ]
        }
      ]
    },
    {
      "mode": "managed",
      "type": "github_team_membership",
      "name": "ictsc9-icchy",
      "provider": "provider[\"registry.terraform.io/integrations/github\"]",
      "instances": [
        {
          "schema_version": 0,
          "attributes": {
            "etag": "W/\"e06d41c1ec0b7da8c7abf734dbcdcf605c7b95ee74d69d3289bc2d6cb9a3b1a2\"",
            "id": "2818424:icchy",
            "role": "member",
            "team_id": "2818424",
            "username": "icchy"
          },
          "sensitive_attributes": [],
          "dependencies": [
            "github_membership.icchy",
            "github_team.ictsc9"
          ]
        }
      ]
    },
    {
      "mode": "managed",
      "type": "github_team_membership",
      "name": "ictsc9-mbook-x86",
      "provider": "provider[\"registry.terraform.io/integrations/github\"]",
      "instances": [
        {
          "schema_version": 0,
          "attributes": {
            "etag": "W/\"1764d657d0456a09687f9f68b78472961a1c449044fb2ca559d490973bbe409a\"",
            "id": "2818424:mbook-x86",
            "role": "member",
            "team_id": "2818424",
            "username": "mbook-x86"
          },
          "sensitive_attributes": [],
          "dependencies": [
            "github_membership.mbook-x86",
            "github_team.ictsc9"
          ]
        }
      ]
    },
    {
      "mode": "managed",
      "type": "github_team_membership",
      "name": "ictsc9-naoki912",
      "provider": "provider[\"registry.terraform.io/integrations/github\"]",
      "instances": [
        {
          "schema_version": 0,
          "attributes": {
            "etag": "W/\"6d08239e6492ba08b8e895e06284c0b0abe6f15932dbb0e59052d93f75f6d787\"",
            "id": "2818424:naoki912",
            "role": "member",
            "team_id": "2818424",
            "username": "naoki912"
          },
          "sensitive_attributes": [],
          "dependencies": [
            "github_membership.naoki912",
            "github_team.ictsc9"
          ]
        }
      ]
    },
    {
      "mode": "managed",
      "type": "github_team_membership",
      "name": "ictsc9-nomeaning777",
      "provider": "provider[\"registry.terraform.io/integrations/github\"]",
      "instances": [
        {
          "schema_version": 0,
          "attributes": {
            "etag": "W/\"b9c0c14a5d737cdc1ed4069d9679af6fbb08ca1029da3a3ea41b4dcc2b48adcf\"",
            "id": "2818424:nomeaning777",
            "role": "member",
            "team_id": "2818424",
            "username": "nomeaning777"
          },
          "sensitive_attributes": [],
          "dependencies": [
            "github_membership.nomeaning777",
            "github_team.ictsc9"
          ]
        }
      ]
    },
    {
      "mode": "managed",
      "type": "github_team_membership",
      "name": "ictsc9-palloc",
      "provider": "provider[\"registry.terraform.io/integrations/github\"]",
      "instances": [
        {
          "schema_version": 0,
          "attributes": {
            "etag": "W/\"162f98c232aa5dab995aecf6da51e680729dfd808d91a5f5e1d7e463ebf02c17\"",
            "id": "2818424:palloc",
            "role": "member",
            "team_id": "2818424",
            "username": "palloc"
          },
          "sensitive_attributes": [],
          "dependencies": [
            "github_membership.palloc",
            "github_team.ictsc9"
          ]
        }
      ]
    },
    {
      "mode": "managed",
      "type": "github_team_membership",
      "name": "ictsc9-sharknasuhorse",
      "provider": "provider[\"registry.terraform.io/integrations/github\"]",
      "instances": [
        {
          "schema_version": 0,
          "attributes": {
            "etag": "W/\"9a6d9d72aede807a8e60cc031e7ebe15db40dd8be8f67b46eb13860d62a7e811\"",
            "id": "2818424:sharknasuhorse",
            "role": "member",
            "team_id": "2818424",
            "username": "sharknasuhorse"
          },
          "sensitive_attributes": [],
          "private": "bnVsbA==",
          "dependencies": [
            "github_membership.sharknasuhorse",
            "github_team.ictsc9"
          ]
        }
      ]
    },
    {
      "mode": "managed",
      "type": "github_team_membership",
      "name": "ictsc9-tsuttsu305",
      "provider": "provider[\"registry.terraform.io/integrations/github\"]",
      "instances": [
        {
          "schema_version": 0,
          "attributes": {
            "etag": "W/\"725adf818b9e6e67066d2a8839a43d2708f20e842a1afefbffcba4cf9409a357\"",
            "id": "2818424:tsuttsu305",
            "role": "member",
            "team_id": "2818424",
            "username": "tsuttsu305"
          },
          "sensitive_attributes": [],
          "dependencies": [
            "github_membership.tsuttsu305",
            "github_team.ictsc9"
          ]
        }
      ]
    },
    {
      "mode": "managed",
      "type": "github_team_membership",
      "name": "ictsc9-uplus",
      "provider": "provider[\"registry.terraform.io/integrations/github\"]",
      "instances": [
        {
          "schema_version": 0,
          "attributes": {
            "etag": "W/\"83c3ce9b367cc3953d333822776b45f5072a8ba7368b5601d93c3ede0c7dfc60\"",
            "id": "2818424:uplus",
            "role": "member",
            "team_id": "2818424",
            "username": "uplus"
          },
          "sensitive_attributes": [],
          "private": "bnVsbA==",
          "dependencies": [
            "github_membership.uplus",
            "github_team.ictsc9"
          ]
        }
      ]
    },
    {
      "mode": "managed",
      "type": "github_team_membership",
      "name": "ictsc9-whywaita",
      "provider": "provider[\"registry.terraform.io/integrations/github\"]",
      "instances": [
        {
          "schema_version": 0,
          "attributes": {
            "etag": "W/\"603a8249d8b19d9805a3ed497c81b164d5cc8360af5757678e8e989ddb2ac2c6\"",
            "id": "2818424:whywaita",
            "role": "member",
            "team_id": "2818424",
            "username": "whywaita"
          },
          "sensitive_attributes": [],
          "private": "bnVsbA==",
          "dependencies": [
            "github_membership.whywaita",
            "github_team.ictsc9"
          ]
        }
      ]
    },
    {
      "mode": "managed",
      "type": "github_team_membership",
      "name": "ictsc9-yatuhashi",
      "provider": "provider[\"registry.terraform.io/integrations/github\"]",
      "instances": [
        {
          "schema_version": 0,
          "attributes": {
            "etag": "W/\"c8ccaba05b99be0e3eb41bcfda68afa6db54b03104b750999c441cc14a656021\"",
            "id": "2818424:yatuhashi",
            "role": "member",
            "team_id": "2818424",
            "username": "yatuhashi"
          },
          "sensitive_attributes": [],
          "dependencies": [
            "github_membership.yatuhashi",
            "github_team.ictsc9"
          ]
        }
      ]
    },
    {
      "mode": "managed",
      "type": "github_team_membership",
      "name": "score-dev-uplus",
      "provider": "provider[\"registry.terraform.io/integrations/github\"]",
      "instances": [
        {
          "schema_version": 0,
          "attributes": {
            "etag": "W/\"67812332a955a3d7ef9acfda4cd96ee074d3cb545ab70a8da9ea83ac4b569e9c\"",
            "id": "2004353:uplus",
            "role": "maintainer",
            "team_id": "2004353",
            "username": "uplus"
          },
          "sensitive_attributes": [],
          "dependencies": [
            "github_membership.uplus",
            "github_team.score-dev"
          ]
        }
      ]
    },
    {
      "mode": "managed",
      "type": "github_team_repository",
      "name": "score-dev-ictsc-score-server",
      "provider": "provider[\"registry.terraform.io/integrations/github\"]",
      "instances": [
        {
          "schema_version": 0,
          "attributes": {
            "etag": "W/\"857aa29718ea76ea2a50274c754c820a32c86b7bdef5bc4e7712416241367f24\"",
            "id": "2004353:ictsc-score-server",
            "permission": "admin",
            "repository": "ictsc-score-server",
            "team_id": "2004353"
          },
          "sensitive_attributes": [],
          "dependencies": [
            "github_team.score-dev"
          ]
        }
      ]
    }
  ],
  "check_results": null
}
