{
  "version": 4,
  "terraform_version": "1.3.6",
  "serial": 535,
  "lineage": "842a2913-e436-4381-8e72-045e740c9c1f",
  "outputs": {},
  "resources": [
    {
      "mode": "managed",
      "type": "github_membership",
      "name": "member",
      "provider": "provider[\"registry.terraform.io/integrations/github\"]",
      "instances": [
        {
          "index_key": "210on",
          "schema_version": 0,
          "attributes": {
            "etag": "W/\"1797e099c43b2c59cbaaf2116c639dd5e1c45e2d00a5d7f30d161010fc1e4dc6\"",
            "id": "ictsc:210on",
            "role": "member",
            "username": "210on"
          },
          "sensitive_attributes": [],
          "private": "bnVsbA=="
        },
        {
          "index_key": "Art-Atlas",
          "schema_version": 0,
          "attributes": {
            "etag": "W/\"16adb296d9e687b705eb18220902c36238171b22262e5a58fcd2dcefb8bf1ce5\"",
            "id": "ictsc:Art-Atlas",
            "role": "member",
            "username": "Art-Atlas"
          },
          "sensitive_attributes": [],
          "private": "bnVsbA=="
        },
        {
          "index_key": "Azusa72",
          "schema_version": 0,
          "attributes": {
            "etag": "W/\"fcbf5f724e764f82714b708914949251b6a0b2a790fa342e38de05c7c28b1d4f\"",
            "id": "ictsc:Azusa72",
            "role": "member",
            "username": "Azusa72"
          },
          "sensitive_attributes": []
        },
        {
          "index_key": "Crow314",
          "schema_version": 0,
          "attributes": {
            "etag": "W/\"522c6c7b0268ff7f23c044a9a46647ba98616492e55e1f6446ed0a5cf7eeee01\"",
            "id": "ictsc:Crow314",
            "role": "admin",
            "username": "Crow314"
          },
          "sensitive_attributes": [],
          "private": "bnVsbA=="
        },
        {
          "index_key": "Dodai-Dodai",
          "schema_version": 0,
          "attributes": {
            "etag": "W/\"759dd1ef64c6f38dc1c88b7e2647f833e8428ccb8fde05b3a9a45d6c26b974d1\"",
            "id": "ictsc:Dodai-Dodai",
            "role": "member",
            "username": "Dodai-Dodai"
          },
          "sensitive_attributes": [],
          "private": "bnVsbA=="
        },
        {
          "index_key": "Explosive6363",
          "schema_version": 0,
          "attributes": {
            "etag": "W/\"d8b991c586e5436eae991e5876366b4758d1adfc2d1a615d42d1a19e4f90c471\"",
            "id": "ictsc:Explosive6363",
            "role": "admin",
            "username": "Explosive6363"
          },
          "sensitive_attributes": []
        },
        {
          "index_key": "Fuuma0000",
          "schema_version": 0,
          "attributes": {
            "etag": "W/\"71944e4022561e0df8523e681060ea3aad5e2069bd720fba069a937997c6cb86\"",
            "id": "ictsc:Fuuma0000",
            "role": "member",
            "username": "Fuuma0000"
          },
          "sensitive_attributes": [],
          "private": "bnVsbA=="
        },
        {
          "index_key": "Hicky1025",
          "schema_version": 0,
          "attributes": {
            "etag": "W/\"6f439fec57272541fb1eca9a408ed66c2ed39a91ee0c0c28479e7374d807aa08\"",
            "id": "ictsc:Hicky1025",
            "role": "member",
            "username": "Hicky1025"
          },
          "sensitive_attributes": []
        },
        {
          "index_key": "I1da725",
          "schema_version": 0,
          "attributes": {
            "etag": "W/\"f118b16b63a83814a24638db0d248fff5cc43a7df07195a6a1305b7f2aeb0c08\"",
            "id": "ictsc:I1da725",
            "role": "member",
            "username": "I1da725"
          },
          "sensitive_attributes": [],
          "private": "bnVsbA=="
        },
        {
          "index_key": "Iwancof",
          "schema_version": 0,
          "attributes": {
            "etag": "W/\"ad2250f617a7a00b12fe2b44c9d1725f5a3e78917f7733267bac6fbe459ecc38\"",
            "id": "ictsc:Iwancof",
            "role": "member",
            "username": "Iwancof"
          },
          "sensitive_attributes": []
        },
        {
          "index_key": "K-shir0",
          "schema_version": 0,
          "attributes": {
            "etag": "W/\"7de429378ba27e5c44a7fce3f9e978fdb26e68b8d02431aab512d42d3ea7e0f4\"",
            "id": "ictsc:K-shir0",
            "role": "member",
            "username": "K-shir0"
          },
          "sensitive_attributes": []
        },
        {
          "index_key": "Katsuya414",
          "schema_version": 0,
          "attributes": {
            "etag": "W/\"7ece57b6cc1dc4106f08141e830c4df963ae8dab9a45be87aada05502a0b8efb\"",
            "id": "ictsc:Katsuya414",
            "role": "member",
            "username": "Katsuya414"
          },
          "sensitive_attributes": []
        },
        {
          "index_key": "Kurorororo",
          "schema_version": 0,
          "attributes": {
            "etag": "W/\"77837a33da217a6bb59ec516a140035a2d1f2c94c8ad802f8b4ef1792695b05c\"",
            "id": "ictsc:Kurorororo",
            "role": "member",
            "username": "Kurorororo"
          },
          "sensitive_attributes": []
        },
        {
          "index_key": "Nishinoyama",
          "schema_version": 0,
          "attributes": {
            "etag": "W/\"3a4f789ec12928cae6712e923e36e6be8571e6dd84913a1402caacb422639802\"",
            "id": "ictsc:Nishinoyama",
            "role": "admin",
            "username": "Nishinoyama"
          },
          "sensitive_attributes": [],
          "private": "bnVsbA=="
        },
        {
          "index_key": "NozomiSugiyama",
          "schema_version": 0,
          "attributes": {
            "etag": "W/\"845d88e7776bd748c3a2a3e43f10f7d85633573431294cf1a911bf2661fdb053\"",
            "id": "ictsc:NozomiSugiyama",
            "role": "member",
            "username": "NozomiSugiyama"
          },
          "sensitive_attributes": []
        },
        {
          "index_key": "SakurazakaShin",
          "schema_version": 0,
          "attributes": {
            "etag": "W/\"9d903539e5a4128a258a63faf6dc30ce0f4fabeea35c93563ec49fcc7043ef2d\"",
            "id": "ictsc:SakurazakaShin",
            "role": "member",
            "username": "SakurazakaShin"
          },
          "sensitive_attributes": []
        },
        {
          "index_key": "SallyAcolyte",
          "schema_version": 0,
          "attributes": {
            "etag": "W/\"7cb09c10069ba84be57bf1f37fd26f7fc8b139802e2d4dc5b8e4e03689b650b1\"",
            "id": "ictsc:SallyAcolyte",
            "role": "member",
            "username": "SallyAcolyte"
          },
          "sensitive_attributes": []
        },
        {
          "index_key": "ShotaKitazawa",
          "schema_version": 0,
          "attributes": {
            "etag": "W/\"2fddb9f168f3e49c124d09d71cddd6b19ba0578f09567884249b207c660a797a\"",
            "id": "ictsc:ShotaKitazawa",
            "role": "member",
            "username": "ShotaKitazawa"
          },
          "sensitive_attributes": []
        },
        {
          "index_key": "SilEighty-ym",
          "schema_version": 0,
          "attributes": {
            "etag": "W/\"e8be4da41ee9585b0e09d06f4d796edd2278d5a726771e8b62c2a4d242e6362f\"",
            "id": "ictsc:SilEighty-ym",
            "role": "member",
            "username": "SilEighty-ym"
          },
          "sensitive_attributes": []
        },
        {
          "index_key": "TenkiGit",
          "schema_version": 0,
          "attributes": {
            "etag": "W/\"550e99731d1917af716a805f8403f7c73404b637bfecf85f1232ce1a71dc6ded\"",
            "id": "ictsc:TenkiGit",
            "role": "member",
            "username": "TenkiGit"
          },
          "sensitive_attributes": []
        },
        {
          "index_key": "Terfno",
          "schema_version": 0,
          "attributes": {
            "etag": "W/\"b31113a5a68034489c672349d87509916bb4a7cbb08a76caea95e657527d1af2\"",
            "id": "ictsc:Terfno",
            "role": "member",
            "username": "Terfno"
          },
          "sensitive_attributes": []
        },
        {
          "index_key": "Yosshi72",
          "schema_version": 0,
          "attributes": {
            "etag": "W/\"56f72ba3be6b21bc466433941d436cd6a4fec8a4084e0c6bb928d397a97c5292\"",
            "id": "ictsc:Yosshi72",
            "role": "member",
            "username": "Yosshi72"
          },
          "sensitive_attributes": [],
          "private": "bnVsbA=="
        },
        {
          "index_key": "a-r-g-v",
          "schema_version": 0,
          "attributes": {
            "etag": "W/\"dadaa1d16bdd33e730258ca8b54ec98ff28635f45a42d6a2e8a8b5b01ddcfc13\"",
            "id": "ictsc:a-r-g-v",
            "role": "member",
            "username": "a-r-g-v"
          },
          "sensitive_attributes": []
        },
        {
          "index_key": "acque2two",
          "schema_version": 0,
          "attributes": {
            "etag": "W/\"bb834f136a072e36d014e52c594332a2e9ea23e523e9834e8cb11d30449c3a62\"",
            "id": "ictsc:acque2two",
            "role": "member",
            "username": "acque2two"
          },
          "sensitive_attributes": []
        },
        {
          "index_key": "alias-aria",
          "schema_version": 0,
          "attributes": {
            "etag": "W/\"38cf69ff6c683d1f8ff1237f9fda76820960b36d65358d81d1e690688c5c0919\"",
            "id": "ictsc:alias-aria",
            "role": "member",
            "username": "alias-aria"
          },
          "sensitive_attributes": []
        },
        {
          "index_key": "aoi96",
          "schema_version": 0,
          "attributes": {
            "etag": "W/\"1eacc1b9d0558ccc3d16be245cea840a1da690164c1293b298c5d9f8c2411243\"",
            "id": "ictsc:aoi96",
            "role": "member",
            "username": "aoi96"
          },
          "sensitive_attributes": []
        },
        {
          "index_key": "arupakan125",
          "schema_version": 0,
          "attributes": {
            "etag": "W/\"3898b986da08b0ae3592d91b04a0d28cdecf9d41dd7def4288d0c1f64419fae2\"",
            "id": "ictsc:arupakan125",
            "role": "member",
            "username": "arupakan125"
          },
          "sensitive_attributes": []
        },
        {
          "index_key": "asarijiru",
          "schema_version": 0,
          "attributes": {
            "etag": "W/\"396c7e8e7b8d33f753676e7a7ed86ab61d53dca3b7486673f9caf8f3d19c7c16\"",
            "id": "ictsc:asarijiru",
            "role": "member",
            "username": "asarijiru"
          },
          "sensitive_attributes": []
        },
        {
          "index_key": "asdfec",
          "schema_version": 0,
          "attributes": {
            "etag": "W/\"43abca32c85c94256aee32a6fe5083ec00e272dabfb4b3c134c2dce4111d5f69\"",
            "id": "ictsc:asdfec",
            "role": "member",
            "username": "asdfec"
          },
          "sensitive_attributes": []
        },
        {
          "index_key": "beggarl",
          "schema_version": 0,
          "attributes": {
            "etag": "W/\"eaf6f405182ff5ffa9c69d78bf7160a6a3b3ce0ccd15708812323033c815995a\"",
            "id": "ictsc:beggarl",
            "role": "member",
            "username": "beggarl"
          },
          "sensitive_attributes": []
        },
        {
          "index_key": "bosan120",
          "schema_version": 0,
          "attributes": {
            "etag": "W/\"2cf918003464dd916b74f49398943dfa0f053a016ad46701de28d4e3908be89a\"",
            "id": "ictsc:bosan120",
            "role": "member",
            "username": "bosan120"
          },
          "sensitive_attributes": []
        },
        {
          "index_key": "chalkygames123",
          "schema_version": 0,
          "attributes": {
            "etag": "W/\"695fdf18d96a039953b724aceb3b905e150b8c839684bc2b721d1b57b656a293\"",
            "id": "ictsc:chalkygames123",
            "role": "member",
            "username": "chalkygames123"
          },
          "sensitive_attributes": []
        },
        {
          "index_key": "chamaharun",
          "schema_version": 0,
          "attributes": {
            "etag": "W/\"102682253cedcacd859a7e59ca5b9c5c459d62df3473bd5ac9c81dcc2e678017\"",
            "id": "ictsc:chamaharun",
            "role": "member",
            "username": "chamaharun"
          },
          "sensitive_attributes": []
        },
        {
          "index_key": "chaya2z",
          "schema_version": 0,
          "attributes": {
            "etag": "W/\"4f2b25b274842de78ce97e5208bac8fcf477865e040790bd68e2022a93713810\"",
            "id": "ictsc:chaya2z",
            "role": "member",
            "username": "chaya2z"
          },
          "sensitive_attributes": []
        },
        {
          "index_key": "chibiegg",
          "schema_version": 0,
          "attributes": {
            "etag": "W/\"eb0b0986f8e507309bca6edb7239405cf7611347014858a6914564398092025d\"",
            "id": "ictsc:chibiegg",
            "role": "member",
            "username": "chibiegg"
          },
          "sensitive_attributes": []
        },
        {
          "index_key": "chisaton1",
          "schema_version": 0,
          "attributes": {
            "etag": "W/\"18ac942e3a78f72fb9bc62b4ceb089442f5d0a06801524308bcb28b2a0ed47b2\"",
            "id": "ictsc:chisaton1",
            "role": "member",
            "username": "chisaton1"
          },
          "sensitive_attributes": []
        },
        {
          "index_key": "chouett0",
          "schema_version": 0,
          "attributes": {
            "etag": "W/\"1785fa7c7d4f43ec69962e3829a36bfb36c5b13230b483d9421fcbb9b1e96bc1\"",
            "id": "ictsc:chouett0",
            "role": "member",
            "username": "chouett0"
          },
          "sensitive_attributes": []
        },
        {
          "index_key": "ecodrive-18",
          "schema_version": 0,
          "attributes": {
            "etag": "W/\"50254f0f7861b3d1dbe8dd1a5c4969caf8dbaafb66b999cb78ade0f4279d0299\"",
            "id": "ictsc:ecodrive-18",
            "role": "member",
            "username": "ecodrive-18"
          },
          "sensitive_attributes": []
        },
        {
          "index_key": "flora058x",
          "schema_version": 0,
          "attributes": {
            "etag": "W/\"bb28e0799837e5aeed589f8aa2a3d3e0d011e72d049f58d8521fa87966945050\"",
            "id": "ictsc:flora058x",
            "role": "member",
            "username": "flora058x"
          },
          "sensitive_attributes": [],
          "private": "bnVsbA=="
        },
        {
          "index_key": "guragusan",
          "schema_version": 0,
          "attributes": {
            "etag": "W/\"d0ac37a11e4b681af74fccec980acb3692e013f16a00b5d93421ad0d499020f2\"",
            "id": "ictsc:guragusan",
            "role": "member",
            "username": "guragusan"
          },
          "sensitive_attributes": []
        },
        {
          "index_key": "gurapomu",
          "schema_version": 0,
          "attributes": {
            "etag": "W/\"548a9fd909c08a74de311fa922081d329626183b527fbc69ff5fc7c45c4565ce\"",
            "id": "ictsc:gurapomu",
            "role": "member",
            "username": "gurapomu"
          },
          "sensitive_attributes": []
        },
        {
          "index_key": "h-otter",
          "schema_version": 0,
          "attributes": {
            "etag": "W/\"e0bb3978985183a25b22950cb62bb2f6372ee7f4d3fece5bd233510aa49a1f79\"",
            "id": "ictsc:h-otter",
            "role": "admin",
            "username": "h-otter"
          },
          "sensitive_attributes": []
        },
        {
          "index_key": "ha-kun0711",
          "schema_version": 0,
          "attributes": {
            "etag": "W/\"5c6f0348bb5b22b4a2675bfe6a5ad30afff17bb4caf4bdb27f05ffd599e5a99b\"",
            "id": "ictsc:ha-kun0711",
            "role": "member",
            "username": "ha-kun0711"
          },
          "sensitive_attributes": []
        },
        {
          "index_key": "hibiki31",
          "schema_version": 0,
          "attributes": {
            "etag": "W/\"e8778d9ddd2262bf17b3cc6ee9d584330b5e9a4f1d86d944211e4f9cf65d6c62\"",
            "id": "ictsc:hibiki31",
            "role": "member",
            "username": "hibiki31"
          },
          "sensitive_attributes": []
        },
        {
          "index_key": "hitto-hub",
          "schema_version": 0,
          "attributes": {
            "etag": "W/\"08aa01d662deca0483b17af30ac30b4c130a1c25c18d2914ca04db0fe95622ee\"",
            "id": "ictsc:hitto-hub",
            "role": "member",
            "username": "hitto-hub"
          },
          "sensitive_attributes": [],
          "private": "bnVsbA=="
        },
        {
          "index_key": "ibucho",
          "schema_version": 0,
          "attributes": {
            "etag": "W/\"6f459b34143d56e2fcda59ceccf25d2ecd767ec61371ce0efcd36a2a9a6305ca\"",
            "id": "ictsc:ibucho",
            "role": "admin",
            "username": "ibucho"
          },
          "sensitive_attributes": []
        },
        {
          "index_key": "icchy",
          "schema_version": 0,
          "attributes": {
            "etag": "W/\"bfd18a6478e739edbf5b9e7d3a56cafea44173d444af890141e3305ffefcfe6a\"",
            "id": "ictsc:icchy",
            "role": "member",
            "username": "icchy"
          },
          "sensitive_attributes": []
        },
        {
          "index_key": "int-tt",
          "schema_version": 0,
          "attributes": {
            "etag": "W/\"2560e28b22a40c307ff4dcbd1b3a8171e4ba4e139697a00bd242d44dac7f00f5\"",
            "id": "ictsc:int-tt",
            "role": "member",
            "username": "int-tt"
          },
          "sensitive_attributes": []
        },
        {
          "index_key": "inuyosi",
          "schema_version": 0,
          "attributes": {
            "etag": "W/\"ff3149d0dd128ded1d86259b1ae1f7784c54b7c0a21aabe4da74e1b57f4dbe31\"",
            "id": "ictsc:inuyosi",
            "role": "member",
            "username": "inuyosi"
          },
          "sensitive_attributes": []
        },
        {
          "index_key": "kadokusei",
          "schema_version": 0,
          "attributes": {
            "etag": "W/\"1b368d69a3cc6db1e87eab3bdd77a7a5a16f8e2ce7239646494b21ccb54af15f\"",
            "id": "ictsc:kadokusei",
            "role": "member",
            "username": "kadokusei"
          },
          "sensitive_attributes": []
        },
        {
          "index_key": "kamijin-fanta",
          "schema_version": 0,
          "attributes": {
            "etag": "W/\"7fddcc7bed757adcbf06591decaa4f3e2982d58a9b0331fc98ffadb98168e362\"",
            "id": "ictsc:kamijin-fanta",
            "role": "member",
            "username": "kamijin-fanta"
          },
          "sensitive_attributes": []
        },
        {
          "index_key": "kapibara824",
          "schema_version": 0,
          "attributes": {
            "etag": "W/\"14fb247ef749453f006b36aad84395055a4ab4ef4016cbe3ab4143008ccd9e85\"",
            "id": "ictsc:kapibara824",
            "role": "member",
            "username": "kapibara824"
          },
          "sensitive_attributes": []
        },
        {
          "index_key": "kayo-tozaki",
          "schema_version": 0,
          "attributes": {
            "etag": "W/\"8f263ff6c2d924149965ad60daf9e124b615cbe2697696929e85be9856abb4a0\"",
            "id": "ictsc:kayo-tozaki",
            "role": "member",
            "username": "kayo-tozaki"
          },
          "sensitive_attributes": []
        },
        {
          "index_key": "keisukearakawa",
          "schema_version": 0,
          "attributes": {
            "etag": "W/\"81b3912b7d83039f91e87041b9506a287abe4a5a5f3ab5b9b9776bac9d7ea555\"",
            "id": "ictsc:keisukearakawa",
            "role": "member",
            "username": "keisukearakawa"
          },
          "sensitive_attributes": []
        },
        {
          "index_key": "kerthical",
          "schema_version": 0,
          "attributes": {
            "etag": "W/\"1d9b09fcd07395c21e95ff9d738281916497c699983777f6ae37bbd604bd13cb\"",
            "id": "ictsc:kerthical",
            "role": "member",
            "username": "kerthical"
          },
          "sensitive_attributes": [],
          "private": "bnVsbA=="
        },
        {
          "index_key": "keyakko",
          "schema_version": 0,
          "attributes": {
            "etag": "W/\"7bcfd6885cb0b137bebe137cd82a813fa447438feafc0f0a864311a5816c2b35\"",
            "id": "ictsc:keyakko",
            "role": "member",
            "username": "keyakko"
          },
          "sensitive_attributes": []
        },
        {
          "index_key": "konkichi836",
          "schema_version": 0,
          "attributes": {
            "etag": "W/\"491fad7d5610e16d99a005773978310ceaf2a3802ae7bfb5aef3beed4f4a51f5\"",
            "id": "ictsc:konkichi836",
            "role": "member",
            "username": "konkichi836"
          },
          "sensitive_attributes": [],
          "private": "bnVsbA=="
        },
        {
          "index_key": "kouxi08",
          "schema_version": 0,
          "attributes": {
            "etag": "W/\"ed7c240f6c45d7edd53e0dcd69372821b4091a23ea0fa823877e117964e20fd6\"",
            "id": "ictsc:kouxi08",
            "role": "member",
            "username": "kouxi08"
          },
          "sensitive_attributes": [],
          "private": "bnVsbA=="
        },
        {
          "index_key": "kurochan",
          "schema_version": 0,
          "attributes": {
            "etag": "W/\"4537701c2deb1333a11b59fcf3333f7c717f3a7d4180c305480b77a6a8694474\"",
            "id": "ictsc:kurochan",
            "role": "admin",
            "username": "kurochan"
          },
          "sensitive_attributes": []
        },
        {
          "index_key": "kyoko0514",
          "schema_version": 0,
          "attributes": {
            "etag": "W/\"eab3191fbd619cb5611ea3dc794d9c9226e5ef944cbe330ee4b0361e085713dc\"",
            "id": "ictsc:kyoko0514",
            "role": "member",
            "username": "kyoko0514"
          },
          "sensitive_attributes": []
        },
        {
          "index_key": "kyontan",
          "schema_version": 0,
          "attributes": {
            "etag": "W/\"6880b11398fba45ed5f71d61d1283f2d3331905b73f75556899808791751d33b\"",
            "id": "ictsc:kyontan",
            "role": "member",
            "username": "kyontan"
          },
          "sensitive_attributes": []
        },
        {
          "index_key": "logica0419",
          "schema_version": 0,
          "attributes": {
            "etag": "W/\"b34f3928045bfe89cb7332d6a981127af813fe23cdec475c5e80976288b97028\"",
            "id": "ictsc:logica0419",
            "role": "admin",
            "username": "logica0419"
          },
          "sensitive_attributes": [],
          "private": "bnVsbA=="
        },
        {
          "index_key": "mbook-x86",
          "schema_version": 0,
          "attributes": {
            "etag": "W/\"b1f93e3e094c8517c3d8d9f3704999f2aebff04dd2a680d9ae6bb23acba97a83\"",
            "id": "ictsc:mbook-x86",
            "role": "member",
            "username": "mbook-x86"
          },
          "sensitive_attributes": []
        },
        {
          "index_key": "miyashita77",
          "schema_version": 0,
          "attributes": {
            "etag": "W/\"edb4f315f17e2de3d72935af494adca9558cef5f793debe6f639a63c041c42a6\"",
            "id": "ictsc:miyashita77",
            "role": "member",
            "username": "miyashita77"
          },
          "sensitive_attributes": [],
          "private": "bnVsbA=="
        },
        {
          "index_key": "mk0913mnck",
          "schema_version": 0,
          "attributes": {
            "etag": "W/\"19765e71b46fa4fbf0250355864440b7c9515aefa92b12c3434e9f5cc75c2561\"",
            "id": "ictsc:mk0913mnck",
            "role": "member",
            "username": "mk0913mnck"
          },
          "sensitive_attributes": []
        },
        {
          "index_key": "momoka0122y",
          "schema_version": 0,
          "attributes": {
            "etag": "W/\"6fba9049a3dcbf03feb91346fe915e5233bb21aeda44574b94e3189a7bfa799d\"",
            "id": "ictsc:momoka0122y",
            "role": "member",
            "username": "momoka0122y"
          },
          "sensitive_attributes": [],
          "private": "bnVsbA=="
        },
        {
          "index_key": "mu-ruU1",
          "schema_version": 0,
          "attributes": {
            "etag": "W/\"0b04b86be0573c849d78a945fc7b2de1cd6f9677f2fd2e93048dcce379d7f131\"",
            "id": "ictsc:mu-ruU1",
            "role": "admin",
            "username": "mu-ruU1"
          },
          "sensitive_attributes": [],
          "private": "bnVsbA=="
        },
        {
          "index_key": "nakasyo2650",
          "schema_version": 0,
          "attributes": {
            "etag": "W/\"0a705b20644d62e5feb4113d8a00e7505eb9c0c3c469464f19cc329bbd5543aa\"",
            "id": "ictsc:nakasyo2650",
            "role": "member",
            "username": "nakasyo2650"
          },
          "sensitive_attributes": []
        },
        {
          "index_key": "naoki2001",
          "schema_version": 0,
          "attributes": {
            "etag": "W/\"192bbc42544c418e601a162297e61eb298556e81139eb25ef3dabb3718875ee7\"",
            "id": "ictsc:naoki2001",
            "role": "member",
            "username": "naoki2001"
          },
          "sensitive_attributes": []
        },
        {
          "index_key": "naoki912",
          "schema_version": 0,
          "attributes": {
            "etag": "W/\"2b7e96ba84826f799885e68fee766ffa9edf0fdf2607f0b3a47258211762fb34\"",
            "id": "ictsc:naoki912",
            "role": "member",
            "username": "naoki912"
          },
          "sensitive_attributes": []
        },
        {
          "index_key": "netmarkjp",
          "schema_version": 0,
          "attributes": {
            "etag": "W/\"f59a295c4bf5678d77591cfb5e82894b6a83c6d4bda51dae4f83ba3e4ae9763b\"",
            "id": "ictsc:netmarkjp",
            "role": "admin",
            "username": "netmarkjp"
          },
          "sensitive_attributes": []
        },
        {
          "index_key": "nomeaning777",
          "schema_version": 0,
          "attributes": {
            "etag": "W/\"de27fa1430af4d895e916026f95b83ad9eb9ecec13b4f93b8b497d345f075a1f\"",
            "id": "ictsc:nomeaning777",
            "role": "member",
            "username": "nomeaning777"
          },
          "sensitive_attributes": []
        },
        {
          "index_key": "notchi590",
          "schema_version": 0,
          "attributes": {
            "etag": "W/\"1a8e550c3ad3bb3f50bd8dea9547bf8accf5894e0e2631019317e9c9f337ab1d\"",
            "id": "ictsc:notchi590",
            "role": "member",
            "username": "notchi590"
          },
          "sensitive_attributes": []
        },
        {
          "index_key": "onabe3",
          "schema_version": 0,
          "attributes": {
            "etag": "W/\"f2f6a1531800a875f5d7c2837baff0d5dd5dac8ba5cdfd4c278a141d24b6cb08\"",
            "id": "ictsc:onabe3",
            "role": "member",
            "username": "onabe3"
          },
          "sensitive_attributes": [],
          "private": "bnVsbA=="
        },
        {
          "index_key": "onokatio",
          "schema_version": 0,
          "attributes": {
            "etag": "W/\"f9f145fa4f60bad4ca42c4388b36e511ac864648424f37a26c6c834dc534d059\"",
            "id": "ictsc:onokatio",
            "role": "admin",
            "username": "onokatio"
          },
          "sensitive_attributes": []
        },
        {
          "index_key": "oomorio",
          "schema_version": 0,
          "attributes": {
            "etag": "W/\"37a8bcdbf3d3dda311ea7952e362af3e5699a046260668ea393eea4006636f2b\"",
            "id": "ictsc:oomorio",
            "role": "member",
            "username": "oomorio"
          },
          "sensitive_attributes": []
        },
        {
          "index_key": "ophum",
          "schema_version": 0,
          "attributes": {
            "etag": "W/\"1721a01303b68ae44948647283505eae64e9c8b21dfca39ee577ac2f4c25817d\"",
            "id": "ictsc:ophum",
            "role": "member",
            "username": "ophum"
          },
          "sensitive_attributes": []
        },
        {
          "index_key": "orin24",
          "schema_version": 0,
          "attributes": {
            "etag": "W/\"e4619a7e22aa6bfc3bea63c07c6cd21c711251ff7446f65315118ad3da500d0e\"",
            "id": "ictsc:orin24",
            "role": "member",
            "username": "orin24"
          },
          "sensitive_attributes": []
        },
        {
          "index_key": "palloc",
          "schema_version": 0,
          "attributes": {
            "etag": "W/\"43241582b87cf5a4d9f4f7b84cd41946cba48e5e3f97b2b2f3d3f5077c2a30e3\"",
            "id": "ictsc:palloc",
            "role": "member",
            "username": "palloc"
          },
          "sensitive_attributes": []
        },
        {
          "index_key": "potyama",
          "schema_version": 0,
          "attributes": {
            "etag": "W/\"0da067cca16e9c3dc3af0a80000214e89f381da714f8d5514f61b66a49738026\"",
            "id": "ictsc:potyama",
            "role": "member",
            "username": "potyama"
          },
          "sensitive_attributes": []
        },
        {
          "index_key": "private-yusuke",
          "schema_version": 0,
          "attributes": {
            "etag": "W/\"260869e53515652adf57687f322564507899d887d3a1ac54bfc57ab96eb79387\"",
            "id": "ictsc:private-yusuke",
            "role": "member",
            "username": "private-yusuke"
          },
          "sensitive_attributes": [],
          "private": "bnVsbA=="
        },
        {
          "index_key": "proelbtn",
          "schema_version": 0,
          "attributes": {
            "etag": "W/\"f79d9313f148a42912802d739ec9f70dd1e049a763f14724900015524d20e78d\"",
            "id": "ictsc:proelbtn",
            "role": "admin",
            "username": "proelbtn"
          },
          "sensitive_attributes": []
        },
        {
          "index_key": "recuraki",
          "schema_version": 0,
          "attributes": {
            "etag": "W/\"3f8539be59d5ffd481097f467d67cfd492782a0a0857eea3740fd000eb263355\"",
            "id": "ictsc:recuraki",
            "role": "member",
            "username": "recuraki"
          },
          "sensitive_attributes": []
        },
        {
          "index_key": "rlia",
          "schema_version": 0,
          "attributes": {
            "etag": "W/\"83a717224b03a05db9e554c686b96c6fe4d88eab99a70d2990537493ddece89c\"",
            "id": "ictsc:rlia",
            "role": "member",
            "username": "rlia"
          },
          "sensitive_attributes": []
        },
        {
          "index_key": "sharknasuhorse",
          "schema_version": 0,
          "attributes": {
            "etag": "W/\"045d8e7fa1d7f344dbc17af9d0d36b749c21af21c7e20c1d015ed28ee9cb7dc6\"",
            "id": "ictsc:sharknasuhorse",
            "role": "admin",
            "username": "sharknasuhorse"
          },
          "sensitive_attributes": []
        },
        {
          "index_key": "shou3008",
          "schema_version": 0,
          "attributes": {
            "etag": "W/\"731e351754d29cb4072bc4dca5d8b1e79a4736d3025c5a888a49a2fac1fe7b1b\"",
            "id": "ictsc:shou3008",
            "role": "member",
            "username": "shou3008"
          },
          "sensitive_attributes": [],
          "private": "bnVsbA=="
        },
        {
          "index_key": "siberiy4",
          "schema_version": 0,
          "attributes": {
            "etag": "W/\"5c09331ec58a1e7b9ce19cafb668daff92decd1a5ecd904757f7014ead890639\"",
            "id": "ictsc:siberiy4",
            "role": "member",
            "username": "siberiy4"
          },
          "sensitive_attributes": [],
          "private": "bnVsbA=="
        },
        {
          "index_key": "site0801",
          "schema_version": 0,
          "attributes": {
            "etag": "W/\"900f7204c04989e4405adbb12e798f40f042add8ceca17218f54ab9c510e7b72\"",
            "id": "ictsc:site0801",
            "role": "member",
            "username": "site0801"
          },
          "sensitive_attributes": []
        },
        {
          "index_key": "sora34",
          "schema_version": 0,
          "attributes": {
            "etag": "W/\"6c5eb295957b7694bda5cbe46a91889004d3100be1d0abfde3f70a82e5d462f9\"",
            "id": "ictsc:sora34",
            "role": "member",
            "username": "sora34"
          },
          "sensitive_attributes": []
        },
        {
          "index_key": "staybuzz",
          "schema_version": 0,
          "attributes": {
            "etag": "W/\"48b5fe9ece201992f27ff4a8a93e28aa20d05709f529ca60a498fd60d9b389a8\"",
            "id": "ictsc:staybuzz",
            "role": "member",
            "username": "staybuzz"
          },
          "sensitive_attributes": []
        },
        {
          "index_key": "sugiki-accelia",
          "schema_version": 0,
          "attributes": {
            "etag": "W/\"aecfcc58387e284b10ddca0b3b9b1af50b5d476688428f5fda38fbb2f8676433\"",
            "id": "ictsc:sugiki-accelia",
            "role": "member",
            "username": "sugiki-accelia"
          },
          "sensitive_attributes": []
        },
        {
          "index_key": "sukekawa-accelia",
          "schema_version": 0,
          "attributes": {
            "etag": "W/\"cf0326285e775bccb648f2524603ffe71424d4e55025da075fc314c6b61ebcb1\"",
            "id": "ictsc:sukekawa-accelia",
            "role": "member",
            "username": "sukekawa-accelia"
          },
          "sensitive_attributes": []
        },
        {
          "index_key": "syuli",
          "schema_version": 0,
          "attributes": {
            "etag": "W/\"b44e07d7238bdf6eed0919aaf237f0501c058936a97151c1cf96b7c49e913329\"",
            "id": "ictsc:syuli",
            "role": "member",
            "username": "syuli"
          },
          "sensitive_attributes": []
        },
        {
          "index_key": "syuuya-nakatomi",
          "schema_version": 0,
          "attributes": {
            "etag": "W/\"b2f50ac9b7137cfca18e65d0b1d4bf74b6b5badfc492fbb974d4ed7d5dffdf12\"",
            "id": "ictsc:syuuya-nakatomi",
            "role": "member",
            "username": "syuuya-nakatomi"
          },
          "sensitive_attributes": [],
          "private": "bnVsbA=="
        },
        {
          "index_key": "takato256",
          "schema_version": 0,
          "attributes": {
            "etag": "W/\"734f84e1964c839b86f3421daad88cd7b168c3dd8fd28fb5c739eb2fbc9e4001\"",
            "id": "ictsc:takato256",
            "role": "member",
            "username": "takato256"
          },
          "sensitive_attributes": [],
          "private": "bnVsbA=="
        },
        {
          "index_key": "takehaya",
          "schema_version": 0,
          "attributes": {
            "etag": "W/\"6ec39a6d5c16e070566d7db6b7318519f3bc86df273171eb7b78d72b82bb08ec\"",
            "id": "ictsc:takehaya",
            "role": "admin",
            "username": "takehaya"
          },
          "sensitive_attributes": []
        },
        {
          "index_key": "takes3",
          "schema_version": 0,
          "attributes": {
            "etag": "W/\"b0b88dd2d8e9ee8c7221f7e54e753c673502be79c78af2bf1bc79c150a8f3241\"",
            "id": "ictsc:takes3",
            "role": "member",
            "username": "takes3"
          },
          "sensitive_attributes": []
        },
        {
          "index_key": "tanishi001",
          "schema_version": 0,
          "attributes": {
            "etag": "W/\"19365ab9f1daa14e57b99a2ba70c3e59b0e9050734c4ffe480955321cd22677d\"",
            "id": "ictsc:tanishi001",
            "role": "member",
            "username": "tanishi001"
          },
          "sensitive_attributes": []
        },
        {
          "index_key": "tar-xzvff",
          "schema_version": 0,
          "attributes": {
            "etag": "W/\"b186f3ee2e65f04e2456a96d4445f508679db74e601a62e8b362cb2c28ff93f4\"",
            "id": "ictsc:tar-xzvff",
            "role": "admin",
            "username": "tar-xzvff"
          },
          "sensitive_attributes": []
        },
        {
          "index_key": "tom--bo",
          "schema_version": 0,
          "attributes": {
            "etag": "W/\"a5541ad75f6c0c6d4e3b31148e90b3cf002ae6c8ec48c952a46e0dc173ddfb56\"",
            "id": "ictsc:tom--bo",
            "role": "member",
            "username": "tom--bo"
          },
          "sensitive_attributes": []
        },
        {
          "index_key": "tomatoaas",
          "schema_version": 0,
          "attributes": {
            "etag": "W/\"4a0d27f43777996d9948df7e44c09199b9d62b416dd88805063418e5760f555b\"",
            "id": "ictsc:tomatoaas",
            "role": "member",
            "username": "tomatoaas"
          },
          "sensitive_attributes": []
        },
        {
          "index_key": "tosuke",
          "schema_version": 0,
          "attributes": {
            "etag": "W/\"5c5fc796a81ef60de1adc5f1e95bfbe2f6cad6c9bf9a06f39edcf138e88999b0\"",
            "id": "ictsc:tosuke",
            "role": "member",
            "username": "tosuke"
          },
          "sensitive_attributes": [],
          "private": "bnVsbA=="
        },
        {
          "index_key": "tsuttsu305",
          "schema_version": 0,
          "attributes": {
            "etag": "W/\"7fc261a425c004cb334e04c79d9ad7a0f5afc161d8c1dc1a1dc5ac88dba53b00\"",
            "id": "ictsc:tsuttsu305",
            "role": "member",
            "username": "tsuttsu305"
          },
          "sensitive_attributes": []
        },
        {
          "index_key": "tsuzu",
          "schema_version": 0,
          "attributes": {
            "etag": "W/\"a6112244e54232c24613ae81690f21f7aecbfd86c8958b5436472a2f613f4c8f\"",
            "id": "ictsc:tsuzu",
            "role": "member",
            "username": "tsuzu"
          },
          "sensitive_attributes": [],
          "private": "bnVsbA=="
        },
        {
          "index_key": "uplus",
          "schema_version": 0,
          "attributes": {
            "etag": "W/\"19988ea7c6a36a1f7d8336134c6d3b55e73b578c8c163d3b7306b2818c0593da\"",
            "id": "ictsc:uplus",
            "role": "admin",
            "username": "uplus"
          },
          "sensitive_attributes": []
        },
        {
          "index_key": "whywaita",
          "schema_version": 0,
          "attributes": {
            "etag": "W/\"80e5bb082923293bb209b4193d01577df69099e523d1115ecc1a22cb7d2a5f09\"",
            "id": "ictsc:whywaita",
            "role": "admin",
            "username": "whywaita"
          },
          "sensitive_attributes": []
        },
        {
          "index_key": "x86taka",
          "schema_version": 0,
          "attributes": {
            "etag": "W/\"c4865639569ba3e082f6be46cba3aaf4ac51708612ca410755d339f3dfc0b434\"",
            "id": "ictsc:x86taka",
            "role": "admin",
            "username": "x86taka"
          },
          "sensitive_attributes": []
        },
        {
          "index_key": "y-monma",
          "schema_version": 0,
          "attributes": {
            "etag": "W/\"387900ec4ecd66757a785a9361a8a43109973fe39619606d865ad399d5b3b067\"",
            "id": "ictsc:y-monma",
            "role": "member",
            "username": "y-monma"
          },
          "sensitive_attributes": []
        },
        {
          "index_key": "yaminoma",
          "schema_version": 0,
          "attributes": {
            "etag": "W/\"461279253c3fcad2b6b71ab7309a789062d9690bf805c586fccf41bb30941038\"",
            "id": "ictsc:yaminoma",
            "role": "member",
            "username": "yaminoma"
          },
          "sensitive_attributes": []
        },
        {
          "index_key": "yatuhashi",
          "schema_version": 0,
          "attributes": {
            "etag": "W/\"565cb00c31531ffe83879bf59236179f0cb2de404641a3b0b61322412df91bab\"",
            "id": "ictsc:yatuhashi",
            "role": "member",
            "username": "yatuhashi"
          },
          "sensitive_attributes": []
        },
        {
          "index_key": "yfujii854",
          "schema_version": 0,
          "attributes": {
            "etag": "W/\"3632e80d390b62f455a0bbd1bd8b64138dc35a8a1bb78beffa398be39435b060\"",
            "id": "ictsc:yfujii854",
            "role": "member",
            "username": "yfujii854"
          },
          "sensitive_attributes": [],
          "private": "bnVsbA=="
        },
        {
          "index_key": "yo-taro",
          "schema_version": 0,
          "attributes": {
            "etag": "W/\"299d9a9e65a3a1f49f1aa1efd50163668f959de2a07ef35ed6cab783112b57e6\"",
            "id": "ictsc:yo-taro",
            "role": "member",
            "username": "yo-taro"
          },
          "sensitive_attributes": []
        },
        {
          "index_key": "yoneyan",
          "schema_version": 0,
          "attributes": {
            "etag": "W/\"0388de288b9b553612a98f9bdcd7cbd3a5a64a15921fe55053da937bd531eb35\"",
            "id": "ictsc:yoneyan",
            "role": "member",
            "username": "yoneyan"
          },
          "sensitive_attributes": []
        },
        {
          "index_key": "yu-tanaka00",
          "schema_version": 0,
          "attributes": {
            "etag": "W/\"10c3d6d1c80f3ac229e8d769a7db6ea417c4188356f9373b604f90e622872c2a\"",
            "id": "ictsc:yu-tanaka00",
            "role": "member",
            "username": "yu-tanaka00"
          },
          "sensitive_attributes": []
        },
        {
          "index_key": "yukamoja",
          "schema_version": 0,
          "attributes": {
            "etag": "W/\"9edb200df5bcccc2fc3b6a7556ef1e7b93974cc647d87b26a3b7022bb713ed72\"",
            "id": "ictsc:yukamoja",
            "role": "admin",
            "username": "yukamoja"
          },
          "sensitive_attributes": []
        },
        {
          "index_key": "yuukinetwork",
          "schema_version": 0,
          "attributes": {
            "etag": "W/\"5d29af09a7d6fb0251285d2d4466a9f0f87b705ba4fa524bdfdc9338f76fce17\"",
            "id": "ictsc:yuukinetwork",
            "role": "member",
            "username": "yuukinetwork"
          },
          "sensitive_attributes": []
        },
        {
          "index_key": "zeroalphat",
          "schema_version": 0,
          "attributes": {
            "etag": "W/\"0569b0d4b26e20f58cae4dc8eb42c9e308d13b374bc3629b611119d438a74606\"",
            "id": "ictsc:zeroalphat",
            "role": "member",
            "username": "zeroalphat"
          },
          "sensitive_attributes": []
        }
      ]
    },
    {
      "mode": "managed",
      "type": "github_team",
      "name": "score-dev",
      "provider": "provider[\"registry.terraform.io/integrations/github\"]",
      "instances": [
        {
          "schema_version": 0,
          "attributes": {
            "create_default_maintainer": false,
            "description": "score server development team",
            "etag": "W/\"d5bb602413027fcba39df93919beb7622513a624058593a8cf896e19dc638d70\"",
            "id": "2004353",
            "ldap_dn": "",
            "members_count": 1,
            "name": "score-dev",
            "node_id": "MDQ6VGVhbTIwMDQzNTM=",
            "parent_team_id": null,
            "privacy": "closed",
            "slug": "score-dev"
          },
          "sensitive_attributes": []
        }
      ]
    },
    {
      "mode": "managed",
      "type": "github_team",
      "name": "team",
      "provider": "provider[\"registry.terraform.io/integrations/github\"]",
      "instances": [
        {
          "index_key": "Admins",
          "schema_version": 0,
          "attributes": {
            "create_default_maintainer": false,
            "description": "member of Admins",
            "etag": "W/\"2ce517e06ace15ecb4056d35022dd8ddfb27119ecd08f458de0007e740336700\"",
            "id": "2008807",
            "ldap_dn": "",
            "members_count": 18,
            "name": "Admins",
            "node_id": "MDQ6VGVhbTIwMDg4MDc=",
            "parent_team_id": null,
            "privacy": "closed",
            "slug": "admins"
          },
          "sensitive_attributes": [],
          "private": "bnVsbA=="
        },
        {
          "index_key": "ictsc2018",
          "schema_version": 0,
          "attributes": {
            "create_default_maintainer": false,
            "description": "member of ictsc2018",
            "etag": "W/\"5efff00b9e1eca894ab148dfb607776c2bd19a961409cfd5609716c596434b56\"",
            "id": "2818425",
            "ldap_dn": "",
            "members_count": 21,
            "name": "ictsc2018",
            "node_id": "MDQ6VGVhbTI4MTg0MjU=",
            "parent_team_id": null,
            "privacy": "closed",
            "slug": "ictsc2018"
          },
          "sensitive_attributes": []
        },
        {
          "index_key": "ictsc2019",
          "schema_version": 0,
          "attributes": {
            "create_default_maintainer": false,
            "description": "member of ictsc2019",
            "etag": "W/\"4a442a9221f5b2228d717e5897cab7fd63ceb31ec561df8fd8cfa089e2271dbf\"",
            "id": "3300293",
            "ldap_dn": "",
            "members_count": 33,
            "name": "ictsc2019",
            "node_id": "MDQ6VGVhbTMzMDAyOTM=",
            "parent_team_id": null,
            "privacy": "closed",
            "slug": "ictsc2019"
          },
          "sensitive_attributes": []
        },
        {
          "index_key": "ictsc2020",
          "schema_version": 0,
          "attributes": {
            "create_default_maintainer": false,
            "description": "member of ictsc2020",
            "etag": "W/\"739aa75b6bbd2db2d045a83125a2569e64202ca376365f6ac415587b56cac4e4\"",
            "id": "3894829",
            "ldap_dn": "",
            "members_count": 22,
            "name": "ictsc2020",
            "node_id": "MDQ6VGVhbTM4OTQ4Mjk=",
            "parent_team_id": null,
            "privacy": "closed",
            "slug": "ictsc2020"
          },
          "sensitive_attributes": []
        },
        {
          "index_key": "ictsc2021",
          "schema_version": 0,
          "attributes": {
            "create_default_maintainer": false,
            "description": "member of ictsc2021",
            "etag": "W/\"b08a87c159c84d065c5066e05ffcfdbf77f344209d99aa30b937badd1c94adc1\"",
            "id": "4811781",
            "ldap_dn": "",
            "members_count": 15,
            "name": "ictsc2021",
            "node_id": "MDQ6VGVhbTQ4MTE3ODE=",
            "parent_team_id": null,
            "privacy": "closed",
            "slug": "ictsc2021"
          },
          "sensitive_attributes": []
        },
        {
          "index_key": "ictsc2022",
          "schema_version": 0,
          "attributes": {
            "create_default_maintainer": false,
            "description": "member of ictsc2022",
            "etag": "W/\"f9e75ddad6da8b0f499d595ef863af334b8e4f5e5d2f2dbccaa38b4281c87f17\"",
            "id": "7097691",
            "ldap_dn": "",
            "members_count": 12,
            "name": "ictsc2022",
            "node_id": "T_kwDOAKhxTs4AbE1b",
            "parent_team_id": null,
            "privacy": "closed",
            "slug": "ictsc2022"
          },
          "sensitive_attributes": [],
          "private": "bnVsbA=="
        },
        {
          "index_key": "ictsc2023",
          "schema_version": 0,
          "attributes": {
            "create_default_maintainer": false,
            "description": "member of ictsc2023",
            "etag": "W/\"dcf85f89d5a1ecb1b12f18a5b5e7dee5c2af0930018e8c4ed03f3287ea5d49dc\"",
            "id": "8186988",
            "ldap_dn": "",
            "members_count": 12,
            "name": "ictsc2023",
            "node_id": "T_kwDOAKhxTs4AfOxs",
            "parent_team_id": null,
            "privacy": "closed",
            "slug": "ictsc2023"
          },
          "sensitive_attributes": [],
          "private": "bnVsbA=="
        },
        {
          "index_key": "ictsc2024",
          "schema_version": 0,
          "attributes": {
            "create_default_maintainer": false,
            "description": "member of ictsc2024",
            "etag": "W/\"82fd7a31c4e4cd26929dfb7a01613f5b536acc2dfbedf0b193f38441ba0241e8\"",
            "id": "10324448",
            "ldap_dn": "",
            "members_count": 24,
            "name": "ictsc2024",
            "node_id": "T_kwDOAKhxTs4AnYng",
            "parent_team_id": null,
            "privacy": "closed",
            "slug": "ictsc2024"
          },
          "sensitive_attributes": [],
          "private": "bnVsbA=="
        },
        {
          "index_key": "ictsc4",
          "schema_version": 0,
          "attributes": {
            "create_default_maintainer": false,
            "description": "member of ictsc4",
            "etag": "W/\"a0d8c6bcfdbebf297b3b03b10ce26ccc0cc67935db52e1616414dae9f56d0b53\"",
            "id": "2004351",
            "ldap_dn": "",
            "members_count": 11,
            "name": "ictsc4",
            "node_id": "MDQ6VGVhbTIwMDQzNTE=",
            "parent_team_id": null,
            "privacy": "closed",
            "slug": "ictsc4"
          },
          "sensitive_attributes": []
        },
        {
          "index_key": "ictsc5",
          "schema_version": 0,
          "attributes": {
            "create_default_maintainer": false,
            "description": "member of ictsc5",
            "etag": "W/\"4f88c27c97fe0dea6c30d8d4ff63ef0c9914ae36e54b866335452c0d14832cef\"",
            "id": "2004352",
            "ldap_dn": "",
            "members_count": 26,
            "name": "ictsc5",
            "node_id": "MDQ6VGVhbTIwMDQzNTI=",
            "parent_team_id": null,
            "privacy": "closed",
            "slug": "ictsc5"
          },
          "sensitive_attributes": []
        },
        {
          "index_key": "ictsc6",
          "schema_version": 0,
          "attributes": {
            "create_default_maintainer": false,
            "description": "member of ictsc6",
            "etag": "W/\"7dbcff98def4a2167edb09edd2fe79c3203e6d9374a05a3c2461f83a202c5828\"",
            "id": "2004355",
            "ldap_dn": "",
            "members_count": 20,
            "name": "ictsc6",
            "node_id": "MDQ6VGVhbTIwMDQzNTU=",
            "parent_team_id": null,
            "privacy": "closed",
            "slug": "ictsc6"
          },
          "sensitive_attributes": []
        },
        {
          "index_key": "ictsc7",
          "schema_version": 0,
          "attributes": {
            "create_default_maintainer": false,
            "description": "member of ictsc7",
            "etag": "W/\"6db6254be2230402186ee7f848caceac793908dad6f1a949a9eeb98a53a09b1d\"",
            "id": "2178374",
            "ldap_dn": "",
            "members_count": 17,
            "name": "ictsc7",
            "node_id": "MDQ6VGVhbTIxNzgzNzQ=",
            "parent_team_id": null,
            "privacy": "closed",
            "slug": "ictsc7"
          },
          "sensitive_attributes": []
        },
        {
          "index_key": "ictsc8",
          "schema_version": 0,
          "attributes": {
            "create_default_maintainer": false,
            "description": "member of ictsc8",
            "etag": "W/\"b3d548c083d58257c274325f45b5efb38c1f8c5040c203f4886093058ab127a8\"",
            "id": "2341229",
            "ldap_dn": "",
            "members_count": 20,
            "name": "ictsc8",
            "node_id": "MDQ6VGVhbTIzNDEyMjk=",
            "parent_team_id": null,
            "privacy": "closed",
            "slug": "ictsc8"
          },
          "sensitive_attributes": []
        },
        {
          "index_key": "ictsc9",
          "schema_version": 0,
          "attributes": {
            "create_default_maintainer": false,
            "description": "member of ictsc9",
            "etag": "W/\"a9f29be57f1c7c281d87fc84911333f4cf76c3aebcc21187e20f087c83fc999b\"",
            "id": "2818424",
            "ldap_dn": "",
            "members_count": 19,
            "name": "ictsc9",
            "node_id": "MDQ6VGVhbTI4MTg0MjQ=",
            "parent_team_id": null,
            "privacy": "closed",
            "slug": "ictsc9"
          },
          "sensitive_attributes": []
        }
      ]
    },
    {
      "mode": "managed",
      "type": "github_team_members",
      "name": "team_member",
      "provider": "provider[\"registry.terraform.io/integrations/github\"]",
      "instances": [
        {
          "index_key": "Admins",
          "schema_version": 0,
          "attributes": {
            "etag": "b03cd4aac4c1c7b37a29b33d205f24fa",
            "id": "2008807",
            "members": [
              {
                "role": "maintainer",
                "username": "Crow314"
              },
              {
                "role": "maintainer",
                "username": "Explosive6363"
              },
              {
                "role": "maintainer",
                "username": "Nishinoyama"
              },
              {
                "role": "maintainer",
                "username": "h-otter"
              },
              {
                "role": "maintainer",
                "username": "ibucho"
              },
              {
                "role": "maintainer",
                "username": "kurochan"
              },
              {
                "role": "maintainer",
                "username": "logica0419"
              },
              {
                "role": "maintainer",
                "username": "mu-ruU1"
              },
              {
                "role": "maintainer",
                "username": "netmarkjp"
              },
              {
                "role": "maintainer",
                "username": "onokatio"
              },
              {
                "role": "maintainer",
                "username": "proelbtn"
              },
              {
                "role": "maintainer",
                "username": "sharknasuhorse"
              },
              {
                "role": "maintainer",
                "username": "takehaya"
              },
              {
                "role": "maintainer",
                "username": "tar-xzvff"
              },
              {
                "role": "maintainer",
                "username": "uplus"
              },
              {
                "role": "maintainer",
                "username": "whywaita"
              },
              {
                "role": "maintainer",
                "username": "x86taka"
              },
              {
                "role": "maintainer",
                "username": "yukamoja"
              }
            ],
            "team_id": "2008807"
          },
          "sensitive_attributes": [],
          "private": "bnVsbA==",
          "dependencies": [
            "github_membership.member",
            "github_team.team"
          ]
        },
        {
          "index_key": "ictsc2018",
          "schema_version": 0,
          "attributes": {
            "etag": "c8e2995b4d369b6a98d653a1bce830f1",
            "id": "2818425",
            "members": [
              {
                "role": "maintainer",
                "username": "h-otter"
              },
              {
                "role": "maintainer",
                "username": "onokatio"
              },
              {
                "role": "maintainer",
                "username": "proelbtn"
              },
              {
                "role": "maintainer",
                "username": "sharknasuhorse"
              },
              {
                "role": "maintainer",
                "username": "takehaya"
              },
              {
                "role": "maintainer",
                "username": "uplus"
              },
              {
                "role": "maintainer",
                "username": "whywaita"
              },
              {
                "role": "maintainer",
                "username": "yukamoja"
              },
              {
                "role": "member",
                "username": "Kurorororo"
              },
              {
                "role": "member",
                "username": "NozomiSugiyama"
              },
              {
                "role": "member",
                "username": "ShotaKitazawa"
              },
              {
                "role": "member",
                "username": "acque2two"
              },
              {
                "role": "member",
                "username": "bosan120"
              },
              {
                "role": "member",
                "username": "gurapomu"
              },
              {
                "role": "member",
                "username": "ha-kun0711"
              },
              {
                "role": "member",
                "username": "icchy"
              },
              {
                "role": "member",
                "username": "kyontan"
              },
              {
                "role": "member",
                "username": "orin24"
              },
              {
                "role": "member",
                "username": "palloc"
              },
              {
                "role": "member",
                "username": "potyama"
              },
              {
                "role": "member",
                "username": "yatuhashi"
              }
            ],
            "team_id": "2818425"
          },
          "sensitive_attributes": [],
          "private": "bnVsbA==",
          "dependencies": [
            "github_membership.member",
            "github_team.team"
          ]
        },
        {
          "index_key": "ictsc2019",
          "schema_version": 0,
          "attributes": {
            "etag": "46f7b83529e84cc7106e5bf815f0d1f9",
            "id": "3300293",
            "members": [
              {
                "role": "maintainer",
                "username": "h-otter"
              },
              {
                "role": "maintainer",
                "username": "onokatio"
              },
              {
                "role": "maintainer",
                "username": "proelbtn"
              },
              {
                "role": "maintainer",
                "username": "sharknasuhorse"
              },
              {
                "role": "maintainer",
                "username": "takehaya"
              },
              {
                "role": "maintainer",
                "username": "uplus"
              },
              {
                "role": "maintainer",
                "username": "yukamoja"
              },
              {
                "role": "member",
                "username": "Iwancof"
              },
              {
                "role": "member",
                "username": "Kurorororo"
              },
              {
                "role": "member",
                "username": "SallyAcolyte"
              },
              {
                "role": "member",
                "username": "SilEighty-ym"
              },
              {
                "role": "member",
                "username": "TenkiGit"
              },
              {
                "role": "member",
                "username": "Terfno"
              },
              {
                "role": "member",
                "username": "arupakan125"
              },
              {
                "role": "member",
                "username": "beggarl"
              },
              {
                "role": "member",
                "username": "chouett0"
              },
              {
                "role": "member",
                "username": "ecodrive-18"
              },
              {
                "role": "member",
                "username": "gurapomu"
              },
              {
                "role": "member",
                "username": "hibiki31"
              },
              {
                "role": "member",
                "username": "icchy"
              },
              {
                "role": "member",
                "username": "kapibara824"
              },
              {
                "role": "member",
                "username": "mbook-x86"
              },
              {
                "role": "member",
                "username": "naoki912"
              },
              {
                "role": "member",
                "username": "ophum"
              },
              {
                "role": "member",
                "username": "potyama"
              },
              {
                "role": "member",
                "username": "recuraki"
              },
              {
                "role": "member",
                "username": "rlia"
              },
              {
                "role": "member",
                "username": "siberiy4"
              },
              {
                "role": "member",
                "username": "site0801"
              },
              {
                "role": "member",
                "username": "syuli"
              },
              {
                "role": "member",
                "username": "tom--bo"
              },
              {
                "role": "member",
                "username": "yoneyan"
              },
              {
                "role": "member",
                "username": "yu-tanaka00"
              }
            ],
            "team_id": "3300293"
          },
          "sensitive_attributes": [],
          "private": "bnVsbA==",
          "dependencies": [
            "github_membership.member",
            "github_team.team"
          ]
        },
        {
          "index_key": "ictsc2020",
          "schema_version": 0,
          "attributes": {
            "etag": "c3266499d546027d7a65fa6c6cac34ec",
            "id": "3894829",
            "members": [
              {
                "role": "maintainer",
                "username": "onokatio"
              },
              {
                "role": "maintainer",
                "username": "proelbtn"
              },
              {
                "role": "maintainer",
                "username": "takehaya"
              },
              {
                "role": "maintainer",
                "username": "uplus"
              },
              {
                "role": "maintainer",
                "username": "x86taka"
              },
              {
                "role": "maintainer",
                "username": "yukamoja"
              },
              {
                "role": "member",
                "username": "Hicky1025"
              },
              {
                "role": "member",
                "username": "TenkiGit"
              },
              {
                "role": "member",
                "username": "Terfno"
              },
              {
                "role": "member",
                "username": "arupakan125"
              },
              {
                "role": "member",
                "username": "hibiki31"
              },
              {
                "role": "member",
                "username": "kapibara824"
              },
              {
                "role": "member",
                "username": "nakasyo2650"
              },
              {
                "role": "member",
                "username": "naoki2001"
              },
              {
                "role": "member",
                "username": "ophum"
              },
              {
                "role": "member",
                "username": "potyama"
              },
              {
                "role": "member",
                "username": "rlia"
              },
              {
                "role": "member",
                "username": "siberiy4"
              },
              {
                "role": "member",
                "username": "site0801"
              },
              {
                "role": "member",
                "username": "tanishi001"
              },
              {
                "role": "member",
                "username": "yoneyan"
              },
              {
                "role": "member",
                "username": "zeroalphat"
              }
            ],
            "team_id": "3894829"
          },
          "sensitive_attributes": [],
          "private": "bnVsbA==",
          "dependencies": [
            "github_membership.member",
            "github_team.team"
          ]
        },
        {
          "index_key": "ictsc2021",
          "schema_version": 0,
          "attributes": {
            "etag": "cc46904a5d40053f2e456d4cc8d67d69",
            "id": "4811781",
            "members": [
              {
                "role": "maintainer",
                "username": "Explosive6363"
              },
              {
                "role": "maintainer",
                "username": "onokatio"
              },
              {
                "role": "maintainer",
                "username": "proelbtn"
              },
              {
                "role": "maintainer",
                "username": "x86taka"
              },
              {
                "role": "member",
                "username": "Hicky1025"
              },
              {
                "role": "member",
                "username": "K-shir0"
              },
              {
                "role": "member",
                "username": "Terfno"
              },
              {
                "role": "member",
                "username": "arupakan125"
              },
              {
                "role": "member",
                "username": "chaya2z"
              },
              {
                "role": "member",
                "username": "kapibara824"
              },
              {
                "role": "member",
                "username": "ophum"
              },
              {
                "role": "member",
                "username": "siberiy4"
              },
              {
                "role": "member",
                "username": "site0801"
              },
              {
                "role": "member",
                "username": "tomatoaas"
              },
              {
                "role": "member",
                "username": "yoneyan"
              }
            ],
            "team_id": "4811781"
          },
          "sensitive_attributes": [],
          "private": "bnVsbA==",
          "dependencies": [
            "github_membership.member",
            "github_team.team"
          ]
        },
        {
          "index_key": "ictsc2022",
          "schema_version": 0,
          "attributes": {
            "etag": "ccbbe02fabda1b66fc6771eaea533cc2",
            "id": "7097691",
            "members": [
              {
                "role": "maintainer",
                "username": "Crow314"
              },
              {
                "role": "maintainer",
                "username": "Explosive6363"
              },
              {
                "role": "maintainer",
                "username": "Nishinoyama"
              },
              {
                "role": "maintainer",
                "username": "logica0419"
              },
              {
                "role": "maintainer",
                "username": "onokatio"
              },
              {
                "role": "maintainer",
                "username": "x86taka"
              },
              {
                "role": "member",
                "username": "Hicky1025"
              },
              {
                "role": "member",
                "username": "K-shir0"
              },
              {
                "role": "member",
                "username": "chaya2z"
              },
              {
                "role": "member",
                "username": "siberiy4"
              },
              {
                "role": "member",
                "username": "site0801"
              },
              {
                "role": "member",
                "username": "syuuya-nakatomi"
              }
            ],
            "team_id": "7097691"
          },
          "sensitive_attributes": [],
          "private": "bnVsbA==",
          "dependencies": [
            "github_membership.member",
            "github_team.team"
          ]
        },
        {
          "index_key": "ictsc2023",
          "schema_version": 0,
          "attributes": {
            "etag": "a147b6a121aa548871b04d489629a0b5",
            "id": "8186988",
            "members": [
              {
                "role": "maintainer",
                "username": "Crow314"
              },
              {
                "role": "maintainer",
                "username": "Nishinoyama"
              },
              {
                "role": "maintainer",
                "username": "logica0419"
              },
              {
                "role": "maintainer",
                "username": "mu-ruU1"
              },
              {
                "role": "maintainer",
                "username": "onokatio"
              },
              {
                "role": "maintainer",
                "username": "x86taka"
              },
              {
                "role": "member",
                "username": "Art-Atlas"
              },
              {
                "role": "member",
                "username": "Fuuma0000"
              },
              {
                "role": "member",
                "username": "ecodrive-18"
              },
              {
                "role": "member",
                "username": "flora058x"
              },
              {
                "role": "member",
                "username": "momoka0122y"
              },
              {
                "role": "member",
                "username": "syuuya-nakatomi"
              }
            ],
            "team_id": "8186988"
          },
          "sensitive_attributes": [],
          "private": "bnVsbA==",
          "dependencies": [
            "github_membership.member",
            "github_team.team"
          ]
        },
        {
          "index_key": "ictsc2024",
          "schema_version": 0,
          "attributes": {
            "etag": "ef2bba4fcbb30073ef53e0ee2750710d",
            "id": "10324448",
            "members": [
              {
                "role": "maintainer",
                "username": "Crow314"
              },
              {
                "role": "maintainer",
                "username": "Nishinoyama"
              },
              {
                "role": "maintainer",
                "username": "logica0419"
              },
              {
                "role": "maintainer",
                "username": "mu-ruU1"
              },
              {
                "role": "maintainer",
                "username": "onokatio"
              },
              {
                "role": "maintainer",
                "username": "x86taka"
              },
              {
                "role": "member",
                "username": "210on"
              },
              {
                "role": "member",
                "username": "Art-Atlas"
              },
              {
                "role": "member",
                "username": "Dodai-Dodai"
              },
              {
                "role": "member",
                "username": "Fuuma0000"
              },
              {
                "role": "member",
                "username": "I1da725"
              },
              {
                "role": "member",
                "username": "Yosshi72"
              },
              {
                "role": "member",
                "username": "flora058x"
              },
              {
                "role": "member",
                "username": "hitto-hub"
              },
              {
                "role": "member",
                "username": "kerthical"
              },
              {
                "role": "member",
                "username": "konkichi836"
              },
              {
                "role": "member",
                "username": "kouxi08"
              },
              {
                "role": "member",
                "username": "miyashita77"
              },
              {
                "role": "member",
                "username": "onabe3"
              },
              {
                "role": "member",
                "username": "private-yusuke"
              },
              {
                "role": "member",
                "username": "shou3008"
              },
              {
                "role": "member",
                "username": "syuuya-nakatomi"
              },
              {
                "role": "member",
                "username": "takato256"
              },
              {
                "role": "member",
                "username": "tosuke"
              },
              {
                "role": "member",
                "username": "tsuzu"
              },
              {
                "role": "member",
                "username": "yfujii854"
              }
            ],
            "team_id": "10324448"
          },
          "sensitive_attributes": [],
          "private": "bnVsbA==",
          "dependencies": [
            "github_membership.member",
            "github_team.team"
          ]
        },
        {
          "index_key": "ictsc4",
          "schema_version": 0,
          "attributes": {
            "etag": "0773d14613eda5674b696af17f42e023",
            "id": "2004351",
            "members": [
              {
                "role": "maintainer",
                "username": "ibucho"
              },
              {
                "role": "maintainer",
                "username": "kurochan"
              },
              {
                "role": "maintainer",
                "username": "netmarkjp"
              },
              {
                "role": "maintainer",
                "username": "whywaita"
              },
              {
                "role": "member",
                "username": "chisaton1"
              },
              {
                "role": "member",
                "username": "kayo-tozaki"
              },
              {
                "role": "member",
                "username": "keisukearakawa"
              },
              {
                "role": "member",
                "username": "mbook-x86"
              },
              {
                "role": "member",
                "username": "staybuzz"
              },
              {
                "role": "member",
                "username": "yatuhashi"
              },
              {
                "role": "member",
                "username": "yo-taro"
              }
            ],
            "team_id": "2004351"
          },
          "sensitive_attributes": [],
          "private": "bnVsbA==",
          "dependencies": [
            "github_membership.member",
            "github_team.team"
          ]
        },
        {
          "index_key": "ictsc5",
          "schema_version": 0,
          "attributes": {
            "etag": "bf14fb9efcbe55d8923c9c116260e76d",
            "id": "2004352",
            "members": [
              {
                "role": "maintainer",
                "username": "ibucho"
              },
              {
                "role": "maintainer",
                "username": "kurochan"
              },
              {
                "role": "maintainer",
                "username": "netmarkjp"
              },
              {
                "role": "maintainer",
                "username": "whywaita"
              },
              {
                "role": "member",
                "username": "aoi96"
              },
              {
                "role": "member",
                "username": "asdfec"
              },
              {
                "role": "member",
                "username": "chamaharun"
              },
              {
                "role": "member",
                "username": "chibiegg"
              },
              {
                "role": "member",
                "username": "guragusan"
              },
              {
                "role": "member",
                "username": "icchy"
              },
              {
                "role": "member",
                "username": "kadokusei"
              },
              {
                "role": "member",
                "username": "kayo-tozaki"
              },
              {
                "role": "member",
                "username": "keisukearakawa"
              },
              {
                "role": "member",
                "username": "kyoko0514"
              },
              {
                "role": "member",
                "username": "mbook-x86"
              },
              {
                "role": "member",
                "username": "mk0913mnck"
              },
              {
                "role": "member",
                "username": "notchi590"
              },
              {
                "role": "member",
                "username": "palloc"
              },
              {
                "role": "member",
                "username": "sora34"
              },
              {
                "role": "member",
                "username": "staybuzz"
              },
              {
                "role": "member",
                "username": "sugiki-accelia"
              },
              {
                "role": "member",
                "username": "sukekawa-accelia"
              },
              {
                "role": "member",
                "username": "takes3"
              },
              {
                "role": "member",
                "username": "y-monma"
              },
              {
                "role": "member",
                "username": "yatuhashi"
              },
              {
                "role": "member",
                "username": "yo-taro"
              }
            ],
            "team_id": "2004352"
          },
          "sensitive_attributes": [],
          "private": "bnVsbA==",
          "dependencies": [
            "github_membership.member",
            "github_team.team"
          ]
        },
        {
          "index_key": "ictsc6",
          "schema_version": 0,
          "attributes": {
            "etag": "8de43be111152e9904c4e4741f0a60aa",
            "id": "2004355",
            "members": [
              {
                "role": "maintainer",
                "username": "h-otter"
              },
              {
                "role": "maintainer",
                "username": "ibucho"
              },
              {
                "role": "maintainer",
                "username": "kurochan"
              },
              {
                "role": "maintainer",
                "username": "netmarkjp"
              },
              {
                "role": "maintainer",
                "username": "tar-xzvff"
              },
              {
                "role": "member",
                "username": "a-r-g-v"
              },
              {
                "role": "member",
                "username": "aoi96"
              },
              {
                "role": "member",
                "username": "asarijiru"
              },
              {
                "role": "member",
                "username": "asdfec"
              },
              {
                "role": "member",
                "username": "chalkygames123"
              },
              {
                "role": "member",
                "username": "guragusan"
              },
              {
                "role": "member",
                "username": "int-tt"
              },
              {
                "role": "member",
                "username": "kamijin-fanta"
              },
              {
                "role": "member",
                "username": "kyoko0514"
              },
              {
                "role": "member",
                "username": "kyontan"
              },
              {
                "role": "member",
                "username": "notchi590"
              },
              {
                "role": "member",
                "username": "palloc"
              },
              {
                "role": "member",
                "username": "y-monma"
              },
              {
                "role": "member",
                "username": "yo-taro"
              },
              {
                "role": "member",
                "username": "yuukinetwork"
              }
            ],
            "team_id": "2004355"
          },
          "sensitive_attributes": [],
          "private": "bnVsbA==",
          "dependencies": [
            "github_membership.member",
            "github_team.team"
          ]
        },
        {
          "index_key": "ictsc7",
          "schema_version": 0,
          "attributes": {
            "etag": "41c6aa1c332fb46a9c591826708d9224",
            "id": "2178374",
            "members": [
              {
                "role": "maintainer",
                "username": "h-otter"
              },
              {
                "role": "member",
                "username": "Katsuya414"
              },
              {
                "role": "member",
                "username": "Kurorororo"
              },
              {
                "role": "member",
                "username": "alias-aria"
              },
              {
                "role": "member",
                "username": "bosan120"
              },
              {
                "role": "member",
                "username": "ecodrive-18"
              },
              {
                "role": "member",
                "username": "guragusan"
              },
              {
                "role": "member",
                "username": "inuyosi"
              },
              {
                "role": "member",
                "username": "kadokusei"
              },
              {
                "role": "member",
                "username": "kyontan"
              },
              {
                "role": "member",
                "username": "mbook-x86"
              },
              {
                "role": "member",
                "username": "naoki912"
              },
              {
                "role": "member",
                "username": "oomorio"
              },
              {
                "role": "member",
                "username": "palloc"
              },
              {
                "role": "member",
                "username": "yaminoma"
              },
              {
                "role": "member",
                "username": "yatuhashi"
              },
              {
                "role": "member",
                "username": "yuukinetwork"
              }
            ],
            "team_id": "2178374"
          },
          "sensitive_attributes": [],
          "private": "bnVsbA==",
          "dependencies": [
            "github_membership.member",
            "github_team.team"
          ]
        },
        {
          "index_key": "ictsc8",
          "schema_version": 0,
          "attributes": {
            "etag": "3ba02b792fb261927f7852d8b8b089cf",
            "id": "2341229",
            "members": [
              {
                "role": "maintainer",
                "username": "h-otter"
              },
              {
                "role": "maintainer",
                "username": "whywaita"
              },
              {
                "role": "member",
                "username": "Azusa72"
              },
              {
                "role": "member",
                "username": "Katsuya414"
              },
              {
                "role": "member",
                "username": "Kurorororo"
              },
              {
                "role": "member",
                "username": "alias-aria"
              },
              {
                "role": "member",
                "username": "aoi96"
              },
              {
                "role": "member",
                "username": "bosan120"
              },
              {
                "role": "member",
                "username": "chisaton1"
              },
              {
                "role": "member",
                "username": "ecodrive-18"
              },
              {
                "role": "member",
                "username": "icchy"
              },
              {
                "role": "member",
                "username": "inuyosi"
              },
              {
                "role": "member",
                "username": "keyakko"
              },
              {
                "role": "member",
                "username": "kyontan"
              },
              {
                "role": "member",
                "username": "mbook-x86"
              },
              {
                "role": "member",
                "username": "naoki912"
              },
              {
                "role": "member",
                "username": "oomorio"
              },
              {
                "role": "member",
                "username": "palloc"
              },
              {
                "role": "member",
                "username": "staybuzz"
              },
              {
                "role": "member",
                "username": "yatuhashi"
              }
            ],
            "team_id": "2341229"
          },
          "sensitive_attributes": [],
          "private": "bnVsbA==",
          "dependencies": [
            "github_membership.member",
            "github_team.team"
          ]
        },
        {
          "index_key": "ictsc9",
          "schema_version": 0,
          "attributes": {
            "etag": "b2d7707b5eb0d4cc2738b346dd3b505f",
            "id": "2818424",
            "members": [
              {
                "role": "maintainer",
                "username": "h-otter"
              },
              {
                "role": "maintainer",
                "username": "sharknasuhorse"
              },
              {
                "role": "maintainer",
                "username": "uplus"
              },
              {
                "role": "maintainer",
                "username": "whywaita"
              },
              {
                "role": "maintainer",
                "username": "yukamoja"
              },
              {
                "role": "member",
                "username": "Kurorororo"
              },
              {
                "role": "member",
                "username": "SakurazakaShin"
              },
              {
                "role": "member",
                "username": "acque2two"
              },
              {
                "role": "member",
                "username": "chisaton1"
              },
              {
                "role": "member",
                "username": "ecodrive-18"
              },
              {
                "role": "member",
                "username": "gurapomu"
              },
              {
                "role": "member",
                "username": "ha-kun0711"
              },
              {
                "role": "member",
                "username": "icchy"
              },
              {
                "role": "member",
                "username": "mbook-x86"
              },
              {
                "role": "member",
                "username": "naoki912"
              },
              {
                "role": "member",
                "username": "nomeaning777"
              },
              {
                "role": "member",
                "username": "palloc"
              },
              {
                "role": "member",
                "username": "tsuttsu305"
              },
              {
                "role": "member",
                "username": "yatuhashi"
              }
            ],
            "team_id": "2818424"
          },
          "sensitive_attributes": [],
          "private": "bnVsbA==",
          "dependencies": [
            "github_membership.member",
            "github_team.team"
          ]
        }
      ]
    },
    {
      "mode": "managed",
      "type": "github_team_membership",
      "name": "score-dev-uplus",
      "provider": "provider[\"registry.terraform.io/integrations/github\"]",
      "instances": [
        {
          "schema_version": 0,
          "attributes": {
            "etag": "W/\"1dac5e7aaa6ee2e32732a723cc7b299dee9278e486c91c79056842169d500f3a\"",
            "id": "2004353:uplus",
            "role": "maintainer",
            "team_id": "2004353",
            "username": "uplus"
          },
          "sensitive_attributes": [],
          "dependencies": [
            "github_team.score-dev"
          ]
        }
      ]
    },
    {
      "mode": "managed",
      "type": "github_team_repository",
      "name": "score-dev-ictsc-score-server",
      "provider": "provider[\"registry.terraform.io/integrations/github\"]",
      "instances": [
        {
          "schema_version": 0,
          "attributes": {
            "etag": "W/\"004a3514d79520b4632516122ee5a63c468933ee59079c3fafc453e33e7fd9c5\"",
            "id": "2004353:ictsc-score-server",
            "permission": "admin",
            "repository": "ictsc-score-server",
            "team_id": "2004353"
          },
          "sensitive_attributes": [],
          "dependencies": [
            "github_team.score-dev"
          ]
        }
      ]
    }
  ],
  "check_results": null
}
