{
  "version": 4,
  "terraform_version": "1.3.6",
  "serial": 614,
  "lineage": "842a2913-e436-4381-8e72-045e740c9c1f",
  "outputs": {},
  "resources": [
    {
      "mode": "managed",
      "type": "github_membership",
      "name": "member",
      "provider": "provider[\"registry.terraform.io/integrations/github\"]",
      "instances": [
        {
          "index_key": "210on",
          "schema_version": 0,
          "attributes": {
            "etag": "W/\"d8406ff4b3872fd69059b8ee81b259775bd0fff510908662d5702266e4b0302b\"",
            "id": "ictsc:210on",
            "role": "member",
            "username": "210on"
          },
          "sensitive_attributes": [],
          "private": "bnVsbA=="
        },
        {
          "index_key": "39Hane",
          "schema_version": 0,
          "attributes": {
            "etag": "W/\"47b018cace40a1e26f8ab54fea79c14c3020428ee58660cf4d6b7631359ac0bd\"",
            "id": "ictsc:39Hane",
            "role": "member",
            "username": "39Hane"
          },
          "sensitive_attributes": [],
          "private": "bnVsbA=="
        },
        {
          "index_key": "Art-Atlas",
          "schema_version": 0,
          "attributes": {
            "etag": "W/\"e9d08aa8426dbfe18b55ef6e79d45b5e176df15e1a6856b55ec7d2e7cc2dc613\"",
            "id": "ictsc:Art-Atlas",
            "role": "admin",
            "username": "Art-Atlas"
          },
          "sensitive_attributes": [],
          "private": "bnVsbA=="
        },
        {
          "index_key": "Azusa72",
          "schema_version": 0,
          "attributes": {
            "etag": "W/\"97b214e75fdbbcf8c5d0043ac4d8be3e8046ffb0d929db501131c97e092d5595\"",
            "id": "ictsc:Azusa72",
            "role": "member",
            "username": "Azusa72"
          },
          "sensitive_attributes": []
        },
        {
          "index_key": "Crow314",
          "schema_version": 0,
          "attributes": {
            "etag": "W/\"cc627c4e9f33f82f09915385ac78f72004383d574e73a4d702aadcaaeb83a097\"",
            "id": "ictsc:Crow314",
            "role": "admin",
            "username": "Crow314"
          },
          "sensitive_attributes": [],
          "private": "bnVsbA=="
        },
        {
          "index_key": "Dodai-Dodai",
          "schema_version": 0,
          "attributes": {
            "etag": "W/\"d59c3b3a8423284c5fa5460bf65400456de28ef5785de832207196adc8a0c72e\"",
            "id": "ictsc:Dodai-Dodai",
            "role": "admin",
            "username": "Dodai-Dodai"
          },
          "sensitive_attributes": [],
          "private": "bnVsbA=="
        },
        {
          "index_key": "Explosive6363",
          "schema_version": 0,
          "attributes": {
            "etag": "W/\"c1f075cbb862d9a29c69e5386ac76f9a6dbf505cad24b99773650f32c900a9d6\"",
            "id": "ictsc:Explosive6363",
            "role": "admin",
            "username": "Explosive6363"
          },
          "sensitive_attributes": []
        },
        {
          "index_key": "Fuuma0000",
          "schema_version": 0,
          "attributes": {
            "etag": "W/\"7e68729801fcec6917e8adc7fe123d05c2c32e6b2eff9f1d2e4f9413609e3c78\"",
            "id": "ictsc:Fuuma0000",
            "role": "member",
            "username": "Fuuma0000"
          },
          "sensitive_attributes": [],
          "private": "bnVsbA=="
        },
        {
          "index_key": "Hicky1025",
          "schema_version": 0,
          "attributes": {
            "etag": "W/\"7e9aae08a4828bcb872cf0446255b841ba22fd92d7ebf66d9005617ba16d0996\"",
            "id": "ictsc:Hicky1025",
            "role": "member",
            "username": "Hicky1025"
          },
          "sensitive_attributes": []
        },
        {
          "index_key": "I1da725",
          "schema_version": 0,
          "attributes": {
            "etag": "W/\"f4661ec22414b3f6c5382b59ff2190c067a90dc4605ad0ff65f7cee03561fa34\"",
            "id": "ictsc:I1da725",
            "role": "member",
            "username": "I1da725"
          },
          "sensitive_attributes": [],
          "private": "bnVsbA=="
        },
        {
          "index_key": "Iwancof",
          "schema_version": 0,
          "attributes": {
            "etag": "W/\"81d8755322925d4cf70be093989afd0ff6d4e9204e80224ee5d829f06f1e7fd9\"",
            "id": "ictsc:Iwancof",
            "role": "member",
            "username": "Iwancof"
          },
          "sensitive_attributes": []
        },
        {
          "index_key": "K-shir0",
          "schema_version": 0,
          "attributes": {
            "etag": "W/\"12907bfcccff922b0bfe9aeebaf9ceb105a80c35cc14ff6d8a4385f4e687d9f9\"",
            "id": "ictsc:K-shir0",
            "role": "member",
            "username": "K-shir0"
          },
          "sensitive_attributes": []
        },
        {
          "index_key": "Katsuya414",
          "schema_version": 0,
          "attributes": {
            "etag": "W/\"1346b31a9e1a3d24d6adce8365d7e9915cea79436bcd0bb772bec7c9f9a44aa9\"",
            "id": "ictsc:Katsuya414",
            "role": "member",
            "username": "Katsuya414"
          },
          "sensitive_attributes": []
        },
        {
          "index_key": "Kurorororo",
          "schema_version": 0,
          "attributes": {
            "etag": "W/\"a9ab95e144faba0a8e7d6e2911fbc8e5590efbda4d5e368e29632522991f9e7b\"",
            "id": "ictsc:Kurorororo",
            "role": "member",
            "username": "Kurorororo"
          },
          "sensitive_attributes": []
        },
        {
          "index_key": "NozomiSugiyama",
          "schema_version": 0,
          "attributes": {
            "etag": "W/\"40963ef0c6a3ec51f8d3b3f53e525dfde2f0edc46e150c8449f7cd5be69c5aa7\"",
            "id": "ictsc:NozomiSugiyama",
            "role": "member",
            "username": "NozomiSugiyama"
          },
          "sensitive_attributes": []
        },
        {
          "index_key": "Ryusuke-Seki",
          "schema_version": 0,
          "attributes": {
            "etag": "W/\"a507a7efd209667942096344d527aa4f037e1a413c6dbe74b92f41c7015af3d6\"",
            "id": "ictsc:Ryusuke-Seki",
            "role": "member",
            "username": "Ryusuke-Seki"
          },
          "sensitive_attributes": [],
          "private": "bnVsbA=="
        },
        {
          "index_key": "SakurazakaShin",
          "schema_version": 0,
          "attributes": {
            "etag": "W/\"61193b88c8dd4570d387a8d9ffc30cbfc18e464757da545d8b13576c19600a43\"",
            "id": "ictsc:SakurazakaShin",
            "role": "member",
            "username": "SakurazakaShin"
          },
          "sensitive_attributes": []
        },
        {
          "index_key": "ShotaKitazawa",
          "schema_version": 0,
          "attributes": {
            "etag": "W/\"05d44a412424c6c76fb5a8314b784f94644d9939dc8878bbe49565b7d2fb2819\"",
            "id": "ictsc:ShotaKitazawa",
            "role": "member",
            "username": "ShotaKitazawa"
          },
          "sensitive_attributes": []
        },
        {
          "index_key": "SilEighty-ym",
          "schema_version": 0,
          "attributes": {
            "etag": "W/\"d833dbab5218a2ad09554ea54fa78dcec13b62d2ea49be3927eb736cf5cae695\"",
            "id": "ictsc:SilEighty-ym",
            "role": "member",
            "username": "SilEighty-ym"
          },
          "sensitive_attributes": []
        },
        {
          "index_key": "SouJimmy",
          "schema_version": 0,
          "attributes": {
            "etag": "W/\"16a661ecc8d9f9435cd19e841b43b1a75ae72c6c61e9cc79eb0e3dce2fb46494\"",
            "id": "ictsc:SouJimmy",
            "role": "admin",
            "username": "SouJimmy"
          },
          "sensitive_attributes": [],
          "private": "bnVsbA=="
        },
        {
          "index_key": "TenkiGit",
          "schema_version": 0,
          "attributes": {
            "etag": "W/\"ffd6857bbb633f6e7db24928b1c8a86c7ddec96e0ee9956d3fb826d802fe17f0\"",
            "id": "ictsc:TenkiGit",
            "role": "member",
            "username": "TenkiGit"
          },
          "sensitive_attributes": []
        },
        {
          "index_key": "Terfno",
          "schema_version": 0,
          "attributes": {
            "etag": "W/\"1d1f7a4474c55af539bcd9a2055bdd026b884a775b1abd9baea35627f5b21086\"",
            "id": "ictsc:Terfno",
            "role": "member",
            "username": "Terfno"
          },
          "sensitive_attributes": []
        },
        {
          "index_key": "Yosshi72",
          "schema_version": 0,
          "attributes": {
            "etag": "W/\"e8ac96e788bbab16522b987f52838aa35bf5053721f851023d99af555e955980\"",
            "id": "ictsc:Yosshi72",
            "role": "member",
            "username": "Yosshi72"
          },
          "sensitive_attributes": [],
          "private": "bnVsbA=="
        },
        {
          "index_key": "a-r-g-v",
          "schema_version": 0,
          "attributes": {
            "etag": "W/\"7547f5711df9084d07d935cbeaff307c9bfb3c64d7f2991e2893be663cf9c4ef\"",
            "id": "ictsc:a-r-g-v",
            "role": "member",
            "username": "a-r-g-v"
          },
          "sensitive_attributes": []
        },
        {
          "index_key": "acque2two",
          "schema_version": 0,
          "attributes": {
            "etag": "W/\"07a87bfa5f308b5db871515b5eedd264e79a9b071514b156cc0436da7da4691f\"",
            "id": "ictsc:acque2two",
            "role": "member",
            "username": "acque2two"
          },
          "sensitive_attributes": []
        },
        {
          "index_key": "alias-aria",
          "schema_version": 0,
          "attributes": {
            "etag": "W/\"fdc09c33b540adb84b023285af804ff3783d728f204e7e572b32407b9fc62596\"",
            "id": "ictsc:alias-aria",
            "role": "member",
            "username": "alias-aria"
          },
          "sensitive_attributes": []
        },
        {
          "index_key": "amechun",
          "schema_version": 0,
          "attributes": {
            "etag": "W/\"3d45a007026f923e5461e5889d92ef640fe62e4dbdecd71c73cf6bcd75835e5e\"",
            "id": "ictsc:amechun",
            "role": "member",
            "username": "amechun"
          },
          "sensitive_attributes": [],
          "private": "bnVsbA=="
        },
        {
          "index_key": "aoi96",
          "schema_version": 0,
          "attributes": {
            "etag": "W/\"3662fea99af34ebd9ca33d1ef9d9e4c83dbd0d8c8c38ef9c522440f89b25b6a7\"",
            "id": "ictsc:aoi96",
            "role": "member",
            "username": "aoi96"
          },
          "sensitive_attributes": []
        },
        {
          "index_key": "arupakan125",
          "schema_version": 0,
          "attributes": {
            "etag": "W/\"1dffc42b543d9331b178c4b73c79dfa4f5dd071d75017575699118a32bfb86f1\"",
            "id": "ictsc:arupakan125",
            "role": "member",
            "username": "arupakan125"
          },
          "sensitive_attributes": []
        },
        {
          "index_key": "asdfec",
          "schema_version": 0,
          "attributes": {
            "etag": "W/\"28907745f05448fc0608845002149e3f56efbdf05ec1706e8df3f00de2ed299a\"",
            "id": "ictsc:asdfec",
            "role": "member",
            "username": "asdfec"
          },
          "sensitive_attributes": []
        },
        {
          "index_key": "bosan120",
          "schema_version": 0,
          "attributes": {
            "etag": "W/\"07b556c872bb69a1757d5e1499e46d5b29928945afd3a06aab978db160f952d0\"",
            "id": "ictsc:bosan120",
            "role": "member",
            "username": "bosan120"
          },
          "sensitive_attributes": []
        },
        {
          "index_key": "bqc0n",
          "schema_version": 0,
          "attributes": {
            "etag": "W/\"bea0389f0235125dd19e82a1649167c0ceb27fc393770c87466aab26190a8ae3\"",
            "id": "ictsc:bqc0n",
            "role": "member",
            "username": "bqc0n"
          },
          "sensitive_attributes": [],
          "private": "bnVsbA=="
        },
        {
          "index_key": "chalkygames123",
          "schema_version": 0,
          "attributes": {
            "etag": "W/\"e719b811ea8639ccb2bf78db9b7064ecc9067511a9a520a4a013f7459bd24b3c\"",
            "id": "ictsc:chalkygames123",
            "role": "member",
            "username": "chalkygames123"
          },
          "sensitive_attributes": []
        },
        {
          "index_key": "chamaharun",
          "schema_version": 0,
          "attributes": {
            "etag": "W/\"bd79777a6f5dbacafe2285287546f42e460348ae62dac43eb096164b1236d411\"",
            "id": "ictsc:chamaharun",
            "role": "member",
            "username": "chamaharun"
          },
          "sensitive_attributes": []
        },
        {
          "index_key": "chaya2z",
          "schema_version": 0,
          "attributes": {
            "etag": "W/\"52e3afe0e1ded1686caaf9acb0507269de72c93a97f81f7cb6a62b59f31dcbc3\"",
            "id": "ictsc:chaya2z",
            "role": "member",
            "username": "chaya2z"
          },
          "sensitive_attributes": []
        },
        {
          "index_key": "chibiegg",
          "schema_version": 0,
          "attributes": {
            "etag": "W/\"bc13bf32da37884ab4772033a8cd1222d4a2a536ce5b2ca64ce5bacab3764c8f\"",
            "id": "ictsc:chibiegg",
            "role": "member",
            "username": "chibiegg"
          },
          "sensitive_attributes": []
        },
        {
          "index_key": "chisaton1",
          "schema_version": 0,
          "attributes": {
            "etag": "W/\"d213b7eb028d103084952e14aa46bd9b659b490447fc389a00d17eaf56e5a946\"",
            "id": "ictsc:chisaton1",
            "role": "member",
            "username": "chisaton1"
          },
          "sensitive_attributes": []
        },
        {
          "index_key": "chouett0",
          "schema_version": 0,
          "attributes": {
            "etag": "W/\"89e9ff3647cec32a1ecc7d2cceffd101c0ed9f7f1c0f40bd1626f293dae38459\"",
            "id": "ictsc:chouett0",
            "role": "member",
            "username": "chouett0"
          },
          "sensitive_attributes": []
        },
        {
          "index_key": "ecodrive-18",
          "schema_version": 0,
          "attributes": {
            "etag": "W/\"d6abe24ad9caaebc669ed00b794e7b3ecc9a4c3aae154b32bda82caffbc16489\"",
            "id": "ictsc:ecodrive-18",
            "role": "member",
            "username": "ecodrive-18"
          },
          "sensitive_attributes": []
        },
        {
          "index_key": "flora058x",
          "schema_version": 0,
          "attributes": {
            "etag": "W/\"5ccf30e812786ad84f4afbcca624a7830f48be8886ecdc70686a5f4d9cb80cb6\"",
            "id": "ictsc:flora058x",
            "role": "member",
            "username": "flora058x"
          },
          "sensitive_attributes": [],
          "private": "bnVsbA=="
        },
        {
          "index_key": "guragusan",
          "schema_version": 0,
          "attributes": {
            "etag": "W/\"cb9bf0d851d4e62b67eedc57a8ed0ca6e52452bcc2ed171fa88a58c7fc7d6ba8\"",
            "id": "ictsc:guragusan",
            "role": "member",
            "username": "guragusan"
          },
          "sensitive_attributes": []
        },
        {
          "index_key": "gurapomu",
          "schema_version": 0,
          "attributes": {
            "etag": "W/\"523deebf77196cd96d9e70c495ed8251df65c604808e8238a2a034056e24bc5b\"",
            "id": "ictsc:gurapomu",
            "role": "member",
            "username": "gurapomu"
          },
          "sensitive_attributes": []
        },
        {
          "index_key": "h-otter",
          "schema_version": 0,
          "attributes": {
            "etag": "W/\"4a455075a2a370c2bc99a546e26030edfa663e047fd3beaa3cb7efb0a1e15bef\"",
            "id": "ictsc:h-otter",
            "role": "admin",
            "username": "h-otter"
          },
          "sensitive_attributes": []
        },
        {
          "index_key": "ha-kun0711",
          "schema_version": 0,
          "attributes": {
            "etag": "W/\"ddd35f98d7f89bf7ec82151c51245ac3002d436d3bef862237f44d3d89db91b4\"",
            "id": "ictsc:ha-kun0711",
            "role": "member",
            "username": "ha-kun0711"
          },
          "sensitive_attributes": []
        },
        {
          "index_key": "hibiki31",
          "schema_version": 0,
          "attributes": {
            "etag": "W/\"1e81d51ef37ca0b0f2056bc807b5700e71c027f06e709e1c95636266b887d9a7\"",
            "id": "ictsc:hibiki31",
            "role": "member",
            "username": "hibiki31"
          },
          "sensitive_attributes": []
        },
        {
          "index_key": "hide-1",
          "schema_version": 0,
          "attributes": {
            "etag": "W/\"6e3d310342b068fc0eabd0acfb4bf4d4a4f4d04eaadc35bde7d7e1ad3dee8b22\"",
            "id": "ictsc:hide-1",
            "role": "member",
            "username": "hide-1"
          },
          "sensitive_attributes": [],
          "private": "bnVsbA=="
        },
        {
          "index_key": "hitto-hub",
          "schema_version": 0,
          "attributes": {
            "etag": "W/\"78228de44635e408f7c9963e224cb67db37cb7d1e30479df71948b4f45aeddc2\"",
            "id": "ictsc:hitto-hub",
            "role": "member",
            "username": "hitto-hub"
          },
          "sensitive_attributes": [],
          "private": "bnVsbA=="
        },
        {
          "index_key": "ibucho",
          "schema_version": 0,
          "attributes": {
            "etag": "W/\"8da673171e2185b5637dafce7aef257eb952ef8ba934f1abd0879296a8859366\"",
            "id": "ictsc:ibucho",
            "role": "admin",
            "username": "ibucho"
          },
          "sensitive_attributes": []
        },
        {
          "index_key": "icchy",
          "schema_version": 0,
          "attributes": {
            "etag": "W/\"460a0ff94994bbc7f6304aa24a2dab37109c73ee7d32df26ae9aaa4957922e0b\"",
            "id": "ictsc:icchy",
            "role": "member",
            "username": "icchy"
          },
          "sensitive_attributes": []
        },
        {
          "index_key": "int-tt",
          "schema_version": 0,
          "attributes": {
            "etag": "W/\"a21e87cf4d47664da857c44e0f1b1b172ac6fffc6686bc1d5c83ac51f6a3f9c9\"",
            "id": "ictsc:int-tt",
            "role": "member",
            "username": "int-tt"
          },
          "sensitive_attributes": []
        },
        {
          "index_key": "inuyosi",
          "schema_version": 0,
          "attributes": {
            "etag": "W/\"105e9254b2dd7caa34cf162b415917b76a498c90cdf7cdbdf6d36c12545d07bf\"",
            "id": "ictsc:inuyosi",
            "role": "member",
            "username": "inuyosi"
          },
          "sensitive_attributes": []
        },
        {
          "index_key": "ishisora",
          "schema_version": 0,
          "attributes": {
            "etag": "W/\"5e7078aa7e14cf0878daf6bbd28e22433bd7481f313109b85fd62c502b574416\"",
            "id": "ictsc:ishisora",
            "role": "member",
            "username": "ishisora"
          },
          "sensitive_attributes": [],
          "private": "bnVsbA=="
        },
        {
          "index_key": "jeterdx",
          "schema_version": 0,
          "attributes": {
            "etag": "W/\"0f44af832350fa8cb865f2b084fbd32646ff29a1d01a913b25a6461cad2a99dd\"",
            "id": "ictsc:jeterdx",
            "role": "member",
            "username": "jeterdx"
          },
          "sensitive_attributes": [],
          "private": "bnVsbA=="
        },
        {
          "index_key": "k-84mo10",
          "schema_version": 0,
          "attributes": {
            "etag": "W/\"6bd9efe2149172d783902aff72cf120d16ed1263e3990017548fb815772d75ee\"",
            "id": "ictsc:k-84mo10",
            "role": "member",
            "username": "k-84mo10"
          },
          "sensitive_attributes": [],
          "private": "bnVsbA=="
        },
        {
          "index_key": "kadokusei",
          "schema_version": 0,
          "attributes": {
            "etag": "W/\"797dec6e4defc73b00b729a856b8007ab07f719802bcbc2460a3ef51162c4d5d\"",
            "id": "ictsc:kadokusei",
            "role": "member",
            "username": "kadokusei"
          },
          "sensitive_attributes": []
        },
        {
          "index_key": "kamijin-fanta",
          "schema_version": 0,
          "attributes": {
            "etag": "W/\"71a13dc6891dc10e8a8fe14fe34c2235b7c96c70654d03f642a7cb5dbd92a495\"",
            "id": "ictsc:kamijin-fanta",
            "role": "member",
            "username": "kamijin-fanta"
          },
          "sensitive_attributes": []
        },
        {
          "index_key": "kapibara824",
          "schema_version": 0,
          "attributes": {
            "etag": "W/\"578b73d9a77dbd5af726364650e5d6e206386cdc40c529f2ea54c9a08b7ed61a\"",
            "id": "ictsc:kapibara824",
            "role": "member",
            "username": "kapibara824"
          },
          "sensitive_attributes": []
        },
        {
          "index_key": "kayo-tozaki",
          "schema_version": 0,
          "attributes": {
            "etag": "W/\"e16b189721bd435ca56d906fc6237d60e74b951388a0cae033679119a22a04ad\"",
            "id": "ictsc:kayo-tozaki",
            "role": "member",
            "username": "kayo-tozaki"
          },
          "sensitive_attributes": []
        },
        {
          "index_key": "keisukearakawa",
          "schema_version": 0,
          "attributes": {
            "etag": "W/\"f8a7d2a1d0d9190f8fd735d0ae3c1814a341d1ae93a8c932afd8d4a7f1328c3c\"",
            "id": "ictsc:keisukearakawa",
            "role": "member",
            "username": "keisukearakawa"
          },
          "sensitive_attributes": []
        },
        {
          "index_key": "keyakko",
          "schema_version": 0,
          "attributes": {
            "etag": "W/\"cc8167d90cb7eca5e41d2865b269512e7b81ae766eaec5d0624920186edf70b8\"",
            "id": "ictsc:keyakko",
            "role": "member",
            "username": "keyakko"
          },
          "sensitive_attributes": []
        },
        {
          "index_key": "kino-ma",
          "schema_version": 0,
          "attributes": {
            "etag": "W/\"9214024f284f1679964e9e6cdca666c3b699d7367e88c4a1717c190152a9c847\"",
            "id": "ictsc:kino-ma",
            "role": "member",
            "username": "kino-ma"
          },
          "sensitive_attributes": [],
          "private": "bnVsbA=="
        },
        {
          "index_key": "konkichi836",
          "schema_version": 0,
          "attributes": {
            "etag": "W/\"9c9a83138fa510ed9fbb6e7b5f1cf54cf44fbc3d5062129431d706a699b834b1\"",
            "id": "ictsc:konkichi836",
            "role": "member",
            "username": "konkichi836"
          },
          "sensitive_attributes": [],
          "private": "bnVsbA=="
        },
        {
          "index_key": "kouxi08",
          "schema_version": 0,
          "attributes": {
            "etag": "W/\"317c1599c1533af46541f43ee503af8de5b5a19ea64f74b0bec9448eb2f94b68\"",
            "id": "ictsc:kouxi08",
            "role": "member",
            "username": "kouxi08"
          },
          "sensitive_attributes": [],
          "private": "bnVsbA=="
        },
        {
          "index_key": "kurochan",
          "schema_version": 0,
          "attributes": {
            "etag": "W/\"73c0b0dd47373e3c1b8b9ff2e6e1857b403c6df34877f453c8c4ee1eaeb4c0e0\"",
            "id": "ictsc:kurochan",
            "role": "admin",
            "username": "kurochan"
          },
          "sensitive_attributes": []
        },
        {
          "index_key": "kyoko0514",
          "schema_version": 0,
          "attributes": {
            "etag": "W/\"f725c6463d1417d1bdea1d1432eb8ac8eed020f4889ee4f57b358055d5375815\"",
            "id": "ictsc:kyoko0514",
            "role": "member",
            "username": "kyoko0514"
          },
          "sensitive_attributes": []
        },
        {
          "index_key": "kyontan",
          "schema_version": 0,
          "attributes": {
            "etag": "W/\"010e6d166e7f0c9ecf7f146f38a42eb6d90a6a7ab99b6b918ab5b8245d0e23ad\"",
            "id": "ictsc:kyontan",
            "role": "member",
            "username": "kyontan"
          },
          "sensitive_attributes": []
        },
        {
          "index_key": "logica0419",
          "schema_version": 0,
          "attributes": {
            "etag": "W/\"5869336b384685d565bbe8a50cc7ec862ad8deb48364cbea69e06f44a845ca88\"",
            "id": "ictsc:logica0419",
            "role": "admin",
            "username": "logica0419"
          },
          "sensitive_attributes": [],
          "private": "bnVsbA=="
        },
        {
          "index_key": "mbook-x86",
          "schema_version": 0,
          "attributes": {
            "etag": "W/\"6d13eb558bd6a8a917cad069d0727f51cd0b210addd272e1a88f57609a45acb2\"",
            "id": "ictsc:mbook-x86",
            "role": "member",
            "username": "mbook-x86"
          },
          "sensitive_attributes": []
        },
        {
          "index_key": "miyashita77",
          "schema_version": 0,
          "attributes": {
            "etag": "W/\"b6c9eb00569d4625e996203756ee0815a30fdb46fee1cb5c30a790cf844ea75b\"",
            "id": "ictsc:miyashita77",
            "role": "member",
            "username": "miyashita77"
          },
          "sensitive_attributes": [],
          "private": "bnVsbA=="
        },
        {
          "index_key": "mk0913mnck",
          "schema_version": 0,
          "attributes": {
            "etag": "W/\"87ae5dcd9f8ff7739b09c7876614c33f37ad96bca1143b346b2ee1e3b0c6bcc0\"",
            "id": "ictsc:mk0913mnck",
            "role": "member",
            "username": "mk0913mnck"
          },
          "sensitive_attributes": []
        },
        {
          "index_key": "momoka0122y",
          "schema_version": 0,
          "attributes": {
            "etag": "W/\"ccbc75795487080dd46730db8df94245070b8278d24acc58ede1ff4f8e6319dd\"",
            "id": "ictsc:momoka0122y",
            "role": "member",
            "username": "momoka0122y"
          },
          "sensitive_attributes": [],
          "private": "bnVsbA=="
        },
        {
          "index_key": "nagayon-935",
          "schema_version": 0,
          "attributes": {
            "etag": "W/\"cc07ddf82f2c7eb681fb7e83beba60cec6ab14f1faf825593a58dd7c32e84863\"",
            "id": "ictsc:nagayon-935",
            "role": "admin",
            "username": "nagayon-935"
          },
          "sensitive_attributes": [],
          "private": "bnVsbA=="
        },
        {
          "index_key": "nakasyo2650",
          "schema_version": 0,
          "attributes": {
            "etag": "W/\"7d22453c9d2e858ea548a2f08c88fb260a84d51b2dae48665ca69407c67663d5\"",
            "id": "ictsc:nakasyo2650",
            "role": "member",
            "username": "nakasyo2650"
          },
          "sensitive_attributes": []
        },
        {
          "index_key": "naoki2001",
          "schema_version": 0,
          "attributes": {
            "etag": "W/\"077b1b53f74a8a0b8028c563bc919e7d05fede919951e71ef1344c093266a685\"",
            "id": "ictsc:naoki2001",
            "role": "member",
            "username": "naoki2001"
          },
          "sensitive_attributes": []
        },
        {
          "index_key": "naoki912",
          "schema_version": 0,
          "attributes": {
            "etag": "W/\"325aa062e8c66a9036a1baef15032b25620c163a09310e585382384029da90cf\"",
            "id": "ictsc:naoki912",
            "role": "member",
            "username": "naoki912"
          },
          "sensitive_attributes": []
        },
        {
          "index_key": "netmarkjp",
          "schema_version": 0,
          "attributes": {
            "etag": "W/\"4f8a01be9fb333f2d3a2617752331499c4c165d6f4bdc4a6b659570f20358a7e\"",
            "id": "ictsc:netmarkjp",
            "role": "admin",
            "username": "netmarkjp"
          },
          "sensitive_attributes": []
        },
        {
          "index_key": "nishinoyama",
          "schema_version": 0,
          "attributes": {
            "etag": "W/\"ff0bb157b295af3fac2c9b60f86e1f578d20c139c8e852be9e8e7244fa870a13\"",
            "id": "ictsc:nishinoyama",
            "role": "admin",
            "username": "nishinoyama"
          },
          "sensitive_attributes": [],
          "private": "bnVsbA=="
        },
        {
          "index_key": "nomeaning777",
          "schema_version": 0,
          "attributes": {
            "etag": "W/\"fdda2422e29861b874a6aebc01bc26ffff09951ed547a9d11929613bd8ad2363\"",
            "id": "ictsc:nomeaning777",
            "role": "member",
            "username": "nomeaning777"
          },
          "sensitive_attributes": []
        },
        {
          "index_key": "notchi590",
          "schema_version": 0,
          "attributes": {
            "etag": "W/\"ab38480de873252a87c933236275e7f843c2485cd0f9b26b0df409f59e087b8a\"",
            "id": "ictsc:notchi590",
            "role": "member",
            "username": "notchi590"
          },
          "sensitive_attributes": []
        },
        {
          "index_key": "onabe3",
          "schema_version": 0,
          "attributes": {
            "etag": "W/\"323730b9f184f210343d51645e49f69e80d0c4035c788c6588969b52fcdd486b\"",
            "id": "ictsc:onabe3",
            "role": "member",
            "username": "onabe3"
          },
          "sensitive_attributes": [],
          "private": "bnVsbA=="
        },
        {
          "index_key": "onokatio",
          "schema_version": 0,
          "attributes": {
            "etag": "W/\"acadb5fff848187204b2ca14957e15aa246099dc070b981a27640e41b95b917e\"",
            "id": "ictsc:onokatio",
            "role": "admin",
            "username": "onokatio"
          },
          "sensitive_attributes": []
        },
        {
          "index_key": "oomorio",
          "schema_version": 0,
          "attributes": {
            "etag": "W/\"ecaf7a706b2d4ed753817e2b1b2015e730a87818c7a9ba3dbfc10cdd1269c046\"",
            "id": "ictsc:oomorio",
            "role": "member",
            "username": "oomorio"
          },
          "sensitive_attributes": []
        },
        {
          "index_key": "ophum",
          "schema_version": 0,
          "attributes": {
            "etag": "W/\"3117ec6df52bf3b3afb5ccc9a6b7446bc196a4328149f84acf8b8f7d68430300\"",
            "id": "ictsc:ophum",
            "role": "member",
            "username": "ophum"
          },
          "sensitive_attributes": []
        },
        {
          "index_key": "orin24",
          "schema_version": 0,
          "attributes": {
            "etag": "W/\"09538492f1f52b5ce28e36005a5912e26aa081bad06286c55659cc790fa2e56e\"",
            "id": "ictsc:orin24",
            "role": "member",
            "username": "orin24"
          },
          "sensitive_attributes": []
        },
        {
          "index_key": "oshamashama",
          "schema_version": 0,
          "attributes": {
            "etag": "W/\"2ee846aa0a1bc2bf1e4fd2f82c9aba1d3a65dc4eea255e7cdfef34272361e226\"",
            "id": "ictsc:oshamashama",
            "role": "member",
            "username": "oshamashama"
          },
          "sensitive_attributes": [],
          "private": "bnVsbA=="
        },
        {
          "index_key": "palloc",
          "schema_version": 0,
          "attributes": {
            "etag": "W/\"b48a001110d45ae205b1b6db1e4926a9195d9ce086e3ed24848228696cedbf98\"",
            "id": "ictsc:palloc",
            "role": "member",
            "username": "palloc"
          },
          "sensitive_attributes": []
        },
        {
          "index_key": "potyama",
          "schema_version": 0,
          "attributes": {
            "etag": "W/\"1e3eea3cad8cb1be16151c6aa365fac003013aaf95192573fdff330b91bd397d\"",
            "id": "ictsc:potyama",
            "role": "member",
            "username": "potyama"
          },
          "sensitive_attributes": []
        },
        {
          "index_key": "private-yusuke",
          "schema_version": 0,
          "attributes": {
            "etag": "W/\"2365a5bc44a1a90f9204eee43f96a900df18265c623232a056d37801d3d60114\"",
            "id": "ictsc:private-yusuke",
            "role": "admin",
            "username": "private-yusuke"
          },
          "sensitive_attributes": [],
          "private": "bnVsbA=="
        },
        {
          "index_key": "proelbtn",
          "schema_version": 0,
          "attributes": {
            "etag": "W/\"c80527fb61423acf13a866f438e7b5d17fd9fc47f22a291fe7680a4862c2295e\"",
            "id": "ictsc:proelbtn",
            "role": "admin",
            "username": "proelbtn"
          },
          "sensitive_attributes": []
        },
        {
          "index_key": "recuraki",
          "schema_version": 0,
          "attributes": {
            "etag": "W/\"bcaaca72f396d4dd4c45b4f4f336929d6f5c193e794e25891e6001d4260e503c\"",
            "id": "ictsc:recuraki",
            "role": "member",
            "username": "recuraki"
          },
          "sensitive_attributes": []
        },
        {
          "index_key": "red-3ya",
          "schema_version": 0,
          "attributes": {
            "etag": "W/\"b246c50ae767295938f57f2497fb9e5947f4e70b0f3b9b0daab06ef4245c7429\"",
            "id": "ictsc:red-3ya",
            "role": "member",
            "username": "red-3ya"
          },
          "sensitive_attributes": [],
          "private": "bnVsbA=="
        },
        {
          "index_key": "rk76feWF",
          "schema_version": 0,
          "attributes": {
            "etag": "W/\"c7cb3427e204e303457e3b2562ce87ad52986c0311a6ec6763eb81be0b213d40\"",
            "id": "ictsc:rk76feWF",
            "role": "member",
            "username": "rk76feWF"
          },
          "sensitive_attributes": [],
          "private": "bnVsbA=="
        },
        {
          "index_key": "rlia",
          "schema_version": 0,
          "attributes": {
            "etag": "W/\"fcb32353a841bc13e736c7eae21cefa78099e8155862f511957a2ddc0dd65289\"",
            "id": "ictsc:rlia",
            "role": "member",
            "username": "rlia"
          },
          "sensitive_attributes": []
        },
        {
          "index_key": "sharknasuhorse",
          "schema_version": 0,
          "attributes": {
            "etag": "W/\"2c5beb13718aff9efc089a51d6c2340273c3d6730ac0a47aead4b8e6168b1c4c\"",
            "id": "ictsc:sharknasuhorse",
            "role": "admin",
            "username": "sharknasuhorse"
          },
          "sensitive_attributes": []
        },
        {
          "index_key": "shou3008",
          "schema_version": 0,
          "attributes": {
            "etag": "W/\"7c50dd6bf5ecfa4b879e2c378b35573100d56fad9ffd41f656b51aeb4a770e48\"",
            "id": "ictsc:shou3008",
            "role": "member",
            "username": "shou3008"
          },
          "sensitive_attributes": [],
          "private": "bnVsbA=="
        },
        {
          "index_key": "siberiy4",
          "schema_version": 0,
          "attributes": {
            "etag": "W/\"562ce7b8d29883b34e2a38ffe609d25c62b9753b1cf1b00030e4d4aee24fbad8\"",
            "id": "ictsc:siberiy4",
            "role": "member",
            "username": "siberiy4"
          },
          "sensitive_attributes": [],
          "private": "bnVsbA=="
        },
        {
          "index_key": "site0801",
          "schema_version": 0,
          "attributes": {
            "etag": "W/\"1627a54473e74ab3e7a73abb236d2a698292bebf3b3ff32f9f1023cadc5a8658\"",
            "id": "ictsc:site0801",
            "role": "member",
            "username": "site0801"
          },
          "sensitive_attributes": []
        },
        {
          "index_key": "sora34",
          "schema_version": 0,
          "attributes": {
            "etag": "W/\"e94d0eed73db2224f43d98da8ef8b4f76681af06910fa8aeda2fd36144d0bb8b\"",
            "id": "ictsc:sora34",
            "role": "member",
            "username": "sora34"
          },
          "sensitive_attributes": []
        },
        {
          "index_key": "staybuzz",
          "schema_version": 0,
          "attributes": {
            "etag": "W/\"f6d8df88c948807e00d78684c87f5aa250703605463a9de2270b426bfdee9bca\"",
            "id": "ictsc:staybuzz",
            "role": "member",
            "username": "staybuzz"
          },
          "sensitive_attributes": []
        },
        {
          "index_key": "sugiki-accelia",
          "schema_version": 0,
          "attributes": {
            "etag": "W/\"174d9058479fcb441967ecde9ddfc4a8d6892d24b82426cdafe0fbaa56afdf30\"",
            "id": "ictsc:sugiki-accelia",
            "role": "member",
            "username": "sugiki-accelia"
          },
          "sensitive_attributes": []
        },
        {
          "index_key": "sukekawa-accelia",
          "schema_version": 0,
          "attributes": {
            "etag": "W/\"8815a0e929cd876510ef5a856bef030c7b115bea906c39548cdffa156f4c1bc8\"",
            "id": "ictsc:sukekawa-accelia",
            "role": "member",
            "username": "sukekawa-accelia"
          },
          "sensitive_attributes": []
        },
        {
          "index_key": "syuli",
          "schema_version": 0,
          "attributes": {
            "etag": "W/\"c17576cae0d3890de8464426b9a66dea837211b0b72436184b1ae17b38a623dd\"",
            "id": "ictsc:syuli",
            "role": "member",
            "username": "syuli"
          },
          "sensitive_attributes": []
        },
        {
          "index_key": "syuuya-nakatomi",
          "schema_version": 0,
          "attributes": {
            "etag": "W/\"57546ff7d67dc05e30fea7ac532ff8b8493d8433c7ff6be212e13fef7ce5ae60\"",
            "id": "ictsc:syuuya-nakatomi",
            "role": "member",
            "username": "syuuya-nakatomi"
          },
          "sensitive_attributes": [],
          "private": "bnVsbA=="
        },
        {
          "index_key": "takamasa272",
          "schema_version": 0,
          "attributes": {
            "etag": "W/\"16868ffe025fc6ec389445c6c3eabdac5c4a07e5fb9a1d1d205dc33abf87edd1\"",
            "id": "ictsc:takamasa272",
            "role": "member",
            "username": "takamasa272"
          },
          "sensitive_attributes": [],
          "private": "bnVsbA=="
        },
        {
          "index_key": "takato256",
          "schema_version": 0,
          "attributes": {
            "etag": "W/\"86266a9d840c27dd2b259b30f962a0fa190431183858b0d779aa220d409f52f3\"",
            "id": "ictsc:takato256",
            "role": "member",
            "username": "takato256"
          },
          "sensitive_attributes": [],
          "private": "bnVsbA=="
        },
        {
          "index_key": "takehaya",
          "schema_version": 0,
          "attributes": {
            "etag": "W/\"9445e66de9427a081c13831bf3488413335ef1370956eafbf9795a8699f072b2\"",
            "id": "ictsc:takehaya",
            "role": "admin",
            "username": "takehaya"
          },
          "sensitive_attributes": []
        },
        {
          "index_key": "takes3",
          "schema_version": 0,
          "attributes": {
            "etag": "W/\"2b847513ffd7ecaa9ba9a00cfe2b2f2e5a79aa5eb9f09361eb723579b2334c98\"",
            "id": "ictsc:takes3",
            "role": "member",
            "username": "takes3"
          },
          "sensitive_attributes": []
        },
        {
          "index_key": "takonomura",
          "schema_version": 0,
          "attributes": {
            "etag": "W/\"4e0ddee6f83a987ce9353def75604c8f1b7922e2b1bc35f807bd992264032cd6\"",
            "id": "ictsc:takonomura",
            "role": "member",
            "username": "takonomura"
          },
          "sensitive_attributes": [],
          "private": "bnVsbA=="
        },
        {
          "index_key": "tanishi001",
          "schema_version": 0,
          "attributes": {
            "etag": "W/\"bb10ef1cfc104c253db2b9cd12ac8ffa782de3939d03dc6e3d813bead2a3039b\"",
            "id": "ictsc:tanishi001",
            "role": "member",
            "username": "tanishi001"
          },
          "sensitive_attributes": []
        },
        {
          "index_key": "tar-xzvff",
          "schema_version": 0,
          "attributes": {
            "etag": "W/\"e185eba8111ba9ca009f8aa40b96f12a3ae63119d171f786be9de19ae0fca78f\"",
            "id": "ictsc:tar-xzvff",
            "role": "admin",
            "username": "tar-xzvff"
          },
          "sensitive_attributes": []
        },
        {
          "index_key": "tom--bo",
          "schema_version": 0,
          "attributes": {
            "etag": "W/\"6f9ca2c3c4191380593c3becc47c1d243656b303ef48297f6093f52ce08def09\"",
            "id": "ictsc:tom--bo",
            "role": "member",
            "username": "tom--bo"
          },
          "sensitive_attributes": []
        },
        {
          "index_key": "toma1128",
          "schema_version": 0,
          "attributes": {
            "etag": "W/\"af5be7a0cdf2a5f93759fb63f8f202f5a758ae170b9a00a4014be081e771c374\"",
            "id": "ictsc:toma1128",
            "role": "member",
            "username": "toma1128"
          },
          "sensitive_attributes": [],
          "private": "bnVsbA=="
        },
        {
          "index_key": "tomatoaas",
          "schema_version": 0,
          "attributes": {
            "etag": "W/\"38b26ec158b4c1a3aec964d11757aeb9174ca5e6623c7e895d4a497f7af4bdb4\"",
            "id": "ictsc:tomatoaas",
            "role": "member",
            "username": "tomatoaas"
          },
          "sensitive_attributes": []
        },
        {
          "index_key": "tosuke",
          "schema_version": 0,
          "attributes": {
            "etag": "W/\"a04c6e65810de84b3d8d35d1ab09bf7c69486145a4252964f1164b0ce893249f\"",
            "id": "ictsc:tosuke",
            "role": "admin",
            "username": "tosuke"
          },
          "sensitive_attributes": [],
          "private": "bnVsbA=="
        },
        {
          "index_key": "tsuttsu305",
          "schema_version": 0,
          "attributes": {
            "etag": "W/\"5927bcc090ea28365bbc133c1d03a52fcbc2bb228ab88e8d3f6476ef3179b830\"",
            "id": "ictsc:tsuttsu305",
            "role": "member",
            "username": "tsuttsu305"
          },
          "sensitive_attributes": []
        },
        {
          "index_key": "tsuzu",
          "schema_version": 0,
          "attributes": {
            "etag": "W/\"5e5fdec23db8fbb65e7ac365f84f5f5248134590d80fc82ad8a23b980aa3f5ac\"",
            "id": "ictsc:tsuzu",
            "role": "member",
            "username": "tsuzu"
          },
          "sensitive_attributes": [],
          "private": "bnVsbA=="
        },
        {
          "index_key": "uplus",
          "schema_version": 0,
          "attributes": {
            "etag": "W/\"09735e44c397f3a911ed8a5060b8c230c26597b006658eb27efa989c94f9c9c6\"",
            "id": "ictsc:uplus",
            "role": "admin",
            "username": "uplus"
          },
          "sensitive_attributes": []
        },
        {
          "index_key": "whywaita",
          "schema_version": 0,
          "attributes": {
            "etag": "W/\"129579cc178196825f78437151ece2b5fdd3c79e8a1cd3b002a660fd86f953e1\"",
            "id": "ictsc:whywaita",
            "role": "admin",
            "username": "whywaita"
          },
          "sensitive_attributes": []
        },
        {
          "index_key": "x86taka",
          "schema_version": 0,
          "attributes": {
            "etag": "W/\"aa61645a47e8004bc792c831b9b946a052dbb2ccef3d381f1472d2f5382b5cf4\"",
            "id": "ictsc:x86taka",
            "role": "admin",
            "username": "x86taka"
          },
          "sensitive_attributes": []
        },
        {
          "index_key": "y-monma",
          "schema_version": 0,
          "attributes": {
            "etag": "W/\"36cf69a9c7d42642db68bdd8f8540a38dd02f08984621a332817b3f9c20c7fd0\"",
            "id": "ictsc:y-monma",
            "role": "member",
            "username": "y-monma"
          },
          "sensitive_attributes": []
        },
        {
          "index_key": "y-shimiz",
          "schema_version": 0,
          "attributes": {
            "etag": "W/\"ca829aa5cfe8f56e77a591776b2a0e53d2a74005738398b91e098f9515f5506f\"",
            "id": "ictsc:y-shimiz",
            "role": "member",
            "username": "y-shimiz"
          },
          "sensitive_attributes": [],
          "private": "bnVsbA=="
        },
        {
          "index_key": "yaminoma",
          "schema_version": 0,
          "attributes": {
            "etag": "W/\"726fa9de0ee3ad4fff6a0eb9c41ea4fee935fd5089668d6cf299f59faed6a830\"",
            "id": "ictsc:yaminoma",
            "role": "member",
            "username": "yaminoma"
          },
          "sensitive_attributes": []
        },
        {
          "index_key": "yatuhashi",
          "schema_version": 0,
          "attributes": {
            "etag": "W/\"9ba66bd5c3ac50f108ad7883787a813a6e51d999177c437aa182a2845e76d20b\"",
            "id": "ictsc:yatuhashi",
            "role": "member",
            "username": "yatuhashi"
          },
          "sensitive_attributes": []
        },
        {
          "index_key": "yfujii854",
          "schema_version": 0,
          "attributes": {
            "etag": "W/\"9eef4a2e618afe315d87bd496f9c1fc0d1bf8d694719fa0f33ff133a4719c17a\"",
            "id": "ictsc:yfujii854",
            "role": "member",
            "username": "yfujii854"
          },
          "sensitive_attributes": [],
          "private": "bnVsbA=="
        },
        {
          "index_key": "yo-taro",
          "schema_version": 0,
          "attributes": {
            "etag": "W/\"f165c4756055f688928bea476bcce2928a493a8744b563ed43bf67101cb4b962\"",
            "id": "ictsc:yo-taro",
            "role": "member",
            "username": "yo-taro"
          },
          "sensitive_attributes": []
        },
        {
          "index_key": "yoneyan",
          "schema_version": 0,
          "attributes": {
            "etag": "W/\"5d6cc9bf4d8cf1a8037e710c13c71c708bdf350ac9b58c3fde9b4552a9e42678\"",
            "id": "ictsc:yoneyan",
            "role": "member",
            "username": "yoneyan"
          },
          "sensitive_attributes": []
        },
        {
          "index_key": "yu-tanaka00",
          "schema_version": 0,
          "attributes": {
            "etag": "W/\"758588b20e41f253aae8fac6cacdf0d07534e69f376413089335f38d14ec1db9\"",
            "id": "ictsc:yu-tanaka00",
            "role": "member",
            "username": "yu-tanaka00"
          },
          "sensitive_attributes": []
        },
        {
          "index_key": "yukamoja",
          "schema_version": 0,
          "attributes": {
            "etag": "W/\"0255d5a3e8d5dcef2dcd553b45e0746ca35b3814e4592119b575b3ffb8bc5c28\"",
            "id": "ictsc:yukamoja",
            "role": "admin",
            "username": "yukamoja"
          },
          "sensitive_attributes": []
        },
        {
          "index_key": "yuscarlet",
          "schema_version": 0,
          "attributes": {
            "etag": "W/\"a677b51aaa9c992cc6eb650c0effe237a464f130822add976fc0576c41dee09e\"",
            "id": "ictsc:yuscarlet",
            "role": "admin",
            "username": "yuscarlet"
          },
          "sensitive_attributes": [],
          "private": "bnVsbA=="
        },
        {
          "index_key": "yuukinetwork",
          "schema_version": 0,
          "attributes": {
            "etag": "W/\"7dae3802da2dea9c8d6a7bd776c75ad4ed72e707213da975be8e35351f20d1fb\"",
            "id": "ictsc:yuukinetwork",
            "role": "member",
            "username": "yuukinetwork"
          },
          "sensitive_attributes": []
        },
        {
          "index_key": "zeroalphat",
          "schema_version": 0,
          "attributes": {
            "etag": "W/\"bcc8e9a60f1771d50ab61d82d2fca73b91634a75494b62536d1f6faa4692b99d\"",
            "id": "ictsc:zeroalphat",
            "role": "member",
            "username": "zeroalphat"
          },
          "sensitive_attributes": []
        }
      ]
    },
    {
      "mode": "managed",
      "type": "github_team",
      "name": "score-dev",
      "provider": "provider[\"registry.terraform.io/integrations/github\"]",
      "instances": [
        {
          "schema_version": 0,
          "attributes": {
            "create_default_maintainer": false,
            "description": "score server development team",
            "etag": "W/\"03d72770c8be35387057f94bcf54593237bcc9964f6802839afedf93c7f7a8ee\"",
            "id": "2004353",
            "ldap_dn": "",
            "members_count": 1,
            "name": "score-dev",
            "node_id": "MDQ6VGVhbTIwMDQzNTM=",
            "parent_team_id": null,
            "privacy": "closed",
            "slug": "score-dev"
          },
          "sensitive_attributes": []
        }
      ]
    },
    {
      "mode": "managed",
      "type": "github_team",
      "name": "team",
      "provider": "provider[\"registry.terraform.io/integrations/github\"]",
      "instances": [
        {
          "index_key": "Admins",
          "schema_version": 0,
          "attributes": {
            "create_default_maintainer": false,
            "description": "member of Admins",
            "etag": "W/\"fc7433661427cf6a06a60f745f4c0248d09125abb226ac95731217586a8fb286\"",
            "id": "2008807",
            "ldap_dn": "",
            "members_count": 24,
            "name": "Admins",
            "node_id": "MDQ6VGVhbTIwMDg4MDc=",
            "parent_team_id": null,
            "privacy": "closed",
            "slug": "admins"
          },
          "sensitive_attributes": [],
          "private": "bnVsbA=="
        },
        {
          "index_key": "ictsc2018",
          "schema_version": 0,
          "attributes": {
            "create_default_maintainer": false,
            "description": "member of ictsc2018",
            "etag": "W/\"296981c86e1dfc673da7224a7a5ac9542782d3a92e31a1e324521c866fd0089e\"",
            "id": "2818425",
            "ldap_dn": "",
            "members_count": 21,
            "name": "ictsc2018",
            "node_id": "MDQ6VGVhbTI4MTg0MjU=",
            "parent_team_id": null,
            "privacy": "closed",
            "slug": "ictsc2018"
          },
          "sensitive_attributes": []
        },
        {
          "index_key": "ictsc2019",
          "schema_version": 0,
          "attributes": {
            "create_default_maintainer": false,
            "description": "member of ictsc2019",
            "etag": "W/\"385d288293db75ad5b38d82e81cb453e67d6d455990d288232eff19ed104f2c5\"",
            "id": "3300293",
            "ldap_dn": "",
            "members_count": 32,
            "name": "ictsc2019",
            "node_id": "MDQ6VGVhbTMzMDAyOTM=",
            "parent_team_id": null,
            "privacy": "closed",
            "slug": "ictsc2019"
          },
          "sensitive_attributes": []
        },
        {
          "index_key": "ictsc2020",
          "schema_version": 0,
          "attributes": {
            "create_default_maintainer": false,
            "description": "member of ictsc2020",
            "etag": "W/\"7edd9e396636bb5ddbc0d71065b36f2b70cff42af512edca7ccf47c40b063f9f\"",
            "id": "3894829",
            "ldap_dn": "",
            "members_count": 22,
            "name": "ictsc2020",
            "node_id": "MDQ6VGVhbTM4OTQ4Mjk=",
            "parent_team_id": null,
            "privacy": "closed",
            "slug": "ictsc2020"
          },
          "sensitive_attributes": []
        },
        {
          "index_key": "ictsc2021",
          "schema_version": 0,
          "attributes": {
            "create_default_maintainer": false,
            "description": "member of ictsc2021",
            "etag": "W/\"51aeb07f6324768e69b076cf2fb4bb8aecc0ac330fb4e58995db3d175fca8c7f\"",
            "id": "4811781",
            "ldap_dn": "",
            "members_count": 15,
            "name": "ictsc2021",
            "node_id": "MDQ6VGVhbTQ4MTE3ODE=",
            "parent_team_id": null,
            "privacy": "closed",
            "slug": "ictsc2021"
          },
          "sensitive_attributes": []
        },
        {
          "index_key": "ictsc2022",
          "schema_version": 0,
          "attributes": {
            "create_default_maintainer": false,
            "description": "member of ictsc2022",
            "etag": "W/\"5e28e890fdbbd63c1697203dea9860bed1094e295164a3cd80d8270bbcabd2ae\"",
            "id": "7097691",
            "ldap_dn": "",
            "members_count": 12,
            "name": "ictsc2022",
            "node_id": "T_kwDOAKhxTs4AbE1b",
            "parent_team_id": null,
            "privacy": "closed",
            "slug": "ictsc2022"
          },
          "sensitive_attributes": [],
          "private": "bnVsbA=="
        },
        {
          "index_key": "ictsc2023",
          "schema_version": 0,
          "attributes": {
            "create_default_maintainer": false,
            "description": "member of ictsc2023",
            "etag": "W/\"3873288f8b9c390a1811120c05731c8bd1ddbff304355f023a17ba41e00d2728\"",
            "id": "8186988",
            "ldap_dn": "",
            "members_count": 12,
            "name": "ictsc2023",
            "node_id": "T_kwDOAKhxTs4AfOxs",
            "parent_team_id": null,
            "privacy": "closed",
            "slug": "ictsc2023"
          },
          "sensitive_attributes": [],
          "private": "bnVsbA=="
        },
        {
          "index_key": "ictsc2024",
          "schema_version": 0,
          "attributes": {
            "create_default_maintainer": false,
            "description": "member of ictsc2024",
            "etag": "W/\"86b2c6fd8d301842d71a366283433575930e3214995b47139a39995a36a0351e\"",
            "id": "10324448",
            "ldap_dn": "",
            "members_count": 27,
            "name": "ictsc2024",
            "node_id": "T_kwDOAKhxTs4AnYng",
            "parent_team_id": null,
            "privacy": "closed",
            "slug": "ictsc2024"
          },
          "sensitive_attributes": [],
          "private": "bnVsbA=="
        },
        {
          "index_key": "ictsc2025",
          "schema_version": 0,
          "attributes": {
            "create_default_maintainer": false,
            "description": "member of ictsc2025",
            "etag": "W/\"7c7c83798c538d2848c5f0638888e239d0b5312b25464b20dd86da3aa0578f36\"",
            "id": "12998717",
            "ldap_dn": "",
            "members_count": 35,
            "name": "ictsc2025",
            "node_id": "T_kwDOAKhxTs4Axlg9",
            "parent_team_id": null,
            "privacy": "closed",
            "slug": "ictsc2025"
          },
          "sensitive_attributes": [],
          "private": "bnVsbA=="
        },
        {
          "index_key": "ictsc4",
          "schema_version": 0,
          "attributes": {
            "create_default_maintainer": false,
            "description": "member of ictsc4",
            "etag": "W/\"73995aca03d714dcfd3261a075e77473ebfdc308d37edb717f281ba9c6745c3a\"",
            "id": "2004351",
            "ldap_dn": "",
            "members_count": 11,
            "name": "ictsc4",
            "node_id": "MDQ6VGVhbTIwMDQzNTE=",
            "parent_team_id": null,
            "privacy": "closed",
            "slug": "ictsc4"
          },
          "sensitive_attributes": []
        },
        {
          "index_key": "ictsc5",
          "schema_version": 0,
          "attributes": {
            "create_default_maintainer": false,
            "description": "member of ictsc5",
            "etag": "W/\"97f97c0a700d961f3b3122c2ac4e038b24cc8de4ad0dc61aa7420daa7a52b7b7\"",
            "id": "2004352",
            "ldap_dn": "",
            "members_count": 26,
            "name": "ictsc5",
            "node_id": "MDQ6VGVhbTIwMDQzNTI=",
            "parent_team_id": null,
            "privacy": "closed",
            "slug": "ictsc5"
          },
          "sensitive_attributes": []
        },
        {
          "index_key": "ictsc6",
          "schema_version": 0,
          "attributes": {
            "create_default_maintainer": false,
            "description": "member of ictsc6",
            "etag": "W/\"64f4eac30d46e3d2ad5729322e7e53e5a952aeb366920b5bc1961f205ce13795\"",
            "id": "2004355",
            "ldap_dn": "",
            "members_count": 20,
            "name": "ictsc6",
            "node_id": "MDQ6VGVhbTIwMDQzNTU=",
            "parent_team_id": null,
            "privacy": "closed",
            "slug": "ictsc6"
          },
          "sensitive_attributes": []
        },
        {
          "index_key": "ictsc7",
          "schema_version": 0,
          "attributes": {
            "create_default_maintainer": false,
            "description": "member of ictsc7",
            "etag": "W/\"0f09320cb36c982d519ca057b2ae4ff136a840da5fe51534a3db7fece69d7e49\"",
            "id": "2178374",
            "ldap_dn": "",
            "members_count": 17,
            "name": "ictsc7",
            "node_id": "MDQ6VGVhbTIxNzgzNzQ=",
            "parent_team_id": null,
            "privacy": "closed",
            "slug": "ictsc7"
          },
          "sensitive_attributes": []
        },
        {
          "index_key": "ictsc8",
          "schema_version": 0,
          "attributes": {
            "create_default_maintainer": false,
            "description": "member of ictsc8",
            "etag": "W/\"0df6099fd0c9978e006f2b6202e0217e3f35b133b19167413bd12c49cabfe7c0\"",
            "id": "2341229",
            "ldap_dn": "",
            "members_count": 20,
            "name": "ictsc8",
            "node_id": "MDQ6VGVhbTIzNDEyMjk=",
            "parent_team_id": null,
            "privacy": "closed",
            "slug": "ictsc8"
          },
          "sensitive_attributes": []
        },
        {
          "index_key": "ictsc9",
          "schema_version": 0,
          "attributes": {
            "create_default_maintainer": false,
            "description": "member of ictsc9",
            "etag": "W/\"4372c2e57be500585560d9492e4bdf84bd61dc986ab3c71fe6bdb6f0fb5c581c\"",
            "id": "2818424",
            "ldap_dn": "",
            "members_count": 19,
            "name": "ictsc9",
            "node_id": "MDQ6VGVhbTI4MTg0MjQ=",
            "parent_team_id": null,
            "privacy": "closed",
            "slug": "ictsc9"
          },
          "sensitive_attributes": []
        }
      ]
    },
    {
      "mode": "managed",
      "type": "github_team_members",
      "name": "team_member",
      "provider": "provider[\"registry.terraform.io/integrations/github\"]",
      "instances": [
        {
          "index_key": "Admins",
          "schema_version": 0,
          "attributes": {
            "etag": "56dfebbe5a7859273b1787818a388e70",
            "id": "2008807",
            "members": [
              {
                "role": "maintainer",
                "username": "Art-Atlas"
              },
              {
                "role": "maintainer",
                "username": "Crow314"
              },
              {
                "role": "maintainer",
                "username": "Dodai-Dodai"
              },
              {
                "role": "maintainer",
                "username": "Explosive6363"
              },
              {
                "role": "maintainer",
                "username": "SouJimmy"
              },
              {
                "role": "maintainer",
                "username": "h-otter"
              },
              {
                "role": "maintainer",
                "username": "ibucho"
              },
              {
                "role": "maintainer",
                "username": "kurochan"
              },
              {
                "role": "maintainer",
                "username": "logica0419"
              },
              {
                "role": "maintainer",
                "username": "nagayon-935"
              },
              {
                "role": "maintainer",
                "username": "netmarkjp"
              },
              {
                "role": "maintainer",
                "username": "nishinoyama"
              },
              {
                "role": "maintainer",
                "username": "onokatio"
              },
              {
                "role": "maintainer",
                "username": "private-yusuke"
              },
              {
                "role": "maintainer",
                "username": "proelbtn"
              },
              {
                "role": "maintainer",
                "username": "sharknasuhorse"
              },
              {
                "role": "maintainer",
                "username": "takehaya"
              },
              {
                "role": "maintainer",
                "username": "tar-xzvff"
              },
              {
                "role": "maintainer",
                "username": "tosuke"
              },
              {
                "role": "maintainer",
                "username": "uplus"
              },
              {
                "role": "maintainer",
                "username": "whywaita"
              },
              {
                "role": "maintainer",
                "username": "x86taka"
              },
              {
                "role": "maintainer",
                "username": "yukamoja"
              },
              {
                "role": "maintainer",
                "username": "yuscarlet"
              }
            ],
            "team_id": "2008807"
          },
          "sensitive_attributes": [],
          "private": "bnVsbA==",
          "dependencies": [
            "github_membership.member",
            "github_team.team"
          ]
        },
        {
          "index_key": "ictsc2018",
          "schema_version": 0,
          "attributes": {
            "etag": "ea673d017274edbb2ff7bc0be8d54fec",
            "id": "2818425",
            "members": [
              {
                "role": "maintainer",
                "username": "h-otter"
              },
              {
                "role": "maintainer",
                "username": "onokatio"
              },
              {
                "role": "maintainer",
                "username": "proelbtn"
              },
              {
                "role": "maintainer",
                "username": "sharknasuhorse"
              },
              {
                "role": "maintainer",
                "username": "takehaya"
              },
              {
                "role": "maintainer",
                "username": "uplus"
              },
              {
                "role": "maintainer",
                "username": "whywaita"
              },
              {
                "role": "maintainer",
                "username": "yukamoja"
              },
              {
                "role": "member",
                "username": "Kurorororo"
              },
              {
                "role": "member",
                "username": "NozomiSugiyama"
              },
              {
                "role": "member",
                "username": "ShotaKitazawa"
              },
              {
                "role": "member",
                "username": "acque2two"
              },
              {
                "role": "member",
                "username": "bosan120"
              },
              {
                "role": "member",
                "username": "gurapomu"
              },
              {
                "role": "member",
                "username": "ha-kun0711"
              },
              {
                "role": "member",
                "username": "icchy"
              },
              {
                "role": "member",
                "username": "kyontan"
              },
              {
                "role": "member",
                "username": "orin24"
              },
              {
                "role": "member",
                "username": "palloc"
              },
              {
                "role": "member",
                "username": "potyama"
              },
              {
                "role": "member",
                "username": "yatuhashi"
              }
            ],
            "team_id": "2818425"
          },
          "sensitive_attributes": [],
          "private": "bnVsbA==",
          "dependencies": [
            "github_membership.member",
            "github_team.team"
          ]
        },
        {
          "index_key": "ictsc2019",
          "schema_version": 0,
          "attributes": {
            "etag": "cf5c54ce42379b81a43cd4ae7fb738e7",
            "id": "3300293",
            "members": [
              {
                "role": "maintainer",
                "username": "h-otter"
              },
              {
                "role": "maintainer",
                "username": "onokatio"
              },
              {
                "role": "maintainer",
                "username": "proelbtn"
              },
              {
                "role": "maintainer",
                "username": "sharknasuhorse"
              },
              {
                "role": "maintainer",
                "username": "takehaya"
              },
              {
                "role": "maintainer",
                "username": "uplus"
              },
              {
                "role": "maintainer",
                "username": "yukamoja"
              },
              {
                "role": "member",
                "username": "Iwancof"
              },
              {
                "role": "member",
                "username": "Kurorororo"
              },
              {
                "role": "member",
                "username": "SilEighty-ym"
              },
              {
                "role": "member",
                "username": "TenkiGit"
              },
              {
                "role": "member",
                "username": "Terfno"
              },
              {
                "role": "member",
                "username": "arupakan125"
              },
              {
                "role": "member",
                "username": "chouett0"
              },
              {
                "role": "member",
                "username": "ecodrive-18"
              },
              {
                "role": "member",
                "username": "gurapomu"
              },
              {
                "role": "member",
                "username": "hibiki31"
              },
              {
                "role": "member",
                "username": "icchy"
              },
              {
                "role": "member",
                "username": "kapibara824"
              },
              {
                "role": "member",
                "username": "mbook-x86"
              },
              {
                "role": "member",
                "username": "naoki912"
              },
              {
                "role": "member",
                "username": "ophum"
              },
              {
                "role": "member",
                "username": "potyama"
              },
              {
                "role": "member",
                "username": "recuraki"
              },
              {
                "role": "member",
                "username": "rlia"
              },
              {
                "role": "member",
                "username": "siberiy4"
              },
              {
                "role": "member",
                "username": "site0801"
              },
              {
                "role": "member",
                "username": "syuli"
              },
              {
                "role": "member",
                "username": "tom--bo"
              },
              {
                "role": "member",
                "username": "yoneyan"
              },
              {
                "role": "member",
                "username": "yu-tanaka00"
              }
            ],
            "team_id": "3300293"
          },
          "sensitive_attributes": [],
          "private": "bnVsbA==",
          "dependencies": [
            "github_membership.member",
            "github_team.team"
          ]
        },
        {
          "index_key": "ictsc2020",
          "schema_version": 0,
          "attributes": {
            "etag": "fbb4e3686dfeda194eb3163d773da78b",
            "id": "3894829",
            "members": [
              {
                "role": "maintainer",
                "username": "onokatio"
              },
              {
                "role": "maintainer",
                "username": "proelbtn"
              },
              {
                "role": "maintainer",
                "username": "takehaya"
              },
              {
                "role": "maintainer",
                "username": "uplus"
              },
              {
                "role": "maintainer",
                "username": "x86taka"
              },
              {
                "role": "maintainer",
                "username": "yukamoja"
              },
              {
                "role": "member",
                "username": "Hicky1025"
              },
              {
                "role": "member",
                "username": "TenkiGit"
              },
              {
                "role": "member",
                "username": "Terfno"
              },
              {
                "role": "member",
                "username": "arupakan125"
              },
              {
                "role": "member",
                "username": "hibiki31"
              },
              {
                "role": "member",
                "username": "kapibara824"
              },
              {
                "role": "member",
                "username": "nakasyo2650"
              },
              {
                "role": "member",
                "username": "naoki2001"
              },
              {
                "role": "member",
                "username": "ophum"
              },
              {
                "role": "member",
                "username": "potyama"
              },
              {
                "role": "member",
                "username": "rlia"
              },
              {
                "role": "member",
                "username": "siberiy4"
              },
              {
                "role": "member",
                "username": "site0801"
              },
              {
                "role": "member",
                "username": "tanishi001"
              },
              {
                "role": "member",
                "username": "yoneyan"
              },
              {
                "role": "member",
                "username": "zeroalphat"
              }
            ],
            "team_id": "3894829"
          },
          "sensitive_attributes": [],
          "private": "bnVsbA==",
          "dependencies": [
            "github_membership.member",
            "github_team.team"
          ]
        },
        {
          "index_key": "ictsc2021",
          "schema_version": 0,
          "attributes": {
            "etag": "c41ff4d727a79d137b5da94b1f1d5176",
            "id": "4811781",
            "members": [
              {
                "role": "maintainer",
                "username": "Explosive6363"
              },
              {
                "role": "maintainer",
                "username": "onokatio"
              },
              {
                "role": "maintainer",
                "username": "proelbtn"
              },
              {
                "role": "maintainer",
                "username": "x86taka"
              },
              {
                "role": "member",
                "username": "Hicky1025"
              },
              {
                "role": "member",
                "username": "K-shir0"
              },
              {
                "role": "member",
                "username": "Terfno"
              },
              {
                "role": "member",
                "username": "arupakan125"
              },
              {
                "role": "member",
                "username": "chaya2z"
              },
              {
                "role": "member",
                "username": "kapibara824"
              },
              {
                "role": "member",
                "username": "ophum"
              },
              {
                "role": "member",
                "username": "siberiy4"
              },
              {
                "role": "member",
                "username": "site0801"
              },
              {
                "role": "member",
                "username": "tomatoaas"
              },
              {
                "role": "member",
                "username": "yoneyan"
              }
            ],
            "team_id": "4811781"
          },
          "sensitive_attributes": [],
          "private": "bnVsbA==",
          "dependencies": [
            "github_membership.member",
            "github_team.team"
          ]
        },
        {
          "index_key": "ictsc2022",
          "schema_version": 0,
          "attributes": {
            "etag": "b8e5e6863e08578a3271e91a6d7c2cec",
            "id": "7097691",
            "members": [
              {
                "role": "maintainer",
                "username": "Crow314"
              },
              {
                "role": "maintainer",
                "username": "Explosive6363"
              },
              {
                "role": "maintainer",
                "username": "logica0419"
              },
              {
                "role": "maintainer",
                "username": "nishinoyama"
              },
              {
                "role": "maintainer",
                "username": "onokatio"
              },
              {
                "role": "maintainer",
                "username": "x86taka"
              },
              {
                "role": "member",
                "username": "Hicky1025"
              },
              {
                "role": "member",
                "username": "K-shir0"
              },
              {
                "role": "member",
                "username": "chaya2z"
              },
              {
                "role": "member",
                "username": "siberiy4"
              },
              {
                "role": "member",
                "username": "site0801"
              },
              {
                "role": "member",
                "username": "syuuya-nakatomi"
              }
            ],
            "team_id": "7097691"
          },
          "sensitive_attributes": [],
          "private": "bnVsbA==",
          "dependencies": [
            "github_membership.member",
            "github_team.team"
          ]
        },
        {
          "index_key": "ictsc2023",
          "schema_version": 0,
          "attributes": {
            "etag": "f15ab11ead5fd8d90e0aeed8d3da88ba",
            "id": "8186988",
            "members": [
              {
                "role": "maintainer",
                "username": "Art-Atlas"
              },
              {
                "role": "maintainer",
                "username": "Crow314"
              },
              {
                "role": "maintainer",
                "username": "logica0419"
              },
              {
                "role": "maintainer",
                "username": "nishinoyama"
              },
              {
                "role": "maintainer",
                "username": "onokatio"
              },
              {
                "role": "maintainer",
                "username": "x86taka"
              },
              {
                "role": "member",
                "username": "Fuuma0000"
              },
              {
                "role": "member",
                "username": "ecodrive-18"
              },
              {
                "role": "member",
                "username": "flora058x"
              },
              {
                "role": "member",
                "username": "momoka0122y"
              },
              {
                "role": "member",
                "username": "syuuya-nakatomi"
              }
            ],
            "team_id": "8186988"
          },
          "sensitive_attributes": [],
          "private": "bnVsbA==",
          "dependencies": [
            "github_membership.member",
            "github_team.team"
          ]
        },
        {
          "index_key": "ictsc2024",
          "schema_version": 0,
          "attributes": {
            "etag": "462669918ef4c2ee160764e5430ead40",
            "id": "10324448",
            "members": [
              {
                "role": "maintainer",
                "username": "Art-Atlas"
              },
              {
                "role": "maintainer",
                "username": "Crow314"
              },
              {
                "role": "maintainer",
                "username": "Dodai-Dodai"
              },
              {
                "role": "maintainer",
                "username": "logica0419"
              },
              {
                "role": "maintainer",
                "username": "nishinoyama"
              },
              {
                "role": "maintainer",
                "username": "onokatio"
              },
              {
                "role": "maintainer",
                "username": "private-yusuke"
              },
              {
                "role": "maintainer",
                "username": "tosuke"
              },
              {
                "role": "maintainer",
                "username": "x86taka"
              },
              {
                "role": "member",
                "username": "210on"
              },
              {
                "role": "member",
                "username": "Fuuma0000"
              },
              {
                "role": "member",
                "username": "I1da725"
              },
              {
                "role": "member",
                "username": "Yosshi72"
              },
              {
                "role": "member",
                "username": "flora058x"
              },
              {
                "role": "member",
                "username": "hide-1"
              },
              {
                "role": "member",
                "username": "hitto-hub"
              },
              {
                "role": "member",
                "username": "jeterdx"
              },
              {
                "role": "member",
                "username": "konkichi836"
              },
              {
                "role": "member",
                "username": "kouxi08"
              },
              {
                "role": "member",
                "username": "miyashita77"
              },
              {
                "role": "member",
                "username": "onabe3"
              },
              {
                "role": "member",
                "username": "shou3008"
              },
              {
                "role": "member",
                "username": "syuuya-nakatomi"
              },
              {
                "role": "member",
                "username": "takato256"
              },
              {
                "role": "member",
                "username": "tsuzu"
              },
              {
                "role": "member",
                "username": "yfujii854"
              }
            ],
            "team_id": "10324448"
          },
          "sensitive_attributes": [],
          "private": "bnVsbA==",
          "dependencies": [
            "github_membership.member",
            "github_team.team"
          ]
        },
        {
          "index_key": "ictsc2025",
          "schema_version": 0,
          "attributes": {
            "etag": "704b6a128b230407435bbe1dbb70c3ae",
            "id": "12998717",
            "members": [
              {
                "role": "maintainer",
                "username": "Art-Atlas"
              },
              {
                "role": "maintainer",
                "username": "Crow314"
              },
              {
                "role": "maintainer",
                "username": "Dodai-Dodai"
              },
              {
                "role": "maintainer",
                "username": "SouJimmy"
              },
              {
                "role": "maintainer",
                "username": "logica0419"
              },
              {
                "role": "maintainer",
                "username": "nagayon-935"
              },
              {
                "role": "maintainer",
                "username": "nishinoyama"
              },
              {
                "role": "maintainer",
                "username": "private-yusuke"
              },
              {
                "role": "maintainer",
                "username": "takehaya"
              },
              {
                "role": "maintainer",
                "username": "tosuke"
              },
              {
                "role": "maintainer",
                "username": "yuscarlet"
              },
              {
                "role": "member",
                "username": "210on"
              },
              {
                "role": "member",
                "username": "39Hane"
              },
              {
                "role": "member",
                "username": "Fuuma0000"
              },
              {
                "role": "member",
                "username": "Kurorororo"
              },
              {
                "role": "member",
                "username": "Ryusuke-Seki"
              },
              {
                "role": "member",
                "username": "amechun"
              },
              {
                "role": "member",
                "username": "aoi96"
              },
              {
                "role": "member",
                "username": "bqc0n"
              },
              {
                "role": "member",
                "username": "flora058x"
              },
              {
                "role": "member",
                "username": "hitto-hub"
              },
              {
                "role": "member",
                "username": "ishisora"
              },
              {
                "role": "member",
                "username": "jeterdx"
              },
              {
                "role": "member",
                "username": "k-84mo10"
              },
              {
                "role": "member",
                "username": "kino-ma"
              },
              {
                "role": "member",
                "username": "naoki912"
              },
              {
                "role": "member",
                "username": "oshamashama"
              },
              {
                "role": "member",
                "username": "red-3ya"
              },
              {
                "role": "member",
                "username": "rk76feWF"
              },
              {
                "role": "member",
                "username": "syuuya-nakatomi"
              },
              {
                "role": "member",
                "username": "takamasa272"
              },
              {
                "role": "member",
                "username": "takonomura"
              },
              {
                "role": "member",
                "username": "toma1128"
              },
              {
                "role": "member",
                "username": "tsuzu"
              },
              {
                "role": "member",
                "username": "y-shimiz"
              }
            ],
            "team_id": "12998717"
          },
          "sensitive_attributes": [],
          "private": "bnVsbA==",
          "dependencies": [
            "github_membership.member",
            "github_team.team"
          ]
        },
        {
          "index_key": "ictsc4",
          "schema_version": 0,
          "attributes": {
            "etag": "7d0139d7c0faf203bcc724def9795312",
            "id": "2004351",
            "members": [
              {
                "role": "maintainer",
                "username": "ibucho"
              },
              {
                "role": "maintainer",
                "username": "kurochan"
              },
              {
                "role": "maintainer",
                "username": "netmarkjp"
              },
              {
                "role": "maintainer",
                "username": "whywaita"
              },
              {
                "role": "member",
                "username": "chisaton1"
              },
              {
                "role": "member",
                "username": "kayo-tozaki"
              },
              {
                "role": "member",
                "username": "keisukearakawa"
              },
              {
                "role": "member",
                "username": "mbook-x86"
              },
              {
                "role": "member",
                "username": "staybuzz"
              },
              {
                "role": "member",
                "username": "yatuhashi"
              },
              {
                "role": "member",
                "username": "yo-taro"
              }
            ],
            "team_id": "2004351"
          },
          "sensitive_attributes": [],
          "private": "bnVsbA==",
          "dependencies": [
            "github_membership.member",
            "github_team.team"
          ]
        },
        {
          "index_key": "ictsc5",
          "schema_version": 0,
          "attributes": {
            "etag": "2d7817a6ea50ab7632415c97f23212bf",
            "id": "2004352",
            "members": [
              {
                "role": "maintainer",
                "username": "ibucho"
              },
              {
                "role": "maintainer",
                "username": "kurochan"
              },
              {
                "role": "maintainer",
                "username": "netmarkjp"
              },
              {
                "role": "maintainer",
                "username": "whywaita"
              },
              {
                "role": "member",
                "username": "aoi96"
              },
              {
                "role": "member",
                "username": "asdfec"
              },
              {
                "role": "member",
                "username": "chamaharun"
              },
              {
                "role": "member",
                "username": "chibiegg"
              },
              {
                "role": "member",
                "username": "guragusan"
              },
              {
                "role": "member",
                "username": "icchy"
              },
              {
                "role": "member",
                "username": "kadokusei"
              },
              {
                "role": "member",
                "username": "kayo-tozaki"
              },
              {
                "role": "member",
                "username": "keisukearakawa"
              },
              {
                "role": "member",
                "username": "kyoko0514"
              },
              {
                "role": "member",
                "username": "mbook-x86"
              },
              {
                "role": "member",
                "username": "mk0913mnck"
              },
              {
                "role": "member",
                "username": "notchi590"
              },
              {
                "role": "member",
                "username": "palloc"
              },
              {
                "role": "member",
                "username": "sora34"
              },
              {
                "role": "member",
                "username": "staybuzz"
              },
              {
                "role": "member",
                "username": "sugiki-accelia"
              },
              {
                "role": "member",
                "username": "sukekawa-accelia"
              },
              {
                "role": "member",
                "username": "takes3"
              },
              {
                "role": "member",
                "username": "y-monma"
              },
              {
                "role": "member",
                "username": "yatuhashi"
              },
              {
                "role": "member",
                "username": "yo-taro"
              }
            ],
            "team_id": "2004352"
          },
          "sensitive_attributes": [],
          "private": "bnVsbA==",
          "dependencies": [
            "github_membership.member",
            "github_team.team"
          ]
        },
        {
          "index_key": "ictsc6",
          "schema_version": 0,
          "attributes": {
            "etag": "e0c78acbeab8701aa2ff09ab37bfe21c",
            "id": "2004355",
            "members": [
              {
                "role": "maintainer",
                "username": "h-otter"
              },
              {
                "role": "maintainer",
                "username": "ibucho"
              },
              {
                "role": "maintainer",
                "username": "kurochan"
              },
              {
                "role": "maintainer",
                "username": "netmarkjp"
              },
              {
                "role": "maintainer",
                "username": "tar-xzvff"
              },
              {
                "role": "member",
                "username": "a-r-g-v"
              },
              {
                "role": "member",
                "username": "aoi96"
              },
              {
                "role": "member",
                "username": "asdfec"
              },
              {
                "role": "member",
                "username": "chalkygames123"
              },
              {
                "role": "member",
                "username": "guragusan"
              },
              {
                "role": "member",
                "username": "int-tt"
              },
              {
                "role": "member",
                "username": "kamijin-fanta"
              },
              {
                "role": "member",
                "username": "kyoko0514"
              },
              {
                "role": "member",
                "username": "kyontan"
              },
              {
                "role": "member",
                "username": "notchi590"
              },
              {
                "role": "member",
                "username": "palloc"
              },
              {
                "role": "member",
                "username": "y-monma"
              },
              {
                "role": "member",
                "username": "yo-taro"
              },
              {
                "role": "member",
                "username": "yuukinetwork"
              }
            ],
            "team_id": "2004355"
          },
          "sensitive_attributes": [],
          "private": "bnVsbA==",
          "dependencies": [
            "github_membership.member",
            "github_team.team"
          ]
        },
        {
          "index_key": "ictsc7",
          "schema_version": 0,
          "attributes": {
            "etag": "9a701be6f0da5ecfa560ed1a45562010",
            "id": "2178374",
            "members": [
              {
                "role": "maintainer",
                "username": "h-otter"
              },
              {
                "role": "member",
                "username": "Katsuya414"
              },
              {
                "role": "member",
                "username": "Kurorororo"
              },
              {
                "role": "member",
                "username": "alias-aria"
              },
              {
                "role": "member",
                "username": "bosan120"
              },
              {
                "role": "member",
                "username": "ecodrive-18"
              },
              {
                "role": "member",
                "username": "guragusan"
              },
              {
                "role": "member",
                "username": "inuyosi"
              },
              {
                "role": "member",
                "username": "kadokusei"
              },
              {
                "role": "member",
                "username": "kyontan"
              },
              {
                "role": "member",
                "username": "mbook-x86"
              },
              {
                "role": "member",
                "username": "naoki912"
              },
              {
                "role": "member",
                "username": "oomorio"
              },
              {
                "role": "member",
                "username": "palloc"
              },
              {
                "role": "member",
                "username": "yaminoma"
              },
              {
                "role": "member",
                "username": "yatuhashi"
              },
              {
                "role": "member",
                "username": "yuukinetwork"
              }
            ],
            "team_id": "2178374"
          },
          "sensitive_attributes": [],
          "private": "bnVsbA==",
          "dependencies": [
            "github_membership.member",
            "github_team.team"
          ]
        },
        {
          "index_key": "ictsc8",
          "schema_version": 0,
          "attributes": {
            "etag": "0d4d69f494d37b2d4b951026d77214a1",
            "id": "2341229",
            "members": [
              {
                "role": "maintainer",
                "username": "h-otter"
              },
              {
                "role": "maintainer",
                "username": "whywaita"
              },
              {
                "role": "member",
                "username": "Azusa72"
              },
              {
                "role": "member",
                "username": "Katsuya414"
              },
              {
                "role": "member",
                "username": "Kurorororo"
              },
              {
                "role": "member",
                "username": "alias-aria"
              },
              {
                "role": "member",
                "username": "aoi96"
              },
              {
                "role": "member",
                "username": "bosan120"
              },
              {
                "role": "member",
                "username": "chisaton1"
              },
              {
                "role": "member",
                "username": "ecodrive-18"
              },
              {
                "role": "member",
                "username": "icchy"
              },
              {
                "role": "member",
                "username": "inuyosi"
              },
              {
                "role": "member",
                "username": "keyakko"
              },
              {
                "role": "member",
                "username": "kyontan"
              },
              {
                "role": "member",
                "username": "mbook-x86"
              },
              {
                "role": "member",
                "username": "naoki912"
              },
              {
                "role": "member",
                "username": "oomorio"
              },
              {
                "role": "member",
                "username": "palloc"
              },
              {
                "role": "member",
                "username": "staybuzz"
              },
              {
                "role": "member",
                "username": "yatuhashi"
              }
            ],
            "team_id": "2341229"
          },
          "sensitive_attributes": [],
          "private": "bnVsbA==",
          "dependencies": [
            "github_membership.member",
            "github_team.team"
          ]
        },
        {
          "index_key": "ictsc9",
          "schema_version": 0,
          "attributes": {
            "etag": "feec034b3ebe6c671382a07d1f12fa41",
            "id": "2818424",
            "members": [
              {
                "role": "maintainer",
                "username": "h-otter"
              },
              {
                "role": "maintainer",
                "username": "sharknasuhorse"
              },
              {
                "role": "maintainer",
                "username": "uplus"
              },
              {
                "role": "maintainer",
                "username": "whywaita"
              },
              {
                "role": "maintainer",
                "username": "yukamoja"
              },
              {
                "role": "member",
                "username": "Kurorororo"
              },
              {
                "role": "member",
                "username": "SakurazakaShin"
              },
              {
                "role": "member",
                "username": "acque2two"
              },
              {
                "role": "member",
                "username": "chisaton1"
              },
              {
                "role": "member",
                "username": "ecodrive-18"
              },
              {
                "role": "member",
                "username": "gurapomu"
              },
              {
                "role": "member",
                "username": "ha-kun0711"
              },
              {
                "role": "member",
                "username": "icchy"
              },
              {
                "role": "member",
                "username": "mbook-x86"
              },
              {
                "role": "member",
                "username": "naoki912"
              },
              {
                "role": "member",
                "username": "nomeaning777"
              },
              {
                "role": "member",
                "username": "palloc"
              },
              {
                "role": "member",
                "username": "tsuttsu305"
              },
              {
                "role": "member",
                "username": "yatuhashi"
              }
            ],
            "team_id": "2818424"
          },
          "sensitive_attributes": [],
          "private": "bnVsbA==",
          "dependencies": [
            "github_membership.member",
            "github_team.team"
          ]
        }
      ]
    },
    {
      "mode": "managed",
      "type": "github_team_membership",
      "name": "score-dev-uplus",
      "provider": "provider[\"registry.terraform.io/integrations/github\"]",
      "instances": [
        {
          "schema_version": 0,
          "attributes": {
            "etag": "W/\"e90c64edfe1fbca12c1d03768a8d45f1c0c4aa55182594784569f107681e959b\"",
            "id": "2004353:uplus",
            "role": "maintainer",
            "team_id": "2004353",
            "username": "uplus"
          },
          "sensitive_attributes": [],
          "dependencies": [
            "github_team.score-dev"
          ]
        }
      ]
    },
    {
      "mode": "managed",
      "type": "github_team_repository",
      "name": "score-dev-ictsc-score-server",
      "provider": "provider[\"registry.terraform.io/integrations/github\"]",
      "instances": [
        {
          "schema_version": 0,
          "attributes": {
            "etag": "W/\"0c89a9e59e82581606debaa4b7d40f60bbe471068209c3842ef913908a944fce\"",
            "id": "2004353:ictsc-score-server",
            "permission": "admin",
            "repository": "ictsc-score-server",
            "team_id": "2004353"
          },
          "sensitive_attributes": [],
          "dependencies": [
            "github_team.score-dev"
          ]
        }
      ]
    }
  ],
  "check_results": null
}
