{
    "version": 3,
    "terraform_version": "0.11.3",
    "serial": 43,
    "lineage": "842a2913-e436-4381-8e72-045e740c9c1f",
    "modules": [
        {
            "path": [
                "root"
            ],
            "outputs": {},
            "resources": {
                "github_membership.928k1110": {
                    "type": "github_membership",
                    "depends_on": [],
                    "primary": {
                        "id": "ictsc:928k1110",
                        "attributes": {
                            "etag": "W/\"69da2ad1e4b53522c5fc7c4c4b918a65\"",
                            "id": "ictsc:928k1110",
                            "role": "member",
                            "username": "928k1110"
                        },
                        "meta": {},
                        "tainted": false
                    },
                    "deposed": [],
                    "provider": "provider.github"
                },
                "github_membership.Azusa72": {
                    "type": "github_membership",
                    "depends_on": [],
                    "primary": {
                        "id": "ictsc:Azusa72",
                        "attributes": {
                            "etag": "W/\"7521a36670a1ce373fc9d94f482db142\"",
                            "id": "ictsc:Azusa72",
                            "role": "member",
                            "username": "Azusa72"
                        },
                        "meta": {},
                        "tainted": false
                    },
                    "deposed": [],
                    "provider": "provider.github"
                },
                "github_membership.Hicky1025": {
                    "type": "github_membership",
                    "depends_on": [],
                    "primary": {
                        "id": "ictsc:Hicky1025",
                        "attributes": {
                            "etag": "W/\"07c0e38471b890dab020dc8bff669fb7\"",
                            "id": "ictsc:Hicky1025",
                            "role": "member",
                            "username": "Hicky1025"
                        },
                        "meta": {},
                        "tainted": false
                    },
                    "deposed": [],
                    "provider": "provider.github"
                },
                "github_membership.Iwancof": {
                    "type": "github_membership",
                    "depends_on": [],
                    "primary": {
                        "id": "ictsc:Iwancof",
                        "attributes": {
                            "etag": "W/\"589270ea20614b3c27f639d8b073405b\"",
                            "id": "ictsc:Iwancof",
                            "role": "member",
                            "username": "Iwancof"
                        },
                        "meta": {},
                        "tainted": false
                    },
                    "deposed": [],
                    "provider": "provider.github"
                },
                "github_membership.Katsuya414": {
                    "type": "github_membership",
                    "depends_on": [],
                    "primary": {
                        "id": "ictsc:Katsuya414",
                        "attributes": {
                            "etag": "W/\"bbd4bba732168c9fefb25018a32713c9\"",
                            "id": "ictsc:Katsuya414",
                            "role": "member",
                            "username": "Katsuya414"
                        },
                        "meta": {},
                        "tainted": false
                    },
                    "deposed": [],
                    "provider": "provider.github"
                },
                "github_membership.Kurorororo": {
                    "type": "github_membership",
                    "depends_on": [],
                    "primary": {
                        "id": "ictsc:Kurorororo",
                        "attributes": {
                            "etag": "W/\"5aa32c7007334182d56b85b3e0b5d820\"",
                            "id": "ictsc:Kurorororo",
                            "role": "member",
                            "username": "Kurorororo"
                        },
                        "meta": {},
                        "tainted": false
                    },
                    "deposed": [],
                    "provider": "provider.github"
                },
                "github_membership.NozomiSugiyama": {
                    "type": "github_membership",
                    "depends_on": [],
                    "primary": {
                        "id": "ictsc:NozomiSugiyama",
                        "attributes": {
                            "etag": "W/\"124ed3d738c2756dc4080ded7a4ed811\"",
                            "id": "ictsc:NozomiSugiyama",
                            "role": "member",
                            "username": "NozomiSugiyama"
                        },
                        "meta": {},
                        "tainted": false
                    },
                    "deposed": [],
                    "provider": "provider.github"
                },
                "github_membership.SakurazakaShin": {
                    "type": "github_membership",
                    "depends_on": [],
                    "primary": {
                        "id": "ictsc:SakurazakaShin",
                        "attributes": {
                            "etag": "W/\"dc063af49097d18d2f33b4bfab09e3c6\"",
                            "id": "ictsc:SakurazakaShin",
                            "role": "member",
                            "username": "SakurazakaShin"
                        },
                        "meta": {},
                        "tainted": false
                    },
                    "deposed": [],
                    "provider": "provider.github"
                },
                "github_membership.SallyAcolyte": {
                    "type": "github_membership",
                    "depends_on": [],
                    "primary": {
                        "id": "ictsc:SallyAcolyte",
                        "attributes": {
                            "etag": "W/\"24a06d7342bc5c5b6d81a3850f45d2ca\"",
                            "id": "ictsc:SallyAcolyte",
                            "role": "member",
                            "username": "SallyAcolyte"
                        },
                        "meta": {},
                        "tainted": false
                    },
                    "deposed": [],
                    "provider": "provider.github"
                },
                "github_membership.ShotaKitazawa": {
                    "type": "github_membership",
                    "depends_on": [],
                    "primary": {
                        "id": "ictsc:ShotaKitazawa",
                        "attributes": {
                            "etag": "W/\"f36f4f4c0cd99422dfb83dce8493aec9\"",
                            "id": "ictsc:ShotaKitazawa",
                            "role": "member",
                            "username": "ShotaKitazawa"
                        },
                        "meta": {},
                        "tainted": false
                    },
                    "deposed": [],
                    "provider": "provider.github"
                },
                "github_membership.SilEighty-ym": {
                    "type": "github_membership",
                    "depends_on": [],
                    "primary": {
                        "id": "ictsc:SilEighty-ym",
                        "attributes": {
                            "etag": "W/\"c1721d4324561e4f513335082c1d2298\"",
                            "id": "ictsc:SilEighty-ym",
                            "role": "member",
                            "username": "SilEighty-ym"
                        },
                        "meta": {},
                        "tainted": false
                    },
                    "deposed": [],
                    "provider": "provider.github"
                },
                "github_membership.TenkiGit": {
                    "type": "github_membership",
                    "depends_on": [],
                    "primary": {
                        "id": "ictsc:TenkiGit",
                        "attributes": {
                            "etag": "W/\"d16461dc8d0679ebdb0b5f5b3977c285\"",
                            "id": "ictsc:TenkiGit",
                            "role": "member",
                            "username": "TenkiGit"
                        },
                        "meta": {},
                        "tainted": false
                    },
                    "deposed": [],
                    "provider": "provider.github"
                },
                "github_membership.Terfno": {
                    "type": "github_membership",
                    "depends_on": [],
                    "primary": {
                        "id": "ictsc:Terfno",
                        "attributes": {
                            "etag": "W/\"3ffa563ea89d4c47aac85eff18acdff1\"",
                            "id": "ictsc:Terfno",
                            "role": "member",
                            "username": "Terfno"
                        },
                        "meta": {},
                        "tainted": false
                    },
                    "deposed": [],
                    "provider": "provider.github"
                },
                "github_membership.a-r-g-v": {
                    "type": "github_membership",
                    "depends_on": [],
                    "primary": {
                        "id": "ictsc:a-r-g-v",
                        "attributes": {
                            "etag": "W/\"17dc5784e2e341675c4c325c60994581\"",
                            "id": "ictsc:a-r-g-v",
                            "role": "member",
                            "username": "a-r-g-v"
                        },
                        "meta": {},
                        "tainted": false
                    },
                    "deposed": [],
                    "provider": "provider.github"
                },
                "github_membership.acque2two": {
                    "type": "github_membership",
                    "depends_on": [],
                    "primary": {
                        "id": "ictsc:acque2two",
                        "attributes": {
                            "etag": "W/\"2de234f9731449cc910345ab4b45f2b4\"",
                            "id": "ictsc:acque2two",
                            "role": "member",
                            "username": "acque2two"
                        },
                        "meta": {},
                        "tainted": false
                    },
                    "deposed": [],
                    "provider": "provider.github"
                },
                "github_membership.alias-aria": {
                    "type": "github_membership",
                    "depends_on": [],
                    "primary": {
                        "id": "ictsc:alias-aria",
                        "attributes": {
                            "etag": "W/\"d4e2bf9fd0656bbacd2d7d760db6201f\"",
                            "id": "ictsc:alias-aria",
                            "role": "member",
                            "username": "alias-aria"
                        },
                        "meta": {},
                        "tainted": false
                    },
                    "deposed": [],
                    "provider": "provider.github"
                },
                "github_membership.alisamon": {
                    "type": "github_membership",
                    "depends_on": [],
                    "primary": {
                        "id": "ictsc:alisamon",
                        "attributes": {
                            "etag": "W/\"1e1223ff9267134bcbdf4a3669ab2ebe\"",
                            "id": "ictsc:alisamon",
                            "role": "member",
                            "username": "alisamon"
                        },
                        "meta": {},
                        "tainted": false
                    },
                    "deposed": [],
                    "provider": "provider.github"
                },
                "github_membership.aoi96": {
                    "type": "github_membership",
                    "depends_on": [],
                    "primary": {
                        "id": "ictsc:aoi96",
                        "attributes": {
                            "etag": "W/\"544e0e92f544e22cd0d05c15c0d194ce\"",
                            "id": "ictsc:aoi96",
                            "role": "member",
                            "username": "aoi96"
                        },
                        "meta": {},
                        "tainted": false
                    },
                    "deposed": [],
                    "provider": "provider.github"
                },
                "github_membership.arupakan125": {
                    "type": "github_membership",
                    "depends_on": [],
                    "primary": {
                        "id": "ictsc:arupakan125",
                        "attributes": {
                            "etag": "W/\"6027b2c417e970940967db2b0eefe038\"",
                            "id": "ictsc:arupakan125",
                            "role": "member",
                            "username": "arupakan125"
                        },
                        "meta": {},
                        "tainted": false
                    },
                    "deposed": [],
                    "provider": "provider.github"
                },
                "github_membership.asarijiru": {
                    "type": "github_membership",
                    "depends_on": [],
                    "primary": {
                        "id": "ictsc:asarijiru",
                        "attributes": {
                            "etag": "W/\"2a32958fdefda89cfdf6e79e9d123e7c\"",
                            "id": "ictsc:asarijiru",
                            "role": "member",
                            "username": "asarijiru"
                        },
                        "meta": {},
                        "tainted": false
                    },
                    "deposed": [],
                    "provider": "provider.github"
                },
                "github_membership.asdfec": {
                    "type": "github_membership",
                    "depends_on": [],
                    "primary": {
                        "id": "ictsc:asdfec",
                        "attributes": {
                            "etag": "W/\"44c104c20118853ae960cfd5dd693dc3\"",
                            "id": "ictsc:asdfec",
                            "role": "member",
                            "username": "asdfec"
                        },
                        "meta": {},
                        "tainted": false
                    },
                    "deposed": [],
                    "provider": "provider.github"
                },
                "github_membership.beggarl": {
                    "type": "github_membership",
                    "depends_on": [],
                    "primary": {
                        "id": "ictsc:beggarl",
                        "attributes": {
                            "etag": "W/\"d128db99b515a6df98e49f4205596796\"",
                            "id": "ictsc:beggarl",
                            "role": "member",
                            "username": "beggarl"
                        },
                        "meta": {},
                        "tainted": false
                    },
                    "deposed": [],
                    "provider": "provider.github"
                },
                "github_membership.bosan120": {
                    "type": "github_membership",
                    "depends_on": [],
                    "primary": {
                        "id": "ictsc:bosan120",
                        "attributes": {
                            "etag": "W/\"d8a156d6ef8fdd012c16d30c9d376869\"",
                            "id": "ictsc:bosan120",
                            "role": "member",
                            "username": "bosan120"
                        },
                        "meta": {},
                        "tainted": false
                    },
                    "deposed": [],
                    "provider": "provider.github"
                },
                "github_membership.chalkygames123": {
                    "type": "github_membership",
                    "depends_on": [],
                    "primary": {
                        "id": "ictsc:chalkygames123",
                        "attributes": {
                            "etag": "W/\"8b5698085683bbc543a7700b6a9d637b\"",
                            "id": "ictsc:chalkygames123",
                            "role": "member",
                            "username": "chalkygames123"
                        },
                        "meta": {},
                        "tainted": false
                    },
                    "deposed": [],
                    "provider": "provider.github"
                },
                "github_membership.chamaharun": {
                    "type": "github_membership",
                    "depends_on": [],
                    "primary": {
                        "id": "ictsc:chamaharun",
                        "attributes": {
                            "etag": "W/\"6d117394a157d8bc310a5cb2d284c61e\"",
                            "id": "ictsc:chamaharun",
                            "role": "member",
                            "username": "chamaharun"
                        },
                        "meta": {},
                        "tainted": false
                    },
                    "deposed": [],
                    "provider": "provider.github"
                },
                "github_membership.chibiegg": {
                    "type": "github_membership",
                    "depends_on": [],
                    "primary": {
                        "id": "ictsc:chibiegg",
                        "attributes": {
                            "etag": "W/\"e58aae4ca9157d33d0bc2c13dfac5ccd\"",
                            "id": "ictsc:chibiegg",
                            "role": "member",
                            "username": "chibiegg"
                        },
                        "meta": {},
                        "tainted": false
                    },
                    "deposed": [],
                    "provider": "provider.github"
                },
                "github_membership.chisaton1": {
                    "type": "github_membership",
                    "depends_on": [],
                    "primary": {
                        "id": "ictsc:chisaton1",
                        "attributes": {
                            "etag": "W/\"6dd2b42f3244feccc468790b21cde430\"",
                            "id": "ictsc:chisaton1",
                            "role": "member",
                            "username": "chisaton1"
                        },
                        "meta": {},
                        "tainted": false
                    },
                    "deposed": [],
                    "provider": "provider.github"
                },
                "github_membership.chouett0": {
                    "type": "github_membership",
                    "depends_on": [],
                    "primary": {
                        "id": "ictsc:chouett0",
                        "attributes": {
                            "etag": "W/\"39e0ec30baff75fcdd53121b1297f9e6\"",
                            "id": "ictsc:chouett0",
                            "role": "member",
                            "username": "chouett0"
                        },
                        "meta": {},
                        "tainted": false
                    },
                    "deposed": [],
                    "provider": "provider.github"
                },
                "github_membership.ecodrive-18": {
                    "type": "github_membership",
                    "depends_on": [],
                    "primary": {
                        "id": "ictsc:ecodrive-18",
                        "attributes": {
                            "etag": "W/\"456f6015f98adcb2b60c8c2a68ec1c05\"",
                            "id": "ictsc:ecodrive-18",
                            "role": "member",
                            "username": "ecodrive-18"
                        },
                        "meta": {},
                        "tainted": false
                    },
                    "deposed": [],
                    "provider": "provider.github"
                },
                "github_membership.freedom18": {
                    "type": "github_membership",
                    "depends_on": [],
                    "primary": {
                        "id": "ictsc:freedom18",
                        "attributes": {
                            "etag": "W/\"9d6512c82b4bddfce54ded993f42db3c\"",
                            "id": "ictsc:freedom18",
                            "role": "member",
                            "username": "freedom18"
                        },
                        "meta": {},
                        "tainted": false
                    },
                    "deposed": [],
                    "provider": "provider.github"
                },
                "github_membership.guragusan": {
                    "type": "github_membership",
                    "depends_on": [],
                    "primary": {
                        "id": "ictsc:guragusan",
                        "attributes": {
                            "etag": "W/\"644fa6a39bdd894fd6760c16aec91c81\"",
                            "id": "ictsc:guragusan",
                            "role": "member",
                            "username": "guragusan"
                        },
                        "meta": {},
                        "tainted": false
                    },
                    "deposed": [],
                    "provider": "provider.github"
                },
                "github_membership.gurapomu": {
                    "type": "github_membership",
                    "depends_on": [],
                    "primary": {
                        "id": "ictsc:gurapomu",
                        "attributes": {
                            "etag": "W/\"332716cc39c9814d9fc62025183bbb42\"",
                            "id": "ictsc:gurapomu",
                            "role": "member",
                            "username": "gurapomu"
                        },
                        "meta": {},
                        "tainted": false
                    },
                    "deposed": [],
                    "provider": "provider.github"
                },
                "github_membership.h-otter": {
                    "type": "github_membership",
                    "depends_on": [],
                    "primary": {
                        "id": "ictsc:h-otter",
                        "attributes": {
                            "etag": "W/\"88998e7a8e423806e7c0ebdd8f1dd84a\"",
                            "id": "ictsc:h-otter",
                            "role": "admin",
                            "username": "h-otter"
                        },
                        "meta": {},
                        "tainted": false
                    },
                    "deposed": [],
                    "provider": "provider.github"
                },
                "github_membership.ha-kun0711": {
                    "type": "github_membership",
                    "depends_on": [],
                    "primary": {
                        "id": "ictsc:ha-kun0711",
                        "attributes": {
                            "etag": "W/\"00370fde0f6eb49456395a6d1f5fee3f\"",
                            "id": "ictsc:ha-kun0711",
                            "role": "member",
                            "username": "ha-kun0711"
                        },
                        "meta": {},
                        "tainted": false
                    },
                    "deposed": [],
                    "provider": "provider.github"
                },
                "github_membership.hibiki31": {
                    "type": "github_membership",
                    "depends_on": [],
                    "primary": {
                        "id": "ictsc:hibiki31",
                        "attributes": {
                            "etag": "W/\"d5811c332ce6bede0f138fabe28c8de6\"",
                            "id": "ictsc:hibiki31",
                            "role": "member",
                            "username": "hibiki31"
                        },
                        "meta": {},
                        "tainted": false
                    },
                    "deposed": [],
                    "provider": "provider.github"
                },
                "github_membership.ibucho": {
                    "type": "github_membership",
                    "depends_on": [],
                    "primary": {
                        "id": "ictsc:ibucho",
                        "attributes": {
                            "etag": "W/\"17f43094bc5815912c78248622e8ca26\"",
                            "id": "ictsc:ibucho",
                            "role": "admin",
                            "username": "ibucho"
                        },
                        "meta": {},
                        "tainted": false
                    },
                    "deposed": [],
                    "provider": "provider.github"
                },
                "github_membership.icchy": {
                    "type": "github_membership",
                    "depends_on": [],
                    "primary": {
                        "id": "ictsc:icchy",
                        "attributes": {
                            "etag": "W/\"dbbf009fd39087a7f1c928ca3b74186e\"",
                            "id": "ictsc:icchy",
                            "role": "member",
                            "username": "icchy"
                        },
                        "meta": {},
                        "tainted": false
                    },
                    "deposed": [],
                    "provider": "provider.github"
                },
                "github_membership.if001": {
                    "type": "github_membership",
                    "depends_on": [],
                    "primary": {
                        "id": "ictsc:if001",
                        "attributes": {
                            "etag": "W/\"828e3c1be807884a67bcc58b5f6a2f02\"",
                            "id": "ictsc:if001",
                            "role": "member",
                            "username": "if001"
                        },
                        "meta": {},
                        "tainted": false
                    },
                    "deposed": [],
                    "provider": "provider.github"
                },
                "github_membership.int-tt": {
                    "type": "github_membership",
                    "depends_on": [],
                    "primary": {
                        "id": "ictsc:int-tt",
                        "attributes": {
                            "etag": "W/\"4800e7fb979d6bbe0cfa144dde76763b\"",
                            "id": "ictsc:int-tt",
                            "role": "member",
                            "username": "int-tt"
                        },
                        "meta": {},
                        "tainted": false
                    },
                    "deposed": [],
                    "provider": "provider.github"
                },
                "github_membership.inuyosi": {
                    "type": "github_membership",
                    "depends_on": [],
                    "primary": {
                        "id": "ictsc:inuyosi",
                        "attributes": {
                            "etag": "W/\"8758bb69f8aa9db0ce0e3bb2c344a613\"",
                            "id": "ictsc:inuyosi",
                            "role": "member",
                            "username": "inuyosi"
                        },
                        "meta": {},
                        "tainted": false
                    },
                    "deposed": [],
                    "provider": "provider.github"
                },
                "github_membership.itakuya": {
                    "type": "github_membership",
                    "depends_on": [],
                    "primary": {
                        "id": "ictsc:itakuya",
                        "attributes": {
                            "etag": "W/\"811787244bf1d0f7f078f1cfa5194ec7\"",
                            "id": "ictsc:itakuya",
                            "role": "member",
                            "username": "itakuya"
                        },
                        "meta": {},
                        "tainted": false
                    },
                    "deposed": [],
                    "provider": "provider.github"
                },
                "github_membership.kadokusei": {
                    "type": "github_membership",
                    "depends_on": [],
                    "primary": {
                        "id": "ictsc:kadokusei",
                        "attributes": {
                            "etag": "W/\"e49aedb7a4fd06d899767679ab6d3aff\"",
                            "id": "ictsc:kadokusei",
                            "role": "member",
                            "username": "kadokusei"
                        },
                        "meta": {},
                        "tainted": false
                    },
                    "deposed": [],
                    "provider": "provider.github"
                },
                "github_membership.kamijin-fanta": {
                    "type": "github_membership",
                    "depends_on": [],
                    "primary": {
                        "id": "ictsc:kamijin-fanta",
                        "attributes": {
                            "etag": "W/\"d77cc396ff5a62522c02b2ef0061bee0\"",
                            "id": "ictsc:kamijin-fanta",
                            "role": "member",
                            "username": "kamijin-fanta"
                        },
                        "meta": {},
                        "tainted": false
                    },
                    "deposed": [],
                    "provider": "provider.github"
                },
                "github_membership.kapibara824": {
                    "type": "github_membership",
                    "depends_on": [],
                    "primary": {
                        "id": "ictsc:kapibara824",
                        "attributes": {
                            "etag": "W/\"625855b2cd89642982bb4c7274c10c6f\"",
                            "id": "ictsc:kapibara824",
                            "role": "member",
                            "username": "kapibara824"
                        },
                        "meta": {},
                        "tainted": false
                    },
                    "deposed": [],
                    "provider": "provider.github"
                },
                "github_membership.kayo-tozaki": {
                    "type": "github_membership",
                    "depends_on": [],
                    "primary": {
                        "id": "ictsc:kayo-tozaki",
                        "attributes": {
                            "etag": "W/\"f8f18e300187f186c4fcd20e917a34c7\"",
                            "id": "ictsc:kayo-tozaki",
                            "role": "member",
                            "username": "kayo-tozaki"
                        },
                        "meta": {},
                        "tainted": false
                    },
                    "deposed": [],
                    "provider": "provider.github"
                },
                "github_membership.keisukearakawa": {
                    "type": "github_membership",
                    "depends_on": [],
                    "primary": {
                        "id": "ictsc:keisukearakawa",
                        "attributes": {
                            "etag": "W/\"eff46b78ee0fe5cebf645833d71bc689\"",
                            "id": "ictsc:keisukearakawa",
                            "role": "member",
                            "username": "keisukearakawa"
                        },
                        "meta": {},
                        "tainted": false
                    },
                    "deposed": [],
                    "provider": "provider.github"
                },
                "github_membership.keyakko": {
                    "type": "github_membership",
                    "depends_on": [],
                    "primary": {
                        "id": "ictsc:keyakko",
                        "attributes": {
                            "etag": "W/\"a6cdce7d813813cadada88b1f0182e94\"",
                            "id": "ictsc:keyakko",
                            "role": "member",
                            "username": "keyakko"
                        },
                        "meta": {},
                        "tainted": false
                    },
                    "deposed": [],
                    "provider": "provider.github"
                },
                "github_membership.kurochan": {
                    "type": "github_membership",
                    "depends_on": [],
                    "primary": {
                        "id": "ictsc:kurochan",
                        "attributes": {
                            "etag": "W/\"fb3b9edc329f8d6a05d44a60e730e051\"",
                            "id": "ictsc:kurochan",
                            "role": "admin",
                            "username": "kurochan"
                        },
                        "meta": {},
                        "tainted": false
                    },
                    "deposed": [],
                    "provider": "provider.github"
                },
                "github_membership.kyoko0514": {
                    "type": "github_membership",
                    "depends_on": [],
                    "primary": {
                        "id": "ictsc:kyoko0514",
                        "attributes": {
                            "etag": "W/\"3f802a1c93246ec2c20a088ee86ba664\"",
                            "id": "ictsc:kyoko0514",
                            "role": "member",
                            "username": "kyoko0514"
                        },
                        "meta": {},
                        "tainted": false
                    },
                    "deposed": [],
                    "provider": "provider.github"
                },
                "github_membership.kyontan": {
                    "type": "github_membership",
                    "depends_on": [],
                    "primary": {
                        "id": "ictsc:kyontan",
                        "attributes": {
                            "etag": "W/\"15225c9df33f09fb7b8dd491b3086496\"",
                            "id": "ictsc:kyontan",
                            "role": "member",
                            "username": "kyontan"
                        },
                        "meta": {},
                        "tainted": false
                    },
                    "deposed": [],
                    "provider": "provider.github"
                },
                "github_membership.matsurika1226": {
                    "type": "github_membership",
                    "depends_on": [],
                    "primary": {
                        "id": "ictsc:matsurika1226",
                        "attributes": {
                            "etag": "W/\"136ed9b004a5c7de9619c29a563a5b28\"",
                            "id": "ictsc:matsurika1226",
                            "role": "member",
                            "username": "matsurika1226"
                        },
                        "meta": {},
                        "tainted": false
                    },
                    "deposed": [],
                    "provider": "provider.github"
                },
                "github_membership.mbook-x86": {
                    "type": "github_membership",
                    "depends_on": [],
                    "primary": {
                        "id": "ictsc:mbook-x86",
                        "attributes": {
                            "etag": "W/\"0296163aac3d78ef68da5f7e122ed88a\"",
                            "id": "ictsc:mbook-x86",
                            "role": "member",
                            "username": "mbook-x86"
                        },
                        "meta": {},
                        "tainted": false
                    },
                    "deposed": [],
                    "provider": "provider.github"
                },
                "github_membership.miyao11": {
                    "type": "github_membership",
                    "depends_on": [],
                    "primary": {
                        "id": "ictsc:Miyao11",
                        "attributes": {
                            "etag": "W/\"cbc87bee1253ac722fbc912ef71ef36d\"",
                            "id": "ictsc:Miyao11",
                            "role": "member",
                            "username": "Miyao11"
                        },
                        "meta": {},
                        "tainted": false
                    },
                    "deposed": [],
                    "provider": "provider.github"
                },
                "github_membership.mk0913mnck": {
                    "type": "github_membership",
                    "depends_on": [],
                    "primary": {
                        "id": "ictsc:mk0913mnck",
                        "attributes": {
                            "etag": "W/\"5540fafd73a84500216b8d4cebef59b4\"",
                            "id": "ictsc:mk0913mnck",
                            "role": "member",
                            "username": "mk0913mnck"
                        },
                        "meta": {},
                        "tainted": false
                    },
                    "deposed": [],
                    "provider": "provider.github"
                },
                "github_membership.nakasyo2650": {
                    "type": "github_membership",
                    "depends_on": [],
                    "primary": {
                        "id": "ictsc:nakasyo2650",
                        "attributes": {
                            "etag": "W/\"c78ee6637df2dea490b1d0b1b6c01c67\"",
                            "id": "ictsc:nakasyo2650",
                            "role": "member",
                            "username": "nakasyo2650"
                        },
                        "meta": {},
                        "tainted": false
                    },
                    "deposed": [],
                    "provider": "provider.github"
                },
                "github_membership.naoki2001": {
                    "type": "github_membership",
                    "depends_on": [],
                    "primary": {
                        "id": "ictsc:naoki2001",
                        "attributes": {
                            "etag": "W/\"def5048955e908a3e650ab3934a62b6d\"",
                            "id": "ictsc:naoki2001",
                            "role": "member",
                            "username": "naoki2001"
                        },
                        "meta": {},
                        "tainted": false
                    },
                    "deposed": [],
                    "provider": "provider.github"
                },
                "github_membership.naoki912": {
                    "type": "github_membership",
                    "depends_on": [],
                    "primary": {
                        "id": "ictsc:naoki912",
                        "attributes": {
                            "etag": "W/\"712dfa911f7e6ea6711eb2ff9f502564\"",
                            "id": "ictsc:naoki912",
                            "role": "member",
                            "username": "naoki912"
                        },
                        "meta": {},
                        "tainted": false
                    },
                    "deposed": [],
                    "provider": "provider.github"
                },
                "github_membership.netmarkjp": {
                    "type": "github_membership",
                    "depends_on": [],
                    "primary": {
                        "id": "ictsc:netmarkjp",
                        "attributes": {
                            "etag": "W/\"b46c92c1c178a0482573bb591ebd1841\"",
                            "id": "ictsc:netmarkjp",
                            "role": "admin",
                            "username": "netmarkjp"
                        },
                        "meta": {},
                        "tainted": false
                    },
                    "deposed": [],
                    "provider": "provider.github"
                },
                "github_membership.nomeaning777": {
                    "type": "github_membership",
                    "depends_on": [],
                    "primary": {
                        "id": "ictsc:nomeaning777",
                        "attributes": {
                            "etag": "W/\"6a67a3909f6d03a070aa2f7126b01aa3\"",
                            "id": "ictsc:nomeaning777",
                            "role": "member",
                            "username": "nomeaning777"
                        },
                        "meta": {},
                        "tainted": false
                    },
                    "deposed": [],
                    "provider": "provider.github"
                },
                "github_membership.notchi590": {
                    "type": "github_membership",
                    "depends_on": [],
                    "primary": {
                        "id": "ictsc:notchi590",
                        "attributes": {
                            "etag": "W/\"8e33523c34d1d824fb620700119cc52f\"",
                            "id": "ictsc:notchi590",
                            "role": "member",
                            "username": "notchi590"
                        },
                        "meta": {},
                        "tainted": false
                    },
                    "deposed": [],
                    "provider": "provider.github"
                },
                "github_membership.onokatio": {
                    "type": "github_membership",
                    "depends_on": [],
                    "primary": {
                        "id": "ictsc:onokatio",
                        "attributes": {
                            "etag": "W/\"66e9b1f3a9909f91d6deb86dfa59d590\"",
                            "id": "ictsc:onokatio",
                            "role": "member",
                            "username": "onokatio"
                        },
                        "meta": {},
                        "tainted": false
                    },
                    "deposed": [],
                    "provider": "provider.github"
                },
                "github_membership.oomorio": {
                    "type": "github_membership",
                    "depends_on": [],
                    "primary": {
                        "id": "ictsc:oomorio",
                        "attributes": {
                            "etag": "W/\"0945e0e102cd86932584429a19d480ca\"",
                            "id": "ictsc:oomorio",
                            "role": "member",
                            "username": "oomorio"
                        },
                        "meta": {},
                        "tainted": false
                    },
                    "deposed": [],
                    "provider": "provider.github"
                },
                "github_membership.ophum": {
                    "type": "github_membership",
                    "depends_on": [],
                    "primary": {
                        "id": "ictsc:ophum",
                        "attributes": {
                            "etag": "W/\"66c650bfeee12807b00cc0cfd85527b9\"",
                            "id": "ictsc:ophum",
                            "role": "member",
                            "username": "ophum"
                        },
                        "meta": {},
                        "tainted": false
                    },
                    "deposed": [],
                    "provider": "provider.github"
                },
                "github_membership.orin24": {
                    "type": "github_membership",
                    "depends_on": [],
                    "primary": {
                        "id": "ictsc:orin24",
                        "attributes": {
                            "etag": "W/\"32648a56d80c0dca4a6ebacb9b859582\"",
                            "id": "ictsc:orin24",
                            "role": "member",
                            "username": "orin24"
                        },
                        "meta": {},
                        "tainted": false
                    },
                    "deposed": [],
                    "provider": "provider.github"
                },
                "github_membership.palloc": {
                    "type": "github_membership",
                    "depends_on": [],
                    "primary": {
                        "id": "ictsc:palloc",
                        "attributes": {
                            "etag": "W/\"8aa53ec59bac035a6b5d7505e532fdaa\"",
                            "id": "ictsc:palloc",
                            "role": "member",
                            "username": "palloc"
                        },
                        "meta": {},
                        "tainted": false
                    },
                    "deposed": [],
                    "provider": "provider.github"
                },
                "github_membership.potyama": {
                    "type": "github_membership",
                    "depends_on": [],
                    "primary": {
                        "id": "ictsc:potyama",
                        "attributes": {
                            "etag": "W/\"52be4614ef6f9bf5f0418a0e0ea36783\"",
                            "id": "ictsc:potyama",
                            "role": "member",
                            "username": "potyama"
                        },
                        "meta": {},
                        "tainted": false
                    },
                    "deposed": [],
                    "provider": "provider.github"
                },
                "github_membership.proelbtn": {
                    "type": "github_membership",
                    "depends_on": [],
                    "primary": {
                        "id": "ictsc:proelbtn",
                        "attributes": {
                            "etag": "W/\"56be3db99a193e088e6ef651438bb7c8\"",
                            "id": "ictsc:proelbtn",
                            "role": "member",
                            "username": "proelbtn"
                        },
                        "meta": {},
                        "tainted": false
                    },
                    "deposed": [],
                    "provider": "provider.github"
                },
                "github_membership.recuraki": {
                    "type": "github_membership",
                    "depends_on": [],
                    "primary": {
                        "id": "ictsc:recuraki",
                        "attributes": {
                            "etag": "W/\"ba45a736f59461025c89c4fcbfe035f6\"",
                            "id": "ictsc:recuraki",
                            "role": "member",
                            "username": "recuraki"
                        },
                        "meta": {},
                        "tainted": false
                    },
                    "deposed": [],
                    "provider": "provider.github"
                },
                "github_membership.rlia": {
                    "type": "github_membership",
                    "depends_on": [],
                    "primary": {
                        "id": "ictsc:rlia",
                        "attributes": {
                            "etag": "W/\"688b5c507dc797cebf430cac84e1d11d\"",
                            "id": "ictsc:rlia",
                            "role": "member",
                            "username": "rlia"
                        },
                        "meta": {},
                        "tainted": false
                    },
                    "deposed": [],
                    "provider": "provider.github"
                },
                "github_membership.ronorono45": {
                    "type": "github_membership",
                    "depends_on": [],
                    "primary": {
                        "id": "ictsc:ronorono45",
                        "attributes": {
                            "etag": "W/\"e4e5fd985428cd4e51362644a57d5413\"",
                            "id": "ictsc:ronorono45",
                            "role": "member",
                            "username": "ronorono45"
                        },
                        "meta": {},
                        "tainted": false
                    },
                    "deposed": [],
                    "provider": "provider.github"
                },
                "github_membership.sharknasuhorse": {
                    "type": "github_membership",
                    "depends_on": [],
                    "primary": {
                        "id": "ictsc:sharknasuhorse",
                        "attributes": {
                            "etag": "W/\"40f788e620a92dfe42dfb94430965d88\"",
                            "id": "ictsc:sharknasuhorse",
                            "role": "admin",
                            "username": "sharknasuhorse"
                        },
                        "meta": {},
                        "tainted": false
                    },
                    "deposed": [],
                    "provider": "provider.github"
                },
                "github_membership.shinonome01": {
                    "type": "github_membership",
                    "depends_on": [],
                    "primary": {
                        "id": "ictsc:shinonome01",
                        "attributes": {
                            "etag": "W/\"5fa0fe85a69fe7b8e73e06bc2224b1bb\"",
                            "id": "ictsc:shinonome01",
                            "role": "member",
                            "username": "shinonome01"
                        },
                        "meta": {},
                        "tainted": false
                    },
                    "deposed": [],
                    "provider": "provider.github"
                },
                "github_membership.site0801": {
                    "type": "github_membership",
                    "depends_on": [],
                    "primary": {
                        "id": "ictsc:site0801",
                        "attributes": {
                            "etag": "W/\"c637c43af4b16dd91fbe1e4a56e76e08\"",
                            "id": "ictsc:site0801",
                            "role": "member",
                            "username": "site0801"
                        },
                        "meta": {},
                        "tainted": false
                    },
                    "deposed": [],
                    "provider": "provider.github"
                },
                "github_membership.sora34": {
                    "type": "github_membership",
                    "depends_on": [],
                    "primary": {
                        "id": "ictsc:sora34",
                        "attributes": {
                            "etag": "W/\"bfed64ed90fb69aeeb871023b0be2908\"",
                            "id": "ictsc:sora34",
                            "role": "member",
                            "username": "sora34"
                        },
                        "meta": {},
                        "tainted": false
                    },
                    "deposed": [],
                    "provider": "provider.github"
                },
                "github_membership.staybuzz": {
                    "type": "github_membership",
                    "depends_on": [],
                    "primary": {
                        "id": "ictsc:staybuzz",
                        "attributes": {
                            "etag": "W/\"ae6f1aabea1273cded0046e8f5a4ccb2\"",
                            "id": "ictsc:staybuzz",
                            "role": "member",
                            "username": "staybuzz"
                        },
                        "meta": {},
                        "tainted": false
                    },
                    "deposed": [],
                    "provider": "provider.github"
                },
                "github_membership.sugiki-accelia": {
                    "type": "github_membership",
                    "depends_on": [],
                    "primary": {
                        "id": "ictsc:sugiki-accelia",
                        "attributes": {
                            "etag": "W/\"5727e865bb515ea1d9090907ba17fc2d\"",
                            "id": "ictsc:sugiki-accelia",
                            "role": "member",
                            "username": "sugiki-accelia"
                        },
                        "meta": {},
                        "tainted": false
                    },
                    "deposed": [],
                    "provider": "provider.github"
                },
                "github_membership.sukekawa-accelia": {
                    "type": "github_membership",
                    "depends_on": [],
                    "primary": {
                        "id": "ictsc:sukekawa-accelia",
                        "attributes": {
                            "etag": "W/\"903b0cb44ebe08a15440d0148e37d721\"",
                            "id": "ictsc:sukekawa-accelia",
                            "role": "member",
                            "username": "sukekawa-accelia"
                        },
                        "meta": {},
                        "tainted": false
                    },
                    "deposed": [],
                    "provider": "provider.github"
                },
                "github_membership.suzuek": {
                    "type": "github_membership",
                    "depends_on": [],
                    "primary": {
                        "id": "ictsc:SuzueK",
                        "attributes": {
                            "etag": "W/\"366748d3171bb2cbf1c58f52cf02d25f\"",
                            "id": "ictsc:SuzueK",
                            "role": "member",
                            "username": "SuzueK"
                        },
                        "meta": {},
                        "tainted": false
                    },
                    "deposed": [],
                    "provider": "provider.github"
                },
                "github_membership.suzutan": {
                    "type": "github_membership",
                    "depends_on": [],
                    "primary": {
                        "id": "ictsc:suzutan",
                        "attributes": {
                            "etag": "W/\"118c4de5c537a1ef21bca5756ead5770\"",
                            "id": "ictsc:suzutan",
                            "role": "member",
                            "username": "suzutan"
                        },
                        "meta": {},
                        "tainted": false
                    },
                    "deposed": [],
                    "provider": "provider.github"
                },
                "github_membership.syuli": {
                    "type": "github_membership",
                    "depends_on": [],
                    "primary": {
                        "id": "ictsc:syuli",
                        "attributes": {
                            "etag": "W/\"0b64654c7b7875045da3a7ffbdc70aa8\"",
                            "id": "ictsc:syuli",
                            "role": "member",
                            "username": "syuli"
                        },
                        "meta": {},
                        "tainted": false
                    },
                    "deposed": [],
                    "provider": "provider.github"
                },
                "github_membership.takehaya": {
                    "type": "github_membership",
                    "depends_on": [],
                    "primary": {
                        "id": "ictsc:takehaya",
                        "attributes": {
                            "etag": "W/\"5ede484e9e79d5bce0b192437c4b5663\"",
                            "id": "ictsc:takehaya",
                            "role": "member",
                            "username": "takehaya"
                        },
                        "meta": {},
                        "tainted": false
                    },
                    "deposed": [],
                    "provider": "provider.github"
                },
                "github_membership.takes3": {
                    "type": "github_membership",
                    "depends_on": [],
                    "primary": {
                        "id": "ictsc:takes3",
                        "attributes": {
                            "etag": "W/\"08ffb2068bb784b586832928fd3fdb9d\"",
                            "id": "ictsc:takes3",
                            "role": "member",
                            "username": "takes3"
                        },
                        "meta": {},
                        "tainted": false
                    },
                    "deposed": [],
                    "provider": "provider.github"
                },
                "github_membership.tanishi001": {
                    "type": "github_membership",
                    "depends_on": [],
                    "primary": {
                        "id": "ictsc:tanishi001",
                        "attributes": {
                            "etag": "W/\"c969f27e5fc8b17eff33fd3100c1db77\"",
                            "id": "ictsc:tanishi001",
                            "role": "member",
                            "username": "tanishi001"
                        },
                        "meta": {},
                        "tainted": false
                    },
                    "deposed": [],
                    "provider": "provider.github"
                },
                "github_membership.tar-xzvff": {
                    "type": "github_membership",
                    "depends_on": [],
                    "primary": {
                        "id": "ictsc:tar-xzvff",
                        "attributes": {
                            "etag": "W/\"45ff9fb3428d5769ff61cec67f9f97bf\"",
                            "id": "ictsc:tar-xzvff",
                            "role": "admin",
                            "username": "tar-xzvff"
                        },
                        "meta": {},
                        "tainted": false
                    },
                    "deposed": [],
                    "provider": "provider.github"
                },
                "github_membership.tom--bo": {
                    "type": "github_membership",
                    "depends_on": [],
                    "primary": {
                        "id": "ictsc:tom--bo",
                        "attributes": {
                            "etag": "W/\"4abc17dfcbe72f62220ec35d1a59b189\"",
                            "id": "ictsc:tom--bo",
                            "role": "member",
                            "username": "tom--bo"
                        },
                        "meta": {},
                        "tainted": false
                    },
                    "deposed": [],
                    "provider": "provider.github"
                },
                "github_membership.tsuttsu305": {
                    "type": "github_membership",
                    "depends_on": [],
                    "primary": {
                        "id": "ictsc:tsuttsu305",
                        "attributes": {
                            "etag": "W/\"3a7bb030ab4effb30a79766280da24f8\"",
                            "id": "ictsc:tsuttsu305",
                            "role": "member",
                            "username": "tsuttsu305"
                        },
                        "meta": {},
                        "tainted": false
                    },
                    "deposed": [],
                    "provider": "provider.github"
                },
                "github_membership.tt222": {
                    "type": "github_membership",
                    "depends_on": [],
                    "primary": {
                        "id": "ictsc:tt222",
                        "attributes": {
                            "etag": "W/\"a7974d8a923cfe8980e49b1fc67a2036\"",
                            "id": "ictsc:tt222",
                            "role": "member",
                            "username": "tt222"
                        },
                        "meta": {},
                        "tainted": false
                    },
                    "deposed": [],
                    "provider": "provider.github"
                },
                "github_membership.uplus": {
                    "type": "github_membership",
                    "depends_on": [],
                    "primary": {
                        "id": "ictsc:uplus",
                        "attributes": {
                            "etag": "W/\"062d8f563884d5ef1f86723e1ac9b6d2\"",
                            "id": "ictsc:uplus",
                            "role": "member",
                            "username": "uplus"
                        },
                        "meta": {},
                        "tainted": false
                    },
                    "deposed": [],
                    "provider": "provider.github"
                },
                "github_membership.whywaita": {
                    "type": "github_membership",
                    "depends_on": [],
                    "primary": {
                        "id": "ictsc:whywaita",
                        "attributes": {
                            "etag": "W/\"8e695ad229ded7bc97b032565a704ec0\"",
                            "id": "ictsc:whywaita",
                            "role": "admin",
                            "username": "whywaita"
                        },
                        "meta": {},
                        "tainted": false
                    },
                    "deposed": [],
                    "provider": "provider.github"
                },
                "github_membership.y-monma": {
                    "type": "github_membership",
                    "depends_on": [],
                    "primary": {
                        "id": "ictsc:y-monma",
                        "attributes": {
                            "etag": "W/\"fa5772c9b563f653a7ba66f37eaf88f5\"",
                            "id": "ictsc:y-monma",
                            "role": "member",
                            "username": "y-monma"
                        },
                        "meta": {},
                        "tainted": false
                    },
                    "deposed": [],
                    "provider": "provider.github"
                },
                "github_membership.yaminoma": {
                    "type": "github_membership",
                    "depends_on": [],
                    "primary": {
                        "id": "ictsc:yaminoma",
                        "attributes": {
                            "etag": "W/\"dc8771cc81a4b752b8d42da03395ddd2\"",
                            "id": "ictsc:yaminoma",
                            "role": "member",
                            "username": "yaminoma"
                        },
                        "meta": {},
                        "tainted": false
                    },
                    "deposed": [],
                    "provider": "provider.github"
                },
                "github_membership.yatuhashi": {
                    "type": "github_membership",
                    "depends_on": [],
                    "primary": {
                        "id": "ictsc:yatuhashi",
                        "attributes": {
                            "etag": "W/\"8fb0539a7832a900aa754a8b2f449a09\"",
                            "id": "ictsc:yatuhashi",
                            "role": "member",
                            "username": "yatuhashi"
                        },
                        "meta": {},
                        "tainted": false
                    },
                    "deposed": [],
                    "provider": "provider.github"
                },
                "github_membership.yo-kanyukari": {
                    "type": "github_membership",
                    "depends_on": [],
                    "primary": {
                        "id": "ictsc:yo-kanyukari",
                        "attributes": {
                            "etag": "W/\"df129c92cb848cb746b248a3afccdc36\"",
                            "id": "ictsc:yo-kanyukari",
                            "role": "member",
                            "username": "yo-kanyukari"
                        },
                        "meta": {},
                        "tainted": false
                    },
                    "deposed": [],
                    "provider": "provider.github"
                },
                "github_membership.yo-taro": {
                    "type": "github_membership",
                    "depends_on": [],
                    "primary": {
                        "id": "ictsc:yo-taro",
                        "attributes": {
                            "etag": "W/\"d3c8a79dc116dfd089b77f9f1582953c\"",
                            "id": "ictsc:yo-taro",
                            "role": "member",
                            "username": "yo-taro"
                        },
                        "meta": {},
                        "tainted": false
                    },
                    "deposed": [],
                    "provider": "provider.github"
                },
                "github_membership.yoneyan": {
                    "type": "github_membership",
                    "depends_on": [],
                    "primary": {
                        "id": "ictsc:yoneyan",
                        "attributes": {
                            "etag": "W/\"93906cc02698073a2c4efdd8f2e2e00c\"",
                            "id": "ictsc:yoneyan",
                            "role": "member",
                            "username": "yoneyan"
                        },
                        "meta": {},
                        "tainted": false
                    },
                    "deposed": [],
                    "provider": "provider.github"
                },
                "github_membership.yu-tanaka00": {
                    "type": "github_membership",
                    "depends_on": [],
                    "primary": {
                        "id": "ictsc:yu-tanaka00",
                        "attributes": {
                            "etag": "W/\"1aa98c600b5f5863dcda306dab4c2f7b\"",
                            "id": "ictsc:yu-tanaka00",
                            "role": "member",
                            "username": "yu-tanaka00"
                        },
                        "meta": {},
                        "tainted": false
                    },
                    "deposed": [],
                    "provider": "provider.github"
                },
                "github_membership.yuukinetwork": {
                    "type": "github_membership",
                    "depends_on": [],
                    "primary": {
                        "id": "ictsc:yuukinetwork",
                        "attributes": {
                            "etag": "W/\"bca4d6e49336dad385e6fe514280bff6\"",
                            "id": "ictsc:yuukinetwork",
                            "role": "member",
                            "username": "yuukinetwork"
                        },
                        "meta": {},
                        "tainted": false
                    },
                    "deposed": [],
                    "provider": "provider.github"
                },
                "github_membership.zeroalphat": {
                    "type": "github_membership",
                    "depends_on": [],
                    "primary": {
                        "id": "ictsc:zeroalphat",
                        "attributes": {
                            "etag": "W/\"4a02eb29005ed0905e39963408ea1c5f\"",
                            "id": "ictsc:zeroalphat",
                            "role": "member",
                            "username": "zeroalphat"
                        },
                        "meta": {},
                        "tainted": false
                    },
                    "deposed": [],
                    "provider": "provider.github"
                },
                "github_team.admin": {
                    "type": "github_team",
                    "depends_on": [],
                    "primary": {
                        "id": "2008807",
                        "attributes": {
                            "description": "ictsc organization admins",
                            "etag": "W/\"9f42dee89d31d96f09f0e3ac1a78e98f\"",
                            "id": "2008807",
                            "ldap_dn": "",
                            "name": "Admins",
                            "node_id": "MDQ6VGVhbTIwMDg4MDc=",
                            "privacy": "closed",
                            "slug": "admins"
                        },
                        "meta": {},
                        "tainted": false
                    },
                    "deposed": [],
                    "provider": "provider.github"
                },
                "github_team.ictsc2018": {
                    "type": "github_team",
                    "depends_on": [],
                    "primary": {
                        "id": "2818425",
                        "attributes": {
                            "description": "member of ictsc2018",
                            "etag": "W/\"fe9396a27717eb2294f49ec05d8cedc2\"",
                            "id": "2818425",
                            "ldap_dn": "",
                            "name": "ictsc2018",
                            "node_id": "MDQ6VGVhbTI4MTg0MjU=",
                            "privacy": "closed",
                            "slug": "ictsc2018"
                        },
                        "meta": {},
                        "tainted": false
                    },
                    "deposed": [],
                    "provider": "provider.github"
                },
                "github_team.ictsc2019": {
                    "type": "github_team",
                    "depends_on": [],
                    "primary": {
                        "id": "3300293",
                        "attributes": {
                            "description": "member of ictsc2019",
                            "etag": "W/\"3dd3ee519dac4021b4a673bd0e4f5778\"",
                            "id": "3300293",
                            "ldap_dn": "",
                            "name": "ictsc2019",
                            "node_id": "MDQ6VGVhbTMzMDAyOTM=",
                            "privacy": "closed",
                            "slug": "ictsc2019"
                        },
                        "meta": {},
                        "tainted": false
                    },
                    "deposed": [],
                    "provider": "provider.github"
                },
                "github_team.ictsc2020": {
                    "type": "github_team",
                    "depends_on": [],
                    "primary": {
                        "id": "3894829",
                        "attributes": {
                            "description": "member of ictsc2020",
                            "etag": "W/\"23f673d7e27265c430255b8fe08c833c\"",
                            "id": "3894829",
                            "ldap_dn": "",
                            "name": "ictsc2020",
                            "node_id": "MDQ6VGVhbTM4OTQ4Mjk=",
                            "privacy": "closed",
                            "slug": "ictsc2020"
                        },
                        "meta": {},
                        "tainted": false
                    },
                    "deposed": [],
                    "provider": "provider.github"
                },
                "github_team.ictsc4": {
                    "type": "github_team",
                    "depends_on": [],
                    "primary": {
                        "id": "2004351",
                        "attributes": {
                            "description": "member of ictsc4",
                            "etag": "W/\"e53644e599e6849f98af9c0fbb156c81\"",
                            "id": "2004351",
                            "ldap_dn": "",
                            "name": "ictsc4",
                            "node_id": "MDQ6VGVhbTIwMDQzNTE=",
                            "privacy": "closed",
                            "slug": "ictsc4"
                        },
                        "meta": {},
                        "tainted": false
                    },
                    "deposed": [],
                    "provider": "provider.github"
                },
                "github_team.ictsc5": {
                    "type": "github_team",
                    "depends_on": [],
                    "primary": {
                        "id": "2004352",
                        "attributes": {
                            "description": "member of ictsc5",
                            "etag": "W/\"3fe873c8c5d23671400cd88cb98b54c7\"",
                            "id": "2004352",
                            "ldap_dn": "",
                            "name": "ictsc5",
                            "node_id": "MDQ6VGVhbTIwMDQzNTI=",
                            "privacy": "closed",
                            "slug": "ictsc5"
                        },
                        "meta": {},
                        "tainted": false
                    },
                    "deposed": [],
                    "provider": "provider.github"
                },
                "github_team.ictsc6": {
                    "type": "github_team",
                    "depends_on": [],
                    "primary": {
                        "id": "2004355",
                        "attributes": {
                            "description": "member of ictsc6",
                            "etag": "W/\"eac550d7a1fad560d8b276142e0f39a6\"",
                            "id": "2004355",
                            "ldap_dn": "",
                            "name": "ictsc6",
                            "node_id": "MDQ6VGVhbTIwMDQzNTU=",
                            "privacy": "closed",
                            "slug": "ictsc6"
                        },
                        "meta": {},
                        "tainted": false
                    },
                    "deposed": [],
                    "provider": "provider.github"
                },
                "github_team.ictsc7": {
                    "type": "github_team",
                    "depends_on": [],
                    "primary": {
                        "id": "2178374",
                        "attributes": {
                            "description": "member of ictsc7",
                            "etag": "W/\"4f11a28a46aa64eb0f82f093618456f9\"",
                            "id": "2178374",
                            "ldap_dn": "",
                            "name": "ictsc7",
                            "node_id": "MDQ6VGVhbTIxNzgzNzQ=",
                            "privacy": "closed",
                            "slug": "ictsc7"
                        },
                        "meta": {},
                        "tainted": false
                    },
                    "deposed": [],
                    "provider": "provider.github"
                },
                "github_team.ictsc8": {
                    "type": "github_team",
                    "depends_on": [],
                    "primary": {
                        "id": "2341229",
                        "attributes": {
                            "description": "member of ictsc8",
                            "etag": "W/\"c7a7f83d10042e0b82e9d46874fa9d56\"",
                            "id": "2341229",
                            "ldap_dn": "",
                            "name": "ictsc8",
                            "node_id": "MDQ6VGVhbTIzNDEyMjk=",
                            "privacy": "closed",
                            "slug": "ictsc8"
                        },
                        "meta": {},
                        "tainted": false
                    },
                    "deposed": [],
                    "provider": "provider.github"
                },
                "github_team.ictsc9": {
                    "type": "github_team",
                    "depends_on": [],
                    "primary": {
                        "id": "2818424",
                        "attributes": {
                            "description": "member of ictsc9",
                            "etag": "W/\"716bca0c09c2785620fa6aea0f901736\"",
                            "id": "2818424",
                            "ldap_dn": "",
                            "name": "ictsc9",
                            "node_id": "MDQ6VGVhbTI4MTg0MjQ=",
                            "privacy": "closed",
                            "slug": "ictsc9"
                        },
                        "meta": {},
                        "tainted": false
                    },
                    "deposed": [],
                    "provider": "provider.github"
                },
                "github_team.score-dev": {
                    "type": "github_team",
                    "depends_on": [],
                    "primary": {
                        "id": "2004353",
                        "attributes": {
                            "description": "score server development team",
                            "etag": "W/\"68d86274fb7700ae8040af5754b97aee\"",
                            "id": "2004353",
                            "ldap_dn": "",
                            "name": "score-dev",
                            "node_id": "MDQ6VGVhbTIwMDQzNTM=",
                            "privacy": "closed",
                            "slug": "score-dev"
                        },
                        "meta": {},
                        "tainted": false
                    },
                    "deposed": [],
                    "provider": "provider.github"
                },
                "github_team_membership.admin-h-otter": {
                    "type": "github_team_membership",
                    "depends_on": [
                        "github_membership.h-otter",
                        "github_team.admin"
                    ],
                    "primary": {
                        "id": "2008807:h-otter",
                        "attributes": {
                            "etag": "W/\"a8bb6f9925189abb24cdbb4dfb4ac7ac\"",
                            "id": "2008807:h-otter",
                            "role": "member",
                            "team_id": "2008807",
                            "username": "h-otter"
                        },
                        "meta": {},
                        "tainted": false
                    },
                    "deposed": [],
                    "provider": "provider.github"
                },
                "github_team_membership.admin-sharknasuhorse": {
                    "type": "github_team_membership",
                    "depends_on": [
                        "github_membership.sharknasuhorse",
                        "github_team.admin"
                    ],
                    "primary": {
                        "id": "2008807:sharknasuhorse",
                        "attributes": {
                            "etag": "W/\"69eaa811f548fc81b28a1aa007379dcd\"",
                            "id": "2008807:sharknasuhorse",
                            "role": "member",
                            "team_id": "2008807",
                            "username": "sharknasuhorse"
                        },
                        "meta": {},
                        "tainted": false
                    },
                    "deposed": [],
                    "provider": "provider.github"
                },
                "github_team_membership.admin-tar-xzvff": {
                    "type": "github_team_membership",
                    "depends_on": [
                        "github_membership.tar-xzvff",
                        "github_team.admin"
                    ],
                    "primary": {
                        "id": "2008807:tar-xzvff",
                        "attributes": {
                            "etag": "W/\"5fa520730be369ce953564ab5fbb4544\"",
                            "id": "2008807:tar-xzvff",
                            "role": "member",
                            "team_id": "2008807",
                            "username": "tar-xzvff"
                        },
                        "meta": {},
                        "tainted": false
                    },
                    "deposed": [],
                    "provider": "provider.github"
                },
                "github_team_membership.admin-uplus": {
                    "type": "github_team_membership",
                    "depends_on": [
                        "github_membership.uplus",
                        "github_team.admin"
                    ],
                    "primary": {
                        "id": "2008807:uplus",
                        "attributes": {
                            "etag": "W/\"5f8747a231defee2f52896b120df5966\"",
                            "id": "2008807:uplus",
                            "role": "member",
                            "team_id": "2008807",
                            "username": "uplus"
                        },
                        "meta": {},
                        "tainted": false
                    },
                    "deposed": [],
                    "provider": "provider.github"
                },
                "github_team_membership.admin-whywaita": {
                    "type": "github_team_membership",
                    "depends_on": [
                        "github_membership.whywaita",
                        "github_team.admin"
                    ],
                    "primary": {
                        "id": "2008807:whywaita",
                        "attributes": {
                            "etag": "W/\"36c8b4e12d4f60defc12e6a15a3b4b97\"",
                            "id": "2008807:whywaita",
                            "role": "member",
                            "team_id": "2008807",
                            "username": "whywaita"
                        },
                        "meta": {},
                        "tainted": false
                    },
                    "deposed": [],
                    "provider": "provider.github"
                },
                "github_team_membership.ictsc2018-Kurorororo": {
                    "type": "github_team_membership",
                    "depends_on": [
                        "github_membership.Kurorororo",
                        "github_team.ictsc2018"
                    ],
                    "primary": {
                        "id": "2818425:Kurorororo",
                        "attributes": {
                            "etag": "W/\"d5ac5d23346085657193b098e98aab63\"",
                            "id": "2818425:Kurorororo",
                            "role": "member",
                            "team_id": "2818425",
                            "username": "Kurorororo"
                        },
                        "meta": {},
                        "tainted": false
                    },
                    "deposed": [],
                    "provider": "provider.github"
                },
                "github_team_membership.ictsc2018-NozomiSugiyama": {
                    "type": "github_team_membership",
                    "depends_on": [
                        "github_membership.NozomiSugiyama",
                        "github_team.ictsc2018"
                    ],
                    "primary": {
                        "id": "2818425:NozomiSugiyama",
                        "attributes": {
                            "etag": "W/\"2b9d8d585133d3320702326df0d2c6a8\"",
                            "id": "2818425:NozomiSugiyama",
                            "role": "member",
                            "team_id": "2818425",
                            "username": "NozomiSugiyama"
                        },
                        "meta": {},
                        "tainted": false
                    },
                    "deposed": [],
                    "provider": "provider.github"
                },
                "github_team_membership.ictsc2018-ShotaKitazawa": {
                    "type": "github_team_membership",
                    "depends_on": [
                        "github_membership.ShotaKitazawa",
                        "github_team.ictsc2018"
                    ],
                    "primary": {
                        "id": "2818425:ShotaKitazawa",
                        "attributes": {
                            "etag": "W/\"17a2e3d3dec3886d995b9895f714fe40\"",
                            "id": "2818425:ShotaKitazawa",
                            "role": "member",
                            "team_id": "2818425",
                            "username": "ShotaKitazawa"
                        },
                        "meta": {},
                        "tainted": false
                    },
                    "deposed": [],
                    "provider": "provider.github"
                },
                "github_team_membership.ictsc2018-acque2two": {
                    "type": "github_team_membership",
                    "depends_on": [
                        "github_membership.acque2two",
                        "github_team.ictsc2018"
                    ],
                    "primary": {
                        "id": "2818425:acque2two",
                        "attributes": {
                            "etag": "W/\"358728e50fd384afb2947bb939e70645\"",
                            "id": "2818425:acque2two",
                            "role": "member",
                            "team_id": "2818425",
                            "username": "acque2two"
                        },
                        "meta": {},
                        "tainted": false
                    },
                    "deposed": [],
                    "provider": "provider.github"
                },
                "github_team_membership.ictsc2018-bosan120": {
                    "type": "github_team_membership",
                    "depends_on": [
                        "github_membership.bosan120",
                        "github_team.ictsc2018"
                    ],
                    "primary": {
                        "id": "2818425:bosan120",
                        "attributes": {
                            "etag": "W/\"1a56be46c6cbdfb366f2683a4bd06344\"",
                            "id": "2818425:bosan120",
                            "role": "member",
                            "team_id": "2818425",
                            "username": "bosan120"
                        },
                        "meta": {},
                        "tainted": false
                    },
                    "deposed": [],
                    "provider": "provider.github"
                },
                "github_team_membership.ictsc2018-gurapomu": {
                    "type": "github_team_membership",
                    "depends_on": [
                        "github_membership.gurapomu",
                        "github_team.ictsc2018"
                    ],
                    "primary": {
                        "id": "2818425:gurapomu",
                        "attributes": {
                            "etag": "W/\"d416fe839920b9e750faf2e70f0e3487\"",
                            "id": "2818425:gurapomu",
                            "role": "member",
                            "team_id": "2818425",
                            "username": "gurapomu"
                        },
                        "meta": {},
                        "tainted": false
                    },
                    "deposed": [],
                    "provider": "provider.github"
                },
                "github_team_membership.ictsc2018-h-otter": {
                    "type": "github_team_membership",
                    "depends_on": [
                        "github_membership.h-otter",
                        "github_team.ictsc2018"
                    ],
                    "primary": {
                        "id": "2818425:h-otter",
                        "attributes": {
                            "etag": "W/\"87d525ae306b6926bc66ad3e3781e304\"",
                            "id": "2818425:h-otter",
                            "role": "member",
                            "team_id": "2818425",
                            "username": "h-otter"
                        },
                        "meta": {},
                        "tainted": false
                    },
                    "deposed": [],
                    "provider": "provider.github"
                },
                "github_team_membership.ictsc2018-ha-kun0711": {
                    "type": "github_team_membership",
                    "depends_on": [
                        "github_membership.ha-kun0711",
                        "github_team.ictsc2018"
                    ],
                    "primary": {
                        "id": "2818425:ha-kun0711",
                        "attributes": {
                            "etag": "W/\"ae66c293c94a78dd2be66b58b9413320\"",
                            "id": "2818425:ha-kun0711",
                            "role": "member",
                            "team_id": "2818425",
                            "username": "ha-kun0711"
                        },
                        "meta": {},
                        "tainted": false
                    },
                    "deposed": [],
                    "provider": "provider.github"
                },
                "github_team_membership.ictsc2018-icchy": {
                    "type": "github_team_membership",
                    "depends_on": [
                        "github_membership.icchy",
                        "github_team.ictsc2018"
                    ],
                    "primary": {
                        "id": "2818425:icchy",
                        "attributes": {
                            "etag": "W/\"2ed7fe1ffd1d16fdf8ad65c1f6341617\"",
                            "id": "2818425:icchy",
                            "role": "member",
                            "team_id": "2818425",
                            "username": "icchy"
                        },
                        "meta": {},
                        "tainted": false
                    },
                    "deposed": [],
                    "provider": "provider.github"
                },
                "github_team_membership.ictsc2018-kyontan": {
                    "type": "github_team_membership",
                    "depends_on": [
                        "github_membership.kyontan",
                        "github_team.ictsc2018"
                    ],
                    "primary": {
                        "id": "2818425:kyontan",
                        "attributes": {
                            "etag": "W/\"de105a9bea164d4a53ded2bd3864c425\"",
                            "id": "2818425:kyontan",
                            "role": "member",
                            "team_id": "2818425",
                            "username": "kyontan"
                        },
                        "meta": {},
                        "tainted": false
                    },
                    "deposed": [],
                    "provider": "provider.github"
                },
                "github_team_membership.ictsc2018-onokatio": {
                    "type": "github_team_membership",
                    "depends_on": [
                        "github_membership.onokatio",
                        "github_team.ictsc2018"
                    ],
                    "primary": {
                        "id": "2818425:onokatio",
                        "attributes": {
                            "etag": "W/\"53a18116a3ae057d22e33410d0e22793\"",
                            "id": "2818425:onokatio",
                            "role": "member",
                            "team_id": "2818425",
                            "username": "onokatio"
                        },
                        "meta": {},
                        "tainted": false
                    },
                    "deposed": [],
                    "provider": "provider.github"
                },
                "github_team_membership.ictsc2018-orin24": {
                    "type": "github_team_membership",
                    "depends_on": [
                        "github_membership.orin24",
                        "github_team.ictsc2018"
                    ],
                    "primary": {
                        "id": "2818425:orin24",
                        "attributes": {
                            "etag": "W/\"d8f000d9f610d24c06f4c49645bc5765\"",
                            "id": "2818425:orin24",
                            "role": "member",
                            "team_id": "2818425",
                            "username": "orin24"
                        },
                        "meta": {},
                        "tainted": false
                    },
                    "deposed": [],
                    "provider": "provider.github"
                },
                "github_team_membership.ictsc2018-palloc": {
                    "type": "github_team_membership",
                    "depends_on": [
                        "github_membership.palloc",
                        "github_team.ictsc2018"
                    ],
                    "primary": {
                        "id": "2818425:palloc",
                        "attributes": {
                            "etag": "W/\"a4bf7f03c177b73d908083f961559770\"",
                            "id": "2818425:palloc",
                            "role": "member",
                            "team_id": "2818425",
                            "username": "palloc"
                        },
                        "meta": {},
                        "tainted": false
                    },
                    "deposed": [],
                    "provider": "provider.github"
                },
                "github_team_membership.ictsc2018-potyama": {
                    "type": "github_team_membership",
                    "depends_on": [
                        "github_membership.potyama",
                        "github_team.ictsc2018"
                    ],
                    "primary": {
                        "id": "2818425:potyama",
                        "attributes": {
                            "etag": "W/\"ff293dc8675913a3cc3b5a2b13c16a1a\"",
                            "id": "2818425:potyama",
                            "role": "member",
                            "team_id": "2818425",
                            "username": "potyama"
                        },
                        "meta": {},
                        "tainted": false
                    },
                    "deposed": [],
                    "provider": "provider.github"
                },
                "github_team_membership.ictsc2018-proelbtn": {
                    "type": "github_team_membership",
                    "depends_on": [
                        "github_membership.proelbtn",
                        "github_team.ictsc2018"
                    ],
                    "primary": {
                        "id": "2818425:proelbtn",
                        "attributes": {
                            "etag": "W/\"702f5229e534eceb4c64c3e7a4654d38\"",
                            "id": "2818425:proelbtn",
                            "role": "member",
                            "team_id": "2818425",
                            "username": "proelbtn"
                        },
                        "meta": {},
                        "tainted": false
                    },
                    "deposed": [],
                    "provider": "provider.github"
                },
                "github_team_membership.ictsc2018-sharknasuhorse": {
                    "type": "github_team_membership",
                    "depends_on": [
                        "github_membership.sharknasuhorse",
                        "github_team.ictsc2018"
                    ],
                    "primary": {
                        "id": "2818425:sharknasuhorse",
                        "attributes": {
                            "etag": "W/\"b138c12fde29b557fc8faff168a51f1e\"",
                            "id": "2818425:sharknasuhorse",
                            "role": "member",
                            "team_id": "2818425",
                            "username": "sharknasuhorse"
                        },
                        "meta": {},
                        "tainted": false
                    },
                    "deposed": [],
                    "provider": "provider.github"
                },
                "github_team_membership.ictsc2018-shinonome01": {
                    "type": "github_team_membership",
                    "depends_on": [
                        "github_membership.shinonome01",
                        "github_team.ictsc2018"
                    ],
                    "primary": {
                        "id": "2818425:shinonome01",
                        "attributes": {
                            "etag": "W/\"cb6eb32d36216229fdd1b34d5f1dd622\"",
                            "id": "2818425:shinonome01",
                            "role": "member",
                            "team_id": "2818425",
                            "username": "shinonome01"
                        },
                        "meta": {},
                        "tainted": false
                    },
                    "deposed": [],
                    "provider": "provider.github"
                },
                "github_team_membership.ictsc2018-takehaya": {
                    "type": "github_team_membership",
                    "depends_on": [
                        "github_membership.takehaya",
                        "github_team.ictsc2018"
                    ],
                    "primary": {
                        "id": "2818425:takehaya",
                        "attributes": {
                            "etag": "W/\"3ea3b1ddd37015c2a80a21de14bf5fd1\"",
                            "id": "2818425:takehaya",
                            "role": "member",
                            "team_id": "2818425",
                            "username": "takehaya"
                        },
                        "meta": {},
                        "tainted": false
                    },
                    "deposed": [],
                    "provider": "provider.github"
                },
                "github_team_membership.ictsc2018-uplus": {
                    "type": "github_team_membership",
                    "depends_on": [
                        "github_membership.uplus",
                        "github_team.ictsc2018"
                    ],
                    "primary": {
                        "id": "2818425:uplus",
                        "attributes": {
                            "etag": "W/\"1e738b0acc5581921753a8f2f34c2fbc\"",
                            "id": "2818425:uplus",
                            "role": "member",
                            "team_id": "2818425",
                            "username": "uplus"
                        },
                        "meta": {},
                        "tainted": false
                    },
                    "deposed": [],
                    "provider": "provider.github"
                },
                "github_team_membership.ictsc2018-whywaita": {
                    "type": "github_team_membership",
                    "depends_on": [
                        "github_membership.whywaita",
                        "github_team.ictsc2018"
                    ],
                    "primary": {
                        "id": "2818425:whywaita",
                        "attributes": {
                            "etag": "W/\"c5f411a8dc4564d5f03a69e28e54ac96\"",
                            "id": "2818425:whywaita",
                            "role": "member",
                            "team_id": "2818425",
                            "username": "whywaita"
                        },
                        "meta": {},
                        "tainted": false
                    },
                    "deposed": [],
                    "provider": "provider.github"
                },
                "github_team_membership.ictsc2018-yatuhashi": {
                    "type": "github_team_membership",
                    "depends_on": [
                        "github_membership.yatuhashi",
                        "github_team.ictsc2018"
                    ],
                    "primary": {
                        "id": "2818425:yatuhashi",
                        "attributes": {
                            "etag": "W/\"d3f0a7297609a6c7710019d241b01ad2\"",
                            "id": "2818425:yatuhashi",
                            "role": "member",
                            "team_id": "2818425",
                            "username": "yatuhashi"
                        },
                        "meta": {},
                        "tainted": false
                    },
                    "deposed": [],
                    "provider": "provider.github"
                },
                "github_team_membership.ictsc2019-Iwancof": {
                    "type": "github_team_membership",
                    "depends_on": [
                        "github_membership.Iwancof",
                        "github_team.ictsc2019"
                    ],
                    "primary": {
                        "id": "3300293:Iwancof",
                        "attributes": {
                            "etag": "W/\"506c524353dd4e8a67f0f946caa2e5fc\"",
                            "id": "3300293:Iwancof",
                            "role": "member",
                            "team_id": "3300293",
                            "username": "Iwancof"
                        },
                        "meta": {},
                        "tainted": false
                    },
                    "deposed": [],
                    "provider": "provider.github"
                },
                "github_team_membership.ictsc2019-Kurorororo": {
                    "type": "github_team_membership",
                    "depends_on": [
                        "github_membership.Kurorororo",
                        "github_team.ictsc2019"
                    ],
                    "primary": {
                        "id": "3300293:Kurorororo",
                        "attributes": {
                            "etag": "W/\"2404e44c5405056aee420e89e85ad345\"",
                            "id": "3300293:Kurorororo",
                            "role": "member",
                            "team_id": "3300293",
                            "username": "Kurorororo"
                        },
                        "meta": {},
                        "tainted": false
                    },
                    "deposed": [],
                    "provider": "provider.github"
                },
                "github_team_membership.ictsc2019-SallyAcolyte": {
                    "type": "github_team_membership",
                    "depends_on": [
                        "github_membership.SallyAcolyte",
                        "github_team.ictsc2019"
                    ],
                    "primary": {
                        "id": "3300293:SallyAcolyte",
                        "attributes": {
                            "etag": "W/\"f37e0adb8ad0dfbafc906ef8b3144687\"",
                            "id": "3300293:SallyAcolyte",
                            "role": "member",
                            "team_id": "3300293",
                            "username": "SallyAcolyte"
                        },
                        "meta": {},
                        "tainted": false
                    },
                    "deposed": [],
                    "provider": "provider.github"
                },
                "github_team_membership.ictsc2019-SilEighty-ym": {
                    "type": "github_team_membership",
                    "depends_on": [
                        "github_membership.SilEighty-ym",
                        "github_team.ictsc2019"
                    ],
                    "primary": {
                        "id": "3300293:SilEighty-ym",
                        "attributes": {
                            "etag": "W/\"0ed8cddd24f98a22f7eeb1a4b2c63b88\"",
                            "id": "3300293:SilEighty-ym",
                            "role": "member",
                            "team_id": "3300293",
                            "username": "SilEighty-ym"
                        },
                        "meta": {},
                        "tainted": false
                    },
                    "deposed": [],
                    "provider": "provider.github"
                },
                "github_team_membership.ictsc2019-TenkiGit": {
                    "type": "github_team_membership",
                    "depends_on": [
                        "github_membership.TenkiGit",
                        "github_team.ictsc2019"
                    ],
                    "primary": {
                        "id": "3300293:TenkiGit",
                        "attributes": {
                            "etag": "W/\"1021c68260d3f10865a9d674c06c9ba0\"",
                            "id": "3300293:TenkiGit",
                            "role": "member",
                            "team_id": "3300293",
                            "username": "TenkiGit"
                        },
                        "meta": {},
                        "tainted": false
                    },
                    "deposed": [],
                    "provider": "provider.github"
                },
                "github_team_membership.ictsc2019-Terfno": {
                    "type": "github_team_membership",
                    "depends_on": [
                        "github_membership.Terfno",
                        "github_team.ictsc2019"
                    ],
                    "primary": {
                        "id": "3300293:Terfno",
                        "attributes": {
                            "etag": "W/\"4de1477b6fa56218cadb9fd1abe02502\"",
                            "id": "3300293:Terfno",
                            "role": "member",
                            "team_id": "3300293",
                            "username": "Terfno"
                        },
                        "meta": {},
                        "tainted": false
                    },
                    "deposed": [],
                    "provider": "provider.github"
                },
                "github_team_membership.ictsc2019-arupakan125": {
                    "type": "github_team_membership",
                    "depends_on": [
                        "github_membership.arupakan125",
                        "github_team.ictsc2019"
                    ],
                    "primary": {
                        "id": "3300293:arupakan125",
                        "attributes": {
                            "etag": "W/\"1a56ae36b958e888592ff7f4271d4ac2\"",
                            "id": "3300293:arupakan125",
                            "role": "member",
                            "team_id": "3300293",
                            "username": "arupakan125"
                        },
                        "meta": {},
                        "tainted": false
                    },
                    "deposed": [],
                    "provider": "provider.github"
                },
                "github_team_membership.ictsc2019-beggarl": {
                    "type": "github_team_membership",
                    "depends_on": [
                        "github_membership.beggarl",
                        "github_team.ictsc2019"
                    ],
                    "primary": {
                        "id": "3300293:beggarl",
                        "attributes": {
                            "etag": "W/\"093577fb35687c75421f86b1fd18b11e\"",
                            "id": "3300293:beggarl",
                            "role": "member",
                            "team_id": "3300293",
                            "username": "beggarl"
                        },
                        "meta": {},
                        "tainted": false
                    },
                    "deposed": [],
                    "provider": "provider.github"
                },
                "github_team_membership.ictsc2019-chouett0": {
                    "type": "github_team_membership",
                    "depends_on": [
                        "github_membership.chouett0",
                        "github_team.ictsc2019"
                    ],
                    "primary": {
                        "id": "3300293:chouett0",
                        "attributes": {
                            "etag": "W/\"fafd15e8a4b58d3e4814586a4661d46a\"",
                            "id": "3300293:chouett0",
                            "role": "member",
                            "team_id": "3300293",
                            "username": "chouett0"
                        },
                        "meta": {},
                        "tainted": false
                    },
                    "deposed": [],
                    "provider": "provider.github"
                },
                "github_team_membership.ictsc2019-ecodrive-18": {
                    "type": "github_team_membership",
                    "depends_on": [
                        "github_membership.ecodrive-18",
                        "github_team.ictsc2019"
                    ],
                    "primary": {
                        "id": "3300293:ecodrive-18",
                        "attributes": {
                            "etag": "W/\"a2b541fc1dc167a185f405d9422bdddf\"",
                            "id": "3300293:ecodrive-18",
                            "role": "member",
                            "team_id": "3300293",
                            "username": "ecodrive-18"
                        },
                        "meta": {},
                        "tainted": false
                    },
                    "deposed": [],
                    "provider": "provider.github"
                },
                "github_team_membership.ictsc2019-gurapomu": {
                    "type": "github_team_membership",
                    "depends_on": [
                        "github_membership.gurapomu",
                        "github_team.ictsc2019"
                    ],
                    "primary": {
                        "id": "3300293:gurapomu",
                        "attributes": {
                            "etag": "W/\"ec35166624e85d73d7b580ea244c5bc0\"",
                            "id": "3300293:gurapomu",
                            "role": "member",
                            "team_id": "3300293",
                            "username": "gurapomu"
                        },
                        "meta": {},
                        "tainted": false
                    },
                    "deposed": [],
                    "provider": "provider.github"
                },
                "github_team_membership.ictsc2019-h-otter": {
                    "type": "github_team_membership",
                    "depends_on": [
                        "github_membership.h-otter",
                        "github_team.ictsc2019"
                    ],
                    "primary": {
                        "id": "3300293:h-otter",
                        "attributes": {
                            "etag": "W/\"5b771208d0f5666ecfdba9be130f9c43\"",
                            "id": "3300293:h-otter",
                            "role": "member",
                            "team_id": "3300293",
                            "username": "h-otter"
                        },
                        "meta": {},
                        "tainted": false
                    },
                    "deposed": [],
                    "provider": "provider.github"
                },
                "github_team_membership.ictsc2019-hibiki31": {
                    "type": "github_team_membership",
                    "depends_on": [
                        "github_membership.hibiki31",
                        "github_team.ictsc2019"
                    ],
                    "primary": {
                        "id": "3300293:hibiki31",
                        "attributes": {
                            "etag": "W/\"33f26c91ca7c2e5b6d6727fdec34d58e\"",
                            "id": "3300293:hibiki31",
                            "role": "member",
                            "team_id": "3300293",
                            "username": "hibiki31"
                        },
                        "meta": {},
                        "tainted": false
                    },
                    "deposed": [],
                    "provider": "provider.github"
                },
                "github_team_membership.ictsc2019-icchy": {
                    "type": "github_team_membership",
                    "depends_on": [
                        "github_membership.icchy",
                        "github_team.ictsc2019"
                    ],
                    "primary": {
                        "id": "3300293:icchy",
                        "attributes": {
                            "etag": "W/\"851a28e4b74a9a7f474ccab538dd4153\"",
                            "id": "3300293:icchy",
                            "role": "member",
                            "team_id": "3300293",
                            "username": "icchy"
                        },
                        "meta": {},
                        "tainted": false
                    },
                    "deposed": [],
                    "provider": "provider.github"
                },
                "github_team_membership.ictsc2019-kapibara824": {
                    "type": "github_team_membership",
                    "depends_on": [
                        "github_membership.kapibara824",
                        "github_team.ictsc2019"
                    ],
                    "primary": {
                        "id": "3300293:kapibara824",
                        "attributes": {
                            "etag": "W/\"ba426afa41e3dee5a10dd2adb4c844c7\"",
                            "id": "3300293:kapibara824",
                            "role": "member",
                            "team_id": "3300293",
                            "username": "kapibara824"
                        },
                        "meta": {},
                        "tainted": false
                    },
                    "deposed": [],
                    "provider": "provider.github"
                },
                "github_team_membership.ictsc2019-mbook-x86": {
                    "type": "github_team_membership",
                    "depends_on": [
                        "github_membership.mbook-x86",
                        "github_team.ictsc2019"
                    ],
                    "primary": {
                        "id": "3300293:mbook-x86",
                        "attributes": {
                            "etag": "W/\"b0623e16ad548aae5dd1d9872401ae84\"",
                            "id": "3300293:mbook-x86",
                            "role": "member",
                            "team_id": "3300293",
                            "username": "mbook-x86"
                        },
                        "meta": {},
                        "tainted": false
                    },
                    "deposed": [],
                    "provider": "provider.github"
                },
                "github_team_membership.ictsc2019-naoki912": {
                    "type": "github_team_membership",
                    "depends_on": [
                        "github_membership.naoki912",
                        "github_team.ictsc2019"
                    ],
                    "primary": {
                        "id": "3300293:naoki912",
                        "attributes": {
                            "etag": "W/\"12154f1ce3830d3f2fffa993093268b8\"",
                            "id": "3300293:naoki912",
                            "role": "member",
                            "team_id": "3300293",
                            "username": "naoki912"
                        },
                        "meta": {},
                        "tainted": false
                    },
                    "deposed": [],
                    "provider": "provider.github"
                },
                "github_team_membership.ictsc2019-onokatio": {
                    "type": "github_team_membership",
                    "depends_on": [
                        "github_membership.onokatio",
                        "github_team.ictsc2019"
                    ],
                    "primary": {
                        "id": "3300293:onokatio",
                        "attributes": {
                            "etag": "W/\"dec9ad921bd9c3321321f2497cad7292\"",
                            "id": "3300293:onokatio",
                            "role": "member",
                            "team_id": "3300293",
                            "username": "onokatio"
                        },
                        "meta": {},
                        "tainted": false
                    },
                    "deposed": [],
                    "provider": "provider.github"
                },
                "github_team_membership.ictsc2019-ophum": {
                    "type": "github_team_membership",
                    "depends_on": [
                        "github_membership.ophum",
                        "github_team.ictsc2019"
                    ],
                    "primary": {
                        "id": "3300293:ophum",
                        "attributes": {
                            "etag": "W/\"5c0f61660a46d2a249e038d117905989\"",
                            "id": "3300293:ophum",
                            "role": "member",
                            "team_id": "3300293",
                            "username": "ophum"
                        },
                        "meta": {},
                        "tainted": false
                    },
                    "deposed": [],
                    "provider": "provider.github"
                },
                "github_team_membership.ictsc2019-potyama": {
                    "type": "github_team_membership",
                    "depends_on": [
                        "github_membership.potyama",
                        "github_team.ictsc2019"
                    ],
                    "primary": {
                        "id": "3300293:potyama",
                        "attributes": {
                            "etag": "W/\"448feb5d993e6611392aea67c5d6d961\"",
                            "id": "3300293:potyama",
                            "role": "member",
                            "team_id": "3300293",
                            "username": "potyama"
                        },
                        "meta": {},
                        "tainted": false
                    },
                    "deposed": [],
                    "provider": "provider.github"
                },
                "github_team_membership.ictsc2019-proelbtn": {
                    "type": "github_team_membership",
                    "depends_on": [
                        "github_membership.proelbtn",
                        "github_team.ictsc2019"
                    ],
                    "primary": {
                        "id": "3300293:proelbtn",
                        "attributes": {
                            "etag": "W/\"438a90a53d9a9146819c281e99529358\"",
                            "id": "3300293:proelbtn",
                            "role": "member",
                            "team_id": "3300293",
                            "username": "proelbtn"
                        },
                        "meta": {},
                        "tainted": false
                    },
                    "deposed": [],
                    "provider": "provider.github"
                },
                "github_team_membership.ictsc2019-recuraki": {
                    "type": "github_team_membership",
                    "depends_on": [
                        "github_membership.recuraki",
                        "github_team.ictsc2019"
                    ],
                    "primary": {
                        "id": "3300293:recuraki",
                        "attributes": {
                            "etag": "W/\"46a43a0fe026482cb87245b4dffe8041\"",
                            "id": "3300293:recuraki",
                            "role": "member",
                            "team_id": "3300293",
                            "username": "recuraki"
                        },
                        "meta": {},
                        "tainted": false
                    },
                    "deposed": [],
                    "provider": "provider.github"
                },
                "github_team_membership.ictsc2019-rlia": {
                    "type": "github_team_membership",
                    "depends_on": [
                        "github_membership.rlia",
                        "github_team.ictsc2019"
                    ],
                    "primary": {
                        "id": "3300293:rlia",
                        "attributes": {
                            "etag": "W/\"1689c33708a1c75f3708eae95a628822\"",
                            "id": "3300293:rlia",
                            "role": "member",
                            "team_id": "3300293",
                            "username": "rlia"
                        },
                        "meta": {},
                        "tainted": false
                    },
                    "deposed": [],
                    "provider": "provider.github"
                },
                "github_team_membership.ictsc2019-sharknasuhorse": {
                    "type": "github_team_membership",
                    "depends_on": [
                        "github_membership.sharknasuhorse",
                        "github_team.ictsc2019"
                    ],
                    "primary": {
                        "id": "3300293:sharknasuhorse",
                        "attributes": {
                            "etag": "W/\"7d47ee09e2f91da2cfea28427c68032d\"",
                            "id": "3300293:sharknasuhorse",
                            "role": "member",
                            "team_id": "3300293",
                            "username": "sharknasuhorse"
                        },
                        "meta": {},
                        "tainted": false
                    },
                    "deposed": [],
                    "provider": "provider.github"
                },
                "github_team_membership.ictsc2019-site0801": {
                    "type": "github_team_membership",
                    "depends_on": [
                        "github_membership.site0801",
                        "github_team.ictsc2019"
                    ],
                    "primary": {
                        "id": "3300293:site0801",
                        "attributes": {
                            "etag": "W/\"93cb8fb7c0df6b6a61f9ad1b3915c625\"",
                            "id": "3300293:site0801",
                            "role": "member",
                            "team_id": "3300293",
                            "username": "site0801"
                        },
                        "meta": {},
                        "tainted": false
                    },
                    "deposed": [],
                    "provider": "provider.github"
                },
                "github_team_membership.ictsc2019-syuli": {
                    "type": "github_team_membership",
                    "depends_on": [
                        "github_membership.syuli",
                        "github_team.ictsc2019"
                    ],
                    "primary": {
                        "id": "3300293:syuli",
                        "attributes": {
                            "etag": "W/\"cf3726bd732a0b73b5b4730f2712ea1b\"",
                            "id": "3300293:syuli",
                            "role": "member",
                            "team_id": "3300293",
                            "username": "syuli"
                        },
                        "meta": {},
                        "tainted": false
                    },
                    "deposed": [],
                    "provider": "provider.github"
                },
                "github_team_membership.ictsc2019-takehaya": {
                    "type": "github_team_membership",
                    "depends_on": [
                        "github_membership.takehaya",
                        "github_team.ictsc2019"
                    ],
                    "primary": {
                        "id": "3300293:takehaya",
                        "attributes": {
                            "etag": "W/\"34c806ee5807fc39fdf0cd4b93b8aeec\"",
                            "id": "3300293:takehaya",
                            "role": "member",
                            "team_id": "3300293",
                            "username": "takehaya"
                        },
                        "meta": {},
                        "tainted": false
                    },
                    "deposed": [],
                    "provider": "provider.github"
                },
                "github_team_membership.ictsc2019-tom--bo": {
                    "type": "github_team_membership",
                    "depends_on": [
                        "github_membership.tom--bo",
                        "github_team.ictsc2019"
                    ],
                    "primary": {
                        "id": "3300293:tom--bo",
                        "attributes": {
                            "etag": "W/\"516390462f3520610e026f994011ea30\"",
                            "id": "3300293:tom--bo",
                            "role": "member",
                            "team_id": "3300293",
                            "username": "tom--bo"
                        },
                        "meta": {},
                        "tainted": false
                    },
                    "deposed": [],
                    "provider": "provider.github"
                },
                "github_team_membership.ictsc2019-tt222": {
                    "type": "github_team_membership",
                    "depends_on": [
                        "github_membership.tt222",
                        "github_team.ictsc2019"
                    ],
                    "primary": {
                        "id": "3300293:tt222",
                        "attributes": {
                            "etag": "W/\"cb0f95af6f85ce37fa1adeb444facb31\"",
                            "id": "3300293:tt222",
                            "role": "member",
                            "team_id": "3300293",
                            "username": "tt222"
                        },
                        "meta": {},
                        "tainted": false
                    },
                    "deposed": [],
                    "provider": "provider.github"
                },
                "github_team_membership.ictsc2019-uplus": {
                    "type": "github_team_membership",
                    "depends_on": [
                        "github_membership.uplus",
                        "github_team.ictsc2019"
                    ],
                    "primary": {
                        "id": "3300293:uplus",
                        "attributes": {
                            "etag": "W/\"3e24c5877538a5101438c82a4a7bebe3\"",
                            "id": "3300293:uplus",
                            "role": "member",
                            "team_id": "3300293",
                            "username": "uplus"
                        },
                        "meta": {},
                        "tainted": false
                    },
                    "deposed": [],
                    "provider": "provider.github"
                },
                "github_team_membership.ictsc2019-yo-kanyukari": {
                    "type": "github_team_membership",
                    "depends_on": [
                        "github_membership.yo-kanyukari",
                        "github_team.ictsc2019"
                    ],
                    "primary": {
                        "id": "3300293:yo-kanyukari",
                        "attributes": {
                            "etag": "W/\"a4b7a41b0400287ad30c680897860a21\"",
                            "id": "3300293:yo-kanyukari",
                            "role": "member",
                            "team_id": "3300293",
                            "username": "yo-kanyukari"
                        },
                        "meta": {},
                        "tainted": false
                    },
                    "deposed": [],
                    "provider": "provider.github"
                },
                "github_team_membership.ictsc2019-yoneyan": {
                    "type": "github_team_membership",
                    "depends_on": [
                        "github_membership.yoneyan",
                        "github_team.ictsc2019"
                    ],
                    "primary": {
                        "id": "3300293:yoneyan",
                        "attributes": {
                            "etag": "W/\"7785d4c5f75d2b1d6d2022741e2f8d24\"",
                            "id": "3300293:yoneyan",
                            "role": "member",
                            "team_id": "3300293",
                            "username": "yoneyan"
                        },
                        "meta": {},
                        "tainted": false
                    },
                    "deposed": [],
                    "provider": "provider.github"
                },
                "github_team_membership.ictsc2019-yu-tanaka00": {
                    "type": "github_team_membership",
                    "depends_on": [
                        "github_membership.yu-tanaka00",
                        "github_team.ictsc2019"
                    ],
                    "primary": {
                        "id": "3300293:yu-tanaka00",
                        "attributes": {
                            "etag": "W/\"7b3ec03df1cefdbe7f6b045e2bac1dac\"",
                            "id": "3300293:yu-tanaka00",
                            "role": "member",
                            "team_id": "3300293",
                            "username": "yu-tanaka00"
                        },
                        "meta": {},
                        "tainted": false
                    },
                    "deposed": [],
                    "provider": "provider.github"
                },
                "github_team_membership.ictsc2020-928k1110": {
                    "type": "github_team_membership",
                    "depends_on": [
                        "github_membership.928k1110",
                        "github_team.ictsc2020"
                    ],
                    "primary": {
                        "id": "3894829:928k1110",
                        "attributes": {
                            "etag": "W/\"8bfa4c321836f19310f14e64a9b36e9b\"",
                            "id": "3894829:928k1110",
                            "role": "member",
                            "team_id": "3894829",
                            "username": "928k1110"
                        },
                        "meta": {},
                        "tainted": false
                    },
                    "deposed": [],
                    "provider": "provider.github"
                },
                "github_team_membership.ictsc2020-Hicky1025": {
                    "type": "github_team_membership",
                    "depends_on": [
                        "github_membership.Hicky1025",
                        "github_team.ictsc2020"
                    ],
                    "primary": {
                        "id": "3894829:Hicky1025",
                        "attributes": {
                            "etag": "W/\"b717b534c57b4feea6340b39268b479a\"",
                            "id": "3894829:Hicky1025",
                            "role": "member",
                            "team_id": "3894829",
                            "username": "Hicky1025"
                        },
                        "meta": {},
                        "tainted": false
                    },
                    "deposed": [],
                    "provider": "provider.github"
                },
                "github_team_membership.ictsc2020-TenkiGit": {
                    "type": "github_team_membership",
                    "depends_on": [
                        "github_membership.TenkiGit",
                        "github_team.ictsc2020"
                    ],
                    "primary": {
                        "id": "3894829:TenkiGit",
                        "attributes": {
                            "etag": "W/\"3b35cf448381ecc3cc12a33a480a469c\"",
                            "id": "3894829:TenkiGit",
                            "role": "member",
                            "team_id": "3894829",
                            "username": "TenkiGit"
                        },
                        "meta": {},
                        "tainted": false
                    },
                    "deposed": [],
                    "provider": "provider.github"
                },
                "github_team_membership.ictsc2020-Terfno": {
                    "type": "github_team_membership",
                    "depends_on": [
                        "github_membership.Terfno",
                        "github_team.ictsc2020"
                    ],
                    "primary": {
                        "id": "3894829:Terfno",
                        "attributes": {
                            "etag": "W/\"4e3141df38442a1fc98199012d037725\"",
                            "id": "3894829:Terfno",
                            "role": "member",
                            "team_id": "3894829",
                            "username": "Terfno"
                        },
                        "meta": {},
                        "tainted": false
                    },
                    "deposed": [],
                    "provider": "provider.github"
                },
                "github_team_membership.ictsc2020-arupakan125": {
                    "type": "github_team_membership",
                    "depends_on": [
                        "github_membership.arupakan125",
                        "github_team.ictsc2020"
                    ],
                    "primary": {
                        "id": "3894829:arupakan125",
                        "attributes": {
                            "etag": "W/\"f34b1b803ff2277655ff07130c652a79\"",
                            "id": "3894829:arupakan125",
                            "role": "member",
                            "team_id": "3894829",
                            "username": "arupakan125"
                        },
                        "meta": {},
                        "tainted": false
                    },
                    "deposed": [],
                    "provider": "provider.github"
                },
                "github_team_membership.ictsc2020-hibiki31": {
                    "type": "github_team_membership",
                    "depends_on": [
                        "github_membership.hibiki31",
                        "github_team.ictsc2020"
                    ],
                    "primary": {
                        "id": "3894829:hibiki31",
                        "attributes": {
                            "etag": "W/\"58943ea450bfb83a9690999ba8db44b3\"",
                            "id": "3894829:hibiki31",
                            "role": "member",
                            "team_id": "3894829",
                            "username": "hibiki31"
                        },
                        "meta": {},
                        "tainted": false
                    },
                    "deposed": [],
                    "provider": "provider.github"
                },
                "github_team_membership.ictsc2020-kapibara824": {
                    "type": "github_team_membership",
                    "depends_on": [
                        "github_membership.kapibara824",
                        "github_team.ictsc2020"
                    ],
                    "primary": {
                        "id": "3894829:kapibara824",
                        "attributes": {
                            "etag": "W/\"4a06b4ca52b4ec960d92a0db24ecefc2\"",
                            "id": "3894829:kapibara824",
                            "role": "member",
                            "team_id": "3894829",
                            "username": "kapibara824"
                        },
                        "meta": {},
                        "tainted": false
                    },
                    "deposed": [],
                    "provider": "provider.github"
                },
                "github_team_membership.ictsc2020-nakasyo2650": {
                    "type": "github_team_membership",
                    "depends_on": [
                        "github_membership.nakasyo2650",
                        "github_team.ictsc2020"
                    ],
                    "primary": {
                        "id": "3894829:nakasyo2650",
                        "attributes": {
                            "etag": "W/\"794cf5702fb5d8bdf063b02eacfceaf0\"",
                            "id": "3894829:nakasyo2650",
                            "role": "member",
                            "team_id": "3894829",
                            "username": "nakasyo2650"
                        },
                        "meta": {},
                        "tainted": false
                    },
                    "deposed": [],
                    "provider": "provider.github"
                },
                "github_team_membership.ictsc2020-naoki2001": {
                    "type": "github_team_membership",
                    "depends_on": [
                        "github_membership.naoki2001",
                        "github_team.ictsc2020"
                    ],
                    "primary": {
                        "id": "3894829:naoki2001",
                        "attributes": {
                            "etag": "W/\"94a43cfe9c1a349f4539a7da2a5b443a\"",
                            "id": "3894829:naoki2001",
                            "role": "member",
                            "team_id": "3894829",
                            "username": "naoki2001"
                        },
                        "meta": {},
                        "tainted": false
                    },
                    "deposed": [],
                    "provider": "provider.github"
                },
                "github_team_membership.ictsc2020-onokatio": {
                    "type": "github_team_membership",
                    "depends_on": [
                        "github_membership.onokatio",
                        "github_team.ictsc2020"
                    ],
                    "primary": {
                        "id": "3894829:onokatio",
                        "attributes": {
                            "etag": "W/\"df5c0b303436313143ec50843ea3913a\"",
                            "id": "3894829:onokatio",
                            "role": "member",
                            "team_id": "3894829",
                            "username": "onokatio"
                        },
                        "meta": {},
                        "tainted": false
                    },
                    "deposed": [],
                    "provider": "provider.github"
                },
                "github_team_membership.ictsc2020-ophum": {
                    "type": "github_team_membership",
                    "depends_on": [
                        "github_membership.ophum",
                        "github_team.ictsc2020"
                    ],
                    "primary": {
                        "id": "3894829:ophum",
                        "attributes": {
                            "etag": "W/\"9069afae01b0118e353d15648ce3e6f9\"",
                            "id": "3894829:ophum",
                            "role": "member",
                            "team_id": "3894829",
                            "username": "ophum"
                        },
                        "meta": {},
                        "tainted": false
                    },
                    "deposed": [],
                    "provider": "provider.github"
                },
                "github_team_membership.ictsc2020-potyama": {
                    "type": "github_team_membership",
                    "depends_on": [
                        "github_membership.potyama",
                        "github_team.ictsc2020"
                    ],
                    "primary": {
                        "id": "3894829:potyama",
                        "attributes": {
                            "etag": "W/\"d377704037cdf06dab5cd4f770b07b7f\"",
                            "id": "3894829:potyama",
                            "role": "member",
                            "team_id": "3894829",
                            "username": "potyama"
                        },
                        "meta": {},
                        "tainted": false
                    },
                    "deposed": [],
                    "provider": "provider.github"
                },
                "github_team_membership.ictsc2020-proelbtn": {
                    "type": "github_team_membership",
                    "depends_on": [
                        "github_membership.proelbtn",
                        "github_team.ictsc2020"
                    ],
                    "primary": {
                        "id": "3894829:proelbtn",
                        "attributes": {
                            "etag": "W/\"285e3e9d916629112b8c3a4ba1722f54\"",
                            "id": "3894829:proelbtn",
                            "role": "member",
                            "team_id": "3894829",
                            "username": "proelbtn"
                        },
                        "meta": {},
                        "tainted": false
                    },
                    "deposed": [],
                    "provider": "provider.github"
                },
                "github_team_membership.ictsc2020-rlia": {
                    "type": "github_team_membership",
                    "depends_on": [
                        "github_membership.rlia",
                        "github_team.ictsc2020"
                    ],
                    "primary": {
                        "id": "3894829:rlia",
                        "attributes": {
                            "etag": "W/\"05aac551c82cc02cb19ad9562ab87564\"",
                            "id": "3894829:rlia",
                            "role": "member",
                            "team_id": "3894829",
                            "username": "rlia"
                        },
                        "meta": {},
                        "tainted": false
                    },
                    "deposed": [],
                    "provider": "provider.github"
                },
                "github_team_membership.ictsc2020-site0801": {
                    "type": "github_team_membership",
                    "depends_on": [
                        "github_membership.site0801",
                        "github_team.ictsc2020"
                    ],
                    "primary": {
                        "id": "3894829:site0801",
                        "attributes": {
                            "etag": "W/\"d786fa41e07386e0b3dae351415ddcb0\"",
                            "id": "3894829:site0801",
                            "role": "member",
                            "team_id": "3894829",
                            "username": "site0801"
                        },
                        "meta": {},
                        "tainted": false
                    },
                    "deposed": [],
                    "provider": "provider.github"
                },
                "github_team_membership.ictsc2020-takehaya": {
                    "type": "github_team_membership",
                    "depends_on": [
                        "github_membership.takehaya",
                        "github_team.ictsc2020"
                    ],
                    "primary": {
                        "id": "3894829:takehaya",
                        "attributes": {
                            "etag": "W/\"8942c3d0bc8b7db605b1fbbdf4edb81e\"",
                            "id": "3894829:takehaya",
                            "role": "member",
                            "team_id": "3894829",
                            "username": "takehaya"
                        },
                        "meta": {},
                        "tainted": false
                    },
                    "deposed": [],
                    "provider": "provider.github"
                },
                "github_team_membership.ictsc2020-tanishi001": {
                    "type": "github_team_membership",
                    "depends_on": [
                        "github_membership.tanishi001",
                        "github_team.ictsc2020"
                    ],
                    "primary": {
                        "id": "3894829:tanishi001",
                        "attributes": {
                            "etag": "W/\"6c0c6bdb7d3b60a07863a6e80f9c6fc8\"",
                            "id": "3894829:tanishi001",
                            "role": "member",
                            "team_id": "3894829",
                            "username": "tanishi001"
                        },
                        "meta": {},
                        "tainted": false
                    },
                    "deposed": [],
                    "provider": "provider.github"
                },
                "github_team_membership.ictsc2020-tt222": {
                    "type": "github_team_membership",
                    "depends_on": [
                        "github_membership.tt222",
                        "github_team.ictsc2020"
                    ],
                    "primary": {
                        "id": "3894829:tt222",
                        "attributes": {
                            "etag": "W/\"a9a59a67aed4ac7082d996c938f74a57\"",
                            "id": "3894829:tt222",
                            "role": "member",
                            "team_id": "3894829",
                            "username": "tt222"
                        },
                        "meta": {},
                        "tainted": false
                    },
                    "deposed": [],
                    "provider": "provider.github"
                },
                "github_team_membership.ictsc2020-uplus": {
                    "type": "github_team_membership",
                    "depends_on": [
                        "github_membership.uplus",
                        "github_team.ictsc2020"
                    ],
                    "primary": {
                        "id": "3894829:uplus",
                        "attributes": {
                            "etag": "W/\"d4a8bff4b2b701a15dd3c4186078cd4f\"",
                            "id": "3894829:uplus",
                            "role": "member",
                            "team_id": "3894829",
                            "username": "uplus"
                        },
                        "meta": {},
                        "tainted": false
                    },
                    "deposed": [],
                    "provider": "provider.github"
                },
                "github_team_membership.ictsc2020-yo-kanyukari": {
                    "type": "github_team_membership",
                    "depends_on": [
                        "github_membership.yo-kanyukari",
                        "github_team.ictsc2020"
                    ],
                    "primary": {
                        "id": "3894829:yo-kanyukari",
                        "attributes": {
                            "etag": "W/\"1debcb2666f6bdd9a99f16d78f76d78b\"",
                            "id": "3894829:yo-kanyukari",
                            "role": "member",
                            "team_id": "3894829",
                            "username": "yo-kanyukari"
                        },
                        "meta": {},
                        "tainted": false
                    },
                    "deposed": [],
                    "provider": "provider.github"
                },
                "github_team_membership.ictsc2020-yoneyan": {
                    "type": "github_team_membership",
                    "depends_on": [
                        "github_membership.yoneyan",
                        "github_team.ictsc2020"
                    ],
                    "primary": {
                        "id": "3894829:yoneyan",
                        "attributes": {
                            "etag": "W/\"b28a329f7d50e92722e0f7baa7a60481\"",
                            "id": "3894829:yoneyan",
                            "role": "member",
                            "team_id": "3894829",
                            "username": "yoneyan"
                        },
                        "meta": {},
                        "tainted": false
                    },
                    "deposed": [],
                    "provider": "provider.github"
                },
                "github_team_membership.ictsc2020-zeroalphat": {
                    "type": "github_team_membership",
                    "depends_on": [
                        "github_membership.zeroalphat",
                        "github_team.ictsc2020"
                    ],
                    "primary": {
                        "id": "3894829:zeroalphat",
                        "attributes": {
                            "etag": "W/\"063ad540ce40577a8bcb02c13c4fe65f\"",
                            "id": "3894829:zeroalphat",
                            "role": "member",
                            "team_id": "3894829",
                            "username": "zeroalphat"
                        },
                        "meta": {},
                        "tainted": false
                    },
                    "deposed": [],
                    "provider": "provider.github"
                },
                "github_team_membership.ictsc4-chisaton1": {
                    "type": "github_team_membership",
                    "depends_on": [
                        "github_membership.chisaton1",
                        "github_team.ictsc4"
                    ],
                    "primary": {
                        "id": "2004351:chisaton1",
                        "attributes": {
                            "etag": "W/\"1d97ff5f6b9eb47be99af5f66abcbbbc\"",
                            "id": "2004351:chisaton1",
                            "role": "member",
                            "team_id": "2004351",
                            "username": "chisaton1"
                        },
                        "meta": {},
                        "tainted": false
                    },
                    "deposed": [],
                    "provider": "provider.github"
                },
                "github_team_membership.ictsc4-ibucho": {
                    "type": "github_team_membership",
                    "depends_on": [
                        "github_membership.ibucho",
                        "github_team.ictsc4"
                    ],
                    "primary": {
                        "id": "2004351:ibucho",
                        "attributes": {
                            "etag": "W/\"8fd047633b42998f39dbb3b1d6f05ce2\"",
                            "id": "2004351:ibucho",
                            "role": "member",
                            "team_id": "2004351",
                            "username": "ibucho"
                        },
                        "meta": {},
                        "tainted": false
                    },
                    "deposed": [],
                    "provider": "provider.github"
                },
                "github_team_membership.ictsc4-kayo-tozaki": {
                    "type": "github_team_membership",
                    "depends_on": [
                        "github_membership.kayo-tozaki",
                        "github_team.ictsc4"
                    ],
                    "primary": {
                        "id": "2004351:kayo-tozaki",
                        "attributes": {
                            "etag": "W/\"b94bb6fe68740e23649052edee9816ec\"",
                            "id": "2004351:kayo-tozaki",
                            "role": "member",
                            "team_id": "2004351",
                            "username": "kayo-tozaki"
                        },
                        "meta": {},
                        "tainted": false
                    },
                    "deposed": [],
                    "provider": "provider.github"
                },
                "github_team_membership.ictsc4-keisukearakawa": {
                    "type": "github_team_membership",
                    "depends_on": [
                        "github_membership.keisukearakawa",
                        "github_team.ictsc4"
                    ],
                    "primary": {
                        "id": "2004351:keisukearakawa",
                        "attributes": {
                            "etag": "W/\"56b6516b9222354fed724cb0083017cc\"",
                            "id": "2004351:keisukearakawa",
                            "role": "member",
                            "team_id": "2004351",
                            "username": "keisukearakawa"
                        },
                        "meta": {},
                        "tainted": false
                    },
                    "deposed": [],
                    "provider": "provider.github"
                },
                "github_team_membership.ictsc4-kurochan": {
                    "type": "github_team_membership",
                    "depends_on": [
                        "github_membership.kurochan",
                        "github_team.ictsc4"
                    ],
                    "primary": {
                        "id": "2004351:kurochan",
                        "attributes": {
                            "etag": "W/\"c6596559afe1d493a50e363d46ef2054\"",
                            "id": "2004351:kurochan",
                            "role": "member",
                            "team_id": "2004351",
                            "username": "kurochan"
                        },
                        "meta": {},
                        "tainted": false
                    },
                    "deposed": [],
                    "provider": "provider.github"
                },
                "github_team_membership.ictsc4-mbook-x86": {
                    "type": "github_team_membership",
                    "depends_on": [
                        "github_membership.mbook-x86",
                        "github_team.ictsc4"
                    ],
                    "primary": {
                        "id": "2004351:mbook-x86",
                        "attributes": {
                            "etag": "W/\"7f8822e9bdb911f80b582ecbecfe85cb\"",
                            "id": "2004351:mbook-x86",
                            "role": "member",
                            "team_id": "2004351",
                            "username": "mbook-x86"
                        },
                        "meta": {},
                        "tainted": false
                    },
                    "deposed": [],
                    "provider": "provider.github"
                },
                "github_team_membership.ictsc4-netmarkjp": {
                    "type": "github_team_membership",
                    "depends_on": [
                        "github_membership.netmarkjp",
                        "github_team.ictsc4"
                    ],
                    "primary": {
                        "id": "2004351:netmarkjp",
                        "attributes": {
                            "etag": "W/\"fa5698e982c0190d51c1b284d5e8cc60\"",
                            "id": "2004351:netmarkjp",
                            "role": "member",
                            "team_id": "2004351",
                            "username": "netmarkjp"
                        },
                        "meta": {},
                        "tainted": false
                    },
                    "deposed": [],
                    "provider": "provider.github"
                },
                "github_team_membership.ictsc4-staybuzz": {
                    "type": "github_team_membership",
                    "depends_on": [
                        "github_membership.staybuzz",
                        "github_team.ictsc4"
                    ],
                    "primary": {
                        "id": "2004351:staybuzz",
                        "attributes": {
                            "etag": "W/\"e1d6eda3d855b209bd5959cc3205c8b9\"",
                            "id": "2004351:staybuzz",
                            "role": "member",
                            "team_id": "2004351",
                            "username": "staybuzz"
                        },
                        "meta": {},
                        "tainted": false
                    },
                    "deposed": [],
                    "provider": "provider.github"
                },
                "github_team_membership.ictsc4-suzutan": {
                    "type": "github_team_membership",
                    "depends_on": [
                        "github_membership.suzutan",
                        "github_team.ictsc4"
                    ],
                    "primary": {
                        "id": "2004351:suzutan",
                        "attributes": {
                            "etag": "W/\"9b967782034deba8ea4e8475c900d55e\"",
                            "id": "2004351:suzutan",
                            "role": "member",
                            "team_id": "2004351",
                            "username": "suzutan"
                        },
                        "meta": {},
                        "tainted": false
                    },
                    "deposed": [],
                    "provider": "provider.github"
                },
                "github_team_membership.ictsc4-whywaita": {
                    "type": "github_team_membership",
                    "depends_on": [
                        "github_membership.whywaita",
                        "github_team.ictsc4"
                    ],
                    "primary": {
                        "id": "2004351:whywaita",
                        "attributes": {
                            "etag": "W/\"082c634fd2ea413e48097ad226f8ad03\"",
                            "id": "2004351:whywaita",
                            "role": "member",
                            "team_id": "2004351",
                            "username": "whywaita"
                        },
                        "meta": {},
                        "tainted": false
                    },
                    "deposed": [],
                    "provider": "provider.github"
                },
                "github_team_membership.ictsc4-yatuhashi": {
                    "type": "github_team_membership",
                    "depends_on": [
                        "github_membership.yatuhashi",
                        "github_team.ictsc4"
                    ],
                    "primary": {
                        "id": "2004351:yatuhashi",
                        "attributes": {
                            "etag": "W/\"8b242737ff065b2168bc36cb82630d4d\"",
                            "id": "2004351:yatuhashi",
                            "role": "member",
                            "team_id": "2004351",
                            "username": "yatuhashi"
                        },
                        "meta": {},
                        "tainted": false
                    },
                    "deposed": [],
                    "provider": "provider.github"
                },
                "github_team_membership.ictsc4-yo-taro": {
                    "type": "github_team_membership",
                    "depends_on": [
                        "github_membership.yo-taro",
                        "github_team.ictsc4"
                    ],
                    "primary": {
                        "id": "2004351:yo-taro",
                        "attributes": {
                            "etag": "W/\"8068f73ed4d47306d68f3f2b7ee8e1fd\"",
                            "id": "2004351:yo-taro",
                            "role": "member",
                            "team_id": "2004351",
                            "username": "yo-taro"
                        },
                        "meta": {},
                        "tainted": false
                    },
                    "deposed": [],
                    "provider": "provider.github"
                },
                "github_team_membership.ictsc5-aoi96": {
                    "type": "github_team_membership",
                    "depends_on": [
                        "github_membership.aoi96",
                        "github_team.ictsc5"
                    ],
                    "primary": {
                        "id": "2004352:aoi96",
                        "attributes": {
                            "etag": "W/\"040028d321a910dd7a90a274c5e4f2f3\"",
                            "id": "2004352:aoi96",
                            "role": "member",
                            "team_id": "2004352",
                            "username": "aoi96"
                        },
                        "meta": {},
                        "tainted": false
                    },
                    "deposed": [],
                    "provider": "provider.github"
                },
                "github_team_membership.ictsc5-asdfec": {
                    "type": "github_team_membership",
                    "depends_on": [
                        "github_membership.asdfec",
                        "github_team.ictsc5"
                    ],
                    "primary": {
                        "id": "2004352:asdfec",
                        "attributes": {
                            "etag": "W/\"33768adbac128644cfdae45ca85179ad\"",
                            "id": "2004352:asdfec",
                            "role": "member",
                            "team_id": "2004352",
                            "username": "asdfec"
                        },
                        "meta": {},
                        "tainted": false
                    },
                    "deposed": [],
                    "provider": "provider.github"
                },
                "github_team_membership.ictsc5-chamaharun": {
                    "type": "github_team_membership",
                    "depends_on": [
                        "github_membership.chamaharun",
                        "github_team.ictsc5"
                    ],
                    "primary": {
                        "id": "2004352:chamaharun",
                        "attributes": {
                            "etag": "W/\"800843cf648280b076814276a7a380da\"",
                            "id": "2004352:chamaharun",
                            "role": "member",
                            "team_id": "2004352",
                            "username": "chamaharun"
                        },
                        "meta": {},
                        "tainted": false
                    },
                    "deposed": [],
                    "provider": "provider.github"
                },
                "github_team_membership.ictsc5-chibiegg": {
                    "type": "github_team_membership",
                    "depends_on": [
                        "github_membership.chibiegg",
                        "github_team.ictsc5"
                    ],
                    "primary": {
                        "id": "2004352:chibiegg",
                        "attributes": {
                            "etag": "W/\"deea4ef452543866c602c0cf8a381421\"",
                            "id": "2004352:chibiegg",
                            "role": "member",
                            "team_id": "2004352",
                            "username": "chibiegg"
                        },
                        "meta": {},
                        "tainted": false
                    },
                    "deposed": [],
                    "provider": "provider.github"
                },
                "github_team_membership.ictsc5-guragusan": {
                    "type": "github_team_membership",
                    "depends_on": [
                        "github_membership.guragusan",
                        "github_team.ictsc5"
                    ],
                    "primary": {
                        "id": "2004352:guragusan",
                        "attributes": {
                            "etag": "W/\"d9f75b3d74ad6ecaceb82335d6f13698\"",
                            "id": "2004352:guragusan",
                            "role": "member",
                            "team_id": "2004352",
                            "username": "guragusan"
                        },
                        "meta": {},
                        "tainted": false
                    },
                    "deposed": [],
                    "provider": "provider.github"
                },
                "github_team_membership.ictsc5-ibucho": {
                    "type": "github_team_membership",
                    "depends_on": [
                        "github_membership.ibucho",
                        "github_team.ictsc5"
                    ],
                    "primary": {
                        "id": "2004352:ibucho",
                        "attributes": {
                            "etag": "W/\"8af773640b2410fb7e830c620d9c0afc\"",
                            "id": "2004352:ibucho",
                            "role": "member",
                            "team_id": "2004352",
                            "username": "ibucho"
                        },
                        "meta": {},
                        "tainted": false
                    },
                    "deposed": [],
                    "provider": "provider.github"
                },
                "github_team_membership.ictsc5-icchy": {
                    "type": "github_team_membership",
                    "depends_on": [
                        "github_membership.icchy",
                        "github_team.ictsc5"
                    ],
                    "primary": {
                        "id": "2004352:icchy",
                        "attributes": {
                            "etag": "W/\"07eee3f5b14567123c76fdada71f1cb6\"",
                            "id": "2004352:icchy",
                            "role": "member",
                            "team_id": "2004352",
                            "username": "icchy"
                        },
                        "meta": {},
                        "tainted": false
                    },
                    "deposed": [],
                    "provider": "provider.github"
                },
                "github_team_membership.ictsc5-kadokusei": {
                    "type": "github_team_membership",
                    "depends_on": [
                        "github_membership.kadokusei",
                        "github_team.ictsc5"
                    ],
                    "primary": {
                        "id": "2004352:kadokusei",
                        "attributes": {
                            "etag": "W/\"80fb175b55e82aa5475475d99143e84c\"",
                            "id": "2004352:kadokusei",
                            "role": "member",
                            "team_id": "2004352",
                            "username": "kadokusei"
                        },
                        "meta": {},
                        "tainted": false
                    },
                    "deposed": [],
                    "provider": "provider.github"
                },
                "github_team_membership.ictsc5-kayo-tozaki": {
                    "type": "github_team_membership",
                    "depends_on": [
                        "github_membership.kayo-tozaki",
                        "github_team.ictsc5"
                    ],
                    "primary": {
                        "id": "2004352:kayo-tozaki",
                        "attributes": {
                            "etag": "W/\"9bc3b15519370a4235973172d4183296\"",
                            "id": "2004352:kayo-tozaki",
                            "role": "member",
                            "team_id": "2004352",
                            "username": "kayo-tozaki"
                        },
                        "meta": {},
                        "tainted": false
                    },
                    "deposed": [],
                    "provider": "provider.github"
                },
                "github_team_membership.ictsc5-keisukearakawa": {
                    "type": "github_team_membership",
                    "depends_on": [
                        "github_membership.keisukearakawa",
                        "github_team.ictsc5"
                    ],
                    "primary": {
                        "id": "2004352:keisukearakawa",
                        "attributes": {
                            "etag": "W/\"7445fdef0d4756a8935f0a4a0fd4b88e\"",
                            "id": "2004352:keisukearakawa",
                            "role": "member",
                            "team_id": "2004352",
                            "username": "keisukearakawa"
                        },
                        "meta": {},
                        "tainted": false
                    },
                    "deposed": [],
                    "provider": "provider.github"
                },
                "github_team_membership.ictsc5-kurochan": {
                    "type": "github_team_membership",
                    "depends_on": [
                        "github_membership.kurochan",
                        "github_team.ictsc5"
                    ],
                    "primary": {
                        "id": "2004352:kurochan",
                        "attributes": {
                            "etag": "W/\"bbb173e6d731aa802331323382e30717\"",
                            "id": "2004352:kurochan",
                            "role": "member",
                            "team_id": "2004352",
                            "username": "kurochan"
                        },
                        "meta": {},
                        "tainted": false
                    },
                    "deposed": [],
                    "provider": "provider.github"
                },
                "github_team_membership.ictsc5-kyoko0514": {
                    "type": "github_team_membership",
                    "depends_on": [
                        "github_membership.kyoko0514",
                        "github_team.ictsc5"
                    ],
                    "primary": {
                        "id": "2004352:kyoko0514",
                        "attributes": {
                            "etag": "W/\"f88e8ee210ea2c8dba1407fcc5992f0d\"",
                            "id": "2004352:kyoko0514",
                            "role": "member",
                            "team_id": "2004352",
                            "username": "kyoko0514"
                        },
                        "meta": {},
                        "tainted": false
                    },
                    "deposed": [],
                    "provider": "provider.github"
                },
                "github_team_membership.ictsc5-mbook-x86": {
                    "type": "github_team_membership",
                    "depends_on": [
                        "github_membership.mbook-x86",
                        "github_team.ictsc5"
                    ],
                    "primary": {
                        "id": "2004352:mbook-x86",
                        "attributes": {
                            "etag": "W/\"a82642fe049fbd03f72ee988d5d58441\"",
                            "id": "2004352:mbook-x86",
                            "role": "member",
                            "team_id": "2004352",
                            "username": "mbook-x86"
                        },
                        "meta": {},
                        "tainted": false
                    },
                    "deposed": [],
                    "provider": "provider.github"
                },
                "github_team_membership.ictsc5-miyao11": {
                    "type": "github_team_membership",
                    "depends_on": [
                        "github_membership.miyao11",
                        "github_team.ictsc5"
                    ],
                    "primary": {
                        "id": "2004352:Miyao11",
                        "attributes": {
                            "etag": "W/\"baf18f3f8328f8555de98a51915742a5\"",
                            "id": "2004352:Miyao11",
                            "role": "member",
                            "team_id": "2004352",
                            "username": "Miyao11"
                        },
                        "meta": {},
                        "tainted": false
                    },
                    "deposed": [],
                    "provider": "provider.github"
                },
                "github_team_membership.ictsc5-mk0913mnck": {
                    "type": "github_team_membership",
                    "depends_on": [
                        "github_membership.mk0913mnck",
                        "github_team.ictsc5"
                    ],
                    "primary": {
                        "id": "2004352:mk0913mnck",
                        "attributes": {
                            "etag": "W/\"f6e6b53effa70643f213a62f928a3b04\"",
                            "id": "2004352:mk0913mnck",
                            "role": "member",
                            "team_id": "2004352",
                            "username": "mk0913mnck"
                        },
                        "meta": {},
                        "tainted": false
                    },
                    "deposed": [],
                    "provider": "provider.github"
                },
                "github_team_membership.ictsc5-netmarkjp": {
                    "type": "github_team_membership",
                    "depends_on": [
                        "github_membership.netmarkjp",
                        "github_team.ictsc5"
                    ],
                    "primary": {
                        "id": "2004352:netmarkjp",
                        "attributes": {
                            "etag": "W/\"4bc74e288f501cb4c79e8d048d0e0e3e\"",
                            "id": "2004352:netmarkjp",
                            "role": "member",
                            "team_id": "2004352",
                            "username": "netmarkjp"
                        },
                        "meta": {},
                        "tainted": false
                    },
                    "deposed": [],
                    "provider": "provider.github"
                },
                "github_team_membership.ictsc5-notchi590": {
                    "type": "github_team_membership",
                    "depends_on": [
                        "github_membership.notchi590",
                        "github_team.ictsc5"
                    ],
                    "primary": {
                        "id": "2004352:notchi590",
                        "attributes": {
                            "etag": "W/\"58b0b85526574a50e3b5f4926792a646\"",
                            "id": "2004352:notchi590",
                            "role": "member",
                            "team_id": "2004352",
                            "username": "notchi590"
                        },
                        "meta": {},
                        "tainted": false
                    },
                    "deposed": [],
                    "provider": "provider.github"
                },
                "github_team_membership.ictsc5-palloc": {
                    "type": "github_team_membership",
                    "depends_on": [
                        "github_membership.palloc",
                        "github_team.ictsc5"
                    ],
                    "primary": {
                        "id": "2004352:palloc",
                        "attributes": {
                            "etag": "W/\"690d47150a0d2fa5e2034980ca720502\"",
                            "id": "2004352:palloc",
                            "role": "member",
                            "team_id": "2004352",
                            "username": "palloc"
                        },
                        "meta": {},
                        "tainted": false
                    },
                    "deposed": [],
                    "provider": "provider.github"
                },
                "github_team_membership.ictsc5-ronorono45": {
                    "type": "github_team_membership",
                    "depends_on": [
                        "github_membership.ronorono45",
                        "github_team.ictsc5"
                    ],
                    "primary": {
                        "id": "2004352:ronorono45",
                        "attributes": {
                            "etag": "W/\"104e029e8ae452e535033f6db70d8934\"",
                            "id": "2004352:ronorono45",
                            "role": "member",
                            "team_id": "2004352",
                            "username": "ronorono45"
                        },
                        "meta": {},
                        "tainted": false
                    },
                    "deposed": [],
                    "provider": "provider.github"
                },
                "github_team_membership.ictsc5-sora34": {
                    "type": "github_team_membership",
                    "depends_on": [
                        "github_membership.sora34",
                        "github_team.ictsc5"
                    ],
                    "primary": {
                        "id": "2004352:sora34",
                        "attributes": {
                            "etag": "W/\"1d72e3726b3d1bf1e32ef701e9e60d76\"",
                            "id": "2004352:sora34",
                            "role": "member",
                            "team_id": "2004352",
                            "username": "sora34"
                        },
                        "meta": {},
                        "tainted": false
                    },
                    "deposed": [],
                    "provider": "provider.github"
                },
                "github_team_membership.ictsc5-staybuzz": {
                    "type": "github_team_membership",
                    "depends_on": [
                        "github_membership.staybuzz",
                        "github_team.ictsc5"
                    ],
                    "primary": {
                        "id": "2004352:staybuzz",
                        "attributes": {
                            "etag": "W/\"487a1ea48dc9989ea31d0bbd914e5d14\"",
                            "id": "2004352:staybuzz",
                            "role": "member",
                            "team_id": "2004352",
                            "username": "staybuzz"
                        },
                        "meta": {},
                        "tainted": false
                    },
                    "deposed": [],
                    "provider": "provider.github"
                },
                "github_team_membership.ictsc5-sugiki-accelia": {
                    "type": "github_team_membership",
                    "depends_on": [
                        "github_membership.sugiki-accelia",
                        "github_team.ictsc5"
                    ],
                    "primary": {
                        "id": "2004352:sugiki-accelia",
                        "attributes": {
                            "etag": "W/\"a4d0773223a9d5f9994f393be94665c0\"",
                            "id": "2004352:sugiki-accelia",
                            "role": "member",
                            "team_id": "2004352",
                            "username": "sugiki-accelia"
                        },
                        "meta": {},
                        "tainted": false
                    },
                    "deposed": [],
                    "provider": "provider.github"
                },
                "github_team_membership.ictsc5-sukekawa-accelia": {
                    "type": "github_team_membership",
                    "depends_on": [
                        "github_membership.sukekawa-accelia",
                        "github_team.ictsc5"
                    ],
                    "primary": {
                        "id": "2004352:sukekawa-accelia",
                        "attributes": {
                            "etag": "W/\"2118f604831f8e7306ee2bf9c78b4648\"",
                            "id": "2004352:sukekawa-accelia",
                            "role": "member",
                            "team_id": "2004352",
                            "username": "sukekawa-accelia"
                        },
                        "meta": {},
                        "tainted": false
                    },
                    "deposed": [],
                    "provider": "provider.github"
                },
                "github_team_membership.ictsc5-suzutan": {
                    "type": "github_team_membership",
                    "depends_on": [
                        "github_membership.suzutan",
                        "github_team.ictsc5"
                    ],
                    "primary": {
                        "id": "2004352:suzutan",
                        "attributes": {
                            "etag": "W/\"7bfddac29ed5d1c3a49346979a95f8bd\"",
                            "id": "2004352:suzutan",
                            "role": "member",
                            "team_id": "2004352",
                            "username": "suzutan"
                        },
                        "meta": {},
                        "tainted": false
                    },
                    "deposed": [],
                    "provider": "provider.github"
                },
                "github_team_membership.ictsc5-takes3": {
                    "type": "github_team_membership",
                    "depends_on": [
                        "github_membership.takes3",
                        "github_team.ictsc5"
                    ],
                    "primary": {
                        "id": "2004352:takes3",
                        "attributes": {
                            "etag": "W/\"8b15b7b8e99d12a95b361a818853e069\"",
                            "id": "2004352:takes3",
                            "role": "member",
                            "team_id": "2004352",
                            "username": "takes3"
                        },
                        "meta": {},
                        "tainted": false
                    },
                    "deposed": [],
                    "provider": "provider.github"
                },
                "github_team_membership.ictsc5-whywaita": {
                    "type": "github_team_membership",
                    "depends_on": [
                        "github_membership.whywaita",
                        "github_team.ictsc5"
                    ],
                    "primary": {
                        "id": "2004352:whywaita",
                        "attributes": {
                            "etag": "W/\"ca368b1e8229469f7f3588bc5578bb68\"",
                            "id": "2004352:whywaita",
                            "role": "member",
                            "team_id": "2004352",
                            "username": "whywaita"
                        },
                        "meta": {},
                        "tainted": false
                    },
                    "deposed": [],
                    "provider": "provider.github"
                },
                "github_team_membership.ictsc5-y-monma": {
                    "type": "github_team_membership",
                    "depends_on": [
                        "github_membership.y-monma",
                        "github_team.ictsc5"
                    ],
                    "primary": {
                        "id": "2004352:y-monma",
                        "attributes": {
                            "etag": "W/\"3c349d0b7856f129b132fc1d249e5e12\"",
                            "id": "2004352:y-monma",
                            "role": "member",
                            "team_id": "2004352",
                            "username": "y-monma"
                        },
                        "meta": {},
                        "tainted": false
                    },
                    "deposed": [],
                    "provider": "provider.github"
                },
                "github_team_membership.ictsc5-yatuhashi": {
                    "type": "github_team_membership",
                    "depends_on": [
                        "github_membership.yatuhashi",
                        "github_team.ictsc5"
                    ],
                    "primary": {
                        "id": "2004352:yatuhashi",
                        "attributes": {
                            "etag": "W/\"493a96926cc349c16e99efed6238ea2f\"",
                            "id": "2004352:yatuhashi",
                            "role": "member",
                            "team_id": "2004352",
                            "username": "yatuhashi"
                        },
                        "meta": {},
                        "tainted": false
                    },
                    "deposed": [],
                    "provider": "provider.github"
                },
                "github_team_membership.ictsc5-yo-taro": {
                    "type": "github_team_membership",
                    "depends_on": [
                        "github_membership.yo-taro",
                        "github_team.ictsc5"
                    ],
                    "primary": {
                        "id": "2004352:yo-taro",
                        "attributes": {
                            "etag": "W/\"b5ee21b9925a07c96455a9592a3e7fb8\"",
                            "id": "2004352:yo-taro",
                            "role": "member",
                            "team_id": "2004352",
                            "username": "yo-taro"
                        },
                        "meta": {},
                        "tainted": false
                    },
                    "deposed": [],
                    "provider": "provider.github"
                },
                "github_team_membership.ictsc6-a-r-g-v": {
                    "type": "github_team_membership",
                    "depends_on": [
                        "github_membership.a-r-g-v",
                        "github_team.ictsc6"
                    ],
                    "primary": {
                        "id": "2004355:a-r-g-v",
                        "attributes": {
                            "etag": "W/\"f93b452c8e799bab0669305760db4845\"",
                            "id": "2004355:a-r-g-v",
                            "role": "member",
                            "team_id": "2004355",
                            "username": "a-r-g-v"
                        },
                        "meta": {},
                        "tainted": false
                    },
                    "deposed": [],
                    "provider": "provider.github"
                },
                "github_team_membership.ictsc6-aoi96": {
                    "type": "github_team_membership",
                    "depends_on": [
                        "github_membership.aoi96",
                        "github_team.ictsc6"
                    ],
                    "primary": {
                        "id": "2004355:aoi96",
                        "attributes": {
                            "etag": "W/\"d43d599891cad8ab6a8fe120f644fad1\"",
                            "id": "2004355:aoi96",
                            "role": "member",
                            "team_id": "2004355",
                            "username": "aoi96"
                        },
                        "meta": {},
                        "tainted": false
                    },
                    "deposed": [],
                    "provider": "provider.github"
                },
                "github_team_membership.ictsc6-asarijiru": {
                    "type": "github_team_membership",
                    "depends_on": [
                        "github_membership.asarijiru",
                        "github_team.ictsc6"
                    ],
                    "primary": {
                        "id": "2004355:asarijiru",
                        "attributes": {
                            "etag": "W/\"36340a6da1dbaa3706e6cf3ebb82e023\"",
                            "id": "2004355:asarijiru",
                            "role": "member",
                            "team_id": "2004355",
                            "username": "asarijiru"
                        },
                        "meta": {},
                        "tainted": false
                    },
                    "deposed": [],
                    "provider": "provider.github"
                },
                "github_team_membership.ictsc6-asdfec": {
                    "type": "github_team_membership",
                    "depends_on": [
                        "github_membership.asdfec",
                        "github_team.ictsc6"
                    ],
                    "primary": {
                        "id": "2004355:asdfec",
                        "attributes": {
                            "etag": "W/\"c56894577f7b935d836f793884039ba9\"",
                            "id": "2004355:asdfec",
                            "role": "member",
                            "team_id": "2004355",
                            "username": "asdfec"
                        },
                        "meta": {},
                        "tainted": false
                    },
                    "deposed": [],
                    "provider": "provider.github"
                },
                "github_team_membership.ictsc6-chalkygames123": {
                    "type": "github_team_membership",
                    "depends_on": [
                        "github_membership.chalkygames123",
                        "github_team.ictsc6"
                    ],
                    "primary": {
                        "id": "2004355:chalkygames123",
                        "attributes": {
                            "etag": "W/\"3cdae5088cc3d9ff74fc7b5bad84ddac\"",
                            "id": "2004355:chalkygames123",
                            "role": "member",
                            "team_id": "2004355",
                            "username": "chalkygames123"
                        },
                        "meta": {},
                        "tainted": false
                    },
                    "deposed": [],
                    "provider": "provider.github"
                },
                "github_team_membership.ictsc6-guragusan": {
                    "type": "github_team_membership",
                    "depends_on": [
                        "github_membership.guragusan",
                        "github_team.ictsc6"
                    ],
                    "primary": {
                        "id": "2004355:guragusan",
                        "attributes": {
                            "etag": "W/\"0250d022df41d7e0ee2a4505585b1829\"",
                            "id": "2004355:guragusan",
                            "role": "member",
                            "team_id": "2004355",
                            "username": "guragusan"
                        },
                        "meta": {},
                        "tainted": false
                    },
                    "deposed": [],
                    "provider": "provider.github"
                },
                "github_team_membership.ictsc6-h-otter": {
                    "type": "github_team_membership",
                    "depends_on": [
                        "github_membership.h-otter",
                        "github_team.ictsc6"
                    ],
                    "primary": {
                        "id": "2004355:h-otter",
                        "attributes": {
                            "etag": "W/\"7f861bdee43379f02296ac80c299a7da\"",
                            "id": "2004355:h-otter",
                            "role": "member",
                            "team_id": "2004355",
                            "username": "h-otter"
                        },
                        "meta": {},
                        "tainted": false
                    },
                    "deposed": [],
                    "provider": "provider.github"
                },
                "github_team_membership.ictsc6-ibucho": {
                    "type": "github_team_membership",
                    "depends_on": [
                        "github_membership.ibucho",
                        "github_team.ictsc6"
                    ],
                    "primary": {
                        "id": "2004355:ibucho",
                        "attributes": {
                            "etag": "W/\"d9747047dc29220bd089f6f3a2ce9852\"",
                            "id": "2004355:ibucho",
                            "role": "member",
                            "team_id": "2004355",
                            "username": "ibucho"
                        },
                        "meta": {},
                        "tainted": false
                    },
                    "deposed": [],
                    "provider": "provider.github"
                },
                "github_team_membership.ictsc6-int-tt": {
                    "type": "github_team_membership",
                    "depends_on": [
                        "github_membership.int-tt",
                        "github_team.ictsc6"
                    ],
                    "primary": {
                        "id": "2004355:int-tt",
                        "attributes": {
                            "etag": "W/\"d319ea4af3457665ae4be6eb7f56a040\"",
                            "id": "2004355:int-tt",
                            "role": "member",
                            "team_id": "2004355",
                            "username": "int-tt"
                        },
                        "meta": {},
                        "tainted": false
                    },
                    "deposed": [],
                    "provider": "provider.github"
                },
                "github_team_membership.ictsc6-kamijin-fanta": {
                    "type": "github_team_membership",
                    "depends_on": [
                        "github_membership.kamijin-fanta",
                        "github_team.ictsc6"
                    ],
                    "primary": {
                        "id": "2004355:kamijin-fanta",
                        "attributes": {
                            "etag": "W/\"0e04687efa4f24ef2ca963c64e714e3f\"",
                            "id": "2004355:kamijin-fanta",
                            "role": "member",
                            "team_id": "2004355",
                            "username": "kamijin-fanta"
                        },
                        "meta": {},
                        "tainted": false
                    },
                    "deposed": [],
                    "provider": "provider.github"
                },
                "github_team_membership.ictsc6-kurochan": {
                    "type": "github_team_membership",
                    "depends_on": [
                        "github_membership.kurochan",
                        "github_team.ictsc6"
                    ],
                    "primary": {
                        "id": "2004355:kurochan",
                        "attributes": {
                            "etag": "W/\"2bb7381fbe91b11fa6c74ccc240a2327\"",
                            "id": "2004355:kurochan",
                            "role": "member",
                            "team_id": "2004355",
                            "username": "kurochan"
                        },
                        "meta": {},
                        "tainted": false
                    },
                    "deposed": [],
                    "provider": "provider.github"
                },
                "github_team_membership.ictsc6-kyoko0514": {
                    "type": "github_team_membership",
                    "depends_on": [
                        "github_membership.kyoko0514",
                        "github_team.ictsc6"
                    ],
                    "primary": {
                        "id": "2004355:kyoko0514",
                        "attributes": {
                            "etag": "W/\"c52a00116db4385874278fe692592bf2\"",
                            "id": "2004355:kyoko0514",
                            "role": "member",
                            "team_id": "2004355",
                            "username": "kyoko0514"
                        },
                        "meta": {},
                        "tainted": false
                    },
                    "deposed": [],
                    "provider": "provider.github"
                },
                "github_team_membership.ictsc6-kyontan": {
                    "type": "github_team_membership",
                    "depends_on": [
                        "github_membership.kyontan",
                        "github_team.ictsc6"
                    ],
                    "primary": {
                        "id": "2004355:kyontan",
                        "attributes": {
                            "etag": "W/\"01779b207111100495c69a69d56bd82a\"",
                            "id": "2004355:kyontan",
                            "role": "member",
                            "team_id": "2004355",
                            "username": "kyontan"
                        },
                        "meta": {},
                        "tainted": false
                    },
                    "deposed": [],
                    "provider": "provider.github"
                },
                "github_team_membership.ictsc6-miyao11": {
                    "type": "github_team_membership",
                    "depends_on": [
                        "github_membership.miyao11",
                        "github_team.ictsc6"
                    ],
                    "primary": {
                        "id": "2004355:Miyao11",
                        "attributes": {
                            "etag": "W/\"a0123a016e1dfe13fcc0718a005966b2\"",
                            "id": "2004355:Miyao11",
                            "role": "member",
                            "team_id": "2004355",
                            "username": "Miyao11"
                        },
                        "meta": {},
                        "tainted": false
                    },
                    "deposed": [],
                    "provider": "provider.github"
                },
                "github_team_membership.ictsc6-netmarkjp": {
                    "type": "github_team_membership",
                    "depends_on": [
                        "github_membership.netmarkjp",
                        "github_team.ictsc6"
                    ],
                    "primary": {
                        "id": "2004355:netmarkjp",
                        "attributes": {
                            "etag": "W/\"e368afd6e6a196a72c8fcd1fa93d3907\"",
                            "id": "2004355:netmarkjp",
                            "role": "member",
                            "team_id": "2004355",
                            "username": "netmarkjp"
                        },
                        "meta": {},
                        "tainted": false
                    },
                    "deposed": [],
                    "provider": "provider.github"
                },
                "github_team_membership.ictsc6-notchi590": {
                    "type": "github_team_membership",
                    "depends_on": [
                        "github_membership.notchi590",
                        "github_team.ictsc6"
                    ],
                    "primary": {
                        "id": "2004355:notchi590",
                        "attributes": {
                            "etag": "W/\"7a433b9d8bda48f70138c81a7e262242\"",
                            "id": "2004355:notchi590",
                            "role": "member",
                            "team_id": "2004355",
                            "username": "notchi590"
                        },
                        "meta": {},
                        "tainted": false
                    },
                    "deposed": [],
                    "provider": "provider.github"
                },
                "github_team_membership.ictsc6-palloc": {
                    "type": "github_team_membership",
                    "depends_on": [
                        "github_membership.palloc",
                        "github_team.ictsc6"
                    ],
                    "primary": {
                        "id": "2004355:palloc",
                        "attributes": {
                            "etag": "W/\"c3de365ef885aaa3a0932503b8f37651\"",
                            "id": "2004355:palloc",
                            "role": "member",
                            "team_id": "2004355",
                            "username": "palloc"
                        },
                        "meta": {},
                        "tainted": false
                    },
                    "deposed": [],
                    "provider": "provider.github"
                },
                "github_team_membership.ictsc6-suzuek": {
                    "type": "github_team_membership",
                    "depends_on": [
                        "github_membership.suzuek",
                        "github_team.ictsc6"
                    ],
                    "primary": {
                        "id": "2004355:SuzueK",
                        "attributes": {
                            "etag": "W/\"0170664cdc57c162be7109ab2ee7311b\"",
                            "id": "2004355:SuzueK",
                            "role": "member",
                            "team_id": "2004355",
                            "username": "SuzueK"
                        },
                        "meta": {},
                        "tainted": false
                    },
                    "deposed": [],
                    "provider": "provider.github"
                },
                "github_team_membership.ictsc6-suzutan": {
                    "type": "github_team_membership",
                    "depends_on": [
                        "github_membership.suzutan",
                        "github_team.ictsc6"
                    ],
                    "primary": {
                        "id": "2004355:suzutan",
                        "attributes": {
                            "etag": "W/\"56e05e3f8f0ed381a54691921852bb8d\"",
                            "id": "2004355:suzutan",
                            "role": "member",
                            "team_id": "2004355",
                            "username": "suzutan"
                        },
                        "meta": {},
                        "tainted": false
                    },
                    "deposed": [],
                    "provider": "provider.github"
                },
                "github_team_membership.ictsc6-tar-xzvff": {
                    "type": "github_team_membership",
                    "depends_on": [
                        "github_membership.tar-xzvff",
                        "github_team.ictsc6"
                    ],
                    "primary": {
                        "id": "2004355:tar-xzvff",
                        "attributes": {
                            "etag": "W/\"d46fda5e69d72a7f78b9e377547e495c\"",
                            "id": "2004355:tar-xzvff",
                            "role": "member",
                            "team_id": "2004355",
                            "username": "tar-xzvff"
                        },
                        "meta": {},
                        "tainted": false
                    },
                    "deposed": [],
                    "provider": "provider.github"
                },
                "github_team_membership.ictsc6-y-monma": {
                    "type": "github_team_membership",
                    "depends_on": [
                        "github_membership.y-monma",
                        "github_team.ictsc6"
                    ],
                    "primary": {
                        "id": "2004355:y-monma",
                        "attributes": {
                            "etag": "W/\"df838f3bfda583638e310a6d7931d831\"",
                            "id": "2004355:y-monma",
                            "role": "member",
                            "team_id": "2004355",
                            "username": "y-monma"
                        },
                        "meta": {},
                        "tainted": false
                    },
                    "deposed": [],
                    "provider": "provider.github"
                },
                "github_team_membership.ictsc6-yo-taro": {
                    "type": "github_team_membership",
                    "depends_on": [
                        "github_membership.yo-taro",
                        "github_team.ictsc6"
                    ],
                    "primary": {
                        "id": "2004355:yo-taro",
                        "attributes": {
                            "etag": "W/\"79a867e8ad6f63f562406226eaacf81f\"",
                            "id": "2004355:yo-taro",
                            "role": "member",
                            "team_id": "2004355",
                            "username": "yo-taro"
                        },
                        "meta": {},
                        "tainted": false
                    },
                    "deposed": [],
                    "provider": "provider.github"
                },
                "github_team_membership.ictsc6-yuukinetwork": {
                    "type": "github_team_membership",
                    "depends_on": [
                        "github_membership.yuukinetwork",
                        "github_team.ictsc6"
                    ],
                    "primary": {
                        "id": "2004355:yuukinetwork",
                        "attributes": {
                            "etag": "W/\"61a9b6acf10442ad7bf17a07f25069b5\"",
                            "id": "2004355:yuukinetwork",
                            "role": "member",
                            "team_id": "2004355",
                            "username": "yuukinetwork"
                        },
                        "meta": {},
                        "tainted": false
                    },
                    "deposed": [],
                    "provider": "provider.github"
                },
                "github_team_membership.ictsc7-Katsuya414": {
                    "type": "github_team_membership",
                    "depends_on": [
                        "github_membership.Katsuya414",
                        "github_team.ictsc7"
                    ],
                    "primary": {
                        "id": "2178374:Katsuya414",
                        "attributes": {
                            "etag": "W/\"2adea3c925aba24be2f85eabde9b34d9\"",
                            "id": "2178374:Katsuya414",
                            "role": "member",
                            "team_id": "2178374",
                            "username": "Katsuya414"
                        },
                        "meta": {},
                        "tainted": false
                    },
                    "deposed": [],
                    "provider": "provider.github"
                },
                "github_team_membership.ictsc7-Kurorororo": {
                    "type": "github_team_membership",
                    "depends_on": [
                        "github_membership.Kurorororo",
                        "github_team.ictsc7"
                    ],
                    "primary": {
                        "id": "2178374:Kurorororo",
                        "attributes": {
                            "etag": "W/\"41f7fdfee2453d4a903e5ae89aaa8934\"",
                            "id": "2178374:Kurorororo",
                            "role": "member",
                            "team_id": "2178374",
                            "username": "Kurorororo"
                        },
                        "meta": {},
                        "tainted": false
                    },
                    "deposed": [],
                    "provider": "provider.github"
                },
                "github_team_membership.ictsc7-alias-aria": {
                    "type": "github_team_membership",
                    "depends_on": [
                        "github_membership.alias-aria",
                        "github_team.ictsc7"
                    ],
                    "primary": {
                        "id": "2178374:alias-aria",
                        "attributes": {
                            "etag": "W/\"9bcaa1ab8a3a696f093db843bbc69113\"",
                            "id": "2178374:alias-aria",
                            "role": "member",
                            "team_id": "2178374",
                            "username": "alias-aria"
                        },
                        "meta": {},
                        "tainted": false
                    },
                    "deposed": [],
                    "provider": "provider.github"
                },
                "github_team_membership.ictsc7-alisamon": {
                    "type": "github_team_membership",
                    "depends_on": [
                        "github_membership.alisamon",
                        "github_team.ictsc7"
                    ],
                    "primary": {
                        "id": "2178374:alisamon",
                        "attributes": {
                            "etag": "W/\"6017387fc4fc99606679a465c23376e9\"",
                            "id": "2178374:alisamon",
                            "role": "member",
                            "team_id": "2178374",
                            "username": "alisamon"
                        },
                        "meta": {},
                        "tainted": false
                    },
                    "deposed": [],
                    "provider": "provider.github"
                },
                "github_team_membership.ictsc7-bosan120": {
                    "type": "github_team_membership",
                    "depends_on": [
                        "github_membership.bosan120",
                        "github_team.ictsc7"
                    ],
                    "primary": {
                        "id": "2178374:bosan120",
                        "attributes": {
                            "etag": "W/\"312b8317f3fb38f4fc5d53062eda2518\"",
                            "id": "2178374:bosan120",
                            "role": "member",
                            "team_id": "2178374",
                            "username": "bosan120"
                        },
                        "meta": {},
                        "tainted": false
                    },
                    "deposed": [],
                    "provider": "provider.github"
                },
                "github_team_membership.ictsc7-ecodrive-18": {
                    "type": "github_team_membership",
                    "depends_on": [
                        "github_membership.ecodrive-18",
                        "github_team.ictsc7"
                    ],
                    "primary": {
                        "id": "2178374:ecodrive-18",
                        "attributes": {
                            "etag": "W/\"ab1caba9f82e652f1cc4935b8fbd925c\"",
                            "id": "2178374:ecodrive-18",
                            "role": "member",
                            "team_id": "2178374",
                            "username": "ecodrive-18"
                        },
                        "meta": {},
                        "tainted": false
                    },
                    "deposed": [],
                    "provider": "provider.github"
                },
                "github_team_membership.ictsc7-guragusan": {
                    "type": "github_team_membership",
                    "depends_on": [
                        "github_membership.guragusan",
                        "github_team.ictsc7"
                    ],
                    "primary": {
                        "id": "2178374:guragusan",
                        "attributes": {
                            "etag": "W/\"697aa70e0668ae7a3431a499703293dd\"",
                            "id": "2178374:guragusan",
                            "role": "member",
                            "team_id": "2178374",
                            "username": "guragusan"
                        },
                        "meta": {},
                        "tainted": false
                    },
                    "deposed": [],
                    "provider": "provider.github"
                },
                "github_team_membership.ictsc7-h-otter": {
                    "type": "github_team_membership",
                    "depends_on": [
                        "github_membership.h-otter",
                        "github_team.ictsc7"
                    ],
                    "primary": {
                        "id": "2178374:h-otter",
                        "attributes": {
                            "etag": "W/\"b574f1061dd93a3c556b8004347d1c2e\"",
                            "id": "2178374:h-otter",
                            "role": "member",
                            "team_id": "2178374",
                            "username": "h-otter"
                        },
                        "meta": {},
                        "tainted": false
                    },
                    "deposed": [],
                    "provider": "provider.github"
                },
                "github_team_membership.ictsc7-if001": {
                    "type": "github_team_membership",
                    "depends_on": [
                        "github_membership.if001",
                        "github_team.ictsc7"
                    ],
                    "primary": {
                        "id": "2178374:if001",
                        "attributes": {
                            "etag": "W/\"af88b46872b2525d50dfdb0f7aaf1873\"",
                            "id": "2178374:if001",
                            "role": "member",
                            "team_id": "2178374",
                            "username": "if001"
                        },
                        "meta": {},
                        "tainted": false
                    },
                    "deposed": [],
                    "provider": "provider.github"
                },
                "github_team_membership.ictsc7-inuyosi": {
                    "type": "github_team_membership",
                    "depends_on": [
                        "github_membership.inuyosi",
                        "github_team.ictsc7"
                    ],
                    "primary": {
                        "id": "2178374:inuyosi",
                        "attributes": {
                            "etag": "W/\"e0203637e65421e0a0ae5ed3eb599e96\"",
                            "id": "2178374:inuyosi",
                            "role": "member",
                            "team_id": "2178374",
                            "username": "inuyosi"
                        },
                        "meta": {},
                        "tainted": false
                    },
                    "deposed": [],
                    "provider": "provider.github"
                },
                "github_team_membership.ictsc7-kadokusei": {
                    "type": "github_team_membership",
                    "depends_on": [
                        "github_membership.kadokusei",
                        "github_team.ictsc7"
                    ],
                    "primary": {
                        "id": "2178374:kadokusei",
                        "attributes": {
                            "etag": "W/\"f243f86804fe690f5ae9b79c7fd3e465\"",
                            "id": "2178374:kadokusei",
                            "role": "member",
                            "team_id": "2178374",
                            "username": "kadokusei"
                        },
                        "meta": {},
                        "tainted": false
                    },
                    "deposed": [],
                    "provider": "provider.github"
                },
                "github_team_membership.ictsc7-kyontan": {
                    "type": "github_team_membership",
                    "depends_on": [
                        "github_membership.kyontan",
                        "github_team.ictsc7"
                    ],
                    "primary": {
                        "id": "2178374:kyontan",
                        "attributes": {
                            "etag": "W/\"c338a84c0d24eb622282d5e26fd47964\"",
                            "id": "2178374:kyontan",
                            "role": "member",
                            "team_id": "2178374",
                            "username": "kyontan"
                        },
                        "meta": {},
                        "tainted": false
                    },
                    "deposed": [],
                    "provider": "provider.github"
                },
                "github_team_membership.ictsc7-matsurika1226": {
                    "type": "github_team_membership",
                    "depends_on": [
                        "github_membership.matsurika1226",
                        "github_team.ictsc7"
                    ],
                    "primary": {
                        "id": "2178374:matsurika1226",
                        "attributes": {
                            "etag": "W/\"8915749a944c9dcb5bc94589b70f7911\"",
                            "id": "2178374:matsurika1226",
                            "role": "member",
                            "team_id": "2178374",
                            "username": "matsurika1226"
                        },
                        "meta": {},
                        "tainted": false
                    },
                    "deposed": [],
                    "provider": "provider.github"
                },
                "github_team_membership.ictsc7-mbook-x86": {
                    "type": "github_team_membership",
                    "depends_on": [
                        "github_membership.mbook-x86",
                        "github_team.ictsc7"
                    ],
                    "primary": {
                        "id": "2178374:mbook-x86",
                        "attributes": {
                            "etag": "W/\"4662395b66507679be67d03f7a2b0541\"",
                            "id": "2178374:mbook-x86",
                            "role": "member",
                            "team_id": "2178374",
                            "username": "mbook-x86"
                        },
                        "meta": {},
                        "tainted": false
                    },
                    "deposed": [],
                    "provider": "provider.github"
                },
                "github_team_membership.ictsc7-naoki912": {
                    "type": "github_team_membership",
                    "depends_on": [
                        "github_membership.naoki912",
                        "github_team.ictsc7"
                    ],
                    "primary": {
                        "id": "2178374:naoki912",
                        "attributes": {
                            "etag": "W/\"79bffcd4b0e8ab9f1cc5816f789d2dc0\"",
                            "id": "2178374:naoki912",
                            "role": "member",
                            "team_id": "2178374",
                            "username": "naoki912"
                        },
                        "meta": {},
                        "tainted": false
                    },
                    "deposed": [],
                    "provider": "provider.github"
                },
                "github_team_membership.ictsc7-oomorio": {
                    "type": "github_team_membership",
                    "depends_on": [
                        "github_membership.oomorio",
                        "github_team.ictsc7"
                    ],
                    "primary": {
                        "id": "2178374:oomorio",
                        "attributes": {
                            "etag": "W/\"3fafb9f742dd1fd117c8028c8216e6bf\"",
                            "id": "2178374:oomorio",
                            "role": "member",
                            "team_id": "2178374",
                            "username": "oomorio"
                        },
                        "meta": {},
                        "tainted": false
                    },
                    "deposed": [],
                    "provider": "provider.github"
                },
                "github_team_membership.ictsc7-palloc": {
                    "type": "github_team_membership",
                    "depends_on": [
                        "github_membership.palloc",
                        "github_team.ictsc7"
                    ],
                    "primary": {
                        "id": "2178374:palloc",
                        "attributes": {
                            "etag": "W/\"a9c44829e6681ebac84d6ad6d07973a8\"",
                            "id": "2178374:palloc",
                            "role": "member",
                            "team_id": "2178374",
                            "username": "palloc"
                        },
                        "meta": {},
                        "tainted": false
                    },
                    "deposed": [],
                    "provider": "provider.github"
                },
                "github_team_membership.ictsc7-suzutan": {
                    "type": "github_team_membership",
                    "depends_on": [
                        "github_membership.suzutan",
                        "github_team.ictsc7"
                    ],
                    "primary": {
                        "id": "2178374:suzutan",
                        "attributes": {
                            "etag": "W/\"1247f8c2b6ed4645c16b1cbf719b6ffb\"",
                            "id": "2178374:suzutan",
                            "role": "member",
                            "team_id": "2178374",
                            "username": "suzutan"
                        },
                        "meta": {},
                        "tainted": false
                    },
                    "deposed": [],
                    "provider": "provider.github"
                },
                "github_team_membership.ictsc7-yaminoma": {
                    "type": "github_team_membership",
                    "depends_on": [
                        "github_membership.yaminoma",
                        "github_team.ictsc7"
                    ],
                    "primary": {
                        "id": "2178374:yaminoma",
                        "attributes": {
                            "etag": "W/\"6a23d823a916bf4848bd602307000bec\"",
                            "id": "2178374:yaminoma",
                            "role": "member",
                            "team_id": "2178374",
                            "username": "yaminoma"
                        },
                        "meta": {},
                        "tainted": false
                    },
                    "deposed": [],
                    "provider": "provider.github"
                },
                "github_team_membership.ictsc7-yatuhashi": {
                    "type": "github_team_membership",
                    "depends_on": [
                        "github_membership.yatuhashi",
                        "github_team.ictsc7"
                    ],
                    "primary": {
                        "id": "2178374:yatuhashi",
                        "attributes": {
                            "etag": "W/\"12f2ea250bec8619145a2e3c48a93bd2\"",
                            "id": "2178374:yatuhashi",
                            "role": "member",
                            "team_id": "2178374",
                            "username": "yatuhashi"
                        },
                        "meta": {},
                        "tainted": false
                    },
                    "deposed": [],
                    "provider": "provider.github"
                },
                "github_team_membership.ictsc7-yuukinetwork": {
                    "type": "github_team_membership",
                    "depends_on": [
                        "github_membership.yuukinetwork",
                        "github_team.ictsc7"
                    ],
                    "primary": {
                        "id": "2178374:yuukinetwork",
                        "attributes": {
                            "etag": "W/\"8a78a925b9b4267985c27ede848ea16f\"",
                            "id": "2178374:yuukinetwork",
                            "role": "member",
                            "team_id": "2178374",
                            "username": "yuukinetwork"
                        },
                        "meta": {},
                        "tainted": false
                    },
                    "deposed": [],
                    "provider": "provider.github"
                },
                "github_team_membership.ictsc8-Azusa72": {
                    "type": "github_team_membership",
                    "depends_on": [
                        "github_membership.Azusa72",
                        "github_team.ictsc8"
                    ],
                    "primary": {
                        "id": "2341229:Azusa72",
                        "attributes": {
                            "etag": "W/\"9252b1b490e2b92a87e399a33319b36d\"",
                            "id": "2341229:Azusa72",
                            "role": "member",
                            "team_id": "2341229",
                            "username": "Azusa72"
                        },
                        "meta": {},
                        "tainted": false
                    },
                    "deposed": [],
                    "provider": "provider.github"
                },
                "github_team_membership.ictsc8-Katsuya414": {
                    "type": "github_team_membership",
                    "depends_on": [
                        "github_membership.Katsuya414",
                        "github_team.ictsc8"
                    ],
                    "primary": {
                        "id": "2341229:Katsuya414",
                        "attributes": {
                            "etag": "W/\"940cf00a1ba9340b59efc2b52e60e393\"",
                            "id": "2341229:Katsuya414",
                            "role": "member",
                            "team_id": "2341229",
                            "username": "Katsuya414"
                        },
                        "meta": {},
                        "tainted": false
                    },
                    "deposed": [],
                    "provider": "provider.github"
                },
                "github_team_membership.ictsc8-Kurorororo": {
                    "type": "github_team_membership",
                    "depends_on": [
                        "github_membership.Kurorororo",
                        "github_team.ictsc8"
                    ],
                    "primary": {
                        "id": "2341229:Kurorororo",
                        "attributes": {
                            "etag": "W/\"51d7c58499a0d11b88b8ee2c8a646118\"",
                            "id": "2341229:Kurorororo",
                            "role": "member",
                            "team_id": "2341229",
                            "username": "Kurorororo"
                        },
                        "meta": {},
                        "tainted": false
                    },
                    "deposed": [],
                    "provider": "provider.github"
                },
                "github_team_membership.ictsc8-alias-aria": {
                    "type": "github_team_membership",
                    "depends_on": [
                        "github_membership.alias-aria",
                        "github_team.ictsc8"
                    ],
                    "primary": {
                        "id": "2341229:alias-aria",
                        "attributes": {
                            "etag": "W/\"b0a23d3de848aa93da3e2f4255dede02\"",
                            "id": "2341229:alias-aria",
                            "role": "member",
                            "team_id": "2341229",
                            "username": "alias-aria"
                        },
                        "meta": {},
                        "tainted": false
                    },
                    "deposed": [],
                    "provider": "provider.github"
                },
                "github_team_membership.ictsc8-alisamon": {
                    "type": "github_team_membership",
                    "depends_on": [
                        "github_membership.alisamon",
                        "github_team.ictsc8"
                    ],
                    "primary": {
                        "id": "2341229:alisamon",
                        "attributes": {
                            "etag": "W/\"42319ddcd19df50661657ef47ccb5bdf\"",
                            "id": "2341229:alisamon",
                            "role": "member",
                            "team_id": "2341229",
                            "username": "alisamon"
                        },
                        "meta": {},
                        "tainted": false
                    },
                    "deposed": [],
                    "provider": "provider.github"
                },
                "github_team_membership.ictsc8-aoi96": {
                    "type": "github_team_membership",
                    "depends_on": [
                        "github_membership.aoi96",
                        "github_team.ictsc8"
                    ],
                    "primary": {
                        "id": "2341229:aoi96",
                        "attributes": {
                            "etag": "W/\"e30c0b95fef2821124fe03862a9c4b05\"",
                            "id": "2341229:aoi96",
                            "role": "member",
                            "team_id": "2341229",
                            "username": "aoi96"
                        },
                        "meta": {},
                        "tainted": false
                    },
                    "deposed": [],
                    "provider": "provider.github"
                },
                "github_team_membership.ictsc8-bosan120": {
                    "type": "github_team_membership",
                    "depends_on": [
                        "github_membership.bosan120",
                        "github_team.ictsc8"
                    ],
                    "primary": {
                        "id": "2341229:bosan120",
                        "attributes": {
                            "etag": "W/\"a3bf751376e4898642354a1ef96c903b\"",
                            "id": "2341229:bosan120",
                            "role": "member",
                            "team_id": "2341229",
                            "username": "bosan120"
                        },
                        "meta": {},
                        "tainted": false
                    },
                    "deposed": [],
                    "provider": "provider.github"
                },
                "github_team_membership.ictsc8-chisaton1": {
                    "type": "github_team_membership",
                    "depends_on": [
                        "github_membership.chisaton1",
                        "github_team.ictsc8"
                    ],
                    "primary": {
                        "id": "2341229:chisaton1",
                        "attributes": {
                            "etag": "W/\"f72154e018c1e278e0eb64658acca5a6\"",
                            "id": "2341229:chisaton1",
                            "role": "member",
                            "team_id": "2341229",
                            "username": "chisaton1"
                        },
                        "meta": {},
                        "tainted": false
                    },
                    "deposed": [],
                    "provider": "provider.github"
                },
                "github_team_membership.ictsc8-ecodrive-18": {
                    "type": "github_team_membership",
                    "depends_on": [
                        "github_membership.ecodrive-18",
                        "github_team.ictsc8"
                    ],
                    "primary": {
                        "id": "2341229:ecodrive-18",
                        "attributes": {
                            "etag": "W/\"729df24f39f23adbb0a272a58f9c7245\"",
                            "id": "2341229:ecodrive-18",
                            "role": "member",
                            "team_id": "2341229",
                            "username": "ecodrive-18"
                        },
                        "meta": {},
                        "tainted": false
                    },
                    "deposed": [],
                    "provider": "provider.github"
                },
                "github_team_membership.ictsc8-h-otter": {
                    "type": "github_team_membership",
                    "depends_on": [
                        "github_membership.h-otter",
                        "github_team.ictsc8"
                    ],
                    "primary": {
                        "id": "2341229:h-otter",
                        "attributes": {
                            "etag": "W/\"a179a963e3c03b5d266ed7c467be4ea8\"",
                            "id": "2341229:h-otter",
                            "role": "member",
                            "team_id": "2341229",
                            "username": "h-otter"
                        },
                        "meta": {},
                        "tainted": false
                    },
                    "deposed": [],
                    "provider": "provider.github"
                },
                "github_team_membership.ictsc8-icchy": {
                    "type": "github_team_membership",
                    "depends_on": [
                        "github_membership.icchy",
                        "github_team.ictsc8"
                    ],
                    "primary": {
                        "id": "2341229:icchy",
                        "attributes": {
                            "etag": "W/\"6c69b931462c350688977864f4418360\"",
                            "id": "2341229:icchy",
                            "role": "member",
                            "team_id": "2341229",
                            "username": "icchy"
                        },
                        "meta": {},
                        "tainted": false
                    },
                    "deposed": [],
                    "provider": "provider.github"
                },
                "github_team_membership.ictsc8-if001": {
                    "type": "github_team_membership",
                    "depends_on": [
                        "github_membership.if001",
                        "github_team.ictsc8"
                    ],
                    "primary": {
                        "id": "2341229:if001",
                        "attributes": {
                            "etag": "W/\"806c9824cce80bb1cbc7c8b1bcd324bc\"",
                            "id": "2341229:if001",
                            "role": "member",
                            "team_id": "2341229",
                            "username": "if001"
                        },
                        "meta": {},
                        "tainted": false
                    },
                    "deposed": [],
                    "provider": "provider.github"
                },
                "github_team_membership.ictsc8-inuyosi": {
                    "type": "github_team_membership",
                    "depends_on": [
                        "github_membership.inuyosi",
                        "github_team.ictsc8"
                    ],
                    "primary": {
                        "id": "2341229:inuyosi",
                        "attributes": {
                            "etag": "W/\"a7e281e61149e6ec10cad742909ad33a\"",
                            "id": "2341229:inuyosi",
                            "role": "member",
                            "team_id": "2341229",
                            "username": "inuyosi"
                        },
                        "meta": {},
                        "tainted": false
                    },
                    "deposed": [],
                    "provider": "provider.github"
                },
                "github_team_membership.ictsc8-keyakko": {
                    "type": "github_team_membership",
                    "depends_on": [
                        "github_membership.keyakko",
                        "github_team.ictsc8"
                    ],
                    "primary": {
                        "id": "2341229:keyakko",
                        "attributes": {
                            "etag": "W/\"69ebb93a975d28086d1f676a333aebf8\"",
                            "id": "2341229:keyakko",
                            "role": "member",
                            "team_id": "2341229",
                            "username": "keyakko"
                        },
                        "meta": {},
                        "tainted": false
                    },
                    "deposed": [],
                    "provider": "provider.github"
                },
                "github_team_membership.ictsc8-kyontan": {
                    "type": "github_team_membership",
                    "depends_on": [
                        "github_membership.kyontan",
                        "github_team.ictsc8"
                    ],
                    "primary": {
                        "id": "2341229:kyontan",
                        "attributes": {
                            "etag": "W/\"b21821836715c1770b62eb3010efdce3\"",
                            "id": "2341229:kyontan",
                            "role": "member",
                            "team_id": "2341229",
                            "username": "kyontan"
                        },
                        "meta": {},
                        "tainted": false
                    },
                    "deposed": [],
                    "provider": "provider.github"
                },
                "github_team_membership.ictsc8-mbook-x86": {
                    "type": "github_team_membership",
                    "depends_on": [
                        "github_membership.mbook-x86",
                        "github_team.ictsc8"
                    ],
                    "primary": {
                        "id": "2341229:mbook-x86",
                        "attributes": {
                            "etag": "W/\"dc5d801199eb92da53bf7512e93bfbfa\"",
                            "id": "2341229:mbook-x86",
                            "role": "member",
                            "team_id": "2341229",
                            "username": "mbook-x86"
                        },
                        "meta": {},
                        "tainted": false
                    },
                    "deposed": [],
                    "provider": "provider.github"
                },
                "github_team_membership.ictsc8-naoki912": {
                    "type": "github_team_membership",
                    "depends_on": [
                        "github_membership.naoki912",
                        "github_team.ictsc8"
                    ],
                    "primary": {
                        "id": "2341229:naoki912",
                        "attributes": {
                            "etag": "W/\"0a88bc892727ffe45d1924c35ab1cb25\"",
                            "id": "2341229:naoki912",
                            "role": "member",
                            "team_id": "2341229",
                            "username": "naoki912"
                        },
                        "meta": {},
                        "tainted": false
                    },
                    "deposed": [],
                    "provider": "provider.github"
                },
                "github_team_membership.ictsc8-oomorio": {
                    "type": "github_team_membership",
                    "depends_on": [
                        "github_membership.oomorio",
                        "github_team.ictsc8"
                    ],
                    "primary": {
                        "id": "2341229:oomorio",
                        "attributes": {
                            "etag": "W/\"941348de8d305c483926ed3089eba2bf\"",
                            "id": "2341229:oomorio",
                            "role": "member",
                            "team_id": "2341229",
                            "username": "oomorio"
                        },
                        "meta": {},
                        "tainted": false
                    },
                    "deposed": [],
                    "provider": "provider.github"
                },
                "github_team_membership.ictsc8-palloc": {
                    "type": "github_team_membership",
                    "depends_on": [
                        "github_membership.palloc",
                        "github_team.ictsc8"
                    ],
                    "primary": {
                        "id": "2341229:palloc",
                        "attributes": {
                            "etag": "W/\"47a15df9ec8ce3802b1fe552d40cb85f\"",
                            "id": "2341229:palloc",
                            "role": "member",
                            "team_id": "2341229",
                            "username": "palloc"
                        },
                        "meta": {},
                        "tainted": false
                    },
                    "deposed": [],
                    "provider": "provider.github"
                },
                "github_team_membership.ictsc8-staybuzz": {
                    "type": "github_team_membership",
                    "depends_on": [
                        "github_membership.staybuzz",
                        "github_team.ictsc8"
                    ],
                    "primary": {
                        "id": "2341229:staybuzz",
                        "attributes": {
                            "etag": "W/\"e596274ac3a522edf2eb55515ea93f7b\"",
                            "id": "2341229:staybuzz",
                            "role": "member",
                            "team_id": "2341229",
                            "username": "staybuzz"
                        },
                        "meta": {},
                        "tainted": false
                    },
                    "deposed": [],
                    "provider": "provider.github"
                },
                "github_team_membership.ictsc8-whywaita": {
                    "type": "github_team_membership",
                    "depends_on": [
                        "github_membership.whywaita",
                        "github_team.ictsc8"
                    ],
                    "primary": {
                        "id": "2341229:whywaita",
                        "attributes": {
                            "etag": "W/\"6cafcd7ced57c5f15ab4988372b45236\"",
                            "id": "2341229:whywaita",
                            "role": "member",
                            "team_id": "2341229",
                            "username": "whywaita"
                        },
                        "meta": {},
                        "tainted": false
                    },
                    "deposed": [],
                    "provider": "provider.github"
                },
                "github_team_membership.ictsc8-yatuhashi": {
                    "type": "github_team_membership",
                    "depends_on": [
                        "github_membership.yatuhashi",
                        "github_team.ictsc8"
                    ],
                    "primary": {
                        "id": "2341229:yatuhashi",
                        "attributes": {
                            "etag": "W/\"1c5758cce45f9506bec32a0ec0db01eb\"",
                            "id": "2341229:yatuhashi",
                            "role": "member",
                            "team_id": "2341229",
                            "username": "yatuhashi"
                        },
                        "meta": {},
                        "tainted": false
                    },
                    "deposed": [],
                    "provider": "provider.github"
                },
                "github_team_membership.ictsc9-Kurorororo": {
                    "type": "github_team_membership",
                    "depends_on": [
                        "github_membership.Kurorororo",
                        "github_team.ictsc9"
                    ],
                    "primary": {
                        "id": "2818424:Kurorororo",
                        "attributes": {
                            "etag": "W/\"b5b9ccb6130c20cccf5611bef4f4c3f6\"",
                            "id": "2818424:Kurorororo",
                            "role": "member",
                            "team_id": "2818424",
                            "username": "Kurorororo"
                        },
                        "meta": {},
                        "tainted": false
                    },
                    "deposed": [],
                    "provider": "provider.github"
                },
                "github_team_membership.ictsc9-SakurazakaShin": {
                    "type": "github_team_membership",
                    "depends_on": [
                        "github_membership.SakurazakaShin",
                        "github_team.ictsc9"
                    ],
                    "primary": {
                        "id": "2818424:SakurazakaShin",
                        "attributes": {
                            "etag": "W/\"0fc285a3f86f28d04d34bb87179c28b4\"",
                            "id": "2818424:SakurazakaShin",
                            "role": "member",
                            "team_id": "2818424",
                            "username": "SakurazakaShin"
                        },
                        "meta": {},
                        "tainted": false
                    },
                    "deposed": [],
                    "provider": "provider.github"
                },
                "github_team_membership.ictsc9-acque2two": {
                    "type": "github_team_membership",
                    "depends_on": [
                        "github_membership.acque2two",
                        "github_team.ictsc9"
                    ],
                    "primary": {
                        "id": "2818424:acque2two",
                        "attributes": {
                            "etag": "W/\"abbdedc1a7959460655d358a15f8549c\"",
                            "id": "2818424:acque2two",
                            "role": "member",
                            "team_id": "2818424",
                            "username": "acque2two"
                        },
                        "meta": {},
                        "tainted": false
                    },
                    "deposed": [],
                    "provider": "provider.github"
                },
                "github_team_membership.ictsc9-alisamon": {
                    "type": "github_team_membership",
                    "depends_on": [
                        "github_membership.alisamon",
                        "github_team.ictsc9"
                    ],
                    "primary": {
                        "id": "2818424:alisamon",
                        "attributes": {
                            "etag": "W/\"a6c52d315cb936885fb390204c703f5d\"",
                            "id": "2818424:alisamon",
                            "role": "member",
                            "team_id": "2818424",
                            "username": "alisamon"
                        },
                        "meta": {},
                        "tainted": false
                    },
                    "deposed": [],
                    "provider": "provider.github"
                },
                "github_team_membership.ictsc9-chisaton1": {
                    "type": "github_team_membership",
                    "depends_on": [
                        "github_membership.chisaton1",
                        "github_team.ictsc9"
                    ],
                    "primary": {
                        "id": "2818424:chisaton1",
                        "attributes": {
                            "etag": "W/\"000dfb50441546b8e113d98509bcc7fc\"",
                            "id": "2818424:chisaton1",
                            "role": "member",
                            "team_id": "2818424",
                            "username": "chisaton1"
                        },
                        "meta": {},
                        "tainted": false
                    },
                    "deposed": [],
                    "provider": "provider.github"
                },
                "github_team_membership.ictsc9-ecodrive-18": {
                    "type": "github_team_membership",
                    "depends_on": [
                        "github_membership.ecodrive-18",
                        "github_team.ictsc9"
                    ],
                    "primary": {
                        "id": "2818424:ecodrive-18",
                        "attributes": {
                            "etag": "W/\"4c059b6a84b530f2681fea675a969219\"",
                            "id": "2818424:ecodrive-18",
                            "role": "member",
                            "team_id": "2818424",
                            "username": "ecodrive-18"
                        },
                        "meta": {},
                        "tainted": false
                    },
                    "deposed": [],
                    "provider": "provider.github"
                },
                "github_team_membership.ictsc9-freedom18": {
                    "type": "github_team_membership",
                    "depends_on": [
                        "github_membership.freedom18",
                        "github_team.ictsc9"
                    ],
                    "primary": {
                        "id": "2818424:freedom18",
                        "attributes": {
                            "etag": "W/\"fa5cd49106b28799b40e239be10eca1a\"",
                            "id": "2818424:freedom18",
                            "role": "member",
                            "team_id": "2818424",
                            "username": "freedom18"
                        },
                        "meta": {},
                        "tainted": false
                    },
                    "deposed": [],
                    "provider": "provider.github"
                },
                "github_team_membership.ictsc9-gurapomu": {
                    "type": "github_team_membership",
                    "depends_on": [
                        "github_membership.gurapomu",
                        "github_team.ictsc9"
                    ],
                    "primary": {
                        "id": "2818424:gurapomu",
                        "attributes": {
                            "etag": "W/\"442f30ef0367429361bcc8e57bcfbd69\"",
                            "id": "2818424:gurapomu",
                            "role": "member",
                            "team_id": "2818424",
                            "username": "gurapomu"
                        },
                        "meta": {},
                        "tainted": false
                    },
                    "deposed": [],
                    "provider": "provider.github"
                },
                "github_team_membership.ictsc9-h-otter": {
                    "type": "github_team_membership",
                    "depends_on": [
                        "github_membership.h-otter",
                        "github_team.ictsc9"
                    ],
                    "primary": {
                        "id": "2818424:h-otter",
                        "attributes": {
                            "etag": "W/\"51c69f426d95daa3a907ab7423316c7a\"",
                            "id": "2818424:h-otter",
                            "role": "member",
                            "team_id": "2818424",
                            "username": "h-otter"
                        },
                        "meta": {},
                        "tainted": false
                    },
                    "deposed": [],
                    "provider": "provider.github"
                },
                "github_team_membership.ictsc9-ha-kun0711": {
                    "type": "github_team_membership",
                    "depends_on": [
                        "github_membership.ha-kun0711",
                        "github_team.ictsc9"
                    ],
                    "primary": {
                        "id": "2818424:ha-kun0711",
                        "attributes": {
                            "etag": "W/\"19c57a1ed06f074b4254f4c6313dcd7f\"",
                            "id": "2818424:ha-kun0711",
                            "role": "member",
                            "team_id": "2818424",
                            "username": "ha-kun0711"
                        },
                        "meta": {},
                        "tainted": false
                    },
                    "deposed": [],
                    "provider": "provider.github"
                },
                "github_team_membership.ictsc9-icchy": {
                    "type": "github_team_membership",
                    "depends_on": [
                        "github_membership.icchy",
                        "github_team.ictsc9"
                    ],
                    "primary": {
                        "id": "2818424:icchy",
                        "attributes": {
                            "etag": "W/\"7f8982cb0c28b6f1bde84b0a1284c460\"",
                            "id": "2818424:icchy",
                            "role": "member",
                            "team_id": "2818424",
                            "username": "icchy"
                        },
                        "meta": {},
                        "tainted": false
                    },
                    "deposed": [],
                    "provider": "provider.github"
                },
                "github_team_membership.ictsc9-itakuya": {
                    "type": "github_team_membership",
                    "depends_on": [
                        "github_membership.itakuya",
                        "github_team.ictsc9"
                    ],
                    "primary": {
                        "id": "2818424:itakuya",
                        "attributes": {
                            "etag": "W/\"fff9fb4f7a44bea8a0f8405f3dcdc417\"",
                            "id": "2818424:itakuya",
                            "role": "member",
                            "team_id": "2818424",
                            "username": "itakuya"
                        },
                        "meta": {},
                        "tainted": false
                    },
                    "deposed": [],
                    "provider": "provider.github"
                },
                "github_team_membership.ictsc9-mbook-x86": {
                    "type": "github_team_membership",
                    "depends_on": [
                        "github_membership.mbook-x86",
                        "github_team.ictsc9"
                    ],
                    "primary": {
                        "id": "2818424:mbook-x86",
                        "attributes": {
                            "etag": "W/\"d2130619ecbb11d4e2bbd8a567c06a9d\"",
                            "id": "2818424:mbook-x86",
                            "role": "member",
                            "team_id": "2818424",
                            "username": "mbook-x86"
                        },
                        "meta": {},
                        "tainted": false
                    },
                    "deposed": [],
                    "provider": "provider.github"
                },
                "github_team_membership.ictsc9-naoki912": {
                    "type": "github_team_membership",
                    "depends_on": [
                        "github_membership.naoki912",
                        "github_team.ictsc9"
                    ],
                    "primary": {
                        "id": "2818424:naoki912",
                        "attributes": {
                            "etag": "W/\"61262575cf223b5bb95cd83943b441e2\"",
                            "id": "2818424:naoki912",
                            "role": "member",
                            "team_id": "2818424",
                            "username": "naoki912"
                        },
                        "meta": {},
                        "tainted": false
                    },
                    "deposed": [],
                    "provider": "provider.github"
                },
                "github_team_membership.ictsc9-nomeaning777": {
                    "type": "github_team_membership",
                    "depends_on": [
                        "github_membership.nomeaning777",
                        "github_team.ictsc9"
                    ],
                    "primary": {
                        "id": "2818424:nomeaning777",
                        "attributes": {
                            "etag": "W/\"10d92f353db672e8b56b41b33e1eac8c\"",
                            "id": "2818424:nomeaning777",
                            "role": "member",
                            "team_id": "2818424",
                            "username": "nomeaning777"
                        },
                        "meta": {},
                        "tainted": false
                    },
                    "deposed": [],
                    "provider": "provider.github"
                },
                "github_team_membership.ictsc9-palloc": {
                    "type": "github_team_membership",
                    "depends_on": [
                        "github_membership.palloc",
                        "github_team.ictsc9"
                    ],
                    "primary": {
                        "id": "2818424:palloc",
                        "attributes": {
                            "etag": "W/\"ffe138943cd234522b4dfacf7e7033b8\"",
                            "id": "2818424:palloc",
                            "role": "member",
                            "team_id": "2818424",
                            "username": "palloc"
                        },
                        "meta": {},
                        "tainted": false
                    },
                    "deposed": [],
                    "provider": "provider.github"
                },
                "github_team_membership.ictsc9-sharknasuhorse": {
                    "type": "github_team_membership",
                    "depends_on": [
                        "github_membership.sharknasuhorse",
                        "github_team.ictsc9"
                    ],
                    "primary": {
                        "id": "2818424:sharknasuhorse",
                        "attributes": {
                            "etag": "W/\"88171539da31f92d4571d37d84e38085\"",
                            "id": "2818424:sharknasuhorse",
                            "role": "member",
                            "team_id": "2818424",
                            "username": "sharknasuhorse"
                        },
                        "meta": {},
                        "tainted": false
                    },
                    "deposed": [],
                    "provider": "provider.github"
                },
                "github_team_membership.ictsc9-shinonome01": {
                    "type": "github_team_membership",
                    "depends_on": [
                        "github_membership.shinonome01",
                        "github_team.ictsc9"
                    ],
                    "primary": {
                        "id": "2818424:shinonome01",
                        "attributes": {
                            "etag": "W/\"fd6d43aa0de6d7e6dfb42e33a5c29eb3\"",
                            "id": "2818424:shinonome01",
                            "role": "member",
                            "team_id": "2818424",
                            "username": "shinonome01"
                        },
                        "meta": {},
                        "tainted": false
                    },
                    "deposed": [],
                    "provider": "provider.github"
                },
                "github_team_membership.ictsc9-tsuttsu305": {
                    "type": "github_team_membership",
                    "depends_on": [
                        "github_membership.tsuttsu305",
                        "github_team.ictsc9"
                    ],
                    "primary": {
                        "id": "2818424:tsuttsu305",
                        "attributes": {
                            "etag": "W/\"ed53984714cbafb9913f54408f1e9bef\"",
                            "id": "2818424:tsuttsu305",
                            "role": "member",
                            "team_id": "2818424",
                            "username": "tsuttsu305"
                        },
                        "meta": {},
                        "tainted": false
                    },
                    "deposed": [],
                    "provider": "provider.github"
                },
                "github_team_membership.ictsc9-uplus": {
                    "type": "github_team_membership",
                    "depends_on": [
                        "github_membership.uplus",
                        "github_team.ictsc9"
                    ],
                    "primary": {
                        "id": "2818424:uplus",
                        "attributes": {
                            "etag": "W/\"2e900a770381d18afe4e08b94a5f4ff5\"",
                            "id": "2818424:uplus",
                            "role": "member",
                            "team_id": "2818424",
                            "username": "uplus"
                        },
                        "meta": {},
                        "tainted": false
                    },
                    "deposed": [],
                    "provider": "provider.github"
                },
                "github_team_membership.ictsc9-whywaita": {
                    "type": "github_team_membership",
                    "depends_on": [
                        "github_membership.whywaita",
                        "github_team.ictsc9"
                    ],
                    "primary": {
                        "id": "2818424:whywaita",
                        "attributes": {
                            "etag": "W/\"fbab00393464491c8b48f89cb10e5d53\"",
                            "id": "2818424:whywaita",
                            "role": "member",
                            "team_id": "2818424",
                            "username": "whywaita"
                        },
                        "meta": {},
                        "tainted": false
                    },
                    "deposed": [],
                    "provider": "provider.github"
                },
                "github_team_membership.ictsc9-yatuhashi": {
                    "type": "github_team_membership",
                    "depends_on": [
                        "github_membership.yatuhashi",
                        "github_team.ictsc9"
                    ],
                    "primary": {
                        "id": "2818424:yatuhashi",
                        "attributes": {
                            "etag": "W/\"5c7834f56c363ad298cf1760f0fe6c37\"",
                            "id": "2818424:yatuhashi",
                            "role": "member",
                            "team_id": "2818424",
                            "username": "yatuhashi"
                        },
                        "meta": {},
                        "tainted": false
                    },
                    "deposed": [],
                    "provider": "provider.github"
                },
                "github_team_membership.score-dev-uplus": {
                    "type": "github_team_membership",
                    "depends_on": [
                        "github_membership.uplus",
                        "github_team.score-dev"
                    ],
                    "primary": {
                        "id": "2004353:uplus",
                        "attributes": {
                            "etag": "W/\"d9468f78317aadf1c431a034ca65f95e\"",
                            "id": "2004353:uplus",
                            "role": "maintainer",
                            "team_id": "2004353",
                            "username": "uplus"
                        },
                        "meta": {},
                        "tainted": false
                    },
                    "deposed": [],
                    "provider": "provider.github"
                },
                "github_team_repository.admin-ictsc-network": {
                    "type": "github_team_repository",
                    "depends_on": [
                        "github_team.admin"
                    ],
                    "primary": {
                        "id": "2008807:ictsc-network",
                        "attributes": {
                            "etag": "W/\"4173c60b6705c885e47f09536a8c49d9\"",
                            "id": "2008807:ictsc-network",
                            "permission": "admin",
                            "repository": "ictsc-network",
                            "team_id": "2008807"
                        },
                        "meta": {},
                        "tainted": false
                    },
                    "deposed": [],
                    "provider": "provider.github"
                },
                "github_team_repository.admin-ictsc-playbooks": {
                    "type": "github_team_repository",
                    "depends_on": [
                        "github_team.admin"
                    ],
                    "primary": {
                        "id": "2008807:ictsc-playbooks",
                        "attributes": {
                            "etag": "W/\"c41a469ee6d7d853850d74912e7aeba0\"",
                            "id": "2008807:ictsc-playbooks",
                            "permission": "admin",
                            "repository": "ictsc-playbooks",
                            "team_id": "2008807"
                        },
                        "meta": {},
                        "tainted": false
                    },
                    "deposed": [],
                    "provider": "provider.github"
                },
                "github_team_repository.admin-ictsc-problems": {
                    "type": "github_team_repository",
                    "depends_on": [
                        "github_team.admin"
                    ],
                    "primary": {
                        "id": "2008807:ictsc-problems",
                        "attributes": {
                            "etag": "W/\"2e5628ed7c5bb4490b2ef48727295fd7\"",
                            "id": "2008807:ictsc-problems",
                            "permission": "admin",
                            "repository": "ictsc-problems",
                            "team_id": "2008807"
                        },
                        "meta": {},
                        "tainted": false
                    },
                    "deposed": [],
                    "provider": "provider.github"
                },
                "github_team_repository.admin-ictsc-sandbox": {
                    "type": "github_team_repository",
                    "depends_on": [
                        "github_team.admin"
                    ],
                    "primary": {
                        "id": "2008807:ictsc-sandbox",
                        "attributes": {
                            "etag": "W/\"cbfe550c844ddae9bb69200e42a360c3\"",
                            "id": "2008807:ictsc-sandbox",
                            "permission": "admin",
                            "repository": "ictsc-sandbox",
                            "team_id": "2008807"
                        },
                        "meta": {},
                        "tainted": false
                    },
                    "deposed": [],
                    "provider": "provider.github"
                },
                "github_team_repository.admin-ictsc-score-server": {
                    "type": "github_team_repository",
                    "depends_on": [
                        "github_team.admin"
                    ],
                    "primary": {
                        "id": "2008807:ictsc-score-server",
                        "attributes": {
                            "etag": "W/\"ff00aa6a8973b786e7e6772971218ff0\"",
                            "id": "2008807:ictsc-score-server",
                            "permission": "admin",
                            "repository": "ictsc-score-server",
                            "team_id": "2008807"
                        },
                        "meta": {},
                        "tainted": false
                    },
                    "deposed": [],
                    "provider": "provider.github"
                },
                "github_team_repository.admin-kakisute-script": {
                    "type": "github_team_repository",
                    "depends_on": [
                        "github_team.admin"
                    ],
                    "primary": {
                        "id": "2008807:kakisute-script",
                        "attributes": {
                            "etag": "W/\"9f4dc5294775a72b7d7978ed71e78951\"",
                            "id": "2008807:kakisute-script",
                            "permission": "admin",
                            "repository": "kakisute-script",
                            "team_id": "2008807"
                        },
                        "meta": {},
                        "tainted": false
                    },
                    "deposed": [],
                    "provider": "provider.github"
                },
                "github_team_repository.admin-network-config": {
                    "type": "github_team_repository",
                    "depends_on": [
                        "github_team.admin"
                    ],
                    "primary": {
                        "id": "2008807:network-config",
                        "attributes": {
                            "etag": "W/\"96578d0916ecb422b5ab043b37490438\"",
                            "id": "2008807:network-config",
                            "permission": "admin",
                            "repository": "network-config",
                            "team_id": "2008807"
                        },
                        "meta": {},
                        "tainted": false
                    },
                    "deposed": [],
                    "provider": "provider.github"
                },
                "github_team_repository.ictsc2020-ictsc-network": {
                    "type": "github_team_repository",
                    "depends_on": [
                        "github_team.ictsc2020"
                    ],
                    "primary": {
                        "id": "3894829:ictsc-network",
                        "attributes": {
                            "etag": "W/\"b9b984e31a74a246692b73d45fcff2e2\"",
                            "id": "3894829:ictsc-network",
                            "permission": "push",
                            "repository": "ictsc-network",
                            "team_id": "3894829"
                        },
                        "meta": {},
                        "tainted": false
                    },
                    "deposed": [],
                    "provider": "provider.github"
                },
                "github_team_repository.ictsc2020-ictsc-playbooks": {
                    "type": "github_team_repository",
                    "depends_on": [
                        "github_team.ictsc2020"
                    ],
                    "primary": {
                        "id": "3894829:ictsc-playbooks",
                        "attributes": {
                            "etag": "W/\"542bdb3b9367c8005751eb820d842cea\"",
                            "id": "3894829:ictsc-playbooks",
                            "permission": "push",
                            "repository": "ictsc-playbooks",
                            "team_id": "3894829"
                        },
                        "meta": {},
                        "tainted": false
                    },
                    "deposed": [],
                    "provider": "provider.github"
                },
                "github_team_repository.ictsc2020-ictsc-problems": {
                    "type": "github_team_repository",
                    "depends_on": [
                        "github_team.ictsc2020"
                    ],
                    "primary": {
                        "id": "3894829:ictsc-problems",
                        "attributes": {
                            "etag": "W/\"6bbb1371c2eca328e766163af6d1b560\"",
                            "id": "3894829:ictsc-problems",
                            "permission": "push",
                            "repository": "ictsc-problems",
                            "team_id": "3894829"
                        },
                        "meta": {},
                        "tainted": false
                    },
                    "deposed": [],
                    "provider": "provider.github"
                },
                "github_team_repository.ictsc2020-ictsc-sandbox": {
                    "type": "github_team_repository",
                    "depends_on": [
                        "github_team.ictsc2020"
                    ],
                    "primary": {
                        "id": "3894829:ictsc-sandbox",
                        "attributes": {
                            "etag": "W/\"cbfe550c844ddae9bb69200e42a360c3\"",
                            "id": "3894829:ictsc-sandbox",
                            "permission": "admin",
                            "repository": "ictsc-sandbox",
                            "team_id": "3894829"
                        },
                        "meta": {},
                        "tainted": false
                    },
                    "deposed": [],
                    "provider": "provider.github"
                },
                "github_team_repository.ictsc2020-ictsc-score-server": {
                    "type": "github_team_repository",
                    "depends_on": [
                        "github_team.ictsc2020"
                    ],
                    "primary": {
                        "id": "3894829:ictsc-score-server",
                        "attributes": {
                            "etag": "W/\"5060933ab3a8dda92be369426de93ee5\"",
                            "id": "3894829:ictsc-score-server",
                            "permission": "push",
                            "repository": "ictsc-score-server",
                            "team_id": "3894829"
                        },
                        "meta": {},
                        "tainted": false
                    },
                    "deposed": [],
                    "provider": "provider.github"
                },
                "github_team_repository.ictsc2020-kakisute-script": {
                    "type": "github_team_repository",
                    "depends_on": [
                        "github_team.ictsc2020"
                    ],
                    "primary": {
                        "id": "3894829:kakisute-script",
                        "attributes": {
                            "etag": "W/\"93fe862d50793d304a15364fa648c5f5\"",
                            "id": "3894829:kakisute-script",
                            "permission": "push",
                            "repository": "kakisute-script",
                            "team_id": "3894829"
                        },
                        "meta": {},
                        "tainted": false
                    },
                    "deposed": [],
                    "provider": "provider.github"
                },
                "github_team_repository.ictsc2020-network-config": {
                    "type": "github_team_repository",
                    "depends_on": [
                        "github_team.ictsc2020"
                    ],
                    "primary": {
                        "id": "3894829:network-config",
                        "attributes": {
                            "etag": "W/\"9419d9967ca06888583774e03b40633a\"",
                            "id": "3894829:network-config",
                            "permission": "push",
                            "repository": "network-config",
                            "team_id": "3894829"
                        },
                        "meta": {},
                        "tainted": false
                    },
                    "deposed": [],
                    "provider": "provider.github"
                },
                "github_team_repository.ictsc2020-prep-problems": {
                    "type": "github_team_repository",
                    "depends_on": [
                        "github_team.ictsc2020"
                    ],
                    "primary": {
                        "id": "3894829:prep-problems",
                        "attributes": {
                            "etag": "W/\"11e5709027fc89a7ff9832c216217d04\"",
                            "id": "3894829:prep-problems",
                            "permission": "push",
                            "repository": "prep-problems",
                            "team_id": "3894829"
                        },
                        "meta": {},
                        "tainted": false
                    },
                    "deposed": [],
                    "provider": "provider.github"
                },
                "github_team_repository.ictsc2020-prep-pstate": {
                    "type": "github_team_repository",
                    "depends_on": [
                        "github_team.ictsc2020"
                    ],
                    "primary": {
                        "id": "3894829:prep-pstate",
                        "attributes": {
                            "etag": "W/\"6276c6e56dbeba031feae53ad5f56d40\"",
                            "id": "3894829:prep-pstate",
                            "permission": "push",
                            "repository": "prep-pstate",
                            "team_id": "3894829"
                        },
                        "meta": {},
                        "tainted": false
                    },
                    "deposed": [],
                    "provider": "provider.github"
                },
                "github_team_repository.ictsc2020-prep-relate": {
                    "type": "github_team_repository",
                    "depends_on": [
                        "github_team.ictsc2020"
                    ],
                    "primary": {
                        "id": "3894829:prep-relate",
                        "attributes": {
                            "etag": "W/\"7d729d4b74abb79ff44dba924ff39a10\"",
                            "id": "3894829:prep-relate",
                            "permission": "push",
                            "repository": "prep-relate",
                            "team_id": "3894829"
                        },
                        "meta": {},
                        "tainted": false
                    },
                    "deposed": [],
                    "provider": "provider.github"
                },
                "github_team_repository.score-dev-ictsc-score-server": {
                    "type": "github_team_repository",
                    "depends_on": [
                        "github_team.score-dev"
                    ],
                    "primary": {
                        "id": "2004353:ictsc-score-server",
                        "attributes": {
                            "etag": "W/\"ff00aa6a8973b786e7e6772971218ff0\"",
                            "id": "2004353:ictsc-score-server",
                            "permission": "admin",
                            "repository": "ictsc-score-server",
                            "team_id": "2004353"
                        },
                        "meta": {},
                        "tainted": false
                    },
                    "deposed": [],
                    "provider": "provider.github"
                }
            },
            "depends_on": []
        }
    ]
}
