{
  "version": 4,
  "terraform_version": "1.3.5",
  "serial": 59,
  "lineage": "842a2913-e436-4381-8e72-045e740c9c1f",
  "outputs": {},
  "resources": [
    {
      "mode": "managed",
      "type": "github_membership",
      "name": "928k1110",
      "provider": "provider[\"registry.terraform.io/integrations/github\"]",
      "instances": [
        {
          "schema_version": 0,
          "attributes_flat": {
            "etag": "W/\"4b1db5582d26ed97294f2688e1b1067d62b2146b133733feffb17280ff4d6ff3\"",
            "id": "ictsc:928k1110",
            "role": "member",
            "username": "928k1110"
          },
          "sensitive_attributes": []
        }
      ]
    },
    {
      "mode": "managed",
      "type": "github_membership",
      "name": "Azusa72",
      "provider": "provider[\"registry.terraform.io/integrations/github\"]",
      "instances": [
        {
          "schema_version": 0,
          "attributes_flat": {
            "etag": "W/\"bcf4bdae793ba258f16e4d93e6b9b940fd8ac0e5d0596f79f359f31712c468dc\"",
            "id": "ictsc:Azusa72",
            "role": "member",
            "username": "Azusa72"
          },
          "sensitive_attributes": []
        }
      ]
    },
    {
      "mode": "managed",
      "type": "github_membership",
      "name": "Explosive6363",
      "provider": "provider[\"registry.terraform.io/integrations/github\"]",
      "instances": [
        {
          "schema_version": 0,
          "attributes_flat": {
            "etag": "W/\"1bcdbd1a72ee00598e1a02441509ea240ce27a4a29b296b380655a6a19aca223\"",
            "id": "ictsc:Explosive6363",
            "role": "admin",
            "username": "Explosive6363"
          },
          "sensitive_attributes": []
        }
      ]
    },
    {
      "mode": "managed",
      "type": "github_membership",
      "name": "Hicky1025",
      "provider": "provider[\"registry.terraform.io/integrations/github\"]",
      "instances": [
        {
          "schema_version": 0,
          "attributes_flat": {
            "etag": "W/\"5c50a513b478ac00fc10af9cf73c8ecd422bb7aecd857831ad5c76206f15dbbe\"",
            "id": "ictsc:Hicky1025",
            "role": "member",
            "username": "Hicky1025"
          },
          "sensitive_attributes": []
        }
      ]
    },
    {
      "mode": "managed",
      "type": "github_membership",
      "name": "Iwancof",
      "provider": "provider[\"registry.terraform.io/integrations/github\"]",
      "instances": [
        {
          "schema_version": 0,
          "attributes_flat": {
            "etag": "W/\"c812c9b1e02e22d7d120683194d0d265636c0d5a07a4e920e3c462757db056db\"",
            "id": "ictsc:Iwancof",
            "role": "member",
            "username": "Iwancof"
          },
          "sensitive_attributes": []
        }
      ]
    },
    {
      "mode": "managed",
      "type": "github_membership",
      "name": "K-shir0",
      "provider": "provider[\"registry.terraform.io/integrations/github\"]",
      "instances": [
        {
          "schema_version": 0,
          "attributes_flat": {
            "etag": "W/\"2639fd012b0df828fff9e207219a37b033695ca60cb7c63bab3b3e4ae5a758c2\"",
            "id": "ictsc:K-shir0",
            "role": "member",
            "username": "K-shir0"
          },
          "sensitive_attributes": []
        }
      ]
    },
    {
      "mode": "managed",
      "type": "github_membership",
      "name": "Katsuya414",
      "provider": "provider[\"registry.terraform.io/integrations/github\"]",
      "instances": [
        {
          "schema_version": 0,
          "attributes_flat": {
            "etag": "W/\"972ff88e86bd7aea6f5c6b112cf4cb24e1044287a3c3499b6d95d44071e6061f\"",
            "id": "ictsc:Katsuya414",
            "role": "member",
            "username": "Katsuya414"
          },
          "sensitive_attributes": []
        }
      ]
    },
    {
      "mode": "managed",
      "type": "github_membership",
      "name": "Kurorororo",
      "provider": "provider[\"registry.terraform.io/integrations/github\"]",
      "instances": [
        {
          "schema_version": 0,
          "attributes_flat": {
            "etag": "W/\"2841e96bd46cbcdc1e07f721c13df06bf6581354dc37842fa311a7f66077cf04\"",
            "id": "ictsc:Kurorororo",
            "role": "member",
            "username": "Kurorororo"
          },
          "sensitive_attributes": []
        }
      ]
    },
    {
      "mode": "managed",
      "type": "github_membership",
      "name": "NozomiSugiyama",
      "provider": "provider[\"registry.terraform.io/integrations/github\"]",
      "instances": [
        {
          "schema_version": 0,
          "attributes_flat": {
            "etag": "W/\"3eb06771fab59685ecd3ae1645dd0fcf793500d723c251dce52c63a7c5ba05a9\"",
            "id": "ictsc:NozomiSugiyama",
            "role": "member",
            "username": "NozomiSugiyama"
          },
          "sensitive_attributes": []
        }
      ]
    },
    {
      "mode": "managed",
      "type": "github_membership",
      "name": "SakurazakaShin",
      "provider": "provider[\"registry.terraform.io/integrations/github\"]",
      "instances": [
        {
          "schema_version": 0,
          "attributes_flat": {
            "etag": "W/\"136d1679f4a170620ee5be6132b0ee75bd2e8b00fdf726347a7a25dc935bedd5\"",
            "id": "ictsc:SakurazakaShin",
            "role": "member",
            "username": "SakurazakaShin"
          },
          "sensitive_attributes": []
        }
      ]
    },
    {
      "mode": "managed",
      "type": "github_membership",
      "name": "SallyAcolyte",
      "provider": "provider[\"registry.terraform.io/integrations/github\"]",
      "instances": [
        {
          "schema_version": 0,
          "attributes_flat": {
            "etag": "W/\"e5aef1638b86e3acac809bb401322f59b10c29eddbf2297ea82a7bbac647ac52\"",
            "id": "ictsc:SallyAcolyte",
            "role": "member",
            "username": "SallyAcolyte"
          },
          "sensitive_attributes": []
        }
      ]
    },
    {
      "mode": "managed",
      "type": "github_membership",
      "name": "ShotaKitazawa",
      "provider": "provider[\"registry.terraform.io/integrations/github\"]",
      "instances": [
        {
          "schema_version": 0,
          "attributes_flat": {
            "etag": "W/\"ade1411afe3261d5a0407d05dbffe60698eb3cbe9234a25b9d84f1b92f7fec7d\"",
            "id": "ictsc:ShotaKitazawa",
            "role": "member",
            "username": "ShotaKitazawa"
          },
          "sensitive_attributes": []
        }
      ]
    },
    {
      "mode": "managed",
      "type": "github_membership",
      "name": "SilEighty-ym",
      "provider": "provider[\"registry.terraform.io/integrations/github\"]",
      "instances": [
        {
          "schema_version": 0,
          "attributes_flat": {
            "etag": "W/\"b7accb475f791e4baba3096f007be252703bfc4a6999c5569fe71978d627831d\"",
            "id": "ictsc:SilEighty-ym",
            "role": "member",
            "username": "SilEighty-ym"
          },
          "sensitive_attributes": []
        }
      ]
    },
    {
      "mode": "managed",
      "type": "github_membership",
      "name": "TenkiGit",
      "provider": "provider[\"registry.terraform.io/integrations/github\"]",
      "instances": [
        {
          "schema_version": 0,
          "attributes_flat": {
            "etag": "W/\"bf94d097e422cce3fbbb418e4f0fa80afbe6e759d93439b997e31dd99fe3368e\"",
            "id": "ictsc:TenkiGit",
            "role": "member",
            "username": "TenkiGit"
          },
          "sensitive_attributes": []
        }
      ]
    },
    {
      "mode": "managed",
      "type": "github_membership",
      "name": "Terfno",
      "provider": "provider[\"registry.terraform.io/integrations/github\"]",
      "instances": [
        {
          "schema_version": 0,
          "attributes_flat": {
            "etag": "W/\"9cfda321f9b59e340c1eea659931afec72f4d29c139a40004897eebaf099055e\"",
            "id": "ictsc:Terfno",
            "role": "member",
            "username": "Terfno"
          },
          "sensitive_attributes": []
        }
      ]
    },
    {
      "mode": "managed",
      "type": "github_membership",
      "name": "a-r-g-v",
      "provider": "provider[\"registry.terraform.io/integrations/github\"]",
      "instances": [
        {
          "schema_version": 0,
          "attributes_flat": {
            "etag": "W/\"0e90d88b7786a0965bd3594a054feae86864340a480e7f32c497b5e907342db0\"",
            "id": "ictsc:a-r-g-v",
            "role": "member",
            "username": "a-r-g-v"
          },
          "sensitive_attributes": []
        }
      ]
    },
    {
      "mode": "managed",
      "type": "github_membership",
      "name": "acque2two",
      "provider": "provider[\"registry.terraform.io/integrations/github\"]",
      "instances": [
        {
          "schema_version": 0,
          "attributes_flat": {
            "etag": "W/\"f5f2c87f41a020015d1803862547a47e7d8369da8ec6532f96391c7e9dd02d1f\"",
            "id": "ictsc:acque2two",
            "role": "member",
            "username": "acque2two"
          },
          "sensitive_attributes": []
        }
      ]
    },
    {
      "mode": "managed",
      "type": "github_membership",
      "name": "alias-aria",
      "provider": "provider[\"registry.terraform.io/integrations/github\"]",
      "instances": [
        {
          "schema_version": 0,
          "attributes_flat": {
            "etag": "W/\"68cfde9e6bf36e23534642e12459cc14a283d2caaf65e4bf169204120a6a8c9f\"",
            "id": "ictsc:alias-aria",
            "role": "member",
            "username": "alias-aria"
          },
          "sensitive_attributes": []
        }
      ]
    },
    {
      "mode": "managed",
      "type": "github_membership",
      "name": "alisamon",
      "provider": "provider[\"registry.terraform.io/integrations/github\"]",
      "instances": [
        {
          "schema_version": 0,
          "attributes_flat": {
            "etag": "W/\"a2dcf852e17013b6b3315c5afd2d744d5df8c0c9110cd58db05b29902e2c01bc\"",
            "id": "ictsc:alisamon",
            "role": "member",
            "username": "alisamon"
          },
          "sensitive_attributes": []
        }
      ]
    },
    {
      "mode": "managed",
      "type": "github_membership",
      "name": "aoi96",
      "provider": "provider[\"registry.terraform.io/integrations/github\"]",
      "instances": [
        {
          "schema_version": 0,
          "attributes_flat": {
            "etag": "W/\"855227a5d0116d1f6941c7f40461cfb6d94e8d7dfba4026691d7ca4138b351ed\"",
            "id": "ictsc:aoi96",
            "role": "member",
            "username": "aoi96"
          },
          "sensitive_attributes": []
        }
      ]
    },
    {
      "mode": "managed",
      "type": "github_membership",
      "name": "arupakan125",
      "provider": "provider[\"registry.terraform.io/integrations/github\"]",
      "instances": [
        {
          "schema_version": 0,
          "attributes_flat": {
            "etag": "W/\"44607d7b92a8969b3ebb4b6d0adec4fe698300cdf56a3639ee7845792347cade\"",
            "id": "ictsc:arupakan125",
            "role": "member",
            "username": "arupakan125"
          },
          "sensitive_attributes": []
        }
      ]
    },
    {
      "mode": "managed",
      "type": "github_membership",
      "name": "asarijiru",
      "provider": "provider[\"registry.terraform.io/integrations/github\"]",
      "instances": [
        {
          "schema_version": 0,
          "attributes_flat": {
            "etag": "W/\"48a03a16495dc7e6ae73c0f96714da60fa124f5dcee9953361433f0ef26829e8\"",
            "id": "ictsc:asarijiru",
            "role": "member",
            "username": "asarijiru"
          },
          "sensitive_attributes": []
        }
      ]
    },
    {
      "mode": "managed",
      "type": "github_membership",
      "name": "asdfec",
      "provider": "provider[\"registry.terraform.io/integrations/github\"]",
      "instances": [
        {
          "schema_version": 0,
          "attributes_flat": {
            "etag": "W/\"433f9f0338d8d64f8b782d431f973211f7a49ff2312a924b9adb9e3fb6e3ff7a\"",
            "id": "ictsc:asdfec",
            "role": "member",
            "username": "asdfec"
          },
          "sensitive_attributes": []
        }
      ]
    },
    {
      "mode": "managed",
      "type": "github_membership",
      "name": "beggarl",
      "provider": "provider[\"registry.terraform.io/integrations/github\"]",
      "instances": [
        {
          "schema_version": 0,
          "attributes_flat": {
            "etag": "W/\"6c7acbe73c08b1629cc8a231eeede7673f72c744e753baf259cf4a40ddf6151c\"",
            "id": "ictsc:beggarl",
            "role": "member",
            "username": "beggarl"
          },
          "sensitive_attributes": []
        }
      ]
    },
    {
      "mode": "managed",
      "type": "github_membership",
      "name": "bosan120",
      "provider": "provider[\"registry.terraform.io/integrations/github\"]",
      "instances": [
        {
          "schema_version": 0,
          "attributes_flat": {
            "etag": "W/\"4b86ce464e912b28bf069862ece34a9ca86eb2447d8fba76b7f4e5180deaf2ba\"",
            "id": "ictsc:bosan120",
            "role": "member",
            "username": "bosan120"
          },
          "sensitive_attributes": []
        }
      ]
    },
    {
      "mode": "managed",
      "type": "github_membership",
      "name": "chalkygames123",
      "provider": "provider[\"registry.terraform.io/integrations/github\"]",
      "instances": [
        {
          "schema_version": 0,
          "attributes_flat": {
            "etag": "W/\"5475265099cc8eca859c1eacfdf246e2b6abcfc4474e2f586a50e56e6ba54654\"",
            "id": "ictsc:chalkygames123",
            "role": "member",
            "username": "chalkygames123"
          },
          "sensitive_attributes": []
        }
      ]
    },
    {
      "mode": "managed",
      "type": "github_membership",
      "name": "chamaharun",
      "provider": "provider[\"registry.terraform.io/integrations/github\"]",
      "instances": [
        {
          "schema_version": 0,
          "attributes_flat": {
            "etag": "W/\"d1582f118d0c57b6a5f9b3b5e31e98fdb5353cae4c30f94fcd2029aad57973b5\"",
            "id": "ictsc:chamaharun",
            "role": "member",
            "username": "chamaharun"
          },
          "sensitive_attributes": []
        }
      ]
    },
    {
      "mode": "managed",
      "type": "github_membership",
      "name": "chaya2z",
      "provider": "provider[\"registry.terraform.io/integrations/github\"]",
      "instances": [
        {
          "schema_version": 0,
          "attributes_flat": {
            "etag": "W/\"21e1ea5dbea5a218d151a9ca1b4edce25ea8c253c12d84d5de7b0b0e37534598\"",
            "id": "ictsc:chaya2z",
            "role": "member",
            "username": "chaya2z"
          },
          "sensitive_attributes": []
        }
      ]
    },
    {
      "mode": "managed",
      "type": "github_membership",
      "name": "chibiegg",
      "provider": "provider[\"registry.terraform.io/integrations/github\"]",
      "instances": [
        {
          "schema_version": 0,
          "attributes_flat": {
            "etag": "W/\"24be7780abeccf9d92009059a452b9648e1b798e66cce2c3844d5e37d6667a8a\"",
            "id": "ictsc:chibiegg",
            "role": "member",
            "username": "chibiegg"
          },
          "sensitive_attributes": []
        }
      ]
    },
    {
      "mode": "managed",
      "type": "github_membership",
      "name": "chisaton1",
      "provider": "provider[\"registry.terraform.io/integrations/github\"]",
      "instances": [
        {
          "schema_version": 0,
          "attributes_flat": {
            "etag": "W/\"a091a710f84bc72a1546035aeb3b36025345fe3ad6d24f3362ee82e26ee32fc5\"",
            "id": "ictsc:chisaton1",
            "role": "member",
            "username": "chisaton1"
          },
          "sensitive_attributes": []
        }
      ]
    },
    {
      "mode": "managed",
      "type": "github_membership",
      "name": "chouett0",
      "provider": "provider[\"registry.terraform.io/integrations/github\"]",
      "instances": [
        {
          "schema_version": 0,
          "attributes_flat": {
            "etag": "W/\"417bef3c790a2d2607483b34dbc52f6a44fa2ae1ae0b1730f41a99730c0e9c0c\"",
            "id": "ictsc:chouett0",
            "role": "member",
            "username": "chouett0"
          },
          "sensitive_attributes": []
        }
      ]
    },
    {
      "mode": "managed",
      "type": "github_membership",
      "name": "ecodrive-18",
      "provider": "provider[\"registry.terraform.io/integrations/github\"]",
      "instances": [
        {
          "schema_version": 0,
          "attributes_flat": {
            "etag": "W/\"3c2e1afd495a6639be97a641bae9859756ac7ae21670f319ae53159973e42a73\"",
            "id": "ictsc:ecodrive-18",
            "role": "member",
            "username": "ecodrive-18"
          },
          "sensitive_attributes": []
        }
      ]
    },
    {
      "mode": "managed",
      "type": "github_membership",
      "name": "freedom18",
      "provider": "provider[\"registry.terraform.io/integrations/github\"]",
      "instances": [
        {
          "schema_version": 0,
          "attributes_flat": {
            "etag": "W/\"cc923243a66a3224eb6f5ebf7e8f3a8b4f0be12c9c13278378be7cbefd9664ab\"",
            "id": "ictsc:freedom18",
            "role": "member",
            "username": "freedom18"
          },
          "sensitive_attributes": []
        }
      ]
    },
    {
      "mode": "managed",
      "type": "github_membership",
      "name": "guragusan",
      "provider": "provider[\"registry.terraform.io/integrations/github\"]",
      "instances": [
        {
          "schema_version": 0,
          "attributes_flat": {
            "etag": "W/\"08ae057b394fdc59da651f4138f83fb95b923f01783c771f64d498372b0f6d0f\"",
            "id": "ictsc:guragusan",
            "role": "member",
            "username": "guragusan"
          },
          "sensitive_attributes": []
        }
      ]
    },
    {
      "mode": "managed",
      "type": "github_membership",
      "name": "gurapomu",
      "provider": "provider[\"registry.terraform.io/integrations/github\"]",
      "instances": [
        {
          "schema_version": 0,
          "attributes_flat": {
            "etag": "W/\"076c8e33acf1112d7099b6485c686d5f9c2547653e75344f1406b1d09988e620\"",
            "id": "ictsc:gurapomu",
            "role": "member",
            "username": "gurapomu"
          },
          "sensitive_attributes": []
        }
      ]
    },
    {
      "mode": "managed",
      "type": "github_membership",
      "name": "h-otter",
      "provider": "provider[\"registry.terraform.io/integrations/github\"]",
      "instances": [
        {
          "schema_version": 0,
          "attributes_flat": {
            "etag": "W/\"8a4fa9723ff1ed7e6f96468d58f817ce9c59cb1640a8f10674d45de529d88b56\"",
            "id": "ictsc:h-otter",
            "role": "admin",
            "username": "h-otter"
          },
          "sensitive_attributes": []
        }
      ]
    },
    {
      "mode": "managed",
      "type": "github_membership",
      "name": "ha-kun0711",
      "provider": "provider[\"registry.terraform.io/integrations/github\"]",
      "instances": [
        {
          "schema_version": 0,
          "attributes_flat": {
            "etag": "W/\"b46b3562e9c35d5ec427ca29c12c6603170421f205e6463b75f7b41e7cd1f1e0\"",
            "id": "ictsc:ha-kun0711",
            "role": "member",
            "username": "ha-kun0711"
          },
          "sensitive_attributes": []
        }
      ]
    },
    {
      "mode": "managed",
      "type": "github_membership",
      "name": "hibiki31",
      "provider": "provider[\"registry.terraform.io/integrations/github\"]",
      "instances": [
        {
          "schema_version": 0,
          "attributes_flat": {
            "etag": "W/\"2b8cba7a36e071e8970880f34389e15de9ee49d4b04595a790520ef1379f786f\"",
            "id": "ictsc:hibiki31",
            "role": "member",
            "username": "hibiki31"
          },
          "sensitive_attributes": []
        }
      ]
    },
    {
      "mode": "managed",
      "type": "github_membership",
      "name": "ibucho",
      "provider": "provider[\"registry.terraform.io/integrations/github\"]",
      "instances": [
        {
          "schema_version": 0,
          "attributes_flat": {
            "etag": "W/\"7cdbf8f02e004a551e5997b2c3463f07cc8567b91d7e5c2dbc2f8bf775a6bd55\"",
            "id": "ictsc:ibucho",
            "role": "admin",
            "username": "ibucho"
          },
          "sensitive_attributes": []
        }
      ]
    },
    {
      "mode": "managed",
      "type": "github_membership",
      "name": "icchy",
      "provider": "provider[\"registry.terraform.io/integrations/github\"]",
      "instances": [
        {
          "schema_version": 0,
          "attributes_flat": {
            "etag": "W/\"17f665369255ad85fc1eb3a1c65045a743a25d96dc8ea317556fee1e4aa8a2e7\"",
            "id": "ictsc:icchy",
            "role": "member",
            "username": "icchy"
          },
          "sensitive_attributes": []
        }
      ]
    },
    {
      "mode": "managed",
      "type": "github_membership",
      "name": "if001",
      "provider": "provider[\"registry.terraform.io/integrations/github\"]",
      "instances": [
        {
          "schema_version": 0,
          "attributes_flat": {
            "etag": "W/\"bec55ec22c6996209b21b7b1254ace9dd3cc6edc1c19a8a5bd35b85a6603d99f\"",
            "id": "ictsc:if001",
            "role": "member",
            "username": "if001"
          },
          "sensitive_attributes": []
        }
      ]
    },
    {
      "mode": "managed",
      "type": "github_membership",
      "name": "int-tt",
      "provider": "provider[\"registry.terraform.io/integrations/github\"]",
      "instances": [
        {
          "schema_version": 0,
          "attributes_flat": {
            "etag": "W/\"c09669569fd034bd4039df2c310229dba3ef8eebb26a274fab4f45bbba384bd0\"",
            "id": "ictsc:int-tt",
            "role": "member",
            "username": "int-tt"
          },
          "sensitive_attributes": []
        }
      ]
    },
    {
      "mode": "managed",
      "type": "github_membership",
      "name": "inuyosi",
      "provider": "provider[\"registry.terraform.io/integrations/github\"]",
      "instances": [
        {
          "schema_version": 0,
          "attributes_flat": {
            "etag": "W/\"afa581e4adfbaeeb476232e306f5dde8eea660a7069d6953f059581430432a63\"",
            "id": "ictsc:inuyosi",
            "role": "member",
            "username": "inuyosi"
          },
          "sensitive_attributes": []
        }
      ]
    },
    {
      "mode": "managed",
      "type": "github_membership",
      "name": "itakuya",
      "provider": "provider[\"registry.terraform.io/integrations/github\"]",
      "instances": [
        {
          "schema_version": 0,
          "attributes_flat": {
            "etag": "W/\"f6fe55568fbf806a2053b6001267a67b98cb7f12634a7bed37ab582e3a204385\"",
            "id": "ictsc:itakuya",
            "role": "member",
            "username": "itakuya"
          },
          "sensitive_attributes": []
        }
      ]
    },
    {
      "mode": "managed",
      "type": "github_membership",
      "name": "kadokusei",
      "provider": "provider[\"registry.terraform.io/integrations/github\"]",
      "instances": [
        {
          "schema_version": 0,
          "attributes_flat": {
            "etag": "W/\"2aa050ae0240b3e733acb8e2b478f4f5e3b00003bce58fb01c04fa35a8fa202a\"",
            "id": "ictsc:kadokusei",
            "role": "member",
            "username": "kadokusei"
          },
          "sensitive_attributes": []
        }
      ]
    },
    {
      "mode": "managed",
      "type": "github_membership",
      "name": "kamijin-fanta",
      "provider": "provider[\"registry.terraform.io/integrations/github\"]",
      "instances": [
        {
          "schema_version": 0,
          "attributes_flat": {
            "etag": "W/\"d14d37ade3f19f1d2ba38aa1b0525826d71df8d69cd184a05b053f8fc22862d6\"",
            "id": "ictsc:kamijin-fanta",
            "role": "member",
            "username": "kamijin-fanta"
          },
          "sensitive_attributes": []
        }
      ]
    },
    {
      "mode": "managed",
      "type": "github_membership",
      "name": "kapibara824",
      "provider": "provider[\"registry.terraform.io/integrations/github\"]",
      "instances": [
        {
          "schema_version": 0,
          "attributes_flat": {
            "etag": "W/\"a5c30f2c8b81ada8c1f9b4baa2bcab65a8c3464a116d6caa073469cc6de7b186\"",
            "id": "ictsc:kapibara824",
            "role": "member",
            "username": "kapibara824"
          },
          "sensitive_attributes": []
        }
      ]
    },
    {
      "mode": "managed",
      "type": "github_membership",
      "name": "kayo-tozaki",
      "provider": "provider[\"registry.terraform.io/integrations/github\"]",
      "instances": [
        {
          "schema_version": 0,
          "attributes_flat": {
            "etag": "W/\"f5ab4ab2149930f9e42a1805275db7ac562e7b254f1ea25bb5c1e4d683a0b8a5\"",
            "id": "ictsc:kayo-tozaki",
            "role": "member",
            "username": "kayo-tozaki"
          },
          "sensitive_attributes": []
        }
      ]
    },
    {
      "mode": "managed",
      "type": "github_membership",
      "name": "keisukearakawa",
      "provider": "provider[\"registry.terraform.io/integrations/github\"]",
      "instances": [
        {
          "schema_version": 0,
          "attributes_flat": {
            "etag": "W/\"e74aec96bcac09e82acec40a91245670dad071c69e5f2856f4b3f8e8b51c5425\"",
            "id": "ictsc:keisukearakawa",
            "role": "member",
            "username": "keisukearakawa"
          },
          "sensitive_attributes": []
        }
      ]
    },
    {
      "mode": "managed",
      "type": "github_membership",
      "name": "keyakko",
      "provider": "provider[\"registry.terraform.io/integrations/github\"]",
      "instances": [
        {
          "schema_version": 0,
          "attributes_flat": {
            "etag": "W/\"91ceb5023c928a44d9b26d014ae2c7fea45c49d9d0d31a4ccf7fcbe24f49cf52\"",
            "id": "ictsc:keyakko",
            "role": "member",
            "username": "keyakko"
          },
          "sensitive_attributes": []
        }
      ]
    },
    {
      "mode": "managed",
      "type": "github_membership",
      "name": "kurochan",
      "provider": "provider[\"registry.terraform.io/integrations/github\"]",
      "instances": [
        {
          "schema_version": 0,
          "attributes_flat": {
            "etag": "W/\"197e5552e1013ced2cf733baf15406840e672f00ee49744f0082b5c2baa8052d\"",
            "id": "ictsc:kurochan",
            "role": "admin",
            "username": "kurochan"
          },
          "sensitive_attributes": []
        }
      ]
    },
    {
      "mode": "managed",
      "type": "github_membership",
      "name": "kyoko0514",
      "provider": "provider[\"registry.terraform.io/integrations/github\"]",
      "instances": [
        {
          "schema_version": 0,
          "attributes_flat": {
            "etag": "W/\"9cd5146d878f0ad30897413db3e5202c836331345387185af74fba210cb0d851\"",
            "id": "ictsc:kyoko0514",
            "role": "member",
            "username": "kyoko0514"
          },
          "sensitive_attributes": []
        }
      ]
    },
    {
      "mode": "managed",
      "type": "github_membership",
      "name": "kyontan",
      "provider": "provider[\"registry.terraform.io/integrations/github\"]",
      "instances": [
        {
          "schema_version": 0,
          "attributes_flat": {
            "etag": "W/\"968cde455459459c9ce1794ee55e9f47d53ec4aacf845837a7bd595fb908b632\"",
            "id": "ictsc:kyontan",
            "role": "member",
            "username": "kyontan"
          },
          "sensitive_attributes": []
        }
      ]
    },
    {
      "mode": "managed",
      "type": "github_membership",
      "name": "matsurika1226",
      "provider": "provider[\"registry.terraform.io/integrations/github\"]",
      "instances": [
        {
          "schema_version": 0,
          "attributes_flat": {
            "etag": "W/\"dc69a152dba15e8afd41f02f890b0562a43c02d605f7956a87ee64f9cbecc009\"",
            "id": "ictsc:matsurika1226",
            "role": "member",
            "username": "matsurika1226"
          },
          "sensitive_attributes": []
        }
      ]
    },
    {
      "mode": "managed",
      "type": "github_membership",
      "name": "mbook-x86",
      "provider": "provider[\"registry.terraform.io/integrations/github\"]",
      "instances": [
        {
          "schema_version": 0,
          "attributes_flat": {
            "etag": "W/\"8cf13b7d8509dbaebf0699ba9df688e7548602aa6c44b20cea0ccbb1698149f3\"",
            "id": "ictsc:mbook-x86",
            "role": "member",
            "username": "mbook-x86"
          },
          "sensitive_attributes": []
        }
      ]
    },
    {
      "mode": "managed",
      "type": "github_membership",
      "name": "miyao11",
      "provider": "provider[\"registry.terraform.io/integrations/github\"]",
      "instances": [
        {
          "schema_version": 0,
          "attributes_flat": {
            "etag": "W/\"11b7ff01c5c43acf4456b61ee61cc4316d4ed8cebcabd9a7d1df8735e4827c49\"",
            "id": "ictsc:Miyao11",
            "role": "member",
            "username": "Miyao11"
          },
          "sensitive_attributes": []
        }
      ]
    },
    {
      "mode": "managed",
      "type": "github_membership",
      "name": "mk0913mnck",
      "provider": "provider[\"registry.terraform.io/integrations/github\"]",
      "instances": [
        {
          "schema_version": 0,
          "attributes_flat": {
            "etag": "W/\"330cb93466123e6bcd0740d5a0780e1f00e11b0fc3a6885a07f7fca72d996c0c\"",
            "id": "ictsc:mk0913mnck",
            "role": "member",
            "username": "mk0913mnck"
          },
          "sensitive_attributes": []
        }
      ]
    },
    {
      "mode": "managed",
      "type": "github_membership",
      "name": "nakasyo2650",
      "provider": "provider[\"registry.terraform.io/integrations/github\"]",
      "instances": [
        {
          "schema_version": 0,
          "attributes_flat": {
            "etag": "W/\"77c8e196e11b392add981ff289ec3e91b1550d5e8991ecce87a7a6a5c32fdb8d\"",
            "id": "ictsc:nakasyo2650",
            "role": "member",
            "username": "nakasyo2650"
          },
          "sensitive_attributes": []
        }
      ]
    },
    {
      "mode": "managed",
      "type": "github_membership",
      "name": "naoki2001",
      "provider": "provider[\"registry.terraform.io/integrations/github\"]",
      "instances": [
        {
          "schema_version": 0,
          "attributes_flat": {
            "etag": "W/\"412c3ceb5bc5c45e7f8b6b5393937027914e5272410dd5f322a0335bebad6414\"",
            "id": "ictsc:naoki2001",
            "role": "member",
            "username": "naoki2001"
          },
          "sensitive_attributes": []
        }
      ]
    },
    {
      "mode": "managed",
      "type": "github_membership",
      "name": "naoki912",
      "provider": "provider[\"registry.terraform.io/integrations/github\"]",
      "instances": [
        {
          "schema_version": 0,
          "attributes_flat": {
            "etag": "W/\"e6f7fcc87f08774b0b8512fd968698646b1f66af2e961c918b0e06d3d0bfadf4\"",
            "id": "ictsc:naoki912",
            "role": "member",
            "username": "naoki912"
          },
          "sensitive_attributes": []
        }
      ]
    },
    {
      "mode": "managed",
      "type": "github_membership",
      "name": "netmarkjp",
      "provider": "provider[\"registry.terraform.io/integrations/github\"]",
      "instances": [
        {
          "schema_version": 0,
          "attributes_flat": {
            "etag": "W/\"6225958f861510578ec6d0f053c8efea3533aa2e15f8eb97d05658dadd9a3701\"",
            "id": "ictsc:netmarkjp",
            "role": "admin",
            "username": "netmarkjp"
          },
          "sensitive_attributes": []
        }
      ]
    },
    {
      "mode": "managed",
      "type": "github_membership",
      "name": "nomeaning777",
      "provider": "provider[\"registry.terraform.io/integrations/github\"]",
      "instances": [
        {
          "schema_version": 0,
          "attributes_flat": {
            "etag": "W/\"ea6776fa960344baf45655d264049445dd397601fa5c88f618b4b5762217d3cb\"",
            "id": "ictsc:nomeaning777",
            "role": "member",
            "username": "nomeaning777"
          },
          "sensitive_attributes": []
        }
      ]
    },
    {
      "mode": "managed",
      "type": "github_membership",
      "name": "notchi590",
      "provider": "provider[\"registry.terraform.io/integrations/github\"]",
      "instances": [
        {
          "schema_version": 0,
          "attributes_flat": {
            "etag": "W/\"bebbde3db7e9244fd2056de335b5029599a1b4900514337658be39e34596d353\"",
            "id": "ictsc:notchi590",
            "role": "member",
            "username": "notchi590"
          },
          "sensitive_attributes": []
        }
      ]
    },
    {
      "mode": "managed",
      "type": "github_membership",
      "name": "onokatio",
      "provider": "provider[\"registry.terraform.io/integrations/github\"]",
      "instances": [
        {
          "schema_version": 0,
          "attributes_flat": {
            "etag": "W/\"9ea1f8c2fd860830bff1b3831af4aebcc774ca7a8ed9db3da8ba73c0691aba90\"",
            "id": "ictsc:onokatio",
            "role": "member",
            "username": "onokatio"
          },
          "sensitive_attributes": []
        }
      ]
    },
    {
      "mode": "managed",
      "type": "github_membership",
      "name": "oomorio",
      "provider": "provider[\"registry.terraform.io/integrations/github\"]",
      "instances": [
        {
          "schema_version": 0,
          "attributes_flat": {
            "etag": "W/\"bbb646d3a8b882eb9944afd36b60bdd63d28f1986d336b00e610b9d55631d092\"",
            "id": "ictsc:oomorio",
            "role": "member",
            "username": "oomorio"
          },
          "sensitive_attributes": []
        }
      ]
    },
    {
      "mode": "managed",
      "type": "github_membership",
      "name": "ophum",
      "provider": "provider[\"registry.terraform.io/integrations/github\"]",
      "instances": [
        {
          "schema_version": 0,
          "attributes_flat": {
            "etag": "W/\"9a4387274d2db98a4e67087a0b337b9f685ca491a3440b19d725de43678cfe8f\"",
            "id": "ictsc:ophum",
            "role": "member",
            "username": "ophum"
          },
          "sensitive_attributes": []
        }
      ]
    },
    {
      "mode": "managed",
      "type": "github_membership",
      "name": "orin24",
      "provider": "provider[\"registry.terraform.io/integrations/github\"]",
      "instances": [
        {
          "schema_version": 0,
          "attributes_flat": {
            "etag": "W/\"a655dfc91cc67775774661a52e17520b766b4b9cda2d42ed2cec4b3bd5a295fb\"",
            "id": "ictsc:orin24",
            "role": "member",
            "username": "orin24"
          },
          "sensitive_attributes": []
        }
      ]
    },
    {
      "mode": "managed",
      "type": "github_membership",
      "name": "palloc",
      "provider": "provider[\"registry.terraform.io/integrations/github\"]",
      "instances": [
        {
          "schema_version": 0,
          "attributes_flat": {
            "etag": "W/\"a81708ac945b8ef9dcaab25b44d09a14d89b91af23a5fc2551866d64038abc56\"",
            "id": "ictsc:palloc",
            "role": "member",
            "username": "palloc"
          },
          "sensitive_attributes": []
        }
      ]
    },
    {
      "mode": "managed",
      "type": "github_membership",
      "name": "potyama",
      "provider": "provider[\"registry.terraform.io/integrations/github\"]",
      "instances": [
        {
          "schema_version": 0,
          "attributes_flat": {
            "etag": "W/\"0813b7756fdbae7d5fcd03f456ac8a2ed000babad5d35f8c31eb72ad04775ba5\"",
            "id": "ictsc:potyama",
            "role": "member",
            "username": "potyama"
          },
          "sensitive_attributes": []
        }
      ]
    },
    {
      "mode": "managed",
      "type": "github_membership",
      "name": "proelbtn",
      "provider": "provider[\"registry.terraform.io/integrations/github\"]",
      "instances": [
        {
          "schema_version": 0,
          "attributes_flat": {
            "etag": "W/\"b0f0409b227eb94ce95cafa78f8eb4199c4d086744ae5b5db2c7462444c630a5\"",
            "id": "ictsc:proelbtn",
            "role": "admin",
            "username": "proelbtn"
          },
          "sensitive_attributes": []
        }
      ]
    },
    {
      "mode": "managed",
      "type": "github_membership",
      "name": "recuraki",
      "provider": "provider[\"registry.terraform.io/integrations/github\"]",
      "instances": [
        {
          "schema_version": 0,
          "attributes_flat": {
            "etag": "W/\"c494085ccbc49a57fbbc4c994020638c0ae8dbf01afeece74aa27eb9e009ad0b\"",
            "id": "ictsc:recuraki",
            "role": "member",
            "username": "recuraki"
          },
          "sensitive_attributes": []
        }
      ]
    },
    {
      "mode": "managed",
      "type": "github_membership",
      "name": "rlia",
      "provider": "provider[\"registry.terraform.io/integrations/github\"]",
      "instances": [
        {
          "schema_version": 0,
          "attributes_flat": {
            "etag": "W/\"52a63eb513770620e810dc3a68b03c18bb63e43f78192b79a1091ccfaabc4108\"",
            "id": "ictsc:rlia",
            "role": "member",
            "username": "rlia"
          },
          "sensitive_attributes": []
        }
      ]
    },
    {
      "mode": "managed",
      "type": "github_membership",
      "name": "ronorono45",
      "provider": "provider[\"registry.terraform.io/integrations/github\"]",
      "instances": [
        {
          "schema_version": 0,
          "attributes_flat": {
            "etag": "W/\"90fb2a040507a3e2d4703fdba10b0737532a0408e90f03eda9ca9f985b55b631\"",
            "id": "ictsc:ronorono45",
            "role": "member",
            "username": "ronorono45"
          },
          "sensitive_attributes": []
        }
      ]
    },
    {
      "mode": "managed",
      "type": "github_membership",
      "name": "sharknasuhorse",
      "provider": "provider[\"registry.terraform.io/integrations/github\"]",
      "instances": [
        {
          "schema_version": 0,
          "attributes_flat": {
            "etag": "W/\"bc7fae9ec0e8a728d62daa973ff5b4e4a00a63fda1152073dffaf4474b234f46\"",
            "id": "ictsc:sharknasuhorse",
            "role": "admin",
            "username": "sharknasuhorse"
          },
          "sensitive_attributes": []
        }
      ]
    },
    {
      "mode": "managed",
      "type": "github_membership",
      "name": "shinonome01",
      "provider": "provider[\"registry.terraform.io/integrations/github\"]",
      "instances": [
        {
          "schema_version": 0,
          "attributes_flat": {
            "etag": "W/\"37f23d71cd8a197c3b7728efe9751ad713e66f04321459a93fc18251cf152dfd\"",
            "id": "ictsc:shinonome01",
            "role": "member",
            "username": "shinonome01"
          },
          "sensitive_attributes": []
        }
      ]
    },
    {
      "mode": "managed",
      "type": "github_membership",
      "name": "site0801",
      "provider": "provider[\"registry.terraform.io/integrations/github\"]",
      "instances": [
        {
          "schema_version": 0,
          "attributes_flat": {
            "etag": "W/\"21e6453efd7c49c610a21955086004b5bef9daf80b44ebade272c7ede77c3fc7\"",
            "id": "ictsc:site0801",
            "role": "member",
            "username": "site0801"
          },
          "sensitive_attributes": []
        }
      ]
    },
    {
      "mode": "managed",
      "type": "github_membership",
      "name": "sora34",
      "provider": "provider[\"registry.terraform.io/integrations/github\"]",
      "instances": [
        {
          "schema_version": 0,
          "attributes_flat": {
            "etag": "W/\"df45a58b153ae27230d18d577df8f1aacf1ad327518d89c5ef09205d1ef449cb\"",
            "id": "ictsc:sora34",
            "role": "member",
            "username": "sora34"
          },
          "sensitive_attributes": []
        }
      ]
    },
    {
      "mode": "managed",
      "type": "github_membership",
      "name": "staybuzz",
      "provider": "provider[\"registry.terraform.io/integrations/github\"]",
      "instances": [
        {
          "schema_version": 0,
          "attributes_flat": {
            "etag": "W/\"5be20ac50e6fa1a0f5b32fbeb6c7f96a94bf93e7c25bff0e2855a2573b38aad4\"",
            "id": "ictsc:staybuzz",
            "role": "member",
            "username": "staybuzz"
          },
          "sensitive_attributes": []
        }
      ]
    },
    {
      "mode": "managed",
      "type": "github_membership",
      "name": "sugiki-accelia",
      "provider": "provider[\"registry.terraform.io/integrations/github\"]",
      "instances": [
        {
          "schema_version": 0,
          "attributes_flat": {
            "etag": "W/\"f07e117c1681df50b2a4987b74094d6cfce5104bd3e86d242612b428462f1143\"",
            "id": "ictsc:sugiki-accelia",
            "role": "member",
            "username": "sugiki-accelia"
          },
          "sensitive_attributes": []
        }
      ]
    },
    {
      "mode": "managed",
      "type": "github_membership",
      "name": "sukekawa-accelia",
      "provider": "provider[\"registry.terraform.io/integrations/github\"]",
      "instances": [
        {
          "schema_version": 0,
          "attributes_flat": {
            "etag": "W/\"16dcc506fe98d3e942869060d00d45829a4922427debea60e771c6a29b818ca8\"",
            "id": "ictsc:sukekawa-accelia",
            "role": "member",
            "username": "sukekawa-accelia"
          },
          "sensitive_attributes": []
        }
      ]
    },
    {
      "mode": "managed",
      "type": "github_membership",
      "name": "suzuek",
      "provider": "provider[\"registry.terraform.io/integrations/github\"]",
      "instances": [
        {
          "schema_version": 0,
          "attributes_flat": {
            "etag": "W/\"3e3e1f3be9e5d564d66eef0c86912148c24d6e54993167e728a29f024356239a\"",
            "id": "ictsc:SuzueK",
            "role": "member",
            "username": "SuzueK"
          },
          "sensitive_attributes": []
        }
      ]
    },
    {
      "mode": "managed",
      "type": "github_membership",
      "name": "suzutan",
      "provider": "provider[\"registry.terraform.io/integrations/github\"]",
      "instances": [
        {
          "schema_version": 0,
          "attributes_flat": {
            "etag": "W/\"cccd2035fc7412028f3014af0911fd0676f524e30b314f722a4caa142eb24230\"",
            "id": "ictsc:suzutan",
            "role": "member",
            "username": "suzutan"
          },
          "sensitive_attributes": []
        }
      ]
    },
    {
      "mode": "managed",
      "type": "github_membership",
      "name": "syuli",
      "provider": "provider[\"registry.terraform.io/integrations/github\"]",
      "instances": [
        {
          "schema_version": 0,
          "attributes_flat": {
            "etag": "W/\"94adb9feaa70b6a23b37e4d76bf027c794c689d1735023561c81c21b26d9d30f\"",
            "id": "ictsc:syuli",
            "role": "member",
            "username": "syuli"
          },
          "sensitive_attributes": []
        }
      ]
    },
    {
      "mode": "managed",
      "type": "github_membership",
      "name": "takehaya",
      "provider": "provider[\"registry.terraform.io/integrations/github\"]",
      "instances": [
        {
          "schema_version": 0,
          "attributes_flat": {
            "etag": "W/\"749f29005cb7b5c38ec80592a337416fecd471c65634d97a47731d22c7758401\"",
            "id": "ictsc:takehaya",
            "role": "admin",
            "username": "takehaya"
          },
          "sensitive_attributes": []
        }
      ]
    },
    {
      "mode": "managed",
      "type": "github_membership",
      "name": "takes3",
      "provider": "provider[\"registry.terraform.io/integrations/github\"]",
      "instances": [
        {
          "schema_version": 0,
          "attributes_flat": {
            "etag": "W/\"a2dac0cc7b861eace28ee11cbc3acc42c7e8ea91b6c5a181230a22920a5634d5\"",
            "id": "ictsc:takes3",
            "role": "member",
            "username": "takes3"
          },
          "sensitive_attributes": []
        }
      ]
    },
    {
      "mode": "managed",
      "type": "github_membership",
      "name": "tanishi001",
      "provider": "provider[\"registry.terraform.io/integrations/github\"]",
      "instances": [
        {
          "schema_version": 0,
          "attributes_flat": {
            "etag": "W/\"a9f56a22c305caac35da9bdae7b26caca8676db4c4c3137cbcf56b4e40358c73\"",
            "id": "ictsc:tanishi001",
            "role": "member",
            "username": "tanishi001"
          },
          "sensitive_attributes": []
        }
      ]
    },
    {
      "mode": "managed",
      "type": "github_membership",
      "name": "tar-xzvff",
      "provider": "provider[\"registry.terraform.io/integrations/github\"]",
      "instances": [
        {
          "schema_version": 0,
          "attributes_flat": {
            "etag": "W/\"bb36649a22dab459b695ec219cbe3e3ac7895e02eaf026978d03d6e2d2d5c084\"",
            "id": "ictsc:tar-xzvff",
            "role": "admin",
            "username": "tar-xzvff"
          },
          "sensitive_attributes": []
        }
      ]
    },
    {
      "mode": "managed",
      "type": "github_membership",
      "name": "tom--bo",
      "provider": "provider[\"registry.terraform.io/integrations/github\"]",
      "instances": [
        {
          "schema_version": 0,
          "attributes_flat": {
            "etag": "W/\"c859c189efa2576783f9d0d3d9849d304023745ec3f7eb65bcc9918d4a224b0f\"",
            "id": "ictsc:tom--bo",
            "role": "member",
            "username": "tom--bo"
          },
          "sensitive_attributes": []
        }
      ]
    },
    {
      "mode": "managed",
      "type": "github_membership",
      "name": "tomatoaas",
      "provider": "provider[\"registry.terraform.io/integrations/github\"]",
      "instances": [
        {
          "schema_version": 0,
          "attributes_flat": {
            "etag": "W/\"972d44ab9ba17f876ad0998e275c41b9a253fa7b3cc59334bb4ae8701e9468c9\"",
            "id": "ictsc:tomatoaas",
            "role": "member",
            "username": "tomatoaas"
          },
          "sensitive_attributes": []
        }
      ]
    },
    {
      "mode": "managed",
      "type": "github_membership",
      "name": "tsuttsu305",
      "provider": "provider[\"registry.terraform.io/integrations/github\"]",
      "instances": [
        {
          "schema_version": 0,
          "attributes_flat": {
            "etag": "W/\"6e0d3bb30002cae39b6fbe0b81055b88439f4b33b321178446060d08962378f3\"",
            "id": "ictsc:tsuttsu305",
            "role": "member",
            "username": "tsuttsu305"
          },
          "sensitive_attributes": []
        }
      ]
    },
    {
      "mode": "managed",
      "type": "github_membership",
      "name": "uplus",
      "provider": "provider[\"registry.terraform.io/integrations/github\"]",
      "instances": [
        {
          "schema_version": 0,
          "attributes_flat": {
            "etag": "W/\"e2ee209582fc7eae17f5aa4864dddaa3dd94caf226cccb7110940d84582e3e8d\"",
            "id": "ictsc:uplus",
            "role": "admin",
            "username": "uplus"
          },
          "sensitive_attributes": []
        }
      ]
    },
    {
      "mode": "managed",
      "type": "github_membership",
      "name": "whywaita",
      "provider": "provider[\"registry.terraform.io/integrations/github\"]",
      "instances": [
        {
          "schema_version": 0,
          "attributes_flat": {
            "etag": "W/\"a949fff700d16b30aea107a02b21d4c8a126a0fd4d0d8572ea9000ee1ff7199b\"",
            "id": "ictsc:whywaita",
            "role": "admin",
            "username": "whywaita"
          },
          "sensitive_attributes": []
        }
      ]
    },
    {
      "mode": "managed",
      "type": "github_membership",
      "name": "x86taka",
      "provider": "provider[\"registry.terraform.io/integrations/github\"]",
      "instances": [
        {
          "schema_version": 0,
          "attributes_flat": {
            "etag": "W/\"b2572a23c75112aa3de112beb9dc2ff161d110f27da4e4ebf88b74f59c22f0f2\"",
            "id": "ictsc:x86taka",
            "role": "admin",
            "username": "x86taka"
          },
          "sensitive_attributes": []
        }
      ]
    },
    {
      "mode": "managed",
      "type": "github_membership",
      "name": "y-monma",
      "provider": "provider[\"registry.terraform.io/integrations/github\"]",
      "instances": [
        {
          "schema_version": 0,
          "attributes_flat": {
            "etag": "W/\"ec91063654fc4f3d634f5dbc59f27b010beb92168cc60d39ffa8cb04cec479a4\"",
            "id": "ictsc:y-monma",
            "role": "member",
            "username": "y-monma"
          },
          "sensitive_attributes": []
        }
      ]
    },
    {
      "mode": "managed",
      "type": "github_membership",
      "name": "yaminoma",
      "provider": "provider[\"registry.terraform.io/integrations/github\"]",
      "instances": [
        {
          "schema_version": 0,
          "attributes_flat": {
            "etag": "W/\"5c1de467dde3079ca95a2f76ba21839c828b1fc378dd43fe62dd8f1ae3c5a2d0\"",
            "id": "ictsc:yaminoma",
            "role": "member",
            "username": "yaminoma"
          },
          "sensitive_attributes": []
        }
      ]
    },
    {
      "mode": "managed",
      "type": "github_membership",
      "name": "yatuhashi",
      "provider": "provider[\"registry.terraform.io/integrations/github\"]",
      "instances": [
        {
          "schema_version": 0,
          "attributes_flat": {
            "etag": "W/\"39c9970afc96d93c34df6f2318b3af3022baabc361905b966fd2e4e721ea1a8d\"",
            "id": "ictsc:yatuhashi",
            "role": "member",
            "username": "yatuhashi"
          },
          "sensitive_attributes": []
        }
      ]
    },
    {
      "mode": "managed",
      "type": "github_membership",
      "name": "yo-kanyukari",
      "provider": "provider[\"registry.terraform.io/integrations/github\"]",
      "instances": [
        {
          "schema_version": 0,
          "attributes_flat": {
            "etag": "W/\"b55669ea6f12d475b00b70a2dfc3a8c8354de907a5ab2d945dd6310bdcba80db\"",
            "id": "ictsc:yo-kanyukari",
            "role": "member",
            "username": "yo-kanyukari"
          },
          "sensitive_attributes": []
        }
      ]
    },
    {
      "mode": "managed",
      "type": "github_membership",
      "name": "yo-taro",
      "provider": "provider[\"registry.terraform.io/integrations/github\"]",
      "instances": [
        {
          "schema_version": 0,
          "attributes_flat": {
            "etag": "W/\"207afa7051cb04f3c9de675ced22ad416e758da31308e3f50ff1c0383e295183\"",
            "id": "ictsc:yo-taro",
            "role": "member",
            "username": "yo-taro"
          },
          "sensitive_attributes": []
        }
      ]
    },
    {
      "mode": "managed",
      "type": "github_membership",
      "name": "yoneyan",
      "provider": "provider[\"registry.terraform.io/integrations/github\"]",
      "instances": [
        {
          "schema_version": 0,
          "attributes_flat": {
            "etag": "W/\"8aeddea086d34a02dc74e50703c44f5aec9d3dd61feea207e1a94a475e27964c\"",
            "id": "ictsc:yoneyan",
            "role": "member",
            "username": "yoneyan"
          },
          "sensitive_attributes": []
        }
      ]
    },
    {
      "mode": "managed",
      "type": "github_membership",
      "name": "yu-tanaka00",
      "provider": "provider[\"registry.terraform.io/integrations/github\"]",
      "instances": [
        {
          "schema_version": 0,
          "attributes_flat": {
            "etag": "W/\"f7c671d710918d1aacc48d0629f72cf6af43df1ef3323471a9dc2f4bcfc6cc86\"",
            "id": "ictsc:yu-tanaka00",
            "role": "member",
            "username": "yu-tanaka00"
          },
          "sensitive_attributes": []
        }
      ]
    },
    {
      "mode": "managed",
      "type": "github_membership",
      "name": "yukamoja",
      "provider": "provider[\"registry.terraform.io/integrations/github\"]",
      "instances": [
        {
          "schema_version": 0,
          "attributes_flat": {
            "etag": "W/\"e5a9e7dc04b73f2a7de5b5773f4c10bced8a04ed663744fe7c78748f594e11bf\"",
            "id": "ictsc:yukamoja",
            "role": "admin",
            "username": "yukamoja"
          },
          "sensitive_attributes": []
        }
      ]
    },
    {
      "mode": "managed",
      "type": "github_membership",
      "name": "yuukinetwork",
      "provider": "provider[\"registry.terraform.io/integrations/github\"]",
      "instances": [
        {
          "schema_version": 0,
          "attributes_flat": {
            "etag": "W/\"40b3370b4f8ea0f9db880ed02f4cacd439619ef2fa5e2bb9f9ee4512c600d42d\"",
            "id": "ictsc:yuukinetwork",
            "role": "member",
            "username": "yuukinetwork"
          },
          "sensitive_attributes": []
        }
      ]
    },
    {
      "mode": "managed",
      "type": "github_membership",
      "name": "zeroalphat",
      "provider": "provider[\"registry.terraform.io/integrations/github\"]",
      "instances": [
        {
          "schema_version": 0,
          "attributes_flat": {
            "etag": "W/\"45b7c861265f48abe62ad312d7bfa58c7a733779240e3ccd12b6f76d1738e5f3\"",
            "id": "ictsc:zeroalphat",
            "role": "admin",
            "username": "zeroalphat"
          },
          "sensitive_attributes": []
        }
      ]
    },
    {
      "mode": "managed",
      "type": "github_team",
      "name": "admin",
      "provider": "provider[\"registry.terraform.io/integrations/github\"]",
      "instances": [
        {
          "schema_version": 0,
          "attributes_flat": {
            "create_default_maintainer": "false",
            "description": "ictsc organization admins",
            "etag": "W/\"d4db232949db0e114ad51e2a6e2085a4540b383835d7187f2fb1b574d7880c57\"",
            "id": "2008807",
            "ldap_dn": "",
            "members_count": "11",
            "name": "Admins",
            "node_id": "MDQ6VGVhbTIwMDg4MDc=",
            "privacy": "closed",
            "slug": "admins"
          },
          "sensitive_attributes": []
        }
      ]
    },
    {
      "mode": "managed",
      "type": "github_team",
      "name": "ictsc2018",
      "provider": "provider[\"registry.terraform.io/integrations/github\"]",
      "instances": [
        {
          "schema_version": 0,
          "attributes_flat": {
            "create_default_maintainer": "false",
            "description": "member of ictsc2018",
            "etag": "W/\"e35fe49e44210abf1d10ef294d8958c24b852b240b2862a684413de3036c7d2e\"",
            "id": "2818425",
            "ldap_dn": "",
            "members_count": "22",
            "name": "ictsc2018",
            "node_id": "MDQ6VGVhbTI4MTg0MjU=",
            "privacy": "closed",
            "slug": "ictsc2018"
          },
          "sensitive_attributes": []
        }
      ]
    },
    {
      "mode": "managed",
      "type": "github_team",
      "name": "ictsc2019",
      "provider": "provider[\"registry.terraform.io/integrations/github\"]",
      "instances": [
        {
          "schema_version": 0,
          "attributes_flat": {
            "create_default_maintainer": "false",
            "description": "member of ictsc2019",
            "etag": "W/\"571134f52b85b7ec2c1ebae269a6b9f99cddc7fafd1ba142293c0fbfae56cd6a\"",
            "id": "3300293",
            "ldap_dn": "",
            "members_count": "36",
            "name": "ictsc2019",
            "node_id": "MDQ6VGVhbTMzMDAyOTM=",
            "privacy": "closed",
            "slug": "ictsc2019"
          },
          "sensitive_attributes": []
        }
      ]
    },
    {
      "mode": "managed",
      "type": "github_team",
      "name": "ictsc2020",
      "provider": "provider[\"registry.terraform.io/integrations/github\"]",
      "instances": [
        {
          "schema_version": 0,
          "attributes_flat": {
            "create_default_maintainer": "false",
            "description": "member of ictsc2020",
            "etag": "W/\"c1e63abea06fbe2cd35e85bb24b4378445aecc01d4851a523e38d935491f99c3\"",
            "id": "3894829",
            "ldap_dn": "",
            "members_count": "26",
            "name": "ictsc2020",
            "node_id": "MDQ6VGVhbTM4OTQ4Mjk=",
            "privacy": "closed",
            "slug": "ictsc2020"
          },
          "sensitive_attributes": []
        }
      ]
    },
    {
      "mode": "managed",
      "type": "github_team",
      "name": "ictsc2021",
      "provider": "provider[\"registry.terraform.io/integrations/github\"]",
      "instances": [
        {
          "schema_version": 0,
          "attributes_flat": {
            "create_default_maintainer": "false",
            "description": "member of ictsc2021",
            "etag": "W/\"a9b129233400d58758862396957e1ea3d0079cbcee44ab8dd0f87e6cb3e97945\"",
            "id": "4811781",
            "ldap_dn": "",
            "members_count": "14",
            "name": "ictsc2021",
            "node_id": "MDQ6VGVhbTQ4MTE3ODE=",
            "privacy": "closed",
            "slug": "ictsc2021"
          },
          "sensitive_attributes": []
        }
      ]
    },
    {
      "mode": "managed",
      "type": "github_team",
      "name": "ictsc4",
      "provider": "provider[\"registry.terraform.io/integrations/github\"]",
      "instances": [
        {
          "schema_version": 0,
          "attributes_flat": {
            "create_default_maintainer": "false",
            "description": "member of ictsc4",
            "etag": "W/\"c251bda26a2746572470e25d540f3c4463b9862900803fe06644b954c9951d60\"",
            "id": "2004351",
            "ldap_dn": "",
            "members_count": "12",
            "name": "ictsc4",
            "node_id": "MDQ6VGVhbTIwMDQzNTE=",
            "privacy": "closed",
            "slug": "ictsc4"
          },
          "sensitive_attributes": []
        }
      ]
    },
    {
      "mode": "managed",
      "type": "github_team",
      "name": "ictsc5",
      "provider": "provider[\"registry.terraform.io/integrations/github\"]",
      "instances": [
        {
          "schema_version": 0,
          "attributes_flat": {
            "create_default_maintainer": "false",
            "description": "member of ictsc5",
            "etag": "W/\"417b9f77681171eba01c04ee502e9b74731c17e23cf111e2ecc0b4833a600a54\"",
            "id": "2004352",
            "ldap_dn": "",
            "members_count": "29",
            "name": "ictsc5",
            "node_id": "MDQ6VGVhbTIwMDQzNTI=",
            "privacy": "closed",
            "slug": "ictsc5"
          },
          "sensitive_attributes": []
        }
      ]
    },
    {
      "mode": "managed",
      "type": "github_team",
      "name": "ictsc6",
      "provider": "provider[\"registry.terraform.io/integrations/github\"]",
      "instances": [
        {
          "schema_version": 0,
          "attributes_flat": {
            "create_default_maintainer": "false",
            "description": "member of ictsc6",
            "etag": "W/\"efce6f5f7c1646e7d4d9114b0df15e1feff512d367ea0dbec8bcd790925155e1\"",
            "id": "2004355",
            "ldap_dn": "",
            "members_count": "24",
            "name": "ictsc6",
            "node_id": "MDQ6VGVhbTIwMDQzNTU=",
            "privacy": "closed",
            "slug": "ictsc6"
          },
          "sensitive_attributes": []
        }
      ]
    },
    {
      "mode": "managed",
      "type": "github_team",
      "name": "ictsc7",
      "provider": "provider[\"registry.terraform.io/integrations/github\"]",
      "instances": [
        {
          "schema_version": 0,
          "attributes_flat": {
            "create_default_maintainer": "false",
            "description": "member of ictsc7",
            "etag": "W/\"7cd5c4231bacb80d2e73acb5c72211c76507d9dce216ddf516f5d905c32ad7d4\"",
            "id": "2178374",
            "ldap_dn": "",
            "members_count": "18",
            "name": "ictsc7",
            "node_id": "MDQ6VGVhbTIxNzgzNzQ=",
            "privacy": "closed",
            "slug": "ictsc7"
          },
          "sensitive_attributes": []
        }
      ]
    },
    {
      "mode": "managed",
      "type": "github_team",
      "name": "ictsc8",
      "provider": "provider[\"registry.terraform.io/integrations/github\"]",
      "instances": [
        {
          "schema_version": 0,
          "attributes_flat": {
            "create_default_maintainer": "false",
            "description": "member of ictsc8",
            "etag": "W/\"1f22c36e2301a621d0a597a903c7f39424e4baab5c78dc32ae50736bda310828\"",
            "id": "2341229",
            "ldap_dn": "",
            "members_count": "20",
            "name": "ictsc8",
            "node_id": "MDQ6VGVhbTIzNDEyMjk=",
            "privacy": "closed",
            "slug": "ictsc8"
          },
          "sensitive_attributes": []
        }
      ]
    },
    {
      "mode": "managed",
      "type": "github_team",
      "name": "ictsc9",
      "provider": "provider[\"registry.terraform.io/integrations/github\"]",
      "instances": [
        {
          "schema_version": 0,
          "attributes_flat": {
            "create_default_maintainer": "false",
            "description": "member of ictsc9",
            "etag": "W/\"8a4651d2b8e5ccb79618c9b27fba9409ecf003b1302305507eb9708401315115\"",
            "id": "2818424",
            "ldap_dn": "",
            "members_count": "21",
            "name": "ictsc9",
            "node_id": "MDQ6VGVhbTI4MTg0MjQ=",
            "privacy": "closed",
            "slug": "ictsc9"
          },
          "sensitive_attributes": []
        }
      ]
    },
    {
      "mode": "managed",
      "type": "github_team",
      "name": "score-dev",
      "provider": "provider[\"registry.terraform.io/integrations/github\"]",
      "instances": [
        {
          "schema_version": 0,
          "attributes_flat": {
            "create_default_maintainer": "false",
            "description": "score server development team",
            "etag": "W/\"6d2f1270c0d73a01a6b0edb674b31b61a98aa64b726ab3cf88e65066a38e1a86\"",
            "id": "2004353",
            "ldap_dn": "",
            "members_count": "1",
            "name": "score-dev",
            "node_id": "MDQ6VGVhbTIwMDQzNTM=",
            "privacy": "closed",
            "slug": "score-dev"
          },
          "sensitive_attributes": []
        }
      ]
    },
    {
      "mode": "managed",
      "type": "github_team_membership",
      "name": "admin-h-otter",
      "provider": "provider[\"registry.terraform.io/integrations/github\"]",
      "instances": [
        {
          "schema_version": 0,
          "attributes_flat": {
            "etag": "W/\"404f8065400a11b26e9cd549d765043646983b2e8f176a9fa808b118c936bad0\"",
            "id": "2008807:h-otter",
            "role": "member",
            "team_id": "2008807",
            "username": "h-otter"
          },
          "sensitive_attributes": []
        }
      ]
    },
    {
      "mode": "managed",
      "type": "github_team_membership",
      "name": "admin-proelbtn",
      "provider": "provider[\"registry.terraform.io/integrations/github\"]",
      "instances": [
        {
          "schema_version": 0,
          "attributes_flat": {
            "etag": "W/\"18b962e8b5967c686f4da27313fd7002f8a749099b06477ede428421306bcb21\"",
            "id": "2008807:proelbtn",
            "role": "member",
            "team_id": "2008807",
            "username": "proelbtn"
          },
          "sensitive_attributes": []
        }
      ]
    },
    {
      "mode": "managed",
      "type": "github_team_membership",
      "name": "admin-sharknasuhorse",
      "provider": "provider[\"registry.terraform.io/integrations/github\"]",
      "instances": [
        {
          "schema_version": 0,
          "attributes_flat": {
            "etag": "W/\"f1658cf2b6ca1e325b414e1555291b2668ed280bc049e132035d45d68d808d51\"",
            "id": "2008807:sharknasuhorse",
            "role": "member",
            "team_id": "2008807",
            "username": "sharknasuhorse"
          },
          "sensitive_attributes": []
        }
      ]
    },
    {
      "mode": "managed",
      "type": "github_team_membership",
      "name": "admin-takemhaya",
      "provider": "provider[\"registry.terraform.io/integrations/github\"]",
      "instances": [
        {
          "schema_version": 0,
          "attributes_flat": {
            "etag": "W/\"adbc7ab423d027c96570ee8265994bd45b7e80c95f35b06ca99488145205d32e\"",
            "id": "2008807:takehaya",
            "role": "member",
            "team_id": "2008807",
            "username": "takehaya"
          },
          "sensitive_attributes": []
        }
      ]
    },
    {
      "mode": "managed",
      "type": "github_team_membership",
      "name": "admin-tar-xzvff",
      "provider": "provider[\"registry.terraform.io/integrations/github\"]",
      "instances": [
        {
          "schema_version": 0,
          "attributes_flat": {
            "etag": "W/\"c9d4dffc486965ac289457d64c6d703f1e4761e5c737d1c27a3c6d81b54e4928\"",
            "id": "2008807:tar-xzvff",
            "role": "member",
            "team_id": "2008807",
            "username": "tar-xzvff"
          },
          "sensitive_attributes": []
        }
      ]
    },
    {
      "mode": "managed",
      "type": "github_team_membership",
      "name": "admin-uplus",
      "provider": "provider[\"registry.terraform.io/integrations/github\"]",
      "instances": [
        {
          "schema_version": 0,
          "attributes_flat": {
            "etag": "W/\"63cf6258308eb12aafbe7f2495a10c4020c029dba140aa9d91b2471c48ba170a\"",
            "id": "2008807:uplus",
            "role": "member",
            "team_id": "2008807",
            "username": "uplus"
          },
          "sensitive_attributes": []
        }
      ]
    },
    {
      "mode": "managed",
      "type": "github_team_membership",
      "name": "admin-whywaita",
      "provider": "provider[\"registry.terraform.io/integrations/github\"]",
      "instances": [
        {
          "schema_version": 0,
          "attributes_flat": {
            "etag": "W/\"ce54eb0a1db359f26e40574b4a79428c3b42b770257b4a69901c2dc3bda318c8\"",
            "id": "2008807:whywaita",
            "role": "member",
            "team_id": "2008807",
            "username": "whywaita"
          },
          "sensitive_attributes": []
        }
      ]
    },
    {
      "mode": "managed",
      "type": "github_team_membership",
      "name": "admin-x86taka",
      "provider": "provider[\"registry.terraform.io/integrations/github\"]",
      "instances": [
        {
          "schema_version": 0,
          "attributes_flat": {
            "etag": "W/\"3474e4897317e440ca267bdde9c5704545a7e8659c8ee5cd0055291044574547\"",
            "id": "2008807:x86taka",
            "role": "member",
            "team_id": "2008807",
            "username": "x86taka"
          },
          "sensitive_attributes": []
        }
      ]
    },
    {
      "mode": "managed",
      "type": "github_team_membership",
      "name": "admin-yukamoja",
      "provider": "provider[\"registry.terraform.io/integrations/github\"]",
      "instances": [
        {
          "schema_version": 0,
          "attributes_flat": {
            "etag": "W/\"2a4e08f6fb8a5f55718739b2bce0e042c990f9699adb536e603b977e41e235ec\"",
            "id": "2008807:yukamoja",
            "role": "member",
            "team_id": "2008807",
            "username": "yukamoja"
          },
          "sensitive_attributes": []
        }
      ]
    },
    {
      "mode": "managed",
      "type": "github_team_membership",
      "name": "admin-zeroalphat",
      "provider": "provider[\"registry.terraform.io/integrations/github\"]",
      "instances": [
        {
          "schema_version": 0,
          "attributes_flat": {
            "etag": "W/\"94f32de1e2e316be704bd04e2e75021da24681a2e1130e78158117c7afeb9946\"",
            "id": "2008807:zeroalphat",
            "role": "member",
            "team_id": "2008807",
            "username": "zeroalphat"
          },
          "sensitive_attributes": []
        }
      ]
    },
    {
      "mode": "managed",
      "type": "github_team_membership",
      "name": "ictsc2018-Kurorororo",
      "provider": "provider[\"registry.terraform.io/integrations/github\"]",
      "instances": [
        {
          "schema_version": 0,
          "attributes_flat": {
            "etag": "W/\"d597dbee6dfaebeb623454f3b2538596618d6c6be08691d5a04fb13ca975a9a1\"",
            "id": "2818425:Kurorororo",
            "role": "member",
            "team_id": "2818425",
            "username": "Kurorororo"
          },
          "sensitive_attributes": []
        }
      ]
    },
    {
      "mode": "managed",
      "type": "github_team_membership",
      "name": "ictsc2018-NozomiSugiyama",
      "provider": "provider[\"registry.terraform.io/integrations/github\"]",
      "instances": [
        {
          "schema_version": 0,
          "attributes_flat": {
            "etag": "W/\"b9b647ccbef56ad061c35bb939bd39fdc751f23eb1b34fa996db5c11d9e51d21\"",
            "id": "2818425:NozomiSugiyama",
            "role": "member",
            "team_id": "2818425",
            "username": "NozomiSugiyama"
          },
          "sensitive_attributes": []
        }
      ]
    },
    {
      "mode": "managed",
      "type": "github_team_membership",
      "name": "ictsc2018-ShotaKitazawa",
      "provider": "provider[\"registry.terraform.io/integrations/github\"]",
      "instances": [
        {
          "schema_version": 0,
          "attributes_flat": {
            "etag": "W/\"b40ef222f4dee7cce822c402b91c18b5932edc2e17a076eb2b8218d487e51fbb\"",
            "id": "2818425:ShotaKitazawa",
            "role": "member",
            "team_id": "2818425",
            "username": "ShotaKitazawa"
          },
          "sensitive_attributes": []
        }
      ]
    },
    {
      "mode": "managed",
      "type": "github_team_membership",
      "name": "ictsc2018-acque2two",
      "provider": "provider[\"registry.terraform.io/integrations/github\"]",
      "instances": [
        {
          "schema_version": 0,
          "attributes_flat": {
            "etag": "W/\"545e110f50048206a4e914e9c0fea1d7cc843da76e0a3de026a414b6b007a3e9\"",
            "id": "2818425:acque2two",
            "role": "member",
            "team_id": "2818425",
            "username": "acque2two"
          },
          "sensitive_attributes": []
        }
      ]
    },
    {
      "mode": "managed",
      "type": "github_team_membership",
      "name": "ictsc2018-bosan120",
      "provider": "provider[\"registry.terraform.io/integrations/github\"]",
      "instances": [
        {
          "schema_version": 0,
          "attributes_flat": {
            "etag": "W/\"63680a8578a83b7cf4cbab3db22cf5a78db7efda436c9756c1c450424f246dfb\"",
            "id": "2818425:bosan120",
            "role": "member",
            "team_id": "2818425",
            "username": "bosan120"
          },
          "sensitive_attributes": []
        }
      ]
    },
    {
      "mode": "managed",
      "type": "github_team_membership",
      "name": "ictsc2018-gurapomu",
      "provider": "provider[\"registry.terraform.io/integrations/github\"]",
      "instances": [
        {
          "schema_version": 0,
          "attributes_flat": {
            "etag": "W/\"461b1ea7436879e85772c893d8056250a4b90afb3ca7e004a57d138f386bf64d\"",
            "id": "2818425:gurapomu",
            "role": "member",
            "team_id": "2818425",
            "username": "gurapomu"
          },
          "sensitive_attributes": []
        }
      ]
    },
    {
      "mode": "managed",
      "type": "github_team_membership",
      "name": "ictsc2018-h-otter",
      "provider": "provider[\"registry.terraform.io/integrations/github\"]",
      "instances": [
        {
          "schema_version": 0,
          "attributes_flat": {
            "etag": "W/\"abc0d105e4130834d40dff943ed7821fdc75f58d6b34b669d55c8c968d2f56c2\"",
            "id": "2818425:h-otter",
            "role": "member",
            "team_id": "2818425",
            "username": "h-otter"
          },
          "sensitive_attributes": []
        }
      ]
    },
    {
      "mode": "managed",
      "type": "github_team_membership",
      "name": "ictsc2018-ha-kun0711",
      "provider": "provider[\"registry.terraform.io/integrations/github\"]",
      "instances": [
        {
          "schema_version": 0,
          "attributes_flat": {
            "etag": "W/\"c6074b7bbb3260fdfcfe7b3a847e2073ce5fddcfe8eae18de349ad60059305b7\"",
            "id": "2818425:ha-kun0711",
            "role": "member",
            "team_id": "2818425",
            "username": "ha-kun0711"
          },
          "sensitive_attributes": []
        }
      ]
    },
    {
      "mode": "managed",
      "type": "github_team_membership",
      "name": "ictsc2018-icchy",
      "provider": "provider[\"registry.terraform.io/integrations/github\"]",
      "instances": [
        {
          "schema_version": 0,
          "attributes_flat": {
            "etag": "W/\"667331c6a82be6ef20e67ccbe9168ba290fb73f1f6a446160a62764f3ba8ed39\"",
            "id": "2818425:icchy",
            "role": "member",
            "team_id": "2818425",
            "username": "icchy"
          },
          "sensitive_attributes": []
        }
      ]
    },
    {
      "mode": "managed",
      "type": "github_team_membership",
      "name": "ictsc2018-kyontan",
      "provider": "provider[\"registry.terraform.io/integrations/github\"]",
      "instances": [
        {
          "schema_version": 0,
          "attributes_flat": {
            "etag": "W/\"7ba64439199d2ec7abb061793f0881a4f7ba58388a3f976881a46b68dab2650a\"",
            "id": "2818425:kyontan",
            "role": "member",
            "team_id": "2818425",
            "username": "kyontan"
          },
          "sensitive_attributes": []
        }
      ]
    },
    {
      "mode": "managed",
      "type": "github_team_membership",
      "name": "ictsc2018-onokatio",
      "provider": "provider[\"registry.terraform.io/integrations/github\"]",
      "instances": [
        {
          "schema_version": 0,
          "attributes_flat": {
            "etag": "W/\"2e86900458e030465380810427933a575c774f76a2f8fd5256840d4d413728a8\"",
            "id": "2818425:onokatio",
            "role": "member",
            "team_id": "2818425",
            "username": "onokatio"
          },
          "sensitive_attributes": []
        }
      ]
    },
    {
      "mode": "managed",
      "type": "github_team_membership",
      "name": "ictsc2018-orin24",
      "provider": "provider[\"registry.terraform.io/integrations/github\"]",
      "instances": [
        {
          "schema_version": 0,
          "attributes_flat": {
            "etag": "W/\"b3512cdc2e477ac2367cf101360ae0a4bf44daf133b6f8602a6d1fcc0519f6e8\"",
            "id": "2818425:orin24",
            "role": "member",
            "team_id": "2818425",
            "username": "orin24"
          },
          "sensitive_attributes": []
        }
      ]
    },
    {
      "mode": "managed",
      "type": "github_team_membership",
      "name": "ictsc2018-palloc",
      "provider": "provider[\"registry.terraform.io/integrations/github\"]",
      "instances": [
        {
          "schema_version": 0,
          "attributes_flat": {
            "etag": "W/\"46109e948b0aaddca2dc76c0a47124e21dc5aa44c637481455f642440ab124ae\"",
            "id": "2818425:palloc",
            "role": "member",
            "team_id": "2818425",
            "username": "palloc"
          },
          "sensitive_attributes": []
        }
      ]
    },
    {
      "mode": "managed",
      "type": "github_team_membership",
      "name": "ictsc2018-potyama",
      "provider": "provider[\"registry.terraform.io/integrations/github\"]",
      "instances": [
        {
          "schema_version": 0,
          "attributes_flat": {
            "etag": "W/\"efa874f7e3ec588d2fe46fc1439a0fb8ab5b7a7a779e50443c1b0fce2761905f\"",
            "id": "2818425:potyama",
            "role": "member",
            "team_id": "2818425",
            "username": "potyama"
          },
          "sensitive_attributes": []
        }
      ]
    },
    {
      "mode": "managed",
      "type": "github_team_membership",
      "name": "ictsc2018-proelbtn",
      "provider": "provider[\"registry.terraform.io/integrations/github\"]",
      "instances": [
        {
          "schema_version": 0,
          "attributes_flat": {
            "etag": "W/\"62496d644736e320fe85c181cc4c0a22b8678f2e128570d5f2376c411e95323c\"",
            "id": "2818425:proelbtn",
            "role": "member",
            "team_id": "2818425",
            "username": "proelbtn"
          },
          "sensitive_attributes": []
        }
      ]
    },
    {
      "mode": "managed",
      "type": "github_team_membership",
      "name": "ictsc2018-sharknasuhorse",
      "provider": "provider[\"registry.terraform.io/integrations/github\"]",
      "instances": [
        {
          "schema_version": 0,
          "attributes_flat": {
            "etag": "W/\"9d9c8ab69f00dec6d53903499487ff123380e61592a816187ae96c0c701eaea5\"",
            "id": "2818425:sharknasuhorse",
            "role": "member",
            "team_id": "2818425",
            "username": "sharknasuhorse"
          },
          "sensitive_attributes": []
        }
      ]
    },
    {
      "mode": "managed",
      "type": "github_team_membership",
      "name": "ictsc2018-shinonome01",
      "provider": "provider[\"registry.terraform.io/integrations/github\"]",
      "instances": [
        {
          "schema_version": 0,
          "attributes_flat": {
            "etag": "W/\"1fae77b4c59d5ed651c0506c6e99aebe62461b3434fdb746b33fa4c6aaadeae8\"",
            "id": "2818425:shinonome01",
            "role": "member",
            "team_id": "2818425",
            "username": "shinonome01"
          },
          "sensitive_attributes": []
        }
      ]
    },
    {
      "mode": "managed",
      "type": "github_team_membership",
      "name": "ictsc2018-takehaya",
      "provider": "provider[\"registry.terraform.io/integrations/github\"]",
      "instances": [
        {
          "schema_version": 0,
          "attributes_flat": {
            "etag": "W/\"44987dcda4cd029c5d6fd10bdc67e183702bf8e6d8d1f60e6b9d779d5b324f6e\"",
            "id": "2818425:takehaya",
            "role": "member",
            "team_id": "2818425",
            "username": "takehaya"
          },
          "sensitive_attributes": []
        }
      ]
    },
    {
      "mode": "managed",
      "type": "github_team_membership",
      "name": "ictsc2018-uplus",
      "provider": "provider[\"registry.terraform.io/integrations/github\"]",
      "instances": [
        {
          "schema_version": 0,
          "attributes_flat": {
            "etag": "W/\"1a4463b8836c2ea83cc137bc61b7ad8a0df1f5b2f66bade52d9ce3e89e3e4f8e\"",
            "id": "2818425:uplus",
            "role": "member",
            "team_id": "2818425",
            "username": "uplus"
          },
          "sensitive_attributes": []
        }
      ]
    },
    {
      "mode": "managed",
      "type": "github_team_membership",
      "name": "ictsc2018-whywaita",
      "provider": "provider[\"registry.terraform.io/integrations/github\"]",
      "instances": [
        {
          "schema_version": 0,
          "attributes_flat": {
            "etag": "W/\"82d24ae6209f19160a934952a4a07a8adfb7c861706873d21d9b1c90c45eb3ce\"",
            "id": "2818425:whywaita",
            "role": "member",
            "team_id": "2818425",
            "username": "whywaita"
          },
          "sensitive_attributes": []
        }
      ]
    },
    {
      "mode": "managed",
      "type": "github_team_membership",
      "name": "ictsc2018-yatuhashi",
      "provider": "provider[\"registry.terraform.io/integrations/github\"]",
      "instances": [
        {
          "schema_version": 0,
          "attributes_flat": {
            "etag": "W/\"45ea5551a0b1f12615f860e6a43d37a3bc976868c4fd2bcd177faf4bd3a6a2bf\"",
            "id": "2818425:yatuhashi",
            "role": "member",
            "team_id": "2818425",
            "username": "yatuhashi"
          },
          "sensitive_attributes": []
        }
      ]
    },
    {
      "mode": "managed",
      "type": "github_team_membership",
      "name": "ictsc2019-Iwancof",
      "provider": "provider[\"registry.terraform.io/integrations/github\"]",
      "instances": [
        {
          "schema_version": 0,
          "attributes_flat": {
            "etag": "W/\"138e3fe547b9dbe2372f8fed2a9e017fc1e670e7f36589174f178c129e8004e4\"",
            "id": "3300293:Iwancof",
            "role": "member",
            "team_id": "3300293",
            "username": "Iwancof"
          },
          "sensitive_attributes": []
        }
      ]
    },
    {
      "mode": "managed",
      "type": "github_team_membership",
      "name": "ictsc2019-Kurorororo",
      "provider": "provider[\"registry.terraform.io/integrations/github\"]",
      "instances": [
        {
          "schema_version": 0,
          "attributes_flat": {
            "etag": "W/\"9937c9da3f0d212111fac40f993759b632a8ce300e404afdb4d357874503b4b2\"",
            "id": "3300293:Kurorororo",
            "role": "member",
            "team_id": "3300293",
            "username": "Kurorororo"
          },
          "sensitive_attributes": []
        }
      ]
    },
    {
      "mode": "managed",
      "type": "github_team_membership",
      "name": "ictsc2019-SallyAcolyte",
      "provider": "provider[\"registry.terraform.io/integrations/github\"]",
      "instances": [
        {
          "schema_version": 0,
          "attributes_flat": {
            "etag": "W/\"fb910dc9d882451181cea868a22118535ae0b6b78c13ade91afa9a07af595ead\"",
            "id": "3300293:SallyAcolyte",
            "role": "member",
            "team_id": "3300293",
            "username": "SallyAcolyte"
          },
          "sensitive_attributes": []
        }
      ]
    },
    {
      "mode": "managed",
      "type": "github_team_membership",
      "name": "ictsc2019-SilEighty-ym",
      "provider": "provider[\"registry.terraform.io/integrations/github\"]",
      "instances": [
        {
          "schema_version": 0,
          "attributes_flat": {
            "etag": "W/\"77d3b8e8956498234ff120d9fa0a247178b56f79022fdf2845399953ba9f3da6\"",
            "id": "3300293:SilEighty-ym",
            "role": "member",
            "team_id": "3300293",
            "username": "SilEighty-ym"
          },
          "sensitive_attributes": []
        }
      ]
    },
    {
      "mode": "managed",
      "type": "github_team_membership",
      "name": "ictsc2019-TenkiGit",
      "provider": "provider[\"registry.terraform.io/integrations/github\"]",
      "instances": [
        {
          "schema_version": 0,
          "attributes_flat": {
            "etag": "W/\"646fd301402087b424d6de358fd53817f959e16b1d3df3cb241cbc06c2112140\"",
            "id": "3300293:TenkiGit",
            "role": "member",
            "team_id": "3300293",
            "username": "TenkiGit"
          },
          "sensitive_attributes": []
        }
      ]
    },
    {
      "mode": "managed",
      "type": "github_team_membership",
      "name": "ictsc2019-Terfno",
      "provider": "provider[\"registry.terraform.io/integrations/github\"]",
      "instances": [
        {
          "schema_version": 0,
          "attributes_flat": {
            "etag": "W/\"889439dede9850f2d9cd63a6bc7c9fcc237f4eddcf6a12156acb1acb3a3a8a21\"",
            "id": "3300293:Terfno",
            "role": "member",
            "team_id": "3300293",
            "username": "Terfno"
          },
          "sensitive_attributes": []
        }
      ]
    },
    {
      "mode": "managed",
      "type": "github_team_membership",
      "name": "ictsc2019-arupakan125",
      "provider": "provider[\"registry.terraform.io/integrations/github\"]",
      "instances": [
        {
          "schema_version": 0,
          "attributes_flat": {
            "etag": "W/\"7e3730bcc71ab13f623195d2e008d6372b42a31fad95ceb3f1d90a60980d4e8a\"",
            "id": "3300293:arupakan125",
            "role": "member",
            "team_id": "3300293",
            "username": "arupakan125"
          },
          "sensitive_attributes": []
        }
      ]
    },
    {
      "mode": "managed",
      "type": "github_team_membership",
      "name": "ictsc2019-beggarl",
      "provider": "provider[\"registry.terraform.io/integrations/github\"]",
      "instances": [
        {
          "schema_version": 0,
          "attributes_flat": {
            "etag": "W/\"8ce6e87af73010c506c3220e7fdafc6c2e6b36bad1c966c7e8bda32bcf7bf1ab\"",
            "id": "3300293:beggarl",
            "role": "member",
            "team_id": "3300293",
            "username": "beggarl"
          },
          "sensitive_attributes": []
        }
      ]
    },
    {
      "mode": "managed",
      "type": "github_team_membership",
      "name": "ictsc2019-chouett0",
      "provider": "provider[\"registry.terraform.io/integrations/github\"]",
      "instances": [
        {
          "schema_version": 0,
          "attributes_flat": {
            "etag": "W/\"7fec21828274dd076efdf9d7c913e9238e6ad3426c6a35d38d67b3623c2603aa\"",
            "id": "3300293:chouett0",
            "role": "member",
            "team_id": "3300293",
            "username": "chouett0"
          },
          "sensitive_attributes": []
        }
      ]
    },
    {
      "mode": "managed",
      "type": "github_team_membership",
      "name": "ictsc2019-ecodrive-18",
      "provider": "provider[\"registry.terraform.io/integrations/github\"]",
      "instances": [
        {
          "schema_version": 0,
          "attributes_flat": {
            "etag": "W/\"42da97a15df32119d01587977e11e32ec27b913050911e4a5418d76bfc515aeb\"",
            "id": "3300293:ecodrive-18",
            "role": "member",
            "team_id": "3300293",
            "username": "ecodrive-18"
          },
          "sensitive_attributes": []
        }
      ]
    },
    {
      "mode": "managed",
      "type": "github_team_membership",
      "name": "ictsc2019-gurapomu",
      "provider": "provider[\"registry.terraform.io/integrations/github\"]",
      "instances": [
        {
          "schema_version": 0,
          "attributes_flat": {
            "etag": "W/\"7316d092f37517c36433fed1a79483f0fc8f331938234f9b014d1910623dbd53\"",
            "id": "3300293:gurapomu",
            "role": "member",
            "team_id": "3300293",
            "username": "gurapomu"
          },
          "sensitive_attributes": []
        }
      ]
    },
    {
      "mode": "managed",
      "type": "github_team_membership",
      "name": "ictsc2019-h-otter",
      "provider": "provider[\"registry.terraform.io/integrations/github\"]",
      "instances": [
        {
          "schema_version": 0,
          "attributes_flat": {
            "etag": "W/\"6c9df2237dcc17126d8d6f698c3293f02ee5a63d19d38039b9244a1151228bc2\"",
            "id": "3300293:h-otter",
            "role": "member",
            "team_id": "3300293",
            "username": "h-otter"
          },
          "sensitive_attributes": []
        }
      ]
    },
    {
      "mode": "managed",
      "type": "github_team_membership",
      "name": "ictsc2019-hibiki31",
      "provider": "provider[\"registry.terraform.io/integrations/github\"]",
      "instances": [
        {
          "schema_version": 0,
          "attributes_flat": {
            "etag": "W/\"688d1be2e9ca3c64faafb1dda53e811302ebdad89c4c9c0c25d16e00719b7a5e\"",
            "id": "3300293:hibiki31",
            "role": "member",
            "team_id": "3300293",
            "username": "hibiki31"
          },
          "sensitive_attributes": []
        }
      ]
    },
    {
      "mode": "managed",
      "type": "github_team_membership",
      "name": "ictsc2019-icchy",
      "provider": "provider[\"registry.terraform.io/integrations/github\"]",
      "instances": [
        {
          "schema_version": 0,
          "attributes_flat": {
            "etag": "W/\"33fb0a1bed6f48aa86dc8af48d8a1b9e305f9576af6c7f6c8fcbc9d97fd99af6\"",
            "id": "3300293:icchy",
            "role": "member",
            "team_id": "3300293",
            "username": "icchy"
          },
          "sensitive_attributes": []
        }
      ]
    },
    {
      "mode": "managed",
      "type": "github_team_membership",
      "name": "ictsc2019-kapibara824",
      "provider": "provider[\"registry.terraform.io/integrations/github\"]",
      "instances": [
        {
          "schema_version": 0,
          "attributes_flat": {
            "etag": "W/\"1cf8befe035ab4bd7f65d99539002ebcf45b37d20fdb66a7c00083eb476b3be6\"",
            "id": "3300293:kapibara824",
            "role": "member",
            "team_id": "3300293",
            "username": "kapibara824"
          },
          "sensitive_attributes": []
        }
      ]
    },
    {
      "mode": "managed",
      "type": "github_team_membership",
      "name": "ictsc2019-mbook-x86",
      "provider": "provider[\"registry.terraform.io/integrations/github\"]",
      "instances": [
        {
          "schema_version": 0,
          "attributes_flat": {
            "etag": "W/\"e7e363a2169de0ec40967d1a169cd28df7d09f745761f79c01fca9f0f110ae6b\"",
            "id": "3300293:mbook-x86",
            "role": "member",
            "team_id": "3300293",
            "username": "mbook-x86"
          },
          "sensitive_attributes": []
        }
      ]
    },
    {
      "mode": "managed",
      "type": "github_team_membership",
      "name": "ictsc2019-naoki912",
      "provider": "provider[\"registry.terraform.io/integrations/github\"]",
      "instances": [
        {
          "schema_version": 0,
          "attributes_flat": {
            "etag": "W/\"357038881a3212ef11fd673fc57d15834e02129f78d78e48955b72b290573628\"",
            "id": "3300293:naoki912",
            "role": "member",
            "team_id": "3300293",
            "username": "naoki912"
          },
          "sensitive_attributes": []
        }
      ]
    },
    {
      "mode": "managed",
      "type": "github_team_membership",
      "name": "ictsc2019-onokatio",
      "provider": "provider[\"registry.terraform.io/integrations/github\"]",
      "instances": [
        {
          "schema_version": 0,
          "attributes_flat": {
            "etag": "W/\"57ad2ff67b4259d2900087a7e2c5bff3595bbd23789a085108e0b64e664579dd\"",
            "id": "3300293:onokatio",
            "role": "member",
            "team_id": "3300293",
            "username": "onokatio"
          },
          "sensitive_attributes": []
        }
      ]
    },
    {
      "mode": "managed",
      "type": "github_team_membership",
      "name": "ictsc2019-ophum",
      "provider": "provider[\"registry.terraform.io/integrations/github\"]",
      "instances": [
        {
          "schema_version": 0,
          "attributes_flat": {
            "etag": "W/\"bce0b714fba881ef74744ba699c0083a399ab3003f3324424e722afd5904a16d\"",
            "id": "3300293:ophum",
            "role": "member",
            "team_id": "3300293",
            "username": "ophum"
          },
          "sensitive_attributes": []
        }
      ]
    },
    {
      "mode": "managed",
      "type": "github_team_membership",
      "name": "ictsc2019-potyama",
      "provider": "provider[\"registry.terraform.io/integrations/github\"]",
      "instances": [
        {
          "schema_version": 0,
          "attributes_flat": {
            "etag": "W/\"44e1dc775dc4ecefdc335195f72ef22a33ef45061f0c16ff89f2a45b689b3dba\"",
            "id": "3300293:potyama",
            "role": "member",
            "team_id": "3300293",
            "username": "potyama"
          },
          "sensitive_attributes": []
        }
      ]
    },
    {
      "mode": "managed",
      "type": "github_team_membership",
      "name": "ictsc2019-proelbtn",
      "provider": "provider[\"registry.terraform.io/integrations/github\"]",
      "instances": [
        {
          "schema_version": 0,
          "attributes_flat": {
            "etag": "W/\"27fea724332500426f5a225e47da1922d34db7c8b4ae408e6f4246bd5222d7a7\"",
            "id": "3300293:proelbtn",
            "role": "member",
            "team_id": "3300293",
            "username": "proelbtn"
          },
          "sensitive_attributes": []
        }
      ]
    },
    {
      "mode": "managed",
      "type": "github_team_membership",
      "name": "ictsc2019-recuraki",
      "provider": "provider[\"registry.terraform.io/integrations/github\"]",
      "instances": [
        {
          "schema_version": 0,
          "attributes_flat": {
            "etag": "W/\"2b5c536eccef68ee3431b6558a05df63ca0fc92a27117d18b0ad51f2a08b2989\"",
            "id": "3300293:recuraki",
            "role": "member",
            "team_id": "3300293",
            "username": "recuraki"
          },
          "sensitive_attributes": []
        }
      ]
    },
    {
      "mode": "managed",
      "type": "github_team_membership",
      "name": "ictsc2019-rlia",
      "provider": "provider[\"registry.terraform.io/integrations/github\"]",
      "instances": [
        {
          "schema_version": 0,
          "attributes_flat": {
            "etag": "W/\"1fb85e0c4b5d329ddd54735cfb76014ad0e8a02f5fb77a672008eee9f5678d69\"",
            "id": "3300293:rlia",
            "role": "member",
            "team_id": "3300293",
            "username": "rlia"
          },
          "sensitive_attributes": []
        }
      ]
    },
    {
      "mode": "managed",
      "type": "github_team_membership",
      "name": "ictsc2019-sharknasuhorse",
      "provider": "provider[\"registry.terraform.io/integrations/github\"]",
      "instances": [
        {
          "schema_version": 0,
          "attributes_flat": {
            "etag": "W/\"553fa3ae5d54a1591c96fe9d03326c80b772fabef33146cfff0b23884c374756\"",
            "id": "3300293:sharknasuhorse",
            "role": "member",
            "team_id": "3300293",
            "username": "sharknasuhorse"
          },
          "sensitive_attributes": []
        }
      ]
    },
    {
      "mode": "managed",
      "type": "github_team_membership",
      "name": "ictsc2019-site0801",
      "provider": "provider[\"registry.terraform.io/integrations/github\"]",
      "instances": [
        {
          "schema_version": 0,
          "attributes_flat": {
            "etag": "W/\"a21570275897afb2922c276e2a4345c615cfa7bbeacba7854e215254e7d848f9\"",
            "id": "3300293:site0801",
            "role": "member",
            "team_id": "3300293",
            "username": "site0801"
          },
          "sensitive_attributes": []
        }
      ]
    },
    {
      "mode": "managed",
      "type": "github_team_membership",
      "name": "ictsc2019-syuli",
      "provider": "provider[\"registry.terraform.io/integrations/github\"]",
      "instances": [
        {
          "schema_version": 0,
          "attributes_flat": {
            "etag": "W/\"a5a8b65862f6e5a0ed9895f626d5dad7e3cd9765d2b454fdc2d59f02946213dc\"",
            "id": "3300293:syuli",
            "role": "member",
            "team_id": "3300293",
            "username": "syuli"
          },
          "sensitive_attributes": []
        }
      ]
    },
    {
      "mode": "managed",
      "type": "github_team_membership",
      "name": "ictsc2019-takehaya",
      "provider": "provider[\"registry.terraform.io/integrations/github\"]",
      "instances": [
        {
          "schema_version": 0,
          "attributes_flat": {
            "etag": "W/\"3df3c336a10db900e359375a4019362f43201c7642c3f05859d78d2cdaea11a8\"",
            "id": "3300293:takehaya",
            "role": "member",
            "team_id": "3300293",
            "username": "takehaya"
          },
          "sensitive_attributes": []
        }
      ]
    },
    {
      "mode": "managed",
      "type": "github_team_membership",
      "name": "ictsc2019-tom--bo",
      "provider": "provider[\"registry.terraform.io/integrations/github\"]",
      "instances": [
        {
          "schema_version": 0,
          "attributes_flat": {
            "etag": "W/\"e55c6ede6f096c9c267b641dea5fe7cc3e06b65addd8d2484ad35db534e18572\"",
            "id": "3300293:tom--bo",
            "role": "member",
            "team_id": "3300293",
            "username": "tom--bo"
          },
          "sensitive_attributes": []
        }
      ]
    },
    {
      "mode": "managed",
      "type": "github_team_membership",
      "name": "ictsc2019-uplus",
      "provider": "provider[\"registry.terraform.io/integrations/github\"]",
      "instances": [
        {
          "schema_version": 0,
          "attributes_flat": {
            "etag": "W/\"79ad8143b839d084c04c3860fba9b9bf18c5cd5fa4c1750ebfb260615ae2c2e7\"",
            "id": "3300293:uplus",
            "role": "member",
            "team_id": "3300293",
            "username": "uplus"
          },
          "sensitive_attributes": []
        }
      ]
    },
    {
      "mode": "managed",
      "type": "github_team_membership",
      "name": "ictsc2019-yo-kanyukari",
      "provider": "provider[\"registry.terraform.io/integrations/github\"]",
      "instances": [
        {
          "schema_version": 0,
          "attributes_flat": {
            "etag": "W/\"e9efe96d0cfddb9b76a76ec13c9bbd71d28c564135f8e32353f4c3eeb065ec28\"",
            "id": "3300293:yo-kanyukari",
            "role": "member",
            "team_id": "3300293",
            "username": "yo-kanyukari"
          },
          "sensitive_attributes": []
        }
      ]
    },
    {
      "mode": "managed",
      "type": "github_team_membership",
      "name": "ictsc2019-yoneyan",
      "provider": "provider[\"registry.terraform.io/integrations/github\"]",
      "instances": [
        {
          "schema_version": 0,
          "attributes_flat": {
            "etag": "W/\"24322c711887ac967aa3de2236f1828b5fbc1b7f7ca4072ffc6a71bd7eab8e7d\"",
            "id": "3300293:yoneyan",
            "role": "member",
            "team_id": "3300293",
            "username": "yoneyan"
          },
          "sensitive_attributes": []
        }
      ]
    },
    {
      "mode": "managed",
      "type": "github_team_membership",
      "name": "ictsc2019-yu-tanaka00",
      "provider": "provider[\"registry.terraform.io/integrations/github\"]",
      "instances": [
        {
          "schema_version": 0,
          "attributes_flat": {
            "etag": "W/\"1b267af2465efc4138818b3d16d3b1d54e017f30f8f4ee233cef2689efc1d8a3\"",
            "id": "3300293:yu-tanaka00",
            "role": "member",
            "team_id": "3300293",
            "username": "yu-tanaka00"
          },
          "sensitive_attributes": []
        }
      ]
    },
    {
      "mode": "managed",
      "type": "github_team_membership",
      "name": "ictsc2020-928k1110",
      "provider": "provider[\"registry.terraform.io/integrations/github\"]",
      "instances": [
        {
          "schema_version": 0,
          "attributes_flat": {
            "etag": "W/\"85d3757b5f9949c12bcb9c157584da06acc68bdca4ed3112d1234cea1a25b3c3\"",
            "id": "3894829:928k1110",
            "role": "member",
            "team_id": "3894829",
            "username": "928k1110"
          },
          "sensitive_attributes": []
        }
      ]
    },
    {
      "mode": "managed",
      "type": "github_team_membership",
      "name": "ictsc2020-Hicky1025",
      "provider": "provider[\"registry.terraform.io/integrations/github\"]",
      "instances": [
        {
          "schema_version": 0,
          "attributes_flat": {
            "etag": "W/\"37a4e87f24a5d42167cc7fc4fd25268607189fe734a7cfc6419a26183e15dee5\"",
            "id": "3894829:Hicky1025",
            "role": "member",
            "team_id": "3894829",
            "username": "Hicky1025"
          },
          "sensitive_attributes": []
        }
      ]
    },
    {
      "mode": "managed",
      "type": "github_team_membership",
      "name": "ictsc2020-TenkiGit",
      "provider": "provider[\"registry.terraform.io/integrations/github\"]",
      "instances": [
        {
          "schema_version": 0,
          "attributes_flat": {
            "etag": "W/\"47b903486798fb70ba24dd9a18f5ce489017fa527309fcb69429246e3ac1e251\"",
            "id": "3894829:TenkiGit",
            "role": "member",
            "team_id": "3894829",
            "username": "TenkiGit"
          },
          "sensitive_attributes": []
        }
      ]
    },
    {
      "mode": "managed",
      "type": "github_team_membership",
      "name": "ictsc2020-Terfno",
      "provider": "provider[\"registry.terraform.io/integrations/github\"]",
      "instances": [
        {
          "schema_version": 0,
          "attributes_flat": {
            "etag": "W/\"2038f8119f992e7f4a632e4a3e72d17bd40be7d636e6dd521a0293c73bf4c99d\"",
            "id": "3894829:Terfno",
            "role": "member",
            "team_id": "3894829",
            "username": "Terfno"
          },
          "sensitive_attributes": []
        }
      ]
    },
    {
      "mode": "managed",
      "type": "github_team_membership",
      "name": "ictsc2020-arupakan125",
      "provider": "provider[\"registry.terraform.io/integrations/github\"]",
      "instances": [
        {
          "schema_version": 0,
          "attributes_flat": {
            "etag": "W/\"3b1ad23f3e2906695b655dcb823d769a6cf3d69e5f11566a9711bede51194d2f\"",
            "id": "3894829:arupakan125",
            "role": "member",
            "team_id": "3894829",
            "username": "arupakan125"
          },
          "sensitive_attributes": []
        }
      ]
    },
    {
      "mode": "managed",
      "type": "github_team_membership",
      "name": "ictsc2020-hibiki31",
      "provider": "provider[\"registry.terraform.io/integrations/github\"]",
      "instances": [
        {
          "schema_version": 0,
          "attributes_flat": {
            "etag": "W/\"5dc674a0959fffe1eb11957ce0048b2acc98bd913009007b50f6bb360db1fd2e\"",
            "id": "3894829:hibiki31",
            "role": "member",
            "team_id": "3894829",
            "username": "hibiki31"
          },
          "sensitive_attributes": []
        }
      ]
    },
    {
      "mode": "managed",
      "type": "github_team_membership",
      "name": "ictsc2020-kapibara824",
      "provider": "provider[\"registry.terraform.io/integrations/github\"]",
      "instances": [
        {
          "schema_version": 0,
          "attributes_flat": {
            "etag": "W/\"a1a7566ee3a03fb3ab36c7f4b695e5535b7a5146cc865bad559f08a8e7b118d2\"",
            "id": "3894829:kapibara824",
            "role": "member",
            "team_id": "3894829",
            "username": "kapibara824"
          },
          "sensitive_attributes": []
        }
      ]
    },
    {
      "mode": "managed",
      "type": "github_team_membership",
      "name": "ictsc2020-nakasyo2650",
      "provider": "provider[\"registry.terraform.io/integrations/github\"]",
      "instances": [
        {
          "schema_version": 0,
          "attributes_flat": {
            "etag": "W/\"1aafbf9628c256981e6d6297610fa42639b6faafda4dcb717b4d4d96361693e6\"",
            "id": "3894829:nakasyo2650",
            "role": "member",
            "team_id": "3894829",
            "username": "nakasyo2650"
          },
          "sensitive_attributes": []
        }
      ]
    },
    {
      "mode": "managed",
      "type": "github_team_membership",
      "name": "ictsc2020-naoki2001",
      "provider": "provider[\"registry.terraform.io/integrations/github\"]",
      "instances": [
        {
          "schema_version": 0,
          "attributes_flat": {
            "etag": "W/\"2c7cc189090dddd65c58163b4627e95a1e1be835300597b739a0f5c30890d7a4\"",
            "id": "3894829:naoki2001",
            "role": "member",
            "team_id": "3894829",
            "username": "naoki2001"
          },
          "sensitive_attributes": []
        }
      ]
    },
    {
      "mode": "managed",
      "type": "github_team_membership",
      "name": "ictsc2020-onokatio",
      "provider": "provider[\"registry.terraform.io/integrations/github\"]",
      "instances": [
        {
          "schema_version": 0,
          "attributes_flat": {
            "etag": "W/\"98f43c5e84e9af7db85bd52774bcf81e6ed437275e381995362fbad02c69fb2a\"",
            "id": "3894829:onokatio",
            "role": "member",
            "team_id": "3894829",
            "username": "onokatio"
          },
          "sensitive_attributes": []
        }
      ]
    },
    {
      "mode": "managed",
      "type": "github_team_membership",
      "name": "ictsc2020-ophum",
      "provider": "provider[\"registry.terraform.io/integrations/github\"]",
      "instances": [
        {
          "schema_version": 0,
          "attributes_flat": {
            "etag": "W/\"f48f0f7943057f4272fa7be3d1d195b1df402d66db96cfb58c3d7d2d0dcd285b\"",
            "id": "3894829:ophum",
            "role": "member",
            "team_id": "3894829",
            "username": "ophum"
          },
          "sensitive_attributes": []
        }
      ]
    },
    {
      "mode": "managed",
      "type": "github_team_membership",
      "name": "ictsc2020-potyama",
      "provider": "provider[\"registry.terraform.io/integrations/github\"]",
      "instances": [
        {
          "schema_version": 0,
          "attributes_flat": {
            "etag": "W/\"98db6bcb9d3c4a7913588b50d4f99364c6edc43294b8ff5ade61737a2b354bb6\"",
            "id": "3894829:potyama",
            "role": "member",
            "team_id": "3894829",
            "username": "potyama"
          },
          "sensitive_attributes": []
        }
      ]
    },
    {
      "mode": "managed",
      "type": "github_team_membership",
      "name": "ictsc2020-proelbtn",
      "provider": "provider[\"registry.terraform.io/integrations/github\"]",
      "instances": [
        {
          "schema_version": 0,
          "attributes_flat": {
            "etag": "W/\"9989bbd877e7e77adefad262f361bb02e8cc5d0672a2fac9b82411020069b5a2\"",
            "id": "3894829:proelbtn",
            "role": "member",
            "team_id": "3894829",
            "username": "proelbtn"
          },
          "sensitive_attributes": []
        }
      ]
    },
    {
      "mode": "managed",
      "type": "github_team_membership",
      "name": "ictsc2020-rlia",
      "provider": "provider[\"registry.terraform.io/integrations/github\"]",
      "instances": [
        {
          "schema_version": 0,
          "attributes_flat": {
            "etag": "W/\"dca2db1f287a4d88c85e72b5e8b24fb070924f9f6499a32d4c9582ebd88d7efd\"",
            "id": "3894829:rlia",
            "role": "member",
            "team_id": "3894829",
            "username": "rlia"
          },
          "sensitive_attributes": []
        }
      ]
    },
    {
      "mode": "managed",
      "type": "github_team_membership",
      "name": "ictsc2020-site0801",
      "provider": "provider[\"registry.terraform.io/integrations/github\"]",
      "instances": [
        {
          "schema_version": 0,
          "attributes_flat": {
            "etag": "W/\"cb55c029a273424a3299a942fbb70e9e5103fd659583b892472906fc928bd2db\"",
            "id": "3894829:site0801",
            "role": "member",
            "team_id": "3894829",
            "username": "site0801"
          },
          "sensitive_attributes": []
        }
      ]
    },
    {
      "mode": "managed",
      "type": "github_team_membership",
      "name": "ictsc2020-takehaya",
      "provider": "provider[\"registry.terraform.io/integrations/github\"]",
      "instances": [
        {
          "schema_version": 0,
          "attributes_flat": {
            "etag": "W/\"f7e9fde88188064c00d7c35e2ec7813027d361887dba2dfa5b51bfb22be9cd37\"",
            "id": "3894829:takehaya",
            "role": "member",
            "team_id": "3894829",
            "username": "takehaya"
          },
          "sensitive_attributes": []
        }
      ]
    },
    {
      "mode": "managed",
      "type": "github_team_membership",
      "name": "ictsc2020-tanishi001",
      "provider": "provider[\"registry.terraform.io/integrations/github\"]",
      "instances": [
        {
          "schema_version": 0,
          "attributes_flat": {
            "etag": "W/\"e427a31d63daf156dcf5610558ae5e9c62779592b3ac51e840863ed052a32d4b\"",
            "id": "3894829:tanishi001",
            "role": "member",
            "team_id": "3894829",
            "username": "tanishi001"
          },
          "sensitive_attributes": []
        }
      ]
    },
    {
      "mode": "managed",
      "type": "github_team_membership",
      "name": "ictsc2020-uplus",
      "provider": "provider[\"registry.terraform.io/integrations/github\"]",
      "instances": [
        {
          "schema_version": 0,
          "attributes_flat": {
            "etag": "W/\"be58022326bc50890f34a3cc8508a5155f5297b49370010c4b113e3b83df30b7\"",
            "id": "3894829:uplus",
            "role": "member",
            "team_id": "3894829",
            "username": "uplus"
          },
          "sensitive_attributes": []
        }
      ]
    },
    {
      "mode": "managed",
      "type": "github_team_membership",
      "name": "ictsc2020-x86taka",
      "provider": "provider[\"registry.terraform.io/integrations/github\"]",
      "instances": [
        {
          "schema_version": 0,
          "attributes_flat": {
            "etag": "W/\"ed8cfe53ee3eb2097b99289c284dd4fcc7959de37d99c7cd38f1011252e4c2b1\"",
            "id": "3894829:x86taka",
            "role": "member",
            "team_id": "3894829",
            "username": "x86taka"
          },
          "sensitive_attributes": []
        }
      ]
    },
    {
      "mode": "managed",
      "type": "github_team_membership",
      "name": "ictsc2020-yo-kanyukari",
      "provider": "provider[\"registry.terraform.io/integrations/github\"]",
      "instances": [
        {
          "schema_version": 0,
          "attributes_flat": {
            "etag": "W/\"287d94db0cd081457b43e21538d3222c998d37797881300c34f5bb9670893756\"",
            "id": "3894829:yo-kanyukari",
            "role": "member",
            "team_id": "3894829",
            "username": "yo-kanyukari"
          },
          "sensitive_attributes": []
        }
      ]
    },
    {
      "mode": "managed",
      "type": "github_team_membership",
      "name": "ictsc2020-yoneyan",
      "provider": "provider[\"registry.terraform.io/integrations/github\"]",
      "instances": [
        {
          "schema_version": 0,
          "attributes_flat": {
            "etag": "W/\"5916c53be4fbd4efc07ff647cb478fc403ff09f7c3592e587ed648c9860aa583\"",
            "id": "3894829:yoneyan",
            "role": "member",
            "team_id": "3894829",
            "username": "yoneyan"
          },
          "sensitive_attributes": []
        }
      ]
    },
    {
      "mode": "managed",
      "type": "github_team_membership",
      "name": "ictsc2020-yukamoja",
      "provider": "provider[\"registry.terraform.io/integrations/github\"]",
      "instances": [
        {
          "schema_version": 0,
          "attributes_flat": {
            "etag": "W/\"84211a6f740b808acba3fd2bcc192fa79262cdbebc844a58a2696704a9454103\"",
            "id": "3894829:yukamoja",
            "role": "member",
            "team_id": "3894829",
            "username": "yukamoja"
          },
          "sensitive_attributes": []
        }
      ]
    },
    {
      "mode": "managed",
      "type": "github_team_membership",
      "name": "ictsc2020-zeroalphat",
      "provider": "provider[\"registry.terraform.io/integrations/github\"]",
      "instances": [
        {
          "schema_version": 0,
          "attributes_flat": {
            "etag": "W/\"2cf514eba434ad98ff0e9948f53149f67bbcd0a5eabe8e9fe7ed2d85752c604c\"",
            "id": "3894829:zeroalphat",
            "role": "member",
            "team_id": "3894829",
            "username": "zeroalphat"
          },
          "sensitive_attributes": []
        }
      ]
    },
    {
      "mode": "managed",
      "type": "github_team_membership",
      "name": "ictsc2021-Explosive6363",
      "provider": "provider[\"registry.terraform.io/integrations/github\"]",
      "instances": [
        {
          "schema_version": 0,
          "attributes_flat": {
            "etag": "W/\"dc7ff2c9dcac1aa2df62f681b830813ac15edeb75738f5e50c051f523c35046c\"",
            "id": "4811781:Explosive6363",
            "role": "member",
            "team_id": "4811781",
            "username": "Explosive6363"
          },
          "sensitive_attributes": []
        }
      ]
    },
    {
      "mode": "managed",
      "type": "github_team_membership",
      "name": "ictsc2021-Hicky1025",
      "provider": "provider[\"registry.terraform.io/integrations/github\"]",
      "instances": [
        {
          "schema_version": 0,
          "attributes_flat": {
            "etag": "W/\"c49f928187b4dc6c39d436afc930ae08d719f17effa536f24c1a2c8bc90362e3\"",
            "id": "4811781:Hicky1025",
            "role": "member",
            "team_id": "4811781",
            "username": "Hicky1025"
          },
          "sensitive_attributes": []
        }
      ]
    },
    {
      "mode": "managed",
      "type": "github_team_membership",
      "name": "ictsc2021-K-shir0",
      "provider": "provider[\"registry.terraform.io/integrations/github\"]",
      "instances": [
        {
          "schema_version": 0,
          "attributes_flat": {
            "etag": "W/\"1eacb59f20834e0a0914031fd0fec92b6f0bf8cdc464de6d6141711b6de5f593\"",
            "id": "4811781:K-shir0",
            "role": "member",
            "team_id": "4811781",
            "username": "K-shir0"
          },
          "sensitive_attributes": []
        }
      ]
    },
    {
      "mode": "managed",
      "type": "github_team_membership",
      "name": "ictsc2021-Terfno",
      "provider": "provider[\"registry.terraform.io/integrations/github\"]",
      "instances": [
        {
          "schema_version": 0,
          "attributes_flat": {
            "etag": "W/\"42753240e4cba627a810ca2fb146696a2b0f1c3c4e50412e423ab0751321648b\"",
            "id": "4811781:Terfno",
            "role": "member",
            "team_id": "4811781",
            "username": "Terfno"
          },
          "sensitive_attributes": []
        }
      ]
    },
    {
      "mode": "managed",
      "type": "github_team_membership",
      "name": "ictsc2021-arupakan125",
      "provider": "provider[\"registry.terraform.io/integrations/github\"]",
      "instances": [
        {
          "schema_version": 0,
          "attributes_flat": {
            "etag": "W/\"48dea381b994c4d24fe64ac044351aaadc50ca4618182bbb9eac9d6fac2d54d3\"",
            "id": "4811781:arupakan125",
            "role": "member",
            "team_id": "4811781",
            "username": "arupakan125"
          },
          "sensitive_attributes": []
        }
      ]
    },
    {
      "mode": "managed",
      "type": "github_team_membership",
      "name": "ictsc2021-chaya2z",
      "provider": "provider[\"registry.terraform.io/integrations/github\"]",
      "instances": [
        {
          "schema_version": 0,
          "attributes_flat": {
            "etag": "W/\"fa833189c7a41ff00a5230e14db270d5fb93b41a942fb1f44716641f48d72a5d\"",
            "id": "4811781:chaya2z",
            "role": "member",
            "team_id": "4811781",
            "username": "chaya2z"
          },
          "sensitive_attributes": []
        }
      ]
    },
    {
      "mode": "managed",
      "type": "github_team_membership",
      "name": "ictsc2021-kapibara824",
      "provider": "provider[\"registry.terraform.io/integrations/github\"]",
      "instances": [
        {
          "schema_version": 0,
          "attributes_flat": {
            "etag": "W/\"9892f1605d957fcf728a9e950825d552329a144509d59d3e0812eeff43f1db00\"",
            "id": "4811781:kapibara824",
            "role": "member",
            "team_id": "4811781",
            "username": "kapibara824"
          },
          "sensitive_attributes": []
        }
      ]
    },
    {
      "mode": "managed",
      "type": "github_team_membership",
      "name": "ictsc2021-onokatio",
      "provider": "provider[\"registry.terraform.io/integrations/github\"]",
      "instances": [
        {
          "schema_version": 0,
          "attributes_flat": {
            "etag": "W/\"04789c543ca980188c1f937c6992ca3b96a9bbb6c2a9af495b72dc9282d2de53\"",
            "id": "4811781:onokatio",
            "role": "member",
            "team_id": "4811781",
            "username": "onokatio"
          },
          "sensitive_attributes": []
        }
      ]
    },
    {
      "mode": "managed",
      "type": "github_team_membership",
      "name": "ictsc2021-ophum",
      "provider": "provider[\"registry.terraform.io/integrations/github\"]",
      "instances": [
        {
          "schema_version": 0,
          "attributes_flat": {
            "etag": "W/\"bf1b4087089dff87446d7369c7473e351982629ac1d40b0be4d6ce6bbbc485fe\"",
            "id": "4811781:ophum",
            "role": "member",
            "team_id": "4811781",
            "username": "ophum"
          },
          "sensitive_attributes": []
        }
      ]
    },
    {
      "mode": "managed",
      "type": "github_team_membership",
      "name": "ictsc2021-proelbtn",
      "provider": "provider[\"registry.terraform.io/integrations/github\"]",
      "instances": [
        {
          "schema_version": 0,
          "attributes_flat": {
            "etag": "W/\"3eea50c3787f9a922d0c3587d1521c1f315b5b73b82e6903bc2f8847da06b529\"",
            "id": "4811781:proelbtn",
            "role": "member",
            "team_id": "4811781",
            "username": "proelbtn"
          },
          "sensitive_attributes": []
        }
      ]
    },
    {
      "mode": "managed",
      "type": "github_team_membership",
      "name": "ictsc2021-site0801",
      "provider": "provider[\"registry.terraform.io/integrations/github\"]",
      "instances": [
        {
          "schema_version": 0,
          "attributes_flat": {
            "etag": "W/\"105ca9a7dafe533d3085b206bd9d728d3f647ab583a85cc8808354c7559094fd\"",
            "id": "4811781:site0801",
            "role": "member",
            "team_id": "4811781",
            "username": "site0801"
          },
          "sensitive_attributes": []
        }
      ]
    },
    {
      "mode": "managed",
      "type": "github_team_membership",
      "name": "ictsc2021-tomatoaas",
      "provider": "provider[\"registry.terraform.io/integrations/github\"]",
      "instances": [
        {
          "schema_version": 0,
          "attributes_flat": {
            "etag": "W/\"c6a58fe675831d8ef9c4ed3af231adca2286007e9123df87cd96beaf7032c685\"",
            "id": "4811781:tomatoaas",
            "role": "member",
            "team_id": "4811781",
            "username": "tomatoaas"
          },
          "sensitive_attributes": []
        }
      ]
    },
    {
      "mode": "managed",
      "type": "github_team_membership",
      "name": "ictsc2021-x86taka",
      "provider": "provider[\"registry.terraform.io/integrations/github\"]",
      "instances": [
        {
          "schema_version": 0,
          "attributes_flat": {
            "etag": "W/\"5b92b4c8d3e5d2d554d5a2ec29e3ae058b060cc1eca377070095f88bb728a38f\"",
            "id": "4811781:x86taka",
            "role": "member",
            "team_id": "4811781",
            "username": "x86taka"
          },
          "sensitive_attributes": []
        }
      ]
    },
    {
      "mode": "managed",
      "type": "github_team_membership",
      "name": "ictsc2021-yo-kanyukari",
      "provider": "provider[\"registry.terraform.io/integrations/github\"]",
      "instances": [
        {
          "schema_version": 0,
          "attributes_flat": {
            "etag": "W/\"e3853929c6a5922a6f781f7948b05deec80a0c269fb1a383c25179b1f9550d7e\"",
            "id": "4811781:yo-kanyukari",
            "role": "member",
            "team_id": "4811781",
            "username": "yo-kanyukari"
          },
          "sensitive_attributes": []
        }
      ]
    },
    {
      "mode": "managed",
      "type": "github_team_membership",
      "name": "ictsc2021-yoneyan",
      "provider": "provider[\"registry.terraform.io/integrations/github\"]",
      "instances": [
        {
          "schema_version": 0,
          "attributes_flat": {
            "etag": "W/\"e274baa753a8dfff5630e0924da9cee1c4d86660785065e4256ee7f28781bd3b\"",
            "id": "4811781:yoneyan",
            "role": "member",
            "team_id": "4811781",
            "username": "yoneyan"
          },
          "sensitive_attributes": []
        }
      ]
    },
    {
      "mode": "managed",
      "type": "github_team_membership",
      "name": "ictsc4-chisaton1",
      "provider": "provider[\"registry.terraform.io/integrations/github\"]",
      "instances": [
        {
          "schema_version": 0,
          "attributes_flat": {
            "etag": "W/\"5490e7fbfa51911142f075a580da7f578332f77e3ca3b9c3969d79820b7acc04\"",
            "id": "2004351:chisaton1",
            "role": "member",
            "team_id": "2004351",
            "username": "chisaton1"
          },
          "sensitive_attributes": []
        }
      ]
    },
    {
      "mode": "managed",
      "type": "github_team_membership",
      "name": "ictsc4-ibucho",
      "provider": "provider[\"registry.terraform.io/integrations/github\"]",
      "instances": [
        {
          "schema_version": 0,
          "attributes_flat": {
            "etag": "W/\"1b5f3e7550d8d5f56ecf2017cd5b46e5f52022f8dd198e076d8c2413ae4bb84b\"",
            "id": "2004351:ibucho",
            "role": "member",
            "team_id": "2004351",
            "username": "ibucho"
          },
          "sensitive_attributes": []
        }
      ]
    },
    {
      "mode": "managed",
      "type": "github_team_membership",
      "name": "ictsc4-kayo-tozaki",
      "provider": "provider[\"registry.terraform.io/integrations/github\"]",
      "instances": [
        {
          "schema_version": 0,
          "attributes_flat": {
            "etag": "W/\"2c00c3082108fdd65c228957871789c337706d544d2cd629a9ac9794c702909d\"",
            "id": "2004351:kayo-tozaki",
            "role": "member",
            "team_id": "2004351",
            "username": "kayo-tozaki"
          },
          "sensitive_attributes": []
        }
      ]
    },
    {
      "mode": "managed",
      "type": "github_team_membership",
      "name": "ictsc4-keisukearakawa",
      "provider": "provider[\"registry.terraform.io/integrations/github\"]",
      "instances": [
        {
          "schema_version": 0,
          "attributes_flat": {
            "etag": "W/\"89f77f35af54fb7d43de003306cf906c0e79e686b8a1f5b7dd520616c960455d\"",
            "id": "2004351:keisukearakawa",
            "role": "member",
            "team_id": "2004351",
            "username": "keisukearakawa"
          },
          "sensitive_attributes": []
        }
      ]
    },
    {
      "mode": "managed",
      "type": "github_team_membership",
      "name": "ictsc4-kurochan",
      "provider": "provider[\"registry.terraform.io/integrations/github\"]",
      "instances": [
        {
          "schema_version": 0,
          "attributes_flat": {
            "etag": "W/\"eb75d566db40fe2f520b4b29568ebf7ba64ba0156f4a9d28044b810bb1406494\"",
            "id": "2004351:kurochan",
            "role": "member",
            "team_id": "2004351",
            "username": "kurochan"
          },
          "sensitive_attributes": []
        }
      ]
    },
    {
      "mode": "managed",
      "type": "github_team_membership",
      "name": "ictsc4-mbook-x86",
      "provider": "provider[\"registry.terraform.io/integrations/github\"]",
      "instances": [
        {
          "schema_version": 0,
          "attributes_flat": {
            "etag": "W/\"7b7306c8c6110cba99534d4b8802d077a6bad31839947d562b555bcd590b1092\"",
            "id": "2004351:mbook-x86",
            "role": "member",
            "team_id": "2004351",
            "username": "mbook-x86"
          },
          "sensitive_attributes": []
        }
      ]
    },
    {
      "mode": "managed",
      "type": "github_team_membership",
      "name": "ictsc4-netmarkjp",
      "provider": "provider[\"registry.terraform.io/integrations/github\"]",
      "instances": [
        {
          "schema_version": 0,
          "attributes_flat": {
            "etag": "W/\"bf961bd2228baa435c7827ac7f98206898cc9d2af21a3a40788556bfd4b7756f\"",
            "id": "2004351:netmarkjp",
            "role": "member",
            "team_id": "2004351",
            "username": "netmarkjp"
          },
          "sensitive_attributes": []
        }
      ]
    },
    {
      "mode": "managed",
      "type": "github_team_membership",
      "name": "ictsc4-staybuzz",
      "provider": "provider[\"registry.terraform.io/integrations/github\"]",
      "instances": [
        {
          "schema_version": 0,
          "attributes_flat": {
            "etag": "W/\"66f7314056dea038a3498ea32d928da99ba17391b1155248af2f5afeb23386f7\"",
            "id": "2004351:staybuzz",
            "role": "member",
            "team_id": "2004351",
            "username": "staybuzz"
          },
          "sensitive_attributes": []
        }
      ]
    },
    {
      "mode": "managed",
      "type": "github_team_membership",
      "name": "ictsc4-suzutan",
      "provider": "provider[\"registry.terraform.io/integrations/github\"]",
      "instances": [
        {
          "schema_version": 0,
          "attributes_flat": {
            "etag": "W/\"8258bf17fd64b82433d65f64e7243f282b55c6367b17d4ef5175853670b4c7a9\"",
            "id": "2004351:suzutan",
            "role": "member",
            "team_id": "2004351",
            "username": "suzutan"
          },
          "sensitive_attributes": []
        }
      ]
    },
    {
      "mode": "managed",
      "type": "github_team_membership",
      "name": "ictsc4-whywaita",
      "provider": "provider[\"registry.terraform.io/integrations/github\"]",
      "instances": [
        {
          "schema_version": 0,
          "attributes_flat": {
            "etag": "W/\"cb6c460bca9e5e06a2d301e0180dcd4b09cadab93c417536f313f888c950a975\"",
            "id": "2004351:whywaita",
            "role": "member",
            "team_id": "2004351",
            "username": "whywaita"
          },
          "sensitive_attributes": []
        }
      ]
    },
    {
      "mode": "managed",
      "type": "github_team_membership",
      "name": "ictsc4-yatuhashi",
      "provider": "provider[\"registry.terraform.io/integrations/github\"]",
      "instances": [
        {
          "schema_version": 0,
          "attributes_flat": {
            "etag": "W/\"d728bcb73b53aa28d8239757a1910f56c5bb22b5446477d250a5a20391dbe4a3\"",
            "id": "2004351:yatuhashi",
            "role": "member",
            "team_id": "2004351",
            "username": "yatuhashi"
          },
          "sensitive_attributes": []
        }
      ]
    },
    {
      "mode": "managed",
      "type": "github_team_membership",
      "name": "ictsc4-yo-taro",
      "provider": "provider[\"registry.terraform.io/integrations/github\"]",
      "instances": [
        {
          "schema_version": 0,
          "attributes_flat": {
            "etag": "W/\"f75a247a3b9e098c8b03d05c3678c0f9ed7fcc154a4110d922fab25c8513d0da\"",
            "id": "2004351:yo-taro",
            "role": "member",
            "team_id": "2004351",
            "username": "yo-taro"
          },
          "sensitive_attributes": []
        }
      ]
    },
    {
      "mode": "managed",
      "type": "github_team_membership",
      "name": "ictsc5-aoi96",
      "provider": "provider[\"registry.terraform.io/integrations/github\"]",
      "instances": [
        {
          "schema_version": 0,
          "attributes_flat": {
            "etag": "W/\"b99787d3f8eb706eb6d88b802fc7783ad01b5e8ea2802972941b1d5b7b88d5f0\"",
            "id": "2004352:aoi96",
            "role": "member",
            "team_id": "2004352",
            "username": "aoi96"
          },
          "sensitive_attributes": []
        }
      ]
    },
    {
      "mode": "managed",
      "type": "github_team_membership",
      "name": "ictsc5-asdfec",
      "provider": "provider[\"registry.terraform.io/integrations/github\"]",
      "instances": [
        {
          "schema_version": 0,
          "attributes_flat": {
            "etag": "W/\"02972fb4031198e5e0c248733228894c4ba708f8fec8f7df6b59eb0bc91e377e\"",
            "id": "2004352:asdfec",
            "role": "member",
            "team_id": "2004352",
            "username": "asdfec"
          },
          "sensitive_attributes": []
        }
      ]
    },
    {
      "mode": "managed",
      "type": "github_team_membership",
      "name": "ictsc5-chamaharun",
      "provider": "provider[\"registry.terraform.io/integrations/github\"]",
      "instances": [
        {
          "schema_version": 0,
          "attributes_flat": {
            "etag": "W/\"b0ff45d9f5ac5029559639ad95e262f0ea6599807934724c89ce9765ea7ecdcc\"",
            "id": "2004352:chamaharun",
            "role": "member",
            "team_id": "2004352",
            "username": "chamaharun"
          },
          "sensitive_attributes": []
        }
      ]
    },
    {
      "mode": "managed",
      "type": "github_team_membership",
      "name": "ictsc5-chibiegg",
      "provider": "provider[\"registry.terraform.io/integrations/github\"]",
      "instances": [
        {
          "schema_version": 0,
          "attributes_flat": {
            "etag": "W/\"52e0d0dadfaefd3e24fd69756d162d657ae6a6de9c60c5b31ce527d60fa54143\"",
            "id": "2004352:chibiegg",
            "role": "member",
            "team_id": "2004352",
            "username": "chibiegg"
          },
          "sensitive_attributes": []
        }
      ]
    },
    {
      "mode": "managed",
      "type": "github_team_membership",
      "name": "ictsc5-guragusan",
      "provider": "provider[\"registry.terraform.io/integrations/github\"]",
      "instances": [
        {
          "schema_version": 0,
          "attributes_flat": {
            "etag": "W/\"03be133ad0b5dec1e1e0ec957cb421d0c507c9cb7bbbbf811e82fad777b04aa4\"",
            "id": "2004352:guragusan",
            "role": "member",
            "team_id": "2004352",
            "username": "guragusan"
          },
          "sensitive_attributes": []
        }
      ]
    },
    {
      "mode": "managed",
      "type": "github_team_membership",
      "name": "ictsc5-ibucho",
      "provider": "provider[\"registry.terraform.io/integrations/github\"]",
      "instances": [
        {
          "schema_version": 0,
          "attributes_flat": {
            "etag": "W/\"838075a52340fa7346d97cc0a3b85010ffdc9baaf9a7a26e3eda78cf235fb5cb\"",
            "id": "2004352:ibucho",
            "role": "member",
            "team_id": "2004352",
            "username": "ibucho"
          },
          "sensitive_attributes": []
        }
      ]
    },
    {
      "mode": "managed",
      "type": "github_team_membership",
      "name": "ictsc5-icchy",
      "provider": "provider[\"registry.terraform.io/integrations/github\"]",
      "instances": [
        {
          "schema_version": 0,
          "attributes_flat": {
            "etag": "W/\"db50c1f1f85261b8bf6fd0ea40a657c591e9bca632b4b90f30b83942e1ec1c2b\"",
            "id": "2004352:icchy",
            "role": "member",
            "team_id": "2004352",
            "username": "icchy"
          },
          "sensitive_attributes": []
        }
      ]
    },
    {
      "mode": "managed",
      "type": "github_team_membership",
      "name": "ictsc5-kadokusei",
      "provider": "provider[\"registry.terraform.io/integrations/github\"]",
      "instances": [
        {
          "schema_version": 0,
          "attributes_flat": {
            "etag": "W/\"87f91b59ca33bf403799974e1ae91602e99ac488e3c9b836711306a3ef6d41e6\"",
            "id": "2004352:kadokusei",
            "role": "member",
            "team_id": "2004352",
            "username": "kadokusei"
          },
          "sensitive_attributes": []
        }
      ]
    },
    {
      "mode": "managed",
      "type": "github_team_membership",
      "name": "ictsc5-kayo-tozaki",
      "provider": "provider[\"registry.terraform.io/integrations/github\"]",
      "instances": [
        {
          "schema_version": 0,
          "attributes_flat": {
            "etag": "W/\"0dfef29c85207d381ead169d240dbc395712a9a08ee666b94c06e32e2615faf9\"",
            "id": "2004352:kayo-tozaki",
            "role": "member",
            "team_id": "2004352",
            "username": "kayo-tozaki"
          },
          "sensitive_attributes": []
        }
      ]
    },
    {
      "mode": "managed",
      "type": "github_team_membership",
      "name": "ictsc5-keisukearakawa",
      "provider": "provider[\"registry.terraform.io/integrations/github\"]",
      "instances": [
        {
          "schema_version": 0,
          "attributes_flat": {
            "etag": "W/\"3f52604720654fe28646301e30fc6399478524393e7d12517b66a82423e82cb0\"",
            "id": "2004352:keisukearakawa",
            "role": "member",
            "team_id": "2004352",
            "username": "keisukearakawa"
          },
          "sensitive_attributes": []
        }
      ]
    },
    {
      "mode": "managed",
      "type": "github_team_membership",
      "name": "ictsc5-kurochan",
      "provider": "provider[\"registry.terraform.io/integrations/github\"]",
      "instances": [
        {
          "schema_version": 0,
          "attributes_flat": {
            "etag": "W/\"b060716bf8a955c9a7c3d629a8b35dccb648f5baf63eb14228ab2e019b9e6352\"",
            "id": "2004352:kurochan",
            "role": "member",
            "team_id": "2004352",
            "username": "kurochan"
          },
          "sensitive_attributes": []
        }
      ]
    },
    {
      "mode": "managed",
      "type": "github_team_membership",
      "name": "ictsc5-kyoko0514",
      "provider": "provider[\"registry.terraform.io/integrations/github\"]",
      "instances": [
        {
          "schema_version": 0,
          "attributes_flat": {
            "etag": "W/\"e8a0c6ecc248406e077ac33f0751b1048cb0b7c01c0e9fb69889da0540280d17\"",
            "id": "2004352:kyoko0514",
            "role": "member",
            "team_id": "2004352",
            "username": "kyoko0514"
          },
          "sensitive_attributes": []
        }
      ]
    },
    {
      "mode": "managed",
      "type": "github_team_membership",
      "name": "ictsc5-mbook-x86",
      "provider": "provider[\"registry.terraform.io/integrations/github\"]",
      "instances": [
        {
          "schema_version": 0,
          "attributes_flat": {
            "etag": "W/\"d99824d70ac56d1e8cde11a6ce24567c0818da8c333387d0926962f2f17136a5\"",
            "id": "2004352:mbook-x86",
            "role": "member",
            "team_id": "2004352",
            "username": "mbook-x86"
          },
          "sensitive_attributes": []
        }
      ]
    },
    {
      "mode": "managed",
      "type": "github_team_membership",
      "name": "ictsc5-miyao11",
      "provider": "provider[\"registry.terraform.io/integrations/github\"]",
      "instances": [
        {
          "schema_version": 0,
          "attributes_flat": {
            "etag": "W/\"2799a95906cb518c32fa25338f3245c1ae2038b895f6d5d7516a4b2b613d5024\"",
            "id": "2004352:Miyao11",
            "role": "member",
            "team_id": "2004352",
            "username": "Miyao11"
          },
          "sensitive_attributes": []
        }
      ]
    },
    {
      "mode": "managed",
      "type": "github_team_membership",
      "name": "ictsc5-mk0913mnck",
      "provider": "provider[\"registry.terraform.io/integrations/github\"]",
      "instances": [
        {
          "schema_version": 0,
          "attributes_flat": {
            "etag": "W/\"9220f259628da7ddc91d75646269ee9280b26dc9dfdbab9abd4ef13f9785e8fb\"",
            "id": "2004352:mk0913mnck",
            "role": "member",
            "team_id": "2004352",
            "username": "mk0913mnck"
          },
          "sensitive_attributes": []
        }
      ]
    },
    {
      "mode": "managed",
      "type": "github_team_membership",
      "name": "ictsc5-netmarkjp",
      "provider": "provider[\"registry.terraform.io/integrations/github\"]",
      "instances": [
        {
          "schema_version": 0,
          "attributes_flat": {
            "etag": "W/\"5acd8932de8aa09b45edebae497587d45fcbda77e7b30e841d96d964560666c8\"",
            "id": "2004352:netmarkjp",
            "role": "member",
            "team_id": "2004352",
            "username": "netmarkjp"
          },
          "sensitive_attributes": []
        }
      ]
    },
    {
      "mode": "managed",
      "type": "github_team_membership",
      "name": "ictsc5-notchi590",
      "provider": "provider[\"registry.terraform.io/integrations/github\"]",
      "instances": [
        {
          "schema_version": 0,
          "attributes_flat": {
            "etag": "W/\"df1b061045bf94b9ab1437af8318ccc0113a7be2e55ce671a71baff86cf22ac8\"",
            "id": "2004352:notchi590",
            "role": "member",
            "team_id": "2004352",
            "username": "notchi590"
          },
          "sensitive_attributes": []
        }
      ]
    },
    {
      "mode": "managed",
      "type": "github_team_membership",
      "name": "ictsc5-palloc",
      "provider": "provider[\"registry.terraform.io/integrations/github\"]",
      "instances": [
        {
          "schema_version": 0,
          "attributes_flat": {
            "etag": "W/\"427f68c338884b87c41ca6919d9020a1a8ca37b8c2e767e0e7bd7a6fb60a0b3b\"",
            "id": "2004352:palloc",
            "role": "member",
            "team_id": "2004352",
            "username": "palloc"
          },
          "sensitive_attributes": []
        }
      ]
    },
    {
      "mode": "managed",
      "type": "github_team_membership",
      "name": "ictsc5-ronorono45",
      "provider": "provider[\"registry.terraform.io/integrations/github\"]",
      "instances": [
        {
          "schema_version": 0,
          "attributes_flat": {
            "etag": "W/\"d0dca1cc407f86afd94f9354ef0a59761cab6815e7b9883a273cb2d8e3dfd504\"",
            "id": "2004352:ronorono45",
            "role": "member",
            "team_id": "2004352",
            "username": "ronorono45"
          },
          "sensitive_attributes": []
        }
      ]
    },
    {
      "mode": "managed",
      "type": "github_team_membership",
      "name": "ictsc5-sora34",
      "provider": "provider[\"registry.terraform.io/integrations/github\"]",
      "instances": [
        {
          "schema_version": 0,
          "attributes_flat": {
            "etag": "W/\"9ef855d3a18e68f610574442790d81717b03bc02b0a1e10500e6522ff32a7fbd\"",
            "id": "2004352:sora34",
            "role": "member",
            "team_id": "2004352",
            "username": "sora34"
          },
          "sensitive_attributes": []
        }
      ]
    },
    {
      "mode": "managed",
      "type": "github_team_membership",
      "name": "ictsc5-staybuzz",
      "provider": "provider[\"registry.terraform.io/integrations/github\"]",
      "instances": [
        {
          "schema_version": 0,
          "attributes_flat": {
            "etag": "W/\"a151066e383d13e0a939ca462fca68d9c5c76a4231a9fb93613ce7259b374e79\"",
            "id": "2004352:staybuzz",
            "role": "member",
            "team_id": "2004352",
            "username": "staybuzz"
          },
          "sensitive_attributes": []
        }
      ]
    },
    {
      "mode": "managed",
      "type": "github_team_membership",
      "name": "ictsc5-sugiki-accelia",
      "provider": "provider[\"registry.terraform.io/integrations/github\"]",
      "instances": [
        {
          "schema_version": 0,
          "attributes_flat": {
            "etag": "W/\"730da54da6e8db46fbcd57463d583906e14f7bdfd1262d667cbd763ba3d9972c\"",
            "id": "2004352:sugiki-accelia",
            "role": "member",
            "team_id": "2004352",
            "username": "sugiki-accelia"
          },
          "sensitive_attributes": []
        }
      ]
    },
    {
      "mode": "managed",
      "type": "github_team_membership",
      "name": "ictsc5-sukekawa-accelia",
      "provider": "provider[\"registry.terraform.io/integrations/github\"]",
      "instances": [
        {
          "schema_version": 0,
          "attributes_flat": {
            "etag": "W/\"1e13f24438a7efffa212863bcba3e19a6df7790806ec2dda49b8c9d48c0da14c\"",
            "id": "2004352:sukekawa-accelia",
            "role": "member",
            "team_id": "2004352",
            "username": "sukekawa-accelia"
          },
          "sensitive_attributes": []
        }
      ]
    },
    {
      "mode": "managed",
      "type": "github_team_membership",
      "name": "ictsc5-suzutan",
      "provider": "provider[\"registry.terraform.io/integrations/github\"]",
      "instances": [
        {
          "schema_version": 0,
          "attributes_flat": {
            "etag": "W/\"0a93ca926e5b4c31bd4593c3877e8a24821d4d557b133aa93d5e1dc4a14a9eec\"",
            "id": "2004352:suzutan",
            "role": "member",
            "team_id": "2004352",
            "username": "suzutan"
          },
          "sensitive_attributes": []
        }
      ]
    },
    {
      "mode": "managed",
      "type": "github_team_membership",
      "name": "ictsc5-takes3",
      "provider": "provider[\"registry.terraform.io/integrations/github\"]",
      "instances": [
        {
          "schema_version": 0,
          "attributes_flat": {
            "etag": "W/\"49b3b4192ab41cd7293cce7adb6cb1751174ce6f81c708e70a626f667ff8d45a\"",
            "id": "2004352:takes3",
            "role": "member",
            "team_id": "2004352",
            "username": "takes3"
          },
          "sensitive_attributes": []
        }
      ]
    },
    {
      "mode": "managed",
      "type": "github_team_membership",
      "name": "ictsc5-whywaita",
      "provider": "provider[\"registry.terraform.io/integrations/github\"]",
      "instances": [
        {
          "schema_version": 0,
          "attributes_flat": {
            "etag": "W/\"035589d79f97de674e898786d7043b70abf839980b137d6819a578cf6dc335bf\"",
            "id": "2004352:whywaita",
            "role": "member",
            "team_id": "2004352",
            "username": "whywaita"
          },
          "sensitive_attributes": []
        }
      ]
    },
    {
      "mode": "managed",
      "type": "github_team_membership",
      "name": "ictsc5-y-monma",
      "provider": "provider[\"registry.terraform.io/integrations/github\"]",
      "instances": [
        {
          "schema_version": 0,
          "attributes_flat": {
            "etag": "W/\"6ea021e8a37b97b764f078d4245b08c8ef340488286064d33307445a7e479668\"",
            "id": "2004352:y-monma",
            "role": "member",
            "team_id": "2004352",
            "username": "y-monma"
          },
          "sensitive_attributes": []
        }
      ]
    },
    {
      "mode": "managed",
      "type": "github_team_membership",
      "name": "ictsc5-yatuhashi",
      "provider": "provider[\"registry.terraform.io/integrations/github\"]",
      "instances": [
        {
          "schema_version": 0,
          "attributes_flat": {
            "etag": "W/\"b241e05a1a8ae0a2a204a33df083bc1a38a411ef59e0e3e78b5cd342321e9a81\"",
            "id": "2004352:yatuhashi",
            "role": "member",
            "team_id": "2004352",
            "username": "yatuhashi"
          },
          "sensitive_attributes": []
        }
      ]
    },
    {
      "mode": "managed",
      "type": "github_team_membership",
      "name": "ictsc5-yo-taro",
      "provider": "provider[\"registry.terraform.io/integrations/github\"]",
      "instances": [
        {
          "schema_version": 0,
          "attributes_flat": {
            "etag": "W/\"bfff83f29becd036c94a47ded9b69f1f9b7d61907c19ab5f508c64e8905115e4\"",
            "id": "2004352:yo-taro",
            "role": "member",
            "team_id": "2004352",
            "username": "yo-taro"
          },
          "sensitive_attributes": []
        }
      ]
    },
    {
      "mode": "managed",
      "type": "github_team_membership",
      "name": "ictsc6-a-r-g-v",
      "provider": "provider[\"registry.terraform.io/integrations/github\"]",
      "instances": [
        {
          "schema_version": 0,
          "attributes_flat": {
            "etag": "W/\"d66467b9c18083f44ecd630bf93bf43c38077905f5dd287c0f593c85eff88ca0\"",
            "id": "2004355:a-r-g-v",
            "role": "member",
            "team_id": "2004355",
            "username": "a-r-g-v"
          },
          "sensitive_attributes": []
        }
      ]
    },
    {
      "mode": "managed",
      "type": "github_team_membership",
      "name": "ictsc6-aoi96",
      "provider": "provider[\"registry.terraform.io/integrations/github\"]",
      "instances": [
        {
          "schema_version": 0,
          "attributes_flat": {
            "etag": "W/\"7607f15f3256d28d53bc0822bd60b834aa0fc75607d9e44b30647e098c8cdb4e\"",
            "id": "2004355:aoi96",
            "role": "member",
            "team_id": "2004355",
            "username": "aoi96"
          },
          "sensitive_attributes": []
        }
      ]
    },
    {
      "mode": "managed",
      "type": "github_team_membership",
      "name": "ictsc6-asarijiru",
      "provider": "provider[\"registry.terraform.io/integrations/github\"]",
      "instances": [
        {
          "schema_version": 0,
          "attributes_flat": {
            "etag": "W/\"da81a2e84332471e5874aff455e7237806b5c38ee4d54808cd9031736e16dce1\"",
            "id": "2004355:asarijiru",
            "role": "member",
            "team_id": "2004355",
            "username": "asarijiru"
          },
          "sensitive_attributes": []
        }
      ]
    },
    {
      "mode": "managed",
      "type": "github_team_membership",
      "name": "ictsc6-asdfec",
      "provider": "provider[\"registry.terraform.io/integrations/github\"]",
      "instances": [
        {
          "schema_version": 0,
          "attributes_flat": {
            "etag": "W/\"e3e4f4a959ee3ac6def3df66b80808ac96e4837de4485031326638776598b9ff\"",
            "id": "2004355:asdfec",
            "role": "member",
            "team_id": "2004355",
            "username": "asdfec"
          },
          "sensitive_attributes": []
        }
      ]
    },
    {
      "mode": "managed",
      "type": "github_team_membership",
      "name": "ictsc6-chalkygames123",
      "provider": "provider[\"registry.terraform.io/integrations/github\"]",
      "instances": [
        {
          "schema_version": 0,
          "attributes_flat": {
            "etag": "W/\"4a3ff598dd9b308fce85bbc55d049fb259dea47dd50005db901120d57e7649cc\"",
            "id": "2004355:chalkygames123",
            "role": "member",
            "team_id": "2004355",
            "username": "chalkygames123"
          },
          "sensitive_attributes": []
        }
      ]
    },
    {
      "mode": "managed",
      "type": "github_team_membership",
      "name": "ictsc6-guragusan",
      "provider": "provider[\"registry.terraform.io/integrations/github\"]",
      "instances": [
        {
          "schema_version": 0,
          "attributes_flat": {
            "etag": "W/\"a0c0daa9be10f5524ad09c0690d9d676709111541b30ff28e91897c4b453bf9d\"",
            "id": "2004355:guragusan",
            "role": "member",
            "team_id": "2004355",
            "username": "guragusan"
          },
          "sensitive_attributes": []
        }
      ]
    },
    {
      "mode": "managed",
      "type": "github_team_membership",
      "name": "ictsc6-h-otter",
      "provider": "provider[\"registry.terraform.io/integrations/github\"]",
      "instances": [
        {
          "schema_version": 0,
          "attributes_flat": {
            "etag": "W/\"9191a08e75b9ed1e46da4e695b0a5bc539c14937be12902f44f0aff85ba23ace\"",
            "id": "2004355:h-otter",
            "role": "member",
            "team_id": "2004355",
            "username": "h-otter"
          },
          "sensitive_attributes": []
        }
      ]
    },
    {
      "mode": "managed",
      "type": "github_team_membership",
      "name": "ictsc6-ibucho",
      "provider": "provider[\"registry.terraform.io/integrations/github\"]",
      "instances": [
        {
          "schema_version": 0,
          "attributes_flat": {
            "etag": "W/\"10ba7e447ad72d9d75a54629530c8c4f1f6569a824d26e26c32050f355c17138\"",
            "id": "2004355:ibucho",
            "role": "member",
            "team_id": "2004355",
            "username": "ibucho"
          },
          "sensitive_attributes": []
        }
      ]
    },
    {
      "mode": "managed",
      "type": "github_team_membership",
      "name": "ictsc6-int-tt",
      "provider": "provider[\"registry.terraform.io/integrations/github\"]",
      "instances": [
        {
          "schema_version": 0,
          "attributes_flat": {
            "etag": "W/\"206c731e0eadcefea68adb7c29e3c0b0401c103fbb0813f98854f34b5ef96888\"",
            "id": "2004355:int-tt",
            "role": "member",
            "team_id": "2004355",
            "username": "int-tt"
          },
          "sensitive_attributes": []
        }
      ]
    },
    {
      "mode": "managed",
      "type": "github_team_membership",
      "name": "ictsc6-kamijin-fanta",
      "provider": "provider[\"registry.terraform.io/integrations/github\"]",
      "instances": [
        {
          "schema_version": 0,
          "attributes_flat": {
            "etag": "W/\"2d5f0b596c889addeb2b0b2ab8e35d40dac6fb7bc03e0619ed5153b185cff889\"",
            "id": "2004355:kamijin-fanta",
            "role": "member",
            "team_id": "2004355",
            "username": "kamijin-fanta"
          },
          "sensitive_attributes": []
        }
      ]
    },
    {
      "mode": "managed",
      "type": "github_team_membership",
      "name": "ictsc6-kurochan",
      "provider": "provider[\"registry.terraform.io/integrations/github\"]",
      "instances": [
        {
          "schema_version": 0,
          "attributes_flat": {
            "etag": "W/\"980da5ba9330b00f70c7c3014d20532b336ce04377c41a9d9508ff52179ba792\"",
            "id": "2004355:kurochan",
            "role": "member",
            "team_id": "2004355",
            "username": "kurochan"
          },
          "sensitive_attributes": []
        }
      ]
    },
    {
      "mode": "managed",
      "type": "github_team_membership",
      "name": "ictsc6-kyoko0514",
      "provider": "provider[\"registry.terraform.io/integrations/github\"]",
      "instances": [
        {
          "schema_version": 0,
          "attributes_flat": {
            "etag": "W/\"bba29a123002857cdbdf4f0231ebacd706acd2b96b4301f4feaa2e67e06d45fe\"",
            "id": "2004355:kyoko0514",
            "role": "member",
            "team_id": "2004355",
            "username": "kyoko0514"
          },
          "sensitive_attributes": []
        }
      ]
    },
    {
      "mode": "managed",
      "type": "github_team_membership",
      "name": "ictsc6-kyontan",
      "provider": "provider[\"registry.terraform.io/integrations/github\"]",
      "instances": [
        {
          "schema_version": 0,
          "attributes_flat": {
            "etag": "W/\"d03dcfbca26007ff287e7cd57ec1c35c646bbdad2331c0c781ba89787409ddac\"",
            "id": "2004355:kyontan",
            "role": "member",
            "team_id": "2004355",
            "username": "kyontan"
          },
          "sensitive_attributes": []
        }
      ]
    },
    {
      "mode": "managed",
      "type": "github_team_membership",
      "name": "ictsc6-miyao11",
      "provider": "provider[\"registry.terraform.io/integrations/github\"]",
      "instances": [
        {
          "schema_version": 0,
          "attributes_flat": {
            "etag": "W/\"5cd6ea6fe1c8b2669c424cee2eb00203ba44e1777f51b1f38895255aca81b824\"",
            "id": "2004355:Miyao11",
            "role": "member",
            "team_id": "2004355",
            "username": "Miyao11"
          },
          "sensitive_attributes": []
        }
      ]
    },
    {
      "mode": "managed",
      "type": "github_team_membership",
      "name": "ictsc6-netmarkjp",
      "provider": "provider[\"registry.terraform.io/integrations/github\"]",
      "instances": [
        {
          "schema_version": 0,
          "attributes_flat": {
            "etag": "W/\"d9676b005ee43c8e8f2a1179550f3791d1bcb306483309b2a076097a64787c08\"",
            "id": "2004355:netmarkjp",
            "role": "member",
            "team_id": "2004355",
            "username": "netmarkjp"
          },
          "sensitive_attributes": []
        }
      ]
    },
    {
      "mode": "managed",
      "type": "github_team_membership",
      "name": "ictsc6-notchi590",
      "provider": "provider[\"registry.terraform.io/integrations/github\"]",
      "instances": [
        {
          "schema_version": 0,
          "attributes_flat": {
            "etag": "W/\"8efb359644414015abaf36312e918398ff149382269171f377563d46fba3c944\"",
            "id": "2004355:notchi590",
            "role": "member",
            "team_id": "2004355",
            "username": "notchi590"
          },
          "sensitive_attributes": []
        }
      ]
    },
    {
      "mode": "managed",
      "type": "github_team_membership",
      "name": "ictsc6-palloc",
      "provider": "provider[\"registry.terraform.io/integrations/github\"]",
      "instances": [
        {
          "schema_version": 0,
          "attributes_flat": {
            "etag": "W/\"f409ea0b99e4a58cde9216ea98a469d6b6fb4f4c43a2cb282202011087fb177d\"",
            "id": "2004355:palloc",
            "role": "member",
            "team_id": "2004355",
            "username": "palloc"
          },
          "sensitive_attributes": []
        }
      ]
    },
    {
      "mode": "managed",
      "type": "github_team_membership",
      "name": "ictsc6-suzuek",
      "provider": "provider[\"registry.terraform.io/integrations/github\"]",
      "instances": [
        {
          "schema_version": 0,
          "attributes_flat": {
            "etag": "W/\"38a93fdc47ad25c0a23d462569baaca32de36b80db32af81a6d3e82cf253949e\"",
            "id": "2004355:SuzueK",
            "role": "member",
            "team_id": "2004355",
            "username": "SuzueK"
          },
          "sensitive_attributes": []
        }
      ]
    },
    {
      "mode": "managed",
      "type": "github_team_membership",
      "name": "ictsc6-suzutan",
      "provider": "provider[\"registry.terraform.io/integrations/github\"]",
      "instances": [
        {
          "schema_version": 0,
          "attributes_flat": {
            "etag": "W/\"67e389d35514013986c7544138e383ce725d56ec9f9555cf64cc02a7b4cb5750\"",
            "id": "2004355:suzutan",
            "role": "member",
            "team_id": "2004355",
            "username": "suzutan"
          },
          "sensitive_attributes": []
        }
      ]
    },
    {
      "mode": "managed",
      "type": "github_team_membership",
      "name": "ictsc6-tar-xzvff",
      "provider": "provider[\"registry.terraform.io/integrations/github\"]",
      "instances": [
        {
          "schema_version": 0,
          "attributes_flat": {
            "etag": "W/\"b961ed3769455e41eff11ed64c96428b34211d1203fe483ef34139bdb7a46aff\"",
            "id": "2004355:tar-xzvff",
            "role": "member",
            "team_id": "2004355",
            "username": "tar-xzvff"
          },
          "sensitive_attributes": []
        }
      ]
    },
    {
      "mode": "managed",
      "type": "github_team_membership",
      "name": "ictsc6-y-monma",
      "provider": "provider[\"registry.terraform.io/integrations/github\"]",
      "instances": [
        {
          "schema_version": 0,
          "attributes_flat": {
            "etag": "W/\"4ba0ee6dcdb5b96ab0524e76de67e002e7d86a9d2dc7ef63165fbb2d5ae92eec\"",
            "id": "2004355:y-monma",
            "role": "member",
            "team_id": "2004355",
            "username": "y-monma"
          },
          "sensitive_attributes": []
        }
      ]
    },
    {
      "mode": "managed",
      "type": "github_team_membership",
      "name": "ictsc6-yo-taro",
      "provider": "provider[\"registry.terraform.io/integrations/github\"]",
      "instances": [
        {
          "schema_version": 0,
          "attributes_flat": {
            "etag": "W/\"a2c0b8d21162ec68b629f96a8c01111bb1da7db11d5081f6136475cb810e06a6\"",
            "id": "2004355:yo-taro",
            "role": "member",
            "team_id": "2004355",
            "username": "yo-taro"
          },
          "sensitive_attributes": []
        }
      ]
    },
    {
      "mode": "managed",
      "type": "github_team_membership",
      "name": "ictsc6-yuukinetwork",
      "provider": "provider[\"registry.terraform.io/integrations/github\"]",
      "instances": [
        {
          "schema_version": 0,
          "attributes_flat": {
            "etag": "W/\"e6be6fc381afe238a7f4588f5d1f2d5caeb3231ab5140406f55822c9e85c036a\"",
            "id": "2004355:yuukinetwork",
            "role": "member",
            "team_id": "2004355",
            "username": "yuukinetwork"
          },
          "sensitive_attributes": []
        }
      ]
    },
    {
      "mode": "managed",
      "type": "github_team_membership",
      "name": "ictsc7-Katsuya414",
      "provider": "provider[\"registry.terraform.io/integrations/github\"]",
      "instances": [
        {
          "schema_version": 0,
          "attributes_flat": {
            "etag": "W/\"a3bacc13095af74052b5499d3706db914eb3ef77414e093698a699bf43e062b2\"",
            "id": "2178374:Katsuya414",
            "role": "member",
            "team_id": "2178374",
            "username": "Katsuya414"
          },
          "sensitive_attributes": []
        }
      ]
    },
    {
      "mode": "managed",
      "type": "github_team_membership",
      "name": "ictsc7-Kurorororo",
      "provider": "provider[\"registry.terraform.io/integrations/github\"]",
      "instances": [
        {
          "schema_version": 0,
          "attributes_flat": {
            "etag": "W/\"fe141fca6844fc7a3663d1e8238772e4a21c70d1eaaca6efa1321c365220d0f4\"",
            "id": "2178374:Kurorororo",
            "role": "member",
            "team_id": "2178374",
            "username": "Kurorororo"
          },
          "sensitive_attributes": []
        }
      ]
    },
    {
      "mode": "managed",
      "type": "github_team_membership",
      "name": "ictsc7-alias-aria",
      "provider": "provider[\"registry.terraform.io/integrations/github\"]",
      "instances": [
        {
          "schema_version": 0,
          "attributes_flat": {
            "etag": "W/\"966d5bbeae0ddd835a4697bf7bfc06e61b971d74856c40f2b67685a59c71f339\"",
            "id": "2178374:alias-aria",
            "role": "member",
            "team_id": "2178374",
            "username": "alias-aria"
          },
          "sensitive_attributes": []
        }
      ]
    },
    {
      "mode": "managed",
      "type": "github_team_membership",
      "name": "ictsc7-alisamon",
      "provider": "provider[\"registry.terraform.io/integrations/github\"]",
      "instances": [
        {
          "schema_version": 0,
          "attributes_flat": {
            "etag": "W/\"72b67404dce4cc564e7fed977d9469d70146552748140e9bae457f1c1e0a3247\"",
            "id": "2178374:alisamon",
            "role": "member",
            "team_id": "2178374",
            "username": "alisamon"
          },
          "sensitive_attributes": []
        }
      ]
    },
    {
      "mode": "managed",
      "type": "github_team_membership",
      "name": "ictsc7-bosan120",
      "provider": "provider[\"registry.terraform.io/integrations/github\"]",
      "instances": [
        {
          "schema_version": 0,
          "attributes_flat": {
            "etag": "W/\"31a9daa8bf2b758c5a1327145b919e9786c2cc3ab0bafe97b9af91635c4d88c6\"",
            "id": "2178374:bosan120",
            "role": "member",
            "team_id": "2178374",
            "username": "bosan120"
          },
          "sensitive_attributes": []
        }
      ]
    },
    {
      "mode": "managed",
      "type": "github_team_membership",
      "name": "ictsc7-ecodrive-18",
      "provider": "provider[\"registry.terraform.io/integrations/github\"]",
      "instances": [
        {
          "schema_version": 0,
          "attributes_flat": {
            "etag": "W/\"527953a9fff1a7e90a5c080ad387dbe6b106762b05f72190b3c810fcc393dbe4\"",
            "id": "2178374:ecodrive-18",
            "role": "member",
            "team_id": "2178374",
            "username": "ecodrive-18"
          },
          "sensitive_attributes": []
        }
      ]
    },
    {
      "mode": "managed",
      "type": "github_team_membership",
      "name": "ictsc7-guragusan",
      "provider": "provider[\"registry.terraform.io/integrations/github\"]",
      "instances": [
        {
          "schema_version": 0,
          "attributes_flat": {
            "etag": "W/\"d3bbb9149467fdb642aa60eb844e3b1ee6bd155c7d54126c7810ee359e032d40\"",
            "id": "2178374:guragusan",
            "role": "member",
            "team_id": "2178374",
            "username": "guragusan"
          },
          "sensitive_attributes": []
        }
      ]
    },
    {
      "mode": "managed",
      "type": "github_team_membership",
      "name": "ictsc7-h-otter",
      "provider": "provider[\"registry.terraform.io/integrations/github\"]",
      "instances": [
        {
          "schema_version": 0,
          "attributes_flat": {
            "etag": "W/\"a9eedd8bf798f1a1253ccab0c6ca9aac9b0debc4b18cf1160afece3a74ffc0ea\"",
            "id": "2178374:h-otter",
            "role": "member",
            "team_id": "2178374",
            "username": "h-otter"
          },
          "sensitive_attributes": []
        }
      ]
    },
    {
      "mode": "managed",
      "type": "github_team_membership",
      "name": "ictsc7-if001",
      "provider": "provider[\"registry.terraform.io/integrations/github\"]",
      "instances": [
        {
          "schema_version": 0,
          "attributes_flat": {
            "etag": "W/\"910e9ead85c0c3fa2517681e98b503d54680de0b36f8bc2f0164743350597fb3\"",
            "id": "2178374:if001",
            "role": "member",
            "team_id": "2178374",
            "username": "if001"
          },
          "sensitive_attributes": []
        }
      ]
    },
    {
      "mode": "managed",
      "type": "github_team_membership",
      "name": "ictsc7-inuyosi",
      "provider": "provider[\"registry.terraform.io/integrations/github\"]",
      "instances": [
        {
          "schema_version": 0,
          "attributes_flat": {
            "etag": "W/\"57295d313c698bfdda39a70e73cb86f28a3c30986d5028abe6c779a72334fd56\"",
            "id": "2178374:inuyosi",
            "role": "member",
            "team_id": "2178374",
            "username": "inuyosi"
          },
          "sensitive_attributes": []
        }
      ]
    },
    {
      "mode": "managed",
      "type": "github_team_membership",
      "name": "ictsc7-kadokusei",
      "provider": "provider[\"registry.terraform.io/integrations/github\"]",
      "instances": [
        {
          "schema_version": 0,
          "attributes_flat": {
            "etag": "W/\"f7fa311c6a7d15b065ef77e01e6f07db30540acbb1a2b8ed83d0a3b9b3f3dfe6\"",
            "id": "2178374:kadokusei",
            "role": "member",
            "team_id": "2178374",
            "username": "kadokusei"
          },
          "sensitive_attributes": []
        }
      ]
    },
    {
      "mode": "managed",
      "type": "github_team_membership",
      "name": "ictsc7-kyontan",
      "provider": "provider[\"registry.terraform.io/integrations/github\"]",
      "instances": [
        {
          "schema_version": 0,
          "attributes_flat": {
            "etag": "W/\"08c3ee5d47f8bafc47b4038274e8493509dce49628d7189610c91331dad46a35\"",
            "id": "2178374:kyontan",
            "role": "member",
            "team_id": "2178374",
            "username": "kyontan"
          },
          "sensitive_attributes": []
        }
      ]
    },
    {
      "mode": "managed",
      "type": "github_team_membership",
      "name": "ictsc7-matsurika1226",
      "provider": "provider[\"registry.terraform.io/integrations/github\"]",
      "instances": [
        {
          "schema_version": 0,
          "attributes_flat": {
            "etag": "W/\"c5ac7b40e56c16be4523c5ec9c857b7f5ec7ec1ca48b3719b4d6bc91557f72e0\"",
            "id": "2178374:matsurika1226",
            "role": "member",
            "team_id": "2178374",
            "username": "matsurika1226"
          },
          "sensitive_attributes": []
        }
      ]
    },
    {
      "mode": "managed",
      "type": "github_team_membership",
      "name": "ictsc7-mbook-x86",
      "provider": "provider[\"registry.terraform.io/integrations/github\"]",
      "instances": [
        {
          "schema_version": 0,
          "attributes_flat": {
            "etag": "W/\"278ecd4e73546d2e972c4a2e430d99c42b8ed43e9d051ef8109a32bf9cd0dbab\"",
            "id": "2178374:mbook-x86",
            "role": "member",
            "team_id": "2178374",
            "username": "mbook-x86"
          },
          "sensitive_attributes": []
        }
      ]
    },
    {
      "mode": "managed",
      "type": "github_team_membership",
      "name": "ictsc7-naoki912",
      "provider": "provider[\"registry.terraform.io/integrations/github\"]",
      "instances": [
        {
          "schema_version": 0,
          "attributes_flat": {
            "etag": "W/\"b1e1b5f9ccf679a3f3ec4397fbd6ce40bea0e12e34c8a9b6c22d2ea905374b56\"",
            "id": "2178374:naoki912",
            "role": "member",
            "team_id": "2178374",
            "username": "naoki912"
          },
          "sensitive_attributes": []
        }
      ]
    },
    {
      "mode": "managed",
      "type": "github_team_membership",
      "name": "ictsc7-oomorio",
      "provider": "provider[\"registry.terraform.io/integrations/github\"]",
      "instances": [
        {
          "schema_version": 0,
          "attributes_flat": {
            "etag": "W/\"4c136b79bc900b22ab7707a6c71f674713c5883c302d44c5486c4aacae1ecc97\"",
            "id": "2178374:oomorio",
            "role": "member",
            "team_id": "2178374",
            "username": "oomorio"
          },
          "sensitive_attributes": []
        }
      ]
    },
    {
      "mode": "managed",
      "type": "github_team_membership",
      "name": "ictsc7-palloc",
      "provider": "provider[\"registry.terraform.io/integrations/github\"]",
      "instances": [
        {
          "schema_version": 0,
          "attributes_flat": {
            "etag": "W/\"bfcb45cb3d59394471bb66bdbc1789586f7d62e1c2915fd8c0c421f8e67d6b3b\"",
            "id": "2178374:palloc",
            "role": "member",
            "team_id": "2178374",
            "username": "palloc"
          },
          "sensitive_attributes": []
        }
      ]
    },
    {
      "mode": "managed",
      "type": "github_team_membership",
      "name": "ictsc7-suzutan",
      "provider": "provider[\"registry.terraform.io/integrations/github\"]",
      "instances": [
        {
          "schema_version": 0,
          "attributes_flat": {
            "etag": "W/\"d70e0811f14ecf68bfd3fbbaaec3349d5f295a592c90fa265be0f172340d3314\"",
            "id": "2178374:suzutan",
            "role": "member",
            "team_id": "2178374",
            "username": "suzutan"
          },
          "sensitive_attributes": []
        }
      ]
    },
    {
      "mode": "managed",
      "type": "github_team_membership",
      "name": "ictsc7-yaminoma",
      "provider": "provider[\"registry.terraform.io/integrations/github\"]",
      "instances": [
        {
          "schema_version": 0,
          "attributes_flat": {
            "etag": "W/\"421890124a1415171323b7fd50dbffac9a2b5e5c553fac151754937a4f1a6b24\"",
            "id": "2178374:yaminoma",
            "role": "member",
            "team_id": "2178374",
            "username": "yaminoma"
          },
          "sensitive_attributes": []
        }
      ]
    },
    {
      "mode": "managed",
      "type": "github_team_membership",
      "name": "ictsc7-yatuhashi",
      "provider": "provider[\"registry.terraform.io/integrations/github\"]",
      "instances": [
        {
          "schema_version": 0,
          "attributes_flat": {
            "etag": "W/\"484e5a06f333bfbeea566ceae35aca3d5784547a3a6475c5ad706099e5dd32ec\"",
            "id": "2178374:yatuhashi",
            "role": "member",
            "team_id": "2178374",
            "username": "yatuhashi"
          },
          "sensitive_attributes": []
        }
      ]
    },
    {
      "mode": "managed",
      "type": "github_team_membership",
      "name": "ictsc7-yuukinetwork",
      "provider": "provider[\"registry.terraform.io/integrations/github\"]",
      "instances": [
        {
          "schema_version": 0,
          "attributes_flat": {
            "etag": "W/\"c1706bf6b57341213d25bba7d51cc23aefa32be1ac5390d483d689ba5b9e86ca\"",
            "id": "2178374:yuukinetwork",
            "role": "member",
            "team_id": "2178374",
            "username": "yuukinetwork"
          },
          "sensitive_attributes": []
        }
      ]
    },
    {
      "mode": "managed",
      "type": "github_team_membership",
      "name": "ictsc8-Azusa72",
      "provider": "provider[\"registry.terraform.io/integrations/github\"]",
      "instances": [
        {
          "schema_version": 0,
          "attributes_flat": {
            "etag": "W/\"75ed589f264afd7531cb4285295e39dbdbe875d299608ee61748bcd6cebe87e7\"",
            "id": "2341229:Azusa72",
            "role": "member",
            "team_id": "2341229",
            "username": "Azusa72"
          },
          "sensitive_attributes": []
        }
      ]
    },
    {
      "mode": "managed",
      "type": "github_team_membership",
      "name": "ictsc8-Katsuya414",
      "provider": "provider[\"registry.terraform.io/integrations/github\"]",
      "instances": [
        {
          "schema_version": 0,
          "attributes_flat": {
            "etag": "W/\"923061681de48a16404659f3594ac2df355210c6d236543ff586efc1781e39a6\"",
            "id": "2341229:Katsuya414",
            "role": "member",
            "team_id": "2341229",
            "username": "Katsuya414"
          },
          "sensitive_attributes": []
        }
      ]
    },
    {
      "mode": "managed",
      "type": "github_team_membership",
      "name": "ictsc8-Kurorororo",
      "provider": "provider[\"registry.terraform.io/integrations/github\"]",
      "instances": [
        {
          "schema_version": 0,
          "attributes_flat": {
            "etag": "W/\"c72cf285689ccded93f5a8f4a9a41fe63b13f60ae13bcc63751c293611c52e78\"",
            "id": "2341229:Kurorororo",
            "role": "member",
            "team_id": "2341229",
            "username": "Kurorororo"
          },
          "sensitive_attributes": []
        }
      ]
    },
    {
      "mode": "managed",
      "type": "github_team_membership",
      "name": "ictsc8-alias-aria",
      "provider": "provider[\"registry.terraform.io/integrations/github\"]",
      "instances": [
        {
          "schema_version": 0,
          "attributes_flat": {
            "etag": "W/\"0be937c2a6270b7b146ce77a4589c9798f49550f56d064e42bb4316862e2f535\"",
            "id": "2341229:alias-aria",
            "role": "member",
            "team_id": "2341229",
            "username": "alias-aria"
          },
          "sensitive_attributes": []
        }
      ]
    },
    {
      "mode": "managed",
      "type": "github_team_membership",
      "name": "ictsc8-alisamon",
      "provider": "provider[\"registry.terraform.io/integrations/github\"]",
      "instances": [
        {
          "schema_version": 0,
          "attributes_flat": {
            "etag": "W/\"5d3f3b54b3345bc243369ce35a3d3a96872a208ffcd27ab89f36b6a3cee3effd\"",
            "id": "2341229:alisamon",
            "role": "member",
            "team_id": "2341229",
            "username": "alisamon"
          },
          "sensitive_attributes": []
        }
      ]
    },
    {
      "mode": "managed",
      "type": "github_team_membership",
      "name": "ictsc8-aoi96",
      "provider": "provider[\"registry.terraform.io/integrations/github\"]",
      "instances": [
        {
          "schema_version": 0,
          "attributes_flat": {
            "etag": "W/\"3f73eb951615cb44000d82dc4493acc2785a6bfc0979a1e5f414f070a55cca70\"",
            "id": "2341229:aoi96",
            "role": "member",
            "team_id": "2341229",
            "username": "aoi96"
          },
          "sensitive_attributes": []
        }
      ]
    },
    {
      "mode": "managed",
      "type": "github_team_membership",
      "name": "ictsc8-bosan120",
      "provider": "provider[\"registry.terraform.io/integrations/github\"]",
      "instances": [
        {
          "schema_version": 0,
          "attributes_flat": {
            "etag": "W/\"16900464870003e81b7730d6a33fb5f781252e3d98e104b04b05a1705b528c08\"",
            "id": "2341229:bosan120",
            "role": "member",
            "team_id": "2341229",
            "username": "bosan120"
          },
          "sensitive_attributes": []
        }
      ]
    },
    {
      "mode": "managed",
      "type": "github_team_membership",
      "name": "ictsc8-chisaton1",
      "provider": "provider[\"registry.terraform.io/integrations/github\"]",
      "instances": [
        {
          "schema_version": 0,
          "attributes_flat": {
            "etag": "W/\"21dda1bb74b69896d6aaad1d352ca20530effc733583ebeffedc3775045b4b85\"",
            "id": "2341229:chisaton1",
            "role": "member",
            "team_id": "2341229",
            "username": "chisaton1"
          },
          "sensitive_attributes": []
        }
      ]
    },
    {
      "mode": "managed",
      "type": "github_team_membership",
      "name": "ictsc8-ecodrive-18",
      "provider": "provider[\"registry.terraform.io/integrations/github\"]",
      "instances": [
        {
          "schema_version": 0,
          "attributes_flat": {
            "etag": "W/\"8fb2d803f71cf88e37db9dfde9bdd8a131d5f7018af696283d9a4bf0811bd238\"",
            "id": "2341229:ecodrive-18",
            "role": "member",
            "team_id": "2341229",
            "username": "ecodrive-18"
          },
          "sensitive_attributes": []
        }
      ]
    },
    {
      "mode": "managed",
      "type": "github_team_membership",
      "name": "ictsc8-h-otter",
      "provider": "provider[\"registry.terraform.io/integrations/github\"]",
      "instances": [
        {
          "schema_version": 0,
          "attributes_flat": {
            "etag": "W/\"afdf05afc6ad9a72b305f8c3d3018c94f6ef7bee9323dfab550516b4ebfc5779\"",
            "id": "2341229:h-otter",
            "role": "member",
            "team_id": "2341229",
            "username": "h-otter"
          },
          "sensitive_attributes": []
        }
      ]
    },
    {
      "mode": "managed",
      "type": "github_team_membership",
      "name": "ictsc8-icchy",
      "provider": "provider[\"registry.terraform.io/integrations/github\"]",
      "instances": [
        {
          "schema_version": 0,
          "attributes_flat": {
            "etag": "W/\"b8f83023219f91246dce7394eae84fa3afb0958806aa0508d4ca8b6eab417856\"",
            "id": "2341229:icchy",
            "role": "member",
            "team_id": "2341229",
            "username": "icchy"
          },
          "sensitive_attributes": []
        }
      ]
    },
    {
      "mode": "managed",
      "type": "github_team_membership",
      "name": "ictsc8-if001",
      "provider": "provider[\"registry.terraform.io/integrations/github\"]",
      "instances": [
        {
          "schema_version": 0,
          "attributes_flat": {
            "etag": "W/\"0be615ad6df2ee6a3549ffbd26f674ce076fcc16b1422e826e8b3ebfdafe5091\"",
            "id": "2341229:if001",
            "role": "member",
            "team_id": "2341229",
            "username": "if001"
          },
          "sensitive_attributes": []
        }
      ]
    },
    {
      "mode": "managed",
      "type": "github_team_membership",
      "name": "ictsc8-inuyosi",
      "provider": "provider[\"registry.terraform.io/integrations/github\"]",
      "instances": [
        {
          "schema_version": 0,
          "attributes_flat": {
            "etag": "W/\"e7c886f5ccf953e55b16539e012d6aa835db0f26971dea121a7cc38de40c9521\"",
            "id": "2341229:inuyosi",
            "role": "member",
            "team_id": "2341229",
            "username": "inuyosi"
          },
          "sensitive_attributes": []
        }
      ]
    },
    {
      "mode": "managed",
      "type": "github_team_membership",
      "name": "ictsc8-keyakko",
      "provider": "provider[\"registry.terraform.io/integrations/github\"]",
      "instances": [
        {
          "schema_version": 0,
          "attributes_flat": {
            "etag": "W/\"cf57f6ff07c2183915c437c3769a2f08fb65428e85b38191d03cfae31713cfb5\"",
            "id": "2341229:keyakko",
            "role": "member",
            "team_id": "2341229",
            "username": "keyakko"
          },
          "sensitive_attributes": []
        }
      ]
    },
    {
      "mode": "managed",
      "type": "github_team_membership",
      "name": "ictsc8-kyontan",
      "provider": "provider[\"registry.terraform.io/integrations/github\"]",
      "instances": [
        {
          "schema_version": 0,
          "attributes_flat": {
            "etag": "W/\"f35d65554ebea67182781b59c3f4e6fac4eeb82b0eee1e926befdeb253c0d02c\"",
            "id": "2341229:kyontan",
            "role": "member",
            "team_id": "2341229",
            "username": "kyontan"
          },
          "sensitive_attributes": []
        }
      ]
    },
    {
      "mode": "managed",
      "type": "github_team_membership",
      "name": "ictsc8-mbook-x86",
      "provider": "provider[\"registry.terraform.io/integrations/github\"]",
      "instances": [
        {
          "schema_version": 0,
          "attributes_flat": {
            "etag": "W/\"ce13cdaeb008a5319c6d2d33b078eb4f1bf5fe61347148df16d3110cbd71d2a9\"",
            "id": "2341229:mbook-x86",
            "role": "member",
            "team_id": "2341229",
            "username": "mbook-x86"
          },
          "sensitive_attributes": []
        }
      ]
    },
    {
      "mode": "managed",
      "type": "github_team_membership",
      "name": "ictsc8-naoki912",
      "provider": "provider[\"registry.terraform.io/integrations/github\"]",
      "instances": [
        {
          "schema_version": 0,
          "attributes_flat": {
            "etag": "W/\"6630eb4b08d90f505c74d911045547780381b25e46184b6bc974a83bb12b290f\"",
            "id": "2341229:naoki912",
            "role": "member",
            "team_id": "2341229",
            "username": "naoki912"
          },
          "sensitive_attributes": []
        }
      ]
    },
    {
      "mode": "managed",
      "type": "github_team_membership",
      "name": "ictsc8-oomorio",
      "provider": "provider[\"registry.terraform.io/integrations/github\"]",
      "instances": [
        {
          "schema_version": 0,
          "attributes_flat": {
            "etag": "W/\"d6280926274903a71277ec13b6daabd32c9e918f2380e59c4727aa727d381550\"",
            "id": "2341229:oomorio",
            "role": "member",
            "team_id": "2341229",
            "username": "oomorio"
          },
          "sensitive_attributes": []
        }
      ]
    },
    {
      "mode": "managed",
      "type": "github_team_membership",
      "name": "ictsc8-palloc",
      "provider": "provider[\"registry.terraform.io/integrations/github\"]",
      "instances": [
        {
          "schema_version": 0,
          "attributes_flat": {
            "etag": "W/\"af49beeea43bfaee428858bf4bbec2cce393a53261d4f3a176ea6d050e682cac\"",
            "id": "2341229:palloc",
            "role": "member",
            "team_id": "2341229",
            "username": "palloc"
          },
          "sensitive_attributes": []
        }
      ]
    },
    {
      "mode": "managed",
      "type": "github_team_membership",
      "name": "ictsc8-staybuzz",
      "provider": "provider[\"registry.terraform.io/integrations/github\"]",
      "instances": [
        {
          "schema_version": 0,
          "attributes_flat": {
            "etag": "W/\"75f79ffa1a079454b4594375ef6812963183f91cb3fb3da5e28d461127c4ae35\"",
            "id": "2341229:staybuzz",
            "role": "member",
            "team_id": "2341229",
            "username": "staybuzz"
          },
          "sensitive_attributes": []
        }
      ]
    },
    {
      "mode": "managed",
      "type": "github_team_membership",
      "name": "ictsc8-whywaita",
      "provider": "provider[\"registry.terraform.io/integrations/github\"]",
      "instances": [
        {
          "schema_version": 0,
          "attributes_flat": {
            "etag": "W/\"09813470d153457431725ab8a41741cafafc7e0f9fa2367843f3e107b3c22429\"",
            "id": "2341229:whywaita",
            "role": "member",
            "team_id": "2341229",
            "username": "whywaita"
          },
          "sensitive_attributes": []
        }
      ]
    },
    {
      "mode": "managed",
      "type": "github_team_membership",
      "name": "ictsc8-yatuhashi",
      "provider": "provider[\"registry.terraform.io/integrations/github\"]",
      "instances": [
        {
          "schema_version": 0,
          "attributes_flat": {
            "etag": "W/\"e1e631420aa44b32ef82955b1853961abf04b06accb87cafc59896990a5a35f1\"",
            "id": "2341229:yatuhashi",
            "role": "member",
            "team_id": "2341229",
            "username": "yatuhashi"
          },
          "sensitive_attributes": []
        }
      ]
    },
    {
      "mode": "managed",
      "type": "github_team_membership",
      "name": "ictsc9-Kurorororo",
      "provider": "provider[\"registry.terraform.io/integrations/github\"]",
      "instances": [
        {
          "schema_version": 0,
          "attributes_flat": {
            "etag": "W/\"cf5c2bc4983c86e69dd2dea054d47a24efc46f2245f709028408cde94aa76179\"",
            "id": "2818424:Kurorororo",
            "role": "member",
            "team_id": "2818424",
            "username": "Kurorororo"
          },
          "sensitive_attributes": []
        }
      ]
    },
    {
      "mode": "managed",
      "type": "github_team_membership",
      "name": "ictsc9-SakurazakaShin",
      "provider": "provider[\"registry.terraform.io/integrations/github\"]",
      "instances": [
        {
          "schema_version": 0,
          "attributes_flat": {
            "etag": "W/\"9c549905547f1659df3941f4648676d60ecb35f2c631897b1b0cb16525f73e56\"",
            "id": "2818424:SakurazakaShin",
            "role": "member",
            "team_id": "2818424",
            "username": "SakurazakaShin"
          },
          "sensitive_attributes": []
        }
      ]
    },
    {
      "mode": "managed",
      "type": "github_team_membership",
      "name": "ictsc9-acque2two",
      "provider": "provider[\"registry.terraform.io/integrations/github\"]",
      "instances": [
        {
          "schema_version": 0,
          "attributes_flat": {
            "etag": "W/\"66b92b1a8f5f0d0b8c7377cd703b4e079f3820ce02171386924130744c8e1d88\"",
            "id": "2818424:acque2two",
            "role": "member",
            "team_id": "2818424",
            "username": "acque2two"
          },
          "sensitive_attributes": []
        }
      ]
    },
    {
      "mode": "managed",
      "type": "github_team_membership",
      "name": "ictsc9-alisamon",
      "provider": "provider[\"registry.terraform.io/integrations/github\"]",
      "instances": [
        {
          "schema_version": 0,
          "attributes_flat": {
            "etag": "W/\"a8aa64b4cd83aa3f79a7faa7539be5780981caa2fdac565caad93856e7abd9c0\"",
            "id": "2818424:alisamon",
            "role": "member",
            "team_id": "2818424",
            "username": "alisamon"
          },
          "sensitive_attributes": []
        }
      ]
    },
    {
      "mode": "managed",
      "type": "github_team_membership",
      "name": "ictsc9-chisaton1",
      "provider": "provider[\"registry.terraform.io/integrations/github\"]",
      "instances": [
        {
          "schema_version": 0,
          "attributes_flat": {
            "etag": "W/\"41656af72dd61259683abaa9cba4d46699b33e9a8ca3c2fcf4abb272750e1689\"",
            "id": "2818424:chisaton1",
            "role": "member",
            "team_id": "2818424",
            "username": "chisaton1"
          },
          "sensitive_attributes": []
        }
      ]
    },
    {
      "mode": "managed",
      "type": "github_team_membership",
      "name": "ictsc9-ecodrive-18",
      "provider": "provider[\"registry.terraform.io/integrations/github\"]",
      "instances": [
        {
          "schema_version": 0,
          "attributes_flat": {
            "etag": "W/\"fae201de6d175c59f8bc310624b9a829c426dafa9c7fdff03e8be1d51e82af19\"",
            "id": "2818424:ecodrive-18",
            "role": "member",
            "team_id": "2818424",
            "username": "ecodrive-18"
          },
          "sensitive_attributes": []
        }
      ]
    },
    {
      "mode": "managed",
      "type": "github_team_membership",
      "name": "ictsc9-freedom18",
      "provider": "provider[\"registry.terraform.io/integrations/github\"]",
      "instances": [
        {
          "schema_version": 0,
          "attributes_flat": {
            "etag": "W/\"ab590782cc6543305753617c973f3e160c07cc526a9bc8988b2f854e73f73cc0\"",
            "id": "2818424:freedom18",
            "role": "member",
            "team_id": "2818424",
            "username": "freedom18"
          },
          "sensitive_attributes": []
        }
      ]
    },
    {
      "mode": "managed",
      "type": "github_team_membership",
      "name": "ictsc9-gurapomu",
      "provider": "provider[\"registry.terraform.io/integrations/github\"]",
      "instances": [
        {
          "schema_version": 0,
          "attributes_flat": {
            "etag": "W/\"e8eb8b342fe11deaebed43ecbb4afe7311fa7fc10a83cba18f393103ad5e4018\"",
            "id": "2818424:gurapomu",
            "role": "member",
            "team_id": "2818424",
            "username": "gurapomu"
          },
          "sensitive_attributes": []
        }
      ]
    },
    {
      "mode": "managed",
      "type": "github_team_membership",
      "name": "ictsc9-h-otter",
      "provider": "provider[\"registry.terraform.io/integrations/github\"]",
      "instances": [
        {
          "schema_version": 0,
          "attributes_flat": {
            "etag": "W/\"9b766bd26e5dc3b917e9f5ac8ecafa30a50b47c2ddb0463c34d442bde750b987\"",
            "id": "2818424:h-otter",
            "role": "member",
            "team_id": "2818424",
            "username": "h-otter"
          },
          "sensitive_attributes": []
        }
      ]
    },
    {
      "mode": "managed",
      "type": "github_team_membership",
      "name": "ictsc9-ha-kun0711",
      "provider": "provider[\"registry.terraform.io/integrations/github\"]",
      "instances": [
        {
          "schema_version": 0,
          "attributes_flat": {
            "etag": "W/\"54ab032a2f0acdd368583d8bd98be8956a55ee86e6bd276bdc1c9593e4306d16\"",
            "id": "2818424:ha-kun0711",
            "role": "member",
            "team_id": "2818424",
            "username": "ha-kun0711"
          },
          "sensitive_attributes": []
        }
      ]
    },
    {
      "mode": "managed",
      "type": "github_team_membership",
      "name": "ictsc9-icchy",
      "provider": "provider[\"registry.terraform.io/integrations/github\"]",
      "instances": [
        {
          "schema_version": 0,
          "attributes_flat": {
            "etag": "W/\"cbbc26c739ea9e8adc3e722303ce72ae563fba9e83f484eba2f800c1108471f0\"",
            "id": "2818424:icchy",
            "role": "member",
            "team_id": "2818424",
            "username": "icchy"
          },
          "sensitive_attributes": []
        }
      ]
    },
    {
      "mode": "managed",
      "type": "github_team_membership",
      "name": "ictsc9-itakuya",
      "provider": "provider[\"registry.terraform.io/integrations/github\"]",
      "instances": [
        {
          "schema_version": 0,
          "attributes_flat": {
            "etag": "W/\"59d4fbe983a5691b45c77fb4f39534e9468ef02a96a62b40503184e8aec9b4f9\"",
            "id": "2818424:itakuya",
            "role": "member",
            "team_id": "2818424",
            "username": "itakuya"
          },
          "sensitive_attributes": []
        }
      ]
    },
    {
      "mode": "managed",
      "type": "github_team_membership",
      "name": "ictsc9-mbook-x86",
      "provider": "provider[\"registry.terraform.io/integrations/github\"]",
      "instances": [
        {
          "schema_version": 0,
          "attributes_flat": {
            "etag": "W/\"fdaf7d6e0cc2738cc48bcd72528b0eec236a2688e22aa5cfcfdd584df6dd2294\"",
            "id": "2818424:mbook-x86",
            "role": "member",
            "team_id": "2818424",
            "username": "mbook-x86"
          },
          "sensitive_attributes": []
        }
      ]
    },
    {
      "mode": "managed",
      "type": "github_team_membership",
      "name": "ictsc9-naoki912",
      "provider": "provider[\"registry.terraform.io/integrations/github\"]",
      "instances": [
        {
          "schema_version": 0,
          "attributes_flat": {
            "etag": "W/\"4a52ef925b0dfc3316d45a8507b780e57545f7159f7afced1119f5dcd49b6a80\"",
            "id": "2818424:naoki912",
            "role": "member",
            "team_id": "2818424",
            "username": "naoki912"
          },
          "sensitive_attributes": []
        }
      ]
    },
    {
      "mode": "managed",
      "type": "github_team_membership",
      "name": "ictsc9-nomeaning777",
      "provider": "provider[\"registry.terraform.io/integrations/github\"]",
      "instances": [
        {
          "schema_version": 0,
          "attributes_flat": {
            "etag": "W/\"15acc52aa0f01c2ad3431dcc72114e48792b2f991faa147044b712d1eb930466\"",
            "id": "2818424:nomeaning777",
            "role": "member",
            "team_id": "2818424",
            "username": "nomeaning777"
          },
          "sensitive_attributes": []
        }
      ]
    },
    {
      "mode": "managed",
      "type": "github_team_membership",
      "name": "ictsc9-palloc",
      "provider": "provider[\"registry.terraform.io/integrations/github\"]",
      "instances": [
        {
          "schema_version": 0,
          "attributes_flat": {
            "etag": "W/\"c8e855f05b85c61c0b7b8135d0c183d4e3bb21ed0d1379b2d4c1d984104088ec\"",
            "id": "2818424:palloc",
            "role": "member",
            "team_id": "2818424",
            "username": "palloc"
          },
          "sensitive_attributes": []
        }
      ]
    },
    {
      "mode": "managed",
      "type": "github_team_membership",
      "name": "ictsc9-sharknasuhorse",
      "provider": "provider[\"registry.terraform.io/integrations/github\"]",
      "instances": [
        {
          "schema_version": 0,
          "attributes_flat": {
            "etag": "W/\"158f2a7e53e068758503822b19990a67e97aea4303f6cded21cb441c55675df5\"",
            "id": "2818424:sharknasuhorse",
            "role": "member",
            "team_id": "2818424",
            "username": "sharknasuhorse"
          },
          "sensitive_attributes": []
        }
      ]
    },
    {
      "mode": "managed",
      "type": "github_team_membership",
      "name": "ictsc9-shinonome01",
      "provider": "provider[\"registry.terraform.io/integrations/github\"]",
      "instances": [
        {
          "schema_version": 0,
          "attributes_flat": {
            "etag": "W/\"36d2028d25592706f20e25aa99e335e7b26f33fc20d2cf40304538ea4ba09b2d\"",
            "id": "2818424:shinonome01",
            "role": "member",
            "team_id": "2818424",
            "username": "shinonome01"
          },
          "sensitive_attributes": []
        }
      ]
    },
    {
      "mode": "managed",
      "type": "github_team_membership",
      "name": "ictsc9-tsuttsu305",
      "provider": "provider[\"registry.terraform.io/integrations/github\"]",
      "instances": [
        {
          "schema_version": 0,
          "attributes_flat": {
            "etag": "W/\"0262c1f91a1007231ee57d522d3033af1ac620143eabb0970e782cf02b7e2a29\"",
            "id": "2818424:tsuttsu305",
            "role": "member",
            "team_id": "2818424",
            "username": "tsuttsu305"
          },
          "sensitive_attributes": []
        }
      ]
    },
    {
      "mode": "managed",
      "type": "github_team_membership",
      "name": "ictsc9-uplus",
      "provider": "provider[\"registry.terraform.io/integrations/github\"]",
      "instances": [
        {
          "schema_version": 0,
          "attributes_flat": {
            "etag": "W/\"37b13f01fd964780d84027e29d57031717477a2faca25629892b3147868cfa93\"",
            "id": "2818424:uplus",
            "role": "member",
            "team_id": "2818424",
            "username": "uplus"
          },
          "sensitive_attributes": []
        }
      ]
    },
    {
      "mode": "managed",
      "type": "github_team_membership",
      "name": "ictsc9-whywaita",
      "provider": "provider[\"registry.terraform.io/integrations/github\"]",
      "instances": [
        {
          "schema_version": 0,
          "attributes_flat": {
            "etag": "W/\"5598dfb727bd637e7573c6bfb82166cfc4a92183e11bbad3d812893d45f32ba9\"",
            "id": "2818424:whywaita",
            "role": "member",
            "team_id": "2818424",
            "username": "whywaita"
          },
          "sensitive_attributes": []
        }
      ]
    },
    {
      "mode": "managed",
      "type": "github_team_membership",
      "name": "ictsc9-yatuhashi",
      "provider": "provider[\"registry.terraform.io/integrations/github\"]",
      "instances": [
        {
          "schema_version": 0,
          "attributes_flat": {
            "etag": "W/\"4d0c0b2ce1e21a9516657aa7cb39131db1c325f93360c32a9db8dcd649c7c1b6\"",
            "id": "2818424:yatuhashi",
            "role": "member",
            "team_id": "2818424",
            "username": "yatuhashi"
          },
          "sensitive_attributes": []
        }
      ]
    },
    {
      "mode": "managed",
      "type": "github_team_membership",
      "name": "score-dev-uplus",
      "provider": "provider[\"registry.terraform.io/integrations/github\"]",
      "instances": [
        {
          "schema_version": 0,
          "attributes_flat": {
            "etag": "W/\"431101426d292879c1837cf829bc5ce07116ab89d73561ccd35cdaad8f0d5e7d\"",
            "id": "2004353:uplus",
            "role": "maintainer",
            "team_id": "2004353",
            "username": "uplus"
          },
          "sensitive_attributes": []
        }
      ]
    },
    {
      "mode": "managed",
      "type": "github_team_repository",
      "name": "admin-ictsc-k8s-cluster",
      "provider": "provider[\"registry.terraform.io/integrations/github\"]",
      "instances": [
        {
          "schema_version": 0,
          "attributes_flat": {
            "etag": "W/\"284f9a785425dc4f896fc7fcc6c9e53273bd9f7445fa8d2848d57b4bde095db9\"",
            "id": "2008807:ictsc-k8s-cluster",
            "permission": "admin",
            "repository": "ictsc-k8s-cluster",
            "team_id": "2008807"
          },
          "sensitive_attributes": []
        }
      ]
    },
    {
      "mode": "managed",
      "type": "github_team_repository",
      "name": "admin-ictsc-playbooks",
      "provider": "provider[\"registry.terraform.io/integrations/github\"]",
      "instances": [
        {
          "schema_version": 0,
          "attributes_flat": {
            "etag": "W/\"82df7e8e5080f852002c7dcb4182a2029ff81ab8e4666717128edb9d576a912f\"",
            "id": "2008807:ictsc-playbooks",
            "permission": "admin",
            "repository": "ictsc-playbooks",
            "team_id": "2008807"
          },
          "sensitive_attributes": []
        }
      ]
    },
    {
      "mode": "managed",
      "type": "github_team_repository",
      "name": "admin-ictsc-problems",
      "provider": "provider[\"registry.terraform.io/integrations/github\"]",
      "instances": [
        {
          "schema_version": 0,
          "attributes_flat": {
            "etag": "W/\"3253f058eb5d3b75949917bd2fa316904378781b4e116563573d5153ae211dfc\"",
            "id": "2008807:ictsc-problems",
            "permission": "admin",
            "repository": "ictsc-problems",
            "team_id": "2008807"
          },
          "sensitive_attributes": []
        }
      ]
    },
    {
      "mode": "managed",
      "type": "github_team_repository",
      "name": "admin-ictsc-score-server",
      "provider": "provider[\"registry.terraform.io/integrations/github\"]",
      "instances": [
        {
          "schema_version": 0,
          "attributes_flat": {
            "etag": "W/\"5b21cb1a03a2f0765952ec91a3d5a1601161984dfd2efa8a8fa7616a5fd129e2\"",
            "id": "2008807:ictsc-score-server",
            "permission": "admin",
            "repository": "ictsc-score-server",
            "team_id": "2008807"
          },
          "sensitive_attributes": []
        }
      ]
    },
    {
      "mode": "managed",
      "type": "github_team_repository",
      "name": "admin-kakisute-script",
      "provider": "provider[\"registry.terraform.io/integrations/github\"]",
      "instances": [
        {
          "schema_version": 0,
          "attributes_flat": {
            "etag": "W/\"90acaa976a810b29ae7fe961ad69026268e5c8f51021ba29ce56952ebbc75fd1\"",
            "id": "2008807:kakisute-script",
            "permission": "admin",
            "repository": "kakisute-script",
            "team_id": "2008807"
          },
          "sensitive_attributes": []
        }
      ]
    },
    {
      "mode": "managed",
      "type": "github_team_repository",
      "name": "admin-network-config",
      "provider": "provider[\"registry.terraform.io/integrations/github\"]",
      "instances": [
        {
          "schema_version": 0,
          "attributes_flat": {
            "etag": "W/\"97ad471ef7a6d119423c90393ceba69b054d30efb1ddf7965a4b4975b2ad02a8\"",
            "id": "2008807:network-config",
            "permission": "admin",
            "repository": "network-config",
            "team_id": "2008807"
          },
          "sensitive_attributes": []
        }
      ]
    },
    {
      "mode": "managed",
      "type": "github_team_repository",
      "name": "ictsc2020-ictsc-k8s-cluster",
      "provider": "provider[\"registry.terraform.io/integrations/github\"]",
      "instances": [
        {
          "schema_version": 0,
          "attributes_flat": {
            "etag": "W/\"cbea15904c8f87f91875b220b4b499b3d0ba3f19affb3a92c72914115f20d9ab\"",
            "id": "3894829:ictsc-k8s-cluster",
            "permission": "push",
            "repository": "ictsc-k8s-cluster",
            "team_id": "3894829"
          },
          "sensitive_attributes": []
        }
      ]
    },
    {
      "mode": "managed",
      "type": "github_team_repository",
      "name": "ictsc2020-ictsc-playbooks",
      "provider": "provider[\"registry.terraform.io/integrations/github\"]",
      "instances": [
        {
          "schema_version": 0,
          "attributes_flat": {
            "etag": "W/\"c21b0e7c2268f1763d29ce10d188fdefde99628e9c1281c286ab89c177f30896\"",
            "id": "3894829:ictsc-playbooks",
            "permission": "push",
            "repository": "ictsc-playbooks",
            "team_id": "3894829"
          },
          "sensitive_attributes": []
        }
      ]
    },
    {
      "mode": "managed",
      "type": "github_team_repository",
      "name": "ictsc2020-ictsc-problems",
      "provider": "provider[\"registry.terraform.io/integrations/github\"]",
      "instances": [
        {
          "schema_version": 0,
          "attributes_flat": {
            "etag": "W/\"fb55460fa996c5475cc8edb1fa7134b4adffaa719152a6328113d9b9bef41903\"",
            "id": "3894829:ictsc-problems",
            "permission": "push",
            "repository": "ictsc-problems",
            "team_id": "3894829"
          },
          "sensitive_attributes": []
        }
      ]
    },
    {
      "mode": "managed",
      "type": "github_team_repository",
      "name": "ictsc2020-ictsc-score-server",
      "provider": "provider[\"registry.terraform.io/integrations/github\"]",
      "instances": [
        {
          "schema_version": 0,
          "attributes_flat": {
            "etag": "W/\"37885cd7b7f0ef8769bbb69aea788989d1202071c2fdef81fe5d880ce7283edc\"",
            "id": "3894829:ictsc-score-server",
            "permission": "push",
            "repository": "ictsc-score-server",
            "team_id": "3894829"
          },
          "sensitive_attributes": []
        }
      ]
    },
    {
      "mode": "managed",
      "type": "github_team_repository",
      "name": "ictsc2020-k8s-manifest",
      "provider": "provider[\"registry.terraform.io/integrations/github\"]",
      "instances": [
        {
          "schema_version": 0,
          "attributes_flat": {
            "etag": "W/\"cca33f8864dcc8788cdcf30b38529bb2ecfc1241a78520fdb6218b543a71f4f0\"",
            "id": "3894829:k8s-manifest",
            "permission": "push",
            "repository": "k8s-manifest",
            "team_id": "3894829"
          },
          "sensitive_attributes": []
        }
      ]
    },
    {
      "mode": "managed",
      "type": "github_team_repository",
      "name": "ictsc2020-kakisute-script",
      "provider": "provider[\"registry.terraform.io/integrations/github\"]",
      "instances": [
        {
          "schema_version": 0,
          "attributes_flat": {
            "etag": "W/\"7514fc0584037fd889a30fc6bed6ed0a5da6fa2cabb532c3ebf1f5b18381b98f\"",
            "id": "3894829:kakisute-script",
            "permission": "push",
            "repository": "kakisute-script",
            "team_id": "3894829"
          },
          "sensitive_attributes": []
        }
      ]
    },
    {
      "mode": "managed",
      "type": "github_team_repository",
      "name": "ictsc2020-network-config",
      "provider": "provider[\"registry.terraform.io/integrations/github\"]",
      "instances": [
        {
          "schema_version": 0,
          "attributes_flat": {
            "etag": "W/\"41dd680651bed569faa36e8d52492a553edaff6aa51ad2c6fbfe3c28f6e55f00\"",
            "id": "3894829:network-config",
            "permission": "push",
            "repository": "network-config",
            "team_id": "3894829"
          },
          "sensitive_attributes": []
        }
      ]
    },
    {
      "mode": "managed",
      "type": "github_team_repository",
      "name": "ictsc2020-prep-problems",
      "provider": "provider[\"registry.terraform.io/integrations/github\"]",
      "instances": [
        {
          "schema_version": 0,
          "attributes_flat": {
            "etag": "W/\"524b9fd6d37b28d9cbc05eedc0d7aef4afbd39ca1bf79e79a00b286818ccd097\"",
            "id": "3894829:prep-problems",
            "permission": "push",
            "repository": "prep-problems",
            "team_id": "3894829"
          },
          "sensitive_attributes": []
        }
      ]
    },
    {
      "mode": "managed",
      "type": "github_team_repository",
      "name": "ictsc2020-prep-pstate",
      "provider": "provider[\"registry.terraform.io/integrations/github\"]",
      "instances": [
        {
          "schema_version": 0,
          "attributes_flat": {
            "etag": "W/\"0f293ab475b6bceb7b20861a45ce88aa4fe75822030007dd395da5f2a33174de\"",
            "id": "3894829:prep-pstate",
            "permission": "push",
            "repository": "prep-pstate",
            "team_id": "3894829"
          },
          "sensitive_attributes": []
        }
      ]
    },
    {
      "mode": "managed",
      "type": "github_team_repository",
      "name": "ictsc2020-prep-relate",
      "provider": "provider[\"registry.terraform.io/integrations/github\"]",
      "instances": [
        {
          "schema_version": 0,
          "attributes_flat": {
            "etag": "W/\"b0265e3b3ac28a6ddf20331a165950e2e8e8b177803c6fba9bbf1f77afb2ab0e\"",
            "id": "3894829:prep-relate",
            "permission": "push",
            "repository": "prep-relate",
            "team_id": "3894829"
          },
          "sensitive_attributes": []
        }
      ]
    },
    {
      "mode": "managed",
      "type": "github_team_repository",
      "name": "ictsc2021-ictsc-k8s-cluster",
      "provider": "provider[\"registry.terraform.io/integrations/github\"]",
      "instances": [
        {
          "schema_version": 0,
          "attributes_flat": {
            "etag": "W/\"cbea15904c8f87f91875b220b4b499b3d0ba3f19affb3a92c72914115f20d9ab\"",
            "id": "4811781:ictsc-k8s-cluster",
            "permission": "push",
            "repository": "ictsc-k8s-cluster",
            "team_id": "4811781"
          },
          "sensitive_attributes": []
        }
      ]
    },
    {
      "mode": "managed",
      "type": "github_team_repository",
      "name": "ictsc2021-ictsc-playbooks",
      "provider": "provider[\"registry.terraform.io/integrations/github\"]",
      "instances": [
        {
          "schema_version": 0,
          "attributes_flat": {
            "etag": "W/\"c21b0e7c2268f1763d29ce10d188fdefde99628e9c1281c286ab89c177f30896\"",
            "id": "4811781:ictsc-playbooks",
            "permission": "push",
            "repository": "ictsc-playbooks",
            "team_id": "4811781"
          },
          "sensitive_attributes": []
        }
      ]
    },
    {
      "mode": "managed",
      "type": "github_team_repository",
      "name": "ictsc2021-ictsc-problems",
      "provider": "provider[\"registry.terraform.io/integrations/github\"]",
      "instances": [
        {
          "schema_version": 0,
          "attributes_flat": {
            "etag": "W/\"fb55460fa996c5475cc8edb1fa7134b4adffaa719152a6328113d9b9bef41903\"",
            "id": "4811781:ictsc-problems",
            "permission": "push",
            "repository": "ictsc-problems",
            "team_id": "4811781"
          },
          "sensitive_attributes": []
        }
      ]
    },
    {
      "mode": "managed",
      "type": "github_team_repository",
      "name": "ictsc2021-ictsc-score-server",
      "provider": "provider[\"registry.terraform.io/integrations/github\"]",
      "instances": [
        {
          "schema_version": 0,
          "attributes_flat": {
            "etag": "W/\"37885cd7b7f0ef8769bbb69aea788989d1202071c2fdef81fe5d880ce7283edc\"",
            "id": "4811781:ictsc-score-server",
            "permission": "push",
            "repository": "ictsc-score-server",
            "team_id": "4811781"
          },
          "sensitive_attributes": []
        }
      ]
    },
    {
      "mode": "managed",
      "type": "github_team_repository",
      "name": "ictsc2021-k8s-manifest",
      "provider": "provider[\"registry.terraform.io/integrations/github\"]",
      "instances": [
        {
          "schema_version": 0,
          "attributes_flat": {
            "etag": "W/\"cca33f8864dcc8788cdcf30b38529bb2ecfc1241a78520fdb6218b543a71f4f0\"",
            "id": "4811781:k8s-manifest",
            "permission": "push",
            "repository": "k8s-manifest",
            "team_id": "4811781"
          },
          "sensitive_attributes": []
        }
      ]
    },
    {
      "mode": "managed",
      "type": "github_team_repository",
      "name": "ictsc2021-kakisute-script",
      "provider": "provider[\"registry.terraform.io/integrations/github\"]",
      "instances": [
        {
          "schema_version": 0,
          "attributes_flat": {
            "etag": "W/\"7514fc0584037fd889a30fc6bed6ed0a5da6fa2cabb532c3ebf1f5b18381b98f\"",
            "id": "4811781:kakisute-script",
            "permission": "push",
            "repository": "kakisute-script",
            "team_id": "4811781"
          },
          "sensitive_attributes": []
        }
      ]
    },
    {
      "mode": "managed",
      "type": "github_team_repository",
      "name": "ictsc2021-network-config",
      "provider": "provider[\"registry.terraform.io/integrations/github\"]",
      "instances": [
        {
          "schema_version": 0,
          "attributes_flat": {
            "etag": "W/\"41dd680651bed569faa36e8d52492a553edaff6aa51ad2c6fbfe3c28f6e55f00\"",
            "id": "4811781:network-config",
            "permission": "push",
            "repository": "network-config",
            "team_id": "4811781"
          },
          "sensitive_attributes": []
        }
      ]
    },
    {
      "mode": "managed",
      "type": "github_team_repository",
      "name": "ictsc2021-prep-problems",
      "provider": "provider[\"registry.terraform.io/integrations/github\"]",
      "instances": [
        {
          "schema_version": 0,
          "attributes_flat": {
            "etag": "W/\"524b9fd6d37b28d9cbc05eedc0d7aef4afbd39ca1bf79e79a00b286818ccd097\"",
            "id": "4811781:prep-problems",
            "permission": "push",
            "repository": "prep-problems",
            "team_id": "4811781"
          },
          "sensitive_attributes": []
        }
      ]
    },
    {
      "mode": "managed",
      "type": "github_team_repository",
      "name": "ictsc2021-prep-pstate",
      "provider": "provider[\"registry.terraform.io/integrations/github\"]",
      "instances": [
        {
          "schema_version": 0,
          "attributes_flat": {
            "etag": "W/\"0f293ab475b6bceb7b20861a45ce88aa4fe75822030007dd395da5f2a33174de\"",
            "id": "4811781:prep-pstate",
            "permission": "push",
            "repository": "prep-pstate",
            "team_id": "4811781"
          },
          "sensitive_attributes": []
        }
      ]
    },
    {
      "mode": "managed",
      "type": "github_team_repository",
      "name": "ictsc2021-prep-relate",
      "provider": "provider[\"registry.terraform.io/integrations/github\"]",
      "instances": [
        {
          "schema_version": 0,
          "attributes_flat": {
            "etag": "W/\"b0265e3b3ac28a6ddf20331a165950e2e8e8b177803c6fba9bbf1f77afb2ab0e\"",
            "id": "4811781:prep-relate",
            "permission": "push",
            "repository": "prep-relate",
            "team_id": "4811781"
          },
          "sensitive_attributes": []
        }
      ]
    },
    {
      "mode": "managed",
      "type": "github_team_repository",
      "name": "ictsc2021-tasks",
      "provider": "provider[\"registry.terraform.io/integrations/github\"]",
      "instances": [
        {
          "schema_version": 0,
          "attributes_flat": {
            "etag": "W/\"16a27ecc91489986da136a64eecc61b76b4cf24fa474e8e0062e48705fd325ad\"",
            "id": "4811781:tasks",
            "permission": "push",
            "repository": "tasks",
            "team_id": "4811781"
          },
          "sensitive_attributes": []
        }
      ]
    },
    {
      "mode": "managed",
      "type": "github_team_repository",
      "name": "ictsc2021-terraform-ictsc-net",
      "provider": "provider[\"registry.terraform.io/integrations/github\"]",
      "instances": [
        {
          "schema_version": 0,
          "attributes_flat": {
            "etag": "W/\"9a7bf3d62e39911d8c81194a083cc6d13c82d02715644a89906aa6ca581f6d07\"",
            "id": "2008807:terraform-ictsc-net",
            "permission": "maintain",
            "repository": "terraform-ictsc-net",
            "team_id": "2008807"
          },
          "sensitive_attributes": []
        }
      ]
    },
    {
      "mode": "managed",
      "type": "github_team_repository",
      "name": "ictsc2021-terraform-icttoracon-net",
      "provider": "provider[\"registry.terraform.io/integrations/github\"]",
      "instances": [
        {
          "schema_version": 0,
          "attributes_flat": {
            "etag": "W/\"db042f7777c2392f3a19ff07806e76d103ebe09c48a49342225ca104e30c8f79\"",
            "id": "2008807:terraform-icttoracon-net",
            "permission": "maintain",
            "repository": "terraform-icttoracon-net",
            "team_id": "2008807"
          },
          "sensitive_attributes": []
        }
      ]
    },
    {
      "mode": "managed",
      "type": "github_team_repository",
      "name": "ictsc2021-terraform-sacloud-common",
      "provider": "provider[\"registry.terraform.io/integrations/github\"]",
      "instances": [
        {
          "schema_version": 0,
          "attributes_flat": {
            "etag": "W/\"d3e0c5f6a8a65c8594e9f35e2bab369768fa13ba28c4a918deb786a348022c84\"",
            "id": "2008807:terraform-sacloud-common",
            "permission": "maintain",
            "repository": "terraform-sacloud-common",
            "team_id": "2008807"
          },
          "sensitive_attributes": []
        }
      ]
    },
    {
      "mode": "managed",
      "type": "github_team_repository",
      "name": "score-dev-ictsc-score-server",
      "provider": "provider[\"registry.terraform.io/integrations/github\"]",
      "instances": [
        {
          "schema_version": 0,
          "attributes_flat": {
            "etag": "W/\"5b21cb1a03a2f0765952ec91a3d5a1601161984dfd2efa8a8fa7616a5fd129e2\"",
            "id": "2004353:ictsc-score-server",
            "permission": "admin",
            "repository": "ictsc-score-server",
            "team_id": "2004353"
          },
          "sensitive_attributes": []
        }
      ]
    }
  ],
  "check_results": null
}
