{
  "version": 4,
  "terraform_version": "1.3.6",
  "serial": 473,
  "lineage": "842a2913-e436-4381-8e72-045e740c9c1f",
  "outputs": {},
  "resources": [
    {
      "mode": "managed",
      "type": "github_membership",
      "name": "Azusa72",
      "provider": "provider[\"registry.terraform.io/integrations/github\"]",
      "instances": [
        {
          "schema_version": 0,
          "attributes": {
            "etag": "W/\"04ccf3c3fc1456a86487b058b1c92d2926ed9d2cbc9525eaf4f0d2383cb1eb3a\"",
            "id": "ictsc:Azusa72",
            "role": "member",
            "username": "Azusa72"
          },
          "sensitive_attributes": []
        }
      ]
    },
    {
      "mode": "managed",
      "type": "github_membership",
      "name": "Crow314",
      "provider": "provider[\"registry.terraform.io/integrations/github\"]",
      "instances": [
        {
          "schema_version": 0,
          "attributes": {
            "etag": "W/\"c19a03941aa3c9c58fb5a388aa2f83982930c0cd6ed49fac79c916022f90a726\"",
            "id": "ictsc:Crow314",
            "role": "member",
            "username": "Crow314"
          },
          "sensitive_attributes": [],
          "private": "bnVsbA=="
        }
      ]
    },
    {
      "mode": "managed",
      "type": "github_membership",
      "name": "Explosive6363",
      "provider": "provider[\"registry.terraform.io/integrations/github\"]",
      "instances": [
        {
          "schema_version": 0,
          "attributes": {
            "etag": "W/\"726d2f1ca6199dd8b6e3c3133bababd3babd054d78143e8675eaf451b748919f\"",
            "id": "ictsc:Explosive6363",
            "role": "admin",
            "username": "Explosive6363"
          },
          "sensitive_attributes": []
        }
      ]
    },
    {
      "mode": "managed",
      "type": "github_membership",
      "name": "Hicky1025",
      "provider": "provider[\"registry.terraform.io/integrations/github\"]",
      "instances": [
        {
          "schema_version": 0,
          "attributes": {
            "etag": "W/\"27ba1f48dd0a55c7ffc957cccff5af029a295f68c9e8865a9550093a189f8dab\"",
            "id": "ictsc:Hicky1025",
            "role": "member",
            "username": "Hicky1025"
          },
          "sensitive_attributes": []
        }
      ]
    },
    {
      "mode": "managed",
      "type": "github_membership",
      "name": "Iwancof",
      "provider": "provider[\"registry.terraform.io/integrations/github\"]",
      "instances": [
        {
          "schema_version": 0,
          "attributes": {
            "etag": "W/\"2df25e54051b782428a69a37eac95df072a58c91d8fd90dfaf82370378dfb621\"",
            "id": "ictsc:Iwancof",
            "role": "member",
            "username": "Iwancof"
          },
          "sensitive_attributes": []
        }
      ]
    },
    {
      "mode": "managed",
      "type": "github_membership",
      "name": "K-shir0",
      "provider": "provider[\"registry.terraform.io/integrations/github\"]",
      "instances": [
        {
          "schema_version": 0,
          "attributes": {
            "etag": "W/\"9d810c09c0debe3db9e1bd378a113956995cf0283bca3a0564249717acedfb3d\"",
            "id": "ictsc:K-shir0",
            "role": "member",
            "username": "K-shir0"
          },
          "sensitive_attributes": []
        }
      ]
    },
    {
      "mode": "managed",
      "type": "github_membership",
      "name": "Katsuya414",
      "provider": "provider[\"registry.terraform.io/integrations/github\"]",
      "instances": [
        {
          "schema_version": 0,
          "attributes": {
            "etag": "W/\"88a258d77e71e1d87f263578b4c6245fd19ba4975208759636aa194af275c109\"",
            "id": "ictsc:Katsuya414",
            "role": "member",
            "username": "Katsuya414"
          },
          "sensitive_attributes": []
        }
      ]
    },
    {
      "mode": "managed",
      "type": "github_membership",
      "name": "Kurorororo",
      "provider": "provider[\"registry.terraform.io/integrations/github\"]",
      "instances": [
        {
          "schema_version": 0,
          "attributes": {
            "etag": "W/\"071c4e60a1d2b9d57b8ec7796243fa66e198eb702a5b4d3370e795144d6d2e6a\"",
            "id": "ictsc:Kurorororo",
            "role": "member",
            "username": "Kurorororo"
          },
          "sensitive_attributes": []
        }
      ]
    },
    {
      "mode": "managed",
      "type": "github_membership",
      "name": "Nishinoyama",
      "provider": "provider[\"registry.terraform.io/integrations/github\"]",
      "instances": [
        {
          "schema_version": 0,
          "attributes": {
            "etag": "W/\"7aab83e43ce6c5556de53882c32453c59b61879b7b1023fddb710cc61385ce1d\"",
            "id": "ictsc:Nishinoyama",
            "role": "member",
            "username": "Nishinoyama"
          },
          "sensitive_attributes": [],
          "private": "bnVsbA=="
        }
      ]
    },
    {
      "mode": "managed",
      "type": "github_membership",
      "name": "NozomiSugiyama",
      "provider": "provider[\"registry.terraform.io/integrations/github\"]",
      "instances": [
        {
          "schema_version": 0,
          "attributes": {
            "etag": "W/\"9c2db5b2cba1ee0d6b2298121c44dee6d380edaed4460aa82a046f752039a853\"",
            "id": "ictsc:NozomiSugiyama",
            "role": "member",
            "username": "NozomiSugiyama"
          },
          "sensitive_attributes": []
        }
      ]
    },
    {
      "mode": "managed",
      "type": "github_membership",
      "name": "SakurazakaShin",
      "provider": "provider[\"registry.terraform.io/integrations/github\"]",
      "instances": [
        {
          "schema_version": 0,
          "attributes": {
            "etag": "W/\"70ebe3a6e32fc45fbf6fc078a02b42179714a3b174a8cb6cd3cd26776685d92a\"",
            "id": "ictsc:SakurazakaShin",
            "role": "member",
            "username": "SakurazakaShin"
          },
          "sensitive_attributes": []
        }
      ]
    },
    {
      "mode": "managed",
      "type": "github_membership",
      "name": "SallyAcolyte",
      "provider": "provider[\"registry.terraform.io/integrations/github\"]",
      "instances": [
        {
          "schema_version": 0,
          "attributes": {
            "etag": "W/\"7668d80b22866186c99d066623ce2f023a784f99a42d6d9416d39b44f6963380\"",
            "id": "ictsc:SallyAcolyte",
            "role": "member",
            "username": "SallyAcolyte"
          },
          "sensitive_attributes": []
        }
      ]
    },
    {
      "mode": "managed",
      "type": "github_membership",
      "name": "ShotaKitazawa",
      "provider": "provider[\"registry.terraform.io/integrations/github\"]",
      "instances": [
        {
          "schema_version": 0,
          "attributes": {
            "etag": "W/\"e910b13f4ff9e2f17f6ec2bc907e29bf8fa9fef7ce34b4a70a1ca1e9b54e01dc\"",
            "id": "ictsc:ShotaKitazawa",
            "role": "member",
            "username": "ShotaKitazawa"
          },
          "sensitive_attributes": []
        }
      ]
    },
    {
      "mode": "managed",
      "type": "github_membership",
      "name": "SilEighty-ym",
      "provider": "provider[\"registry.terraform.io/integrations/github\"]",
      "instances": [
        {
          "schema_version": 0,
          "attributes": {
            "etag": "W/\"78a4f91de55643558e11c8c7a726060d0b86cce08e76308bf4a35ab6a5c9b40d\"",
            "id": "ictsc:SilEighty-ym",
            "role": "member",
            "username": "SilEighty-ym"
          },
          "sensitive_attributes": []
        }
      ]
    },
    {
      "mode": "managed",
      "type": "github_membership",
      "name": "TenkiGit",
      "provider": "provider[\"registry.terraform.io/integrations/github\"]",
      "instances": [
        {
          "schema_version": 0,
          "attributes": {
            "etag": "W/\"7305e5dbdb4bb435fd888ef303cb9af927c991528a106bd1c772f35840fde32a\"",
            "id": "ictsc:TenkiGit",
            "role": "member",
            "username": "TenkiGit"
          },
          "sensitive_attributes": []
        }
      ]
    },
    {
      "mode": "managed",
      "type": "github_membership",
      "name": "Terfno",
      "provider": "provider[\"registry.terraform.io/integrations/github\"]",
      "instances": [
        {
          "schema_version": 0,
          "attributes": {
            "etag": "W/\"32179f659c1b9a01ff1fde17afd78fca1bb4f4111d62e7337c9b4f61519f3476\"",
            "id": "ictsc:Terfno",
            "role": "member",
            "username": "Terfno"
          },
          "sensitive_attributes": []
        }
      ]
    },
    {
      "mode": "managed",
      "type": "github_membership",
      "name": "a-r-g-v",
      "provider": "provider[\"registry.terraform.io/integrations/github\"]",
      "instances": [
        {
          "schema_version": 0,
          "attributes": {
            "etag": "W/\"83a7c5fb03e748c1729eebed114c3532aa85615c4f08d1944a2005000549c2a8\"",
            "id": "ictsc:a-r-g-v",
            "role": "member",
            "username": "a-r-g-v"
          },
          "sensitive_attributes": []
        }
      ]
    },
    {
      "mode": "managed",
      "type": "github_membership",
      "name": "acque2two",
      "provider": "provider[\"registry.terraform.io/integrations/github\"]",
      "instances": [
        {
          "schema_version": 0,
          "attributes": {
            "etag": "W/\"769ef5cf5a4e99ac6ce04e5883ae5189e33fb3b5a7fff422acff77f80961a965\"",
            "id": "ictsc:acque2two",
            "role": "member",
            "username": "acque2two"
          },
          "sensitive_attributes": []
        }
      ]
    },
    {
      "mode": "managed",
      "type": "github_membership",
      "name": "alias-aria",
      "provider": "provider[\"registry.terraform.io/integrations/github\"]",
      "instances": [
        {
          "schema_version": 0,
          "attributes": {
            "etag": "W/\"0f9df9a07018f2b4b3d49796d87e440aa7bdc59e8b837e1f1e98f456463405c6\"",
            "id": "ictsc:alias-aria",
            "role": "member",
            "username": "alias-aria"
          },
          "sensitive_attributes": []
        }
      ]
    },
    {
      "mode": "managed",
      "type": "github_membership",
      "name": "aoi96",
      "provider": "provider[\"registry.terraform.io/integrations/github\"]",
      "instances": [
        {
          "schema_version": 0,
          "attributes": {
            "etag": "W/\"a42d4ba90ed57046ebac2a92dfa491bee397653d941ad08e17ba7dd51b70eff8\"",
            "id": "ictsc:aoi96",
            "role": "member",
            "username": "aoi96"
          },
          "sensitive_attributes": []
        }
      ]
    },
    {
      "mode": "managed",
      "type": "github_membership",
      "name": "arupakan125",
      "provider": "provider[\"registry.terraform.io/integrations/github\"]",
      "instances": [
        {
          "schema_version": 0,
          "attributes": {
            "etag": "W/\"17c32352d512504abb3eb75beff318e8f49e51d09ae4d726a082fe915a2d1825\"",
            "id": "ictsc:arupakan125",
            "role": "member",
            "username": "arupakan125"
          },
          "sensitive_attributes": []
        }
      ]
    },
    {
      "mode": "managed",
      "type": "github_membership",
      "name": "asarijiru",
      "provider": "provider[\"registry.terraform.io/integrations/github\"]",
      "instances": [
        {
          "schema_version": 0,
          "attributes": {
            "etag": "W/\"b2bc4d1b95c11baad9a618906a4fd73e0465dc85d7bff122d560a4b3a48a75c6\"",
            "id": "ictsc:asarijiru",
            "role": "member",
            "username": "asarijiru"
          },
          "sensitive_attributes": []
        }
      ]
    },
    {
      "mode": "managed",
      "type": "github_membership",
      "name": "asdfec",
      "provider": "provider[\"registry.terraform.io/integrations/github\"]",
      "instances": [
        {
          "schema_version": 0,
          "attributes": {
            "etag": "W/\"13eef5a9f5381ecd4347f846400f060ac60cd399e7103d0c7ef7171334c835ff\"",
            "id": "ictsc:asdfec",
            "role": "member",
            "username": "asdfec"
          },
          "sensitive_attributes": []
        }
      ]
    },
    {
      "mode": "managed",
      "type": "github_membership",
      "name": "beggarl",
      "provider": "provider[\"registry.terraform.io/integrations/github\"]",
      "instances": [
        {
          "schema_version": 0,
          "attributes": {
            "etag": "W/\"970251e1c00769723da30bab265d360e37a47481763b23b7bfcce2c7dc3f7a99\"",
            "id": "ictsc:beggarl",
            "role": "member",
            "username": "beggarl"
          },
          "sensitive_attributes": []
        }
      ]
    },
    {
      "mode": "managed",
      "type": "github_membership",
      "name": "bosan120",
      "provider": "provider[\"registry.terraform.io/integrations/github\"]",
      "instances": [
        {
          "schema_version": 0,
          "attributes": {
            "etag": "W/\"a61a09f89b17cf3961a3c4b2ea6c65109681456e1ab12d75172a77a4c25374b1\"",
            "id": "ictsc:bosan120",
            "role": "member",
            "username": "bosan120"
          },
          "sensitive_attributes": []
        }
      ]
    },
    {
      "mode": "managed",
      "type": "github_membership",
      "name": "chalkygames123",
      "provider": "provider[\"registry.terraform.io/integrations/github\"]",
      "instances": [
        {
          "schema_version": 0,
          "attributes": {
            "etag": "W/\"5b3f2d10051b844782f4a364b96feb3666b54743512b25e6e3b2d33128cdcff5\"",
            "id": "ictsc:chalkygames123",
            "role": "member",
            "username": "chalkygames123"
          },
          "sensitive_attributes": []
        }
      ]
    },
    {
      "mode": "managed",
      "type": "github_membership",
      "name": "chamaharun",
      "provider": "provider[\"registry.terraform.io/integrations/github\"]",
      "instances": [
        {
          "schema_version": 0,
          "attributes": {
            "etag": "W/\"c66687855205e47b48aca642acfce8e59586c6a9a2cb2c9f437a40294938ee58\"",
            "id": "ictsc:chamaharun",
            "role": "member",
            "username": "chamaharun"
          },
          "sensitive_attributes": []
        }
      ]
    },
    {
      "mode": "managed",
      "type": "github_membership",
      "name": "chaya2z",
      "provider": "provider[\"registry.terraform.io/integrations/github\"]",
      "instances": [
        {
          "schema_version": 0,
          "attributes": {
            "etag": "W/\"df941b7330bb0923c8f8038bbdf249cf91379119ef3844d194b4afbbe33ac831\"",
            "id": "ictsc:chaya2z",
            "role": "member",
            "username": "chaya2z"
          },
          "sensitive_attributes": []
        }
      ]
    },
    {
      "mode": "managed",
      "type": "github_membership",
      "name": "chibiegg",
      "provider": "provider[\"registry.terraform.io/integrations/github\"]",
      "instances": [
        {
          "schema_version": 0,
          "attributes": {
            "etag": "W/\"4a17894dd7c0493bfe8ec1dd4d98cded837ea419ae8c100d97bc39fcdea79034\"",
            "id": "ictsc:chibiegg",
            "role": "member",
            "username": "chibiegg"
          },
          "sensitive_attributes": []
        }
      ]
    },
    {
      "mode": "managed",
      "type": "github_membership",
      "name": "chisaton1",
      "provider": "provider[\"registry.terraform.io/integrations/github\"]",
      "instances": [
        {
          "schema_version": 0,
          "attributes": {
            "etag": "W/\"645431074fb26cc683e7b3cf4707bf2b25bf3ea381ff5db68ddaca82bef208f2\"",
            "id": "ictsc:chisaton1",
            "role": "member",
            "username": "chisaton1"
          },
          "sensitive_attributes": []
        }
      ]
    },
    {
      "mode": "managed",
      "type": "github_membership",
      "name": "chouett0",
      "provider": "provider[\"registry.terraform.io/integrations/github\"]",
      "instances": [
        {
          "schema_version": 0,
          "attributes": {
            "etag": "W/\"5563a7c19de495d1a30af0057e845a89d937be2a9f9986e304b5eef36810486e\"",
            "id": "ictsc:chouett0",
            "role": "member",
            "username": "chouett0"
          },
          "sensitive_attributes": []
        }
      ]
    },
    {
      "mode": "managed",
      "type": "github_membership",
      "name": "ecodrive-18",
      "provider": "provider[\"registry.terraform.io/integrations/github\"]",
      "instances": [
        {
          "schema_version": 0,
          "attributes": {
            "etag": "W/\"4b619a5673691a8d8e6be4973ce86d550383ca4e130339544d74d45b48877ca8\"",
            "id": "ictsc:ecodrive-18",
            "role": "member",
            "username": "ecodrive-18"
          },
          "sensitive_attributes": []
        }
      ]
    },
    {
      "mode": "managed",
      "type": "github_membership",
      "name": "guragusan",
      "provider": "provider[\"registry.terraform.io/integrations/github\"]",
      "instances": [
        {
          "schema_version": 0,
          "attributes": {
            "etag": "W/\"e37c7711d16a5fcc90c2ad015fccaffb8dc4a064332aa3534c8849175e1416c7\"",
            "id": "ictsc:guragusan",
            "role": "member",
            "username": "guragusan"
          },
          "sensitive_attributes": []
        }
      ]
    },
    {
      "mode": "managed",
      "type": "github_membership",
      "name": "gurapomu",
      "provider": "provider[\"registry.terraform.io/integrations/github\"]",
      "instances": [
        {
          "schema_version": 0,
          "attributes": {
            "etag": "W/\"3dc7bae36ddb61e9430147267810cc537c5bd4392cf44503017418a984bc9571\"",
            "id": "ictsc:gurapomu",
            "role": "member",
            "username": "gurapomu"
          },
          "sensitive_attributes": []
        }
      ]
    },
    {
      "mode": "managed",
      "type": "github_membership",
      "name": "h-otter",
      "provider": "provider[\"registry.terraform.io/integrations/github\"]",
      "instances": [
        {
          "schema_version": 0,
          "attributes": {
            "etag": "W/\"4849be7186d6c862b66e7bce64b32dd9463f9190a0082c411c427f947edcf59b\"",
            "id": "ictsc:h-otter",
            "role": "admin",
            "username": "h-otter"
          },
          "sensitive_attributes": []
        }
      ]
    },
    {
      "mode": "managed",
      "type": "github_membership",
      "name": "ha-kun0711",
      "provider": "provider[\"registry.terraform.io/integrations/github\"]",
      "instances": [
        {
          "schema_version": 0,
          "attributes": {
            "etag": "W/\"999bb21036de9428c8d298f79969e185899aa5365411d306f9fb742f260d454f\"",
            "id": "ictsc:ha-kun0711",
            "role": "member",
            "username": "ha-kun0711"
          },
          "sensitive_attributes": []
        }
      ]
    },
    {
      "mode": "managed",
      "type": "github_membership",
      "name": "hibiki31",
      "provider": "provider[\"registry.terraform.io/integrations/github\"]",
      "instances": [
        {
          "schema_version": 0,
          "attributes": {
            "etag": "W/\"fcbe63545ac96f3c7d3f5012ff14c292ca4539be61437ce7ff0d80f3d3040c80\"",
            "id": "ictsc:hibiki31",
            "role": "member",
            "username": "hibiki31"
          },
          "sensitive_attributes": []
        }
      ]
    },
    {
      "mode": "managed",
      "type": "github_membership",
      "name": "ibucho",
      "provider": "provider[\"registry.terraform.io/integrations/github\"]",
      "instances": [
        {
          "schema_version": 0,
          "attributes": {
            "etag": "W/\"d8ee597f977076aee9c6b254f8dd1e4aa8de280d5f729bf421fdc49c0d42bcdc\"",
            "id": "ictsc:ibucho",
            "role": "admin",
            "username": "ibucho"
          },
          "sensitive_attributes": []
        }
      ]
    },
    {
      "mode": "managed",
      "type": "github_membership",
      "name": "icchy",
      "provider": "provider[\"registry.terraform.io/integrations/github\"]",
      "instances": [
        {
          "schema_version": 0,
          "attributes": {
            "etag": "W/\"27505e787997c104c46f28a95a4d4441f0c7c06f80d99fefbf554e29bfed8782\"",
            "id": "ictsc:icchy",
            "role": "member",
            "username": "icchy"
          },
          "sensitive_attributes": []
        }
      ]
    },
    {
      "mode": "managed",
      "type": "github_membership",
      "name": "int-tt",
      "provider": "provider[\"registry.terraform.io/integrations/github\"]",
      "instances": [
        {
          "schema_version": 0,
          "attributes": {
            "etag": "W/\"2e482b6991bf52d465fcbaf4d0dd80eeba140e7eb1d0225bddf0ae59e7f6be00\"",
            "id": "ictsc:int-tt",
            "role": "member",
            "username": "int-tt"
          },
          "sensitive_attributes": []
        }
      ]
    },
    {
      "mode": "managed",
      "type": "github_membership",
      "name": "inuyosi",
      "provider": "provider[\"registry.terraform.io/integrations/github\"]",
      "instances": [
        {
          "schema_version": 0,
          "attributes": {
            "etag": "W/\"57effd2e496286301a41996ede2130957c9d447aa3741d46d202d9eef5d7f086\"",
            "id": "ictsc:inuyosi",
            "role": "member",
            "username": "inuyosi"
          },
          "sensitive_attributes": []
        }
      ]
    },
    {
      "mode": "managed",
      "type": "github_membership",
      "name": "kadokusei",
      "provider": "provider[\"registry.terraform.io/integrations/github\"]",
      "instances": [
        {
          "schema_version": 0,
          "attributes": {
            "etag": "W/\"df7fbc8968f6380730165c6a3111e041f43731e52d82bfc1d1d06dfd7858d854\"",
            "id": "ictsc:kadokusei",
            "role": "member",
            "username": "kadokusei"
          },
          "sensitive_attributes": []
        }
      ]
    },
    {
      "mode": "managed",
      "type": "github_membership",
      "name": "kamijin-fanta",
      "provider": "provider[\"registry.terraform.io/integrations/github\"]",
      "instances": [
        {
          "schema_version": 0,
          "attributes": {
            "etag": "W/\"94dbf5bc8ea3cb99041c8c9afb8d3ab3eadb23780fbdace69e874c51981a2a28\"",
            "id": "ictsc:kamijin-fanta",
            "role": "member",
            "username": "kamijin-fanta"
          },
          "sensitive_attributes": []
        }
      ]
    },
    {
      "mode": "managed",
      "type": "github_membership",
      "name": "kapibara824",
      "provider": "provider[\"registry.terraform.io/integrations/github\"]",
      "instances": [
        {
          "schema_version": 0,
          "attributes": {
            "etag": "W/\"ffa3f3220d4902d5533d6f51c67afadd1b98f4526d5459c67f7b79dd04d04fd0\"",
            "id": "ictsc:kapibara824",
            "role": "member",
            "username": "kapibara824"
          },
          "sensitive_attributes": []
        }
      ]
    },
    {
      "mode": "managed",
      "type": "github_membership",
      "name": "kayo-tozaki",
      "provider": "provider[\"registry.terraform.io/integrations/github\"]",
      "instances": [
        {
          "schema_version": 0,
          "attributes": {
            "etag": "W/\"a3a0571d976b38e2af69ee83dc765009d9680a1eb3804398c3655737898e3fd6\"",
            "id": "ictsc:kayo-tozaki",
            "role": "member",
            "username": "kayo-tozaki"
          },
          "sensitive_attributes": []
        }
      ]
    },
    {
      "mode": "managed",
      "type": "github_membership",
      "name": "keisukearakawa",
      "provider": "provider[\"registry.terraform.io/integrations/github\"]",
      "instances": [
        {
          "schema_version": 0,
          "attributes": {
            "etag": "W/\"1adafae14d40bac0b153d72c98ce5e05d3b42179372ad6f13ca8f34907fdfab5\"",
            "id": "ictsc:keisukearakawa",
            "role": "member",
            "username": "keisukearakawa"
          },
          "sensitive_attributes": []
        }
      ]
    },
    {
      "mode": "managed",
      "type": "github_membership",
      "name": "keyakko",
      "provider": "provider[\"registry.terraform.io/integrations/github\"]",
      "instances": [
        {
          "schema_version": 0,
          "attributes": {
            "etag": "W/\"6d93fdc0134884d4b2592d223c52e7275b80cf04d26b8892280d28fdb7607f73\"",
            "id": "ictsc:keyakko",
            "role": "member",
            "username": "keyakko"
          },
          "sensitive_attributes": []
        }
      ]
    },
    {
      "mode": "managed",
      "type": "github_membership",
      "name": "kurochan",
      "provider": "provider[\"registry.terraform.io/integrations/github\"]",
      "instances": [
        {
          "schema_version": 0,
          "attributes": {
            "etag": "W/\"ac5adb6a5d52beff2cdc4965c3c33054ac33472eeea07153842289edecfd312b\"",
            "id": "ictsc:kurochan",
            "role": "admin",
            "username": "kurochan"
          },
          "sensitive_attributes": []
        }
      ]
    },
    {
      "mode": "managed",
      "type": "github_membership",
      "name": "kyoko0514",
      "provider": "provider[\"registry.terraform.io/integrations/github\"]",
      "instances": [
        {
          "schema_version": 0,
          "attributes": {
            "etag": "W/\"11e9a7fc421f06991ed6ecc8af27c2696a7c7d4523c009bf00112aa7cd5580ec\"",
            "id": "ictsc:kyoko0514",
            "role": "member",
            "username": "kyoko0514"
          },
          "sensitive_attributes": []
        }
      ]
    },
    {
      "mode": "managed",
      "type": "github_membership",
      "name": "kyontan",
      "provider": "provider[\"registry.terraform.io/integrations/github\"]",
      "instances": [
        {
          "schema_version": 0,
          "attributes": {
            "etag": "W/\"fa7e309709527e7f1d589b331afadb6e487ba70296d3ebdc8bb0c8c94dbd06ad\"",
            "id": "ictsc:kyontan",
            "role": "member",
            "username": "kyontan"
          },
          "sensitive_attributes": []
        }
      ]
    },
    {
      "mode": "managed",
      "type": "github_membership",
      "name": "logica0419",
      "provider": "provider[\"registry.terraform.io/integrations/github\"]",
      "instances": [
        {
          "schema_version": 0,
          "attributes": {
            "etag": "W/\"ad9878f9671b77d791551908809332f673672f42b0b1b27dff14350fd435d6f1\"",
            "id": "ictsc:logica0419",
            "role": "member",
            "username": "logica0419"
          },
          "sensitive_attributes": [],
          "private": "bnVsbA=="
        }
      ]
    },
    {
      "mode": "managed",
      "type": "github_membership",
      "name": "mbook-x86",
      "provider": "provider[\"registry.terraform.io/integrations/github\"]",
      "instances": [
        {
          "schema_version": 0,
          "attributes": {
            "etag": "W/\"eb8d70ff6e3991fc2da96d44d4e917703a51049fc382910c226adde02b4c03a9\"",
            "id": "ictsc:mbook-x86",
            "role": "member",
            "username": "mbook-x86"
          },
          "sensitive_attributes": []
        }
      ]
    },
    {
      "mode": "managed",
      "type": "github_membership",
      "name": "miyao11",
      "provider": "provider[\"registry.terraform.io/integrations/github\"]",
      "instances": [
        {
          "schema_version": 0,
          "attributes": {
            "etag": "W/\"00d56dd2c726905ccda7a16d81c89de379f0c5343f22f7268dca0224177ad2d5\"",
            "id": "ictsc:Miyao11",
            "role": "member",
            "username": "Miyao11"
          },
          "sensitive_attributes": []
        }
      ]
    },
    {
      "mode": "managed",
      "type": "github_membership",
      "name": "mk0913mnck",
      "provider": "provider[\"registry.terraform.io/integrations/github\"]",
      "instances": [
        {
          "schema_version": 0,
          "attributes": {
            "etag": "W/\"7155a4e937f15b690d2a57e4cac3a5d9096ae48e1f531866183794db267b284f\"",
            "id": "ictsc:mk0913mnck",
            "role": "member",
            "username": "mk0913mnck"
          },
          "sensitive_attributes": []
        }
      ]
    },
    {
      "mode": "managed",
      "type": "github_membership",
      "name": "nakasyo2650",
      "provider": "provider[\"registry.terraform.io/integrations/github\"]",
      "instances": [
        {
          "schema_version": 0,
          "attributes": {
            "etag": "W/\"9c574a15ca005a24405009657fc949a8ef52296e5392198ae29c445eb0d87ffb\"",
            "id": "ictsc:nakasyo2650",
            "role": "member",
            "username": "nakasyo2650"
          },
          "sensitive_attributes": []
        }
      ]
    },
    {
      "mode": "managed",
      "type": "github_membership",
      "name": "naoki2001",
      "provider": "provider[\"registry.terraform.io/integrations/github\"]",
      "instances": [
        {
          "schema_version": 0,
          "attributes": {
            "etag": "W/\"93421e0deb2892e8e98981c9aee3994a1f48cc336cf90ad642c41edc50134dd9\"",
            "id": "ictsc:naoki2001",
            "role": "member",
            "username": "naoki2001"
          },
          "sensitive_attributes": []
        }
      ]
    },
    {
      "mode": "managed",
      "type": "github_membership",
      "name": "naoki912",
      "provider": "provider[\"registry.terraform.io/integrations/github\"]",
      "instances": [
        {
          "schema_version": 0,
          "attributes": {
            "etag": "W/\"5023d5fd6c875b21fbc905d0d6f033709aa804cc34f18fac4dd0b94999afb1b3\"",
            "id": "ictsc:naoki912",
            "role": "member",
            "username": "naoki912"
          },
          "sensitive_attributes": []
        }
      ]
    },
    {
      "mode": "managed",
      "type": "github_membership",
      "name": "netmarkjp",
      "provider": "provider[\"registry.terraform.io/integrations/github\"]",
      "instances": [
        {
          "schema_version": 0,
          "attributes": {
            "etag": "W/\"81f80c91f12f2a4fe616da9a8f8c3d9626ee36b03778aea5322ddb1a1a9eb731\"",
            "id": "ictsc:netmarkjp",
            "role": "admin",
            "username": "netmarkjp"
          },
          "sensitive_attributes": []
        }
      ]
    },
    {
      "mode": "managed",
      "type": "github_membership",
      "name": "nomeaning777",
      "provider": "provider[\"registry.terraform.io/integrations/github\"]",
      "instances": [
        {
          "schema_version": 0,
          "attributes": {
            "etag": "W/\"34dea807bc7fbc3a8540d1168fc1239f6f88953d15ea1d72b272fb78305459c1\"",
            "id": "ictsc:nomeaning777",
            "role": "member",
            "username": "nomeaning777"
          },
          "sensitive_attributes": []
        }
      ]
    },
    {
      "mode": "managed",
      "type": "github_membership",
      "name": "notchi590",
      "provider": "provider[\"registry.terraform.io/integrations/github\"]",
      "instances": [
        {
          "schema_version": 0,
          "attributes": {
            "etag": "W/\"0f8da7a5b2a3a60e640a22f096925b77f658c33507e26da6f4a24eafd47fb373\"",
            "id": "ictsc:notchi590",
            "role": "member",
            "username": "notchi590"
          },
          "sensitive_attributes": []
        }
      ]
    },
    {
      "mode": "managed",
      "type": "github_membership",
      "name": "onokatio",
      "provider": "provider[\"registry.terraform.io/integrations/github\"]",
      "instances": [
        {
          "schema_version": 0,
          "attributes": {
            "etag": "W/\"90de705baf3d2bf11b29b05c00adc6efabd182dbecd555c2da770629e7bf0df6\"",
            "id": "ictsc:onokatio",
            "role": "admin",
            "username": "onokatio"
          },
          "sensitive_attributes": []
        }
      ]
    },
    {
      "mode": "managed",
      "type": "github_membership",
      "name": "oomorio",
      "provider": "provider[\"registry.terraform.io/integrations/github\"]",
      "instances": [
        {
          "schema_version": 0,
          "attributes": {
            "etag": "W/\"b6b5f95b16f9700be13f993712cf28bc71dc7fbb7914cdc0e90105c1f556c79a\"",
            "id": "ictsc:oomorio",
            "role": "member",
            "username": "oomorio"
          },
          "sensitive_attributes": []
        }
      ]
    },
    {
      "mode": "managed",
      "type": "github_membership",
      "name": "ophum",
      "provider": "provider[\"registry.terraform.io/integrations/github\"]",
      "instances": [
        {
          "schema_version": 0,
          "attributes": {
            "etag": "W/\"a3c15214298cf45ad7a6baefaa68e050766b18346e9da1ed9a46030e9bfbb453\"",
            "id": "ictsc:ophum",
            "role": "member",
            "username": "ophum"
          },
          "sensitive_attributes": []
        }
      ]
    },
    {
      "mode": "managed",
      "type": "github_membership",
      "name": "orin24",
      "provider": "provider[\"registry.terraform.io/integrations/github\"]",
      "instances": [
        {
          "schema_version": 0,
          "attributes": {
            "etag": "W/\"4f59b5ab7c4eaa35431ec84ce3153404e2a455f37f75b3d5f1058b9e7acfcdf2\"",
            "id": "ictsc:orin24",
            "role": "member",
            "username": "orin24"
          },
          "sensitive_attributes": []
        }
      ]
    },
    {
      "mode": "managed",
      "type": "github_membership",
      "name": "palloc",
      "provider": "provider[\"registry.terraform.io/integrations/github\"]",
      "instances": [
        {
          "schema_version": 0,
          "attributes": {
            "etag": "W/\"2403bf336988fc37de94ed18b8bd297be4daa54def1427cf5b052435df654e03\"",
            "id": "ictsc:palloc",
            "role": "member",
            "username": "palloc"
          },
          "sensitive_attributes": []
        }
      ]
    },
    {
      "mode": "managed",
      "type": "github_membership",
      "name": "potyama",
      "provider": "provider[\"registry.terraform.io/integrations/github\"]",
      "instances": [
        {
          "schema_version": 0,
          "attributes": {
            "etag": "W/\"4f3fc5e6fd29a535184d3c95759f444d0bff5fcb94d6ef554c07b6424cee4b99\"",
            "id": "ictsc:potyama",
            "role": "member",
            "username": "potyama"
          },
          "sensitive_attributes": []
        }
      ]
    },
    {
      "mode": "managed",
      "type": "github_membership",
      "name": "proelbtn",
      "provider": "provider[\"registry.terraform.io/integrations/github\"]",
      "instances": [
        {
          "schema_version": 0,
          "attributes": {
            "etag": "W/\"90467c6e615c978fc1f6db572f21fb9d11d36297a07f6793c8aed340da3c99f4\"",
            "id": "ictsc:proelbtn",
            "role": "admin",
            "username": "proelbtn"
          },
          "sensitive_attributes": []
        }
      ]
    },
    {
      "mode": "managed",
      "type": "github_membership",
      "name": "recuraki",
      "provider": "provider[\"registry.terraform.io/integrations/github\"]",
      "instances": [
        {
          "schema_version": 0,
          "attributes": {
            "etag": "W/\"fd7aa8ad845e4d363b13ff6e31b028af5f5494b8726020b055343930313b7d1a\"",
            "id": "ictsc:recuraki",
            "role": "member",
            "username": "recuraki"
          },
          "sensitive_attributes": []
        }
      ]
    },
    {
      "mode": "managed",
      "type": "github_membership",
      "name": "rlia",
      "provider": "provider[\"registry.terraform.io/integrations/github\"]",
      "instances": [
        {
          "schema_version": 0,
          "attributes": {
            "etag": "W/\"3664fd5b1ed3fa6a3ac7c11446c62646e5cc08b55a8173b496d7b6b5fbd5c0aa\"",
            "id": "ictsc:rlia",
            "role": "member",
            "username": "rlia"
          },
          "sensitive_attributes": []
        }
      ]
    },
    {
      "mode": "managed",
      "type": "github_membership",
      "name": "sharknasuhorse",
      "provider": "provider[\"registry.terraform.io/integrations/github\"]",
      "instances": [
        {
          "schema_version": 0,
          "attributes": {
            "etag": "W/\"58a2d2551c1a36044cf1d5017c91961bd8e0243be61bca867d8618f612c53c0e\"",
            "id": "ictsc:sharknasuhorse",
            "role": "admin",
            "username": "sharknasuhorse"
          },
          "sensitive_attributes": []
        }
      ]
    },
    {
      "mode": "managed",
      "type": "github_membership",
      "name": "shinonome01",
      "provider": "provider[\"registry.terraform.io/integrations/github\"]",
      "instances": [
        {
          "schema_version": 0,
          "attributes": {
            "etag": "W/\"56ae1f282688b2be381282c8363cb7e9feaaa4e6c093657888f74ef65126c7d5\"",
            "id": "ictsc:shinonome01",
            "role": "member",
            "username": "shinonome01"
          },
          "sensitive_attributes": []
        }
      ]
    },
    {
      "mode": "managed",
      "type": "github_membership",
      "name": "site0801",
      "provider": "provider[\"registry.terraform.io/integrations/github\"]",
      "instances": [
        {
          "schema_version": 0,
          "attributes": {
            "etag": "W/\"02c5c0aaf623a1aea8268d5cedd240f2e732f4de5e01a42bb41c3d8b1ce79b20\"",
            "id": "ictsc:site0801",
            "role": "member",
            "username": "site0801"
          },
          "sensitive_attributes": []
        }
      ]
    },
    {
      "mode": "managed",
      "type": "github_membership",
      "name": "sora34",
      "provider": "provider[\"registry.terraform.io/integrations/github\"]",
      "instances": [
        {
          "schema_version": 0,
          "attributes": {
            "etag": "W/\"180a407d5192bd57af428a39ffb53591e990ed77f8d3ade85e19bc5f97a41299\"",
            "id": "ictsc:sora34",
            "role": "member",
            "username": "sora34"
          },
          "sensitive_attributes": []
        }
      ]
    },
    {
      "mode": "managed",
      "type": "github_membership",
      "name": "staybuzz",
      "provider": "provider[\"registry.terraform.io/integrations/github\"]",
      "instances": [
        {
          "schema_version": 0,
          "attributes": {
            "etag": "W/\"0e9026aee8e923c63da1c8f2379f74cdcfed7cc01935d8049fa0c775b4c58c22\"",
            "id": "ictsc:staybuzz",
            "role": "member",
            "username": "staybuzz"
          },
          "sensitive_attributes": []
        }
      ]
    },
    {
      "mode": "managed",
      "type": "github_membership",
      "name": "sugiki-accelia",
      "provider": "provider[\"registry.terraform.io/integrations/github\"]",
      "instances": [
        {
          "schema_version": 0,
          "attributes": {
            "etag": "W/\"38311606b4421f362407042a9fc1bc680b923e3eb281bdb71ea7b5ff157b7467\"",
            "id": "ictsc:sugiki-accelia",
            "role": "member",
            "username": "sugiki-accelia"
          },
          "sensitive_attributes": []
        }
      ]
    },
    {
      "mode": "managed",
      "type": "github_membership",
      "name": "sukekawa-accelia",
      "provider": "provider[\"registry.terraform.io/integrations/github\"]",
      "instances": [
        {
          "schema_version": 0,
          "attributes": {
            "etag": "W/\"fea47425d1176d486b0e995d0d393e69957f5c9822b3dd7a940e9836112f1486\"",
            "id": "ictsc:sukekawa-accelia",
            "role": "member",
            "username": "sukekawa-accelia"
          },
          "sensitive_attributes": []
        }
      ]
    },
    {
      "mode": "managed",
      "type": "github_membership",
      "name": "syuli",
      "provider": "provider[\"registry.terraform.io/integrations/github\"]",
      "instances": [
        {
          "schema_version": 0,
          "attributes": {
            "etag": "W/\"55ffe2fdb95187cad69cf473163b07b3ef70e5cc1ed3a51bd9c34a1017373090\"",
            "id": "ictsc:syuli",
            "role": "member",
            "username": "syuli"
          },
          "sensitive_attributes": []
        }
      ]
    },
    {
      "mode": "managed",
      "type": "github_membership",
      "name": "syuuya-nakatomi",
      "provider": "provider[\"registry.terraform.io/integrations/github\"]",
      "instances": [
        {
          "schema_version": 0,
          "attributes": {
            "etag": "W/\"2bd4899ba1c88e9664843d2e41c1bc2217aa6ecc0403c978d510482df69611f2\"",
            "id": "ictsc:syuuya-nakatomi",
            "role": "member",
            "username": "syuuya-nakatomi"
          },
          "sensitive_attributes": [],
          "private": "bnVsbA=="
        }
      ]
    },
    {
      "mode": "managed",
      "type": "github_membership",
      "name": "takehaya",
      "provider": "provider[\"registry.terraform.io/integrations/github\"]",
      "instances": [
        {
          "schema_version": 0,
          "attributes": {
            "etag": "W/\"f352b0d45c2169974f8ba48bb3c25f93026660bcd940036e2b52fd47493d834a\"",
            "id": "ictsc:takehaya",
            "role": "admin",
            "username": "takehaya"
          },
          "sensitive_attributes": []
        }
      ]
    },
    {
      "mode": "managed",
      "type": "github_membership",
      "name": "takes3",
      "provider": "provider[\"registry.terraform.io/integrations/github\"]",
      "instances": [
        {
          "schema_version": 0,
          "attributes": {
            "etag": "W/\"398d7d576339a1e6dd87f4faabc65749d272e4ca72e8332514bdc98ba2f3ce91\"",
            "id": "ictsc:takes3",
            "role": "member",
            "username": "takes3"
          },
          "sensitive_attributes": []
        }
      ]
    },
    {
      "mode": "managed",
      "type": "github_membership",
      "name": "tanishi001",
      "provider": "provider[\"registry.terraform.io/integrations/github\"]",
      "instances": [
        {
          "schema_version": 0,
          "attributes": {
            "etag": "W/\"b2d59688cf0f34de24da0890e066f3e73229d8a6108525207b8e6c4758823a2f\"",
            "id": "ictsc:tanishi001",
            "role": "member",
            "username": "tanishi001"
          },
          "sensitive_attributes": []
        }
      ]
    },
    {
      "mode": "managed",
      "type": "github_membership",
      "name": "tar-xzvff",
      "provider": "provider[\"registry.terraform.io/integrations/github\"]",
      "instances": [
        {
          "schema_version": 0,
          "attributes": {
            "etag": "W/\"0208aac0682794cb041b416ebd681897ee3808620137cb72fae246b31acd35fd\"",
            "id": "ictsc:tar-xzvff",
            "role": "admin",
            "username": "tar-xzvff"
          },
          "sensitive_attributes": []
        }
      ]
    },
    {
      "mode": "managed",
      "type": "github_membership",
      "name": "tom--bo",
      "provider": "provider[\"registry.terraform.io/integrations/github\"]",
      "instances": [
        {
          "schema_version": 0,
          "attributes": {
            "etag": "W/\"bffb18378ccf4b3957506e75f06a51d922f86434f72817eb27e74c0c8afee276\"",
            "id": "ictsc:tom--bo",
            "role": "member",
            "username": "tom--bo"
          },
          "sensitive_attributes": []
        }
      ]
    },
    {
      "mode": "managed",
      "type": "github_membership",
      "name": "tomatoaas",
      "provider": "provider[\"registry.terraform.io/integrations/github\"]",
      "instances": [
        {
          "schema_version": 0,
          "attributes": {
            "etag": "W/\"6ef50f99184d162f4808dad8336ba39bf0c8a9e7afa7c30c4cde05642cf8e150\"",
            "id": "ictsc:tomatoaas",
            "role": "member",
            "username": "tomatoaas"
          },
          "sensitive_attributes": []
        }
      ]
    },
    {
      "mode": "managed",
      "type": "github_membership",
      "name": "tsuttsu305",
      "provider": "provider[\"registry.terraform.io/integrations/github\"]",
      "instances": [
        {
          "schema_version": 0,
          "attributes": {
            "etag": "W/\"ca4848e5267346c807ed591fad5040b42f7a3ebacf81fed3c033c2ddcf42cef9\"",
            "id": "ictsc:tsuttsu305",
            "role": "member",
            "username": "tsuttsu305"
          },
          "sensitive_attributes": []
        }
      ]
    },
    {
      "mode": "managed",
      "type": "github_membership",
      "name": "uplus",
      "provider": "provider[\"registry.terraform.io/integrations/github\"]",
      "instances": [
        {
          "schema_version": 0,
          "attributes": {
            "etag": "W/\"25e8d19a4f15ba10c7d8a616c764b31b3e79e1f2cbccc97287b36e5239a37ca6\"",
            "id": "ictsc:uplus",
            "role": "admin",
            "username": "uplus"
          },
          "sensitive_attributes": []
        }
      ]
    },
    {
      "mode": "managed",
      "type": "github_membership",
      "name": "whywaita",
      "provider": "provider[\"registry.terraform.io/integrations/github\"]",
      "instances": [
        {
          "schema_version": 0,
          "attributes": {
            "etag": "W/\"fcc64248f362cce403ed2cda59d5f2bb884cdc4ce62d0a628fda1c584f1dd6a0\"",
            "id": "ictsc:whywaita",
            "role": "admin",
            "username": "whywaita"
          },
          "sensitive_attributes": []
        }
      ]
    },
    {
      "mode": "managed",
      "type": "github_membership",
      "name": "x86taka",
      "provider": "provider[\"registry.terraform.io/integrations/github\"]",
      "instances": [
        {
          "schema_version": 0,
          "attributes": {
            "etag": "W/\"f0d9e6fd040960f4713c6baabca4e06f8a49b08819ff5765d0c1cdcd58c3d09f\"",
            "id": "ictsc:x86taka",
            "role": "admin",
            "username": "x86taka"
          },
          "sensitive_attributes": []
        }
      ]
    },
    {
      "mode": "managed",
      "type": "github_membership",
      "name": "y-monma",
      "provider": "provider[\"registry.terraform.io/integrations/github\"]",
      "instances": [
        {
          "schema_version": 0,
          "attributes": {
            "etag": "W/\"004ea3e795f4a680c438fcb1ede8e4d37e9d270f86e01b413357f016875c5412\"",
            "id": "ictsc:y-monma",
            "role": "member",
            "username": "y-monma"
          },
          "sensitive_attributes": []
        }
      ]
    },
    {
      "mode": "managed",
      "type": "github_membership",
      "name": "yaminoma",
      "provider": "provider[\"registry.terraform.io/integrations/github\"]",
      "instances": [
        {
          "schema_version": 0,
          "attributes": {
            "etag": "W/\"320d71b8793d4ae16690b6605e2df7814987ff951887fe5ad93313432b781412\"",
            "id": "ictsc:yaminoma",
            "role": "member",
            "username": "yaminoma"
          },
          "sensitive_attributes": []
        }
      ]
    },
    {
      "mode": "managed",
      "type": "github_membership",
      "name": "yatuhashi",
      "provider": "provider[\"registry.terraform.io/integrations/github\"]",
      "instances": [
        {
          "schema_version": 0,
          "attributes": {
            "etag": "W/\"183cedbaa1adcd5fe10ebb384e57120087b2e3e35db0990b7167b983d9707d2a\"",
            "id": "ictsc:yatuhashi",
            "role": "member",
            "username": "yatuhashi"
          },
          "sensitive_attributes": []
        }
      ]
    },
    {
      "mode": "managed",
      "type": "github_membership",
      "name": "yo-kanyukari",
      "provider": "provider[\"registry.terraform.io/integrations/github\"]",
      "instances": [
        {
          "schema_version": 0,
          "attributes": {
            "etag": "W/\"4b492fb100e1db9f378a66dcc066f15cc019ac06cab0bcb4cc88bc626f81b23f\"",
            "id": "ictsc:siberiy4",
            "role": "member",
            "username": "siberiy4"
          },
          "sensitive_attributes": [],
          "private": "bnVsbA=="
        }
      ]
    },
    {
      "mode": "managed",
      "type": "github_membership",
      "name": "yo-taro",
      "provider": "provider[\"registry.terraform.io/integrations/github\"]",
      "instances": [
        {
          "schema_version": 0,
          "attributes": {
            "etag": "W/\"852d34be4a21d12533c76446976aee2e08f89e5246d76365f2b9fc8f6e06ebfe\"",
            "id": "ictsc:yo-taro",
            "role": "member",
            "username": "yo-taro"
          },
          "sensitive_attributes": []
        }
      ]
    },
    {
      "mode": "managed",
      "type": "github_membership",
      "name": "yoneyan",
      "provider": "provider[\"registry.terraform.io/integrations/github\"]",
      "instances": [
        {
          "schema_version": 0,
          "attributes": {
            "etag": "W/\"0d195a0989c358fe528ec1c7f62d5f0eadce18b3a5df4070ad1f203529bc8de8\"",
            "id": "ictsc:yoneyan",
            "role": "member",
            "username": "yoneyan"
          },
          "sensitive_attributes": []
        }
      ]
    },
    {
      "mode": "managed",
      "type": "github_membership",
      "name": "yu-tanaka00",
      "provider": "provider[\"registry.terraform.io/integrations/github\"]",
      "instances": [
        {
          "schema_version": 0,
          "attributes": {
            "etag": "W/\"fa8668bf55a272d63e5cccccc5143bd6f62d62dd1cfe8b8933dd08dc08b01624\"",
            "id": "ictsc:yu-tanaka00",
            "role": "member",
            "username": "yu-tanaka00"
          },
          "sensitive_attributes": []
        }
      ]
    },
    {
      "mode": "managed",
      "type": "github_membership",
      "name": "yukamoja",
      "provider": "provider[\"registry.terraform.io/integrations/github\"]",
      "instances": [
        {
          "schema_version": 0,
          "attributes": {
            "etag": "W/\"010db41718e2845e96663125c1229f0d9dd9faca94f6348b77de56c2cb8faacb\"",
            "id": "ictsc:yukamoja",
            "role": "admin",
            "username": "yukamoja"
          },
          "sensitive_attributes": []
        }
      ]
    },
    {
      "mode": "managed",
      "type": "github_membership",
      "name": "yuukinetwork",
      "provider": "provider[\"registry.terraform.io/integrations/github\"]",
      "instances": [
        {
          "schema_version": 0,
          "attributes": {
            "etag": "W/\"9a8b60667cc0b664106923e5422afa84e899512623116fe09d7e8d3577fba4fb\"",
            "id": "ictsc:yuukinetwork",
            "role": "member",
            "username": "yuukinetwork"
          },
          "sensitive_attributes": []
        }
      ]
    },
    {
      "mode": "managed",
      "type": "github_membership",
      "name": "zeroalphat",
      "provider": "provider[\"registry.terraform.io/integrations/github\"]",
      "instances": [
        {
          "schema_version": 0,
          "attributes": {
            "etag": "W/\"b6c7814c0ded9709d931a46e8a463fd8127f41888e87c05bcc3fbc0d0d129ce9\"",
            "id": "ictsc:zeroalphat",
            "role": "member",
            "username": "zeroalphat"
          },
          "sensitive_attributes": []
        }
      ]
    },
    {
      "mode": "managed",
      "type": "github_team",
      "name": "admin",
      "provider": "provider[\"registry.terraform.io/integrations/github\"]",
      "instances": [
        {
          "schema_version": 0,
          "attributes": {
            "create_default_maintainer": false,
            "description": "ictsc organization admins",
            "etag": "W/\"5904c34b632c9c36b73599593adf97601e2bc9a277583c62ec2120aaef073f80\"",
            "id": "2008807",
            "ldap_dn": "",
            "members_count": 11,
            "name": "Admins",
            "node_id": "MDQ6VGVhbTIwMDg4MDc=",
            "parent_team_id": null,
            "privacy": "closed",
            "slug": "admins"
          },
          "sensitive_attributes": []
        }
      ]
    },
    {
      "mode": "managed",
      "type": "github_team",
      "name": "score-dev",
      "provider": "provider[\"registry.terraform.io/integrations/github\"]",
      "instances": [
        {
          "schema_version": 0,
          "attributes": {
            "create_default_maintainer": false,
            "description": "score server development team",
            "etag": "W/\"fc8b42c79a8cb1435c7b215d70cc758c61d73b48e6e6fbf829bd9a43248239c7\"",
            "id": "2004353",
            "ldap_dn": "",
            "members_count": 1,
            "name": "score-dev",
            "node_id": "MDQ6VGVhbTIwMDQzNTM=",
            "parent_team_id": null,
            "privacy": "closed",
            "slug": "score-dev"
          },
          "sensitive_attributes": []
        }
      ]
    },
    {
      "mode": "managed",
      "type": "github_team",
      "name": "team",
      "provider": "provider[\"registry.terraform.io/integrations/github\"]",
      "instances": [
        {
          "index_key": "ictsc2018",
          "schema_version": 0,
          "attributes": {
            "create_default_maintainer": false,
            "description": "member of ictsc2018",
            "etag": "W/\"c9484da3cb6124eab487b688457ea08d7773ba5af66b56d4e742e5bcdb804c7c\"",
            "id": "2818425",
            "ldap_dn": "",
            "members_count": 22,
            "name": "ictsc2018",
            "node_id": "MDQ6VGVhbTI4MTg0MjU=",
            "parent_team_id": null,
            "privacy": "closed",
            "slug": "ictsc2018"
          },
          "sensitive_attributes": []
        },
        {
          "index_key": "ictsc2019",
          "schema_version": 0,
          "attributes": {
            "create_default_maintainer": false,
            "description": "member of ictsc2019",
            "etag": "W/\"a8384269c491c017df24afb1eaae0157fce89c7d96e7f78d8abbd6e1a69d0eb2\"",
            "id": "3300293",
            "ldap_dn": "",
            "members_count": 36,
            "name": "ictsc2019",
            "node_id": "MDQ6VGVhbTMzMDAyOTM=",
            "parent_team_id": null,
            "privacy": "closed",
            "slug": "ictsc2019"
          },
          "sensitive_attributes": []
        },
        {
          "index_key": "ictsc2020",
          "schema_version": 0,
          "attributes": {
            "create_default_maintainer": false,
            "description": "member of ictsc2020",
            "etag": "W/\"ee2a0d937bfc8f460e519365d51cab444f51ca26e9e4911dd5a8601c7325375b\"",
            "id": "3894829",
            "ldap_dn": "",
            "members_count": 25,
            "name": "ictsc2020",
            "node_id": "MDQ6VGVhbTM4OTQ4Mjk=",
            "parent_team_id": null,
            "privacy": "closed",
            "slug": "ictsc2020"
          },
          "sensitive_attributes": []
        },
        {
          "index_key": "ictsc2021",
          "schema_version": 0,
          "attributes": {
            "create_default_maintainer": false,
            "description": "member of ictsc2021",
            "etag": "W/\"aaf90a5fdb967a79600dab9e0afff40799577aaa561340244ed0384881f85de1\"",
            "id": "4811781",
            "ldap_dn": "",
            "members_count": 15,
            "name": "ictsc2021",
            "node_id": "MDQ6VGVhbTQ4MTE3ODE=",
            "parent_team_id": null,
            "privacy": "closed",
            "slug": "ictsc2021"
          },
          "sensitive_attributes": []
        },
        {
          "index_key": "ictsc2022",
          "schema_version": 0,
          "attributes": {
            "create_default_maintainer": false,
            "description": "member of ictsc2022",
            "etag": "W/\"b0f8c58d6e63eab9957238eb5aca488394dcb089ce1a6055d377a38bc9e04ec3\"",
            "id": "7097691",
            "ldap_dn": "",
            "members_count": 12,
            "name": "ictsc2022",
            "node_id": "T_kwDOAKhxTs4AbE1b",
            "parent_team_id": null,
            "privacy": "closed",
            "slug": "ictsc2022"
          },
          "sensitive_attributes": [],
          "private": "bnVsbA=="
        },
        {
          "index_key": "ictsc4",
          "schema_version": 0,
          "attributes": {
            "create_default_maintainer": false,
            "description": "member of ictsc4",
            "etag": "W/\"007319e93e365205ec2f6cc6c17aef1a73fbfcf0695eef137d7ac2aee55d1fb1\"",
            "id": "2004351",
            "ldap_dn": "",
            "members_count": 11,
            "name": "ictsc4",
            "node_id": "MDQ6VGVhbTIwMDQzNTE=",
            "parent_team_id": null,
            "privacy": "closed",
            "slug": "ictsc4"
          },
          "sensitive_attributes": []
        },
        {
          "index_key": "ictsc5",
          "schema_version": 0,
          "attributes": {
            "create_default_maintainer": false,
            "description": "member of ictsc5",
            "etag": "W/\"95f6a318a7b773849bbded7e8765ca65701d913e147deb7831b290249aeae45e\"",
            "id": "2004352",
            "ldap_dn": "",
            "members_count": 28,
            "name": "ictsc5",
            "node_id": "MDQ6VGVhbTIwMDQzNTI=",
            "parent_team_id": null,
            "privacy": "closed",
            "slug": "ictsc5"
          },
          "sensitive_attributes": []
        },
        {
          "index_key": "ictsc6",
          "schema_version": 0,
          "attributes": {
            "create_default_maintainer": false,
            "description": "member of ictsc6",
            "etag": "W/\"7e097b9985eb1625e8314ce51dd0928ae0edcc44896453acb9585506f47a2e6a\"",
            "id": "2004355",
            "ldap_dn": "",
            "members_count": 15,
            "name": "ictsc6",
            "node_id": "MDQ6VGVhbTIwMDQzNTU=",
            "parent_team_id": null,
            "privacy": "closed",
            "slug": "ictsc6"
          },
          "sensitive_attributes": []
        },
        {
          "index_key": "ictsc7",
          "schema_version": 0,
          "attributes": {
            "create_default_maintainer": false,
            "description": "member of ictsc7",
            "etag": "W/\"44f1c9a6ac815f9779d5f7eed11b931963ef46712ae4a51bb79391e093fbd18d\"",
            "id": "2178374",
            "ldap_dn": "",
            "members_count": 17,
            "name": "ictsc7",
            "node_id": "MDQ6VGVhbTIxNzgzNzQ=",
            "parent_team_id": null,
            "privacy": "closed",
            "slug": "ictsc7"
          },
          "sensitive_attributes": []
        },
        {
          "index_key": "ictsc8",
          "schema_version": 0,
          "attributes": {
            "create_default_maintainer": false,
            "description": "member of ictsc8",
            "etag": "W/\"7521822ec6643243d2c8d973eff9cb0fe6989c37ff26d7ffd9fdc4c213ddf2ce\"",
            "id": "2341229",
            "ldap_dn": "",
            "members_count": 20,
            "name": "ictsc8",
            "node_id": "MDQ6VGVhbTIzNDEyMjk=",
            "parent_team_id": null,
            "privacy": "closed",
            "slug": "ictsc8"
          },
          "sensitive_attributes": []
        },
        {
          "index_key": "ictsc9",
          "schema_version": 0,
          "attributes": {
            "create_default_maintainer": false,
            "description": "member of ictsc9",
            "etag": "W/\"3190c06f42174fa848b400dbbaee051b56776605277524d98c1b5763758dafbb\"",
            "id": "2818424",
            "ldap_dn": "",
            "members_count": 20,
            "name": "ictsc9",
            "node_id": "MDQ6VGVhbTI4MTg0MjQ=",
            "parent_team_id": null,
            "privacy": "closed",
            "slug": "ictsc9"
          },
          "sensitive_attributes": []
        }
      ]
    },
    {
      "mode": "managed",
      "type": "github_team_members",
      "name": "team_member",
      "provider": "provider[\"registry.terraform.io/integrations/github\"]",
      "instances": [
        {
          "index_key": "ictsc2018",
          "schema_version": 0,
          "attributes": {
            "etag": "21976ead5104a00a8663d087b8a27232",
            "id": "2818425",
            "members": [
              {
                "role": "maintainer",
                "username": "h-otter"
              },
              {
                "role": "maintainer",
                "username": "onokatio"
              },
              {
                "role": "maintainer",
                "username": "proelbtn"
              },
              {
                "role": "maintainer",
                "username": "sharknasuhorse"
              },
              {
                "role": "maintainer",
                "username": "takehaya"
              },
              {
                "role": "maintainer",
                "username": "uplus"
              },
              {
                "role": "maintainer",
                "username": "whywaita"
              },
              {
                "role": "maintainer",
                "username": "yukamoja"
              },
              {
                "role": "member",
                "username": "Kurorororo"
              },
              {
                "role": "member",
                "username": "NozomiSugiyama"
              },
              {
                "role": "member",
                "username": "ShotaKitazawa"
              },
              {
                "role": "member",
                "username": "acque2two"
              },
              {
                "role": "member",
                "username": "bosan120"
              },
              {
                "role": "member",
                "username": "gurapomu"
              },
              {
                "role": "member",
                "username": "ha-kun0711"
              },
              {
                "role": "member",
                "username": "icchy"
              },
              {
                "role": "member",
                "username": "kyontan"
              },
              {
                "role": "member",
                "username": "orin24"
              },
              {
                "role": "member",
                "username": "palloc"
              },
              {
                "role": "member",
                "username": "potyama"
              },
              {
                "role": "member",
                "username": "yatuhashi"
              }
            ],
            "team_id": "2818425"
          },
          "sensitive_attributes": [],
          "private": "bnVsbA==",
          "dependencies": [
            "github_team.team"
          ]
        },
        {
          "index_key": "ictsc2019",
          "schema_version": 0,
          "attributes": {
            "etag": "757e05bf9a2b1dee3c6feae113bc2877",
            "id": "3300293",
            "members": [
              {
                "role": "maintainer",
                "username": "h-otter"
              },
              {
                "role": "maintainer",
                "username": "onokatio"
              },
              {
                "role": "maintainer",
                "username": "proelbtn"
              },
              {
                "role": "maintainer",
                "username": "sharknasuhorse"
              },
              {
                "role": "maintainer",
                "username": "takehaya"
              },
              {
                "role": "maintainer",
                "username": "uplus"
              },
              {
                "role": "maintainer",
                "username": "yukamoja"
              },
              {
                "role": "member",
                "username": "Iwancof"
              },
              {
                "role": "member",
                "username": "Kurorororo"
              },
              {
                "role": "member",
                "username": "SallyAcolyte"
              },
              {
                "role": "member",
                "username": "SilEighty-ym"
              },
              {
                "role": "member",
                "username": "TenkiGit"
              },
              {
                "role": "member",
                "username": "Terfno"
              },
              {
                "role": "member",
                "username": "arupakan125"
              },
              {
                "role": "member",
                "username": "beggarl"
              },
              {
                "role": "member",
                "username": "chouett0"
              },
              {
                "role": "member",
                "username": "ecodrive-18"
              },
              {
                "role": "member",
                "username": "gurapomu"
              },
              {
                "role": "member",
                "username": "hibiki31"
              },
              {
                "role": "member",
                "username": "icchy"
              },
              {
                "role": "member",
                "username": "kapibara824"
              },
              {
                "role": "member",
                "username": "koara7"
              },
              {
                "role": "member",
                "username": "mbook-x86"
              },
              {
                "role": "member",
                "username": "naoki912"
              },
              {
                "role": "member",
                "username": "ophum"
              },
              {
                "role": "member",
                "username": "potyama"
              },
              {
                "role": "member",
                "username": "recuraki"
              },
              {
                "role": "member",
                "username": "rlia"
              },
              {
                "role": "member",
                "username": "siberiy4"
              },
              {
                "role": "member",
                "username": "site0801"
              },
              {
                "role": "member",
                "username": "syuli"
              },
              {
                "role": "member",
                "username": "tom--bo"
              },
              {
                "role": "member",
                "username": "yoneyan"
              },
              {
                "role": "member",
                "username": "yu-tanaka00"
              }
            ],
            "team_id": "3300293"
          },
          "sensitive_attributes": [],
          "private": "bnVsbA==",
          "dependencies": [
            "github_team.team"
          ]
        },
        {
          "index_key": "ictsc2020",
          "schema_version": 0,
          "attributes": {
            "etag": "ae94a56cbe6032514f57cdd57d469bf6",
            "id": "3894829",
            "members": [
              {
                "role": "maintainer",
                "username": "onokatio"
              },
              {
                "role": "maintainer",
                "username": "proelbtn"
              },
              {
                "role": "maintainer",
                "username": "takehaya"
              },
              {
                "role": "maintainer",
                "username": "uplus"
              },
              {
                "role": "maintainer",
                "username": "x86taka"
              },
              {
                "role": "maintainer",
                "username": "yukamoja"
              },
              {
                "role": "member",
                "username": "Hicky1025"
              },
              {
                "role": "member",
                "username": "TenkiGit"
              },
              {
                "role": "member",
                "username": "Terfno"
              },
              {
                "role": "member",
                "username": "arupakan125"
              },
              {
                "role": "member",
                "username": "hibiki31"
              },
              {
                "role": "member",
                "username": "kapibara824"
              },
              {
                "role": "member",
                "username": "nakasyo2650"
              },
              {
                "role": "member",
                "username": "naoki2001"
              },
              {
                "role": "member",
                "username": "ophum"
              },
              {
                "role": "member",
                "username": "potyama"
              },
              {
                "role": "member",
                "username": "rlia"
              },
              {
                "role": "member",
                "username": "siberiy4"
              },
              {
                "role": "member",
                "username": "site0801"
              },
              {
                "role": "member",
                "username": "tanishi001"
              },
              {
                "role": "member",
                "username": "yoneyan"
              },
              {
                "role": "member",
                "username": "zeroalphat"
              }
            ],
            "team_id": "3894829"
          },
          "sensitive_attributes": [],
          "private": "bnVsbA==",
          "dependencies": [
            "github_team.team"
          ]
        },
        {
          "index_key": "ictsc2021",
          "schema_version": 0,
          "attributes": {
            "etag": "667871b4c21676d434bc4e383768793e",
            "id": "4811781",
            "members": [
              {
                "role": "maintainer",
                "username": "Explosive6363"
              },
              {
                "role": "maintainer",
                "username": "onokatio"
              },
              {
                "role": "maintainer",
                "username": "proelbtn"
              },
              {
                "role": "maintainer",
                "username": "x86taka"
              },
              {
                "role": "member",
                "username": "Hicky1025"
              },
              {
                "role": "member",
                "username": "K-shir0"
              },
              {
                "role": "member",
                "username": "Terfno"
              },
              {
                "role": "member",
                "username": "arupakan125"
              },
              {
                "role": "member",
                "username": "chaya2z"
              },
              {
                "role": "member",
                "username": "kapibara824"
              },
              {
                "role": "member",
                "username": "ophum"
              },
              {
                "role": "member",
                "username": "siberiy4"
              },
              {
                "role": "member",
                "username": "site0801"
              },
              {
                "role": "member",
                "username": "tomatoaas"
              },
              {
                "role": "member",
                "username": "yoneyan"
              }
            ],
            "team_id": "4811781"
          },
          "sensitive_attributes": [],
          "private": "bnVsbA==",
          "dependencies": [
            "github_team.team"
          ]
        },
        {
          "index_key": "ictsc2022",
          "schema_version": 0,
          "attributes": {
            "etag": "661fbd03ce9c06d1cf4df12f57588cbd",
            "id": "7097691",
            "members": [
              {
                "role": "maintainer",
                "username": "Explosive6363"
              },
              {
                "role": "maintainer",
                "username": "onokatio"
              },
              {
                "role": "maintainer",
                "username": "x86taka"
              },
              {
                "role": "member",
                "username": "Crow314"
              },
              {
                "role": "member",
                "username": "Hicky1025"
              },
              {
                "role": "member",
                "username": "K-shir0"
              },
              {
                "role": "member",
                "username": "Nishinoyama"
              },
              {
                "role": "member",
                "username": "chaya2z"
              },
              {
                "role": "member",
                "username": "logica0419"
              },
              {
                "role": "member",
                "username": "siberiy4"
              },
              {
                "role": "member",
                "username": "site0801"
              },
              {
                "role": "member",
                "username": "syuuya-nakatomi"
              }
            ],
            "team_id": "7097691"
          },
          "sensitive_attributes": [],
          "private": "bnVsbA==",
          "dependencies": [
            "github_team.team"
          ]
        },
        {
          "index_key": "ictsc4",
          "schema_version": 0,
          "attributes": {
            "etag": "c491399dd58bf76e98f54b55df1998ec",
            "id": "2004351",
            "members": [
              {
                "role": "maintainer",
                "username": "ibucho"
              },
              {
                "role": "maintainer",
                "username": "kurochan"
              },
              {
                "role": "maintainer",
                "username": "netmarkjp"
              },
              {
                "role": "maintainer",
                "username": "whywaita"
              },
              {
                "role": "member",
                "username": "chisaton1"
              },
              {
                "role": "member",
                "username": "kayo-tozaki"
              },
              {
                "role": "member",
                "username": "keisukearakawa"
              },
              {
                "role": "member",
                "username": "mbook-x86"
              },
              {
                "role": "member",
                "username": "staybuzz"
              },
              {
                "role": "member",
                "username": "suzutan"
              },
              {
                "role": "member",
                "username": "yatuhashi"
              },
              {
                "role": "member",
                "username": "yo-taro"
              }
            ],
            "team_id": "2004351"
          },
          "sensitive_attributes": [],
          "private": "bnVsbA==",
          "dependencies": [
            "github_team.team"
          ]
        },
        {
          "index_key": "ictsc5",
          "schema_version": 0,
          "attributes": {
            "etag": "e8046d3df773456d48d34c2db7626955",
            "id": "2004352",
            "members": [
              {
                "role": "maintainer",
                "username": "ibucho"
              },
              {
                "role": "maintainer",
                "username": "kurochan"
              },
              {
                "role": "maintainer",
                "username": "netmarkjp"
              },
              {
                "role": "maintainer",
                "username": "whywaita"
              },
              {
                "role": "member",
                "username": "aoi96"
              },
              {
                "role": "member",
                "username": "asdfec"
              },
              {
                "role": "member",
                "username": "chamaharun"
              },
              {
                "role": "member",
                "username": "chibiegg"
              },
              {
                "role": "member",
                "username": "guragusan"
              },
              {
                "role": "member",
                "username": "icchy"
              },
              {
                "role": "member",
                "username": "kadokusei"
              },
              {
                "role": "member",
                "username": "kayo-tozaki"
              },
              {
                "role": "member",
                "username": "keisukearakawa"
              },
              {
                "role": "member",
                "username": "kyoko0514"
              },
              {
                "role": "member",
                "username": "mbook-x86"
              },
              {
                "role": "member",
                "username": "miyao11"
              },
              {
                "role": "member",
                "username": "mk0913mnck"
              },
              {
                "role": "member",
                "username": "notchi590"
              },
              {
                "role": "member",
                "username": "palloc"
              },
              {
                "role": "member",
                "username": "sora34"
              },
              {
                "role": "member",
                "username": "staybuzz"
              },
              {
                "role": "member",
                "username": "sugiki-accelia"
              },
              {
                "role": "member",
                "username": "sukekawa-accelia"
              },
              {
                "role": "member",
                "username": "suzutan"
              },
              {
                "role": "member",
                "username": "takes3"
              },
              {
                "role": "member",
                "username": "y-monma"
              },
              {
                "role": "member",
                "username": "yatuhashi"
              },
              {
                "role": "member",
                "username": "yo-taro"
              }
            ],
            "team_id": "2004352"
          },
          "sensitive_attributes": [],
          "private": "bnVsbA==",
          "dependencies": [
            "github_team.team"
          ]
        },
        {
          "index_key": "ictsc6",
          "schema_version": 0,
          "attributes": {
            "etag": "89e10425c1871661da6718ec261c6171",
            "id": "2004355",
            "members": [
              {
                "role": "maintainer",
                "username": "h-otter"
              },
              {
                "role": "maintainer",
                "username": "ibucho"
              },
              {
                "role": "maintainer",
                "username": "kurochan"
              },
              {
                "role": "maintainer",
                "username": "netmarkjp"
              },
              {
                "role": "maintainer",
                "username": "tar-xzvff"
              },
              {
                "role": "member",
                "username": "a-r-g-v"
              },
              {
                "role": "member",
                "username": "aoi96"
              },
              {
                "role": "member",
                "username": "asarijiru"
              },
              {
                "role": "member",
                "username": "asdfec"
              },
              {
                "role": "member",
                "username": "chalkygames123"
              },
              {
                "role": "member",
                "username": "guragusan"
              },
              {
                "role": "member",
                "username": "int-tt"
              },
              {
                "role": "member",
                "username": "kamijin-fanta"
              },
              {
                "role": "member",
                "username": "kyoko0514"
              },
              {
                "role": "member",
                "username": "kyontan"
              },
              {
                "role": "member",
                "username": "miyao11"
              },
              {
                "role": "member",
                "username": "notchi590"
              },
              {
                "role": "member",
                "username": "palloc"
              },
              {
                "role": "member",
                "username": "suzutan"
              },
              {
                "role": "member",
                "username": "y-monma"
              },
              {
                "role": "member",
                "username": "yo-taro"
              },
              {
                "role": "member",
                "username": "yuukinetwork"
              }
            ],
            "team_id": "2004355"
          },
          "sensitive_attributes": [],
          "private": "bnVsbA==",
          "dependencies": [
            "github_team.team"
          ]
        },
        {
          "index_key": "ictsc7",
          "schema_version": 0,
          "attributes": {
            "etag": "f90201c7d10e9da108219df5d0fe7088",
            "id": "2178374",
            "members": [
              {
                "role": "maintainer",
                "username": "h-otter"
              },
              {
                "role": "member",
                "username": "Katsuya414"
              },
              {
                "role": "member",
                "username": "Kurorororo"
              },
              {
                "role": "member",
                "username": "alias-aria"
              },
              {
                "role": "member",
                "username": "bosan120"
              },
              {
                "role": "member",
                "username": "ecodrive-18"
              },
              {
                "role": "member",
                "username": "guragusan"
              },
              {
                "role": "member",
                "username": "inuyosi"
              },
              {
                "role": "member",
                "username": "kadokusei"
              },
              {
                "role": "member",
                "username": "kyontan"
              },
              {
                "role": "member",
                "username": "mbook-x86"
              },
              {
                "role": "member",
                "username": "naoki912"
              },
              {
                "role": "member",
                "username": "oomorio"
              },
              {
                "role": "member",
                "username": "palloc"
              },
              {
                "role": "member",
                "username": "suzutan"
              },
              {
                "role": "member",
                "username": "yaminoma"
              },
              {
                "role": "member",
                "username": "yatuhashi"
              },
              {
                "role": "member",
                "username": "yuukinetwork"
              }
            ],
            "team_id": "2178374"
          },
          "sensitive_attributes": [],
          "private": "bnVsbA==",
          "dependencies": [
            "github_team.team"
          ]
        },
        {
          "index_key": "ictsc8",
          "schema_version": 0,
          "attributes": {
            "etag": "b5af940e81b3c20e3425c0fcc9c3c0b2",
            "id": "2341229",
            "members": [
              {
                "role": "maintainer",
                "username": "h-otter"
              },
              {
                "role": "maintainer",
                "username": "whywaita"
              },
              {
                "role": "member",
                "username": "Azusa72"
              },
              {
                "role": "member",
                "username": "Katsuya414"
              },
              {
                "role": "member",
                "username": "Kurorororo"
              },
              {
                "role": "member",
                "username": "alias-aria"
              },
              {
                "role": "member",
                "username": "aoi96"
              },
              {
                "role": "member",
                "username": "bosan120"
              },
              {
                "role": "member",
                "username": "chisaton1"
              },
              {
                "role": "member",
                "username": "ecodrive-18"
              },
              {
                "role": "member",
                "username": "icchy"
              },
              {
                "role": "member",
                "username": "inuyosi"
              },
              {
                "role": "member",
                "username": "keyakko"
              },
              {
                "role": "member",
                "username": "kyontan"
              },
              {
                "role": "member",
                "username": "mbook-x86"
              },
              {
                "role": "member",
                "username": "naoki912"
              },
              {
                "role": "member",
                "username": "oomorio"
              },
              {
                "role": "member",
                "username": "palloc"
              },
              {
                "role": "member",
                "username": "staybuzz"
              },
              {
                "role": "member",
                "username": "yatuhashi"
              }
            ],
            "team_id": "2341229"
          },
          "sensitive_attributes": [],
          "private": "bnVsbA==",
          "dependencies": [
            "github_team.team"
          ]
        },
        {
          "index_key": "ictsc9",
          "schema_version": 0,
          "attributes": {
            "etag": "e5bb2f51f0749732bcd4ffa926ad2fa9",
            "id": "2818424",
            "members": [
              {
                "role": "maintainer",
                "username": "h-otter"
              },
              {
                "role": "maintainer",
                "username": "sharknasuhorse"
              },
              {
                "role": "maintainer",
                "username": "uplus"
              },
              {
                "role": "maintainer",
                "username": "whywaita"
              },
              {
                "role": "maintainer",
                "username": "yukamoja"
              },
              {
                "role": "member",
                "username": "Kurorororo"
              },
              {
                "role": "member",
                "username": "SakurazakaShin"
              },
              {
                "role": "member",
                "username": "acque2two"
              },
              {
                "role": "member",
                "username": "chisaton1"
              },
              {
                "role": "member",
                "username": "ecodrive-18"
              },
              {
                "role": "member",
                "username": "gurapomu"
              },
              {
                "role": "member",
                "username": "ha-kun0711"
              },
              {
                "role": "member",
                "username": "icchy"
              },
              {
                "role": "member",
                "username": "mbook-x86"
              },
              {
                "role": "member",
                "username": "naoki912"
              },
              {
                "role": "member",
                "username": "nomeaning777"
              },
              {
                "role": "member",
                "username": "palloc"
              },
              {
                "role": "member",
                "username": "tsuttsu305"
              },
              {
                "role": "member",
                "username": "yatuhashi"
              }
            ],
            "team_id": "2818424"
          },
          "sensitive_attributes": [],
          "private": "bnVsbA==",
          "dependencies": [
            "github_team.team"
          ]
        }
      ]
    },
    {
      "mode": "managed",
      "type": "github_team_membership",
      "name": "admin-h-otter",
      "provider": "provider[\"registry.terraform.io/integrations/github\"]",
      "instances": [
        {
          "schema_version": 0,
          "attributes": {
            "etag": "W/\"44db108c4d1ff3009c76b502971ac45fac14570fe49253700113edba2e113f02\"",
            "id": "2008807:h-otter",
            "role": "maintainer",
            "team_id": "2008807",
            "username": "h-otter"
          },
          "sensitive_attributes": [],
          "private": "bnVsbA==",
          "dependencies": [
            "github_membership.h-otter",
            "github_team.admin"
          ]
        }
      ]
    },
    {
      "mode": "managed",
      "type": "github_team_membership",
      "name": "admin-onokatio",
      "provider": "provider[\"registry.terraform.io/integrations/github\"]",
      "instances": [
        {
          "schema_version": 0,
          "attributes": {
            "etag": "W/\"78ab7f42075ef24a738299b769c509153ee08bf9c138fdb982b530974753eb38\"",
            "id": "2008807:onokatio",
            "role": "maintainer",
            "team_id": "2008807",
            "username": "onokatio"
          },
          "sensitive_attributes": [],
          "private": "bnVsbA==",
          "dependencies": [
            "github_membership.onokatio",
            "github_team.admin"
          ]
        }
      ]
    },
    {
      "mode": "managed",
      "type": "github_team_membership",
      "name": "admin-proelbtn",
      "provider": "provider[\"registry.terraform.io/integrations/github\"]",
      "instances": [
        {
          "schema_version": 0,
          "attributes": {
            "etag": "W/\"92659f46d1f40f126e48d95854df9aabdccb4f859e349ef9b2217a809e667bbb\"",
            "id": "2008807:proelbtn",
            "role": "maintainer",
            "team_id": "2008807",
            "username": "proelbtn"
          },
          "sensitive_attributes": [],
          "private": "bnVsbA==",
          "dependencies": [
            "github_membership.proelbtn",
            "github_team.admin"
          ]
        }
      ]
    },
    {
      "mode": "managed",
      "type": "github_team_membership",
      "name": "admin-sharknasuhorse",
      "provider": "provider[\"registry.terraform.io/integrations/github\"]",
      "instances": [
        {
          "schema_version": 0,
          "attributes": {
            "etag": "W/\"5226b92be85953fa661220d577cbb8bea33752f01db3a1870e0781e7572631cb\"",
            "id": "2008807:sharknasuhorse",
            "role": "maintainer",
            "team_id": "2008807",
            "username": "sharknasuhorse"
          },
          "sensitive_attributes": [],
          "private": "bnVsbA==",
          "dependencies": [
            "github_membership.sharknasuhorse",
            "github_team.admin"
          ]
        }
      ]
    },
    {
      "mode": "managed",
      "type": "github_team_membership",
      "name": "admin-takemhaya",
      "provider": "provider[\"registry.terraform.io/integrations/github\"]",
      "instances": [
        {
          "schema_version": 0,
          "attributes": {
            "etag": "W/\"3af4a5ac4e643cbafefa765f9bfe2147f5915fbaf035f3612de06f3b27179f2e\"",
            "id": "2008807:takehaya",
            "role": "maintainer",
            "team_id": "2008807",
            "username": "takehaya"
          },
          "sensitive_attributes": [],
          "private": "bnVsbA==",
          "dependencies": [
            "github_membership.takehaya",
            "github_team.admin"
          ]
        }
      ]
    },
    {
      "mode": "managed",
      "type": "github_team_membership",
      "name": "admin-tar-xzvff",
      "provider": "provider[\"registry.terraform.io/integrations/github\"]",
      "instances": [
        {
          "schema_version": 0,
          "attributes": {
            "etag": "W/\"d2d37f82eb3182b28dd20f825338b2c9e95882faf19e31ca1f6b7f5631fe74f5\"",
            "id": "2008807:tar-xzvff",
            "role": "maintainer",
            "team_id": "2008807",
            "username": "tar-xzvff"
          },
          "sensitive_attributes": [],
          "private": "bnVsbA==",
          "dependencies": [
            "github_membership.tar-xzvff",
            "github_team.admin"
          ]
        }
      ]
    },
    {
      "mode": "managed",
      "type": "github_team_membership",
      "name": "admin-uplus",
      "provider": "provider[\"registry.terraform.io/integrations/github\"]",
      "instances": [
        {
          "schema_version": 0,
          "attributes": {
            "etag": "W/\"a90bf65d759212674e98a64e2c17f1171aa11d192e16f43f2039d9a17b73c976\"",
            "id": "2008807:uplus",
            "role": "maintainer",
            "team_id": "2008807",
            "username": "uplus"
          },
          "sensitive_attributes": [],
          "private": "bnVsbA==",
          "dependencies": [
            "github_membership.uplus",
            "github_team.admin"
          ]
        }
      ]
    },
    {
      "mode": "managed",
      "type": "github_team_membership",
      "name": "admin-whywaita",
      "provider": "provider[\"registry.terraform.io/integrations/github\"]",
      "instances": [
        {
          "schema_version": 0,
          "attributes": {
            "etag": "W/\"993755d8412ee447cdbe9027800c5ad7342f319bd1c0dca9bec00db031fa8f3d\"",
            "id": "2008807:whywaita",
            "role": "maintainer",
            "team_id": "2008807",
            "username": "whywaita"
          },
          "sensitive_attributes": [],
          "private": "bnVsbA==",
          "dependencies": [
            "github_membership.whywaita",
            "github_team.admin"
          ]
        }
      ]
    },
    {
      "mode": "managed",
      "type": "github_team_membership",
      "name": "admin-x86taka",
      "provider": "provider[\"registry.terraform.io/integrations/github\"]",
      "instances": [
        {
          "schema_version": 0,
          "attributes": {
            "etag": "W/\"89feaa43752f913c5335537b7504d13646eaa3732b725d9636072beef8eac7e7\"",
            "id": "2008807:x86taka",
            "role": "maintainer",
            "team_id": "2008807",
            "username": "x86taka"
          },
          "sensitive_attributes": [],
          "private": "bnVsbA==",
          "dependencies": [
            "github_membership.x86taka",
            "github_team.admin"
          ]
        }
      ]
    },
    {
      "mode": "managed",
      "type": "github_team_membership",
      "name": "admin-yukamoja",
      "provider": "provider[\"registry.terraform.io/integrations/github\"]",
      "instances": [
        {
          "schema_version": 0,
          "attributes": {
            "etag": "W/\"fd1198fa7f37d0ff32ca0ab670573531de231142b5623955129a58a37b14d772\"",
            "id": "2008807:yukamoja",
            "role": "maintainer",
            "team_id": "2008807",
            "username": "yukamoja"
          },
          "sensitive_attributes": [],
          "private": "bnVsbA==",
          "dependencies": [
            "github_membership.yukamoja",
            "github_team.admin"
          ]
        }
      ]
    },
    {
      "mode": "managed",
      "type": "github_team_membership",
      "name": "score-dev-uplus",
      "provider": "provider[\"registry.terraform.io/integrations/github\"]",
      "instances": [
        {
          "schema_version": 0,
          "attributes": {
            "etag": "W/\"615191ff89065729b9f964b7905852981e236dbe45492a2ec6acfac9bd3f4645\"",
            "id": "2004353:uplus",
            "role": "maintainer",
            "team_id": "2004353",
            "username": "uplus"
          },
          "sensitive_attributes": [],
          "dependencies": [
            "github_membership.uplus",
            "github_team.score-dev"
          ]
        }
      ]
    },
    {
      "mode": "managed",
      "type": "github_team_repository",
      "name": "score-dev-ictsc-score-server",
      "provider": "provider[\"registry.terraform.io/integrations/github\"]",
      "instances": [
        {
          "schema_version": 0,
          "attributes": {
            "etag": "W/\"e12dc775687ef0b3c49f12c100ee28316d6ce38c7559ad0f2e6d56a785bea120\"",
            "id": "2004353:ictsc-score-server",
            "permission": "admin",
            "repository": "ictsc-score-server",
            "team_id": "2004353"
          },
          "sensitive_attributes": [],
          "dependencies": [
            "github_team.score-dev"
          ]
        }
      ]
    }
  ],
  "check_results": null
}
