{
  "version": 4,
  "terraform_version": "1.3.6",
  "serial": 266,
  "lineage": "842a2913-e436-4381-8e72-045e740c9c1f",
  "outputs": {},
  "resources": [
    {
      "mode": "managed",
      "type": "github_membership",
      "name": "Azusa72",
      "provider": "provider[\"registry.terraform.io/integrations/github\"]",
      "instances": [
        {
          "schema_version": 0,
          "attributes": {
            "etag": "W/\"b59d72e52e1dd95e3cf9d6aa356142367aa307b4fdf5c4a50c9e940897609f94\"",
            "id": "ictsc:Azusa72",
            "role": "member",
            "username": "Azusa72"
          },
          "sensitive_attributes": []
        }
      ]
    },
    {
      "mode": "managed",
      "type": "github_membership",
      "name": "Crow314",
      "provider": "provider[\"registry.terraform.io/integrations/github\"]",
      "instances": [
        {
          "schema_version": 0,
          "attributes": {
            "etag": "W/\"62206eb27da3a5526aac2f162b1f57f034c4dcca8d8160cc16a14737b9971180\"",
            "id": "ictsc:Crow314",
            "role": "member",
            "username": "Crow314"
          },
          "sensitive_attributes": [],
          "private": "bnVsbA=="
        }
      ]
    },
    {
      "mode": "managed",
      "type": "github_membership",
      "name": "Explosive6363",
      "provider": "provider[\"registry.terraform.io/integrations/github\"]",
      "instances": [
        {
          "schema_version": 0,
          "attributes": {
            "etag": "W/\"18a6e328cc7b9542739e6eedb53378cf8c5009822961f6e1f67c021727a76c0b\"",
            "id": "ictsc:Explosive6363",
            "role": "admin",
            "username": "Explosive6363"
          },
          "sensitive_attributes": []
        }
      ]
    },
    {
      "mode": "managed",
      "type": "github_membership",
      "name": "Hicky1025",
      "provider": "provider[\"registry.terraform.io/integrations/github\"]",
      "instances": [
        {
          "schema_version": 0,
          "attributes": {
            "etag": "W/\"10e9db0b8101ad4ff1756c4c01cf2f466152cda7ca176cd84476fac4b8d10d39\"",
            "id": "ictsc:Hicky1025",
            "role": "member",
            "username": "Hicky1025"
          },
          "sensitive_attributes": []
        }
      ]
    },
    {
      "mode": "managed",
      "type": "github_membership",
      "name": "Iwancof",
      "provider": "provider[\"registry.terraform.io/integrations/github\"]",
      "instances": [
        {
          "schema_version": 0,
          "attributes": {
            "etag": "W/\"cedec494c49a5a23d459aa60aba99ec2d0f0bb730469014d1d5f188ac4142801\"",
            "id": "ictsc:Iwancof",
            "role": "member",
            "username": "Iwancof"
          },
          "sensitive_attributes": []
        }
      ]
    },
    {
      "mode": "managed",
      "type": "github_membership",
      "name": "K-shir0",
      "provider": "provider[\"registry.terraform.io/integrations/github\"]",
      "instances": [
        {
          "schema_version": 0,
          "attributes": {
            "etag": "W/\"d9e6956c45aaed13635dd8d5e5a716b9112ee13e56d51fe42d1b4bc00f9139d9\"",
            "id": "ictsc:K-shir0",
            "role": "member",
            "username": "K-shir0"
          },
          "sensitive_attributes": []
        }
      ]
    },
    {
      "mode": "managed",
      "type": "github_membership",
      "name": "Katsuya414",
      "provider": "provider[\"registry.terraform.io/integrations/github\"]",
      "instances": [
        {
          "schema_version": 0,
          "attributes": {
            "etag": "W/\"f717a910f9d9778ae78e17c9954c07af91ada29e7eea8b2b7d143d79b6e1722d\"",
            "id": "ictsc:Katsuya414",
            "role": "member",
            "username": "Katsuya414"
          },
          "sensitive_attributes": []
        }
      ]
    },
    {
      "mode": "managed",
      "type": "github_membership",
      "name": "Kurorororo",
      "provider": "provider[\"registry.terraform.io/integrations/github\"]",
      "instances": [
        {
          "schema_version": 0,
          "attributes": {
            "etag": "W/\"6f4dd4e4d1ff852143f273dfae3d9739ad813b6f3bfbc2bbbe73de5bddf5b17d\"",
            "id": "ictsc:Kurorororo",
            "role": "member",
            "username": "Kurorororo"
          },
          "sensitive_attributes": []
        }
      ]
    },
    {
      "mode": "managed",
      "type": "github_membership",
      "name": "Nishinoyama",
      "provider": "provider[\"registry.terraform.io/integrations/github\"]",
      "instances": [
        {
          "schema_version": 0,
          "attributes": {
            "etag": "W/\"004c26440ab2419577e3e3b0201ce60d7e3016bd6a98e8c5e62d34c80110972d\"",
            "id": "ictsc:Nishinoyama",
            "role": "member",
            "username": "Nishinoyama"
          },
          "sensitive_attributes": [],
          "private": "bnVsbA=="
        }
      ]
    },
    {
      "mode": "managed",
      "type": "github_membership",
      "name": "NozomiSugiyama",
      "provider": "provider[\"registry.terraform.io/integrations/github\"]",
      "instances": [
        {
          "schema_version": 0,
          "attributes": {
            "etag": "W/\"22ebf8029c4ed2e5eef594756569dd05876b1af7ea52e0a1226ac0d7599b511e\"",
            "id": "ictsc:NozomiSugiyama",
            "role": "member",
            "username": "NozomiSugiyama"
          },
          "sensitive_attributes": []
        }
      ]
    },
    {
      "mode": "managed",
      "type": "github_membership",
      "name": "SakurazakaShin",
      "provider": "provider[\"registry.terraform.io/integrations/github\"]",
      "instances": [
        {
          "schema_version": 0,
          "attributes": {
            "etag": "W/\"7a8551f63ce1b631ce3c554829a0552ef48ccc68ff3dce1ab240409065d1c5ad\"",
            "id": "ictsc:SakurazakaShin",
            "role": "member",
            "username": "SakurazakaShin"
          },
          "sensitive_attributes": []
        }
      ]
    },
    {
      "mode": "managed",
      "type": "github_membership",
      "name": "SallyAcolyte",
      "provider": "provider[\"registry.terraform.io/integrations/github\"]",
      "instances": [
        {
          "schema_version": 0,
          "attributes": {
            "etag": "W/\"0f85a1aa41abe2d1b6e1fc8c34e30a6cc1a730bfd17dc5efebc6ebfdbfdcf559\"",
            "id": "ictsc:SallyAcolyte",
            "role": "member",
            "username": "SallyAcolyte"
          },
          "sensitive_attributes": []
        }
      ]
    },
    {
      "mode": "managed",
      "type": "github_membership",
      "name": "ShotaKitazawa",
      "provider": "provider[\"registry.terraform.io/integrations/github\"]",
      "instances": [
        {
          "schema_version": 0,
          "attributes": {
            "etag": "W/\"c8f73101c1e12856803f08a029796016479d2e44d0d43998addbd633095c8db3\"",
            "id": "ictsc:ShotaKitazawa",
            "role": "member",
            "username": "ShotaKitazawa"
          },
          "sensitive_attributes": []
        }
      ]
    },
    {
      "mode": "managed",
      "type": "github_membership",
      "name": "SilEighty-ym",
      "provider": "provider[\"registry.terraform.io/integrations/github\"]",
      "instances": [
        {
          "schema_version": 0,
          "attributes": {
            "etag": "W/\"3918f584a41ab98cf2f7b5971f26d4b25ad327c714ef66b0bca2731278d52955\"",
            "id": "ictsc:SilEighty-ym",
            "role": "member",
            "username": "SilEighty-ym"
          },
          "sensitive_attributes": []
        }
      ]
    },
    {
      "mode": "managed",
      "type": "github_membership",
      "name": "TenkiGit",
      "provider": "provider[\"registry.terraform.io/integrations/github\"]",
      "instances": [
        {
          "schema_version": 0,
          "attributes": {
            "etag": "W/\"35450c9e8c504761c8cdc5b9df616afb7ec2373079db4cd448dfc8a6f521bf73\"",
            "id": "ictsc:TenkiGit",
            "role": "member",
            "username": "TenkiGit"
          },
          "sensitive_attributes": []
        }
      ]
    },
    {
      "mode": "managed",
      "type": "github_membership",
      "name": "Terfno",
      "provider": "provider[\"registry.terraform.io/integrations/github\"]",
      "instances": [
        {
          "schema_version": 0,
          "attributes": {
            "etag": "W/\"e303e693fc39697d2e94de851cff2f32dfbe8c10898de098e39779c0fbbe60bd\"",
            "id": "ictsc:Terfno",
            "role": "member",
            "username": "Terfno"
          },
          "sensitive_attributes": []
        }
      ]
    },
    {
      "mode": "managed",
      "type": "github_membership",
      "name": "a-r-g-v",
      "provider": "provider[\"registry.terraform.io/integrations/github\"]",
      "instances": [
        {
          "schema_version": 0,
          "attributes": {
            "etag": "W/\"45bf5cd18b7ceb18af486ca70a28a733bca8ec9189f3ce50e3da34da7823ef57\"",
            "id": "ictsc:a-r-g-v",
            "role": "member",
            "username": "a-r-g-v"
          },
          "sensitive_attributes": []
        }
      ]
    },
    {
      "mode": "managed",
      "type": "github_membership",
      "name": "acque2two",
      "provider": "provider[\"registry.terraform.io/integrations/github\"]",
      "instances": [
        {
          "schema_version": 0,
          "attributes": {
            "etag": "W/\"21150725dc0a122731bf91cd063a5ee33a5d1344cfe405e23ad80b89f68a7152\"",
            "id": "ictsc:acque2two",
            "role": "member",
            "username": "acque2two"
          },
          "sensitive_attributes": []
        }
      ]
    },
    {
      "mode": "managed",
      "type": "github_membership",
      "name": "alias-aria",
      "provider": "provider[\"registry.terraform.io/integrations/github\"]",
      "instances": [
        {
          "schema_version": 0,
          "attributes": {
            "etag": "W/\"62a815af7a35baec0642f37869d64021bd7814bfebe0a629160f456849437ffb\"",
            "id": "ictsc:alias-aria",
            "role": "member",
            "username": "alias-aria"
          },
          "sensitive_attributes": []
        }
      ]
    },
    {
      "mode": "managed",
      "type": "github_membership",
      "name": "aoi96",
      "provider": "provider[\"registry.terraform.io/integrations/github\"]",
      "instances": [
        {
          "schema_version": 0,
          "attributes": {
            "etag": "W/\"386467e1fec7589d87951c0e7d32fec73e332c105738198ee3dc1d1581d23c48\"",
            "id": "ictsc:aoi96",
            "role": "member",
            "username": "aoi96"
          },
          "sensitive_attributes": []
        }
      ]
    },
    {
      "mode": "managed",
      "type": "github_membership",
      "name": "arupakan125",
      "provider": "provider[\"registry.terraform.io/integrations/github\"]",
      "instances": [
        {
          "schema_version": 0,
          "attributes": {
            "etag": "W/\"50182c7ceb302716dfe8528cdc714ef4fb154a507b3784459b858703283f0aed\"",
            "id": "ictsc:arupakan125",
            "role": "member",
            "username": "arupakan125"
          },
          "sensitive_attributes": []
        }
      ]
    },
    {
      "mode": "managed",
      "type": "github_membership",
      "name": "asarijiru",
      "provider": "provider[\"registry.terraform.io/integrations/github\"]",
      "instances": [
        {
          "schema_version": 0,
          "attributes": {
            "etag": "W/\"0777ddcc6c0cdba1866e9b042bc781bf7f2841a523fbd2c84e5b38cdcf1e5f28\"",
            "id": "ictsc:asarijiru",
            "role": "member",
            "username": "asarijiru"
          },
          "sensitive_attributes": []
        }
      ]
    },
    {
      "mode": "managed",
      "type": "github_membership",
      "name": "asdfec",
      "provider": "provider[\"registry.terraform.io/integrations/github\"]",
      "instances": [
        {
          "schema_version": 0,
          "attributes": {
            "etag": "W/\"255867481a65c48d9fd6e1bf0cd73c163f9ee5a284eda67fddd57c5c62954280\"",
            "id": "ictsc:asdfec",
            "role": "member",
            "username": "asdfec"
          },
          "sensitive_attributes": []
        }
      ]
    },
    {
      "mode": "managed",
      "type": "github_membership",
      "name": "beggarl",
      "provider": "provider[\"registry.terraform.io/integrations/github\"]",
      "instances": [
        {
          "schema_version": 0,
          "attributes": {
            "etag": "W/\"afa0ab6dfdf49da4bfdd51431d0254334111d3251642388d312a5e7ab4cab7d4\"",
            "id": "ictsc:beggarl",
            "role": "member",
            "username": "beggarl"
          },
          "sensitive_attributes": []
        }
      ]
    },
    {
      "mode": "managed",
      "type": "github_membership",
      "name": "bosan120",
      "provider": "provider[\"registry.terraform.io/integrations/github\"]",
      "instances": [
        {
          "schema_version": 0,
          "attributes": {
            "etag": "W/\"673ef622da2c58837d668ea6400d74cd0df51c08564d6fb710cdd0d426968adf\"",
            "id": "ictsc:bosan120",
            "role": "member",
            "username": "bosan120"
          },
          "sensitive_attributes": []
        }
      ]
    },
    {
      "mode": "managed",
      "type": "github_membership",
      "name": "chalkygames123",
      "provider": "provider[\"registry.terraform.io/integrations/github\"]",
      "instances": [
        {
          "schema_version": 0,
          "attributes": {
            "etag": "W/\"59bcf75c04ca0b27084a3849a9a92f700931d90d5c66a352e65f37ffcd3a3fee\"",
            "id": "ictsc:chalkygames123",
            "role": "member",
            "username": "chalkygames123"
          },
          "sensitive_attributes": []
        }
      ]
    },
    {
      "mode": "managed",
      "type": "github_membership",
      "name": "chamaharun",
      "provider": "provider[\"registry.terraform.io/integrations/github\"]",
      "instances": [
        {
          "schema_version": 0,
          "attributes": {
            "etag": "W/\"6761d70cf777362ac63fa93b219dd36d7a40f2ec5704b49751310c17dc76a650\"",
            "id": "ictsc:chamaharun",
            "role": "member",
            "username": "chamaharun"
          },
          "sensitive_attributes": []
        }
      ]
    },
    {
      "mode": "managed",
      "type": "github_membership",
      "name": "chaya2z",
      "provider": "provider[\"registry.terraform.io/integrations/github\"]",
      "instances": [
        {
          "schema_version": 0,
          "attributes": {
            "etag": "W/\"b8e04d3efbf7300db3f89856b1442d589a88e76de3c886964b7df760755ab71c\"",
            "id": "ictsc:chaya2z",
            "role": "member",
            "username": "chaya2z"
          },
          "sensitive_attributes": []
        }
      ]
    },
    {
      "mode": "managed",
      "type": "github_membership",
      "name": "chibiegg",
      "provider": "provider[\"registry.terraform.io/integrations/github\"]",
      "instances": [
        {
          "schema_version": 0,
          "attributes": {
            "etag": "W/\"a2ba5be8b66b4b8c2008c6581ca06ed90dbceb496ba22af4e0f9b9fa76aa7f28\"",
            "id": "ictsc:chibiegg",
            "role": "member",
            "username": "chibiegg"
          },
          "sensitive_attributes": []
        }
      ]
    },
    {
      "mode": "managed",
      "type": "github_membership",
      "name": "chisaton1",
      "provider": "provider[\"registry.terraform.io/integrations/github\"]",
      "instances": [
        {
          "schema_version": 0,
          "attributes": {
            "etag": "W/\"528f440dac8a60e7e4e710d53d24ce82a36535159cc63d72e709c12bdd22d380\"",
            "id": "ictsc:chisaton1",
            "role": "member",
            "username": "chisaton1"
          },
          "sensitive_attributes": []
        }
      ]
    },
    {
      "mode": "managed",
      "type": "github_membership",
      "name": "chouett0",
      "provider": "provider[\"registry.terraform.io/integrations/github\"]",
      "instances": [
        {
          "schema_version": 0,
          "attributes": {
            "etag": "W/\"93a92a6a0992e3f6c13a5e058ec76fda39a63789dfef7d055873e4361436815d\"",
            "id": "ictsc:chouett0",
            "role": "member",
            "username": "chouett0"
          },
          "sensitive_attributes": []
        }
      ]
    },
    {
      "mode": "managed",
      "type": "github_membership",
      "name": "ecodrive-18",
      "provider": "provider[\"registry.terraform.io/integrations/github\"]",
      "instances": [
        {
          "schema_version": 0,
          "attributes": {
            "etag": "W/\"022a49a4411dc76a88ed35e88ce98309114794a9c21d6cae25f5a04bca2472ef\"",
            "id": "ictsc:ecodrive-18",
            "role": "member",
            "username": "ecodrive-18"
          },
          "sensitive_attributes": []
        }
      ]
    },
    {
      "mode": "managed",
      "type": "github_membership",
      "name": "guragusan",
      "provider": "provider[\"registry.terraform.io/integrations/github\"]",
      "instances": [
        {
          "schema_version": 0,
          "attributes": {
            "etag": "W/\"069a8ec2cd9225d86b6991572d433ea16b820f81bd9dc934db3ce4e7b1f9795c\"",
            "id": "ictsc:guragusan",
            "role": "member",
            "username": "guragusan"
          },
          "sensitive_attributes": []
        }
      ]
    },
    {
      "mode": "managed",
      "type": "github_membership",
      "name": "gurapomu",
      "provider": "provider[\"registry.terraform.io/integrations/github\"]",
      "instances": [
        {
          "schema_version": 0,
          "attributes": {
            "etag": "W/\"93d0eaf53f188fe718c17f6139bb85f79c3739e35d9cbad355c1638a6a9df3e0\"",
            "id": "ictsc:gurapomu",
            "role": "member",
            "username": "gurapomu"
          },
          "sensitive_attributes": []
        }
      ]
    },
    {
      "mode": "managed",
      "type": "github_membership",
      "name": "h-otter",
      "provider": "provider[\"registry.terraform.io/integrations/github\"]",
      "instances": [
        {
          "schema_version": 0,
          "attributes": {
            "etag": "W/\"94cb2cb65b2087dd994171b20944c96f23eb5ddec3ce1a8f7e36ce3658fab6b4\"",
            "id": "ictsc:h-otter",
            "role": "admin",
            "username": "h-otter"
          },
          "sensitive_attributes": []
        }
      ]
    },
    {
      "mode": "managed",
      "type": "github_membership",
      "name": "ha-kun0711",
      "provider": "provider[\"registry.terraform.io/integrations/github\"]",
      "instances": [
        {
          "schema_version": 0,
          "attributes": {
            "etag": "W/\"bf3b33f2d120cbbe1c7961da78fe5f6b1453cced417a1c1ca8455e55b09b1b22\"",
            "id": "ictsc:ha-kun0711",
            "role": "member",
            "username": "ha-kun0711"
          },
          "sensitive_attributes": []
        }
      ]
    },
    {
      "mode": "managed",
      "type": "github_membership",
      "name": "hibiki31",
      "provider": "provider[\"registry.terraform.io/integrations/github\"]",
      "instances": [
        {
          "schema_version": 0,
          "attributes": {
            "etag": "W/\"13be6abfcd19a1c1c350ac8e6c0cd12322105557e96e128e3f8905cfce636b40\"",
            "id": "ictsc:hibiki31",
            "role": "member",
            "username": "hibiki31"
          },
          "sensitive_attributes": []
        }
      ]
    },
    {
      "mode": "managed",
      "type": "github_membership",
      "name": "ibucho",
      "provider": "provider[\"registry.terraform.io/integrations/github\"]",
      "instances": [
        {
          "schema_version": 0,
          "attributes": {
            "etag": "W/\"9111cd5db0c14814d9b273d36b95b4a8ecd210b6e8be79104a81189a4b5b9460\"",
            "id": "ictsc:ibucho",
            "role": "admin",
            "username": "ibucho"
          },
          "sensitive_attributes": []
        }
      ]
    },
    {
      "mode": "managed",
      "type": "github_membership",
      "name": "icchy",
      "provider": "provider[\"registry.terraform.io/integrations/github\"]",
      "instances": [
        {
          "schema_version": 0,
          "attributes": {
            "etag": "W/\"69235e003633284a42c50b79c0e6ffa940c926299b3e8adcd928011323d89b59\"",
            "id": "ictsc:icchy",
            "role": "member",
            "username": "icchy"
          },
          "sensitive_attributes": []
        }
      ]
    },
    {
      "mode": "managed",
      "type": "github_membership",
      "name": "int-tt",
      "provider": "provider[\"registry.terraform.io/integrations/github\"]",
      "instances": [
        {
          "schema_version": 0,
          "attributes": {
            "etag": "W/\"77e4345dcc8db8c5aaf903be20250ffd0eb8411a9babbe5b9eafa543af16d0a8\"",
            "id": "ictsc:int-tt",
            "role": "member",
            "username": "int-tt"
          },
          "sensitive_attributes": []
        }
      ]
    },
    {
      "mode": "managed",
      "type": "github_membership",
      "name": "inuyosi",
      "provider": "provider[\"registry.terraform.io/integrations/github\"]",
      "instances": [
        {
          "schema_version": 0,
          "attributes": {
            "etag": "W/\"a0b54b6be33315cf493bdb388254b5cabe89c0ea4dd647567de0e8c828c1bb4b\"",
            "id": "ictsc:inuyosi",
            "role": "member",
            "username": "inuyosi"
          },
          "sensitive_attributes": []
        }
      ]
    },
    {
      "mode": "managed",
      "type": "github_membership",
      "name": "kadokusei",
      "provider": "provider[\"registry.terraform.io/integrations/github\"]",
      "instances": [
        {
          "schema_version": 0,
          "attributes": {
            "etag": "W/\"0e9431a6ebecd4503bd8ff413b15d10c2a6fd285113e8af879d4118a80e84460\"",
            "id": "ictsc:kadokusei",
            "role": "member",
            "username": "kadokusei"
          },
          "sensitive_attributes": []
        }
      ]
    },
    {
      "mode": "managed",
      "type": "github_membership",
      "name": "kamijin-fanta",
      "provider": "provider[\"registry.terraform.io/integrations/github\"]",
      "instances": [
        {
          "schema_version": 0,
          "attributes": {
            "etag": "W/\"760c46f3d2ca58477340a113f14677dd6cf869f7e80d7ad2321064ae9266fecc\"",
            "id": "ictsc:kamijin-fanta",
            "role": "member",
            "username": "kamijin-fanta"
          },
          "sensitive_attributes": []
        }
      ]
    },
    {
      "mode": "managed",
      "type": "github_membership",
      "name": "kapibara824",
      "provider": "provider[\"registry.terraform.io/integrations/github\"]",
      "instances": [
        {
          "schema_version": 0,
          "attributes": {
            "etag": "W/\"508e137268d0a7bbbc25fa25adde44ecbde7c67b05d11724aa4fe4617b3b7e38\"",
            "id": "ictsc:kapibara824",
            "role": "member",
            "username": "kapibara824"
          },
          "sensitive_attributes": []
        }
      ]
    },
    {
      "mode": "managed",
      "type": "github_membership",
      "name": "kayo-tozaki",
      "provider": "provider[\"registry.terraform.io/integrations/github\"]",
      "instances": [
        {
          "schema_version": 0,
          "attributes": {
            "etag": "W/\"9c2a2209cf4e6f188fd0786b66a9b06edae6f595f675533f86bb194548dd4747\"",
            "id": "ictsc:kayo-tozaki",
            "role": "member",
            "username": "kayo-tozaki"
          },
          "sensitive_attributes": []
        }
      ]
    },
    {
      "mode": "managed",
      "type": "github_membership",
      "name": "keisukearakawa",
      "provider": "provider[\"registry.terraform.io/integrations/github\"]",
      "instances": [
        {
          "schema_version": 0,
          "attributes": {
            "etag": "W/\"57ac3706efc721bb3b335ba0f681fcf71727d91f03c1511b0f390287239a86fe\"",
            "id": "ictsc:keisukearakawa",
            "role": "member",
            "username": "keisukearakawa"
          },
          "sensitive_attributes": []
        }
      ]
    },
    {
      "mode": "managed",
      "type": "github_membership",
      "name": "keyakko",
      "provider": "provider[\"registry.terraform.io/integrations/github\"]",
      "instances": [
        {
          "schema_version": 0,
          "attributes": {
            "etag": "W/\"e58d8d86ea3358b1d262cd746456d1b64d8e917557f24cd90a5fff120edf9f0c\"",
            "id": "ictsc:keyakko",
            "role": "member",
            "username": "keyakko"
          },
          "sensitive_attributes": []
        }
      ]
    },
    {
      "mode": "managed",
      "type": "github_membership",
      "name": "kurochan",
      "provider": "provider[\"registry.terraform.io/integrations/github\"]",
      "instances": [
        {
          "schema_version": 0,
          "attributes": {
            "etag": "W/\"b237720c3c5c21c95ceec2a83be4fc033c87e03065d128ef590071c3ee20f1f6\"",
            "id": "ictsc:kurochan",
            "role": "admin",
            "username": "kurochan"
          },
          "sensitive_attributes": []
        }
      ]
    },
    {
      "mode": "managed",
      "type": "github_membership",
      "name": "kyoko0514",
      "provider": "provider[\"registry.terraform.io/integrations/github\"]",
      "instances": [
        {
          "schema_version": 0,
          "attributes": {
            "etag": "W/\"7020cafd099fdec6557ab08d9ec31c9bccc6fe49d33588c987fdcf036b15421c\"",
            "id": "ictsc:kyoko0514",
            "role": "member",
            "username": "kyoko0514"
          },
          "sensitive_attributes": []
        }
      ]
    },
    {
      "mode": "managed",
      "type": "github_membership",
      "name": "kyontan",
      "provider": "provider[\"registry.terraform.io/integrations/github\"]",
      "instances": [
        {
          "schema_version": 0,
          "attributes": {
            "etag": "W/\"d4f9d2828fd3957a25036b012b818f23ffea58a352916164caf10498ed2b7881\"",
            "id": "ictsc:kyontan",
            "role": "member",
            "username": "kyontan"
          },
          "sensitive_attributes": []
        }
      ]
    },
    {
      "mode": "managed",
      "type": "github_membership",
      "name": "logica0419",
      "provider": "provider[\"registry.terraform.io/integrations/github\"]",
      "instances": [
        {
          "schema_version": 0,
          "attributes": {
            "etag": "W/\"e1a01644ca79a932c83866730e7f696df8e9bbe300cec5b271a572e95ce6a175\"",
            "id": "ictsc:logica0419",
            "role": "member",
            "username": "logica0419"
          },
          "sensitive_attributes": [],
          "private": "bnVsbA=="
        }
      ]
    },
    {
      "mode": "managed",
      "type": "github_membership",
      "name": "mbook-x86",
      "provider": "provider[\"registry.terraform.io/integrations/github\"]",
      "instances": [
        {
          "schema_version": 0,
          "attributes": {
            "etag": "W/\"dd0253c1717719b2d3c1bef78e0f2c4803914b47e26285de522e6c525aa39b75\"",
            "id": "ictsc:mbook-x86",
            "role": "member",
            "username": "mbook-x86"
          },
          "sensitive_attributes": []
        }
      ]
    },
    {
      "mode": "managed",
      "type": "github_membership",
      "name": "miyao11",
      "provider": "provider[\"registry.terraform.io/integrations/github\"]",
      "instances": [
        {
          "schema_version": 0,
          "attributes": {
            "etag": "W/\"3cda3e1bd19f7bf45099dca6ff885797a49295318c6eb554542232d6d9a8b50c\"",
            "id": "ictsc:Miyao11",
            "role": "member",
            "username": "Miyao11"
          },
          "sensitive_attributes": []
        }
      ]
    },
    {
      "mode": "managed",
      "type": "github_membership",
      "name": "mk0913mnck",
      "provider": "provider[\"registry.terraform.io/integrations/github\"]",
      "instances": [
        {
          "schema_version": 0,
          "attributes": {
            "etag": "W/\"b37c86e9d890822b809ba33aea496a2c2706f8312f94ffb9ddca9f77169dbdff\"",
            "id": "ictsc:mk0913mnck",
            "role": "member",
            "username": "mk0913mnck"
          },
          "sensitive_attributes": []
        }
      ]
    },
    {
      "mode": "managed",
      "type": "github_membership",
      "name": "nakasyo2650",
      "provider": "provider[\"registry.terraform.io/integrations/github\"]",
      "instances": [
        {
          "schema_version": 0,
          "attributes": {
            "etag": "W/\"8661b60aeceb5a166411ad760eef922343a09e4b3e697439ccb7862f4202e013\"",
            "id": "ictsc:nakasyo2650",
            "role": "member",
            "username": "nakasyo2650"
          },
          "sensitive_attributes": []
        }
      ]
    },
    {
      "mode": "managed",
      "type": "github_membership",
      "name": "naoki2001",
      "provider": "provider[\"registry.terraform.io/integrations/github\"]",
      "instances": [
        {
          "schema_version": 0,
          "attributes": {
            "etag": "W/\"3368678183f6dc4cd6f1e7f0135a21de33f9ff206b52671958167fdef040fa00\"",
            "id": "ictsc:naoki2001",
            "role": "member",
            "username": "naoki2001"
          },
          "sensitive_attributes": []
        }
      ]
    },
    {
      "mode": "managed",
      "type": "github_membership",
      "name": "naoki912",
      "provider": "provider[\"registry.terraform.io/integrations/github\"]",
      "instances": [
        {
          "schema_version": 0,
          "attributes": {
            "etag": "W/\"dec3ef21954c6c37717a7e33bcb025db969306f262d6bacf1c9f9f5ad09b324e\"",
            "id": "ictsc:naoki912",
            "role": "member",
            "username": "naoki912"
          },
          "sensitive_attributes": []
        }
      ]
    },
    {
      "mode": "managed",
      "type": "github_membership",
      "name": "netmarkjp",
      "provider": "provider[\"registry.terraform.io/integrations/github\"]",
      "instances": [
        {
          "schema_version": 0,
          "attributes": {
            "etag": "W/\"72c55ed68320888a0a74150d554396f0c49a79d71fc8f8d82bf8197b01ff27b5\"",
            "id": "ictsc:netmarkjp",
            "role": "admin",
            "username": "netmarkjp"
          },
          "sensitive_attributes": []
        }
      ]
    },
    {
      "mode": "managed",
      "type": "github_membership",
      "name": "nomeaning777",
      "provider": "provider[\"registry.terraform.io/integrations/github\"]",
      "instances": [
        {
          "schema_version": 0,
          "attributes": {
            "etag": "W/\"bd01685fbbce46d0fff3aa954164f3d3e2476571fd23376d7037cf62cd86231a\"",
            "id": "ictsc:nomeaning777",
            "role": "member",
            "username": "nomeaning777"
          },
          "sensitive_attributes": []
        }
      ]
    },
    {
      "mode": "managed",
      "type": "github_membership",
      "name": "notchi590",
      "provider": "provider[\"registry.terraform.io/integrations/github\"]",
      "instances": [
        {
          "schema_version": 0,
          "attributes": {
            "etag": "W/\"0a95d02cb084131589b240276a184c753110cb28a86cf2ebe6bc71b50cc29af0\"",
            "id": "ictsc:notchi590",
            "role": "member",
            "username": "notchi590"
          },
          "sensitive_attributes": []
        }
      ]
    },
    {
      "mode": "managed",
      "type": "github_membership",
      "name": "onokatio",
      "provider": "provider[\"registry.terraform.io/integrations/github\"]",
      "instances": [
        {
          "schema_version": 0,
          "attributes": {
            "etag": "W/\"1d5609c4e676856bda42c702d509e6f6552236bfc81e72dde087e56632d0f40a\"",
            "id": "ictsc:onokatio",
            "role": "admin",
            "username": "onokatio"
          },
          "sensitive_attributes": []
        }
      ]
    },
    {
      "mode": "managed",
      "type": "github_membership",
      "name": "oomorio",
      "provider": "provider[\"registry.terraform.io/integrations/github\"]",
      "instances": [
        {
          "schema_version": 0,
          "attributes": {
            "etag": "W/\"a5856ebf96092b6461edfeb875706631e5a2a6678693999fad2bcf6555e13255\"",
            "id": "ictsc:oomorio",
            "role": "member",
            "username": "oomorio"
          },
          "sensitive_attributes": []
        }
      ]
    },
    {
      "mode": "managed",
      "type": "github_membership",
      "name": "ophum",
      "provider": "provider[\"registry.terraform.io/integrations/github\"]",
      "instances": [
        {
          "schema_version": 0,
          "attributes": {
            "etag": "W/\"dbde485ececeecf495b9b785536fc88f348286a00ef794ff5dfd9091e229c824\"",
            "id": "ictsc:ophum",
            "role": "member",
            "username": "ophum"
          },
          "sensitive_attributes": []
        }
      ]
    },
    {
      "mode": "managed",
      "type": "github_membership",
      "name": "orin24",
      "provider": "provider[\"registry.terraform.io/integrations/github\"]",
      "instances": [
        {
          "schema_version": 0,
          "attributes": {
            "etag": "W/\"e0207e148f3f6420c8f78c237c285ff99167c4f14b0c24be4d75a7db5bc6e068\"",
            "id": "ictsc:orin24",
            "role": "member",
            "username": "orin24"
          },
          "sensitive_attributes": []
        }
      ]
    },
    {
      "mode": "managed",
      "type": "github_membership",
      "name": "palloc",
      "provider": "provider[\"registry.terraform.io/integrations/github\"]",
      "instances": [
        {
          "schema_version": 0,
          "attributes": {
            "etag": "W/\"c31b17dbece35735cc9ce0746e9d82aacd18ee1140d6ebca49a34dccd95f2f40\"",
            "id": "ictsc:palloc",
            "role": "member",
            "username": "palloc"
          },
          "sensitive_attributes": []
        }
      ]
    },
    {
      "mode": "managed",
      "type": "github_membership",
      "name": "potyama",
      "provider": "provider[\"registry.terraform.io/integrations/github\"]",
      "instances": [
        {
          "schema_version": 0,
          "attributes": {
            "etag": "W/\"707a751f465b74a459e51a6db083916e663356c0227401dcb53e0c71ddebd8da\"",
            "id": "ictsc:potyama",
            "role": "member",
            "username": "potyama"
          },
          "sensitive_attributes": []
        }
      ]
    },
    {
      "mode": "managed",
      "type": "github_membership",
      "name": "proelbtn",
      "provider": "provider[\"registry.terraform.io/integrations/github\"]",
      "instances": [
        {
          "schema_version": 0,
          "attributes": {
            "etag": "W/\"a09da0c765a30a85915e9bc94031eebe890a8d91868df4ba56a239f4909fe36b\"",
            "id": "ictsc:proelbtn",
            "role": "admin",
            "username": "proelbtn"
          },
          "sensitive_attributes": []
        }
      ]
    },
    {
      "mode": "managed",
      "type": "github_membership",
      "name": "recuraki",
      "provider": "provider[\"registry.terraform.io/integrations/github\"]",
      "instances": [
        {
          "schema_version": 0,
          "attributes": {
            "etag": "W/\"7774b318036338c4012389a279569ea4ea4e6b5baee8f78defc3086e06ebd67d\"",
            "id": "ictsc:recuraki",
            "role": "member",
            "username": "recuraki"
          },
          "sensitive_attributes": []
        }
      ]
    },
    {
      "mode": "managed",
      "type": "github_membership",
      "name": "rlia",
      "provider": "provider[\"registry.terraform.io/integrations/github\"]",
      "instances": [
        {
          "schema_version": 0,
          "attributes": {
            "etag": "W/\"41e135c534f7f3d45501e1d4e7ff863e7160d299701a5c45698da099bfde77d7\"",
            "id": "ictsc:rlia",
            "role": "member",
            "username": "rlia"
          },
          "sensitive_attributes": []
        }
      ]
    },
    {
      "mode": "managed",
      "type": "github_membership",
      "name": "sharknasuhorse",
      "provider": "provider[\"registry.terraform.io/integrations/github\"]",
      "instances": [
        {
          "schema_version": 0,
          "attributes": {
            "etag": "W/\"7dcee12fc7b8bab7e43c73e3ea2630e85b349e390f1d3f9026c5f543cb46e95c\"",
            "id": "ictsc:sharknasuhorse",
            "role": "admin",
            "username": "sharknasuhorse"
          },
          "sensitive_attributes": []
        }
      ]
    },
    {
      "mode": "managed",
      "type": "github_membership",
      "name": "shinonome01",
      "provider": "provider[\"registry.terraform.io/integrations/github\"]",
      "instances": [
        {
          "schema_version": 0,
          "attributes": {
            "etag": "W/\"45d7ca02ecd1ecc736d7eba7280b2fe479ba3c22fa208d5d132176e73b318f6a\"",
            "id": "ictsc:shinonome01",
            "role": "member",
            "username": "shinonome01"
          },
          "sensitive_attributes": []
        }
      ]
    },
    {
      "mode": "managed",
      "type": "github_membership",
      "name": "site0801",
      "provider": "provider[\"registry.terraform.io/integrations/github\"]",
      "instances": [
        {
          "schema_version": 0,
          "attributes": {
            "etag": "W/\"5cabb8d2696179754db475068fab7e3733237456d5485324c67ced1ad874012a\"",
            "id": "ictsc:site0801",
            "role": "member",
            "username": "site0801"
          },
          "sensitive_attributes": []
        }
      ]
    },
    {
      "mode": "managed",
      "type": "github_membership",
      "name": "sora34",
      "provider": "provider[\"registry.terraform.io/integrations/github\"]",
      "instances": [
        {
          "schema_version": 0,
          "attributes": {
            "etag": "W/\"b32cab7f849a6ff674e0a18a79312d1e452e6c98aa6a54eb401c3af7a420f768\"",
            "id": "ictsc:sora34",
            "role": "member",
            "username": "sora34"
          },
          "sensitive_attributes": []
        }
      ]
    },
    {
      "mode": "managed",
      "type": "github_membership",
      "name": "staybuzz",
      "provider": "provider[\"registry.terraform.io/integrations/github\"]",
      "instances": [
        {
          "schema_version": 0,
          "attributes": {
            "etag": "W/\"ca1a211a35d77d8d4fbb9dca9fc58e401d374ee5ddda0fb8fbcb0be3af786f0d\"",
            "id": "ictsc:staybuzz",
            "role": "member",
            "username": "staybuzz"
          },
          "sensitive_attributes": []
        }
      ]
    },
    {
      "mode": "managed",
      "type": "github_membership",
      "name": "sugiki-accelia",
      "provider": "provider[\"registry.terraform.io/integrations/github\"]",
      "instances": [
        {
          "schema_version": 0,
          "attributes": {
            "etag": "W/\"8cdf01280d15b5ce83d818e3724717a86b333312844258cc196ec6a3acfbd7b9\"",
            "id": "ictsc:sugiki-accelia",
            "role": "member",
            "username": "sugiki-accelia"
          },
          "sensitive_attributes": []
        }
      ]
    },
    {
      "mode": "managed",
      "type": "github_membership",
      "name": "sukekawa-accelia",
      "provider": "provider[\"registry.terraform.io/integrations/github\"]",
      "instances": [
        {
          "schema_version": 0,
          "attributes": {
            "etag": "W/\"040957b10bd32f0d1889ae9c300fd56d6a272e5a0bb9463cb4c670de97ff7989\"",
            "id": "ictsc:sukekawa-accelia",
            "role": "member",
            "username": "sukekawa-accelia"
          },
          "sensitive_attributes": []
        }
      ]
    },
    {
      "mode": "managed",
      "type": "github_membership",
      "name": "syuli",
      "provider": "provider[\"registry.terraform.io/integrations/github\"]",
      "instances": [
        {
          "schema_version": 0,
          "attributes": {
            "etag": "W/\"ffe08a98f3ce25d11d302335283622f591e9adc05a0d63c3f201617a90282884\"",
            "id": "ictsc:syuli",
            "role": "member",
            "username": "syuli"
          },
          "sensitive_attributes": []
        }
      ]
    },
    {
      "mode": "managed",
      "type": "github_membership",
      "name": "syuuya-nakatomi",
      "provider": "provider[\"registry.terraform.io/integrations/github\"]",
      "instances": [
        {
          "schema_version": 0,
          "attributes": {
            "etag": "W/\"2c656f598baa8af813a3e79362a88cd09036e525ecce9572aabc608f977da5e4\"",
            "id": "ictsc:syuuya-nakatomi",
            "role": "member",
            "username": "syuuya-nakatomi"
          },
          "sensitive_attributes": [],
          "private": "bnVsbA=="
        }
      ]
    },
    {
      "mode": "managed",
      "type": "github_membership",
      "name": "takehaya",
      "provider": "provider[\"registry.terraform.io/integrations/github\"]",
      "instances": [
        {
          "schema_version": 0,
          "attributes": {
            "etag": "W/\"ba2fd634fc3696f7d9a736d478c422507ca82fa06ee62afe40bfaa3f7d01c487\"",
            "id": "ictsc:takehaya",
            "role": "admin",
            "username": "takehaya"
          },
          "sensitive_attributes": []
        }
      ]
    },
    {
      "mode": "managed",
      "type": "github_membership",
      "name": "takes3",
      "provider": "provider[\"registry.terraform.io/integrations/github\"]",
      "instances": [
        {
          "schema_version": 0,
          "attributes": {
            "etag": "W/\"72b63548d10052a04eb3594acde6af95d95bb72751ab2c1c170e968d77db5730\"",
            "id": "ictsc:takes3",
            "role": "member",
            "username": "takes3"
          },
          "sensitive_attributes": []
        }
      ]
    },
    {
      "mode": "managed",
      "type": "github_membership",
      "name": "tanishi001",
      "provider": "provider[\"registry.terraform.io/integrations/github\"]",
      "instances": [
        {
          "schema_version": 0,
          "attributes": {
            "etag": "W/\"6ae94484d901d4dae628d92eec4598044d53d9cb26e7ef71facce2d991a748bf\"",
            "id": "ictsc:tanishi001",
            "role": "member",
            "username": "tanishi001"
          },
          "sensitive_attributes": []
        }
      ]
    },
    {
      "mode": "managed",
      "type": "github_membership",
      "name": "tar-xzvff",
      "provider": "provider[\"registry.terraform.io/integrations/github\"]",
      "instances": [
        {
          "schema_version": 0,
          "attributes": {
            "etag": "W/\"d07d6a31552cab71b3567532dbbc5e135e1eb2562b72e18a1c00dd99ba69b923\"",
            "id": "ictsc:tar-xzvff",
            "role": "admin",
            "username": "tar-xzvff"
          },
          "sensitive_attributes": []
        }
      ]
    },
    {
      "mode": "managed",
      "type": "github_membership",
      "name": "tom--bo",
      "provider": "provider[\"registry.terraform.io/integrations/github\"]",
      "instances": [
        {
          "schema_version": 0,
          "attributes": {
            "etag": "W/\"75d5d625f0daedb8b7c0fc4d24eff769a197f0d0869aeea528ab74fcbc683153\"",
            "id": "ictsc:tom--bo",
            "role": "member",
            "username": "tom--bo"
          },
          "sensitive_attributes": []
        }
      ]
    },
    {
      "mode": "managed",
      "type": "github_membership",
      "name": "tomatoaas",
      "provider": "provider[\"registry.terraform.io/integrations/github\"]",
      "instances": [
        {
          "schema_version": 0,
          "attributes": {
            "etag": "W/\"72c80d8bee738eebd8c988483c748aaae774050dd8d0c545e79df64ea57a2a2c\"",
            "id": "ictsc:tomatoaas",
            "role": "member",
            "username": "tomatoaas"
          },
          "sensitive_attributes": []
        }
      ]
    },
    {
      "mode": "managed",
      "type": "github_membership",
      "name": "tsuttsu305",
      "provider": "provider[\"registry.terraform.io/integrations/github\"]",
      "instances": [
        {
          "schema_version": 0,
          "attributes": {
            "etag": "W/\"5fa4675e078f317b2d0c796026461b7e795d48709eca769f550e19925a806810\"",
            "id": "ictsc:tsuttsu305",
            "role": "member",
            "username": "tsuttsu305"
          },
          "sensitive_attributes": []
        }
      ]
    },
    {
      "mode": "managed",
      "type": "github_membership",
      "name": "uplus",
      "provider": "provider[\"registry.terraform.io/integrations/github\"]",
      "instances": [
        {
          "schema_version": 0,
          "attributes": {
            "etag": "W/\"40f4814e22357ef533bef9fcb8076e8a2b92a2ed79203d5892b40d5e7dc6e878\"",
            "id": "ictsc:uplus",
            "role": "admin",
            "username": "uplus"
          },
          "sensitive_attributes": []
        }
      ]
    },
    {
      "mode": "managed",
      "type": "github_membership",
      "name": "whywaita",
      "provider": "provider[\"registry.terraform.io/integrations/github\"]",
      "instances": [
        {
          "schema_version": 0,
          "attributes": {
            "etag": "W/\"d7ec2bdb85513c6a19fce7347d4c31b38c5aed14ca83f80fd15efb4ffc0884c1\"",
            "id": "ictsc:whywaita",
            "role": "admin",
            "username": "whywaita"
          },
          "sensitive_attributes": []
        }
      ]
    },
    {
      "mode": "managed",
      "type": "github_membership",
      "name": "x86taka",
      "provider": "provider[\"registry.terraform.io/integrations/github\"]",
      "instances": [
        {
          "schema_version": 0,
          "attributes": {
            "etag": "W/\"e7ddd7093579275796d8169397aa329b1ee28a61cac623f2113660fb6012135b\"",
            "id": "ictsc:x86taka",
            "role": "admin",
            "username": "x86taka"
          },
          "sensitive_attributes": []
        }
      ]
    },
    {
      "mode": "managed",
      "type": "github_membership",
      "name": "y-monma",
      "provider": "provider[\"registry.terraform.io/integrations/github\"]",
      "instances": [
        {
          "schema_version": 0,
          "attributes": {
            "etag": "W/\"4c2c14b2ee43bc38654e876e2f614baeb0a1777a6ec285b4cbe735f4210ff95a\"",
            "id": "ictsc:y-monma",
            "role": "member",
            "username": "y-monma"
          },
          "sensitive_attributes": []
        }
      ]
    },
    {
      "mode": "managed",
      "type": "github_membership",
      "name": "yaminoma",
      "provider": "provider[\"registry.terraform.io/integrations/github\"]",
      "instances": [
        {
          "schema_version": 0,
          "attributes": {
            "etag": "W/\"54cb244d8f660a3b069a978499c0c702a3595832e999bac77a726b2a736fee59\"",
            "id": "ictsc:yaminoma",
            "role": "member",
            "username": "yaminoma"
          },
          "sensitive_attributes": []
        }
      ]
    },
    {
      "mode": "managed",
      "type": "github_membership",
      "name": "yatuhashi",
      "provider": "provider[\"registry.terraform.io/integrations/github\"]",
      "instances": [
        {
          "schema_version": 0,
          "attributes": {
            "etag": "W/\"a1544cfabe58683ae0beba23ce1e9e152c93e99daec18b6e8d32493ac1c96be5\"",
            "id": "ictsc:yatuhashi",
            "role": "member",
            "username": "yatuhashi"
          },
          "sensitive_attributes": []
        }
      ]
    },
    {
      "mode": "managed",
      "type": "github_membership",
      "name": "yo-kanyukari",
      "provider": "provider[\"registry.terraform.io/integrations/github\"]",
      "instances": [
        {
          "schema_version": 0,
          "attributes": {
            "etag": "W/\"ada7fa47e397e2311d9821a1c833d37e8793f8009ca5281e1503de6601922e70\"",
            "id": "ictsc:siberiy4",
            "role": "member",
            "username": "siberiy4"
          },
          "sensitive_attributes": [],
          "private": "bnVsbA=="
        }
      ]
    },
    {
      "mode": "managed",
      "type": "github_membership",
      "name": "yo-taro",
      "provider": "provider[\"registry.terraform.io/integrations/github\"]",
      "instances": [
        {
          "schema_version": 0,
          "attributes": {
            "etag": "W/\"ccf651813ea8d302619667caea82ca6829951785be860a6bd160267a023d8c61\"",
            "id": "ictsc:yo-taro",
            "role": "member",
            "username": "yo-taro"
          },
          "sensitive_attributes": []
        }
      ]
    },
    {
      "mode": "managed",
      "type": "github_membership",
      "name": "yoneyan",
      "provider": "provider[\"registry.terraform.io/integrations/github\"]",
      "instances": [
        {
          "schema_version": 0,
          "attributes": {
            "etag": "W/\"1ec4d2867d1d39d68661459e2077e53295c5f3aedd43d6d3021a5fc061a5c4b7\"",
            "id": "ictsc:yoneyan",
            "role": "member",
            "username": "yoneyan"
          },
          "sensitive_attributes": []
        }
      ]
    },
    {
      "mode": "managed",
      "type": "github_membership",
      "name": "yu-tanaka00",
      "provider": "provider[\"registry.terraform.io/integrations/github\"]",
      "instances": [
        {
          "schema_version": 0,
          "attributes": {
            "etag": "W/\"47d69f30a9053a48de00bc5a886aa9c31b1bcde33b1e28d03f5df89d965148c7\"",
            "id": "ictsc:yu-tanaka00",
            "role": "member",
            "username": "yu-tanaka00"
          },
          "sensitive_attributes": []
        }
      ]
    },
    {
      "mode": "managed",
      "type": "github_membership",
      "name": "yukamoja",
      "provider": "provider[\"registry.terraform.io/integrations/github\"]",
      "instances": [
        {
          "schema_version": 0,
          "attributes": {
            "etag": "W/\"d53e80b96569f311b60f23e48dda8bfb040786babd1ad4f6ab35a021abe43370\"",
            "id": "ictsc:yukamoja",
            "role": "admin",
            "username": "yukamoja"
          },
          "sensitive_attributes": []
        }
      ]
    },
    {
      "mode": "managed",
      "type": "github_membership",
      "name": "yuukinetwork",
      "provider": "provider[\"registry.terraform.io/integrations/github\"]",
      "instances": [
        {
          "schema_version": 0,
          "attributes": {
            "etag": "W/\"d7d1e4e2aaa4c73d0c8d2b7c6a60ac823c192a8d3140048f46d8656024449bff\"",
            "id": "ictsc:yuukinetwork",
            "role": "member",
            "username": "yuukinetwork"
          },
          "sensitive_attributes": []
        }
      ]
    },
    {
      "mode": "managed",
      "type": "github_membership",
      "name": "zeroalphat",
      "provider": "provider[\"registry.terraform.io/integrations/github\"]",
      "instances": [
        {
          "schema_version": 0,
          "attributes": {
            "etag": "W/\"d89ec49b86085bef7aa52ab5f466a0803c8f986adba9e049306cfb1ca4a8ed4e\"",
            "id": "ictsc:zeroalphat",
            "role": "member",
            "username": "zeroalphat"
          },
          "sensitive_attributes": []
        }
      ]
    },
    {
      "mode": "managed",
      "type": "github_team",
      "name": "admin",
      "provider": "provider[\"registry.terraform.io/integrations/github\"]",
      "instances": [
        {
          "schema_version": 0,
          "attributes": {
            "create_default_maintainer": false,
            "description": "ictsc organization admins",
            "etag": "W/\"fb298fcc94afa1a1a28c2db1fbfc0ead7b8f8669dcfff06dcdfc0f38f9034c10\"",
            "id": "2008807",
            "ldap_dn": "",
            "members_count": 11,
            "name": "Admins",
            "node_id": "MDQ6VGVhbTIwMDg4MDc=",
            "parent_team_id": null,
            "privacy": "closed",
            "slug": "admins"
          },
          "sensitive_attributes": []
        }
      ]
    },
    {
      "mode": "managed",
      "type": "github_team",
      "name": "ictsc2018",
      "provider": "provider[\"registry.terraform.io/integrations/github\"]",
      "instances": [
        {
          "schema_version": 0,
          "attributes": {
            "create_default_maintainer": false,
            "description": "member of ictsc2018",
            "etag": "W/\"8d85b66cad6b84523c42ce30fa3daf9233a4d1b9c3581a92be1f41f65d6668c4\"",
            "id": "2818425",
            "ldap_dn": "",
            "members_count": 21,
            "name": "ictsc2018",
            "node_id": "MDQ6VGVhbTI4MTg0MjU=",
            "parent_team_id": null,
            "privacy": "closed",
            "slug": "ictsc2018"
          },
          "sensitive_attributes": []
        }
      ]
    },
    {
      "mode": "managed",
      "type": "github_team",
      "name": "ictsc2019",
      "provider": "provider[\"registry.terraform.io/integrations/github\"]",
      "instances": [
        {
          "schema_version": 0,
          "attributes": {
            "create_default_maintainer": false,
            "description": "member of ictsc2019",
            "etag": "W/\"2232c68fd1ec00fabedc801e8e0f88c34b59d338d953d6f635d18c5b6329bbf7\"",
            "id": "3300293",
            "ldap_dn": "",
            "members_count": 36,
            "name": "ictsc2019",
            "node_id": "MDQ6VGVhbTMzMDAyOTM=",
            "parent_team_id": null,
            "privacy": "closed",
            "slug": "ictsc2019"
          },
          "sensitive_attributes": []
        }
      ]
    },
    {
      "mode": "managed",
      "type": "github_team",
      "name": "ictsc2020",
      "provider": "provider[\"registry.terraform.io/integrations/github\"]",
      "instances": [
        {
          "schema_version": 0,
          "attributes": {
            "create_default_maintainer": false,
            "description": "member of ictsc2020",
            "etag": "W/\"f61b2273ee76d147daaa9b82fdf48328c71f620c09c6a2ee15d3df39844eaa25\"",
            "id": "3894829",
            "ldap_dn": "",
            "members_count": 25,
            "name": "ictsc2020",
            "node_id": "MDQ6VGVhbTM4OTQ4Mjk=",
            "parent_team_id": null,
            "privacy": "closed",
            "slug": "ictsc2020"
          },
          "sensitive_attributes": []
        }
      ]
    },
    {
      "mode": "managed",
      "type": "github_team",
      "name": "ictsc2021",
      "provider": "provider[\"registry.terraform.io/integrations/github\"]",
      "instances": [
        {
          "schema_version": 0,
          "attributes": {
            "create_default_maintainer": false,
            "description": "member of ictsc2021",
            "etag": "W/\"e9fc8b9817ba86c768a633e3d04638cb6f3b22a45ffdccbd91f087f88518c82b\"",
            "id": "4811781",
            "ldap_dn": "",
            "members_count": 15,
            "name": "ictsc2021",
            "node_id": "MDQ6VGVhbTQ4MTE3ODE=",
            "parent_team_id": null,
            "privacy": "closed",
            "slug": "ictsc2021"
          },
          "sensitive_attributes": []
        }
      ]
    },
    {
      "mode": "managed",
      "type": "github_team",
      "name": "ictsc2022",
      "provider": "provider[\"registry.terraform.io/integrations/github\"]",
      "instances": [
        {
          "schema_version": 0,
          "attributes": {
            "create_default_maintainer": false,
            "description": "member of ictsc2022",
            "etag": "W/\"e439dcd45a5ec49e01cae7f9d1785b8b6ce575be5c8adc3671d013a68bdf5791\"",
            "id": "7097691",
            "ldap_dn": "",
            "members_count": 12,
            "name": "ictsc2022",
            "node_id": "T_kwDOAKhxTs4AbE1b",
            "parent_team_id": null,
            "privacy": "closed",
            "slug": "ictsc2022"
          },
          "sensitive_attributes": [],
          "private": "bnVsbA=="
        }
      ]
    },
    {
      "mode": "managed",
      "type": "github_team",
      "name": "ictsc4",
      "provider": "provider[\"registry.terraform.io/integrations/github\"]",
      "instances": [
        {
          "schema_version": 0,
          "attributes": {
            "create_default_maintainer": false,
            "description": "member of ictsc4",
            "etag": "W/\"a0ce5047a50aa4a1cc70e7fcdca68adb8c4ca5e6784dc6bc0ff0228e16141b41\"",
            "id": "2004351",
            "ldap_dn": "",
            "members_count": 11,
            "name": "ictsc4",
            "node_id": "MDQ6VGVhbTIwMDQzNTE=",
            "parent_team_id": null,
            "privacy": "closed",
            "slug": "ictsc4"
          },
          "sensitive_attributes": []
        }
      ]
    },
    {
      "mode": "managed",
      "type": "github_team",
      "name": "ictsc5",
      "provider": "provider[\"registry.terraform.io/integrations/github\"]",
      "instances": [
        {
          "schema_version": 0,
          "attributes": {
            "create_default_maintainer": false,
            "description": "member of ictsc5",
            "etag": "W/\"def906fb25560ea069cd870d897dd75e9dde1cfae9fbff8632cb8c0ee349ced3\"",
            "id": "2004352",
            "ldap_dn": "",
            "members_count": 28,
            "name": "ictsc5",
            "node_id": "MDQ6VGVhbTIwMDQzNTI=",
            "parent_team_id": null,
            "privacy": "closed",
            "slug": "ictsc5"
          },
          "sensitive_attributes": []
        }
      ]
    },
    {
      "mode": "managed",
      "type": "github_team",
      "name": "ictsc6",
      "provider": "provider[\"registry.terraform.io/integrations/github\"]",
      "instances": [
        {
          "schema_version": 0,
          "attributes": {
            "create_default_maintainer": false,
            "description": "member of ictsc6",
            "etag": "W/\"87a16c168816aa5a70e0a72de93a515e1c162979e3e9f2ca612b500c7cc01ba1\"",
            "id": "2004355",
            "ldap_dn": "",
            "members_count": 23,
            "name": "ictsc6",
            "node_id": "MDQ6VGVhbTIwMDQzNTU=",
            "parent_team_id": null,
            "privacy": "closed",
            "slug": "ictsc6"
          },
          "sensitive_attributes": []
        }
      ]
    },
    {
      "mode": "managed",
      "type": "github_team",
      "name": "ictsc7",
      "provider": "provider[\"registry.terraform.io/integrations/github\"]",
      "instances": [
        {
          "schema_version": 0,
          "attributes": {
            "create_default_maintainer": false,
            "description": "member of ictsc7",
            "etag": "W/\"4c0ba10790f0a5067a5dd95cfa0a28365d0ec80d27440bc3f096c395573e18e3\"",
            "id": "2178374",
            "ldap_dn": "",
            "members_count": 17,
            "name": "ictsc7",
            "node_id": "MDQ6VGVhbTIxNzgzNzQ=",
            "parent_team_id": null,
            "privacy": "closed",
            "slug": "ictsc7"
          },
          "sensitive_attributes": []
        }
      ]
    },
    {
      "mode": "managed",
      "type": "github_team",
      "name": "ictsc8",
      "provider": "provider[\"registry.terraform.io/integrations/github\"]",
      "instances": [
        {
          "schema_version": 0,
          "attributes": {
            "create_default_maintainer": false,
            "description": "member of ictsc8",
            "etag": "W/\"773b4ce925f32e4e43feacfe9f60bc2a8b652f0bee6f22c9c6fc673d9d97befd\"",
            "id": "2341229",
            "ldap_dn": "",
            "members_count": 20,
            "name": "ictsc8",
            "node_id": "MDQ6VGVhbTIzNDEyMjk=",
            "parent_team_id": null,
            "privacy": "closed",
            "slug": "ictsc8"
          },
          "sensitive_attributes": []
        }
      ]
    },
    {
      "mode": "managed",
      "type": "github_team",
      "name": "ictsc9",
      "provider": "provider[\"registry.terraform.io/integrations/github\"]",
      "instances": [
        {
          "schema_version": 0,
          "attributes": {
            "create_default_maintainer": false,
            "description": "member of ictsc9",
            "etag": "W/\"5f80154dd9fe6285f83505c1151d22701c476ed9488486272db3d4d883555315\"",
            "id": "2818424",
            "ldap_dn": "",
            "members_count": 19,
            "name": "ictsc9",
            "node_id": "MDQ6VGVhbTI4MTg0MjQ=",
            "parent_team_id": null,
            "privacy": "closed",
            "slug": "ictsc9"
          },
          "sensitive_attributes": []
        }
      ]
    },
    {
      "mode": "managed",
      "type": "github_team",
      "name": "score-dev",
      "provider": "provider[\"registry.terraform.io/integrations/github\"]",
      "instances": [
        {
          "schema_version": 0,
          "attributes": {
            "create_default_maintainer": false,
            "description": "score server development team",
            "etag": "W/\"23e3ff275172dd31e1997a81c8e15c416d097cba49694b153201ef0adbf25554\"",
            "id": "2004353",
            "ldap_dn": "",
            "members_count": 1,
            "name": "score-dev",
            "node_id": "MDQ6VGVhbTIwMDQzNTM=",
            "parent_team_id": null,
            "privacy": "closed",
            "slug": "score-dev"
          },
          "sensitive_attributes": []
        }
      ]
    },
    {
      "mode": "managed",
      "type": "github_team_members",
      "name": "ictsc2022",
      "provider": "provider[\"registry.terraform.io/integrations/github\"]",
      "instances": [
        {
          "schema_version": 0,
          "attributes": {
            "etag": "fcab4be90fc4036c1090116e59514703",
            "id": "7097691",
            "members": [
              {
                "role": "member",
                "username": "Crow314"
              },
              {
                "role": "member",
                "username": "Explosive6363"
              },
              {
                "role": "member",
                "username": "Hicky1025"
              },
              {
                "role": "member",
                "username": "K-shir0"
              },
              {
                "role": "member",
                "username": "Nishinoyama"
              },
              {
                "role": "member",
                "username": "chaya2z"
              },
              {
                "role": "member",
                "username": "logica0419"
              },
              {
                "role": "member",
                "username": "onokatio"
              },
              {
                "role": "member",
                "username": "siberiy4"
              },
              {
                "role": "member",
                "username": "site0801"
              },
              {
                "role": "member",
                "username": "syuuya-nakatomi"
              },
              {
                "role": "member",
                "username": "x86taka"
              }
            ],
            "team_id": "7097691"
          },
          "sensitive_attributes": [],
          "private": "bnVsbA==",
          "dependencies": [
            "github_team.ictsc2022"
          ]
        }
      ]
    },
    {
      "mode": "managed",
      "type": "github_team_membership",
      "name": "admin-h-otter",
      "provider": "provider[\"registry.terraform.io/integrations/github\"]",
      "instances": [
        {
          "schema_version": 0,
          "attributes": {
            "etag": "W/\"e2925684a5b8e591295d0df8becf76e94dc94fc05e242faae6d738b9cb60ca6d\"",
            "id": "2008807:h-otter",
            "role": "maintainer",
            "team_id": "2008807",
            "username": "h-otter"
          },
          "sensitive_attributes": [],
          "private": "bnVsbA==",
          "dependencies": [
            "github_membership.h-otter",
            "github_team.admin"
          ]
        }
      ]
    },
    {
      "mode": "managed",
      "type": "github_team_membership",
      "name": "admin-onokatio",
      "provider": "provider[\"registry.terraform.io/integrations/github\"]",
      "instances": [
        {
          "schema_version": 0,
          "attributes": {
            "etag": "W/\"5dc7c31da62e9d83b5c2d13bcc1d2da031e7544b8fbb0b47a65129203488624f\"",
            "id": "2008807:onokatio",
            "role": "maintainer",
            "team_id": "2008807",
            "username": "onokatio"
          },
          "sensitive_attributes": [],
          "private": "bnVsbA==",
          "dependencies": [
            "github_membership.onokatio",
            "github_team.admin"
          ]
        }
      ]
    },
    {
      "mode": "managed",
      "type": "github_team_membership",
      "name": "admin-proelbtn",
      "provider": "provider[\"registry.terraform.io/integrations/github\"]",
      "instances": [
        {
          "schema_version": 0,
          "attributes": {
            "etag": "W/\"3b5dd8d4f13d2a5f85c380f15ee50caf6b2ab95dbc140d7c7bd30b1c643c7e4b\"",
            "id": "2008807:proelbtn",
            "role": "maintainer",
            "team_id": "2008807",
            "username": "proelbtn"
          },
          "sensitive_attributes": [],
          "private": "bnVsbA==",
          "dependencies": [
            "github_membership.proelbtn",
            "github_team.admin"
          ]
        }
      ]
    },
    {
      "mode": "managed",
      "type": "github_team_membership",
      "name": "admin-sharknasuhorse",
      "provider": "provider[\"registry.terraform.io/integrations/github\"]",
      "instances": [
        {
          "schema_version": 0,
          "attributes": {
            "etag": "W/\"576abde676f97806c194443e527066d4bf626dcb35d7c01f6eb469755b7e03a3\"",
            "id": "2008807:sharknasuhorse",
            "role": "maintainer",
            "team_id": "2008807",
            "username": "sharknasuhorse"
          },
          "sensitive_attributes": [],
          "private": "bnVsbA==",
          "dependencies": [
            "github_membership.sharknasuhorse",
            "github_team.admin"
          ]
        }
      ]
    },
    {
      "mode": "managed",
      "type": "github_team_membership",
      "name": "admin-takemhaya",
      "provider": "provider[\"registry.terraform.io/integrations/github\"]",
      "instances": [
        {
          "schema_version": 0,
          "attributes": {
            "etag": "W/\"5949375a34ceaba782f65d0a63d88c91e870d171321290a94e96882134b6c504\"",
            "id": "2008807:takehaya",
            "role": "maintainer",
            "team_id": "2008807",
            "username": "takehaya"
          },
          "sensitive_attributes": [],
          "private": "bnVsbA==",
          "dependencies": [
            "github_membership.takehaya",
            "github_team.admin"
          ]
        }
      ]
    },
    {
      "mode": "managed",
      "type": "github_team_membership",
      "name": "admin-tar-xzvff",
      "provider": "provider[\"registry.terraform.io/integrations/github\"]",
      "instances": [
        {
          "schema_version": 0,
          "attributes": {
            "etag": "W/\"0f62a40a717ecd20b861f3b3a991612266b6f90cae9d6397566fe56ce75dd4c0\"",
            "id": "2008807:tar-xzvff",
            "role": "maintainer",
            "team_id": "2008807",
            "username": "tar-xzvff"
          },
          "sensitive_attributes": [],
          "private": "bnVsbA==",
          "dependencies": [
            "github_membership.tar-xzvff",
            "github_team.admin"
          ]
        }
      ]
    },
    {
      "mode": "managed",
      "type": "github_team_membership",
      "name": "admin-uplus",
      "provider": "provider[\"registry.terraform.io/integrations/github\"]",
      "instances": [
        {
          "schema_version": 0,
          "attributes": {
            "etag": "W/\"4a5894cea95655b07ae66e59f2b084280954722fe58ea4eee7c7a291ce5d7312\"",
            "id": "2008807:uplus",
            "role": "maintainer",
            "team_id": "2008807",
            "username": "uplus"
          },
          "sensitive_attributes": [],
          "private": "bnVsbA==",
          "dependencies": [
            "github_membership.uplus",
            "github_team.admin"
          ]
        }
      ]
    },
    {
      "mode": "managed",
      "type": "github_team_membership",
      "name": "admin-whywaita",
      "provider": "provider[\"registry.terraform.io/integrations/github\"]",
      "instances": [
        {
          "schema_version": 0,
          "attributes": {
            "etag": "W/\"2ffc637301ccd473166d96298ff94f5bcd69f730686060fb2f1f42b8e9447a8b\"",
            "id": "2008807:whywaita",
            "role": "maintainer",
            "team_id": "2008807",
            "username": "whywaita"
          },
          "sensitive_attributes": [],
          "private": "bnVsbA==",
          "dependencies": [
            "github_membership.whywaita",
            "github_team.admin"
          ]
        }
      ]
    },
    {
      "mode": "managed",
      "type": "github_team_membership",
      "name": "admin-x86taka",
      "provider": "provider[\"registry.terraform.io/integrations/github\"]",
      "instances": [
        {
          "schema_version": 0,
          "attributes": {
            "etag": "W/\"ff3f35d5e4819c64534c1b07aa82021bc2a3e38690d5abadb0833536511a6bfb\"",
            "id": "2008807:x86taka",
            "role": "maintainer",
            "team_id": "2008807",
            "username": "x86taka"
          },
          "sensitive_attributes": [],
          "private": "bnVsbA==",
          "dependencies": [
            "github_membership.x86taka",
            "github_team.admin"
          ]
        }
      ]
    },
    {
      "mode": "managed",
      "type": "github_team_membership",
      "name": "admin-yukamoja",
      "provider": "provider[\"registry.terraform.io/integrations/github\"]",
      "instances": [
        {
          "schema_version": 0,
          "attributes": {
            "etag": "W/\"e145180aa30a495d73181eed2f4a1703bf569e4f72b97649af2d6f5395d39c7b\"",
            "id": "2008807:yukamoja",
            "role": "maintainer",
            "team_id": "2008807",
            "username": "yukamoja"
          },
          "sensitive_attributes": [],
          "private": "bnVsbA==",
          "dependencies": [
            "github_membership.yukamoja",
            "github_team.admin"
          ]
        }
      ]
    },
    {
      "mode": "managed",
      "type": "github_team_membership",
      "name": "ictsc2018-Kurorororo",
      "provider": "provider[\"registry.terraform.io/integrations/github\"]",
      "instances": [
        {
          "schema_version": 0,
          "attributes": {
            "etag": "W/\"7d859b2ea8b6e29bbbc666b13b7f27439ff440b33db07458891752cf1bbc1cdc\"",
            "id": "2818425:Kurorororo",
            "role": "member",
            "team_id": "2818425",
            "username": "Kurorororo"
          },
          "sensitive_attributes": [],
          "dependencies": [
            "github_membership.Kurorororo",
            "github_team.ictsc2018"
          ]
        }
      ]
    },
    {
      "mode": "managed",
      "type": "github_team_membership",
      "name": "ictsc2018-NozomiSugiyama",
      "provider": "provider[\"registry.terraform.io/integrations/github\"]",
      "instances": [
        {
          "schema_version": 0,
          "attributes": {
            "etag": "W/\"c1686819f5fad523cdc11d0a0824a7a1a96e956a503c5dbc01c8780ccd0b4ffd\"",
            "id": "2818425:NozomiSugiyama",
            "role": "member",
            "team_id": "2818425",
            "username": "NozomiSugiyama"
          },
          "sensitive_attributes": [],
          "dependencies": [
            "github_membership.NozomiSugiyama",
            "github_team.ictsc2018"
          ]
        }
      ]
    },
    {
      "mode": "managed",
      "type": "github_team_membership",
      "name": "ictsc2018-ShotaKitazawa",
      "provider": "provider[\"registry.terraform.io/integrations/github\"]",
      "instances": [
        {
          "schema_version": 0,
          "attributes": {
            "etag": "W/\"f0841fc287603552c7e9af234b5ef4e952d82d5637f9649ebd9fdd3b885b7645\"",
            "id": "2818425:ShotaKitazawa",
            "role": "member",
            "team_id": "2818425",
            "username": "ShotaKitazawa"
          },
          "sensitive_attributes": [],
          "dependencies": [
            "github_membership.ShotaKitazawa",
            "github_team.ictsc2018"
          ]
        }
      ]
    },
    {
      "mode": "managed",
      "type": "github_team_membership",
      "name": "ictsc2018-acque2two",
      "provider": "provider[\"registry.terraform.io/integrations/github\"]",
      "instances": [
        {
          "schema_version": 0,
          "attributes": {
            "etag": "W/\"ec20ed62cfdc2dbc97a77b4a128b37617dbd55c6bee1498a64e516bb5427a7b6\"",
            "id": "2818425:acque2two",
            "role": "member",
            "team_id": "2818425",
            "username": "acque2two"
          },
          "sensitive_attributes": [],
          "dependencies": [
            "github_membership.acque2two",
            "github_team.ictsc2018"
          ]
        }
      ]
    },
    {
      "mode": "managed",
      "type": "github_team_membership",
      "name": "ictsc2018-bosan120",
      "provider": "provider[\"registry.terraform.io/integrations/github\"]",
      "instances": [
        {
          "schema_version": 0,
          "attributes": {
            "etag": "W/\"ee92aa2e36b6fc783498e82e190ca408aefb627069ca91571e9c6964fd18db78\"",
            "id": "2818425:bosan120",
            "role": "member",
            "team_id": "2818425",
            "username": "bosan120"
          },
          "sensitive_attributes": [],
          "dependencies": [
            "github_membership.bosan120",
            "github_team.ictsc2018"
          ]
        }
      ]
    },
    {
      "mode": "managed",
      "type": "github_team_membership",
      "name": "ictsc2018-gurapomu",
      "provider": "provider[\"registry.terraform.io/integrations/github\"]",
      "instances": [
        {
          "schema_version": 0,
          "attributes": {
            "etag": "W/\"c131bd963b07315f094881b9045e423fb537685684bc52c01ccf5d9daf2f411c\"",
            "id": "2818425:gurapomu",
            "role": "member",
            "team_id": "2818425",
            "username": "gurapomu"
          },
          "sensitive_attributes": [],
          "dependencies": [
            "github_membership.gurapomu",
            "github_team.ictsc2018"
          ]
        }
      ]
    },
    {
      "mode": "managed",
      "type": "github_team_membership",
      "name": "ictsc2018-h-otter",
      "provider": "provider[\"registry.terraform.io/integrations/github\"]",
      "instances": [
        {
          "schema_version": 0,
          "attributes": {
            "etag": "W/\"eed43bceeddc9d812a5152460a0c8a01fffce2dbce34b309c958f9eea5fd2ca2\"",
            "id": "2818425:h-otter",
            "role": "maintainer",
            "team_id": "2818425",
            "username": "h-otter"
          },
          "sensitive_attributes": [],
          "private": "bnVsbA==",
          "dependencies": [
            "github_membership.h-otter",
            "github_team.ictsc2018"
          ]
        }
      ]
    },
    {
      "mode": "managed",
      "type": "github_team_membership",
      "name": "ictsc2018-ha-kun0711",
      "provider": "provider[\"registry.terraform.io/integrations/github\"]",
      "instances": [
        {
          "schema_version": 0,
          "attributes": {
            "etag": "W/\"f0c910e7c15872fecfae9ee7a9f85a6215d15e6d434f232b0028836f72bcdc81\"",
            "id": "2818425:ha-kun0711",
            "role": "member",
            "team_id": "2818425",
            "username": "ha-kun0711"
          },
          "sensitive_attributes": [],
          "dependencies": [
            "github_membership.ha-kun0711",
            "github_team.ictsc2018"
          ]
        }
      ]
    },
    {
      "mode": "managed",
      "type": "github_team_membership",
      "name": "ictsc2018-icchy",
      "provider": "provider[\"registry.terraform.io/integrations/github\"]",
      "instances": [
        {
          "schema_version": 0,
          "attributes": {
            "etag": "W/\"2b097b0abc010ee1f90fdffc76a15b4b1983b25c5ba3e9fa558fd06c6177e3d6\"",
            "id": "2818425:icchy",
            "role": "member",
            "team_id": "2818425",
            "username": "icchy"
          },
          "sensitive_attributes": [],
          "dependencies": [
            "github_membership.icchy",
            "github_team.ictsc2018"
          ]
        }
      ]
    },
    {
      "mode": "managed",
      "type": "github_team_membership",
      "name": "ictsc2018-kyontan",
      "provider": "provider[\"registry.terraform.io/integrations/github\"]",
      "instances": [
        {
          "schema_version": 0,
          "attributes": {
            "etag": "W/\"2fdb532971f8bdc43ccd9ceff7e22e170184394769c090d336ce62ddf9811d0e\"",
            "id": "2818425:kyontan",
            "role": "member",
            "team_id": "2818425",
            "username": "kyontan"
          },
          "sensitive_attributes": [],
          "dependencies": [
            "github_membership.kyontan",
            "github_team.ictsc2018"
          ]
        }
      ]
    },
    {
      "mode": "managed",
      "type": "github_team_membership",
      "name": "ictsc2018-onokatio",
      "provider": "provider[\"registry.terraform.io/integrations/github\"]",
      "instances": [
        {
          "schema_version": 0,
          "attributes": {
            "etag": "W/\"c98a66a2eca5ecff0babeb77c877af4d65f305b4aa4ffde2fdd1b48919c2fe6c\"",
            "id": "2818425:onokatio",
            "role": "maintainer",
            "team_id": "2818425",
            "username": "onokatio"
          },
          "sensitive_attributes": [],
          "private": "bnVsbA==",
          "dependencies": [
            "github_membership.onokatio",
            "github_team.ictsc2018"
          ]
        }
      ]
    },
    {
      "mode": "managed",
      "type": "github_team_membership",
      "name": "ictsc2018-orin24",
      "provider": "provider[\"registry.terraform.io/integrations/github\"]",
      "instances": [
        {
          "schema_version": 0,
          "attributes": {
            "etag": "W/\"1bb8e4711b2544be24a69725b1664c3b809f54dcf6310c9ca7cfe6e36c5c27eb\"",
            "id": "2818425:orin24",
            "role": "member",
            "team_id": "2818425",
            "username": "orin24"
          },
          "sensitive_attributes": [],
          "dependencies": [
            "github_membership.orin24",
            "github_team.ictsc2018"
          ]
        }
      ]
    },
    {
      "mode": "managed",
      "type": "github_team_membership",
      "name": "ictsc2018-palloc",
      "provider": "provider[\"registry.terraform.io/integrations/github\"]",
      "instances": [
        {
          "schema_version": 0,
          "attributes": {
            "etag": "W/\"1fefb3419645e36206da9a5d0a0a5310bfe92f8191ac0193ab8465a6d919a8a0\"",
            "id": "2818425:palloc",
            "role": "member",
            "team_id": "2818425",
            "username": "palloc"
          },
          "sensitive_attributes": [],
          "dependencies": [
            "github_membership.palloc",
            "github_team.ictsc2018"
          ]
        }
      ]
    },
    {
      "mode": "managed",
      "type": "github_team_membership",
      "name": "ictsc2018-potyama",
      "provider": "provider[\"registry.terraform.io/integrations/github\"]",
      "instances": [
        {
          "schema_version": 0,
          "attributes": {
            "etag": "W/\"fabc138efdb079c5d129fda817bbb3c056a566254b96858c058bd8af5f832218\"",
            "id": "2818425:potyama",
            "role": "member",
            "team_id": "2818425",
            "username": "potyama"
          },
          "sensitive_attributes": [],
          "dependencies": [
            "github_membership.potyama",
            "github_team.ictsc2018"
          ]
        }
      ]
    },
    {
      "mode": "managed",
      "type": "github_team_membership",
      "name": "ictsc2018-proelbtn",
      "provider": "provider[\"registry.terraform.io/integrations/github\"]",
      "instances": [
        {
          "schema_version": 0,
          "attributes": {
            "etag": "W/\"dc4308ff84f2121a93caa4560d62bb2792313d85c9314ed2f92fd66a224d1cce\"",
            "id": "2818425:proelbtn",
            "role": "maintainer",
            "team_id": "2818425",
            "username": "proelbtn"
          },
          "sensitive_attributes": [],
          "private": "bnVsbA==",
          "dependencies": [
            "github_membership.proelbtn",
            "github_team.ictsc2018"
          ]
        }
      ]
    },
    {
      "mode": "managed",
      "type": "github_team_membership",
      "name": "ictsc2018-sharknasuhorse",
      "provider": "provider[\"registry.terraform.io/integrations/github\"]",
      "instances": [
        {
          "schema_version": 0,
          "attributes": {
            "etag": "W/\"3bd01bb97c6f2eaf491efdf12e1b49edcd0759c8f7265a51131f4d0bfce817d5\"",
            "id": "2818425:sharknasuhorse",
            "role": "maintainer",
            "team_id": "2818425",
            "username": "sharknasuhorse"
          },
          "sensitive_attributes": [],
          "private": "bnVsbA==",
          "dependencies": [
            "github_membership.sharknasuhorse",
            "github_team.ictsc2018"
          ]
        }
      ]
    },
    {
      "mode": "managed",
      "type": "github_team_membership",
      "name": "ictsc2018-takehaya",
      "provider": "provider[\"registry.terraform.io/integrations/github\"]",
      "instances": [
        {
          "schema_version": 0,
          "attributes": {
            "etag": "W/\"34b5539fbdd215a7d7638ee507abfbfbc1d8e7f87985bcb0bb1d4fb2baec2356\"",
            "id": "2818425:takehaya",
            "role": "maintainer",
            "team_id": "2818425",
            "username": "takehaya"
          },
          "sensitive_attributes": [],
          "private": "bnVsbA==",
          "dependencies": [
            "github_membership.takehaya",
            "github_team.ictsc2018"
          ]
        }
      ]
    },
    {
      "mode": "managed",
      "type": "github_team_membership",
      "name": "ictsc2018-uplus",
      "provider": "provider[\"registry.terraform.io/integrations/github\"]",
      "instances": [
        {
          "schema_version": 0,
          "attributes": {
            "etag": "W/\"6813d0ad1f91918c18f1dd363413b5a04d6d19916a5cdc8968eb00ba5ed0768c\"",
            "id": "2818425:uplus",
            "role": "maintainer",
            "team_id": "2818425",
            "username": "uplus"
          },
          "sensitive_attributes": [],
          "private": "bnVsbA==",
          "dependencies": [
            "github_membership.uplus",
            "github_team.ictsc2018"
          ]
        }
      ]
    },
    {
      "mode": "managed",
      "type": "github_team_membership",
      "name": "ictsc2018-whywaita",
      "provider": "provider[\"registry.terraform.io/integrations/github\"]",
      "instances": [
        {
          "schema_version": 0,
          "attributes": {
            "etag": "W/\"49baaf3c853b4fff8f6115589f0cd1c075154cda90ad82914c6201d6145a9efa\"",
            "id": "2818425:whywaita",
            "role": "maintainer",
            "team_id": "2818425",
            "username": "whywaita"
          },
          "sensitive_attributes": [],
          "private": "bnVsbA==",
          "dependencies": [
            "github_membership.whywaita",
            "github_team.ictsc2018"
          ]
        }
      ]
    },
    {
      "mode": "managed",
      "type": "github_team_membership",
      "name": "ictsc2018-yatuhashi",
      "provider": "provider[\"registry.terraform.io/integrations/github\"]",
      "instances": [
        {
          "schema_version": 0,
          "attributes": {
            "etag": "W/\"361ee2ec8e2cf48d13991f57382704d4cc9bfe24d6dad03d0a79eef02f9b069f\"",
            "id": "2818425:yatuhashi",
            "role": "member",
            "team_id": "2818425",
            "username": "yatuhashi"
          },
          "sensitive_attributes": [],
          "dependencies": [
            "github_membership.yatuhashi",
            "github_team.ictsc2018"
          ]
        }
      ]
    },
    {
      "mode": "managed",
      "type": "github_team_membership",
      "name": "ictsc2019-Iwancof",
      "provider": "provider[\"registry.terraform.io/integrations/github\"]",
      "instances": [
        {
          "schema_version": 0,
          "attributes": {
            "etag": "W/\"cc4c9c7a8e3c999c6034ae0cc6e4ce0aa1f001cf8fe1860daa7bb3134985917b\"",
            "id": "3300293:Iwancof",
            "role": "member",
            "team_id": "3300293",
            "username": "Iwancof"
          },
          "sensitive_attributes": [],
          "dependencies": [
            "github_membership.Iwancof",
            "github_team.ictsc2019"
          ]
        }
      ]
    },
    {
      "mode": "managed",
      "type": "github_team_membership",
      "name": "ictsc2019-Kurorororo",
      "provider": "provider[\"registry.terraform.io/integrations/github\"]",
      "instances": [
        {
          "schema_version": 0,
          "attributes": {
            "etag": "W/\"d7e9dc0db47b629cc46f8f744f1e08da065a8eefdaae372385cc1914e57fbb8c\"",
            "id": "3300293:Kurorororo",
            "role": "member",
            "team_id": "3300293",
            "username": "Kurorororo"
          },
          "sensitive_attributes": [],
          "dependencies": [
            "github_membership.Kurorororo",
            "github_team.ictsc2019"
          ]
        }
      ]
    },
    {
      "mode": "managed",
      "type": "github_team_membership",
      "name": "ictsc2019-SallyAcolyte",
      "provider": "provider[\"registry.terraform.io/integrations/github\"]",
      "instances": [
        {
          "schema_version": 0,
          "attributes": {
            "etag": "W/\"52d6402d302ced2b08a82fbbf420d471db57617ae553c858f8a26b20a535cc25\"",
            "id": "3300293:SallyAcolyte",
            "role": "member",
            "team_id": "3300293",
            "username": "SallyAcolyte"
          },
          "sensitive_attributes": [],
          "dependencies": [
            "github_membership.SallyAcolyte",
            "github_team.ictsc2019"
          ]
        }
      ]
    },
    {
      "mode": "managed",
      "type": "github_team_membership",
      "name": "ictsc2019-SilEighty-ym",
      "provider": "provider[\"registry.terraform.io/integrations/github\"]",
      "instances": [
        {
          "schema_version": 0,
          "attributes": {
            "etag": "W/\"c89002a9d5f9773afd9f58a6694ac697a113af1ca53204cafcda87a5da4c939e\"",
            "id": "3300293:SilEighty-ym",
            "role": "member",
            "team_id": "3300293",
            "username": "SilEighty-ym"
          },
          "sensitive_attributes": [],
          "dependencies": [
            "github_membership.SilEighty-ym",
            "github_team.ictsc2019"
          ]
        }
      ]
    },
    {
      "mode": "managed",
      "type": "github_team_membership",
      "name": "ictsc2019-TenkiGit",
      "provider": "provider[\"registry.terraform.io/integrations/github\"]",
      "instances": [
        {
          "schema_version": 0,
          "attributes": {
            "etag": "W/\"b5bd15afdba34d1b1334098b1d5a6a2659bee0aff4be7318fead6a5c791c49c1\"",
            "id": "3300293:TenkiGit",
            "role": "member",
            "team_id": "3300293",
            "username": "TenkiGit"
          },
          "sensitive_attributes": [],
          "dependencies": [
            "github_membership.TenkiGit",
            "github_team.ictsc2019"
          ]
        }
      ]
    },
    {
      "mode": "managed",
      "type": "github_team_membership",
      "name": "ictsc2019-Terfno",
      "provider": "provider[\"registry.terraform.io/integrations/github\"]",
      "instances": [
        {
          "schema_version": 0,
          "attributes": {
            "etag": "W/\"e9afca5399828f5cfeab49bebf217a7beac2ac15eb0cb35f03b548ffc2810ff5\"",
            "id": "3300293:Terfno",
            "role": "member",
            "team_id": "3300293",
            "username": "Terfno"
          },
          "sensitive_attributes": [],
          "dependencies": [
            "github_membership.Terfno",
            "github_team.ictsc2019"
          ]
        }
      ]
    },
    {
      "mode": "managed",
      "type": "github_team_membership",
      "name": "ictsc2019-arupakan125",
      "provider": "provider[\"registry.terraform.io/integrations/github\"]",
      "instances": [
        {
          "schema_version": 0,
          "attributes": {
            "etag": "W/\"20bee78ffd51c5b889a21a10e9238719b8ebe16ace416a47fa2f55e5acde0f14\"",
            "id": "3300293:arupakan125",
            "role": "member",
            "team_id": "3300293",
            "username": "arupakan125"
          },
          "sensitive_attributes": [],
          "dependencies": [
            "github_membership.arupakan125",
            "github_team.ictsc2019"
          ]
        }
      ]
    },
    {
      "mode": "managed",
      "type": "github_team_membership",
      "name": "ictsc2019-beggarl",
      "provider": "provider[\"registry.terraform.io/integrations/github\"]",
      "instances": [
        {
          "schema_version": 0,
          "attributes": {
            "etag": "W/\"520aa605ba2ac7609ceb50af50230d5d9e16a201d88d24b3778d944eb6ad6a1c\"",
            "id": "3300293:beggarl",
            "role": "member",
            "team_id": "3300293",
            "username": "beggarl"
          },
          "sensitive_attributes": [],
          "dependencies": [
            "github_membership.beggarl",
            "github_team.ictsc2019"
          ]
        }
      ]
    },
    {
      "mode": "managed",
      "type": "github_team_membership",
      "name": "ictsc2019-chouett0",
      "provider": "provider[\"registry.terraform.io/integrations/github\"]",
      "instances": [
        {
          "schema_version": 0,
          "attributes": {
            "etag": "W/\"9f2437e21716bcdd4e6b955900bab02fd9cdf4ebfbcac28cf52a7410cbde8894\"",
            "id": "3300293:chouett0",
            "role": "member",
            "team_id": "3300293",
            "username": "chouett0"
          },
          "sensitive_attributes": [],
          "dependencies": [
            "github_membership.chouett0",
            "github_team.ictsc2019"
          ]
        }
      ]
    },
    {
      "mode": "managed",
      "type": "github_team_membership",
      "name": "ictsc2019-ecodrive-18",
      "provider": "provider[\"registry.terraform.io/integrations/github\"]",
      "instances": [
        {
          "schema_version": 0,
          "attributes": {
            "etag": "W/\"c8c1421de80d7e215b9620168b6a81b7caf8a608bdb0967abc37882aa274d606\"",
            "id": "3300293:ecodrive-18",
            "role": "member",
            "team_id": "3300293",
            "username": "ecodrive-18"
          },
          "sensitive_attributes": [],
          "dependencies": [
            "github_membership.ecodrive-18",
            "github_team.ictsc2019"
          ]
        }
      ]
    },
    {
      "mode": "managed",
      "type": "github_team_membership",
      "name": "ictsc2019-gurapomu",
      "provider": "provider[\"registry.terraform.io/integrations/github\"]",
      "instances": [
        {
          "schema_version": 0,
          "attributes": {
            "etag": "W/\"33aaf1b5ce3ad3a0656d288cbacb2d52509f616da54c87647da96d992c01774e\"",
            "id": "3300293:gurapomu",
            "role": "member",
            "team_id": "3300293",
            "username": "gurapomu"
          },
          "sensitive_attributes": [],
          "dependencies": [
            "github_membership.gurapomu",
            "github_team.ictsc2019"
          ]
        }
      ]
    },
    {
      "mode": "managed",
      "type": "github_team_membership",
      "name": "ictsc2019-h-otter",
      "provider": "provider[\"registry.terraform.io/integrations/github\"]",
      "instances": [
        {
          "schema_version": 0,
          "attributes": {
            "etag": "W/\"072f4a7b8b0d07f7c7c36204b65fd9938a67b3e8cf7b69ec6b0016107084cf9e\"",
            "id": "3300293:h-otter",
            "role": "maintainer",
            "team_id": "3300293",
            "username": "h-otter"
          },
          "sensitive_attributes": [],
          "private": "bnVsbA==",
          "dependencies": [
            "github_membership.h-otter",
            "github_team.ictsc2019"
          ]
        }
      ]
    },
    {
      "mode": "managed",
      "type": "github_team_membership",
      "name": "ictsc2019-hibiki31",
      "provider": "provider[\"registry.terraform.io/integrations/github\"]",
      "instances": [
        {
          "schema_version": 0,
          "attributes": {
            "etag": "W/\"d5b253bc54111fea93b49542d4decc26ddf2571d78da9d84cc582c86c9422971\"",
            "id": "3300293:hibiki31",
            "role": "member",
            "team_id": "3300293",
            "username": "hibiki31"
          },
          "sensitive_attributes": [],
          "dependencies": [
            "github_membership.hibiki31",
            "github_team.ictsc2019"
          ]
        }
      ]
    },
    {
      "mode": "managed",
      "type": "github_team_membership",
      "name": "ictsc2019-icchy",
      "provider": "provider[\"registry.terraform.io/integrations/github\"]",
      "instances": [
        {
          "schema_version": 0,
          "attributes": {
            "etag": "W/\"68eaecbda3b188bd31c57aa63d37c2f82d62e16d5e1ec2911a3027e200806019\"",
            "id": "3300293:icchy",
            "role": "member",
            "team_id": "3300293",
            "username": "icchy"
          },
          "sensitive_attributes": [],
          "dependencies": [
            "github_membership.icchy",
            "github_team.ictsc2019"
          ]
        }
      ]
    },
    {
      "mode": "managed",
      "type": "github_team_membership",
      "name": "ictsc2019-kapibara824",
      "provider": "provider[\"registry.terraform.io/integrations/github\"]",
      "instances": [
        {
          "schema_version": 0,
          "attributes": {
            "etag": "W/\"28563ce7909afb36d88fdefa0c57f20ed9a0e7107f6989e64d9f425fd5b458c5\"",
            "id": "3300293:kapibara824",
            "role": "member",
            "team_id": "3300293",
            "username": "kapibara824"
          },
          "sensitive_attributes": [],
          "dependencies": [
            "github_membership.kapibara824",
            "github_team.ictsc2019"
          ]
        }
      ]
    },
    {
      "mode": "managed",
      "type": "github_team_membership",
      "name": "ictsc2019-mbook-x86",
      "provider": "provider[\"registry.terraform.io/integrations/github\"]",
      "instances": [
        {
          "schema_version": 0,
          "attributes": {
            "etag": "W/\"bffa47bc68e174e5b706216bc7ea6093aebc28f061f234c4ba21db4b02930e4a\"",
            "id": "3300293:mbook-x86",
            "role": "member",
            "team_id": "3300293",
            "username": "mbook-x86"
          },
          "sensitive_attributes": [],
          "dependencies": [
            "github_membership.mbook-x86",
            "github_team.ictsc2019"
          ]
        }
      ]
    },
    {
      "mode": "managed",
      "type": "github_team_membership",
      "name": "ictsc2019-naoki912",
      "provider": "provider[\"registry.terraform.io/integrations/github\"]",
      "instances": [
        {
          "schema_version": 0,
          "attributes": {
            "etag": "W/\"b942ed30eb1414534b8f22adff9b9c4872312497c286e0b3b13cceae9f4551b0\"",
            "id": "3300293:naoki912",
            "role": "member",
            "team_id": "3300293",
            "username": "naoki912"
          },
          "sensitive_attributes": [],
          "dependencies": [
            "github_membership.naoki912",
            "github_team.ictsc2019"
          ]
        }
      ]
    },
    {
      "mode": "managed",
      "type": "github_team_membership",
      "name": "ictsc2019-onokatio",
      "provider": "provider[\"registry.terraform.io/integrations/github\"]",
      "instances": [
        {
          "schema_version": 0,
          "attributes": {
            "etag": "W/\"f7e5c329f165e3fd25a335d3d47c2a66b2de1eeeeb49029ebbbccf7a53db354a\"",
            "id": "3300293:onokatio",
            "role": "maintainer",
            "team_id": "3300293",
            "username": "onokatio"
          },
          "sensitive_attributes": [],
          "private": "bnVsbA==",
          "dependencies": [
            "github_membership.onokatio",
            "github_team.ictsc2019"
          ]
        }
      ]
    },
    {
      "mode": "managed",
      "type": "github_team_membership",
      "name": "ictsc2019-ophum",
      "provider": "provider[\"registry.terraform.io/integrations/github\"]",
      "instances": [
        {
          "schema_version": 0,
          "attributes": {
            "etag": "W/\"be1c7585ce8ee139b16845899062d9eede35af1c84509a113786f801f4355512\"",
            "id": "3300293:ophum",
            "role": "member",
            "team_id": "3300293",
            "username": "ophum"
          },
          "sensitive_attributes": [],
          "dependencies": [
            "github_membership.ophum",
            "github_team.ictsc2019"
          ]
        }
      ]
    },
    {
      "mode": "managed",
      "type": "github_team_membership",
      "name": "ictsc2019-potyama",
      "provider": "provider[\"registry.terraform.io/integrations/github\"]",
      "instances": [
        {
          "schema_version": 0,
          "attributes": {
            "etag": "W/\"58e150dd84cffb338713e73724e89dd1248a79722db55189c836b35d07895fcd\"",
            "id": "3300293:potyama",
            "role": "member",
            "team_id": "3300293",
            "username": "potyama"
          },
          "sensitive_attributes": [],
          "dependencies": [
            "github_membership.potyama",
            "github_team.ictsc2019"
          ]
        }
      ]
    },
    {
      "mode": "managed",
      "type": "github_team_membership",
      "name": "ictsc2019-proelbtn",
      "provider": "provider[\"registry.terraform.io/integrations/github\"]",
      "instances": [
        {
          "schema_version": 0,
          "attributes": {
            "etag": "W/\"1c002b98784927e4c8f8102cbc8e34d006e5b36ef12c3fb0d9de211d0d6ae2e4\"",
            "id": "3300293:proelbtn",
            "role": "maintainer",
            "team_id": "3300293",
            "username": "proelbtn"
          },
          "sensitive_attributes": [],
          "private": "bnVsbA==",
          "dependencies": [
            "github_membership.proelbtn",
            "github_team.ictsc2019"
          ]
        }
      ]
    },
    {
      "mode": "managed",
      "type": "github_team_membership",
      "name": "ictsc2019-recuraki",
      "provider": "provider[\"registry.terraform.io/integrations/github\"]",
      "instances": [
        {
          "schema_version": 0,
          "attributes": {
            "etag": "W/\"238228a24591f9f88b8ea799b9a097760b11b99a4ef113ad2e8afb4a662cb86e\"",
            "id": "3300293:recuraki",
            "role": "member",
            "team_id": "3300293",
            "username": "recuraki"
          },
          "sensitive_attributes": [],
          "dependencies": [
            "github_membership.recuraki",
            "github_team.ictsc2019"
          ]
        }
      ]
    },
    {
      "mode": "managed",
      "type": "github_team_membership",
      "name": "ictsc2019-rlia",
      "provider": "provider[\"registry.terraform.io/integrations/github\"]",
      "instances": [
        {
          "schema_version": 0,
          "attributes": {
            "etag": "W/\"495e7dfcc188e96d3c01a929ae63428e78617e9b6f1d66bb72f76ce85e815545\"",
            "id": "3300293:rlia",
            "role": "member",
            "team_id": "3300293",
            "username": "rlia"
          },
          "sensitive_attributes": [],
          "dependencies": [
            "github_membership.rlia",
            "github_team.ictsc2019"
          ]
        }
      ]
    },
    {
      "mode": "managed",
      "type": "github_team_membership",
      "name": "ictsc2019-sharknasuhorse",
      "provider": "provider[\"registry.terraform.io/integrations/github\"]",
      "instances": [
        {
          "schema_version": 0,
          "attributes": {
            "etag": "W/\"9750dd4c62aaaa04e4111f506d2eec913f7a892cab652e5ce8deb4e092a547a7\"",
            "id": "3300293:sharknasuhorse",
            "role": "maintainer",
            "team_id": "3300293",
            "username": "sharknasuhorse"
          },
          "sensitive_attributes": [],
          "private": "bnVsbA==",
          "dependencies": [
            "github_membership.sharknasuhorse",
            "github_team.ictsc2019"
          ]
        }
      ]
    },
    {
      "mode": "managed",
      "type": "github_team_membership",
      "name": "ictsc2019-site0801",
      "provider": "provider[\"registry.terraform.io/integrations/github\"]",
      "instances": [
        {
          "schema_version": 0,
          "attributes": {
            "etag": "W/\"cd3f1c57e6f10190e19cc03d3ab7055a2952eb53849cd72db6255adca11f2082\"",
            "id": "3300293:site0801",
            "role": "member",
            "team_id": "3300293",
            "username": "site0801"
          },
          "sensitive_attributes": [],
          "dependencies": [
            "github_membership.site0801",
            "github_team.ictsc2019"
          ]
        }
      ]
    },
    {
      "mode": "managed",
      "type": "github_team_membership",
      "name": "ictsc2019-syuli",
      "provider": "provider[\"registry.terraform.io/integrations/github\"]",
      "instances": [
        {
          "schema_version": 0,
          "attributes": {
            "etag": "W/\"aa821f37ddb5e111a20e3fb8d21da532e72a90f90b8cb153345dee7eacfaea62\"",
            "id": "3300293:syuli",
            "role": "member",
            "team_id": "3300293",
            "username": "syuli"
          },
          "sensitive_attributes": [],
          "dependencies": [
            "github_membership.syuli",
            "github_team.ictsc2019"
          ]
        }
      ]
    },
    {
      "mode": "managed",
      "type": "github_team_membership",
      "name": "ictsc2019-takehaya",
      "provider": "provider[\"registry.terraform.io/integrations/github\"]",
      "instances": [
        {
          "schema_version": 0,
          "attributes": {
            "etag": "W/\"e48664f5e0ff5fa231d846c3ea0269c6d9bbab354c04281fb24d70fa52779fd7\"",
            "id": "3300293:takehaya",
            "role": "maintainer",
            "team_id": "3300293",
            "username": "takehaya"
          },
          "sensitive_attributes": [],
          "private": "bnVsbA==",
          "dependencies": [
            "github_membership.takehaya",
            "github_team.ictsc2019"
          ]
        }
      ]
    },
    {
      "mode": "managed",
      "type": "github_team_membership",
      "name": "ictsc2019-tom--bo",
      "provider": "provider[\"registry.terraform.io/integrations/github\"]",
      "instances": [
        {
          "schema_version": 0,
          "attributes": {
            "etag": "W/\"06fe018eb038d4d12391f82aa26f07bb72831cff3d74d4dc503a633dbd8ddc25\"",
            "id": "3300293:tom--bo",
            "role": "member",
            "team_id": "3300293",
            "username": "tom--bo"
          },
          "sensitive_attributes": [],
          "dependencies": [
            "github_membership.tom--bo",
            "github_team.ictsc2019"
          ]
        }
      ]
    },
    {
      "mode": "managed",
      "type": "github_team_membership",
      "name": "ictsc2019-uplus",
      "provider": "provider[\"registry.terraform.io/integrations/github\"]",
      "instances": [
        {
          "schema_version": 0,
          "attributes": {
            "etag": "W/\"74fe1562336dc3d00dc44d1308b3b41a33a27d213170478825a3f117183107a3\"",
            "id": "3300293:uplus",
            "role": "maintainer",
            "team_id": "3300293",
            "username": "uplus"
          },
          "sensitive_attributes": [],
          "private": "bnVsbA==",
          "dependencies": [
            "github_membership.uplus",
            "github_team.ictsc2019"
          ]
        }
      ]
    },
    {
      "mode": "managed",
      "type": "github_team_membership",
      "name": "ictsc2019-yo-kanyukari",
      "provider": "provider[\"registry.terraform.io/integrations/github\"]",
      "instances": [
        {
          "schema_version": 0,
          "attributes": {
            "etag": "W/\"60d2556c6e08db489f3c8cacba86f6e15144b535dc8c97d2568469aa70ff625d\"",
            "id": "3300293:siberiy4",
            "role": "member",
            "team_id": "3300293",
            "username": "siberiy4"
          },
          "sensitive_attributes": [],
          "private": "bnVsbA==",
          "dependencies": [
            "github_membership.yo-kanyukari",
            "github_team.ictsc2019"
          ]
        }
      ]
    },
    {
      "mode": "managed",
      "type": "github_team_membership",
      "name": "ictsc2019-yoneyan",
      "provider": "provider[\"registry.terraform.io/integrations/github\"]",
      "instances": [
        {
          "schema_version": 0,
          "attributes": {
            "etag": "W/\"4addd43efd5d86cd2abe02de6408a92c41a76e29143e4a7bfdfed1dde9f21c66\"",
            "id": "3300293:yoneyan",
            "role": "member",
            "team_id": "3300293",
            "username": "yoneyan"
          },
          "sensitive_attributes": [],
          "dependencies": [
            "github_membership.yoneyan",
            "github_team.ictsc2019"
          ]
        }
      ]
    },
    {
      "mode": "managed",
      "type": "github_team_membership",
      "name": "ictsc2019-yu-tanaka00",
      "provider": "provider[\"registry.terraform.io/integrations/github\"]",
      "instances": [
        {
          "schema_version": 0,
          "attributes": {
            "etag": "W/\"b83a6e4eb5e679e6d6555b60a6e269ec900874fc167539c3111ccbe25d805cb0\"",
            "id": "3300293:yu-tanaka00",
            "role": "member",
            "team_id": "3300293",
            "username": "yu-tanaka00"
          },
          "sensitive_attributes": [],
          "dependencies": [
            "github_membership.yu-tanaka00",
            "github_team.ictsc2019"
          ]
        }
      ]
    },
    {
      "mode": "managed",
      "type": "github_team_membership",
      "name": "ictsc2020-Hicky1025",
      "provider": "provider[\"registry.terraform.io/integrations/github\"]",
      "instances": [
        {
          "schema_version": 0,
          "attributes": {
            "etag": "W/\"2810926c9ca175a951ebeeaa398d6846deaf8c538ecad58ae52fabf4f7f58a18\"",
            "id": "3894829:Hicky1025",
            "role": "member",
            "team_id": "3894829",
            "username": "Hicky1025"
          },
          "sensitive_attributes": [],
          "dependencies": [
            "github_membership.Hicky1025",
            "github_team.ictsc2020"
          ]
        }
      ]
    },
    {
      "mode": "managed",
      "type": "github_team_membership",
      "name": "ictsc2020-TenkiGit",
      "provider": "provider[\"registry.terraform.io/integrations/github\"]",
      "instances": [
        {
          "schema_version": 0,
          "attributes": {
            "etag": "W/\"fbb052e38895094f83633e0f23c4ff22bc4cd95cd6ad901a6cf292326b8d41f7\"",
            "id": "3894829:TenkiGit",
            "role": "member",
            "team_id": "3894829",
            "username": "TenkiGit"
          },
          "sensitive_attributes": [],
          "dependencies": [
            "github_membership.TenkiGit",
            "github_team.ictsc2020"
          ]
        }
      ]
    },
    {
      "mode": "managed",
      "type": "github_team_membership",
      "name": "ictsc2020-Terfno",
      "provider": "provider[\"registry.terraform.io/integrations/github\"]",
      "instances": [
        {
          "schema_version": 0,
          "attributes": {
            "etag": "W/\"7531201250626a5f27f9dddee8e5ab8e061641b30017b589d04f8d729e59a69c\"",
            "id": "3894829:Terfno",
            "role": "member",
            "team_id": "3894829",
            "username": "Terfno"
          },
          "sensitive_attributes": [],
          "dependencies": [
            "github_membership.Terfno",
            "github_team.ictsc2020"
          ]
        }
      ]
    },
    {
      "mode": "managed",
      "type": "github_team_membership",
      "name": "ictsc2020-arupakan125",
      "provider": "provider[\"registry.terraform.io/integrations/github\"]",
      "instances": [
        {
          "schema_version": 0,
          "attributes": {
            "etag": "W/\"ab947c3ff9f2c476ab074d42f33653885110a412a098a1166b575571c3f179f1\"",
            "id": "3894829:arupakan125",
            "role": "member",
            "team_id": "3894829",
            "username": "arupakan125"
          },
          "sensitive_attributes": [],
          "dependencies": [
            "github_membership.arupakan125",
            "github_team.ictsc2020"
          ]
        }
      ]
    },
    {
      "mode": "managed",
      "type": "github_team_membership",
      "name": "ictsc2020-hibiki31",
      "provider": "provider[\"registry.terraform.io/integrations/github\"]",
      "instances": [
        {
          "schema_version": 0,
          "attributes": {
            "etag": "W/\"af53ae73f7d384dbd1bdd54c194ea152cf6d2b682905265d525a7f0d48a1f4a7\"",
            "id": "3894829:hibiki31",
            "role": "member",
            "team_id": "3894829",
            "username": "hibiki31"
          },
          "sensitive_attributes": [],
          "dependencies": [
            "github_membership.hibiki31",
            "github_team.ictsc2020"
          ]
        }
      ]
    },
    {
      "mode": "managed",
      "type": "github_team_membership",
      "name": "ictsc2020-kapibara824",
      "provider": "provider[\"registry.terraform.io/integrations/github\"]",
      "instances": [
        {
          "schema_version": 0,
          "attributes": {
            "etag": "W/\"ae39e6e847ce22a6cb5fdcb4ad0c731abc6bc53024d71307dadf961abfc3439a\"",
            "id": "3894829:kapibara824",
            "role": "member",
            "team_id": "3894829",
            "username": "kapibara824"
          },
          "sensitive_attributes": [],
          "dependencies": [
            "github_membership.kapibara824",
            "github_team.ictsc2020"
          ]
        }
      ]
    },
    {
      "mode": "managed",
      "type": "github_team_membership",
      "name": "ictsc2020-nakasyo2650",
      "provider": "provider[\"registry.terraform.io/integrations/github\"]",
      "instances": [
        {
          "schema_version": 0,
          "attributes": {
            "etag": "W/\"cc22db45946c6c8f9055b065fc1ecc597431824b83bd0ac2d897497f0bdb7153\"",
            "id": "3894829:nakasyo2650",
            "role": "member",
            "team_id": "3894829",
            "username": "nakasyo2650"
          },
          "sensitive_attributes": [],
          "dependencies": [
            "github_membership.nakasyo2650",
            "github_team.ictsc2020"
          ]
        }
      ]
    },
    {
      "mode": "managed",
      "type": "github_team_membership",
      "name": "ictsc2020-naoki2001",
      "provider": "provider[\"registry.terraform.io/integrations/github\"]",
      "instances": [
        {
          "schema_version": 0,
          "attributes": {
            "etag": "W/\"8b42f079c0a39fb54c22971c663d120930fdd36f7791a785051f73ce81cbc301\"",
            "id": "3894829:naoki2001",
            "role": "member",
            "team_id": "3894829",
            "username": "naoki2001"
          },
          "sensitive_attributes": [],
          "dependencies": [
            "github_membership.naoki2001",
            "github_team.ictsc2020"
          ]
        }
      ]
    },
    {
      "mode": "managed",
      "type": "github_team_membership",
      "name": "ictsc2020-onokatio",
      "provider": "provider[\"registry.terraform.io/integrations/github\"]",
      "instances": [
        {
          "schema_version": 0,
          "attributes": {
            "etag": "W/\"9cfe029492665908ecb5cefc280c4f571f2e9ad0047eab98236f0bb0e4a28190\"",
            "id": "3894829:onokatio",
            "role": "maintainer",
            "team_id": "3894829",
            "username": "onokatio"
          },
          "sensitive_attributes": [],
          "private": "bnVsbA==",
          "dependencies": [
            "github_membership.onokatio",
            "github_team.ictsc2020"
          ]
        }
      ]
    },
    {
      "mode": "managed",
      "type": "github_team_membership",
      "name": "ictsc2020-ophum",
      "provider": "provider[\"registry.terraform.io/integrations/github\"]",
      "instances": [
        {
          "schema_version": 0,
          "attributes": {
            "etag": "W/\"87654d903e1c2f9621378f88a30714ec63a02c2ff371e93b9ed8de921b669bfe\"",
            "id": "3894829:ophum",
            "role": "member",
            "team_id": "3894829",
            "username": "ophum"
          },
          "sensitive_attributes": [],
          "dependencies": [
            "github_membership.ophum",
            "github_team.ictsc2020"
          ]
        }
      ]
    },
    {
      "mode": "managed",
      "type": "github_team_membership",
      "name": "ictsc2020-potyama",
      "provider": "provider[\"registry.terraform.io/integrations/github\"]",
      "instances": [
        {
          "schema_version": 0,
          "attributes": {
            "etag": "W/\"8f73c13ec06a241bf41f023d6d5695f5be26115ab3292da7c226a7c28649ca9c\"",
            "id": "3894829:potyama",
            "role": "member",
            "team_id": "3894829",
            "username": "potyama"
          },
          "sensitive_attributes": [],
          "dependencies": [
            "github_membership.potyama",
            "github_team.ictsc2020"
          ]
        }
      ]
    },
    {
      "mode": "managed",
      "type": "github_team_membership",
      "name": "ictsc2020-proelbtn",
      "provider": "provider[\"registry.terraform.io/integrations/github\"]",
      "instances": [
        {
          "schema_version": 0,
          "attributes": {
            "etag": "W/\"6ff31ffdcefdcbbe9170d2adb033ee61dbf5f0d8cd09343f88915adf32a25ee4\"",
            "id": "3894829:proelbtn",
            "role": "maintainer",
            "team_id": "3894829",
            "username": "proelbtn"
          },
          "sensitive_attributes": [],
          "private": "bnVsbA==",
          "dependencies": [
            "github_membership.proelbtn",
            "github_team.ictsc2020"
          ]
        }
      ]
    },
    {
      "mode": "managed",
      "type": "github_team_membership",
      "name": "ictsc2020-rlia",
      "provider": "provider[\"registry.terraform.io/integrations/github\"]",
      "instances": [
        {
          "schema_version": 0,
          "attributes": {
            "etag": "W/\"a17f94f7fc9eeb5aff5aa5ab3a6bd2cccf1b6046c48258fd73940ac6d1941ff5\"",
            "id": "3894829:rlia",
            "role": "member",
            "team_id": "3894829",
            "username": "rlia"
          },
          "sensitive_attributes": [],
          "dependencies": [
            "github_membership.rlia",
            "github_team.ictsc2020"
          ]
        }
      ]
    },
    {
      "mode": "managed",
      "type": "github_team_membership",
      "name": "ictsc2020-site0801",
      "provider": "provider[\"registry.terraform.io/integrations/github\"]",
      "instances": [
        {
          "schema_version": 0,
          "attributes": {
            "etag": "W/\"aa0d802602f900d2d2b11085abe99ef81861cb44ade29c5e94ba22fa6b5afa3e\"",
            "id": "3894829:site0801",
            "role": "member",
            "team_id": "3894829",
            "username": "site0801"
          },
          "sensitive_attributes": [],
          "dependencies": [
            "github_membership.site0801",
            "github_team.ictsc2020"
          ]
        }
      ]
    },
    {
      "mode": "managed",
      "type": "github_team_membership",
      "name": "ictsc2020-takehaya",
      "provider": "provider[\"registry.terraform.io/integrations/github\"]",
      "instances": [
        {
          "schema_version": 0,
          "attributes": {
            "etag": "W/\"6c462cac4a67077593dcc9a1ce2598cb52acfaf25bf1661f7a86254b3b14305b\"",
            "id": "3894829:takehaya",
            "role": "maintainer",
            "team_id": "3894829",
            "username": "takehaya"
          },
          "sensitive_attributes": [],
          "private": "bnVsbA==",
          "dependencies": [
            "github_membership.takehaya",
            "github_team.ictsc2020"
          ]
        }
      ]
    },
    {
      "mode": "managed",
      "type": "github_team_membership",
      "name": "ictsc2020-tanishi001",
      "provider": "provider[\"registry.terraform.io/integrations/github\"]",
      "instances": [
        {
          "schema_version": 0,
          "attributes": {
            "etag": "W/\"07106e317668cab55265974bb1635e8bc1213e16dca3a14ff8d467a77fc6ea05\"",
            "id": "3894829:tanishi001",
            "role": "member",
            "team_id": "3894829",
            "username": "tanishi001"
          },
          "sensitive_attributes": [],
          "dependencies": [
            "github_membership.tanishi001",
            "github_team.ictsc2020"
          ]
        }
      ]
    },
    {
      "mode": "managed",
      "type": "github_team_membership",
      "name": "ictsc2020-uplus",
      "provider": "provider[\"registry.terraform.io/integrations/github\"]",
      "instances": [
        {
          "schema_version": 0,
          "attributes": {
            "etag": "W/\"70808251698d86c83163378effa378813411609a580839ceaa15eebbc74aaec8\"",
            "id": "3894829:uplus",
            "role": "maintainer",
            "team_id": "3894829",
            "username": "uplus"
          },
          "sensitive_attributes": [],
          "private": "bnVsbA==",
          "dependencies": [
            "github_membership.uplus",
            "github_team.ictsc2020"
          ]
        }
      ]
    },
    {
      "mode": "managed",
      "type": "github_team_membership",
      "name": "ictsc2020-x86taka",
      "provider": "provider[\"registry.terraform.io/integrations/github\"]",
      "instances": [
        {
          "schema_version": 0,
          "attributes": {
            "etag": "W/\"11c8e3fd797205986ebbb3d620a8e3f0fa27766f2f940a7e626e21087e3bf2c6\"",
            "id": "3894829:x86taka",
            "role": "maintainer",
            "team_id": "3894829",
            "username": "x86taka"
          },
          "sensitive_attributes": [],
          "private": "bnVsbA==",
          "dependencies": [
            "github_membership.x86taka",
            "github_team.ictsc2020"
          ]
        }
      ]
    },
    {
      "mode": "managed",
      "type": "github_team_membership",
      "name": "ictsc2020-yo-kanyukari",
      "provider": "provider[\"registry.terraform.io/integrations/github\"]",
      "instances": [
        {
          "schema_version": 0,
          "attributes": {
            "etag": "W/\"8e47c744bf0c17a4cf70185015baca5ba7d39a5daad30297ea7964e552094d3c\"",
            "id": "3894829:siberiy4",
            "role": "member",
            "team_id": "3894829",
            "username": "siberiy4"
          },
          "sensitive_attributes": [],
          "private": "bnVsbA==",
          "dependencies": [
            "github_membership.yo-kanyukari",
            "github_team.ictsc2020"
          ]
        }
      ]
    },
    {
      "mode": "managed",
      "type": "github_team_membership",
      "name": "ictsc2020-yoneyan",
      "provider": "provider[\"registry.terraform.io/integrations/github\"]",
      "instances": [
        {
          "schema_version": 0,
          "attributes": {
            "etag": "W/\"dd995b5ad56d63241fbb2642630767f1ec12f9e51e4ec8bb3435fd91ba7943e9\"",
            "id": "3894829:yoneyan",
            "role": "member",
            "team_id": "3894829",
            "username": "yoneyan"
          },
          "sensitive_attributes": [],
          "dependencies": [
            "github_membership.yoneyan",
            "github_team.ictsc2020"
          ]
        }
      ]
    },
    {
      "mode": "managed",
      "type": "github_team_membership",
      "name": "ictsc2020-yukamoja",
      "provider": "provider[\"registry.terraform.io/integrations/github\"]",
      "instances": [
        {
          "schema_version": 0,
          "attributes": {
            "etag": "W/\"4793a0ee9a9a1e219a48170d9ac8cccf619604eeaf4e964f2da0753c8289f1eb\"",
            "id": "3894829:yukamoja",
            "role": "maintainer",
            "team_id": "3894829",
            "username": "yukamoja"
          },
          "sensitive_attributes": [],
          "private": "bnVsbA==",
          "dependencies": [
            "github_membership.yukamoja",
            "github_team.ictsc2020"
          ]
        }
      ]
    },
    {
      "mode": "managed",
      "type": "github_team_membership",
      "name": "ictsc2020-zeroalphat",
      "provider": "provider[\"registry.terraform.io/integrations/github\"]",
      "instances": [
        {
          "schema_version": 0,
          "attributes": {
            "etag": "W/\"b02d6f864a01d422dc49e9b9e1bf342ba72767a00848b428bb46632e8ca0aebb\"",
            "id": "3894829:zeroalphat",
            "role": "member",
            "team_id": "3894829",
            "username": "zeroalphat"
          },
          "sensitive_attributes": [],
          "dependencies": [
            "github_membership.zeroalphat",
            "github_team.ictsc2020"
          ]
        }
      ]
    },
    {
      "mode": "managed",
      "type": "github_team_membership",
      "name": "ictsc2021-Explosive6363",
      "provider": "provider[\"registry.terraform.io/integrations/github\"]",
      "instances": [
        {
          "schema_version": 0,
          "attributes": {
            "etag": "W/\"82b3c84e8db8937a012a16253dbbbaae29b3cd83d6e81b4776f49d6c422bd6ec\"",
            "id": "4811781:Explosive6363",
            "role": "maintainer",
            "team_id": "4811781",
            "username": "Explosive6363"
          },
          "sensitive_attributes": [],
          "private": "bnVsbA==",
          "dependencies": [
            "github_membership.Explosive6363",
            "github_team.ictsc2021"
          ]
        }
      ]
    },
    {
      "mode": "managed",
      "type": "github_team_membership",
      "name": "ictsc2021-Hicky1025",
      "provider": "provider[\"registry.terraform.io/integrations/github\"]",
      "instances": [
        {
          "schema_version": 0,
          "attributes": {
            "etag": "W/\"9a2daaa747129652a0b2319fa0b0eb1c5dcf6b4896b1609d5113125ad03d4b53\"",
            "id": "4811781:Hicky1025",
            "role": "member",
            "team_id": "4811781",
            "username": "Hicky1025"
          },
          "sensitive_attributes": [],
          "dependencies": [
            "github_membership.Hicky1025",
            "github_team.ictsc2021"
          ]
        }
      ]
    },
    {
      "mode": "managed",
      "type": "github_team_membership",
      "name": "ictsc2021-K-shir0",
      "provider": "provider[\"registry.terraform.io/integrations/github\"]",
      "instances": [
        {
          "schema_version": 0,
          "attributes": {
            "etag": "W/\"14650f725eb6b14c22efb2754ec70174e18c144aa22c0d614e57f32aedc83753\"",
            "id": "4811781:K-shir0",
            "role": "member",
            "team_id": "4811781",
            "username": "K-shir0"
          },
          "sensitive_attributes": [],
          "dependencies": [
            "github_membership.K-shir0",
            "github_team.ictsc2021"
          ]
        }
      ]
    },
    {
      "mode": "managed",
      "type": "github_team_membership",
      "name": "ictsc2021-Terfno",
      "provider": "provider[\"registry.terraform.io/integrations/github\"]",
      "instances": [
        {
          "schema_version": 0,
          "attributes": {
            "etag": "W/\"da9196d85b6781ba5f50d3724917085b3276221804a1b80a488ad8359934b2da\"",
            "id": "4811781:Terfno",
            "role": "member",
            "team_id": "4811781",
            "username": "Terfno"
          },
          "sensitive_attributes": [],
          "dependencies": [
            "github_membership.Terfno",
            "github_team.ictsc2021"
          ]
        }
      ]
    },
    {
      "mode": "managed",
      "type": "github_team_membership",
      "name": "ictsc2021-arupakan125",
      "provider": "provider[\"registry.terraform.io/integrations/github\"]",
      "instances": [
        {
          "schema_version": 0,
          "attributes": {
            "etag": "W/\"d5daaf3a5ddc390553c8701dedf5b5aa940b6b5ca160607a3517171e0638dd61\"",
            "id": "4811781:arupakan125",
            "role": "member",
            "team_id": "4811781",
            "username": "arupakan125"
          },
          "sensitive_attributes": [],
          "dependencies": [
            "github_membership.arupakan125",
            "github_team.ictsc2021"
          ]
        }
      ]
    },
    {
      "mode": "managed",
      "type": "github_team_membership",
      "name": "ictsc2021-chaya2z",
      "provider": "provider[\"registry.terraform.io/integrations/github\"]",
      "instances": [
        {
          "schema_version": 0,
          "attributes": {
            "etag": "W/\"53cc11e66a4238fc8974ceb3e2f3db1a889573cc7b8c288515c84d56578be82e\"",
            "id": "4811781:chaya2z",
            "role": "member",
            "team_id": "4811781",
            "username": "chaya2z"
          },
          "sensitive_attributes": [],
          "dependencies": [
            "github_membership.chaya2z",
            "github_team.ictsc2021"
          ]
        }
      ]
    },
    {
      "mode": "managed",
      "type": "github_team_membership",
      "name": "ictsc2021-kapibara824",
      "provider": "provider[\"registry.terraform.io/integrations/github\"]",
      "instances": [
        {
          "schema_version": 0,
          "attributes": {
            "etag": "W/\"0f8cc9cdebc63c7e8cba2936d31b3f821a17e7b6a4af57318a8fe88a2b27a731\"",
            "id": "4811781:kapibara824",
            "role": "member",
            "team_id": "4811781",
            "username": "kapibara824"
          },
          "sensitive_attributes": [],
          "dependencies": [
            "github_membership.kapibara824",
            "github_team.ictsc2021"
          ]
        }
      ]
    },
    {
      "mode": "managed",
      "type": "github_team_membership",
      "name": "ictsc2021-onokatio",
      "provider": "provider[\"registry.terraform.io/integrations/github\"]",
      "instances": [
        {
          "schema_version": 0,
          "attributes": {
            "etag": "W/\"d3e79f848683355d5356d65fc12ed2fa5e57218864714111b81fd922a40357c1\"",
            "id": "4811781:onokatio",
            "role": "maintainer",
            "team_id": "4811781",
            "username": "onokatio"
          },
          "sensitive_attributes": [],
          "private": "bnVsbA==",
          "dependencies": [
            "github_membership.onokatio",
            "github_team.ictsc2021"
          ]
        }
      ]
    },
    {
      "mode": "managed",
      "type": "github_team_membership",
      "name": "ictsc2021-ophum",
      "provider": "provider[\"registry.terraform.io/integrations/github\"]",
      "instances": [
        {
          "schema_version": 0,
          "attributes": {
            "etag": "W/\"d3c1acecf7a09c187d5bddbdafb03a4eda00c417a0882869ee2c9cc123229442\"",
            "id": "4811781:ophum",
            "role": "member",
            "team_id": "4811781",
            "username": "ophum"
          },
          "sensitive_attributes": [],
          "dependencies": [
            "github_membership.ophum",
            "github_team.ictsc2021"
          ]
        }
      ]
    },
    {
      "mode": "managed",
      "type": "github_team_membership",
      "name": "ictsc2021-proelbtn",
      "provider": "provider[\"registry.terraform.io/integrations/github\"]",
      "instances": [
        {
          "schema_version": 0,
          "attributes": {
            "etag": "W/\"d6770fb00f140ebf3177db584c3c4e83b754b30ab4793b66beb9d4a6c402b27b\"",
            "id": "4811781:proelbtn",
            "role": "maintainer",
            "team_id": "4811781",
            "username": "proelbtn"
          },
          "sensitive_attributes": [],
          "private": "bnVsbA==",
          "dependencies": [
            "github_membership.proelbtn",
            "github_team.ictsc2021"
          ]
        }
      ]
    },
    {
      "mode": "managed",
      "type": "github_team_membership",
      "name": "ictsc2021-site0801",
      "provider": "provider[\"registry.terraform.io/integrations/github\"]",
      "instances": [
        {
          "schema_version": 0,
          "attributes": {
            "etag": "W/\"2899064d691c5349ab476b7028de3a20ae71580dc59437b504acb54e5eb9ff0c\"",
            "id": "4811781:site0801",
            "role": "member",
            "team_id": "4811781",
            "username": "site0801"
          },
          "sensitive_attributes": [],
          "dependencies": [
            "github_membership.site0801",
            "github_team.ictsc2021"
          ]
        }
      ]
    },
    {
      "mode": "managed",
      "type": "github_team_membership",
      "name": "ictsc2021-tomatoaas",
      "provider": "provider[\"registry.terraform.io/integrations/github\"]",
      "instances": [
        {
          "schema_version": 0,
          "attributes": {
            "etag": "W/\"3ec66a035d5f2a1c81e319b998e1db9a1076b22a7b25fb18ca24351eb54b9328\"",
            "id": "4811781:tomatoaas",
            "role": "member",
            "team_id": "4811781",
            "username": "tomatoaas"
          },
          "sensitive_attributes": [],
          "dependencies": [
            "github_membership.tomatoaas",
            "github_team.ictsc2021"
          ]
        }
      ]
    },
    {
      "mode": "managed",
      "type": "github_team_membership",
      "name": "ictsc2021-x86taka",
      "provider": "provider[\"registry.terraform.io/integrations/github\"]",
      "instances": [
        {
          "schema_version": 0,
          "attributes": {
            "etag": "W/\"7a1c607250811f54cd38e67c115a051c92b8574b0c531617139a52f6ce02a1d2\"",
            "id": "4811781:x86taka",
            "role": "maintainer",
            "team_id": "4811781",
            "username": "x86taka"
          },
          "sensitive_attributes": [],
          "private": "bnVsbA==",
          "dependencies": [
            "github_membership.x86taka",
            "github_team.ictsc2021"
          ]
        }
      ]
    },
    {
      "mode": "managed",
      "type": "github_team_membership",
      "name": "ictsc2021-yo-kanyukari",
      "provider": "provider[\"registry.terraform.io/integrations/github\"]",
      "instances": [
        {
          "schema_version": 0,
          "attributes": {
            "etag": "W/\"2994923c3c4079ec89a44ed3de7ed4ebacc6bd4b9537e4aef73f263c60e69e6a\"",
            "id": "4811781:siberiy4",
            "role": "member",
            "team_id": "4811781",
            "username": "siberiy4"
          },
          "sensitive_attributes": [],
          "private": "bnVsbA==",
          "dependencies": [
            "github_membership.yo-kanyukari",
            "github_team.ictsc2021"
          ]
        }
      ]
    },
    {
      "mode": "managed",
      "type": "github_team_membership",
      "name": "ictsc2021-yoneyan",
      "provider": "provider[\"registry.terraform.io/integrations/github\"]",
      "instances": [
        {
          "schema_version": 0,
          "attributes": {
            "etag": "W/\"d05758b6b25d0120dfb9134cbd5eb32544ee230ea325274cf4a5a7f24d207294\"",
            "id": "4811781:yoneyan",
            "role": "member",
            "team_id": "4811781",
            "username": "yoneyan"
          },
          "sensitive_attributes": [],
          "dependencies": [
            "github_membership.yoneyan",
            "github_team.ictsc2021"
          ]
        }
      ]
    },
    {
      "mode": "managed",
      "type": "github_team_membership",
      "name": "ictsc4-chisaton1",
      "provider": "provider[\"registry.terraform.io/integrations/github\"]",
      "instances": [
        {
          "schema_version": 0,
          "attributes": {
            "etag": "W/\"373a8acb44f55e31500b0b6ca4096cc9a273f22f81e09324a1a18ede4a1eee45\"",
            "id": "2004351:chisaton1",
            "role": "member",
            "team_id": "2004351",
            "username": "chisaton1"
          },
          "sensitive_attributes": [],
          "dependencies": [
            "github_membership.chisaton1",
            "github_team.ictsc4"
          ]
        }
      ]
    },
    {
      "mode": "managed",
      "type": "github_team_membership",
      "name": "ictsc4-ibucho",
      "provider": "provider[\"registry.terraform.io/integrations/github\"]",
      "instances": [
        {
          "schema_version": 0,
          "attributes": {
            "etag": "W/\"f3fe024bdb17c3f26f08786ae9816926cdcff413a691b96a3a5fb1e7d1ec04ca\"",
            "id": "2004351:ibucho",
            "role": "maintainer",
            "team_id": "2004351",
            "username": "ibucho"
          },
          "sensitive_attributes": [],
          "private": "bnVsbA==",
          "dependencies": [
            "github_membership.ibucho",
            "github_team.ictsc4"
          ]
        }
      ]
    },
    {
      "mode": "managed",
      "type": "github_team_membership",
      "name": "ictsc4-kayo-tozaki",
      "provider": "provider[\"registry.terraform.io/integrations/github\"]",
      "instances": [
        {
          "schema_version": 0,
          "attributes": {
            "etag": "W/\"cfea4bfecf1544092534febca8f0e0f1fffee5ec109e7c0224e5c966e8653ae8\"",
            "id": "2004351:kayo-tozaki",
            "role": "member",
            "team_id": "2004351",
            "username": "kayo-tozaki"
          },
          "sensitive_attributes": [],
          "dependencies": [
            "github_membership.kayo-tozaki",
            "github_team.ictsc4"
          ]
        }
      ]
    },
    {
      "mode": "managed",
      "type": "github_team_membership",
      "name": "ictsc4-keisukearakawa",
      "provider": "provider[\"registry.terraform.io/integrations/github\"]",
      "instances": [
        {
          "schema_version": 0,
          "attributes": {
            "etag": "W/\"573384cc5cf5d5f83ec62a093f0aab361d589b5e3bff7fabec7787e5f9981959\"",
            "id": "2004351:keisukearakawa",
            "role": "member",
            "team_id": "2004351",
            "username": "keisukearakawa"
          },
          "sensitive_attributes": [],
          "dependencies": [
            "github_membership.keisukearakawa",
            "github_team.ictsc4"
          ]
        }
      ]
    },
    {
      "mode": "managed",
      "type": "github_team_membership",
      "name": "ictsc4-kurochan",
      "provider": "provider[\"registry.terraform.io/integrations/github\"]",
      "instances": [
        {
          "schema_version": 0,
          "attributes": {
            "etag": "W/\"c9c88892b56fa8f203a34c9d9ce5ae80b0f22fa06da18490513aa062e5396bfc\"",
            "id": "2004351:kurochan",
            "role": "maintainer",
            "team_id": "2004351",
            "username": "kurochan"
          },
          "sensitive_attributes": [],
          "private": "bnVsbA==",
          "dependencies": [
            "github_membership.kurochan",
            "github_team.ictsc4"
          ]
        }
      ]
    },
    {
      "mode": "managed",
      "type": "github_team_membership",
      "name": "ictsc4-mbook-x86",
      "provider": "provider[\"registry.terraform.io/integrations/github\"]",
      "instances": [
        {
          "schema_version": 0,
          "attributes": {
            "etag": "W/\"aac9d467599612f7319540d13f1b482d0676855a0274889abbf9330f3387499e\"",
            "id": "2004351:mbook-x86",
            "role": "member",
            "team_id": "2004351",
            "username": "mbook-x86"
          },
          "sensitive_attributes": [],
          "dependencies": [
            "github_membership.mbook-x86",
            "github_team.ictsc4"
          ]
        }
      ]
    },
    {
      "mode": "managed",
      "type": "github_team_membership",
      "name": "ictsc4-netmarkjp",
      "provider": "provider[\"registry.terraform.io/integrations/github\"]",
      "instances": [
        {
          "schema_version": 0,
          "attributes": {
            "etag": "W/\"a1394a1fe6d43294ca0ba5f32e5e24abaf1aaa5a5d95009fb23cbea933a988dc\"",
            "id": "2004351:netmarkjp",
            "role": "maintainer",
            "team_id": "2004351",
            "username": "netmarkjp"
          },
          "sensitive_attributes": [],
          "private": "bnVsbA==",
          "dependencies": [
            "github_membership.netmarkjp",
            "github_team.ictsc4"
          ]
        }
      ]
    },
    {
      "mode": "managed",
      "type": "github_team_membership",
      "name": "ictsc4-staybuzz",
      "provider": "provider[\"registry.terraform.io/integrations/github\"]",
      "instances": [
        {
          "schema_version": 0,
          "attributes": {
            "etag": "W/\"f274d5a38ea544a7b8f47846424284279202072217a636f0944ab50a7cf52112\"",
            "id": "2004351:staybuzz",
            "role": "member",
            "team_id": "2004351",
            "username": "staybuzz"
          },
          "sensitive_attributes": [],
          "dependencies": [
            "github_membership.staybuzz",
            "github_team.ictsc4"
          ]
        }
      ]
    },
    {
      "mode": "managed",
      "type": "github_team_membership",
      "name": "ictsc4-whywaita",
      "provider": "provider[\"registry.terraform.io/integrations/github\"]",
      "instances": [
        {
          "schema_version": 0,
          "attributes": {
            "etag": "W/\"7b33accbda9440fd0d127592539087b88ea12a4df8b86e1f30636b0543aa97fc\"",
            "id": "2004351:whywaita",
            "role": "maintainer",
            "team_id": "2004351",
            "username": "whywaita"
          },
          "sensitive_attributes": [],
          "private": "bnVsbA==",
          "dependencies": [
            "github_membership.whywaita",
            "github_team.ictsc4"
          ]
        }
      ]
    },
    {
      "mode": "managed",
      "type": "github_team_membership",
      "name": "ictsc4-yatuhashi",
      "provider": "provider[\"registry.terraform.io/integrations/github\"]",
      "instances": [
        {
          "schema_version": 0,
          "attributes": {
            "etag": "W/\"e64f21bf7a595ae27800831644aee2196062b14b3a5251840a6be9f6050369e9\"",
            "id": "2004351:yatuhashi",
            "role": "member",
            "team_id": "2004351",
            "username": "yatuhashi"
          },
          "sensitive_attributes": [],
          "dependencies": [
            "github_membership.yatuhashi",
            "github_team.ictsc4"
          ]
        }
      ]
    },
    {
      "mode": "managed",
      "type": "github_team_membership",
      "name": "ictsc4-yo-taro",
      "provider": "provider[\"registry.terraform.io/integrations/github\"]",
      "instances": [
        {
          "schema_version": 0,
          "attributes": {
            "etag": "W/\"ab561ad1d7f3b70aa3c0c726e2c8c6c55871a710e4f1606aecb823283f685591\"",
            "id": "2004351:yo-taro",
            "role": "member",
            "team_id": "2004351",
            "username": "yo-taro"
          },
          "sensitive_attributes": [],
          "dependencies": [
            "github_membership.yo-taro",
            "github_team.ictsc4"
          ]
        }
      ]
    },
    {
      "mode": "managed",
      "type": "github_team_membership",
      "name": "ictsc5-aoi96",
      "provider": "provider[\"registry.terraform.io/integrations/github\"]",
      "instances": [
        {
          "schema_version": 0,
          "attributes": {
            "etag": "W/\"df6d83fcd152f7d3f70c52f53a0e16cd8130076f9fd11050ebacbcade4b3bb30\"",
            "id": "2004352:aoi96",
            "role": "member",
            "team_id": "2004352",
            "username": "aoi96"
          },
          "sensitive_attributes": [],
          "dependencies": [
            "github_membership.aoi96",
            "github_team.ictsc5"
          ]
        }
      ]
    },
    {
      "mode": "managed",
      "type": "github_team_membership",
      "name": "ictsc5-asdfec",
      "provider": "provider[\"registry.terraform.io/integrations/github\"]",
      "instances": [
        {
          "schema_version": 0,
          "attributes": {
            "etag": "W/\"1188cbde0f973b34ce2127151216faa0a9e97e1e6a0a44131f1c1d7e70652627\"",
            "id": "2004352:asdfec",
            "role": "member",
            "team_id": "2004352",
            "username": "asdfec"
          },
          "sensitive_attributes": [],
          "dependencies": [
            "github_membership.asdfec",
            "github_team.ictsc5"
          ]
        }
      ]
    },
    {
      "mode": "managed",
      "type": "github_team_membership",
      "name": "ictsc5-chamaharun",
      "provider": "provider[\"registry.terraform.io/integrations/github\"]",
      "instances": [
        {
          "schema_version": 0,
          "attributes": {
            "etag": "W/\"b6abdd1d84bc1979fc34b5f3a6ffc29a4c3452df320c23c66d2b95a39c05748b\"",
            "id": "2004352:chamaharun",
            "role": "member",
            "team_id": "2004352",
            "username": "chamaharun"
          },
          "sensitive_attributes": [],
          "dependencies": [
            "github_membership.chamaharun",
            "github_team.ictsc5"
          ]
        }
      ]
    },
    {
      "mode": "managed",
      "type": "github_team_membership",
      "name": "ictsc5-chibiegg",
      "provider": "provider[\"registry.terraform.io/integrations/github\"]",
      "instances": [
        {
          "schema_version": 0,
          "attributes": {
            "etag": "W/\"7c8991c76379efb8f851d8c9686b9020151416093e52838a4b7d1a479c959326\"",
            "id": "2004352:chibiegg",
            "role": "member",
            "team_id": "2004352",
            "username": "chibiegg"
          },
          "sensitive_attributes": [],
          "dependencies": [
            "github_membership.chibiegg",
            "github_team.ictsc5"
          ]
        }
      ]
    },
    {
      "mode": "managed",
      "type": "github_team_membership",
      "name": "ictsc5-guragusan",
      "provider": "provider[\"registry.terraform.io/integrations/github\"]",
      "instances": [
        {
          "schema_version": 0,
          "attributes": {
            "etag": "W/\"862f7ad1ad656b56b33a8bdb51fa7c299ba121b25348fc27258fe420b1e3fe88\"",
            "id": "2004352:guragusan",
            "role": "member",
            "team_id": "2004352",
            "username": "guragusan"
          },
          "sensitive_attributes": [],
          "dependencies": [
            "github_membership.guragusan",
            "github_team.ictsc5"
          ]
        }
      ]
    },
    {
      "mode": "managed",
      "type": "github_team_membership",
      "name": "ictsc5-ibucho",
      "provider": "provider[\"registry.terraform.io/integrations/github\"]",
      "instances": [
        {
          "schema_version": 0,
          "attributes": {
            "etag": "W/\"f0420cb2e5fa2a620b6893cc2a052cd9826ed1f2d97f6342558189d78a1ea5af\"",
            "id": "2004352:ibucho",
            "role": "maintainer",
            "team_id": "2004352",
            "username": "ibucho"
          },
          "sensitive_attributes": [],
          "private": "bnVsbA==",
          "dependencies": [
            "github_membership.ibucho",
            "github_team.ictsc5"
          ]
        }
      ]
    },
    {
      "mode": "managed",
      "type": "github_team_membership",
      "name": "ictsc5-icchy",
      "provider": "provider[\"registry.terraform.io/integrations/github\"]",
      "instances": [
        {
          "schema_version": 0,
          "attributes": {
            "etag": "W/\"5af1e66fcde20334be69b503c3ee01d7e409194e765f5720511c7e5d9dd84005\"",
            "id": "2004352:icchy",
            "role": "member",
            "team_id": "2004352",
            "username": "icchy"
          },
          "sensitive_attributes": [],
          "dependencies": [
            "github_membership.icchy",
            "github_team.ictsc5"
          ]
        }
      ]
    },
    {
      "mode": "managed",
      "type": "github_team_membership",
      "name": "ictsc5-kadokusei",
      "provider": "provider[\"registry.terraform.io/integrations/github\"]",
      "instances": [
        {
          "schema_version": 0,
          "attributes": {
            "etag": "W/\"c894118280b1919894fe905e384a7fb6e7cae984691c9dc9b797cd113a423eeb\"",
            "id": "2004352:kadokusei",
            "role": "member",
            "team_id": "2004352",
            "username": "kadokusei"
          },
          "sensitive_attributes": [],
          "dependencies": [
            "github_membership.kadokusei",
            "github_team.ictsc5"
          ]
        }
      ]
    },
    {
      "mode": "managed",
      "type": "github_team_membership",
      "name": "ictsc5-kayo-tozaki",
      "provider": "provider[\"registry.terraform.io/integrations/github\"]",
      "instances": [
        {
          "schema_version": 0,
          "attributes": {
            "etag": "W/\"2879981336584ec74ce8b42ddccde5228b47f2fe84cdadf5ad29be6a270bd2c2\"",
            "id": "2004352:kayo-tozaki",
            "role": "member",
            "team_id": "2004352",
            "username": "kayo-tozaki"
          },
          "sensitive_attributes": [],
          "dependencies": [
            "github_membership.kayo-tozaki",
            "github_team.ictsc5"
          ]
        }
      ]
    },
    {
      "mode": "managed",
      "type": "github_team_membership",
      "name": "ictsc5-keisukearakawa",
      "provider": "provider[\"registry.terraform.io/integrations/github\"]",
      "instances": [
        {
          "schema_version": 0,
          "attributes": {
            "etag": "W/\"c900b0dc79b8169fc8e61acab7442c69bcb62a41e3168c3e78be90411fa8772d\"",
            "id": "2004352:keisukearakawa",
            "role": "member",
            "team_id": "2004352",
            "username": "keisukearakawa"
          },
          "sensitive_attributes": [],
          "dependencies": [
            "github_membership.keisukearakawa",
            "github_team.ictsc5"
          ]
        }
      ]
    },
    {
      "mode": "managed",
      "type": "github_team_membership",
      "name": "ictsc5-kurochan",
      "provider": "provider[\"registry.terraform.io/integrations/github\"]",
      "instances": [
        {
          "schema_version": 0,
          "attributes": {
            "etag": "W/\"acaca194765d9aaafb8516330b205260e82f287f44a9128d7578d7b78e0659da\"",
            "id": "2004352:kurochan",
            "role": "maintainer",
            "team_id": "2004352",
            "username": "kurochan"
          },
          "sensitive_attributes": [],
          "private": "bnVsbA==",
          "dependencies": [
            "github_membership.kurochan",
            "github_team.ictsc5"
          ]
        }
      ]
    },
    {
      "mode": "managed",
      "type": "github_team_membership",
      "name": "ictsc5-kyoko0514",
      "provider": "provider[\"registry.terraform.io/integrations/github\"]",
      "instances": [
        {
          "schema_version": 0,
          "attributes": {
            "etag": "W/\"762fa7e66a337c39aec36ee6966b943ab1f01a26ba7a05d86169dda54592d6a5\"",
            "id": "2004352:kyoko0514",
            "role": "member",
            "team_id": "2004352",
            "username": "kyoko0514"
          },
          "sensitive_attributes": [],
          "dependencies": [
            "github_membership.kyoko0514",
            "github_team.ictsc5"
          ]
        }
      ]
    },
    {
      "mode": "managed",
      "type": "github_team_membership",
      "name": "ictsc5-mbook-x86",
      "provider": "provider[\"registry.terraform.io/integrations/github\"]",
      "instances": [
        {
          "schema_version": 0,
          "attributes": {
            "etag": "W/\"49821e51d1458b056138d51b59f2f45c11371d62cacb92e92623d938f5e3cda3\"",
            "id": "2004352:mbook-x86",
            "role": "member",
            "team_id": "2004352",
            "username": "mbook-x86"
          },
          "sensitive_attributes": [],
          "dependencies": [
            "github_membership.mbook-x86",
            "github_team.ictsc5"
          ]
        }
      ]
    },
    {
      "mode": "managed",
      "type": "github_team_membership",
      "name": "ictsc5-miyao11",
      "provider": "provider[\"registry.terraform.io/integrations/github\"]",
      "instances": [
        {
          "schema_version": 0,
          "attributes": {
            "etag": "W/\"9932dcab6b1427c6f0f721fc3683d4e075a8b9e80dc83a0000ca1e7386a4da74\"",
            "id": "2004352:Miyao11",
            "role": "member",
            "team_id": "2004352",
            "username": "Miyao11"
          },
          "sensitive_attributes": [],
          "dependencies": [
            "github_membership.miyao11",
            "github_team.ictsc5"
          ]
        }
      ]
    },
    {
      "mode": "managed",
      "type": "github_team_membership",
      "name": "ictsc5-mk0913mnck",
      "provider": "provider[\"registry.terraform.io/integrations/github\"]",
      "instances": [
        {
          "schema_version": 0,
          "attributes": {
            "etag": "W/\"a10e7c2f1f33e6a849bbf18c9e8d84134db2a669ea7d1ddc2968f86607531791\"",
            "id": "2004352:mk0913mnck",
            "role": "member",
            "team_id": "2004352",
            "username": "mk0913mnck"
          },
          "sensitive_attributes": [],
          "dependencies": [
            "github_membership.mk0913mnck",
            "github_team.ictsc5"
          ]
        }
      ]
    },
    {
      "mode": "managed",
      "type": "github_team_membership",
      "name": "ictsc5-netmarkjp",
      "provider": "provider[\"registry.terraform.io/integrations/github\"]",
      "instances": [
        {
          "schema_version": 0,
          "attributes": {
            "etag": "W/\"fc8c1c519f5cb9f9e7bdebb3f4cf7daa2739cb756306fa5389ef465d8a444201\"",
            "id": "2004352:netmarkjp",
            "role": "maintainer",
            "team_id": "2004352",
            "username": "netmarkjp"
          },
          "sensitive_attributes": [],
          "private": "bnVsbA==",
          "dependencies": [
            "github_membership.netmarkjp",
            "github_team.ictsc5"
          ]
        }
      ]
    },
    {
      "mode": "managed",
      "type": "github_team_membership",
      "name": "ictsc5-notchi590",
      "provider": "provider[\"registry.terraform.io/integrations/github\"]",
      "instances": [
        {
          "schema_version": 0,
          "attributes": {
            "etag": "W/\"0eed679cb0c3e478276f148f54d9bbe8ea72b75f57121745cc8811a8bf2b2f65\"",
            "id": "2004352:notchi590",
            "role": "member",
            "team_id": "2004352",
            "username": "notchi590"
          },
          "sensitive_attributes": [],
          "dependencies": [
            "github_membership.notchi590",
            "github_team.ictsc5"
          ]
        }
      ]
    },
    {
      "mode": "managed",
      "type": "github_team_membership",
      "name": "ictsc5-palloc",
      "provider": "provider[\"registry.terraform.io/integrations/github\"]",
      "instances": [
        {
          "schema_version": 0,
          "attributes": {
            "etag": "W/\"7d041bc3f00ef2f91c06cbb78b664fd41d0044510cee90f6c0149a15c51f1df3\"",
            "id": "2004352:palloc",
            "role": "member",
            "team_id": "2004352",
            "username": "palloc"
          },
          "sensitive_attributes": [],
          "dependencies": [
            "github_membership.palloc",
            "github_team.ictsc5"
          ]
        }
      ]
    },
    {
      "mode": "managed",
      "type": "github_team_membership",
      "name": "ictsc5-sora34",
      "provider": "provider[\"registry.terraform.io/integrations/github\"]",
      "instances": [
        {
          "schema_version": 0,
          "attributes": {
            "etag": "W/\"a4a6a132d6fb2182f756a7cb6ba28d3bf785f127f27178fe08a53910a82b056f\"",
            "id": "2004352:sora34",
            "role": "member",
            "team_id": "2004352",
            "username": "sora34"
          },
          "sensitive_attributes": [],
          "dependencies": [
            "github_membership.sora34",
            "github_team.ictsc5"
          ]
        }
      ]
    },
    {
      "mode": "managed",
      "type": "github_team_membership",
      "name": "ictsc5-staybuzz",
      "provider": "provider[\"registry.terraform.io/integrations/github\"]",
      "instances": [
        {
          "schema_version": 0,
          "attributes": {
            "etag": "W/\"436049989025c8d6a6ec8d74d17481a331373a35f8857b684b796cf1fd1c8123\"",
            "id": "2004352:staybuzz",
            "role": "member",
            "team_id": "2004352",
            "username": "staybuzz"
          },
          "sensitive_attributes": [],
          "dependencies": [
            "github_membership.staybuzz",
            "github_team.ictsc5"
          ]
        }
      ]
    },
    {
      "mode": "managed",
      "type": "github_team_membership",
      "name": "ictsc5-sugiki-accelia",
      "provider": "provider[\"registry.terraform.io/integrations/github\"]",
      "instances": [
        {
          "schema_version": 0,
          "attributes": {
            "etag": "W/\"70b13c42499fa9517b60af376522b980f8af552dc494b429a06db705d8e7941d\"",
            "id": "2004352:sugiki-accelia",
            "role": "member",
            "team_id": "2004352",
            "username": "sugiki-accelia"
          },
          "sensitive_attributes": [],
          "dependencies": [
            "github_membership.sugiki-accelia",
            "github_team.ictsc5"
          ]
        }
      ]
    },
    {
      "mode": "managed",
      "type": "github_team_membership",
      "name": "ictsc5-sukekawa-accelia",
      "provider": "provider[\"registry.terraform.io/integrations/github\"]",
      "instances": [
        {
          "schema_version": 0,
          "attributes": {
            "etag": "W/\"5c2d447f48f05bf2ca30f8e20f97c490c8589337502a84f7dfe9efeff65e035b\"",
            "id": "2004352:sukekawa-accelia",
            "role": "member",
            "team_id": "2004352",
            "username": "sukekawa-accelia"
          },
          "sensitive_attributes": [],
          "dependencies": [
            "github_membership.sukekawa-accelia",
            "github_team.ictsc5"
          ]
        }
      ]
    },
    {
      "mode": "managed",
      "type": "github_team_membership",
      "name": "ictsc5-takes3",
      "provider": "provider[\"registry.terraform.io/integrations/github\"]",
      "instances": [
        {
          "schema_version": 0,
          "attributes": {
            "etag": "W/\"a98707ae47d6b14195c709d7ec2f597681298b3914e35ff1feaa1ee145df7336\"",
            "id": "2004352:takes3",
            "role": "member",
            "team_id": "2004352",
            "username": "takes3"
          },
          "sensitive_attributes": [],
          "dependencies": [
            "github_membership.takes3",
            "github_team.ictsc5"
          ]
        }
      ]
    },
    {
      "mode": "managed",
      "type": "github_team_membership",
      "name": "ictsc5-whywaita",
      "provider": "provider[\"registry.terraform.io/integrations/github\"]",
      "instances": [
        {
          "schema_version": 0,
          "attributes": {
            "etag": "W/\"96f78165c714a2c03ed9e76dbf5b492aba51c0d915cbcd1117e264d78168bf55\"",
            "id": "2004352:whywaita",
            "role": "maintainer",
            "team_id": "2004352",
            "username": "whywaita"
          },
          "sensitive_attributes": [],
          "private": "bnVsbA==",
          "dependencies": [
            "github_membership.whywaita",
            "github_team.ictsc5"
          ]
        }
      ]
    },
    {
      "mode": "managed",
      "type": "github_team_membership",
      "name": "ictsc5-y-monma",
      "provider": "provider[\"registry.terraform.io/integrations/github\"]",
      "instances": [
        {
          "schema_version": 0,
          "attributes": {
            "etag": "W/\"d35d629a15c45d4790aa5b952cee1f77b009b778102e4dfa400b9717f91c9c3c\"",
            "id": "2004352:y-monma",
            "role": "member",
            "team_id": "2004352",
            "username": "y-monma"
          },
          "sensitive_attributes": [],
          "dependencies": [
            "github_membership.y-monma",
            "github_team.ictsc5"
          ]
        }
      ]
    },
    {
      "mode": "managed",
      "type": "github_team_membership",
      "name": "ictsc5-yatuhashi",
      "provider": "provider[\"registry.terraform.io/integrations/github\"]",
      "instances": [
        {
          "schema_version": 0,
          "attributes": {
            "etag": "W/\"f44ee760c734a623a5081785daa411f1ec06f118734137896d41709075cf5f80\"",
            "id": "2004352:yatuhashi",
            "role": "member",
            "team_id": "2004352",
            "username": "yatuhashi"
          },
          "sensitive_attributes": [],
          "dependencies": [
            "github_membership.yatuhashi",
            "github_team.ictsc5"
          ]
        }
      ]
    },
    {
      "mode": "managed",
      "type": "github_team_membership",
      "name": "ictsc5-yo-taro",
      "provider": "provider[\"registry.terraform.io/integrations/github\"]",
      "instances": [
        {
          "schema_version": 0,
          "attributes": {
            "etag": "W/\"1e533d1353f524dfe9397139c29ee24370b23468d4d597831802475457941284\"",
            "id": "2004352:yo-taro",
            "role": "member",
            "team_id": "2004352",
            "username": "yo-taro"
          },
          "sensitive_attributes": [],
          "dependencies": [
            "github_membership.yo-taro",
            "github_team.ictsc5"
          ]
        }
      ]
    },
    {
      "mode": "managed",
      "type": "github_team_membership",
      "name": "ictsc6-a-r-g-v",
      "provider": "provider[\"registry.terraform.io/integrations/github\"]",
      "instances": [
        {
          "schema_version": 0,
          "attributes": {
            "etag": "W/\"43f28e3d7de7512afaf6645983917f2eaeba8c7baa792d6242314084cd90587f\"",
            "id": "2004355:a-r-g-v",
            "role": "member",
            "team_id": "2004355",
            "username": "a-r-g-v"
          },
          "sensitive_attributes": [],
          "dependencies": [
            "github_membership.a-r-g-v",
            "github_team.ictsc6"
          ]
        }
      ]
    },
    {
      "mode": "managed",
      "type": "github_team_membership",
      "name": "ictsc6-aoi96",
      "provider": "provider[\"registry.terraform.io/integrations/github\"]",
      "instances": [
        {
          "schema_version": 0,
          "attributes": {
            "etag": "W/\"60e121139d6f45aadad96fdd4537a44e5faa896e13251502f139a86f08f40100\"",
            "id": "2004355:aoi96",
            "role": "member",
            "team_id": "2004355",
            "username": "aoi96"
          },
          "sensitive_attributes": [],
          "dependencies": [
            "github_membership.aoi96",
            "github_team.ictsc6"
          ]
        }
      ]
    },
    {
      "mode": "managed",
      "type": "github_team_membership",
      "name": "ictsc6-asarijiru",
      "provider": "provider[\"registry.terraform.io/integrations/github\"]",
      "instances": [
        {
          "schema_version": 0,
          "attributes": {
            "etag": "W/\"001734ff9713be138395e11cbbceb7a647d1a9fcbeff7301ee5ef0288ae3b841\"",
            "id": "2004355:asarijiru",
            "role": "member",
            "team_id": "2004355",
            "username": "asarijiru"
          },
          "sensitive_attributes": [],
          "dependencies": [
            "github_membership.asarijiru",
            "github_team.ictsc6"
          ]
        }
      ]
    },
    {
      "mode": "managed",
      "type": "github_team_membership",
      "name": "ictsc6-asdfec",
      "provider": "provider[\"registry.terraform.io/integrations/github\"]",
      "instances": [
        {
          "schema_version": 0,
          "attributes": {
            "etag": "W/\"e3fc24fa967044911a7b979d475cec6d58cbd776d82abd3c0bd4169f0a824cc5\"",
            "id": "2004355:asdfec",
            "role": "member",
            "team_id": "2004355",
            "username": "asdfec"
          },
          "sensitive_attributes": [],
          "dependencies": [
            "github_membership.asdfec",
            "github_team.ictsc6"
          ]
        }
      ]
    },
    {
      "mode": "managed",
      "type": "github_team_membership",
      "name": "ictsc6-chalkygames123",
      "provider": "provider[\"registry.terraform.io/integrations/github\"]",
      "instances": [
        {
          "schema_version": 0,
          "attributes": {
            "etag": "W/\"8d28725af0938e2d0931a041a0eac7196e2514cb7ceb100782edd8fbb314697b\"",
            "id": "2004355:chalkygames123",
            "role": "member",
            "team_id": "2004355",
            "username": "chalkygames123"
          },
          "sensitive_attributes": [],
          "dependencies": [
            "github_membership.chalkygames123",
            "github_team.ictsc6"
          ]
        }
      ]
    },
    {
      "mode": "managed",
      "type": "github_team_membership",
      "name": "ictsc6-guragusan",
      "provider": "provider[\"registry.terraform.io/integrations/github\"]",
      "instances": [
        {
          "schema_version": 0,
          "attributes": {
            "etag": "W/\"af030ed47fd246ca40eea4e45e35793f36013a9b380d559cddf992d532303c07\"",
            "id": "2004355:guragusan",
            "role": "member",
            "team_id": "2004355",
            "username": "guragusan"
          },
          "sensitive_attributes": [],
          "dependencies": [
            "github_membership.guragusan",
            "github_team.ictsc6"
          ]
        }
      ]
    },
    {
      "mode": "managed",
      "type": "github_team_membership",
      "name": "ictsc6-h-otter",
      "provider": "provider[\"registry.terraform.io/integrations/github\"]",
      "instances": [
        {
          "schema_version": 0,
          "attributes": {
            "etag": "W/\"0a4e8a1a56060bd474309b09c9aea5d618611458ec44796356f7739351dc6e19\"",
            "id": "2004355:h-otter",
            "role": "maintainer",
            "team_id": "2004355",
            "username": "h-otter"
          },
          "sensitive_attributes": [],
          "private": "bnVsbA==",
          "dependencies": [
            "github_membership.h-otter",
            "github_team.ictsc6"
          ]
        }
      ]
    },
    {
      "mode": "managed",
      "type": "github_team_membership",
      "name": "ictsc6-ibucho",
      "provider": "provider[\"registry.terraform.io/integrations/github\"]",
      "instances": [
        {
          "schema_version": 0,
          "attributes": {
            "etag": "W/\"bdee116c8282f2479fd08317225b6097e69796746811b00dc41456f59c95da35\"",
            "id": "2004355:ibucho",
            "role": "maintainer",
            "team_id": "2004355",
            "username": "ibucho"
          },
          "sensitive_attributes": [],
          "private": "bnVsbA==",
          "dependencies": [
            "github_membership.ibucho",
            "github_team.ictsc6"
          ]
        }
      ]
    },
    {
      "mode": "managed",
      "type": "github_team_membership",
      "name": "ictsc6-int-tt",
      "provider": "provider[\"registry.terraform.io/integrations/github\"]",
      "instances": [
        {
          "schema_version": 0,
          "attributes": {
            "etag": "W/\"66e9ab5dbaea40bee25b9e8ce974e955102f617c32b37a195a5a3604b1a1ed04\"",
            "id": "2004355:int-tt",
            "role": "member",
            "team_id": "2004355",
            "username": "int-tt"
          },
          "sensitive_attributes": [],
          "dependencies": [
            "github_membership.int-tt",
            "github_team.ictsc6"
          ]
        }
      ]
    },
    {
      "mode": "managed",
      "type": "github_team_membership",
      "name": "ictsc6-kamijin-fanta",
      "provider": "provider[\"registry.terraform.io/integrations/github\"]",
      "instances": [
        {
          "schema_version": 0,
          "attributes": {
            "etag": "W/\"fbf3fd8b7f7cb8e4d8e25a646588d2405da80b15e1bf6cc21438cd0f55184f46\"",
            "id": "2004355:kamijin-fanta",
            "role": "member",
            "team_id": "2004355",
            "username": "kamijin-fanta"
          },
          "sensitive_attributes": [],
          "dependencies": [
            "github_membership.kamijin-fanta",
            "github_team.ictsc6"
          ]
        }
      ]
    },
    {
      "mode": "managed",
      "type": "github_team_membership",
      "name": "ictsc6-kurochan",
      "provider": "provider[\"registry.terraform.io/integrations/github\"]",
      "instances": [
        {
          "schema_version": 0,
          "attributes": {
            "etag": "W/\"aa48ef0cdcff8ae91d639597be542f531a904ac154a70f59268e25e81a615bb7\"",
            "id": "2004355:kurochan",
            "role": "maintainer",
            "team_id": "2004355",
            "username": "kurochan"
          },
          "sensitive_attributes": [],
          "private": "bnVsbA==",
          "dependencies": [
            "github_membership.kurochan",
            "github_team.ictsc6"
          ]
        }
      ]
    },
    {
      "mode": "managed",
      "type": "github_team_membership",
      "name": "ictsc6-kyoko0514",
      "provider": "provider[\"registry.terraform.io/integrations/github\"]",
      "instances": [
        {
          "schema_version": 0,
          "attributes": {
            "etag": "W/\"15602ddf2e558cd2bba3212be34eacdfcbb4b516d240edd4d877df7f23522e02\"",
            "id": "2004355:kyoko0514",
            "role": "member",
            "team_id": "2004355",
            "username": "kyoko0514"
          },
          "sensitive_attributes": [],
          "dependencies": [
            "github_membership.kyoko0514",
            "github_team.ictsc6"
          ]
        }
      ]
    },
    {
      "mode": "managed",
      "type": "github_team_membership",
      "name": "ictsc6-kyontan",
      "provider": "provider[\"registry.terraform.io/integrations/github\"]",
      "instances": [
        {
          "schema_version": 0,
          "attributes": {
            "etag": "W/\"e74ab5b463456bc0afc03df8ddd463ea1386077783e3eed4b55c09d8e42d9ef7\"",
            "id": "2004355:kyontan",
            "role": "member",
            "team_id": "2004355",
            "username": "kyontan"
          },
          "sensitive_attributes": [],
          "dependencies": [
            "github_membership.kyontan",
            "github_team.ictsc6"
          ]
        }
      ]
    },
    {
      "mode": "managed",
      "type": "github_team_membership",
      "name": "ictsc6-miyao11",
      "provider": "provider[\"registry.terraform.io/integrations/github\"]",
      "instances": [
        {
          "schema_version": 0,
          "attributes": {
            "etag": "W/\"5c21a6ac4c0e2c8c554b92530085a328e2cfdf58eb2e318f5fd841be732d41cf\"",
            "id": "2004355:Miyao11",
            "role": "member",
            "team_id": "2004355",
            "username": "Miyao11"
          },
          "sensitive_attributes": [],
          "dependencies": [
            "github_membership.miyao11",
            "github_team.ictsc6"
          ]
        }
      ]
    },
    {
      "mode": "managed",
      "type": "github_team_membership",
      "name": "ictsc6-netmarkjp",
      "provider": "provider[\"registry.terraform.io/integrations/github\"]",
      "instances": [
        {
          "schema_version": 0,
          "attributes": {
            "etag": "W/\"b33578750dfde655c1230df8e0c14f66ed9b7e7c307509bba02a31b53f2361d6\"",
            "id": "2004355:netmarkjp",
            "role": "maintainer",
            "team_id": "2004355",
            "username": "netmarkjp"
          },
          "sensitive_attributes": [],
          "private": "bnVsbA==",
          "dependencies": [
            "github_membership.netmarkjp",
            "github_team.ictsc6"
          ]
        }
      ]
    },
    {
      "mode": "managed",
      "type": "github_team_membership",
      "name": "ictsc6-notchi590",
      "provider": "provider[\"registry.terraform.io/integrations/github\"]",
      "instances": [
        {
          "schema_version": 0,
          "attributes": {
            "etag": "W/\"ddbf53a7f8f5bd367ee1a557fb4159d4e59b49479fd243c11485ec0ce4101159\"",
            "id": "2004355:notchi590",
            "role": "member",
            "team_id": "2004355",
            "username": "notchi590"
          },
          "sensitive_attributes": [],
          "dependencies": [
            "github_membership.notchi590",
            "github_team.ictsc6"
          ]
        }
      ]
    },
    {
      "mode": "managed",
      "type": "github_team_membership",
      "name": "ictsc6-palloc",
      "provider": "provider[\"registry.terraform.io/integrations/github\"]",
      "instances": [
        {
          "schema_version": 0,
          "attributes": {
            "etag": "W/\"cf74b013e2863b02bf5a3b147af67782ec7d60988491b5cf03df961fa136ffd6\"",
            "id": "2004355:palloc",
            "role": "member",
            "team_id": "2004355",
            "username": "palloc"
          },
          "sensitive_attributes": [],
          "dependencies": [
            "github_membership.palloc",
            "github_team.ictsc6"
          ]
        }
      ]
    },
    {
      "mode": "managed",
      "type": "github_team_membership",
      "name": "ictsc6-tar-xzvff",
      "provider": "provider[\"registry.terraform.io/integrations/github\"]",
      "instances": [
        {
          "schema_version": 0,
          "attributes": {
            "etag": "W/\"d33f0e7c31b5479f4540e9bf9e94d25cbf9c8815d5f05c2843534c2e46cce2c8\"",
            "id": "2004355:tar-xzvff",
            "role": "maintainer",
            "team_id": "2004355",
            "username": "tar-xzvff"
          },
          "sensitive_attributes": [],
          "private": "bnVsbA==",
          "dependencies": [
            "github_membership.tar-xzvff",
            "github_team.ictsc6"
          ]
        }
      ]
    },
    {
      "mode": "managed",
      "type": "github_team_membership",
      "name": "ictsc6-y-monma",
      "provider": "provider[\"registry.terraform.io/integrations/github\"]",
      "instances": [
        {
          "schema_version": 0,
          "attributes": {
            "etag": "W/\"1b244ec3aa533dc5dd8bf7643802b07f6feb1943a94b66ef83201a0ff3879cbe\"",
            "id": "2004355:y-monma",
            "role": "member",
            "team_id": "2004355",
            "username": "y-monma"
          },
          "sensitive_attributes": [],
          "dependencies": [
            "github_membership.y-monma",
            "github_team.ictsc6"
          ]
        }
      ]
    },
    {
      "mode": "managed",
      "type": "github_team_membership",
      "name": "ictsc6-yo-taro",
      "provider": "provider[\"registry.terraform.io/integrations/github\"]",
      "instances": [
        {
          "schema_version": 0,
          "attributes": {
            "etag": "W/\"e9e8ac0dac6420cb568b7120f2a12f9484748327a48200a6a81c1620f9552133\"",
            "id": "2004355:yo-taro",
            "role": "member",
            "team_id": "2004355",
            "username": "yo-taro"
          },
          "sensitive_attributes": [],
          "dependencies": [
            "github_membership.yo-taro",
            "github_team.ictsc6"
          ]
        }
      ]
    },
    {
      "mode": "managed",
      "type": "github_team_membership",
      "name": "ictsc6-yuukinetwork",
      "provider": "provider[\"registry.terraform.io/integrations/github\"]",
      "instances": [
        {
          "schema_version": 0,
          "attributes": {
            "etag": "W/\"817231f446f9f3975ddf4c47c901cee906665725c16e53cb05adb00091410210\"",
            "id": "2004355:yuukinetwork",
            "role": "member",
            "team_id": "2004355",
            "username": "yuukinetwork"
          },
          "sensitive_attributes": [],
          "dependencies": [
            "github_membership.yuukinetwork",
            "github_team.ictsc6"
          ]
        }
      ]
    },
    {
      "mode": "managed",
      "type": "github_team_membership",
      "name": "ictsc7-Katsuya414",
      "provider": "provider[\"registry.terraform.io/integrations/github\"]",
      "instances": [
        {
          "schema_version": 0,
          "attributes": {
            "etag": "W/\"ece217cc469f634833d56c01ce61bb9832c6230c26e0bf134746ce682001f0f8\"",
            "id": "2178374:Katsuya414",
            "role": "member",
            "team_id": "2178374",
            "username": "Katsuya414"
          },
          "sensitive_attributes": [],
          "dependencies": [
            "github_membership.Katsuya414",
            "github_team.ictsc7"
          ]
        }
      ]
    },
    {
      "mode": "managed",
      "type": "github_team_membership",
      "name": "ictsc7-Kurorororo",
      "provider": "provider[\"registry.terraform.io/integrations/github\"]",
      "instances": [
        {
          "schema_version": 0,
          "attributes": {
            "etag": "W/\"11823a9f941732418ac71c8fd788029e1a3a22af19f45c564f4ae97e6969a6a9\"",
            "id": "2178374:Kurorororo",
            "role": "member",
            "team_id": "2178374",
            "username": "Kurorororo"
          },
          "sensitive_attributes": [],
          "dependencies": [
            "github_membership.Kurorororo",
            "github_team.ictsc7"
          ]
        }
      ]
    },
    {
      "mode": "managed",
      "type": "github_team_membership",
      "name": "ictsc7-alias-aria",
      "provider": "provider[\"registry.terraform.io/integrations/github\"]",
      "instances": [
        {
          "schema_version": 0,
          "attributes": {
            "etag": "W/\"df488341d52fe325f111e213a9407ca3854c7bdc009f070d50fe9c4f6afc9861\"",
            "id": "2178374:alias-aria",
            "role": "member",
            "team_id": "2178374",
            "username": "alias-aria"
          },
          "sensitive_attributes": [],
          "dependencies": [
            "github_membership.alias-aria",
            "github_team.ictsc7"
          ]
        }
      ]
    },
    {
      "mode": "managed",
      "type": "github_team_membership",
      "name": "ictsc7-bosan120",
      "provider": "provider[\"registry.terraform.io/integrations/github\"]",
      "instances": [
        {
          "schema_version": 0,
          "attributes": {
            "etag": "W/\"9d553b6ff607922763dbcc466e7acbcf40f5519d708aaf3203006d0b9f7d160b\"",
            "id": "2178374:bosan120",
            "role": "member",
            "team_id": "2178374",
            "username": "bosan120"
          },
          "sensitive_attributes": [],
          "dependencies": [
            "github_membership.bosan120",
            "github_team.ictsc7"
          ]
        }
      ]
    },
    {
      "mode": "managed",
      "type": "github_team_membership",
      "name": "ictsc7-ecodrive-18",
      "provider": "provider[\"registry.terraform.io/integrations/github\"]",
      "instances": [
        {
          "schema_version": 0,
          "attributes": {
            "etag": "W/\"3751aabe8a65c9313cd067c1980d8e294ee69786af133af58b15896671634a36\"",
            "id": "2178374:ecodrive-18",
            "role": "member",
            "team_id": "2178374",
            "username": "ecodrive-18"
          },
          "sensitive_attributes": [],
          "dependencies": [
            "github_membership.ecodrive-18",
            "github_team.ictsc7"
          ]
        }
      ]
    },
    {
      "mode": "managed",
      "type": "github_team_membership",
      "name": "ictsc7-guragusan",
      "provider": "provider[\"registry.terraform.io/integrations/github\"]",
      "instances": [
        {
          "schema_version": 0,
          "attributes": {
            "etag": "W/\"67984fb3b88e0b94b13674d9e2cf593373a283b0825a830b4be9e38791334670\"",
            "id": "2178374:guragusan",
            "role": "member",
            "team_id": "2178374",
            "username": "guragusan"
          },
          "sensitive_attributes": [],
          "dependencies": [
            "github_membership.guragusan",
            "github_team.ictsc7"
          ]
        }
      ]
    },
    {
      "mode": "managed",
      "type": "github_team_membership",
      "name": "ictsc7-h-otter",
      "provider": "provider[\"registry.terraform.io/integrations/github\"]",
      "instances": [
        {
          "schema_version": 0,
          "attributes": {
            "etag": "W/\"4692a84850586f77d6942493308ded016d4ed647d3e708d9fc1ec39e73f07afc\"",
            "id": "2178374:h-otter",
            "role": "maintainer",
            "team_id": "2178374",
            "username": "h-otter"
          },
          "sensitive_attributes": [],
          "private": "bnVsbA==",
          "dependencies": [
            "github_membership.h-otter",
            "github_team.ictsc7"
          ]
        }
      ]
    },
    {
      "mode": "managed",
      "type": "github_team_membership",
      "name": "ictsc7-inuyosi",
      "provider": "provider[\"registry.terraform.io/integrations/github\"]",
      "instances": [
        {
          "schema_version": 0,
          "attributes": {
            "etag": "W/\"e6e329e204e46eff6b24b2f841a2792c7706e269d9abe0d6d31e3435cbbf0f13\"",
            "id": "2178374:inuyosi",
            "role": "member",
            "team_id": "2178374",
            "username": "inuyosi"
          },
          "sensitive_attributes": [],
          "dependencies": [
            "github_membership.inuyosi",
            "github_team.ictsc7"
          ]
        }
      ]
    },
    {
      "mode": "managed",
      "type": "github_team_membership",
      "name": "ictsc7-kadokusei",
      "provider": "provider[\"registry.terraform.io/integrations/github\"]",
      "instances": [
        {
          "schema_version": 0,
          "attributes": {
            "etag": "W/\"8117374710b26b2ded5c273870251d5172fb9d33b48e72a6a7e309ceb7693568\"",
            "id": "2178374:kadokusei",
            "role": "member",
            "team_id": "2178374",
            "username": "kadokusei"
          },
          "sensitive_attributes": [],
          "dependencies": [
            "github_membership.kadokusei",
            "github_team.ictsc7"
          ]
        }
      ]
    },
    {
      "mode": "managed",
      "type": "github_team_membership",
      "name": "ictsc7-kyontan",
      "provider": "provider[\"registry.terraform.io/integrations/github\"]",
      "instances": [
        {
          "schema_version": 0,
          "attributes": {
            "etag": "W/\"15ffbfa35bd551452a41fc18975f43564252ab73082b1ac26869ade5d6c4f239\"",
            "id": "2178374:kyontan",
            "role": "member",
            "team_id": "2178374",
            "username": "kyontan"
          },
          "sensitive_attributes": [],
          "dependencies": [
            "github_membership.kyontan",
            "github_team.ictsc7"
          ]
        }
      ]
    },
    {
      "mode": "managed",
      "type": "github_team_membership",
      "name": "ictsc7-mbook-x86",
      "provider": "provider[\"registry.terraform.io/integrations/github\"]",
      "instances": [
        {
          "schema_version": 0,
          "attributes": {
            "etag": "W/\"f6861b010dd27385ec99955a99a08d9546a0828aa1042198d5f18a53c37ba4ea\"",
            "id": "2178374:mbook-x86",
            "role": "member",
            "team_id": "2178374",
            "username": "mbook-x86"
          },
          "sensitive_attributes": [],
          "dependencies": [
            "github_membership.mbook-x86",
            "github_team.ictsc7"
          ]
        }
      ]
    },
    {
      "mode": "managed",
      "type": "github_team_membership",
      "name": "ictsc7-naoki912",
      "provider": "provider[\"registry.terraform.io/integrations/github\"]",
      "instances": [
        {
          "schema_version": 0,
          "attributes": {
            "etag": "W/\"4052156104df2ddc2c4e6b0b5e23f8b9c751d2c4bd2666c8702183d3c2209b71\"",
            "id": "2178374:naoki912",
            "role": "member",
            "team_id": "2178374",
            "username": "naoki912"
          },
          "sensitive_attributes": [],
          "dependencies": [
            "github_membership.naoki912",
            "github_team.ictsc7"
          ]
        }
      ]
    },
    {
      "mode": "managed",
      "type": "github_team_membership",
      "name": "ictsc7-oomorio",
      "provider": "provider[\"registry.terraform.io/integrations/github\"]",
      "instances": [
        {
          "schema_version": 0,
          "attributes": {
            "etag": "W/\"777009685d4ef9ce5d71bb329cb311bd58caa999a13a71f79a5f3667bd57e405\"",
            "id": "2178374:oomorio",
            "role": "member",
            "team_id": "2178374",
            "username": "oomorio"
          },
          "sensitive_attributes": [],
          "dependencies": [
            "github_membership.oomorio",
            "github_team.ictsc7"
          ]
        }
      ]
    },
    {
      "mode": "managed",
      "type": "github_team_membership",
      "name": "ictsc7-palloc",
      "provider": "provider[\"registry.terraform.io/integrations/github\"]",
      "instances": [
        {
          "schema_version": 0,
          "attributes": {
            "etag": "W/\"6c3a26cc82becba14c1552713131fa8661c5cbac7c79d4a96e8608bd4e768345\"",
            "id": "2178374:palloc",
            "role": "member",
            "team_id": "2178374",
            "username": "palloc"
          },
          "sensitive_attributes": [],
          "dependencies": [
            "github_membership.palloc",
            "github_team.ictsc7"
          ]
        }
      ]
    },
    {
      "mode": "managed",
      "type": "github_team_membership",
      "name": "ictsc7-yaminoma",
      "provider": "provider[\"registry.terraform.io/integrations/github\"]",
      "instances": [
        {
          "schema_version": 0,
          "attributes": {
            "etag": "W/\"36517692a265cf3ad1db05b9564947b8e412ee33d9260af3da518df8b019dadb\"",
            "id": "2178374:yaminoma",
            "role": "member",
            "team_id": "2178374",
            "username": "yaminoma"
          },
          "sensitive_attributes": [],
          "dependencies": [
            "github_membership.yaminoma",
            "github_team.ictsc7"
          ]
        }
      ]
    },
    {
      "mode": "managed",
      "type": "github_team_membership",
      "name": "ictsc7-yatuhashi",
      "provider": "provider[\"registry.terraform.io/integrations/github\"]",
      "instances": [
        {
          "schema_version": 0,
          "attributes": {
            "etag": "W/\"def05ca83d9903796a988ff95a938e36c71ec7bbe471e32eb5849590189be1e0\"",
            "id": "2178374:yatuhashi",
            "role": "member",
            "team_id": "2178374",
            "username": "yatuhashi"
          },
          "sensitive_attributes": [],
          "dependencies": [
            "github_membership.yatuhashi",
            "github_team.ictsc7"
          ]
        }
      ]
    },
    {
      "mode": "managed",
      "type": "github_team_membership",
      "name": "ictsc7-yuukinetwork",
      "provider": "provider[\"registry.terraform.io/integrations/github\"]",
      "instances": [
        {
          "schema_version": 0,
          "attributes": {
            "etag": "W/\"3a77bd9516bfa848f867a720da89cabefa4325678279ae74174b6ee029f071a1\"",
            "id": "2178374:yuukinetwork",
            "role": "member",
            "team_id": "2178374",
            "username": "yuukinetwork"
          },
          "sensitive_attributes": [],
          "dependencies": [
            "github_membership.yuukinetwork",
            "github_team.ictsc7"
          ]
        }
      ]
    },
    {
      "mode": "managed",
      "type": "github_team_membership",
      "name": "ictsc8-Azusa72",
      "provider": "provider[\"registry.terraform.io/integrations/github\"]",
      "instances": [
        {
          "schema_version": 0,
          "attributes": {
            "etag": "W/\"078175161166059fae20906b7f956bd3f7a6d57cdc1a54cd157c3d274bf4cd0a\"",
            "id": "2341229:Azusa72",
            "role": "member",
            "team_id": "2341229",
            "username": "Azusa72"
          },
          "sensitive_attributes": [],
          "dependencies": [
            "github_membership.Azusa72",
            "github_team.ictsc8"
          ]
        }
      ]
    },
    {
      "mode": "managed",
      "type": "github_team_membership",
      "name": "ictsc8-Katsuya414",
      "provider": "provider[\"registry.terraform.io/integrations/github\"]",
      "instances": [
        {
          "schema_version": 0,
          "attributes": {
            "etag": "W/\"f6a30baba48e0144f109cd0e12a04ef7df6db428dc3d841602bbf06e0e871b01\"",
            "id": "2341229:Katsuya414",
            "role": "member",
            "team_id": "2341229",
            "username": "Katsuya414"
          },
          "sensitive_attributes": [],
          "dependencies": [
            "github_membership.Katsuya414",
            "github_team.ictsc8"
          ]
        }
      ]
    },
    {
      "mode": "managed",
      "type": "github_team_membership",
      "name": "ictsc8-Kurorororo",
      "provider": "provider[\"registry.terraform.io/integrations/github\"]",
      "instances": [
        {
          "schema_version": 0,
          "attributes": {
            "etag": "W/\"e5434991eb84e7930175a3ff07d64d98f837193a66db59af9e7216cc042640cf\"",
            "id": "2341229:Kurorororo",
            "role": "member",
            "team_id": "2341229",
            "username": "Kurorororo"
          },
          "sensitive_attributes": [],
          "dependencies": [
            "github_membership.Kurorororo",
            "github_team.ictsc8"
          ]
        }
      ]
    },
    {
      "mode": "managed",
      "type": "github_team_membership",
      "name": "ictsc8-alias-aria",
      "provider": "provider[\"registry.terraform.io/integrations/github\"]",
      "instances": [
        {
          "schema_version": 0,
          "attributes": {
            "etag": "W/\"365b388d6e04121781d80f58617350f9f2345058f24004401139f169d585e2d8\"",
            "id": "2341229:alias-aria",
            "role": "member",
            "team_id": "2341229",
            "username": "alias-aria"
          },
          "sensitive_attributes": [],
          "dependencies": [
            "github_membership.alias-aria",
            "github_team.ictsc8"
          ]
        }
      ]
    },
    {
      "mode": "managed",
      "type": "github_team_membership",
      "name": "ictsc8-aoi96",
      "provider": "provider[\"registry.terraform.io/integrations/github\"]",
      "instances": [
        {
          "schema_version": 0,
          "attributes": {
            "etag": "W/\"5d9b35bc1000169dbd6333795bec02e795de743a254fa0afdc37e4a9c490b865\"",
            "id": "2341229:aoi96",
            "role": "member",
            "team_id": "2341229",
            "username": "aoi96"
          },
          "sensitive_attributes": [],
          "dependencies": [
            "github_membership.aoi96",
            "github_team.ictsc8"
          ]
        }
      ]
    },
    {
      "mode": "managed",
      "type": "github_team_membership",
      "name": "ictsc8-bosan120",
      "provider": "provider[\"registry.terraform.io/integrations/github\"]",
      "instances": [
        {
          "schema_version": 0,
          "attributes": {
            "etag": "W/\"c2a32916307276276d98f1825c05604aa2f8f1a506a077fd649c3ea7c7b133f6\"",
            "id": "2341229:bosan120",
            "role": "member",
            "team_id": "2341229",
            "username": "bosan120"
          },
          "sensitive_attributes": [],
          "dependencies": [
            "github_membership.bosan120",
            "github_team.ictsc8"
          ]
        }
      ]
    },
    {
      "mode": "managed",
      "type": "github_team_membership",
      "name": "ictsc8-chisaton1",
      "provider": "provider[\"registry.terraform.io/integrations/github\"]",
      "instances": [
        {
          "schema_version": 0,
          "attributes": {
            "etag": "W/\"96f928e1d5292e058401ba1171a159af60c0e82b3712c3bf656bb669040ec812\"",
            "id": "2341229:chisaton1",
            "role": "member",
            "team_id": "2341229",
            "username": "chisaton1"
          },
          "sensitive_attributes": [],
          "dependencies": [
            "github_membership.chisaton1",
            "github_team.ictsc8"
          ]
        }
      ]
    },
    {
      "mode": "managed",
      "type": "github_team_membership",
      "name": "ictsc8-ecodrive-18",
      "provider": "provider[\"registry.terraform.io/integrations/github\"]",
      "instances": [
        {
          "schema_version": 0,
          "attributes": {
            "etag": "W/\"0d15a1761fab49f329c2e62d278db9fc82b5d1aba46f29d0114c933bb6e0e108\"",
            "id": "2341229:ecodrive-18",
            "role": "member",
            "team_id": "2341229",
            "username": "ecodrive-18"
          },
          "sensitive_attributes": [],
          "dependencies": [
            "github_membership.ecodrive-18",
            "github_team.ictsc8"
          ]
        }
      ]
    },
    {
      "mode": "managed",
      "type": "github_team_membership",
      "name": "ictsc8-h-otter",
      "provider": "provider[\"registry.terraform.io/integrations/github\"]",
      "instances": [
        {
          "schema_version": 0,
          "attributes": {
            "etag": "W/\"d6816a316710a1297c38a1012ec620fd7abd3c42a5ea77065cd3e476c7389cdc\"",
            "id": "2341229:h-otter",
            "role": "maintainer",
            "team_id": "2341229",
            "username": "h-otter"
          },
          "sensitive_attributes": [],
          "private": "bnVsbA==",
          "dependencies": [
            "github_membership.h-otter",
            "github_team.ictsc8"
          ]
        }
      ]
    },
    {
      "mode": "managed",
      "type": "github_team_membership",
      "name": "ictsc8-icchy",
      "provider": "provider[\"registry.terraform.io/integrations/github\"]",
      "instances": [
        {
          "schema_version": 0,
          "attributes": {
            "etag": "W/\"d0e0f3fba66b19f3747bb730cf2f52e8756871076038ba0813f40da23fdd7bef\"",
            "id": "2341229:icchy",
            "role": "member",
            "team_id": "2341229",
            "username": "icchy"
          },
          "sensitive_attributes": [],
          "dependencies": [
            "github_membership.icchy",
            "github_team.ictsc8"
          ]
        }
      ]
    },
    {
      "mode": "managed",
      "type": "github_team_membership",
      "name": "ictsc8-inuyosi",
      "provider": "provider[\"registry.terraform.io/integrations/github\"]",
      "instances": [
        {
          "schema_version": 0,
          "attributes": {
            "etag": "W/\"04e28594119a05ac75009263ff3e8e10fb74579fbf6317e7225d417690d0841f\"",
            "id": "2341229:inuyosi",
            "role": "member",
            "team_id": "2341229",
            "username": "inuyosi"
          },
          "sensitive_attributes": [],
          "dependencies": [
            "github_membership.inuyosi",
            "github_team.ictsc8"
          ]
        }
      ]
    },
    {
      "mode": "managed",
      "type": "github_team_membership",
      "name": "ictsc8-keyakko",
      "provider": "provider[\"registry.terraform.io/integrations/github\"]",
      "instances": [
        {
          "schema_version": 0,
          "attributes": {
            "etag": "W/\"e8448665333602234b5f87f63c21ff0bbfd46634e53a8fac96fdad5b7d43f52f\"",
            "id": "2341229:keyakko",
            "role": "member",
            "team_id": "2341229",
            "username": "keyakko"
          },
          "sensitive_attributes": [],
          "dependencies": [
            "github_membership.keyakko",
            "github_team.ictsc8"
          ]
        }
      ]
    },
    {
      "mode": "managed",
      "type": "github_team_membership",
      "name": "ictsc8-kyontan",
      "provider": "provider[\"registry.terraform.io/integrations/github\"]",
      "instances": [
        {
          "schema_version": 0,
          "attributes": {
            "etag": "W/\"6eaa1e094f0a75dda3f2b91a61f49427827fdf33edc7badecd7d9f570b8056e1\"",
            "id": "2341229:kyontan",
            "role": "member",
            "team_id": "2341229",
            "username": "kyontan"
          },
          "sensitive_attributes": [],
          "dependencies": [
            "github_membership.kyontan",
            "github_team.ictsc8"
          ]
        }
      ]
    },
    {
      "mode": "managed",
      "type": "github_team_membership",
      "name": "ictsc8-mbook-x86",
      "provider": "provider[\"registry.terraform.io/integrations/github\"]",
      "instances": [
        {
          "schema_version": 0,
          "attributes": {
            "etag": "W/\"a8bdf6bc666fdd16d220965d58d5d577acaff7ef5997c71b5ebf4b8ab3bec75b\"",
            "id": "2341229:mbook-x86",
            "role": "member",
            "team_id": "2341229",
            "username": "mbook-x86"
          },
          "sensitive_attributes": [],
          "dependencies": [
            "github_membership.mbook-x86",
            "github_team.ictsc8"
          ]
        }
      ]
    },
    {
      "mode": "managed",
      "type": "github_team_membership",
      "name": "ictsc8-naoki912",
      "provider": "provider[\"registry.terraform.io/integrations/github\"]",
      "instances": [
        {
          "schema_version": 0,
          "attributes": {
            "etag": "W/\"b1310458f6f97f47b694d094febe706023a4685cbf837211b0633867f54b7e3d\"",
            "id": "2341229:naoki912",
            "role": "member",
            "team_id": "2341229",
            "username": "naoki912"
          },
          "sensitive_attributes": [],
          "dependencies": [
            "github_membership.naoki912",
            "github_team.ictsc8"
          ]
        }
      ]
    },
    {
      "mode": "managed",
      "type": "github_team_membership",
      "name": "ictsc8-oomorio",
      "provider": "provider[\"registry.terraform.io/integrations/github\"]",
      "instances": [
        {
          "schema_version": 0,
          "attributes": {
            "etag": "W/\"3aa901a7a36ebc5d7dd7c0dd526411e1bc746d117286430e4cb1695f310db023\"",
            "id": "2341229:oomorio",
            "role": "member",
            "team_id": "2341229",
            "username": "oomorio"
          },
          "sensitive_attributes": [],
          "dependencies": [
            "github_membership.oomorio",
            "github_team.ictsc8"
          ]
        }
      ]
    },
    {
      "mode": "managed",
      "type": "github_team_membership",
      "name": "ictsc8-palloc",
      "provider": "provider[\"registry.terraform.io/integrations/github\"]",
      "instances": [
        {
          "schema_version": 0,
          "attributes": {
            "etag": "W/\"d0d2a27423f6fa2baece9c23ad61a02dcc61e51c0f7d84073a8317eb37a8f233\"",
            "id": "2341229:palloc",
            "role": "member",
            "team_id": "2341229",
            "username": "palloc"
          },
          "sensitive_attributes": [],
          "dependencies": [
            "github_membership.palloc",
            "github_team.ictsc8"
          ]
        }
      ]
    },
    {
      "mode": "managed",
      "type": "github_team_membership",
      "name": "ictsc8-staybuzz",
      "provider": "provider[\"registry.terraform.io/integrations/github\"]",
      "instances": [
        {
          "schema_version": 0,
          "attributes": {
            "etag": "W/\"0ee1270ab0b9b031e98bf225a18e1489e83c842f0fc1cc62d01b36954883649b\"",
            "id": "2341229:staybuzz",
            "role": "member",
            "team_id": "2341229",
            "username": "staybuzz"
          },
          "sensitive_attributes": [],
          "dependencies": [
            "github_membership.staybuzz",
            "github_team.ictsc8"
          ]
        }
      ]
    },
    {
      "mode": "managed",
      "type": "github_team_membership",
      "name": "ictsc8-whywaita",
      "provider": "provider[\"registry.terraform.io/integrations/github\"]",
      "instances": [
        {
          "schema_version": 0,
          "attributes": {
            "etag": "W/\"6b692a726374b62cb532065ee3a36555fee3281ec092bbdf58f7ed5f4ca5bcdd\"",
            "id": "2341229:whywaita",
            "role": "maintainer",
            "team_id": "2341229",
            "username": "whywaita"
          },
          "sensitive_attributes": [],
          "private": "bnVsbA==",
          "dependencies": [
            "github_membership.whywaita",
            "github_team.ictsc8"
          ]
        }
      ]
    },
    {
      "mode": "managed",
      "type": "github_team_membership",
      "name": "ictsc8-yatuhashi",
      "provider": "provider[\"registry.terraform.io/integrations/github\"]",
      "instances": [
        {
          "schema_version": 0,
          "attributes": {
            "etag": "W/\"007777a38052c113008b523dfc735f36663549b1eb5ae60cccb32efd56db75cb\"",
            "id": "2341229:yatuhashi",
            "role": "member",
            "team_id": "2341229",
            "username": "yatuhashi"
          },
          "sensitive_attributes": [],
          "dependencies": [
            "github_membership.yatuhashi",
            "github_team.ictsc8"
          ]
        }
      ]
    },
    {
      "mode": "managed",
      "type": "github_team_membership",
      "name": "ictsc9-Kurorororo",
      "provider": "provider[\"registry.terraform.io/integrations/github\"]",
      "instances": [
        {
          "schema_version": 0,
          "attributes": {
            "etag": "W/\"fbdf704d1e9641e0090a6393449e0af214c747aba3b93efe708666e443fab1d4\"",
            "id": "2818424:Kurorororo",
            "role": "member",
            "team_id": "2818424",
            "username": "Kurorororo"
          },
          "sensitive_attributes": [],
          "dependencies": [
            "github_membership.Kurorororo",
            "github_team.ictsc9"
          ]
        }
      ]
    },
    {
      "mode": "managed",
      "type": "github_team_membership",
      "name": "ictsc9-SakurazakaShin",
      "provider": "provider[\"registry.terraform.io/integrations/github\"]",
      "instances": [
        {
          "schema_version": 0,
          "attributes": {
            "etag": "W/\"1457e9fc3bb1924d4cc3750e5f059645c09641b0e727ef22d4f0eb050edc9957\"",
            "id": "2818424:SakurazakaShin",
            "role": "member",
            "team_id": "2818424",
            "username": "SakurazakaShin"
          },
          "sensitive_attributes": [],
          "dependencies": [
            "github_membership.SakurazakaShin",
            "github_team.ictsc9"
          ]
        }
      ]
    },
    {
      "mode": "managed",
      "type": "github_team_membership",
      "name": "ictsc9-acque2two",
      "provider": "provider[\"registry.terraform.io/integrations/github\"]",
      "instances": [
        {
          "schema_version": 0,
          "attributes": {
            "etag": "W/\"9682cc9dcc2360a86a04840562feeda361da6be5f57e6d79b3469924a7afbe02\"",
            "id": "2818424:acque2two",
            "role": "member",
            "team_id": "2818424",
            "username": "acque2two"
          },
          "sensitive_attributes": [],
          "dependencies": [
            "github_membership.acque2two",
            "github_team.ictsc9"
          ]
        }
      ]
    },
    {
      "mode": "managed",
      "type": "github_team_membership",
      "name": "ictsc9-chisaton1",
      "provider": "provider[\"registry.terraform.io/integrations/github\"]",
      "instances": [
        {
          "schema_version": 0,
          "attributes": {
            "etag": "W/\"564e7f0f7b7dcfaf7f94d3da7028dbfaff67438ed883bdf35228b7959961e72a\"",
            "id": "2818424:chisaton1",
            "role": "member",
            "team_id": "2818424",
            "username": "chisaton1"
          },
          "sensitive_attributes": [],
          "dependencies": [
            "github_membership.chisaton1",
            "github_team.ictsc9"
          ]
        }
      ]
    },
    {
      "mode": "managed",
      "type": "github_team_membership",
      "name": "ictsc9-ecodrive-18",
      "provider": "provider[\"registry.terraform.io/integrations/github\"]",
      "instances": [
        {
          "schema_version": 0,
          "attributes": {
            "etag": "W/\"5934040627f7b06dd9781fb097d9d692f81a026afe4dc16a4321fb5a12a2f307\"",
            "id": "2818424:ecodrive-18",
            "role": "member",
            "team_id": "2818424",
            "username": "ecodrive-18"
          },
          "sensitive_attributes": [],
          "dependencies": [
            "github_membership.ecodrive-18",
            "github_team.ictsc9"
          ]
        }
      ]
    },
    {
      "mode": "managed",
      "type": "github_team_membership",
      "name": "ictsc9-gurapomu",
      "provider": "provider[\"registry.terraform.io/integrations/github\"]",
      "instances": [
        {
          "schema_version": 0,
          "attributes": {
            "etag": "W/\"149d57afee9cce2d924bbac923278622a94fe287a65826f3cd9d607142241a6e\"",
            "id": "2818424:gurapomu",
            "role": "member",
            "team_id": "2818424",
            "username": "gurapomu"
          },
          "sensitive_attributes": [],
          "dependencies": [
            "github_membership.gurapomu",
            "github_team.ictsc9"
          ]
        }
      ]
    },
    {
      "mode": "managed",
      "type": "github_team_membership",
      "name": "ictsc9-h-otter",
      "provider": "provider[\"registry.terraform.io/integrations/github\"]",
      "instances": [
        {
          "schema_version": 0,
          "attributes": {
            "etag": "W/\"d7d5bfc2da406712d7d5ffc791d31d6de6d134454ffdd9335e26ed798274980f\"",
            "id": "2818424:h-otter",
            "role": "maintainer",
            "team_id": "2818424",
            "username": "h-otter"
          },
          "sensitive_attributes": [],
          "private": "bnVsbA==",
          "dependencies": [
            "github_membership.h-otter",
            "github_team.ictsc9"
          ]
        }
      ]
    },
    {
      "mode": "managed",
      "type": "github_team_membership",
      "name": "ictsc9-ha-kun0711",
      "provider": "provider[\"registry.terraform.io/integrations/github\"]",
      "instances": [
        {
          "schema_version": 0,
          "attributes": {
            "etag": "W/\"8f90914b71aa7f29bb3a637f74f154d93b029f64a0dd2c589dbf3d1003defa7e\"",
            "id": "2818424:ha-kun0711",
            "role": "member",
            "team_id": "2818424",
            "username": "ha-kun0711"
          },
          "sensitive_attributes": [],
          "dependencies": [
            "github_membership.ha-kun0711",
            "github_team.ictsc9"
          ]
        }
      ]
    },
    {
      "mode": "managed",
      "type": "github_team_membership",
      "name": "ictsc9-icchy",
      "provider": "provider[\"registry.terraform.io/integrations/github\"]",
      "instances": [
        {
          "schema_version": 0,
          "attributes": {
            "etag": "W/\"c9db30986ba90a79c0209961879e7cb458557e64d818ca766458a55c0637de62\"",
            "id": "2818424:icchy",
            "role": "member",
            "team_id": "2818424",
            "username": "icchy"
          },
          "sensitive_attributes": [],
          "dependencies": [
            "github_membership.icchy",
            "github_team.ictsc9"
          ]
        }
      ]
    },
    {
      "mode": "managed",
      "type": "github_team_membership",
      "name": "ictsc9-mbook-x86",
      "provider": "provider[\"registry.terraform.io/integrations/github\"]",
      "instances": [
        {
          "schema_version": 0,
          "attributes": {
            "etag": "W/\"225fffef1931f7664ac68fcd66d297a71a4f4e37bdadbbe9f3d5d661508e3bc1\"",
            "id": "2818424:mbook-x86",
            "role": "member",
            "team_id": "2818424",
            "username": "mbook-x86"
          },
          "sensitive_attributes": [],
          "dependencies": [
            "github_membership.mbook-x86",
            "github_team.ictsc9"
          ]
        }
      ]
    },
    {
      "mode": "managed",
      "type": "github_team_membership",
      "name": "ictsc9-naoki912",
      "provider": "provider[\"registry.terraform.io/integrations/github\"]",
      "instances": [
        {
          "schema_version": 0,
          "attributes": {
            "etag": "W/\"523b53e71409ee771246ef4156d53614be9eac5ac73af86cf8855a124f5d041d\"",
            "id": "2818424:naoki912",
            "role": "member",
            "team_id": "2818424",
            "username": "naoki912"
          },
          "sensitive_attributes": [],
          "dependencies": [
            "github_membership.naoki912",
            "github_team.ictsc9"
          ]
        }
      ]
    },
    {
      "mode": "managed",
      "type": "github_team_membership",
      "name": "ictsc9-nomeaning777",
      "provider": "provider[\"registry.terraform.io/integrations/github\"]",
      "instances": [
        {
          "schema_version": 0,
          "attributes": {
            "etag": "W/\"ababac46fe76c8908dee2f35717d9d53102e4c90cd189808d02d7996a91afcbf\"",
            "id": "2818424:nomeaning777",
            "role": "member",
            "team_id": "2818424",
            "username": "nomeaning777"
          },
          "sensitive_attributes": [],
          "dependencies": [
            "github_membership.nomeaning777",
            "github_team.ictsc9"
          ]
        }
      ]
    },
    {
      "mode": "managed",
      "type": "github_team_membership",
      "name": "ictsc9-palloc",
      "provider": "provider[\"registry.terraform.io/integrations/github\"]",
      "instances": [
        {
          "schema_version": 0,
          "attributes": {
            "etag": "W/\"3324907b3b0045f7d7309f2610062c200bcb011a16a376f8a85d531ffbcf8071\"",
            "id": "2818424:palloc",
            "role": "member",
            "team_id": "2818424",
            "username": "palloc"
          },
          "sensitive_attributes": [],
          "dependencies": [
            "github_membership.palloc",
            "github_team.ictsc9"
          ]
        }
      ]
    },
    {
      "mode": "managed",
      "type": "github_team_membership",
      "name": "ictsc9-sharknasuhorse",
      "provider": "provider[\"registry.terraform.io/integrations/github\"]",
      "instances": [
        {
          "schema_version": 0,
          "attributes": {
            "etag": "W/\"f1974c03b453ad7ae6433c1c0b03fb1de26f258a662f1d276598e6d66d19bb5f\"",
            "id": "2818424:sharknasuhorse",
            "role": "maintainer",
            "team_id": "2818424",
            "username": "sharknasuhorse"
          },
          "sensitive_attributes": [],
          "private": "bnVsbA==",
          "dependencies": [
            "github_membership.sharknasuhorse",
            "github_team.ictsc9"
          ]
        }
      ]
    },
    {
      "mode": "managed",
      "type": "github_team_membership",
      "name": "ictsc9-tsuttsu305",
      "provider": "provider[\"registry.terraform.io/integrations/github\"]",
      "instances": [
        {
          "schema_version": 0,
          "attributes": {
            "etag": "W/\"e213e194795ec3a9fa9a239c8dba778b0e0c61f549f44a379c1cd15e2981a172\"",
            "id": "2818424:tsuttsu305",
            "role": "member",
            "team_id": "2818424",
            "username": "tsuttsu305"
          },
          "sensitive_attributes": [],
          "dependencies": [
            "github_membership.tsuttsu305",
            "github_team.ictsc9"
          ]
        }
      ]
    },
    {
      "mode": "managed",
      "type": "github_team_membership",
      "name": "ictsc9-uplus",
      "provider": "provider[\"registry.terraform.io/integrations/github\"]",
      "instances": [
        {
          "schema_version": 0,
          "attributes": {
            "etag": "W/\"341afe83a758b49b2579fd0d9dd716bb04308f3a36313c527201275e7227f2e3\"",
            "id": "2818424:uplus",
            "role": "maintainer",
            "team_id": "2818424",
            "username": "uplus"
          },
          "sensitive_attributes": [],
          "private": "bnVsbA==",
          "dependencies": [
            "github_membership.uplus",
            "github_team.ictsc9"
          ]
        }
      ]
    },
    {
      "mode": "managed",
      "type": "github_team_membership",
      "name": "ictsc9-whywaita",
      "provider": "provider[\"registry.terraform.io/integrations/github\"]",
      "instances": [
        {
          "schema_version": 0,
          "attributes": {
            "etag": "W/\"1b76347c690dfede64d9ebffdcba471b11ef00018ee0c08c48f53260acc40432\"",
            "id": "2818424:whywaita",
            "role": "maintainer",
            "team_id": "2818424",
            "username": "whywaita"
          },
          "sensitive_attributes": [],
          "private": "bnVsbA==",
          "dependencies": [
            "github_membership.whywaita",
            "github_team.ictsc9"
          ]
        }
      ]
    },
    {
      "mode": "managed",
      "type": "github_team_membership",
      "name": "ictsc9-yatuhashi",
      "provider": "provider[\"registry.terraform.io/integrations/github\"]",
      "instances": [
        {
          "schema_version": 0,
          "attributes": {
            "etag": "W/\"85d4ffa56231c33d5c4125396b128594ce87997467b7e19b5530757ac1a5ba03\"",
            "id": "2818424:yatuhashi",
            "role": "member",
            "team_id": "2818424",
            "username": "yatuhashi"
          },
          "sensitive_attributes": [],
          "dependencies": [
            "github_membership.yatuhashi",
            "github_team.ictsc9"
          ]
        }
      ]
    },
    {
      "mode": "managed",
      "type": "github_team_membership",
      "name": "score-dev-uplus",
      "provider": "provider[\"registry.terraform.io/integrations/github\"]",
      "instances": [
        {
          "schema_version": 0,
          "attributes": {
            "etag": "W/\"2114834e7c905ff561d8f84923dcd84cbe6ac9ac85df6e1cf6d109b8db17d9fa\"",
            "id": "2004353:uplus",
            "role": "maintainer",
            "team_id": "2004353",
            "username": "uplus"
          },
          "sensitive_attributes": [],
          "dependencies": [
            "github_membership.uplus",
            "github_team.score-dev"
          ]
        }
      ]
    },
    {
      "mode": "managed",
      "type": "github_team_repository",
      "name": "score-dev-ictsc-score-server",
      "provider": "provider[\"registry.terraform.io/integrations/github\"]",
      "instances": [
        {
          "schema_version": 0,
          "attributes": {
            "etag": "W/\"cd68fb39409f149f7355600f29aaa81297ff2353d4c1594df5e8b511413dd0ac\"",
            "id": "2004353:ictsc-score-server",
            "permission": "admin",
            "repository": "ictsc-score-server",
            "team_id": "2004353"
          },
          "sensitive_attributes": [],
          "dependencies": [
            "github_team.score-dev"
          ]
        }
      ]
    }
  ],
  "check_results": null
}
