{
  "version": 4,
  "terraform_version": "1.3.6",
  "serial": 568,
  "lineage": "842a2913-e436-4381-8e72-045e740c9c1f",
  "outputs": {},
  "resources": [
    {
      "mode": "managed",
      "type": "github_membership",
      "name": "member",
      "provider": "provider[\"registry.terraform.io/integrations/github\"]",
      "instances": [
        {
          "index_key": "210on",
          "schema_version": 0,
          "attributes": {
            "etag": "W/\"b09e8b8122a19b45d1976458f0d29a2ad27b3d3da9dc6d57bcd62ba37061d939\"",
            "id": "ictsc:210on",
            "role": "member",
            "username": "210on"
          },
          "sensitive_attributes": [],
          "private": "bnVsbA=="
        },
        {
          "index_key": "39Hane",
          "schema_version": 0,
          "attributes": {
            "etag": "W/\"6d02d6d2e50eee811270b857e06330ad629089eac2e894740d33f06ad92e9650\"",
            "id": "ictsc:39Hane",
            "role": "member",
            "username": "39Hane"
          },
          "sensitive_attributes": [],
          "private": "bnVsbA=="
        },
        {
          "index_key": "Art-Atlas",
          "schema_version": 0,
          "attributes": {
            "etag": "W/\"e24f0df8b5ff54889d5db5ed8ecae79d48f835f6b781341fca495f7382492cad\"",
            "id": "ictsc:Art-Atlas",
            "role": "admin",
            "username": "Art-Atlas"
          },
          "sensitive_attributes": [],
          "private": "bnVsbA=="
        },
        {
          "index_key": "Azusa72",
          "schema_version": 0,
          "attributes": {
            "etag": "W/\"c5b83922f7ee5c2b32d9f53a8986e5a7dbbff88ada6a3f3dc0ebb38279001986\"",
            "id": "ictsc:Azusa72",
            "role": "member",
            "username": "Azusa72"
          },
          "sensitive_attributes": []
        },
        {
          "index_key": "Crow314",
          "schema_version": 0,
          "attributes": {
            "etag": "W/\"c03217b0090535bd10f068e7d7abfc137a6e6cb3b8be6680297a052c8c27b88b\"",
            "id": "ictsc:Crow314",
            "role": "admin",
            "username": "Crow314"
          },
          "sensitive_attributes": [],
          "private": "bnVsbA=="
        },
        {
          "index_key": "Dodai-Dodai",
          "schema_version": 0,
          "attributes": {
            "etag": "W/\"fb386c0930d445b5aadd3096451dc9973fa2be0ecb70af3d0c7edce5b48069d3\"",
            "id": "ictsc:Dodai-Dodai",
            "role": "admin",
            "username": "Dodai-Dodai"
          },
          "sensitive_attributes": [],
          "private": "bnVsbA=="
        },
        {
          "index_key": "Explosive6363",
          "schema_version": 0,
          "attributes": {
            "etag": "W/\"b5e10846bb2b4c7ffcf4481f1c37b9bf3f95235213e728b0331ecf493981714e\"",
            "id": "ictsc:Explosive6363",
            "role": "admin",
            "username": "Explosive6363"
          },
          "sensitive_attributes": []
        },
        {
          "index_key": "Fuuma0000",
          "schema_version": 0,
          "attributes": {
            "etag": "W/\"9a3c204c25ff23ca698a9048e929ff30a6fe74a21d8b6d9bc15bd2fd910c4983\"",
            "id": "ictsc:Fuuma0000",
            "role": "admin",
            "username": "Fuuma0000"
          },
          "sensitive_attributes": [],
          "private": "bnVsbA=="
        },
        {
          "index_key": "Hicky1025",
          "schema_version": 0,
          "attributes": {
            "etag": "W/\"45080559d98f8b4def51d0b607df9f1944e2a0d6516dc366b080d953915e86d3\"",
            "id": "ictsc:Hicky1025",
            "role": "member",
            "username": "Hicky1025"
          },
          "sensitive_attributes": []
        },
        {
          "index_key": "I1da725",
          "schema_version": 0,
          "attributes": {
            "etag": "W/\"b3f3dcac09e2d0d1953a519d90329d4a3b71ea80229d7b8593ca76ab522b4681\"",
            "id": "ictsc:I1da725",
            "role": "member",
            "username": "I1da725"
          },
          "sensitive_attributes": [],
          "private": "bnVsbA=="
        },
        {
          "index_key": "Iwancof",
          "schema_version": 0,
          "attributes": {
            "etag": "W/\"961a444ac897ac5f08b4649e588f975c13dda7dae23653d452ceff3bb052cc46\"",
            "id": "ictsc:Iwancof",
            "role": "member",
            "username": "Iwancof"
          },
          "sensitive_attributes": []
        },
        {
          "index_key": "K-shir0",
          "schema_version": 0,
          "attributes": {
            "etag": "W/\"8d28ab38880abb69f4df0acdfffc9b6bb73f916a30b75d9d6e85728f97ab122e\"",
            "id": "ictsc:K-shir0",
            "role": "member",
            "username": "K-shir0"
          },
          "sensitive_attributes": []
        },
        {
          "index_key": "Katsuya414",
          "schema_version": 0,
          "attributes": {
            "etag": "W/\"8bfeb8daab46ed240d281a0e121f59b6f858e3ed0b6487dfa7d4a865a245a02d\"",
            "id": "ictsc:Katsuya414",
            "role": "member",
            "username": "Katsuya414"
          },
          "sensitive_attributes": []
        },
        {
          "index_key": "Kurorororo",
          "schema_version": 0,
          "attributes": {
            "etag": "W/\"c572c9e4d65a0afbaf3f79e211d287b14b0766e19deac231da548b20fede6d2a\"",
            "id": "ictsc:Kurorororo",
            "role": "member",
            "username": "Kurorororo"
          },
          "sensitive_attributes": []
        },
        {
          "index_key": "NozomiSugiyama",
          "schema_version": 0,
          "attributes": {
            "etag": "W/\"eb003cb28bc234e1346fd8d5332e51f6878129fe1bfb2cc9ef5935f830f03d72\"",
            "id": "ictsc:NozomiSugiyama",
            "role": "member",
            "username": "NozomiSugiyama"
          },
          "sensitive_attributes": []
        },
        {
          "index_key": "SakurazakaShin",
          "schema_version": 0,
          "attributes": {
            "etag": "W/\"880cbb971b08be6763e09b399c27705cef583cbbef52b4844f35fa57548d6685\"",
            "id": "ictsc:SakurazakaShin",
            "role": "member",
            "username": "SakurazakaShin"
          },
          "sensitive_attributes": []
        },
        {
          "index_key": "SallyAcolyte",
          "schema_version": 0,
          "attributes": {
            "etag": "W/\"0b3c15aa49fc6c8f68ba89801eeefd2dee3b2cbec0fd473647eb78230971e02a\"",
            "id": "ictsc:SallyAcolyte",
            "role": "member",
            "username": "SallyAcolyte"
          },
          "sensitive_attributes": []
        },
        {
          "index_key": "ShotaKitazawa",
          "schema_version": 0,
          "attributes": {
            "etag": "W/\"19b957e0f9ec94fcd6189880b84935405a3a62f2b40ed9b308b7629cc9424fc0\"",
            "id": "ictsc:ShotaKitazawa",
            "role": "member",
            "username": "ShotaKitazawa"
          },
          "sensitive_attributes": []
        },
        {
          "index_key": "SilEighty-ym",
          "schema_version": 0,
          "attributes": {
            "etag": "W/\"2b2c314a5fcfa45aaf1ca9a36c3ca03d4f49f27322c48de9883bf3bf2dff36bd\"",
            "id": "ictsc:SilEighty-ym",
            "role": "member",
            "username": "SilEighty-ym"
          },
          "sensitive_attributes": []
        },
        {
          "index_key": "SouJimmy",
          "schema_version": 0,
          "attributes": {
            "etag": "W/\"6740b9a56e0b74a13595fc8d8de6bed3a0038e05df2ede01a8043bc5548557fb\"",
            "id": "ictsc:SouJimmy",
            "role": "member",
            "username": "SouJimmy"
          },
          "sensitive_attributes": [],
          "private": "bnVsbA=="
        },
        {
          "index_key": "TenkiGit",
          "schema_version": 0,
          "attributes": {
            "etag": "W/\"8f292c772830bdcdb61947f2d1b8b80176b3f1789357b6d66ba702eb76407b61\"",
            "id": "ictsc:TenkiGit",
            "role": "member",
            "username": "TenkiGit"
          },
          "sensitive_attributes": []
        },
        {
          "index_key": "Terfno",
          "schema_version": 0,
          "attributes": {
            "etag": "W/\"0e347a1e2be1aa7e86569c543510cb081809a88b2f7402736cfe3d4f789cf6fe\"",
            "id": "ictsc:Terfno",
            "role": "member",
            "username": "Terfno"
          },
          "sensitive_attributes": []
        },
        {
          "index_key": "Yosshi72",
          "schema_version": 0,
          "attributes": {
            "etag": "W/\"cde94de103ddf3cd56b37bac2f21544ac7f0b3b0eef17be3a52773c0960e0ab5\"",
            "id": "ictsc:Yosshi72",
            "role": "member",
            "username": "Yosshi72"
          },
          "sensitive_attributes": [],
          "private": "bnVsbA=="
        },
        {
          "index_key": "a-r-g-v",
          "schema_version": 0,
          "attributes": {
            "etag": "W/\"258f020ad7ec39ce64d201baef3d243a520bb0915403341cedfad35ac23c5374\"",
            "id": "ictsc:a-r-g-v",
            "role": "member",
            "username": "a-r-g-v"
          },
          "sensitive_attributes": []
        },
        {
          "index_key": "acque2two",
          "schema_version": 0,
          "attributes": {
            "etag": "W/\"296ad4cebfcac0db55f6748d0423790ec5263bd390c5f2cf7f6faf6fc4791b40\"",
            "id": "ictsc:acque2two",
            "role": "member",
            "username": "acque2two"
          },
          "sensitive_attributes": []
        },
        {
          "index_key": "alias-aria",
          "schema_version": 0,
          "attributes": {
            "etag": "W/\"0eacfeedf28d223fe87a08b1c5f001a1c810bc5cf3b36d318e78c8d693265111\"",
            "id": "ictsc:alias-aria",
            "role": "member",
            "username": "alias-aria"
          },
          "sensitive_attributes": []
        },
        {
          "index_key": "aoi96",
          "schema_version": 0,
          "attributes": {
            "etag": "W/\"b449328f13aa06d565326db400dfbc7129f4a814e10f1a84f46c6307a3fa628c\"",
            "id": "ictsc:aoi96",
            "role": "member",
            "username": "aoi96"
          },
          "sensitive_attributes": []
        },
        {
          "index_key": "arupakan125",
          "schema_version": 0,
          "attributes": {
            "etag": "W/\"502b85f0b6c37056b20786e60f9081ac50553e12f306c1da67a5a33b6a1c33fe\"",
            "id": "ictsc:arupakan125",
            "role": "member",
            "username": "arupakan125"
          },
          "sensitive_attributes": []
        },
        {
          "index_key": "asarijiru",
          "schema_version": 0,
          "attributes": {
            "etag": "W/\"ce0a10b0548b20b3304941965986622a86d40af09a8f41dca9683d74dc78fbb0\"",
            "id": "ictsc:asarijiru",
            "role": "member",
            "username": "asarijiru"
          },
          "sensitive_attributes": []
        },
        {
          "index_key": "asdfec",
          "schema_version": 0,
          "attributes": {
            "etag": "W/\"be53d5f37f1be766ea4ad50f93c39918733d5b002b10508a21b76e238f4cb32b\"",
            "id": "ictsc:asdfec",
            "role": "member",
            "username": "asdfec"
          },
          "sensitive_attributes": []
        },
        {
          "index_key": "beggarl",
          "schema_version": 0,
          "attributes": {
            "etag": "W/\"28964da7f5eb03fb9f5ae733fbdcbc308676e26bf5375965c429feacce402df4\"",
            "id": "ictsc:beggarl",
            "role": "member",
            "username": "beggarl"
          },
          "sensitive_attributes": []
        },
        {
          "index_key": "bosan120",
          "schema_version": 0,
          "attributes": {
            "etag": "W/\"2f681bb8fb86ca522ba4bbe2520fa053ba129eef8a4a016645b98da8e2721e26\"",
            "id": "ictsc:bosan120",
            "role": "member",
            "username": "bosan120"
          },
          "sensitive_attributes": []
        },
        {
          "index_key": "bqc0n",
          "schema_version": 0,
          "attributes": {
            "etag": "W/\"f4903ee81554ef4172557c1e689a12f844a8f0df20792354c823e9692676bc6f\"",
            "id": "ictsc:bqc0n",
            "role": "member",
            "username": "bqc0n"
          },
          "sensitive_attributes": [],
          "private": "bnVsbA=="
        },
        {
          "index_key": "chalkygames123",
          "schema_version": 0,
          "attributes": {
            "etag": "W/\"7e11974a2053ea957f37f01e5499b5295664be06d19e9431b09581e8a50686d9\"",
            "id": "ictsc:chalkygames123",
            "role": "member",
            "username": "chalkygames123"
          },
          "sensitive_attributes": []
        },
        {
          "index_key": "chamaharun",
          "schema_version": 0,
          "attributes": {
            "etag": "W/\"edd1721258cf83e6ac18478efcfa951444a47a224d63c73950c0fddae1096275\"",
            "id": "ictsc:chamaharun",
            "role": "member",
            "username": "chamaharun"
          },
          "sensitive_attributes": []
        },
        {
          "index_key": "chaya2z",
          "schema_version": 0,
          "attributes": {
            "etag": "W/\"e08540846bd54b41c8316c635c8acad53d3b22961cabe081980a237a8ae3a007\"",
            "id": "ictsc:chaya2z",
            "role": "member",
            "username": "chaya2z"
          },
          "sensitive_attributes": []
        },
        {
          "index_key": "chibiegg",
          "schema_version": 0,
          "attributes": {
            "etag": "W/\"968595fa7b470182a25df9d31defaecc10cc338f096d966a3fea45084e27ad4f\"",
            "id": "ictsc:chibiegg",
            "role": "member",
            "username": "chibiegg"
          },
          "sensitive_attributes": []
        },
        {
          "index_key": "chisaton1",
          "schema_version": 0,
          "attributes": {
            "etag": "W/\"eea1505e6d477c8557866c05eedb1f1b409249f672b4666109d3cf9b81cd76dc\"",
            "id": "ictsc:chisaton1",
            "role": "member",
            "username": "chisaton1"
          },
          "sensitive_attributes": []
        },
        {
          "index_key": "chouett0",
          "schema_version": 0,
          "attributes": {
            "etag": "W/\"72ca629451834b0ca29cac1637f01695b85038eb1b4a5ec4576c877ba43c9d6f\"",
            "id": "ictsc:chouett0",
            "role": "member",
            "username": "chouett0"
          },
          "sensitive_attributes": []
        },
        {
          "index_key": "ecodrive-18",
          "schema_version": 0,
          "attributes": {
            "etag": "W/\"121a9fa5ceb4f81433f0476b83a0c85bd0e6d7675e211f92cf1a66388b500ca2\"",
            "id": "ictsc:ecodrive-18",
            "role": "member",
            "username": "ecodrive-18"
          },
          "sensitive_attributes": []
        },
        {
          "index_key": "flora058x",
          "schema_version": 0,
          "attributes": {
            "etag": "W/\"a628689f56bd126680da2f381b269827a88428c41f8f54e9705fb769d7c4982c\"",
            "id": "ictsc:flora058x",
            "role": "member",
            "username": "flora058x"
          },
          "sensitive_attributes": [],
          "private": "bnVsbA=="
        },
        {
          "index_key": "guragusan",
          "schema_version": 0,
          "attributes": {
            "etag": "W/\"a5bc9f5d217dcc223cf855c5d8f5367bcbc8ead90711a939a9bf9651061b50a2\"",
            "id": "ictsc:guragusan",
            "role": "member",
            "username": "guragusan"
          },
          "sensitive_attributes": []
        },
        {
          "index_key": "gurapomu",
          "schema_version": 0,
          "attributes": {
            "etag": "W/\"a8fa7769ff04b983e7e6a736fe2d9faa05219449604a0b6133f84a9cc0bec642\"",
            "id": "ictsc:gurapomu",
            "role": "member",
            "username": "gurapomu"
          },
          "sensitive_attributes": []
        },
        {
          "index_key": "h-otter",
          "schema_version": 0,
          "attributes": {
            "etag": "W/\"7f8f849b691a76f5a25bfd7c9b9d3629510b3791bfb3d375fecb2d9592988e56\"",
            "id": "ictsc:h-otter",
            "role": "admin",
            "username": "h-otter"
          },
          "sensitive_attributes": []
        },
        {
          "index_key": "ha-kun0711",
          "schema_version": 0,
          "attributes": {
            "etag": "W/\"0d2ef25cebe3df1b487cde8a49e0ba351164a9206ccfab8d454e48b8bea1c09f\"",
            "id": "ictsc:ha-kun0711",
            "role": "member",
            "username": "ha-kun0711"
          },
          "sensitive_attributes": []
        },
        {
          "index_key": "hibiki31",
          "schema_version": 0,
          "attributes": {
            "etag": "W/\"acfb78c668738f92d69963e6c217088e81a31ea9b77f9e713b279960d39463f5\"",
            "id": "ictsc:hibiki31",
            "role": "member",
            "username": "hibiki31"
          },
          "sensitive_attributes": []
        },
        {
          "index_key": "hide-1",
          "schema_version": 0,
          "attributes": {
            "etag": "W/\"15e68123ce05da90d32c4c6e0fde2998de59988eea2fdd80185499fde97b51a7\"",
            "id": "ictsc:hide-1",
            "role": "member",
            "username": "hide-1"
          },
          "sensitive_attributes": [],
          "private": "bnVsbA=="
        },
        {
          "index_key": "hitto-hub",
          "schema_version": 0,
          "attributes": {
            "etag": "W/\"b925689efc18ec41ec20c77aa8079b6c865409a9551cb9720c5e198570cd5a89\"",
            "id": "ictsc:hitto-hub",
            "role": "member",
            "username": "hitto-hub"
          },
          "sensitive_attributes": [],
          "private": "bnVsbA=="
        },
        {
          "index_key": "ibucho",
          "schema_version": 0,
          "attributes": {
            "etag": "W/\"ef7dc67fea65317f23fb6223dc25d73beffe3a1913cdc01ddda9ec7f0d648a6d\"",
            "id": "ictsc:ibucho",
            "role": "admin",
            "username": "ibucho"
          },
          "sensitive_attributes": []
        },
        {
          "index_key": "icchy",
          "schema_version": 0,
          "attributes": {
            "etag": "W/\"2d8f1d9927a03a1f2d724ec5403d6eb3e1085385e14ee372d12b3845cad516b3\"",
            "id": "ictsc:icchy",
            "role": "member",
            "username": "icchy"
          },
          "sensitive_attributes": []
        },
        {
          "index_key": "int-tt",
          "schema_version": 0,
          "attributes": {
            "etag": "W/\"b0de4e8b17695e2730a0ecd14ae7e04990d1a4a93472a2210dde5584585610b5\"",
            "id": "ictsc:int-tt",
            "role": "member",
            "username": "int-tt"
          },
          "sensitive_attributes": []
        },
        {
          "index_key": "inuyosi",
          "schema_version": 0,
          "attributes": {
            "etag": "W/\"8bd265b64253db7d75885a9a4326921e724b278b6aa90e0301690511e5a391dd\"",
            "id": "ictsc:inuyosi",
            "role": "member",
            "username": "inuyosi"
          },
          "sensitive_attributes": []
        },
        {
          "index_key": "ishisora",
          "schema_version": 0,
          "attributes": {
            "etag": "W/\"48cb76c225ba325a30872156418cc843ac2245510a62387b44c4a2056f77f9cd\"",
            "id": "ictsc:ishisora",
            "role": "member",
            "username": "ishisora"
          },
          "sensitive_attributes": [],
          "private": "bnVsbA=="
        },
        {
          "index_key": "jeterdx",
          "schema_version": 0,
          "attributes": {
            "etag": "W/\"23306ea4093499f6f8fc435f15d37c88e735941db7cb2c7154505c0728092e82\"",
            "id": "ictsc:jeterdx",
            "role": "member",
            "username": "jeterdx"
          },
          "sensitive_attributes": [],
          "private": "bnVsbA=="
        },
        {
          "index_key": "k-84mo10",
          "schema_version": 0,
          "attributes": {
            "etag": "W/\"aaaf0fd682ae759c8ba98a6362a39a0b17bcd57e3821732a8be453c91fd53258\"",
            "id": "ictsc:k-84mo10",
            "role": "member",
            "username": "k-84mo10"
          },
          "sensitive_attributes": [],
          "private": "bnVsbA=="
        },
        {
          "index_key": "kadokusei",
          "schema_version": 0,
          "attributes": {
            "etag": "W/\"e1cc1f9133dbe32b6a1b95c5a4b1525ddc1c880cc8e1252d6e06ebc4c7df20d6\"",
            "id": "ictsc:kadokusei",
            "role": "member",
            "username": "kadokusei"
          },
          "sensitive_attributes": []
        },
        {
          "index_key": "kamijin-fanta",
          "schema_version": 0,
          "attributes": {
            "etag": "W/\"0619f2d407864bdeb92a37d167fc82ff523ac6f88f2a1c6418f3be6898753d55\"",
            "id": "ictsc:kamijin-fanta",
            "role": "member",
            "username": "kamijin-fanta"
          },
          "sensitive_attributes": []
        },
        {
          "index_key": "kapibara824",
          "schema_version": 0,
          "attributes": {
            "etag": "W/\"05ed444df8e39f416f83f2fd601aafd154d8728df4bea0afb49c2fd4c51dc0cf\"",
            "id": "ictsc:kapibara824",
            "role": "member",
            "username": "kapibara824"
          },
          "sensitive_attributes": []
        },
        {
          "index_key": "kayo-tozaki",
          "schema_version": 0,
          "attributes": {
            "etag": "W/\"9021016e2f8bab96f6889e9a8fb9b5aa18d52749d52871cb6d20f3d9a7eb658f\"",
            "id": "ictsc:kayo-tozaki",
            "role": "member",
            "username": "kayo-tozaki"
          },
          "sensitive_attributes": []
        },
        {
          "index_key": "keisukearakawa",
          "schema_version": 0,
          "attributes": {
            "etag": "W/\"9d2dfe7eaf6f879e85958396f022801fb316e48cf717cc3cccc1af26a8d4b261\"",
            "id": "ictsc:keisukearakawa",
            "role": "member",
            "username": "keisukearakawa"
          },
          "sensitive_attributes": []
        },
        {
          "index_key": "kerthical",
          "schema_version": 0,
          "attributes": {
            "etag": "W/\"0f7b6b8903b5286b714169dde9567739b3598cfdf680a69ffa3f57f8201b7f80\"",
            "id": "ictsc:kerthical",
            "role": "member",
            "username": "kerthical"
          },
          "sensitive_attributes": [],
          "private": "bnVsbA=="
        },
        {
          "index_key": "keyakko",
          "schema_version": 0,
          "attributes": {
            "etag": "W/\"9c3a1e04e21d345a292665a668c6ff7d92cb8b1ed09e73f65e6efeb1b91da9e7\"",
            "id": "ictsc:keyakko",
            "role": "member",
            "username": "keyakko"
          },
          "sensitive_attributes": []
        },
        {
          "index_key": "konkichi836",
          "schema_version": 0,
          "attributes": {
            "etag": "W/\"f0dce23179f6133dfdfb8be6e2075588c131a224545933ff794491aa93519fd0\"",
            "id": "ictsc:konkichi836",
            "role": "member",
            "username": "konkichi836"
          },
          "sensitive_attributes": [],
          "private": "bnVsbA=="
        },
        {
          "index_key": "kouxi08",
          "schema_version": 0,
          "attributes": {
            "etag": "W/\"33d65aa85988b28fcde796aa332e6509a95f8b4da51f114d25baabf69642bac9\"",
            "id": "ictsc:kouxi08",
            "role": "member",
            "username": "kouxi08"
          },
          "sensitive_attributes": [],
          "private": "bnVsbA=="
        },
        {
          "index_key": "kurochan",
          "schema_version": 0,
          "attributes": {
            "etag": "W/\"1241c53d34215ec050d239e085e55b36161c49b505a2bd0a92e4e810066bc602\"",
            "id": "ictsc:kurochan",
            "role": "admin",
            "username": "kurochan"
          },
          "sensitive_attributes": []
        },
        {
          "index_key": "kyoko0514",
          "schema_version": 0,
          "attributes": {
            "etag": "W/\"4d7ae4ef99e206b6ea9226b1dc85c8a5dc3610191e448f95aa6b35adea47498b\"",
            "id": "ictsc:kyoko0514",
            "role": "member",
            "username": "kyoko0514"
          },
          "sensitive_attributes": []
        },
        {
          "index_key": "kyontan",
          "schema_version": 0,
          "attributes": {
            "etag": "W/\"eb60c086a2cfe7c709bd732a8d4d380d18aec826eea6a4f377183b69e772c0a0\"",
            "id": "ictsc:kyontan",
            "role": "member",
            "username": "kyontan"
          },
          "sensitive_attributes": []
        },
        {
          "index_key": "logica0419",
          "schema_version": 0,
          "attributes": {
            "etag": "W/\"233c6ae92f6f4566588932d45cb52fc3d6eb69fb7d1083302cd2735a7f1d49e1\"",
            "id": "ictsc:logica0419",
            "role": "admin",
            "username": "logica0419"
          },
          "sensitive_attributes": [],
          "private": "bnVsbA=="
        },
        {
          "index_key": "mbook-x86",
          "schema_version": 0,
          "attributes": {
            "etag": "W/\"1b4e11bf97aa2cba50ce7c71c9286e6007611c38b32dedbe63f9549a1f09ea75\"",
            "id": "ictsc:mbook-x86",
            "role": "member",
            "username": "mbook-x86"
          },
          "sensitive_attributes": []
        },
        {
          "index_key": "miyashita77",
          "schema_version": 0,
          "attributes": {
            "etag": "W/\"54485923b64afd78aa202c9203b9a0cef8d8cc3ca31766d843adf09f0d86fdc2\"",
            "id": "ictsc:miyashita77",
            "role": "member",
            "username": "miyashita77"
          },
          "sensitive_attributes": [],
          "private": "bnVsbA=="
        },
        {
          "index_key": "mk0913mnck",
          "schema_version": 0,
          "attributes": {
            "etag": "W/\"6c259d37667ade5c5a5c19b9c77c738a9a4bec4587b6db6f55788e9a62330671\"",
            "id": "ictsc:mk0913mnck",
            "role": "member",
            "username": "mk0913mnck"
          },
          "sensitive_attributes": []
        },
        {
          "index_key": "momoka0122y",
          "schema_version": 0,
          "attributes": {
            "etag": "W/\"87f0bcbffc4b8b0a7b1289a2c96de390a4fcf93d0237d325ef94c392cff8aa00\"",
            "id": "ictsc:momoka0122y",
            "role": "member",
            "username": "momoka0122y"
          },
          "sensitive_attributes": [],
          "private": "bnVsbA=="
        },
        {
          "index_key": "mu-ruU1",
          "schema_version": 0,
          "attributes": {
            "etag": "W/\"579aab7e862f53f176d19ed96f540e8b39562d49ea50ff89914277ec3b1f8469\"",
            "id": "ictsc:mu-ruU1",
            "role": "admin",
            "username": "mu-ruU1"
          },
          "sensitive_attributes": [],
          "private": "bnVsbA=="
        },
        {
          "index_key": "nagayon-935",
          "schema_version": 0,
          "attributes": {
            "etag": "W/\"cef0aa0fe9411da392e79fe341856d1ef9654dc37bf1485af8fea717a0751ebe\"",
            "id": "ictsc:nagayon-935",
            "role": "member",
            "username": "nagayon-935"
          },
          "sensitive_attributes": [],
          "private": "bnVsbA=="
        },
        {
          "index_key": "nakasyo2650",
          "schema_version": 0,
          "attributes": {
            "etag": "W/\"b0af06796332190d497414b6cd0684bc521875ee6552fe175eacaaeadd72e332\"",
            "id": "ictsc:nakasyo2650",
            "role": "member",
            "username": "nakasyo2650"
          },
          "sensitive_attributes": []
        },
        {
          "index_key": "naoki2001",
          "schema_version": 0,
          "attributes": {
            "etag": "W/\"25c4f3e3e3cc0e2fd31f39e4f422605d2009bb08a4dfaf9ecbb9655d6ba32d35\"",
            "id": "ictsc:naoki2001",
            "role": "member",
            "username": "naoki2001"
          },
          "sensitive_attributes": []
        },
        {
          "index_key": "naoki912",
          "schema_version": 0,
          "attributes": {
            "etag": "W/\"c17535433964204ac0c3f84012010f6653eb299650570241e1dff4793764c7f9\"",
            "id": "ictsc:naoki912",
            "role": "member",
            "username": "naoki912"
          },
          "sensitive_attributes": []
        },
        {
          "index_key": "netmarkjp",
          "schema_version": 0,
          "attributes": {
            "etag": "W/\"76ecd3db9f444b70bf1d346bde9637698a1a9bd4ebe70d5e00884344e278abcc\"",
            "id": "ictsc:netmarkjp",
            "role": "admin",
            "username": "netmarkjp"
          },
          "sensitive_attributes": []
        },
        {
          "index_key": "nishinoyama",
          "schema_version": 0,
          "attributes": {
            "etag": "W/\"9e9741635840ba5bc3ab3d43c1d68f35051e030885080568bfb860ed81933baf\"",
            "id": "ictsc:nishinoyama",
            "role": "admin",
            "username": "nishinoyama"
          },
          "sensitive_attributes": [],
          "private": "bnVsbA=="
        },
        {
          "index_key": "nomeaning777",
          "schema_version": 0,
          "attributes": {
            "etag": "W/\"75389e66863110bf2498d9146d24c3c614d4fbcca070e8d5029691f41f06ba6c\"",
            "id": "ictsc:nomeaning777",
            "role": "member",
            "username": "nomeaning777"
          },
          "sensitive_attributes": []
        },
        {
          "index_key": "notchi590",
          "schema_version": 0,
          "attributes": {
            "etag": "W/\"44d6abbdb1be10788386f9590c87b2ce7b2102b73acbd9a884341252d93a9987\"",
            "id": "ictsc:notchi590",
            "role": "member",
            "username": "notchi590"
          },
          "sensitive_attributes": []
        },
        {
          "index_key": "onabe3",
          "schema_version": 0,
          "attributes": {
            "etag": "W/\"31a9909ff3a80a9aa7c11966d697718291aa7f396e1fce6da383c7022663851d\"",
            "id": "ictsc:onabe3",
            "role": "member",
            "username": "onabe3"
          },
          "sensitive_attributes": [],
          "private": "bnVsbA=="
        },
        {
          "index_key": "onokatio",
          "schema_version": 0,
          "attributes": {
            "etag": "W/\"6433653a9c5b2dc62ac1e54b0ec59e347e48ad0eafcb03554dc8f59f4b7dda45\"",
            "id": "ictsc:onokatio",
            "role": "admin",
            "username": "onokatio"
          },
          "sensitive_attributes": []
        },
        {
          "index_key": "oomorio",
          "schema_version": 0,
          "attributes": {
            "etag": "W/\"ef71f9d94066872098308083a8586b58b8558fc7b882635dc1e0e1fbdc20bf1d\"",
            "id": "ictsc:oomorio",
            "role": "member",
            "username": "oomorio"
          },
          "sensitive_attributes": []
        },
        {
          "index_key": "ophum",
          "schema_version": 0,
          "attributes": {
            "etag": "W/\"026ffa7fabdffbb8511d69de93286a00de2e3b4271c0ffe698b5d73d0651aad2\"",
            "id": "ictsc:ophum",
            "role": "member",
            "username": "ophum"
          },
          "sensitive_attributes": []
        },
        {
          "index_key": "orin24",
          "schema_version": 0,
          "attributes": {
            "etag": "W/\"066eeb8d77d4c2c0ebd1f191cb90f18bb29cf84f3ff829faf21a34905db4a75a\"",
            "id": "ictsc:orin24",
            "role": "member",
            "username": "orin24"
          },
          "sensitive_attributes": []
        },
        {
          "index_key": "oshamashama",
          "schema_version": 0,
          "attributes": {
            "etag": "W/\"deee007eb86f9f999969352ad4dae6b5baf36d2c464bbd1ea017e3129e6dfeb9\"",
            "id": "ictsc:oshamashama",
            "role": "member",
            "username": "oshamashama"
          },
          "sensitive_attributes": [],
          "private": "bnVsbA=="
        },
        {
          "index_key": "palloc",
          "schema_version": 0,
          "attributes": {
            "etag": "W/\"fc09c532c66cf0389bacfd71f583a1ca26454827fe405b39cf2cf7b3569959e3\"",
            "id": "ictsc:palloc",
            "role": "member",
            "username": "palloc"
          },
          "sensitive_attributes": []
        },
        {
          "index_key": "potyama",
          "schema_version": 0,
          "attributes": {
            "etag": "W/\"d90ee96640b92539822bd74b97845e9ec2868c8f064ce0e988832ba19d360440\"",
            "id": "ictsc:potyama",
            "role": "member",
            "username": "potyama"
          },
          "sensitive_attributes": []
        },
        {
          "index_key": "private-yusuke",
          "schema_version": 0,
          "attributes": {
            "etag": "W/\"28aa0792768a61f66b82b7ffae313c68446d944c2285d6a33f65c8f21338f492\"",
            "id": "ictsc:private-yusuke",
            "role": "admin",
            "username": "private-yusuke"
          },
          "sensitive_attributes": [],
          "private": "bnVsbA=="
        },
        {
          "index_key": "proelbtn",
          "schema_version": 0,
          "attributes": {
            "etag": "W/\"7fa1c91da17bdcec51d9e799bb29825d5efc61f63da9328163d61c657ae6f0a6\"",
            "id": "ictsc:proelbtn",
            "role": "admin",
            "username": "proelbtn"
          },
          "sensitive_attributes": []
        },
        {
          "index_key": "recuraki",
          "schema_version": 0,
          "attributes": {
            "etag": "W/\"3dbb35e7b475349f706c7beb8ba3995598566b43a6266fa13f4f71aa40123ac0\"",
            "id": "ictsc:recuraki",
            "role": "member",
            "username": "recuraki"
          },
          "sensitive_attributes": []
        },
        {
          "index_key": "red-3ya",
          "schema_version": 0,
          "attributes": {
            "etag": "W/\"b68b5b9ae75e021e29250376f0c5c7ef49d1f3afa2ddc12352d0d936e69452b7\"",
            "id": "ictsc:red-3ya",
            "role": "member",
            "username": "red-3ya"
          },
          "sensitive_attributes": [],
          "private": "bnVsbA=="
        },
        {
          "index_key": "rk76feWF",
          "schema_version": 0,
          "attributes": {
            "etag": "W/\"695ecb4e69fb239a41b40de41e340585076e126a01cff334b9aed9476e5d93dd\"",
            "id": "ictsc:rk76feWF",
            "role": "member",
            "username": "rk76feWF"
          },
          "sensitive_attributes": [],
          "private": "bnVsbA=="
        },
        {
          "index_key": "rlia",
          "schema_version": 0,
          "attributes": {
            "etag": "W/\"b900c3b8c08e8119aaa6836a061fec3b3c286504399f57cddbded9bf0397e6e9\"",
            "id": "ictsc:rlia",
            "role": "member",
            "username": "rlia"
          },
          "sensitive_attributes": []
        },
        {
          "index_key": "sharknasuhorse",
          "schema_version": 0,
          "attributes": {
            "etag": "W/\"1bc10e3592faff3ed090a95e09834fd9fed8ff7584d3785b017ff0a5e96fab91\"",
            "id": "ictsc:sharknasuhorse",
            "role": "admin",
            "username": "sharknasuhorse"
          },
          "sensitive_attributes": []
        },
        {
          "index_key": "shou3008",
          "schema_version": 0,
          "attributes": {
            "etag": "W/\"0589d8ee628c8b12c11cf61a9b933e2d8108b747c1888d555d5a7f4721b3b896\"",
            "id": "ictsc:shou3008",
            "role": "member",
            "username": "shou3008"
          },
          "sensitive_attributes": [],
          "private": "bnVsbA=="
        },
        {
          "index_key": "siberiy4",
          "schema_version": 0,
          "attributes": {
            "etag": "W/\"585073f6eae06fd2b0f7b152e85e2a909e418600d56742fe880d4759c809a903\"",
            "id": "ictsc:siberiy4",
            "role": "member",
            "username": "siberiy4"
          },
          "sensitive_attributes": [],
          "private": "bnVsbA=="
        },
        {
          "index_key": "site0801",
          "schema_version": 0,
          "attributes": {
            "etag": "W/\"259cda745b6a09915c650048091dd2c2b8126bc3bf43a1f9f406e4dab42196b3\"",
            "id": "ictsc:site0801",
            "role": "member",
            "username": "site0801"
          },
          "sensitive_attributes": []
        },
        {
          "index_key": "sora34",
          "schema_version": 0,
          "attributes": {
            "etag": "W/\"41f8821c1b7b5fdcee3d6c0d574d2050cbd35170a71d9518e297518ad46b0794\"",
            "id": "ictsc:sora34",
            "role": "member",
            "username": "sora34"
          },
          "sensitive_attributes": []
        },
        {
          "index_key": "staybuzz",
          "schema_version": 0,
          "attributes": {
            "etag": "W/\"943dea85033ba9516a6464f5742a5819a630e08c24141950268e6e4e229027c8\"",
            "id": "ictsc:staybuzz",
            "role": "member",
            "username": "staybuzz"
          },
          "sensitive_attributes": []
        },
        {
          "index_key": "sugiki-accelia",
          "schema_version": 0,
          "attributes": {
            "etag": "W/\"2e1d3aae188e94f2ec82f414d227cee2a8bc84ceb719c43754e7d978512a4bd7\"",
            "id": "ictsc:sugiki-accelia",
            "role": "member",
            "username": "sugiki-accelia"
          },
          "sensitive_attributes": []
        },
        {
          "index_key": "sukekawa-accelia",
          "schema_version": 0,
          "attributes": {
            "etag": "W/\"606b86a4cf0e07f9914140da51feb6a7122f3bac4d099fd50a5a2f86d2842eed\"",
            "id": "ictsc:sukekawa-accelia",
            "role": "member",
            "username": "sukekawa-accelia"
          },
          "sensitive_attributes": []
        },
        {
          "index_key": "syuli",
          "schema_version": 0,
          "attributes": {
            "etag": "W/\"0d640111b78e9b113557b5254a862a896c3377c03d2cd95bd506416d227afd0e\"",
            "id": "ictsc:syuli",
            "role": "member",
            "username": "syuli"
          },
          "sensitive_attributes": []
        },
        {
          "index_key": "syuuya-nakatomi",
          "schema_version": 0,
          "attributes": {
            "etag": "W/\"fc7cafc61b9735f39a6949a22ac1926be534ebf4fd8803ddd77c216a0f8b937b\"",
            "id": "ictsc:syuuya-nakatomi",
            "role": "member",
            "username": "syuuya-nakatomi"
          },
          "sensitive_attributes": [],
          "private": "bnVsbA=="
        },
        {
          "index_key": "takato256",
          "schema_version": 0,
          "attributes": {
            "etag": "W/\"8582a0bfd0bdc8496a52ff6145af2e88cfa04311879fe5a015e2adca44e3995b\"",
            "id": "ictsc:takato256",
            "role": "member",
            "username": "takato256"
          },
          "sensitive_attributes": [],
          "private": "bnVsbA=="
        },
        {
          "index_key": "takehaya",
          "schema_version": 0,
          "attributes": {
            "etag": "W/\"26cda900e01a9ce7acf76e6de488d991f891369ca6c407c0b260bb5dbda7653d\"",
            "id": "ictsc:takehaya",
            "role": "admin",
            "username": "takehaya"
          },
          "sensitive_attributes": []
        },
        {
          "index_key": "takes3",
          "schema_version": 0,
          "attributes": {
            "etag": "W/\"66809cb2a0375737e77ae8e4f16734eb0d9c6b6fc6a4ff694e9d585b91d5fd89\"",
            "id": "ictsc:takes3",
            "role": "member",
            "username": "takes3"
          },
          "sensitive_attributes": []
        },
        {
          "index_key": "takonomura",
          "schema_version": 0,
          "attributes": {
            "etag": "W/\"71e3cfaea705881b9bceccb4efe3c0dffc79f1845054e173d84113e69b42dccf\"",
            "id": "ictsc:takonomura",
            "role": "member",
            "username": "takonomura"
          },
          "sensitive_attributes": [],
          "private": "bnVsbA=="
        },
        {
          "index_key": "tanishi001",
          "schema_version": 0,
          "attributes": {
            "etag": "W/\"a8410cbe7ab5e3c550df510206d7b1bf519d333cf178492c3ddda2126ba9d8cc\"",
            "id": "ictsc:tanishi001",
            "role": "member",
            "username": "tanishi001"
          },
          "sensitive_attributes": []
        },
        {
          "index_key": "tar-xzvff",
          "schema_version": 0,
          "attributes": {
            "etag": "W/\"3b63aaf5c824ce2bee4a916b0f6d2c68e516914afd2dfe5aac5a5b795543f01c\"",
            "id": "ictsc:tar-xzvff",
            "role": "admin",
            "username": "tar-xzvff"
          },
          "sensitive_attributes": []
        },
        {
          "index_key": "tom--bo",
          "schema_version": 0,
          "attributes": {
            "etag": "W/\"f8e1808c76bb6650a078a7c1ee00e51016f859b4f1a19ca1792e1c39ff7f29d6\"",
            "id": "ictsc:tom--bo",
            "role": "member",
            "username": "tom--bo"
          },
          "sensitive_attributes": []
        },
        {
          "index_key": "toma1128",
          "schema_version": 0,
          "attributes": {
            "etag": "W/\"3846bc10b85edfc5a7fef233656f05678203356c4135a897fed6e45cd70ac751\"",
            "id": "ictsc:toma1128",
            "role": "member",
            "username": "toma1128"
          },
          "sensitive_attributes": [],
          "private": "bnVsbA=="
        },
        {
          "index_key": "tomatoaas",
          "schema_version": 0,
          "attributes": {
            "etag": "W/\"d64bc2e1f88ef6319893578e7bb84d23d1c5ad2dea764898721328d3327e998b\"",
            "id": "ictsc:tomatoaas",
            "role": "member",
            "username": "tomatoaas"
          },
          "sensitive_attributes": []
        },
        {
          "index_key": "tosuke",
          "schema_version": 0,
          "attributes": {
            "etag": "W/\"de65b3c322283a5cbc2241c01b3e65c0e47b761df6d7518fc0745c66d14b2371\"",
            "id": "ictsc:tosuke",
            "role": "admin",
            "username": "tosuke"
          },
          "sensitive_attributes": [],
          "private": "bnVsbA=="
        },
        {
          "index_key": "tsuttsu305",
          "schema_version": 0,
          "attributes": {
            "etag": "W/\"dfecbfd9d0cf5a9ad93b55cb70b6054b0eabaee093bc08ed04f866ec91e0a55c\"",
            "id": "ictsc:tsuttsu305",
            "role": "member",
            "username": "tsuttsu305"
          },
          "sensitive_attributes": []
        },
        {
          "index_key": "tsuzu",
          "schema_version": 0,
          "attributes": {
            "etag": "W/\"5e25e8f1f2d38bbb077a7c8ee0fde595b30288ae5a193f3560ba2974e78b035e\"",
            "id": "ictsc:tsuzu",
            "role": "member",
            "username": "tsuzu"
          },
          "sensitive_attributes": [],
          "private": "bnVsbA=="
        },
        {
          "index_key": "uplus",
          "schema_version": 0,
          "attributes": {
            "etag": "W/\"3758fa1846a50a0f20f62973dbfb6f76596484486c00b554d5f99401a5038784\"",
            "id": "ictsc:uplus",
            "role": "admin",
            "username": "uplus"
          },
          "sensitive_attributes": []
        },
        {
          "index_key": "whywaita",
          "schema_version": 0,
          "attributes": {
            "etag": "W/\"aa997b04fb0b52550030bafd8fac3ad3a91ba61a4f9bf207e0b74e3ab7918f5c\"",
            "id": "ictsc:whywaita",
            "role": "admin",
            "username": "whywaita"
          },
          "sensitive_attributes": []
        },
        {
          "index_key": "x86taka",
          "schema_version": 0,
          "attributes": {
            "etag": "W/\"97df4f6bad8d1bf845a0d8e1053549ac2acddcb468c62e0a7d0eb93e7889180e\"",
            "id": "ictsc:x86taka",
            "role": "admin",
            "username": "x86taka"
          },
          "sensitive_attributes": []
        },
        {
          "index_key": "y-monma",
          "schema_version": 0,
          "attributes": {
            "etag": "W/\"740d8a64f0edf3e56de22f70f555bd3f56a72a3ca68caa4f03eb5a9d7f3d1df5\"",
            "id": "ictsc:y-monma",
            "role": "member",
            "username": "y-monma"
          },
          "sensitive_attributes": []
        },
        {
          "index_key": "yaminoma",
          "schema_version": 0,
          "attributes": {
            "etag": "W/\"6fa64ed16904bee5e20adc842412fb1328b47b2a18cf460597c297a6cfc7b64e\"",
            "id": "ictsc:yaminoma",
            "role": "member",
            "username": "yaminoma"
          },
          "sensitive_attributes": []
        },
        {
          "index_key": "yatuhashi",
          "schema_version": 0,
          "attributes": {
            "etag": "W/\"2d98dc7695494d481b963a9c1797ed2ebffff1a7a9edf0b269de48fdcec66970\"",
            "id": "ictsc:yatuhashi",
            "role": "member",
            "username": "yatuhashi"
          },
          "sensitive_attributes": []
        },
        {
          "index_key": "yfujii854",
          "schema_version": 0,
          "attributes": {
            "etag": "W/\"15705ab7254f0e1ed797c7e2991f303ee861e156c376459a09d25d4ef4aaefd6\"",
            "id": "ictsc:yfujii854",
            "role": "member",
            "username": "yfujii854"
          },
          "sensitive_attributes": [],
          "private": "bnVsbA=="
        },
        {
          "index_key": "yo-taro",
          "schema_version": 0,
          "attributes": {
            "etag": "W/\"5a29f1c8fe891b5e8393595e22329054e21f0eb9c0cf9cdc3760b4a30672575c\"",
            "id": "ictsc:yo-taro",
            "role": "member",
            "username": "yo-taro"
          },
          "sensitive_attributes": []
        },
        {
          "index_key": "yoneyan",
          "schema_version": 0,
          "attributes": {
            "etag": "W/\"ef1ba7fd976ef17cbbfb6988bb61fffa827b2712095ca400803557428eec59df\"",
            "id": "ictsc:yoneyan",
            "role": "member",
            "username": "yoneyan"
          },
          "sensitive_attributes": []
        },
        {
          "index_key": "yu-tanaka00",
          "schema_version": 0,
          "attributes": {
            "etag": "W/\"bda5cbd98ad136237e4b0a37276a27c3f4e4401c86b05544e956542044117cbb\"",
            "id": "ictsc:yu-tanaka00",
            "role": "member",
            "username": "yu-tanaka00"
          },
          "sensitive_attributes": []
        },
        {
          "index_key": "yukamoja",
          "schema_version": 0,
          "attributes": {
            "etag": "W/\"344e09c263f17970361bfba64dd36d75e12236c58fa5584d04da5a4048221bd8\"",
            "id": "ictsc:yukamoja",
            "role": "admin",
            "username": "yukamoja"
          },
          "sensitive_attributes": []
        },
        {
          "index_key": "yuukinetwork",
          "schema_version": 0,
          "attributes": {
            "etag": "W/\"0d14c8a0aed04007921540351bf354d7e5947fba483b316a08a1f46ac3584ab6\"",
            "id": "ictsc:yuukinetwork",
            "role": "member",
            "username": "yuukinetwork"
          },
          "sensitive_attributes": []
        },
        {
          "index_key": "zeroalphat",
          "schema_version": 0,
          "attributes": {
            "etag": "W/\"c4431b179a528db98542180d520b8a05284b794e2fac634e813b12e1528f20ca\"",
            "id": "ictsc:zeroalphat",
            "role": "member",
            "username": "zeroalphat"
          },
          "sensitive_attributes": []
        }
      ]
    },
    {
      "mode": "managed",
      "type": "github_team",
      "name": "score-dev",
      "provider": "provider[\"registry.terraform.io/integrations/github\"]",
      "instances": [
        {
          "schema_version": 0,
          "attributes": {
            "create_default_maintainer": false,
            "description": "score server development team",
            "etag": "W/\"ab09da56083444e979063bfaaca58287b682e4f3dc0a6c978f24b63e0c793e5a\"",
            "id": "2004353",
            "ldap_dn": "",
            "members_count": 1,
            "name": "score-dev",
            "node_id": "MDQ6VGVhbTIwMDQzNTM=",
            "parent_team_id": null,
            "privacy": "closed",
            "slug": "score-dev"
          },
          "sensitive_attributes": []
        }
      ]
    },
    {
      "mode": "managed",
      "type": "github_team",
      "name": "team",
      "provider": "provider[\"registry.terraform.io/integrations/github\"]",
      "instances": [
        {
          "index_key": "Admins",
          "schema_version": 0,
          "attributes": {
            "create_default_maintainer": false,
            "description": "member of Admins",
            "etag": "W/\"c6d63f875e9633b426749d40a6a42738896c1ca0283692f5a4434d7084cb5104\"",
            "id": "2008807",
            "ldap_dn": "",
            "members_count": 19,
            "name": "Admins",
            "node_id": "MDQ6VGVhbTIwMDg4MDc=",
            "parent_team_id": null,
            "privacy": "closed",
            "slug": "admins"
          },
          "sensitive_attributes": [],
          "private": "bnVsbA=="
        },
        {
          "index_key": "ictsc2018",
          "schema_version": 0,
          "attributes": {
            "create_default_maintainer": false,
            "description": "member of ictsc2018",
            "etag": "W/\"eb65731ac9bfc7d58cc7e809058b56674c72a59f5e7ecafaea351133523723fa\"",
            "id": "2818425",
            "ldap_dn": "",
            "members_count": 21,
            "name": "ictsc2018",
            "node_id": "MDQ6VGVhbTI4MTg0MjU=",
            "parent_team_id": null,
            "privacy": "closed",
            "slug": "ictsc2018"
          },
          "sensitive_attributes": []
        },
        {
          "index_key": "ictsc2019",
          "schema_version": 0,
          "attributes": {
            "create_default_maintainer": false,
            "description": "member of ictsc2019",
            "etag": "W/\"ce0295c03c45668c556c2ae5556c6d00236399d22966013b28fd1c22326f476b\"",
            "id": "3300293",
            "ldap_dn": "",
            "members_count": 33,
            "name": "ictsc2019",
            "node_id": "MDQ6VGVhbTMzMDAyOTM=",
            "parent_team_id": null,
            "privacy": "closed",
            "slug": "ictsc2019"
          },
          "sensitive_attributes": []
        },
        {
          "index_key": "ictsc2020",
          "schema_version": 0,
          "attributes": {
            "create_default_maintainer": false,
            "description": "member of ictsc2020",
            "etag": "W/\"3f935eb82c35454a90500bca2208d54c0660b3b84782421443b4be4e1d6db354\"",
            "id": "3894829",
            "ldap_dn": "",
            "members_count": 22,
            "name": "ictsc2020",
            "node_id": "MDQ6VGVhbTM4OTQ4Mjk=",
            "parent_team_id": null,
            "privacy": "closed",
            "slug": "ictsc2020"
          },
          "sensitive_attributes": []
        },
        {
          "index_key": "ictsc2021",
          "schema_version": 0,
          "attributes": {
            "create_default_maintainer": false,
            "description": "member of ictsc2021",
            "etag": "W/\"69883cf5265b368c376d404b935cf8dc72b23c8f31a92a21316ad221dfa485f6\"",
            "id": "4811781",
            "ldap_dn": "",
            "members_count": 15,
            "name": "ictsc2021",
            "node_id": "MDQ6VGVhbTQ4MTE3ODE=",
            "parent_team_id": null,
            "privacy": "closed",
            "slug": "ictsc2021"
          },
          "sensitive_attributes": []
        },
        {
          "index_key": "ictsc2022",
          "schema_version": 0,
          "attributes": {
            "create_default_maintainer": false,
            "description": "member of ictsc2022",
            "etag": "W/\"315c9306e754af262cad5523054dee5e4cb7a2a7dea1ab90fac0090b40c7adc2\"",
            "id": "7097691",
            "ldap_dn": "",
            "members_count": 12,
            "name": "ictsc2022",
            "node_id": "T_kwDOAKhxTs4AbE1b",
            "parent_team_id": null,
            "privacy": "closed",
            "slug": "ictsc2022"
          },
          "sensitive_attributes": [],
          "private": "bnVsbA=="
        },
        {
          "index_key": "ictsc2023",
          "schema_version": 0,
          "attributes": {
            "create_default_maintainer": false,
            "description": "member of ictsc2023",
            "etag": "W/\"bea7479a319217bd801cc3899b20bc21bca4542ddb404a8c42a2485947125d6c\"",
            "id": "8186988",
            "ldap_dn": "",
            "members_count": 12,
            "name": "ictsc2023",
            "node_id": "T_kwDOAKhxTs4AfOxs",
            "parent_team_id": null,
            "privacy": "closed",
            "slug": "ictsc2023"
          },
          "sensitive_attributes": [],
          "private": "bnVsbA=="
        },
        {
          "index_key": "ictsc2024",
          "schema_version": 0,
          "attributes": {
            "create_default_maintainer": false,
            "description": "member of ictsc2024",
            "etag": "W/\"1ae45ee5d3f904e437ec6e679856d7128f8d2ba66824330d694899bf7974ce19\"",
            "id": "10324448",
            "ldap_dn": "",
            "members_count": 29,
            "name": "ictsc2024",
            "node_id": "T_kwDOAKhxTs4AnYng",
            "parent_team_id": null,
            "privacy": "closed",
            "slug": "ictsc2024"
          },
          "sensitive_attributes": [],
          "private": "bnVsbA=="
        },
        {
          "index_key": "ictsc2025",
          "schema_version": 0,
          "attributes": {
            "create_default_maintainer": false,
            "description": "member of ictsc2025",
            "etag": "W/\"e2fc1437e76a449d0026ab257f9b39645c74360866b1ef954247b4b44e7f6cc4\"",
            "id": "12998717",
            "ldap_dn": "",
            "members_count": 0,
            "name": "ictsc2025",
            "node_id": "T_kwDOAKhxTs4Axlg9",
            "parent_team_id": null,
            "privacy": "closed",
            "slug": "ictsc2025"
          },
          "sensitive_attributes": [],
          "private": "bnVsbA=="
        },
        {
          "index_key": "ictsc4",
          "schema_version": 0,
          "attributes": {
            "create_default_maintainer": false,
            "description": "member of ictsc4",
            "etag": "W/\"e51034f1ead990f981504ed441e5a9d0e3fb18f9a2e62c3e8e1537384b6aaa0e\"",
            "id": "2004351",
            "ldap_dn": "",
            "members_count": 11,
            "name": "ictsc4",
            "node_id": "MDQ6VGVhbTIwMDQzNTE=",
            "parent_team_id": null,
            "privacy": "closed",
            "slug": "ictsc4"
          },
          "sensitive_attributes": []
        },
        {
          "index_key": "ictsc5",
          "schema_version": 0,
          "attributes": {
            "create_default_maintainer": false,
            "description": "member of ictsc5",
            "etag": "W/\"e32bf72142e6c6354e365c628572081befb9589093727db359b0964c4c394405\"",
            "id": "2004352",
            "ldap_dn": "",
            "members_count": 26,
            "name": "ictsc5",
            "node_id": "MDQ6VGVhbTIwMDQzNTI=",
            "parent_team_id": null,
            "privacy": "closed",
            "slug": "ictsc5"
          },
          "sensitive_attributes": []
        },
        {
          "index_key": "ictsc6",
          "schema_version": 0,
          "attributes": {
            "create_default_maintainer": false,
            "description": "member of ictsc6",
            "etag": "W/\"516f7d5778619dfb35e8849296cd89ef654d1ab62bd2082b285546d3e65a3e5e\"",
            "id": "2004355",
            "ldap_dn": "",
            "members_count": 20,
            "name": "ictsc6",
            "node_id": "MDQ6VGVhbTIwMDQzNTU=",
            "parent_team_id": null,
            "privacy": "closed",
            "slug": "ictsc6"
          },
          "sensitive_attributes": []
        },
        {
          "index_key": "ictsc7",
          "schema_version": 0,
          "attributes": {
            "create_default_maintainer": false,
            "description": "member of ictsc7",
            "etag": "W/\"7ce84173e2680d032059984b6a3954b7045c74d4ce2b96238b92dc2ffca5a012\"",
            "id": "2178374",
            "ldap_dn": "",
            "members_count": 17,
            "name": "ictsc7",
            "node_id": "MDQ6VGVhbTIxNzgzNzQ=",
            "parent_team_id": null,
            "privacy": "closed",
            "slug": "ictsc7"
          },
          "sensitive_attributes": []
        },
        {
          "index_key": "ictsc8",
          "schema_version": 0,
          "attributes": {
            "create_default_maintainer": false,
            "description": "member of ictsc8",
            "etag": "W/\"b3d525b00096343e2c25a54d1124e122f222864a553d495074734b51b428f9b1\"",
            "id": "2341229",
            "ldap_dn": "",
            "members_count": 20,
            "name": "ictsc8",
            "node_id": "MDQ6VGVhbTIzNDEyMjk=",
            "parent_team_id": null,
            "privacy": "closed",
            "slug": "ictsc8"
          },
          "sensitive_attributes": []
        },
        {
          "index_key": "ictsc9",
          "schema_version": 0,
          "attributes": {
            "create_default_maintainer": false,
            "description": "member of ictsc9",
            "etag": "W/\"60f01815da740887b0b52f5b686078b69bad4a710902da5a91150e107696322a\"",
            "id": "2818424",
            "ldap_dn": "",
            "members_count": 19,
            "name": "ictsc9",
            "node_id": "MDQ6VGVhbTI4MTg0MjQ=",
            "parent_team_id": null,
            "privacy": "closed",
            "slug": "ictsc9"
          },
          "sensitive_attributes": []
        }
      ]
    },
    {
      "mode": "managed",
      "type": "github_team_members",
      "name": "team_member",
      "provider": "provider[\"registry.terraform.io/integrations/github\"]",
      "instances": [
        {
          "index_key": "Admins",
          "schema_version": 0,
          "attributes": {
            "etag": "af69ef969e034d20dc25cf0e2d203873",
            "id": "2008807",
            "members": [
              {
                "role": "maintainer",
                "username": "Art-Atlas"
              },
              {
                "role": "maintainer",
                "username": "Crow314"
              },
              {
                "role": "maintainer",
                "username": "Dodai-Dodai"
              },
              {
                "role": "maintainer",
                "username": "Explosive6363"
              },
              {
                "role": "maintainer",
                "username": "Fuuma0000"
              },
              {
                "role": "maintainer",
                "username": "h-otter"
              },
              {
                "role": "maintainer",
                "username": "ibucho"
              },
              {
                "role": "maintainer",
                "username": "kurochan"
              },
              {
                "role": "maintainer",
                "username": "logica0419"
              },
              {
                "role": "maintainer",
                "username": "mu-ruU1"
              },
              {
                "role": "maintainer",
                "username": "netmarkjp"
              },
              {
                "role": "maintainer",
                "username": "nishinoyama"
              },
              {
                "role": "maintainer",
                "username": "onokatio"
              },
              {
                "role": "maintainer",
                "username": "private-yusuke"
              },
              {
                "role": "maintainer",
                "username": "proelbtn"
              },
              {
                "role": "maintainer",
                "username": "sharknasuhorse"
              },
              {
                "role": "maintainer",
                "username": "takehaya"
              },
              {
                "role": "maintainer",
                "username": "tar-xzvff"
              },
              {
                "role": "maintainer",
                "username": "tosuke"
              },
              {
                "role": "maintainer",
                "username": "uplus"
              },
              {
                "role": "maintainer",
                "username": "whywaita"
              },
              {
                "role": "maintainer",
                "username": "x86taka"
              },
              {
                "role": "maintainer",
                "username": "yukamoja"
              }
            ],
            "team_id": "2008807"
          },
          "sensitive_attributes": [],
          "private": "bnVsbA==",
          "dependencies": [
            "github_membership.member",
            "github_team.team"
          ]
        },
        {
          "index_key": "ictsc2018",
          "schema_version": 0,
          "attributes": {
            "etag": "b534039cbc542ee9dc3a0646796982ca",
            "id": "2818425",
            "members": [
              {
                "role": "maintainer",
                "username": "h-otter"
              },
              {
                "role": "maintainer",
                "username": "onokatio"
              },
              {
                "role": "maintainer",
                "username": "proelbtn"
              },
              {
                "role": "maintainer",
                "username": "sharknasuhorse"
              },
              {
                "role": "maintainer",
                "username": "takehaya"
              },
              {
                "role": "maintainer",
                "username": "uplus"
              },
              {
                "role": "maintainer",
                "username": "whywaita"
              },
              {
                "role": "maintainer",
                "username": "yukamoja"
              },
              {
                "role": "member",
                "username": "Kurorororo"
              },
              {
                "role": "member",
                "username": "NozomiSugiyama"
              },
              {
                "role": "member",
                "username": "ShotaKitazawa"
              },
              {
                "role": "member",
                "username": "acque2two"
              },
              {
                "role": "member",
                "username": "bosan120"
              },
              {
                "role": "member",
                "username": "gurapomu"
              },
              {
                "role": "member",
                "username": "ha-kun0711"
              },
              {
                "role": "member",
                "username": "icchy"
              },
              {
                "role": "member",
                "username": "kyontan"
              },
              {
                "role": "member",
                "username": "orin24"
              },
              {
                "role": "member",
                "username": "palloc"
              },
              {
                "role": "member",
                "username": "potyama"
              },
              {
                "role": "member",
                "username": "yatuhashi"
              }
            ],
            "team_id": "2818425"
          },
          "sensitive_attributes": [],
          "private": "bnVsbA==",
          "dependencies": [
            "github_membership.member",
            "github_team.team"
          ]
        },
        {
          "index_key": "ictsc2019",
          "schema_version": 0,
          "attributes": {
            "etag": "3f5c18fc193d4953f2af697310a96dd5",
            "id": "3300293",
            "members": [
              {
                "role": "maintainer",
                "username": "h-otter"
              },
              {
                "role": "maintainer",
                "username": "onokatio"
              },
              {
                "role": "maintainer",
                "username": "proelbtn"
              },
              {
                "role": "maintainer",
                "username": "sharknasuhorse"
              },
              {
                "role": "maintainer",
                "username": "takehaya"
              },
              {
                "role": "maintainer",
                "username": "uplus"
              },
              {
                "role": "maintainer",
                "username": "yukamoja"
              },
              {
                "role": "member",
                "username": "Iwancof"
              },
              {
                "role": "member",
                "username": "Kurorororo"
              },
              {
                "role": "member",
                "username": "SallyAcolyte"
              },
              {
                "role": "member",
                "username": "SilEighty-ym"
              },
              {
                "role": "member",
                "username": "TenkiGit"
              },
              {
                "role": "member",
                "username": "Terfno"
              },
              {
                "role": "member",
                "username": "arupakan125"
              },
              {
                "role": "member",
                "username": "beggarl"
              },
              {
                "role": "member",
                "username": "chouett0"
              },
              {
                "role": "member",
                "username": "ecodrive-18"
              },
              {
                "role": "member",
                "username": "gurapomu"
              },
              {
                "role": "member",
                "username": "hibiki31"
              },
              {
                "role": "member",
                "username": "icchy"
              },
              {
                "role": "member",
                "username": "kapibara824"
              },
              {
                "role": "member",
                "username": "mbook-x86"
              },
              {
                "role": "member",
                "username": "naoki912"
              },
              {
                "role": "member",
                "username": "ophum"
              },
              {
                "role": "member",
                "username": "potyama"
              },
              {
                "role": "member",
                "username": "recuraki"
              },
              {
                "role": "member",
                "username": "rlia"
              },
              {
                "role": "member",
                "username": "siberiy4"
              },
              {
                "role": "member",
                "username": "site0801"
              },
              {
                "role": "member",
                "username": "syuli"
              },
              {
                "role": "member",
                "username": "tom--bo"
              },
              {
                "role": "member",
                "username": "yoneyan"
              },
              {
                "role": "member",
                "username": "yu-tanaka00"
              }
            ],
            "team_id": "3300293"
          },
          "sensitive_attributes": [],
          "private": "bnVsbA==",
          "dependencies": [
            "github_membership.member",
            "github_team.team"
          ]
        },
        {
          "index_key": "ictsc2020",
          "schema_version": 0,
          "attributes": {
            "etag": "d6c4ff7da9a5d3baa6e3ac8a4c6b0bf2",
            "id": "3894829",
            "members": [
              {
                "role": "maintainer",
                "username": "onokatio"
              },
              {
                "role": "maintainer",
                "username": "proelbtn"
              },
              {
                "role": "maintainer",
                "username": "takehaya"
              },
              {
                "role": "maintainer",
                "username": "uplus"
              },
              {
                "role": "maintainer",
                "username": "x86taka"
              },
              {
                "role": "maintainer",
                "username": "yukamoja"
              },
              {
                "role": "member",
                "username": "Hicky1025"
              },
              {
                "role": "member",
                "username": "TenkiGit"
              },
              {
                "role": "member",
                "username": "Terfno"
              },
              {
                "role": "member",
                "username": "arupakan125"
              },
              {
                "role": "member",
                "username": "hibiki31"
              },
              {
                "role": "member",
                "username": "kapibara824"
              },
              {
                "role": "member",
                "username": "nakasyo2650"
              },
              {
                "role": "member",
                "username": "naoki2001"
              },
              {
                "role": "member",
                "username": "ophum"
              },
              {
                "role": "member",
                "username": "potyama"
              },
              {
                "role": "member",
                "username": "rlia"
              },
              {
                "role": "member",
                "username": "siberiy4"
              },
              {
                "role": "member",
                "username": "site0801"
              },
              {
                "role": "member",
                "username": "tanishi001"
              },
              {
                "role": "member",
                "username": "yoneyan"
              },
              {
                "role": "member",
                "username": "zeroalphat"
              }
            ],
            "team_id": "3894829"
          },
          "sensitive_attributes": [],
          "private": "bnVsbA==",
          "dependencies": [
            "github_membership.member",
            "github_team.team"
          ]
        },
        {
          "index_key": "ictsc2021",
          "schema_version": 0,
          "attributes": {
            "etag": "0e34c4ae0daeaea6ca3a791712b97b2a",
            "id": "4811781",
            "members": [
              {
                "role": "maintainer",
                "username": "Explosive6363"
              },
              {
                "role": "maintainer",
                "username": "onokatio"
              },
              {
                "role": "maintainer",
                "username": "proelbtn"
              },
              {
                "role": "maintainer",
                "username": "x86taka"
              },
              {
                "role": "member",
                "username": "Hicky1025"
              },
              {
                "role": "member",
                "username": "K-shir0"
              },
              {
                "role": "member",
                "username": "Terfno"
              },
              {
                "role": "member",
                "username": "arupakan125"
              },
              {
                "role": "member",
                "username": "chaya2z"
              },
              {
                "role": "member",
                "username": "kapibara824"
              },
              {
                "role": "member",
                "username": "ophum"
              },
              {
                "role": "member",
                "username": "siberiy4"
              },
              {
                "role": "member",
                "username": "site0801"
              },
              {
                "role": "member",
                "username": "tomatoaas"
              },
              {
                "role": "member",
                "username": "yoneyan"
              }
            ],
            "team_id": "4811781"
          },
          "sensitive_attributes": [],
          "private": "bnVsbA==",
          "dependencies": [
            "github_membership.member",
            "github_team.team"
          ]
        },
        {
          "index_key": "ictsc2022",
          "schema_version": 0,
          "attributes": {
            "etag": "c30c41107fa7dfc9193ef54ddcf9e135",
            "id": "7097691",
            "members": [
              {
                "role": "maintainer",
                "username": "Crow314"
              },
              {
                "role": "maintainer",
                "username": "Explosive6363"
              },
              {
                "role": "maintainer",
                "username": "logica0419"
              },
              {
                "role": "maintainer",
                "username": "nishinoyama"
              },
              {
                "role": "maintainer",
                "username": "onokatio"
              },
              {
                "role": "maintainer",
                "username": "x86taka"
              },
              {
                "role": "member",
                "username": "Hicky1025"
              },
              {
                "role": "member",
                "username": "K-shir0"
              },
              {
                "role": "member",
                "username": "chaya2z"
              },
              {
                "role": "member",
                "username": "siberiy4"
              },
              {
                "role": "member",
                "username": "site0801"
              },
              {
                "role": "member",
                "username": "syuuya-nakatomi"
              }
            ],
            "team_id": "7097691"
          },
          "sensitive_attributes": [],
          "private": "bnVsbA==",
          "dependencies": [
            "github_membership.member",
            "github_team.team"
          ]
        },
        {
          "index_key": "ictsc2023",
          "schema_version": 0,
          "attributes": {
            "etag": "4967f1e6fe14f73c281b247a9c509953",
            "id": "8186988",
            "members": [
              {
                "role": "maintainer",
                "username": "Art-Atlas"
              },
              {
                "role": "maintainer",
                "username": "Crow314"
              },
              {
                "role": "maintainer",
                "username": "Fuuma0000"
              },
              {
                "role": "maintainer",
                "username": "logica0419"
              },
              {
                "role": "maintainer",
                "username": "mu-ruU1"
              },
              {
                "role": "maintainer",
                "username": "nishinoyama"
              },
              {
                "role": "maintainer",
                "username": "onokatio"
              },
              {
                "role": "maintainer",
                "username": "x86taka"
              },
              {
                "role": "member",
                "username": "ecodrive-18"
              },
              {
                "role": "member",
                "username": "flora058x"
              },
              {
                "role": "member",
                "username": "momoka0122y"
              },
              {
                "role": "member",
                "username": "syuuya-nakatomi"
              }
            ],
            "team_id": "8186988"
          },
          "sensitive_attributes": [],
          "private": "bnVsbA==",
          "dependencies": [
            "github_membership.member",
            "github_team.team"
          ]
        },
        {
          "index_key": "ictsc2024",
          "schema_version": 0,
          "attributes": {
            "etag": "08e00ba537b652920a1a3fd84bb223a5",
            "id": "10324448",
            "members": [
              {
                "role": "maintainer",
                "username": "Art-Atlas"
              },
              {
                "role": "maintainer",
                "username": "Crow314"
              },
              {
                "role": "maintainer",
                "username": "Dodai-Dodai"
              },
              {
                "role": "maintainer",
                "username": "Fuuma0000"
              },
              {
                "role": "maintainer",
                "username": "logica0419"
              },
              {
                "role": "maintainer",
                "username": "mu-ruU1"
              },
              {
                "role": "maintainer",
                "username": "nishinoyama"
              },
              {
                "role": "maintainer",
                "username": "onokatio"
              },
              {
                "role": "maintainer",
                "username": "private-yusuke"
              },
              {
                "role": "maintainer",
                "username": "tosuke"
              },
              {
                "role": "maintainer",
                "username": "x86taka"
              },
              {
                "role": "member",
                "username": "210on"
              },
              {
                "role": "member",
                "username": "I1da725"
              },
              {
                "role": "member",
                "username": "Yosshi72"
              },
              {
                "role": "member",
                "username": "flora058x"
              },
              {
                "role": "member",
                "username": "hide-1"
              },
              {
                "role": "member",
                "username": "hitto-hub"
              },
              {
                "role": "member",
                "username": "jeterdx"
              },
              {
                "role": "member",
                "username": "kerthical"
              },
              {
                "role": "member",
                "username": "konkichi836"
              },
              {
                "role": "member",
                "username": "kouxi08"
              },
              {
                "role": "member",
                "username": "miyashita77"
              },
              {
                "role": "member",
                "username": "onabe3"
              },
              {
                "role": "member",
                "username": "shou3008"
              },
              {
                "role": "member",
                "username": "syuuya-nakatomi"
              },
              {
                "role": "member",
                "username": "takato256"
              },
              {
                "role": "member",
                "username": "tsuzu"
              },
              {
                "role": "member",
                "username": "yfujii854"
              }
            ],
            "team_id": "10324448"
          },
          "sensitive_attributes": [],
          "private": "bnVsbA==",
          "dependencies": [
            "github_membership.member",
            "github_team.team"
          ]
        },
        {
          "index_key": "ictsc2025",
          "schema_version": 0,
          "attributes": {
            "etag": "2840e5d40f29fd61722df44dbcb1f095",
            "id": "12998717",
            "members": [
              {
                "role": "maintainer",
                "username": "Art-Atlas"
              },
              {
                "role": "maintainer",
                "username": "Crow314"
              },
              {
                "role": "maintainer",
                "username": "Dodai-Dodai"
              },
              {
                "role": "maintainer",
                "username": "Fuuma0000"
              },
              {
                "role": "maintainer",
                "username": "logica0419"
              },
              {
                "role": "maintainer",
                "username": "nishinoyama"
              },
              {
                "role": "maintainer",
                "username": "private-yusuke"
              },
              {
                "role": "maintainer",
                "username": "tosuke"
              },
              {
                "role": "member",
                "username": "210on"
              },
              {
                "role": "member",
                "username": "39Hane"
              },
              {
                "role": "member",
                "username": "SouJimmy"
              },
              {
                "role": "member",
                "username": "bqc0n"
              },
              {
                "role": "member",
                "username": "hitto-hub"
              },
              {
                "role": "member",
                "username": "ishisora"
              },
              {
                "role": "member",
                "username": "k-84mo10"
              },
              {
                "role": "member",
                "username": "nagayon-935"
              },
              {
                "role": "member",
                "username": "oshamashama"
              },
              {
                "role": "member",
                "username": "red-3ya"
              },
              {
                "role": "member",
                "username": "rk76feWF"
              },
              {
                "role": "member",
                "username": "syuuya-nakatomi"
              },
              {
                "role": "member",
                "username": "takonomura"
              },
              {
                "role": "member",
                "username": "toma1128"
              }
            ],
            "team_id": "12998717"
          },
          "sensitive_attributes": [],
          "private": "bnVsbA==",
          "dependencies": [
            "github_membership.member",
            "github_team.team"
          ]
        },
        {
          "index_key": "ictsc4",
          "schema_version": 0,
          "attributes": {
            "etag": "2364fd7f82b91a3b2aea36d165c4b45d",
            "id": "2004351",
            "members": [
              {
                "role": "maintainer",
                "username": "ibucho"
              },
              {
                "role": "maintainer",
                "username": "kurochan"
              },
              {
                "role": "maintainer",
                "username": "netmarkjp"
              },
              {
                "role": "maintainer",
                "username": "whywaita"
              },
              {
                "role": "member",
                "username": "chisaton1"
              },
              {
                "role": "member",
                "username": "kayo-tozaki"
              },
              {
                "role": "member",
                "username": "keisukearakawa"
              },
              {
                "role": "member",
                "username": "mbook-x86"
              },
              {
                "role": "member",
                "username": "staybuzz"
              },
              {
                "role": "member",
                "username": "yatuhashi"
              },
              {
                "role": "member",
                "username": "yo-taro"
              }
            ],
            "team_id": "2004351"
          },
          "sensitive_attributes": [],
          "private": "bnVsbA==",
          "dependencies": [
            "github_membership.member",
            "github_team.team"
          ]
        },
        {
          "index_key": "ictsc5",
          "schema_version": 0,
          "attributes": {
            "etag": "263a655fc841b88e3f9185ee0e9010ef",
            "id": "2004352",
            "members": [
              {
                "role": "maintainer",
                "username": "ibucho"
              },
              {
                "role": "maintainer",
                "username": "kurochan"
              },
              {
                "role": "maintainer",
                "username": "netmarkjp"
              },
              {
                "role": "maintainer",
                "username": "whywaita"
              },
              {
                "role": "member",
                "username": "aoi96"
              },
              {
                "role": "member",
                "username": "asdfec"
              },
              {
                "role": "member",
                "username": "chamaharun"
              },
              {
                "role": "member",
                "username": "chibiegg"
              },
              {
                "role": "member",
                "username": "guragusan"
              },
              {
                "role": "member",
                "username": "icchy"
              },
              {
                "role": "member",
                "username": "kadokusei"
              },
              {
                "role": "member",
                "username": "kayo-tozaki"
              },
              {
                "role": "member",
                "username": "keisukearakawa"
              },
              {
                "role": "member",
                "username": "kyoko0514"
              },
              {
                "role": "member",
                "username": "mbook-x86"
              },
              {
                "role": "member",
                "username": "mk0913mnck"
              },
              {
                "role": "member",
                "username": "notchi590"
              },
              {
                "role": "member",
                "username": "palloc"
              },
              {
                "role": "member",
                "username": "sora34"
              },
              {
                "role": "member",
                "username": "staybuzz"
              },
              {
                "role": "member",
                "username": "sugiki-accelia"
              },
              {
                "role": "member",
                "username": "sukekawa-accelia"
              },
              {
                "role": "member",
                "username": "takes3"
              },
              {
                "role": "member",
                "username": "y-monma"
              },
              {
                "role": "member",
                "username": "yatuhashi"
              },
              {
                "role": "member",
                "username": "yo-taro"
              }
            ],
            "team_id": "2004352"
          },
          "sensitive_attributes": [],
          "private": "bnVsbA==",
          "dependencies": [
            "github_membership.member",
            "github_team.team"
          ]
        },
        {
          "index_key": "ictsc6",
          "schema_version": 0,
          "attributes": {
            "etag": "0f022842789184ba34bf5cb74cc909cd",
            "id": "2004355",
            "members": [
              {
                "role": "maintainer",
                "username": "h-otter"
              },
              {
                "role": "maintainer",
                "username": "ibucho"
              },
              {
                "role": "maintainer",
                "username": "kurochan"
              },
              {
                "role": "maintainer",
                "username": "netmarkjp"
              },
              {
                "role": "maintainer",
                "username": "tar-xzvff"
              },
              {
                "role": "member",
                "username": "a-r-g-v"
              },
              {
                "role": "member",
                "username": "aoi96"
              },
              {
                "role": "member",
                "username": "asarijiru"
              },
              {
                "role": "member",
                "username": "asdfec"
              },
              {
                "role": "member",
                "username": "chalkygames123"
              },
              {
                "role": "member",
                "username": "guragusan"
              },
              {
                "role": "member",
                "username": "int-tt"
              },
              {
                "role": "member",
                "username": "kamijin-fanta"
              },
              {
                "role": "member",
                "username": "kyoko0514"
              },
              {
                "role": "member",
                "username": "kyontan"
              },
              {
                "role": "member",
                "username": "notchi590"
              },
              {
                "role": "member",
                "username": "palloc"
              },
              {
                "role": "member",
                "username": "y-monma"
              },
              {
                "role": "member",
                "username": "yo-taro"
              },
              {
                "role": "member",
                "username": "yuukinetwork"
              }
            ],
            "team_id": "2004355"
          },
          "sensitive_attributes": [],
          "private": "bnVsbA==",
          "dependencies": [
            "github_membership.member",
            "github_team.team"
          ]
        },
        {
          "index_key": "ictsc7",
          "schema_version": 0,
          "attributes": {
            "etag": "8241059333ca0fe2ddafd8202e676626",
            "id": "2178374",
            "members": [
              {
                "role": "maintainer",
                "username": "h-otter"
              },
              {
                "role": "member",
                "username": "Katsuya414"
              },
              {
                "role": "member",
                "username": "Kurorororo"
              },
              {
                "role": "member",
                "username": "alias-aria"
              },
              {
                "role": "member",
                "username": "bosan120"
              },
              {
                "role": "member",
                "username": "ecodrive-18"
              },
              {
                "role": "member",
                "username": "guragusan"
              },
              {
                "role": "member",
                "username": "inuyosi"
              },
              {
                "role": "member",
                "username": "kadokusei"
              },
              {
                "role": "member",
                "username": "kyontan"
              },
              {
                "role": "member",
                "username": "mbook-x86"
              },
              {
                "role": "member",
                "username": "naoki912"
              },
              {
                "role": "member",
                "username": "oomorio"
              },
              {
                "role": "member",
                "username": "palloc"
              },
              {
                "role": "member",
                "username": "yaminoma"
              },
              {
                "role": "member",
                "username": "yatuhashi"
              },
              {
                "role": "member",
                "username": "yuukinetwork"
              }
            ],
            "team_id": "2178374"
          },
          "sensitive_attributes": [],
          "private": "bnVsbA==",
          "dependencies": [
            "github_membership.member",
            "github_team.team"
          ]
        },
        {
          "index_key": "ictsc8",
          "schema_version": 0,
          "attributes": {
            "etag": "4ae8ff0f295ffb8555fbdac5061f5fc7",
            "id": "2341229",
            "members": [
              {
                "role": "maintainer",
                "username": "h-otter"
              },
              {
                "role": "maintainer",
                "username": "whywaita"
              },
              {
                "role": "member",
                "username": "Azusa72"
              },
              {
                "role": "member",
                "username": "Katsuya414"
              },
              {
                "role": "member",
                "username": "Kurorororo"
              },
              {
                "role": "member",
                "username": "alias-aria"
              },
              {
                "role": "member",
                "username": "aoi96"
              },
              {
                "role": "member",
                "username": "bosan120"
              },
              {
                "role": "member",
                "username": "chisaton1"
              },
              {
                "role": "member",
                "username": "ecodrive-18"
              },
              {
                "role": "member",
                "username": "icchy"
              },
              {
                "role": "member",
                "username": "inuyosi"
              },
              {
                "role": "member",
                "username": "keyakko"
              },
              {
                "role": "member",
                "username": "kyontan"
              },
              {
                "role": "member",
                "username": "mbook-x86"
              },
              {
                "role": "member",
                "username": "naoki912"
              },
              {
                "role": "member",
                "username": "oomorio"
              },
              {
                "role": "member",
                "username": "palloc"
              },
              {
                "role": "member",
                "username": "staybuzz"
              },
              {
                "role": "member",
                "username": "yatuhashi"
              }
            ],
            "team_id": "2341229"
          },
          "sensitive_attributes": [],
          "private": "bnVsbA==",
          "dependencies": [
            "github_membership.member",
            "github_team.team"
          ]
        },
        {
          "index_key": "ictsc9",
          "schema_version": 0,
          "attributes": {
            "etag": "26dc13b8ba781a6a54f54c9b4854916a",
            "id": "2818424",
            "members": [
              {
                "role": "maintainer",
                "username": "h-otter"
              },
              {
                "role": "maintainer",
                "username": "sharknasuhorse"
              },
              {
                "role": "maintainer",
                "username": "uplus"
              },
              {
                "role": "maintainer",
                "username": "whywaita"
              },
              {
                "role": "maintainer",
                "username": "yukamoja"
              },
              {
                "role": "member",
                "username": "Kurorororo"
              },
              {
                "role": "member",
                "username": "SakurazakaShin"
              },
              {
                "role": "member",
                "username": "acque2two"
              },
              {
                "role": "member",
                "username": "chisaton1"
              },
              {
                "role": "member",
                "username": "ecodrive-18"
              },
              {
                "role": "member",
                "username": "gurapomu"
              },
              {
                "role": "member",
                "username": "ha-kun0711"
              },
              {
                "role": "member",
                "username": "icchy"
              },
              {
                "role": "member",
                "username": "mbook-x86"
              },
              {
                "role": "member",
                "username": "naoki912"
              },
              {
                "role": "member",
                "username": "nomeaning777"
              },
              {
                "role": "member",
                "username": "palloc"
              },
              {
                "role": "member",
                "username": "tsuttsu305"
              },
              {
                "role": "member",
                "username": "yatuhashi"
              }
            ],
            "team_id": "2818424"
          },
          "sensitive_attributes": [],
          "private": "bnVsbA==",
          "dependencies": [
            "github_membership.member",
            "github_team.team"
          ]
        }
      ]
    },
    {
      "mode": "managed",
      "type": "github_team_membership",
      "name": "score-dev-uplus",
      "provider": "provider[\"registry.terraform.io/integrations/github\"]",
      "instances": [
        {
          "schema_version": 0,
          "attributes": {
            "etag": "W/\"cd33ff78464448d0490373e40e4df4f87fee31201447deb3ad5757fb28783861\"",
            "id": "2004353:uplus",
            "role": "maintainer",
            "team_id": "2004353",
            "username": "uplus"
          },
          "sensitive_attributes": [],
          "dependencies": [
            "github_team.score-dev"
          ]
        }
      ]
    },
    {
      "mode": "managed",
      "type": "github_team_repository",
      "name": "score-dev-ictsc-score-server",
      "provider": "provider[\"registry.terraform.io/integrations/github\"]",
      "instances": [
        {
          "schema_version": 0,
          "attributes": {
            "etag": "W/\"f7d0c5dfcec40528c124ada7c876917d7bd0c391f83800d5a24ee878eaf3b204\"",
            "id": "2004353:ictsc-score-server",
            "permission": "admin",
            "repository": "ictsc-score-server",
            "team_id": "2004353"
          },
          "sensitive_attributes": [],
          "dependencies": [
            "github_team.score-dev"
          ]
        }
      ]
    }
  ],
  "check_results": null
}
