{
  "version": 4,
  "terraform_version": "1.3.6",
  "serial": 592,
  "lineage": "842a2913-e436-4381-8e72-045e740c9c1f",
  "outputs": {},
  "resources": [
    {
      "mode": "managed",
      "type": "github_membership",
      "name": "member",
      "provider": "provider[\"registry.terraform.io/integrations/github\"]",
      "instances": [
        {
          "index_key": "210on",
          "schema_version": 0,
          "attributes": {
            "etag": "W/\"95f52de665e8dccb9d022e211a04fe3ddc363798318edadebd3238edb43bdb6a\"",
            "id": "ictsc:210on",
            "role": "member",
            "username": "210on"
          },
          "sensitive_attributes": [],
          "private": "bnVsbA=="
        },
        {
          "index_key": "39Hane",
          "schema_version": 0,
          "attributes": {
            "etag": "W/\"0411862b4c60f37a3b23a8e6c5057bd714a71bb14d790c051792a2c5ea014c41\"",
            "id": "ictsc:39Hane",
            "role": "member",
            "username": "39Hane"
          },
          "sensitive_attributes": [],
          "private": "bnVsbA=="
        },
        {
          "index_key": "Art-Atlas",
          "schema_version": 0,
          "attributes": {
            "etag": "W/\"f7fe21586ae77a09eca828baa2fee6d1f310eda1492eb471da92d13fbf0a80d0\"",
            "id": "ictsc:Art-Atlas",
            "role": "admin",
            "username": "Art-Atlas"
          },
          "sensitive_attributes": [],
          "private": "bnVsbA=="
        },
        {
          "index_key": "Azusa72",
          "schema_version": 0,
          "attributes": {
            "etag": "W/\"48ad4caaab61dcb09eec4fe1531534527547bbbb9c603d50c533a46b8ea2e20d\"",
            "id": "ictsc:Azusa72",
            "role": "member",
            "username": "Azusa72"
          },
          "sensitive_attributes": []
        },
        {
          "index_key": "Crow314",
          "schema_version": 0,
          "attributes": {
            "etag": "W/\"bc9c8b3091ad4fad1b8d85df889089cdfd6fbc2b65ecf538c2d858954006af48\"",
            "id": "ictsc:Crow314",
            "role": "admin",
            "username": "Crow314"
          },
          "sensitive_attributes": [],
          "private": "bnVsbA=="
        },
        {
          "index_key": "Dodai-Dodai",
          "schema_version": 0,
          "attributes": {
            "etag": "W/\"f642fa42e46e208c415fc415339f39c5e30b9527fa7f5dc155fa74cc8c423944\"",
            "id": "ictsc:Dodai-Dodai",
            "role": "admin",
            "username": "Dodai-Dodai"
          },
          "sensitive_attributes": [],
          "private": "bnVsbA=="
        },
        {
          "index_key": "Explosive6363",
          "schema_version": 0,
          "attributes": {
            "etag": "W/\"437ceb4ac413212589dc6c85076b8b636683091baed6722b14f038afcd4101ae\"",
            "id": "ictsc:Explosive6363",
            "role": "admin",
            "username": "Explosive6363"
          },
          "sensitive_attributes": []
        },
        {
          "index_key": "Fuuma0000",
          "schema_version": 0,
          "attributes": {
            "etag": "W/\"77da680d4658162d4087dddbea68cda1b96a85ddd78a6ba221ff7bb691f45fdd\"",
            "id": "ictsc:Fuuma0000",
            "role": "admin",
            "username": "Fuuma0000"
          },
          "sensitive_attributes": [],
          "private": "bnVsbA=="
        },
        {
          "index_key": "Hicky1025",
          "schema_version": 0,
          "attributes": {
            "etag": "W/\"044b4c75ad0ee2e5d3ed29fdd30b0ec20026d7f29f6f601afdebb6fb33f701db\"",
            "id": "ictsc:Hicky1025",
            "role": "member",
            "username": "Hicky1025"
          },
          "sensitive_attributes": []
        },
        {
          "index_key": "I1da725",
          "schema_version": 0,
          "attributes": {
            "etag": "W/\"3d886c06f299d5e0beb53bd7ca8fc8a926809871d6deae66b01c68e0c970eaf8\"",
            "id": "ictsc:I1da725",
            "role": "member",
            "username": "I1da725"
          },
          "sensitive_attributes": [],
          "private": "bnVsbA=="
        },
        {
          "index_key": "Iwancof",
          "schema_version": 0,
          "attributes": {
            "etag": "W/\"6912f1680a5ef945a74a5340020f5c09d6339945f89828cd840689c05f530a8a\"",
            "id": "ictsc:Iwancof",
            "role": "member",
            "username": "Iwancof"
          },
          "sensitive_attributes": []
        },
        {
          "index_key": "K-shir0",
          "schema_version": 0,
          "attributes": {
            "etag": "W/\"a732c6d9c612cc93df810dc9ed54f2705ff04b3e5bb79f3df362861698b6ddeb\"",
            "id": "ictsc:K-shir0",
            "role": "member",
            "username": "K-shir0"
          },
          "sensitive_attributes": []
        },
        {
          "index_key": "Katsuya414",
          "schema_version": 0,
          "attributes": {
            "etag": "W/\"1b02f97778489929798c3e87e7c353b9684220058eb1f79e1a6e7a4d7fc3e48d\"",
            "id": "ictsc:Katsuya414",
            "role": "member",
            "username": "Katsuya414"
          },
          "sensitive_attributes": []
        },
        {
          "index_key": "Kurorororo",
          "schema_version": 0,
          "attributes": {
            "etag": "W/\"65c51aecfc676d7483e30af6bbfaf8e3b6391da0f25ad7fde8e57dbc0317b9e1\"",
            "id": "ictsc:Kurorororo",
            "role": "member",
            "username": "Kurorororo"
          },
          "sensitive_attributes": []
        },
        {
          "index_key": "NozomiSugiyama",
          "schema_version": 0,
          "attributes": {
            "etag": "W/\"8af4ac91265ac57df5f9b2a55ee2fc4aef3770f2ebd25ca500eef4e7e3e50011\"",
            "id": "ictsc:NozomiSugiyama",
            "role": "member",
            "username": "NozomiSugiyama"
          },
          "sensitive_attributes": []
        },
        {
          "index_key": "Ryusuke-Seki",
          "schema_version": 0,
          "attributes": {
            "etag": "W/\"3ea69690843dec4c61243c0ba8d903db07949da9e5132911f85736b4eb3ab9ce\"",
            "id": "ictsc:Ryusuke-Seki",
            "role": "member",
            "username": "Ryusuke-Seki"
          },
          "sensitive_attributes": [],
          "private": "bnVsbA=="
        },
        {
          "index_key": "SakurazakaShin",
          "schema_version": 0,
          "attributes": {
            "etag": "W/\"df4c699791c8ef9a5b829173c96379a6c0aac4386968e740cbf5abcf6979e7ad\"",
            "id": "ictsc:SakurazakaShin",
            "role": "member",
            "username": "SakurazakaShin"
          },
          "sensitive_attributes": []
        },
        {
          "index_key": "SallyAcolyte",
          "schema_version": 0,
          "attributes": {
            "etag": "W/\"66f4613e8a66271f698f09e29a541d587db13ab7e0a15c3548d60ee42caa91fa\"",
            "id": "ictsc:SallyAcolyte",
            "role": "member",
            "username": "SallyAcolyte"
          },
          "sensitive_attributes": []
        },
        {
          "index_key": "ShotaKitazawa",
          "schema_version": 0,
          "attributes": {
            "etag": "W/\"c121aac19feec52914155a4679c7239cbe82ff0400363a98aea3f0252bcc30ef\"",
            "id": "ictsc:ShotaKitazawa",
            "role": "member",
            "username": "ShotaKitazawa"
          },
          "sensitive_attributes": []
        },
        {
          "index_key": "SilEighty-ym",
          "schema_version": 0,
          "attributes": {
            "etag": "W/\"6c3749c56b608921e189c60ffb8aad080224331b9802d01042e4657f10803154\"",
            "id": "ictsc:SilEighty-ym",
            "role": "member",
            "username": "SilEighty-ym"
          },
          "sensitive_attributes": []
        },
        {
          "index_key": "SouJimmy",
          "schema_version": 0,
          "attributes": {
            "etag": "W/\"8d4aba0540caf8d380d3edd4a12e8d938d21794754a2db327d48ff85a48e4d86\"",
            "id": "ictsc:SouJimmy",
            "role": "member",
            "username": "SouJimmy"
          },
          "sensitive_attributes": [],
          "private": "bnVsbA=="
        },
        {
          "index_key": "TenkiGit",
          "schema_version": 0,
          "attributes": {
            "etag": "W/\"a452592633ab6bd5d8743fd9afa7ce22fa01ed87b8399e906ae1a3bc58bebd6d\"",
            "id": "ictsc:TenkiGit",
            "role": "member",
            "username": "TenkiGit"
          },
          "sensitive_attributes": []
        },
        {
          "index_key": "Terfno",
          "schema_version": 0,
          "attributes": {
            "etag": "W/\"ddb9d55061044e89c8d75d5ba5b7f961546bad526b3721d3d8f98082f6735680\"",
            "id": "ictsc:Terfno",
            "role": "member",
            "username": "Terfno"
          },
          "sensitive_attributes": []
        },
        {
          "index_key": "Yosshi72",
          "schema_version": 0,
          "attributes": {
            "etag": "W/\"a012f0b2f6725d2fb2b5d4d97c140b08f6a786eaec279e71e56f45a3536a3bc9\"",
            "id": "ictsc:Yosshi72",
            "role": "member",
            "username": "Yosshi72"
          },
          "sensitive_attributes": [],
          "private": "bnVsbA=="
        },
        {
          "index_key": "a-r-g-v",
          "schema_version": 0,
          "attributes": {
            "etag": "W/\"35b57d77f17cc142762f96fda21e673bb8470f7de5a6a7c367efaa3a03ef2f01\"",
            "id": "ictsc:a-r-g-v",
            "role": "member",
            "username": "a-r-g-v"
          },
          "sensitive_attributes": []
        },
        {
          "index_key": "acque2two",
          "schema_version": 0,
          "attributes": {
            "etag": "W/\"2d57502622c97f7f891e6678cf5bf76f2c7540cd0a5372323c8a853cf0d589d1\"",
            "id": "ictsc:acque2two",
            "role": "member",
            "username": "acque2two"
          },
          "sensitive_attributes": []
        },
        {
          "index_key": "alias-aria",
          "schema_version": 0,
          "attributes": {
            "etag": "W/\"1c9f43128830d52c6926cf77dd50d38d5aaa374ea83f0a8cd6e1088c580a4b3c\"",
            "id": "ictsc:alias-aria",
            "role": "member",
            "username": "alias-aria"
          },
          "sensitive_attributes": []
        },
        {
          "index_key": "amechun",
          "schema_version": 0,
          "attributes": {
            "etag": "W/\"bdfbf19c0e50c77fe13c10c8c36468a7a2bb5d0c94db4c6dd4c3c1a11b09f17d\"",
            "id": "ictsc:amechun",
            "role": "member",
            "username": "amechun"
          },
          "sensitive_attributes": [],
          "private": "bnVsbA=="
        },
        {
          "index_key": "aoi96",
          "schema_version": 0,
          "attributes": {
            "etag": "W/\"bc9683cbf0bdfa96006263eead51e35c27bfdfd9229aebc22fa0e1ed79ceb30d\"",
            "id": "ictsc:aoi96",
            "role": "member",
            "username": "aoi96"
          },
          "sensitive_attributes": []
        },
        {
          "index_key": "arupakan125",
          "schema_version": 0,
          "attributes": {
            "etag": "W/\"c103e9820eaceb45ade776364226729167ce5c2cad54d069845fc1ce8a269acf\"",
            "id": "ictsc:arupakan125",
            "role": "member",
            "username": "arupakan125"
          },
          "sensitive_attributes": []
        },
        {
          "index_key": "asarijiru",
          "schema_version": 0,
          "attributes": {
            "etag": "W/\"b55465fe4c757bb9058ab2543ea8da3d3c02c8b74f00d0e6bf08174cb69023a5\"",
            "id": "ictsc:asarijiru",
            "role": "member",
            "username": "asarijiru"
          },
          "sensitive_attributes": []
        },
        {
          "index_key": "asdfec",
          "schema_version": 0,
          "attributes": {
            "etag": "W/\"3902ab0fbb21346a01d27b7e82e2d008d3fbfca821572da6ea6db01932e488c2\"",
            "id": "ictsc:asdfec",
            "role": "member",
            "username": "asdfec"
          },
          "sensitive_attributes": []
        },
        {
          "index_key": "beggarl",
          "schema_version": 0,
          "attributes": {
            "etag": "W/\"bed1dbb1697f253f266c6d6e8e47d1ec85b3aabcd93d47c577b97ae7de62835a\"",
            "id": "ictsc:beggarl",
            "role": "member",
            "username": "beggarl"
          },
          "sensitive_attributes": [],
          "private": "bnVsbA=="
        },
        {
          "index_key": "bosan120",
          "schema_version": 0,
          "attributes": {
            "etag": "W/\"33760eb896011e2feb6e8295f2a874c42dcf81468368fe767dae0b2ce30dfbec\"",
            "id": "ictsc:bosan120",
            "role": "member",
            "username": "bosan120"
          },
          "sensitive_attributes": []
        },
        {
          "index_key": "bqc0n",
          "schema_version": 0,
          "attributes": {
            "etag": "W/\"e9520ae672b51382dcf712129a4f860c7b0ef0dcdc8372b1fa32c8edb8935361\"",
            "id": "ictsc:bqc0n",
            "role": "member",
            "username": "bqc0n"
          },
          "sensitive_attributes": [],
          "private": "bnVsbA=="
        },
        {
          "index_key": "chalkygames123",
          "schema_version": 0,
          "attributes": {
            "etag": "W/\"4e9f7930e5b2549537adc129239989adc493b56617e9308635617a51b9749a9e\"",
            "id": "ictsc:chalkygames123",
            "role": "member",
            "username": "chalkygames123"
          },
          "sensitive_attributes": []
        },
        {
          "index_key": "chamaharun",
          "schema_version": 0,
          "attributes": {
            "etag": "W/\"344579cca4b89d1ea34eebf82420bf18ef4d1887d4640cb0d41389f76dd4f2c2\"",
            "id": "ictsc:chamaharun",
            "role": "member",
            "username": "chamaharun"
          },
          "sensitive_attributes": []
        },
        {
          "index_key": "chaya2z",
          "schema_version": 0,
          "attributes": {
            "etag": "W/\"6e42d6e02fbfc4395755d6637793ca831fa29e43bb75a8cf6ddc7d903f217fb5\"",
            "id": "ictsc:chaya2z",
            "role": "member",
            "username": "chaya2z"
          },
          "sensitive_attributes": []
        },
        {
          "index_key": "chibiegg",
          "schema_version": 0,
          "attributes": {
            "etag": "W/\"ac979e0c1b5e7e31ec30b57ca2c3d808b4687d11b225fea7620423a5a42eb9b1\"",
            "id": "ictsc:chibiegg",
            "role": "member",
            "username": "chibiegg"
          },
          "sensitive_attributes": []
        },
        {
          "index_key": "chisaton1",
          "schema_version": 0,
          "attributes": {
            "etag": "W/\"3c69614b66d967feef2e9885f08ebe5e286977bdd5bde6c6fba716608d6c97f8\"",
            "id": "ictsc:chisaton1",
            "role": "member",
            "username": "chisaton1"
          },
          "sensitive_attributes": []
        },
        {
          "index_key": "chouett0",
          "schema_version": 0,
          "attributes": {
            "etag": "W/\"d52b0c0cae1e6c1f5d9feef4b94a5190645291ed5c26e3189026fb7cb5bc04e8\"",
            "id": "ictsc:chouett0",
            "role": "member",
            "username": "chouett0"
          },
          "sensitive_attributes": []
        },
        {
          "index_key": "ecodrive-18",
          "schema_version": 0,
          "attributes": {
            "etag": "W/\"00a3bfdf747ac57a81129fd4e9d81a0c1ca3018f8b79f9e08b98202529412f81\"",
            "id": "ictsc:ecodrive-18",
            "role": "member",
            "username": "ecodrive-18"
          },
          "sensitive_attributes": []
        },
        {
          "index_key": "flora058x",
          "schema_version": 0,
          "attributes": {
            "etag": "W/\"d51bf2b3fd8cb2f994e2a7394b26702b2d6688a941672d463caa9de1a5f40d99\"",
            "id": "ictsc:flora058x",
            "role": "member",
            "username": "flora058x"
          },
          "sensitive_attributes": [],
          "private": "bnVsbA=="
        },
        {
          "index_key": "guragusan",
          "schema_version": 0,
          "attributes": {
            "etag": "W/\"1da32cdeaa4c5a16fcf22f818ffb65eeb54c43a8d009bd4b11d0a4f40d649a62\"",
            "id": "ictsc:guragusan",
            "role": "member",
            "username": "guragusan"
          },
          "sensitive_attributes": []
        },
        {
          "index_key": "gurapomu",
          "schema_version": 0,
          "attributes": {
            "etag": "W/\"0d4a5f8f82f5cf89b242c6f1f55f4f58a0824c9315e8d2d1bd678fd6318e0cc6\"",
            "id": "ictsc:gurapomu",
            "role": "member",
            "username": "gurapomu"
          },
          "sensitive_attributes": []
        },
        {
          "index_key": "h-otter",
          "schema_version": 0,
          "attributes": {
            "etag": "W/\"b458d410d2852ce1c4963a82b5c2d04f3b8b369c19ace5fc85d237b075c473b9\"",
            "id": "ictsc:h-otter",
            "role": "admin",
            "username": "h-otter"
          },
          "sensitive_attributes": []
        },
        {
          "index_key": "ha-kun0711",
          "schema_version": 0,
          "attributes": {
            "etag": "W/\"0d88cabc88ec86fb0e63fd0ea128f69a10de89d0a4ae712a03665fd571ca1702\"",
            "id": "ictsc:ha-kun0711",
            "role": "member",
            "username": "ha-kun0711"
          },
          "sensitive_attributes": []
        },
        {
          "index_key": "hibiki31",
          "schema_version": 0,
          "attributes": {
            "etag": "W/\"2bbf90f16693cf60bf758b89cc7d5768092db196e5de6f0d30a651b015854653\"",
            "id": "ictsc:hibiki31",
            "role": "member",
            "username": "hibiki31"
          },
          "sensitive_attributes": []
        },
        {
          "index_key": "hide-1",
          "schema_version": 0,
          "attributes": {
            "etag": "W/\"97f62a18b339e01da4c63d9526d915716a58e6fc158d46059fd9159ad876b0bd\"",
            "id": "ictsc:hide-1",
            "role": "member",
            "username": "hide-1"
          },
          "sensitive_attributes": [],
          "private": "bnVsbA=="
        },
        {
          "index_key": "hitto-hub",
          "schema_version": 0,
          "attributes": {
            "etag": "W/\"5f040b4438d7698f56fc25be7609353c654e1522d7a6e73711c1ce104e52df2e\"",
            "id": "ictsc:hitto-hub",
            "role": "member",
            "username": "hitto-hub"
          },
          "sensitive_attributes": [],
          "private": "bnVsbA=="
        },
        {
          "index_key": "ibucho",
          "schema_version": 0,
          "attributes": {
            "etag": "W/\"2878d94e0206ed6ee2175ceadc4962daacaf059a0631fb6ac218869c71f0fe1b\"",
            "id": "ictsc:ibucho",
            "role": "admin",
            "username": "ibucho"
          },
          "sensitive_attributes": []
        },
        {
          "index_key": "icchy",
          "schema_version": 0,
          "attributes": {
            "etag": "W/\"08ecae25d36e813f45df7f4dd9f52dae7f78a78ecb2ee230ed912be3068667d1\"",
            "id": "ictsc:icchy",
            "role": "member",
            "username": "icchy"
          },
          "sensitive_attributes": []
        },
        {
          "index_key": "int-tt",
          "schema_version": 0,
          "attributes": {
            "etag": "W/\"68e07b12f71954e3ca5f06fa374fa1a84cf41c5fd53eabb6d152af066816deac\"",
            "id": "ictsc:int-tt",
            "role": "member",
            "username": "int-tt"
          },
          "sensitive_attributes": []
        },
        {
          "index_key": "inuyosi",
          "schema_version": 0,
          "attributes": {
            "etag": "W/\"22cbc7df565d3452e64d4baeb1a123b91cbf20f2e22b14abac0dcde8dabf58e3\"",
            "id": "ictsc:inuyosi",
            "role": "member",
            "username": "inuyosi"
          },
          "sensitive_attributes": []
        },
        {
          "index_key": "ishisora",
          "schema_version": 0,
          "attributes": {
            "etag": "W/\"ebf3876f301f5ab2d23ffe7f2b0cd80848e478335108774e4c49c61b8a5738dd\"",
            "id": "ictsc:ishisora",
            "role": "member",
            "username": "ishisora"
          },
          "sensitive_attributes": [],
          "private": "bnVsbA=="
        },
        {
          "index_key": "jeterdx",
          "schema_version": 0,
          "attributes": {
            "etag": "W/\"14d95cb7dc1b0e6353cc418a515c645d54fb3f5ab5d58e1e85ee5bcf41640b46\"",
            "id": "ictsc:jeterdx",
            "role": "member",
            "username": "jeterdx"
          },
          "sensitive_attributes": [],
          "private": "bnVsbA=="
        },
        {
          "index_key": "k-84mo10",
          "schema_version": 0,
          "attributes": {
            "etag": "W/\"23249acfd1ae47d0706a53424a1dcd2b2d918e0dd2d01ba4fc4f9a35b1aef00f\"",
            "id": "ictsc:k-84mo10",
            "role": "member",
            "username": "k-84mo10"
          },
          "sensitive_attributes": [],
          "private": "bnVsbA=="
        },
        {
          "index_key": "kadokusei",
          "schema_version": 0,
          "attributes": {
            "etag": "W/\"f9cf75d4e07b60ed9d1cf9db9fcc7901cf39780bcffb6868704a9b5ff89f9ac5\"",
            "id": "ictsc:kadokusei",
            "role": "member",
            "username": "kadokusei"
          },
          "sensitive_attributes": []
        },
        {
          "index_key": "kamijin-fanta",
          "schema_version": 0,
          "attributes": {
            "etag": "W/\"872b77cbc7df5e514c2adbcd776822005cd9fbbad39e0ba995a12f7b85db8eea\"",
            "id": "ictsc:kamijin-fanta",
            "role": "member",
            "username": "kamijin-fanta"
          },
          "sensitive_attributes": []
        },
        {
          "index_key": "kapibara824",
          "schema_version": 0,
          "attributes": {
            "etag": "W/\"f069115563ae9e677ab1d5714aacf7cac5e7a4291ac8256c80ba8fa10bc3afde\"",
            "id": "ictsc:kapibara824",
            "role": "member",
            "username": "kapibara824"
          },
          "sensitive_attributes": []
        },
        {
          "index_key": "kayo-tozaki",
          "schema_version": 0,
          "attributes": {
            "etag": "W/\"b44c50c2fdf98745d40713d159074df60b892610a0c0f9c2666651ecb88dfc54\"",
            "id": "ictsc:kayo-tozaki",
            "role": "member",
            "username": "kayo-tozaki"
          },
          "sensitive_attributes": []
        },
        {
          "index_key": "keisukearakawa",
          "schema_version": 0,
          "attributes": {
            "etag": "W/\"f7a86ad3a0cae41c6af4def02a08169230285f71c842e98c1617be3947d3fbc8\"",
            "id": "ictsc:keisukearakawa",
            "role": "member",
            "username": "keisukearakawa"
          },
          "sensitive_attributes": []
        },
        {
          "index_key": "kerthical",
          "schema_version": 0,
          "attributes": {
            "etag": "W/\"0dbca7a4c1b34f4d8722bc68e1abd7342cb678e2f5ebbecb2832a20b81afccf0\"",
            "id": "ictsc:kerthical",
            "role": "member",
            "username": "kerthical"
          },
          "sensitive_attributes": [],
          "private": "bnVsbA=="
        },
        {
          "index_key": "keyakko",
          "schema_version": 0,
          "attributes": {
            "etag": "W/\"c1478ce8df9ea26014920f2ac0a00d5e5ee8fd8741a8ca2160336ff19079dbb2\"",
            "id": "ictsc:keyakko",
            "role": "member",
            "username": "keyakko"
          },
          "sensitive_attributes": []
        },
        {
          "index_key": "konkichi836",
          "schema_version": 0,
          "attributes": {
            "etag": "W/\"915064f31a2b0bca50687193dfea88fa8241c00e2d6a102f6d7b7b72b2b596af\"",
            "id": "ictsc:konkichi836",
            "role": "member",
            "username": "konkichi836"
          },
          "sensitive_attributes": [],
          "private": "bnVsbA=="
        },
        {
          "index_key": "kouxi08",
          "schema_version": 0,
          "attributes": {
            "etag": "W/\"0e44a3567148982d41ea7b278a1f13d04317ea7914458a9c217d9bc6092bf074\"",
            "id": "ictsc:kouxi08",
            "role": "member",
            "username": "kouxi08"
          },
          "sensitive_attributes": [],
          "private": "bnVsbA=="
        },
        {
          "index_key": "kurochan",
          "schema_version": 0,
          "attributes": {
            "etag": "W/\"ddde0418a303369f4577656333840e8c7116a01822a954437ae947e72e2f4ad5\"",
            "id": "ictsc:kurochan",
            "role": "admin",
            "username": "kurochan"
          },
          "sensitive_attributes": []
        },
        {
          "index_key": "kyoko0514",
          "schema_version": 0,
          "attributes": {
            "etag": "W/\"bf7afe1f33a0f31790c3fd4d03b812f43ec0f76a4b8da00080ff6c436ddf1aa4\"",
            "id": "ictsc:kyoko0514",
            "role": "member",
            "username": "kyoko0514"
          },
          "sensitive_attributes": []
        },
        {
          "index_key": "kyontan",
          "schema_version": 0,
          "attributes": {
            "etag": "W/\"20049f57dca0dd2ae93d8f945a350c6ce7a1a3ed14e13752fa9d1e54851dbb7e\"",
            "id": "ictsc:kyontan",
            "role": "member",
            "username": "kyontan"
          },
          "sensitive_attributes": []
        },
        {
          "index_key": "logica0419",
          "schema_version": 0,
          "attributes": {
            "etag": "W/\"7fe8180ff8883bcc4fe2f997c0fc1a399dcdfb7a5feb756d92427f9dfab9dc7d\"",
            "id": "ictsc:logica0419",
            "role": "admin",
            "username": "logica0419"
          },
          "sensitive_attributes": [],
          "private": "bnVsbA=="
        },
        {
          "index_key": "mbook-x86",
          "schema_version": 0,
          "attributes": {
            "etag": "W/\"bb3580f80f1ce331297ed3ecd482e29165eb8b72f097c17c320c02738fdfd229\"",
            "id": "ictsc:mbook-x86",
            "role": "member",
            "username": "mbook-x86"
          },
          "sensitive_attributes": []
        },
        {
          "index_key": "miyashita77",
          "schema_version": 0,
          "attributes": {
            "etag": "W/\"af1b0e20cbe1bc5ab77d72763fa5b1421d00c236da51e87aef545f45a854831e\"",
            "id": "ictsc:miyashita77",
            "role": "member",
            "username": "miyashita77"
          },
          "sensitive_attributes": [],
          "private": "bnVsbA=="
        },
        {
          "index_key": "mk0913mnck",
          "schema_version": 0,
          "attributes": {
            "etag": "W/\"0bfea719e1dcea56b57635972d2404aa00e72f12e26a19744d4b8f0265bd2e50\"",
            "id": "ictsc:mk0913mnck",
            "role": "member",
            "username": "mk0913mnck"
          },
          "sensitive_attributes": []
        },
        {
          "index_key": "momoka0122y",
          "schema_version": 0,
          "attributes": {
            "etag": "W/\"e03b8dcf73e6003c2f735b2e65404f4075966a1e7cc8ede265feb05a9ea69678\"",
            "id": "ictsc:momoka0122y",
            "role": "member",
            "username": "momoka0122y"
          },
          "sensitive_attributes": [],
          "private": "bnVsbA=="
        },
        {
          "index_key": "mu-ruU1",
          "schema_version": 0,
          "attributes": {
            "etag": "W/\"fd681171bc310cbe1f8e01596dfef442190ee9470164518a1039e50e9f9f8e50\"",
            "id": "ictsc:mu-ruU1",
            "role": "admin",
            "username": "mu-ruU1"
          },
          "sensitive_attributes": [],
          "private": "bnVsbA=="
        },
        {
          "index_key": "nagayon-935",
          "schema_version": 0,
          "attributes": {
            "etag": "W/\"fcd8a839d65ccf3ba575ed116302467f08abff8e05b8d1d5f957dbde95edf4e8\"",
            "id": "ictsc:nagayon-935",
            "role": "member",
            "username": "nagayon-935"
          },
          "sensitive_attributes": [],
          "private": "bnVsbA=="
        },
        {
          "index_key": "nakasyo2650",
          "schema_version": 0,
          "attributes": {
            "etag": "W/\"dc229c62541a04ab83b33183768503e48e71bf1b78f22b96d2d3dde613eb8d0b\"",
            "id": "ictsc:nakasyo2650",
            "role": "member",
            "username": "nakasyo2650"
          },
          "sensitive_attributes": []
        },
        {
          "index_key": "naoki2001",
          "schema_version": 0,
          "attributes": {
            "etag": "W/\"e38f7ef08d857ca861b20762e1b129dd70d43d554c26ae6e61458cc81319454c\"",
            "id": "ictsc:naoki2001",
            "role": "member",
            "username": "naoki2001"
          },
          "sensitive_attributes": []
        },
        {
          "index_key": "naoki912",
          "schema_version": 0,
          "attributes": {
            "etag": "W/\"153cc9d2ed433f8b836b78d132736d16f1ee9dc446558b306c277ac83d8d28d7\"",
            "id": "ictsc:naoki912",
            "role": "member",
            "username": "naoki912"
          },
          "sensitive_attributes": []
        },
        {
          "index_key": "netmarkjp",
          "schema_version": 0,
          "attributes": {
            "etag": "W/\"8abf95a03c61f5af0e666395fbca90fe8725d46655ecc68a687c57cb2d0b1177\"",
            "id": "ictsc:netmarkjp",
            "role": "admin",
            "username": "netmarkjp"
          },
          "sensitive_attributes": []
        },
        {
          "index_key": "nishinoyama",
          "schema_version": 0,
          "attributes": {
            "etag": "W/\"2e0f4d0c75609c4b9592b1cd7daf6153e8d7a1a35a69e7f1eb63fa8ae5c27e57\"",
            "id": "ictsc:nishinoyama",
            "role": "admin",
            "username": "nishinoyama"
          },
          "sensitive_attributes": [],
          "private": "bnVsbA=="
        },
        {
          "index_key": "nomeaning777",
          "schema_version": 0,
          "attributes": {
            "etag": "W/\"31030126ba113f5fbc0cdd6e1a2c977873b971eec6fd2694bb8d459568f7cec6\"",
            "id": "ictsc:nomeaning777",
            "role": "member",
            "username": "nomeaning777"
          },
          "sensitive_attributes": []
        },
        {
          "index_key": "notchi590",
          "schema_version": 0,
          "attributes": {
            "etag": "W/\"a84c514331d3803b9641473b2d7b6fadb4de698cc2e270cfb8548c92c795520d\"",
            "id": "ictsc:notchi590",
            "role": "member",
            "username": "notchi590"
          },
          "sensitive_attributes": []
        },
        {
          "index_key": "onabe3",
          "schema_version": 0,
          "attributes": {
            "etag": "W/\"9389a9f90496e72d4f92cd6de8f10f983cadf5cf0e6753841bb565ab755d8225\"",
            "id": "ictsc:onabe3",
            "role": "member",
            "username": "onabe3"
          },
          "sensitive_attributes": [],
          "private": "bnVsbA=="
        },
        {
          "index_key": "onokatio",
          "schema_version": 0,
          "attributes": {
            "etag": "W/\"a9239d30619d19b7372dcc0943b850736eb1e0967fa7097ac9edd499bc89447c\"",
            "id": "ictsc:onokatio",
            "role": "admin",
            "username": "onokatio"
          },
          "sensitive_attributes": []
        },
        {
          "index_key": "oomorio",
          "schema_version": 0,
          "attributes": {
            "etag": "W/\"cd35fe87c6490d36260774405d33595928af40db91ff1ba5d2645222cd082d45\"",
            "id": "ictsc:oomorio",
            "role": "member",
            "username": "oomorio"
          },
          "sensitive_attributes": []
        },
        {
          "index_key": "ophum",
          "schema_version": 0,
          "attributes": {
            "etag": "W/\"1fa4604573744c67f561adfe0c9f0839aa75fb066fe6c9bc5164503be13e392a\"",
            "id": "ictsc:ophum",
            "role": "member",
            "username": "ophum"
          },
          "sensitive_attributes": []
        },
        {
          "index_key": "orin24",
          "schema_version": 0,
          "attributes": {
            "etag": "W/\"269c61a650146e462031bddd3c056a90c88a009ae0420d777615c5991b0e59a8\"",
            "id": "ictsc:orin24",
            "role": "member",
            "username": "orin24"
          },
          "sensitive_attributes": []
        },
        {
          "index_key": "oshamashama",
          "schema_version": 0,
          "attributes": {
            "etag": "W/\"b21236dcb35df7fd73cb86614e722e7255ac76223e23b96c0be07c50d29319eb\"",
            "id": "ictsc:oshamashama",
            "role": "member",
            "username": "oshamashama"
          },
          "sensitive_attributes": [],
          "private": "bnVsbA=="
        },
        {
          "index_key": "palloc",
          "schema_version": 0,
          "attributes": {
            "etag": "W/\"e0afdc944c1e30d74e4f84f9fcff4a00380adcd876f16a209a417d55b7a85fbb\"",
            "id": "ictsc:palloc",
            "role": "member",
            "username": "palloc"
          },
          "sensitive_attributes": []
        },
        {
          "index_key": "potyama",
          "schema_version": 0,
          "attributes": {
            "etag": "W/\"a6b703c49f3a85113e99bd53712a352c07d7c0056a8192c398653cfedb2bd7c5\"",
            "id": "ictsc:potyama",
            "role": "member",
            "username": "potyama"
          },
          "sensitive_attributes": []
        },
        {
          "index_key": "private-yusuke",
          "schema_version": 0,
          "attributes": {
            "etag": "W/\"93c0a70982c646731ab1b5ac56c98f56dc965a62fcd1214399953a4cac11c21d\"",
            "id": "ictsc:private-yusuke",
            "role": "admin",
            "username": "private-yusuke"
          },
          "sensitive_attributes": [],
          "private": "bnVsbA=="
        },
        {
          "index_key": "proelbtn",
          "schema_version": 0,
          "attributes": {
            "etag": "W/\"9efa875f739a4bab360f6d952324a65340967b262840408ddccdcb80b975e846\"",
            "id": "ictsc:proelbtn",
            "role": "admin",
            "username": "proelbtn"
          },
          "sensitive_attributes": []
        },
        {
          "index_key": "recuraki",
          "schema_version": 0,
          "attributes": {
            "etag": "W/\"1ec9be2dae101a9ea891ac37470cd114516707e866dcc5278b7fc0176648fddc\"",
            "id": "ictsc:recuraki",
            "role": "member",
            "username": "recuraki"
          },
          "sensitive_attributes": []
        },
        {
          "index_key": "red-3ya",
          "schema_version": 0,
          "attributes": {
            "etag": "W/\"3209919e225482fea018349f6be399c7585e42312ae92ea836abfa9216c71a8a\"",
            "id": "ictsc:red-3ya",
            "role": "member",
            "username": "red-3ya"
          },
          "sensitive_attributes": [],
          "private": "bnVsbA=="
        },
        {
          "index_key": "rk76feWF",
          "schema_version": 0,
          "attributes": {
            "etag": "W/\"a4c236c6e530a9be038d80f3647ce4fe935c9d9bbe011e50da8dde786453339e\"",
            "id": "ictsc:rk76feWF",
            "role": "member",
            "username": "rk76feWF"
          },
          "sensitive_attributes": [],
          "private": "bnVsbA=="
        },
        {
          "index_key": "rlia",
          "schema_version": 0,
          "attributes": {
            "etag": "W/\"8c27c8776961d0fa1a94e4fe7bd875d6f1aa1872f0e6476c160ca9e7c40afa67\"",
            "id": "ictsc:rlia",
            "role": "member",
            "username": "rlia"
          },
          "sensitive_attributes": []
        },
        {
          "index_key": "sharknasuhorse",
          "schema_version": 0,
          "attributes": {
            "etag": "W/\"9ae33ff331e1dc7febd1842b8afaae6b82741cafca47be1ca70545528da52784\"",
            "id": "ictsc:sharknasuhorse",
            "role": "admin",
            "username": "sharknasuhorse"
          },
          "sensitive_attributes": []
        },
        {
          "index_key": "shou3008",
          "schema_version": 0,
          "attributes": {
            "etag": "W/\"f8e1daee8adda1cede986a3a1a62d838b59aea4c52773de97ef5f6054c1e4b90\"",
            "id": "ictsc:shou3008",
            "role": "member",
            "username": "shou3008"
          },
          "sensitive_attributes": [],
          "private": "bnVsbA=="
        },
        {
          "index_key": "siberiy4",
          "schema_version": 0,
          "attributes": {
            "etag": "W/\"52953fe248c8e4007ed02bd95a61624616c0c07654833ee743317bb405fb519d\"",
            "id": "ictsc:siberiy4",
            "role": "member",
            "username": "siberiy4"
          },
          "sensitive_attributes": [],
          "private": "bnVsbA=="
        },
        {
          "index_key": "site0801",
          "schema_version": 0,
          "attributes": {
            "etag": "W/\"853ca36bc3ed24e0e10afbd727d60fc34d3317abea7f5737cd5af5d51f196968\"",
            "id": "ictsc:site0801",
            "role": "member",
            "username": "site0801"
          },
          "sensitive_attributes": []
        },
        {
          "index_key": "sora34",
          "schema_version": 0,
          "attributes": {
            "etag": "W/\"dfec29c2adc9ad6a52a88d41934d0c1fb70f83a827c0c84bbaa4e488531e7919\"",
            "id": "ictsc:sora34",
            "role": "member",
            "username": "sora34"
          },
          "sensitive_attributes": []
        },
        {
          "index_key": "staybuzz",
          "schema_version": 0,
          "attributes": {
            "etag": "W/\"12d67cc7b7d25a594d079e9f19ae3e1ec32ffa547a4e25c4af9e9210c84cb745\"",
            "id": "ictsc:staybuzz",
            "role": "member",
            "username": "staybuzz"
          },
          "sensitive_attributes": []
        },
        {
          "index_key": "sugiki-accelia",
          "schema_version": 0,
          "attributes": {
            "etag": "W/\"9e8788740897355bdf39c4fd4a4296ed39b78bf8ef5fd8547e77006061694ae6\"",
            "id": "ictsc:sugiki-accelia",
            "role": "member",
            "username": "sugiki-accelia"
          },
          "sensitive_attributes": []
        },
        {
          "index_key": "sukekawa-accelia",
          "schema_version": 0,
          "attributes": {
            "etag": "W/\"a1276d1b2aa6a55fcd45921f1692abac7dd2d2b43ac27568a99ef31ca82bd382\"",
            "id": "ictsc:sukekawa-accelia",
            "role": "member",
            "username": "sukekawa-accelia"
          },
          "sensitive_attributes": []
        },
        {
          "index_key": "syuli",
          "schema_version": 0,
          "attributes": {
            "etag": "W/\"2e537dbfb3fcfe077bb6c587b90196e74c2a8d0940421b1a3cfeb05e41107648\"",
            "id": "ictsc:syuli",
            "role": "member",
            "username": "syuli"
          },
          "sensitive_attributes": []
        },
        {
          "index_key": "syuuya-nakatomi",
          "schema_version": 0,
          "attributes": {
            "etag": "W/\"0d530fdf308d7407b1758a8ddd473f15bbae15fde3065181bc813c9799368d4d\"",
            "id": "ictsc:syuuya-nakatomi",
            "role": "member",
            "username": "syuuya-nakatomi"
          },
          "sensitive_attributes": [],
          "private": "bnVsbA=="
        },
        {
          "index_key": "takamasa272",
          "schema_version": 0,
          "attributes": {
            "etag": "W/\"d0c90ea41a6ac3c3a69b3b57c4addf9b9e0b5051af867485ffd06633112f791f\"",
            "id": "ictsc:takamasa272",
            "role": "member",
            "username": "takamasa272"
          },
          "sensitive_attributes": [],
          "private": "bnVsbA=="
        },
        {
          "index_key": "takato256",
          "schema_version": 0,
          "attributes": {
            "etag": "W/\"18ec03e2e7538548d762abec49a0ea53cc06399d39e24e36174ef1155ceebe03\"",
            "id": "ictsc:takato256",
            "role": "member",
            "username": "takato256"
          },
          "sensitive_attributes": [],
          "private": "bnVsbA=="
        },
        {
          "index_key": "takehaya",
          "schema_version": 0,
          "attributes": {
            "etag": "W/\"5e43eaffcd42b55dd9635794c5bc64255838eb6be6040df73eafa5defacc990c\"",
            "id": "ictsc:takehaya",
            "role": "admin",
            "username": "takehaya"
          },
          "sensitive_attributes": []
        },
        {
          "index_key": "takes3",
          "schema_version": 0,
          "attributes": {
            "etag": "W/\"0cfff1c92e5557eb50a1ad86d96933f665dff1f94d15166662f3585c8f8568b9\"",
            "id": "ictsc:takes3",
            "role": "member",
            "username": "takes3"
          },
          "sensitive_attributes": []
        },
        {
          "index_key": "takonomura",
          "schema_version": 0,
          "attributes": {
            "etag": "W/\"beca3d9d3580605f53e921b9eaaad0ecda4cbfe9d381b049d2dc0e96e4a744d6\"",
            "id": "ictsc:takonomura",
            "role": "member",
            "username": "takonomura"
          },
          "sensitive_attributes": [],
          "private": "bnVsbA=="
        },
        {
          "index_key": "tanishi001",
          "schema_version": 0,
          "attributes": {
            "etag": "W/\"a50f543b8c7bdf3861ad1ae04a850a10b30a6f114612b4a91a371eaa7ead3217\"",
            "id": "ictsc:tanishi001",
            "role": "member",
            "username": "tanishi001"
          },
          "sensitive_attributes": []
        },
        {
          "index_key": "tar-xzvff",
          "schema_version": 0,
          "attributes": {
            "etag": "W/\"4a05d7cf1b78ab5b0a5091df1f57db531eef53c7268e077c262d9be839ab4908\"",
            "id": "ictsc:tar-xzvff",
            "role": "admin",
            "username": "tar-xzvff"
          },
          "sensitive_attributes": []
        },
        {
          "index_key": "tom--bo",
          "schema_version": 0,
          "attributes": {
            "etag": "W/\"903e8f217a739a0d18c5e80aba4d76a3bfae2b54d4e50090c75a66e2a9c7a699\"",
            "id": "ictsc:tom--bo",
            "role": "member",
            "username": "tom--bo"
          },
          "sensitive_attributes": []
        },
        {
          "index_key": "toma1128",
          "schema_version": 0,
          "attributes": {
            "etag": "W/\"f6034c0bc92fa7d037dd3b6dd02b5af11bf101ca389c62a2bbf1ce842aace807\"",
            "id": "ictsc:toma1128",
            "role": "member",
            "username": "toma1128"
          },
          "sensitive_attributes": [],
          "private": "bnVsbA=="
        },
        {
          "index_key": "tomatoaas",
          "schema_version": 0,
          "attributes": {
            "etag": "W/\"0f51dd8d85bc12278e332dcefcf0cadb47e5ee9757d66869a7ad9f11fbcf327f\"",
            "id": "ictsc:tomatoaas",
            "role": "member",
            "username": "tomatoaas"
          },
          "sensitive_attributes": []
        },
        {
          "index_key": "tosuke",
          "schema_version": 0,
          "attributes": {
            "etag": "W/\"156e5f27f0e45e3d14b063a27fe979917f4bf40da4d762cee85a588d37b08a44\"",
            "id": "ictsc:tosuke",
            "role": "admin",
            "username": "tosuke"
          },
          "sensitive_attributes": [],
          "private": "bnVsbA=="
        },
        {
          "index_key": "tsuttsu305",
          "schema_version": 0,
          "attributes": {
            "etag": "W/\"272ced0061a36c05a1e6972f1d113b256f41e0afa2d822817472b8809382e9c4\"",
            "id": "ictsc:tsuttsu305",
            "role": "member",
            "username": "tsuttsu305"
          },
          "sensitive_attributes": []
        },
        {
          "index_key": "tsuzu",
          "schema_version": 0,
          "attributes": {
            "etag": "W/\"fdef13dafa54a2ce92dcdcbb1e121ce2d0e3f1fff10e49cf331a847d70946c02\"",
            "id": "ictsc:tsuzu",
            "role": "member",
            "username": "tsuzu"
          },
          "sensitive_attributes": [],
          "private": "bnVsbA=="
        },
        {
          "index_key": "uplus",
          "schema_version": 0,
          "attributes": {
            "etag": "W/\"fa31a5d230c95cef79960cf35e85f4d3f57aa9b80b958600119ad22b0677a53d\"",
            "id": "ictsc:uplus",
            "role": "admin",
            "username": "uplus"
          },
          "sensitive_attributes": []
        },
        {
          "index_key": "whywaita",
          "schema_version": 0,
          "attributes": {
            "etag": "W/\"72c36a4a473264019392391e68759a957acffae23f8d926cd7ef963479b14682\"",
            "id": "ictsc:whywaita",
            "role": "admin",
            "username": "whywaita"
          },
          "sensitive_attributes": []
        },
        {
          "index_key": "x86taka",
          "schema_version": 0,
          "attributes": {
            "etag": "W/\"ddf68c8ce83fc3d08b1a97890f631f234d2ed253abbc4871ee6cab8b668950f1\"",
            "id": "ictsc:x86taka",
            "role": "admin",
            "username": "x86taka"
          },
          "sensitive_attributes": []
        },
        {
          "index_key": "y-monma",
          "schema_version": 0,
          "attributes": {
            "etag": "W/\"d26ed86831bb7afe2fe217bdfe592542a9d3afceaf1782a8161af030eb87d55b\"",
            "id": "ictsc:y-monma",
            "role": "member",
            "username": "y-monma"
          },
          "sensitive_attributes": []
        },
        {
          "index_key": "y-shimiz",
          "schema_version": 0,
          "attributes": {
            "etag": "W/\"883c746c865424bd4cd9634e8eacfd5ca1b0a2ccefec0f95b01a35cbb883e7e1\"",
            "id": "ictsc:y-shimiz",
            "role": "member",
            "username": "y-shimiz"
          },
          "sensitive_attributes": [],
          "private": "bnVsbA=="
        },
        {
          "index_key": "yaminoma",
          "schema_version": 0,
          "attributes": {
            "etag": "W/\"e4f6dc54f4feb1677ea1458f64ba144da141827c7e63ead9fab1cfad70dc1385\"",
            "id": "ictsc:yaminoma",
            "role": "member",
            "username": "yaminoma"
          },
          "sensitive_attributes": []
        },
        {
          "index_key": "yatuhashi",
          "schema_version": 0,
          "attributes": {
            "etag": "W/\"52818bb9d74e46eaa45812bfc218c1765459492b2217d979bddc81d4869c31d4\"",
            "id": "ictsc:yatuhashi",
            "role": "member",
            "username": "yatuhashi"
          },
          "sensitive_attributes": []
        },
        {
          "index_key": "yfujii854",
          "schema_version": 0,
          "attributes": {
            "etag": "W/\"df31e80119383f93cc079a037e3e9c969f716c95547f46267d561e2abc54ae68\"",
            "id": "ictsc:yfujii854",
            "role": "member",
            "username": "yfujii854"
          },
          "sensitive_attributes": [],
          "private": "bnVsbA=="
        },
        {
          "index_key": "yo-taro",
          "schema_version": 0,
          "attributes": {
            "etag": "W/\"fc621e3e8154fb6e05cc3ba85b3e2caf31d94a1370b14f91e591fe689dc8f3bc\"",
            "id": "ictsc:yo-taro",
            "role": "member",
            "username": "yo-taro"
          },
          "sensitive_attributes": []
        },
        {
          "index_key": "yoneyan",
          "schema_version": 0,
          "attributes": {
            "etag": "W/\"0ffc6c6bd5248d9e8c544cb59d19c356407afcc072f31d89c174f60ba6afbc90\"",
            "id": "ictsc:yoneyan",
            "role": "member",
            "username": "yoneyan"
          },
          "sensitive_attributes": []
        },
        {
          "index_key": "yu-tanaka00",
          "schema_version": 0,
          "attributes": {
            "etag": "W/\"f970888ce8594a4921817e759eeb9be3f37ebef5c8df20ec64fd28a6346d8c34\"",
            "id": "ictsc:yu-tanaka00",
            "role": "member",
            "username": "yu-tanaka00"
          },
          "sensitive_attributes": []
        },
        {
          "index_key": "yukamoja",
          "schema_version": 0,
          "attributes": {
            "etag": "W/\"e8c9dd686402da6e433d590e2a999b185301fcc0540f0d2980247ed8ad420d4a\"",
            "id": "ictsc:yukamoja",
            "role": "admin",
            "username": "yukamoja"
          },
          "sensitive_attributes": []
        },
        {
          "index_key": "yuscarlet",
          "schema_version": 0,
          "attributes": {
            "etag": "W/\"c20a2ca6c81fb8bede196a5803cb3105c20d785343dbe5530d2b87e481145aa9\"",
            "id": "ictsc:yuscarlet",
            "role": "admin",
            "username": "yuscarlet"
          },
          "sensitive_attributes": [],
          "private": "bnVsbA=="
        },
        {
          "index_key": "yuukinetwork",
          "schema_version": 0,
          "attributes": {
            "etag": "W/\"45e9965048645d417b69c2dfff26803e405c3b52e34901e9ca851949a278d595\"",
            "id": "ictsc:yuukinetwork",
            "role": "member",
            "username": "yuukinetwork"
          },
          "sensitive_attributes": []
        },
        {
          "index_key": "zeroalphat",
          "schema_version": 0,
          "attributes": {
            "etag": "W/\"437bb8bf932caa73a236d76f2a8cc8f88496a81a707a60ceec3fb29aa49db6cf\"",
            "id": "ictsc:zeroalphat",
            "role": "member",
            "username": "zeroalphat"
          },
          "sensitive_attributes": []
        }
      ]
    },
    {
      "mode": "managed",
      "type": "github_team",
      "name": "score-dev",
      "provider": "provider[\"registry.terraform.io/integrations/github\"]",
      "instances": [
        {
          "schema_version": 0,
          "attributes": {
            "create_default_maintainer": false,
            "description": "score server development team",
            "etag": "W/\"f61a63950c328e781123b0f936f59af1faa40601561156d71d4f232391a4bd15\"",
            "id": "2004353",
            "ldap_dn": "",
            "members_count": 1,
            "name": "score-dev",
            "node_id": "MDQ6VGVhbTIwMDQzNTM=",
            "parent_team_id": null,
            "privacy": "closed",
            "slug": "score-dev"
          },
          "sensitive_attributes": []
        }
      ]
    },
    {
      "mode": "managed",
      "type": "github_team",
      "name": "team",
      "provider": "provider[\"registry.terraform.io/integrations/github\"]",
      "instances": [
        {
          "index_key": "Admins",
          "schema_version": 0,
          "attributes": {
            "create_default_maintainer": false,
            "description": "member of Admins",
            "etag": "W/\"93a5bfbf51c024b29c564bd12f1c1674b2f24f7793cbfdf5d71e5eb589900a04\"",
            "id": "2008807",
            "ldap_dn": "",
            "members_count": 24,
            "name": "Admins",
            "node_id": "MDQ6VGVhbTIwMDg4MDc=",
            "parent_team_id": null,
            "privacy": "closed",
            "slug": "admins"
          },
          "sensitive_attributes": [],
          "private": "bnVsbA=="
        },
        {
          "index_key": "ictsc2018",
          "schema_version": 0,
          "attributes": {
            "create_default_maintainer": false,
            "description": "member of ictsc2018",
            "etag": "W/\"82e07f818dc85aeaa4c7c6d8189a0a1fb4081d49e6419885aba836e6496427e2\"",
            "id": "2818425",
            "ldap_dn": "",
            "members_count": 21,
            "name": "ictsc2018",
            "node_id": "MDQ6VGVhbTI4MTg0MjU=",
            "parent_team_id": null,
            "privacy": "closed",
            "slug": "ictsc2018"
          },
          "sensitive_attributes": []
        },
        {
          "index_key": "ictsc2019",
          "schema_version": 0,
          "attributes": {
            "create_default_maintainer": false,
            "description": "member of ictsc2019",
            "etag": "W/\"f49a7aad2f76a129f6e72da9aac826ba09a3543e4db1c13d897673cad250a2ff\"",
            "id": "3300293",
            "ldap_dn": "",
            "members_count": 32,
            "name": "ictsc2019",
            "node_id": "MDQ6VGVhbTMzMDAyOTM=",
            "parent_team_id": null,
            "privacy": "closed",
            "slug": "ictsc2019"
          },
          "sensitive_attributes": []
        },
        {
          "index_key": "ictsc2020",
          "schema_version": 0,
          "attributes": {
            "create_default_maintainer": false,
            "description": "member of ictsc2020",
            "etag": "W/\"b924d287cc7304b8d4760d124070c22c183ede59343286389998dd17cd4f7143\"",
            "id": "3894829",
            "ldap_dn": "",
            "members_count": 22,
            "name": "ictsc2020",
            "node_id": "MDQ6VGVhbTM4OTQ4Mjk=",
            "parent_team_id": null,
            "privacy": "closed",
            "slug": "ictsc2020"
          },
          "sensitive_attributes": []
        },
        {
          "index_key": "ictsc2021",
          "schema_version": 0,
          "attributes": {
            "create_default_maintainer": false,
            "description": "member of ictsc2021",
            "etag": "W/\"38a601f833ddf12cb23ec1c44a27cbc074a8afce56725b94c064c58e48e04986\"",
            "id": "4811781",
            "ldap_dn": "",
            "members_count": 15,
            "name": "ictsc2021",
            "node_id": "MDQ6VGVhbTQ4MTE3ODE=",
            "parent_team_id": null,
            "privacy": "closed",
            "slug": "ictsc2021"
          },
          "sensitive_attributes": []
        },
        {
          "index_key": "ictsc2022",
          "schema_version": 0,
          "attributes": {
            "create_default_maintainer": false,
            "description": "member of ictsc2022",
            "etag": "W/\"542f6b39f7ea116f1e64d1835515679bb4d832006ffd4d6ff8c15548afea6bce\"",
            "id": "7097691",
            "ldap_dn": "",
            "members_count": 12,
            "name": "ictsc2022",
            "node_id": "T_kwDOAKhxTs4AbE1b",
            "parent_team_id": null,
            "privacy": "closed",
            "slug": "ictsc2022"
          },
          "sensitive_attributes": [],
          "private": "bnVsbA=="
        },
        {
          "index_key": "ictsc2023",
          "schema_version": 0,
          "attributes": {
            "create_default_maintainer": false,
            "description": "member of ictsc2023",
            "etag": "W/\"91b30c355acaa94468f00f6366f3c4ea6840fa5a2e13c3ae1b6fbbd3fd9d7ab8\"",
            "id": "8186988",
            "ldap_dn": "",
            "members_count": 12,
            "name": "ictsc2023",
            "node_id": "T_kwDOAKhxTs4AfOxs",
            "parent_team_id": null,
            "privacy": "closed",
            "slug": "ictsc2023"
          },
          "sensitive_attributes": [],
          "private": "bnVsbA=="
        },
        {
          "index_key": "ictsc2024",
          "schema_version": 0,
          "attributes": {
            "create_default_maintainer": false,
            "description": "member of ictsc2024",
            "etag": "W/\"6a57dc954ce21d3bbfdbaa1375331ec0471811addc098f97e588e2b195d89eef\"",
            "id": "10324448",
            "ldap_dn": "",
            "members_count": 27,
            "name": "ictsc2024",
            "node_id": "T_kwDOAKhxTs4AnYng",
            "parent_team_id": null,
            "privacy": "closed",
            "slug": "ictsc2024"
          },
          "sensitive_attributes": [],
          "private": "bnVsbA=="
        },
        {
          "index_key": "ictsc2025",
          "schema_version": 0,
          "attributes": {
            "create_default_maintainer": false,
            "description": "member of ictsc2025",
            "etag": "W/\"b609ab08736c287a45e230b6c12a00cfbeb30ec85d9f38c27d76ffe8aa183f17\"",
            "id": "12998717",
            "ldap_dn": "",
            "members_count": 25,
            "name": "ictsc2025",
            "node_id": "T_kwDOAKhxTs4Axlg9",
            "parent_team_id": null,
            "privacy": "closed",
            "slug": "ictsc2025"
          },
          "sensitive_attributes": [],
          "private": "bnVsbA=="
        },
        {
          "index_key": "ictsc4",
          "schema_version": 0,
          "attributes": {
            "create_default_maintainer": false,
            "description": "member of ictsc4",
            "etag": "W/\"05da731edaee973d2327c31e6ceec758194473cbec74a485097afe4dbf8fc1df\"",
            "id": "2004351",
            "ldap_dn": "",
            "members_count": 11,
            "name": "ictsc4",
            "node_id": "MDQ6VGVhbTIwMDQzNTE=",
            "parent_team_id": null,
            "privacy": "closed",
            "slug": "ictsc4"
          },
          "sensitive_attributes": []
        },
        {
          "index_key": "ictsc5",
          "schema_version": 0,
          "attributes": {
            "create_default_maintainer": false,
            "description": "member of ictsc5",
            "etag": "W/\"5e48d2f9e6d1224119f0d2310830e584924d3b9a9c212d34fe0784d513d4f443\"",
            "id": "2004352",
            "ldap_dn": "",
            "members_count": 26,
            "name": "ictsc5",
            "node_id": "MDQ6VGVhbTIwMDQzNTI=",
            "parent_team_id": null,
            "privacy": "closed",
            "slug": "ictsc5"
          },
          "sensitive_attributes": []
        },
        {
          "index_key": "ictsc6",
          "schema_version": 0,
          "attributes": {
            "create_default_maintainer": false,
            "description": "member of ictsc6",
            "etag": "W/\"bb636f559c3522263fbb11eb64d16050d61cf8a35f2a2d49e5cc75bf139b13db\"",
            "id": "2004355",
            "ldap_dn": "",
            "members_count": 20,
            "name": "ictsc6",
            "node_id": "MDQ6VGVhbTIwMDQzNTU=",
            "parent_team_id": null,
            "privacy": "closed",
            "slug": "ictsc6"
          },
          "sensitive_attributes": []
        },
        {
          "index_key": "ictsc7",
          "schema_version": 0,
          "attributes": {
            "create_default_maintainer": false,
            "description": "member of ictsc7",
            "etag": "W/\"46d1a1e7a899023eab30fd25de15d3d13525d8c608ed5ddb1bcc4895191e895b\"",
            "id": "2178374",
            "ldap_dn": "",
            "members_count": 17,
            "name": "ictsc7",
            "node_id": "MDQ6VGVhbTIxNzgzNzQ=",
            "parent_team_id": null,
            "privacy": "closed",
            "slug": "ictsc7"
          },
          "sensitive_attributes": []
        },
        {
          "index_key": "ictsc8",
          "schema_version": 0,
          "attributes": {
            "create_default_maintainer": false,
            "description": "member of ictsc8",
            "etag": "W/\"4c74964e5acac2d8caa714fb1fb1c7300c7e972155892f423e7b648df4ee06dd\"",
            "id": "2341229",
            "ldap_dn": "",
            "members_count": 20,
            "name": "ictsc8",
            "node_id": "MDQ6VGVhbTIzNDEyMjk=",
            "parent_team_id": null,
            "privacy": "closed",
            "slug": "ictsc8"
          },
          "sensitive_attributes": []
        },
        {
          "index_key": "ictsc9",
          "schema_version": 0,
          "attributes": {
            "create_default_maintainer": false,
            "description": "member of ictsc9",
            "etag": "W/\"b631679649106081f2afc0d80aca2ab9f1bea0e83a0e1e80ed8bddfb3cae7dff\"",
            "id": "2818424",
            "ldap_dn": "",
            "members_count": 19,
            "name": "ictsc9",
            "node_id": "MDQ6VGVhbTI4MTg0MjQ=",
            "parent_team_id": null,
            "privacy": "closed",
            "slug": "ictsc9"
          },
          "sensitive_attributes": []
        }
      ]
    },
    {
      "mode": "managed",
      "type": "github_team_members",
      "name": "team_member",
      "provider": "provider[\"registry.terraform.io/integrations/github\"]",
      "instances": [
        {
          "index_key": "Admins",
          "schema_version": 0,
          "attributes": {
            "etag": "02ad04d59c9328448d488c2c00607fab",
            "id": "2008807",
            "members": [
              {
                "role": "maintainer",
                "username": "Art-Atlas"
              },
              {
                "role": "maintainer",
                "username": "Crow314"
              },
              {
                "role": "maintainer",
                "username": "Dodai-Dodai"
              },
              {
                "role": "maintainer",
                "username": "Explosive6363"
              },
              {
                "role": "maintainer",
                "username": "Fuuma0000"
              },
              {
                "role": "maintainer",
                "username": "h-otter"
              },
              {
                "role": "maintainer",
                "username": "ibucho"
              },
              {
                "role": "maintainer",
                "username": "kurochan"
              },
              {
                "role": "maintainer",
                "username": "logica0419"
              },
              {
                "role": "maintainer",
                "username": "mu-ruU1"
              },
              {
                "role": "maintainer",
                "username": "netmarkjp"
              },
              {
                "role": "maintainer",
                "username": "nishinoyama"
              },
              {
                "role": "maintainer",
                "username": "onokatio"
              },
              {
                "role": "maintainer",
                "username": "private-yusuke"
              },
              {
                "role": "maintainer",
                "username": "proelbtn"
              },
              {
                "role": "maintainer",
                "username": "sharknasuhorse"
              },
              {
                "role": "maintainer",
                "username": "takehaya"
              },
              {
                "role": "maintainer",
                "username": "tar-xzvff"
              },
              {
                "role": "maintainer",
                "username": "tosuke"
              },
              {
                "role": "maintainer",
                "username": "uplus"
              },
              {
                "role": "maintainer",
                "username": "whywaita"
              },
              {
                "role": "maintainer",
                "username": "x86taka"
              },
              {
                "role": "maintainer",
                "username": "yukamoja"
              },
              {
                "role": "maintainer",
                "username": "yuscarlet"
              }
            ],
            "team_id": "2008807"
          },
          "sensitive_attributes": [],
          "private": "bnVsbA==",
          "dependencies": [
            "github_membership.member",
            "github_team.team"
          ]
        },
        {
          "index_key": "ictsc2018",
          "schema_version": 0,
          "attributes": {
            "etag": "11ef979fe0ae335fa9b02913affa22d2",
            "id": "2818425",
            "members": [
              {
                "role": "maintainer",
                "username": "h-otter"
              },
              {
                "role": "maintainer",
                "username": "onokatio"
              },
              {
                "role": "maintainer",
                "username": "proelbtn"
              },
              {
                "role": "maintainer",
                "username": "sharknasuhorse"
              },
              {
                "role": "maintainer",
                "username": "takehaya"
              },
              {
                "role": "maintainer",
                "username": "uplus"
              },
              {
                "role": "maintainer",
                "username": "whywaita"
              },
              {
                "role": "maintainer",
                "username": "yukamoja"
              },
              {
                "role": "member",
                "username": "Kurorororo"
              },
              {
                "role": "member",
                "username": "NozomiSugiyama"
              },
              {
                "role": "member",
                "username": "ShotaKitazawa"
              },
              {
                "role": "member",
                "username": "acque2two"
              },
              {
                "role": "member",
                "username": "bosan120"
              },
              {
                "role": "member",
                "username": "gurapomu"
              },
              {
                "role": "member",
                "username": "ha-kun0711"
              },
              {
                "role": "member",
                "username": "icchy"
              },
              {
                "role": "member",
                "username": "kyontan"
              },
              {
                "role": "member",
                "username": "orin24"
              },
              {
                "role": "member",
                "username": "palloc"
              },
              {
                "role": "member",
                "username": "potyama"
              },
              {
                "role": "member",
                "username": "yatuhashi"
              }
            ],
            "team_id": "2818425"
          },
          "sensitive_attributes": [],
          "private": "bnVsbA==",
          "dependencies": [
            "github_membership.member",
            "github_team.team"
          ]
        },
        {
          "index_key": "ictsc2019",
          "schema_version": 0,
          "attributes": {
            "etag": "3cbb7b9cbcd0cd2100ff25432ce9cf7f",
            "id": "3300293",
            "members": [
              {
                "role": "maintainer",
                "username": "h-otter"
              },
              {
                "role": "maintainer",
                "username": "onokatio"
              },
              {
                "role": "maintainer",
                "username": "proelbtn"
              },
              {
                "role": "maintainer",
                "username": "sharknasuhorse"
              },
              {
                "role": "maintainer",
                "username": "takehaya"
              },
              {
                "role": "maintainer",
                "username": "uplus"
              },
              {
                "role": "maintainer",
                "username": "yukamoja"
              },
              {
                "role": "member",
                "username": "Iwancof"
              },
              {
                "role": "member",
                "username": "Kurorororo"
              },
              {
                "role": "member",
                "username": "SallyAcolyte"
              },
              {
                "role": "member",
                "username": "SilEighty-ym"
              },
              {
                "role": "member",
                "username": "TenkiGit"
              },
              {
                "role": "member",
                "username": "Terfno"
              },
              {
                "role": "member",
                "username": "arupakan125"
              },
              {
                "role": "member",
                "username": "beggarl"
              },
              {
                "role": "member",
                "username": "chouett0"
              },
              {
                "role": "member",
                "username": "ecodrive-18"
              },
              {
                "role": "member",
                "username": "gurapomu"
              },
              {
                "role": "member",
                "username": "hibiki31"
              },
              {
                "role": "member",
                "username": "icchy"
              },
              {
                "role": "member",
                "username": "kapibara824"
              },
              {
                "role": "member",
                "username": "mbook-x86"
              },
              {
                "role": "member",
                "username": "naoki912"
              },
              {
                "role": "member",
                "username": "ophum"
              },
              {
                "role": "member",
                "username": "potyama"
              },
              {
                "role": "member",
                "username": "recuraki"
              },
              {
                "role": "member",
                "username": "rlia"
              },
              {
                "role": "member",
                "username": "siberiy4"
              },
              {
                "role": "member",
                "username": "site0801"
              },
              {
                "role": "member",
                "username": "syuli"
              },
              {
                "role": "member",
                "username": "tom--bo"
              },
              {
                "role": "member",
                "username": "yoneyan"
              },
              {
                "role": "member",
                "username": "yu-tanaka00"
              }
            ],
            "team_id": "3300293"
          },
          "sensitive_attributes": [],
          "private": "bnVsbA==",
          "dependencies": [
            "github_membership.member",
            "github_team.team"
          ]
        },
        {
          "index_key": "ictsc2020",
          "schema_version": 0,
          "attributes": {
            "etag": "25e930b97678c6e73c58be33119862d1",
            "id": "3894829",
            "members": [
              {
                "role": "maintainer",
                "username": "onokatio"
              },
              {
                "role": "maintainer",
                "username": "proelbtn"
              },
              {
                "role": "maintainer",
                "username": "takehaya"
              },
              {
                "role": "maintainer",
                "username": "uplus"
              },
              {
                "role": "maintainer",
                "username": "x86taka"
              },
              {
                "role": "maintainer",
                "username": "yukamoja"
              },
              {
                "role": "member",
                "username": "Hicky1025"
              },
              {
                "role": "member",
                "username": "TenkiGit"
              },
              {
                "role": "member",
                "username": "Terfno"
              },
              {
                "role": "member",
                "username": "arupakan125"
              },
              {
                "role": "member",
                "username": "hibiki31"
              },
              {
                "role": "member",
                "username": "kapibara824"
              },
              {
                "role": "member",
                "username": "nakasyo2650"
              },
              {
                "role": "member",
                "username": "naoki2001"
              },
              {
                "role": "member",
                "username": "ophum"
              },
              {
                "role": "member",
                "username": "potyama"
              },
              {
                "role": "member",
                "username": "rlia"
              },
              {
                "role": "member",
                "username": "siberiy4"
              },
              {
                "role": "member",
                "username": "site0801"
              },
              {
                "role": "member",
                "username": "tanishi001"
              },
              {
                "role": "member",
                "username": "yoneyan"
              },
              {
                "role": "member",
                "username": "zeroalphat"
              }
            ],
            "team_id": "3894829"
          },
          "sensitive_attributes": [],
          "private": "bnVsbA==",
          "dependencies": [
            "github_membership.member",
            "github_team.team"
          ]
        },
        {
          "index_key": "ictsc2021",
          "schema_version": 0,
          "attributes": {
            "etag": "6601335f6ca67e111ac55bb29a03bc6d",
            "id": "4811781",
            "members": [
              {
                "role": "maintainer",
                "username": "Explosive6363"
              },
              {
                "role": "maintainer",
                "username": "onokatio"
              },
              {
                "role": "maintainer",
                "username": "proelbtn"
              },
              {
                "role": "maintainer",
                "username": "x86taka"
              },
              {
                "role": "member",
                "username": "Hicky1025"
              },
              {
                "role": "member",
                "username": "K-shir0"
              },
              {
                "role": "member",
                "username": "Terfno"
              },
              {
                "role": "member",
                "username": "arupakan125"
              },
              {
                "role": "member",
                "username": "chaya2z"
              },
              {
                "role": "member",
                "username": "kapibara824"
              },
              {
                "role": "member",
                "username": "ophum"
              },
              {
                "role": "member",
                "username": "siberiy4"
              },
              {
                "role": "member",
                "username": "site0801"
              },
              {
                "role": "member",
                "username": "tomatoaas"
              },
              {
                "role": "member",
                "username": "yoneyan"
              }
            ],
            "team_id": "4811781"
          },
          "sensitive_attributes": [],
          "private": "bnVsbA==",
          "dependencies": [
            "github_membership.member",
            "github_team.team"
          ]
        },
        {
          "index_key": "ictsc2022",
          "schema_version": 0,
          "attributes": {
            "etag": "b750e750dd25fb48b6ddc906bc7d2f12",
            "id": "7097691",
            "members": [
              {
                "role": "maintainer",
                "username": "Crow314"
              },
              {
                "role": "maintainer",
                "username": "Explosive6363"
              },
              {
                "role": "maintainer",
                "username": "logica0419"
              },
              {
                "role": "maintainer",
                "username": "nishinoyama"
              },
              {
                "role": "maintainer",
                "username": "onokatio"
              },
              {
                "role": "maintainer",
                "username": "x86taka"
              },
              {
                "role": "member",
                "username": "Hicky1025"
              },
              {
                "role": "member",
                "username": "K-shir0"
              },
              {
                "role": "member",
                "username": "chaya2z"
              },
              {
                "role": "member",
                "username": "siberiy4"
              },
              {
                "role": "member",
                "username": "site0801"
              },
              {
                "role": "member",
                "username": "syuuya-nakatomi"
              }
            ],
            "team_id": "7097691"
          },
          "sensitive_attributes": [],
          "private": "bnVsbA==",
          "dependencies": [
            "github_membership.member",
            "github_team.team"
          ]
        },
        {
          "index_key": "ictsc2023",
          "schema_version": 0,
          "attributes": {
            "etag": "f05a658f177c161512a3c42340a88315",
            "id": "8186988",
            "members": [
              {
                "role": "maintainer",
                "username": "Art-Atlas"
              },
              {
                "role": "maintainer",
                "username": "Crow314"
              },
              {
                "role": "maintainer",
                "username": "Fuuma0000"
              },
              {
                "role": "maintainer",
                "username": "logica0419"
              },
              {
                "role": "maintainer",
                "username": "mu-ruU1"
              },
              {
                "role": "maintainer",
                "username": "nishinoyama"
              },
              {
                "role": "maintainer",
                "username": "onokatio"
              },
              {
                "role": "maintainer",
                "username": "x86taka"
              },
              {
                "role": "member",
                "username": "ecodrive-18"
              },
              {
                "role": "member",
                "username": "flora058x"
              },
              {
                "role": "member",
                "username": "momoka0122y"
              },
              {
                "role": "member",
                "username": "syuuya-nakatomi"
              }
            ],
            "team_id": "8186988"
          },
          "sensitive_attributes": [],
          "private": "bnVsbA==",
          "dependencies": [
            "github_membership.member",
            "github_team.team"
          ]
        },
        {
          "index_key": "ictsc2024",
          "schema_version": 0,
          "attributes": {
            "etag": "048781118513c20cfa3ca931baa1c6ad",
            "id": "10324448",
            "members": [
              {
                "role": "maintainer",
                "username": "Art-Atlas"
              },
              {
                "role": "maintainer",
                "username": "Crow314"
              },
              {
                "role": "maintainer",
                "username": "Dodai-Dodai"
              },
              {
                "role": "maintainer",
                "username": "Fuuma0000"
              },
              {
                "role": "maintainer",
                "username": "logica0419"
              },
              {
                "role": "maintainer",
                "username": "mu-ruU1"
              },
              {
                "role": "maintainer",
                "username": "nishinoyama"
              },
              {
                "role": "maintainer",
                "username": "onokatio"
              },
              {
                "role": "maintainer",
                "username": "private-yusuke"
              },
              {
                "role": "maintainer",
                "username": "tosuke"
              },
              {
                "role": "maintainer",
                "username": "x86taka"
              },
              {
                "role": "member",
                "username": "210on"
              },
              {
                "role": "member",
                "username": "I1da725"
              },
              {
                "role": "member",
                "username": "Yosshi72"
              },
              {
                "role": "member",
                "username": "flora058x"
              },
              {
                "role": "member",
                "username": "hide-1"
              },
              {
                "role": "member",
                "username": "hitto-hub"
              },
              {
                "role": "member",
                "username": "jeterdx"
              },
              {
                "role": "member",
                "username": "kerthical"
              },
              {
                "role": "member",
                "username": "konkichi836"
              },
              {
                "role": "member",
                "username": "kouxi08"
              },
              {
                "role": "member",
                "username": "miyashita77"
              },
              {
                "role": "member",
                "username": "onabe3"
              },
              {
                "role": "member",
                "username": "shou3008"
              },
              {
                "role": "member",
                "username": "syuuya-nakatomi"
              },
              {
                "role": "member",
                "username": "takato256"
              },
              {
                "role": "member",
                "username": "tsuzu"
              },
              {
                "role": "member",
                "username": "yfujii854"
              }
            ],
            "team_id": "10324448"
          },
          "sensitive_attributes": [],
          "private": "bnVsbA==",
          "dependencies": [
            "github_membership.member",
            "github_team.team"
          ]
        },
        {
          "index_key": "ictsc2025",
          "schema_version": 0,
          "attributes": {
            "etag": "a3f1acd0192f5ba9f99ff3643a1bf7e8",
            "id": "12998717",
            "members": [
              {
                "role": "maintainer",
                "username": "Art-Atlas"
              },
              {
                "role": "maintainer",
                "username": "Crow314"
              },
              {
                "role": "maintainer",
                "username": "Dodai-Dodai"
              },
              {
                "role": "maintainer",
                "username": "Fuuma0000"
              },
              {
                "role": "maintainer",
                "username": "logica0419"
              },
              {
                "role": "maintainer",
                "username": "nishinoyama"
              },
              {
                "role": "maintainer",
                "username": "private-yusuke"
              },
              {
                "role": "maintainer",
                "username": "tosuke"
              },
              {
                "role": "maintainer",
                "username": "yuscarlet"
              },
              {
                "role": "member",
                "username": "210on"
              },
              {
                "role": "member",
                "username": "39Hane"
              },
              {
                "role": "member",
                "username": "Ryusuke-Seki"
              },
              {
                "role": "member",
                "username": "SouJimmy"
              },
              {
                "role": "member",
                "username": "amechun"
              },
              {
                "role": "member",
                "username": "bqc0n"
              },
              {
                "role": "member",
                "username": "hitto-hub"
              },
              {
                "role": "member",
                "username": "ishisora"
              },
              {
                "role": "member",
                "username": "k-84mo10"
              },
              {
                "role": "member",
                "username": "nagayon-935"
              },
              {
                "role": "member",
                "username": "oshamashama"
              },
              {
                "role": "member",
                "username": "red-3ya"
              },
              {
                "role": "member",
                "username": "rk76feWF"
              },
              {
                "role": "member",
                "username": "syuuya-nakatomi"
              },
              {
                "role": "member",
                "username": "takamasa272"
              },
              {
                "role": "member",
                "username": "takonomura"
              },
              {
                "role": "member",
                "username": "toma1128"
              },
              {
                "role": "member",
                "username": "y-shimiz"
              }
            ],
            "team_id": "12998717"
          },
          "sensitive_attributes": [],
          "private": "bnVsbA==",
          "dependencies": [
            "github_membership.member",
            "github_team.team"
          ]
        },
        {
          "index_key": "ictsc4",
          "schema_version": 0,
          "attributes": {
            "etag": "6614fead188401347c06c26723f99b07",
            "id": "2004351",
            "members": [
              {
                "role": "maintainer",
                "username": "ibucho"
              },
              {
                "role": "maintainer",
                "username": "kurochan"
              },
              {
                "role": "maintainer",
                "username": "netmarkjp"
              },
              {
                "role": "maintainer",
                "username": "whywaita"
              },
              {
                "role": "member",
                "username": "chisaton1"
              },
              {
                "role": "member",
                "username": "kayo-tozaki"
              },
              {
                "role": "member",
                "username": "keisukearakawa"
              },
              {
                "role": "member",
                "username": "mbook-x86"
              },
              {
                "role": "member",
                "username": "staybuzz"
              },
              {
                "role": "member",
                "username": "yatuhashi"
              },
              {
                "role": "member",
                "username": "yo-taro"
              }
            ],
            "team_id": "2004351"
          },
          "sensitive_attributes": [],
          "private": "bnVsbA==",
          "dependencies": [
            "github_membership.member",
            "github_team.team"
          ]
        },
        {
          "index_key": "ictsc5",
          "schema_version": 0,
          "attributes": {
            "etag": "1b86aa96813e5197f8e0c2a7c43ce9c5",
            "id": "2004352",
            "members": [
              {
                "role": "maintainer",
                "username": "ibucho"
              },
              {
                "role": "maintainer",
                "username": "kurochan"
              },
              {
                "role": "maintainer",
                "username": "netmarkjp"
              },
              {
                "role": "maintainer",
                "username": "whywaita"
              },
              {
                "role": "member",
                "username": "aoi96"
              },
              {
                "role": "member",
                "username": "asdfec"
              },
              {
                "role": "member",
                "username": "chamaharun"
              },
              {
                "role": "member",
                "username": "chibiegg"
              },
              {
                "role": "member",
                "username": "guragusan"
              },
              {
                "role": "member",
                "username": "icchy"
              },
              {
                "role": "member",
                "username": "kadokusei"
              },
              {
                "role": "member",
                "username": "kayo-tozaki"
              },
              {
                "role": "member",
                "username": "keisukearakawa"
              },
              {
                "role": "member",
                "username": "kyoko0514"
              },
              {
                "role": "member",
                "username": "mbook-x86"
              },
              {
                "role": "member",
                "username": "mk0913mnck"
              },
              {
                "role": "member",
                "username": "notchi590"
              },
              {
                "role": "member",
                "username": "palloc"
              },
              {
                "role": "member",
                "username": "sora34"
              },
              {
                "role": "member",
                "username": "staybuzz"
              },
              {
                "role": "member",
                "username": "sugiki-accelia"
              },
              {
                "role": "member",
                "username": "sukekawa-accelia"
              },
              {
                "role": "member",
                "username": "takes3"
              },
              {
                "role": "member",
                "username": "y-monma"
              },
              {
                "role": "member",
                "username": "yatuhashi"
              },
              {
                "role": "member",
                "username": "yo-taro"
              }
            ],
            "team_id": "2004352"
          },
          "sensitive_attributes": [],
          "private": "bnVsbA==",
          "dependencies": [
            "github_membership.member",
            "github_team.team"
          ]
        },
        {
          "index_key": "ictsc6",
          "schema_version": 0,
          "attributes": {
            "etag": "5f39e852e761d58bf9dac8078113f0c9",
            "id": "2004355",
            "members": [
              {
                "role": "maintainer",
                "username": "h-otter"
              },
              {
                "role": "maintainer",
                "username": "ibucho"
              },
              {
                "role": "maintainer",
                "username": "kurochan"
              },
              {
                "role": "maintainer",
                "username": "netmarkjp"
              },
              {
                "role": "maintainer",
                "username": "tar-xzvff"
              },
              {
                "role": "member",
                "username": "a-r-g-v"
              },
              {
                "role": "member",
                "username": "aoi96"
              },
              {
                "role": "member",
                "username": "asarijiru"
              },
              {
                "role": "member",
                "username": "asdfec"
              },
              {
                "role": "member",
                "username": "chalkygames123"
              },
              {
                "role": "member",
                "username": "guragusan"
              },
              {
                "role": "member",
                "username": "int-tt"
              },
              {
                "role": "member",
                "username": "kamijin-fanta"
              },
              {
                "role": "member",
                "username": "kyoko0514"
              },
              {
                "role": "member",
                "username": "kyontan"
              },
              {
                "role": "member",
                "username": "notchi590"
              },
              {
                "role": "member",
                "username": "palloc"
              },
              {
                "role": "member",
                "username": "y-monma"
              },
              {
                "role": "member",
                "username": "yo-taro"
              },
              {
                "role": "member",
                "username": "yuukinetwork"
              }
            ],
            "team_id": "2004355"
          },
          "sensitive_attributes": [],
          "private": "bnVsbA==",
          "dependencies": [
            "github_membership.member",
            "github_team.team"
          ]
        },
        {
          "index_key": "ictsc7",
          "schema_version": 0,
          "attributes": {
            "etag": "0bcff3504a64b5dec0cbe7db03152097",
            "id": "2178374",
            "members": [
              {
                "role": "maintainer",
                "username": "h-otter"
              },
              {
                "role": "member",
                "username": "Katsuya414"
              },
              {
                "role": "member",
                "username": "Kurorororo"
              },
              {
                "role": "member",
                "username": "alias-aria"
              },
              {
                "role": "member",
                "username": "bosan120"
              },
              {
                "role": "member",
                "username": "ecodrive-18"
              },
              {
                "role": "member",
                "username": "guragusan"
              },
              {
                "role": "member",
                "username": "inuyosi"
              },
              {
                "role": "member",
                "username": "kadokusei"
              },
              {
                "role": "member",
                "username": "kyontan"
              },
              {
                "role": "member",
                "username": "mbook-x86"
              },
              {
                "role": "member",
                "username": "naoki912"
              },
              {
                "role": "member",
                "username": "oomorio"
              },
              {
                "role": "member",
                "username": "palloc"
              },
              {
                "role": "member",
                "username": "yaminoma"
              },
              {
                "role": "member",
                "username": "yatuhashi"
              },
              {
                "role": "member",
                "username": "yuukinetwork"
              }
            ],
            "team_id": "2178374"
          },
          "sensitive_attributes": [],
          "private": "bnVsbA==",
          "dependencies": [
            "github_membership.member",
            "github_team.team"
          ]
        },
        {
          "index_key": "ictsc8",
          "schema_version": 0,
          "attributes": {
            "etag": "f3921e1c4e9f2ca4b610de543c6f8a3f",
            "id": "2341229",
            "members": [
              {
                "role": "maintainer",
                "username": "h-otter"
              },
              {
                "role": "maintainer",
                "username": "whywaita"
              },
              {
                "role": "member",
                "username": "Azusa72"
              },
              {
                "role": "member",
                "username": "Katsuya414"
              },
              {
                "role": "member",
                "username": "Kurorororo"
              },
              {
                "role": "member",
                "username": "alias-aria"
              },
              {
                "role": "member",
                "username": "aoi96"
              },
              {
                "role": "member",
                "username": "bosan120"
              },
              {
                "role": "member",
                "username": "chisaton1"
              },
              {
                "role": "member",
                "username": "ecodrive-18"
              },
              {
                "role": "member",
                "username": "icchy"
              },
              {
                "role": "member",
                "username": "inuyosi"
              },
              {
                "role": "member",
                "username": "keyakko"
              },
              {
                "role": "member",
                "username": "kyontan"
              },
              {
                "role": "member",
                "username": "mbook-x86"
              },
              {
                "role": "member",
                "username": "naoki912"
              },
              {
                "role": "member",
                "username": "oomorio"
              },
              {
                "role": "member",
                "username": "palloc"
              },
              {
                "role": "member",
                "username": "staybuzz"
              },
              {
                "role": "member",
                "username": "yatuhashi"
              }
            ],
            "team_id": "2341229"
          },
          "sensitive_attributes": [],
          "private": "bnVsbA==",
          "dependencies": [
            "github_membership.member",
            "github_team.team"
          ]
        },
        {
          "index_key": "ictsc9",
          "schema_version": 0,
          "attributes": {
            "etag": "48643086f0b50103ef7d76a506eee144",
            "id": "2818424",
            "members": [
              {
                "role": "maintainer",
                "username": "h-otter"
              },
              {
                "role": "maintainer",
                "username": "sharknasuhorse"
              },
              {
                "role": "maintainer",
                "username": "uplus"
              },
              {
                "role": "maintainer",
                "username": "whywaita"
              },
              {
                "role": "maintainer",
                "username": "yukamoja"
              },
              {
                "role": "member",
                "username": "Kurorororo"
              },
              {
                "role": "member",
                "username": "SakurazakaShin"
              },
              {
                "role": "member",
                "username": "acque2two"
              },
              {
                "role": "member",
                "username": "chisaton1"
              },
              {
                "role": "member",
                "username": "ecodrive-18"
              },
              {
                "role": "member",
                "username": "gurapomu"
              },
              {
                "role": "member",
                "username": "ha-kun0711"
              },
              {
                "role": "member",
                "username": "icchy"
              },
              {
                "role": "member",
                "username": "mbook-x86"
              },
              {
                "role": "member",
                "username": "naoki912"
              },
              {
                "role": "member",
                "username": "nomeaning777"
              },
              {
                "role": "member",
                "username": "palloc"
              },
              {
                "role": "member",
                "username": "tsuttsu305"
              },
              {
                "role": "member",
                "username": "yatuhashi"
              }
            ],
            "team_id": "2818424"
          },
          "sensitive_attributes": [],
          "private": "bnVsbA==",
          "dependencies": [
            "github_membership.member",
            "github_team.team"
          ]
        }
      ]
    },
    {
      "mode": "managed",
      "type": "github_team_membership",
      "name": "score-dev-uplus",
      "provider": "provider[\"registry.terraform.io/integrations/github\"]",
      "instances": [
        {
          "schema_version": 0,
          "attributes": {
            "etag": "W/\"2e50d870bb13736a59b8364b574ce07cedb09513cdb553afb49aef88a38c2718\"",
            "id": "2004353:uplus",
            "role": "maintainer",
            "team_id": "2004353",
            "username": "uplus"
          },
          "sensitive_attributes": [],
          "dependencies": [
            "github_team.score-dev"
          ]
        }
      ]
    },
    {
      "mode": "managed",
      "type": "github_team_repository",
      "name": "score-dev-ictsc-score-server",
      "provider": "provider[\"registry.terraform.io/integrations/github\"]",
      "instances": [
        {
          "schema_version": 0,
          "attributes": {
            "etag": "W/\"f845b457abbb33c4dcc104e283e1c0294ff833cff5f8093dbe2d57ebfecedda8\"",
            "id": "2004353:ictsc-score-server",
            "permission": "admin",
            "repository": "ictsc-score-server",
            "team_id": "2004353"
          },
          "sensitive_attributes": [],
          "dependencies": [
            "github_team.score-dev"
          ]
        }
      ]
    }
  ],
  "check_results": null
}
