{
  "version": 4,
  "terraform_version": "1.3.6",
  "serial": 251,
  "lineage": "842a2913-e436-4381-8e72-045e740c9c1f",
  "outputs": {},
  "resources": [
    {
      "mode": "managed",
      "type": "github_membership",
      "name": "Azusa72",
      "provider": "provider[\"registry.terraform.io/integrations/github\"]",
      "instances": [
        {
          "schema_version": 0,
          "attributes": {
            "etag": "W/\"744415e1e1c835efe0f4e761d8230473b8b5d29bcd59a855631818f3298748f3\"",
            "id": "ictsc:Azusa72",
            "role": "member",
            "username": "Azusa72"
          },
          "sensitive_attributes": []
        }
      ]
    },
    {
      "mode": "managed",
      "type": "github_membership",
      "name": "Crow314",
      "provider": "provider[\"registry.terraform.io/integrations/github\"]",
      "instances": [
        {
          "schema_version": 0,
          "attributes": {
            "etag": "W/\"fb1203ca293f6e9d6f1a31c3801584ec0bc96ae7b5c67daf49cf7e497ebfa78e\"",
            "id": "ictsc:Crow314",
            "role": "member",
            "username": "Crow314"
          },
          "sensitive_attributes": [],
          "private": "bnVsbA=="
        }
      ]
    },
    {
      "mode": "managed",
      "type": "github_membership",
      "name": "Explosive6363",
      "provider": "provider[\"registry.terraform.io/integrations/github\"]",
      "instances": [
        {
          "schema_version": 0,
          "attributes": {
            "etag": "W/\"24faa58d73f759b8ee64956ee403ab3a1046de9057081bf1cd562fa33fea6536\"",
            "id": "ictsc:Explosive6363",
            "role": "admin",
            "username": "Explosive6363"
          },
          "sensitive_attributes": []
        }
      ]
    },
    {
      "mode": "managed",
      "type": "github_membership",
      "name": "Hicky1025",
      "provider": "provider[\"registry.terraform.io/integrations/github\"]",
      "instances": [
        {
          "schema_version": 0,
          "attributes": {
            "etag": "W/\"3b1374f2c0c92216c6b6e785c8174ec20cb1361f5d5c8c0f2720ceae9b1504fb\"",
            "id": "ictsc:Hicky1025",
            "role": "member",
            "username": "Hicky1025"
          },
          "sensitive_attributes": []
        }
      ]
    },
    {
      "mode": "managed",
      "type": "github_membership",
      "name": "Iwancof",
      "provider": "provider[\"registry.terraform.io/integrations/github\"]",
      "instances": [
        {
          "schema_version": 0,
          "attributes": {
            "etag": "W/\"60dc43da3b24d06e2b12d447096448db2baa6c2e04b27f522cde8daee6becc41\"",
            "id": "ictsc:Iwancof",
            "role": "member",
            "username": "Iwancof"
          },
          "sensitive_attributes": []
        }
      ]
    },
    {
      "mode": "managed",
      "type": "github_membership",
      "name": "K-shir0",
      "provider": "provider[\"registry.terraform.io/integrations/github\"]",
      "instances": [
        {
          "schema_version": 0,
          "attributes": {
            "etag": "W/\"abb854551c6e1477231ec380fe5580f6febc41a4b5a75ece6881b0536e7539f5\"",
            "id": "ictsc:K-shir0",
            "role": "member",
            "username": "K-shir0"
          },
          "sensitive_attributes": []
        }
      ]
    },
    {
      "mode": "managed",
      "type": "github_membership",
      "name": "Katsuya414",
      "provider": "provider[\"registry.terraform.io/integrations/github\"]",
      "instances": [
        {
          "schema_version": 0,
          "attributes": {
            "etag": "W/\"99c1deba477dfabe02b48cd7a985ee3043754fae3bbedbffb2f2d54c87368a11\"",
            "id": "ictsc:Katsuya414",
            "role": "member",
            "username": "Katsuya414"
          },
          "sensitive_attributes": []
        }
      ]
    },
    {
      "mode": "managed",
      "type": "github_membership",
      "name": "Kurorororo",
      "provider": "provider[\"registry.terraform.io/integrations/github\"]",
      "instances": [
        {
          "schema_version": 0,
          "attributes": {
            "etag": "W/\"7679f6807d40f42243a926e0700a2967626349a7ddde10917743115d56f1e17b\"",
            "id": "ictsc:Kurorororo",
            "role": "member",
            "username": "Kurorororo"
          },
          "sensitive_attributes": []
        }
      ]
    },
    {
      "mode": "managed",
      "type": "github_membership",
      "name": "Nishinoyama",
      "provider": "provider[\"registry.terraform.io/integrations/github\"]",
      "instances": [
        {
          "schema_version": 0,
          "attributes": {
            "etag": "W/\"eee861cd2f99b2d4cbf2e15997921648b122addac6d06406c1ee546b82cdadd6\"",
            "id": "ictsc:Nishinoyama",
            "role": "member",
            "username": "Nishinoyama"
          },
          "sensitive_attributes": [],
          "private": "bnVsbA=="
        }
      ]
    },
    {
      "mode": "managed",
      "type": "github_membership",
      "name": "NozomiSugiyama",
      "provider": "provider[\"registry.terraform.io/integrations/github\"]",
      "instances": [
        {
          "schema_version": 0,
          "attributes": {
            "etag": "W/\"5e31d3b06111d31e9ce1f4fbdd3c74da56270df12c20e7686b7fb22f76270978\"",
            "id": "ictsc:NozomiSugiyama",
            "role": "member",
            "username": "NozomiSugiyama"
          },
          "sensitive_attributes": []
        }
      ]
    },
    {
      "mode": "managed",
      "type": "github_membership",
      "name": "SakurazakaShin",
      "provider": "provider[\"registry.terraform.io/integrations/github\"]",
      "instances": [
        {
          "schema_version": 0,
          "attributes": {
            "etag": "W/\"d7db413293047b3cf06ac8b078ae87de59df262beea073eb0bc2b22313cf4279\"",
            "id": "ictsc:SakurazakaShin",
            "role": "member",
            "username": "SakurazakaShin"
          },
          "sensitive_attributes": []
        }
      ]
    },
    {
      "mode": "managed",
      "type": "github_membership",
      "name": "SallyAcolyte",
      "provider": "provider[\"registry.terraform.io/integrations/github\"]",
      "instances": [
        {
          "schema_version": 0,
          "attributes": {
            "etag": "W/\"190282271607587b0e15c1215ae728c825d607ef2dc3b9ebb6cb0d4506bb78c3\"",
            "id": "ictsc:SallyAcolyte",
            "role": "member",
            "username": "SallyAcolyte"
          },
          "sensitive_attributes": []
        }
      ]
    },
    {
      "mode": "managed",
      "type": "github_membership",
      "name": "ShotaKitazawa",
      "provider": "provider[\"registry.terraform.io/integrations/github\"]",
      "instances": [
        {
          "schema_version": 0,
          "attributes": {
            "etag": "W/\"a816589bf1dd95b0e50ad8069543cec3d8bab5e3ebef2b5592afc2f1cb26d0b8\"",
            "id": "ictsc:ShotaKitazawa",
            "role": "member",
            "username": "ShotaKitazawa"
          },
          "sensitive_attributes": []
        }
      ]
    },
    {
      "mode": "managed",
      "type": "github_membership",
      "name": "SilEighty-ym",
      "provider": "provider[\"registry.terraform.io/integrations/github\"]",
      "instances": [
        {
          "schema_version": 0,
          "attributes": {
            "etag": "W/\"73ca20cdc7f15ce9b35598efa55bcf5b59576d35c7e21e7231e6f38afb936ab8\"",
            "id": "ictsc:SilEighty-ym",
            "role": "member",
            "username": "SilEighty-ym"
          },
          "sensitive_attributes": []
        }
      ]
    },
    {
      "mode": "managed",
      "type": "github_membership",
      "name": "TenkiGit",
      "provider": "provider[\"registry.terraform.io/integrations/github\"]",
      "instances": [
        {
          "schema_version": 0,
          "attributes": {
            "etag": "W/\"ad6b64ff20dace2d6713153fea2d8f0f2f1a711e0b07ec9adebb212c21adbae7\"",
            "id": "ictsc:TenkiGit",
            "role": "member",
            "username": "TenkiGit"
          },
          "sensitive_attributes": []
        }
      ]
    },
    {
      "mode": "managed",
      "type": "github_membership",
      "name": "Terfno",
      "provider": "provider[\"registry.terraform.io/integrations/github\"]",
      "instances": [
        {
          "schema_version": 0,
          "attributes": {
            "etag": "W/\"c6f1c265a4357a4b7fd2441b4ed2dac3e16a5dbf2db65822a09f1b388026b603\"",
            "id": "ictsc:Terfno",
            "role": "member",
            "username": "Terfno"
          },
          "sensitive_attributes": []
        }
      ]
    },
    {
      "mode": "managed",
      "type": "github_membership",
      "name": "a-r-g-v",
      "provider": "provider[\"registry.terraform.io/integrations/github\"]",
      "instances": [
        {
          "schema_version": 0,
          "attributes": {
            "etag": "W/\"37d294ca0e18223fbcbdec8b38f5873abb64a062d1f635021860752cef943f96\"",
            "id": "ictsc:a-r-g-v",
            "role": "member",
            "username": "a-r-g-v"
          },
          "sensitive_attributes": []
        }
      ]
    },
    {
      "mode": "managed",
      "type": "github_membership",
      "name": "acque2two",
      "provider": "provider[\"registry.terraform.io/integrations/github\"]",
      "instances": [
        {
          "schema_version": 0,
          "attributes": {
            "etag": "W/\"8fa50a4062250ef4ff4bc3c4be58aa6990057268db6bdac1b9441f434b39390d\"",
            "id": "ictsc:acque2two",
            "role": "member",
            "username": "acque2two"
          },
          "sensitive_attributes": []
        }
      ]
    },
    {
      "mode": "managed",
      "type": "github_membership",
      "name": "alias-aria",
      "provider": "provider[\"registry.terraform.io/integrations/github\"]",
      "instances": [
        {
          "schema_version": 0,
          "attributes": {
            "etag": "W/\"3602a3c101943b04b59b81137f8fcad22996f8fd34d73e9e9930fa1d1981f0fe\"",
            "id": "ictsc:alias-aria",
            "role": "member",
            "username": "alias-aria"
          },
          "sensitive_attributes": []
        }
      ]
    },
    {
      "mode": "managed",
      "type": "github_membership",
      "name": "aoi96",
      "provider": "provider[\"registry.terraform.io/integrations/github\"]",
      "instances": [
        {
          "schema_version": 0,
          "attributes": {
            "etag": "W/\"256aed1dcdc9e72b26b4eff4e0e842bd819103aeebde3927730d9898eea54bb8\"",
            "id": "ictsc:aoi96",
            "role": "member",
            "username": "aoi96"
          },
          "sensitive_attributes": []
        }
      ]
    },
    {
      "mode": "managed",
      "type": "github_membership",
      "name": "arupakan125",
      "provider": "provider[\"registry.terraform.io/integrations/github\"]",
      "instances": [
        {
          "schema_version": 0,
          "attributes": {
            "etag": "W/\"f08af4466fe96858c646a6858269a1f2181f37296c4b37d1b39f2a1c5330fc4b\"",
            "id": "ictsc:arupakan125",
            "role": "member",
            "username": "arupakan125"
          },
          "sensitive_attributes": []
        }
      ]
    },
    {
      "mode": "managed",
      "type": "github_membership",
      "name": "asarijiru",
      "provider": "provider[\"registry.terraform.io/integrations/github\"]",
      "instances": [
        {
          "schema_version": 0,
          "attributes": {
            "etag": "W/\"979939fa1a2a8a9ccb01f0bc0afc4faa42fdbd5faa47659808f5fd75a8cff08b\"",
            "id": "ictsc:asarijiru",
            "role": "member",
            "username": "asarijiru"
          },
          "sensitive_attributes": []
        }
      ]
    },
    {
      "mode": "managed",
      "type": "github_membership",
      "name": "asdfec",
      "provider": "provider[\"registry.terraform.io/integrations/github\"]",
      "instances": [
        {
          "schema_version": 0,
          "attributes": {
            "etag": "W/\"da3d21de94b7fc2a32b9b3bbbb719be4e2207720d5675f0ecd607821d3269baa\"",
            "id": "ictsc:asdfec",
            "role": "member",
            "username": "asdfec"
          },
          "sensitive_attributes": []
        }
      ]
    },
    {
      "mode": "managed",
      "type": "github_membership",
      "name": "beggarl",
      "provider": "provider[\"registry.terraform.io/integrations/github\"]",
      "instances": [
        {
          "schema_version": 0,
          "attributes": {
            "etag": "W/\"857046af96614c2909919814b0325292ff76bf4c21669f4e78c3f793f03e7518\"",
            "id": "ictsc:beggarl",
            "role": "member",
            "username": "beggarl"
          },
          "sensitive_attributes": []
        }
      ]
    },
    {
      "mode": "managed",
      "type": "github_membership",
      "name": "bosan120",
      "provider": "provider[\"registry.terraform.io/integrations/github\"]",
      "instances": [
        {
          "schema_version": 0,
          "attributes": {
            "etag": "W/\"80f5ed088863551ef6cfc3f7d9377de5c7ed250d3bd71a06fba201a3db9e6a9b\"",
            "id": "ictsc:bosan120",
            "role": "member",
            "username": "bosan120"
          },
          "sensitive_attributes": []
        }
      ]
    },
    {
      "mode": "managed",
      "type": "github_membership",
      "name": "chalkygames123",
      "provider": "provider[\"registry.terraform.io/integrations/github\"]",
      "instances": [
        {
          "schema_version": 0,
          "attributes": {
            "etag": "W/\"1f68151132b51abe525899b87429811322e46717685069df1e626240bef435d4\"",
            "id": "ictsc:chalkygames123",
            "role": "member",
            "username": "chalkygames123"
          },
          "sensitive_attributes": []
        }
      ]
    },
    {
      "mode": "managed",
      "type": "github_membership",
      "name": "chamaharun",
      "provider": "provider[\"registry.terraform.io/integrations/github\"]",
      "instances": [
        {
          "schema_version": 0,
          "attributes": {
            "etag": "W/\"d833d46d1c1efef681414be82365239a5b22114e05f7312a7f4213e1efa15e01\"",
            "id": "ictsc:chamaharun",
            "role": "member",
            "username": "chamaharun"
          },
          "sensitive_attributes": []
        }
      ]
    },
    {
      "mode": "managed",
      "type": "github_membership",
      "name": "chaya2z",
      "provider": "provider[\"registry.terraform.io/integrations/github\"]",
      "instances": [
        {
          "schema_version": 0,
          "attributes": {
            "etag": "W/\"0b7a0b3532493c73e84dbb4cedae80aa5dd33d1ff00837d413a5ce564cb1f922\"",
            "id": "ictsc:chaya2z",
            "role": "member",
            "username": "chaya2z"
          },
          "sensitive_attributes": []
        }
      ]
    },
    {
      "mode": "managed",
      "type": "github_membership",
      "name": "chibiegg",
      "provider": "provider[\"registry.terraform.io/integrations/github\"]",
      "instances": [
        {
          "schema_version": 0,
          "attributes": {
            "etag": "W/\"30d1f66bc59fa44da82c2722bfd4ada733cdf0f760f85a7d56da91fdb109bf18\"",
            "id": "ictsc:chibiegg",
            "role": "member",
            "username": "chibiegg"
          },
          "sensitive_attributes": []
        }
      ]
    },
    {
      "mode": "managed",
      "type": "github_membership",
      "name": "chisaton1",
      "provider": "provider[\"registry.terraform.io/integrations/github\"]",
      "instances": [
        {
          "schema_version": 0,
          "attributes": {
            "etag": "W/\"6ed33c8ca8ec86c7ce83beaf16567b1b2b21849a0791ce298ec6b72b38da3a9c\"",
            "id": "ictsc:chisaton1",
            "role": "member",
            "username": "chisaton1"
          },
          "sensitive_attributes": []
        }
      ]
    },
    {
      "mode": "managed",
      "type": "github_membership",
      "name": "chouett0",
      "provider": "provider[\"registry.terraform.io/integrations/github\"]",
      "instances": [
        {
          "schema_version": 0,
          "attributes": {
            "etag": "W/\"b14d46c9c8a2b5563caf23e87f2c6b73e11faf8d98c3997a319ff0a6644f37af\"",
            "id": "ictsc:chouett0",
            "role": "member",
            "username": "chouett0"
          },
          "sensitive_attributes": []
        }
      ]
    },
    {
      "mode": "managed",
      "type": "github_membership",
      "name": "ecodrive-18",
      "provider": "provider[\"registry.terraform.io/integrations/github\"]",
      "instances": [
        {
          "schema_version": 0,
          "attributes": {
            "etag": "W/\"1dbee2a362320a6c0b16dc86fd03a5f374fe7f15092d86105ca95e39564a1bea\"",
            "id": "ictsc:ecodrive-18",
            "role": "member",
            "username": "ecodrive-18"
          },
          "sensitive_attributes": []
        }
      ]
    },
    {
      "mode": "managed",
      "type": "github_membership",
      "name": "guragusan",
      "provider": "provider[\"registry.terraform.io/integrations/github\"]",
      "instances": [
        {
          "schema_version": 0,
          "attributes": {
            "etag": "W/\"a0209f443cfebf2db430d5ab9d9f449ed17efa9b47a30b41853163b78fa07ac9\"",
            "id": "ictsc:guragusan",
            "role": "member",
            "username": "guragusan"
          },
          "sensitive_attributes": []
        }
      ]
    },
    {
      "mode": "managed",
      "type": "github_membership",
      "name": "gurapomu",
      "provider": "provider[\"registry.terraform.io/integrations/github\"]",
      "instances": [
        {
          "schema_version": 0,
          "attributes": {
            "etag": "W/\"f78fb3e769dba4eca7f98ff5fbf8a37c5f8f76bc74ed2a59c9ebcf6a847357bf\"",
            "id": "ictsc:gurapomu",
            "role": "member",
            "username": "gurapomu"
          },
          "sensitive_attributes": []
        }
      ]
    },
    {
      "mode": "managed",
      "type": "github_membership",
      "name": "h-otter",
      "provider": "provider[\"registry.terraform.io/integrations/github\"]",
      "instances": [
        {
          "schema_version": 0,
          "attributes": {
            "etag": "W/\"cedfd0f2b32b60ec5322010e7ba1a001ef140d5d688364bb0f4657e1eb1cf8a5\"",
            "id": "ictsc:h-otter",
            "role": "admin",
            "username": "h-otter"
          },
          "sensitive_attributes": []
        }
      ]
    },
    {
      "mode": "managed",
      "type": "github_membership",
      "name": "ha-kun0711",
      "provider": "provider[\"registry.terraform.io/integrations/github\"]",
      "instances": [
        {
          "schema_version": 0,
          "attributes": {
            "etag": "W/\"9bd881a25db71a18184408624e50b3c59f03cfcb57b1751db92a0d10a9714ad4\"",
            "id": "ictsc:ha-kun0711",
            "role": "member",
            "username": "ha-kun0711"
          },
          "sensitive_attributes": []
        }
      ]
    },
    {
      "mode": "managed",
      "type": "github_membership",
      "name": "hibiki31",
      "provider": "provider[\"registry.terraform.io/integrations/github\"]",
      "instances": [
        {
          "schema_version": 0,
          "attributes": {
            "etag": "W/\"ee9b49f6e7d8814f545184bd51c4b6c6c838e7b04adee326394be09c39986b39\"",
            "id": "ictsc:hibiki31",
            "role": "member",
            "username": "hibiki31"
          },
          "sensitive_attributes": []
        }
      ]
    },
    {
      "mode": "managed",
      "type": "github_membership",
      "name": "ibucho",
      "provider": "provider[\"registry.terraform.io/integrations/github\"]",
      "instances": [
        {
          "schema_version": 0,
          "attributes": {
            "etag": "W/\"096e7890ab4feec41f4dbdebd7cee67de228097e278ebe21fcb454a6b6f4efb6\"",
            "id": "ictsc:ibucho",
            "role": "admin",
            "username": "ibucho"
          },
          "sensitive_attributes": []
        }
      ]
    },
    {
      "mode": "managed",
      "type": "github_membership",
      "name": "icchy",
      "provider": "provider[\"registry.terraform.io/integrations/github\"]",
      "instances": [
        {
          "schema_version": 0,
          "attributes": {
            "etag": "W/\"df70f65c485a93bcb13a0acef0112b0d0d8a62d86de06709e24dcc52943bf91e\"",
            "id": "ictsc:icchy",
            "role": "member",
            "username": "icchy"
          },
          "sensitive_attributes": []
        }
      ]
    },
    {
      "mode": "managed",
      "type": "github_membership",
      "name": "int-tt",
      "provider": "provider[\"registry.terraform.io/integrations/github\"]",
      "instances": [
        {
          "schema_version": 0,
          "attributes": {
            "etag": "W/\"0ae77ef77d187588fca37632c848e29a2f88832b9788d30c99a2a1011c286043\"",
            "id": "ictsc:int-tt",
            "role": "member",
            "username": "int-tt"
          },
          "sensitive_attributes": []
        }
      ]
    },
    {
      "mode": "managed",
      "type": "github_membership",
      "name": "inuyosi",
      "provider": "provider[\"registry.terraform.io/integrations/github\"]",
      "instances": [
        {
          "schema_version": 0,
          "attributes": {
            "etag": "W/\"81fadb10c507e95e7176361c1a6e89739eb42038ebd1d40b95d464fa30707af5\"",
            "id": "ictsc:inuyosi",
            "role": "member",
            "username": "inuyosi"
          },
          "sensitive_attributes": []
        }
      ]
    },
    {
      "mode": "managed",
      "type": "github_membership",
      "name": "kadokusei",
      "provider": "provider[\"registry.terraform.io/integrations/github\"]",
      "instances": [
        {
          "schema_version": 0,
          "attributes": {
            "etag": "W/\"f4c1bd3a8ba0612119c4056c8c191684fba67a0b000bb93bb2eb9aa97b61315a\"",
            "id": "ictsc:kadokusei",
            "role": "member",
            "username": "kadokusei"
          },
          "sensitive_attributes": []
        }
      ]
    },
    {
      "mode": "managed",
      "type": "github_membership",
      "name": "kamijin-fanta",
      "provider": "provider[\"registry.terraform.io/integrations/github\"]",
      "instances": [
        {
          "schema_version": 0,
          "attributes": {
            "etag": "W/\"fdd188332241f305ceb5a4096da9ee8b2252b59a0a4091ef89d330eb8874780e\"",
            "id": "ictsc:kamijin-fanta",
            "role": "member",
            "username": "kamijin-fanta"
          },
          "sensitive_attributes": []
        }
      ]
    },
    {
      "mode": "managed",
      "type": "github_membership",
      "name": "kapibara824",
      "provider": "provider[\"registry.terraform.io/integrations/github\"]",
      "instances": [
        {
          "schema_version": 0,
          "attributes": {
            "etag": "W/\"49f38452f61604f610d151aa8cfe4944529ec9e598ae098f0415098d1ea4a314\"",
            "id": "ictsc:kapibara824",
            "role": "member",
            "username": "kapibara824"
          },
          "sensitive_attributes": []
        }
      ]
    },
    {
      "mode": "managed",
      "type": "github_membership",
      "name": "kayo-tozaki",
      "provider": "provider[\"registry.terraform.io/integrations/github\"]",
      "instances": [
        {
          "schema_version": 0,
          "attributes": {
            "etag": "W/\"ebd99c2f55a166e400989a1f2cf9b8a498da39c8cc63d6ec4bc1a8f943bfaa18\"",
            "id": "ictsc:kayo-tozaki",
            "role": "member",
            "username": "kayo-tozaki"
          },
          "sensitive_attributes": []
        }
      ]
    },
    {
      "mode": "managed",
      "type": "github_membership",
      "name": "keisukearakawa",
      "provider": "provider[\"registry.terraform.io/integrations/github\"]",
      "instances": [
        {
          "schema_version": 0,
          "attributes": {
            "etag": "W/\"1ee83167be5f1c36102d985d44dace2b71c4f94c5e797ad19ce0fef414b77bac\"",
            "id": "ictsc:keisukearakawa",
            "role": "member",
            "username": "keisukearakawa"
          },
          "sensitive_attributes": []
        }
      ]
    },
    {
      "mode": "managed",
      "type": "github_membership",
      "name": "keyakko",
      "provider": "provider[\"registry.terraform.io/integrations/github\"]",
      "instances": [
        {
          "schema_version": 0,
          "attributes": {
            "etag": "W/\"041ac32a601867324b9a78f0927c1df3629c908ed35d40165145acee625986e2\"",
            "id": "ictsc:keyakko",
            "role": "member",
            "username": "keyakko"
          },
          "sensitive_attributes": []
        }
      ]
    },
    {
      "mode": "managed",
      "type": "github_membership",
      "name": "kurochan",
      "provider": "provider[\"registry.terraform.io/integrations/github\"]",
      "instances": [
        {
          "schema_version": 0,
          "attributes": {
            "etag": "W/\"2b0f97b8d734af0dc837f9dc87659dec788de04189e4b1f37a93d2b1015118ca\"",
            "id": "ictsc:kurochan",
            "role": "admin",
            "username": "kurochan"
          },
          "sensitive_attributes": []
        }
      ]
    },
    {
      "mode": "managed",
      "type": "github_membership",
      "name": "kyoko0514",
      "provider": "provider[\"registry.terraform.io/integrations/github\"]",
      "instances": [
        {
          "schema_version": 0,
          "attributes": {
            "etag": "W/\"df02eb83c4563611336550ff52c380bbd32ea3e1b502a66e46d433e59fc22971\"",
            "id": "ictsc:kyoko0514",
            "role": "member",
            "username": "kyoko0514"
          },
          "sensitive_attributes": []
        }
      ]
    },
    {
      "mode": "managed",
      "type": "github_membership",
      "name": "kyontan",
      "provider": "provider[\"registry.terraform.io/integrations/github\"]",
      "instances": [
        {
          "schema_version": 0,
          "attributes": {
            "etag": "W/\"abe30018040d8ca197dbe4ef59563a61447da2c06af6ef7a83b2f6f044210ea8\"",
            "id": "ictsc:kyontan",
            "role": "member",
            "username": "kyontan"
          },
          "sensitive_attributes": []
        }
      ]
    },
    {
      "mode": "managed",
      "type": "github_membership",
      "name": "logica0419",
      "provider": "provider[\"registry.terraform.io/integrations/github\"]",
      "instances": [
        {
          "schema_version": 0,
          "attributes": {
            "etag": "W/\"3786956aa0697437eca2b70075d202922d86f84f836b4e230e3fb3deffca472f\"",
            "id": "ictsc:logica0419",
            "role": "member",
            "username": "logica0419"
          },
          "sensitive_attributes": [],
          "private": "bnVsbA=="
        }
      ]
    },
    {
      "mode": "managed",
      "type": "github_membership",
      "name": "mbook-x86",
      "provider": "provider[\"registry.terraform.io/integrations/github\"]",
      "instances": [
        {
          "schema_version": 0,
          "attributes": {
            "etag": "W/\"91f1d8fe2509559ef4ccb48294b55bd7800d116b12f375db4522c43750d8e690\"",
            "id": "ictsc:mbook-x86",
            "role": "member",
            "username": "mbook-x86"
          },
          "sensitive_attributes": []
        }
      ]
    },
    {
      "mode": "managed",
      "type": "github_membership",
      "name": "miyao11",
      "provider": "provider[\"registry.terraform.io/integrations/github\"]",
      "instances": [
        {
          "schema_version": 0,
          "attributes": {
            "etag": "W/\"173ba7acb679c590e95f856d9bdb640d86f2c89fac62323f4ba70e4333aeb45f\"",
            "id": "ictsc:Miyao11",
            "role": "member",
            "username": "Miyao11"
          },
          "sensitive_attributes": []
        }
      ]
    },
    {
      "mode": "managed",
      "type": "github_membership",
      "name": "mk0913mnck",
      "provider": "provider[\"registry.terraform.io/integrations/github\"]",
      "instances": [
        {
          "schema_version": 0,
          "attributes": {
            "etag": "W/\"49092c19550be31e812b8eb26c981ebe7d44549a306459f78d3098025b2f4dd4\"",
            "id": "ictsc:mk0913mnck",
            "role": "member",
            "username": "mk0913mnck"
          },
          "sensitive_attributes": []
        }
      ]
    },
    {
      "mode": "managed",
      "type": "github_membership",
      "name": "nakasyo2650",
      "provider": "provider[\"registry.terraform.io/integrations/github\"]",
      "instances": [
        {
          "schema_version": 0,
          "attributes": {
            "etag": "W/\"a2a6b938715f390611e1e650ab0e933063c41051d93d4af3dfc9909ddfcc867c\"",
            "id": "ictsc:nakasyo2650",
            "role": "member",
            "username": "nakasyo2650"
          },
          "sensitive_attributes": []
        }
      ]
    },
    {
      "mode": "managed",
      "type": "github_membership",
      "name": "naoki2001",
      "provider": "provider[\"registry.terraform.io/integrations/github\"]",
      "instances": [
        {
          "schema_version": 0,
          "attributes": {
            "etag": "W/\"6ae0cc74b83c5cab5f632b4a3704f398dd6167487973479e00759411b59e636d\"",
            "id": "ictsc:naoki2001",
            "role": "member",
            "username": "naoki2001"
          },
          "sensitive_attributes": []
        }
      ]
    },
    {
      "mode": "managed",
      "type": "github_membership",
      "name": "naoki912",
      "provider": "provider[\"registry.terraform.io/integrations/github\"]",
      "instances": [
        {
          "schema_version": 0,
          "attributes": {
            "etag": "W/\"5a4d6fb28e876f9b055405843c175a487ae73c3fe46c8c65bec299ec4a950926\"",
            "id": "ictsc:naoki912",
            "role": "member",
            "username": "naoki912"
          },
          "sensitive_attributes": []
        }
      ]
    },
    {
      "mode": "managed",
      "type": "github_membership",
      "name": "netmarkjp",
      "provider": "provider[\"registry.terraform.io/integrations/github\"]",
      "instances": [
        {
          "schema_version": 0,
          "attributes": {
            "etag": "W/\"d3d12efed5d5ae645fd033f50bb56d1e8069a0e6b26d5f3fa67f958b3076712c\"",
            "id": "ictsc:netmarkjp",
            "role": "admin",
            "username": "netmarkjp"
          },
          "sensitive_attributes": []
        }
      ]
    },
    {
      "mode": "managed",
      "type": "github_membership",
      "name": "nomeaning777",
      "provider": "provider[\"registry.terraform.io/integrations/github\"]",
      "instances": [
        {
          "schema_version": 0,
          "attributes": {
            "etag": "W/\"ed8a0443893e278311badd27fee03b30e34a05f4ba21dd72f6fc416152532e73\"",
            "id": "ictsc:nomeaning777",
            "role": "member",
            "username": "nomeaning777"
          },
          "sensitive_attributes": []
        }
      ]
    },
    {
      "mode": "managed",
      "type": "github_membership",
      "name": "notchi590",
      "provider": "provider[\"registry.terraform.io/integrations/github\"]",
      "instances": [
        {
          "schema_version": 0,
          "attributes": {
            "etag": "W/\"210fa92a1e735f0130a112604950e0cba764f07061ccd8c25eaa46cf60fae8b9\"",
            "id": "ictsc:notchi590",
            "role": "member",
            "username": "notchi590"
          },
          "sensitive_attributes": []
        }
      ]
    },
    {
      "mode": "managed",
      "type": "github_membership",
      "name": "onokatio",
      "provider": "provider[\"registry.terraform.io/integrations/github\"]",
      "instances": [
        {
          "schema_version": 0,
          "attributes": {
            "etag": "W/\"8c60584655c3e81103f12e36723b5395302ee1b631dd2b961ffcee4a3f1876fb\"",
            "id": "ictsc:onokatio",
            "role": "admin",
            "username": "onokatio"
          },
          "sensitive_attributes": []
        }
      ]
    },
    {
      "mode": "managed",
      "type": "github_membership",
      "name": "oomorio",
      "provider": "provider[\"registry.terraform.io/integrations/github\"]",
      "instances": [
        {
          "schema_version": 0,
          "attributes": {
            "etag": "W/\"5cdc65aa2a753105844b1e6afd8bc4b100d3e74479bd383255c0f9b3753ee0b9\"",
            "id": "ictsc:oomorio",
            "role": "member",
            "username": "oomorio"
          },
          "sensitive_attributes": []
        }
      ]
    },
    {
      "mode": "managed",
      "type": "github_membership",
      "name": "ophum",
      "provider": "provider[\"registry.terraform.io/integrations/github\"]",
      "instances": [
        {
          "schema_version": 0,
          "attributes": {
            "etag": "W/\"452968d93e0a7a9b08a3b8383b0cc83be5f4d46c05b84abd462000ed7a50d38b\"",
            "id": "ictsc:ophum",
            "role": "member",
            "username": "ophum"
          },
          "sensitive_attributes": []
        }
      ]
    },
    {
      "mode": "managed",
      "type": "github_membership",
      "name": "orin24",
      "provider": "provider[\"registry.terraform.io/integrations/github\"]",
      "instances": [
        {
          "schema_version": 0,
          "attributes": {
            "etag": "W/\"eac8e1339f44014a4f11044d163fc75d06bfbf83f41b7cc425f00e9760b91706\"",
            "id": "ictsc:orin24",
            "role": "member",
            "username": "orin24"
          },
          "sensitive_attributes": []
        }
      ]
    },
    {
      "mode": "managed",
      "type": "github_membership",
      "name": "palloc",
      "provider": "provider[\"registry.terraform.io/integrations/github\"]",
      "instances": [
        {
          "schema_version": 0,
          "attributes": {
            "etag": "W/\"ab6f4189bb34f9eb1122a7f2f29d4f03d7f7ca235e15b5383d4478e80a2320d9\"",
            "id": "ictsc:palloc",
            "role": "member",
            "username": "palloc"
          },
          "sensitive_attributes": []
        }
      ]
    },
    {
      "mode": "managed",
      "type": "github_membership",
      "name": "potyama",
      "provider": "provider[\"registry.terraform.io/integrations/github\"]",
      "instances": [
        {
          "schema_version": 0,
          "attributes": {
            "etag": "W/\"dfc395b42ac1c60276fc02d825a99760d4de5d8ab6034fbe421be86bd7663ffa\"",
            "id": "ictsc:potyama",
            "role": "member",
            "username": "potyama"
          },
          "sensitive_attributes": []
        }
      ]
    },
    {
      "mode": "managed",
      "type": "github_membership",
      "name": "proelbtn",
      "provider": "provider[\"registry.terraform.io/integrations/github\"]",
      "instances": [
        {
          "schema_version": 0,
          "attributes": {
            "etag": "W/\"b63b629fd37b136d344dafdd72983b55b095f1847dbf90c6a013719671dad75d\"",
            "id": "ictsc:proelbtn",
            "role": "admin",
            "username": "proelbtn"
          },
          "sensitive_attributes": []
        }
      ]
    },
    {
      "mode": "managed",
      "type": "github_membership",
      "name": "recuraki",
      "provider": "provider[\"registry.terraform.io/integrations/github\"]",
      "instances": [
        {
          "schema_version": 0,
          "attributes": {
            "etag": "W/\"12d8b5b9d8a5cb66bf848a752970762ff3fe869b52345f4f68e39968fdc01e60\"",
            "id": "ictsc:recuraki",
            "role": "member",
            "username": "recuraki"
          },
          "sensitive_attributes": []
        }
      ]
    },
    {
      "mode": "managed",
      "type": "github_membership",
      "name": "rlia",
      "provider": "provider[\"registry.terraform.io/integrations/github\"]",
      "instances": [
        {
          "schema_version": 0,
          "attributes": {
            "etag": "W/\"0374029b01213efbb51a4b87295481374359d564c73c7fc1181a38dd6f982883\"",
            "id": "ictsc:rlia",
            "role": "member",
            "username": "rlia"
          },
          "sensitive_attributes": []
        }
      ]
    },
    {
      "mode": "managed",
      "type": "github_membership",
      "name": "sharknasuhorse",
      "provider": "provider[\"registry.terraform.io/integrations/github\"]",
      "instances": [
        {
          "schema_version": 0,
          "attributes": {
            "etag": "W/\"bd6e474d76b5d6397ff38f8970d4d7e9ba18856ee92e406a7d92e76edd7e60eb\"",
            "id": "ictsc:sharknasuhorse",
            "role": "admin",
            "username": "sharknasuhorse"
          },
          "sensitive_attributes": []
        }
      ]
    },
    {
      "mode": "managed",
      "type": "github_membership",
      "name": "shinonome01",
      "provider": "provider[\"registry.terraform.io/integrations/github\"]",
      "instances": [
        {
          "schema_version": 0,
          "attributes": {
            "etag": "W/\"96a5438ef83122e46caf8db3296aa918421370ab6672f95bb511e28b0ec6d46c\"",
            "id": "ictsc:shinonome01",
            "role": "member",
            "username": "shinonome01"
          },
          "sensitive_attributes": []
        }
      ]
    },
    {
      "mode": "managed",
      "type": "github_membership",
      "name": "site0801",
      "provider": "provider[\"registry.terraform.io/integrations/github\"]",
      "instances": [
        {
          "schema_version": 0,
          "attributes": {
            "etag": "W/\"a91bb633522b29eba55212f33e5668a0786a54b38b1dbe4bbc612886f1e43f18\"",
            "id": "ictsc:site0801",
            "role": "member",
            "username": "site0801"
          },
          "sensitive_attributes": []
        }
      ]
    },
    {
      "mode": "managed",
      "type": "github_membership",
      "name": "sora34",
      "provider": "provider[\"registry.terraform.io/integrations/github\"]",
      "instances": [
        {
          "schema_version": 0,
          "attributes": {
            "etag": "W/\"e9318cbc65493e8efdc8b0df2fd5f2d0f5e6ef4497769f6b65da2a049735e3df\"",
            "id": "ictsc:sora34",
            "role": "member",
            "username": "sora34"
          },
          "sensitive_attributes": []
        }
      ]
    },
    {
      "mode": "managed",
      "type": "github_membership",
      "name": "staybuzz",
      "provider": "provider[\"registry.terraform.io/integrations/github\"]",
      "instances": [
        {
          "schema_version": 0,
          "attributes": {
            "etag": "W/\"16b31e8cf09be0fe72da8ba5a5b3ada0ab2dfddbf8ad80f0646a75a8ab466bdb\"",
            "id": "ictsc:staybuzz",
            "role": "member",
            "username": "staybuzz"
          },
          "sensitive_attributes": []
        }
      ]
    },
    {
      "mode": "managed",
      "type": "github_membership",
      "name": "sugiki-accelia",
      "provider": "provider[\"registry.terraform.io/integrations/github\"]",
      "instances": [
        {
          "schema_version": 0,
          "attributes": {
            "etag": "W/\"cadbcacb31ca0f9a039436f5d15f6c47a4496026ab2e4d9639d31dae7a1531a2\"",
            "id": "ictsc:sugiki-accelia",
            "role": "member",
            "username": "sugiki-accelia"
          },
          "sensitive_attributes": []
        }
      ]
    },
    {
      "mode": "managed",
      "type": "github_membership",
      "name": "sukekawa-accelia",
      "provider": "provider[\"registry.terraform.io/integrations/github\"]",
      "instances": [
        {
          "schema_version": 0,
          "attributes": {
            "etag": "W/\"9ffb5d11bd8f3128f1ed934500b11cdb43678b3995385c1c0106ece33ca045e1\"",
            "id": "ictsc:sukekawa-accelia",
            "role": "member",
            "username": "sukekawa-accelia"
          },
          "sensitive_attributes": []
        }
      ]
    },
    {
      "mode": "managed",
      "type": "github_membership",
      "name": "syuli",
      "provider": "provider[\"registry.terraform.io/integrations/github\"]",
      "instances": [
        {
          "schema_version": 0,
          "attributes": {
            "etag": "W/\"15e78f0e49848c8fca5c491610a6390946997f9bdb5874def02e157b2a4c3949\"",
            "id": "ictsc:syuli",
            "role": "member",
            "username": "syuli"
          },
          "sensitive_attributes": []
        }
      ]
    },
    {
      "mode": "managed",
      "type": "github_membership",
      "name": "syuuya-nakatomi",
      "provider": "provider[\"registry.terraform.io/integrations/github\"]",
      "instances": [
        {
          "schema_version": 0,
          "attributes": {
            "etag": "W/\"f65ca2ef8fb9b01fda5cf5eee841809c79b47999372067477b189e33cc877d42\"",
            "id": "ictsc:syuuya-nakatomi",
            "role": "member",
            "username": "syuuya-nakatomi"
          },
          "sensitive_attributes": [],
          "private": "bnVsbA=="
        }
      ]
    },
    {
      "mode": "managed",
      "type": "github_membership",
      "name": "takehaya",
      "provider": "provider[\"registry.terraform.io/integrations/github\"]",
      "instances": [
        {
          "schema_version": 0,
          "attributes": {
            "etag": "W/\"f3a48402beec7fa4db41931ba41dcea13a8a919a55cd1ecc62bcb941a434ab4d\"",
            "id": "ictsc:takehaya",
            "role": "admin",
            "username": "takehaya"
          },
          "sensitive_attributes": []
        }
      ]
    },
    {
      "mode": "managed",
      "type": "github_membership",
      "name": "takes3",
      "provider": "provider[\"registry.terraform.io/integrations/github\"]",
      "instances": [
        {
          "schema_version": 0,
          "attributes": {
            "etag": "W/\"18ab9ce060a4e17918f3884636433d9192023cc69a2b4168ae0b2201bc4548c7\"",
            "id": "ictsc:takes3",
            "role": "member",
            "username": "takes3"
          },
          "sensitive_attributes": []
        }
      ]
    },
    {
      "mode": "managed",
      "type": "github_membership",
      "name": "tanishi001",
      "provider": "provider[\"registry.terraform.io/integrations/github\"]",
      "instances": [
        {
          "schema_version": 0,
          "attributes": {
            "etag": "W/\"c60e59a6bd641530f4da865184f0ea3563f1c3c203ebeee98b5935a450ce5f72\"",
            "id": "ictsc:tanishi001",
            "role": "member",
            "username": "tanishi001"
          },
          "sensitive_attributes": []
        }
      ]
    },
    {
      "mode": "managed",
      "type": "github_membership",
      "name": "tar-xzvff",
      "provider": "provider[\"registry.terraform.io/integrations/github\"]",
      "instances": [
        {
          "schema_version": 0,
          "attributes": {
            "etag": "W/\"9a61e957ccdaa8978db2aac7286585c767fdb034fafd760f06e8a7ec526cfdad\"",
            "id": "ictsc:tar-xzvff",
            "role": "admin",
            "username": "tar-xzvff"
          },
          "sensitive_attributes": []
        }
      ]
    },
    {
      "mode": "managed",
      "type": "github_membership",
      "name": "tom--bo",
      "provider": "provider[\"registry.terraform.io/integrations/github\"]",
      "instances": [
        {
          "schema_version": 0,
          "attributes": {
            "etag": "W/\"c51de44c04e6eeabb09a8dabeac6f6ad74e45815f635df1db7c4949e90612861\"",
            "id": "ictsc:tom--bo",
            "role": "member",
            "username": "tom--bo"
          },
          "sensitive_attributes": []
        }
      ]
    },
    {
      "mode": "managed",
      "type": "github_membership",
      "name": "tomatoaas",
      "provider": "provider[\"registry.terraform.io/integrations/github\"]",
      "instances": [
        {
          "schema_version": 0,
          "attributes": {
            "etag": "W/\"ed9af6066e342e69dc4d7de5988138a7d0f4b959f477e576492828f615ad6657\"",
            "id": "ictsc:tomatoaas",
            "role": "member",
            "username": "tomatoaas"
          },
          "sensitive_attributes": []
        }
      ]
    },
    {
      "mode": "managed",
      "type": "github_membership",
      "name": "tsuttsu305",
      "provider": "provider[\"registry.terraform.io/integrations/github\"]",
      "instances": [
        {
          "schema_version": 0,
          "attributes": {
            "etag": "W/\"a1d383ee7034aa936aaaf151954fad6ec58e629caf944723a5bd4d9d92a3d780\"",
            "id": "ictsc:tsuttsu305",
            "role": "member",
            "username": "tsuttsu305"
          },
          "sensitive_attributes": []
        }
      ]
    },
    {
      "mode": "managed",
      "type": "github_membership",
      "name": "uplus",
      "provider": "provider[\"registry.terraform.io/integrations/github\"]",
      "instances": [
        {
          "schema_version": 0,
          "attributes": {
            "etag": "W/\"a8adae53d608197f9ae46fd83da12aee141298542e01abdcb61835bec91ae5cf\"",
            "id": "ictsc:uplus",
            "role": "admin",
            "username": "uplus"
          },
          "sensitive_attributes": []
        }
      ]
    },
    {
      "mode": "managed",
      "type": "github_membership",
      "name": "whywaita",
      "provider": "provider[\"registry.terraform.io/integrations/github\"]",
      "instances": [
        {
          "schema_version": 0,
          "attributes": {
            "etag": "W/\"fac00f4949e3891533920af6202d65e37bf36ce975728235b635d415647e3814\"",
            "id": "ictsc:whywaita",
            "role": "admin",
            "username": "whywaita"
          },
          "sensitive_attributes": []
        }
      ]
    },
    {
      "mode": "managed",
      "type": "github_membership",
      "name": "x86taka",
      "provider": "provider[\"registry.terraform.io/integrations/github\"]",
      "instances": [
        {
          "schema_version": 0,
          "attributes": {
            "etag": "W/\"2d9150a1987760aa0f30b039b0e37ab416894c306130830c3bab6d16e8de93d7\"",
            "id": "ictsc:x86taka",
            "role": "admin",
            "username": "x86taka"
          },
          "sensitive_attributes": []
        }
      ]
    },
    {
      "mode": "managed",
      "type": "github_membership",
      "name": "y-monma",
      "provider": "provider[\"registry.terraform.io/integrations/github\"]",
      "instances": [
        {
          "schema_version": 0,
          "attributes": {
            "etag": "W/\"81c7d41663ae5bad548d9ccbc0301b33c1bd47b668bf9758869f6f29946ac553\"",
            "id": "ictsc:y-monma",
            "role": "member",
            "username": "y-monma"
          },
          "sensitive_attributes": []
        }
      ]
    },
    {
      "mode": "managed",
      "type": "github_membership",
      "name": "yaminoma",
      "provider": "provider[\"registry.terraform.io/integrations/github\"]",
      "instances": [
        {
          "schema_version": 0,
          "attributes": {
            "etag": "W/\"23f4eb14c718f3888c41a7ada19096c652a82ed4da5908c3421a124479654c28\"",
            "id": "ictsc:yaminoma",
            "role": "member",
            "username": "yaminoma"
          },
          "sensitive_attributes": []
        }
      ]
    },
    {
      "mode": "managed",
      "type": "github_membership",
      "name": "yatuhashi",
      "provider": "provider[\"registry.terraform.io/integrations/github\"]",
      "instances": [
        {
          "schema_version": 0,
          "attributes": {
            "etag": "W/\"d902d34193a75b18b662a80d40792b28abbe4bf786d4f771136eb4bebdb7cd27\"",
            "id": "ictsc:yatuhashi",
            "role": "member",
            "username": "yatuhashi"
          },
          "sensitive_attributes": []
        }
      ]
    },
    {
      "mode": "managed",
      "type": "github_membership",
      "name": "yo-kanyukari",
      "provider": "provider[\"registry.terraform.io/integrations/github\"]",
      "instances": [
        {
          "schema_version": 0,
          "attributes": {
            "etag": "W/\"136af9b5df07b97c7c946be813fe7030b2c38ae5a312244f14a614363ea4f05c\"",
            "id": "ictsc:siberiy4",
            "role": "member",
            "username": "siberiy4"
          },
          "sensitive_attributes": [],
          "private": "bnVsbA=="
        }
      ]
    },
    {
      "mode": "managed",
      "type": "github_membership",
      "name": "yo-taro",
      "provider": "provider[\"registry.terraform.io/integrations/github\"]",
      "instances": [
        {
          "schema_version": 0,
          "attributes": {
            "etag": "W/\"a0643513d97ab52c5c88ca0302b73d44ef21bb5fa90160988fe8912f652888da\"",
            "id": "ictsc:yo-taro",
            "role": "member",
            "username": "yo-taro"
          },
          "sensitive_attributes": []
        }
      ]
    },
    {
      "mode": "managed",
      "type": "github_membership",
      "name": "yoneyan",
      "provider": "provider[\"registry.terraform.io/integrations/github\"]",
      "instances": [
        {
          "schema_version": 0,
          "attributes": {
            "etag": "W/\"23988bbfefa4afbcacc71667b3929a0c1df650a93bcbe801c66e3edb8e149529\"",
            "id": "ictsc:yoneyan",
            "role": "member",
            "username": "yoneyan"
          },
          "sensitive_attributes": []
        }
      ]
    },
    {
      "mode": "managed",
      "type": "github_membership",
      "name": "yu-tanaka00",
      "provider": "provider[\"registry.terraform.io/integrations/github\"]",
      "instances": [
        {
          "schema_version": 0,
          "attributes": {
            "etag": "W/\"bc5d5aa919fc6acedccabf29718222a731d1f2d6ce84a4673b70cbcdbb02f2a9\"",
            "id": "ictsc:yu-tanaka00",
            "role": "member",
            "username": "yu-tanaka00"
          },
          "sensitive_attributes": []
        }
      ]
    },
    {
      "mode": "managed",
      "type": "github_membership",
      "name": "yukamoja",
      "provider": "provider[\"registry.terraform.io/integrations/github\"]",
      "instances": [
        {
          "schema_version": 0,
          "attributes": {
            "etag": "W/\"30b320cce336d19a71891c7e93d34c4aacd9c7978c2abbc2ad37d70be74f348c\"",
            "id": "ictsc:yukamoja",
            "role": "admin",
            "username": "yukamoja"
          },
          "sensitive_attributes": []
        }
      ]
    },
    {
      "mode": "managed",
      "type": "github_membership",
      "name": "yuukinetwork",
      "provider": "provider[\"registry.terraform.io/integrations/github\"]",
      "instances": [
        {
          "schema_version": 0,
          "attributes": {
            "etag": "W/\"eee845a02214821c0c1119405436bc0b3cce0d64a9511f1a1c415426f3208099\"",
            "id": "ictsc:yuukinetwork",
            "role": "member",
            "username": "yuukinetwork"
          },
          "sensitive_attributes": []
        }
      ]
    },
    {
      "mode": "managed",
      "type": "github_membership",
      "name": "zeroalphat",
      "provider": "provider[\"registry.terraform.io/integrations/github\"]",
      "instances": [
        {
          "schema_version": 0,
          "attributes": {
            "etag": "W/\"1ccf0bf7e03bb2b91a59cdc8730c1a3b9f5e64020fe3d6ee1d06a5a2f2dbe579\"",
            "id": "ictsc:zeroalphat",
            "role": "member",
            "username": "zeroalphat"
          },
          "sensitive_attributes": []
        }
      ]
    },
    {
      "mode": "managed",
      "type": "github_team",
      "name": "admin",
      "provider": "provider[\"registry.terraform.io/integrations/github\"]",
      "instances": [
        {
          "schema_version": 0,
          "attributes": {
            "create_default_maintainer": false,
            "description": "ictsc organization admins",
            "etag": "W/\"6bc16026b2a67a28fad0530e2fc6aa37e5e5468271d6127af0f89e904611583c\"",
            "id": "2008807",
            "ldap_dn": "",
            "members_count": 11,
            "name": "Admins",
            "node_id": "MDQ6VGVhbTIwMDg4MDc=",
            "parent_team_id": null,
            "privacy": "closed",
            "slug": "admins"
          },
          "sensitive_attributes": []
        }
      ]
    },
    {
      "mode": "managed",
      "type": "github_team",
      "name": "ictsc2018",
      "provider": "provider[\"registry.terraform.io/integrations/github\"]",
      "instances": [
        {
          "schema_version": 0,
          "attributes": {
            "create_default_maintainer": false,
            "description": "member of ictsc2018",
            "etag": "W/\"b0c88a15a391a16531d4822196d37840af1465af592e8982d3944d0bf8ecf095\"",
            "id": "2818425",
            "ldap_dn": "",
            "members_count": 21,
            "name": "ictsc2018",
            "node_id": "MDQ6VGVhbTI4MTg0MjU=",
            "parent_team_id": null,
            "privacy": "closed",
            "slug": "ictsc2018"
          },
          "sensitive_attributes": []
        }
      ]
    },
    {
      "mode": "managed",
      "type": "github_team",
      "name": "ictsc2019",
      "provider": "provider[\"registry.terraform.io/integrations/github\"]",
      "instances": [
        {
          "schema_version": 0,
          "attributes": {
            "create_default_maintainer": false,
            "description": "member of ictsc2019",
            "etag": "W/\"5a6bfbd1c9cd79ecfe489a69189978dcd5ece44b0e1265c1502e4d62069b5532\"",
            "id": "3300293",
            "ldap_dn": "",
            "members_count": 36,
            "name": "ictsc2019",
            "node_id": "MDQ6VGVhbTMzMDAyOTM=",
            "parent_team_id": null,
            "privacy": "closed",
            "slug": "ictsc2019"
          },
          "sensitive_attributes": []
        }
      ]
    },
    {
      "mode": "managed",
      "type": "github_team",
      "name": "ictsc2020",
      "provider": "provider[\"registry.terraform.io/integrations/github\"]",
      "instances": [
        {
          "schema_version": 0,
          "attributes": {
            "create_default_maintainer": false,
            "description": "member of ictsc2020",
            "etag": "W/\"ebe2911e560dd16392ff79af6964d17ec2e304dc496884a538f49735c866642f\"",
            "id": "3894829",
            "ldap_dn": "",
            "members_count": 25,
            "name": "ictsc2020",
            "node_id": "MDQ6VGVhbTM4OTQ4Mjk=",
            "parent_team_id": null,
            "privacy": "closed",
            "slug": "ictsc2020"
          },
          "sensitive_attributes": []
        }
      ]
    },
    {
      "mode": "managed",
      "type": "github_team",
      "name": "ictsc2021",
      "provider": "provider[\"registry.terraform.io/integrations/github\"]",
      "instances": [
        {
          "schema_version": 0,
          "attributes": {
            "create_default_maintainer": false,
            "description": "member of ictsc2021",
            "etag": "W/\"166f44b55468e6e962ad8ce85690f8d64e7a8d60e06d8df889ddcae88f59ab7a\"",
            "id": "4811781",
            "ldap_dn": "",
            "members_count": 15,
            "name": "ictsc2021",
            "node_id": "MDQ6VGVhbTQ4MTE3ODE=",
            "parent_team_id": null,
            "privacy": "closed",
            "slug": "ictsc2021"
          },
          "sensitive_attributes": []
        }
      ]
    },
    {
      "mode": "managed",
      "type": "github_team",
      "name": "ictsc2022",
      "provider": "provider[\"registry.terraform.io/integrations/github\"]",
      "instances": [
        {
          "schema_version": 0,
          "attributes": {
            "create_default_maintainer": false,
            "description": "member of ictsc2022",
            "etag": "W/\"bdb88c902a079dff295bf0b99c1d9014e160831c661c85baab2bacfc7d6a8213\"",
            "id": "7097691",
            "ldap_dn": "",
            "members_count": 12,
            "name": "ictsc2022",
            "node_id": "T_kwDOAKhxTs4AbE1b",
            "parent_team_id": null,
            "privacy": "closed",
            "slug": "ictsc2022"
          },
          "sensitive_attributes": [],
          "private": "bnVsbA=="
        }
      ]
    },
    {
      "mode": "managed",
      "type": "github_team",
      "name": "ictsc4",
      "provider": "provider[\"registry.terraform.io/integrations/github\"]",
      "instances": [
        {
          "schema_version": 0,
          "attributes": {
            "create_default_maintainer": false,
            "description": "member of ictsc4",
            "etag": "W/\"453847d4744a6f0c873c9d0219bfefd51cbdcd8fc178ea13b4d48a39ed9a0830\"",
            "id": "2004351",
            "ldap_dn": "",
            "members_count": 11,
            "name": "ictsc4",
            "node_id": "MDQ6VGVhbTIwMDQzNTE=",
            "parent_team_id": null,
            "privacy": "closed",
            "slug": "ictsc4"
          },
          "sensitive_attributes": []
        }
      ]
    },
    {
      "mode": "managed",
      "type": "github_team",
      "name": "ictsc5",
      "provider": "provider[\"registry.terraform.io/integrations/github\"]",
      "instances": [
        {
          "schema_version": 0,
          "attributes": {
            "create_default_maintainer": false,
            "description": "member of ictsc5",
            "etag": "W/\"790b84e5c02785a842ffd6f480ad965b07a8ab3578d946053688e5d6e3633d70\"",
            "id": "2004352",
            "ldap_dn": "",
            "members_count": 28,
            "name": "ictsc5",
            "node_id": "MDQ6VGVhbTIwMDQzNTI=",
            "parent_team_id": null,
            "privacy": "closed",
            "slug": "ictsc5"
          },
          "sensitive_attributes": []
        }
      ]
    },
    {
      "mode": "managed",
      "type": "github_team",
      "name": "ictsc6",
      "provider": "provider[\"registry.terraform.io/integrations/github\"]",
      "instances": [
        {
          "schema_version": 0,
          "attributes": {
            "create_default_maintainer": false,
            "description": "member of ictsc6",
            "etag": "W/\"0694a1e97696137a0a30e14a9f3979038080235f7d7c57bfed45d61903fcf0e2\"",
            "id": "2004355",
            "ldap_dn": "",
            "members_count": 23,
            "name": "ictsc6",
            "node_id": "MDQ6VGVhbTIwMDQzNTU=",
            "parent_team_id": null,
            "privacy": "closed",
            "slug": "ictsc6"
          },
          "sensitive_attributes": []
        }
      ]
    },
    {
      "mode": "managed",
      "type": "github_team",
      "name": "ictsc7",
      "provider": "provider[\"registry.terraform.io/integrations/github\"]",
      "instances": [
        {
          "schema_version": 0,
          "attributes": {
            "create_default_maintainer": false,
            "description": "member of ictsc7",
            "etag": "W/\"f2d4d1812424f10c2161740284e54d6120990ba23e5f839f0f943533e59e39fc\"",
            "id": "2178374",
            "ldap_dn": "",
            "members_count": 17,
            "name": "ictsc7",
            "node_id": "MDQ6VGVhbTIxNzgzNzQ=",
            "parent_team_id": null,
            "privacy": "closed",
            "slug": "ictsc7"
          },
          "sensitive_attributes": []
        }
      ]
    },
    {
      "mode": "managed",
      "type": "github_team",
      "name": "ictsc8",
      "provider": "provider[\"registry.terraform.io/integrations/github\"]",
      "instances": [
        {
          "schema_version": 0,
          "attributes": {
            "create_default_maintainer": false,
            "description": "member of ictsc8",
            "etag": "W/\"72df52f2e1ad829264a43170b1c3738d5e98a9a0e5994bb2d347c88beb42ac63\"",
            "id": "2341229",
            "ldap_dn": "",
            "members_count": 20,
            "name": "ictsc8",
            "node_id": "MDQ6VGVhbTIzNDEyMjk=",
            "parent_team_id": null,
            "privacy": "closed",
            "slug": "ictsc8"
          },
          "sensitive_attributes": []
        }
      ]
    },
    {
      "mode": "managed",
      "type": "github_team",
      "name": "ictsc9",
      "provider": "provider[\"registry.terraform.io/integrations/github\"]",
      "instances": [
        {
          "schema_version": 0,
          "attributes": {
            "create_default_maintainer": false,
            "description": "member of ictsc9",
            "etag": "W/\"d156d92992cd744d64b22116befd0510c58bfddb423b3f0b537757cdf141c9a4\"",
            "id": "2818424",
            "ldap_dn": "",
            "members_count": 19,
            "name": "ictsc9",
            "node_id": "MDQ6VGVhbTI4MTg0MjQ=",
            "parent_team_id": null,
            "privacy": "closed",
            "slug": "ictsc9"
          },
          "sensitive_attributes": []
        }
      ]
    },
    {
      "mode": "managed",
      "type": "github_team",
      "name": "score-dev",
      "provider": "provider[\"registry.terraform.io/integrations/github\"]",
      "instances": [
        {
          "schema_version": 0,
          "attributes": {
            "create_default_maintainer": false,
            "description": "score server development team",
            "etag": "W/\"0bbd5b6e87e04a9ffaca6b504574241509cfdeea7abc98103e18744cfb4da452\"",
            "id": "2004353",
            "ldap_dn": "",
            "members_count": 1,
            "name": "score-dev",
            "node_id": "MDQ6VGVhbTIwMDQzNTM=",
            "parent_team_id": null,
            "privacy": "closed",
            "slug": "score-dev"
          },
          "sensitive_attributes": []
        }
      ]
    },
    {
      "mode": "managed",
      "type": "github_team_membership",
      "name": "admin-h-otter",
      "provider": "provider[\"registry.terraform.io/integrations/github\"]",
      "instances": [
        {
          "schema_version": 0,
          "attributes": {
            "etag": "W/\"e36d637a58be0944cdfe1dd6ac09da0947facc4227bca764b5e6b6d99612918e\"",
            "id": "2008807:h-otter",
            "role": "maintainer",
            "team_id": "2008807",
            "username": "h-otter"
          },
          "sensitive_attributes": [],
          "private": "bnVsbA==",
          "dependencies": [
            "github_membership.h-otter",
            "github_team.admin"
          ]
        }
      ]
    },
    {
      "mode": "managed",
      "type": "github_team_membership",
      "name": "admin-onokatio",
      "provider": "provider[\"registry.terraform.io/integrations/github\"]",
      "instances": [
        {
          "schema_version": 0,
          "attributes": {
            "etag": "W/\"07a66e47c9ac3e21474d18001e85bce0a66c24b37f0ea79e165833a8e276466c\"",
            "id": "2008807:onokatio",
            "role": "maintainer",
            "team_id": "2008807",
            "username": "onokatio"
          },
          "sensitive_attributes": [],
          "private": "bnVsbA==",
          "dependencies": [
            "github_membership.onokatio",
            "github_team.admin"
          ]
        }
      ]
    },
    {
      "mode": "managed",
      "type": "github_team_membership",
      "name": "admin-proelbtn",
      "provider": "provider[\"registry.terraform.io/integrations/github\"]",
      "instances": [
        {
          "schema_version": 0,
          "attributes": {
            "etag": "W/\"2a9b6cd32cec99e780b02c19d4f9f0d929c4a345c22e0d9165795ac9c4ac6109\"",
            "id": "2008807:proelbtn",
            "role": "maintainer",
            "team_id": "2008807",
            "username": "proelbtn"
          },
          "sensitive_attributes": [],
          "private": "bnVsbA==",
          "dependencies": [
            "github_membership.proelbtn",
            "github_team.admin"
          ]
        }
      ]
    },
    {
      "mode": "managed",
      "type": "github_team_membership",
      "name": "admin-sharknasuhorse",
      "provider": "provider[\"registry.terraform.io/integrations/github\"]",
      "instances": [
        {
          "schema_version": 0,
          "attributes": {
            "etag": "W/\"6af74cebe0141e10884ceeacc0c0a50ec87c8ef7a9606d4e37869c9b7cd178e5\"",
            "id": "2008807:sharknasuhorse",
            "role": "maintainer",
            "team_id": "2008807",
            "username": "sharknasuhorse"
          },
          "sensitive_attributes": [],
          "private": "bnVsbA==",
          "dependencies": [
            "github_membership.sharknasuhorse",
            "github_team.admin"
          ]
        }
      ]
    },
    {
      "mode": "managed",
      "type": "github_team_membership",
      "name": "admin-takemhaya",
      "provider": "provider[\"registry.terraform.io/integrations/github\"]",
      "instances": [
        {
          "schema_version": 0,
          "attributes": {
            "etag": "W/\"e482925c7a983ff77cab7a5f1c3f372cc05c3e761522f0f357f88d88338fe9c8\"",
            "id": "2008807:takehaya",
            "role": "maintainer",
            "team_id": "2008807",
            "username": "takehaya"
          },
          "sensitive_attributes": [],
          "private": "bnVsbA==",
          "dependencies": [
            "github_membership.takehaya",
            "github_team.admin"
          ]
        }
      ]
    },
    {
      "mode": "managed",
      "type": "github_team_membership",
      "name": "admin-tar-xzvff",
      "provider": "provider[\"registry.terraform.io/integrations/github\"]",
      "instances": [
        {
          "schema_version": 0,
          "attributes": {
            "etag": "W/\"77090d43dcc880569071925021dbfbd4656cd479307c584b545fb200af41aeee\"",
            "id": "2008807:tar-xzvff",
            "role": "maintainer",
            "team_id": "2008807",
            "username": "tar-xzvff"
          },
          "sensitive_attributes": [],
          "private": "bnVsbA==",
          "dependencies": [
            "github_membership.tar-xzvff",
            "github_team.admin"
          ]
        }
      ]
    },
    {
      "mode": "managed",
      "type": "github_team_membership",
      "name": "admin-uplus",
      "provider": "provider[\"registry.terraform.io/integrations/github\"]",
      "instances": [
        {
          "schema_version": 0,
          "attributes": {
            "etag": "W/\"841dbe6770be0ed7062b39ef63b2256b521bf744b535a6fcc2076a71ff90c64a\"",
            "id": "2008807:uplus",
            "role": "maintainer",
            "team_id": "2008807",
            "username": "uplus"
          },
          "sensitive_attributes": [],
          "private": "bnVsbA==",
          "dependencies": [
            "github_membership.uplus",
            "github_team.admin"
          ]
        }
      ]
    },
    {
      "mode": "managed",
      "type": "github_team_membership",
      "name": "admin-whywaita",
      "provider": "provider[\"registry.terraform.io/integrations/github\"]",
      "instances": [
        {
          "schema_version": 0,
          "attributes": {
            "etag": "W/\"17eb5f9eba333ceabc52e976623c130e8dcc653bd7dae4bb9a5fb31a6fd2ed77\"",
            "id": "2008807:whywaita",
            "role": "maintainer",
            "team_id": "2008807",
            "username": "whywaita"
          },
          "sensitive_attributes": [],
          "private": "bnVsbA==",
          "dependencies": [
            "github_membership.whywaita",
            "github_team.admin"
          ]
        }
      ]
    },
    {
      "mode": "managed",
      "type": "github_team_membership",
      "name": "admin-x86taka",
      "provider": "provider[\"registry.terraform.io/integrations/github\"]",
      "instances": [
        {
          "schema_version": 0,
          "attributes": {
            "etag": "W/\"8a0b843e2a015b5043e5efba5d19b195e5271ea0a3e80ad0f4d66f38efd8f9d3\"",
            "id": "2008807:x86taka",
            "role": "maintainer",
            "team_id": "2008807",
            "username": "x86taka"
          },
          "sensitive_attributes": [],
          "private": "bnVsbA==",
          "dependencies": [
            "github_membership.x86taka",
            "github_team.admin"
          ]
        }
      ]
    },
    {
      "mode": "managed",
      "type": "github_team_membership",
      "name": "admin-yukamoja",
      "provider": "provider[\"registry.terraform.io/integrations/github\"]",
      "instances": [
        {
          "schema_version": 0,
          "attributes": {
            "etag": "W/\"d1ae0694b12e4bde9adfa819067532b05482cba35227aa1d0267346e983bd924\"",
            "id": "2008807:yukamoja",
            "role": "maintainer",
            "team_id": "2008807",
            "username": "yukamoja"
          },
          "sensitive_attributes": [],
          "private": "bnVsbA==",
          "dependencies": [
            "github_membership.yukamoja",
            "github_team.admin"
          ]
        }
      ]
    },
    {
      "mode": "managed",
      "type": "github_team_membership",
      "name": "ictsc2018-Kurorororo",
      "provider": "provider[\"registry.terraform.io/integrations/github\"]",
      "instances": [
        {
          "schema_version": 0,
          "attributes": {
            "etag": "W/\"337781fb779f9a9783c6cc750a9e63c3f78cdc67fd51c790e72923787f3d9e09\"",
            "id": "2818425:Kurorororo",
            "role": "member",
            "team_id": "2818425",
            "username": "Kurorororo"
          },
          "sensitive_attributes": [],
          "dependencies": [
            "github_membership.Kurorororo",
            "github_team.ictsc2018"
          ]
        }
      ]
    },
    {
      "mode": "managed",
      "type": "github_team_membership",
      "name": "ictsc2018-NozomiSugiyama",
      "provider": "provider[\"registry.terraform.io/integrations/github\"]",
      "instances": [
        {
          "schema_version": 0,
          "attributes": {
            "etag": "W/\"350b9f3ce831c49345f2ceda9572839fc6576b2ee58c192bcdb327bac6810267\"",
            "id": "2818425:NozomiSugiyama",
            "role": "member",
            "team_id": "2818425",
            "username": "NozomiSugiyama"
          },
          "sensitive_attributes": [],
          "dependencies": [
            "github_membership.NozomiSugiyama",
            "github_team.ictsc2018"
          ]
        }
      ]
    },
    {
      "mode": "managed",
      "type": "github_team_membership",
      "name": "ictsc2018-ShotaKitazawa",
      "provider": "provider[\"registry.terraform.io/integrations/github\"]",
      "instances": [
        {
          "schema_version": 0,
          "attributes": {
            "etag": "W/\"2f8a370c858a9d92f65f657d8cf2f9ad0b8e7e65c06e68f6bb4012d208bcb23f\"",
            "id": "2818425:ShotaKitazawa",
            "role": "member",
            "team_id": "2818425",
            "username": "ShotaKitazawa"
          },
          "sensitive_attributes": [],
          "dependencies": [
            "github_membership.ShotaKitazawa",
            "github_team.ictsc2018"
          ]
        }
      ]
    },
    {
      "mode": "managed",
      "type": "github_team_membership",
      "name": "ictsc2018-acque2two",
      "provider": "provider[\"registry.terraform.io/integrations/github\"]",
      "instances": [
        {
          "schema_version": 0,
          "attributes": {
            "etag": "W/\"051718b025b57fb3778c79211faf278fd018d5ac6d44bb7aaf550239c1ff9fb3\"",
            "id": "2818425:acque2two",
            "role": "member",
            "team_id": "2818425",
            "username": "acque2two"
          },
          "sensitive_attributes": [],
          "dependencies": [
            "github_membership.acque2two",
            "github_team.ictsc2018"
          ]
        }
      ]
    },
    {
      "mode": "managed",
      "type": "github_team_membership",
      "name": "ictsc2018-bosan120",
      "provider": "provider[\"registry.terraform.io/integrations/github\"]",
      "instances": [
        {
          "schema_version": 0,
          "attributes": {
            "etag": "W/\"de917a8953eea0cd0bb711c78d2f7fe1549e0b81d7006982ed1b9187e63d23b3\"",
            "id": "2818425:bosan120",
            "role": "member",
            "team_id": "2818425",
            "username": "bosan120"
          },
          "sensitive_attributes": [],
          "dependencies": [
            "github_membership.bosan120",
            "github_team.ictsc2018"
          ]
        }
      ]
    },
    {
      "mode": "managed",
      "type": "github_team_membership",
      "name": "ictsc2018-gurapomu",
      "provider": "provider[\"registry.terraform.io/integrations/github\"]",
      "instances": [
        {
          "schema_version": 0,
          "attributes": {
            "etag": "W/\"084535bfb72a8b4120dc89a7cc401bd9d604df1e627e46b08e8f118b676cb5ec\"",
            "id": "2818425:gurapomu",
            "role": "member",
            "team_id": "2818425",
            "username": "gurapomu"
          },
          "sensitive_attributes": [],
          "dependencies": [
            "github_membership.gurapomu",
            "github_team.ictsc2018"
          ]
        }
      ]
    },
    {
      "mode": "managed",
      "type": "github_team_membership",
      "name": "ictsc2018-h-otter",
      "provider": "provider[\"registry.terraform.io/integrations/github\"]",
      "instances": [
        {
          "schema_version": 0,
          "attributes": {
            "etag": "W/\"a9952919b522921f4ebea076f65d1d56d2d6947957ee7d8390329ec46279ccd6\"",
            "id": "2818425:h-otter",
            "role": "maintainer",
            "team_id": "2818425",
            "username": "h-otter"
          },
          "sensitive_attributes": [],
          "private": "bnVsbA==",
          "dependencies": [
            "github_membership.h-otter",
            "github_team.ictsc2018"
          ]
        }
      ]
    },
    {
      "mode": "managed",
      "type": "github_team_membership",
      "name": "ictsc2018-ha-kun0711",
      "provider": "provider[\"registry.terraform.io/integrations/github\"]",
      "instances": [
        {
          "schema_version": 0,
          "attributes": {
            "etag": "W/\"170cfe5773b7cef6d5265cc7d7d04bde34599bbf0c4804e81737929beab0f669\"",
            "id": "2818425:ha-kun0711",
            "role": "member",
            "team_id": "2818425",
            "username": "ha-kun0711"
          },
          "sensitive_attributes": [],
          "dependencies": [
            "github_membership.ha-kun0711",
            "github_team.ictsc2018"
          ]
        }
      ]
    },
    {
      "mode": "managed",
      "type": "github_team_membership",
      "name": "ictsc2018-icchy",
      "provider": "provider[\"registry.terraform.io/integrations/github\"]",
      "instances": [
        {
          "schema_version": 0,
          "attributes": {
            "etag": "W/\"091307ed828d795caa7ad849112cc57e30d9fdf0788887fe997bf6c3562185cf\"",
            "id": "2818425:icchy",
            "role": "member",
            "team_id": "2818425",
            "username": "icchy"
          },
          "sensitive_attributes": [],
          "dependencies": [
            "github_membership.icchy",
            "github_team.ictsc2018"
          ]
        }
      ]
    },
    {
      "mode": "managed",
      "type": "github_team_membership",
      "name": "ictsc2018-kyontan",
      "provider": "provider[\"registry.terraform.io/integrations/github\"]",
      "instances": [
        {
          "schema_version": 0,
          "attributes": {
            "etag": "W/\"735e6271049fa7c7b759095ab2c40aa1cdf3eb74258fd82b095c3cd5fc45d1e9\"",
            "id": "2818425:kyontan",
            "role": "member",
            "team_id": "2818425",
            "username": "kyontan"
          },
          "sensitive_attributes": [],
          "dependencies": [
            "github_membership.kyontan",
            "github_team.ictsc2018"
          ]
        }
      ]
    },
    {
      "mode": "managed",
      "type": "github_team_membership",
      "name": "ictsc2018-onokatio",
      "provider": "provider[\"registry.terraform.io/integrations/github\"]",
      "instances": [
        {
          "schema_version": 0,
          "attributes": {
            "etag": "W/\"d02d2de68bd57538d7eea7d72e24b5e95239f69c3d1b72fbf34f8d24bc768a04\"",
            "id": "2818425:onokatio",
            "role": "maintainer",
            "team_id": "2818425",
            "username": "onokatio"
          },
          "sensitive_attributes": [],
          "private": "bnVsbA==",
          "dependencies": [
            "github_membership.onokatio",
            "github_team.ictsc2018"
          ]
        }
      ]
    },
    {
      "mode": "managed",
      "type": "github_team_membership",
      "name": "ictsc2018-orin24",
      "provider": "provider[\"registry.terraform.io/integrations/github\"]",
      "instances": [
        {
          "schema_version": 0,
          "attributes": {
            "etag": "W/\"737e472bc5483b30df12b50abc8ac851ebb39b8adaf1a3752b68cb315105852a\"",
            "id": "2818425:orin24",
            "role": "member",
            "team_id": "2818425",
            "username": "orin24"
          },
          "sensitive_attributes": [],
          "dependencies": [
            "github_membership.orin24",
            "github_team.ictsc2018"
          ]
        }
      ]
    },
    {
      "mode": "managed",
      "type": "github_team_membership",
      "name": "ictsc2018-palloc",
      "provider": "provider[\"registry.terraform.io/integrations/github\"]",
      "instances": [
        {
          "schema_version": 0,
          "attributes": {
            "etag": "W/\"08ffc0d9545920e9d6e46a6d59b1405ee4d477b5b22d999ae4a8721872703bba\"",
            "id": "2818425:palloc",
            "role": "member",
            "team_id": "2818425",
            "username": "palloc"
          },
          "sensitive_attributes": [],
          "dependencies": [
            "github_membership.palloc",
            "github_team.ictsc2018"
          ]
        }
      ]
    },
    {
      "mode": "managed",
      "type": "github_team_membership",
      "name": "ictsc2018-potyama",
      "provider": "provider[\"registry.terraform.io/integrations/github\"]",
      "instances": [
        {
          "schema_version": 0,
          "attributes": {
            "etag": "W/\"b300750170e141c0e461029871af40175f218bd9e72d87739d90639dd2232db0\"",
            "id": "2818425:potyama",
            "role": "member",
            "team_id": "2818425",
            "username": "potyama"
          },
          "sensitive_attributes": [],
          "dependencies": [
            "github_membership.potyama",
            "github_team.ictsc2018"
          ]
        }
      ]
    },
    {
      "mode": "managed",
      "type": "github_team_membership",
      "name": "ictsc2018-proelbtn",
      "provider": "provider[\"registry.terraform.io/integrations/github\"]",
      "instances": [
        {
          "schema_version": 0,
          "attributes": {
            "etag": "W/\"687acba0011d39861fac356bbf3d5eefeaeadc4591dbb54848d0fe6e7d67eeef\"",
            "id": "2818425:proelbtn",
            "role": "maintainer",
            "team_id": "2818425",
            "username": "proelbtn"
          },
          "sensitive_attributes": [],
          "private": "bnVsbA==",
          "dependencies": [
            "github_membership.proelbtn",
            "github_team.ictsc2018"
          ]
        }
      ]
    },
    {
      "mode": "managed",
      "type": "github_team_membership",
      "name": "ictsc2018-sharknasuhorse",
      "provider": "provider[\"registry.terraform.io/integrations/github\"]",
      "instances": [
        {
          "schema_version": 0,
          "attributes": {
            "etag": "W/\"c27a340ae8a6be7d0eb31182eefb4da2b759d69db8ad606bdc37e2bf33a2a7e2\"",
            "id": "2818425:sharknasuhorse",
            "role": "maintainer",
            "team_id": "2818425",
            "username": "sharknasuhorse"
          },
          "sensitive_attributes": [],
          "private": "bnVsbA==",
          "dependencies": [
            "github_membership.sharknasuhorse",
            "github_team.ictsc2018"
          ]
        }
      ]
    },
    {
      "mode": "managed",
      "type": "github_team_membership",
      "name": "ictsc2018-takehaya",
      "provider": "provider[\"registry.terraform.io/integrations/github\"]",
      "instances": [
        {
          "schema_version": 0,
          "attributes": {
            "etag": "W/\"b9cd0c8f1a83f616983a40735f0d0e84178756ddf40f22bda2361122ff2f96ad\"",
            "id": "2818425:takehaya",
            "role": "maintainer",
            "team_id": "2818425",
            "username": "takehaya"
          },
          "sensitive_attributes": [],
          "private": "bnVsbA==",
          "dependencies": [
            "github_membership.takehaya",
            "github_team.ictsc2018"
          ]
        }
      ]
    },
    {
      "mode": "managed",
      "type": "github_team_membership",
      "name": "ictsc2018-uplus",
      "provider": "provider[\"registry.terraform.io/integrations/github\"]",
      "instances": [
        {
          "schema_version": 0,
          "attributes": {
            "etag": "W/\"161aa0d1080561c5c27129a7a62e8b1fb2c20d929b07340a0d0ba8a6a8ca5a5e\"",
            "id": "2818425:uplus",
            "role": "maintainer",
            "team_id": "2818425",
            "username": "uplus"
          },
          "sensitive_attributes": [],
          "private": "bnVsbA==",
          "dependencies": [
            "github_membership.uplus",
            "github_team.ictsc2018"
          ]
        }
      ]
    },
    {
      "mode": "managed",
      "type": "github_team_membership",
      "name": "ictsc2018-whywaita",
      "provider": "provider[\"registry.terraform.io/integrations/github\"]",
      "instances": [
        {
          "schema_version": 0,
          "attributes": {
            "etag": "W/\"028281f5f211f9c1d5fbf00b99b284faacc138993ac0da404653aa0f248d6191\"",
            "id": "2818425:whywaita",
            "role": "maintainer",
            "team_id": "2818425",
            "username": "whywaita"
          },
          "sensitive_attributes": [],
          "private": "bnVsbA==",
          "dependencies": [
            "github_membership.whywaita",
            "github_team.ictsc2018"
          ]
        }
      ]
    },
    {
      "mode": "managed",
      "type": "github_team_membership",
      "name": "ictsc2018-yatuhashi",
      "provider": "provider[\"registry.terraform.io/integrations/github\"]",
      "instances": [
        {
          "schema_version": 0,
          "attributes": {
            "etag": "W/\"8a65e38491a051cbccaf696ea6dfa4791b74bb09a3d8e330afb10f5dc946a633\"",
            "id": "2818425:yatuhashi",
            "role": "member",
            "team_id": "2818425",
            "username": "yatuhashi"
          },
          "sensitive_attributes": [],
          "dependencies": [
            "github_membership.yatuhashi",
            "github_team.ictsc2018"
          ]
        }
      ]
    },
    {
      "mode": "managed",
      "type": "github_team_membership",
      "name": "ictsc2019-Iwancof",
      "provider": "provider[\"registry.terraform.io/integrations/github\"]",
      "instances": [
        {
          "schema_version": 0,
          "attributes": {
            "etag": "W/\"52ed51c82b15f54c2bcf4d523b82ca8643634980b09670e6566313547c68f93d\"",
            "id": "3300293:Iwancof",
            "role": "member",
            "team_id": "3300293",
            "username": "Iwancof"
          },
          "sensitive_attributes": [],
          "dependencies": [
            "github_membership.Iwancof",
            "github_team.ictsc2019"
          ]
        }
      ]
    },
    {
      "mode": "managed",
      "type": "github_team_membership",
      "name": "ictsc2019-Kurorororo",
      "provider": "provider[\"registry.terraform.io/integrations/github\"]",
      "instances": [
        {
          "schema_version": 0,
          "attributes": {
            "etag": "W/\"bf583d7240dc15f03199e4e485d305b386a1b3700aa973e790df55a9ab3e6ed7\"",
            "id": "3300293:Kurorororo",
            "role": "member",
            "team_id": "3300293",
            "username": "Kurorororo"
          },
          "sensitive_attributes": [],
          "dependencies": [
            "github_membership.Kurorororo",
            "github_team.ictsc2019"
          ]
        }
      ]
    },
    {
      "mode": "managed",
      "type": "github_team_membership",
      "name": "ictsc2019-SallyAcolyte",
      "provider": "provider[\"registry.terraform.io/integrations/github\"]",
      "instances": [
        {
          "schema_version": 0,
          "attributes": {
            "etag": "W/\"8dbf68bc5fd24596885f7c791049af57ca388b9887b7ece84d0db678869f257f\"",
            "id": "3300293:SallyAcolyte",
            "role": "member",
            "team_id": "3300293",
            "username": "SallyAcolyte"
          },
          "sensitive_attributes": [],
          "dependencies": [
            "github_membership.SallyAcolyte",
            "github_team.ictsc2019"
          ]
        }
      ]
    },
    {
      "mode": "managed",
      "type": "github_team_membership",
      "name": "ictsc2019-SilEighty-ym",
      "provider": "provider[\"registry.terraform.io/integrations/github\"]",
      "instances": [
        {
          "schema_version": 0,
          "attributes": {
            "etag": "W/\"058cb7b8412ecf1f161e03641d8ac1b72ae6dc384d87e1b80a5ea912ce142175\"",
            "id": "3300293:SilEighty-ym",
            "role": "member",
            "team_id": "3300293",
            "username": "SilEighty-ym"
          },
          "sensitive_attributes": [],
          "dependencies": [
            "github_membership.SilEighty-ym",
            "github_team.ictsc2019"
          ]
        }
      ]
    },
    {
      "mode": "managed",
      "type": "github_team_membership",
      "name": "ictsc2019-TenkiGit",
      "provider": "provider[\"registry.terraform.io/integrations/github\"]",
      "instances": [
        {
          "schema_version": 0,
          "attributes": {
            "etag": "W/\"443f87fc19109592c816201da1061c9dd0fecb35ca6a006d5aacbc70966542c1\"",
            "id": "3300293:TenkiGit",
            "role": "member",
            "team_id": "3300293",
            "username": "TenkiGit"
          },
          "sensitive_attributes": [],
          "dependencies": [
            "github_membership.TenkiGit",
            "github_team.ictsc2019"
          ]
        }
      ]
    },
    {
      "mode": "managed",
      "type": "github_team_membership",
      "name": "ictsc2019-Terfno",
      "provider": "provider[\"registry.terraform.io/integrations/github\"]",
      "instances": [
        {
          "schema_version": 0,
          "attributes": {
            "etag": "W/\"f97a3b0149a207d3f2ce6feaa3433437565b89dd58b15692d82f82019d0d7b14\"",
            "id": "3300293:Terfno",
            "role": "member",
            "team_id": "3300293",
            "username": "Terfno"
          },
          "sensitive_attributes": [],
          "dependencies": [
            "github_membership.Terfno",
            "github_team.ictsc2019"
          ]
        }
      ]
    },
    {
      "mode": "managed",
      "type": "github_team_membership",
      "name": "ictsc2019-arupakan125",
      "provider": "provider[\"registry.terraform.io/integrations/github\"]",
      "instances": [
        {
          "schema_version": 0,
          "attributes": {
            "etag": "W/\"8d794e6c3668d0c119f2c043b50913a07de67095f999ac9bd0341926bde9f626\"",
            "id": "3300293:arupakan125",
            "role": "member",
            "team_id": "3300293",
            "username": "arupakan125"
          },
          "sensitive_attributes": [],
          "dependencies": [
            "github_membership.arupakan125",
            "github_team.ictsc2019"
          ]
        }
      ]
    },
    {
      "mode": "managed",
      "type": "github_team_membership",
      "name": "ictsc2019-beggarl",
      "provider": "provider[\"registry.terraform.io/integrations/github\"]",
      "instances": [
        {
          "schema_version": 0,
          "attributes": {
            "etag": "W/\"b3ac51f076adb847bcf048e96bb224066779407e07b31eb5619ee324f9546aee\"",
            "id": "3300293:beggarl",
            "role": "member",
            "team_id": "3300293",
            "username": "beggarl"
          },
          "sensitive_attributes": [],
          "dependencies": [
            "github_membership.beggarl",
            "github_team.ictsc2019"
          ]
        }
      ]
    },
    {
      "mode": "managed",
      "type": "github_team_membership",
      "name": "ictsc2019-chouett0",
      "provider": "provider[\"registry.terraform.io/integrations/github\"]",
      "instances": [
        {
          "schema_version": 0,
          "attributes": {
            "etag": "W/\"29edd0f19f3ce965af68db1bf49ec0e0c4556e53c504133050b454df9630ce50\"",
            "id": "3300293:chouett0",
            "role": "member",
            "team_id": "3300293",
            "username": "chouett0"
          },
          "sensitive_attributes": [],
          "dependencies": [
            "github_membership.chouett0",
            "github_team.ictsc2019"
          ]
        }
      ]
    },
    {
      "mode": "managed",
      "type": "github_team_membership",
      "name": "ictsc2019-ecodrive-18",
      "provider": "provider[\"registry.terraform.io/integrations/github\"]",
      "instances": [
        {
          "schema_version": 0,
          "attributes": {
            "etag": "W/\"c7d8b32c234396f72f1c489bdf2f29a26e2e23f582e492f9d21e3eceb0f7ae67\"",
            "id": "3300293:ecodrive-18",
            "role": "member",
            "team_id": "3300293",
            "username": "ecodrive-18"
          },
          "sensitive_attributes": [],
          "dependencies": [
            "github_membership.ecodrive-18",
            "github_team.ictsc2019"
          ]
        }
      ]
    },
    {
      "mode": "managed",
      "type": "github_team_membership",
      "name": "ictsc2019-gurapomu",
      "provider": "provider[\"registry.terraform.io/integrations/github\"]",
      "instances": [
        {
          "schema_version": 0,
          "attributes": {
            "etag": "W/\"464dd728002354211384b59ba6c6d9f52cf7b91df4e1c7432408faf944a852aa\"",
            "id": "3300293:gurapomu",
            "role": "member",
            "team_id": "3300293",
            "username": "gurapomu"
          },
          "sensitive_attributes": [],
          "dependencies": [
            "github_membership.gurapomu",
            "github_team.ictsc2019"
          ]
        }
      ]
    },
    {
      "mode": "managed",
      "type": "github_team_membership",
      "name": "ictsc2019-h-otter",
      "provider": "provider[\"registry.terraform.io/integrations/github\"]",
      "instances": [
        {
          "schema_version": 0,
          "attributes": {
            "etag": "W/\"b7df43ecae0a50599e66f97cefb9f77f349367f4aa9b51ab6ac2e385d9d943cf\"",
            "id": "3300293:h-otter",
            "role": "maintainer",
            "team_id": "3300293",
            "username": "h-otter"
          },
          "sensitive_attributes": [],
          "private": "bnVsbA==",
          "dependencies": [
            "github_membership.h-otter",
            "github_team.ictsc2019"
          ]
        }
      ]
    },
    {
      "mode": "managed",
      "type": "github_team_membership",
      "name": "ictsc2019-hibiki31",
      "provider": "provider[\"registry.terraform.io/integrations/github\"]",
      "instances": [
        {
          "schema_version": 0,
          "attributes": {
            "etag": "W/\"ea8bea033e758037a597b869178973007eac7e442c1640c49866fff8f907d8a2\"",
            "id": "3300293:hibiki31",
            "role": "member",
            "team_id": "3300293",
            "username": "hibiki31"
          },
          "sensitive_attributes": [],
          "dependencies": [
            "github_membership.hibiki31",
            "github_team.ictsc2019"
          ]
        }
      ]
    },
    {
      "mode": "managed",
      "type": "github_team_membership",
      "name": "ictsc2019-icchy",
      "provider": "provider[\"registry.terraform.io/integrations/github\"]",
      "instances": [
        {
          "schema_version": 0,
          "attributes": {
            "etag": "W/\"b260eab2006e7fcbc42d9ecaca51737980da1ebcb9b09ba3e3de4788b4903d1a\"",
            "id": "3300293:icchy",
            "role": "member",
            "team_id": "3300293",
            "username": "icchy"
          },
          "sensitive_attributes": [],
          "dependencies": [
            "github_membership.icchy",
            "github_team.ictsc2019"
          ]
        }
      ]
    },
    {
      "mode": "managed",
      "type": "github_team_membership",
      "name": "ictsc2019-kapibara824",
      "provider": "provider[\"registry.terraform.io/integrations/github\"]",
      "instances": [
        {
          "schema_version": 0,
          "attributes": {
            "etag": "W/\"6cbb7749ea71f073d365efa26f94ebb1ce3bdcbad9ff77f88e2b552a2db5ac99\"",
            "id": "3300293:kapibara824",
            "role": "member",
            "team_id": "3300293",
            "username": "kapibara824"
          },
          "sensitive_attributes": [],
          "dependencies": [
            "github_membership.kapibara824",
            "github_team.ictsc2019"
          ]
        }
      ]
    },
    {
      "mode": "managed",
      "type": "github_team_membership",
      "name": "ictsc2019-mbook-x86",
      "provider": "provider[\"registry.terraform.io/integrations/github\"]",
      "instances": [
        {
          "schema_version": 0,
          "attributes": {
            "etag": "W/\"63b778d78f28c69bcf131c04fd2b53b2dd4a8fec40a0cc078f91426f84f386df\"",
            "id": "3300293:mbook-x86",
            "role": "member",
            "team_id": "3300293",
            "username": "mbook-x86"
          },
          "sensitive_attributes": [],
          "dependencies": [
            "github_membership.mbook-x86",
            "github_team.ictsc2019"
          ]
        }
      ]
    },
    {
      "mode": "managed",
      "type": "github_team_membership",
      "name": "ictsc2019-naoki912",
      "provider": "provider[\"registry.terraform.io/integrations/github\"]",
      "instances": [
        {
          "schema_version": 0,
          "attributes": {
            "etag": "W/\"222f6a74d5d820ccc7616b7a29e46853108148473fee51494d61072bcfb1f144\"",
            "id": "3300293:naoki912",
            "role": "member",
            "team_id": "3300293",
            "username": "naoki912"
          },
          "sensitive_attributes": [],
          "dependencies": [
            "github_membership.naoki912",
            "github_team.ictsc2019"
          ]
        }
      ]
    },
    {
      "mode": "managed",
      "type": "github_team_membership",
      "name": "ictsc2019-onokatio",
      "provider": "provider[\"registry.terraform.io/integrations/github\"]",
      "instances": [
        {
          "schema_version": 0,
          "attributes": {
            "etag": "W/\"80da3537cf4ffeb049879ff8f81163df65a5b23c304226fb2c3551801ad921aa\"",
            "id": "3300293:onokatio",
            "role": "maintainer",
            "team_id": "3300293",
            "username": "onokatio"
          },
          "sensitive_attributes": [],
          "private": "bnVsbA==",
          "dependencies": [
            "github_membership.onokatio",
            "github_team.ictsc2019"
          ]
        }
      ]
    },
    {
      "mode": "managed",
      "type": "github_team_membership",
      "name": "ictsc2019-ophum",
      "provider": "provider[\"registry.terraform.io/integrations/github\"]",
      "instances": [
        {
          "schema_version": 0,
          "attributes": {
            "etag": "W/\"388e303dbb19917db89b976d11e84257ca3aef243cff8a3ee0fa93ccddcbd1ec\"",
            "id": "3300293:ophum",
            "role": "member",
            "team_id": "3300293",
            "username": "ophum"
          },
          "sensitive_attributes": [],
          "dependencies": [
            "github_membership.ophum",
            "github_team.ictsc2019"
          ]
        }
      ]
    },
    {
      "mode": "managed",
      "type": "github_team_membership",
      "name": "ictsc2019-potyama",
      "provider": "provider[\"registry.terraform.io/integrations/github\"]",
      "instances": [
        {
          "schema_version": 0,
          "attributes": {
            "etag": "W/\"a860db817e27fc71b7c8f9fa3dd921093311e8e9f399f7fb4479be214af65169\"",
            "id": "3300293:potyama",
            "role": "member",
            "team_id": "3300293",
            "username": "potyama"
          },
          "sensitive_attributes": [],
          "dependencies": [
            "github_membership.potyama",
            "github_team.ictsc2019"
          ]
        }
      ]
    },
    {
      "mode": "managed",
      "type": "github_team_membership",
      "name": "ictsc2019-proelbtn",
      "provider": "provider[\"registry.terraform.io/integrations/github\"]",
      "instances": [
        {
          "schema_version": 0,
          "attributes": {
            "etag": "W/\"3f5ec41d91a937381a181b6505cb4d49b0a584d7aab52cd6fe76ce166dc5452c\"",
            "id": "3300293:proelbtn",
            "role": "maintainer",
            "team_id": "3300293",
            "username": "proelbtn"
          },
          "sensitive_attributes": [],
          "private": "bnVsbA==",
          "dependencies": [
            "github_membership.proelbtn",
            "github_team.ictsc2019"
          ]
        }
      ]
    },
    {
      "mode": "managed",
      "type": "github_team_membership",
      "name": "ictsc2019-recuraki",
      "provider": "provider[\"registry.terraform.io/integrations/github\"]",
      "instances": [
        {
          "schema_version": 0,
          "attributes": {
            "etag": "W/\"941d56ab7c149c0c97a02c79178ef50d5d930cfb6898b710b428bdfb6f811923\"",
            "id": "3300293:recuraki",
            "role": "member",
            "team_id": "3300293",
            "username": "recuraki"
          },
          "sensitive_attributes": [],
          "dependencies": [
            "github_membership.recuraki",
            "github_team.ictsc2019"
          ]
        }
      ]
    },
    {
      "mode": "managed",
      "type": "github_team_membership",
      "name": "ictsc2019-rlia",
      "provider": "provider[\"registry.terraform.io/integrations/github\"]",
      "instances": [
        {
          "schema_version": 0,
          "attributes": {
            "etag": "W/\"84cbf70445d5efaec6bee6f1b6729d328cf100fe0aacf8c4418d438f587b4b07\"",
            "id": "3300293:rlia",
            "role": "member",
            "team_id": "3300293",
            "username": "rlia"
          },
          "sensitive_attributes": [],
          "dependencies": [
            "github_membership.rlia",
            "github_team.ictsc2019"
          ]
        }
      ]
    },
    {
      "mode": "managed",
      "type": "github_team_membership",
      "name": "ictsc2019-sharknasuhorse",
      "provider": "provider[\"registry.terraform.io/integrations/github\"]",
      "instances": [
        {
          "schema_version": 0,
          "attributes": {
            "etag": "W/\"34cf03064e4942b12ba519eab734fb0a5c98c96849f7ec47293cfef5099dfb21\"",
            "id": "3300293:sharknasuhorse",
            "role": "maintainer",
            "team_id": "3300293",
            "username": "sharknasuhorse"
          },
          "sensitive_attributes": [],
          "private": "bnVsbA==",
          "dependencies": [
            "github_membership.sharknasuhorse",
            "github_team.ictsc2019"
          ]
        }
      ]
    },
    {
      "mode": "managed",
      "type": "github_team_membership",
      "name": "ictsc2019-site0801",
      "provider": "provider[\"registry.terraform.io/integrations/github\"]",
      "instances": [
        {
          "schema_version": 0,
          "attributes": {
            "etag": "W/\"31e52b5882349c0c248e351e5dc7f7ce4c826839d142c181da6a8c8eac207ebc\"",
            "id": "3300293:site0801",
            "role": "member",
            "team_id": "3300293",
            "username": "site0801"
          },
          "sensitive_attributes": [],
          "dependencies": [
            "github_membership.site0801",
            "github_team.ictsc2019"
          ]
        }
      ]
    },
    {
      "mode": "managed",
      "type": "github_team_membership",
      "name": "ictsc2019-syuli",
      "provider": "provider[\"registry.terraform.io/integrations/github\"]",
      "instances": [
        {
          "schema_version": 0,
          "attributes": {
            "etag": "W/\"464ca5e992789d120640c46ad9e65fc265b5ee5a9e9de2cb62fee76cf6874854\"",
            "id": "3300293:syuli",
            "role": "member",
            "team_id": "3300293",
            "username": "syuli"
          },
          "sensitive_attributes": [],
          "dependencies": [
            "github_membership.syuli",
            "github_team.ictsc2019"
          ]
        }
      ]
    },
    {
      "mode": "managed",
      "type": "github_team_membership",
      "name": "ictsc2019-takehaya",
      "provider": "provider[\"registry.terraform.io/integrations/github\"]",
      "instances": [
        {
          "schema_version": 0,
          "attributes": {
            "etag": "W/\"d66f34129289d5c4ba4fe12be2fff9f9cfe6c045be80debaf0962e6fb630e7d8\"",
            "id": "3300293:takehaya",
            "role": "maintainer",
            "team_id": "3300293",
            "username": "takehaya"
          },
          "sensitive_attributes": [],
          "private": "bnVsbA==",
          "dependencies": [
            "github_membership.takehaya",
            "github_team.ictsc2019"
          ]
        }
      ]
    },
    {
      "mode": "managed",
      "type": "github_team_membership",
      "name": "ictsc2019-tom--bo",
      "provider": "provider[\"registry.terraform.io/integrations/github\"]",
      "instances": [
        {
          "schema_version": 0,
          "attributes": {
            "etag": "W/\"6b6ca10312332005745bcaeaf4077e8d46c049bccc66b79487143c1477bb49ac\"",
            "id": "3300293:tom--bo",
            "role": "member",
            "team_id": "3300293",
            "username": "tom--bo"
          },
          "sensitive_attributes": [],
          "dependencies": [
            "github_membership.tom--bo",
            "github_team.ictsc2019"
          ]
        }
      ]
    },
    {
      "mode": "managed",
      "type": "github_team_membership",
      "name": "ictsc2019-uplus",
      "provider": "provider[\"registry.terraform.io/integrations/github\"]",
      "instances": [
        {
          "schema_version": 0,
          "attributes": {
            "etag": "W/\"cee55c3886214ca1117cd5b438eddb03141a58b4477c1621d6ec2049619b966e\"",
            "id": "3300293:uplus",
            "role": "maintainer",
            "team_id": "3300293",
            "username": "uplus"
          },
          "sensitive_attributes": [],
          "private": "bnVsbA==",
          "dependencies": [
            "github_membership.uplus",
            "github_team.ictsc2019"
          ]
        }
      ]
    },
    {
      "mode": "managed",
      "type": "github_team_membership",
      "name": "ictsc2019-yo-kanyukari",
      "provider": "provider[\"registry.terraform.io/integrations/github\"]",
      "instances": [
        {
          "schema_version": 0,
          "attributes": {
            "etag": "W/\"ccb2f0166e2479edfba69d76a6c1c742b43d98685b045ba5793dec6db81f0265\"",
            "id": "3300293:siberiy4",
            "role": "member",
            "team_id": "3300293",
            "username": "siberiy4"
          },
          "sensitive_attributes": [],
          "private": "bnVsbA==",
          "dependencies": [
            "github_membership.yo-kanyukari",
            "github_team.ictsc2019"
          ]
        }
      ]
    },
    {
      "mode": "managed",
      "type": "github_team_membership",
      "name": "ictsc2019-yoneyan",
      "provider": "provider[\"registry.terraform.io/integrations/github\"]",
      "instances": [
        {
          "schema_version": 0,
          "attributes": {
            "etag": "W/\"b87fff461ecf7fd2c259e17c35899131d619f1db9498b55b39de0d913f585f7e\"",
            "id": "3300293:yoneyan",
            "role": "member",
            "team_id": "3300293",
            "username": "yoneyan"
          },
          "sensitive_attributes": [],
          "dependencies": [
            "github_membership.yoneyan",
            "github_team.ictsc2019"
          ]
        }
      ]
    },
    {
      "mode": "managed",
      "type": "github_team_membership",
      "name": "ictsc2019-yu-tanaka00",
      "provider": "provider[\"registry.terraform.io/integrations/github\"]",
      "instances": [
        {
          "schema_version": 0,
          "attributes": {
            "etag": "W/\"047035611dec988b0f4d70f62d2d3fb8e7da4ca9804f633c3ce5cf8315adcb3f\"",
            "id": "3300293:yu-tanaka00",
            "role": "member",
            "team_id": "3300293",
            "username": "yu-tanaka00"
          },
          "sensitive_attributes": [],
          "dependencies": [
            "github_membership.yu-tanaka00",
            "github_team.ictsc2019"
          ]
        }
      ]
    },
    {
      "mode": "managed",
      "type": "github_team_membership",
      "name": "ictsc2020-Hicky1025",
      "provider": "provider[\"registry.terraform.io/integrations/github\"]",
      "instances": [
        {
          "schema_version": 0,
          "attributes": {
            "etag": "W/\"9a6aad6fb7044c7d6c224e98947b15279b9fe4dc7344fb5ae54126289e47ac27\"",
            "id": "3894829:Hicky1025",
            "role": "member",
            "team_id": "3894829",
            "username": "Hicky1025"
          },
          "sensitive_attributes": [],
          "dependencies": [
            "github_membership.Hicky1025",
            "github_team.ictsc2020"
          ]
        }
      ]
    },
    {
      "mode": "managed",
      "type": "github_team_membership",
      "name": "ictsc2020-TenkiGit",
      "provider": "provider[\"registry.terraform.io/integrations/github\"]",
      "instances": [
        {
          "schema_version": 0,
          "attributes": {
            "etag": "W/\"d3db2d4d174d22a062697926217cc47b4602dba51cceda0ae6c13595dfef93e8\"",
            "id": "3894829:TenkiGit",
            "role": "member",
            "team_id": "3894829",
            "username": "TenkiGit"
          },
          "sensitive_attributes": [],
          "dependencies": [
            "github_membership.TenkiGit",
            "github_team.ictsc2020"
          ]
        }
      ]
    },
    {
      "mode": "managed",
      "type": "github_team_membership",
      "name": "ictsc2020-Terfno",
      "provider": "provider[\"registry.terraform.io/integrations/github\"]",
      "instances": [
        {
          "schema_version": 0,
          "attributes": {
            "etag": "W/\"1c944c0de5b259831c4ea50a033a1a3bb8bb5436825eeb3a8d4e4a7fa7751a11\"",
            "id": "3894829:Terfno",
            "role": "member",
            "team_id": "3894829",
            "username": "Terfno"
          },
          "sensitive_attributes": [],
          "dependencies": [
            "github_membership.Terfno",
            "github_team.ictsc2020"
          ]
        }
      ]
    },
    {
      "mode": "managed",
      "type": "github_team_membership",
      "name": "ictsc2020-arupakan125",
      "provider": "provider[\"registry.terraform.io/integrations/github\"]",
      "instances": [
        {
          "schema_version": 0,
          "attributes": {
            "etag": "W/\"624feccb9a405e7b44a10439ba89336c49005ba8a80b5fc77a049919b62009d1\"",
            "id": "3894829:arupakan125",
            "role": "member",
            "team_id": "3894829",
            "username": "arupakan125"
          },
          "sensitive_attributes": [],
          "dependencies": [
            "github_membership.arupakan125",
            "github_team.ictsc2020"
          ]
        }
      ]
    },
    {
      "mode": "managed",
      "type": "github_team_membership",
      "name": "ictsc2020-hibiki31",
      "provider": "provider[\"registry.terraform.io/integrations/github\"]",
      "instances": [
        {
          "schema_version": 0,
          "attributes": {
            "etag": "W/\"90f03aa69d1c5102dd6adb274a100a908ea63b0cf35c98fc38b3777a93cb67cc\"",
            "id": "3894829:hibiki31",
            "role": "member",
            "team_id": "3894829",
            "username": "hibiki31"
          },
          "sensitive_attributes": [],
          "dependencies": [
            "github_membership.hibiki31",
            "github_team.ictsc2020"
          ]
        }
      ]
    },
    {
      "mode": "managed",
      "type": "github_team_membership",
      "name": "ictsc2020-kapibara824",
      "provider": "provider[\"registry.terraform.io/integrations/github\"]",
      "instances": [
        {
          "schema_version": 0,
          "attributes": {
            "etag": "W/\"e0d8f5965232d84a689a65dae88fa3cf2d95dad5c63424de019e4b285df8a459\"",
            "id": "3894829:kapibara824",
            "role": "member",
            "team_id": "3894829",
            "username": "kapibara824"
          },
          "sensitive_attributes": [],
          "dependencies": [
            "github_membership.kapibara824",
            "github_team.ictsc2020"
          ]
        }
      ]
    },
    {
      "mode": "managed",
      "type": "github_team_membership",
      "name": "ictsc2020-nakasyo2650",
      "provider": "provider[\"registry.terraform.io/integrations/github\"]",
      "instances": [
        {
          "schema_version": 0,
          "attributes": {
            "etag": "W/\"ca9c1dfad23a8529f07e7a53883d98ce84011b270825cfa4a9b9d4bacc4de4fe\"",
            "id": "3894829:nakasyo2650",
            "role": "member",
            "team_id": "3894829",
            "username": "nakasyo2650"
          },
          "sensitive_attributes": [],
          "dependencies": [
            "github_membership.nakasyo2650",
            "github_team.ictsc2020"
          ]
        }
      ]
    },
    {
      "mode": "managed",
      "type": "github_team_membership",
      "name": "ictsc2020-naoki2001",
      "provider": "provider[\"registry.terraform.io/integrations/github\"]",
      "instances": [
        {
          "schema_version": 0,
          "attributes": {
            "etag": "W/\"095b9c333679b8238dddd5a802f4c8fa3839351d8e9249aee754a2e25ed9e317\"",
            "id": "3894829:naoki2001",
            "role": "member",
            "team_id": "3894829",
            "username": "naoki2001"
          },
          "sensitive_attributes": [],
          "dependencies": [
            "github_membership.naoki2001",
            "github_team.ictsc2020"
          ]
        }
      ]
    },
    {
      "mode": "managed",
      "type": "github_team_membership",
      "name": "ictsc2020-onokatio",
      "provider": "provider[\"registry.terraform.io/integrations/github\"]",
      "instances": [
        {
          "schema_version": 0,
          "attributes": {
            "etag": "W/\"a3191499740eaeeb2a6cd2eec57502a463012c80465efe6fc0cbb2a2ee7f7419\"",
            "id": "3894829:onokatio",
            "role": "maintainer",
            "team_id": "3894829",
            "username": "onokatio"
          },
          "sensitive_attributes": [],
          "private": "bnVsbA==",
          "dependencies": [
            "github_membership.onokatio",
            "github_team.ictsc2020"
          ]
        }
      ]
    },
    {
      "mode": "managed",
      "type": "github_team_membership",
      "name": "ictsc2020-ophum",
      "provider": "provider[\"registry.terraform.io/integrations/github\"]",
      "instances": [
        {
          "schema_version": 0,
          "attributes": {
            "etag": "W/\"309f3957f57d784b5c16e1400308de4fe8527adfbb8b27fea54757d16a8e8ada\"",
            "id": "3894829:ophum",
            "role": "member",
            "team_id": "3894829",
            "username": "ophum"
          },
          "sensitive_attributes": [],
          "dependencies": [
            "github_membership.ophum",
            "github_team.ictsc2020"
          ]
        }
      ]
    },
    {
      "mode": "managed",
      "type": "github_team_membership",
      "name": "ictsc2020-potyama",
      "provider": "provider[\"registry.terraform.io/integrations/github\"]",
      "instances": [
        {
          "schema_version": 0,
          "attributes": {
            "etag": "W/\"2012494e23393529413901acdecc7edc8b72bdfe183841c98616779447108379\"",
            "id": "3894829:potyama",
            "role": "member",
            "team_id": "3894829",
            "username": "potyama"
          },
          "sensitive_attributes": [],
          "dependencies": [
            "github_membership.potyama",
            "github_team.ictsc2020"
          ]
        }
      ]
    },
    {
      "mode": "managed",
      "type": "github_team_membership",
      "name": "ictsc2020-proelbtn",
      "provider": "provider[\"registry.terraform.io/integrations/github\"]",
      "instances": [
        {
          "schema_version": 0,
          "attributes": {
            "etag": "W/\"42fdfa4220cb3bb2fb0ec99fbc4b7e9f372f198fe3e74ed89e6fa90008e64c7c\"",
            "id": "3894829:proelbtn",
            "role": "maintainer",
            "team_id": "3894829",
            "username": "proelbtn"
          },
          "sensitive_attributes": [],
          "private": "bnVsbA==",
          "dependencies": [
            "github_membership.proelbtn",
            "github_team.ictsc2020"
          ]
        }
      ]
    },
    {
      "mode": "managed",
      "type": "github_team_membership",
      "name": "ictsc2020-rlia",
      "provider": "provider[\"registry.terraform.io/integrations/github\"]",
      "instances": [
        {
          "schema_version": 0,
          "attributes": {
            "etag": "W/\"44fb1647469f5d1f91efeb02f8b147aaa8a0523878bf089fbd02d9e075e07704\"",
            "id": "3894829:rlia",
            "role": "member",
            "team_id": "3894829",
            "username": "rlia"
          },
          "sensitive_attributes": [],
          "dependencies": [
            "github_membership.rlia",
            "github_team.ictsc2020"
          ]
        }
      ]
    },
    {
      "mode": "managed",
      "type": "github_team_membership",
      "name": "ictsc2020-site0801",
      "provider": "provider[\"registry.terraform.io/integrations/github\"]",
      "instances": [
        {
          "schema_version": 0,
          "attributes": {
            "etag": "W/\"0ea989727362647178125067b6f66238693f361b582276f361a036495889f9f0\"",
            "id": "3894829:site0801",
            "role": "member",
            "team_id": "3894829",
            "username": "site0801"
          },
          "sensitive_attributes": [],
          "dependencies": [
            "github_membership.site0801",
            "github_team.ictsc2020"
          ]
        }
      ]
    },
    {
      "mode": "managed",
      "type": "github_team_membership",
      "name": "ictsc2020-takehaya",
      "provider": "provider[\"registry.terraform.io/integrations/github\"]",
      "instances": [
        {
          "schema_version": 0,
          "attributes": {
            "etag": "W/\"13f8322b9426895936000dbdcc2b362e3f3bcff397ba0a1a73330ec1e7a08699\"",
            "id": "3894829:takehaya",
            "role": "maintainer",
            "team_id": "3894829",
            "username": "takehaya"
          },
          "sensitive_attributes": [],
          "private": "bnVsbA==",
          "dependencies": [
            "github_membership.takehaya",
            "github_team.ictsc2020"
          ]
        }
      ]
    },
    {
      "mode": "managed",
      "type": "github_team_membership",
      "name": "ictsc2020-tanishi001",
      "provider": "provider[\"registry.terraform.io/integrations/github\"]",
      "instances": [
        {
          "schema_version": 0,
          "attributes": {
            "etag": "W/\"2df5991b8552d21239d119b1a8848326e5ba571664f3535feef58e7a50594160\"",
            "id": "3894829:tanishi001",
            "role": "member",
            "team_id": "3894829",
            "username": "tanishi001"
          },
          "sensitive_attributes": [],
          "dependencies": [
            "github_membership.tanishi001",
            "github_team.ictsc2020"
          ]
        }
      ]
    },
    {
      "mode": "managed",
      "type": "github_team_membership",
      "name": "ictsc2020-uplus",
      "provider": "provider[\"registry.terraform.io/integrations/github\"]",
      "instances": [
        {
          "schema_version": 0,
          "attributes": {
            "etag": "W/\"ffd574c2173545196fc7305c5952c2c04f713925ce14f8ad33198798ed056678\"",
            "id": "3894829:uplus",
            "role": "maintainer",
            "team_id": "3894829",
            "username": "uplus"
          },
          "sensitive_attributes": [],
          "private": "bnVsbA==",
          "dependencies": [
            "github_membership.uplus",
            "github_team.ictsc2020"
          ]
        }
      ]
    },
    {
      "mode": "managed",
      "type": "github_team_membership",
      "name": "ictsc2020-x86taka",
      "provider": "provider[\"registry.terraform.io/integrations/github\"]",
      "instances": [
        {
          "schema_version": 0,
          "attributes": {
            "etag": "W/\"5f90bd0bde39e44b852e1911f07f67d08a392215ff27f2fefa9bde21272d9c99\"",
            "id": "3894829:x86taka",
            "role": "maintainer",
            "team_id": "3894829",
            "username": "x86taka"
          },
          "sensitive_attributes": [],
          "private": "bnVsbA==",
          "dependencies": [
            "github_membership.x86taka",
            "github_team.ictsc2020"
          ]
        }
      ]
    },
    {
      "mode": "managed",
      "type": "github_team_membership",
      "name": "ictsc2020-yo-kanyukari",
      "provider": "provider[\"registry.terraform.io/integrations/github\"]",
      "instances": [
        {
          "schema_version": 0,
          "attributes": {
            "etag": "W/\"35d0117b1defeef0642cd106c065893861477e5a8915855bd22d68f638964d18\"",
            "id": "3894829:siberiy4",
            "role": "member",
            "team_id": "3894829",
            "username": "siberiy4"
          },
          "sensitive_attributes": [],
          "private": "bnVsbA==",
          "dependencies": [
            "github_membership.yo-kanyukari",
            "github_team.ictsc2020"
          ]
        }
      ]
    },
    {
      "mode": "managed",
      "type": "github_team_membership",
      "name": "ictsc2020-yoneyan",
      "provider": "provider[\"registry.terraform.io/integrations/github\"]",
      "instances": [
        {
          "schema_version": 0,
          "attributes": {
            "etag": "W/\"872e1579b61959d3e62375b1242e307024b39ecc954b5043c94c2a7ec734f2ee\"",
            "id": "3894829:yoneyan",
            "role": "member",
            "team_id": "3894829",
            "username": "yoneyan"
          },
          "sensitive_attributes": [],
          "dependencies": [
            "github_membership.yoneyan",
            "github_team.ictsc2020"
          ]
        }
      ]
    },
    {
      "mode": "managed",
      "type": "github_team_membership",
      "name": "ictsc2020-yukamoja",
      "provider": "provider[\"registry.terraform.io/integrations/github\"]",
      "instances": [
        {
          "schema_version": 0,
          "attributes": {
            "etag": "W/\"129361071d83924b4916165158bfe2a7037263fa3006542eef65f42707a7e303\"",
            "id": "3894829:yukamoja",
            "role": "maintainer",
            "team_id": "3894829",
            "username": "yukamoja"
          },
          "sensitive_attributes": [],
          "private": "bnVsbA==",
          "dependencies": [
            "github_membership.yukamoja",
            "github_team.ictsc2020"
          ]
        }
      ]
    },
    {
      "mode": "managed",
      "type": "github_team_membership",
      "name": "ictsc2020-zeroalphat",
      "provider": "provider[\"registry.terraform.io/integrations/github\"]",
      "instances": [
        {
          "schema_version": 0,
          "attributes": {
            "etag": "W/\"d016f54e38b6cf24463a3a29b633099c646258f66e88de8bf4c733a4daafbb5d\"",
            "id": "3894829:zeroalphat",
            "role": "member",
            "team_id": "3894829",
            "username": "zeroalphat"
          },
          "sensitive_attributes": [],
          "dependencies": [
            "github_membership.zeroalphat",
            "github_team.ictsc2020"
          ]
        }
      ]
    },
    {
      "mode": "managed",
      "type": "github_team_membership",
      "name": "ictsc2021-Explosive6363",
      "provider": "provider[\"registry.terraform.io/integrations/github\"]",
      "instances": [
        {
          "schema_version": 0,
          "attributes": {
            "etag": "W/\"88f3e7fc9bfe507d368d29997e5752583f1618e1fb0fd64c917851788dd81852\"",
            "id": "4811781:Explosive6363",
            "role": "maintainer",
            "team_id": "4811781",
            "username": "Explosive6363"
          },
          "sensitive_attributes": [],
          "private": "bnVsbA==",
          "dependencies": [
            "github_membership.Explosive6363",
            "github_team.ictsc2021"
          ]
        }
      ]
    },
    {
      "mode": "managed",
      "type": "github_team_membership",
      "name": "ictsc2021-Hicky1025",
      "provider": "provider[\"registry.terraform.io/integrations/github\"]",
      "instances": [
        {
          "schema_version": 0,
          "attributes": {
            "etag": "W/\"5bfa5d914c42c95b9fbc6a6a51e84194b8aea37995a08324f4100858ab5d8dbe\"",
            "id": "4811781:Hicky1025",
            "role": "member",
            "team_id": "4811781",
            "username": "Hicky1025"
          },
          "sensitive_attributes": [],
          "dependencies": [
            "github_membership.Hicky1025",
            "github_team.ictsc2021"
          ]
        }
      ]
    },
    {
      "mode": "managed",
      "type": "github_team_membership",
      "name": "ictsc2021-K-shir0",
      "provider": "provider[\"registry.terraform.io/integrations/github\"]",
      "instances": [
        {
          "schema_version": 0,
          "attributes": {
            "etag": "W/\"67da2fb4dafe36da24610490f3099d38c7587d89c089476f335d72c12ccbb6e9\"",
            "id": "4811781:K-shir0",
            "role": "member",
            "team_id": "4811781",
            "username": "K-shir0"
          },
          "sensitive_attributes": [],
          "dependencies": [
            "github_membership.K-shir0",
            "github_team.ictsc2021"
          ]
        }
      ]
    },
    {
      "mode": "managed",
      "type": "github_team_membership",
      "name": "ictsc2021-Terfno",
      "provider": "provider[\"registry.terraform.io/integrations/github\"]",
      "instances": [
        {
          "schema_version": 0,
          "attributes": {
            "etag": "W/\"7de2ce5ae100b3eaa290a7f5a3deae5ae4fac83ce69e3909192ba7eb0d88b954\"",
            "id": "4811781:Terfno",
            "role": "member",
            "team_id": "4811781",
            "username": "Terfno"
          },
          "sensitive_attributes": [],
          "dependencies": [
            "github_membership.Terfno",
            "github_team.ictsc2021"
          ]
        }
      ]
    },
    {
      "mode": "managed",
      "type": "github_team_membership",
      "name": "ictsc2021-arupakan125",
      "provider": "provider[\"registry.terraform.io/integrations/github\"]",
      "instances": [
        {
          "schema_version": 0,
          "attributes": {
            "etag": "W/\"2b3fd700faa84796fd9fd9a09f0ead721a01d625aca757d4fab931c750ce4fbe\"",
            "id": "4811781:arupakan125",
            "role": "member",
            "team_id": "4811781",
            "username": "arupakan125"
          },
          "sensitive_attributes": [],
          "dependencies": [
            "github_membership.arupakan125",
            "github_team.ictsc2021"
          ]
        }
      ]
    },
    {
      "mode": "managed",
      "type": "github_team_membership",
      "name": "ictsc2021-chaya2z",
      "provider": "provider[\"registry.terraform.io/integrations/github\"]",
      "instances": [
        {
          "schema_version": 0,
          "attributes": {
            "etag": "W/\"b729c105df53b48656e4f25f96f9313a5c6d64d08157fdf129828118dbdfb86c\"",
            "id": "4811781:chaya2z",
            "role": "member",
            "team_id": "4811781",
            "username": "chaya2z"
          },
          "sensitive_attributes": [],
          "dependencies": [
            "github_membership.chaya2z",
            "github_team.ictsc2021"
          ]
        }
      ]
    },
    {
      "mode": "managed",
      "type": "github_team_membership",
      "name": "ictsc2021-kapibara824",
      "provider": "provider[\"registry.terraform.io/integrations/github\"]",
      "instances": [
        {
          "schema_version": 0,
          "attributes": {
            "etag": "W/\"51b4346502fda398e69be7ad242f91c9ca208b565e55ef4a8525b9525d0807af\"",
            "id": "4811781:kapibara824",
            "role": "member",
            "team_id": "4811781",
            "username": "kapibara824"
          },
          "sensitive_attributes": [],
          "dependencies": [
            "github_membership.kapibara824",
            "github_team.ictsc2021"
          ]
        }
      ]
    },
    {
      "mode": "managed",
      "type": "github_team_membership",
      "name": "ictsc2021-onokatio",
      "provider": "provider[\"registry.terraform.io/integrations/github\"]",
      "instances": [
        {
          "schema_version": 0,
          "attributes": {
            "etag": "W/\"0b1b8a61c590e3a181c833fdbe3223d7696992dfad293c3e350d75496191db47\"",
            "id": "4811781:onokatio",
            "role": "maintainer",
            "team_id": "4811781",
            "username": "onokatio"
          },
          "sensitive_attributes": [],
          "private": "bnVsbA==",
          "dependencies": [
            "github_membership.onokatio",
            "github_team.ictsc2021"
          ]
        }
      ]
    },
    {
      "mode": "managed",
      "type": "github_team_membership",
      "name": "ictsc2021-ophum",
      "provider": "provider[\"registry.terraform.io/integrations/github\"]",
      "instances": [
        {
          "schema_version": 0,
          "attributes": {
            "etag": "W/\"79de0c9db368e54767f992f82f3829d015a13ce2fedd2c832c4367cdf1df45f4\"",
            "id": "4811781:ophum",
            "role": "member",
            "team_id": "4811781",
            "username": "ophum"
          },
          "sensitive_attributes": [],
          "dependencies": [
            "github_membership.ophum",
            "github_team.ictsc2021"
          ]
        }
      ]
    },
    {
      "mode": "managed",
      "type": "github_team_membership",
      "name": "ictsc2021-proelbtn",
      "provider": "provider[\"registry.terraform.io/integrations/github\"]",
      "instances": [
        {
          "schema_version": 0,
          "attributes": {
            "etag": "W/\"7b4451109e69afe312c333285d234bc9d3e0258b22996f14b0e496dc35f76db2\"",
            "id": "4811781:proelbtn",
            "role": "maintainer",
            "team_id": "4811781",
            "username": "proelbtn"
          },
          "sensitive_attributes": [],
          "private": "bnVsbA==",
          "dependencies": [
            "github_membership.proelbtn",
            "github_team.ictsc2021"
          ]
        }
      ]
    },
    {
      "mode": "managed",
      "type": "github_team_membership",
      "name": "ictsc2021-site0801",
      "provider": "provider[\"registry.terraform.io/integrations/github\"]",
      "instances": [
        {
          "schema_version": 0,
          "attributes": {
            "etag": "W/\"d50b2dcb0a7b4c8f346c5f15d73a9a568fa7fe84ac60c39877dd47450f7e3f73\"",
            "id": "4811781:site0801",
            "role": "member",
            "team_id": "4811781",
            "username": "site0801"
          },
          "sensitive_attributes": [],
          "dependencies": [
            "github_membership.site0801",
            "github_team.ictsc2021"
          ]
        }
      ]
    },
    {
      "mode": "managed",
      "type": "github_team_membership",
      "name": "ictsc2021-tomatoaas",
      "provider": "provider[\"registry.terraform.io/integrations/github\"]",
      "instances": [
        {
          "schema_version": 0,
          "attributes": {
            "etag": "W/\"82cc0ab27de8d261e9828e9a08cb4c543a9f9be6e60a62aba2d2358cd80ce355\"",
            "id": "4811781:tomatoaas",
            "role": "member",
            "team_id": "4811781",
            "username": "tomatoaas"
          },
          "sensitive_attributes": [],
          "dependencies": [
            "github_membership.tomatoaas",
            "github_team.ictsc2021"
          ]
        }
      ]
    },
    {
      "mode": "managed",
      "type": "github_team_membership",
      "name": "ictsc2021-x86taka",
      "provider": "provider[\"registry.terraform.io/integrations/github\"]",
      "instances": [
        {
          "schema_version": 0,
          "attributes": {
            "etag": "W/\"fb7de8d491189631a58d1ade66f9c64d13e90523a0c274d28985f35ea509fed4\"",
            "id": "4811781:x86taka",
            "role": "maintainer",
            "team_id": "4811781",
            "username": "x86taka"
          },
          "sensitive_attributes": [],
          "private": "bnVsbA==",
          "dependencies": [
            "github_membership.x86taka",
            "github_team.ictsc2021"
          ]
        }
      ]
    },
    {
      "mode": "managed",
      "type": "github_team_membership",
      "name": "ictsc2021-yo-kanyukari",
      "provider": "provider[\"registry.terraform.io/integrations/github\"]",
      "instances": [
        {
          "schema_version": 0,
          "attributes": {
            "etag": "W/\"db6c0abbcecac52a0338acaaad705c4698a4b05ab3af0b341a522bbeca8b0d70\"",
            "id": "4811781:siberiy4",
            "role": "member",
            "team_id": "4811781",
            "username": "siberiy4"
          },
          "sensitive_attributes": [],
          "private": "bnVsbA==",
          "dependencies": [
            "github_membership.yo-kanyukari",
            "github_team.ictsc2021"
          ]
        }
      ]
    },
    {
      "mode": "managed",
      "type": "github_team_membership",
      "name": "ictsc2021-yoneyan",
      "provider": "provider[\"registry.terraform.io/integrations/github\"]",
      "instances": [
        {
          "schema_version": 0,
          "attributes": {
            "etag": "W/\"abb0fabba935eac1409477b93da47f7ae57ba6f742e5adcc6a80d388ccbeec55\"",
            "id": "4811781:yoneyan",
            "role": "member",
            "team_id": "4811781",
            "username": "yoneyan"
          },
          "sensitive_attributes": [],
          "dependencies": [
            "github_membership.yoneyan",
            "github_team.ictsc2021"
          ]
        }
      ]
    },
    {
      "mode": "managed",
      "type": "github_team_membership",
      "name": "ictsc2022-Crow314",
      "provider": "provider[\"registry.terraform.io/integrations/github\"]",
      "instances": [
        {
          "schema_version": 0,
          "attributes": {
            "etag": "W/\"f2e256fa80d4b1fc9193268efccdec80975bbdc5dd57bbcd9a1e29374ed53cfc\"",
            "id": "7097691:Crow314",
            "role": "member",
            "team_id": "7097691",
            "username": "Crow314"
          },
          "sensitive_attributes": [],
          "private": "bnVsbA==",
          "dependencies": [
            "github_membership.Crow314",
            "github_team.ictsc2022"
          ]
        }
      ]
    },
    {
      "mode": "managed",
      "type": "github_team_membership",
      "name": "ictsc2022-Explosive6363",
      "provider": "provider[\"registry.terraform.io/integrations/github\"]",
      "instances": [
        {
          "schema_version": 0,
          "attributes": {
            "etag": "W/\"fc3fcd9f71b26624ea84a44c8e0404ce41a235cc782bbcfaeea1caa8f5faec08\"",
            "id": "7097691:Explosive6363",
            "role": "maintainer",
            "team_id": "7097691",
            "username": "Explosive6363"
          },
          "sensitive_attributes": [],
          "private": "bnVsbA==",
          "dependencies": [
            "github_membership.Explosive6363",
            "github_team.ictsc2022"
          ]
        }
      ]
    },
    {
      "mode": "managed",
      "type": "github_team_membership",
      "name": "ictsc2022-Hicky1025",
      "provider": "provider[\"registry.terraform.io/integrations/github\"]",
      "instances": [
        {
          "schema_version": 0,
          "attributes": {
            "etag": "W/\"876775115fcb894c420b2bd567d7a104733f35cca55f4136613bb73a083426f4\"",
            "id": "7097691:Hicky1025",
            "role": "member",
            "team_id": "7097691",
            "username": "Hicky1025"
          },
          "sensitive_attributes": [],
          "private": "bnVsbA==",
          "dependencies": [
            "github_membership.Hicky1025",
            "github_team.ictsc2022"
          ]
        }
      ]
    },
    {
      "mode": "managed",
      "type": "github_team_membership",
      "name": "ictsc2022-K-shir0",
      "provider": "provider[\"registry.terraform.io/integrations/github\"]",
      "instances": [
        {
          "schema_version": 0,
          "attributes": {
            "etag": "W/\"df837a713551bef891229f1ed99f62389f7f7b3689955c9c2c6f7d977aff9fee\"",
            "id": "7097691:K-shir0",
            "role": "member",
            "team_id": "7097691",
            "username": "K-shir0"
          },
          "sensitive_attributes": [],
          "private": "bnVsbA==",
          "dependencies": [
            "github_membership.K-shir0",
            "github_team.ictsc2022"
          ]
        }
      ]
    },
    {
      "mode": "managed",
      "type": "github_team_membership",
      "name": "ictsc2022-Nishinoyama",
      "provider": "provider[\"registry.terraform.io/integrations/github\"]",
      "instances": [
        {
          "schema_version": 0,
          "attributes": {
            "etag": "W/\"714a76d24d4d326bace4012d0385dbbe24c93adedb2e2c6ebf75c7419301c23e\"",
            "id": "7097691:Nishinoyama",
            "role": "member",
            "team_id": "7097691",
            "username": "Nishinoyama"
          },
          "sensitive_attributes": [],
          "private": "bnVsbA==",
          "dependencies": [
            "github_membership.Nishinoyama",
            "github_team.ictsc2022"
          ]
        }
      ]
    },
    {
      "mode": "managed",
      "type": "github_team_membership",
      "name": "ictsc2022-chaya2z",
      "provider": "provider[\"registry.terraform.io/integrations/github\"]",
      "instances": [
        {
          "schema_version": 0,
          "attributes": {
            "etag": "W/\"7a32296d45b40d93c095ee87980abdebe18406c91e263691fe7af34a70b63812\"",
            "id": "7097691:chaya2z",
            "role": "member",
            "team_id": "7097691",
            "username": "chaya2z"
          },
          "sensitive_attributes": [],
          "private": "bnVsbA==",
          "dependencies": [
            "github_membership.chaya2z",
            "github_team.ictsc2022"
          ]
        }
      ]
    },
    {
      "mode": "managed",
      "type": "github_team_membership",
      "name": "ictsc2022-logica0419",
      "provider": "provider[\"registry.terraform.io/integrations/github\"]",
      "instances": [
        {
          "schema_version": 0,
          "attributes": {
            "etag": "W/\"4344aeb08fd839092960f45fdb4fbd3815dd7af590b4804497bc418094fe8d4e\"",
            "id": "7097691:logica0419",
            "role": "member",
            "team_id": "7097691",
            "username": "logica0419"
          },
          "sensitive_attributes": [],
          "private": "bnVsbA==",
          "dependencies": [
            "github_membership.logica0419",
            "github_team.ictsc2022"
          ]
        }
      ]
    },
    {
      "mode": "managed",
      "type": "github_team_membership",
      "name": "ictsc2022-onokatio",
      "provider": "provider[\"registry.terraform.io/integrations/github\"]",
      "instances": [
        {
          "schema_version": 0,
          "attributes": {
            "etag": "W/\"da04663f6c6df05d9c56976e9c2c3184a5073c5fda4f1a68da2a5e5c04b24a94\"",
            "id": "7097691:onokatio",
            "role": "maintainer",
            "team_id": "7097691",
            "username": "onokatio"
          },
          "sensitive_attributes": [],
          "private": "bnVsbA==",
          "dependencies": [
            "github_membership.onokatio",
            "github_team.ictsc2022"
          ]
        }
      ]
    },
    {
      "mode": "managed",
      "type": "github_team_membership",
      "name": "ictsc2022-site0801",
      "provider": "provider[\"registry.terraform.io/integrations/github\"]",
      "instances": [
        {
          "schema_version": 0,
          "attributes": {
            "etag": "W/\"98a7e8187664a79254b497136407bdc47803e1221c4e6954fc08feb7d0b0b405\"",
            "id": "7097691:site0801",
            "role": "member",
            "team_id": "7097691",
            "username": "site0801"
          },
          "sensitive_attributes": [],
          "private": "bnVsbA==",
          "dependencies": [
            "github_membership.site0801",
            "github_team.ictsc2022"
          ]
        }
      ]
    },
    {
      "mode": "managed",
      "type": "github_team_membership",
      "name": "ictsc2022-syuuya-nakatomi",
      "provider": "provider[\"registry.terraform.io/integrations/github\"]",
      "instances": [
        {
          "schema_version": 0,
          "attributes": {
            "etag": "W/\"8c20e4c1f09523778632382fa3c6d97a490c258b5c99a83145f7e4350c3d6945\"",
            "id": "7097691:syuuya-nakatomi",
            "role": "member",
            "team_id": "7097691",
            "username": "syuuya-nakatomi"
          },
          "sensitive_attributes": [],
          "private": "bnVsbA==",
          "dependencies": [
            "github_membership.syuuya-nakatomi",
            "github_team.ictsc2022"
          ]
        }
      ]
    },
    {
      "mode": "managed",
      "type": "github_team_membership",
      "name": "ictsc2022-x86taka",
      "provider": "provider[\"registry.terraform.io/integrations/github\"]",
      "instances": [
        {
          "schema_version": 0,
          "attributes": {
            "etag": "W/\"ac36d11350c18ae0448f722582b61e8d4e48723b1fc6bc956f950588fbe05268\"",
            "id": "7097691:x86taka",
            "role": "maintainer",
            "team_id": "7097691",
            "username": "x86taka"
          },
          "sensitive_attributes": [],
          "private": "bnVsbA==",
          "dependencies": [
            "github_membership.x86taka",
            "github_team.ictsc2022"
          ]
        }
      ]
    },
    {
      "mode": "managed",
      "type": "github_team_membership",
      "name": "ictsc2022-yo-kanyukari",
      "provider": "provider[\"registry.terraform.io/integrations/github\"]",
      "instances": [
        {
          "schema_version": 0,
          "attributes": {
            "etag": "W/\"8ccb5d17d9554247d1e0e762b4ecced2965d4b47901b03687c804900fc8c8698\"",
            "id": "7097691:siberiy4",
            "role": "member",
            "team_id": "7097691",
            "username": "siberiy4"
          },
          "sensitive_attributes": [],
          "private": "bnVsbA==",
          "dependencies": [
            "github_membership.yo-kanyukari",
            "github_team.ictsc2022"
          ]
        }
      ]
    },
    {
      "mode": "managed",
      "type": "github_team_membership",
      "name": "ictsc4-chisaton1",
      "provider": "provider[\"registry.terraform.io/integrations/github\"]",
      "instances": [
        {
          "schema_version": 0,
          "attributes": {
            "etag": "W/\"c5aab74150927df3e6e9e27e00b4feddd4e83330e2ac31ea61add621a8c1dc2a\"",
            "id": "2004351:chisaton1",
            "role": "member",
            "team_id": "2004351",
            "username": "chisaton1"
          },
          "sensitive_attributes": [],
          "dependencies": [
            "github_membership.chisaton1",
            "github_team.ictsc4"
          ]
        }
      ]
    },
    {
      "mode": "managed",
      "type": "github_team_membership",
      "name": "ictsc4-ibucho",
      "provider": "provider[\"registry.terraform.io/integrations/github\"]",
      "instances": [
        {
          "schema_version": 0,
          "attributes": {
            "etag": "W/\"e387cead88cc2f8edcfb950870137d1169df4a1dc3776bb244d44656b074baea\"",
            "id": "2004351:ibucho",
            "role": "maintainer",
            "team_id": "2004351",
            "username": "ibucho"
          },
          "sensitive_attributes": [],
          "private": "bnVsbA==",
          "dependencies": [
            "github_membership.ibucho",
            "github_team.ictsc4"
          ]
        }
      ]
    },
    {
      "mode": "managed",
      "type": "github_team_membership",
      "name": "ictsc4-kayo-tozaki",
      "provider": "provider[\"registry.terraform.io/integrations/github\"]",
      "instances": [
        {
          "schema_version": 0,
          "attributes": {
            "etag": "W/\"722d87eb55f1b8bd2be7fd5c8d1fefb5c4d4b695f6e289bb874df886384ffecb\"",
            "id": "2004351:kayo-tozaki",
            "role": "member",
            "team_id": "2004351",
            "username": "kayo-tozaki"
          },
          "sensitive_attributes": [],
          "dependencies": [
            "github_membership.kayo-tozaki",
            "github_team.ictsc4"
          ]
        }
      ]
    },
    {
      "mode": "managed",
      "type": "github_team_membership",
      "name": "ictsc4-keisukearakawa",
      "provider": "provider[\"registry.terraform.io/integrations/github\"]",
      "instances": [
        {
          "schema_version": 0,
          "attributes": {
            "etag": "W/\"8a41c4fa55009a8cce0a8737b01b9f5258ef32bfca15c9834be025b2f6c50279\"",
            "id": "2004351:keisukearakawa",
            "role": "member",
            "team_id": "2004351",
            "username": "keisukearakawa"
          },
          "sensitive_attributes": [],
          "dependencies": [
            "github_membership.keisukearakawa",
            "github_team.ictsc4"
          ]
        }
      ]
    },
    {
      "mode": "managed",
      "type": "github_team_membership",
      "name": "ictsc4-kurochan",
      "provider": "provider[\"registry.terraform.io/integrations/github\"]",
      "instances": [
        {
          "schema_version": 0,
          "attributes": {
            "etag": "W/\"900c8b5d689ab0d07f5160100916986ab373dfcc3d9600c4fdaca53058a00657\"",
            "id": "2004351:kurochan",
            "role": "maintainer",
            "team_id": "2004351",
            "username": "kurochan"
          },
          "sensitive_attributes": [],
          "private": "bnVsbA==",
          "dependencies": [
            "github_membership.kurochan",
            "github_team.ictsc4"
          ]
        }
      ]
    },
    {
      "mode": "managed",
      "type": "github_team_membership",
      "name": "ictsc4-mbook-x86",
      "provider": "provider[\"registry.terraform.io/integrations/github\"]",
      "instances": [
        {
          "schema_version": 0,
          "attributes": {
            "etag": "W/\"b025d4d9b309baf1ab6bbe26669196adff01d4ff40cec393fa38dc569cd86b12\"",
            "id": "2004351:mbook-x86",
            "role": "member",
            "team_id": "2004351",
            "username": "mbook-x86"
          },
          "sensitive_attributes": [],
          "dependencies": [
            "github_membership.mbook-x86",
            "github_team.ictsc4"
          ]
        }
      ]
    },
    {
      "mode": "managed",
      "type": "github_team_membership",
      "name": "ictsc4-netmarkjp",
      "provider": "provider[\"registry.terraform.io/integrations/github\"]",
      "instances": [
        {
          "schema_version": 0,
          "attributes": {
            "etag": "W/\"07296a61d9ce9bc87c44926f5f76494f89614e2f8eb8ccded426188a08896bfe\"",
            "id": "2004351:netmarkjp",
            "role": "maintainer",
            "team_id": "2004351",
            "username": "netmarkjp"
          },
          "sensitive_attributes": [],
          "private": "bnVsbA==",
          "dependencies": [
            "github_membership.netmarkjp",
            "github_team.ictsc4"
          ]
        }
      ]
    },
    {
      "mode": "managed",
      "type": "github_team_membership",
      "name": "ictsc4-staybuzz",
      "provider": "provider[\"registry.terraform.io/integrations/github\"]",
      "instances": [
        {
          "schema_version": 0,
          "attributes": {
            "etag": "W/\"a14205e13dccfac21c6bbfbfceee5567950f0d87da9467cf1323571d87073b1b\"",
            "id": "2004351:staybuzz",
            "role": "member",
            "team_id": "2004351",
            "username": "staybuzz"
          },
          "sensitive_attributes": [],
          "dependencies": [
            "github_membership.staybuzz",
            "github_team.ictsc4"
          ]
        }
      ]
    },
    {
      "mode": "managed",
      "type": "github_team_membership",
      "name": "ictsc4-whywaita",
      "provider": "provider[\"registry.terraform.io/integrations/github\"]",
      "instances": [
        {
          "schema_version": 0,
          "attributes": {
            "etag": "W/\"7fb1ea62488d269d317680d73d266375e60ae292d37dffefb505cc7ea088abc5\"",
            "id": "2004351:whywaita",
            "role": "maintainer",
            "team_id": "2004351",
            "username": "whywaita"
          },
          "sensitive_attributes": [],
          "private": "bnVsbA==",
          "dependencies": [
            "github_membership.whywaita",
            "github_team.ictsc4"
          ]
        }
      ]
    },
    {
      "mode": "managed",
      "type": "github_team_membership",
      "name": "ictsc4-yatuhashi",
      "provider": "provider[\"registry.terraform.io/integrations/github\"]",
      "instances": [
        {
          "schema_version": 0,
          "attributes": {
            "etag": "W/\"5fb019c12e51b695596620ad1abebdb9c87f182b7adaa06cb58a01fbc22f4859\"",
            "id": "2004351:yatuhashi",
            "role": "member",
            "team_id": "2004351",
            "username": "yatuhashi"
          },
          "sensitive_attributes": [],
          "dependencies": [
            "github_membership.yatuhashi",
            "github_team.ictsc4"
          ]
        }
      ]
    },
    {
      "mode": "managed",
      "type": "github_team_membership",
      "name": "ictsc4-yo-taro",
      "provider": "provider[\"registry.terraform.io/integrations/github\"]",
      "instances": [
        {
          "schema_version": 0,
          "attributes": {
            "etag": "W/\"085cb7453e9e79a5c0bd3207bf2c3c4e882eec2a34cd5f4eecf9aeedde59531c\"",
            "id": "2004351:yo-taro",
            "role": "member",
            "team_id": "2004351",
            "username": "yo-taro"
          },
          "sensitive_attributes": [],
          "dependencies": [
            "github_membership.yo-taro",
            "github_team.ictsc4"
          ]
        }
      ]
    },
    {
      "mode": "managed",
      "type": "github_team_membership",
      "name": "ictsc5-aoi96",
      "provider": "provider[\"registry.terraform.io/integrations/github\"]",
      "instances": [
        {
          "schema_version": 0,
          "attributes": {
            "etag": "W/\"7d013975b3191a79613260ecc1d816b0ac5303df5f1fad8519f064258f437ba1\"",
            "id": "2004352:aoi96",
            "role": "member",
            "team_id": "2004352",
            "username": "aoi96"
          },
          "sensitive_attributes": [],
          "dependencies": [
            "github_membership.aoi96",
            "github_team.ictsc5"
          ]
        }
      ]
    },
    {
      "mode": "managed",
      "type": "github_team_membership",
      "name": "ictsc5-asdfec",
      "provider": "provider[\"registry.terraform.io/integrations/github\"]",
      "instances": [
        {
          "schema_version": 0,
          "attributes": {
            "etag": "W/\"7740424a3d97ed556dd9c979b898acc898e058e8cb85a8ad7a78f56a53d5c665\"",
            "id": "2004352:asdfec",
            "role": "member",
            "team_id": "2004352",
            "username": "asdfec"
          },
          "sensitive_attributes": [],
          "dependencies": [
            "github_membership.asdfec",
            "github_team.ictsc5"
          ]
        }
      ]
    },
    {
      "mode": "managed",
      "type": "github_team_membership",
      "name": "ictsc5-chamaharun",
      "provider": "provider[\"registry.terraform.io/integrations/github\"]",
      "instances": [
        {
          "schema_version": 0,
          "attributes": {
            "etag": "W/\"39d2b08979ab8d39c937a249194274f5c6f0b17d04b0aee7fca9f32b496bd982\"",
            "id": "2004352:chamaharun",
            "role": "member",
            "team_id": "2004352",
            "username": "chamaharun"
          },
          "sensitive_attributes": [],
          "dependencies": [
            "github_membership.chamaharun",
            "github_team.ictsc5"
          ]
        }
      ]
    },
    {
      "mode": "managed",
      "type": "github_team_membership",
      "name": "ictsc5-chibiegg",
      "provider": "provider[\"registry.terraform.io/integrations/github\"]",
      "instances": [
        {
          "schema_version": 0,
          "attributes": {
            "etag": "W/\"6b52a645dd05a995ac61bdb5343bcbd16c1bc1ce0947c5cfd02d5c92b32ca7c1\"",
            "id": "2004352:chibiegg",
            "role": "member",
            "team_id": "2004352",
            "username": "chibiegg"
          },
          "sensitive_attributes": [],
          "dependencies": [
            "github_membership.chibiegg",
            "github_team.ictsc5"
          ]
        }
      ]
    },
    {
      "mode": "managed",
      "type": "github_team_membership",
      "name": "ictsc5-guragusan",
      "provider": "provider[\"registry.terraform.io/integrations/github\"]",
      "instances": [
        {
          "schema_version": 0,
          "attributes": {
            "etag": "W/\"ea97d68004195cbe8d57336b5b0a31b5468298bde69694436281d6801d65f22b\"",
            "id": "2004352:guragusan",
            "role": "member",
            "team_id": "2004352",
            "username": "guragusan"
          },
          "sensitive_attributes": [],
          "dependencies": [
            "github_membership.guragusan",
            "github_team.ictsc5"
          ]
        }
      ]
    },
    {
      "mode": "managed",
      "type": "github_team_membership",
      "name": "ictsc5-ibucho",
      "provider": "provider[\"registry.terraform.io/integrations/github\"]",
      "instances": [
        {
          "schema_version": 0,
          "attributes": {
            "etag": "W/\"4bd76b98af9a405a93839e63c3a79086eac2b10ca92f3e50ed426eceb6069cf4\"",
            "id": "2004352:ibucho",
            "role": "maintainer",
            "team_id": "2004352",
            "username": "ibucho"
          },
          "sensitive_attributes": [],
          "private": "bnVsbA==",
          "dependencies": [
            "github_membership.ibucho",
            "github_team.ictsc5"
          ]
        }
      ]
    },
    {
      "mode": "managed",
      "type": "github_team_membership",
      "name": "ictsc5-icchy",
      "provider": "provider[\"registry.terraform.io/integrations/github\"]",
      "instances": [
        {
          "schema_version": 0,
          "attributes": {
            "etag": "W/\"4dd8b74ffb7455af6262227356cab894214fea7aa7d552fea21ccd222811d629\"",
            "id": "2004352:icchy",
            "role": "member",
            "team_id": "2004352",
            "username": "icchy"
          },
          "sensitive_attributes": [],
          "dependencies": [
            "github_membership.icchy",
            "github_team.ictsc5"
          ]
        }
      ]
    },
    {
      "mode": "managed",
      "type": "github_team_membership",
      "name": "ictsc5-kadokusei",
      "provider": "provider[\"registry.terraform.io/integrations/github\"]",
      "instances": [
        {
          "schema_version": 0,
          "attributes": {
            "etag": "W/\"1e55b20620dab967ecd9beee41ef0cc7d35e142c053d54e04ec0209d86ab0a1e\"",
            "id": "2004352:kadokusei",
            "role": "member",
            "team_id": "2004352",
            "username": "kadokusei"
          },
          "sensitive_attributes": [],
          "dependencies": [
            "github_membership.kadokusei",
            "github_team.ictsc5"
          ]
        }
      ]
    },
    {
      "mode": "managed",
      "type": "github_team_membership",
      "name": "ictsc5-kayo-tozaki",
      "provider": "provider[\"registry.terraform.io/integrations/github\"]",
      "instances": [
        {
          "schema_version": 0,
          "attributes": {
            "etag": "W/\"0f0866f1658fa5d37f8afcbe833a4e7fc17c468eab2da089b8f47d262ef6562a\"",
            "id": "2004352:kayo-tozaki",
            "role": "member",
            "team_id": "2004352",
            "username": "kayo-tozaki"
          },
          "sensitive_attributes": [],
          "dependencies": [
            "github_membership.kayo-tozaki",
            "github_team.ictsc5"
          ]
        }
      ]
    },
    {
      "mode": "managed",
      "type": "github_team_membership",
      "name": "ictsc5-keisukearakawa",
      "provider": "provider[\"registry.terraform.io/integrations/github\"]",
      "instances": [
        {
          "schema_version": 0,
          "attributes": {
            "etag": "W/\"5c4162ad0e6ae1c1fbc68a36500abe37ed9918c540eadb4c744693baab3d26ea\"",
            "id": "2004352:keisukearakawa",
            "role": "member",
            "team_id": "2004352",
            "username": "keisukearakawa"
          },
          "sensitive_attributes": [],
          "dependencies": [
            "github_membership.keisukearakawa",
            "github_team.ictsc5"
          ]
        }
      ]
    },
    {
      "mode": "managed",
      "type": "github_team_membership",
      "name": "ictsc5-kurochan",
      "provider": "provider[\"registry.terraform.io/integrations/github\"]",
      "instances": [
        {
          "schema_version": 0,
          "attributes": {
            "etag": "W/\"a3d3322086ab2f83cbe12f1f88246c3be0b8e4ddcde9839bec69280bbadb19f6\"",
            "id": "2004352:kurochan",
            "role": "maintainer",
            "team_id": "2004352",
            "username": "kurochan"
          },
          "sensitive_attributes": [],
          "private": "bnVsbA==",
          "dependencies": [
            "github_membership.kurochan",
            "github_team.ictsc5"
          ]
        }
      ]
    },
    {
      "mode": "managed",
      "type": "github_team_membership",
      "name": "ictsc5-kyoko0514",
      "provider": "provider[\"registry.terraform.io/integrations/github\"]",
      "instances": [
        {
          "schema_version": 0,
          "attributes": {
            "etag": "W/\"d103235a55a16a9076536c4a760df88abe0a0ed44c6c3d4d2862a83e48040f22\"",
            "id": "2004352:kyoko0514",
            "role": "member",
            "team_id": "2004352",
            "username": "kyoko0514"
          },
          "sensitive_attributes": [],
          "dependencies": [
            "github_membership.kyoko0514",
            "github_team.ictsc5"
          ]
        }
      ]
    },
    {
      "mode": "managed",
      "type": "github_team_membership",
      "name": "ictsc5-mbook-x86",
      "provider": "provider[\"registry.terraform.io/integrations/github\"]",
      "instances": [
        {
          "schema_version": 0,
          "attributes": {
            "etag": "W/\"3cbdfdfe929ce116bee70aa58f10039dfc5e7ab3fffc5e043045371caa9aefb5\"",
            "id": "2004352:mbook-x86",
            "role": "member",
            "team_id": "2004352",
            "username": "mbook-x86"
          },
          "sensitive_attributes": [],
          "dependencies": [
            "github_membership.mbook-x86",
            "github_team.ictsc5"
          ]
        }
      ]
    },
    {
      "mode": "managed",
      "type": "github_team_membership",
      "name": "ictsc5-miyao11",
      "provider": "provider[\"registry.terraform.io/integrations/github\"]",
      "instances": [
        {
          "schema_version": 0,
          "attributes": {
            "etag": "W/\"e11cee5ce14a81a1fdc226fd3a53b82424e44eb17f4a89d1a6f5916921fe8f84\"",
            "id": "2004352:Miyao11",
            "role": "member",
            "team_id": "2004352",
            "username": "Miyao11"
          },
          "sensitive_attributes": [],
          "dependencies": [
            "github_membership.miyao11",
            "github_team.ictsc5"
          ]
        }
      ]
    },
    {
      "mode": "managed",
      "type": "github_team_membership",
      "name": "ictsc5-mk0913mnck",
      "provider": "provider[\"registry.terraform.io/integrations/github\"]",
      "instances": [
        {
          "schema_version": 0,
          "attributes": {
            "etag": "W/\"b7e1458b44019d369d86be2cb5fd981df41e0d63a8a02b1200f82028915cee2b\"",
            "id": "2004352:mk0913mnck",
            "role": "member",
            "team_id": "2004352",
            "username": "mk0913mnck"
          },
          "sensitive_attributes": [],
          "dependencies": [
            "github_membership.mk0913mnck",
            "github_team.ictsc5"
          ]
        }
      ]
    },
    {
      "mode": "managed",
      "type": "github_team_membership",
      "name": "ictsc5-netmarkjp",
      "provider": "provider[\"registry.terraform.io/integrations/github\"]",
      "instances": [
        {
          "schema_version": 0,
          "attributes": {
            "etag": "W/\"4c9622b15adff11c043759315a574700ff50722833812bd7a9c1852b8acaf38f\"",
            "id": "2004352:netmarkjp",
            "role": "maintainer",
            "team_id": "2004352",
            "username": "netmarkjp"
          },
          "sensitive_attributes": [],
          "private": "bnVsbA==",
          "dependencies": [
            "github_membership.netmarkjp",
            "github_team.ictsc5"
          ]
        }
      ]
    },
    {
      "mode": "managed",
      "type": "github_team_membership",
      "name": "ictsc5-notchi590",
      "provider": "provider[\"registry.terraform.io/integrations/github\"]",
      "instances": [
        {
          "schema_version": 0,
          "attributes": {
            "etag": "W/\"4800f6efbb842e6fcb3bd1d4b9d803452918d5494f76eb4b5ad94b48e953802b\"",
            "id": "2004352:notchi590",
            "role": "member",
            "team_id": "2004352",
            "username": "notchi590"
          },
          "sensitive_attributes": [],
          "dependencies": [
            "github_membership.notchi590",
            "github_team.ictsc5"
          ]
        }
      ]
    },
    {
      "mode": "managed",
      "type": "github_team_membership",
      "name": "ictsc5-palloc",
      "provider": "provider[\"registry.terraform.io/integrations/github\"]",
      "instances": [
        {
          "schema_version": 0,
          "attributes": {
            "etag": "W/\"cdb5eec30d2f0b5de587f62529910ab614bb08870e4ad9f6c117d36cafa8f83e\"",
            "id": "2004352:palloc",
            "role": "member",
            "team_id": "2004352",
            "username": "palloc"
          },
          "sensitive_attributes": [],
          "dependencies": [
            "github_membership.palloc",
            "github_team.ictsc5"
          ]
        }
      ]
    },
    {
      "mode": "managed",
      "type": "github_team_membership",
      "name": "ictsc5-sora34",
      "provider": "provider[\"registry.terraform.io/integrations/github\"]",
      "instances": [
        {
          "schema_version": 0,
          "attributes": {
            "etag": "W/\"c0bbe91c1c51d0af58a99666e624a8e77bd15f43835a9b49d29711697dcaaf75\"",
            "id": "2004352:sora34",
            "role": "member",
            "team_id": "2004352",
            "username": "sora34"
          },
          "sensitive_attributes": [],
          "dependencies": [
            "github_membership.sora34",
            "github_team.ictsc5"
          ]
        }
      ]
    },
    {
      "mode": "managed",
      "type": "github_team_membership",
      "name": "ictsc5-staybuzz",
      "provider": "provider[\"registry.terraform.io/integrations/github\"]",
      "instances": [
        {
          "schema_version": 0,
          "attributes": {
            "etag": "W/\"a83351ce5bd7c237b8777c4c04b4a7bc78b78b0ff369de2b07c6a382428043e7\"",
            "id": "2004352:staybuzz",
            "role": "member",
            "team_id": "2004352",
            "username": "staybuzz"
          },
          "sensitive_attributes": [],
          "dependencies": [
            "github_membership.staybuzz",
            "github_team.ictsc5"
          ]
        }
      ]
    },
    {
      "mode": "managed",
      "type": "github_team_membership",
      "name": "ictsc5-sugiki-accelia",
      "provider": "provider[\"registry.terraform.io/integrations/github\"]",
      "instances": [
        {
          "schema_version": 0,
          "attributes": {
            "etag": "W/\"c71b6865f26e2711b50e0b769f22dead057b8037ed61c078905bd0efced166f9\"",
            "id": "2004352:sugiki-accelia",
            "role": "member",
            "team_id": "2004352",
            "username": "sugiki-accelia"
          },
          "sensitive_attributes": [],
          "dependencies": [
            "github_membership.sugiki-accelia",
            "github_team.ictsc5"
          ]
        }
      ]
    },
    {
      "mode": "managed",
      "type": "github_team_membership",
      "name": "ictsc5-sukekawa-accelia",
      "provider": "provider[\"registry.terraform.io/integrations/github\"]",
      "instances": [
        {
          "schema_version": 0,
          "attributes": {
            "etag": "W/\"624d32cfbb76a8816be9bab34f95e4b3f4f5c40a7c30b05a74e506735c0bb5dd\"",
            "id": "2004352:sukekawa-accelia",
            "role": "member",
            "team_id": "2004352",
            "username": "sukekawa-accelia"
          },
          "sensitive_attributes": [],
          "dependencies": [
            "github_membership.sukekawa-accelia",
            "github_team.ictsc5"
          ]
        }
      ]
    },
    {
      "mode": "managed",
      "type": "github_team_membership",
      "name": "ictsc5-takes3",
      "provider": "provider[\"registry.terraform.io/integrations/github\"]",
      "instances": [
        {
          "schema_version": 0,
          "attributes": {
            "etag": "W/\"288c42991a73db87fa78e3c5460c77fefaff21a549f8fa59d87efee8090b967a\"",
            "id": "2004352:takes3",
            "role": "member",
            "team_id": "2004352",
            "username": "takes3"
          },
          "sensitive_attributes": [],
          "dependencies": [
            "github_membership.takes3",
            "github_team.ictsc5"
          ]
        }
      ]
    },
    {
      "mode": "managed",
      "type": "github_team_membership",
      "name": "ictsc5-whywaita",
      "provider": "provider[\"registry.terraform.io/integrations/github\"]",
      "instances": [
        {
          "schema_version": 0,
          "attributes": {
            "etag": "W/\"7d78864423ce01a6cf1e9799958b1749c891865a10b58e3d7024b61835238919\"",
            "id": "2004352:whywaita",
            "role": "maintainer",
            "team_id": "2004352",
            "username": "whywaita"
          },
          "sensitive_attributes": [],
          "private": "bnVsbA==",
          "dependencies": [
            "github_membership.whywaita",
            "github_team.ictsc5"
          ]
        }
      ]
    },
    {
      "mode": "managed",
      "type": "github_team_membership",
      "name": "ictsc5-y-monma",
      "provider": "provider[\"registry.terraform.io/integrations/github\"]",
      "instances": [
        {
          "schema_version": 0,
          "attributes": {
            "etag": "W/\"45a064ed49f18143a6c98396b707d954e07e503b54a104eda2ff5b08290e044c\"",
            "id": "2004352:y-monma",
            "role": "member",
            "team_id": "2004352",
            "username": "y-monma"
          },
          "sensitive_attributes": [],
          "dependencies": [
            "github_membership.y-monma",
            "github_team.ictsc5"
          ]
        }
      ]
    },
    {
      "mode": "managed",
      "type": "github_team_membership",
      "name": "ictsc5-yatuhashi",
      "provider": "provider[\"registry.terraform.io/integrations/github\"]",
      "instances": [
        {
          "schema_version": 0,
          "attributes": {
            "etag": "W/\"c3c72caeddd7480e09136e8a2c6dcd4409892faa2e1e90c62242caafa973c9a1\"",
            "id": "2004352:yatuhashi",
            "role": "member",
            "team_id": "2004352",
            "username": "yatuhashi"
          },
          "sensitive_attributes": [],
          "dependencies": [
            "github_membership.yatuhashi",
            "github_team.ictsc5"
          ]
        }
      ]
    },
    {
      "mode": "managed",
      "type": "github_team_membership",
      "name": "ictsc5-yo-taro",
      "provider": "provider[\"registry.terraform.io/integrations/github\"]",
      "instances": [
        {
          "schema_version": 0,
          "attributes": {
            "etag": "W/\"936001cc596f34a72777fec927aab7fd6517be89282a77e9cabeb15e2be57525\"",
            "id": "2004352:yo-taro",
            "role": "member",
            "team_id": "2004352",
            "username": "yo-taro"
          },
          "sensitive_attributes": [],
          "dependencies": [
            "github_membership.yo-taro",
            "github_team.ictsc5"
          ]
        }
      ]
    },
    {
      "mode": "managed",
      "type": "github_team_membership",
      "name": "ictsc6-a-r-g-v",
      "provider": "provider[\"registry.terraform.io/integrations/github\"]",
      "instances": [
        {
          "schema_version": 0,
          "attributes": {
            "etag": "W/\"386871e38e8d8a727fd4bf67f83e5cd77c69709328d00da3433c92aafad4d02c\"",
            "id": "2004355:a-r-g-v",
            "role": "member",
            "team_id": "2004355",
            "username": "a-r-g-v"
          },
          "sensitive_attributes": [],
          "dependencies": [
            "github_membership.a-r-g-v",
            "github_team.ictsc6"
          ]
        }
      ]
    },
    {
      "mode": "managed",
      "type": "github_team_membership",
      "name": "ictsc6-aoi96",
      "provider": "provider[\"registry.terraform.io/integrations/github\"]",
      "instances": [
        {
          "schema_version": 0,
          "attributes": {
            "etag": "W/\"f2f9c58093482eeb1d967f6677d47da2255c72613411926db32e95ef29206d8f\"",
            "id": "2004355:aoi96",
            "role": "member",
            "team_id": "2004355",
            "username": "aoi96"
          },
          "sensitive_attributes": [],
          "dependencies": [
            "github_membership.aoi96",
            "github_team.ictsc6"
          ]
        }
      ]
    },
    {
      "mode": "managed",
      "type": "github_team_membership",
      "name": "ictsc6-asarijiru",
      "provider": "provider[\"registry.terraform.io/integrations/github\"]",
      "instances": [
        {
          "schema_version": 0,
          "attributes": {
            "etag": "W/\"bd62751223cd52692856a2c4b78c3c60cfdd51f3edb6701256d988837fa10be8\"",
            "id": "2004355:asarijiru",
            "role": "member",
            "team_id": "2004355",
            "username": "asarijiru"
          },
          "sensitive_attributes": [],
          "dependencies": [
            "github_membership.asarijiru",
            "github_team.ictsc6"
          ]
        }
      ]
    },
    {
      "mode": "managed",
      "type": "github_team_membership",
      "name": "ictsc6-asdfec",
      "provider": "provider[\"registry.terraform.io/integrations/github\"]",
      "instances": [
        {
          "schema_version": 0,
          "attributes": {
            "etag": "W/\"739461ea58405ae8e55b977c417b9c1761ff26983a6f24d9239c904607372ce2\"",
            "id": "2004355:asdfec",
            "role": "member",
            "team_id": "2004355",
            "username": "asdfec"
          },
          "sensitive_attributes": [],
          "dependencies": [
            "github_membership.asdfec",
            "github_team.ictsc6"
          ]
        }
      ]
    },
    {
      "mode": "managed",
      "type": "github_team_membership",
      "name": "ictsc6-chalkygames123",
      "provider": "provider[\"registry.terraform.io/integrations/github\"]",
      "instances": [
        {
          "schema_version": 0,
          "attributes": {
            "etag": "W/\"18a8609f39811145b03a8e4be2545c30e6d57593906dcb9763569101f8173d64\"",
            "id": "2004355:chalkygames123",
            "role": "member",
            "team_id": "2004355",
            "username": "chalkygames123"
          },
          "sensitive_attributes": [],
          "dependencies": [
            "github_membership.chalkygames123",
            "github_team.ictsc6"
          ]
        }
      ]
    },
    {
      "mode": "managed",
      "type": "github_team_membership",
      "name": "ictsc6-guragusan",
      "provider": "provider[\"registry.terraform.io/integrations/github\"]",
      "instances": [
        {
          "schema_version": 0,
          "attributes": {
            "etag": "W/\"f4e788d1362c8220c46fc89bfdb25a8d1a3b449ac42edfefcba905bea2af2363\"",
            "id": "2004355:guragusan",
            "role": "member",
            "team_id": "2004355",
            "username": "guragusan"
          },
          "sensitive_attributes": [],
          "dependencies": [
            "github_membership.guragusan",
            "github_team.ictsc6"
          ]
        }
      ]
    },
    {
      "mode": "managed",
      "type": "github_team_membership",
      "name": "ictsc6-h-otter",
      "provider": "provider[\"registry.terraform.io/integrations/github\"]",
      "instances": [
        {
          "schema_version": 0,
          "attributes": {
            "etag": "W/\"020d3cf1b7a3063c54f04fe4c56171b8c76056d9961ca81e8c65e801d7ec2157\"",
            "id": "2004355:h-otter",
            "role": "maintainer",
            "team_id": "2004355",
            "username": "h-otter"
          },
          "sensitive_attributes": [],
          "private": "bnVsbA==",
          "dependencies": [
            "github_membership.h-otter",
            "github_team.ictsc6"
          ]
        }
      ]
    },
    {
      "mode": "managed",
      "type": "github_team_membership",
      "name": "ictsc6-ibucho",
      "provider": "provider[\"registry.terraform.io/integrations/github\"]",
      "instances": [
        {
          "schema_version": 0,
          "attributes": {
            "etag": "W/\"eaee880c22954ad3c5964989f1ed69079b8ecc181608555e2c64feb1607866fd\"",
            "id": "2004355:ibucho",
            "role": "maintainer",
            "team_id": "2004355",
            "username": "ibucho"
          },
          "sensitive_attributes": [],
          "private": "bnVsbA==",
          "dependencies": [
            "github_membership.ibucho",
            "github_team.ictsc6"
          ]
        }
      ]
    },
    {
      "mode": "managed",
      "type": "github_team_membership",
      "name": "ictsc6-int-tt",
      "provider": "provider[\"registry.terraform.io/integrations/github\"]",
      "instances": [
        {
          "schema_version": 0,
          "attributes": {
            "etag": "W/\"1a0585cbb5a68a35193320ec2c61873e63da29edf2fd37ab2afbb7d20b2fd10a\"",
            "id": "2004355:int-tt",
            "role": "member",
            "team_id": "2004355",
            "username": "int-tt"
          },
          "sensitive_attributes": [],
          "dependencies": [
            "github_membership.int-tt",
            "github_team.ictsc6"
          ]
        }
      ]
    },
    {
      "mode": "managed",
      "type": "github_team_membership",
      "name": "ictsc6-kamijin-fanta",
      "provider": "provider[\"registry.terraform.io/integrations/github\"]",
      "instances": [
        {
          "schema_version": 0,
          "attributes": {
            "etag": "W/\"e20bb752d078935a57e67bc67d0d185b28470a5dc4bafa098c23c9df5d506f8b\"",
            "id": "2004355:kamijin-fanta",
            "role": "member",
            "team_id": "2004355",
            "username": "kamijin-fanta"
          },
          "sensitive_attributes": [],
          "dependencies": [
            "github_membership.kamijin-fanta",
            "github_team.ictsc6"
          ]
        }
      ]
    },
    {
      "mode": "managed",
      "type": "github_team_membership",
      "name": "ictsc6-kurochan",
      "provider": "provider[\"registry.terraform.io/integrations/github\"]",
      "instances": [
        {
          "schema_version": 0,
          "attributes": {
            "etag": "W/\"7386bf3360eda58338d2e8df534b6470a6fcf2819b83cc6a911f6249df3dd3a2\"",
            "id": "2004355:kurochan",
            "role": "maintainer",
            "team_id": "2004355",
            "username": "kurochan"
          },
          "sensitive_attributes": [],
          "private": "bnVsbA==",
          "dependencies": [
            "github_membership.kurochan",
            "github_team.ictsc6"
          ]
        }
      ]
    },
    {
      "mode": "managed",
      "type": "github_team_membership",
      "name": "ictsc6-kyoko0514",
      "provider": "provider[\"registry.terraform.io/integrations/github\"]",
      "instances": [
        {
          "schema_version": 0,
          "attributes": {
            "etag": "W/\"e65200c69ebe24d4f90cd2f40b82fece0d8f2e25f3b3b7b16f3769429f7bbd6c\"",
            "id": "2004355:kyoko0514",
            "role": "member",
            "team_id": "2004355",
            "username": "kyoko0514"
          },
          "sensitive_attributes": [],
          "dependencies": [
            "github_membership.kyoko0514",
            "github_team.ictsc6"
          ]
        }
      ]
    },
    {
      "mode": "managed",
      "type": "github_team_membership",
      "name": "ictsc6-kyontan",
      "provider": "provider[\"registry.terraform.io/integrations/github\"]",
      "instances": [
        {
          "schema_version": 0,
          "attributes": {
            "etag": "W/\"fe592fd7e059c8e63c7d3526ae270dda9089d9145a94d8d4fc741ac140967962\"",
            "id": "2004355:kyontan",
            "role": "member",
            "team_id": "2004355",
            "username": "kyontan"
          },
          "sensitive_attributes": [],
          "dependencies": [
            "github_membership.kyontan",
            "github_team.ictsc6"
          ]
        }
      ]
    },
    {
      "mode": "managed",
      "type": "github_team_membership",
      "name": "ictsc6-miyao11",
      "provider": "provider[\"registry.terraform.io/integrations/github\"]",
      "instances": [
        {
          "schema_version": 0,
          "attributes": {
            "etag": "W/\"7eed57f5cd5ed3e417f381d0c2e0115f85a5613095046b6f4683749aa8383de8\"",
            "id": "2004355:Miyao11",
            "role": "member",
            "team_id": "2004355",
            "username": "Miyao11"
          },
          "sensitive_attributes": [],
          "dependencies": [
            "github_membership.miyao11",
            "github_team.ictsc6"
          ]
        }
      ]
    },
    {
      "mode": "managed",
      "type": "github_team_membership",
      "name": "ictsc6-netmarkjp",
      "provider": "provider[\"registry.terraform.io/integrations/github\"]",
      "instances": [
        {
          "schema_version": 0,
          "attributes": {
            "etag": "W/\"59a6c680e37f241e5967edc92639a6ac0b89df5a1756af9b441fa7e4fefcd33b\"",
            "id": "2004355:netmarkjp",
            "role": "maintainer",
            "team_id": "2004355",
            "username": "netmarkjp"
          },
          "sensitive_attributes": [],
          "private": "bnVsbA==",
          "dependencies": [
            "github_membership.netmarkjp",
            "github_team.ictsc6"
          ]
        }
      ]
    },
    {
      "mode": "managed",
      "type": "github_team_membership",
      "name": "ictsc6-notchi590",
      "provider": "provider[\"registry.terraform.io/integrations/github\"]",
      "instances": [
        {
          "schema_version": 0,
          "attributes": {
            "etag": "W/\"919fc3231f906cba09a15ac161c5c36bf8e465a8e77fe92aaf5bc429ccfde112\"",
            "id": "2004355:notchi590",
            "role": "member",
            "team_id": "2004355",
            "username": "notchi590"
          },
          "sensitive_attributes": [],
          "dependencies": [
            "github_membership.notchi590",
            "github_team.ictsc6"
          ]
        }
      ]
    },
    {
      "mode": "managed",
      "type": "github_team_membership",
      "name": "ictsc6-palloc",
      "provider": "provider[\"registry.terraform.io/integrations/github\"]",
      "instances": [
        {
          "schema_version": 0,
          "attributes": {
            "etag": "W/\"1c3360a1376ddb22171ce764c3f79b5fbd8cba33c17e0cf05198bd6e27ac0468\"",
            "id": "2004355:palloc",
            "role": "member",
            "team_id": "2004355",
            "username": "palloc"
          },
          "sensitive_attributes": [],
          "dependencies": [
            "github_membership.palloc",
            "github_team.ictsc6"
          ]
        }
      ]
    },
    {
      "mode": "managed",
      "type": "github_team_membership",
      "name": "ictsc6-tar-xzvff",
      "provider": "provider[\"registry.terraform.io/integrations/github\"]",
      "instances": [
        {
          "schema_version": 0,
          "attributes": {
            "etag": "W/\"1fd722e0eb733cd8745dd2087746e365e024dcfd75deda5b861e47987bb97f32\"",
            "id": "2004355:tar-xzvff",
            "role": "maintainer",
            "team_id": "2004355",
            "username": "tar-xzvff"
          },
          "sensitive_attributes": [],
          "private": "bnVsbA==",
          "dependencies": [
            "github_membership.tar-xzvff",
            "github_team.ictsc6"
          ]
        }
      ]
    },
    {
      "mode": "managed",
      "type": "github_team_membership",
      "name": "ictsc6-y-monma",
      "provider": "provider[\"registry.terraform.io/integrations/github\"]",
      "instances": [
        {
          "schema_version": 0,
          "attributes": {
            "etag": "W/\"7eff8098c85e747b3e2306556f0fe42d844e5744601a8c1126288e01c1b79d3d\"",
            "id": "2004355:y-monma",
            "role": "member",
            "team_id": "2004355",
            "username": "y-monma"
          },
          "sensitive_attributes": [],
          "dependencies": [
            "github_membership.y-monma",
            "github_team.ictsc6"
          ]
        }
      ]
    },
    {
      "mode": "managed",
      "type": "github_team_membership",
      "name": "ictsc6-yo-taro",
      "provider": "provider[\"registry.terraform.io/integrations/github\"]",
      "instances": [
        {
          "schema_version": 0,
          "attributes": {
            "etag": "W/\"637e84a8e90751b1a537992200b25451018dbc7169dd5404377d0de8eb6c1eb9\"",
            "id": "2004355:yo-taro",
            "role": "member",
            "team_id": "2004355",
            "username": "yo-taro"
          },
          "sensitive_attributes": [],
          "dependencies": [
            "github_membership.yo-taro",
            "github_team.ictsc6"
          ]
        }
      ]
    },
    {
      "mode": "managed",
      "type": "github_team_membership",
      "name": "ictsc6-yuukinetwork",
      "provider": "provider[\"registry.terraform.io/integrations/github\"]",
      "instances": [
        {
          "schema_version": 0,
          "attributes": {
            "etag": "W/\"94706fa4e10411a66c14085270386ee0bafa4764787f06683d116372c2e68fd4\"",
            "id": "2004355:yuukinetwork",
            "role": "member",
            "team_id": "2004355",
            "username": "yuukinetwork"
          },
          "sensitive_attributes": [],
          "dependencies": [
            "github_membership.yuukinetwork",
            "github_team.ictsc6"
          ]
        }
      ]
    },
    {
      "mode": "managed",
      "type": "github_team_membership",
      "name": "ictsc7-Katsuya414",
      "provider": "provider[\"registry.terraform.io/integrations/github\"]",
      "instances": [
        {
          "schema_version": 0,
          "attributes": {
            "etag": "W/\"390b9280db444d594de9f7b96c2811bab9d94ac3c8e47d4d86d122245f5c4ed7\"",
            "id": "2178374:Katsuya414",
            "role": "member",
            "team_id": "2178374",
            "username": "Katsuya414"
          },
          "sensitive_attributes": [],
          "dependencies": [
            "github_membership.Katsuya414",
            "github_team.ictsc7"
          ]
        }
      ]
    },
    {
      "mode": "managed",
      "type": "github_team_membership",
      "name": "ictsc7-Kurorororo",
      "provider": "provider[\"registry.terraform.io/integrations/github\"]",
      "instances": [
        {
          "schema_version": 0,
          "attributes": {
            "etag": "W/\"38329979c60f235acdd653833d1e3a0a56e71298e92229a2eeb123c20a50d9ae\"",
            "id": "2178374:Kurorororo",
            "role": "member",
            "team_id": "2178374",
            "username": "Kurorororo"
          },
          "sensitive_attributes": [],
          "dependencies": [
            "github_membership.Kurorororo",
            "github_team.ictsc7"
          ]
        }
      ]
    },
    {
      "mode": "managed",
      "type": "github_team_membership",
      "name": "ictsc7-alias-aria",
      "provider": "provider[\"registry.terraform.io/integrations/github\"]",
      "instances": [
        {
          "schema_version": 0,
          "attributes": {
            "etag": "W/\"d66950fc2e7ecac31072d6bda9849a995260f5fc3eafa00bdd302c4808476a1d\"",
            "id": "2178374:alias-aria",
            "role": "member",
            "team_id": "2178374",
            "username": "alias-aria"
          },
          "sensitive_attributes": [],
          "dependencies": [
            "github_membership.alias-aria",
            "github_team.ictsc7"
          ]
        }
      ]
    },
    {
      "mode": "managed",
      "type": "github_team_membership",
      "name": "ictsc7-bosan120",
      "provider": "provider[\"registry.terraform.io/integrations/github\"]",
      "instances": [
        {
          "schema_version": 0,
          "attributes": {
            "etag": "W/\"124f3acdced2ac98e519d0e19939e72ddb2e6e55ed0e6584ee6e648534aacf72\"",
            "id": "2178374:bosan120",
            "role": "member",
            "team_id": "2178374",
            "username": "bosan120"
          },
          "sensitive_attributes": [],
          "dependencies": [
            "github_membership.bosan120",
            "github_team.ictsc7"
          ]
        }
      ]
    },
    {
      "mode": "managed",
      "type": "github_team_membership",
      "name": "ictsc7-ecodrive-18",
      "provider": "provider[\"registry.terraform.io/integrations/github\"]",
      "instances": [
        {
          "schema_version": 0,
          "attributes": {
            "etag": "W/\"917914123b6d0536f680186a06db5f6ed5a60beb1da6cd3c9ca51888f0df4b22\"",
            "id": "2178374:ecodrive-18",
            "role": "member",
            "team_id": "2178374",
            "username": "ecodrive-18"
          },
          "sensitive_attributes": [],
          "dependencies": [
            "github_membership.ecodrive-18",
            "github_team.ictsc7"
          ]
        }
      ]
    },
    {
      "mode": "managed",
      "type": "github_team_membership",
      "name": "ictsc7-guragusan",
      "provider": "provider[\"registry.terraform.io/integrations/github\"]",
      "instances": [
        {
          "schema_version": 0,
          "attributes": {
            "etag": "W/\"13006d8afd943c3b59730571a172cfb436965a03e646ae01f42f2f9b8e8f5041\"",
            "id": "2178374:guragusan",
            "role": "member",
            "team_id": "2178374",
            "username": "guragusan"
          },
          "sensitive_attributes": [],
          "dependencies": [
            "github_membership.guragusan",
            "github_team.ictsc7"
          ]
        }
      ]
    },
    {
      "mode": "managed",
      "type": "github_team_membership",
      "name": "ictsc7-h-otter",
      "provider": "provider[\"registry.terraform.io/integrations/github\"]",
      "instances": [
        {
          "schema_version": 0,
          "attributes": {
            "etag": "W/\"b5952484b302ad6d8858f62fae8a69bace0919cf914c675b7adf416ce3ecd01a\"",
            "id": "2178374:h-otter",
            "role": "maintainer",
            "team_id": "2178374",
            "username": "h-otter"
          },
          "sensitive_attributes": [],
          "private": "bnVsbA==",
          "dependencies": [
            "github_membership.h-otter",
            "github_team.ictsc7"
          ]
        }
      ]
    },
    {
      "mode": "managed",
      "type": "github_team_membership",
      "name": "ictsc7-inuyosi",
      "provider": "provider[\"registry.terraform.io/integrations/github\"]",
      "instances": [
        {
          "schema_version": 0,
          "attributes": {
            "etag": "W/\"788f565af79b567887d2995ded4a41c5582e5fcf20f411e0a11fadb601495fdf\"",
            "id": "2178374:inuyosi",
            "role": "member",
            "team_id": "2178374",
            "username": "inuyosi"
          },
          "sensitive_attributes": [],
          "dependencies": [
            "github_membership.inuyosi",
            "github_team.ictsc7"
          ]
        }
      ]
    },
    {
      "mode": "managed",
      "type": "github_team_membership",
      "name": "ictsc7-kadokusei",
      "provider": "provider[\"registry.terraform.io/integrations/github\"]",
      "instances": [
        {
          "schema_version": 0,
          "attributes": {
            "etag": "W/\"d450c24c07a45f674aacd6964febbc6df237d91246a625e27a92e2d8cfbd83c1\"",
            "id": "2178374:kadokusei",
            "role": "member",
            "team_id": "2178374",
            "username": "kadokusei"
          },
          "sensitive_attributes": [],
          "dependencies": [
            "github_membership.kadokusei",
            "github_team.ictsc7"
          ]
        }
      ]
    },
    {
      "mode": "managed",
      "type": "github_team_membership",
      "name": "ictsc7-kyontan",
      "provider": "provider[\"registry.terraform.io/integrations/github\"]",
      "instances": [
        {
          "schema_version": 0,
          "attributes": {
            "etag": "W/\"dfd56951bca3961c4302431a3e0a1a5ad6615d6018ba144662c18d5b97462ea1\"",
            "id": "2178374:kyontan",
            "role": "member",
            "team_id": "2178374",
            "username": "kyontan"
          },
          "sensitive_attributes": [],
          "dependencies": [
            "github_membership.kyontan",
            "github_team.ictsc7"
          ]
        }
      ]
    },
    {
      "mode": "managed",
      "type": "github_team_membership",
      "name": "ictsc7-mbook-x86",
      "provider": "provider[\"registry.terraform.io/integrations/github\"]",
      "instances": [
        {
          "schema_version": 0,
          "attributes": {
            "etag": "W/\"858c6e68695347b3126ad7ab35bceb664d6945e0ba2dc2e0fb96be84faf8c1f3\"",
            "id": "2178374:mbook-x86",
            "role": "member",
            "team_id": "2178374",
            "username": "mbook-x86"
          },
          "sensitive_attributes": [],
          "dependencies": [
            "github_membership.mbook-x86",
            "github_team.ictsc7"
          ]
        }
      ]
    },
    {
      "mode": "managed",
      "type": "github_team_membership",
      "name": "ictsc7-naoki912",
      "provider": "provider[\"registry.terraform.io/integrations/github\"]",
      "instances": [
        {
          "schema_version": 0,
          "attributes": {
            "etag": "W/\"be810153654b5621e5efa7d4ba16f1f1854e4c0a840b2ed3adc39b1d9c7927fd\"",
            "id": "2178374:naoki912",
            "role": "member",
            "team_id": "2178374",
            "username": "naoki912"
          },
          "sensitive_attributes": [],
          "dependencies": [
            "github_membership.naoki912",
            "github_team.ictsc7"
          ]
        }
      ]
    },
    {
      "mode": "managed",
      "type": "github_team_membership",
      "name": "ictsc7-oomorio",
      "provider": "provider[\"registry.terraform.io/integrations/github\"]",
      "instances": [
        {
          "schema_version": 0,
          "attributes": {
            "etag": "W/\"d1ac73e64cced43aa06c6f0872e7c97bc4fe45a8c686feafd49256f79448946a\"",
            "id": "2178374:oomorio",
            "role": "member",
            "team_id": "2178374",
            "username": "oomorio"
          },
          "sensitive_attributes": [],
          "dependencies": [
            "github_membership.oomorio",
            "github_team.ictsc7"
          ]
        }
      ]
    },
    {
      "mode": "managed",
      "type": "github_team_membership",
      "name": "ictsc7-palloc",
      "provider": "provider[\"registry.terraform.io/integrations/github\"]",
      "instances": [
        {
          "schema_version": 0,
          "attributes": {
            "etag": "W/\"5bbe17032580b0d4e9a2dc2404347b862f4e403eb651eb80f99d11a7faca4a77\"",
            "id": "2178374:palloc",
            "role": "member",
            "team_id": "2178374",
            "username": "palloc"
          },
          "sensitive_attributes": [],
          "dependencies": [
            "github_membership.palloc",
            "github_team.ictsc7"
          ]
        }
      ]
    },
    {
      "mode": "managed",
      "type": "github_team_membership",
      "name": "ictsc7-yaminoma",
      "provider": "provider[\"registry.terraform.io/integrations/github\"]",
      "instances": [
        {
          "schema_version": 0,
          "attributes": {
            "etag": "W/\"3af817bd3d534a5375d77efa9326a5a3a3f07dd2d79e4b203a9aeacd3d35de06\"",
            "id": "2178374:yaminoma",
            "role": "member",
            "team_id": "2178374",
            "username": "yaminoma"
          },
          "sensitive_attributes": [],
          "dependencies": [
            "github_membership.yaminoma",
            "github_team.ictsc7"
          ]
        }
      ]
    },
    {
      "mode": "managed",
      "type": "github_team_membership",
      "name": "ictsc7-yatuhashi",
      "provider": "provider[\"registry.terraform.io/integrations/github\"]",
      "instances": [
        {
          "schema_version": 0,
          "attributes": {
            "etag": "W/\"c88c84198fc78b37af8d616bb5e0c4dce076dfa605015907d9a904915339a868\"",
            "id": "2178374:yatuhashi",
            "role": "member",
            "team_id": "2178374",
            "username": "yatuhashi"
          },
          "sensitive_attributes": [],
          "dependencies": [
            "github_membership.yatuhashi",
            "github_team.ictsc7"
          ]
        }
      ]
    },
    {
      "mode": "managed",
      "type": "github_team_membership",
      "name": "ictsc7-yuukinetwork",
      "provider": "provider[\"registry.terraform.io/integrations/github\"]",
      "instances": [
        {
          "schema_version": 0,
          "attributes": {
            "etag": "W/\"d44a792047ed1a8b4e0144216c9f569c8959bb475f72c671adebc2cfa1d6def0\"",
            "id": "2178374:yuukinetwork",
            "role": "member",
            "team_id": "2178374",
            "username": "yuukinetwork"
          },
          "sensitive_attributes": [],
          "dependencies": [
            "github_membership.yuukinetwork",
            "github_team.ictsc7"
          ]
        }
      ]
    },
    {
      "mode": "managed",
      "type": "github_team_membership",
      "name": "ictsc8-Azusa72",
      "provider": "provider[\"registry.terraform.io/integrations/github\"]",
      "instances": [
        {
          "schema_version": 0,
          "attributes": {
            "etag": "W/\"285fdbca71a3f1b95be2e8dea67bd577d0b13db5ea7b2c578da7477e8bca1931\"",
            "id": "2341229:Azusa72",
            "role": "member",
            "team_id": "2341229",
            "username": "Azusa72"
          },
          "sensitive_attributes": [],
          "dependencies": [
            "github_membership.Azusa72",
            "github_team.ictsc8"
          ]
        }
      ]
    },
    {
      "mode": "managed",
      "type": "github_team_membership",
      "name": "ictsc8-Katsuya414",
      "provider": "provider[\"registry.terraform.io/integrations/github\"]",
      "instances": [
        {
          "schema_version": 0,
          "attributes": {
            "etag": "W/\"3c7c7f8ec5e37e9281955257c867bae2255703e15511b2f97870bbe6b77949b1\"",
            "id": "2341229:Katsuya414",
            "role": "member",
            "team_id": "2341229",
            "username": "Katsuya414"
          },
          "sensitive_attributes": [],
          "dependencies": [
            "github_membership.Katsuya414",
            "github_team.ictsc8"
          ]
        }
      ]
    },
    {
      "mode": "managed",
      "type": "github_team_membership",
      "name": "ictsc8-Kurorororo",
      "provider": "provider[\"registry.terraform.io/integrations/github\"]",
      "instances": [
        {
          "schema_version": 0,
          "attributes": {
            "etag": "W/\"92a2ce76f5f08ca79c07b3a68d2c4680208accaa9041d68f182e2ce5f2d16357\"",
            "id": "2341229:Kurorororo",
            "role": "member",
            "team_id": "2341229",
            "username": "Kurorororo"
          },
          "sensitive_attributes": [],
          "dependencies": [
            "github_membership.Kurorororo",
            "github_team.ictsc8"
          ]
        }
      ]
    },
    {
      "mode": "managed",
      "type": "github_team_membership",
      "name": "ictsc8-alias-aria",
      "provider": "provider[\"registry.terraform.io/integrations/github\"]",
      "instances": [
        {
          "schema_version": 0,
          "attributes": {
            "etag": "W/\"0029340f00f5e7fbb2ca537ce37922bc6d1edd3814e4dd850ac75aa363ac5839\"",
            "id": "2341229:alias-aria",
            "role": "member",
            "team_id": "2341229",
            "username": "alias-aria"
          },
          "sensitive_attributes": [],
          "dependencies": [
            "github_membership.alias-aria",
            "github_team.ictsc8"
          ]
        }
      ]
    },
    {
      "mode": "managed",
      "type": "github_team_membership",
      "name": "ictsc8-aoi96",
      "provider": "provider[\"registry.terraform.io/integrations/github\"]",
      "instances": [
        {
          "schema_version": 0,
          "attributes": {
            "etag": "W/\"cd52c754bced52528c9804956c194f6c123886ac561da54b1345cb846124c506\"",
            "id": "2341229:aoi96",
            "role": "member",
            "team_id": "2341229",
            "username": "aoi96"
          },
          "sensitive_attributes": [],
          "dependencies": [
            "github_membership.aoi96",
            "github_team.ictsc8"
          ]
        }
      ]
    },
    {
      "mode": "managed",
      "type": "github_team_membership",
      "name": "ictsc8-bosan120",
      "provider": "provider[\"registry.terraform.io/integrations/github\"]",
      "instances": [
        {
          "schema_version": 0,
          "attributes": {
            "etag": "W/\"94140057338cd95e3c7659ae2ad78b2fcb435650f5fed5f86577c2a0a7ae2e27\"",
            "id": "2341229:bosan120",
            "role": "member",
            "team_id": "2341229",
            "username": "bosan120"
          },
          "sensitive_attributes": [],
          "dependencies": [
            "github_membership.bosan120",
            "github_team.ictsc8"
          ]
        }
      ]
    },
    {
      "mode": "managed",
      "type": "github_team_membership",
      "name": "ictsc8-chisaton1",
      "provider": "provider[\"registry.terraform.io/integrations/github\"]",
      "instances": [
        {
          "schema_version": 0,
          "attributes": {
            "etag": "W/\"8546d40651db1fba37e6e631d00d05c7805893f8efde5fedcc046cf659fcf9cb\"",
            "id": "2341229:chisaton1",
            "role": "member",
            "team_id": "2341229",
            "username": "chisaton1"
          },
          "sensitive_attributes": [],
          "dependencies": [
            "github_membership.chisaton1",
            "github_team.ictsc8"
          ]
        }
      ]
    },
    {
      "mode": "managed",
      "type": "github_team_membership",
      "name": "ictsc8-ecodrive-18",
      "provider": "provider[\"registry.terraform.io/integrations/github\"]",
      "instances": [
        {
          "schema_version": 0,
          "attributes": {
            "etag": "W/\"d4748622fcb387cc56d354e31adedd58f9336910844e4e23f23e5c283ac55732\"",
            "id": "2341229:ecodrive-18",
            "role": "member",
            "team_id": "2341229",
            "username": "ecodrive-18"
          },
          "sensitive_attributes": [],
          "dependencies": [
            "github_membership.ecodrive-18",
            "github_team.ictsc8"
          ]
        }
      ]
    },
    {
      "mode": "managed",
      "type": "github_team_membership",
      "name": "ictsc8-h-otter",
      "provider": "provider[\"registry.terraform.io/integrations/github\"]",
      "instances": [
        {
          "schema_version": 0,
          "attributes": {
            "etag": "W/\"1fed11fd65e3563dcfcc9d4b8c1334dd71497ce1743c3a17cd7340c2469df629\"",
            "id": "2341229:h-otter",
            "role": "maintainer",
            "team_id": "2341229",
            "username": "h-otter"
          },
          "sensitive_attributes": [],
          "private": "bnVsbA==",
          "dependencies": [
            "github_membership.h-otter",
            "github_team.ictsc8"
          ]
        }
      ]
    },
    {
      "mode": "managed",
      "type": "github_team_membership",
      "name": "ictsc8-icchy",
      "provider": "provider[\"registry.terraform.io/integrations/github\"]",
      "instances": [
        {
          "schema_version": 0,
          "attributes": {
            "etag": "W/\"5a6b08e26334823e79a83ef0283d8f9fc4b2335087f6df82189e29dd8a05b484\"",
            "id": "2341229:icchy",
            "role": "member",
            "team_id": "2341229",
            "username": "icchy"
          },
          "sensitive_attributes": [],
          "dependencies": [
            "github_membership.icchy",
            "github_team.ictsc8"
          ]
        }
      ]
    },
    {
      "mode": "managed",
      "type": "github_team_membership",
      "name": "ictsc8-inuyosi",
      "provider": "provider[\"registry.terraform.io/integrations/github\"]",
      "instances": [
        {
          "schema_version": 0,
          "attributes": {
            "etag": "W/\"08f9205e7cd32c822982ae5c5ec264a01b98eea993c40f03fc45f3bc177f39f2\"",
            "id": "2341229:inuyosi",
            "role": "member",
            "team_id": "2341229",
            "username": "inuyosi"
          },
          "sensitive_attributes": [],
          "dependencies": [
            "github_membership.inuyosi",
            "github_team.ictsc8"
          ]
        }
      ]
    },
    {
      "mode": "managed",
      "type": "github_team_membership",
      "name": "ictsc8-keyakko",
      "provider": "provider[\"registry.terraform.io/integrations/github\"]",
      "instances": [
        {
          "schema_version": 0,
          "attributes": {
            "etag": "W/\"efd30f7d9d26ce1e7d9c01ffda51c81b5581d37441e2f786cdfa64a2216f438d\"",
            "id": "2341229:keyakko",
            "role": "member",
            "team_id": "2341229",
            "username": "keyakko"
          },
          "sensitive_attributes": [],
          "dependencies": [
            "github_membership.keyakko",
            "github_team.ictsc8"
          ]
        }
      ]
    },
    {
      "mode": "managed",
      "type": "github_team_membership",
      "name": "ictsc8-kyontan",
      "provider": "provider[\"registry.terraform.io/integrations/github\"]",
      "instances": [
        {
          "schema_version": 0,
          "attributes": {
            "etag": "W/\"982bc11c78ec357c4acdbdb042ac166c78fe8d553b482fab01e6341630e058ae\"",
            "id": "2341229:kyontan",
            "role": "member",
            "team_id": "2341229",
            "username": "kyontan"
          },
          "sensitive_attributes": [],
          "dependencies": [
            "github_membership.kyontan",
            "github_team.ictsc8"
          ]
        }
      ]
    },
    {
      "mode": "managed",
      "type": "github_team_membership",
      "name": "ictsc8-mbook-x86",
      "provider": "provider[\"registry.terraform.io/integrations/github\"]",
      "instances": [
        {
          "schema_version": 0,
          "attributes": {
            "etag": "W/\"1574ebb35db9fa06ce718a2c369dbb210d396b87d95229c5420403266cd30ad9\"",
            "id": "2341229:mbook-x86",
            "role": "member",
            "team_id": "2341229",
            "username": "mbook-x86"
          },
          "sensitive_attributes": [],
          "dependencies": [
            "github_membership.mbook-x86",
            "github_team.ictsc8"
          ]
        }
      ]
    },
    {
      "mode": "managed",
      "type": "github_team_membership",
      "name": "ictsc8-naoki912",
      "provider": "provider[\"registry.terraform.io/integrations/github\"]",
      "instances": [
        {
          "schema_version": 0,
          "attributes": {
            "etag": "W/\"c34553f46721108aa5312bee3c191b0027c2ae72965202971c9ec768e583e353\"",
            "id": "2341229:naoki912",
            "role": "member",
            "team_id": "2341229",
            "username": "naoki912"
          },
          "sensitive_attributes": [],
          "dependencies": [
            "github_membership.naoki912",
            "github_team.ictsc8"
          ]
        }
      ]
    },
    {
      "mode": "managed",
      "type": "github_team_membership",
      "name": "ictsc8-oomorio",
      "provider": "provider[\"registry.terraform.io/integrations/github\"]",
      "instances": [
        {
          "schema_version": 0,
          "attributes": {
            "etag": "W/\"d83cdea3f885a29599a4de9b3ec39fe956bbc5f6b7068577bc5e2521abd669c6\"",
            "id": "2341229:oomorio",
            "role": "member",
            "team_id": "2341229",
            "username": "oomorio"
          },
          "sensitive_attributes": [],
          "dependencies": [
            "github_membership.oomorio",
            "github_team.ictsc8"
          ]
        }
      ]
    },
    {
      "mode": "managed",
      "type": "github_team_membership",
      "name": "ictsc8-palloc",
      "provider": "provider[\"registry.terraform.io/integrations/github\"]",
      "instances": [
        {
          "schema_version": 0,
          "attributes": {
            "etag": "W/\"3929b8d3fceea8f6708ebc37c2a13bddde68fce024a879a1f70373d8a3d3fd2b\"",
            "id": "2341229:palloc",
            "role": "member",
            "team_id": "2341229",
            "username": "palloc"
          },
          "sensitive_attributes": [],
          "dependencies": [
            "github_membership.palloc",
            "github_team.ictsc8"
          ]
        }
      ]
    },
    {
      "mode": "managed",
      "type": "github_team_membership",
      "name": "ictsc8-staybuzz",
      "provider": "provider[\"registry.terraform.io/integrations/github\"]",
      "instances": [
        {
          "schema_version": 0,
          "attributes": {
            "etag": "W/\"6c94f951cdc076b77b18ed97785cf39f20309501fd65712cdff6f33c7077292a\"",
            "id": "2341229:staybuzz",
            "role": "member",
            "team_id": "2341229",
            "username": "staybuzz"
          },
          "sensitive_attributes": [],
          "dependencies": [
            "github_membership.staybuzz",
            "github_team.ictsc8"
          ]
        }
      ]
    },
    {
      "mode": "managed",
      "type": "github_team_membership",
      "name": "ictsc8-whywaita",
      "provider": "provider[\"registry.terraform.io/integrations/github\"]",
      "instances": [
        {
          "schema_version": 0,
          "attributes": {
            "etag": "W/\"a90d5c463298f4a2c33233b7aa1eabb62cfae90e38f71edd34e2e0efd6450810\"",
            "id": "2341229:whywaita",
            "role": "maintainer",
            "team_id": "2341229",
            "username": "whywaita"
          },
          "sensitive_attributes": [],
          "private": "bnVsbA==",
          "dependencies": [
            "github_membership.whywaita",
            "github_team.ictsc8"
          ]
        }
      ]
    },
    {
      "mode": "managed",
      "type": "github_team_membership",
      "name": "ictsc8-yatuhashi",
      "provider": "provider[\"registry.terraform.io/integrations/github\"]",
      "instances": [
        {
          "schema_version": 0,
          "attributes": {
            "etag": "W/\"5ec2978a34f7c2f57c0bc2bd9db50994e958735a44187e712329086e5cd77de9\"",
            "id": "2341229:yatuhashi",
            "role": "member",
            "team_id": "2341229",
            "username": "yatuhashi"
          },
          "sensitive_attributes": [],
          "dependencies": [
            "github_membership.yatuhashi",
            "github_team.ictsc8"
          ]
        }
      ]
    },
    {
      "mode": "managed",
      "type": "github_team_membership",
      "name": "ictsc9-Kurorororo",
      "provider": "provider[\"registry.terraform.io/integrations/github\"]",
      "instances": [
        {
          "schema_version": 0,
          "attributes": {
            "etag": "W/\"2a86dcadd50f5963077248da5917b08ab29f21d3d1220b5e241203c3255e8e1d\"",
            "id": "2818424:Kurorororo",
            "role": "member",
            "team_id": "2818424",
            "username": "Kurorororo"
          },
          "sensitive_attributes": [],
          "dependencies": [
            "github_membership.Kurorororo",
            "github_team.ictsc9"
          ]
        }
      ]
    },
    {
      "mode": "managed",
      "type": "github_team_membership",
      "name": "ictsc9-SakurazakaShin",
      "provider": "provider[\"registry.terraform.io/integrations/github\"]",
      "instances": [
        {
          "schema_version": 0,
          "attributes": {
            "etag": "W/\"9a46f784de21e3eb6a26aecd905071546411fac5c9092caba5ab39d8fa21fe45\"",
            "id": "2818424:SakurazakaShin",
            "role": "member",
            "team_id": "2818424",
            "username": "SakurazakaShin"
          },
          "sensitive_attributes": [],
          "dependencies": [
            "github_membership.SakurazakaShin",
            "github_team.ictsc9"
          ]
        }
      ]
    },
    {
      "mode": "managed",
      "type": "github_team_membership",
      "name": "ictsc9-acque2two",
      "provider": "provider[\"registry.terraform.io/integrations/github\"]",
      "instances": [
        {
          "schema_version": 0,
          "attributes": {
            "etag": "W/\"5a4b337df51f02aa88aac70214138fe106d8cff75f4329cf713edf71b0f79b42\"",
            "id": "2818424:acque2two",
            "role": "member",
            "team_id": "2818424",
            "username": "acque2two"
          },
          "sensitive_attributes": [],
          "dependencies": [
            "github_membership.acque2two",
            "github_team.ictsc9"
          ]
        }
      ]
    },
    {
      "mode": "managed",
      "type": "github_team_membership",
      "name": "ictsc9-chisaton1",
      "provider": "provider[\"registry.terraform.io/integrations/github\"]",
      "instances": [
        {
          "schema_version": 0,
          "attributes": {
            "etag": "W/\"0b9895fa64057b7d0067ac5ba7a49c166397a3d1e608bb144fb5aadd7c676969\"",
            "id": "2818424:chisaton1",
            "role": "member",
            "team_id": "2818424",
            "username": "chisaton1"
          },
          "sensitive_attributes": [],
          "dependencies": [
            "github_membership.chisaton1",
            "github_team.ictsc9"
          ]
        }
      ]
    },
    {
      "mode": "managed",
      "type": "github_team_membership",
      "name": "ictsc9-ecodrive-18",
      "provider": "provider[\"registry.terraform.io/integrations/github\"]",
      "instances": [
        {
          "schema_version": 0,
          "attributes": {
            "etag": "W/\"f83453657fbd9757545a4dea7f60c729e4bafcf4211ea3368ddc51f0da793caa\"",
            "id": "2818424:ecodrive-18",
            "role": "member",
            "team_id": "2818424",
            "username": "ecodrive-18"
          },
          "sensitive_attributes": [],
          "dependencies": [
            "github_membership.ecodrive-18",
            "github_team.ictsc9"
          ]
        }
      ]
    },
    {
      "mode": "managed",
      "type": "github_team_membership",
      "name": "ictsc9-gurapomu",
      "provider": "provider[\"registry.terraform.io/integrations/github\"]",
      "instances": [
        {
          "schema_version": 0,
          "attributes": {
            "etag": "W/\"7f0ef3b89a31c20612b7cc69b346056b52d65a06344bee5c492204901f922e1c\"",
            "id": "2818424:gurapomu",
            "role": "member",
            "team_id": "2818424",
            "username": "gurapomu"
          },
          "sensitive_attributes": [],
          "dependencies": [
            "github_membership.gurapomu",
            "github_team.ictsc9"
          ]
        }
      ]
    },
    {
      "mode": "managed",
      "type": "github_team_membership",
      "name": "ictsc9-h-otter",
      "provider": "provider[\"registry.terraform.io/integrations/github\"]",
      "instances": [
        {
          "schema_version": 0,
          "attributes": {
            "etag": "W/\"c3132ae066849685fee74a31080099ee07caa3b533f412b70b08a884b754795f\"",
            "id": "2818424:h-otter",
            "role": "maintainer",
            "team_id": "2818424",
            "username": "h-otter"
          },
          "sensitive_attributes": [],
          "private": "bnVsbA==",
          "dependencies": [
            "github_membership.h-otter",
            "github_team.ictsc9"
          ]
        }
      ]
    },
    {
      "mode": "managed",
      "type": "github_team_membership",
      "name": "ictsc9-ha-kun0711",
      "provider": "provider[\"registry.terraform.io/integrations/github\"]",
      "instances": [
        {
          "schema_version": 0,
          "attributes": {
            "etag": "W/\"db1e85ae9167e53d3ae391f96edbdbf1cfc86b4efa911b645cdbacc7a22de406\"",
            "id": "2818424:ha-kun0711",
            "role": "member",
            "team_id": "2818424",
            "username": "ha-kun0711"
          },
          "sensitive_attributes": [],
          "dependencies": [
            "github_membership.ha-kun0711",
            "github_team.ictsc9"
          ]
        }
      ]
    },
    {
      "mode": "managed",
      "type": "github_team_membership",
      "name": "ictsc9-icchy",
      "provider": "provider[\"registry.terraform.io/integrations/github\"]",
      "instances": [
        {
          "schema_version": 0,
          "attributes": {
            "etag": "W/\"bee028c6c874c53035de7d61299b41116ca44634ae1de794602e2957df6149dc\"",
            "id": "2818424:icchy",
            "role": "member",
            "team_id": "2818424",
            "username": "icchy"
          },
          "sensitive_attributes": [],
          "dependencies": [
            "github_membership.icchy",
            "github_team.ictsc9"
          ]
        }
      ]
    },
    {
      "mode": "managed",
      "type": "github_team_membership",
      "name": "ictsc9-mbook-x86",
      "provider": "provider[\"registry.terraform.io/integrations/github\"]",
      "instances": [
        {
          "schema_version": 0,
          "attributes": {
            "etag": "W/\"2b8f591ffdba0bca078c943c3aea4687e279fd8ab94175c48370f0dad6684fea\"",
            "id": "2818424:mbook-x86",
            "role": "member",
            "team_id": "2818424",
            "username": "mbook-x86"
          },
          "sensitive_attributes": [],
          "dependencies": [
            "github_membership.mbook-x86",
            "github_team.ictsc9"
          ]
        }
      ]
    },
    {
      "mode": "managed",
      "type": "github_team_membership",
      "name": "ictsc9-naoki912",
      "provider": "provider[\"registry.terraform.io/integrations/github\"]",
      "instances": [
        {
          "schema_version": 0,
          "attributes": {
            "etag": "W/\"f86f6cc75f3f12fb2cfc9091d373d6fea3ecec712d37f2243e716ad3a65aaf6a\"",
            "id": "2818424:naoki912",
            "role": "member",
            "team_id": "2818424",
            "username": "naoki912"
          },
          "sensitive_attributes": [],
          "dependencies": [
            "github_membership.naoki912",
            "github_team.ictsc9"
          ]
        }
      ]
    },
    {
      "mode": "managed",
      "type": "github_team_membership",
      "name": "ictsc9-nomeaning777",
      "provider": "provider[\"registry.terraform.io/integrations/github\"]",
      "instances": [
        {
          "schema_version": 0,
          "attributes": {
            "etag": "W/\"e74a53ac374c8d09fd3c0ecdaba38b0c94c05a64d549161dc33f758758ca0182\"",
            "id": "2818424:nomeaning777",
            "role": "member",
            "team_id": "2818424",
            "username": "nomeaning777"
          },
          "sensitive_attributes": [],
          "dependencies": [
            "github_membership.nomeaning777",
            "github_team.ictsc9"
          ]
        }
      ]
    },
    {
      "mode": "managed",
      "type": "github_team_membership",
      "name": "ictsc9-palloc",
      "provider": "provider[\"registry.terraform.io/integrations/github\"]",
      "instances": [
        {
          "schema_version": 0,
          "attributes": {
            "etag": "W/\"2a8e2eca1eb1ec8d74ed38d327b7aa1930c446a5ab9272314c3f960cab184b70\"",
            "id": "2818424:palloc",
            "role": "member",
            "team_id": "2818424",
            "username": "palloc"
          },
          "sensitive_attributes": [],
          "dependencies": [
            "github_membership.palloc",
            "github_team.ictsc9"
          ]
        }
      ]
    },
    {
      "mode": "managed",
      "type": "github_team_membership",
      "name": "ictsc9-sharknasuhorse",
      "provider": "provider[\"registry.terraform.io/integrations/github\"]",
      "instances": [
        {
          "schema_version": 0,
          "attributes": {
            "etag": "W/\"d8077ca1b100c834e95d579c981a8b069334421bf865b2ba0528eb5042a28603\"",
            "id": "2818424:sharknasuhorse",
            "role": "maintainer",
            "team_id": "2818424",
            "username": "sharknasuhorse"
          },
          "sensitive_attributes": [],
          "private": "bnVsbA==",
          "dependencies": [
            "github_membership.sharknasuhorse",
            "github_team.ictsc9"
          ]
        }
      ]
    },
    {
      "mode": "managed",
      "type": "github_team_membership",
      "name": "ictsc9-tsuttsu305",
      "provider": "provider[\"registry.terraform.io/integrations/github\"]",
      "instances": [
        {
          "schema_version": 0,
          "attributes": {
            "etag": "W/\"5cbd4490619f5828e9287444d6f5480fa7f6edc7ee027b2d367722f73a714113\"",
            "id": "2818424:tsuttsu305",
            "role": "member",
            "team_id": "2818424",
            "username": "tsuttsu305"
          },
          "sensitive_attributes": [],
          "dependencies": [
            "github_membership.tsuttsu305",
            "github_team.ictsc9"
          ]
        }
      ]
    },
    {
      "mode": "managed",
      "type": "github_team_membership",
      "name": "ictsc9-uplus",
      "provider": "provider[\"registry.terraform.io/integrations/github\"]",
      "instances": [
        {
          "schema_version": 0,
          "attributes": {
            "etag": "W/\"b25ef55e8d4bff5db6e4193b0590ef76c6f08e8425df8d654575a20b898ffefa\"",
            "id": "2818424:uplus",
            "role": "maintainer",
            "team_id": "2818424",
            "username": "uplus"
          },
          "sensitive_attributes": [],
          "private": "bnVsbA==",
          "dependencies": [
            "github_membership.uplus",
            "github_team.ictsc9"
          ]
        }
      ]
    },
    {
      "mode": "managed",
      "type": "github_team_membership",
      "name": "ictsc9-whywaita",
      "provider": "provider[\"registry.terraform.io/integrations/github\"]",
      "instances": [
        {
          "schema_version": 0,
          "attributes": {
            "etag": "W/\"08153d3134a50424b1637ffe4fe9f5456c8f7da88c4464251a9911d25b01bbda\"",
            "id": "2818424:whywaita",
            "role": "maintainer",
            "team_id": "2818424",
            "username": "whywaita"
          },
          "sensitive_attributes": [],
          "private": "bnVsbA==",
          "dependencies": [
            "github_membership.whywaita",
            "github_team.ictsc9"
          ]
        }
      ]
    },
    {
      "mode": "managed",
      "type": "github_team_membership",
      "name": "ictsc9-yatuhashi",
      "provider": "provider[\"registry.terraform.io/integrations/github\"]",
      "instances": [
        {
          "schema_version": 0,
          "attributes": {
            "etag": "W/\"d36b4a6340c11384fbef8a253e7a1f5340e452f01669c5090af89828cb87d126\"",
            "id": "2818424:yatuhashi",
            "role": "member",
            "team_id": "2818424",
            "username": "yatuhashi"
          },
          "sensitive_attributes": [],
          "dependencies": [
            "github_membership.yatuhashi",
            "github_team.ictsc9"
          ]
        }
      ]
    },
    {
      "mode": "managed",
      "type": "github_team_membership",
      "name": "score-dev-uplus",
      "provider": "provider[\"registry.terraform.io/integrations/github\"]",
      "instances": [
        {
          "schema_version": 0,
          "attributes": {
            "etag": "W/\"b3a92d3af55df070d333abd3043b3eab93bb06764794897911a291a97ecc2fc0\"",
            "id": "2004353:uplus",
            "role": "maintainer",
            "team_id": "2004353",
            "username": "uplus"
          },
          "sensitive_attributes": [],
          "dependencies": [
            "github_membership.uplus",
            "github_team.score-dev"
          ]
        }
      ]
    },
    {
      "mode": "managed",
      "type": "github_team_repository",
      "name": "score-dev-ictsc-score-server",
      "provider": "provider[\"registry.terraform.io/integrations/github\"]",
      "instances": [
        {
          "schema_version": 0,
          "attributes": {
            "etag": "W/\"fc59134a3872081905acf8eacae8d7bbb93b9088175c56f68b90f4b5e35e5d58\"",
            "id": "2004353:ictsc-score-server",
            "permission": "admin",
            "repository": "ictsc-score-server",
            "team_id": "2004353"
          },
          "sensitive_attributes": [],
          "dependencies": [
            "github_team.score-dev"
          ]
        }
      ]
    }
  ],
  "check_results": null
}
