{
    "version": 3,
    "terraform_version": "0.11.3",
    "serial": 36,
    "lineage": "842a2913-e436-4381-8e72-045e740c9c1f",
    "modules": [
        {
            "path": [
                "root"
            ],
            "outputs": {},
            "resources": {
                "github_membership.Azusa72": {
                    "type": "github_membership",
                    "depends_on": [],
                    "primary": {
                        "id": "ictsc:Azusa72",
                        "attributes": {
                            "etag": "W/\"7521a36670a1ce373fc9d94f482db142\"",
                            "id": "ictsc:Azusa72",
                            "role": "member",
                            "username": "Azusa72"
                        },
                        "meta": {},
                        "tainted": false
                    },
                    "deposed": [],
                    "provider": "provider.github"
                },
                "github_membership.Iwancof": {
                    "type": "github_membership",
                    "depends_on": [],
                    "primary": {
                        "id": "ictsc:Iwancof",
                        "attributes": {
                            "etag": "W/\"caa5e908c209081ec839291e464e0a50\"",
                            "id": "ictsc:Iwancof",
                            "role": "member",
                            "username": "Iwancof"
                        },
                        "meta": {},
                        "tainted": false
                    },
                    "deposed": [],
                    "provider": "provider.github"
                },
                "github_membership.Katsuya414": {
                    "type": "github_membership",
                    "depends_on": [],
                    "primary": {
                        "id": "ictsc:Katsuya414",
                        "attributes": {
                            "etag": "W/\"bbd4bba732168c9fefb25018a32713c9\"",
                            "id": "ictsc:Katsuya414",
                            "role": "member",
                            "username": "Katsuya414"
                        },
                        "meta": {},
                        "tainted": false
                    },
                    "deposed": [],
                    "provider": "provider.github"
                },
                "github_membership.Kurorororo": {
                    "type": "github_membership",
                    "depends_on": [],
                    "primary": {
                        "id": "ictsc:Kurorororo",
                        "attributes": {
                            "etag": "W/\"5aa32c7007334182d56b85b3e0b5d820\"",
                            "id": "ictsc:Kurorororo",
                            "role": "member",
                            "username": "Kurorororo"
                        },
                        "meta": {},
                        "tainted": false
                    },
                    "deposed": [],
                    "provider": "provider.github"
                },
                "github_membership.NozomiSugiyama": {
                    "type": "github_membership",
                    "depends_on": [],
                    "primary": {
                        "id": "ictsc:NozomiSugiyama",
                        "attributes": {
                            "etag": "W/\"124ed3d738c2756dc4080ded7a4ed811\"",
                            "id": "ictsc:NozomiSugiyama",
                            "role": "member",
                            "username": "NozomiSugiyama"
                        },
                        "meta": {},
                        "tainted": false
                    },
                    "deposed": [],
                    "provider": "provider.github"
                },
                "github_membership.SakurazakaShin": {
                    "type": "github_membership",
                    "depends_on": [],
                    "primary": {
                        "id": "ictsc:SakurazakaShin",
                        "attributes": {
                            "etag": "W/\"dc063af49097d18d2f33b4bfab09e3c6\"",
                            "id": "ictsc:SakurazakaShin",
                            "role": "member",
                            "username": "SakurazakaShin"
                        },
                        "meta": {},
                        "tainted": false
                    },
                    "deposed": [],
                    "provider": "provider.github"
                },
                "github_membership.ShotaKitazawa": {
                    "type": "github_membership",
                    "depends_on": [],
                    "primary": {
                        "id": "ictsc:ShotaKitazawa",
                        "attributes": {
                            "etag": "W/\"f36f4f4c0cd99422dfb83dce8493aec9\"",
                            "id": "ictsc:ShotaKitazawa",
                            "role": "member",
                            "username": "ShotaKitazawa"
                        },
                        "meta": {},
                        "tainted": false
                    },
                    "deposed": [],
                    "provider": "provider.github"
                },
                "github_membership.TenkiGit": {
                    "type": "github_membership",
                    "depends_on": [],
                    "primary": {
                        "id": "ictsc:TenkiGit",
                        "attributes": {
                            "etag": "W/\"d16461dc8d0679ebdb0b5f5b3977c285\"",
                            "id": "ictsc:TenkiGit",
                            "role": "member",
                            "username": "TenkiGit"
                        },
                        "meta": {},
                        "tainted": false
                    },
                    "deposed": [],
                    "provider": "provider.github"
                },
                "github_membership.Terfno": {
                    "type": "github_membership",
                    "depends_on": [],
                    "primary": {
                        "id": "ictsc:Terfno",
                        "attributes": {
                            "etag": "W/\"3ffa563ea89d4c47aac85eff18acdff1\"",
                            "id": "ictsc:Terfno",
                            "role": "member",
                            "username": "Terfno"
                        },
                        "meta": {},
                        "tainted": false
                    },
                    "deposed": [],
                    "provider": "provider.github"
                },
                "github_membership.a-r-g-v": {
                    "type": "github_membership",
                    "depends_on": [],
                    "primary": {
                        "id": "ictsc:a-r-g-v",
                        "attributes": {
                            "etag": "W/\"17dc5784e2e341675c4c325c60994581\"",
                            "id": "ictsc:a-r-g-v",
                            "role": "member",
                            "username": "a-r-g-v"
                        },
                        "meta": {},
                        "tainted": false
                    },
                    "deposed": [],
                    "provider": "provider.github"
                },
                "github_membership.acque2two": {
                    "type": "github_membership",
                    "depends_on": [],
                    "primary": {
                        "id": "ictsc:acque2two",
                        "attributes": {
                            "etag": "W/\"2de234f9731449cc910345ab4b45f2b4\"",
                            "id": "ictsc:acque2two",
                            "role": "member",
                            "username": "acque2two"
                        },
                        "meta": {},
                        "tainted": false
                    },
                    "deposed": [],
                    "provider": "provider.github"
                },
                "github_membership.alias-aria": {
                    "type": "github_membership",
                    "depends_on": [],
                    "primary": {
                        "id": "ictsc:alias-aria",
                        "attributes": {
                            "etag": "W/\"d4e2bf9fd0656bbacd2d7d760db6201f\"",
                            "id": "ictsc:alias-aria",
                            "role": "member",
                            "username": "alias-aria"
                        },
                        "meta": {},
                        "tainted": false
                    },
                    "deposed": [],
                    "provider": "provider.github"
                },
                "github_membership.alisamon": {
                    "type": "github_membership",
                    "depends_on": [],
                    "primary": {
                        "id": "ictsc:alisamon",
                        "attributes": {
                            "etag": "W/\"1e1223ff9267134bcbdf4a3669ab2ebe\"",
                            "id": "ictsc:alisamon",
                            "role": "member",
                            "username": "alisamon"
                        },
                        "meta": {},
                        "tainted": false
                    },
                    "deposed": [],
                    "provider": "provider.github"
                },
                "github_membership.aoi96": {
                    "type": "github_membership",
                    "depends_on": [],
                    "primary": {
                        "id": "ictsc:aoi96",
                        "attributes": {
                            "etag": "W/\"544e0e92f544e22cd0d05c15c0d194ce\"",
                            "id": "ictsc:aoi96",
                            "role": "member",
                            "username": "aoi96"
                        },
                        "meta": {},
                        "tainted": false
                    },
                    "deposed": [],
                    "provider": "provider.github"
                },
                "github_membership.arupakan125": {
                    "type": "github_membership",
                    "depends_on": [],
                    "primary": {
                        "id": "ictsc:arupakan125",
                        "attributes": {
                            "etag": "W/\"6027b2c417e970940967db2b0eefe038\"",
                            "id": "ictsc:arupakan125",
                            "role": "member",
                            "username": "arupakan125"
                        },
                        "meta": {},
                        "tainted": false
                    },
                    "deposed": [],
                    "provider": "provider.github"
                },
                "github_membership.asarijiru": {
                    "type": "github_membership",
                    "depends_on": [],
                    "primary": {
                        "id": "ictsc:asarijiru",
                        "attributes": {
                            "etag": "W/\"2a32958fdefda89cfdf6e79e9d123e7c\"",
                            "id": "ictsc:asarijiru",
                            "role": "member",
                            "username": "asarijiru"
                        },
                        "meta": {},
                        "tainted": false
                    },
                    "deposed": [],
                    "provider": "provider.github"
                },
                "github_membership.asdfec": {
                    "type": "github_membership",
                    "depends_on": [],
                    "primary": {
                        "id": "ictsc:asdfec",
                        "attributes": {
                            "etag": "W/\"44c104c20118853ae960cfd5dd693dc3\"",
                            "id": "ictsc:asdfec",
                            "role": "member",
                            "username": "asdfec"
                        },
                        "meta": {},
                        "tainted": false
                    },
                    "deposed": [],
                    "provider": "provider.github"
                },
                "github_membership.bosan120": {
                    "type": "github_membership",
                    "depends_on": [],
                    "primary": {
                        "id": "ictsc:bosan120",
                        "attributes": {
                            "etag": "W/\"d8a156d6ef8fdd012c16d30c9d376869\"",
                            "id": "ictsc:bosan120",
                            "role": "member",
                            "username": "bosan120"
                        },
                        "meta": {},
                        "tainted": false
                    },
                    "deposed": [],
                    "provider": "provider.github"
                },
                "github_membership.chalkygames123": {
                    "type": "github_membership",
                    "depends_on": [],
                    "primary": {
                        "id": "ictsc:chalkygames123",
                        "attributes": {
                            "etag": "W/\"8b5698085683bbc543a7700b6a9d637b\"",
                            "id": "ictsc:chalkygames123",
                            "role": "member",
                            "username": "chalkygames123"
                        },
                        "meta": {},
                        "tainted": false
                    },
                    "deposed": [],
                    "provider": "provider.github"
                },
                "github_membership.chamaharun": {
                    "type": "github_membership",
                    "depends_on": [],
                    "primary": {
                        "id": "ictsc:chamaharun",
                        "attributes": {
                            "etag": "W/\"6d117394a157d8bc310a5cb2d284c61e\"",
                            "id": "ictsc:chamaharun",
                            "role": "member",
                            "username": "chamaharun"
                        },
                        "meta": {},
                        "tainted": false
                    },
                    "deposed": [],
                    "provider": "provider.github"
                },
                "github_membership.chibiegg": {
                    "type": "github_membership",
                    "depends_on": [],
                    "primary": {
                        "id": "ictsc:chibiegg",
                        "attributes": {
                            "etag": "W/\"e58aae4ca9157d33d0bc2c13dfac5ccd\"",
                            "id": "ictsc:chibiegg",
                            "role": "member",
                            "username": "chibiegg"
                        },
                        "meta": {},
                        "tainted": false
                    },
                    "deposed": [],
                    "provider": "provider.github"
                },
                "github_membership.chisaton1": {
                    "type": "github_membership",
                    "depends_on": [],
                    "primary": {
                        "id": "ictsc:chisaton1",
                        "attributes": {
                            "etag": "W/\"6dd2b42f3244feccc468790b21cde430\"",
                            "id": "ictsc:chisaton1",
                            "role": "member",
                            "username": "chisaton1"
                        },
                        "meta": {},
                        "tainted": false
                    },
                    "deposed": [],
                    "provider": "provider.github"
                },
                "github_membership.chouett0": {
                    "type": "github_membership",
                    "depends_on": [],
                    "primary": {
                        "id": "ictsc:chouett0",
                        "attributes": {
                            "etag": "W/\"39e0ec30baff75fcdd53121b1297f9e6\"",
                            "id": "ictsc:chouett0",
                            "role": "member",
                            "username": "chouett0"
                        },
                        "meta": {},
                        "tainted": false
                    },
                    "deposed": [],
                    "provider": "provider.github"
                },
                "github_membership.ecodrive-18": {
                    "type": "github_membership",
                    "depends_on": [],
                    "primary": {
                        "id": "ictsc:ecodrive-18",
                        "attributes": {
                            "etag": "W/\"456f6015f98adcb2b60c8c2a68ec1c05\"",
                            "id": "ictsc:ecodrive-18",
                            "role": "member",
                            "username": "ecodrive-18"
                        },
                        "meta": {},
                        "tainted": false
                    },
                    "deposed": [],
                    "provider": "provider.github"
                },
                "github_membership.freedom18": {
                    "type": "github_membership",
                    "depends_on": [],
                    "primary": {
                        "id": "ictsc:freedom18",
                        "attributes": {
                            "etag": "W/\"9d6512c82b4bddfce54ded993f42db3c\"",
                            "id": "ictsc:freedom18",
                            "role": "member",
                            "username": "freedom18"
                        },
                        "meta": {},
                        "tainted": false
                    },
                    "deposed": [],
                    "provider": "provider.github"
                },
                "github_membership.guragusan": {
                    "type": "github_membership",
                    "depends_on": [],
                    "primary": {
                        "id": "ictsc:guragusan",
                        "attributes": {
                            "etag": "W/\"644fa6a39bdd894fd6760c16aec91c81\"",
                            "id": "ictsc:guragusan",
                            "role": "member",
                            "username": "guragusan"
                        },
                        "meta": {},
                        "tainted": false
                    },
                    "deposed": [],
                    "provider": "provider.github"
                },
                "github_membership.gurapomu": {
                    "type": "github_membership",
                    "depends_on": [],
                    "primary": {
                        "id": "ictsc:gurapomu",
                        "attributes": {
                            "etag": "W/\"332716cc39c9814d9fc62025183bbb42\"",
                            "id": "ictsc:gurapomu",
                            "role": "member",
                            "username": "gurapomu"
                        },
                        "meta": {},
                        "tainted": false
                    },
                    "deposed": [],
                    "provider": "provider.github"
                },
                "github_membership.h-otter": {
                    "type": "github_membership",
                    "depends_on": [],
                    "primary": {
                        "id": "ictsc:h-otter",
                        "attributes": {
                            "etag": "W/\"88998e7a8e423806e7c0ebdd8f1dd84a\"",
                            "id": "ictsc:h-otter",
                            "role": "admin",
                            "username": "h-otter"
                        },
                        "meta": {},
                        "tainted": false
                    },
                    "deposed": [],
                    "provider": "provider.github"
                },
                "github_membership.ha-kun0711": {
                    "type": "github_membership",
                    "depends_on": [],
                    "primary": {
                        "id": "ictsc:ha-kun0711",
                        "attributes": {
                            "etag": "W/\"00370fde0f6eb49456395a6d1f5fee3f\"",
                            "id": "ictsc:ha-kun0711",
                            "role": "member",
                            "username": "ha-kun0711"
                        },
                        "meta": {},
                        "tainted": false
                    },
                    "deposed": [],
                    "provider": "provider.github"
                },
                "github_membership.hibiki31": {
                    "type": "github_membership",
                    "depends_on": [],
                    "primary": {
                        "id": "ictsc:hibiki31",
                        "attributes": {
                            "etag": "W/\"d5811c332ce6bede0f138fabe28c8de6\"",
                            "id": "ictsc:hibiki31",
                            "role": "member",
                            "username": "hibiki31"
                        },
                        "meta": {},
                        "tainted": false
                    },
                    "deposed": [],
                    "provider": "provider.github"
                },
                "github_membership.ibucho": {
                    "type": "github_membership",
                    "depends_on": [],
                    "primary": {
                        "id": "ictsc:ibucho",
                        "attributes": {
                            "etag": "W/\"17f43094bc5815912c78248622e8ca26\"",
                            "id": "ictsc:ibucho",
                            "role": "admin",
                            "username": "ibucho"
                        },
                        "meta": {},
                        "tainted": false
                    },
                    "deposed": [],
                    "provider": "provider.github"
                },
                "github_membership.icchy": {
                    "type": "github_membership",
                    "depends_on": [],
                    "primary": {
                        "id": "ictsc:icchy",
                        "attributes": {
                            "etag": "W/\"dbbf009fd39087a7f1c928ca3b74186e\"",
                            "id": "ictsc:icchy",
                            "role": "member",
                            "username": "icchy"
                        },
                        "meta": {},
                        "tainted": false
                    },
                    "deposed": [],
                    "provider": "provider.github"
                },
                "github_membership.if001": {
                    "type": "github_membership",
                    "depends_on": [],
                    "primary": {
                        "id": "ictsc:if001",
                        "attributes": {
                            "etag": "W/\"828e3c1be807884a67bcc58b5f6a2f02\"",
                            "id": "ictsc:if001",
                            "role": "member",
                            "username": "if001"
                        },
                        "meta": {},
                        "tainted": false
                    },
                    "deposed": [],
                    "provider": "provider.github"
                },
                "github_membership.int-tt": {
                    "type": "github_membership",
                    "depends_on": [],
                    "primary": {
                        "id": "ictsc:int-tt",
                        "attributes": {
                            "etag": "W/\"4800e7fb979d6bbe0cfa144dde76763b\"",
                            "id": "ictsc:int-tt",
                            "role": "member",
                            "username": "int-tt"
                        },
                        "meta": {},
                        "tainted": false
                    },
                    "deposed": [],
                    "provider": "provider.github"
                },
                "github_membership.inuyosi": {
                    "type": "github_membership",
                    "depends_on": [],
                    "primary": {
                        "id": "ictsc:inuyosi",
                        "attributes": {
                            "etag": "W/\"8758bb69f8aa9db0ce0e3bb2c344a613\"",
                            "id": "ictsc:inuyosi",
                            "role": "member",
                            "username": "inuyosi"
                        },
                        "meta": {},
                        "tainted": false
                    },
                    "deposed": [],
                    "provider": "provider.github"
                },
                "github_membership.itakuya": {
                    "type": "github_membership",
                    "depends_on": [],
                    "primary": {
                        "id": "ictsc:itakuya",
                        "attributes": {
                            "etag": "W/\"811787244bf1d0f7f078f1cfa5194ec7\"",
                            "id": "ictsc:itakuya",
                            "role": "member",
                            "username": "itakuya"
                        },
                        "meta": {},
                        "tainted": false
                    },
                    "deposed": [],
                    "provider": "provider.github"
                },
                "github_membership.kadokusei": {
                    "type": "github_membership",
                    "depends_on": [],
                    "primary": {
                        "id": "ictsc:kadokusei",
                        "attributes": {
                            "etag": "W/\"e49aedb7a4fd06d899767679ab6d3aff\"",
                            "id": "ictsc:kadokusei",
                            "role": "member",
                            "username": "kadokusei"
                        },
                        "meta": {},
                        "tainted": false
                    },
                    "deposed": [],
                    "provider": "provider.github"
                },
                "github_membership.kamijin-fanta": {
                    "type": "github_membership",
                    "depends_on": [],
                    "primary": {
                        "id": "ictsc:kamijin-fanta",
                        "attributes": {
                            "etag": "W/\"d77cc396ff5a62522c02b2ef0061bee0\"",
                            "id": "ictsc:kamijin-fanta",
                            "role": "member",
                            "username": "kamijin-fanta"
                        },
                        "meta": {},
                        "tainted": false
                    },
                    "deposed": [],
                    "provider": "provider.github"
                },
                "github_membership.kapibara824": {
                    "type": "github_membership",
                    "depends_on": [],
                    "primary": {
                        "id": "ictsc:kapibara824",
                        "attributes": {
                            "etag": "W/\"625855b2cd89642982bb4c7274c10c6f\"",
                            "id": "ictsc:kapibara824",
                            "role": "member",
                            "username": "kapibara824"
                        },
                        "meta": {},
                        "tainted": false
                    },
                    "deposed": [],
                    "provider": "provider.github"
                },
                "github_membership.kayo-tozaki": {
                    "type": "github_membership",
                    "depends_on": [],
                    "primary": {
                        "id": "ictsc:kayo-tozaki",
                        "attributes": {
                            "etag": "W/\"f8f18e300187f186c4fcd20e917a34c7\"",
                            "id": "ictsc:kayo-tozaki",
                            "role": "member",
                            "username": "kayo-tozaki"
                        },
                        "meta": {},
                        "tainted": false
                    },
                    "deposed": [],
                    "provider": "provider.github"
                },
                "github_membership.keisukearakawa": {
                    "type": "github_membership",
                    "depends_on": [],
                    "primary": {
                        "id": "ictsc:keisukearakawa",
                        "attributes": {
                            "etag": "W/\"eff46b78ee0fe5cebf645833d71bc689\"",
                            "id": "ictsc:keisukearakawa",
                            "role": "member",
                            "username": "keisukearakawa"
                        },
                        "meta": {},
                        "tainted": false
                    },
                    "deposed": [],
                    "provider": "provider.github"
                },
                "github_membership.keyakko": {
                    "type": "github_membership",
                    "depends_on": [],
                    "primary": {
                        "id": "ictsc:keyakko",
                        "attributes": {
                            "etag": "W/\"a6cdce7d813813cadada88b1f0182e94\"",
                            "id": "ictsc:keyakko",
                            "role": "member",
                            "username": "keyakko"
                        },
                        "meta": {},
                        "tainted": false
                    },
                    "deposed": [],
                    "provider": "provider.github"
                },
                "github_membership.knium": {
                    "type": "github_membership",
                    "depends_on": [],
                    "primary": {
                        "id": "ictsc:Knium",
                        "attributes": {
                            "etag": "W/\"bfd693a487fc3ee908fcfe11514b4d9e\"",
                            "id": "ictsc:Knium",
                            "role": "member",
                            "username": "Knium"
                        },
                        "meta": {},
                        "tainted": false
                    },
                    "deposed": [],
                    "provider": "provider.github"
                },
                "github_membership.kurochan": {
                    "type": "github_membership",
                    "depends_on": [],
                    "primary": {
                        "id": "ictsc:kurochan",
                        "attributes": {
                            "etag": "W/\"fb3b9edc329f8d6a05d44a60e730e051\"",
                            "id": "ictsc:kurochan",
                            "role": "admin",
                            "username": "kurochan"
                        },
                        "meta": {},
                        "tainted": false
                    },
                    "deposed": [],
                    "provider": "provider.github"
                },
                "github_membership.kyoko0514": {
                    "type": "github_membership",
                    "depends_on": [],
                    "primary": {
                        "id": "ictsc:kyoko0514",
                        "attributes": {
                            "etag": "W/\"3f802a1c93246ec2c20a088ee86ba664\"",
                            "id": "ictsc:kyoko0514",
                            "role": "member",
                            "username": "kyoko0514"
                        },
                        "meta": {},
                        "tainted": false
                    },
                    "deposed": [],
                    "provider": "provider.github"
                },
                "github_membership.kyontan": {
                    "type": "github_membership",
                    "depends_on": [],
                    "primary": {
                        "id": "ictsc:kyontan",
                        "attributes": {
                            "etag": "W/\"15225c9df33f09fb7b8dd491b3086496\"",
                            "id": "ictsc:kyontan",
                            "role": "member",
                            "username": "kyontan"
                        },
                        "meta": {},
                        "tainted": false
                    },
                    "deposed": [],
                    "provider": "provider.github"
                },
                "github_membership.matsurika1226": {
                    "type": "github_membership",
                    "depends_on": [],
                    "primary": {
                        "id": "ictsc:matsurika1226",
                        "attributes": {
                            "etag": "W/\"136ed9b004a5c7de9619c29a563a5b28\"",
                            "id": "ictsc:matsurika1226",
                            "role": "member",
                            "username": "matsurika1226"
                        },
                        "meta": {},
                        "tainted": false
                    },
                    "deposed": [],
                    "provider": "provider.github"
                },
                "github_membership.mbook-x86": {
                    "type": "github_membership",
                    "depends_on": [],
                    "primary": {
                        "id": "ictsc:mbook-x86",
                        "attributes": {
                            "etag": "W/\"0296163aac3d78ef68da5f7e122ed88a\"",
                            "id": "ictsc:mbook-x86",
                            "role": "member",
                            "username": "mbook-x86"
                        },
                        "meta": {},
                        "tainted": false
                    },
                    "deposed": [],
                    "provider": "provider.github"
                },
                "github_membership.miyao11": {
                    "type": "github_membership",
                    "depends_on": [],
                    "primary": {
                        "id": "ictsc:Miyao11",
                        "attributes": {
                            "etag": "W/\"cbc87bee1253ac722fbc912ef71ef36d\"",
                            "id": "ictsc:Miyao11",
                            "role": "member",
                            "username": "Miyao11"
                        },
                        "meta": {},
                        "tainted": false
                    },
                    "deposed": [],
                    "provider": "provider.github"
                },
                "github_membership.mk0913mnck": {
                    "type": "github_membership",
                    "depends_on": [],
                    "primary": {
                        "id": "ictsc:mk0913mnck",
                        "attributes": {
                            "etag": "W/\"5540fafd73a84500216b8d4cebef59b4\"",
                            "id": "ictsc:mk0913mnck",
                            "role": "member",
                            "username": "mk0913mnck"
                        },
                        "meta": {},
                        "tainted": false
                    },
                    "deposed": [],
                    "provider": "provider.github"
                },
                "github_membership.naoki912": {
                    "type": "github_membership",
                    "depends_on": [],
                    "primary": {
                        "id": "ictsc:naoki912",
                        "attributes": {
                            "etag": "W/\"712dfa911f7e6ea6711eb2ff9f502564\"",
                            "id": "ictsc:naoki912",
                            "role": "member",
                            "username": "naoki912"
                        },
                        "meta": {},
                        "tainted": false
                    },
                    "deposed": [],
                    "provider": "provider.github"
                },
                "github_membership.netmarkjp": {
                    "type": "github_membership",
                    "depends_on": [],
                    "primary": {
                        "id": "ictsc:netmarkjp",
                        "attributes": {
                            "etag": "W/\"b46c92c1c178a0482573bb591ebd1841\"",
                            "id": "ictsc:netmarkjp",
                            "role": "admin",
                            "username": "netmarkjp"
                        },
                        "meta": {},
                        "tainted": false
                    },
                    "deposed": [],
                    "provider": "provider.github"
                },
                "github_membership.nomeaning777": {
                    "type": "github_membership",
                    "depends_on": [],
                    "primary": {
                        "id": "ictsc:nomeaning777",
                        "attributes": {
                            "etag": "W/\"6a67a3909f6d03a070aa2f7126b01aa3\"",
                            "id": "ictsc:nomeaning777",
                            "role": "member",
                            "username": "nomeaning777"
                        },
                        "meta": {},
                        "tainted": false
                    },
                    "deposed": [],
                    "provider": "provider.github"
                },
                "github_membership.notchi590": {
                    "type": "github_membership",
                    "depends_on": [],
                    "primary": {
                        "id": "ictsc:notchi590",
                        "attributes": {
                            "etag": "W/\"8e33523c34d1d824fb620700119cc52f\"",
                            "id": "ictsc:notchi590",
                            "role": "member",
                            "username": "notchi590"
                        },
                        "meta": {},
                        "tainted": false
                    },
                    "deposed": [],
                    "provider": "provider.github"
                },
                "github_membership.onokatio": {
                    "type": "github_membership",
                    "depends_on": [],
                    "primary": {
                        "id": "ictsc:onokatio",
                        "attributes": {
                            "etag": "W/\"66e9b1f3a9909f91d6deb86dfa59d590\"",
                            "id": "ictsc:onokatio",
                            "role": "member",
                            "username": "onokatio"
                        },
                        "meta": {},
                        "tainted": false
                    },
                    "deposed": [],
                    "provider": "provider.github"
                },
                "github_membership.oomorio": {
                    "type": "github_membership",
                    "depends_on": [],
                    "primary": {
                        "id": "ictsc:oomorio",
                        "attributes": {
                            "etag": "W/\"0945e0e102cd86932584429a19d480ca\"",
                            "id": "ictsc:oomorio",
                            "role": "member",
                            "username": "oomorio"
                        },
                        "meta": {},
                        "tainted": false
                    },
                    "deposed": [],
                    "provider": "provider.github"
                },
                "github_membership.ophum": {
                    "type": "github_membership",
                    "depends_on": [],
                    "primary": {
                        "id": "ictsc:ophum",
                        "attributes": {
                            "etag": "W/\"66c650bfeee12807b00cc0cfd85527b9\"",
                            "id": "ictsc:ophum",
                            "role": "member",
                            "username": "ophum"
                        },
                        "meta": {},
                        "tainted": false
                    },
                    "deposed": [],
                    "provider": "provider.github"
                },
                "github_membership.orin24": {
                    "type": "github_membership",
                    "depends_on": [],
                    "primary": {
                        "id": "ictsc:orin24",
                        "attributes": {
                            "etag": "W/\"32648a56d80c0dca4a6ebacb9b859582\"",
                            "id": "ictsc:orin24",
                            "role": "member",
                            "username": "orin24"
                        },
                        "meta": {},
                        "tainted": false
                    },
                    "deposed": [],
                    "provider": "provider.github"
                },
                "github_membership.palloc": {
                    "type": "github_membership",
                    "depends_on": [],
                    "primary": {
                        "id": "ictsc:palloc",
                        "attributes": {
                            "etag": "W/\"8aa53ec59bac035a6b5d7505e532fdaa\"",
                            "id": "ictsc:palloc",
                            "role": "member",
                            "username": "palloc"
                        },
                        "meta": {},
                        "tainted": false
                    },
                    "deposed": [],
                    "provider": "provider.github"
                },
                "github_membership.potyama": {
                    "type": "github_membership",
                    "depends_on": [],
                    "primary": {
                        "id": "ictsc:potyama",
                        "attributes": {
                            "etag": "W/\"52be4614ef6f9bf5f0418a0e0ea36783\"",
                            "id": "ictsc:potyama",
                            "role": "member",
                            "username": "potyama"
                        },
                        "meta": {},
                        "tainted": false
                    },
                    "deposed": [],
                    "provider": "provider.github"
                },
                "github_membership.proelbtn": {
                    "type": "github_membership",
                    "depends_on": [],
                    "primary": {
                        "id": "ictsc:proelbtn",
                        "attributes": {
                            "etag": "W/\"56be3db99a193e088e6ef651438bb7c8\"",
                            "id": "ictsc:proelbtn",
                            "role": "member",
                            "username": "proelbtn"
                        },
                        "meta": {},
                        "tainted": false
                    },
                    "deposed": [],
                    "provider": "provider.github"
                },
                "github_membership.rlia": {
                    "type": "github_membership",
                    "depends_on": [],
                    "primary": {
                        "id": "ictsc:rlia",
                        "attributes": {
                            "etag": "W/\"688b5c507dc797cebf430cac84e1d11d\"",
                            "id": "ictsc:rlia",
                            "role": "member",
                            "username": "rlia"
                        },
                        "meta": {},
                        "tainted": false
                    },
                    "deposed": [],
                    "provider": "provider.github"
                },
                "github_membership.ronorono45": {
                    "type": "github_membership",
                    "depends_on": [],
                    "primary": {
                        "id": "ictsc:ronorono45",
                        "attributes": {
                            "etag": "W/\"e4e5fd985428cd4e51362644a57d5413\"",
                            "id": "ictsc:ronorono45",
                            "role": "member",
                            "username": "ronorono45"
                        },
                        "meta": {},
                        "tainted": false
                    },
                    "deposed": [],
                    "provider": "provider.github"
                },
                "github_membership.sharknasuhorse": {
                    "type": "github_membership",
                    "depends_on": [],
                    "primary": {
                        "id": "ictsc:sharknasuhorse",
                        "attributes": {
                            "etag": "W/\"0b1fd23d9d11ae8805ec95e60dda82d8\"",
                            "id": "ictsc:sharknasuhorse",
                            "role": "member",
                            "username": "sharknasuhorse"
                        },
                        "meta": {},
                        "tainted": false
                    },
                    "deposed": [],
                    "provider": "provider.github"
                },
                "github_membership.shinonome01": {
                    "type": "github_membership",
                    "depends_on": [],
                    "primary": {
                        "id": "ictsc:Shinonome01",
                        "attributes": {
                            "etag": "W/\"5fa0fe85a69fe7b8e73e06bc2224b1bb\"",
                            "id": "ictsc:Shinonome01",
                            "role": "member",
                            "username": "Shinonome01"
                        },
                        "meta": {},
                        "tainted": false
                    },
                    "deposed": [],
                    "provider": "provider.github"
                },
                "github_membership.site0801": {
                    "type": "github_membership",
                    "depends_on": [],
                    "primary": {
                        "id": "ictsc:site0801",
                        "attributes": {
                            "etag": "W/\"c637c43af4b16dd91fbe1e4a56e76e08\"",
                            "id": "ictsc:site0801",
                            "role": "member",
                            "username": "site0801"
                        },
                        "meta": {},
                        "tainted": false
                    },
                    "deposed": [],
                    "provider": "provider.github"
                },
                "github_membership.sora34": {
                    "type": "github_membership",
                    "depends_on": [],
                    "primary": {
                        "id": "ictsc:sora34",
                        "attributes": {
                            "etag": "W/\"bfed64ed90fb69aeeb871023b0be2908\"",
                            "id": "ictsc:sora34",
                            "role": "member",
                            "username": "sora34"
                        },
                        "meta": {},
                        "tainted": false
                    },
                    "deposed": [],
                    "provider": "provider.github"
                },
                "github_membership.staybuzz": {
                    "type": "github_membership",
                    "depends_on": [],
                    "primary": {
                        "id": "ictsc:staybuzz",
                        "attributes": {
                            "etag": "W/\"ae6f1aabea1273cded0046e8f5a4ccb2\"",
                            "id": "ictsc:staybuzz",
                            "role": "member",
                            "username": "staybuzz"
                        },
                        "meta": {},
                        "tainted": false
                    },
                    "deposed": [],
                    "provider": "provider.github"
                },
                "github_membership.sugiki-accelia": {
                    "type": "github_membership",
                    "depends_on": [],
                    "primary": {
                        "id": "ictsc:sugiki-accelia",
                        "attributes": {
                            "etag": "W/\"5727e865bb515ea1d9090907ba17fc2d\"",
                            "id": "ictsc:sugiki-accelia",
                            "role": "member",
                            "username": "sugiki-accelia"
                        },
                        "meta": {},
                        "tainted": false
                    },
                    "deposed": [],
                    "provider": "provider.github"
                },
                "github_membership.sukekawa-accelia": {
                    "type": "github_membership",
                    "depends_on": [],
                    "primary": {
                        "id": "ictsc:sukekawa-accelia",
                        "attributes": {
                            "etag": "W/\"903b0cb44ebe08a15440d0148e37d721\"",
                            "id": "ictsc:sukekawa-accelia",
                            "role": "member",
                            "username": "sukekawa-accelia"
                        },
                        "meta": {},
                        "tainted": false
                    },
                    "deposed": [],
                    "provider": "provider.github"
                },
                "github_membership.suzuek": {
                    "type": "github_membership",
                    "depends_on": [],
                    "primary": {
                        "id": "ictsc:Suzuek",
                        "attributes": {
                            "etag": "W/\"366748d3171bb2cbf1c58f52cf02d25f\"",
                            "id": "ictsc:Suzuek",
                            "role": "member",
                            "username": "Suzuek"
                        },
                        "meta": {},
                        "tainted": false
                    },
                    "deposed": [],
                    "provider": "provider.github"
                },
                "github_membership.suzutan": {
                    "type": "github_membership",
                    "depends_on": [],
                    "primary": {
                        "id": "ictsc:suzutan",
                        "attributes": {
                            "etag": "W/\"118c4de5c537a1ef21bca5756ead5770\"",
                            "id": "ictsc:suzutan",
                            "role": "member",
                            "username": "suzutan"
                        },
                        "meta": {},
                        "tainted": false
                    },
                    "deposed": [],
                    "provider": "provider.github"
                },
                "github_membership.takehaya": {
                    "type": "github_membership",
                    "depends_on": [],
                    "primary": {
                        "id": "ictsc:takehaya",
                        "attributes": {
                            "etag": "W/\"5ede484e9e79d5bce0b192437c4b5663\"",
                            "id": "ictsc:takehaya",
                            "role": "member",
                            "username": "takehaya"
                        },
                        "meta": {},
                        "tainted": false
                    },
                    "deposed": [],
                    "provider": "provider.github"
                },
                "github_membership.takes3": {
                    "type": "github_membership",
                    "depends_on": [],
                    "primary": {
                        "id": "ictsc:takes3",
                        "attributes": {
                            "etag": "W/\"08ffb2068bb784b586832928fd3fdb9d\"",
                            "id": "ictsc:takes3",
                            "role": "member",
                            "username": "takes3"
                        },
                        "meta": {},
                        "tainted": false
                    },
                    "deposed": [],
                    "provider": "provider.github"
                },
                "github_membership.takeshi-seki": {
                    "type": "github_membership",
                    "depends_on": [],
                    "primary": {
                        "id": "ictsc:takeshi-seki",
                        "attributes": {
                            "etag": "W/\"12a7831224a92b7bf6aa6dcd1edacf54\"",
                            "id": "ictsc:takeshi-seki",
                            "role": "member",
                            "username": "takeshi-seki"
                        },
                        "meta": {},
                        "tainted": false
                    },
                    "deposed": [],
                    "provider": "provider.github"
                },
                "github_membership.takumimoja": {
                    "type": "github_membership",
                    "depends_on": [],
                    "primary": {
                        "id": "ictsc:takumimoja",
                        "attributes": {
                            "etag": "W/\"83296c538a41df30dac080baae3ea1ec\"",
                            "id": "ictsc:takumimoja",
                            "role": "member",
                            "username": "takumimoja"
                        },
                        "meta": {},
                        "tainted": false
                    },
                    "deposed": [],
                    "provider": "provider.github"
                },
                "github_membership.tar-xzvff": {
                    "type": "github_membership",
                    "depends_on": [],
                    "primary": {
                        "id": "ictsc:tar-xzvff",
                        "attributes": {
                            "etag": "W/\"45ff9fb3428d5769ff61cec67f9f97bf\"",
                            "id": "ictsc:tar-xzvff",
                            "role": "admin",
                            "username": "tar-xzvff"
                        },
                        "meta": {},
                        "tainted": false
                    },
                    "deposed": [],
                    "provider": "provider.github"
                },
                "github_membership.tsuttsu305": {
                    "type": "github_membership",
                    "depends_on": [],
                    "primary": {
                        "id": "ictsc:tsuttsu305",
                        "attributes": {
                            "etag": "W/\"3a7bb030ab4effb30a79766280da24f8\"",
                            "id": "ictsc:tsuttsu305",
                            "role": "member",
                            "username": "tsuttsu305"
                        },
                        "meta": {},
                        "tainted": false
                    },
                    "deposed": [],
                    "provider": "provider.github"
                },
                "github_membership.tt222": {
                    "type": "github_membership",
                    "depends_on": [],
                    "primary": {
                        "id": "ictsc:tt222",
                        "attributes": {
                            "etag": "W/\"a7974d8a923cfe8980e49b1fc67a2036\"",
                            "id": "ictsc:tt222",
                            "role": "member",
                            "username": "tt222"
                        },
                        "meta": {},
                        "tainted": false
                    },
                    "deposed": [],
                    "provider": "provider.github"
                },
                "github_membership.uplus": {
                    "type": "github_membership",
                    "depends_on": [],
                    "primary": {
                        "id": "ictsc:uplus",
                        "attributes": {
                            "etag": "W/\"062d8f563884d5ef1f86723e1ac9b6d2\"",
                            "id": "ictsc:uplus",
                            "role": "member",
                            "username": "uplus"
                        },
                        "meta": {},
                        "tainted": false
                    },
                    "deposed": [],
                    "provider": "provider.github"
                },
                "github_membership.whywaita": {
                    "type": "github_membership",
                    "depends_on": [],
                    "primary": {
                        "id": "ictsc:whywaita",
                        "attributes": {
                            "etag": "W/\"8e695ad229ded7bc97b032565a704ec0\"",
                            "id": "ictsc:whywaita",
                            "role": "admin",
                            "username": "whywaita"
                        },
                        "meta": {},
                        "tainted": false
                    },
                    "deposed": [],
                    "provider": "provider.github"
                },
                "github_membership.y-monma": {
                    "type": "github_membership",
                    "depends_on": [],
                    "primary": {
                        "id": "ictsc:y-monma",
                        "attributes": {
                            "etag": "W/\"fa5772c9b563f653a7ba66f37eaf88f5\"",
                            "id": "ictsc:y-monma",
                            "role": "member",
                            "username": "y-monma"
                        },
                        "meta": {},
                        "tainted": false
                    },
                    "deposed": [],
                    "provider": "provider.github"
                },
                "github_membership.yabunon": {
                    "type": "github_membership",
                    "depends_on": [],
                    "primary": {
                        "id": "ictsc:yabunon",
                        "attributes": {
                            "etag": "W/\"609132a124ef7a44a3ff323baba5cadc\"",
                            "id": "ictsc:yabunon",
                            "role": "member",
                            "username": "yabunon"
                        },
                        "meta": {},
                        "tainted": false
                    },
                    "deposed": [],
                    "provider": "provider.github"
                },
                "github_membership.yaminoma": {
                    "type": "github_membership",
                    "depends_on": [],
                    "primary": {
                        "id": "ictsc:yaminoma",
                        "attributes": {
                            "etag": "W/\"dc8771cc81a4b752b8d42da03395ddd2\"",
                            "id": "ictsc:yaminoma",
                            "role": "member",
                            "username": "yaminoma"
                        },
                        "meta": {},
                        "tainted": false
                    },
                    "deposed": [],
                    "provider": "provider.github"
                },
                "github_membership.yatuhashi": {
                    "type": "github_membership",
                    "depends_on": [],
                    "primary": {
                        "id": "ictsc:yatuhashi",
                        "attributes": {
                            "etag": "W/\"8fb0539a7832a900aa754a8b2f449a09\"",
                            "id": "ictsc:yatuhashi",
                            "role": "member",
                            "username": "yatuhashi"
                        },
                        "meta": {},
                        "tainted": false
                    },
                    "deposed": [],
                    "provider": "provider.github"
                },
                "github_membership.yo-kanyukari": {
                    "type": "github_membership",
                    "depends_on": [],
                    "primary": {
                        "id": "ictsc:yo-kanyukari",
                        "attributes": {
                            "etag": "W/\"df129c92cb848cb746b248a3afccdc36\"",
                            "id": "ictsc:yo-kanyukari",
                            "role": "member",
                            "username": "yo-kanyukari"
                        },
                        "meta": {},
                        "tainted": false
                    },
                    "deposed": [],
                    "provider": "provider.github"
                },
                "github_membership.yo-taro": {
                    "type": "github_membership",
                    "depends_on": [],
                    "primary": {
                        "id": "ictsc:yo-taro",
                        "attributes": {
                            "etag": "W/\"d3c8a79dc116dfd089b77f9f1582953c\"",
                            "id": "ictsc:yo-taro",
                            "role": "member",
                            "username": "yo-taro"
                        },
                        "meta": {},
                        "tainted": false
                    },
                    "deposed": [],
                    "provider": "provider.github"
                },
                "github_membership.yoneyan": {
                    "type": "github_membership",
                    "depends_on": [],
                    "primary": {
                        "id": "ictsc:yoneyan",
                        "attributes": {
                            "etag": "W/\"df0b3ffd6246e059d7019ca1aea90b8a\"",
                            "id": "ictsc:yoneyan",
                            "role": "member",
                            "username": "yoneyan"
                        },
                        "meta": {},
                        "tainted": false
                    },
                    "deposed": [],
                    "provider": "provider.github"
                },
                "github_membership.yuukinetwork": {
                    "type": "github_membership",
                    "depends_on": [],
                    "primary": {
                        "id": "ictsc:yuukinetwork",
                        "attributes": {
                            "etag": "W/\"bca4d6e49336dad385e6fe514280bff6\"",
                            "id": "ictsc:yuukinetwork",
                            "role": "member",
                            "username": "yuukinetwork"
                        },
                        "meta": {},
                        "tainted": false
                    },
                    "deposed": [],
                    "provider": "provider.github"
                },
                "github_team.admin": {
                    "type": "github_team",
                    "depends_on": [],
                    "primary": {
                        "id": "2008807",
                        "attributes": {
                            "description": "ictsc organization admins",
                            "etag": "W/\"8d9636d9749e51db0626cd994a0f3c28\"",
                            "id": "2008807",
                            "ldap_dn": "",
                            "name": "Admins",
                            "privacy": "closed",
                            "slug": "admins"
                        },
                        "meta": {},
                        "tainted": false
                    },
                    "deposed": [],
                    "provider": "provider.github"
                },
                "github_team.ictsc2018": {
                    "type": "github_team",
                    "depends_on": [],
                    "primary": {
                        "id": "2818425",
                        "attributes": {
                            "description": "member of ictsc2018",
                            "etag": "W/\"82833e6c3f09605cdaebec806df77706\"",
                            "id": "2818425",
                            "ldap_dn": "",
                            "name": "ictsc2018",
                            "privacy": "closed",
                            "slug": "ictsc2018"
                        },
                        "meta": {},
                        "tainted": false
                    },
                    "deposed": [],
                    "provider": "provider.github"
                },
                "github_team.ictsc2019": {
                    "type": "github_team",
                    "depends_on": [],
                    "primary": {
                        "id": "3300293",
                        "attributes": {
                            "description": "member of ictsc2019",
                            "etag": "W/\"fadcb5d80c44fc628404c8873aa243b7\"",
                            "id": "3300293",
                            "ldap_dn": "",
                            "name": "ictsc2019",
                            "privacy": "closed",
                            "slug": "ictsc2019"
                        },
                        "meta": {},
                        "tainted": false
                    },
                    "deposed": [],
                    "provider": "provider.github"
                },
                "github_team.ictsc4": {
                    "type": "github_team",
                    "depends_on": [],
                    "primary": {
                        "id": "2004351",
                        "attributes": {
                            "description": "member of ictsc4",
                            "etag": "W/\"7fac103760d4ce98e811601c523cf703\"",
                            "id": "2004351",
                            "ldap_dn": "",
                            "name": "ictsc4",
                            "privacy": "closed",
                            "slug": "ictsc4"
                        },
                        "meta": {},
                        "tainted": false
                    },
                    "deposed": [],
                    "provider": "provider.github"
                },
                "github_team.ictsc5": {
                    "type": "github_team",
                    "depends_on": [],
                    "primary": {
                        "id": "2004352",
                        "attributes": {
                            "description": "member of ictsc5",
                            "etag": "W/\"6fa80f274aefd3c2eb113e3783f8bb61\"",
                            "id": "2004352",
                            "ldap_dn": "",
                            "name": "ictsc5",
                            "privacy": "closed",
                            "slug": "ictsc5"
                        },
                        "meta": {},
                        "tainted": false
                    },
                    "deposed": [],
                    "provider": "provider.github"
                },
                "github_team.ictsc6": {
                    "type": "github_team",
                    "depends_on": [],
                    "primary": {
                        "id": "2004355",
                        "attributes": {
                            "description": "member of ictsc6",
                            "etag": "W/\"2183d70be3f4eac4ba376505285ab2f7\"",
                            "id": "2004355",
                            "ldap_dn": "",
                            "name": "ictsc6",
                            "privacy": "closed",
                            "slug": "ictsc6"
                        },
                        "meta": {},
                        "tainted": false
                    },
                    "deposed": [],
                    "provider": "provider.github"
                },
                "github_team.ictsc7": {
                    "type": "github_team",
                    "depends_on": [],
                    "primary": {
                        "id": "2178374",
                        "attributes": {
                            "description": "member of ictsc7",
                            "etag": "W/\"9791b9bc2a0edde0838034f5cfd3deca\"",
                            "id": "2178374",
                            "ldap_dn": "",
                            "name": "ictsc7",
                            "privacy": "closed",
                            "slug": "ictsc7"
                        },
                        "meta": {},
                        "tainted": false
                    },
                    "deposed": [],
                    "provider": "provider.github"
                },
                "github_team.ictsc8": {
                    "type": "github_team",
                    "depends_on": [],
                    "primary": {
                        "id": "2341229",
                        "attributes": {
                            "description": "member of ictsc8",
                            "etag": "W/\"c0f35665f8ae12a5267f62df5edcbdaa\"",
                            "id": "2341229",
                            "ldap_dn": "",
                            "name": "ictsc8",
                            "privacy": "closed",
                            "slug": "ictsc8"
                        },
                        "meta": {},
                        "tainted": false
                    },
                    "deposed": [],
                    "provider": "provider.github"
                },
                "github_team.ictsc9": {
                    "type": "github_team",
                    "depends_on": [],
                    "primary": {
                        "id": "2818424",
                        "attributes": {
                            "description": "member of ictsc9",
                            "etag": "W/\"8ea7d490936bd6aafad388a21f471871\"",
                            "id": "2818424",
                            "ldap_dn": "",
                            "name": "ictsc9",
                            "privacy": "closed",
                            "slug": "ictsc9"
                        },
                        "meta": {},
                        "tainted": false
                    },
                    "deposed": [],
                    "provider": "provider.github"
                },
                "github_team.score-dev": {
                    "type": "github_team",
                    "depends_on": [],
                    "primary": {
                        "id": "2004353",
                        "attributes": {
                            "description": "score server development team",
                            "etag": "W/\"0e8844a92a6814074bde3b9fa8237e7d\"",
                            "id": "2004353",
                            "ldap_dn": "",
                            "name": "score-dev",
                            "privacy": "closed",
                            "slug": "score-dev"
                        },
                        "meta": {},
                        "tainted": false
                    },
                    "deposed": [],
                    "provider": "provider.github"
                },
                "github_team_membership.admin-h-otter": {
                    "type": "github_team_membership",
                    "depends_on": [
                        "github_membership.h-otter",
                        "github_team.admin"
                    ],
                    "primary": {
                        "id": "2008807:h-otter",
                        "attributes": {
                            "etag": "W/\"97723ceefb93cad63ee2a5890ff37209\"",
                            "id": "2008807:h-otter",
                            "role": "member",
                            "team_id": "2008807",
                            "username": "h-otter"
                        },
                        "meta": {},
                        "tainted": false
                    },
                    "deposed": [],
                    "provider": "provider.github"
                },
                "github_team_membership.admin-tar-xzvff": {
                    "type": "github_team_membership",
                    "depends_on": [
                        "github_membership.tar-xzvff",
                        "github_team.admin"
                    ],
                    "primary": {
                        "id": "2008807:tar-xzvff",
                        "attributes": {
                            "etag": "W/\"d63e684d92c20565305ba82b93859c8b\"",
                            "id": "2008807:tar-xzvff",
                            "role": "member",
                            "team_id": "2008807",
                            "username": "tar-xzvff"
                        },
                        "meta": {},
                        "tainted": false
                    },
                    "deposed": [],
                    "provider": "provider.github"
                },
                "github_team_membership.admin-whywaita": {
                    "type": "github_team_membership",
                    "depends_on": [
                        "github_membership.whywaita",
                        "github_team.admin"
                    ],
                    "primary": {
                        "id": "2008807:whywaita",
                        "attributes": {
                            "etag": "W/\"7668839b2d92b92030f29ca758f38a9c\"",
                            "id": "2008807:whywaita",
                            "role": "member",
                            "team_id": "2008807",
                            "username": "whywaita"
                        },
                        "meta": {},
                        "tainted": false
                    },
                    "deposed": [],
                    "provider": "provider.github"
                },
                "github_team_membership.ictsc2018-Kurorororo": {
                    "type": "github_team_membership",
                    "depends_on": [
                        "github_membership.Kurorororo",
                        "github_team.ictsc2018"
                    ],
                    "primary": {
                        "id": "2818425:Kurorororo",
                        "attributes": {
                            "etag": "W/\"e308c3d5ca6812d76bc8b1256ad9f1c9\"",
                            "id": "2818425:Kurorororo",
                            "role": "member",
                            "team_id": "2818425",
                            "username": "Kurorororo"
                        },
                        "meta": {},
                        "tainted": false
                    },
                    "deposed": [],
                    "provider": "provider.github"
                },
                "github_team_membership.ictsc2018-NozomiSugiyama": {
                    "type": "github_team_membership",
                    "depends_on": [
                        "github_membership.NozomiSugiyama",
                        "github_team.ictsc2018"
                    ],
                    "primary": {
                        "id": "2818425:NozomiSugiyama",
                        "attributes": {
                            "etag": "W/\"f52865398e0e32fea29a29ed9874cc7a\"",
                            "id": "2818425:NozomiSugiyama",
                            "role": "member",
                            "team_id": "2818425",
                            "username": "NozomiSugiyama"
                        },
                        "meta": {},
                        "tainted": false
                    },
                    "deposed": [],
                    "provider": "provider.github"
                },
                "github_team_membership.ictsc2018-ShotaKitazawa": {
                    "type": "github_team_membership",
                    "depends_on": [
                        "github_membership.ShotaKitazawa",
                        "github_team.ictsc2018"
                    ],
                    "primary": {
                        "id": "2818425:ShotaKitazawa",
                        "attributes": {
                            "etag": "W/\"35dc0b1e07f34a2672905ca799fbb479\"",
                            "id": "2818425:ShotaKitazawa",
                            "role": "member",
                            "team_id": "2818425",
                            "username": "ShotaKitazawa"
                        },
                        "meta": {},
                        "tainted": false
                    },
                    "deposed": [],
                    "provider": "provider.github"
                },
                "github_team_membership.ictsc2018-acque2two": {
                    "type": "github_team_membership",
                    "depends_on": [
                        "github_membership.acque2two",
                        "github_team.ictsc2018"
                    ],
                    "primary": {
                        "id": "2818425:acque2two",
                        "attributes": {
                            "etag": "W/\"773916a556801077f0b90b2b311dd237\"",
                            "id": "2818425:acque2two",
                            "role": "member",
                            "team_id": "2818425",
                            "username": "acque2two"
                        },
                        "meta": {},
                        "tainted": false
                    },
                    "deposed": [],
                    "provider": "provider.github"
                },
                "github_team_membership.ictsc2018-bosan120": {
                    "type": "github_team_membership",
                    "depends_on": [
                        "github_membership.bosan120",
                        "github_team.ictsc2018"
                    ],
                    "primary": {
                        "id": "2818425:bosan120",
                        "attributes": {
                            "etag": "W/\"30075b9b71ad9f38f0d42925884e400a\"",
                            "id": "2818425:bosan120",
                            "role": "member",
                            "team_id": "2818425",
                            "username": "bosan120"
                        },
                        "meta": {},
                        "tainted": false
                    },
                    "deposed": [],
                    "provider": "provider.github"
                },
                "github_team_membership.ictsc2018-gurapomu": {
                    "type": "github_team_membership",
                    "depends_on": [
                        "github_membership.gurapomu",
                        "github_team.ictsc2018"
                    ],
                    "primary": {
                        "id": "2818425:gurapomu",
                        "attributes": {
                            "etag": "W/\"6d6a0e72484268c668e71a71606993b9\"",
                            "id": "2818425:gurapomu",
                            "role": "member",
                            "team_id": "2818425",
                            "username": "gurapomu"
                        },
                        "meta": {},
                        "tainted": false
                    },
                    "deposed": [],
                    "provider": "provider.github"
                },
                "github_team_membership.ictsc2018-h-otter": {
                    "type": "github_team_membership",
                    "depends_on": [
                        "github_membership.h-otter",
                        "github_team.ictsc2018"
                    ],
                    "primary": {
                        "id": "2818425:h-otter",
                        "attributes": {
                            "etag": "W/\"1302a4a018dc3189a4f47b742479fece\"",
                            "id": "2818425:h-otter",
                            "role": "member",
                            "team_id": "2818425",
                            "username": "h-otter"
                        },
                        "meta": {},
                        "tainted": false
                    },
                    "deposed": [],
                    "provider": "provider.github"
                },
                "github_team_membership.ictsc2018-ha-kun0711": {
                    "type": "github_team_membership",
                    "depends_on": [
                        "github_membership.ha-kun0711",
                        "github_team.ictsc2018"
                    ],
                    "primary": {
                        "id": "2818425:ha-kun0711",
                        "attributes": {
                            "etag": "W/\"e946761289f3dcc57a1fe13ecdd17241\"",
                            "id": "2818425:ha-kun0711",
                            "role": "member",
                            "team_id": "2818425",
                            "username": "ha-kun0711"
                        },
                        "meta": {},
                        "tainted": false
                    },
                    "deposed": [],
                    "provider": "provider.github"
                },
                "github_team_membership.ictsc2018-icchy": {
                    "type": "github_team_membership",
                    "depends_on": [
                        "github_membership.icchy",
                        "github_team.ictsc2018"
                    ],
                    "primary": {
                        "id": "2818425:icchy",
                        "attributes": {
                            "etag": "W/\"aa725af53952e870f222b6091d34db08\"",
                            "id": "2818425:icchy",
                            "role": "member",
                            "team_id": "2818425",
                            "username": "icchy"
                        },
                        "meta": {},
                        "tainted": false
                    },
                    "deposed": [],
                    "provider": "provider.github"
                },
                "github_team_membership.ictsc2018-kyontan": {
                    "type": "github_team_membership",
                    "depends_on": [
                        "github_membership.kyontan",
                        "github_team.ictsc2018"
                    ],
                    "primary": {
                        "id": "2818425:kyontan",
                        "attributes": {
                            "etag": "W/\"8e02eec44385032f9e6db8e7106370df\"",
                            "id": "2818425:kyontan",
                            "role": "member",
                            "team_id": "2818425",
                            "username": "kyontan"
                        },
                        "meta": {},
                        "tainted": false
                    },
                    "deposed": [],
                    "provider": "provider.github"
                },
                "github_team_membership.ictsc2018-onokatio": {
                    "type": "github_team_membership",
                    "depends_on": [
                        "github_membership.onokatio",
                        "github_team.ictsc2018"
                    ],
                    "primary": {
                        "id": "2818425:onokatio",
                        "attributes": {
                            "etag": "W/\"d90fa151b9601dd731bd9eccc300e0d3\"",
                            "id": "2818425:onokatio",
                            "role": "member",
                            "team_id": "2818425",
                            "username": "onokatio"
                        },
                        "meta": {},
                        "tainted": false
                    },
                    "deposed": [],
                    "provider": "provider.github"
                },
                "github_team_membership.ictsc2018-orin24": {
                    "type": "github_team_membership",
                    "depends_on": [
                        "github_membership.orin24",
                        "github_team.ictsc2018"
                    ],
                    "primary": {
                        "id": "2818425:orin24",
                        "attributes": {
                            "etag": "W/\"753567cefa75a0604f5bef14175daca7\"",
                            "id": "2818425:orin24",
                            "role": "member",
                            "team_id": "2818425",
                            "username": "orin24"
                        },
                        "meta": {},
                        "tainted": false
                    },
                    "deposed": [],
                    "provider": "provider.github"
                },
                "github_team_membership.ictsc2018-palloc": {
                    "type": "github_team_membership",
                    "depends_on": [
                        "github_membership.palloc",
                        "github_team.ictsc2018"
                    ],
                    "primary": {
                        "id": "2818425:palloc",
                        "attributes": {
                            "etag": "W/\"ae57b3bb2f8f499f6e79fc3ebb72903f\"",
                            "id": "2818425:palloc",
                            "role": "member",
                            "team_id": "2818425",
                            "username": "palloc"
                        },
                        "meta": {},
                        "tainted": false
                    },
                    "deposed": [],
                    "provider": "provider.github"
                },
                "github_team_membership.ictsc2018-potyama": {
                    "type": "github_team_membership",
                    "depends_on": [
                        "github_membership.potyama",
                        "github_team.ictsc2018"
                    ],
                    "primary": {
                        "id": "2818425:potyama",
                        "attributes": {
                            "etag": "W/\"9fa819bceda41bbdacb78d47d30cebba\"",
                            "id": "2818425:potyama",
                            "role": "member",
                            "team_id": "2818425",
                            "username": "potyama"
                        },
                        "meta": {},
                        "tainted": false
                    },
                    "deposed": [],
                    "provider": "provider.github"
                },
                "github_team_membership.ictsc2018-proelbtn": {
                    "type": "github_team_membership",
                    "depends_on": [
                        "github_membership.proelbtn",
                        "github_team.ictsc2018"
                    ],
                    "primary": {
                        "id": "2818425:proelbtn",
                        "attributes": {
                            "etag": "W/\"163e9b9ce2c5ed1064f820d960d76ac7\"",
                            "id": "2818425:proelbtn",
                            "role": "member",
                            "team_id": "2818425",
                            "username": "proelbtn"
                        },
                        "meta": {},
                        "tainted": false
                    },
                    "deposed": [],
                    "provider": "provider.github"
                },
                "github_team_membership.ictsc2018-sharknasuhorse": {
                    "type": "github_team_membership",
                    "depends_on": [
                        "github_membership.sharknasuhorse",
                        "github_team.ictsc2018"
                    ],
                    "primary": {
                        "id": "2818425:sharknasuhorse",
                        "attributes": {
                            "etag": "W/\"1c01a67736f038c1d6c0fbb0e7979c7e\"",
                            "id": "2818425:sharknasuhorse",
                            "role": "member",
                            "team_id": "2818425",
                            "username": "sharknasuhorse"
                        },
                        "meta": {},
                        "tainted": false
                    },
                    "deposed": [],
                    "provider": "provider.github"
                },
                "github_team_membership.ictsc2018-shinonome01": {
                    "type": "github_team_membership",
                    "depends_on": [
                        "github_membership.shinonome01",
                        "github_team.ictsc2018"
                    ],
                    "primary": {
                        "id": "2818425:Shinonome01",
                        "attributes": {
                            "etag": "W/\"050f6310919976d62a9bc3f3eb71a487\"",
                            "id": "2818425:Shinonome01",
                            "role": "member",
                            "team_id": "2818425",
                            "username": "Shinonome01"
                        },
                        "meta": {},
                        "tainted": false
                    },
                    "deposed": [],
                    "provider": "provider.github"
                },
                "github_team_membership.ictsc2018-takehaya": {
                    "type": "github_team_membership",
                    "depends_on": [
                        "github_membership.takehaya",
                        "github_team.ictsc2018"
                    ],
                    "primary": {
                        "id": "2818425:takehaya",
                        "attributes": {
                            "etag": "W/\"9f062b8e6cde815d9eb71ace9e2c0c12\"",
                            "id": "2818425:takehaya",
                            "role": "member",
                            "team_id": "2818425",
                            "username": "takehaya"
                        },
                        "meta": {},
                        "tainted": false
                    },
                    "deposed": [],
                    "provider": "provider.github"
                },
                "github_team_membership.ictsc2018-takumimoja": {
                    "type": "github_team_membership",
                    "depends_on": [
                        "github_membership.takumimoja",
                        "github_team.ictsc2018"
                    ],
                    "primary": {
                        "id": "2818425:takumimoja",
                        "attributes": {
                            "etag": "W/\"b609562f4efa86ed5e43fbaa826e7365\"",
                            "id": "2818425:takumimoja",
                            "role": "member",
                            "team_id": "2818425",
                            "username": "takumimoja"
                        },
                        "meta": {},
                        "tainted": false
                    },
                    "deposed": [],
                    "provider": "provider.github"
                },
                "github_team_membership.ictsc2018-uplus": {
                    "type": "github_team_membership",
                    "depends_on": [
                        "github_membership.uplus",
                        "github_team.ictsc2018"
                    ],
                    "primary": {
                        "id": "2818425:uplus",
                        "attributes": {
                            "etag": "W/\"70028bddd2b91d5c5f81e3613f0a5bde\"",
                            "id": "2818425:uplus",
                            "role": "member",
                            "team_id": "2818425",
                            "username": "uplus"
                        },
                        "meta": {},
                        "tainted": false
                    },
                    "deposed": [],
                    "provider": "provider.github"
                },
                "github_team_membership.ictsc2018-whywaita": {
                    "type": "github_team_membership",
                    "depends_on": [
                        "github_membership.whywaita",
                        "github_team.ictsc2018"
                    ],
                    "primary": {
                        "id": "2818425:whywaita",
                        "attributes": {
                            "etag": "W/\"3c2c7579dd031feeaa1f1e6ccd2c9707\"",
                            "id": "2818425:whywaita",
                            "role": "member",
                            "team_id": "2818425",
                            "username": "whywaita"
                        },
                        "meta": {},
                        "tainted": false
                    },
                    "deposed": [],
                    "provider": "provider.github"
                },
                "github_team_membership.ictsc2018-yatuhashi": {
                    "type": "github_team_membership",
                    "depends_on": [
                        "github_membership.yatuhashi",
                        "github_team.ictsc2018"
                    ],
                    "primary": {
                        "id": "2818425:yatuhashi",
                        "attributes": {
                            "etag": "W/\"999daf27c6631cac3461ef1002319d85\"",
                            "id": "2818425:yatuhashi",
                            "role": "member",
                            "team_id": "2818425",
                            "username": "yatuhashi"
                        },
                        "meta": {},
                        "tainted": false
                    },
                    "deposed": [],
                    "provider": "provider.github"
                },
                "github_team_membership.ictsc2019-Iwancof": {
                    "type": "github_team_membership",
                    "depends_on": [
                        "github_membership.Iwancof",
                        "github_team.ictsc2019"
                    ],
                    "primary": {
                        "id": "3300293:Iwancof",
                        "attributes": {
                            "etag": "W/\"228f7e796c7d02e7a1141193b97e841c\"",
                            "id": "3300293:Iwancof",
                            "role": "member",
                            "team_id": "3300293",
                            "username": "Iwancof"
                        },
                        "meta": {},
                        "tainted": false
                    },
                    "deposed": [],
                    "provider": "provider.github"
                },
                "github_team_membership.ictsc2019-Kurorororo": {
                    "type": "github_team_membership",
                    "depends_on": [
                        "github_membership.Kurorororo",
                        "github_team.ictsc2019"
                    ],
                    "primary": {
                        "id": "3300293:Kurorororo",
                        "attributes": {
                            "etag": "W/\"c7bbb967209f7da7efab002e0d214e00\"",
                            "id": "3300293:Kurorororo",
                            "role": "member",
                            "team_id": "3300293",
                            "username": "Kurorororo"
                        },
                        "meta": {},
                        "tainted": false
                    },
                    "deposed": [],
                    "provider": "provider.github"
                },
                "github_team_membership.ictsc2019-TenkiGit": {
                    "type": "github_team_membership",
                    "depends_on": [
                        "github_membership.TenkiGit",
                        "github_team.ictsc2019"
                    ],
                    "primary": {
                        "id": "3300293:TenkiGit",
                        "attributes": {
                            "etag": "W/\"0b5894f196da314257529cdc23509866\"",
                            "id": "3300293:TenkiGit",
                            "role": "member",
                            "team_id": "3300293",
                            "username": "TenkiGit"
                        },
                        "meta": {},
                        "tainted": false
                    },
                    "deposed": [],
                    "provider": "provider.github"
                },
                "github_team_membership.ictsc2019-Terfno": {
                    "type": "github_team_membership",
                    "depends_on": [
                        "github_membership.Terfno",
                        "github_team.ictsc2019"
                    ],
                    "primary": {
                        "id": "3300293:Terfno",
                        "attributes": {
                            "etag": "W/\"2357ba17d6550b5004164d2d8e11ead5\"",
                            "id": "3300293:Terfno",
                            "role": "member",
                            "team_id": "3300293",
                            "username": "Terfno"
                        },
                        "meta": {},
                        "tainted": false
                    },
                    "deposed": [],
                    "provider": "provider.github"
                },
                "github_team_membership.ictsc2019-arupakan125": {
                    "type": "github_team_membership",
                    "depends_on": [
                        "github_membership.arupakan125",
                        "github_team.ictsc2019"
                    ],
                    "primary": {
                        "id": "3300293:arupakan125",
                        "attributes": {
                            "etag": "W/\"514f6bfd6d075072802bd26ed787e9da\"",
                            "id": "3300293:arupakan125",
                            "role": "member",
                            "team_id": "3300293",
                            "username": "arupakan125"
                        },
                        "meta": {},
                        "tainted": false
                    },
                    "deposed": [],
                    "provider": "provider.github"
                },
                "github_team_membership.ictsc2019-chouett0": {
                    "type": "github_team_membership",
                    "depends_on": [
                        "github_membership.chouett0",
                        "github_team.ictsc2019"
                    ],
                    "primary": {
                        "id": "3300293:chouett0",
                        "attributes": {
                            "etag": "W/\"cd80c2fb3610100b08b8faf18faed388\"",
                            "id": "3300293:chouett0",
                            "role": "member",
                            "team_id": "3300293",
                            "username": "chouett0"
                        },
                        "meta": {},
                        "tainted": false
                    },
                    "deposed": [],
                    "provider": "provider.github"
                },
                "github_team_membership.ictsc2019-gurapomu": {
                    "type": "github_team_membership",
                    "depends_on": [
                        "github_membership.gurapomu",
                        "github_team.ictsc2019"
                    ],
                    "primary": {
                        "id": "3300293:gurapomu",
                        "attributes": {
                            "etag": "W/\"9fa322caa4f83cfcab02b86575cf7a95\"",
                            "id": "3300293:gurapomu",
                            "role": "member",
                            "team_id": "3300293",
                            "username": "gurapomu"
                        },
                        "meta": {},
                        "tainted": false
                    },
                    "deposed": [],
                    "provider": "provider.github"
                },
                "github_team_membership.ictsc2019-h-otter": {
                    "type": "github_team_membership",
                    "depends_on": [
                        "github_membership.h-otter",
                        "github_team.ictsc2019"
                    ],
                    "primary": {
                        "id": "3300293:h-otter",
                        "attributes": {
                            "etag": "W/\"9b17d97e17fb79d2d1814d05db1ef599\"",
                            "id": "3300293:h-otter",
                            "role": "member",
                            "team_id": "3300293",
                            "username": "h-otter"
                        },
                        "meta": {},
                        "tainted": false
                    },
                    "deposed": [],
                    "provider": "provider.github"
                },
                "github_team_membership.ictsc2019-hibiki31": {
                    "type": "github_team_membership",
                    "depends_on": [
                        "github_membership.hibiki31",
                        "github_team.ictsc2019"
                    ],
                    "primary": {
                        "id": "3300293:hibiki31",
                        "attributes": {
                            "etag": "W/\"5e066cc502de1ca4026e35a913ca0bca\"",
                            "id": "3300293:hibiki31",
                            "role": "member",
                            "team_id": "3300293",
                            "username": "hibiki31"
                        },
                        "meta": {},
                        "tainted": false
                    },
                    "deposed": [],
                    "provider": "provider.github"
                },
                "github_team_membership.ictsc2019-icchy": {
                    "type": "github_team_membership",
                    "depends_on": [
                        "github_membership.icchy",
                        "github_team.ictsc2019"
                    ],
                    "primary": {
                        "id": "3300293:icchy",
                        "attributes": {
                            "etag": "W/\"b64211bd3095dfb7c32e5bcc0b0d8b95\"",
                            "id": "3300293:icchy",
                            "role": "member",
                            "team_id": "3300293",
                            "username": "icchy"
                        },
                        "meta": {},
                        "tainted": false
                    },
                    "deposed": [],
                    "provider": "provider.github"
                },
                "github_team_membership.ictsc2019-kapibara824": {
                    "type": "github_team_membership",
                    "depends_on": [
                        "github_membership.kapibara824",
                        "github_team.ictsc2019"
                    ],
                    "primary": {
                        "id": "3300293:kapibara824",
                        "attributes": {
                            "etag": "W/\"9ceee8443d1021240263b0c02e23e74d\"",
                            "id": "3300293:kapibara824",
                            "role": "member",
                            "team_id": "3300293",
                            "username": "kapibara824"
                        },
                        "meta": {},
                        "tainted": false
                    },
                    "deposed": [],
                    "provider": "provider.github"
                },
                "github_team_membership.ictsc2019-onokatio": {
                    "type": "github_team_membership",
                    "depends_on": [
                        "github_membership.onokatio",
                        "github_team.ictsc2019"
                    ],
                    "primary": {
                        "id": "3300293:onokatio",
                        "attributes": {
                            "etag": "W/\"1c4df04ba605867115af2f9c292d6cfa\"",
                            "id": "3300293:onokatio",
                            "role": "member",
                            "team_id": "3300293",
                            "username": "onokatio"
                        },
                        "meta": {},
                        "tainted": false
                    },
                    "deposed": [],
                    "provider": "provider.github"
                },
                "github_team_membership.ictsc2019-ophum": {
                    "type": "github_team_membership",
                    "depends_on": [
                        "github_membership.ophum",
                        "github_team.ictsc2019"
                    ],
                    "primary": {
                        "id": "3300293:ophum",
                        "attributes": {
                            "etag": "W/\"81a96f2ff2e0ede296eeab66015dcaa1\"",
                            "id": "3300293:ophum",
                            "role": "member",
                            "team_id": "3300293",
                            "username": "ophum"
                        },
                        "meta": {},
                        "tainted": false
                    },
                    "deposed": [],
                    "provider": "provider.github"
                },
                "github_team_membership.ictsc2019-potyama": {
                    "type": "github_team_membership",
                    "depends_on": [
                        "github_membership.potyama",
                        "github_team.ictsc2019"
                    ],
                    "primary": {
                        "id": "3300293:potyama",
                        "attributes": {
                            "etag": "W/\"4a794874512fc0e797abe5ca8a2d8112\"",
                            "id": "3300293:potyama",
                            "role": "member",
                            "team_id": "3300293",
                            "username": "potyama"
                        },
                        "meta": {},
                        "tainted": false
                    },
                    "deposed": [],
                    "provider": "provider.github"
                },
                "github_team_membership.ictsc2019-proelbtn": {
                    "type": "github_team_membership",
                    "depends_on": [
                        "github_membership.proelbtn",
                        "github_team.ictsc2019"
                    ],
                    "primary": {
                        "id": "3300293:proelbtn",
                        "attributes": {
                            "etag": "W/\"c911d677874aad3eaf033fdd93866bfb\"",
                            "id": "3300293:proelbtn",
                            "role": "member",
                            "team_id": "3300293",
                            "username": "proelbtn"
                        },
                        "meta": {},
                        "tainted": false
                    },
                    "deposed": [],
                    "provider": "provider.github"
                },
                "github_team_membership.ictsc2019-rlia": {
                    "type": "github_team_membership",
                    "depends_on": [
                        "github_membership.rlia",
                        "github_team.ictsc2019"
                    ],
                    "primary": {
                        "id": "3300293:rlia",
                        "attributes": {
                            "etag": "W/\"55990d1e1f358abe1d649d6e0283ccd6\"",
                            "id": "3300293:rlia",
                            "role": "member",
                            "team_id": "3300293",
                            "username": "rlia"
                        },
                        "meta": {},
                        "tainted": false
                    },
                    "deposed": [],
                    "provider": "provider.github"
                },
                "github_team_membership.ictsc2019-sharknasuhorse": {
                    "type": "github_team_membership",
                    "depends_on": [
                        "github_membership.sharknasuhorse",
                        "github_team.ictsc2019"
                    ],
                    "primary": {
                        "id": "3300293:sharknasuhorse",
                        "attributes": {
                            "etag": "W/\"2f7e702b9f71fca54f217c29cff4e50a\"",
                            "id": "3300293:sharknasuhorse",
                            "role": "member",
                            "team_id": "3300293",
                            "username": "sharknasuhorse"
                        },
                        "meta": {},
                        "tainted": false
                    },
                    "deposed": [],
                    "provider": "provider.github"
                },
                "github_team_membership.ictsc2019-site0801": {
                    "type": "github_team_membership",
                    "depends_on": [
                        "github_membership.site0801",
                        "github_team.ictsc2019"
                    ],
                    "primary": {
                        "id": "3300293:site0801",
                        "attributes": {
                            "etag": "W/\"a8683c64b810f0dd54791744c345aa09\"",
                            "id": "3300293:site0801",
                            "role": "member",
                            "team_id": "3300293",
                            "username": "site0801"
                        },
                        "meta": {},
                        "tainted": false
                    },
                    "deposed": [],
                    "provider": "provider.github"
                },
                "github_team_membership.ictsc2019-takehaya": {
                    "type": "github_team_membership",
                    "depends_on": [
                        "github_membership.takehaya",
                        "github_team.ictsc2019"
                    ],
                    "primary": {
                        "id": "3300293:takehaya",
                        "attributes": {
                            "etag": "W/\"208c3c0403c9930078c06bba64cd7d43\"",
                            "id": "3300293:takehaya",
                            "role": "member",
                            "team_id": "3300293",
                            "username": "takehaya"
                        },
                        "meta": {},
                        "tainted": false
                    },
                    "deposed": [],
                    "provider": "provider.github"
                },
                "github_team_membership.ictsc2019-takumimoja": {
                    "type": "github_team_membership",
                    "depends_on": [
                        "github_membership.takumimoja",
                        "github_team.ictsc2019"
                    ],
                    "primary": {
                        "id": "3300293:takumimoja",
                        "attributes": {
                            "etag": "W/\"c89ea4e4b36a32a694a4789a3fdbec12\"",
                            "id": "3300293:takumimoja",
                            "role": "member",
                            "team_id": "3300293",
                            "username": "takumimoja"
                        },
                        "meta": {},
                        "tainted": false
                    },
                    "deposed": [],
                    "provider": "provider.github"
                },
                "github_team_membership.ictsc2019-tt222": {
                    "type": "github_team_membership",
                    "depends_on": [
                        "github_membership.tt222",
                        "github_team.ictsc2019"
                    ],
                    "primary": {
                        "id": "3300293:tt222",
                        "attributes": {
                            "etag": "W/\"e438b53ed3428945db3133a22c2acd19\"",
                            "id": "3300293:tt222",
                            "role": "member",
                            "team_id": "3300293",
                            "username": "tt222"
                        },
                        "meta": {},
                        "tainted": false
                    },
                    "deposed": [],
                    "provider": "provider.github"
                },
                "github_team_membership.ictsc2019-uplus": {
                    "type": "github_team_membership",
                    "depends_on": [
                        "github_membership.uplus",
                        "github_team.ictsc2019"
                    ],
                    "primary": {
                        "id": "3300293:uplus",
                        "attributes": {
                            "etag": "W/\"48593cb61b01bd8b62c284b641a71944\"",
                            "id": "3300293:uplus",
                            "role": "member",
                            "team_id": "3300293",
                            "username": "uplus"
                        },
                        "meta": {},
                        "tainted": false
                    },
                    "deposed": [],
                    "provider": "provider.github"
                },
                "github_team_membership.ictsc2019-yo-kanyukari": {
                    "type": "github_team_membership",
                    "depends_on": [
                        "github_membership.yo-kanyukari",
                        "github_team.ictsc2019"
                    ],
                    "primary": {
                        "id": "3300293:yo-kanyukari",
                        "attributes": {
                            "etag": "W/\"834230d18baaf5f447e50e28756d2421\"",
                            "id": "3300293:yo-kanyukari",
                            "role": "member",
                            "team_id": "3300293",
                            "username": "yo-kanyukari"
                        },
                        "meta": {},
                        "tainted": false
                    },
                    "deposed": [],
                    "provider": "provider.github"
                },
                "github_team_membership.ictsc2019-yoneyan": {
                    "type": "github_team_membership",
                    "depends_on": [
                        "github_membership.yoneyan",
                        "github_team.ictsc2019"
                    ],
                    "primary": {
                        "id": "3300293:yoneyan",
                        "attributes": {
                            "etag": "W/\"ec88c71a3ce8697221c4c8de61242fd6\"",
                            "id": "3300293:yoneyan",
                            "role": "member",
                            "team_id": "3300293",
                            "username": "yoneyan"
                        },
                        "meta": {},
                        "tainted": false
                    },
                    "deposed": [],
                    "provider": "provider.github"
                },
                "github_team_membership.ictsc4-chisaton1": {
                    "type": "github_team_membership",
                    "depends_on": [
                        "github_membership.chisaton1",
                        "github_team.ictsc4"
                    ],
                    "primary": {
                        "id": "2004351:chisaton1",
                        "attributes": {
                            "etag": "W/\"939da099e65ed181b412973fdbdbd20e\"",
                            "id": "2004351:chisaton1",
                            "role": "member",
                            "team_id": "2004351",
                            "username": "chisaton1"
                        },
                        "meta": {},
                        "tainted": false
                    },
                    "deposed": [],
                    "provider": "provider.github"
                },
                "github_team_membership.ictsc4-ibucho": {
                    "type": "github_team_membership",
                    "depends_on": [
                        "github_membership.ibucho",
                        "github_team.ictsc4"
                    ],
                    "primary": {
                        "id": "2004351:ibucho",
                        "attributes": {
                            "etag": "W/\"299953c686e97f4a99ce5763ce1e7e9d\"",
                            "id": "2004351:ibucho",
                            "role": "member",
                            "team_id": "2004351",
                            "username": "ibucho"
                        },
                        "meta": {},
                        "tainted": false
                    },
                    "deposed": [],
                    "provider": "provider.github"
                },
                "github_team_membership.ictsc4-kayo-tozaki": {
                    "type": "github_team_membership",
                    "depends_on": [
                        "github_membership.kayo-tozaki",
                        "github_team.ictsc4"
                    ],
                    "primary": {
                        "id": "2004351:kayo-tozaki",
                        "attributes": {
                            "etag": "W/\"e6801e5ffa15c5b84112fb2009b91312\"",
                            "id": "2004351:kayo-tozaki",
                            "role": "member",
                            "team_id": "2004351",
                            "username": "kayo-tozaki"
                        },
                        "meta": {},
                        "tainted": false
                    },
                    "deposed": [],
                    "provider": "provider.github"
                },
                "github_team_membership.ictsc4-keisukearakawa": {
                    "type": "github_team_membership",
                    "depends_on": [
                        "github_membership.keisukearakawa",
                        "github_team.ictsc4"
                    ],
                    "primary": {
                        "id": "2004351:keisukearakawa",
                        "attributes": {
                            "etag": "W/\"570c00bfca260a5a97cf1ee2fda18ee9\"",
                            "id": "2004351:keisukearakawa",
                            "role": "member",
                            "team_id": "2004351",
                            "username": "keisukearakawa"
                        },
                        "meta": {},
                        "tainted": false
                    },
                    "deposed": [],
                    "provider": "provider.github"
                },
                "github_team_membership.ictsc4-kurochan": {
                    "type": "github_team_membership",
                    "depends_on": [
                        "github_membership.kurochan",
                        "github_team.ictsc4"
                    ],
                    "primary": {
                        "id": "2004351:kurochan",
                        "attributes": {
                            "etag": "W/\"4946b799d0439e30366b2bab7117f008\"",
                            "id": "2004351:kurochan",
                            "role": "member",
                            "team_id": "2004351",
                            "username": "kurochan"
                        },
                        "meta": {},
                        "tainted": false
                    },
                    "deposed": [],
                    "provider": "provider.github"
                },
                "github_team_membership.ictsc4-mbook-x86": {
                    "type": "github_team_membership",
                    "depends_on": [
                        "github_membership.mbook-x86",
                        "github_team.ictsc4"
                    ],
                    "primary": {
                        "id": "2004351:mbook-x86",
                        "attributes": {
                            "etag": "W/\"426ff187b290b16dea738e1b7ed49a8c\"",
                            "id": "2004351:mbook-x86",
                            "role": "member",
                            "team_id": "2004351",
                            "username": "mbook-x86"
                        },
                        "meta": {},
                        "tainted": false
                    },
                    "deposed": [],
                    "provider": "provider.github"
                },
                "github_team_membership.ictsc4-netmarkjp": {
                    "type": "github_team_membership",
                    "depends_on": [
                        "github_membership.netmarkjp",
                        "github_team.ictsc4"
                    ],
                    "primary": {
                        "id": "2004351:netmarkjp",
                        "attributes": {
                            "etag": "W/\"9ffc39ef337dfc1b07e7164594f9df16\"",
                            "id": "2004351:netmarkjp",
                            "role": "member",
                            "team_id": "2004351",
                            "username": "netmarkjp"
                        },
                        "meta": {},
                        "tainted": false
                    },
                    "deposed": [],
                    "provider": "provider.github"
                },
                "github_team_membership.ictsc4-staybuzz": {
                    "type": "github_team_membership",
                    "depends_on": [
                        "github_membership.staybuzz",
                        "github_team.ictsc4"
                    ],
                    "primary": {
                        "id": "2004351:staybuzz",
                        "attributes": {
                            "etag": "W/\"6879cac7921c3031f5a5b831f6a79b66\"",
                            "id": "2004351:staybuzz",
                            "role": "member",
                            "team_id": "2004351",
                            "username": "staybuzz"
                        },
                        "meta": {},
                        "tainted": false
                    },
                    "deposed": [],
                    "provider": "provider.github"
                },
                "github_team_membership.ictsc4-suzutan": {
                    "type": "github_team_membership",
                    "depends_on": [
                        "github_membership.suzutan",
                        "github_team.ictsc4"
                    ],
                    "primary": {
                        "id": "2004351:suzutan",
                        "attributes": {
                            "etag": "W/\"84c44a5bac7c71347b22c0a912aa44da\"",
                            "id": "2004351:suzutan",
                            "role": "member",
                            "team_id": "2004351",
                            "username": "suzutan"
                        },
                        "meta": {},
                        "tainted": false
                    },
                    "deposed": [],
                    "provider": "provider.github"
                },
                "github_team_membership.ictsc4-whywaita": {
                    "type": "github_team_membership",
                    "depends_on": [
                        "github_membership.whywaita",
                        "github_team.ictsc4"
                    ],
                    "primary": {
                        "id": "2004351:whywaita",
                        "attributes": {
                            "etag": "W/\"1fb834502624a13a5ac772b91885fd4e\"",
                            "id": "2004351:whywaita",
                            "role": "member",
                            "team_id": "2004351",
                            "username": "whywaita"
                        },
                        "meta": {},
                        "tainted": false
                    },
                    "deposed": [],
                    "provider": "provider.github"
                },
                "github_team_membership.ictsc4-yatuhashi": {
                    "type": "github_team_membership",
                    "depends_on": [
                        "github_membership.yatuhashi",
                        "github_team.ictsc4"
                    ],
                    "primary": {
                        "id": "2004351:yatuhashi",
                        "attributes": {
                            "etag": "W/\"ca6a6179840b262d4f1517ab32a4443e\"",
                            "id": "2004351:yatuhashi",
                            "role": "member",
                            "team_id": "2004351",
                            "username": "yatuhashi"
                        },
                        "meta": {},
                        "tainted": false
                    },
                    "deposed": [],
                    "provider": "provider.github"
                },
                "github_team_membership.ictsc4-yo-taro": {
                    "type": "github_team_membership",
                    "depends_on": [
                        "github_membership.yo-taro",
                        "github_team.ictsc4"
                    ],
                    "primary": {
                        "id": "2004351:yo-taro",
                        "attributes": {
                            "etag": "W/\"16d4717620c225a6a628e69be375ca02\"",
                            "id": "2004351:yo-taro",
                            "role": "member",
                            "team_id": "2004351",
                            "username": "yo-taro"
                        },
                        "meta": {},
                        "tainted": false
                    },
                    "deposed": [],
                    "provider": "provider.github"
                },
                "github_team_membership.ictsc5-aoi96": {
                    "type": "github_team_membership",
                    "depends_on": [
                        "github_membership.aoi96",
                        "github_team.ictsc5"
                    ],
                    "primary": {
                        "id": "2004352:aoi96",
                        "attributes": {
                            "etag": "W/\"a81611defcf55b94d488cc8f1ab3649f\"",
                            "id": "2004352:aoi96",
                            "role": "member",
                            "team_id": "2004352",
                            "username": "aoi96"
                        },
                        "meta": {},
                        "tainted": false
                    },
                    "deposed": [],
                    "provider": "provider.github"
                },
                "github_team_membership.ictsc5-asdfec": {
                    "type": "github_team_membership",
                    "depends_on": [
                        "github_membership.asdfec",
                        "github_team.ictsc5"
                    ],
                    "primary": {
                        "id": "2004352:asdfec",
                        "attributes": {
                            "etag": "W/\"c03ac3a93e57831ff8e0ea6183185bb9\"",
                            "id": "2004352:asdfec",
                            "role": "member",
                            "team_id": "2004352",
                            "username": "asdfec"
                        },
                        "meta": {},
                        "tainted": false
                    },
                    "deposed": [],
                    "provider": "provider.github"
                },
                "github_team_membership.ictsc5-chamaharun": {
                    "type": "github_team_membership",
                    "depends_on": [
                        "github_membership.chamaharun",
                        "github_team.ictsc5"
                    ],
                    "primary": {
                        "id": "2004352:chamaharun",
                        "attributes": {
                            "etag": "W/\"6a004c75e3f7b4d11e3a35bf7edaa68c\"",
                            "id": "2004352:chamaharun",
                            "role": "member",
                            "team_id": "2004352",
                            "username": "chamaharun"
                        },
                        "meta": {},
                        "tainted": false
                    },
                    "deposed": [],
                    "provider": "provider.github"
                },
                "github_team_membership.ictsc5-chibiegg": {
                    "type": "github_team_membership",
                    "depends_on": [
                        "github_membership.chibiegg",
                        "github_team.ictsc5"
                    ],
                    "primary": {
                        "id": "2004352:chibiegg",
                        "attributes": {
                            "etag": "W/\"92d461b15b4d3436c6db45a25a5ba05f\"",
                            "id": "2004352:chibiegg",
                            "role": "member",
                            "team_id": "2004352",
                            "username": "chibiegg"
                        },
                        "meta": {},
                        "tainted": false
                    },
                    "deposed": [],
                    "provider": "provider.github"
                },
                "github_team_membership.ictsc5-guragusan": {
                    "type": "github_team_membership",
                    "depends_on": [
                        "github_membership.guragusan",
                        "github_team.ictsc5"
                    ],
                    "primary": {
                        "id": "2004352:guragusan",
                        "attributes": {
                            "etag": "W/\"f1dbeb4729e57e54ddc76451958a6d54\"",
                            "id": "2004352:guragusan",
                            "role": "member",
                            "team_id": "2004352",
                            "username": "guragusan"
                        },
                        "meta": {},
                        "tainted": false
                    },
                    "deposed": [],
                    "provider": "provider.github"
                },
                "github_team_membership.ictsc5-ibucho": {
                    "type": "github_team_membership",
                    "depends_on": [
                        "github_membership.ibucho",
                        "github_team.ictsc5"
                    ],
                    "primary": {
                        "id": "2004352:ibucho",
                        "attributes": {
                            "etag": "W/\"85405b289fa73a5055761008723d456c\"",
                            "id": "2004352:ibucho",
                            "role": "member",
                            "team_id": "2004352",
                            "username": "ibucho"
                        },
                        "meta": {},
                        "tainted": false
                    },
                    "deposed": [],
                    "provider": "provider.github"
                },
                "github_team_membership.ictsc5-icchy": {
                    "type": "github_team_membership",
                    "depends_on": [
                        "github_membership.icchy",
                        "github_team.ictsc5"
                    ],
                    "primary": {
                        "id": "2004352:icchy",
                        "attributes": {
                            "etag": "W/\"05333eb596da524b1f10c273a87b6cd6\"",
                            "id": "2004352:icchy",
                            "role": "member",
                            "team_id": "2004352",
                            "username": "icchy"
                        },
                        "meta": {},
                        "tainted": false
                    },
                    "deposed": [],
                    "provider": "provider.github"
                },
                "github_team_membership.ictsc5-kadokusei": {
                    "type": "github_team_membership",
                    "depends_on": [
                        "github_membership.kadokusei",
                        "github_team.ictsc5"
                    ],
                    "primary": {
                        "id": "2004352:kadokusei",
                        "attributes": {
                            "etag": "W/\"ee015f6f633fcf9a5bcf420e4afdcecd\"",
                            "id": "2004352:kadokusei",
                            "role": "member",
                            "team_id": "2004352",
                            "username": "kadokusei"
                        },
                        "meta": {},
                        "tainted": false
                    },
                    "deposed": [],
                    "provider": "provider.github"
                },
                "github_team_membership.ictsc5-kayo-tozaki": {
                    "type": "github_team_membership",
                    "depends_on": [
                        "github_membership.kayo-tozaki",
                        "github_team.ictsc5"
                    ],
                    "primary": {
                        "id": "2004352:kayo-tozaki",
                        "attributes": {
                            "etag": "W/\"68880cb4c00a010ae8a336e2fc6e2910\"",
                            "id": "2004352:kayo-tozaki",
                            "role": "member",
                            "team_id": "2004352",
                            "username": "kayo-tozaki"
                        },
                        "meta": {},
                        "tainted": false
                    },
                    "deposed": [],
                    "provider": "provider.github"
                },
                "github_team_membership.ictsc5-keisukearakawa": {
                    "type": "github_team_membership",
                    "depends_on": [
                        "github_membership.keisukearakawa",
                        "github_team.ictsc5"
                    ],
                    "primary": {
                        "id": "2004352:keisukearakawa",
                        "attributes": {
                            "etag": "W/\"2ca16f9af8690155a1e86ece8b6ec9d4\"",
                            "id": "2004352:keisukearakawa",
                            "role": "member",
                            "team_id": "2004352",
                            "username": "keisukearakawa"
                        },
                        "meta": {},
                        "tainted": false
                    },
                    "deposed": [],
                    "provider": "provider.github"
                },
                "github_team_membership.ictsc5-kurochan": {
                    "type": "github_team_membership",
                    "depends_on": [
                        "github_membership.kurochan",
                        "github_team.ictsc5"
                    ],
                    "primary": {
                        "id": "2004352:kurochan",
                        "attributes": {
                            "etag": "W/\"3f28458a2246ec9f72399ce32ac46046\"",
                            "id": "2004352:kurochan",
                            "role": "member",
                            "team_id": "2004352",
                            "username": "kurochan"
                        },
                        "meta": {},
                        "tainted": false
                    },
                    "deposed": [],
                    "provider": "provider.github"
                },
                "github_team_membership.ictsc5-kyoko0514": {
                    "type": "github_team_membership",
                    "depends_on": [
                        "github_membership.kyoko0514",
                        "github_team.ictsc5"
                    ],
                    "primary": {
                        "id": "2004352:kyoko0514",
                        "attributes": {
                            "etag": "W/\"71fd93cdc7cccb47f796b4416fffbabb\"",
                            "id": "2004352:kyoko0514",
                            "role": "member",
                            "team_id": "2004352",
                            "username": "kyoko0514"
                        },
                        "meta": {},
                        "tainted": false
                    },
                    "deposed": [],
                    "provider": "provider.github"
                },
                "github_team_membership.ictsc5-mbook-x86": {
                    "type": "github_team_membership",
                    "depends_on": [
                        "github_membership.mbook-x86",
                        "github_team.ictsc5"
                    ],
                    "primary": {
                        "id": "2004352:mbook-x86",
                        "attributes": {
                            "etag": "W/\"cd850dd58352720b85e43b20915e2046\"",
                            "id": "2004352:mbook-x86",
                            "role": "member",
                            "team_id": "2004352",
                            "username": "mbook-x86"
                        },
                        "meta": {},
                        "tainted": false
                    },
                    "deposed": [],
                    "provider": "provider.github"
                },
                "github_team_membership.ictsc5-miyao11": {
                    "type": "github_team_membership",
                    "depends_on": [
                        "github_membership.miyao11",
                        "github_team.ictsc5"
                    ],
                    "primary": {
                        "id": "2004352:Miyao11",
                        "attributes": {
                            "etag": "W/\"d07ca9fa19f299f7d1650fbaad7d325f\"",
                            "id": "2004352:Miyao11",
                            "role": "member",
                            "team_id": "2004352",
                            "username": "Miyao11"
                        },
                        "meta": {},
                        "tainted": false
                    },
                    "deposed": [],
                    "provider": "provider.github"
                },
                "github_team_membership.ictsc5-mk0913mnck": {
                    "type": "github_team_membership",
                    "depends_on": [
                        "github_membership.mk0913mnck",
                        "github_team.ictsc5"
                    ],
                    "primary": {
                        "id": "2004352:mk0913mnck",
                        "attributes": {
                            "etag": "W/\"46dd8e3e5796a44f07c17c66ede9b0fe\"",
                            "id": "2004352:mk0913mnck",
                            "role": "member",
                            "team_id": "2004352",
                            "username": "mk0913mnck"
                        },
                        "meta": {},
                        "tainted": false
                    },
                    "deposed": [],
                    "provider": "provider.github"
                },
                "github_team_membership.ictsc5-netmarkjp": {
                    "type": "github_team_membership",
                    "depends_on": [
                        "github_membership.netmarkjp",
                        "github_team.ictsc5"
                    ],
                    "primary": {
                        "id": "2004352:netmarkjp",
                        "attributes": {
                            "etag": "W/\"989c9020bfeb1926de27b4cac118af14\"",
                            "id": "2004352:netmarkjp",
                            "role": "member",
                            "team_id": "2004352",
                            "username": "netmarkjp"
                        },
                        "meta": {},
                        "tainted": false
                    },
                    "deposed": [],
                    "provider": "provider.github"
                },
                "github_team_membership.ictsc5-notchi590": {
                    "type": "github_team_membership",
                    "depends_on": [
                        "github_membership.notchi590",
                        "github_team.ictsc5"
                    ],
                    "primary": {
                        "id": "2004352:notchi590",
                        "attributes": {
                            "etag": "W/\"dc8fd8905494bec85ed22684a6924fa6\"",
                            "id": "2004352:notchi590",
                            "role": "member",
                            "team_id": "2004352",
                            "username": "notchi590"
                        },
                        "meta": {},
                        "tainted": false
                    },
                    "deposed": [],
                    "provider": "provider.github"
                },
                "github_team_membership.ictsc5-palloc": {
                    "type": "github_team_membership",
                    "depends_on": [
                        "github_membership.palloc",
                        "github_team.ictsc5"
                    ],
                    "primary": {
                        "id": "2004352:palloc",
                        "attributes": {
                            "etag": "W/\"30e9e351ac0845593f5f5ac0924120d7\"",
                            "id": "2004352:palloc",
                            "role": "member",
                            "team_id": "2004352",
                            "username": "palloc"
                        },
                        "meta": {},
                        "tainted": false
                    },
                    "deposed": [],
                    "provider": "provider.github"
                },
                "github_team_membership.ictsc5-ronorono45": {
                    "type": "github_team_membership",
                    "depends_on": [
                        "github_membership.ronorono45",
                        "github_team.ictsc5"
                    ],
                    "primary": {
                        "id": "2004352:ronorono45",
                        "attributes": {
                            "etag": "W/\"08580301f30acf28e0f7b3f698728d36\"",
                            "id": "2004352:ronorono45",
                            "role": "member",
                            "team_id": "2004352",
                            "username": "ronorono45"
                        },
                        "meta": {},
                        "tainted": false
                    },
                    "deposed": [],
                    "provider": "provider.github"
                },
                "github_team_membership.ictsc5-sora34": {
                    "type": "github_team_membership",
                    "depends_on": [
                        "github_membership.sora34",
                        "github_team.ictsc5"
                    ],
                    "primary": {
                        "id": "2004352:sora34",
                        "attributes": {
                            "etag": "W/\"f927815a01ce480ffe5008cda3f5cf43\"",
                            "id": "2004352:sora34",
                            "role": "member",
                            "team_id": "2004352",
                            "username": "sora34"
                        },
                        "meta": {},
                        "tainted": false
                    },
                    "deposed": [],
                    "provider": "provider.github"
                },
                "github_team_membership.ictsc5-staybuzz": {
                    "type": "github_team_membership",
                    "depends_on": [
                        "github_membership.staybuzz",
                        "github_team.ictsc5"
                    ],
                    "primary": {
                        "id": "2004352:staybuzz",
                        "attributes": {
                            "etag": "W/\"19ee96a6add9e83fa086a6e2272ec654\"",
                            "id": "2004352:staybuzz",
                            "role": "member",
                            "team_id": "2004352",
                            "username": "staybuzz"
                        },
                        "meta": {},
                        "tainted": false
                    },
                    "deposed": [],
                    "provider": "provider.github"
                },
                "github_team_membership.ictsc5-sugiki-accelia": {
                    "type": "github_team_membership",
                    "depends_on": [
                        "github_membership.sugiki-accelia",
                        "github_team.ictsc5"
                    ],
                    "primary": {
                        "id": "2004352:sugiki-accelia",
                        "attributes": {
                            "etag": "W/\"b55782a786ea36da503ab19853429ad2\"",
                            "id": "2004352:sugiki-accelia",
                            "role": "member",
                            "team_id": "2004352",
                            "username": "sugiki-accelia"
                        },
                        "meta": {},
                        "tainted": false
                    },
                    "deposed": [],
                    "provider": "provider.github"
                },
                "github_team_membership.ictsc5-sukekawa-accelia": {
                    "type": "github_team_membership",
                    "depends_on": [
                        "github_membership.sukekawa-accelia",
                        "github_team.ictsc5"
                    ],
                    "primary": {
                        "id": "2004352:sukekawa-accelia",
                        "attributes": {
                            "etag": "W/\"46cf088190616369009a2f90b75fa8e6\"",
                            "id": "2004352:sukekawa-accelia",
                            "role": "member",
                            "team_id": "2004352",
                            "username": "sukekawa-accelia"
                        },
                        "meta": {},
                        "tainted": false
                    },
                    "deposed": [],
                    "provider": "provider.github"
                },
                "github_team_membership.ictsc5-suzutan": {
                    "type": "github_team_membership",
                    "depends_on": [
                        "github_membership.suzutan",
                        "github_team.ictsc5"
                    ],
                    "primary": {
                        "id": "2004352:suzutan",
                        "attributes": {
                            "etag": "W/\"35716fa1e7400325f06b60588c6dd622\"",
                            "id": "2004352:suzutan",
                            "role": "member",
                            "team_id": "2004352",
                            "username": "suzutan"
                        },
                        "meta": {},
                        "tainted": false
                    },
                    "deposed": [],
                    "provider": "provider.github"
                },
                "github_team_membership.ictsc5-takes3": {
                    "type": "github_team_membership",
                    "depends_on": [
                        "github_membership.takes3",
                        "github_team.ictsc5"
                    ],
                    "primary": {
                        "id": "2004352:takes3",
                        "attributes": {
                            "etag": "W/\"66822c3207ae285f924c92c2c324da61\"",
                            "id": "2004352:takes3",
                            "role": "member",
                            "team_id": "2004352",
                            "username": "takes3"
                        },
                        "meta": {},
                        "tainted": false
                    },
                    "deposed": [],
                    "provider": "provider.github"
                },
                "github_team_membership.ictsc5-whywaita": {
                    "type": "github_team_membership",
                    "depends_on": [
                        "github_membership.whywaita",
                        "github_team.ictsc5"
                    ],
                    "primary": {
                        "id": "2004352:whywaita",
                        "attributes": {
                            "etag": "W/\"c616d5724662505385abef71b49a338a\"",
                            "id": "2004352:whywaita",
                            "role": "member",
                            "team_id": "2004352",
                            "username": "whywaita"
                        },
                        "meta": {},
                        "tainted": false
                    },
                    "deposed": [],
                    "provider": "provider.github"
                },
                "github_team_membership.ictsc5-y-monma": {
                    "type": "github_team_membership",
                    "depends_on": [
                        "github_membership.y-monma",
                        "github_team.ictsc5"
                    ],
                    "primary": {
                        "id": "2004352:y-monma",
                        "attributes": {
                            "etag": "W/\"a9a0687473a8d281518625547e973935\"",
                            "id": "2004352:y-monma",
                            "role": "member",
                            "team_id": "2004352",
                            "username": "y-monma"
                        },
                        "meta": {},
                        "tainted": false
                    },
                    "deposed": [],
                    "provider": "provider.github"
                },
                "github_team_membership.ictsc5-yabunon": {
                    "type": "github_team_membership",
                    "depends_on": [
                        "github_membership.yabunon",
                        "github_team.ictsc5"
                    ],
                    "primary": {
                        "id": "2004352:yabunon",
                        "attributes": {
                            "etag": "W/\"f7480ca9252ee9b03bc1c67a3444d83d\"",
                            "id": "2004352:yabunon",
                            "role": "member",
                            "team_id": "2004352",
                            "username": "yabunon"
                        },
                        "meta": {},
                        "tainted": false
                    },
                    "deposed": [],
                    "provider": "provider.github"
                },
                "github_team_membership.ictsc5-yatuhashi": {
                    "type": "github_team_membership",
                    "depends_on": [
                        "github_membership.yatuhashi",
                        "github_team.ictsc5"
                    ],
                    "primary": {
                        "id": "2004352:yatuhashi",
                        "attributes": {
                            "etag": "W/\"120581ce9c3c4462c45157a7ed5c8e5e\"",
                            "id": "2004352:yatuhashi",
                            "role": "member",
                            "team_id": "2004352",
                            "username": "yatuhashi"
                        },
                        "meta": {},
                        "tainted": false
                    },
                    "deposed": [],
                    "provider": "provider.github"
                },
                "github_team_membership.ictsc5-yo-taro": {
                    "type": "github_team_membership",
                    "depends_on": [
                        "github_membership.yo-taro",
                        "github_team.ictsc5"
                    ],
                    "primary": {
                        "id": "2004352:yo-taro",
                        "attributes": {
                            "etag": "W/\"e28ee782b683cdf956e35cd28b71ec07\"",
                            "id": "2004352:yo-taro",
                            "role": "member",
                            "team_id": "2004352",
                            "username": "yo-taro"
                        },
                        "meta": {},
                        "tainted": false
                    },
                    "deposed": [],
                    "provider": "provider.github"
                },
                "github_team_membership.ictsc6-a-r-g-v": {
                    "type": "github_team_membership",
                    "depends_on": [
                        "github_membership.a-r-g-v",
                        "github_team.ictsc6"
                    ],
                    "primary": {
                        "id": "2004355:a-r-g-v",
                        "attributes": {
                            "etag": "W/\"0161159a6e4649567afab3aade4f5154\"",
                            "id": "2004355:a-r-g-v",
                            "role": "member",
                            "team_id": "2004355",
                            "username": "a-r-g-v"
                        },
                        "meta": {},
                        "tainted": false
                    },
                    "deposed": [],
                    "provider": "provider.github"
                },
                "github_team_membership.ictsc6-aoi96": {
                    "type": "github_team_membership",
                    "depends_on": [
                        "github_membership.aoi96",
                        "github_team.ictsc6"
                    ],
                    "primary": {
                        "id": "2004355:aoi96",
                        "attributes": {
                            "etag": "W/\"5a4522fcbc7ee32e97cd37b3666235a3\"",
                            "id": "2004355:aoi96",
                            "role": "member",
                            "team_id": "2004355",
                            "username": "aoi96"
                        },
                        "meta": {},
                        "tainted": false
                    },
                    "deposed": [],
                    "provider": "provider.github"
                },
                "github_team_membership.ictsc6-asarijiru": {
                    "type": "github_team_membership",
                    "depends_on": [
                        "github_membership.asarijiru",
                        "github_team.ictsc6"
                    ],
                    "primary": {
                        "id": "2004355:asarijiru",
                        "attributes": {
                            "etag": "W/\"18137b63fa2d507ead72a952df725ee0\"",
                            "id": "2004355:asarijiru",
                            "role": "member",
                            "team_id": "2004355",
                            "username": "asarijiru"
                        },
                        "meta": {},
                        "tainted": false
                    },
                    "deposed": [],
                    "provider": "provider.github"
                },
                "github_team_membership.ictsc6-asdfec": {
                    "type": "github_team_membership",
                    "depends_on": [
                        "github_membership.asdfec",
                        "github_team.ictsc6"
                    ],
                    "primary": {
                        "id": "2004355:asdfec",
                        "attributes": {
                            "etag": "W/\"6d2c14d98dd96cd88fd6555a644c99d9\"",
                            "id": "2004355:asdfec",
                            "role": "member",
                            "team_id": "2004355",
                            "username": "asdfec"
                        },
                        "meta": {},
                        "tainted": false
                    },
                    "deposed": [],
                    "provider": "provider.github"
                },
                "github_team_membership.ictsc6-chalkygames123": {
                    "type": "github_team_membership",
                    "depends_on": [
                        "github_membership.chalkygames123",
                        "github_team.ictsc6"
                    ],
                    "primary": {
                        "id": "2004355:chalkygames123",
                        "attributes": {
                            "etag": "W/\"32be661ba668c1cf3c61bee627a63931\"",
                            "id": "2004355:chalkygames123",
                            "role": "member",
                            "team_id": "2004355",
                            "username": "chalkygames123"
                        },
                        "meta": {},
                        "tainted": false
                    },
                    "deposed": [],
                    "provider": "provider.github"
                },
                "github_team_membership.ictsc6-guragusan": {
                    "type": "github_team_membership",
                    "depends_on": [
                        "github_membership.guragusan",
                        "github_team.ictsc6"
                    ],
                    "primary": {
                        "id": "2004355:guragusan",
                        "attributes": {
                            "etag": "W/\"891d86df6b1e1e5fda125174caa6ecbc\"",
                            "id": "2004355:guragusan",
                            "role": "member",
                            "team_id": "2004355",
                            "username": "guragusan"
                        },
                        "meta": {},
                        "tainted": false
                    },
                    "deposed": [],
                    "provider": "provider.github"
                },
                "github_team_membership.ictsc6-h-otter": {
                    "type": "github_team_membership",
                    "depends_on": [
                        "github_membership.h-otter",
                        "github_team.ictsc6"
                    ],
                    "primary": {
                        "id": "2004355:h-otter",
                        "attributes": {
                            "etag": "W/\"d7887307bf47c6888013d7f1358598bb\"",
                            "id": "2004355:h-otter",
                            "role": "member",
                            "team_id": "2004355",
                            "username": "h-otter"
                        },
                        "meta": {},
                        "tainted": false
                    },
                    "deposed": [],
                    "provider": "provider.github"
                },
                "github_team_membership.ictsc6-ibucho": {
                    "type": "github_team_membership",
                    "depends_on": [
                        "github_membership.ibucho",
                        "github_team.ictsc6"
                    ],
                    "primary": {
                        "id": "2004355:ibucho",
                        "attributes": {
                            "etag": "W/\"2441c41ff8b1079394ff482e40aff5f7\"",
                            "id": "2004355:ibucho",
                            "role": "member",
                            "team_id": "2004355",
                            "username": "ibucho"
                        },
                        "meta": {},
                        "tainted": false
                    },
                    "deposed": [],
                    "provider": "provider.github"
                },
                "github_team_membership.ictsc6-int-tt": {
                    "type": "github_team_membership",
                    "depends_on": [
                        "github_membership.int-tt",
                        "github_team.ictsc6"
                    ],
                    "primary": {
                        "id": "2004355:int-tt",
                        "attributes": {
                            "etag": "W/\"a77fdc1f7ba601f9e59cfab0395dc161\"",
                            "id": "2004355:int-tt",
                            "role": "member",
                            "team_id": "2004355",
                            "username": "int-tt"
                        },
                        "meta": {},
                        "tainted": false
                    },
                    "deposed": [],
                    "provider": "provider.github"
                },
                "github_team_membership.ictsc6-kamijin-fanta": {
                    "type": "github_team_membership",
                    "depends_on": [
                        "github_membership.kamijin-fanta",
                        "github_team.ictsc6"
                    ],
                    "primary": {
                        "id": "2004355:kamijin-fanta",
                        "attributes": {
                            "etag": "W/\"95bdb0d98eef4d592b90b34ac60a43e9\"",
                            "id": "2004355:kamijin-fanta",
                            "role": "member",
                            "team_id": "2004355",
                            "username": "kamijin-fanta"
                        },
                        "meta": {},
                        "tainted": false
                    },
                    "deposed": [],
                    "provider": "provider.github"
                },
                "github_team_membership.ictsc6-knium": {
                    "type": "github_team_membership",
                    "depends_on": [
                        "github_membership.knium",
                        "github_team.ictsc6"
                    ],
                    "primary": {
                        "id": "2004355:Knium",
                        "attributes": {
                            "etag": "W/\"f678974835c1adf30e8f176e1e3829ed\"",
                            "id": "2004355:Knium",
                            "role": "member",
                            "team_id": "2004355",
                            "username": "Knium"
                        },
                        "meta": {},
                        "tainted": false
                    },
                    "deposed": [],
                    "provider": "provider.github"
                },
                "github_team_membership.ictsc6-kurochan": {
                    "type": "github_team_membership",
                    "depends_on": [
                        "github_membership.kurochan",
                        "github_team.ictsc6"
                    ],
                    "primary": {
                        "id": "2004355:kurochan",
                        "attributes": {
                            "etag": "W/\"2f0017cabdc5d7ea8c689d2f6ffcd4f2\"",
                            "id": "2004355:kurochan",
                            "role": "member",
                            "team_id": "2004355",
                            "username": "kurochan"
                        },
                        "meta": {},
                        "tainted": false
                    },
                    "deposed": [],
                    "provider": "provider.github"
                },
                "github_team_membership.ictsc6-kyoko0514": {
                    "type": "github_team_membership",
                    "depends_on": [
                        "github_membership.kyoko0514",
                        "github_team.ictsc6"
                    ],
                    "primary": {
                        "id": "2004355:kyoko0514",
                        "attributes": {
                            "etag": "W/\"405206b4f28f665b1b98fa06640ca7f0\"",
                            "id": "2004355:kyoko0514",
                            "role": "member",
                            "team_id": "2004355",
                            "username": "kyoko0514"
                        },
                        "meta": {},
                        "tainted": false
                    },
                    "deposed": [],
                    "provider": "provider.github"
                },
                "github_team_membership.ictsc6-kyontan": {
                    "type": "github_team_membership",
                    "depends_on": [
                        "github_membership.kyontan",
                        "github_team.ictsc6"
                    ],
                    "primary": {
                        "id": "2004355:kyontan",
                        "attributes": {
                            "etag": "W/\"7721d83d2dfb52ee34af9432d97e0339\"",
                            "id": "2004355:kyontan",
                            "role": "member",
                            "team_id": "2004355",
                            "username": "kyontan"
                        },
                        "meta": {},
                        "tainted": false
                    },
                    "deposed": [],
                    "provider": "provider.github"
                },
                "github_team_membership.ictsc6-miyao11": {
                    "type": "github_team_membership",
                    "depends_on": [
                        "github_membership.miyao11",
                        "github_team.ictsc6"
                    ],
                    "primary": {
                        "id": "2004355:Miyao11",
                        "attributes": {
                            "etag": "W/\"a12cdd3befb70fa165c5c815d8c21958\"",
                            "id": "2004355:Miyao11",
                            "role": "member",
                            "team_id": "2004355",
                            "username": "Miyao11"
                        },
                        "meta": {},
                        "tainted": false
                    },
                    "deposed": [],
                    "provider": "provider.github"
                },
                "github_team_membership.ictsc6-netmarkjp": {
                    "type": "github_team_membership",
                    "depends_on": [
                        "github_membership.netmarkjp",
                        "github_team.ictsc6"
                    ],
                    "primary": {
                        "id": "2004355:netmarkjp",
                        "attributes": {
                            "etag": "W/\"baaf5c57308ea38cdc41f3f66221aa27\"",
                            "id": "2004355:netmarkjp",
                            "role": "member",
                            "team_id": "2004355",
                            "username": "netmarkjp"
                        },
                        "meta": {},
                        "tainted": false
                    },
                    "deposed": [],
                    "provider": "provider.github"
                },
                "github_team_membership.ictsc6-notchi590": {
                    "type": "github_team_membership",
                    "depends_on": [
                        "github_membership.notchi590",
                        "github_team.ictsc6"
                    ],
                    "primary": {
                        "id": "2004355:notchi590",
                        "attributes": {
                            "etag": "W/\"4e224061a357db4e3cee11cb6fb9b96f\"",
                            "id": "2004355:notchi590",
                            "role": "member",
                            "team_id": "2004355",
                            "username": "notchi590"
                        },
                        "meta": {},
                        "tainted": false
                    },
                    "deposed": [],
                    "provider": "provider.github"
                },
                "github_team_membership.ictsc6-palloc": {
                    "type": "github_team_membership",
                    "depends_on": [
                        "github_membership.palloc",
                        "github_team.ictsc6"
                    ],
                    "primary": {
                        "id": "2004355:palloc",
                        "attributes": {
                            "etag": "W/\"89449221d3bde483d832a92115fb72c7\"",
                            "id": "2004355:palloc",
                            "role": "member",
                            "team_id": "2004355",
                            "username": "palloc"
                        },
                        "meta": {},
                        "tainted": false
                    },
                    "deposed": [],
                    "provider": "provider.github"
                },
                "github_team_membership.ictsc6-suzuek": {
                    "type": "github_team_membership",
                    "depends_on": [
                        "github_membership.suzuek",
                        "github_team.ictsc6"
                    ],
                    "primary": {
                        "id": "2004355:Suzuek",
                        "attributes": {
                            "etag": "W/\"b4ee0aa569763a4de142bf8365d1a6d9\"",
                            "id": "2004355:Suzuek",
                            "role": "member",
                            "team_id": "2004355",
                            "username": "Suzuek"
                        },
                        "meta": {},
                        "tainted": false
                    },
                    "deposed": [],
                    "provider": "provider.github"
                },
                "github_team_membership.ictsc6-suzutan": {
                    "type": "github_team_membership",
                    "depends_on": [
                        "github_membership.suzutan",
                        "github_team.ictsc6"
                    ],
                    "primary": {
                        "id": "2004355:suzutan",
                        "attributes": {
                            "etag": "W/\"18894e687975703c0296760d1de59f89\"",
                            "id": "2004355:suzutan",
                            "role": "member",
                            "team_id": "2004355",
                            "username": "suzutan"
                        },
                        "meta": {},
                        "tainted": false
                    },
                    "deposed": [],
                    "provider": "provider.github"
                },
                "github_team_membership.ictsc6-tar-xzvff": {
                    "type": "github_team_membership",
                    "depends_on": [
                        "github_membership.tar-xzvff",
                        "github_team.ictsc6"
                    ],
                    "primary": {
                        "id": "2004355:tar-xzvff",
                        "attributes": {
                            "etag": "W/\"0110912d036dd2768e57b8005be915d6\"",
                            "id": "2004355:tar-xzvff",
                            "role": "member",
                            "team_id": "2004355",
                            "username": "tar-xzvff"
                        },
                        "meta": {},
                        "tainted": false
                    },
                    "deposed": [],
                    "provider": "provider.github"
                },
                "github_team_membership.ictsc6-y-monma": {
                    "type": "github_team_membership",
                    "depends_on": [
                        "github_membership.y-monma",
                        "github_team.ictsc6"
                    ],
                    "primary": {
                        "id": "2004355:y-monma",
                        "attributes": {
                            "etag": "W/\"55c00d7a6f4d6c125da8d57ebe5f472a\"",
                            "id": "2004355:y-monma",
                            "role": "member",
                            "team_id": "2004355",
                            "username": "y-monma"
                        },
                        "meta": {},
                        "tainted": false
                    },
                    "deposed": [],
                    "provider": "provider.github"
                },
                "github_team_membership.ictsc6-yabunon": {
                    "type": "github_team_membership",
                    "depends_on": [
                        "github_membership.yabunon",
                        "github_team.ictsc6"
                    ],
                    "primary": {
                        "id": "2004355:yabunon",
                        "attributes": {
                            "etag": "W/\"c66ceb5e4e3cb5e12a61c62d405fd583\"",
                            "id": "2004355:yabunon",
                            "role": "member",
                            "team_id": "2004355",
                            "username": "yabunon"
                        },
                        "meta": {},
                        "tainted": false
                    },
                    "deposed": [],
                    "provider": "provider.github"
                },
                "github_team_membership.ictsc6-yo-taro": {
                    "type": "github_team_membership",
                    "depends_on": [
                        "github_membership.yo-taro",
                        "github_team.ictsc6"
                    ],
                    "primary": {
                        "id": "2004355:yo-taro",
                        "attributes": {
                            "etag": "W/\"362e80b8959c9bfe0f32a889aa14209a\"",
                            "id": "2004355:yo-taro",
                            "role": "member",
                            "team_id": "2004355",
                            "username": "yo-taro"
                        },
                        "meta": {},
                        "tainted": false
                    },
                    "deposed": [],
                    "provider": "provider.github"
                },
                "github_team_membership.ictsc6-yuukinetwork": {
                    "type": "github_team_membership",
                    "depends_on": [
                        "github_membership.yuukinetwork",
                        "github_team.ictsc6"
                    ],
                    "primary": {
                        "id": "2004355:yuukinetwork",
                        "attributes": {
                            "etag": "W/\"43954f0d964b9b7126d9ef0a84c6de96\"",
                            "id": "2004355:yuukinetwork",
                            "role": "member",
                            "team_id": "2004355",
                            "username": "yuukinetwork"
                        },
                        "meta": {},
                        "tainted": false
                    },
                    "deposed": [],
                    "provider": "provider.github"
                },
                "github_team_membership.ictsc7-Katsuya414": {
                    "type": "github_team_membership",
                    "depends_on": [
                        "github_membership.Katsuya414",
                        "github_team.ictsc7"
                    ],
                    "primary": {
                        "id": "2178374:Katsuya414",
                        "attributes": {
                            "etag": "W/\"d1acc9d4e439e3ac65f48ff251a17f49\"",
                            "id": "2178374:Katsuya414",
                            "role": "member",
                            "team_id": "2178374",
                            "username": "Katsuya414"
                        },
                        "meta": {},
                        "tainted": false
                    },
                    "deposed": [],
                    "provider": "provider.github"
                },
                "github_team_membership.ictsc7-Kurorororo": {
                    "type": "github_team_membership",
                    "depends_on": [
                        "github_membership.Kurorororo",
                        "github_team.ictsc7"
                    ],
                    "primary": {
                        "id": "2178374:Kurorororo",
                        "attributes": {
                            "etag": "W/\"468f895103ec3ce4077e555a2048a965\"",
                            "id": "2178374:Kurorororo",
                            "role": "member",
                            "team_id": "2178374",
                            "username": "Kurorororo"
                        },
                        "meta": {},
                        "tainted": false
                    },
                    "deposed": [],
                    "provider": "provider.github"
                },
                "github_team_membership.ictsc7-alias-aria": {
                    "type": "github_team_membership",
                    "depends_on": [
                        "github_membership.alias-aria",
                        "github_team.ictsc7"
                    ],
                    "primary": {
                        "id": "2178374:alias-aria",
                        "attributes": {
                            "etag": "W/\"1332667077f9a0a5c5ee96042d336850\"",
                            "id": "2178374:alias-aria",
                            "role": "member",
                            "team_id": "2178374",
                            "username": "alias-aria"
                        },
                        "meta": {},
                        "tainted": false
                    },
                    "deposed": [],
                    "provider": "provider.github"
                },
                "github_team_membership.ictsc7-alisamon": {
                    "type": "github_team_membership",
                    "depends_on": [
                        "github_membership.alisamon",
                        "github_team.ictsc7"
                    ],
                    "primary": {
                        "id": "2178374:alisamon",
                        "attributes": {
                            "etag": "W/\"a47c1fc9501af7de7a1bed2137e9b9e0\"",
                            "id": "2178374:alisamon",
                            "role": "member",
                            "team_id": "2178374",
                            "username": "alisamon"
                        },
                        "meta": {},
                        "tainted": false
                    },
                    "deposed": [],
                    "provider": "provider.github"
                },
                "github_team_membership.ictsc7-bosan120": {
                    "type": "github_team_membership",
                    "depends_on": [
                        "github_membership.bosan120",
                        "github_team.ictsc7"
                    ],
                    "primary": {
                        "id": "2178374:bosan120",
                        "attributes": {
                            "etag": "W/\"796448a7f32229957fb9ab66ce7282bf\"",
                            "id": "2178374:bosan120",
                            "role": "member",
                            "team_id": "2178374",
                            "username": "bosan120"
                        },
                        "meta": {},
                        "tainted": false
                    },
                    "deposed": [],
                    "provider": "provider.github"
                },
                "github_team_membership.ictsc7-ecodrive-18": {
                    "type": "github_team_membership",
                    "depends_on": [
                        "github_membership.ecodrive-18",
                        "github_team.ictsc7"
                    ],
                    "primary": {
                        "id": "2178374:ecodrive-18",
                        "attributes": {
                            "etag": "W/\"933caae9023596fe5f06e57cbe70d66b\"",
                            "id": "2178374:ecodrive-18",
                            "role": "member",
                            "team_id": "2178374",
                            "username": "ecodrive-18"
                        },
                        "meta": {},
                        "tainted": false
                    },
                    "deposed": [],
                    "provider": "provider.github"
                },
                "github_team_membership.ictsc7-guragusan": {
                    "type": "github_team_membership",
                    "depends_on": [
                        "github_membership.guragusan",
                        "github_team.ictsc7"
                    ],
                    "primary": {
                        "id": "2178374:guragusan",
                        "attributes": {
                            "etag": "W/\"2abc0a1ee73892b2027d00146fc8152a\"",
                            "id": "2178374:guragusan",
                            "role": "member",
                            "team_id": "2178374",
                            "username": "guragusan"
                        },
                        "meta": {},
                        "tainted": false
                    },
                    "deposed": [],
                    "provider": "provider.github"
                },
                "github_team_membership.ictsc7-h-otter": {
                    "type": "github_team_membership",
                    "depends_on": [
                        "github_membership.h-otter",
                        "github_team.ictsc7"
                    ],
                    "primary": {
                        "id": "2178374:h-otter",
                        "attributes": {
                            "etag": "W/\"918e91ef0b39d03a96aed635fba89745\"",
                            "id": "2178374:h-otter",
                            "role": "member",
                            "team_id": "2178374",
                            "username": "h-otter"
                        },
                        "meta": {},
                        "tainted": false
                    },
                    "deposed": [],
                    "provider": "provider.github"
                },
                "github_team_membership.ictsc7-if001": {
                    "type": "github_team_membership",
                    "depends_on": [
                        "github_membership.if001",
                        "github_team.ictsc7"
                    ],
                    "primary": {
                        "id": "2178374:if001",
                        "attributes": {
                            "etag": "W/\"c1dddcff17b2dbe1d656c800f685464d\"",
                            "id": "2178374:if001",
                            "role": "member",
                            "team_id": "2178374",
                            "username": "if001"
                        },
                        "meta": {},
                        "tainted": false
                    },
                    "deposed": [],
                    "provider": "provider.github"
                },
                "github_team_membership.ictsc7-inuyosi": {
                    "type": "github_team_membership",
                    "depends_on": [
                        "github_membership.inuyosi",
                        "github_team.ictsc7"
                    ],
                    "primary": {
                        "id": "2178374:inuyosi",
                        "attributes": {
                            "etag": "W/\"0fe6375a7f7d8cb889f919e65fd28210\"",
                            "id": "2178374:inuyosi",
                            "role": "member",
                            "team_id": "2178374",
                            "username": "inuyosi"
                        },
                        "meta": {},
                        "tainted": false
                    },
                    "deposed": [],
                    "provider": "provider.github"
                },
                "github_team_membership.ictsc7-kadokusei": {
                    "type": "github_team_membership",
                    "depends_on": [
                        "github_membership.kadokusei",
                        "github_team.ictsc7"
                    ],
                    "primary": {
                        "id": "2178374:kadokusei",
                        "attributes": {
                            "etag": "W/\"30b60807da21c74269e11e95b116becf\"",
                            "id": "2178374:kadokusei",
                            "role": "member",
                            "team_id": "2178374",
                            "username": "kadokusei"
                        },
                        "meta": {},
                        "tainted": false
                    },
                    "deposed": [],
                    "provider": "provider.github"
                },
                "github_team_membership.ictsc7-kyontan": {
                    "type": "github_team_membership",
                    "depends_on": [
                        "github_membership.kyontan",
                        "github_team.ictsc7"
                    ],
                    "primary": {
                        "id": "2178374:kyontan",
                        "attributes": {
                            "etag": "W/\"f77f1820e001cd1b6ae266be8351fbe0\"",
                            "id": "2178374:kyontan",
                            "role": "member",
                            "team_id": "2178374",
                            "username": "kyontan"
                        },
                        "meta": {},
                        "tainted": false
                    },
                    "deposed": [],
                    "provider": "provider.github"
                },
                "github_team_membership.ictsc7-matsurika1226": {
                    "type": "github_team_membership",
                    "depends_on": [
                        "github_membership.matsurika1226",
                        "github_team.ictsc7"
                    ],
                    "primary": {
                        "id": "2178374:matsurika1226",
                        "attributes": {
                            "etag": "W/\"27621d9b9dc7cd71ed937a8e10e3b033\"",
                            "id": "2178374:matsurika1226",
                            "role": "member",
                            "team_id": "2178374",
                            "username": "matsurika1226"
                        },
                        "meta": {},
                        "tainted": false
                    },
                    "deposed": [],
                    "provider": "provider.github"
                },
                "github_team_membership.ictsc7-mbook-x86": {
                    "type": "github_team_membership",
                    "depends_on": [
                        "github_membership.mbook-x86",
                        "github_team.ictsc7"
                    ],
                    "primary": {
                        "id": "2178374:mbook-x86",
                        "attributes": {
                            "etag": "W/\"2f52fa808dec85fd1b3c44bf51263999\"",
                            "id": "2178374:mbook-x86",
                            "role": "member",
                            "team_id": "2178374",
                            "username": "mbook-x86"
                        },
                        "meta": {},
                        "tainted": false
                    },
                    "deposed": [],
                    "provider": "provider.github"
                },
                "github_team_membership.ictsc7-naoki912": {
                    "type": "github_team_membership",
                    "depends_on": [
                        "github_membership.naoki912",
                        "github_team.ictsc7"
                    ],
                    "primary": {
                        "id": "2178374:naoki912",
                        "attributes": {
                            "etag": "W/\"57539d0b52e1ffae4019c57935b8ff0d\"",
                            "id": "2178374:naoki912",
                            "role": "member",
                            "team_id": "2178374",
                            "username": "naoki912"
                        },
                        "meta": {},
                        "tainted": false
                    },
                    "deposed": [],
                    "provider": "provider.github"
                },
                "github_team_membership.ictsc7-oomorio": {
                    "type": "github_team_membership",
                    "depends_on": [
                        "github_membership.oomorio",
                        "github_team.ictsc7"
                    ],
                    "primary": {
                        "id": "2178374:oomorio",
                        "attributes": {
                            "etag": "W/\"47e435cbb2ff6b2ce272c652b2b43aec\"",
                            "id": "2178374:oomorio",
                            "role": "member",
                            "team_id": "2178374",
                            "username": "oomorio"
                        },
                        "meta": {},
                        "tainted": false
                    },
                    "deposed": [],
                    "provider": "provider.github"
                },
                "github_team_membership.ictsc7-palloc": {
                    "type": "github_team_membership",
                    "depends_on": [
                        "github_membership.palloc",
                        "github_team.ictsc7"
                    ],
                    "primary": {
                        "id": "2178374:palloc",
                        "attributes": {
                            "etag": "W/\"c4b90f330e3cd82740a07d499dd4681b\"",
                            "id": "2178374:palloc",
                            "role": "member",
                            "team_id": "2178374",
                            "username": "palloc"
                        },
                        "meta": {},
                        "tainted": false
                    },
                    "deposed": [],
                    "provider": "provider.github"
                },
                "github_team_membership.ictsc7-suzutan": {
                    "type": "github_team_membership",
                    "depends_on": [
                        "github_membership.suzutan",
                        "github_team.ictsc7"
                    ],
                    "primary": {
                        "id": "2178374:suzutan",
                        "attributes": {
                            "etag": "W/\"b3f31d349cbbad4d2f977ac07d1870dc\"",
                            "id": "2178374:suzutan",
                            "role": "member",
                            "team_id": "2178374",
                            "username": "suzutan"
                        },
                        "meta": {},
                        "tainted": false
                    },
                    "deposed": [],
                    "provider": "provider.github"
                },
                "github_team_membership.ictsc7-yaminoma": {
                    "type": "github_team_membership",
                    "depends_on": [
                        "github_membership.yaminoma",
                        "github_team.ictsc7"
                    ],
                    "primary": {
                        "id": "2178374:yaminoma",
                        "attributes": {
                            "etag": "W/\"c1e95f348b0a64c891e989d9a318e911\"",
                            "id": "2178374:yaminoma",
                            "role": "member",
                            "team_id": "2178374",
                            "username": "yaminoma"
                        },
                        "meta": {},
                        "tainted": false
                    },
                    "deposed": [],
                    "provider": "provider.github"
                },
                "github_team_membership.ictsc7-yatuhashi": {
                    "type": "github_team_membership",
                    "depends_on": [
                        "github_membership.yatuhashi",
                        "github_team.ictsc7"
                    ],
                    "primary": {
                        "id": "2178374:yatuhashi",
                        "attributes": {
                            "etag": "W/\"8625f10fda56572d01d5ace821d1a1bc\"",
                            "id": "2178374:yatuhashi",
                            "role": "member",
                            "team_id": "2178374",
                            "username": "yatuhashi"
                        },
                        "meta": {},
                        "tainted": false
                    },
                    "deposed": [],
                    "provider": "provider.github"
                },
                "github_team_membership.ictsc7-yuukinetwork": {
                    "type": "github_team_membership",
                    "depends_on": [
                        "github_membership.yuukinetwork",
                        "github_team.ictsc7"
                    ],
                    "primary": {
                        "id": "2178374:yuukinetwork",
                        "attributes": {
                            "etag": "W/\"22a084ec5190a1b507d86ce586bdeeeb\"",
                            "id": "2178374:yuukinetwork",
                            "role": "member",
                            "team_id": "2178374",
                            "username": "yuukinetwork"
                        },
                        "meta": {},
                        "tainted": false
                    },
                    "deposed": [],
                    "provider": "provider.github"
                },
                "github_team_membership.ictsc8-Azusa72": {
                    "type": "github_team_membership",
                    "depends_on": [
                        "github_membership.Azusa72",
                        "github_team.ictsc8"
                    ],
                    "primary": {
                        "id": "2341229:Azusa72",
                        "attributes": {
                            "etag": "W/\"49f3f1512175f97d5fc62210d319e964\"",
                            "id": "2341229:Azusa72",
                            "role": "member",
                            "team_id": "2341229",
                            "username": "Azusa72"
                        },
                        "meta": {},
                        "tainted": false
                    },
                    "deposed": [],
                    "provider": "provider.github"
                },
                "github_team_membership.ictsc8-Katsuya414": {
                    "type": "github_team_membership",
                    "depends_on": [
                        "github_membership.Katsuya414",
                        "github_team.ictsc8"
                    ],
                    "primary": {
                        "id": "2341229:Katsuya414",
                        "attributes": {
                            "etag": "W/\"c1af20aaad1d8dc04047b826a36f721a\"",
                            "id": "2341229:Katsuya414",
                            "role": "member",
                            "team_id": "2341229",
                            "username": "Katsuya414"
                        },
                        "meta": {},
                        "tainted": false
                    },
                    "deposed": [],
                    "provider": "provider.github"
                },
                "github_team_membership.ictsc8-Kurorororo": {
                    "type": "github_team_membership",
                    "depends_on": [
                        "github_membership.Kurorororo",
                        "github_team.ictsc8"
                    ],
                    "primary": {
                        "id": "2341229:Kurorororo",
                        "attributes": {
                            "etag": "W/\"de974ca2a25e31098e35dbaa49d957eb\"",
                            "id": "2341229:Kurorororo",
                            "role": "member",
                            "team_id": "2341229",
                            "username": "Kurorororo"
                        },
                        "meta": {},
                        "tainted": false
                    },
                    "deposed": [],
                    "provider": "provider.github"
                },
                "github_team_membership.ictsc8-alias-aria": {
                    "type": "github_team_membership",
                    "depends_on": [
                        "github_membership.alias-aria",
                        "github_team.ictsc8"
                    ],
                    "primary": {
                        "id": "2341229:alias-aria",
                        "attributes": {
                            "etag": "W/\"9374100d44edd34a1eb619559baf30c7\"",
                            "id": "2341229:alias-aria",
                            "role": "member",
                            "team_id": "2341229",
                            "username": "alias-aria"
                        },
                        "meta": {},
                        "tainted": false
                    },
                    "deposed": [],
                    "provider": "provider.github"
                },
                "github_team_membership.ictsc8-alisamon": {
                    "type": "github_team_membership",
                    "depends_on": [
                        "github_membership.alisamon",
                        "github_team.ictsc8"
                    ],
                    "primary": {
                        "id": "2341229:alisamon",
                        "attributes": {
                            "etag": "W/\"f23f581d1cc4290c05c561810216c5a4\"",
                            "id": "2341229:alisamon",
                            "role": "member",
                            "team_id": "2341229",
                            "username": "alisamon"
                        },
                        "meta": {},
                        "tainted": false
                    },
                    "deposed": [],
                    "provider": "provider.github"
                },
                "github_team_membership.ictsc8-aoi96": {
                    "type": "github_team_membership",
                    "depends_on": [
                        "github_membership.aoi96",
                        "github_team.ictsc8"
                    ],
                    "primary": {
                        "id": "2341229:aoi96",
                        "attributes": {
                            "etag": "W/\"64ca511c03c267eaf62f6266baf927c0\"",
                            "id": "2341229:aoi96",
                            "role": "member",
                            "team_id": "2341229",
                            "username": "aoi96"
                        },
                        "meta": {},
                        "tainted": false
                    },
                    "deposed": [],
                    "provider": "provider.github"
                },
                "github_team_membership.ictsc8-bosan120": {
                    "type": "github_team_membership",
                    "depends_on": [
                        "github_membership.bosan120",
                        "github_team.ictsc8"
                    ],
                    "primary": {
                        "id": "2341229:bosan120",
                        "attributes": {
                            "etag": "W/\"f9d58d04e459bc38e2901560a6722669\"",
                            "id": "2341229:bosan120",
                            "role": "member",
                            "team_id": "2341229",
                            "username": "bosan120"
                        },
                        "meta": {},
                        "tainted": false
                    },
                    "deposed": [],
                    "provider": "provider.github"
                },
                "github_team_membership.ictsc8-chisaton1": {
                    "type": "github_team_membership",
                    "depends_on": [
                        "github_membership.chisaton1",
                        "github_team.ictsc8"
                    ],
                    "primary": {
                        "id": "2341229:chisaton1",
                        "attributes": {
                            "etag": "W/\"2ac23261a324a8ef369d9aef8438ec23\"",
                            "id": "2341229:chisaton1",
                            "role": "member",
                            "team_id": "2341229",
                            "username": "chisaton1"
                        },
                        "meta": {},
                        "tainted": false
                    },
                    "deposed": [],
                    "provider": "provider.github"
                },
                "github_team_membership.ictsc8-ecodrive-18": {
                    "type": "github_team_membership",
                    "depends_on": [
                        "github_membership.ecodrive-18",
                        "github_team.ictsc8"
                    ],
                    "primary": {
                        "id": "2341229:ecodrive-18",
                        "attributes": {
                            "etag": "W/\"99f5715b2bb1f080827c00ca974e15a2\"",
                            "id": "2341229:ecodrive-18",
                            "role": "member",
                            "team_id": "2341229",
                            "username": "ecodrive-18"
                        },
                        "meta": {},
                        "tainted": false
                    },
                    "deposed": [],
                    "provider": "provider.github"
                },
                "github_team_membership.ictsc8-h-otter": {
                    "type": "github_team_membership",
                    "depends_on": [
                        "github_membership.h-otter",
                        "github_team.ictsc8"
                    ],
                    "primary": {
                        "id": "2341229:h-otter",
                        "attributes": {
                            "etag": "W/\"30d482ee4d6c2645a90c14969a1bec8d\"",
                            "id": "2341229:h-otter",
                            "role": "member",
                            "team_id": "2341229",
                            "username": "h-otter"
                        },
                        "meta": {},
                        "tainted": false
                    },
                    "deposed": [],
                    "provider": "provider.github"
                },
                "github_team_membership.ictsc8-icchy": {
                    "type": "github_team_membership",
                    "depends_on": [
                        "github_membership.icchy",
                        "github_team.ictsc8"
                    ],
                    "primary": {
                        "id": "2341229:icchy",
                        "attributes": {
                            "etag": "W/\"08fccf7dc4eee3f70ebe5067b2067131\"",
                            "id": "2341229:icchy",
                            "role": "member",
                            "team_id": "2341229",
                            "username": "icchy"
                        },
                        "meta": {},
                        "tainted": false
                    },
                    "deposed": [],
                    "provider": "provider.github"
                },
                "github_team_membership.ictsc8-if001": {
                    "type": "github_team_membership",
                    "depends_on": [
                        "github_membership.if001",
                        "github_team.ictsc8"
                    ],
                    "primary": {
                        "id": "2341229:if001",
                        "attributes": {
                            "etag": "W/\"95a399ee0dc2dd40b522115974be0e5a\"",
                            "id": "2341229:if001",
                            "role": "member",
                            "team_id": "2341229",
                            "username": "if001"
                        },
                        "meta": {},
                        "tainted": false
                    },
                    "deposed": [],
                    "provider": "provider.github"
                },
                "github_team_membership.ictsc8-inuyosi": {
                    "type": "github_team_membership",
                    "depends_on": [
                        "github_membership.inuyosi",
                        "github_team.ictsc8"
                    ],
                    "primary": {
                        "id": "2341229:inuyosi",
                        "attributes": {
                            "etag": "W/\"b5faf53ffb08f72809da5f08fc2a3adc\"",
                            "id": "2341229:inuyosi",
                            "role": "member",
                            "team_id": "2341229",
                            "username": "inuyosi"
                        },
                        "meta": {},
                        "tainted": false
                    },
                    "deposed": [],
                    "provider": "provider.github"
                },
                "github_team_membership.ictsc8-keyakko": {
                    "type": "github_team_membership",
                    "depends_on": [
                        "github_membership.keyakko",
                        "github_team.ictsc8"
                    ],
                    "primary": {
                        "id": "2341229:keyakko",
                        "attributes": {
                            "etag": "W/\"0d6d41e49da729a38d9d8ca1e0508bf4\"",
                            "id": "2341229:keyakko",
                            "role": "member",
                            "team_id": "2341229",
                            "username": "keyakko"
                        },
                        "meta": {},
                        "tainted": false
                    },
                    "deposed": [],
                    "provider": "provider.github"
                },
                "github_team_membership.ictsc8-kyontan": {
                    "type": "github_team_membership",
                    "depends_on": [
                        "github_membership.kyontan",
                        "github_team.ictsc8"
                    ],
                    "primary": {
                        "id": "2341229:kyontan",
                        "attributes": {
                            "etag": "W/\"facee60d3ff94049d4766dc8515adfe7\"",
                            "id": "2341229:kyontan",
                            "role": "member",
                            "team_id": "2341229",
                            "username": "kyontan"
                        },
                        "meta": {},
                        "tainted": false
                    },
                    "deposed": [],
                    "provider": "provider.github"
                },
                "github_team_membership.ictsc8-mbook-x86": {
                    "type": "github_team_membership",
                    "depends_on": [
                        "github_membership.mbook-x86",
                        "github_team.ictsc8"
                    ],
                    "primary": {
                        "id": "2341229:mbook-x86",
                        "attributes": {
                            "etag": "W/\"ea57b5b65b8abf9a2b685279a981aa56\"",
                            "id": "2341229:mbook-x86",
                            "role": "member",
                            "team_id": "2341229",
                            "username": "mbook-x86"
                        },
                        "meta": {},
                        "tainted": false
                    },
                    "deposed": [],
                    "provider": "provider.github"
                },
                "github_team_membership.ictsc8-naoki912": {
                    "type": "github_team_membership",
                    "depends_on": [
                        "github_membership.naoki912",
                        "github_team.ictsc8"
                    ],
                    "primary": {
                        "id": "2341229:naoki912",
                        "attributes": {
                            "etag": "W/\"918467ee044a3e308a65bcc71b76ffa7\"",
                            "id": "2341229:naoki912",
                            "role": "member",
                            "team_id": "2341229",
                            "username": "naoki912"
                        },
                        "meta": {},
                        "tainted": false
                    },
                    "deposed": [],
                    "provider": "provider.github"
                },
                "github_team_membership.ictsc8-oomorio": {
                    "type": "github_team_membership",
                    "depends_on": [
                        "github_membership.oomorio",
                        "github_team.ictsc8"
                    ],
                    "primary": {
                        "id": "2341229:oomorio",
                        "attributes": {
                            "etag": "W/\"397334d8a498498b1bbea1e4ca57e9ef\"",
                            "id": "2341229:oomorio",
                            "role": "member",
                            "team_id": "2341229",
                            "username": "oomorio"
                        },
                        "meta": {},
                        "tainted": false
                    },
                    "deposed": [],
                    "provider": "provider.github"
                },
                "github_team_membership.ictsc8-palloc": {
                    "type": "github_team_membership",
                    "depends_on": [
                        "github_membership.palloc",
                        "github_team.ictsc8"
                    ],
                    "primary": {
                        "id": "2341229:palloc",
                        "attributes": {
                            "etag": "W/\"41dbd9f40fe436c8bf99377956a9a461\"",
                            "id": "2341229:palloc",
                            "role": "member",
                            "team_id": "2341229",
                            "username": "palloc"
                        },
                        "meta": {},
                        "tainted": false
                    },
                    "deposed": [],
                    "provider": "provider.github"
                },
                "github_team_membership.ictsc8-staybuzz": {
                    "type": "github_team_membership",
                    "depends_on": [
                        "github_membership.staybuzz",
                        "github_team.ictsc8"
                    ],
                    "primary": {
                        "id": "2341229:staybuzz",
                        "attributes": {
                            "etag": "W/\"9fec62f99e1e4fb5159f67488fe94275\"",
                            "id": "2341229:staybuzz",
                            "role": "member",
                            "team_id": "2341229",
                            "username": "staybuzz"
                        },
                        "meta": {},
                        "tainted": false
                    },
                    "deposed": [],
                    "provider": "provider.github"
                },
                "github_team_membership.ictsc8-whywaita": {
                    "type": "github_team_membership",
                    "depends_on": [
                        "github_membership.whywaita",
                        "github_team.ictsc8"
                    ],
                    "primary": {
                        "id": "2341229:whywaita",
                        "attributes": {
                            "etag": "W/\"d50a5d5f19014db22c51860c4a75e963\"",
                            "id": "2341229:whywaita",
                            "role": "member",
                            "team_id": "2341229",
                            "username": "whywaita"
                        },
                        "meta": {},
                        "tainted": false
                    },
                    "deposed": [],
                    "provider": "provider.github"
                },
                "github_team_membership.ictsc8-yatuhashi": {
                    "type": "github_team_membership",
                    "depends_on": [
                        "github_membership.yatuhashi",
                        "github_team.ictsc8"
                    ],
                    "primary": {
                        "id": "2341229:yatuhashi",
                        "attributes": {
                            "etag": "W/\"073749c218f5f423a2c7fc5527d7fd07\"",
                            "id": "2341229:yatuhashi",
                            "role": "member",
                            "team_id": "2341229",
                            "username": "yatuhashi"
                        },
                        "meta": {},
                        "tainted": false
                    },
                    "deposed": [],
                    "provider": "provider.github"
                },
                "github_team_membership.ictsc9-Kurorororo": {
                    "type": "github_team_membership",
                    "depends_on": [
                        "github_membership.Kurorororo",
                        "github_team.ictsc9"
                    ],
                    "primary": {
                        "id": "2818424:Kurorororo",
                        "attributes": {
                            "etag": "W/\"bd9f2dca2fe4cc497d786e4f6a897b3c\"",
                            "id": "2818424:Kurorororo",
                            "role": "member",
                            "team_id": "2818424",
                            "username": "Kurorororo"
                        },
                        "meta": {},
                        "tainted": false
                    },
                    "deposed": [],
                    "provider": "provider.github"
                },
                "github_team_membership.ictsc9-SakurazakaShin": {
                    "type": "github_team_membership",
                    "depends_on": [
                        "github_membership.SakurazakaShin",
                        "github_team.ictsc9"
                    ],
                    "primary": {
                        "id": "2818424:SakurazakaShin",
                        "attributes": {
                            "etag": "W/\"52316c5ff3dca4014a1b784ef2686509\"",
                            "id": "2818424:SakurazakaShin",
                            "role": "member",
                            "team_id": "2818424",
                            "username": "SakurazakaShin"
                        },
                        "meta": {},
                        "tainted": false
                    },
                    "deposed": [],
                    "provider": "provider.github"
                },
                "github_team_membership.ictsc9-acque2two": {
                    "type": "github_team_membership",
                    "depends_on": [
                        "github_membership.acque2two",
                        "github_team.ictsc9"
                    ],
                    "primary": {
                        "id": "2818424:acque2two",
                        "attributes": {
                            "etag": "W/\"5d54b9793e00cc7a8dc63b9fd5c973ae\"",
                            "id": "2818424:acque2two",
                            "role": "member",
                            "team_id": "2818424",
                            "username": "acque2two"
                        },
                        "meta": {},
                        "tainted": false
                    },
                    "deposed": [],
                    "provider": "provider.github"
                },
                "github_team_membership.ictsc9-alisamon": {
                    "type": "github_team_membership",
                    "depends_on": [
                        "github_membership.alisamon",
                        "github_team.ictsc9"
                    ],
                    "primary": {
                        "id": "2818424:alisamon",
                        "attributes": {
                            "etag": "W/\"39029022659c6eb683610a4b2ca76608\"",
                            "id": "2818424:alisamon",
                            "role": "member",
                            "team_id": "2818424",
                            "username": "alisamon"
                        },
                        "meta": {},
                        "tainted": false
                    },
                    "deposed": [],
                    "provider": "provider.github"
                },
                "github_team_membership.ictsc9-chisaton1": {
                    "type": "github_team_membership",
                    "depends_on": [
                        "github_membership.chisaton1",
                        "github_team.ictsc9"
                    ],
                    "primary": {
                        "id": "2818424:chisaton1",
                        "attributes": {
                            "etag": "W/\"61df86e29f9444b025f1188977a38c35\"",
                            "id": "2818424:chisaton1",
                            "role": "member",
                            "team_id": "2818424",
                            "username": "chisaton1"
                        },
                        "meta": {},
                        "tainted": false
                    },
                    "deposed": [],
                    "provider": "provider.github"
                },
                "github_team_membership.ictsc9-ecodrive-18": {
                    "type": "github_team_membership",
                    "depends_on": [
                        "github_membership.ecodrive-18",
                        "github_team.ictsc9"
                    ],
                    "primary": {
                        "id": "2818424:ecodrive-18",
                        "attributes": {
                            "etag": "W/\"881dd0c2607f28bebfb00f62b309b693\"",
                            "id": "2818424:ecodrive-18",
                            "role": "member",
                            "team_id": "2818424",
                            "username": "ecodrive-18"
                        },
                        "meta": {},
                        "tainted": false
                    },
                    "deposed": [],
                    "provider": "provider.github"
                },
                "github_team_membership.ictsc9-freedom18": {
                    "type": "github_team_membership",
                    "depends_on": [
                        "github_membership.freedom18",
                        "github_team.ictsc9"
                    ],
                    "primary": {
                        "id": "2818424:freedom18",
                        "attributes": {
                            "etag": "W/\"bb11bf92ee81ddd81187c505d2aa791a\"",
                            "id": "2818424:freedom18",
                            "role": "member",
                            "team_id": "2818424",
                            "username": "freedom18"
                        },
                        "meta": {},
                        "tainted": false
                    },
                    "deposed": [],
                    "provider": "provider.github"
                },
                "github_team_membership.ictsc9-gurapomu": {
                    "type": "github_team_membership",
                    "depends_on": [
                        "github_membership.gurapomu",
                        "github_team.ictsc9"
                    ],
                    "primary": {
                        "id": "2818424:gurapomu",
                        "attributes": {
                            "etag": "W/\"c42adb964364b80d40c02fe573f140ab\"",
                            "id": "2818424:gurapomu",
                            "role": "member",
                            "team_id": "2818424",
                            "username": "gurapomu"
                        },
                        "meta": {},
                        "tainted": false
                    },
                    "deposed": [],
                    "provider": "provider.github"
                },
                "github_team_membership.ictsc9-h-otter": {
                    "type": "github_team_membership",
                    "depends_on": [
                        "github_membership.h-otter",
                        "github_team.ictsc9"
                    ],
                    "primary": {
                        "id": "2818424:h-otter",
                        "attributes": {
                            "etag": "W/\"a4f06fea79138386ab186cce7c34028c\"",
                            "id": "2818424:h-otter",
                            "role": "member",
                            "team_id": "2818424",
                            "username": "h-otter"
                        },
                        "meta": {},
                        "tainted": false
                    },
                    "deposed": [],
                    "provider": "provider.github"
                },
                "github_team_membership.ictsc9-ha-kun0711": {
                    "type": "github_team_membership",
                    "depends_on": [
                        "github_membership.ha-kun0711",
                        "github_team.ictsc9"
                    ],
                    "primary": {
                        "id": "2818424:ha-kun0711",
                        "attributes": {
                            "etag": "W/\"8b41563773c2d41f0aab02cc82ddb563\"",
                            "id": "2818424:ha-kun0711",
                            "role": "member",
                            "team_id": "2818424",
                            "username": "ha-kun0711"
                        },
                        "meta": {},
                        "tainted": false
                    },
                    "deposed": [],
                    "provider": "provider.github"
                },
                "github_team_membership.ictsc9-icchy": {
                    "type": "github_team_membership",
                    "depends_on": [
                        "github_membership.icchy",
                        "github_team.ictsc9"
                    ],
                    "primary": {
                        "id": "2818424:icchy",
                        "attributes": {
                            "etag": "W/\"24e21bf68a26017274b2e59601a6d3ad\"",
                            "id": "2818424:icchy",
                            "role": "member",
                            "team_id": "2818424",
                            "username": "icchy"
                        },
                        "meta": {},
                        "tainted": false
                    },
                    "deposed": [],
                    "provider": "provider.github"
                },
                "github_team_membership.ictsc9-itakuya": {
                    "type": "github_team_membership",
                    "depends_on": [
                        "github_membership.itakuya",
                        "github_team.ictsc9"
                    ],
                    "primary": {
                        "id": "2818424:itakuya",
                        "attributes": {
                            "etag": "W/\"0b11f3a7f693c749f1671b7937c25d56\"",
                            "id": "2818424:itakuya",
                            "role": "member",
                            "team_id": "2818424",
                            "username": "itakuya"
                        },
                        "meta": {},
                        "tainted": false
                    },
                    "deposed": [],
                    "provider": "provider.github"
                },
                "github_team_membership.ictsc9-mbook-x86": {
                    "type": "github_team_membership",
                    "depends_on": [
                        "github_membership.mbook-x86",
                        "github_team.ictsc9"
                    ],
                    "primary": {
                        "id": "2818424:mbook-x86",
                        "attributes": {
                            "etag": "W/\"a4f0952f7e15d071bd51562455c84f8a\"",
                            "id": "2818424:mbook-x86",
                            "role": "member",
                            "team_id": "2818424",
                            "username": "mbook-x86"
                        },
                        "meta": {},
                        "tainted": false
                    },
                    "deposed": [],
                    "provider": "provider.github"
                },
                "github_team_membership.ictsc9-naoki912": {
                    "type": "github_team_membership",
                    "depends_on": [
                        "github_membership.naoki912",
                        "github_team.ictsc9"
                    ],
                    "primary": {
                        "id": "2818424:naoki912",
                        "attributes": {
                            "etag": "W/\"39337e2a153e1d3d5f5835c3157ed3cf\"",
                            "id": "2818424:naoki912",
                            "role": "member",
                            "team_id": "2818424",
                            "username": "naoki912"
                        },
                        "meta": {},
                        "tainted": false
                    },
                    "deposed": [],
                    "provider": "provider.github"
                },
                "github_team_membership.ictsc9-nomeaning777": {
                    "type": "github_team_membership",
                    "depends_on": [
                        "github_membership.nomeaning777",
                        "github_team.ictsc9"
                    ],
                    "primary": {
                        "id": "2818424:nomeaning777",
                        "attributes": {
                            "etag": "W/\"5e5f4167f796ad0e21e01c5e21d33187\"",
                            "id": "2818424:nomeaning777",
                            "role": "member",
                            "team_id": "2818424",
                            "username": "nomeaning777"
                        },
                        "meta": {},
                        "tainted": false
                    },
                    "deposed": [],
                    "provider": "provider.github"
                },
                "github_team_membership.ictsc9-palloc": {
                    "type": "github_team_membership",
                    "depends_on": [
                        "github_membership.palloc",
                        "github_team.ictsc9"
                    ],
                    "primary": {
                        "id": "2818424:palloc",
                        "attributes": {
                            "etag": "W/\"3fef908bee042a28a97c8035d512b109\"",
                            "id": "2818424:palloc",
                            "role": "member",
                            "team_id": "2818424",
                            "username": "palloc"
                        },
                        "meta": {},
                        "tainted": false
                    },
                    "deposed": [],
                    "provider": "provider.github"
                },
                "github_team_membership.ictsc9-sharknasuhorse": {
                    "type": "github_team_membership",
                    "depends_on": [
                        "github_membership.sharknasuhorse",
                        "github_team.ictsc9"
                    ],
                    "primary": {
                        "id": "2818424:sharknasuhorse",
                        "attributes": {
                            "etag": "W/\"01006ecb29d277367211912a99332c65\"",
                            "id": "2818424:sharknasuhorse",
                            "role": "member",
                            "team_id": "2818424",
                            "username": "sharknasuhorse"
                        },
                        "meta": {},
                        "tainted": false
                    },
                    "deposed": [],
                    "provider": "provider.github"
                },
                "github_team_membership.ictsc9-shinonome01": {
                    "type": "github_team_membership",
                    "depends_on": [
                        "github_membership.shinonome01",
                        "github_team.ictsc9"
                    ],
                    "primary": {
                        "id": "2818424:Shinonome01",
                        "attributes": {
                            "etag": "W/\"095afd0998fdc697951d2ce8e07e08e5\"",
                            "id": "2818424:Shinonome01",
                            "role": "member",
                            "team_id": "2818424",
                            "username": "Shinonome01"
                        },
                        "meta": {},
                        "tainted": false
                    },
                    "deposed": [],
                    "provider": "provider.github"
                },
                "github_team_membership.ictsc9-takumimoja": {
                    "type": "github_team_membership",
                    "depends_on": [
                        "github_membership.takumimoja",
                        "github_team.ictsc9"
                    ],
                    "primary": {
                        "id": "2818424:takumimoja",
                        "attributes": {
                            "etag": "W/\"29b6369ad662d6d8ccb5808bab3133b1\"",
                            "id": "2818424:takumimoja",
                            "role": "member",
                            "team_id": "2818424",
                            "username": "takumimoja"
                        },
                        "meta": {},
                        "tainted": false
                    },
                    "deposed": [],
                    "provider": "provider.github"
                },
                "github_team_membership.ictsc9-tsuttsu305": {
                    "type": "github_team_membership",
                    "depends_on": [
                        "github_membership.tsuttsu305",
                        "github_team.ictsc9"
                    ],
                    "primary": {
                        "id": "2818424:tsuttsu305",
                        "attributes": {
                            "etag": "W/\"3313114f86f8ef4312040a12b318904d\"",
                            "id": "2818424:tsuttsu305",
                            "role": "member",
                            "team_id": "2818424",
                            "username": "tsuttsu305"
                        },
                        "meta": {},
                        "tainted": false
                    },
                    "deposed": [],
                    "provider": "provider.github"
                },
                "github_team_membership.ictsc9-uplus": {
                    "type": "github_team_membership",
                    "depends_on": [
                        "github_membership.uplus",
                        "github_team.ictsc9"
                    ],
                    "primary": {
                        "id": "2818424:uplus",
                        "attributes": {
                            "etag": "W/\"15a6d857253525abe6e94e7c1958e8c5\"",
                            "id": "2818424:uplus",
                            "role": "member",
                            "team_id": "2818424",
                            "username": "uplus"
                        },
                        "meta": {},
                        "tainted": false
                    },
                    "deposed": [],
                    "provider": "provider.github"
                },
                "github_team_membership.ictsc9-whywaita": {
                    "type": "github_team_membership",
                    "depends_on": [
                        "github_membership.whywaita",
                        "github_team.ictsc9"
                    ],
                    "primary": {
                        "id": "2818424:whywaita",
                        "attributes": {
                            "etag": "W/\"47d6fbcbb93137e678da675688ecba97\"",
                            "id": "2818424:whywaita",
                            "role": "member",
                            "team_id": "2818424",
                            "username": "whywaita"
                        },
                        "meta": {},
                        "tainted": false
                    },
                    "deposed": [],
                    "provider": "provider.github"
                },
                "github_team_membership.ictsc9-yatuhashi": {
                    "type": "github_team_membership",
                    "depends_on": [
                        "github_membership.yatuhashi",
                        "github_team.ictsc9"
                    ],
                    "primary": {
                        "id": "2818424:yatuhashi",
                        "attributes": {
                            "etag": "W/\"d5b4aa09b85c03b17f55a94b8c33fb0c\"",
                            "id": "2818424:yatuhashi",
                            "role": "member",
                            "team_id": "2818424",
                            "username": "yatuhashi"
                        },
                        "meta": {},
                        "tainted": false
                    },
                    "deposed": [],
                    "provider": "provider.github"
                },
                "github_team_membership.score-dev-uplus": {
                    "type": "github_team_membership",
                    "depends_on": [
                        "github_membership.uplus",
                        "github_team.score-dev"
                    ],
                    "primary": {
                        "id": "2004353:uplus",
                        "attributes": {
                            "etag": "W/\"7d3b8bd7cd1fc1662705b7a388a05502\"",
                            "id": "2004353:uplus",
                            "role": "maintainer",
                            "team_id": "2004353",
                            "username": "uplus"
                        },
                        "meta": {},
                        "tainted": false
                    },
                    "deposed": [],
                    "provider": "provider.github"
                },
                "github_team_repository.admin-ictsc-network": {
                    "type": "github_team_repository",
                    "depends_on": [
                        "github_team.admin"
                    ],
                    "primary": {
                        "id": "2008807:ictsc-network",
                        "attributes": {
                            "etag": "W/\"7fbf4ebbb8eff9400ece26049b638580\"",
                            "id": "2008807:ictsc-network",
                            "permission": "admin",
                            "repository": "ictsc-network",
                            "team_id": "2008807"
                        },
                        "meta": {},
                        "tainted": false
                    },
                    "deposed": [],
                    "provider": "provider.github"
                },
                "github_team_repository.admin-ictsc-playbooks": {
                    "type": "github_team_repository",
                    "depends_on": [
                        "github_team.admin"
                    ],
                    "primary": {
                        "id": "2008807:ictsc-playbooks",
                        "attributes": {
                            "etag": "W/\"203086547d8cb45928a44544b45be41d\"",
                            "id": "2008807:ictsc-playbooks",
                            "permission": "admin",
                            "repository": "ictsc-playbooks",
                            "team_id": "2008807"
                        },
                        "meta": {},
                        "tainted": false
                    },
                    "deposed": [],
                    "provider": "provider.github"
                },
                "github_team_repository.admin-ictsc-problems": {
                    "type": "github_team_repository",
                    "depends_on": [
                        "github_team.admin"
                    ],
                    "primary": {
                        "id": "2008807:ictsc-problems",
                        "attributes": {
                            "etag": "W/\"788698660c429c55dad371424387b8ce\"",
                            "id": "2008807:ictsc-problems",
                            "permission": "admin",
                            "repository": "ictsc-problems",
                            "team_id": "2008807"
                        },
                        "meta": {},
                        "tainted": false
                    },
                    "deposed": [],
                    "provider": "provider.github"
                },
                "github_team_repository.admin-ictsc-sandbox": {
                    "type": "github_team_repository",
                    "depends_on": [
                        "github_team.admin"
                    ],
                    "primary": {
                        "id": "2008807:ictsc-sandbox",
                        "attributes": {
                            "etag": "W/\"241a76973f808c1f47cee23cd78ad01d\"",
                            "id": "2008807:ictsc-sandbox",
                            "permission": "admin",
                            "repository": "ictsc-sandbox",
                            "team_id": "2008807"
                        },
                        "meta": {},
                        "tainted": false
                    },
                    "deposed": [],
                    "provider": "provider.github"
                },
                "github_team_repository.admin-ictsc-score-server": {
                    "type": "github_team_repository",
                    "depends_on": [
                        "github_team.admin"
                    ],
                    "primary": {
                        "id": "2008807:ictsc-score-server",
                        "attributes": {
                            "etag": "W/\"9664a0154c68d48aafccc79042fbe007\"",
                            "id": "2008807:ictsc-score-server",
                            "permission": "admin",
                            "repository": "ictsc-score-server",
                            "team_id": "2008807"
                        },
                        "meta": {},
                        "tainted": false
                    },
                    "deposed": [],
                    "provider": "provider.github"
                },
                "github_team_repository.admin-kakisute-script": {
                    "type": "github_team_repository",
                    "depends_on": [
                        "github_team.admin"
                    ],
                    "primary": {
                        "id": "2008807:kakisute-script",
                        "attributes": {
                            "etag": "W/\"fe16ed78e629b87c8ad58a774e360dd6\"",
                            "id": "2008807:kakisute-script",
                            "permission": "admin",
                            "repository": "kakisute-script",
                            "team_id": "2008807"
                        },
                        "meta": {},
                        "tainted": false
                    },
                    "deposed": [],
                    "provider": "provider.github"
                },
                "github_team_repository.admin-network-config": {
                    "type": "github_team_repository",
                    "depends_on": [
                        "github_team.admin"
                    ],
                    "primary": {
                        "id": "2008807:network-config",
                        "attributes": {
                            "etag": "W/\"3090dd5d60d11b19bd56fcaadfddc4dc\"",
                            "id": "2008807:network-config",
                            "permission": "admin",
                            "repository": "network-config",
                            "team_id": "2008807"
                        },
                        "meta": {},
                        "tainted": false
                    },
                    "deposed": [],
                    "provider": "provider.github"
                },
                "github_team_repository.ictsc2019-ictsc-network": {
                    "type": "github_team_repository",
                    "depends_on": [
                        "github_team.ictsc2019"
                    ],
                    "primary": {
                        "id": "3300293:ictsc-network",
                        "attributes": {
                            "etag": "W/\"01ce8feea251baae8d160a6ba5f9c10b\"",
                            "id": "3300293:ictsc-network",
                            "permission": "push",
                            "repository": "ictsc-network",
                            "team_id": "3300293"
                        },
                        "meta": {},
                        "tainted": false
                    },
                    "deposed": [],
                    "provider": "provider.github"
                },
                "github_team_repository.ictsc2019-ictsc-playbooks": {
                    "type": "github_team_repository",
                    "depends_on": [
                        "github_team.ictsc2019"
                    ],
                    "primary": {
                        "id": "3300293:ictsc-playbooks",
                        "attributes": {
                            "etag": "W/\"d6c539ee83bf6ac5ba53094e695c77b4\"",
                            "id": "3300293:ictsc-playbooks",
                            "permission": "push",
                            "repository": "ictsc-playbooks",
                            "team_id": "3300293"
                        },
                        "meta": {},
                        "tainted": false
                    },
                    "deposed": [],
                    "provider": "provider.github"
                },
                "github_team_repository.ictsc2019-ictsc-problems": {
                    "type": "github_team_repository",
                    "depends_on": [
                        "github_team.ictsc2019"
                    ],
                    "primary": {
                        "id": "3300293:ictsc-problems",
                        "attributes": {
                            "etag": "W/\"e19b7015ffcf5fb025df37baa694bf99\"",
                            "id": "3300293:ictsc-problems",
                            "permission": "push",
                            "repository": "ictsc-problems",
                            "team_id": "3300293"
                        },
                        "meta": {},
                        "tainted": false
                    },
                    "deposed": [],
                    "provider": "provider.github"
                },
                "github_team_repository.ictsc2019-ictsc-sandbox": {
                    "type": "github_team_repository",
                    "depends_on": [
                        "github_team.ictsc2019"
                    ],
                    "primary": {
                        "id": "3300293:ictsc-sandbox",
                        "attributes": {
                            "etag": "W/\"241a76973f808c1f47cee23cd78ad01d\"",
                            "id": "3300293:ictsc-sandbox",
                            "permission": "admin",
                            "repository": "ictsc-sandbox",
                            "team_id": "3300293"
                        },
                        "meta": {},
                        "tainted": false
                    },
                    "deposed": [],
                    "provider": "provider.github"
                },
                "github_team_repository.ictsc2019-ictsc-score-server": {
                    "type": "github_team_repository",
                    "depends_on": [
                        "github_team.ictsc2019"
                    ],
                    "primary": {
                        "id": "3300293:ictsc-score-server",
                        "attributes": {
                            "etag": "W/\"11c3ee2a0a29e942bea4682a747f56a4\"",
                            "id": "3300293:ictsc-score-server",
                            "permission": "push",
                            "repository": "ictsc-score-server",
                            "team_id": "3300293"
                        },
                        "meta": {},
                        "tainted": false
                    },
                    "deposed": [],
                    "provider": "provider.github"
                },
                "github_team_repository.ictsc2019-kakisute-script": {
                    "type": "github_team_repository",
                    "depends_on": [
                        "github_team.ictsc2019"
                    ],
                    "primary": {
                        "id": "3300293:kakisute-script",
                        "attributes": {
                            "etag": "W/\"c397a909f4843c728c696b7aac5f8b1f\"",
                            "id": "3300293:kakisute-script",
                            "permission": "push",
                            "repository": "kakisute-script",
                            "team_id": "3300293"
                        },
                        "meta": {},
                        "tainted": false
                    },
                    "deposed": [],
                    "provider": "provider.github"
                },
                "github_team_repository.ictsc2019-network-config": {
                    "type": "github_team_repository",
                    "depends_on": [
                        "github_team.ictsc2019"
                    ],
                    "primary": {
                        "id": "3300293:network-config",
                        "attributes": {
                            "etag": "W/\"97a72af4253698b3cc56c7905fe1e272\"",
                            "id": "3300293:network-config",
                            "permission": "push",
                            "repository": "network-config",
                            "team_id": "3300293"
                        },
                        "meta": {},
                        "tainted": false
                    },
                    "deposed": [],
                    "provider": "provider.github"
                },
                "github_team_repository.ictsc2019-prep-problems": {
                    "type": "github_team_repository",
                    "depends_on": [
                        "github_team.ictsc2019"
                    ],
                    "primary": {
                        "id": "3300293:prep-problems",
                        "attributes": {
                            "etag": "W/\"4d6d99cc2819bd88dbe3193984ebd008\"",
                            "id": "3300293:prep-problems",
                            "permission": "push",
                            "repository": "prep-problems",
                            "team_id": "3300293"
                        },
                        "meta": {},
                        "tainted": false
                    },
                    "deposed": [],
                    "provider": "provider.github"
                },
                "github_team_repository.ictsc2019-prep-pstate": {
                    "type": "github_team_repository",
                    "depends_on": [
                        "github_team.ictsc2019"
                    ],
                    "primary": {
                        "id": "3300293:prep-pstate",
                        "attributes": {
                            "etag": "W/\"20b106be355815b91def8d1b127240c8\"",
                            "id": "3300293:prep-pstate",
                            "permission": "push",
                            "repository": "prep-pstate",
                            "team_id": "3300293"
                        },
                        "meta": {},
                        "tainted": false
                    },
                    "deposed": [],
                    "provider": "provider.github"
                },
                "github_team_repository.ictsc2019-prep-relate": {
                    "type": "github_team_repository",
                    "depends_on": [
                        "github_team.ictsc2019"
                    ],
                    "primary": {
                        "id": "3300293:prep-relate",
                        "attributes": {
                            "etag": "W/\"065a923b5c816762289df1967f778ca1\"",
                            "id": "3300293:prep-relate",
                            "permission": "push",
                            "repository": "prep-relate",
                            "team_id": "3300293"
                        },
                        "meta": {},
                        "tainted": false
                    },
                    "deposed": [],
                    "provider": "provider.github"
                },
                "github_team_repository.score-dev-ictsc-score-server": {
                    "type": "github_team_repository",
                    "depends_on": [
                        "github_team.score-dev"
                    ],
                    "primary": {
                        "id": "2004353:ictsc-score-server",
                        "attributes": {
                            "etag": "W/\"9664a0154c68d48aafccc79042fbe007\"",
                            "id": "2004353:ictsc-score-server",
                            "permission": "admin",
                            "repository": "ictsc-score-server",
                            "team_id": "2004353"
                        },
                        "meta": {},
                        "tainted": false
                    },
                    "deposed": [],
                    "provider": "provider.github"
                }
            },
            "depends_on": []
        }
    ]
}
