{
    "version": 3,
    "terraform_version": "0.11.3",
    "serial": 51,
    "lineage": "842a2913-e436-4381-8e72-045e740c9c1f",
    "modules": [
        {
            "path": [
                "root"
            ],
            "outputs": {},
            "resources": {
                "github_membership.928k1110": {
                    "type": "github_membership",
                    "depends_on": [],
                    "primary": {
                        "id": "ictsc:928k1110",
                        "attributes": {
                            "etag": "W/\"2bc3b5bd54290b1b1e7b50390b4fdd5a46f350d869234fc5d59f0514b6f05946\"",
                            "id": "ictsc:928k1110",
                            "role": "member",
                            "username": "928k1110"
                        },
                        "meta": {},
                        "tainted": false
                    },
                    "deposed": [],
                    "provider": "provider.github"
                },
                "github_membership.Azusa72": {
                    "type": "github_membership",
                    "depends_on": [],
                    "primary": {
                        "id": "ictsc:Azusa72",
                        "attributes": {
                            "etag": "W/\"5c3b3a1ecbcd26ee3c959b9caa20874af35240cf5aca72f6e12a4e9b0af57055\"",
                            "id": "ictsc:Azusa72",
                            "role": "member",
                            "username": "Azusa72"
                        },
                        "meta": {},
                        "tainted": false
                    },
                    "deposed": [],
                    "provider": "provider.github"
                },
                "github_membership.Hicky1025": {
                    "type": "github_membership",
                    "depends_on": [],
                    "primary": {
                        "id": "ictsc:Hicky1025",
                        "attributes": {
                            "etag": "W/\"15f7c8b55c5c80640c724b6a992a8f44b8a7b6335d657610357be97d90b68dbe\"",
                            "id": "ictsc:Hicky1025",
                            "role": "member",
                            "username": "Hicky1025"
                        },
                        "meta": {},
                        "tainted": false
                    },
                    "deposed": [],
                    "provider": "provider.github"
                },
                "github_membership.Iwancof": {
                    "type": "github_membership",
                    "depends_on": [],
                    "primary": {
                        "id": "ictsc:Iwancof",
                        "attributes": {
                            "etag": "W/\"3a5ec658f5dfd906202bb7ef957af762560418a70bda23acb5040606595fed3e\"",
                            "id": "ictsc:Iwancof",
                            "role": "member",
                            "username": "Iwancof"
                        },
                        "meta": {},
                        "tainted": false
                    },
                    "deposed": [],
                    "provider": "provider.github"
                },
                "github_membership.Katsuya414": {
                    "type": "github_membership",
                    "depends_on": [],
                    "primary": {
                        "id": "ictsc:Katsuya414",
                        "attributes": {
                            "etag": "W/\"b3bcad9a0e34d52dc16e319e86ea33bec106782800661d2daeaa28fdd29e313f\"",
                            "id": "ictsc:Katsuya414",
                            "role": "member",
                            "username": "Katsuya414"
                        },
                        "meta": {},
                        "tainted": false
                    },
                    "deposed": [],
                    "provider": "provider.github"
                },
                "github_membership.Kurorororo": {
                    "type": "github_membership",
                    "depends_on": [],
                    "primary": {
                        "id": "ictsc:Kurorororo",
                        "attributes": {
                            "etag": "W/\"7d646eb2e107b6050c5304a2b80bb5d1cc9f534262b1b84123dbdab2488f8c78\"",
                            "id": "ictsc:Kurorororo",
                            "role": "member",
                            "username": "Kurorororo"
                        },
                        "meta": {},
                        "tainted": false
                    },
                    "deposed": [],
                    "provider": "provider.github"
                },
                "github_membership.NozomiSugiyama": {
                    "type": "github_membership",
                    "depends_on": [],
                    "primary": {
                        "id": "ictsc:NozomiSugiyama",
                        "attributes": {
                            "etag": "W/\"6af75545a9b760d8e92a48b4be97097bf8e5dd25974d9bf4b7707b599c42b34c\"",
                            "id": "ictsc:NozomiSugiyama",
                            "role": "member",
                            "username": "NozomiSugiyama"
                        },
                        "meta": {},
                        "tainted": false
                    },
                    "deposed": [],
                    "provider": "provider.github"
                },
                "github_membership.SakurazakaShin": {
                    "type": "github_membership",
                    "depends_on": [],
                    "primary": {
                        "id": "ictsc:SakurazakaShin",
                        "attributes": {
                            "etag": "W/\"7cd472c8c63e499d3b9d00fd4ef3e0d7c89d5f23e1fdeacf22073daafefa86e4\"",
                            "id": "ictsc:SakurazakaShin",
                            "role": "member",
                            "username": "SakurazakaShin"
                        },
                        "meta": {},
                        "tainted": false
                    },
                    "deposed": [],
                    "provider": "provider.github"
                },
                "github_membership.SallyAcolyte": {
                    "type": "github_membership",
                    "depends_on": [],
                    "primary": {
                        "id": "ictsc:SallyAcolyte",
                        "attributes": {
                            "etag": "W/\"c75a23b3927c50800593fa7c8c99943078f22f9dd0e698124ce2d6ed8e715606\"",
                            "id": "ictsc:SallyAcolyte",
                            "role": "member",
                            "username": "SallyAcolyte"
                        },
                        "meta": {},
                        "tainted": false
                    },
                    "deposed": [],
                    "provider": "provider.github"
                },
                "github_membership.ShotaKitazawa": {
                    "type": "github_membership",
                    "depends_on": [],
                    "primary": {
                        "id": "ictsc:ShotaKitazawa",
                        "attributes": {
                            "etag": "W/\"ea79cea579012209b671b4ffcdd65263d0327a03d8ab95bbb7dea593faecc9a1\"",
                            "id": "ictsc:ShotaKitazawa",
                            "role": "member",
                            "username": "ShotaKitazawa"
                        },
                        "meta": {},
                        "tainted": false
                    },
                    "deposed": [],
                    "provider": "provider.github"
                },
                "github_membership.SilEighty-ym": {
                    "type": "github_membership",
                    "depends_on": [],
                    "primary": {
                        "id": "ictsc:SilEighty-ym",
                        "attributes": {
                            "etag": "W/\"cd070ba0333011830d87bc4fdf226f5bb49b7c11238d890354e70f07adca440d\"",
                            "id": "ictsc:SilEighty-ym",
                            "role": "member",
                            "username": "SilEighty-ym"
                        },
                        "meta": {},
                        "tainted": false
                    },
                    "deposed": [],
                    "provider": "provider.github"
                },
                "github_membership.TenkiGit": {
                    "type": "github_membership",
                    "depends_on": [],
                    "primary": {
                        "id": "ictsc:TenkiGit",
                        "attributes": {
                            "etag": "W/\"eab9a17c4afabc4fd26c10708c2031225554abca89b019aa7705e0c53902ada6\"",
                            "id": "ictsc:TenkiGit",
                            "role": "member",
                            "username": "TenkiGit"
                        },
                        "meta": {},
                        "tainted": false
                    },
                    "deposed": [],
                    "provider": "provider.github"
                },
                "github_membership.Terfno": {
                    "type": "github_membership",
                    "depends_on": [],
                    "primary": {
                        "id": "ictsc:Terfno",
                        "attributes": {
                            "etag": "W/\"1000df8099f94f382fe7e04b03939d972d77f77571d9f163db7f74ed8494c5ce\"",
                            "id": "ictsc:Terfno",
                            "role": "member",
                            "username": "Terfno"
                        },
                        "meta": {},
                        "tainted": false
                    },
                    "deposed": [],
                    "provider": "provider.github"
                },
                "github_membership.a-r-g-v": {
                    "type": "github_membership",
                    "depends_on": [],
                    "primary": {
                        "id": "ictsc:a-r-g-v",
                        "attributes": {
                            "etag": "W/\"34e55a85424b64837ea804509a7a5ea22b32287cb69bf81b57ff6978a392cbad\"",
                            "id": "ictsc:a-r-g-v",
                            "role": "member",
                            "username": "a-r-g-v"
                        },
                        "meta": {},
                        "tainted": false
                    },
                    "deposed": [],
                    "provider": "provider.github"
                },
                "github_membership.acque2two": {
                    "type": "github_membership",
                    "depends_on": [],
                    "primary": {
                        "id": "ictsc:acque2two",
                        "attributes": {
                            "etag": "W/\"74b451ac72aff6b96f6a093aa65790da59b277db7a3746b57ee6c6f8076f0401\"",
                            "id": "ictsc:acque2two",
                            "role": "member",
                            "username": "acque2two"
                        },
                        "meta": {},
                        "tainted": false
                    },
                    "deposed": [],
                    "provider": "provider.github"
                },
                "github_membership.alias-aria": {
                    "type": "github_membership",
                    "depends_on": [],
                    "primary": {
                        "id": "ictsc:alias-aria",
                        "attributes": {
                            "etag": "W/\"f3230cc922520708cd5b0567704cabf34f1345597f3bcd5b2cf001df51ae9942\"",
                            "id": "ictsc:alias-aria",
                            "role": "member",
                            "username": "alias-aria"
                        },
                        "meta": {},
                        "tainted": false
                    },
                    "deposed": [],
                    "provider": "provider.github"
                },
                "github_membership.alisamon": {
                    "type": "github_membership",
                    "depends_on": [],
                    "primary": {
                        "id": "ictsc:alisamon",
                        "attributes": {
                            "etag": "W/\"0ff5c19d0e07ee198de9a46f20a96f39bbceabbb28fae2d6211ecda023c209da\"",
                            "id": "ictsc:alisamon",
                            "role": "member",
                            "username": "alisamon"
                        },
                        "meta": {},
                        "tainted": false
                    },
                    "deposed": [],
                    "provider": "provider.github"
                },
                "github_membership.aoi96": {
                    "type": "github_membership",
                    "depends_on": [],
                    "primary": {
                        "id": "ictsc:aoi96",
                        "attributes": {
                            "etag": "W/\"6f99d6afc7eec93a5dbf98bdce93af4d8d356d2fb4d3251cb2ffea9d06e0d993\"",
                            "id": "ictsc:aoi96",
                            "role": "member",
                            "username": "aoi96"
                        },
                        "meta": {},
                        "tainted": false
                    },
                    "deposed": [],
                    "provider": "provider.github"
                },
                "github_membership.arupakan125": {
                    "type": "github_membership",
                    "depends_on": [],
                    "primary": {
                        "id": "ictsc:arupakan125",
                        "attributes": {
                            "etag": "W/\"89d526d8c473758c6c7c53f7c452bcec89680b4169a66fb7e55dd7cdddc178cc\"",
                            "id": "ictsc:arupakan125",
                            "role": "member",
                            "username": "arupakan125"
                        },
                        "meta": {},
                        "tainted": false
                    },
                    "deposed": [],
                    "provider": "provider.github"
                },
                "github_membership.asarijiru": {
                    "type": "github_membership",
                    "depends_on": [],
                    "primary": {
                        "id": "ictsc:asarijiru",
                        "attributes": {
                            "etag": "W/\"aead883bed34a880b8110a99a9ac2c9404dca103c6956de3e71882f72beb2acf\"",
                            "id": "ictsc:asarijiru",
                            "role": "member",
                            "username": "asarijiru"
                        },
                        "meta": {},
                        "tainted": false
                    },
                    "deposed": [],
                    "provider": "provider.github"
                },
                "github_membership.asdfec": {
                    "type": "github_membership",
                    "depends_on": [],
                    "primary": {
                        "id": "ictsc:asdfec",
                        "attributes": {
                            "etag": "W/\"908d6339866b9d1577c4838cf3f75bc34da20e85c93b5eb40096b846cb598d15\"",
                            "id": "ictsc:asdfec",
                            "role": "member",
                            "username": "asdfec"
                        },
                        "meta": {},
                        "tainted": false
                    },
                    "deposed": [],
                    "provider": "provider.github"
                },
                "github_membership.beggarl": {
                    "type": "github_membership",
                    "depends_on": [],
                    "primary": {
                        "id": "ictsc:beggarl",
                        "attributes": {
                            "etag": "W/\"2258196024092dc93b215ccb20a965262281c9f2543cf057451e335e491b8a01\"",
                            "id": "ictsc:beggarl",
                            "role": "member",
                            "username": "beggarl"
                        },
                        "meta": {},
                        "tainted": false
                    },
                    "deposed": [],
                    "provider": "provider.github"
                },
                "github_membership.bosan120": {
                    "type": "github_membership",
                    "depends_on": [],
                    "primary": {
                        "id": "ictsc:bosan120",
                        "attributes": {
                            "etag": "W/\"258393af1c6cbc56a419565b501e5dbf8a0a06c68b9afc2d528e26a33971c872\"",
                            "id": "ictsc:bosan120",
                            "role": "member",
                            "username": "bosan120"
                        },
                        "meta": {},
                        "tainted": false
                    },
                    "deposed": [],
                    "provider": "provider.github"
                },
                "github_membership.chalkygames123": {
                    "type": "github_membership",
                    "depends_on": [],
                    "primary": {
                        "id": "ictsc:chalkygames123",
                        "attributes": {
                            "etag": "W/\"011944a2bbe676627f406141216c67e5df7a0ef51de5eab1e9103286a768bcc6\"",
                            "id": "ictsc:chalkygames123",
                            "role": "member",
                            "username": "chalkygames123"
                        },
                        "meta": {},
                        "tainted": false
                    },
                    "deposed": [],
                    "provider": "provider.github"
                },
                "github_membership.chamaharun": {
                    "type": "github_membership",
                    "depends_on": [],
                    "primary": {
                        "id": "ictsc:chamaharun",
                        "attributes": {
                            "etag": "W/\"19f8542e48e897f1e7306dc5d300c3216a5e7581a997ac301d9f4b360387cf85\"",
                            "id": "ictsc:chamaharun",
                            "role": "member",
                            "username": "chamaharun"
                        },
                        "meta": {},
                        "tainted": false
                    },
                    "deposed": [],
                    "provider": "provider.github"
                },
                "github_membership.chibiegg": {
                    "type": "github_membership",
                    "depends_on": [],
                    "primary": {
                        "id": "ictsc:chibiegg",
                        "attributes": {
                            "etag": "W/\"30967fc98767c2d7bd79c78e718acfc440a7088bdb29b4ffe947739148b83b81\"",
                            "id": "ictsc:chibiegg",
                            "role": "member",
                            "username": "chibiegg"
                        },
                        "meta": {},
                        "tainted": false
                    },
                    "deposed": [],
                    "provider": "provider.github"
                },
                "github_membership.chisaton1": {
                    "type": "github_membership",
                    "depends_on": [],
                    "primary": {
                        "id": "ictsc:chisaton1",
                        "attributes": {
                            "etag": "W/\"25a20dbf5a462047eecb3431c302dac67401298f01a605f0aa73da7af17d1efc\"",
                            "id": "ictsc:chisaton1",
                            "role": "member",
                            "username": "chisaton1"
                        },
                        "meta": {},
                        "tainted": false
                    },
                    "deposed": [],
                    "provider": "provider.github"
                },
                "github_membership.chouett0": {
                    "type": "github_membership",
                    "depends_on": [],
                    "primary": {
                        "id": "ictsc:chouett0",
                        "attributes": {
                            "etag": "W/\"d6bfe52b00013f82e47fbb2f8f9710610cce78b9f2abd60e298a331dbdd4d6f8\"",
                            "id": "ictsc:chouett0",
                            "role": "member",
                            "username": "chouett0"
                        },
                        "meta": {},
                        "tainted": false
                    },
                    "deposed": [],
                    "provider": "provider.github"
                },
                "github_membership.ecodrive-18": {
                    "type": "github_membership",
                    "depends_on": [],
                    "primary": {
                        "id": "ictsc:ecodrive-18",
                        "attributes": {
                            "etag": "W/\"0a16dcdb7121fe3892ab5a7c92a44bbcd77a2a25ae163d40fcd18c1dd8c52089\"",
                            "id": "ictsc:ecodrive-18",
                            "role": "member",
                            "username": "ecodrive-18"
                        },
                        "meta": {},
                        "tainted": false
                    },
                    "deposed": [],
                    "provider": "provider.github"
                },
                "github_membership.freedom18": {
                    "type": "github_membership",
                    "depends_on": [],
                    "primary": {
                        "id": "ictsc:freedom18",
                        "attributes": {
                            "etag": "W/\"a19f58a6e9e96f2841951f83e4f2106c078e06a6ef223a3e5ebef0b78b8b7216\"",
                            "id": "ictsc:freedom18",
                            "role": "member",
                            "username": "freedom18"
                        },
                        "meta": {},
                        "tainted": false
                    },
                    "deposed": [],
                    "provider": "provider.github"
                },
                "github_membership.guragusan": {
                    "type": "github_membership",
                    "depends_on": [],
                    "primary": {
                        "id": "ictsc:guragusan",
                        "attributes": {
                            "etag": "W/\"4b49fad0f07f7c73d38afd0220fddbcbf789a41f5f233f5430e13b8322a60840\"",
                            "id": "ictsc:guragusan",
                            "role": "member",
                            "username": "guragusan"
                        },
                        "meta": {},
                        "tainted": false
                    },
                    "deposed": [],
                    "provider": "provider.github"
                },
                "github_membership.gurapomu": {
                    "type": "github_membership",
                    "depends_on": [],
                    "primary": {
                        "id": "ictsc:gurapomu",
                        "attributes": {
                            "etag": "W/\"c1481aad5586b4090dbb9c6628ff9d72db98243c85f45ec7f47bca9f1e8c3cec\"",
                            "id": "ictsc:gurapomu",
                            "role": "member",
                            "username": "gurapomu"
                        },
                        "meta": {},
                        "tainted": false
                    },
                    "deposed": [],
                    "provider": "provider.github"
                },
                "github_membership.h-otter": {
                    "type": "github_membership",
                    "depends_on": [],
                    "primary": {
                        "id": "ictsc:h-otter",
                        "attributes": {
                            "etag": "W/\"dc784fa68d1dfd7d965da7eb19c1fd9b9bd1a8bcfdb5d203b2200df7749b9bd4\"",
                            "id": "ictsc:h-otter",
                            "role": "admin",
                            "username": "h-otter"
                        },
                        "meta": {},
                        "tainted": false
                    },
                    "deposed": [],
                    "provider": "provider.github"
                },
                "github_membership.ha-kun0711": {
                    "type": "github_membership",
                    "depends_on": [],
                    "primary": {
                        "id": "ictsc:ha-kun0711",
                        "attributes": {
                            "etag": "W/\"961082cf2974814bbae59166dcc9176475ec42d948c8022f6fc0ebe37e1df536\"",
                            "id": "ictsc:ha-kun0711",
                            "role": "member",
                            "username": "ha-kun0711"
                        },
                        "meta": {},
                        "tainted": false
                    },
                    "deposed": [],
                    "provider": "provider.github"
                },
                "github_membership.hibiki31": {
                    "type": "github_membership",
                    "depends_on": [],
                    "primary": {
                        "id": "ictsc:hibiki31",
                        "attributes": {
                            "etag": "W/\"2fde2eb841af0df23b89e61be45084e55df22a30d61c7b6f183d8b8a72c5439a\"",
                            "id": "ictsc:hibiki31",
                            "role": "member",
                            "username": "hibiki31"
                        },
                        "meta": {},
                        "tainted": false
                    },
                    "deposed": [],
                    "provider": "provider.github"
                },
                "github_membership.ibucho": {
                    "type": "github_membership",
                    "depends_on": [],
                    "primary": {
                        "id": "ictsc:ibucho",
                        "attributes": {
                            "etag": "W/\"424d34d0a43544b6d5f19338b22aaf6160bba485178285e48a205d0e3b1262c5\"",
                            "id": "ictsc:ibucho",
                            "role": "admin",
                            "username": "ibucho"
                        },
                        "meta": {},
                        "tainted": false
                    },
                    "deposed": [],
                    "provider": "provider.github"
                },
                "github_membership.icchy": {
                    "type": "github_membership",
                    "depends_on": [],
                    "primary": {
                        "id": "ictsc:icchy",
                        "attributes": {
                            "etag": "W/\"dc0c9106c2c1d2ac0226daacd0f5dae26ea54985806ca4782b123a1289d40167\"",
                            "id": "ictsc:icchy",
                            "role": "member",
                            "username": "icchy"
                        },
                        "meta": {},
                        "tainted": false
                    },
                    "deposed": [],
                    "provider": "provider.github"
                },
                "github_membership.if001": {
                    "type": "github_membership",
                    "depends_on": [],
                    "primary": {
                        "id": "ictsc:if001",
                        "attributes": {
                            "etag": "W/\"fcc4b5eeb44230dc6b6041276671d3e892297f65b187c001278b584eb57e3e7c\"",
                            "id": "ictsc:if001",
                            "role": "member",
                            "username": "if001"
                        },
                        "meta": {},
                        "tainted": false
                    },
                    "deposed": [],
                    "provider": "provider.github"
                },
                "github_membership.int-tt": {
                    "type": "github_membership",
                    "depends_on": [],
                    "primary": {
                        "id": "ictsc:int-tt",
                        "attributes": {
                            "etag": "W/\"d67987af8f6e0b98adb93aa0158102c5ffc38a11ee1fd777d186fd0e95e2a86f\"",
                            "id": "ictsc:int-tt",
                            "role": "member",
                            "username": "int-tt"
                        },
                        "meta": {},
                        "tainted": false
                    },
                    "deposed": [],
                    "provider": "provider.github"
                },
                "github_membership.inuyosi": {
                    "type": "github_membership",
                    "depends_on": [],
                    "primary": {
                        "id": "ictsc:inuyosi",
                        "attributes": {
                            "etag": "W/\"6a48a9274ce0bf56569a365f81de45739756d76dbdf12600e3bf06418e516e97\"",
                            "id": "ictsc:inuyosi",
                            "role": "member",
                            "username": "inuyosi"
                        },
                        "meta": {},
                        "tainted": false
                    },
                    "deposed": [],
                    "provider": "provider.github"
                },
                "github_membership.itakuya": {
                    "type": "github_membership",
                    "depends_on": [],
                    "primary": {
                        "id": "ictsc:itakuya",
                        "attributes": {
                            "etag": "W/\"18b8f9d1c2c932af0867c5b97eb5b4ade168eef3c5b506962df9098543628b19\"",
                            "id": "ictsc:itakuya",
                            "role": "member",
                            "username": "itakuya"
                        },
                        "meta": {},
                        "tainted": false
                    },
                    "deposed": [],
                    "provider": "provider.github"
                },
                "github_membership.kadokusei": {
                    "type": "github_membership",
                    "depends_on": [],
                    "primary": {
                        "id": "ictsc:kadokusei",
                        "attributes": {
                            "etag": "W/\"ca5f694a139c9d2feebe8c409e289fdfcd96bc03614241587d5e71e514300873\"",
                            "id": "ictsc:kadokusei",
                            "role": "member",
                            "username": "kadokusei"
                        },
                        "meta": {},
                        "tainted": false
                    },
                    "deposed": [],
                    "provider": "provider.github"
                },
                "github_membership.kamijin-fanta": {
                    "type": "github_membership",
                    "depends_on": [],
                    "primary": {
                        "id": "ictsc:kamijin-fanta",
                        "attributes": {
                            "etag": "W/\"bee0b6bb00fae964391ad23dfd98a60ebdf5b98d2efcde16a7f8ce912d6e2e32\"",
                            "id": "ictsc:kamijin-fanta",
                            "role": "member",
                            "username": "kamijin-fanta"
                        },
                        "meta": {},
                        "tainted": false
                    },
                    "deposed": [],
                    "provider": "provider.github"
                },
                "github_membership.kapibara824": {
                    "type": "github_membership",
                    "depends_on": [],
                    "primary": {
                        "id": "ictsc:kapibara824",
                        "attributes": {
                            "etag": "W/\"224fc3de5e5643dab8c85430a799d01cd8e9f8a39d8aef431e7dc2302b3bfe91\"",
                            "id": "ictsc:kapibara824",
                            "role": "member",
                            "username": "kapibara824"
                        },
                        "meta": {},
                        "tainted": false
                    },
                    "deposed": [],
                    "provider": "provider.github"
                },
                "github_membership.kayo-tozaki": {
                    "type": "github_membership",
                    "depends_on": [],
                    "primary": {
                        "id": "ictsc:kayo-tozaki",
                        "attributes": {
                            "etag": "W/\"70cf6a5bef2bbedd44d34e64142400db86d0a3db56a1953fbf2b6f1fb7ab2fe2\"",
                            "id": "ictsc:kayo-tozaki",
                            "role": "member",
                            "username": "kayo-tozaki"
                        },
                        "meta": {},
                        "tainted": false
                    },
                    "deposed": [],
                    "provider": "provider.github"
                },
                "github_membership.keisukearakawa": {
                    "type": "github_membership",
                    "depends_on": [],
                    "primary": {
                        "id": "ictsc:keisukearakawa",
                        "attributes": {
                            "etag": "W/\"9784eb3c07ec60f8774b68539ece5e81444c8c29ad61f9c5d3280b9e4f8e381c\"",
                            "id": "ictsc:keisukearakawa",
                            "role": "member",
                            "username": "keisukearakawa"
                        },
                        "meta": {},
                        "tainted": false
                    },
                    "deposed": [],
                    "provider": "provider.github"
                },
                "github_membership.keyakko": {
                    "type": "github_membership",
                    "depends_on": [],
                    "primary": {
                        "id": "ictsc:keyakko",
                        "attributes": {
                            "etag": "W/\"c5813c4d01b816047befda0826666477cb246fc6186b1438e01b4a0f11cc9bb2\"",
                            "id": "ictsc:keyakko",
                            "role": "member",
                            "username": "keyakko"
                        },
                        "meta": {},
                        "tainted": false
                    },
                    "deposed": [],
                    "provider": "provider.github"
                },
                "github_membership.kurochan": {
                    "type": "github_membership",
                    "depends_on": [],
                    "primary": {
                        "id": "ictsc:kurochan",
                        "attributes": {
                            "etag": "W/\"102c9675231b200acfde67f9a020c9ae40f312119c2b23b4b47ca464462a41d9\"",
                            "id": "ictsc:kurochan",
                            "role": "admin",
                            "username": "kurochan"
                        },
                        "meta": {},
                        "tainted": false
                    },
                    "deposed": [],
                    "provider": "provider.github"
                },
                "github_membership.kyoko0514": {
                    "type": "github_membership",
                    "depends_on": [],
                    "primary": {
                        "id": "ictsc:kyoko0514",
                        "attributes": {
                            "etag": "W/\"0e5e6cc1ba513307906f27793e94f4681398293cfdae09ae25a9ade0a045c456\"",
                            "id": "ictsc:kyoko0514",
                            "role": "member",
                            "username": "kyoko0514"
                        },
                        "meta": {},
                        "tainted": false
                    },
                    "deposed": [],
                    "provider": "provider.github"
                },
                "github_membership.kyontan": {
                    "type": "github_membership",
                    "depends_on": [],
                    "primary": {
                        "id": "ictsc:kyontan",
                        "attributes": {
                            "etag": "W/\"afdc1f31cbf8f6bd7b00241f4b5290587982703ae59051c82dd528f5a87ff4de\"",
                            "id": "ictsc:kyontan",
                            "role": "member",
                            "username": "kyontan"
                        },
                        "meta": {},
                        "tainted": false
                    },
                    "deposed": [],
                    "provider": "provider.github"
                },
                "github_membership.matsurika1226": {
                    "type": "github_membership",
                    "depends_on": [],
                    "primary": {
                        "id": "ictsc:matsurika1226",
                        "attributes": {
                            "etag": "W/\"b3928e7011ab7bdf9fd4532f0288b3f79ae77931c73042cadada0ad8a76dbff6\"",
                            "id": "ictsc:matsurika1226",
                            "role": "member",
                            "username": "matsurika1226"
                        },
                        "meta": {},
                        "tainted": false
                    },
                    "deposed": [],
                    "provider": "provider.github"
                },
                "github_membership.mbook-x86": {
                    "type": "github_membership",
                    "depends_on": [],
                    "primary": {
                        "id": "ictsc:mbook-x86",
                        "attributes": {
                            "etag": "W/\"7793f1ce0c7ab64ae873416fd6142fd222ab57ecbc7b4d825d19c2eeebf80a31\"",
                            "id": "ictsc:mbook-x86",
                            "role": "member",
                            "username": "mbook-x86"
                        },
                        "meta": {},
                        "tainted": false
                    },
                    "deposed": [],
                    "provider": "provider.github"
                },
                "github_membership.miyao11": {
                    "type": "github_membership",
                    "depends_on": [],
                    "primary": {
                        "id": "ictsc:Miyao11",
                        "attributes": {
                            "etag": "W/\"4271b0739d2c3b48bb53567ccf83a91395385893eedaec88b3bdf8c47ebad72f\"",
                            "id": "ictsc:Miyao11",
                            "role": "member",
                            "username": "Miyao11"
                        },
                        "meta": {},
                        "tainted": false
                    },
                    "deposed": [],
                    "provider": "provider.github"
                },
                "github_membership.mk0913mnck": {
                    "type": "github_membership",
                    "depends_on": [],
                    "primary": {
                        "id": "ictsc:mk0913mnck",
                        "attributes": {
                            "etag": "W/\"71e9c17eb4df6b92355e6acd2d4412cb98e747fc3f28f3165fe287c3200fd9ea\"",
                            "id": "ictsc:mk0913mnck",
                            "role": "member",
                            "username": "mk0913mnck"
                        },
                        "meta": {},
                        "tainted": false
                    },
                    "deposed": [],
                    "provider": "provider.github"
                },
                "github_membership.nakasyo2650": {
                    "type": "github_membership",
                    "depends_on": [],
                    "primary": {
                        "id": "ictsc:nakasyo2650",
                        "attributes": {
                            "etag": "W/\"3ee0e70e77fac2715d314f2ab990a37b259ccc1f3e63160afe8e722437b3210e\"",
                            "id": "ictsc:nakasyo2650",
                            "role": "member",
                            "username": "nakasyo2650"
                        },
                        "meta": {},
                        "tainted": false
                    },
                    "deposed": [],
                    "provider": "provider.github"
                },
                "github_membership.naoki2001": {
                    "type": "github_membership",
                    "depends_on": [],
                    "primary": {
                        "id": "ictsc:naoki2001",
                        "attributes": {
                            "etag": "W/\"c8b6a56ca053fce5ea29e621c5fdfc7e05ce3f0e1899e0f7444d9fc7291f66ce\"",
                            "id": "ictsc:naoki2001",
                            "role": "member",
                            "username": "naoki2001"
                        },
                        "meta": {},
                        "tainted": false
                    },
                    "deposed": [],
                    "provider": "provider.github"
                },
                "github_membership.naoki912": {
                    "type": "github_membership",
                    "depends_on": [],
                    "primary": {
                        "id": "ictsc:naoki912",
                        "attributes": {
                            "etag": "W/\"4161727ec615dacfbc4434cba65ae9c79ba71d3fa47b74e43e0274df7b8b4c36\"",
                            "id": "ictsc:naoki912",
                            "role": "member",
                            "username": "naoki912"
                        },
                        "meta": {},
                        "tainted": false
                    },
                    "deposed": [],
                    "provider": "provider.github"
                },
                "github_membership.netmarkjp": {
                    "type": "github_membership",
                    "depends_on": [],
                    "primary": {
                        "id": "ictsc:netmarkjp",
                        "attributes": {
                            "etag": "W/\"0a76e8857dbeddf1cf1fbe0d57b652fb57b3ae3ba5819f5d0b4bb1ee7683e76b\"",
                            "id": "ictsc:netmarkjp",
                            "role": "admin",
                            "username": "netmarkjp"
                        },
                        "meta": {},
                        "tainted": false
                    },
                    "deposed": [],
                    "provider": "provider.github"
                },
                "github_membership.nomeaning777": {
                    "type": "github_membership",
                    "depends_on": [],
                    "primary": {
                        "id": "ictsc:nomeaning777",
                        "attributes": {
                            "etag": "W/\"e40f3718bef809bfbc6af62df0dc2ca2907b9e1f05b4c7c3b689f8ce40d14c68\"",
                            "id": "ictsc:nomeaning777",
                            "role": "member",
                            "username": "nomeaning777"
                        },
                        "meta": {},
                        "tainted": false
                    },
                    "deposed": [],
                    "provider": "provider.github"
                },
                "github_membership.notchi590": {
                    "type": "github_membership",
                    "depends_on": [],
                    "primary": {
                        "id": "ictsc:notchi590",
                        "attributes": {
                            "etag": "W/\"d77dda4e719f2fbc615f18e24d8e9f080a2dc058b4f7069ca321465a3f232b73\"",
                            "id": "ictsc:notchi590",
                            "role": "member",
                            "username": "notchi590"
                        },
                        "meta": {},
                        "tainted": false
                    },
                    "deposed": [],
                    "provider": "provider.github"
                },
                "github_membership.onokatio": {
                    "type": "github_membership",
                    "depends_on": [],
                    "primary": {
                        "id": "ictsc:onokatio",
                        "attributes": {
                            "etag": "W/\"6cfd651ec61ceeb26f46779b1fc7b6f1b718d1114fce8f75bb9b1d16aea41188\"",
                            "id": "ictsc:onokatio",
                            "role": "member",
                            "username": "onokatio"
                        },
                        "meta": {},
                        "tainted": false
                    },
                    "deposed": [],
                    "provider": "provider.github"
                },
                "github_membership.oomorio": {
                    "type": "github_membership",
                    "depends_on": [],
                    "primary": {
                        "id": "ictsc:oomorio",
                        "attributes": {
                            "etag": "W/\"0e132b5c72e4e381c923ac88098d6edcf8339f2a8a68c1bcc0c952c7bc67134c\"",
                            "id": "ictsc:oomorio",
                            "role": "member",
                            "username": "oomorio"
                        },
                        "meta": {},
                        "tainted": false
                    },
                    "deposed": [],
                    "provider": "provider.github"
                },
                "github_membership.ophum": {
                    "type": "github_membership",
                    "depends_on": [],
                    "primary": {
                        "id": "ictsc:ophum",
                        "attributes": {
                            "etag": "W/\"b05a598267e694742782a130200ae5e6e9e9f0fff9dad644caad3e9c9d8d23ff\"",
                            "id": "ictsc:ophum",
                            "role": "member",
                            "username": "ophum"
                        },
                        "meta": {},
                        "tainted": false
                    },
                    "deposed": [],
                    "provider": "provider.github"
                },
                "github_membership.orin24": {
                    "type": "github_membership",
                    "depends_on": [],
                    "primary": {
                        "id": "ictsc:orin24",
                        "attributes": {
                            "etag": "W/\"045c89733ece51b4f20aadb0a62a28c713761674d0461d75ea60d6d35fe2189a\"",
                            "id": "ictsc:orin24",
                            "role": "member",
                            "username": "orin24"
                        },
                        "meta": {},
                        "tainted": false
                    },
                    "deposed": [],
                    "provider": "provider.github"
                },
                "github_membership.palloc": {
                    "type": "github_membership",
                    "depends_on": [],
                    "primary": {
                        "id": "ictsc:palloc",
                        "attributes": {
                            "etag": "W/\"3340173a8358ffcafbe57888dccf4e70823b63c9daf72ad8d3ee1097e64d4aa7\"",
                            "id": "ictsc:palloc",
                            "role": "member",
                            "username": "palloc"
                        },
                        "meta": {},
                        "tainted": false
                    },
                    "deposed": [],
                    "provider": "provider.github"
                },
                "github_membership.potyama": {
                    "type": "github_membership",
                    "depends_on": [],
                    "primary": {
                        "id": "ictsc:potyama",
                        "attributes": {
                            "etag": "W/\"bbcb5093dd4581296ce050711b6bf6edd344c07efb146f99a41f37518abda7ad\"",
                            "id": "ictsc:potyama",
                            "role": "member",
                            "username": "potyama"
                        },
                        "meta": {},
                        "tainted": false
                    },
                    "deposed": [],
                    "provider": "provider.github"
                },
                "github_membership.proelbtn": {
                    "type": "github_membership",
                    "depends_on": [],
                    "primary": {
                        "id": "ictsc:proelbtn",
                        "attributes": {
                            "etag": "W/\"c7fc0e76b5b43a11d5e5d45a24d2bb673be45c3d3a5ad363d253d57c932c256e\"",
                            "id": "ictsc:proelbtn",
                            "role": "member",
                            "username": "proelbtn"
                        },
                        "meta": {},
                        "tainted": false
                    },
                    "deposed": [],
                    "provider": "provider.github"
                },
                "github_membership.recuraki": {
                    "type": "github_membership",
                    "depends_on": [],
                    "primary": {
                        "id": "ictsc:recuraki",
                        "attributes": {
                            "etag": "W/\"08d5358e77f7ce9c0df7d5b451d62f11dfb3d002d1193453b89160586f0d5b4c\"",
                            "id": "ictsc:recuraki",
                            "role": "member",
                            "username": "recuraki"
                        },
                        "meta": {},
                        "tainted": false
                    },
                    "deposed": [],
                    "provider": "provider.github"
                },
                "github_membership.rlia": {
                    "type": "github_membership",
                    "depends_on": [],
                    "primary": {
                        "id": "ictsc:rlia",
                        "attributes": {
                            "etag": "W/\"0e6f7eaf94e8b05ac6ba04acc2ca61aacd5b1d83e2abb9a45880343f2dd0b76f\"",
                            "id": "ictsc:rlia",
                            "role": "member",
                            "username": "rlia"
                        },
                        "meta": {},
                        "tainted": false
                    },
                    "deposed": [],
                    "provider": "provider.github"
                },
                "github_membership.ronorono45": {
                    "type": "github_membership",
                    "depends_on": [],
                    "primary": {
                        "id": "ictsc:ronorono45",
                        "attributes": {
                            "etag": "W/\"587f3c476827e2442dc9180838834b316f91efd601d37204c6e5f51bab37d76b\"",
                            "id": "ictsc:ronorono45",
                            "role": "member",
                            "username": "ronorono45"
                        },
                        "meta": {},
                        "tainted": false
                    },
                    "deposed": [],
                    "provider": "provider.github"
                },
                "github_membership.sharknasuhorse": {
                    "type": "github_membership",
                    "depends_on": [],
                    "primary": {
                        "id": "ictsc:sharknasuhorse",
                        "attributes": {
                            "etag": "W/\"81e16bccde8ad88c9538ed0b6184a5b7253a300b0a62ed72a0a91753a636be7a\"",
                            "id": "ictsc:sharknasuhorse",
                            "role": "admin",
                            "username": "sharknasuhorse"
                        },
                        "meta": {},
                        "tainted": false
                    },
                    "deposed": [],
                    "provider": "provider.github"
                },
                "github_membership.shinonome01": {
                    "type": "github_membership",
                    "depends_on": [],
                    "primary": {
                        "id": "ictsc:shinonome01",
                        "attributes": {
                            "etag": "W/\"2cc998083a3fd57d6b2d1ade0c0994932eadab37ef1cfed4e195fe3c9ec031e0\"",
                            "id": "ictsc:shinonome01",
                            "role": "member",
                            "username": "shinonome01"
                        },
                        "meta": {},
                        "tainted": false
                    },
                    "deposed": [],
                    "provider": "provider.github"
                },
                "github_membership.site0801": {
                    "type": "github_membership",
                    "depends_on": [],
                    "primary": {
                        "id": "ictsc:site0801",
                        "attributes": {
                            "etag": "W/\"fe1d9ee8248ecc551fc52013260ba0ad0805cd6b223b1083b05a8e3df45a295d\"",
                            "id": "ictsc:site0801",
                            "role": "member",
                            "username": "site0801"
                        },
                        "meta": {},
                        "tainted": false
                    },
                    "deposed": [],
                    "provider": "provider.github"
                },
                "github_membership.sora34": {
                    "type": "github_membership",
                    "depends_on": [],
                    "primary": {
                        "id": "ictsc:sora34",
                        "attributes": {
                            "etag": "W/\"218d1eff4411f1af9eadd29ce9934f3c6a827e0a6033ec8aa8b0a395e37733f2\"",
                            "id": "ictsc:sora34",
                            "role": "member",
                            "username": "sora34"
                        },
                        "meta": {},
                        "tainted": false
                    },
                    "deposed": [],
                    "provider": "provider.github"
                },
                "github_membership.staybuzz": {
                    "type": "github_membership",
                    "depends_on": [],
                    "primary": {
                        "id": "ictsc:staybuzz",
                        "attributes": {
                            "etag": "W/\"0c149daa83a30beb7d6767ca278c581af66fc2de8b222b7187c43ec8bbecb2e8\"",
                            "id": "ictsc:staybuzz",
                            "role": "member",
                            "username": "staybuzz"
                        },
                        "meta": {},
                        "tainted": false
                    },
                    "deposed": [],
                    "provider": "provider.github"
                },
                "github_membership.sugiki-accelia": {
                    "type": "github_membership",
                    "depends_on": [],
                    "primary": {
                        "id": "ictsc:sugiki-accelia",
                        "attributes": {
                            "etag": "W/\"d22ff2ae11665fe30bedca1fad7843bad3e27bfef346ca9452dbdea34458beb4\"",
                            "id": "ictsc:sugiki-accelia",
                            "role": "member",
                            "username": "sugiki-accelia"
                        },
                        "meta": {},
                        "tainted": false
                    },
                    "deposed": [],
                    "provider": "provider.github"
                },
                "github_membership.sukekawa-accelia": {
                    "type": "github_membership",
                    "depends_on": [],
                    "primary": {
                        "id": "ictsc:sukekawa-accelia",
                        "attributes": {
                            "etag": "W/\"4c71a0382205b71f12d53dcd7d724e1a8a7b570fe20257aa92423e97b31bcd57\"",
                            "id": "ictsc:sukekawa-accelia",
                            "role": "member",
                            "username": "sukekawa-accelia"
                        },
                        "meta": {},
                        "tainted": false
                    },
                    "deposed": [],
                    "provider": "provider.github"
                },
                "github_membership.suzuek": {
                    "type": "github_membership",
                    "depends_on": [],
                    "primary": {
                        "id": "ictsc:SuzueK",
                        "attributes": {
                            "etag": "W/\"9975f6cefebba770383362f77f5d2885a76070a15da2b947e58d4022928bf44e\"",
                            "id": "ictsc:SuzueK",
                            "role": "member",
                            "username": "SuzueK"
                        },
                        "meta": {},
                        "tainted": false
                    },
                    "deposed": [],
                    "provider": "provider.github"
                },
                "github_membership.suzutan": {
                    "type": "github_membership",
                    "depends_on": [],
                    "primary": {
                        "id": "ictsc:suzutan",
                        "attributes": {
                            "etag": "W/\"5df3b138c49a97e677632389c87057e7596709fe8b8f0f6319ca3fe709f4f3a8\"",
                            "id": "ictsc:suzutan",
                            "role": "member",
                            "username": "suzutan"
                        },
                        "meta": {},
                        "tainted": false
                    },
                    "deposed": [],
                    "provider": "provider.github"
                },
                "github_membership.syuli": {
                    "type": "github_membership",
                    "depends_on": [],
                    "primary": {
                        "id": "ictsc:syuli",
                        "attributes": {
                            "etag": "W/\"ebbaba7c6e3b89ad7fa062853d70012802aa63a8ef0356832c1641b74602c11a\"",
                            "id": "ictsc:syuli",
                            "role": "member",
                            "username": "syuli"
                        },
                        "meta": {},
                        "tainted": false
                    },
                    "deposed": [],
                    "provider": "provider.github"
                },
                "github_membership.takehaya": {
                    "type": "github_membership",
                    "depends_on": [],
                    "primary": {
                        "id": "ictsc:takehaya",
                        "attributes": {
                            "etag": "W/\"06c82fb4b2f2a6b265872dd05f76dec6714b8aac758cadee5b773066663c7e97\"",
                            "id": "ictsc:takehaya",
                            "role": "admin",
                            "username": "takehaya"
                        },
                        "meta": {},
                        "tainted": false
                    },
                    "deposed": [],
                    "provider": "provider.github"
                },
                "github_membership.takes3": {
                    "type": "github_membership",
                    "depends_on": [],
                    "primary": {
                        "id": "ictsc:takes3",
                        "attributes": {
                            "etag": "W/\"6161002c7810dd559e3ef987947cb59e1e3ddfe798515091392ba56690357e44\"",
                            "id": "ictsc:takes3",
                            "role": "member",
                            "username": "takes3"
                        },
                        "meta": {},
                        "tainted": false
                    },
                    "deposed": [],
                    "provider": "provider.github"
                },
                "github_membership.tanishi001": {
                    "type": "github_membership",
                    "depends_on": [],
                    "primary": {
                        "id": "ictsc:tanishi001",
                        "attributes": {
                            "etag": "W/\"b15f9c71eee163f9fc25458fbfdd802dae580b5a5f5220d0eedba399d9fda22f\"",
                            "id": "ictsc:tanishi001",
                            "role": "member",
                            "username": "tanishi001"
                        },
                        "meta": {},
                        "tainted": false
                    },
                    "deposed": [],
                    "provider": "provider.github"
                },
                "github_membership.tar-xzvff": {
                    "type": "github_membership",
                    "depends_on": [],
                    "primary": {
                        "id": "ictsc:tar-xzvff",
                        "attributes": {
                            "etag": "W/\"241ea07a043bc72eab9a68b5202e0a8e2d2d6f882139dced07779c248d8ae567\"",
                            "id": "ictsc:tar-xzvff",
                            "role": "admin",
                            "username": "tar-xzvff"
                        },
                        "meta": {},
                        "tainted": false
                    },
                    "deposed": [],
                    "provider": "provider.github"
                },
                "github_membership.tom--bo": {
                    "type": "github_membership",
                    "depends_on": [],
                    "primary": {
                        "id": "ictsc:tom--bo",
                        "attributes": {
                            "etag": "W/\"49f54aea51f879d05ce9b7b3d562822b4d265b0e7d2c26da9f0b7bc409d43819\"",
                            "id": "ictsc:tom--bo",
                            "role": "member",
                            "username": "tom--bo"
                        },
                        "meta": {},
                        "tainted": false
                    },
                    "deposed": [],
                    "provider": "provider.github"
                },
                "github_membership.tsuttsu305": {
                    "type": "github_membership",
                    "depends_on": [],
                    "primary": {
                        "id": "ictsc:tsuttsu305",
                        "attributes": {
                            "etag": "W/\"be7c0310ccb7af69a452936ccc4a374864085c59ef5b8be5e1c8207b54fcd064\"",
                            "id": "ictsc:tsuttsu305",
                            "role": "member",
                            "username": "tsuttsu305"
                        },
                        "meta": {},
                        "tainted": false
                    },
                    "deposed": [],
                    "provider": "provider.github"
                },
                "github_membership.tt222": {
                    "type": "github_membership",
                    "depends_on": [],
                    "primary": {
                        "id": "ictsc:tt222",
                        "attributes": {
                            "etag": "W/\"4076765a404ab9495bbf145d6acad87c1a6074e82ac6d00144a86f34574112b6\"",
                            "id": "ictsc:tt222",
                            "role": "member",
                            "username": "tt222"
                        },
                        "meta": {},
                        "tainted": false
                    },
                    "deposed": [],
                    "provider": "provider.github"
                },
                "github_membership.uplus": {
                    "type": "github_membership",
                    "depends_on": [],
                    "primary": {
                        "id": "ictsc:uplus",
                        "attributes": {
                            "etag": "W/\"23884b7b6b9a80aaf47df424e0608fd4db943cc6043db84fc5e4e0b377a8b197\"",
                            "id": "ictsc:uplus",
                            "role": "admin",
                            "username": "uplus"
                        },
                        "meta": {},
                        "tainted": false
                    },
                    "deposed": [],
                    "provider": "provider.github"
                },
                "github_membership.whywaita": {
                    "type": "github_membership",
                    "depends_on": [],
                    "primary": {
                        "id": "ictsc:whywaita",
                        "attributes": {
                            "etag": "W/\"6bb0e03b5415aaf9ca56a21875a526b4946cbf4503fcc2aec09dfefa8922d4e2\"",
                            "id": "ictsc:whywaita",
                            "role": "admin",
                            "username": "whywaita"
                        },
                        "meta": {},
                        "tainted": false
                    },
                    "deposed": [],
                    "provider": "provider.github"
                },
                "github_membership.x86taka": {
                    "type": "github_membership",
                    "depends_on": [],
                    "primary": {
                        "id": "ictsc:x86taka",
                        "attributes": {
                            "etag": "W/\"ed626e5bd42749a3b2b24720214481b6acfbbfa7639c669a0bf1d71e2f8d46a0\"",
                            "id": "ictsc:x86taka",
                            "role": "member",
                            "username": "x86taka"
                        },
                        "meta": {},
                        "tainted": false
                    },
                    "deposed": [],
                    "provider": "provider.github"
                },
                "github_membership.y-monma": {
                    "type": "github_membership",
                    "depends_on": [],
                    "primary": {
                        "id": "ictsc:y-monma",
                        "attributes": {
                            "etag": "W/\"5de63cc5666263110bda41887babecd19de697b674f5be28090876e2ea40cad7\"",
                            "id": "ictsc:y-monma",
                            "role": "member",
                            "username": "y-monma"
                        },
                        "meta": {},
                        "tainted": false
                    },
                    "deposed": [],
                    "provider": "provider.github"
                },
                "github_membership.yaminoma": {
                    "type": "github_membership",
                    "depends_on": [],
                    "primary": {
                        "id": "ictsc:yaminoma",
                        "attributes": {
                            "etag": "W/\"535df4ea047dd7ea24fb5f6d01cd815b43830fc55fd3e76af76dd4e224018bf8\"",
                            "id": "ictsc:yaminoma",
                            "role": "member",
                            "username": "yaminoma"
                        },
                        "meta": {},
                        "tainted": false
                    },
                    "deposed": [],
                    "provider": "provider.github"
                },
                "github_membership.yatuhashi": {
                    "type": "github_membership",
                    "depends_on": [],
                    "primary": {
                        "id": "ictsc:yatuhashi",
                        "attributes": {
                            "etag": "W/\"c5e684a95e9c9c9498730c038ac4a68bb4dd6e94c8e2f8316a3551d9d3ca672a\"",
                            "id": "ictsc:yatuhashi",
                            "role": "member",
                            "username": "yatuhashi"
                        },
                        "meta": {},
                        "tainted": false
                    },
                    "deposed": [],
                    "provider": "provider.github"
                },
                "github_membership.yo-kanyukari": {
                    "type": "github_membership",
                    "depends_on": [],
                    "primary": {
                        "id": "ictsc:yo-kanyukari",
                        "attributes": {
                            "etag": "W/\"c3b0b63523dd7c0217909e23064b6d08e55a654183fe7136eae127714493fbb2\"",
                            "id": "ictsc:yo-kanyukari",
                            "role": "member",
                            "username": "yo-kanyukari"
                        },
                        "meta": {},
                        "tainted": false
                    },
                    "deposed": [],
                    "provider": "provider.github"
                },
                "github_membership.yo-taro": {
                    "type": "github_membership",
                    "depends_on": [],
                    "primary": {
                        "id": "ictsc:yo-taro",
                        "attributes": {
                            "etag": "W/\"128fa5ef610aa44df3c7abd759c59e72e7ff0cf9dd63804468167c73cc7611e8\"",
                            "id": "ictsc:yo-taro",
                            "role": "member",
                            "username": "yo-taro"
                        },
                        "meta": {},
                        "tainted": false
                    },
                    "deposed": [],
                    "provider": "provider.github"
                },
                "github_membership.yoneyan": {
                    "type": "github_membership",
                    "depends_on": [],
                    "primary": {
                        "id": "ictsc:yoneyan",
                        "attributes": {
                            "etag": "W/\"350fbd6a4324647b9320e77100ffee7ccb4a5e7dad3a23f4956c5b4d90607395\"",
                            "id": "ictsc:yoneyan",
                            "role": "member",
                            "username": "yoneyan"
                        },
                        "meta": {},
                        "tainted": false
                    },
                    "deposed": [],
                    "provider": "provider.github"
                },
                "github_membership.yu-tanaka00": {
                    "type": "github_membership",
                    "depends_on": [],
                    "primary": {
                        "id": "ictsc:yu-tanaka00",
                        "attributes": {
                            "etag": "W/\"05d19619affd7a8fd4750ea4d73af6cf53b4b0757c90886538e34bb658d896a4\"",
                            "id": "ictsc:yu-tanaka00",
                            "role": "member",
                            "username": "yu-tanaka00"
                        },
                        "meta": {},
                        "tainted": false
                    },
                    "deposed": [],
                    "provider": "provider.github"
                },
                "github_membership.yukamoja": {
                    "type": "github_membership",
                    "depends_on": [],
                    "primary": {
                        "id": "ictsc:yukamoja",
                        "attributes": {
                            "etag": "W/\"2364a43b1b4b050570a043e1b4d02f0e6aaa845f1b31e4a4c49babfea6e363e0\"",
                            "id": "ictsc:yukamoja",
                            "role": "admin",
                            "username": "yukamoja"
                        },
                        "meta": {},
                        "tainted": false
                    },
                    "deposed": [],
                    "provider": "provider.github"
                },
                "github_membership.yuukinetwork": {
                    "type": "github_membership",
                    "depends_on": [],
                    "primary": {
                        "id": "ictsc:yuukinetwork",
                        "attributes": {
                            "etag": "W/\"0e677f4cbe626f6b4283da9083d580d3f80da7f3cf7f030c5e10b6f84ba28dfc\"",
                            "id": "ictsc:yuukinetwork",
                            "role": "member",
                            "username": "yuukinetwork"
                        },
                        "meta": {},
                        "tainted": false
                    },
                    "deposed": [],
                    "provider": "provider.github"
                },
                "github_membership.zeroalphat": {
                    "type": "github_membership",
                    "depends_on": [],
                    "primary": {
                        "id": "ictsc:zeroalphat",
                        "attributes": {
                            "etag": "W/\"384c6ff64d579ddb71ed06317fb4057d8eccc25c8e4311406da1e1ae97ad2199\"",
                            "id": "ictsc:zeroalphat",
                            "role": "admin",
                            "username": "zeroalphat"
                        },
                        "meta": {},
                        "tainted": false
                    },
                    "deposed": [],
                    "provider": "provider.github"
                },
                "github_team.admin": {
                    "type": "github_team",
                    "depends_on": [],
                    "primary": {
                        "id": "2008807",
                        "attributes": {
                            "description": "ictsc organization admins",
                            "etag": "W/\"2b733fa48e4846dcbb0b8380677967318943cc54f9552f50319143899868c3c6\"",
                            "id": "2008807",
                            "ldap_dn": "",
                            "name": "Admins",
                            "node_id": "MDQ6VGVhbTIwMDg4MDc=",
                            "privacy": "closed",
                            "slug": "admins"
                        },
                        "meta": {},
                        "tainted": false
                    },
                    "deposed": [],
                    "provider": "provider.github"
                },
                "github_team.ictsc2018": {
                    "type": "github_team",
                    "depends_on": [],
                    "primary": {
                        "id": "2818425",
                        "attributes": {
                            "description": "member of ictsc2018",
                            "etag": "W/\"3e93e9932c2f155a50553e4e6b9a749daf9b1b7e8bf2b5c66539ab7d5615dd8d\"",
                            "id": "2818425",
                            "ldap_dn": "",
                            "name": "ictsc2018",
                            "node_id": "MDQ6VGVhbTI4MTg0MjU=",
                            "privacy": "closed",
                            "slug": "ictsc2018"
                        },
                        "meta": {},
                        "tainted": false
                    },
                    "deposed": [],
                    "provider": "provider.github"
                },
                "github_team.ictsc2019": {
                    "type": "github_team",
                    "depends_on": [],
                    "primary": {
                        "id": "3300293",
                        "attributes": {
                            "description": "member of ictsc2019",
                            "etag": "W/\"ce4211e9f894881260d164925b52d39ab6840ddf98b9eecbd5791786d6edc968\"",
                            "id": "3300293",
                            "ldap_dn": "",
                            "name": "ictsc2019",
                            "node_id": "MDQ6VGVhbTMzMDAyOTM=",
                            "privacy": "closed",
                            "slug": "ictsc2019"
                        },
                        "meta": {},
                        "tainted": false
                    },
                    "deposed": [],
                    "provider": "provider.github"
                },
                "github_team.ictsc2020": {
                    "type": "github_team",
                    "depends_on": [],
                    "primary": {
                        "id": "3894829",
                        "attributes": {
                            "description": "member of ictsc2020",
                            "etag": "W/\"4d4b96011bd0b7584983e33e6231a97f2bc9b05ebefc6a8cd1e936ee297d1e09\"",
                            "id": "3894829",
                            "ldap_dn": "",
                            "name": "ictsc2020",
                            "node_id": "MDQ6VGVhbTM4OTQ4Mjk=",
                            "privacy": "closed",
                            "slug": "ictsc2020"
                        },
                        "meta": {},
                        "tainted": false
                    },
                    "deposed": [],
                    "provider": "provider.github"
                },
                "github_team.ictsc4": {
                    "type": "github_team",
                    "depends_on": [],
                    "primary": {
                        "id": "2004351",
                        "attributes": {
                            "description": "member of ictsc4",
                            "etag": "W/\"9a8eadbaa80d885687a7638ae8d3e1962e3d24f11c74720120a5de0289c2193a\"",
                            "id": "2004351",
                            "ldap_dn": "",
                            "name": "ictsc4",
                            "node_id": "MDQ6VGVhbTIwMDQzNTE=",
                            "privacy": "closed",
                            "slug": "ictsc4"
                        },
                        "meta": {},
                        "tainted": false
                    },
                    "deposed": [],
                    "provider": "provider.github"
                },
                "github_team.ictsc5": {
                    "type": "github_team",
                    "depends_on": [],
                    "primary": {
                        "id": "2004352",
                        "attributes": {
                            "description": "member of ictsc5",
                            "etag": "W/\"93841320823ea0a49f0177d560c05d45ee57c2493af3e7f75a7d206b76a45aad\"",
                            "id": "2004352",
                            "ldap_dn": "",
                            "name": "ictsc5",
                            "node_id": "MDQ6VGVhbTIwMDQzNTI=",
                            "privacy": "closed",
                            "slug": "ictsc5"
                        },
                        "meta": {},
                        "tainted": false
                    },
                    "deposed": [],
                    "provider": "provider.github"
                },
                "github_team.ictsc6": {
                    "type": "github_team",
                    "depends_on": [],
                    "primary": {
                        "id": "2004355",
                        "attributes": {
                            "description": "member of ictsc6",
                            "etag": "W/\"c6a1ad97fc9d1fde32f9062d4e15934fba9e1f33268fd1ac87f123c4563fb1d9\"",
                            "id": "2004355",
                            "ldap_dn": "",
                            "name": "ictsc6",
                            "node_id": "MDQ6VGVhbTIwMDQzNTU=",
                            "privacy": "closed",
                            "slug": "ictsc6"
                        },
                        "meta": {},
                        "tainted": false
                    },
                    "deposed": [],
                    "provider": "provider.github"
                },
                "github_team.ictsc7": {
                    "type": "github_team",
                    "depends_on": [],
                    "primary": {
                        "id": "2178374",
                        "attributes": {
                            "description": "member of ictsc7",
                            "etag": "W/\"3a2e3ed5ed81a49cea2c8958d8f16be576ace7d3ebc39bfb9ca56c37f79db505\"",
                            "id": "2178374",
                            "ldap_dn": "",
                            "name": "ictsc7",
                            "node_id": "MDQ6VGVhbTIxNzgzNzQ=",
                            "privacy": "closed",
                            "slug": "ictsc7"
                        },
                        "meta": {},
                        "tainted": false
                    },
                    "deposed": [],
                    "provider": "provider.github"
                },
                "github_team.ictsc8": {
                    "type": "github_team",
                    "depends_on": [],
                    "primary": {
                        "id": "2341229",
                        "attributes": {
                            "description": "member of ictsc8",
                            "etag": "W/\"8c8fd6a53937884f3807e41fba16748fd772e0cc290feaf55bc768af49a3fb6a\"",
                            "id": "2341229",
                            "ldap_dn": "",
                            "name": "ictsc8",
                            "node_id": "MDQ6VGVhbTIzNDEyMjk=",
                            "privacy": "closed",
                            "slug": "ictsc8"
                        },
                        "meta": {},
                        "tainted": false
                    },
                    "deposed": [],
                    "provider": "provider.github"
                },
                "github_team.ictsc9": {
                    "type": "github_team",
                    "depends_on": [],
                    "primary": {
                        "id": "2818424",
                        "attributes": {
                            "description": "member of ictsc9",
                            "etag": "W/\"b33489b24a7785628172d5d7349b0211cec89b05bc293653d5c20e8066c81d12\"",
                            "id": "2818424",
                            "ldap_dn": "",
                            "name": "ictsc9",
                            "node_id": "MDQ6VGVhbTI4MTg0MjQ=",
                            "privacy": "closed",
                            "slug": "ictsc9"
                        },
                        "meta": {},
                        "tainted": false
                    },
                    "deposed": [],
                    "provider": "provider.github"
                },
                "github_team.score-dev": {
                    "type": "github_team",
                    "depends_on": [],
                    "primary": {
                        "id": "2004353",
                        "attributes": {
                            "description": "score server development team",
                            "etag": "W/\"b4aae84323ebe900fae7a1522d169b15d2678c4e973250cc4fe75d0da66dcdf5\"",
                            "id": "2004353",
                            "ldap_dn": "",
                            "name": "score-dev",
                            "node_id": "MDQ6VGVhbTIwMDQzNTM=",
                            "privacy": "closed",
                            "slug": "score-dev"
                        },
                        "meta": {},
                        "tainted": false
                    },
                    "deposed": [],
                    "provider": "provider.github"
                },
                "github_team_membership.admin-h-otter": {
                    "type": "github_team_membership",
                    "depends_on": [
                        "github_membership.h-otter",
                        "github_team.admin"
                    ],
                    "primary": {
                        "id": "2008807:h-otter",
                        "attributes": {
                            "etag": "W/\"404f8065400a11b26e9cd549d765043646983b2e8f176a9fa808b118c936bad0\"",
                            "id": "2008807:h-otter",
                            "role": "member",
                            "team_id": "2008807",
                            "username": "h-otter"
                        },
                        "meta": {},
                        "tainted": false
                    },
                    "deposed": [],
                    "provider": "provider.github"
                },
                "github_team_membership.admin-sharknasuhorse": {
                    "type": "github_team_membership",
                    "depends_on": [
                        "github_membership.sharknasuhorse",
                        "github_team.admin"
                    ],
                    "primary": {
                        "id": "2008807:sharknasuhorse",
                        "attributes": {
                            "etag": "W/\"f1658cf2b6ca1e325b414e1555291b2668ed280bc049e132035d45d68d808d51\"",
                            "id": "2008807:sharknasuhorse",
                            "role": "member",
                            "team_id": "2008807",
                            "username": "sharknasuhorse"
                        },
                        "meta": {},
                        "tainted": false
                    },
                    "deposed": [],
                    "provider": "provider.github"
                },
                "github_team_membership.admin-takemhaya": {
                    "type": "github_team_membership",
                    "depends_on": [
                        "github_membership.takehaya",
                        "github_team.admin"
                    ],
                    "primary": {
                        "id": "2008807:takehaya",
                        "attributes": {
                            "etag": "W/\"adbc7ab423d027c96570ee8265994bd45b7e80c95f35b06ca99488145205d32e\"",
                            "id": "2008807:takehaya",
                            "role": "member",
                            "team_id": "2008807",
                            "username": "takehaya"
                        },
                        "meta": {},
                        "tainted": false
                    },
                    "deposed": [],
                    "provider": "provider.github"
                },
                "github_team_membership.admin-tar-xzvff": {
                    "type": "github_team_membership",
                    "depends_on": [
                        "github_membership.tar-xzvff",
                        "github_team.admin"
                    ],
                    "primary": {
                        "id": "2008807:tar-xzvff",
                        "attributes": {
                            "etag": "W/\"c9d4dffc486965ac289457d64c6d703f1e4761e5c737d1c27a3c6d81b54e4928\"",
                            "id": "2008807:tar-xzvff",
                            "role": "member",
                            "team_id": "2008807",
                            "username": "tar-xzvff"
                        },
                        "meta": {},
                        "tainted": false
                    },
                    "deposed": [],
                    "provider": "provider.github"
                },
                "github_team_membership.admin-uplus": {
                    "type": "github_team_membership",
                    "depends_on": [
                        "github_membership.uplus",
                        "github_team.admin"
                    ],
                    "primary": {
                        "id": "2008807:uplus",
                        "attributes": {
                            "etag": "W/\"63cf6258308eb12aafbe7f2495a10c4020c029dba140aa9d91b2471c48ba170a\"",
                            "id": "2008807:uplus",
                            "role": "member",
                            "team_id": "2008807",
                            "username": "uplus"
                        },
                        "meta": {},
                        "tainted": false
                    },
                    "deposed": [],
                    "provider": "provider.github"
                },
                "github_team_membership.admin-whywaita": {
                    "type": "github_team_membership",
                    "depends_on": [
                        "github_membership.whywaita",
                        "github_team.admin"
                    ],
                    "primary": {
                        "id": "2008807:whywaita",
                        "attributes": {
                            "etag": "W/\"ce54eb0a1db359f26e40574b4a79428c3b42b770257b4a69901c2dc3bda318c8\"",
                            "id": "2008807:whywaita",
                            "role": "member",
                            "team_id": "2008807",
                            "username": "whywaita"
                        },
                        "meta": {},
                        "tainted": false
                    },
                    "deposed": [],
                    "provider": "provider.github"
                },
                "github_team_membership.admin-yukamoja": {
                    "type": "github_team_membership",
                    "depends_on": [
                        "github_membership.yukamoja",
                        "github_team.admin"
                    ],
                    "primary": {
                        "id": "2008807:yukamoja",
                        "attributes": {
                            "etag": "W/\"2a4e08f6fb8a5f55718739b2bce0e042c990f9699adb536e603b977e41e235ec\"",
                            "id": "2008807:yukamoja",
                            "role": "member",
                            "team_id": "2008807",
                            "username": "yukamoja"
                        },
                        "meta": {},
                        "tainted": false
                    },
                    "deposed": [],
                    "provider": "provider.github"
                },
                "github_team_membership.admin-zeroalphat": {
                    "type": "github_team_membership",
                    "depends_on": [
                        "github_membership.zeroalphat",
                        "github_team.admin"
                    ],
                    "primary": {
                        "id": "2008807:zeroalphat",
                        "attributes": {
                            "etag": "W/\"94f32de1e2e316be704bd04e2e75021da24681a2e1130e78158117c7afeb9946\"",
                            "id": "2008807:zeroalphat",
                            "role": "maintainer",
                            "team_id": "2008807",
                            "username": "zeroalphat"
                        },
                        "meta": {},
                        "tainted": false
                    },
                    "deposed": [],
                    "provider": "provider.github"
                },
                "github_team_membership.ictsc2018-Kurorororo": {
                    "type": "github_team_membership",
                    "depends_on": [
                        "github_membership.Kurorororo",
                        "github_team.ictsc2018"
                    ],
                    "primary": {
                        "id": "2818425:Kurorororo",
                        "attributes": {
                            "etag": "W/\"d597dbee6dfaebeb623454f3b2538596618d6c6be08691d5a04fb13ca975a9a1\"",
                            "id": "2818425:Kurorororo",
                            "role": "member",
                            "team_id": "2818425",
                            "username": "Kurorororo"
                        },
                        "meta": {},
                        "tainted": false
                    },
                    "deposed": [],
                    "provider": "provider.github"
                },
                "github_team_membership.ictsc2018-NozomiSugiyama": {
                    "type": "github_team_membership",
                    "depends_on": [
                        "github_membership.NozomiSugiyama",
                        "github_team.ictsc2018"
                    ],
                    "primary": {
                        "id": "2818425:NozomiSugiyama",
                        "attributes": {
                            "etag": "W/\"b9b647ccbef56ad061c35bb939bd39fdc751f23eb1b34fa996db5c11d9e51d21\"",
                            "id": "2818425:NozomiSugiyama",
                            "role": "member",
                            "team_id": "2818425",
                            "username": "NozomiSugiyama"
                        },
                        "meta": {},
                        "tainted": false
                    },
                    "deposed": [],
                    "provider": "provider.github"
                },
                "github_team_membership.ictsc2018-ShotaKitazawa": {
                    "type": "github_team_membership",
                    "depends_on": [
                        "github_membership.ShotaKitazawa",
                        "github_team.ictsc2018"
                    ],
                    "primary": {
                        "id": "2818425:ShotaKitazawa",
                        "attributes": {
                            "etag": "W/\"b40ef222f4dee7cce822c402b91c18b5932edc2e17a076eb2b8218d487e51fbb\"",
                            "id": "2818425:ShotaKitazawa",
                            "role": "member",
                            "team_id": "2818425",
                            "username": "ShotaKitazawa"
                        },
                        "meta": {},
                        "tainted": false
                    },
                    "deposed": [],
                    "provider": "provider.github"
                },
                "github_team_membership.ictsc2018-acque2two": {
                    "type": "github_team_membership",
                    "depends_on": [
                        "github_membership.acque2two",
                        "github_team.ictsc2018"
                    ],
                    "primary": {
                        "id": "2818425:acque2two",
                        "attributes": {
                            "etag": "W/\"545e110f50048206a4e914e9c0fea1d7cc843da76e0a3de026a414b6b007a3e9\"",
                            "id": "2818425:acque2two",
                            "role": "member",
                            "team_id": "2818425",
                            "username": "acque2two"
                        },
                        "meta": {},
                        "tainted": false
                    },
                    "deposed": [],
                    "provider": "provider.github"
                },
                "github_team_membership.ictsc2018-bosan120": {
                    "type": "github_team_membership",
                    "depends_on": [
                        "github_membership.bosan120",
                        "github_team.ictsc2018"
                    ],
                    "primary": {
                        "id": "2818425:bosan120",
                        "attributes": {
                            "etag": "W/\"63680a8578a83b7cf4cbab3db22cf5a78db7efda436c9756c1c450424f246dfb\"",
                            "id": "2818425:bosan120",
                            "role": "member",
                            "team_id": "2818425",
                            "username": "bosan120"
                        },
                        "meta": {},
                        "tainted": false
                    },
                    "deposed": [],
                    "provider": "provider.github"
                },
                "github_team_membership.ictsc2018-gurapomu": {
                    "type": "github_team_membership",
                    "depends_on": [
                        "github_membership.gurapomu",
                        "github_team.ictsc2018"
                    ],
                    "primary": {
                        "id": "2818425:gurapomu",
                        "attributes": {
                            "etag": "W/\"461b1ea7436879e85772c893d8056250a4b90afb3ca7e004a57d138f386bf64d\"",
                            "id": "2818425:gurapomu",
                            "role": "member",
                            "team_id": "2818425",
                            "username": "gurapomu"
                        },
                        "meta": {},
                        "tainted": false
                    },
                    "deposed": [],
                    "provider": "provider.github"
                },
                "github_team_membership.ictsc2018-h-otter": {
                    "type": "github_team_membership",
                    "depends_on": [
                        "github_membership.h-otter",
                        "github_team.ictsc2018"
                    ],
                    "primary": {
                        "id": "2818425:h-otter",
                        "attributes": {
                            "etag": "W/\"abc0d105e4130834d40dff943ed7821fdc75f58d6b34b669d55c8c968d2f56c2\"",
                            "id": "2818425:h-otter",
                            "role": "member",
                            "team_id": "2818425",
                            "username": "h-otter"
                        },
                        "meta": {},
                        "tainted": false
                    },
                    "deposed": [],
                    "provider": "provider.github"
                },
                "github_team_membership.ictsc2018-ha-kun0711": {
                    "type": "github_team_membership",
                    "depends_on": [
                        "github_membership.ha-kun0711",
                        "github_team.ictsc2018"
                    ],
                    "primary": {
                        "id": "2818425:ha-kun0711",
                        "attributes": {
                            "etag": "W/\"c6074b7bbb3260fdfcfe7b3a847e2073ce5fddcfe8eae18de349ad60059305b7\"",
                            "id": "2818425:ha-kun0711",
                            "role": "member",
                            "team_id": "2818425",
                            "username": "ha-kun0711"
                        },
                        "meta": {},
                        "tainted": false
                    },
                    "deposed": [],
                    "provider": "provider.github"
                },
                "github_team_membership.ictsc2018-icchy": {
                    "type": "github_team_membership",
                    "depends_on": [
                        "github_membership.icchy",
                        "github_team.ictsc2018"
                    ],
                    "primary": {
                        "id": "2818425:icchy",
                        "attributes": {
                            "etag": "W/\"667331c6a82be6ef20e67ccbe9168ba290fb73f1f6a446160a62764f3ba8ed39\"",
                            "id": "2818425:icchy",
                            "role": "member",
                            "team_id": "2818425",
                            "username": "icchy"
                        },
                        "meta": {},
                        "tainted": false
                    },
                    "deposed": [],
                    "provider": "provider.github"
                },
                "github_team_membership.ictsc2018-kyontan": {
                    "type": "github_team_membership",
                    "depends_on": [
                        "github_membership.kyontan",
                        "github_team.ictsc2018"
                    ],
                    "primary": {
                        "id": "2818425:kyontan",
                        "attributes": {
                            "etag": "W/\"7ba64439199d2ec7abb061793f0881a4f7ba58388a3f976881a46b68dab2650a\"",
                            "id": "2818425:kyontan",
                            "role": "member",
                            "team_id": "2818425",
                            "username": "kyontan"
                        },
                        "meta": {},
                        "tainted": false
                    },
                    "deposed": [],
                    "provider": "provider.github"
                },
                "github_team_membership.ictsc2018-onokatio": {
                    "type": "github_team_membership",
                    "depends_on": [
                        "github_membership.onokatio",
                        "github_team.ictsc2018"
                    ],
                    "primary": {
                        "id": "2818425:onokatio",
                        "attributes": {
                            "etag": "W/\"2e86900458e030465380810427933a575c774f76a2f8fd5256840d4d413728a8\"",
                            "id": "2818425:onokatio",
                            "role": "member",
                            "team_id": "2818425",
                            "username": "onokatio"
                        },
                        "meta": {},
                        "tainted": false
                    },
                    "deposed": [],
                    "provider": "provider.github"
                },
                "github_team_membership.ictsc2018-orin24": {
                    "type": "github_team_membership",
                    "depends_on": [
                        "github_membership.orin24",
                        "github_team.ictsc2018"
                    ],
                    "primary": {
                        "id": "2818425:orin24",
                        "attributes": {
                            "etag": "W/\"b3512cdc2e477ac2367cf101360ae0a4bf44daf133b6f8602a6d1fcc0519f6e8\"",
                            "id": "2818425:orin24",
                            "role": "member",
                            "team_id": "2818425",
                            "username": "orin24"
                        },
                        "meta": {},
                        "tainted": false
                    },
                    "deposed": [],
                    "provider": "provider.github"
                },
                "github_team_membership.ictsc2018-palloc": {
                    "type": "github_team_membership",
                    "depends_on": [
                        "github_membership.palloc",
                        "github_team.ictsc2018"
                    ],
                    "primary": {
                        "id": "2818425:palloc",
                        "attributes": {
                            "etag": "W/\"46109e948b0aaddca2dc76c0a47124e21dc5aa44c637481455f642440ab124ae\"",
                            "id": "2818425:palloc",
                            "role": "member",
                            "team_id": "2818425",
                            "username": "palloc"
                        },
                        "meta": {},
                        "tainted": false
                    },
                    "deposed": [],
                    "provider": "provider.github"
                },
                "github_team_membership.ictsc2018-potyama": {
                    "type": "github_team_membership",
                    "depends_on": [
                        "github_membership.potyama",
                        "github_team.ictsc2018"
                    ],
                    "primary": {
                        "id": "2818425:potyama",
                        "attributes": {
                            "etag": "W/\"efa874f7e3ec588d2fe46fc1439a0fb8ab5b7a7a779e50443c1b0fce2761905f\"",
                            "id": "2818425:potyama",
                            "role": "member",
                            "team_id": "2818425",
                            "username": "potyama"
                        },
                        "meta": {},
                        "tainted": false
                    },
                    "deposed": [],
                    "provider": "provider.github"
                },
                "github_team_membership.ictsc2018-proelbtn": {
                    "type": "github_team_membership",
                    "depends_on": [
                        "github_membership.proelbtn",
                        "github_team.ictsc2018"
                    ],
                    "primary": {
                        "id": "2818425:proelbtn",
                        "attributes": {
                            "etag": "W/\"be64d274ca902c5e61e73bfe12cf8d6937b15549c7f1e9468edac2005c61104d\"",
                            "id": "2818425:proelbtn",
                            "role": "member",
                            "team_id": "2818425",
                            "username": "proelbtn"
                        },
                        "meta": {},
                        "tainted": false
                    },
                    "deposed": [],
                    "provider": "provider.github"
                },
                "github_team_membership.ictsc2018-sharknasuhorse": {
                    "type": "github_team_membership",
                    "depends_on": [
                        "github_membership.sharknasuhorse",
                        "github_team.ictsc2018"
                    ],
                    "primary": {
                        "id": "2818425:sharknasuhorse",
                        "attributes": {
                            "etag": "W/\"9d9c8ab69f00dec6d53903499487ff123380e61592a816187ae96c0c701eaea5\"",
                            "id": "2818425:sharknasuhorse",
                            "role": "member",
                            "team_id": "2818425",
                            "username": "sharknasuhorse"
                        },
                        "meta": {},
                        "tainted": false
                    },
                    "deposed": [],
                    "provider": "provider.github"
                },
                "github_team_membership.ictsc2018-shinonome01": {
                    "type": "github_team_membership",
                    "depends_on": [
                        "github_membership.shinonome01",
                        "github_team.ictsc2018"
                    ],
                    "primary": {
                        "id": "2818425:shinonome01",
                        "attributes": {
                            "etag": "W/\"1fae77b4c59d5ed651c0506c6e99aebe62461b3434fdb746b33fa4c6aaadeae8\"",
                            "id": "2818425:shinonome01",
                            "role": "member",
                            "team_id": "2818425",
                            "username": "shinonome01"
                        },
                        "meta": {},
                        "tainted": false
                    },
                    "deposed": [],
                    "provider": "provider.github"
                },
                "github_team_membership.ictsc2018-takehaya": {
                    "type": "github_team_membership",
                    "depends_on": [
                        "github_membership.takehaya",
                        "github_team.ictsc2018"
                    ],
                    "primary": {
                        "id": "2818425:takehaya",
                        "attributes": {
                            "etag": "W/\"44987dcda4cd029c5d6fd10bdc67e183702bf8e6d8d1f60e6b9d779d5b324f6e\"",
                            "id": "2818425:takehaya",
                            "role": "member",
                            "team_id": "2818425",
                            "username": "takehaya"
                        },
                        "meta": {},
                        "tainted": false
                    },
                    "deposed": [],
                    "provider": "provider.github"
                },
                "github_team_membership.ictsc2018-uplus": {
                    "type": "github_team_membership",
                    "depends_on": [
                        "github_membership.uplus",
                        "github_team.ictsc2018"
                    ],
                    "primary": {
                        "id": "2818425:uplus",
                        "attributes": {
                            "etag": "W/\"1a4463b8836c2ea83cc137bc61b7ad8a0df1f5b2f66bade52d9ce3e89e3e4f8e\"",
                            "id": "2818425:uplus",
                            "role": "member",
                            "team_id": "2818425",
                            "username": "uplus"
                        },
                        "meta": {},
                        "tainted": false
                    },
                    "deposed": [],
                    "provider": "provider.github"
                },
                "github_team_membership.ictsc2018-whywaita": {
                    "type": "github_team_membership",
                    "depends_on": [
                        "github_membership.whywaita",
                        "github_team.ictsc2018"
                    ],
                    "primary": {
                        "id": "2818425:whywaita",
                        "attributes": {
                            "etag": "W/\"82d24ae6209f19160a934952a4a07a8adfb7c861706873d21d9b1c90c45eb3ce\"",
                            "id": "2818425:whywaita",
                            "role": "member",
                            "team_id": "2818425",
                            "username": "whywaita"
                        },
                        "meta": {},
                        "tainted": false
                    },
                    "deposed": [],
                    "provider": "provider.github"
                },
                "github_team_membership.ictsc2018-yatuhashi": {
                    "type": "github_team_membership",
                    "depends_on": [
                        "github_membership.yatuhashi",
                        "github_team.ictsc2018"
                    ],
                    "primary": {
                        "id": "2818425:yatuhashi",
                        "attributes": {
                            "etag": "W/\"45ea5551a0b1f12615f860e6a43d37a3bc976868c4fd2bcd177faf4bd3a6a2bf\"",
                            "id": "2818425:yatuhashi",
                            "role": "member",
                            "team_id": "2818425",
                            "username": "yatuhashi"
                        },
                        "meta": {},
                        "tainted": false
                    },
                    "deposed": [],
                    "provider": "provider.github"
                },
                "github_team_membership.ictsc2019-Iwancof": {
                    "type": "github_team_membership",
                    "depends_on": [
                        "github_membership.Iwancof",
                        "github_team.ictsc2019"
                    ],
                    "primary": {
                        "id": "3300293:Iwancof",
                        "attributes": {
                            "etag": "W/\"138e3fe547b9dbe2372f8fed2a9e017fc1e670e7f36589174f178c129e8004e4\"",
                            "id": "3300293:Iwancof",
                            "role": "member",
                            "team_id": "3300293",
                            "username": "Iwancof"
                        },
                        "meta": {},
                        "tainted": false
                    },
                    "deposed": [],
                    "provider": "provider.github"
                },
                "github_team_membership.ictsc2019-Kurorororo": {
                    "type": "github_team_membership",
                    "depends_on": [
                        "github_membership.Kurorororo",
                        "github_team.ictsc2019"
                    ],
                    "primary": {
                        "id": "3300293:Kurorororo",
                        "attributes": {
                            "etag": "W/\"9937c9da3f0d212111fac40f993759b632a8ce300e404afdb4d357874503b4b2\"",
                            "id": "3300293:Kurorororo",
                            "role": "member",
                            "team_id": "3300293",
                            "username": "Kurorororo"
                        },
                        "meta": {},
                        "tainted": false
                    },
                    "deposed": [],
                    "provider": "provider.github"
                },
                "github_team_membership.ictsc2019-SallyAcolyte": {
                    "type": "github_team_membership",
                    "depends_on": [
                        "github_membership.SallyAcolyte",
                        "github_team.ictsc2019"
                    ],
                    "primary": {
                        "id": "3300293:SallyAcolyte",
                        "attributes": {
                            "etag": "W/\"fb910dc9d882451181cea868a22118535ae0b6b78c13ade91afa9a07af595ead\"",
                            "id": "3300293:SallyAcolyte",
                            "role": "member",
                            "team_id": "3300293",
                            "username": "SallyAcolyte"
                        },
                        "meta": {},
                        "tainted": false
                    },
                    "deposed": [],
                    "provider": "provider.github"
                },
                "github_team_membership.ictsc2019-SilEighty-ym": {
                    "type": "github_team_membership",
                    "depends_on": [
                        "github_membership.SilEighty-ym",
                        "github_team.ictsc2019"
                    ],
                    "primary": {
                        "id": "3300293:SilEighty-ym",
                        "attributes": {
                            "etag": "W/\"77d3b8e8956498234ff120d9fa0a247178b56f79022fdf2845399953ba9f3da6\"",
                            "id": "3300293:SilEighty-ym",
                            "role": "member",
                            "team_id": "3300293",
                            "username": "SilEighty-ym"
                        },
                        "meta": {},
                        "tainted": false
                    },
                    "deposed": [],
                    "provider": "provider.github"
                },
                "github_team_membership.ictsc2019-TenkiGit": {
                    "type": "github_team_membership",
                    "depends_on": [
                        "github_membership.TenkiGit",
                        "github_team.ictsc2019"
                    ],
                    "primary": {
                        "id": "3300293:TenkiGit",
                        "attributes": {
                            "etag": "W/\"646fd301402087b424d6de358fd53817f959e16b1d3df3cb241cbc06c2112140\"",
                            "id": "3300293:TenkiGit",
                            "role": "member",
                            "team_id": "3300293",
                            "username": "TenkiGit"
                        },
                        "meta": {},
                        "tainted": false
                    },
                    "deposed": [],
                    "provider": "provider.github"
                },
                "github_team_membership.ictsc2019-Terfno": {
                    "type": "github_team_membership",
                    "depends_on": [
                        "github_membership.Terfno",
                        "github_team.ictsc2019"
                    ],
                    "primary": {
                        "id": "3300293:Terfno",
                        "attributes": {
                            "etag": "W/\"889439dede9850f2d9cd63a6bc7c9fcc237f4eddcf6a12156acb1acb3a3a8a21\"",
                            "id": "3300293:Terfno",
                            "role": "member",
                            "team_id": "3300293",
                            "username": "Terfno"
                        },
                        "meta": {},
                        "tainted": false
                    },
                    "deposed": [],
                    "provider": "provider.github"
                },
                "github_team_membership.ictsc2019-arupakan125": {
                    "type": "github_team_membership",
                    "depends_on": [
                        "github_membership.arupakan125",
                        "github_team.ictsc2019"
                    ],
                    "primary": {
                        "id": "3300293:arupakan125",
                        "attributes": {
                            "etag": "W/\"7e3730bcc71ab13f623195d2e008d6372b42a31fad95ceb3f1d90a60980d4e8a\"",
                            "id": "3300293:arupakan125",
                            "role": "member",
                            "team_id": "3300293",
                            "username": "arupakan125"
                        },
                        "meta": {},
                        "tainted": false
                    },
                    "deposed": [],
                    "provider": "provider.github"
                },
                "github_team_membership.ictsc2019-beggarl": {
                    "type": "github_team_membership",
                    "depends_on": [
                        "github_membership.beggarl",
                        "github_team.ictsc2019"
                    ],
                    "primary": {
                        "id": "3300293:beggarl",
                        "attributes": {
                            "etag": "W/\"8ce6e87af73010c506c3220e7fdafc6c2e6b36bad1c966c7e8bda32bcf7bf1ab\"",
                            "id": "3300293:beggarl",
                            "role": "member",
                            "team_id": "3300293",
                            "username": "beggarl"
                        },
                        "meta": {},
                        "tainted": false
                    },
                    "deposed": [],
                    "provider": "provider.github"
                },
                "github_team_membership.ictsc2019-chouett0": {
                    "type": "github_team_membership",
                    "depends_on": [
                        "github_membership.chouett0",
                        "github_team.ictsc2019"
                    ],
                    "primary": {
                        "id": "3300293:chouett0",
                        "attributes": {
                            "etag": "W/\"7fec21828274dd076efdf9d7c913e9238e6ad3426c6a35d38d67b3623c2603aa\"",
                            "id": "3300293:chouett0",
                            "role": "member",
                            "team_id": "3300293",
                            "username": "chouett0"
                        },
                        "meta": {},
                        "tainted": false
                    },
                    "deposed": [],
                    "provider": "provider.github"
                },
                "github_team_membership.ictsc2019-ecodrive-18": {
                    "type": "github_team_membership",
                    "depends_on": [
                        "github_membership.ecodrive-18",
                        "github_team.ictsc2019"
                    ],
                    "primary": {
                        "id": "3300293:ecodrive-18",
                        "attributes": {
                            "etag": "W/\"42da97a15df32119d01587977e11e32ec27b913050911e4a5418d76bfc515aeb\"",
                            "id": "3300293:ecodrive-18",
                            "role": "member",
                            "team_id": "3300293",
                            "username": "ecodrive-18"
                        },
                        "meta": {},
                        "tainted": false
                    },
                    "deposed": [],
                    "provider": "provider.github"
                },
                "github_team_membership.ictsc2019-gurapomu": {
                    "type": "github_team_membership",
                    "depends_on": [
                        "github_membership.gurapomu",
                        "github_team.ictsc2019"
                    ],
                    "primary": {
                        "id": "3300293:gurapomu",
                        "attributes": {
                            "etag": "W/\"7316d092f37517c36433fed1a79483f0fc8f331938234f9b014d1910623dbd53\"",
                            "id": "3300293:gurapomu",
                            "role": "member",
                            "team_id": "3300293",
                            "username": "gurapomu"
                        },
                        "meta": {},
                        "tainted": false
                    },
                    "deposed": [],
                    "provider": "provider.github"
                },
                "github_team_membership.ictsc2019-h-otter": {
                    "type": "github_team_membership",
                    "depends_on": [
                        "github_membership.h-otter",
                        "github_team.ictsc2019"
                    ],
                    "primary": {
                        "id": "3300293:h-otter",
                        "attributes": {
                            "etag": "W/\"6c9df2237dcc17126d8d6f698c3293f02ee5a63d19d38039b9244a1151228bc2\"",
                            "id": "3300293:h-otter",
                            "role": "member",
                            "team_id": "3300293",
                            "username": "h-otter"
                        },
                        "meta": {},
                        "tainted": false
                    },
                    "deposed": [],
                    "provider": "provider.github"
                },
                "github_team_membership.ictsc2019-hibiki31": {
                    "type": "github_team_membership",
                    "depends_on": [
                        "github_membership.hibiki31",
                        "github_team.ictsc2019"
                    ],
                    "primary": {
                        "id": "3300293:hibiki31",
                        "attributes": {
                            "etag": "W/\"688d1be2e9ca3c64faafb1dda53e811302ebdad89c4c9c0c25d16e00719b7a5e\"",
                            "id": "3300293:hibiki31",
                            "role": "member",
                            "team_id": "3300293",
                            "username": "hibiki31"
                        },
                        "meta": {},
                        "tainted": false
                    },
                    "deposed": [],
                    "provider": "provider.github"
                },
                "github_team_membership.ictsc2019-icchy": {
                    "type": "github_team_membership",
                    "depends_on": [
                        "github_membership.icchy",
                        "github_team.ictsc2019"
                    ],
                    "primary": {
                        "id": "3300293:icchy",
                        "attributes": {
                            "etag": "W/\"33fb0a1bed6f48aa86dc8af48d8a1b9e305f9576af6c7f6c8fcbc9d97fd99af6\"",
                            "id": "3300293:icchy",
                            "role": "member",
                            "team_id": "3300293",
                            "username": "icchy"
                        },
                        "meta": {},
                        "tainted": false
                    },
                    "deposed": [],
                    "provider": "provider.github"
                },
                "github_team_membership.ictsc2019-kapibara824": {
                    "type": "github_team_membership",
                    "depends_on": [
                        "github_membership.kapibara824",
                        "github_team.ictsc2019"
                    ],
                    "primary": {
                        "id": "3300293:kapibara824",
                        "attributes": {
                            "etag": "W/\"1cf8befe035ab4bd7f65d99539002ebcf45b37d20fdb66a7c00083eb476b3be6\"",
                            "id": "3300293:kapibara824",
                            "role": "member",
                            "team_id": "3300293",
                            "username": "kapibara824"
                        },
                        "meta": {},
                        "tainted": false
                    },
                    "deposed": [],
                    "provider": "provider.github"
                },
                "github_team_membership.ictsc2019-mbook-x86": {
                    "type": "github_team_membership",
                    "depends_on": [
                        "github_membership.mbook-x86",
                        "github_team.ictsc2019"
                    ],
                    "primary": {
                        "id": "3300293:mbook-x86",
                        "attributes": {
                            "etag": "W/\"e7e363a2169de0ec40967d1a169cd28df7d09f745761f79c01fca9f0f110ae6b\"",
                            "id": "3300293:mbook-x86",
                            "role": "member",
                            "team_id": "3300293",
                            "username": "mbook-x86"
                        },
                        "meta": {},
                        "tainted": false
                    },
                    "deposed": [],
                    "provider": "provider.github"
                },
                "github_team_membership.ictsc2019-naoki912": {
                    "type": "github_team_membership",
                    "depends_on": [
                        "github_membership.naoki912",
                        "github_team.ictsc2019"
                    ],
                    "primary": {
                        "id": "3300293:naoki912",
                        "attributes": {
                            "etag": "W/\"357038881a3212ef11fd673fc57d15834e02129f78d78e48955b72b290573628\"",
                            "id": "3300293:naoki912",
                            "role": "member",
                            "team_id": "3300293",
                            "username": "naoki912"
                        },
                        "meta": {},
                        "tainted": false
                    },
                    "deposed": [],
                    "provider": "provider.github"
                },
                "github_team_membership.ictsc2019-onokatio": {
                    "type": "github_team_membership",
                    "depends_on": [
                        "github_membership.onokatio",
                        "github_team.ictsc2019"
                    ],
                    "primary": {
                        "id": "3300293:onokatio",
                        "attributes": {
                            "etag": "W/\"57ad2ff67b4259d2900087a7e2c5bff3595bbd23789a085108e0b64e664579dd\"",
                            "id": "3300293:onokatio",
                            "role": "member",
                            "team_id": "3300293",
                            "username": "onokatio"
                        },
                        "meta": {},
                        "tainted": false
                    },
                    "deposed": [],
                    "provider": "provider.github"
                },
                "github_team_membership.ictsc2019-ophum": {
                    "type": "github_team_membership",
                    "depends_on": [
                        "github_membership.ophum",
                        "github_team.ictsc2019"
                    ],
                    "primary": {
                        "id": "3300293:ophum",
                        "attributes": {
                            "etag": "W/\"bce0b714fba881ef74744ba699c0083a399ab3003f3324424e722afd5904a16d\"",
                            "id": "3300293:ophum",
                            "role": "member",
                            "team_id": "3300293",
                            "username": "ophum"
                        },
                        "meta": {},
                        "tainted": false
                    },
                    "deposed": [],
                    "provider": "provider.github"
                },
                "github_team_membership.ictsc2019-potyama": {
                    "type": "github_team_membership",
                    "depends_on": [
                        "github_membership.potyama",
                        "github_team.ictsc2019"
                    ],
                    "primary": {
                        "id": "3300293:potyama",
                        "attributes": {
                            "etag": "W/\"44e1dc775dc4ecefdc335195f72ef22a33ef45061f0c16ff89f2a45b689b3dba\"",
                            "id": "3300293:potyama",
                            "role": "member",
                            "team_id": "3300293",
                            "username": "potyama"
                        },
                        "meta": {},
                        "tainted": false
                    },
                    "deposed": [],
                    "provider": "provider.github"
                },
                "github_team_membership.ictsc2019-proelbtn": {
                    "type": "github_team_membership",
                    "depends_on": [
                        "github_membership.proelbtn",
                        "github_team.ictsc2019"
                    ],
                    "primary": {
                        "id": "3300293:proelbtn",
                        "attributes": {
                            "etag": "W/\"4d82ccf4ac63fc9f760f1453e23c7e4d5fec9046921481061688daa6993d8ba3\"",
                            "id": "3300293:proelbtn",
                            "role": "member",
                            "team_id": "3300293",
                            "username": "proelbtn"
                        },
                        "meta": {},
                        "tainted": false
                    },
                    "deposed": [],
                    "provider": "provider.github"
                },
                "github_team_membership.ictsc2019-recuraki": {
                    "type": "github_team_membership",
                    "depends_on": [
                        "github_membership.recuraki",
                        "github_team.ictsc2019"
                    ],
                    "primary": {
                        "id": "3300293:recuraki",
                        "attributes": {
                            "etag": "W/\"2b5c536eccef68ee3431b6558a05df63ca0fc92a27117d18b0ad51f2a08b2989\"",
                            "id": "3300293:recuraki",
                            "role": "member",
                            "team_id": "3300293",
                            "username": "recuraki"
                        },
                        "meta": {},
                        "tainted": false
                    },
                    "deposed": [],
                    "provider": "provider.github"
                },
                "github_team_membership.ictsc2019-rlia": {
                    "type": "github_team_membership",
                    "depends_on": [
                        "github_membership.rlia",
                        "github_team.ictsc2019"
                    ],
                    "primary": {
                        "id": "3300293:rlia",
                        "attributes": {
                            "etag": "W/\"1fb85e0c4b5d329ddd54735cfb76014ad0e8a02f5fb77a672008eee9f5678d69\"",
                            "id": "3300293:rlia",
                            "role": "member",
                            "team_id": "3300293",
                            "username": "rlia"
                        },
                        "meta": {},
                        "tainted": false
                    },
                    "deposed": [],
                    "provider": "provider.github"
                },
                "github_team_membership.ictsc2019-sharknasuhorse": {
                    "type": "github_team_membership",
                    "depends_on": [
                        "github_membership.sharknasuhorse",
                        "github_team.ictsc2019"
                    ],
                    "primary": {
                        "id": "3300293:sharknasuhorse",
                        "attributes": {
                            "etag": "W/\"553fa3ae5d54a1591c96fe9d03326c80b772fabef33146cfff0b23884c374756\"",
                            "id": "3300293:sharknasuhorse",
                            "role": "member",
                            "team_id": "3300293",
                            "username": "sharknasuhorse"
                        },
                        "meta": {},
                        "tainted": false
                    },
                    "deposed": [],
                    "provider": "provider.github"
                },
                "github_team_membership.ictsc2019-site0801": {
                    "type": "github_team_membership",
                    "depends_on": [
                        "github_membership.site0801",
                        "github_team.ictsc2019"
                    ],
                    "primary": {
                        "id": "3300293:site0801",
                        "attributes": {
                            "etag": "W/\"a21570275897afb2922c276e2a4345c615cfa7bbeacba7854e215254e7d848f9\"",
                            "id": "3300293:site0801",
                            "role": "member",
                            "team_id": "3300293",
                            "username": "site0801"
                        },
                        "meta": {},
                        "tainted": false
                    },
                    "deposed": [],
                    "provider": "provider.github"
                },
                "github_team_membership.ictsc2019-syuli": {
                    "type": "github_team_membership",
                    "depends_on": [
                        "github_membership.syuli",
                        "github_team.ictsc2019"
                    ],
                    "primary": {
                        "id": "3300293:syuli",
                        "attributes": {
                            "etag": "W/\"a5a8b65862f6e5a0ed9895f626d5dad7e3cd9765d2b454fdc2d59f02946213dc\"",
                            "id": "3300293:syuli",
                            "role": "member",
                            "team_id": "3300293",
                            "username": "syuli"
                        },
                        "meta": {},
                        "tainted": false
                    },
                    "deposed": [],
                    "provider": "provider.github"
                },
                "github_team_membership.ictsc2019-takehaya": {
                    "type": "github_team_membership",
                    "depends_on": [
                        "github_membership.takehaya",
                        "github_team.ictsc2019"
                    ],
                    "primary": {
                        "id": "3300293:takehaya",
                        "attributes": {
                            "etag": "W/\"3df3c336a10db900e359375a4019362f43201c7642c3f05859d78d2cdaea11a8\"",
                            "id": "3300293:takehaya",
                            "role": "member",
                            "team_id": "3300293",
                            "username": "takehaya"
                        },
                        "meta": {},
                        "tainted": false
                    },
                    "deposed": [],
                    "provider": "provider.github"
                },
                "github_team_membership.ictsc2019-tom--bo": {
                    "type": "github_team_membership",
                    "depends_on": [
                        "github_membership.tom--bo",
                        "github_team.ictsc2019"
                    ],
                    "primary": {
                        "id": "3300293:tom--bo",
                        "attributes": {
                            "etag": "W/\"e55c6ede6f096c9c267b641dea5fe7cc3e06b65addd8d2484ad35db534e18572\"",
                            "id": "3300293:tom--bo",
                            "role": "member",
                            "team_id": "3300293",
                            "username": "tom--bo"
                        },
                        "meta": {},
                        "tainted": false
                    },
                    "deposed": [],
                    "provider": "provider.github"
                },
                "github_team_membership.ictsc2019-tt222": {
                    "type": "github_team_membership",
                    "depends_on": [
                        "github_membership.tt222",
                        "github_team.ictsc2019"
                    ],
                    "primary": {
                        "id": "3300293:tt222",
                        "attributes": {
                            "etag": "W/\"57f8dd612ba64225270ada437a7d50232780771475f4dfead4fda2d24e36b4d2\"",
                            "id": "3300293:tt222",
                            "role": "member",
                            "team_id": "3300293",
                            "username": "tt222"
                        },
                        "meta": {},
                        "tainted": false
                    },
                    "deposed": [],
                    "provider": "provider.github"
                },
                "github_team_membership.ictsc2019-uplus": {
                    "type": "github_team_membership",
                    "depends_on": [
                        "github_membership.uplus",
                        "github_team.ictsc2019"
                    ],
                    "primary": {
                        "id": "3300293:uplus",
                        "attributes": {
                            "etag": "W/\"79ad8143b839d084c04c3860fba9b9bf18c5cd5fa4c1750ebfb260615ae2c2e7\"",
                            "id": "3300293:uplus",
                            "role": "member",
                            "team_id": "3300293",
                            "username": "uplus"
                        },
                        "meta": {},
                        "tainted": false
                    },
                    "deposed": [],
                    "provider": "provider.github"
                },
                "github_team_membership.ictsc2019-yo-kanyukari": {
                    "type": "github_team_membership",
                    "depends_on": [
                        "github_membership.yo-kanyukari",
                        "github_team.ictsc2019"
                    ],
                    "primary": {
                        "id": "3300293:yo-kanyukari",
                        "attributes": {
                            "etag": "W/\"e9efe96d0cfddb9b76a76ec13c9bbd71d28c564135f8e32353f4c3eeb065ec28\"",
                            "id": "3300293:yo-kanyukari",
                            "role": "member",
                            "team_id": "3300293",
                            "username": "yo-kanyukari"
                        },
                        "meta": {},
                        "tainted": false
                    },
                    "deposed": [],
                    "provider": "provider.github"
                },
                "github_team_membership.ictsc2019-yoneyan": {
                    "type": "github_team_membership",
                    "depends_on": [
                        "github_membership.yoneyan",
                        "github_team.ictsc2019"
                    ],
                    "primary": {
                        "id": "3300293:yoneyan",
                        "attributes": {
                            "etag": "W/\"24322c711887ac967aa3de2236f1828b5fbc1b7f7ca4072ffc6a71bd7eab8e7d\"",
                            "id": "3300293:yoneyan",
                            "role": "member",
                            "team_id": "3300293",
                            "username": "yoneyan"
                        },
                        "meta": {},
                        "tainted": false
                    },
                    "deposed": [],
                    "provider": "provider.github"
                },
                "github_team_membership.ictsc2019-yu-tanaka00": {
                    "type": "github_team_membership",
                    "depends_on": [
                        "github_membership.yu-tanaka00",
                        "github_team.ictsc2019"
                    ],
                    "primary": {
                        "id": "3300293:yu-tanaka00",
                        "attributes": {
                            "etag": "W/\"1b267af2465efc4138818b3d16d3b1d54e017f30f8f4ee233cef2689efc1d8a3\"",
                            "id": "3300293:yu-tanaka00",
                            "role": "member",
                            "team_id": "3300293",
                            "username": "yu-tanaka00"
                        },
                        "meta": {},
                        "tainted": false
                    },
                    "deposed": [],
                    "provider": "provider.github"
                },
                "github_team_membership.ictsc2020-928k1110": {
                    "type": "github_team_membership",
                    "depends_on": [
                        "github_membership.928k1110",
                        "github_team.ictsc2020"
                    ],
                    "primary": {
                        "id": "3894829:928k1110",
                        "attributes": {
                            "etag": "W/\"85d3757b5f9949c12bcb9c157584da06acc68bdca4ed3112d1234cea1a25b3c3\"",
                            "id": "3894829:928k1110",
                            "role": "member",
                            "team_id": "3894829",
                            "username": "928k1110"
                        },
                        "meta": {},
                        "tainted": false
                    },
                    "deposed": [],
                    "provider": "provider.github"
                },
                "github_team_membership.ictsc2020-Hicky1025": {
                    "type": "github_team_membership",
                    "depends_on": [
                        "github_membership.Hicky1025",
                        "github_team.ictsc2020"
                    ],
                    "primary": {
                        "id": "3894829:Hicky1025",
                        "attributes": {
                            "etag": "W/\"37a4e87f24a5d42167cc7fc4fd25268607189fe734a7cfc6419a26183e15dee5\"",
                            "id": "3894829:Hicky1025",
                            "role": "member",
                            "team_id": "3894829",
                            "username": "Hicky1025"
                        },
                        "meta": {},
                        "tainted": false
                    },
                    "deposed": [],
                    "provider": "provider.github"
                },
                "github_team_membership.ictsc2020-TenkiGit": {
                    "type": "github_team_membership",
                    "depends_on": [
                        "github_membership.TenkiGit",
                        "github_team.ictsc2020"
                    ],
                    "primary": {
                        "id": "3894829:TenkiGit",
                        "attributes": {
                            "etag": "W/\"47b903486798fb70ba24dd9a18f5ce489017fa527309fcb69429246e3ac1e251\"",
                            "id": "3894829:TenkiGit",
                            "role": "member",
                            "team_id": "3894829",
                            "username": "TenkiGit"
                        },
                        "meta": {},
                        "tainted": false
                    },
                    "deposed": [],
                    "provider": "provider.github"
                },
                "github_team_membership.ictsc2020-Terfno": {
                    "type": "github_team_membership",
                    "depends_on": [
                        "github_membership.Terfno",
                        "github_team.ictsc2020"
                    ],
                    "primary": {
                        "id": "3894829:Terfno",
                        "attributes": {
                            "etag": "W/\"2038f8119f992e7f4a632e4a3e72d17bd40be7d636e6dd521a0293c73bf4c99d\"",
                            "id": "3894829:Terfno",
                            "role": "member",
                            "team_id": "3894829",
                            "username": "Terfno"
                        },
                        "meta": {},
                        "tainted": false
                    },
                    "deposed": [],
                    "provider": "provider.github"
                },
                "github_team_membership.ictsc2020-arupakan125": {
                    "type": "github_team_membership",
                    "depends_on": [
                        "github_membership.arupakan125",
                        "github_team.ictsc2020"
                    ],
                    "primary": {
                        "id": "3894829:arupakan125",
                        "attributes": {
                            "etag": "W/\"3b1ad23f3e2906695b655dcb823d769a6cf3d69e5f11566a9711bede51194d2f\"",
                            "id": "3894829:arupakan125",
                            "role": "member",
                            "team_id": "3894829",
                            "username": "arupakan125"
                        },
                        "meta": {},
                        "tainted": false
                    },
                    "deposed": [],
                    "provider": "provider.github"
                },
                "github_team_membership.ictsc2020-hibiki31": {
                    "type": "github_team_membership",
                    "depends_on": [
                        "github_membership.hibiki31",
                        "github_team.ictsc2020"
                    ],
                    "primary": {
                        "id": "3894829:hibiki31",
                        "attributes": {
                            "etag": "W/\"5dc674a0959fffe1eb11957ce0048b2acc98bd913009007b50f6bb360db1fd2e\"",
                            "id": "3894829:hibiki31",
                            "role": "member",
                            "team_id": "3894829",
                            "username": "hibiki31"
                        },
                        "meta": {},
                        "tainted": false
                    },
                    "deposed": [],
                    "provider": "provider.github"
                },
                "github_team_membership.ictsc2020-kapibara824": {
                    "type": "github_team_membership",
                    "depends_on": [
                        "github_membership.kapibara824",
                        "github_team.ictsc2020"
                    ],
                    "primary": {
                        "id": "3894829:kapibara824",
                        "attributes": {
                            "etag": "W/\"a1a7566ee3a03fb3ab36c7f4b695e5535b7a5146cc865bad559f08a8e7b118d2\"",
                            "id": "3894829:kapibara824",
                            "role": "member",
                            "team_id": "3894829",
                            "username": "kapibara824"
                        },
                        "meta": {},
                        "tainted": false
                    },
                    "deposed": [],
                    "provider": "provider.github"
                },
                "github_team_membership.ictsc2020-nakasyo2650": {
                    "type": "github_team_membership",
                    "depends_on": [
                        "github_membership.nakasyo2650",
                        "github_team.ictsc2020"
                    ],
                    "primary": {
                        "id": "3894829:nakasyo2650",
                        "attributes": {
                            "etag": "W/\"1aafbf9628c256981e6d6297610fa42639b6faafda4dcb717b4d4d96361693e6\"",
                            "id": "3894829:nakasyo2650",
                            "role": "member",
                            "team_id": "3894829",
                            "username": "nakasyo2650"
                        },
                        "meta": {},
                        "tainted": false
                    },
                    "deposed": [],
                    "provider": "provider.github"
                },
                "github_team_membership.ictsc2020-naoki2001": {
                    "type": "github_team_membership",
                    "depends_on": [
                        "github_membership.naoki2001",
                        "github_team.ictsc2020"
                    ],
                    "primary": {
                        "id": "3894829:naoki2001",
                        "attributes": {
                            "etag": "W/\"2c7cc189090dddd65c58163b4627e95a1e1be835300597b739a0f5c30890d7a4\"",
                            "id": "3894829:naoki2001",
                            "role": "member",
                            "team_id": "3894829",
                            "username": "naoki2001"
                        },
                        "meta": {},
                        "tainted": false
                    },
                    "deposed": [],
                    "provider": "provider.github"
                },
                "github_team_membership.ictsc2020-onokatio": {
                    "type": "github_team_membership",
                    "depends_on": [
                        "github_membership.onokatio",
                        "github_team.ictsc2020"
                    ],
                    "primary": {
                        "id": "3894829:onokatio",
                        "attributes": {
                            "etag": "W/\"98f43c5e84e9af7db85bd52774bcf81e6ed437275e381995362fbad02c69fb2a\"",
                            "id": "3894829:onokatio",
                            "role": "member",
                            "team_id": "3894829",
                            "username": "onokatio"
                        },
                        "meta": {},
                        "tainted": false
                    },
                    "deposed": [],
                    "provider": "provider.github"
                },
                "github_team_membership.ictsc2020-ophum": {
                    "type": "github_team_membership",
                    "depends_on": [
                        "github_membership.ophum",
                        "github_team.ictsc2020"
                    ],
                    "primary": {
                        "id": "3894829:ophum",
                        "attributes": {
                            "etag": "W/\"f48f0f7943057f4272fa7be3d1d195b1df402d66db96cfb58c3d7d2d0dcd285b\"",
                            "id": "3894829:ophum",
                            "role": "member",
                            "team_id": "3894829",
                            "username": "ophum"
                        },
                        "meta": {},
                        "tainted": false
                    },
                    "deposed": [],
                    "provider": "provider.github"
                },
                "github_team_membership.ictsc2020-potyama": {
                    "type": "github_team_membership",
                    "depends_on": [
                        "github_membership.potyama",
                        "github_team.ictsc2020"
                    ],
                    "primary": {
                        "id": "3894829:potyama",
                        "attributes": {
                            "etag": "W/\"98db6bcb9d3c4a7913588b50d4f99364c6edc43294b8ff5ade61737a2b354bb6\"",
                            "id": "3894829:potyama",
                            "role": "member",
                            "team_id": "3894829",
                            "username": "potyama"
                        },
                        "meta": {},
                        "tainted": false
                    },
                    "deposed": [],
                    "provider": "provider.github"
                },
                "github_team_membership.ictsc2020-proelbtn": {
                    "type": "github_team_membership",
                    "depends_on": [
                        "github_membership.proelbtn",
                        "github_team.ictsc2020"
                    ],
                    "primary": {
                        "id": "3894829:proelbtn",
                        "attributes": {
                            "etag": "W/\"74d5ee00ec2a3c51a7bb9c72dfbb296ae0f440283c91787e0429974a6b0ccb98\"",
                            "id": "3894829:proelbtn",
                            "role": "member",
                            "team_id": "3894829",
                            "username": "proelbtn"
                        },
                        "meta": {},
                        "tainted": false
                    },
                    "deposed": [],
                    "provider": "provider.github"
                },
                "github_team_membership.ictsc2020-rlia": {
                    "type": "github_team_membership",
                    "depends_on": [
                        "github_membership.rlia",
                        "github_team.ictsc2020"
                    ],
                    "primary": {
                        "id": "3894829:rlia",
                        "attributes": {
                            "etag": "W/\"dca2db1f287a4d88c85e72b5e8b24fb070924f9f6499a32d4c9582ebd88d7efd\"",
                            "id": "3894829:rlia",
                            "role": "member",
                            "team_id": "3894829",
                            "username": "rlia"
                        },
                        "meta": {},
                        "tainted": false
                    },
                    "deposed": [],
                    "provider": "provider.github"
                },
                "github_team_membership.ictsc2020-site0801": {
                    "type": "github_team_membership",
                    "depends_on": [
                        "github_membership.site0801",
                        "github_team.ictsc2020"
                    ],
                    "primary": {
                        "id": "3894829:site0801",
                        "attributes": {
                            "etag": "W/\"cb55c029a273424a3299a942fbb70e9e5103fd659583b892472906fc928bd2db\"",
                            "id": "3894829:site0801",
                            "role": "member",
                            "team_id": "3894829",
                            "username": "site0801"
                        },
                        "meta": {},
                        "tainted": false
                    },
                    "deposed": [],
                    "provider": "provider.github"
                },
                "github_team_membership.ictsc2020-takehaya": {
                    "type": "github_team_membership",
                    "depends_on": [
                        "github_membership.takehaya",
                        "github_team.ictsc2020"
                    ],
                    "primary": {
                        "id": "3894829:takehaya",
                        "attributes": {
                            "etag": "W/\"f7e9fde88188064c00d7c35e2ec7813027d361887dba2dfa5b51bfb22be9cd37\"",
                            "id": "3894829:takehaya",
                            "role": "member",
                            "team_id": "3894829",
                            "username": "takehaya"
                        },
                        "meta": {},
                        "tainted": false
                    },
                    "deposed": [],
                    "provider": "provider.github"
                },
                "github_team_membership.ictsc2020-tanishi001": {
                    "type": "github_team_membership",
                    "depends_on": [
                        "github_membership.tanishi001",
                        "github_team.ictsc2020"
                    ],
                    "primary": {
                        "id": "3894829:tanishi001",
                        "attributes": {
                            "etag": "W/\"e427a31d63daf156dcf5610558ae5e9c62779592b3ac51e840863ed052a32d4b\"",
                            "id": "3894829:tanishi001",
                            "role": "member",
                            "team_id": "3894829",
                            "username": "tanishi001"
                        },
                        "meta": {},
                        "tainted": false
                    },
                    "deposed": [],
                    "provider": "provider.github"
                },
                "github_team_membership.ictsc2020-tt222": {
                    "type": "github_team_membership",
                    "depends_on": [
                        "github_membership.tt222",
                        "github_team.ictsc2020"
                    ],
                    "primary": {
                        "id": "3894829:tt222",
                        "attributes": {
                            "etag": "W/\"afc5c02aed0f0f086d9407e8104fcf89042303f4475a4309d7dd94d75ca57ed7\"",
                            "id": "3894829:tt222",
                            "role": "member",
                            "team_id": "3894829",
                            "username": "tt222"
                        },
                        "meta": {},
                        "tainted": false
                    },
                    "deposed": [],
                    "provider": "provider.github"
                },
                "github_team_membership.ictsc2020-uplus": {
                    "type": "github_team_membership",
                    "depends_on": [
                        "github_membership.uplus",
                        "github_team.ictsc2020"
                    ],
                    "primary": {
                        "id": "3894829:uplus",
                        "attributes": {
                            "etag": "W/\"be58022326bc50890f34a3cc8508a5155f5297b49370010c4b113e3b83df30b7\"",
                            "id": "3894829:uplus",
                            "role": "member",
                            "team_id": "3894829",
                            "username": "uplus"
                        },
                        "meta": {},
                        "tainted": false
                    },
                    "deposed": [],
                    "provider": "provider.github"
                },
                "github_team_membership.ictsc2020-x86taka": {
                    "type": "github_team_membership",
                    "depends_on": [
                        "github_membership.x86taka",
                        "github_team.ictsc2020"
                    ],
                    "primary": {
                        "id": "3894829:x86taka",
                        "attributes": {
                            "etag": "W/\"5250a1152b2c586e99cff1028c1e41dca7f6a496c0054e482c0769eb2c028a30\"",
                            "id": "3894829:x86taka",
                            "role": "member",
                            "team_id": "3894829",
                            "username": "x86taka"
                        },
                        "meta": {},
                        "tainted": false
                    },
                    "deposed": [],
                    "provider": "provider.github"
                },
                "github_team_membership.ictsc2020-yo-kanyukari": {
                    "type": "github_team_membership",
                    "depends_on": [
                        "github_membership.yo-kanyukari",
                        "github_team.ictsc2020"
                    ],
                    "primary": {
                        "id": "3894829:yo-kanyukari",
                        "attributes": {
                            "etag": "W/\"287d94db0cd081457b43e21538d3222c998d37797881300c34f5bb9670893756\"",
                            "id": "3894829:yo-kanyukari",
                            "role": "member",
                            "team_id": "3894829",
                            "username": "yo-kanyukari"
                        },
                        "meta": {},
                        "tainted": false
                    },
                    "deposed": [],
                    "provider": "provider.github"
                },
                "github_team_membership.ictsc2020-yoneyan": {
                    "type": "github_team_membership",
                    "depends_on": [
                        "github_membership.yoneyan",
                        "github_team.ictsc2020"
                    ],
                    "primary": {
                        "id": "3894829:yoneyan",
                        "attributes": {
                            "etag": "W/\"5916c53be4fbd4efc07ff647cb478fc403ff09f7c3592e587ed648c9860aa583\"",
                            "id": "3894829:yoneyan",
                            "role": "member",
                            "team_id": "3894829",
                            "username": "yoneyan"
                        },
                        "meta": {},
                        "tainted": false
                    },
                    "deposed": [],
                    "provider": "provider.github"
                },
                "github_team_membership.ictsc2020-yukamoja": {
                    "type": "github_team_membership",
                    "depends_on": [
                        "github_membership.yukamoja",
                        "github_team.ictsc2020"
                    ],
                    "primary": {
                        "id": "3894829:yukamoja",
                        "attributes": {
                            "etag": "W/\"84211a6f740b808acba3fd2bcc192fa79262cdbebc844a58a2696704a9454103\"",
                            "id": "3894829:yukamoja",
                            "role": "member",
                            "team_id": "3894829",
                            "username": "yukamoja"
                        },
                        "meta": {},
                        "tainted": false
                    },
                    "deposed": [],
                    "provider": "provider.github"
                },
                "github_team_membership.ictsc2020-zeroalphat": {
                    "type": "github_team_membership",
                    "depends_on": [
                        "github_membership.zeroalphat",
                        "github_team.ictsc2020"
                    ],
                    "primary": {
                        "id": "3894829:zeroalphat",
                        "attributes": {
                            "etag": "W/\"cebae6eb3b4a8fe9d279936d37fdc5fa425aca973480fcf0fd1009cc781eb3ef\"",
                            "id": "3894829:zeroalphat",
                            "role": "member",
                            "team_id": "3894829",
                            "username": "zeroalphat"
                        },
                        "meta": {},
                        "tainted": false
                    },
                    "deposed": [],
                    "provider": "provider.github"
                },
                "github_team_membership.ictsc4-chisaton1": {
                    "type": "github_team_membership",
                    "depends_on": [
                        "github_membership.chisaton1",
                        "github_team.ictsc4"
                    ],
                    "primary": {
                        "id": "2004351:chisaton1",
                        "attributes": {
                            "etag": "W/\"5490e7fbfa51911142f075a580da7f578332f77e3ca3b9c3969d79820b7acc04\"",
                            "id": "2004351:chisaton1",
                            "role": "member",
                            "team_id": "2004351",
                            "username": "chisaton1"
                        },
                        "meta": {},
                        "tainted": false
                    },
                    "deposed": [],
                    "provider": "provider.github"
                },
                "github_team_membership.ictsc4-ibucho": {
                    "type": "github_team_membership",
                    "depends_on": [
                        "github_membership.ibucho",
                        "github_team.ictsc4"
                    ],
                    "primary": {
                        "id": "2004351:ibucho",
                        "attributes": {
                            "etag": "W/\"1b5f3e7550d8d5f56ecf2017cd5b46e5f52022f8dd198e076d8c2413ae4bb84b\"",
                            "id": "2004351:ibucho",
                            "role": "member",
                            "team_id": "2004351",
                            "username": "ibucho"
                        },
                        "meta": {},
                        "tainted": false
                    },
                    "deposed": [],
                    "provider": "provider.github"
                },
                "github_team_membership.ictsc4-kayo-tozaki": {
                    "type": "github_team_membership",
                    "depends_on": [
                        "github_membership.kayo-tozaki",
                        "github_team.ictsc4"
                    ],
                    "primary": {
                        "id": "2004351:kayo-tozaki",
                        "attributes": {
                            "etag": "W/\"2c00c3082108fdd65c228957871789c337706d544d2cd629a9ac9794c702909d\"",
                            "id": "2004351:kayo-tozaki",
                            "role": "member",
                            "team_id": "2004351",
                            "username": "kayo-tozaki"
                        },
                        "meta": {},
                        "tainted": false
                    },
                    "deposed": [],
                    "provider": "provider.github"
                },
                "github_team_membership.ictsc4-keisukearakawa": {
                    "type": "github_team_membership",
                    "depends_on": [
                        "github_membership.keisukearakawa",
                        "github_team.ictsc4"
                    ],
                    "primary": {
                        "id": "2004351:keisukearakawa",
                        "attributes": {
                            "etag": "W/\"89f77f35af54fb7d43de003306cf906c0e79e686b8a1f5b7dd520616c960455d\"",
                            "id": "2004351:keisukearakawa",
                            "role": "member",
                            "team_id": "2004351",
                            "username": "keisukearakawa"
                        },
                        "meta": {},
                        "tainted": false
                    },
                    "deposed": [],
                    "provider": "provider.github"
                },
                "github_team_membership.ictsc4-kurochan": {
                    "type": "github_team_membership",
                    "depends_on": [
                        "github_membership.kurochan",
                        "github_team.ictsc4"
                    ],
                    "primary": {
                        "id": "2004351:kurochan",
                        "attributes": {
                            "etag": "W/\"eb75d566db40fe2f520b4b29568ebf7ba64ba0156f4a9d28044b810bb1406494\"",
                            "id": "2004351:kurochan",
                            "role": "member",
                            "team_id": "2004351",
                            "username": "kurochan"
                        },
                        "meta": {},
                        "tainted": false
                    },
                    "deposed": [],
                    "provider": "provider.github"
                },
                "github_team_membership.ictsc4-mbook-x86": {
                    "type": "github_team_membership",
                    "depends_on": [
                        "github_membership.mbook-x86",
                        "github_team.ictsc4"
                    ],
                    "primary": {
                        "id": "2004351:mbook-x86",
                        "attributes": {
                            "etag": "W/\"7b7306c8c6110cba99534d4b8802d077a6bad31839947d562b555bcd590b1092\"",
                            "id": "2004351:mbook-x86",
                            "role": "member",
                            "team_id": "2004351",
                            "username": "mbook-x86"
                        },
                        "meta": {},
                        "tainted": false
                    },
                    "deposed": [],
                    "provider": "provider.github"
                },
                "github_team_membership.ictsc4-netmarkjp": {
                    "type": "github_team_membership",
                    "depends_on": [
                        "github_membership.netmarkjp",
                        "github_team.ictsc4"
                    ],
                    "primary": {
                        "id": "2004351:netmarkjp",
                        "attributes": {
                            "etag": "W/\"bf961bd2228baa435c7827ac7f98206898cc9d2af21a3a40788556bfd4b7756f\"",
                            "id": "2004351:netmarkjp",
                            "role": "member",
                            "team_id": "2004351",
                            "username": "netmarkjp"
                        },
                        "meta": {},
                        "tainted": false
                    },
                    "deposed": [],
                    "provider": "provider.github"
                },
                "github_team_membership.ictsc4-staybuzz": {
                    "type": "github_team_membership",
                    "depends_on": [
                        "github_membership.staybuzz",
                        "github_team.ictsc4"
                    ],
                    "primary": {
                        "id": "2004351:staybuzz",
                        "attributes": {
                            "etag": "W/\"66f7314056dea038a3498ea32d928da99ba17391b1155248af2f5afeb23386f7\"",
                            "id": "2004351:staybuzz",
                            "role": "member",
                            "team_id": "2004351",
                            "username": "staybuzz"
                        },
                        "meta": {},
                        "tainted": false
                    },
                    "deposed": [],
                    "provider": "provider.github"
                },
                "github_team_membership.ictsc4-suzutan": {
                    "type": "github_team_membership",
                    "depends_on": [
                        "github_membership.suzutan",
                        "github_team.ictsc4"
                    ],
                    "primary": {
                        "id": "2004351:suzutan",
                        "attributes": {
                            "etag": "W/\"8258bf17fd64b82433d65f64e7243f282b55c6367b17d4ef5175853670b4c7a9\"",
                            "id": "2004351:suzutan",
                            "role": "member",
                            "team_id": "2004351",
                            "username": "suzutan"
                        },
                        "meta": {},
                        "tainted": false
                    },
                    "deposed": [],
                    "provider": "provider.github"
                },
                "github_team_membership.ictsc4-whywaita": {
                    "type": "github_team_membership",
                    "depends_on": [
                        "github_membership.whywaita",
                        "github_team.ictsc4"
                    ],
                    "primary": {
                        "id": "2004351:whywaita",
                        "attributes": {
                            "etag": "W/\"cb6c460bca9e5e06a2d301e0180dcd4b09cadab93c417536f313f888c950a975\"",
                            "id": "2004351:whywaita",
                            "role": "member",
                            "team_id": "2004351",
                            "username": "whywaita"
                        },
                        "meta": {},
                        "tainted": false
                    },
                    "deposed": [],
                    "provider": "provider.github"
                },
                "github_team_membership.ictsc4-yatuhashi": {
                    "type": "github_team_membership",
                    "depends_on": [
                        "github_membership.yatuhashi",
                        "github_team.ictsc4"
                    ],
                    "primary": {
                        "id": "2004351:yatuhashi",
                        "attributes": {
                            "etag": "W/\"d728bcb73b53aa28d8239757a1910f56c5bb22b5446477d250a5a20391dbe4a3\"",
                            "id": "2004351:yatuhashi",
                            "role": "member",
                            "team_id": "2004351",
                            "username": "yatuhashi"
                        },
                        "meta": {},
                        "tainted": false
                    },
                    "deposed": [],
                    "provider": "provider.github"
                },
                "github_team_membership.ictsc4-yo-taro": {
                    "type": "github_team_membership",
                    "depends_on": [
                        "github_membership.yo-taro",
                        "github_team.ictsc4"
                    ],
                    "primary": {
                        "id": "2004351:yo-taro",
                        "attributes": {
                            "etag": "W/\"f75a247a3b9e098c8b03d05c3678c0f9ed7fcc154a4110d922fab25c8513d0da\"",
                            "id": "2004351:yo-taro",
                            "role": "member",
                            "team_id": "2004351",
                            "username": "yo-taro"
                        },
                        "meta": {},
                        "tainted": false
                    },
                    "deposed": [],
                    "provider": "provider.github"
                },
                "github_team_membership.ictsc5-aoi96": {
                    "type": "github_team_membership",
                    "depends_on": [
                        "github_membership.aoi96",
                        "github_team.ictsc5"
                    ],
                    "primary": {
                        "id": "2004352:aoi96",
                        "attributes": {
                            "etag": "W/\"b99787d3f8eb706eb6d88b802fc7783ad01b5e8ea2802972941b1d5b7b88d5f0\"",
                            "id": "2004352:aoi96",
                            "role": "member",
                            "team_id": "2004352",
                            "username": "aoi96"
                        },
                        "meta": {},
                        "tainted": false
                    },
                    "deposed": [],
                    "provider": "provider.github"
                },
                "github_team_membership.ictsc5-asdfec": {
                    "type": "github_team_membership",
                    "depends_on": [
                        "github_membership.asdfec",
                        "github_team.ictsc5"
                    ],
                    "primary": {
                        "id": "2004352:asdfec",
                        "attributes": {
                            "etag": "W/\"02972fb4031198e5e0c248733228894c4ba708f8fec8f7df6b59eb0bc91e377e\"",
                            "id": "2004352:asdfec",
                            "role": "member",
                            "team_id": "2004352",
                            "username": "asdfec"
                        },
                        "meta": {},
                        "tainted": false
                    },
                    "deposed": [],
                    "provider": "provider.github"
                },
                "github_team_membership.ictsc5-chamaharun": {
                    "type": "github_team_membership",
                    "depends_on": [
                        "github_membership.chamaharun",
                        "github_team.ictsc5"
                    ],
                    "primary": {
                        "id": "2004352:chamaharun",
                        "attributes": {
                            "etag": "W/\"b0ff45d9f5ac5029559639ad95e262f0ea6599807934724c89ce9765ea7ecdcc\"",
                            "id": "2004352:chamaharun",
                            "role": "member",
                            "team_id": "2004352",
                            "username": "chamaharun"
                        },
                        "meta": {},
                        "tainted": false
                    },
                    "deposed": [],
                    "provider": "provider.github"
                },
                "github_team_membership.ictsc5-chibiegg": {
                    "type": "github_team_membership",
                    "depends_on": [
                        "github_membership.chibiegg",
                        "github_team.ictsc5"
                    ],
                    "primary": {
                        "id": "2004352:chibiegg",
                        "attributes": {
                            "etag": "W/\"52e0d0dadfaefd3e24fd69756d162d657ae6a6de9c60c5b31ce527d60fa54143\"",
                            "id": "2004352:chibiegg",
                            "role": "member",
                            "team_id": "2004352",
                            "username": "chibiegg"
                        },
                        "meta": {},
                        "tainted": false
                    },
                    "deposed": [],
                    "provider": "provider.github"
                },
                "github_team_membership.ictsc5-guragusan": {
                    "type": "github_team_membership",
                    "depends_on": [
                        "github_membership.guragusan",
                        "github_team.ictsc5"
                    ],
                    "primary": {
                        "id": "2004352:guragusan",
                        "attributes": {
                            "etag": "W/\"03be133ad0b5dec1e1e0ec957cb421d0c507c9cb7bbbbf811e82fad777b04aa4\"",
                            "id": "2004352:guragusan",
                            "role": "member",
                            "team_id": "2004352",
                            "username": "guragusan"
                        },
                        "meta": {},
                        "tainted": false
                    },
                    "deposed": [],
                    "provider": "provider.github"
                },
                "github_team_membership.ictsc5-ibucho": {
                    "type": "github_team_membership",
                    "depends_on": [
                        "github_membership.ibucho",
                        "github_team.ictsc5"
                    ],
                    "primary": {
                        "id": "2004352:ibucho",
                        "attributes": {
                            "etag": "W/\"838075a52340fa7346d97cc0a3b85010ffdc9baaf9a7a26e3eda78cf235fb5cb\"",
                            "id": "2004352:ibucho",
                            "role": "member",
                            "team_id": "2004352",
                            "username": "ibucho"
                        },
                        "meta": {},
                        "tainted": false
                    },
                    "deposed": [],
                    "provider": "provider.github"
                },
                "github_team_membership.ictsc5-icchy": {
                    "type": "github_team_membership",
                    "depends_on": [
                        "github_membership.icchy",
                        "github_team.ictsc5"
                    ],
                    "primary": {
                        "id": "2004352:icchy",
                        "attributes": {
                            "etag": "W/\"db50c1f1f85261b8bf6fd0ea40a657c591e9bca632b4b90f30b83942e1ec1c2b\"",
                            "id": "2004352:icchy",
                            "role": "member",
                            "team_id": "2004352",
                            "username": "icchy"
                        },
                        "meta": {},
                        "tainted": false
                    },
                    "deposed": [],
                    "provider": "provider.github"
                },
                "github_team_membership.ictsc5-kadokusei": {
                    "type": "github_team_membership",
                    "depends_on": [
                        "github_membership.kadokusei",
                        "github_team.ictsc5"
                    ],
                    "primary": {
                        "id": "2004352:kadokusei",
                        "attributes": {
                            "etag": "W/\"87f91b59ca33bf403799974e1ae91602e99ac488e3c9b836711306a3ef6d41e6\"",
                            "id": "2004352:kadokusei",
                            "role": "member",
                            "team_id": "2004352",
                            "username": "kadokusei"
                        },
                        "meta": {},
                        "tainted": false
                    },
                    "deposed": [],
                    "provider": "provider.github"
                },
                "github_team_membership.ictsc5-kayo-tozaki": {
                    "type": "github_team_membership",
                    "depends_on": [
                        "github_membership.kayo-tozaki",
                        "github_team.ictsc5"
                    ],
                    "primary": {
                        "id": "2004352:kayo-tozaki",
                        "attributes": {
                            "etag": "W/\"0dfef29c85207d381ead169d240dbc395712a9a08ee666b94c06e32e2615faf9\"",
                            "id": "2004352:kayo-tozaki",
                            "role": "member",
                            "team_id": "2004352",
                            "username": "kayo-tozaki"
                        },
                        "meta": {},
                        "tainted": false
                    },
                    "deposed": [],
                    "provider": "provider.github"
                },
                "github_team_membership.ictsc5-keisukearakawa": {
                    "type": "github_team_membership",
                    "depends_on": [
                        "github_membership.keisukearakawa",
                        "github_team.ictsc5"
                    ],
                    "primary": {
                        "id": "2004352:keisukearakawa",
                        "attributes": {
                            "etag": "W/\"3f52604720654fe28646301e30fc6399478524393e7d12517b66a82423e82cb0\"",
                            "id": "2004352:keisukearakawa",
                            "role": "member",
                            "team_id": "2004352",
                            "username": "keisukearakawa"
                        },
                        "meta": {},
                        "tainted": false
                    },
                    "deposed": [],
                    "provider": "provider.github"
                },
                "github_team_membership.ictsc5-kurochan": {
                    "type": "github_team_membership",
                    "depends_on": [
                        "github_membership.kurochan",
                        "github_team.ictsc5"
                    ],
                    "primary": {
                        "id": "2004352:kurochan",
                        "attributes": {
                            "etag": "W/\"b060716bf8a955c9a7c3d629a8b35dccb648f5baf63eb14228ab2e019b9e6352\"",
                            "id": "2004352:kurochan",
                            "role": "member",
                            "team_id": "2004352",
                            "username": "kurochan"
                        },
                        "meta": {},
                        "tainted": false
                    },
                    "deposed": [],
                    "provider": "provider.github"
                },
                "github_team_membership.ictsc5-kyoko0514": {
                    "type": "github_team_membership",
                    "depends_on": [
                        "github_membership.kyoko0514",
                        "github_team.ictsc5"
                    ],
                    "primary": {
                        "id": "2004352:kyoko0514",
                        "attributes": {
                            "etag": "W/\"e8a0c6ecc248406e077ac33f0751b1048cb0b7c01c0e9fb69889da0540280d17\"",
                            "id": "2004352:kyoko0514",
                            "role": "member",
                            "team_id": "2004352",
                            "username": "kyoko0514"
                        },
                        "meta": {},
                        "tainted": false
                    },
                    "deposed": [],
                    "provider": "provider.github"
                },
                "github_team_membership.ictsc5-mbook-x86": {
                    "type": "github_team_membership",
                    "depends_on": [
                        "github_membership.mbook-x86",
                        "github_team.ictsc5"
                    ],
                    "primary": {
                        "id": "2004352:mbook-x86",
                        "attributes": {
                            "etag": "W/\"d99824d70ac56d1e8cde11a6ce24567c0818da8c333387d0926962f2f17136a5\"",
                            "id": "2004352:mbook-x86",
                            "role": "member",
                            "team_id": "2004352",
                            "username": "mbook-x86"
                        },
                        "meta": {},
                        "tainted": false
                    },
                    "deposed": [],
                    "provider": "provider.github"
                },
                "github_team_membership.ictsc5-miyao11": {
                    "type": "github_team_membership",
                    "depends_on": [
                        "github_membership.miyao11",
                        "github_team.ictsc5"
                    ],
                    "primary": {
                        "id": "2004352:Miyao11",
                        "attributes": {
                            "etag": "W/\"2799a95906cb518c32fa25338f3245c1ae2038b895f6d5d7516a4b2b613d5024\"",
                            "id": "2004352:Miyao11",
                            "role": "member",
                            "team_id": "2004352",
                            "username": "Miyao11"
                        },
                        "meta": {},
                        "tainted": false
                    },
                    "deposed": [],
                    "provider": "provider.github"
                },
                "github_team_membership.ictsc5-mk0913mnck": {
                    "type": "github_team_membership",
                    "depends_on": [
                        "github_membership.mk0913mnck",
                        "github_team.ictsc5"
                    ],
                    "primary": {
                        "id": "2004352:mk0913mnck",
                        "attributes": {
                            "etag": "W/\"9220f259628da7ddc91d75646269ee9280b26dc9dfdbab9abd4ef13f9785e8fb\"",
                            "id": "2004352:mk0913mnck",
                            "role": "member",
                            "team_id": "2004352",
                            "username": "mk0913mnck"
                        },
                        "meta": {},
                        "tainted": false
                    },
                    "deposed": [],
                    "provider": "provider.github"
                },
                "github_team_membership.ictsc5-netmarkjp": {
                    "type": "github_team_membership",
                    "depends_on": [
                        "github_membership.netmarkjp",
                        "github_team.ictsc5"
                    ],
                    "primary": {
                        "id": "2004352:netmarkjp",
                        "attributes": {
                            "etag": "W/\"5acd8932de8aa09b45edebae497587d45fcbda77e7b30e841d96d964560666c8\"",
                            "id": "2004352:netmarkjp",
                            "role": "member",
                            "team_id": "2004352",
                            "username": "netmarkjp"
                        },
                        "meta": {},
                        "tainted": false
                    },
                    "deposed": [],
                    "provider": "provider.github"
                },
                "github_team_membership.ictsc5-notchi590": {
                    "type": "github_team_membership",
                    "depends_on": [
                        "github_membership.notchi590",
                        "github_team.ictsc5"
                    ],
                    "primary": {
                        "id": "2004352:notchi590",
                        "attributes": {
                            "etag": "W/\"df1b061045bf94b9ab1437af8318ccc0113a7be2e55ce671a71baff86cf22ac8\"",
                            "id": "2004352:notchi590",
                            "role": "member",
                            "team_id": "2004352",
                            "username": "notchi590"
                        },
                        "meta": {},
                        "tainted": false
                    },
                    "deposed": [],
                    "provider": "provider.github"
                },
                "github_team_membership.ictsc5-palloc": {
                    "type": "github_team_membership",
                    "depends_on": [
                        "github_membership.palloc",
                        "github_team.ictsc5"
                    ],
                    "primary": {
                        "id": "2004352:palloc",
                        "attributes": {
                            "etag": "W/\"427f68c338884b87c41ca6919d9020a1a8ca37b8c2e767e0e7bd7a6fb60a0b3b\"",
                            "id": "2004352:palloc",
                            "role": "member",
                            "team_id": "2004352",
                            "username": "palloc"
                        },
                        "meta": {},
                        "tainted": false
                    },
                    "deposed": [],
                    "provider": "provider.github"
                },
                "github_team_membership.ictsc5-ronorono45": {
                    "type": "github_team_membership",
                    "depends_on": [
                        "github_membership.ronorono45",
                        "github_team.ictsc5"
                    ],
                    "primary": {
                        "id": "2004352:ronorono45",
                        "attributes": {
                            "etag": "W/\"d0dca1cc407f86afd94f9354ef0a59761cab6815e7b9883a273cb2d8e3dfd504\"",
                            "id": "2004352:ronorono45",
                            "role": "member",
                            "team_id": "2004352",
                            "username": "ronorono45"
                        },
                        "meta": {},
                        "tainted": false
                    },
                    "deposed": [],
                    "provider": "provider.github"
                },
                "github_team_membership.ictsc5-sora34": {
                    "type": "github_team_membership",
                    "depends_on": [
                        "github_membership.sora34",
                        "github_team.ictsc5"
                    ],
                    "primary": {
                        "id": "2004352:sora34",
                        "attributes": {
                            "etag": "W/\"9ef855d3a18e68f610574442790d81717b03bc02b0a1e10500e6522ff32a7fbd\"",
                            "id": "2004352:sora34",
                            "role": "member",
                            "team_id": "2004352",
                            "username": "sora34"
                        },
                        "meta": {},
                        "tainted": false
                    },
                    "deposed": [],
                    "provider": "provider.github"
                },
                "github_team_membership.ictsc5-staybuzz": {
                    "type": "github_team_membership",
                    "depends_on": [
                        "github_membership.staybuzz",
                        "github_team.ictsc5"
                    ],
                    "primary": {
                        "id": "2004352:staybuzz",
                        "attributes": {
                            "etag": "W/\"a151066e383d13e0a939ca462fca68d9c5c76a4231a9fb93613ce7259b374e79\"",
                            "id": "2004352:staybuzz",
                            "role": "member",
                            "team_id": "2004352",
                            "username": "staybuzz"
                        },
                        "meta": {},
                        "tainted": false
                    },
                    "deposed": [],
                    "provider": "provider.github"
                },
                "github_team_membership.ictsc5-sugiki-accelia": {
                    "type": "github_team_membership",
                    "depends_on": [
                        "github_membership.sugiki-accelia",
                        "github_team.ictsc5"
                    ],
                    "primary": {
                        "id": "2004352:sugiki-accelia",
                        "attributes": {
                            "etag": "W/\"730da54da6e8db46fbcd57463d583906e14f7bdfd1262d667cbd763ba3d9972c\"",
                            "id": "2004352:sugiki-accelia",
                            "role": "member",
                            "team_id": "2004352",
                            "username": "sugiki-accelia"
                        },
                        "meta": {},
                        "tainted": false
                    },
                    "deposed": [],
                    "provider": "provider.github"
                },
                "github_team_membership.ictsc5-sukekawa-accelia": {
                    "type": "github_team_membership",
                    "depends_on": [
                        "github_membership.sukekawa-accelia",
                        "github_team.ictsc5"
                    ],
                    "primary": {
                        "id": "2004352:sukekawa-accelia",
                        "attributes": {
                            "etag": "W/\"1e13f24438a7efffa212863bcba3e19a6df7790806ec2dda49b8c9d48c0da14c\"",
                            "id": "2004352:sukekawa-accelia",
                            "role": "member",
                            "team_id": "2004352",
                            "username": "sukekawa-accelia"
                        },
                        "meta": {},
                        "tainted": false
                    },
                    "deposed": [],
                    "provider": "provider.github"
                },
                "github_team_membership.ictsc5-suzutan": {
                    "type": "github_team_membership",
                    "depends_on": [
                        "github_membership.suzutan",
                        "github_team.ictsc5"
                    ],
                    "primary": {
                        "id": "2004352:suzutan",
                        "attributes": {
                            "etag": "W/\"0a93ca926e5b4c31bd4593c3877e8a24821d4d557b133aa93d5e1dc4a14a9eec\"",
                            "id": "2004352:suzutan",
                            "role": "member",
                            "team_id": "2004352",
                            "username": "suzutan"
                        },
                        "meta": {},
                        "tainted": false
                    },
                    "deposed": [],
                    "provider": "provider.github"
                },
                "github_team_membership.ictsc5-takes3": {
                    "type": "github_team_membership",
                    "depends_on": [
                        "github_membership.takes3",
                        "github_team.ictsc5"
                    ],
                    "primary": {
                        "id": "2004352:takes3",
                        "attributes": {
                            "etag": "W/\"49b3b4192ab41cd7293cce7adb6cb1751174ce6f81c708e70a626f667ff8d45a\"",
                            "id": "2004352:takes3",
                            "role": "member",
                            "team_id": "2004352",
                            "username": "takes3"
                        },
                        "meta": {},
                        "tainted": false
                    },
                    "deposed": [],
                    "provider": "provider.github"
                },
                "github_team_membership.ictsc5-whywaita": {
                    "type": "github_team_membership",
                    "depends_on": [
                        "github_membership.whywaita",
                        "github_team.ictsc5"
                    ],
                    "primary": {
                        "id": "2004352:whywaita",
                        "attributes": {
                            "etag": "W/\"035589d79f97de674e898786d7043b70abf839980b137d6819a578cf6dc335bf\"",
                            "id": "2004352:whywaita",
                            "role": "member",
                            "team_id": "2004352",
                            "username": "whywaita"
                        },
                        "meta": {},
                        "tainted": false
                    },
                    "deposed": [],
                    "provider": "provider.github"
                },
                "github_team_membership.ictsc5-y-monma": {
                    "type": "github_team_membership",
                    "depends_on": [
                        "github_membership.y-monma",
                        "github_team.ictsc5"
                    ],
                    "primary": {
                        "id": "2004352:y-monma",
                        "attributes": {
                            "etag": "W/\"6ea021e8a37b97b764f078d4245b08c8ef340488286064d33307445a7e479668\"",
                            "id": "2004352:y-monma",
                            "role": "member",
                            "team_id": "2004352",
                            "username": "y-monma"
                        },
                        "meta": {},
                        "tainted": false
                    },
                    "deposed": [],
                    "provider": "provider.github"
                },
                "github_team_membership.ictsc5-yatuhashi": {
                    "type": "github_team_membership",
                    "depends_on": [
                        "github_membership.yatuhashi",
                        "github_team.ictsc5"
                    ],
                    "primary": {
                        "id": "2004352:yatuhashi",
                        "attributes": {
                            "etag": "W/\"b241e05a1a8ae0a2a204a33df083bc1a38a411ef59e0e3e78b5cd342321e9a81\"",
                            "id": "2004352:yatuhashi",
                            "role": "member",
                            "team_id": "2004352",
                            "username": "yatuhashi"
                        },
                        "meta": {},
                        "tainted": false
                    },
                    "deposed": [],
                    "provider": "provider.github"
                },
                "github_team_membership.ictsc5-yo-taro": {
                    "type": "github_team_membership",
                    "depends_on": [
                        "github_membership.yo-taro",
                        "github_team.ictsc5"
                    ],
                    "primary": {
                        "id": "2004352:yo-taro",
                        "attributes": {
                            "etag": "W/\"bfff83f29becd036c94a47ded9b69f1f9b7d61907c19ab5f508c64e8905115e4\"",
                            "id": "2004352:yo-taro",
                            "role": "member",
                            "team_id": "2004352",
                            "username": "yo-taro"
                        },
                        "meta": {},
                        "tainted": false
                    },
                    "deposed": [],
                    "provider": "provider.github"
                },
                "github_team_membership.ictsc6-a-r-g-v": {
                    "type": "github_team_membership",
                    "depends_on": [
                        "github_membership.a-r-g-v",
                        "github_team.ictsc6"
                    ],
                    "primary": {
                        "id": "2004355:a-r-g-v",
                        "attributes": {
                            "etag": "W/\"d66467b9c18083f44ecd630bf93bf43c38077905f5dd287c0f593c85eff88ca0\"",
                            "id": "2004355:a-r-g-v",
                            "role": "member",
                            "team_id": "2004355",
                            "username": "a-r-g-v"
                        },
                        "meta": {},
                        "tainted": false
                    },
                    "deposed": [],
                    "provider": "provider.github"
                },
                "github_team_membership.ictsc6-aoi96": {
                    "type": "github_team_membership",
                    "depends_on": [
                        "github_membership.aoi96",
                        "github_team.ictsc6"
                    ],
                    "primary": {
                        "id": "2004355:aoi96",
                        "attributes": {
                            "etag": "W/\"7607f15f3256d28d53bc0822bd60b834aa0fc75607d9e44b30647e098c8cdb4e\"",
                            "id": "2004355:aoi96",
                            "role": "member",
                            "team_id": "2004355",
                            "username": "aoi96"
                        },
                        "meta": {},
                        "tainted": false
                    },
                    "deposed": [],
                    "provider": "provider.github"
                },
                "github_team_membership.ictsc6-asarijiru": {
                    "type": "github_team_membership",
                    "depends_on": [
                        "github_membership.asarijiru",
                        "github_team.ictsc6"
                    ],
                    "primary": {
                        "id": "2004355:asarijiru",
                        "attributes": {
                            "etag": "W/\"da81a2e84332471e5874aff455e7237806b5c38ee4d54808cd9031736e16dce1\"",
                            "id": "2004355:asarijiru",
                            "role": "member",
                            "team_id": "2004355",
                            "username": "asarijiru"
                        },
                        "meta": {},
                        "tainted": false
                    },
                    "deposed": [],
                    "provider": "provider.github"
                },
                "github_team_membership.ictsc6-asdfec": {
                    "type": "github_team_membership",
                    "depends_on": [
                        "github_membership.asdfec",
                        "github_team.ictsc6"
                    ],
                    "primary": {
                        "id": "2004355:asdfec",
                        "attributes": {
                            "etag": "W/\"e3e4f4a959ee3ac6def3df66b80808ac96e4837de4485031326638776598b9ff\"",
                            "id": "2004355:asdfec",
                            "role": "member",
                            "team_id": "2004355",
                            "username": "asdfec"
                        },
                        "meta": {},
                        "tainted": false
                    },
                    "deposed": [],
                    "provider": "provider.github"
                },
                "github_team_membership.ictsc6-chalkygames123": {
                    "type": "github_team_membership",
                    "depends_on": [
                        "github_membership.chalkygames123",
                        "github_team.ictsc6"
                    ],
                    "primary": {
                        "id": "2004355:chalkygames123",
                        "attributes": {
                            "etag": "W/\"4a3ff598dd9b308fce85bbc55d049fb259dea47dd50005db901120d57e7649cc\"",
                            "id": "2004355:chalkygames123",
                            "role": "member",
                            "team_id": "2004355",
                            "username": "chalkygames123"
                        },
                        "meta": {},
                        "tainted": false
                    },
                    "deposed": [],
                    "provider": "provider.github"
                },
                "github_team_membership.ictsc6-guragusan": {
                    "type": "github_team_membership",
                    "depends_on": [
                        "github_membership.guragusan",
                        "github_team.ictsc6"
                    ],
                    "primary": {
                        "id": "2004355:guragusan",
                        "attributes": {
                            "etag": "W/\"a0c0daa9be10f5524ad09c0690d9d676709111541b30ff28e91897c4b453bf9d\"",
                            "id": "2004355:guragusan",
                            "role": "member",
                            "team_id": "2004355",
                            "username": "guragusan"
                        },
                        "meta": {},
                        "tainted": false
                    },
                    "deposed": [],
                    "provider": "provider.github"
                },
                "github_team_membership.ictsc6-h-otter": {
                    "type": "github_team_membership",
                    "depends_on": [
                        "github_membership.h-otter",
                        "github_team.ictsc6"
                    ],
                    "primary": {
                        "id": "2004355:h-otter",
                        "attributes": {
                            "etag": "W/\"9191a08e75b9ed1e46da4e695b0a5bc539c14937be12902f44f0aff85ba23ace\"",
                            "id": "2004355:h-otter",
                            "role": "member",
                            "team_id": "2004355",
                            "username": "h-otter"
                        },
                        "meta": {},
                        "tainted": false
                    },
                    "deposed": [],
                    "provider": "provider.github"
                },
                "github_team_membership.ictsc6-ibucho": {
                    "type": "github_team_membership",
                    "depends_on": [
                        "github_membership.ibucho",
                        "github_team.ictsc6"
                    ],
                    "primary": {
                        "id": "2004355:ibucho",
                        "attributes": {
                            "etag": "W/\"10ba7e447ad72d9d75a54629530c8c4f1f6569a824d26e26c32050f355c17138\"",
                            "id": "2004355:ibucho",
                            "role": "member",
                            "team_id": "2004355",
                            "username": "ibucho"
                        },
                        "meta": {},
                        "tainted": false
                    },
                    "deposed": [],
                    "provider": "provider.github"
                },
                "github_team_membership.ictsc6-int-tt": {
                    "type": "github_team_membership",
                    "depends_on": [
                        "github_membership.int-tt",
                        "github_team.ictsc6"
                    ],
                    "primary": {
                        "id": "2004355:int-tt",
                        "attributes": {
                            "etag": "W/\"206c731e0eadcefea68adb7c29e3c0b0401c103fbb0813f98854f34b5ef96888\"",
                            "id": "2004355:int-tt",
                            "role": "member",
                            "team_id": "2004355",
                            "username": "int-tt"
                        },
                        "meta": {},
                        "tainted": false
                    },
                    "deposed": [],
                    "provider": "provider.github"
                },
                "github_team_membership.ictsc6-kamijin-fanta": {
                    "type": "github_team_membership",
                    "depends_on": [
                        "github_membership.kamijin-fanta",
                        "github_team.ictsc6"
                    ],
                    "primary": {
                        "id": "2004355:kamijin-fanta",
                        "attributes": {
                            "etag": "W/\"2d5f0b596c889addeb2b0b2ab8e35d40dac6fb7bc03e0619ed5153b185cff889\"",
                            "id": "2004355:kamijin-fanta",
                            "role": "member",
                            "team_id": "2004355",
                            "username": "kamijin-fanta"
                        },
                        "meta": {},
                        "tainted": false
                    },
                    "deposed": [],
                    "provider": "provider.github"
                },
                "github_team_membership.ictsc6-kurochan": {
                    "type": "github_team_membership",
                    "depends_on": [
                        "github_membership.kurochan",
                        "github_team.ictsc6"
                    ],
                    "primary": {
                        "id": "2004355:kurochan",
                        "attributes": {
                            "etag": "W/\"980da5ba9330b00f70c7c3014d20532b336ce04377c41a9d9508ff52179ba792\"",
                            "id": "2004355:kurochan",
                            "role": "member",
                            "team_id": "2004355",
                            "username": "kurochan"
                        },
                        "meta": {},
                        "tainted": false
                    },
                    "deposed": [],
                    "provider": "provider.github"
                },
                "github_team_membership.ictsc6-kyoko0514": {
                    "type": "github_team_membership",
                    "depends_on": [
                        "github_membership.kyoko0514",
                        "github_team.ictsc6"
                    ],
                    "primary": {
                        "id": "2004355:kyoko0514",
                        "attributes": {
                            "etag": "W/\"bba29a123002857cdbdf4f0231ebacd706acd2b96b4301f4feaa2e67e06d45fe\"",
                            "id": "2004355:kyoko0514",
                            "role": "member",
                            "team_id": "2004355",
                            "username": "kyoko0514"
                        },
                        "meta": {},
                        "tainted": false
                    },
                    "deposed": [],
                    "provider": "provider.github"
                },
                "github_team_membership.ictsc6-kyontan": {
                    "type": "github_team_membership",
                    "depends_on": [
                        "github_membership.kyontan",
                        "github_team.ictsc6"
                    ],
                    "primary": {
                        "id": "2004355:kyontan",
                        "attributes": {
                            "etag": "W/\"d03dcfbca26007ff287e7cd57ec1c35c646bbdad2331c0c781ba89787409ddac\"",
                            "id": "2004355:kyontan",
                            "role": "member",
                            "team_id": "2004355",
                            "username": "kyontan"
                        },
                        "meta": {},
                        "tainted": false
                    },
                    "deposed": [],
                    "provider": "provider.github"
                },
                "github_team_membership.ictsc6-miyao11": {
                    "type": "github_team_membership",
                    "depends_on": [
                        "github_membership.miyao11",
                        "github_team.ictsc6"
                    ],
                    "primary": {
                        "id": "2004355:Miyao11",
                        "attributes": {
                            "etag": "W/\"5cd6ea6fe1c8b2669c424cee2eb00203ba44e1777f51b1f38895255aca81b824\"",
                            "id": "2004355:Miyao11",
                            "role": "member",
                            "team_id": "2004355",
                            "username": "Miyao11"
                        },
                        "meta": {},
                        "tainted": false
                    },
                    "deposed": [],
                    "provider": "provider.github"
                },
                "github_team_membership.ictsc6-netmarkjp": {
                    "type": "github_team_membership",
                    "depends_on": [
                        "github_membership.netmarkjp",
                        "github_team.ictsc6"
                    ],
                    "primary": {
                        "id": "2004355:netmarkjp",
                        "attributes": {
                            "etag": "W/\"d9676b005ee43c8e8f2a1179550f3791d1bcb306483309b2a076097a64787c08\"",
                            "id": "2004355:netmarkjp",
                            "role": "member",
                            "team_id": "2004355",
                            "username": "netmarkjp"
                        },
                        "meta": {},
                        "tainted": false
                    },
                    "deposed": [],
                    "provider": "provider.github"
                },
                "github_team_membership.ictsc6-notchi590": {
                    "type": "github_team_membership",
                    "depends_on": [
                        "github_membership.notchi590",
                        "github_team.ictsc6"
                    ],
                    "primary": {
                        "id": "2004355:notchi590",
                        "attributes": {
                            "etag": "W/\"8efb359644414015abaf36312e918398ff149382269171f377563d46fba3c944\"",
                            "id": "2004355:notchi590",
                            "role": "member",
                            "team_id": "2004355",
                            "username": "notchi590"
                        },
                        "meta": {},
                        "tainted": false
                    },
                    "deposed": [],
                    "provider": "provider.github"
                },
                "github_team_membership.ictsc6-palloc": {
                    "type": "github_team_membership",
                    "depends_on": [
                        "github_membership.palloc",
                        "github_team.ictsc6"
                    ],
                    "primary": {
                        "id": "2004355:palloc",
                        "attributes": {
                            "etag": "W/\"f409ea0b99e4a58cde9216ea98a469d6b6fb4f4c43a2cb282202011087fb177d\"",
                            "id": "2004355:palloc",
                            "role": "member",
                            "team_id": "2004355",
                            "username": "palloc"
                        },
                        "meta": {},
                        "tainted": false
                    },
                    "deposed": [],
                    "provider": "provider.github"
                },
                "github_team_membership.ictsc6-suzuek": {
                    "type": "github_team_membership",
                    "depends_on": [
                        "github_membership.suzuek",
                        "github_team.ictsc6"
                    ],
                    "primary": {
                        "id": "2004355:SuzueK",
                        "attributes": {
                            "etag": "W/\"38a93fdc47ad25c0a23d462569baaca32de36b80db32af81a6d3e82cf253949e\"",
                            "id": "2004355:SuzueK",
                            "role": "member",
                            "team_id": "2004355",
                            "username": "SuzueK"
                        },
                        "meta": {},
                        "tainted": false
                    },
                    "deposed": [],
                    "provider": "provider.github"
                },
                "github_team_membership.ictsc6-suzutan": {
                    "type": "github_team_membership",
                    "depends_on": [
                        "github_membership.suzutan",
                        "github_team.ictsc6"
                    ],
                    "primary": {
                        "id": "2004355:suzutan",
                        "attributes": {
                            "etag": "W/\"67e389d35514013986c7544138e383ce725d56ec9f9555cf64cc02a7b4cb5750\"",
                            "id": "2004355:suzutan",
                            "role": "member",
                            "team_id": "2004355",
                            "username": "suzutan"
                        },
                        "meta": {},
                        "tainted": false
                    },
                    "deposed": [],
                    "provider": "provider.github"
                },
                "github_team_membership.ictsc6-tar-xzvff": {
                    "type": "github_team_membership",
                    "depends_on": [
                        "github_membership.tar-xzvff",
                        "github_team.ictsc6"
                    ],
                    "primary": {
                        "id": "2004355:tar-xzvff",
                        "attributes": {
                            "etag": "W/\"b961ed3769455e41eff11ed64c96428b34211d1203fe483ef34139bdb7a46aff\"",
                            "id": "2004355:tar-xzvff",
                            "role": "member",
                            "team_id": "2004355",
                            "username": "tar-xzvff"
                        },
                        "meta": {},
                        "tainted": false
                    },
                    "deposed": [],
                    "provider": "provider.github"
                },
                "github_team_membership.ictsc6-y-monma": {
                    "type": "github_team_membership",
                    "depends_on": [
                        "github_membership.y-monma",
                        "github_team.ictsc6"
                    ],
                    "primary": {
                        "id": "2004355:y-monma",
                        "attributes": {
                            "etag": "W/\"4ba0ee6dcdb5b96ab0524e76de67e002e7d86a9d2dc7ef63165fbb2d5ae92eec\"",
                            "id": "2004355:y-monma",
                            "role": "member",
                            "team_id": "2004355",
                            "username": "y-monma"
                        },
                        "meta": {},
                        "tainted": false
                    },
                    "deposed": [],
                    "provider": "provider.github"
                },
                "github_team_membership.ictsc6-yo-taro": {
                    "type": "github_team_membership",
                    "depends_on": [
                        "github_membership.yo-taro",
                        "github_team.ictsc6"
                    ],
                    "primary": {
                        "id": "2004355:yo-taro",
                        "attributes": {
                            "etag": "W/\"a2c0b8d21162ec68b629f96a8c01111bb1da7db11d5081f6136475cb810e06a6\"",
                            "id": "2004355:yo-taro",
                            "role": "member",
                            "team_id": "2004355",
                            "username": "yo-taro"
                        },
                        "meta": {},
                        "tainted": false
                    },
                    "deposed": [],
                    "provider": "provider.github"
                },
                "github_team_membership.ictsc6-yuukinetwork": {
                    "type": "github_team_membership",
                    "depends_on": [
                        "github_membership.yuukinetwork",
                        "github_team.ictsc6"
                    ],
                    "primary": {
                        "id": "2004355:yuukinetwork",
                        "attributes": {
                            "etag": "W/\"e6be6fc381afe238a7f4588f5d1f2d5caeb3231ab5140406f55822c9e85c036a\"",
                            "id": "2004355:yuukinetwork",
                            "role": "member",
                            "team_id": "2004355",
                            "username": "yuukinetwork"
                        },
                        "meta": {},
                        "tainted": false
                    },
                    "deposed": [],
                    "provider": "provider.github"
                },
                "github_team_membership.ictsc7-Katsuya414": {
                    "type": "github_team_membership",
                    "depends_on": [
                        "github_membership.Katsuya414",
                        "github_team.ictsc7"
                    ],
                    "primary": {
                        "id": "2178374:Katsuya414",
                        "attributes": {
                            "etag": "W/\"a3bacc13095af74052b5499d3706db914eb3ef77414e093698a699bf43e062b2\"",
                            "id": "2178374:Katsuya414",
                            "role": "member",
                            "team_id": "2178374",
                            "username": "Katsuya414"
                        },
                        "meta": {},
                        "tainted": false
                    },
                    "deposed": [],
                    "provider": "provider.github"
                },
                "github_team_membership.ictsc7-Kurorororo": {
                    "type": "github_team_membership",
                    "depends_on": [
                        "github_membership.Kurorororo",
                        "github_team.ictsc7"
                    ],
                    "primary": {
                        "id": "2178374:Kurorororo",
                        "attributes": {
                            "etag": "W/\"fe141fca6844fc7a3663d1e8238772e4a21c70d1eaaca6efa1321c365220d0f4\"",
                            "id": "2178374:Kurorororo",
                            "role": "member",
                            "team_id": "2178374",
                            "username": "Kurorororo"
                        },
                        "meta": {},
                        "tainted": false
                    },
                    "deposed": [],
                    "provider": "provider.github"
                },
                "github_team_membership.ictsc7-alias-aria": {
                    "type": "github_team_membership",
                    "depends_on": [
                        "github_membership.alias-aria",
                        "github_team.ictsc7"
                    ],
                    "primary": {
                        "id": "2178374:alias-aria",
                        "attributes": {
                            "etag": "W/\"966d5bbeae0ddd835a4697bf7bfc06e61b971d74856c40f2b67685a59c71f339\"",
                            "id": "2178374:alias-aria",
                            "role": "member",
                            "team_id": "2178374",
                            "username": "alias-aria"
                        },
                        "meta": {},
                        "tainted": false
                    },
                    "deposed": [],
                    "provider": "provider.github"
                },
                "github_team_membership.ictsc7-alisamon": {
                    "type": "github_team_membership",
                    "depends_on": [
                        "github_membership.alisamon",
                        "github_team.ictsc7"
                    ],
                    "primary": {
                        "id": "2178374:alisamon",
                        "attributes": {
                            "etag": "W/\"72b67404dce4cc564e7fed977d9469d70146552748140e9bae457f1c1e0a3247\"",
                            "id": "2178374:alisamon",
                            "role": "member",
                            "team_id": "2178374",
                            "username": "alisamon"
                        },
                        "meta": {},
                        "tainted": false
                    },
                    "deposed": [],
                    "provider": "provider.github"
                },
                "github_team_membership.ictsc7-bosan120": {
                    "type": "github_team_membership",
                    "depends_on": [
                        "github_membership.bosan120",
                        "github_team.ictsc7"
                    ],
                    "primary": {
                        "id": "2178374:bosan120",
                        "attributes": {
                            "etag": "W/\"31a9daa8bf2b758c5a1327145b919e9786c2cc3ab0bafe97b9af91635c4d88c6\"",
                            "id": "2178374:bosan120",
                            "role": "member",
                            "team_id": "2178374",
                            "username": "bosan120"
                        },
                        "meta": {},
                        "tainted": false
                    },
                    "deposed": [],
                    "provider": "provider.github"
                },
                "github_team_membership.ictsc7-ecodrive-18": {
                    "type": "github_team_membership",
                    "depends_on": [
                        "github_membership.ecodrive-18",
                        "github_team.ictsc7"
                    ],
                    "primary": {
                        "id": "2178374:ecodrive-18",
                        "attributes": {
                            "etag": "W/\"527953a9fff1a7e90a5c080ad387dbe6b106762b05f72190b3c810fcc393dbe4\"",
                            "id": "2178374:ecodrive-18",
                            "role": "member",
                            "team_id": "2178374",
                            "username": "ecodrive-18"
                        },
                        "meta": {},
                        "tainted": false
                    },
                    "deposed": [],
                    "provider": "provider.github"
                },
                "github_team_membership.ictsc7-guragusan": {
                    "type": "github_team_membership",
                    "depends_on": [
                        "github_membership.guragusan",
                        "github_team.ictsc7"
                    ],
                    "primary": {
                        "id": "2178374:guragusan",
                        "attributes": {
                            "etag": "W/\"d3bbb9149467fdb642aa60eb844e3b1ee6bd155c7d54126c7810ee359e032d40\"",
                            "id": "2178374:guragusan",
                            "role": "member",
                            "team_id": "2178374",
                            "username": "guragusan"
                        },
                        "meta": {},
                        "tainted": false
                    },
                    "deposed": [],
                    "provider": "provider.github"
                },
                "github_team_membership.ictsc7-h-otter": {
                    "type": "github_team_membership",
                    "depends_on": [
                        "github_membership.h-otter",
                        "github_team.ictsc7"
                    ],
                    "primary": {
                        "id": "2178374:h-otter",
                        "attributes": {
                            "etag": "W/\"a9eedd8bf798f1a1253ccab0c6ca9aac9b0debc4b18cf1160afece3a74ffc0ea\"",
                            "id": "2178374:h-otter",
                            "role": "member",
                            "team_id": "2178374",
                            "username": "h-otter"
                        },
                        "meta": {},
                        "tainted": false
                    },
                    "deposed": [],
                    "provider": "provider.github"
                },
                "github_team_membership.ictsc7-if001": {
                    "type": "github_team_membership",
                    "depends_on": [
                        "github_membership.if001",
                        "github_team.ictsc7"
                    ],
                    "primary": {
                        "id": "2178374:if001",
                        "attributes": {
                            "etag": "W/\"910e9ead85c0c3fa2517681e98b503d54680de0b36f8bc2f0164743350597fb3\"",
                            "id": "2178374:if001",
                            "role": "member",
                            "team_id": "2178374",
                            "username": "if001"
                        },
                        "meta": {},
                        "tainted": false
                    },
                    "deposed": [],
                    "provider": "provider.github"
                },
                "github_team_membership.ictsc7-inuyosi": {
                    "type": "github_team_membership",
                    "depends_on": [
                        "github_membership.inuyosi",
                        "github_team.ictsc7"
                    ],
                    "primary": {
                        "id": "2178374:inuyosi",
                        "attributes": {
                            "etag": "W/\"57295d313c698bfdda39a70e73cb86f28a3c30986d5028abe6c779a72334fd56\"",
                            "id": "2178374:inuyosi",
                            "role": "member",
                            "team_id": "2178374",
                            "username": "inuyosi"
                        },
                        "meta": {},
                        "tainted": false
                    },
                    "deposed": [],
                    "provider": "provider.github"
                },
                "github_team_membership.ictsc7-kadokusei": {
                    "type": "github_team_membership",
                    "depends_on": [
                        "github_membership.kadokusei",
                        "github_team.ictsc7"
                    ],
                    "primary": {
                        "id": "2178374:kadokusei",
                        "attributes": {
                            "etag": "W/\"f7fa311c6a7d15b065ef77e01e6f07db30540acbb1a2b8ed83d0a3b9b3f3dfe6\"",
                            "id": "2178374:kadokusei",
                            "role": "member",
                            "team_id": "2178374",
                            "username": "kadokusei"
                        },
                        "meta": {},
                        "tainted": false
                    },
                    "deposed": [],
                    "provider": "provider.github"
                },
                "github_team_membership.ictsc7-kyontan": {
                    "type": "github_team_membership",
                    "depends_on": [
                        "github_membership.kyontan",
                        "github_team.ictsc7"
                    ],
                    "primary": {
                        "id": "2178374:kyontan",
                        "attributes": {
                            "etag": "W/\"08c3ee5d47f8bafc47b4038274e8493509dce49628d7189610c91331dad46a35\"",
                            "id": "2178374:kyontan",
                            "role": "member",
                            "team_id": "2178374",
                            "username": "kyontan"
                        },
                        "meta": {},
                        "tainted": false
                    },
                    "deposed": [],
                    "provider": "provider.github"
                },
                "github_team_membership.ictsc7-matsurika1226": {
                    "type": "github_team_membership",
                    "depends_on": [
                        "github_membership.matsurika1226",
                        "github_team.ictsc7"
                    ],
                    "primary": {
                        "id": "2178374:matsurika1226",
                        "attributes": {
                            "etag": "W/\"c5ac7b40e56c16be4523c5ec9c857b7f5ec7ec1ca48b3719b4d6bc91557f72e0\"",
                            "id": "2178374:matsurika1226",
                            "role": "member",
                            "team_id": "2178374",
                            "username": "matsurika1226"
                        },
                        "meta": {},
                        "tainted": false
                    },
                    "deposed": [],
                    "provider": "provider.github"
                },
                "github_team_membership.ictsc7-mbook-x86": {
                    "type": "github_team_membership",
                    "depends_on": [
                        "github_membership.mbook-x86",
                        "github_team.ictsc7"
                    ],
                    "primary": {
                        "id": "2178374:mbook-x86",
                        "attributes": {
                            "etag": "W/\"278ecd4e73546d2e972c4a2e430d99c42b8ed43e9d051ef8109a32bf9cd0dbab\"",
                            "id": "2178374:mbook-x86",
                            "role": "member",
                            "team_id": "2178374",
                            "username": "mbook-x86"
                        },
                        "meta": {},
                        "tainted": false
                    },
                    "deposed": [],
                    "provider": "provider.github"
                },
                "github_team_membership.ictsc7-naoki912": {
                    "type": "github_team_membership",
                    "depends_on": [
                        "github_membership.naoki912",
                        "github_team.ictsc7"
                    ],
                    "primary": {
                        "id": "2178374:naoki912",
                        "attributes": {
                            "etag": "W/\"b1e1b5f9ccf679a3f3ec4397fbd6ce40bea0e12e34c8a9b6c22d2ea905374b56\"",
                            "id": "2178374:naoki912",
                            "role": "member",
                            "team_id": "2178374",
                            "username": "naoki912"
                        },
                        "meta": {},
                        "tainted": false
                    },
                    "deposed": [],
                    "provider": "provider.github"
                },
                "github_team_membership.ictsc7-oomorio": {
                    "type": "github_team_membership",
                    "depends_on": [
                        "github_membership.oomorio",
                        "github_team.ictsc7"
                    ],
                    "primary": {
                        "id": "2178374:oomorio",
                        "attributes": {
                            "etag": "W/\"4c136b79bc900b22ab7707a6c71f674713c5883c302d44c5486c4aacae1ecc97\"",
                            "id": "2178374:oomorio",
                            "role": "member",
                            "team_id": "2178374",
                            "username": "oomorio"
                        },
                        "meta": {},
                        "tainted": false
                    },
                    "deposed": [],
                    "provider": "provider.github"
                },
                "github_team_membership.ictsc7-palloc": {
                    "type": "github_team_membership",
                    "depends_on": [
                        "github_membership.palloc",
                        "github_team.ictsc7"
                    ],
                    "primary": {
                        "id": "2178374:palloc",
                        "attributes": {
                            "etag": "W/\"bfcb45cb3d59394471bb66bdbc1789586f7d62e1c2915fd8c0c421f8e67d6b3b\"",
                            "id": "2178374:palloc",
                            "role": "member",
                            "team_id": "2178374",
                            "username": "palloc"
                        },
                        "meta": {},
                        "tainted": false
                    },
                    "deposed": [],
                    "provider": "provider.github"
                },
                "github_team_membership.ictsc7-suzutan": {
                    "type": "github_team_membership",
                    "depends_on": [
                        "github_membership.suzutan",
                        "github_team.ictsc7"
                    ],
                    "primary": {
                        "id": "2178374:suzutan",
                        "attributes": {
                            "etag": "W/\"d70e0811f14ecf68bfd3fbbaaec3349d5f295a592c90fa265be0f172340d3314\"",
                            "id": "2178374:suzutan",
                            "role": "member",
                            "team_id": "2178374",
                            "username": "suzutan"
                        },
                        "meta": {},
                        "tainted": false
                    },
                    "deposed": [],
                    "provider": "provider.github"
                },
                "github_team_membership.ictsc7-yaminoma": {
                    "type": "github_team_membership",
                    "depends_on": [
                        "github_membership.yaminoma",
                        "github_team.ictsc7"
                    ],
                    "primary": {
                        "id": "2178374:yaminoma",
                        "attributes": {
                            "etag": "W/\"421890124a1415171323b7fd50dbffac9a2b5e5c553fac151754937a4f1a6b24\"",
                            "id": "2178374:yaminoma",
                            "role": "member",
                            "team_id": "2178374",
                            "username": "yaminoma"
                        },
                        "meta": {},
                        "tainted": false
                    },
                    "deposed": [],
                    "provider": "provider.github"
                },
                "github_team_membership.ictsc7-yatuhashi": {
                    "type": "github_team_membership",
                    "depends_on": [
                        "github_membership.yatuhashi",
                        "github_team.ictsc7"
                    ],
                    "primary": {
                        "id": "2178374:yatuhashi",
                        "attributes": {
                            "etag": "W/\"484e5a06f333bfbeea566ceae35aca3d5784547a3a6475c5ad706099e5dd32ec\"",
                            "id": "2178374:yatuhashi",
                            "role": "member",
                            "team_id": "2178374",
                            "username": "yatuhashi"
                        },
                        "meta": {},
                        "tainted": false
                    },
                    "deposed": [],
                    "provider": "provider.github"
                },
                "github_team_membership.ictsc7-yuukinetwork": {
                    "type": "github_team_membership",
                    "depends_on": [
                        "github_membership.yuukinetwork",
                        "github_team.ictsc7"
                    ],
                    "primary": {
                        "id": "2178374:yuukinetwork",
                        "attributes": {
                            "etag": "W/\"c1706bf6b57341213d25bba7d51cc23aefa32be1ac5390d483d689ba5b9e86ca\"",
                            "id": "2178374:yuukinetwork",
                            "role": "member",
                            "team_id": "2178374",
                            "username": "yuukinetwork"
                        },
                        "meta": {},
                        "tainted": false
                    },
                    "deposed": [],
                    "provider": "provider.github"
                },
                "github_team_membership.ictsc8-Azusa72": {
                    "type": "github_team_membership",
                    "depends_on": [
                        "github_membership.Azusa72",
                        "github_team.ictsc8"
                    ],
                    "primary": {
                        "id": "2341229:Azusa72",
                        "attributes": {
                            "etag": "W/\"75ed589f264afd7531cb4285295e39dbdbe875d299608ee61748bcd6cebe87e7\"",
                            "id": "2341229:Azusa72",
                            "role": "member",
                            "team_id": "2341229",
                            "username": "Azusa72"
                        },
                        "meta": {},
                        "tainted": false
                    },
                    "deposed": [],
                    "provider": "provider.github"
                },
                "github_team_membership.ictsc8-Katsuya414": {
                    "type": "github_team_membership",
                    "depends_on": [
                        "github_membership.Katsuya414",
                        "github_team.ictsc8"
                    ],
                    "primary": {
                        "id": "2341229:Katsuya414",
                        "attributes": {
                            "etag": "W/\"923061681de48a16404659f3594ac2df355210c6d236543ff586efc1781e39a6\"",
                            "id": "2341229:Katsuya414",
                            "role": "member",
                            "team_id": "2341229",
                            "username": "Katsuya414"
                        },
                        "meta": {},
                        "tainted": false
                    },
                    "deposed": [],
                    "provider": "provider.github"
                },
                "github_team_membership.ictsc8-Kurorororo": {
                    "type": "github_team_membership",
                    "depends_on": [
                        "github_membership.Kurorororo",
                        "github_team.ictsc8"
                    ],
                    "primary": {
                        "id": "2341229:Kurorororo",
                        "attributes": {
                            "etag": "W/\"c72cf285689ccded93f5a8f4a9a41fe63b13f60ae13bcc63751c293611c52e78\"",
                            "id": "2341229:Kurorororo",
                            "role": "member",
                            "team_id": "2341229",
                            "username": "Kurorororo"
                        },
                        "meta": {},
                        "tainted": false
                    },
                    "deposed": [],
                    "provider": "provider.github"
                },
                "github_team_membership.ictsc8-alias-aria": {
                    "type": "github_team_membership",
                    "depends_on": [
                        "github_membership.alias-aria",
                        "github_team.ictsc8"
                    ],
                    "primary": {
                        "id": "2341229:alias-aria",
                        "attributes": {
                            "etag": "W/\"0be937c2a6270b7b146ce77a4589c9798f49550f56d064e42bb4316862e2f535\"",
                            "id": "2341229:alias-aria",
                            "role": "member",
                            "team_id": "2341229",
                            "username": "alias-aria"
                        },
                        "meta": {},
                        "tainted": false
                    },
                    "deposed": [],
                    "provider": "provider.github"
                },
                "github_team_membership.ictsc8-alisamon": {
                    "type": "github_team_membership",
                    "depends_on": [
                        "github_membership.alisamon",
                        "github_team.ictsc8"
                    ],
                    "primary": {
                        "id": "2341229:alisamon",
                        "attributes": {
                            "etag": "W/\"5d3f3b54b3345bc243369ce35a3d3a96872a208ffcd27ab89f36b6a3cee3effd\"",
                            "id": "2341229:alisamon",
                            "role": "member",
                            "team_id": "2341229",
                            "username": "alisamon"
                        },
                        "meta": {},
                        "tainted": false
                    },
                    "deposed": [],
                    "provider": "provider.github"
                },
                "github_team_membership.ictsc8-aoi96": {
                    "type": "github_team_membership",
                    "depends_on": [
                        "github_membership.aoi96",
                        "github_team.ictsc8"
                    ],
                    "primary": {
                        "id": "2341229:aoi96",
                        "attributes": {
                            "etag": "W/\"3f73eb951615cb44000d82dc4493acc2785a6bfc0979a1e5f414f070a55cca70\"",
                            "id": "2341229:aoi96",
                            "role": "member",
                            "team_id": "2341229",
                            "username": "aoi96"
                        },
                        "meta": {},
                        "tainted": false
                    },
                    "deposed": [],
                    "provider": "provider.github"
                },
                "github_team_membership.ictsc8-bosan120": {
                    "type": "github_team_membership",
                    "depends_on": [
                        "github_membership.bosan120",
                        "github_team.ictsc8"
                    ],
                    "primary": {
                        "id": "2341229:bosan120",
                        "attributes": {
                            "etag": "W/\"16900464870003e81b7730d6a33fb5f781252e3d98e104b04b05a1705b528c08\"",
                            "id": "2341229:bosan120",
                            "role": "member",
                            "team_id": "2341229",
                            "username": "bosan120"
                        },
                        "meta": {},
                        "tainted": false
                    },
                    "deposed": [],
                    "provider": "provider.github"
                },
                "github_team_membership.ictsc8-chisaton1": {
                    "type": "github_team_membership",
                    "depends_on": [
                        "github_membership.chisaton1",
                        "github_team.ictsc8"
                    ],
                    "primary": {
                        "id": "2341229:chisaton1",
                        "attributes": {
                            "etag": "W/\"21dda1bb74b69896d6aaad1d352ca20530effc733583ebeffedc3775045b4b85\"",
                            "id": "2341229:chisaton1",
                            "role": "member",
                            "team_id": "2341229",
                            "username": "chisaton1"
                        },
                        "meta": {},
                        "tainted": false
                    },
                    "deposed": [],
                    "provider": "provider.github"
                },
                "github_team_membership.ictsc8-ecodrive-18": {
                    "type": "github_team_membership",
                    "depends_on": [
                        "github_membership.ecodrive-18",
                        "github_team.ictsc8"
                    ],
                    "primary": {
                        "id": "2341229:ecodrive-18",
                        "attributes": {
                            "etag": "W/\"8fb2d803f71cf88e37db9dfde9bdd8a131d5f7018af696283d9a4bf0811bd238\"",
                            "id": "2341229:ecodrive-18",
                            "role": "member",
                            "team_id": "2341229",
                            "username": "ecodrive-18"
                        },
                        "meta": {},
                        "tainted": false
                    },
                    "deposed": [],
                    "provider": "provider.github"
                },
                "github_team_membership.ictsc8-h-otter": {
                    "type": "github_team_membership",
                    "depends_on": [
                        "github_membership.h-otter",
                        "github_team.ictsc8"
                    ],
                    "primary": {
                        "id": "2341229:h-otter",
                        "attributes": {
                            "etag": "W/\"afdf05afc6ad9a72b305f8c3d3018c94f6ef7bee9323dfab550516b4ebfc5779\"",
                            "id": "2341229:h-otter",
                            "role": "member",
                            "team_id": "2341229",
                            "username": "h-otter"
                        },
                        "meta": {},
                        "tainted": false
                    },
                    "deposed": [],
                    "provider": "provider.github"
                },
                "github_team_membership.ictsc8-icchy": {
                    "type": "github_team_membership",
                    "depends_on": [
                        "github_membership.icchy",
                        "github_team.ictsc8"
                    ],
                    "primary": {
                        "id": "2341229:icchy",
                        "attributes": {
                            "etag": "W/\"b8f83023219f91246dce7394eae84fa3afb0958806aa0508d4ca8b6eab417856\"",
                            "id": "2341229:icchy",
                            "role": "member",
                            "team_id": "2341229",
                            "username": "icchy"
                        },
                        "meta": {},
                        "tainted": false
                    },
                    "deposed": [],
                    "provider": "provider.github"
                },
                "github_team_membership.ictsc8-if001": {
                    "type": "github_team_membership",
                    "depends_on": [
                        "github_membership.if001",
                        "github_team.ictsc8"
                    ],
                    "primary": {
                        "id": "2341229:if001",
                        "attributes": {
                            "etag": "W/\"0be615ad6df2ee6a3549ffbd26f674ce076fcc16b1422e826e8b3ebfdafe5091\"",
                            "id": "2341229:if001",
                            "role": "member",
                            "team_id": "2341229",
                            "username": "if001"
                        },
                        "meta": {},
                        "tainted": false
                    },
                    "deposed": [],
                    "provider": "provider.github"
                },
                "github_team_membership.ictsc8-inuyosi": {
                    "type": "github_team_membership",
                    "depends_on": [
                        "github_membership.inuyosi",
                        "github_team.ictsc8"
                    ],
                    "primary": {
                        "id": "2341229:inuyosi",
                        "attributes": {
                            "etag": "W/\"e7c886f5ccf953e55b16539e012d6aa835db0f26971dea121a7cc38de40c9521\"",
                            "id": "2341229:inuyosi",
                            "role": "member",
                            "team_id": "2341229",
                            "username": "inuyosi"
                        },
                        "meta": {},
                        "tainted": false
                    },
                    "deposed": [],
                    "provider": "provider.github"
                },
                "github_team_membership.ictsc8-keyakko": {
                    "type": "github_team_membership",
                    "depends_on": [
                        "github_membership.keyakko",
                        "github_team.ictsc8"
                    ],
                    "primary": {
                        "id": "2341229:keyakko",
                        "attributes": {
                            "etag": "W/\"cf57f6ff07c2183915c437c3769a2f08fb65428e85b38191d03cfae31713cfb5\"",
                            "id": "2341229:keyakko",
                            "role": "member",
                            "team_id": "2341229",
                            "username": "keyakko"
                        },
                        "meta": {},
                        "tainted": false
                    },
                    "deposed": [],
                    "provider": "provider.github"
                },
                "github_team_membership.ictsc8-kyontan": {
                    "type": "github_team_membership",
                    "depends_on": [
                        "github_membership.kyontan",
                        "github_team.ictsc8"
                    ],
                    "primary": {
                        "id": "2341229:kyontan",
                        "attributes": {
                            "etag": "W/\"f35d65554ebea67182781b59c3f4e6fac4eeb82b0eee1e926befdeb253c0d02c\"",
                            "id": "2341229:kyontan",
                            "role": "member",
                            "team_id": "2341229",
                            "username": "kyontan"
                        },
                        "meta": {},
                        "tainted": false
                    },
                    "deposed": [],
                    "provider": "provider.github"
                },
                "github_team_membership.ictsc8-mbook-x86": {
                    "type": "github_team_membership",
                    "depends_on": [
                        "github_membership.mbook-x86",
                        "github_team.ictsc8"
                    ],
                    "primary": {
                        "id": "2341229:mbook-x86",
                        "attributes": {
                            "etag": "W/\"ce13cdaeb008a5319c6d2d33b078eb4f1bf5fe61347148df16d3110cbd71d2a9\"",
                            "id": "2341229:mbook-x86",
                            "role": "member",
                            "team_id": "2341229",
                            "username": "mbook-x86"
                        },
                        "meta": {},
                        "tainted": false
                    },
                    "deposed": [],
                    "provider": "provider.github"
                },
                "github_team_membership.ictsc8-naoki912": {
                    "type": "github_team_membership",
                    "depends_on": [
                        "github_membership.naoki912",
                        "github_team.ictsc8"
                    ],
                    "primary": {
                        "id": "2341229:naoki912",
                        "attributes": {
                            "etag": "W/\"6630eb4b08d90f505c74d911045547780381b25e46184b6bc974a83bb12b290f\"",
                            "id": "2341229:naoki912",
                            "role": "member",
                            "team_id": "2341229",
                            "username": "naoki912"
                        },
                        "meta": {},
                        "tainted": false
                    },
                    "deposed": [],
                    "provider": "provider.github"
                },
                "github_team_membership.ictsc8-oomorio": {
                    "type": "github_team_membership",
                    "depends_on": [
                        "github_membership.oomorio",
                        "github_team.ictsc8"
                    ],
                    "primary": {
                        "id": "2341229:oomorio",
                        "attributes": {
                            "etag": "W/\"d6280926274903a71277ec13b6daabd32c9e918f2380e59c4727aa727d381550\"",
                            "id": "2341229:oomorio",
                            "role": "member",
                            "team_id": "2341229",
                            "username": "oomorio"
                        },
                        "meta": {},
                        "tainted": false
                    },
                    "deposed": [],
                    "provider": "provider.github"
                },
                "github_team_membership.ictsc8-palloc": {
                    "type": "github_team_membership",
                    "depends_on": [
                        "github_membership.palloc",
                        "github_team.ictsc8"
                    ],
                    "primary": {
                        "id": "2341229:palloc",
                        "attributes": {
                            "etag": "W/\"af49beeea43bfaee428858bf4bbec2cce393a53261d4f3a176ea6d050e682cac\"",
                            "id": "2341229:palloc",
                            "role": "member",
                            "team_id": "2341229",
                            "username": "palloc"
                        },
                        "meta": {},
                        "tainted": false
                    },
                    "deposed": [],
                    "provider": "provider.github"
                },
                "github_team_membership.ictsc8-staybuzz": {
                    "type": "github_team_membership",
                    "depends_on": [
                        "github_membership.staybuzz",
                        "github_team.ictsc8"
                    ],
                    "primary": {
                        "id": "2341229:staybuzz",
                        "attributes": {
                            "etag": "W/\"75f79ffa1a079454b4594375ef6812963183f91cb3fb3da5e28d461127c4ae35\"",
                            "id": "2341229:staybuzz",
                            "role": "member",
                            "team_id": "2341229",
                            "username": "staybuzz"
                        },
                        "meta": {},
                        "tainted": false
                    },
                    "deposed": [],
                    "provider": "provider.github"
                },
                "github_team_membership.ictsc8-whywaita": {
                    "type": "github_team_membership",
                    "depends_on": [
                        "github_membership.whywaita",
                        "github_team.ictsc8"
                    ],
                    "primary": {
                        "id": "2341229:whywaita",
                        "attributes": {
                            "etag": "W/\"09813470d153457431725ab8a41741cafafc7e0f9fa2367843f3e107b3c22429\"",
                            "id": "2341229:whywaita",
                            "role": "member",
                            "team_id": "2341229",
                            "username": "whywaita"
                        },
                        "meta": {},
                        "tainted": false
                    },
                    "deposed": [],
                    "provider": "provider.github"
                },
                "github_team_membership.ictsc8-yatuhashi": {
                    "type": "github_team_membership",
                    "depends_on": [
                        "github_membership.yatuhashi",
                        "github_team.ictsc8"
                    ],
                    "primary": {
                        "id": "2341229:yatuhashi",
                        "attributes": {
                            "etag": "W/\"e1e631420aa44b32ef82955b1853961abf04b06accb87cafc59896990a5a35f1\"",
                            "id": "2341229:yatuhashi",
                            "role": "member",
                            "team_id": "2341229",
                            "username": "yatuhashi"
                        },
                        "meta": {},
                        "tainted": false
                    },
                    "deposed": [],
                    "provider": "provider.github"
                },
                "github_team_membership.ictsc9-Kurorororo": {
                    "type": "github_team_membership",
                    "depends_on": [
                        "github_membership.Kurorororo",
                        "github_team.ictsc9"
                    ],
                    "primary": {
                        "id": "2818424:Kurorororo",
                        "attributes": {
                            "etag": "W/\"cf5c2bc4983c86e69dd2dea054d47a24efc46f2245f709028408cde94aa76179\"",
                            "id": "2818424:Kurorororo",
                            "role": "member",
                            "team_id": "2818424",
                            "username": "Kurorororo"
                        },
                        "meta": {},
                        "tainted": false
                    },
                    "deposed": [],
                    "provider": "provider.github"
                },
                "github_team_membership.ictsc9-SakurazakaShin": {
                    "type": "github_team_membership",
                    "depends_on": [
                        "github_membership.SakurazakaShin",
                        "github_team.ictsc9"
                    ],
                    "primary": {
                        "id": "2818424:SakurazakaShin",
                        "attributes": {
                            "etag": "W/\"9c549905547f1659df3941f4648676d60ecb35f2c631897b1b0cb16525f73e56\"",
                            "id": "2818424:SakurazakaShin",
                            "role": "member",
                            "team_id": "2818424",
                            "username": "SakurazakaShin"
                        },
                        "meta": {},
                        "tainted": false
                    },
                    "deposed": [],
                    "provider": "provider.github"
                },
                "github_team_membership.ictsc9-acque2two": {
                    "type": "github_team_membership",
                    "depends_on": [
                        "github_membership.acque2two",
                        "github_team.ictsc9"
                    ],
                    "primary": {
                        "id": "2818424:acque2two",
                        "attributes": {
                            "etag": "W/\"66b92b1a8f5f0d0b8c7377cd703b4e079f3820ce02171386924130744c8e1d88\"",
                            "id": "2818424:acque2two",
                            "role": "member",
                            "team_id": "2818424",
                            "username": "acque2two"
                        },
                        "meta": {},
                        "tainted": false
                    },
                    "deposed": [],
                    "provider": "provider.github"
                },
                "github_team_membership.ictsc9-alisamon": {
                    "type": "github_team_membership",
                    "depends_on": [
                        "github_membership.alisamon",
                        "github_team.ictsc9"
                    ],
                    "primary": {
                        "id": "2818424:alisamon",
                        "attributes": {
                            "etag": "W/\"a8aa64b4cd83aa3f79a7faa7539be5780981caa2fdac565caad93856e7abd9c0\"",
                            "id": "2818424:alisamon",
                            "role": "member",
                            "team_id": "2818424",
                            "username": "alisamon"
                        },
                        "meta": {},
                        "tainted": false
                    },
                    "deposed": [],
                    "provider": "provider.github"
                },
                "github_team_membership.ictsc9-chisaton1": {
                    "type": "github_team_membership",
                    "depends_on": [
                        "github_membership.chisaton1",
                        "github_team.ictsc9"
                    ],
                    "primary": {
                        "id": "2818424:chisaton1",
                        "attributes": {
                            "etag": "W/\"41656af72dd61259683abaa9cba4d46699b33e9a8ca3c2fcf4abb272750e1689\"",
                            "id": "2818424:chisaton1",
                            "role": "member",
                            "team_id": "2818424",
                            "username": "chisaton1"
                        },
                        "meta": {},
                        "tainted": false
                    },
                    "deposed": [],
                    "provider": "provider.github"
                },
                "github_team_membership.ictsc9-ecodrive-18": {
                    "type": "github_team_membership",
                    "depends_on": [
                        "github_membership.ecodrive-18",
                        "github_team.ictsc9"
                    ],
                    "primary": {
                        "id": "2818424:ecodrive-18",
                        "attributes": {
                            "etag": "W/\"fae201de6d175c59f8bc310624b9a829c426dafa9c7fdff03e8be1d51e82af19\"",
                            "id": "2818424:ecodrive-18",
                            "role": "member",
                            "team_id": "2818424",
                            "username": "ecodrive-18"
                        },
                        "meta": {},
                        "tainted": false
                    },
                    "deposed": [],
                    "provider": "provider.github"
                },
                "github_team_membership.ictsc9-freedom18": {
                    "type": "github_team_membership",
                    "depends_on": [
                        "github_membership.freedom18",
                        "github_team.ictsc9"
                    ],
                    "primary": {
                        "id": "2818424:freedom18",
                        "attributes": {
                            "etag": "W/\"ab590782cc6543305753617c973f3e160c07cc526a9bc8988b2f854e73f73cc0\"",
                            "id": "2818424:freedom18",
                            "role": "member",
                            "team_id": "2818424",
                            "username": "freedom18"
                        },
                        "meta": {},
                        "tainted": false
                    },
                    "deposed": [],
                    "provider": "provider.github"
                },
                "github_team_membership.ictsc9-gurapomu": {
                    "type": "github_team_membership",
                    "depends_on": [
                        "github_membership.gurapomu",
                        "github_team.ictsc9"
                    ],
                    "primary": {
                        "id": "2818424:gurapomu",
                        "attributes": {
                            "etag": "W/\"e8eb8b342fe11deaebed43ecbb4afe7311fa7fc10a83cba18f393103ad5e4018\"",
                            "id": "2818424:gurapomu",
                            "role": "member",
                            "team_id": "2818424",
                            "username": "gurapomu"
                        },
                        "meta": {},
                        "tainted": false
                    },
                    "deposed": [],
                    "provider": "provider.github"
                },
                "github_team_membership.ictsc9-h-otter": {
                    "type": "github_team_membership",
                    "depends_on": [
                        "github_membership.h-otter",
                        "github_team.ictsc9"
                    ],
                    "primary": {
                        "id": "2818424:h-otter",
                        "attributes": {
                            "etag": "W/\"9b766bd26e5dc3b917e9f5ac8ecafa30a50b47c2ddb0463c34d442bde750b987\"",
                            "id": "2818424:h-otter",
                            "role": "member",
                            "team_id": "2818424",
                            "username": "h-otter"
                        },
                        "meta": {},
                        "tainted": false
                    },
                    "deposed": [],
                    "provider": "provider.github"
                },
                "github_team_membership.ictsc9-ha-kun0711": {
                    "type": "github_team_membership",
                    "depends_on": [
                        "github_membership.ha-kun0711",
                        "github_team.ictsc9"
                    ],
                    "primary": {
                        "id": "2818424:ha-kun0711",
                        "attributes": {
                            "etag": "W/\"54ab032a2f0acdd368583d8bd98be8956a55ee86e6bd276bdc1c9593e4306d16\"",
                            "id": "2818424:ha-kun0711",
                            "role": "member",
                            "team_id": "2818424",
                            "username": "ha-kun0711"
                        },
                        "meta": {},
                        "tainted": false
                    },
                    "deposed": [],
                    "provider": "provider.github"
                },
                "github_team_membership.ictsc9-icchy": {
                    "type": "github_team_membership",
                    "depends_on": [
                        "github_membership.icchy",
                        "github_team.ictsc9"
                    ],
                    "primary": {
                        "id": "2818424:icchy",
                        "attributes": {
                            "etag": "W/\"cbbc26c739ea9e8adc3e722303ce72ae563fba9e83f484eba2f800c1108471f0\"",
                            "id": "2818424:icchy",
                            "role": "member",
                            "team_id": "2818424",
                            "username": "icchy"
                        },
                        "meta": {},
                        "tainted": false
                    },
                    "deposed": [],
                    "provider": "provider.github"
                },
                "github_team_membership.ictsc9-itakuya": {
                    "type": "github_team_membership",
                    "depends_on": [
                        "github_membership.itakuya",
                        "github_team.ictsc9"
                    ],
                    "primary": {
                        "id": "2818424:itakuya",
                        "attributes": {
                            "etag": "W/\"59d4fbe983a5691b45c77fb4f39534e9468ef02a96a62b40503184e8aec9b4f9\"",
                            "id": "2818424:itakuya",
                            "role": "member",
                            "team_id": "2818424",
                            "username": "itakuya"
                        },
                        "meta": {},
                        "tainted": false
                    },
                    "deposed": [],
                    "provider": "provider.github"
                },
                "github_team_membership.ictsc9-mbook-x86": {
                    "type": "github_team_membership",
                    "depends_on": [
                        "github_membership.mbook-x86",
                        "github_team.ictsc9"
                    ],
                    "primary": {
                        "id": "2818424:mbook-x86",
                        "attributes": {
                            "etag": "W/\"fdaf7d6e0cc2738cc48bcd72528b0eec236a2688e22aa5cfcfdd584df6dd2294\"",
                            "id": "2818424:mbook-x86",
                            "role": "member",
                            "team_id": "2818424",
                            "username": "mbook-x86"
                        },
                        "meta": {},
                        "tainted": false
                    },
                    "deposed": [],
                    "provider": "provider.github"
                },
                "github_team_membership.ictsc9-naoki912": {
                    "type": "github_team_membership",
                    "depends_on": [
                        "github_membership.naoki912",
                        "github_team.ictsc9"
                    ],
                    "primary": {
                        "id": "2818424:naoki912",
                        "attributes": {
                            "etag": "W/\"4a52ef925b0dfc3316d45a8507b780e57545f7159f7afced1119f5dcd49b6a80\"",
                            "id": "2818424:naoki912",
                            "role": "member",
                            "team_id": "2818424",
                            "username": "naoki912"
                        },
                        "meta": {},
                        "tainted": false
                    },
                    "deposed": [],
                    "provider": "provider.github"
                },
                "github_team_membership.ictsc9-nomeaning777": {
                    "type": "github_team_membership",
                    "depends_on": [
                        "github_membership.nomeaning777",
                        "github_team.ictsc9"
                    ],
                    "primary": {
                        "id": "2818424:nomeaning777",
                        "attributes": {
                            "etag": "W/\"15acc52aa0f01c2ad3431dcc72114e48792b2f991faa147044b712d1eb930466\"",
                            "id": "2818424:nomeaning777",
                            "role": "member",
                            "team_id": "2818424",
                            "username": "nomeaning777"
                        },
                        "meta": {},
                        "tainted": false
                    },
                    "deposed": [],
                    "provider": "provider.github"
                },
                "github_team_membership.ictsc9-palloc": {
                    "type": "github_team_membership",
                    "depends_on": [
                        "github_membership.palloc",
                        "github_team.ictsc9"
                    ],
                    "primary": {
                        "id": "2818424:palloc",
                        "attributes": {
                            "etag": "W/\"c8e855f05b85c61c0b7b8135d0c183d4e3bb21ed0d1379b2d4c1d984104088ec\"",
                            "id": "2818424:palloc",
                            "role": "member",
                            "team_id": "2818424",
                            "username": "palloc"
                        },
                        "meta": {},
                        "tainted": false
                    },
                    "deposed": [],
                    "provider": "provider.github"
                },
                "github_team_membership.ictsc9-sharknasuhorse": {
                    "type": "github_team_membership",
                    "depends_on": [
                        "github_membership.sharknasuhorse",
                        "github_team.ictsc9"
                    ],
                    "primary": {
                        "id": "2818424:sharknasuhorse",
                        "attributes": {
                            "etag": "W/\"158f2a7e53e068758503822b19990a67e97aea4303f6cded21cb441c55675df5\"",
                            "id": "2818424:sharknasuhorse",
                            "role": "member",
                            "team_id": "2818424",
                            "username": "sharknasuhorse"
                        },
                        "meta": {},
                        "tainted": false
                    },
                    "deposed": [],
                    "provider": "provider.github"
                },
                "github_team_membership.ictsc9-shinonome01": {
                    "type": "github_team_membership",
                    "depends_on": [
                        "github_membership.shinonome01",
                        "github_team.ictsc9"
                    ],
                    "primary": {
                        "id": "2818424:shinonome01",
                        "attributes": {
                            "etag": "W/\"36d2028d25592706f20e25aa99e335e7b26f33fc20d2cf40304538ea4ba09b2d\"",
                            "id": "2818424:shinonome01",
                            "role": "member",
                            "team_id": "2818424",
                            "username": "shinonome01"
                        },
                        "meta": {},
                        "tainted": false
                    },
                    "deposed": [],
                    "provider": "provider.github"
                },
                "github_team_membership.ictsc9-tsuttsu305": {
                    "type": "github_team_membership",
                    "depends_on": [
                        "github_membership.tsuttsu305",
                        "github_team.ictsc9"
                    ],
                    "primary": {
                        "id": "2818424:tsuttsu305",
                        "attributes": {
                            "etag": "W/\"0262c1f91a1007231ee57d522d3033af1ac620143eabb0970e782cf02b7e2a29\"",
                            "id": "2818424:tsuttsu305",
                            "role": "member",
                            "team_id": "2818424",
                            "username": "tsuttsu305"
                        },
                        "meta": {},
                        "tainted": false
                    },
                    "deposed": [],
                    "provider": "provider.github"
                },
                "github_team_membership.ictsc9-uplus": {
                    "type": "github_team_membership",
                    "depends_on": [
                        "github_membership.uplus",
                        "github_team.ictsc9"
                    ],
                    "primary": {
                        "id": "2818424:uplus",
                        "attributes": {
                            "etag": "W/\"37b13f01fd964780d84027e29d57031717477a2faca25629892b3147868cfa93\"",
                            "id": "2818424:uplus",
                            "role": "member",
                            "team_id": "2818424",
                            "username": "uplus"
                        },
                        "meta": {},
                        "tainted": false
                    },
                    "deposed": [],
                    "provider": "provider.github"
                },
                "github_team_membership.ictsc9-whywaita": {
                    "type": "github_team_membership",
                    "depends_on": [
                        "github_membership.whywaita",
                        "github_team.ictsc9"
                    ],
                    "primary": {
                        "id": "2818424:whywaita",
                        "attributes": {
                            "etag": "W/\"5598dfb727bd637e7573c6bfb82166cfc4a92183e11bbad3d812893d45f32ba9\"",
                            "id": "2818424:whywaita",
                            "role": "member",
                            "team_id": "2818424",
                            "username": "whywaita"
                        },
                        "meta": {},
                        "tainted": false
                    },
                    "deposed": [],
                    "provider": "provider.github"
                },
                "github_team_membership.ictsc9-yatuhashi": {
                    "type": "github_team_membership",
                    "depends_on": [
                        "github_membership.yatuhashi",
                        "github_team.ictsc9"
                    ],
                    "primary": {
                        "id": "2818424:yatuhashi",
                        "attributes": {
                            "etag": "W/\"4d0c0b2ce1e21a9516657aa7cb39131db1c325f93360c32a9db8dcd649c7c1b6\"",
                            "id": "2818424:yatuhashi",
                            "role": "member",
                            "team_id": "2818424",
                            "username": "yatuhashi"
                        },
                        "meta": {},
                        "tainted": false
                    },
                    "deposed": [],
                    "provider": "provider.github"
                },
                "github_team_membership.score-dev-uplus": {
                    "type": "github_team_membership",
                    "depends_on": [
                        "github_membership.uplus",
                        "github_team.score-dev"
                    ],
                    "primary": {
                        "id": "2004353:uplus",
                        "attributes": {
                            "etag": "W/\"431101426d292879c1837cf829bc5ce07116ab89d73561ccd35cdaad8f0d5e7d\"",
                            "id": "2004353:uplus",
                            "role": "maintainer",
                            "team_id": "2004353",
                            "username": "uplus"
                        },
                        "meta": {},
                        "tainted": false
                    },
                    "deposed": [],
                    "provider": "provider.github"
                },
                "github_team_repository.admin-ictsc-k8s-cluster": {
                    "type": "github_team_repository",
                    "depends_on": [
                        "github_team.admin"
                    ],
                    "primary": {
                        "id": "2008807:ictsc-k8s-cluster",
                        "attributes": {
                            "etag": "W/\"78afa8dffd346e900fc88f22ad7e43695fe70fd0db13136260edeedbdeb929fb\"",
                            "id": "2008807:ictsc-k8s-cluster",
                            "permission": "admin",
                            "repository": "ictsc-k8s-cluster",
                            "team_id": "2008807"
                        },
                        "meta": {},
                        "tainted": false
                    },
                    "deposed": [],
                    "provider": "provider.github"
                },
                "github_team_repository.admin-ictsc-network": {
                    "type": "github_team_repository",
                    "depends_on": [
                        "github_team.admin"
                    ],
                    "primary": {
                        "id": "2008807:ictsc-network",
                        "attributes": {
                            "etag": "W/\"adb64343bc46df40f05058760e95b75f8350e2f0253875ab32fba242dbbf0ab6\"",
                            "id": "2008807:ictsc-network",
                            "permission": "admin",
                            "repository": "ictsc-network",
                            "team_id": "2008807"
                        },
                        "meta": {},
                        "tainted": false
                    },
                    "deposed": [],
                    "provider": "provider.github"
                },
                "github_team_repository.admin-ictsc-playbooks": {
                    "type": "github_team_repository",
                    "depends_on": [
                        "github_team.admin"
                    ],
                    "primary": {
                        "id": "2008807:ictsc-playbooks",
                        "attributes": {
                            "etag": "W/\"ad33770d83e23f7be4c7566f8bf669232b25d44c86b67b5545968c3bbbfb9012\"",
                            "id": "2008807:ictsc-playbooks",
                            "permission": "admin",
                            "repository": "ictsc-playbooks",
                            "team_id": "2008807"
                        },
                        "meta": {},
                        "tainted": false
                    },
                    "deposed": [],
                    "provider": "provider.github"
                },
                "github_team_repository.admin-ictsc-problems": {
                    "type": "github_team_repository",
                    "depends_on": [
                        "github_team.admin"
                    ],
                    "primary": {
                        "id": "2008807:ictsc-problems",
                        "attributes": {
                            "etag": "W/\"5ce88fd87102315c9d43539fa90ba6d3b1e7a443a9bed1e0f8efe4ef7a7664ee\"",
                            "id": "2008807:ictsc-problems",
                            "permission": "admin",
                            "repository": "ictsc-problems",
                            "team_id": "2008807"
                        },
                        "meta": {},
                        "tainted": false
                    },
                    "deposed": [],
                    "provider": "provider.github"
                },
                "github_team_repository.admin-ictsc-score-server": {
                    "type": "github_team_repository",
                    "depends_on": [
                        "github_team.admin"
                    ],
                    "primary": {
                        "id": "2008807:ictsc-score-server",
                        "attributes": {
                            "etag": "W/\"076e52d3f7138c527b9f964b7e5add1521a5b99fd579e603e3c1dadfdf723f23\"",
                            "id": "2008807:ictsc-score-server",
                            "permission": "admin",
                            "repository": "ictsc-score-server",
                            "team_id": "2008807"
                        },
                        "meta": {},
                        "tainted": false
                    },
                    "deposed": [],
                    "provider": "provider.github"
                },
                "github_team_repository.admin-kakisute-script": {
                    "type": "github_team_repository",
                    "depends_on": [
                        "github_team.admin"
                    ],
                    "primary": {
                        "id": "2008807:kakisute-script",
                        "attributes": {
                            "etag": "W/\"43aed8699358ccc1acd7c49bcbca283e5cf751368b9257655a6eef9a314fb08d\"",
                            "id": "2008807:kakisute-script",
                            "permission": "admin",
                            "repository": "kakisute-script",
                            "team_id": "2008807"
                        },
                        "meta": {},
                        "tainted": false
                    },
                    "deposed": [],
                    "provider": "provider.github"
                },
                "github_team_repository.admin-network-config": {
                    "type": "github_team_repository",
                    "depends_on": [
                        "github_team.admin"
                    ],
                    "primary": {
                        "id": "2008807:network-config",
                        "attributes": {
                            "etag": "W/\"be4d569e16d70c9f550c3f148d8a72fd0581cbef5420f5b657190b335e2f9566\"",
                            "id": "2008807:network-config",
                            "permission": "admin",
                            "repository": "network-config",
                            "team_id": "2008807"
                        },
                        "meta": {},
                        "tainted": false
                    },
                    "deposed": [],
                    "provider": "provider.github"
                },
                "github_team_repository.ictsc2020-ictsc-k8s-cluster": {
                    "type": "github_team_repository",
                    "depends_on": [
                        "github_team.ictsc2020"
                    ],
                    "primary": {
                        "id": "3894829:ictsc-k8s-cluster",
                        "attributes": {
                            "etag": "W/\"f32785b783ee16a2613356b3e7f1050c04cee3d2ff8e6656d2f177b2d9c0391c\"",
                            "id": "3894829:ictsc-k8s-cluster",
                            "permission": "push",
                            "repository": "ictsc-k8s-cluster",
                            "team_id": "3894829"
                        },
                        "meta": {},
                        "tainted": false
                    },
                    "deposed": [],
                    "provider": "provider.github"
                },
                "github_team_repository.ictsc2020-ictsc-network": {
                    "type": "github_team_repository",
                    "depends_on": [
                        "github_team.ictsc2020"
                    ],
                    "primary": {
                        "id": "3894829:ictsc-network",
                        "attributes": {
                            "etag": "W/\"fc4e4fb8640d73b18fba5fece155f78feb2ca9d1fc39a0fd44802bbd0243a322\"",
                            "id": "3894829:ictsc-network",
                            "permission": "push",
                            "repository": "ictsc-network",
                            "team_id": "3894829"
                        },
                        "meta": {},
                        "tainted": false
                    },
                    "deposed": [],
                    "provider": "provider.github"
                },
                "github_team_repository.ictsc2020-ictsc-playbooks": {
                    "type": "github_team_repository",
                    "depends_on": [
                        "github_team.ictsc2020"
                    ],
                    "primary": {
                        "id": "3894829:ictsc-playbooks",
                        "attributes": {
                            "etag": "W/\"49aabf665d3fea84cfbd5f2c80339bec1639bba9caab083d203575972e0afbe2\"",
                            "id": "3894829:ictsc-playbooks",
                            "permission": "push",
                            "repository": "ictsc-playbooks",
                            "team_id": "3894829"
                        },
                        "meta": {},
                        "tainted": false
                    },
                    "deposed": [],
                    "provider": "provider.github"
                },
                "github_team_repository.ictsc2020-ictsc-problems": {
                    "type": "github_team_repository",
                    "depends_on": [
                        "github_team.ictsc2020"
                    ],
                    "primary": {
                        "id": "3894829:ictsc-problems",
                        "attributes": {
                            "etag": "W/\"844a2fd36def121a4ee58a823aa0359740447d7798fa31b58622dffd5d34987f\"",
                            "id": "3894829:ictsc-problems",
                            "permission": "push",
                            "repository": "ictsc-problems",
                            "team_id": "3894829"
                        },
                        "meta": {},
                        "tainted": false
                    },
                    "deposed": [],
                    "provider": "provider.github"
                },
                "github_team_repository.ictsc2020-ictsc-score-server": {
                    "type": "github_team_repository",
                    "depends_on": [
                        "github_team.ictsc2020"
                    ],
                    "primary": {
                        "id": "3894829:ictsc-score-server",
                        "attributes": {
                            "etag": "W/\"b4cba2f0c6d77b14a2568902acf6978c7e3b45f84fe80eac613b6da5b3ef2ee2\"",
                            "id": "3894829:ictsc-score-server",
                            "permission": "push",
                            "repository": "ictsc-score-server",
                            "team_id": "3894829"
                        },
                        "meta": {},
                        "tainted": false
                    },
                    "deposed": [],
                    "provider": "provider.github"
                },
                "github_team_repository.ictsc2020-k8s-manifest": {
                    "type": "github_team_repository",
                    "depends_on": [
                        "github_team.ictsc2020"
                    ],
                    "primary": {
                        "id": "3894829:k8s-manifest",
                        "attributes": {
                            "etag": "W/\"ba0456c7d4fd4e76d9e68aeaa61be0a84a981cda98e8978daf9754cf83bf9206\"",
                            "id": "3894829:k8s-manifest",
                            "permission": "push",
                            "repository": "k8s-manifest",
                            "team_id": "3894829"
                        },
                        "meta": {},
                        "tainted": false
                    },
                    "deposed": [],
                    "provider": "provider.github"
                },
                "github_team_repository.ictsc2020-kakisute-script": {
                    "type": "github_team_repository",
                    "depends_on": [
                        "github_team.ictsc2020"
                    ],
                    "primary": {
                        "id": "3894829:kakisute-script",
                        "attributes": {
                            "etag": "W/\"71fe96bdc651d32d1f9b5dc9a25b49921ccf704334a9ddcd399344e478784adc\"",
                            "id": "3894829:kakisute-script",
                            "permission": "push",
                            "repository": "kakisute-script",
                            "team_id": "3894829"
                        },
                        "meta": {},
                        "tainted": false
                    },
                    "deposed": [],
                    "provider": "provider.github"
                },
                "github_team_repository.ictsc2020-network-config": {
                    "type": "github_team_repository",
                    "depends_on": [
                        "github_team.ictsc2020"
                    ],
                    "primary": {
                        "id": "3894829:network-config",
                        "attributes": {
                            "etag": "W/\"f6ee645a6bef3507023da6c88c75c30d03888bb188a093031f92477fed28c3e2\"",
                            "id": "3894829:network-config",
                            "permission": "push",
                            "repository": "network-config",
                            "team_id": "3894829"
                        },
                        "meta": {},
                        "tainted": false
                    },
                    "deposed": [],
                    "provider": "provider.github"
                },
                "github_team_repository.ictsc2020-prep-problems": {
                    "type": "github_team_repository",
                    "depends_on": [
                        "github_team.ictsc2020"
                    ],
                    "primary": {
                        "id": "3894829:prep-problems",
                        "attributes": {
                            "etag": "W/\"ed5cef3b0b7d02ac4e1933f312b1933c7c40e7cdf729a862f7d0d026fc3502ac\"",
                            "id": "3894829:prep-problems",
                            "permission": "push",
                            "repository": "prep-problems",
                            "team_id": "3894829"
                        },
                        "meta": {},
                        "tainted": false
                    },
                    "deposed": [],
                    "provider": "provider.github"
                },
                "github_team_repository.ictsc2020-prep-pstate": {
                    "type": "github_team_repository",
                    "depends_on": [
                        "github_team.ictsc2020"
                    ],
                    "primary": {
                        "id": "3894829:prep-pstate",
                        "attributes": {
                            "etag": "W/\"2cd585cd1a29b8842b4339bee97f82476a6daa177806bcbc967fb6664dedb2f3\"",
                            "id": "3894829:prep-pstate",
                            "permission": "push",
                            "repository": "prep-pstate",
                            "team_id": "3894829"
                        },
                        "meta": {},
                        "tainted": false
                    },
                    "deposed": [],
                    "provider": "provider.github"
                },
                "github_team_repository.ictsc2020-prep-relate": {
                    "type": "github_team_repository",
                    "depends_on": [
                        "github_team.ictsc2020"
                    ],
                    "primary": {
                        "id": "3894829:prep-relate",
                        "attributes": {
                            "etag": "W/\"426f4fee9ba849c9d6ff15f6ed75c69c418e6e037bb0e1fae65d0de4d6bceda1\"",
                            "id": "3894829:prep-relate",
                            "permission": "push",
                            "repository": "prep-relate",
                            "team_id": "3894829"
                        },
                        "meta": {},
                        "tainted": false
                    },
                    "deposed": [],
                    "provider": "provider.github"
                },
                "github_team_repository.score-dev-ictsc-score-server": {
                    "type": "github_team_repository",
                    "depends_on": [
                        "github_team.score-dev"
                    ],
                    "primary": {
                        "id": "2004353:ictsc-score-server",
                        "attributes": {
                            "etag": "W/\"076e52d3f7138c527b9f964b7e5add1521a5b99fd579e603e3c1dadfdf723f23\"",
                            "id": "2004353:ictsc-score-server",
                            "permission": "admin",
                            "repository": "ictsc-score-server",
                            "team_id": "2004353"
                        },
                        "meta": {},
                        "tainted": false
                    },
                    "deposed": [],
                    "provider": "provider.github"
                }
            },
            "depends_on": []
        }
    ]
}
