{
  "version": 4,
  "terraform_version": "1.3.5",
  "serial": 248,
  "lineage": "842a2913-e436-4381-8e72-045e740c9c1f",
  "outputs": {},
  "resources": [
    {
      "mode": "managed",
      "type": "github_membership",
      "name": "Azusa72",
      "provider": "provider[\"registry.terraform.io/integrations/github\"]",
      "instances": [
        {
          "schema_version": 0,
          "attributes": {
            "etag": "W/\"ca645827ef268186fe759b98473662b71490a702c5604c0fffbf830491c6f82d\"",
            "id": "ictsc:Azusa72",
            "role": "member",
            "username": "Azusa72"
          },
          "sensitive_attributes": []
        }
      ]
    },
    {
      "mode": "managed",
      "type": "github_membership",
      "name": "Crow314",
      "provider": "provider[\"registry.terraform.io/integrations/github\"]",
      "instances": [
        {
          "schema_version": 0,
          "attributes": {
            "etag": "W/\"d65b0fe4b105a6c053fd6e40c3f30dbc39659420371f1fbd607d052cd4769897\"",
            "id": "ictsc:Crow314",
            "role": "member",
            "username": "Crow314"
          },
          "sensitive_attributes": [],
          "private": "bnVsbA=="
        }
      ]
    },
    {
      "mode": "managed",
      "type": "github_membership",
      "name": "Explosive6363",
      "provider": "provider[\"registry.terraform.io/integrations/github\"]",
      "instances": [
        {
          "schema_version": 0,
          "attributes": {
            "etag": "W/\"e17dabbfdb28c120ea73de61e0e467dc073eef10d76802ce2b1c81145c3b68fb\"",
            "id": "ictsc:Explosive6363",
            "role": "admin",
            "username": "Explosive6363"
          },
          "sensitive_attributes": []
        }
      ]
    },
    {
      "mode": "managed",
      "type": "github_membership",
      "name": "Hicky1025",
      "provider": "provider[\"registry.terraform.io/integrations/github\"]",
      "instances": [
        {
          "schema_version": 0,
          "attributes": {
            "etag": "W/\"df8e311aeed1607c370ea58e83ed1be103d74308fbc706c6e1f8dfa9097c9baa\"",
            "id": "ictsc:Hicky1025",
            "role": "member",
            "username": "Hicky1025"
          },
          "sensitive_attributes": []
        }
      ]
    },
    {
      "mode": "managed",
      "type": "github_membership",
      "name": "Iwancof",
      "provider": "provider[\"registry.terraform.io/integrations/github\"]",
      "instances": [
        {
          "schema_version": 0,
          "attributes": {
            "etag": "W/\"55f7057964f02b4cd7a1c21e854162c179e7eb829551b52e9111f995ad8b1869\"",
            "id": "ictsc:Iwancof",
            "role": "member",
            "username": "Iwancof"
          },
          "sensitive_attributes": []
        }
      ]
    },
    {
      "mode": "managed",
      "type": "github_membership",
      "name": "K-shir0",
      "provider": "provider[\"registry.terraform.io/integrations/github\"]",
      "instances": [
        {
          "schema_version": 0,
          "attributes": {
            "etag": "W/\"11b7dbd5230a9babc51980246ae0d11e2875099a1340461e64e20a0ab0064b42\"",
            "id": "ictsc:K-shir0",
            "role": "member",
            "username": "K-shir0"
          },
          "sensitive_attributes": []
        }
      ]
    },
    {
      "mode": "managed",
      "type": "github_membership",
      "name": "Katsuya414",
      "provider": "provider[\"registry.terraform.io/integrations/github\"]",
      "instances": [
        {
          "schema_version": 0,
          "attributes": {
            "etag": "W/\"efd6ae5df77564f9493a13a9e13225a45c7496978fe2ef1350bbb258a8478d05\"",
            "id": "ictsc:Katsuya414",
            "role": "member",
            "username": "Katsuya414"
          },
          "sensitive_attributes": []
        }
      ]
    },
    {
      "mode": "managed",
      "type": "github_membership",
      "name": "Kurorororo",
      "provider": "provider[\"registry.terraform.io/integrations/github\"]",
      "instances": [
        {
          "schema_version": 0,
          "attributes": {
            "etag": "W/\"acbee19875d2ac674d39d61a525a5265594ce722106535880e8eef65fb6bb53b\"",
            "id": "ictsc:Kurorororo",
            "role": "member",
            "username": "Kurorororo"
          },
          "sensitive_attributes": []
        }
      ]
    },
    {
      "mode": "managed",
      "type": "github_membership",
      "name": "Nishinoyama",
      "provider": "provider[\"registry.terraform.io/integrations/github\"]",
      "instances": [
        {
          "schema_version": 0,
          "attributes": {
            "etag": "W/\"fa94eb4e458357b801190f4d8ebf2652fe10c6a5fd342bd4e138a67121501eaa\"",
            "id": "ictsc:Nishinoyama",
            "role": "member",
            "username": "Nishinoyama"
          },
          "sensitive_attributes": [],
          "private": "bnVsbA=="
        }
      ]
    },
    {
      "mode": "managed",
      "type": "github_membership",
      "name": "NozomiSugiyama",
      "provider": "provider[\"registry.terraform.io/integrations/github\"]",
      "instances": [
        {
          "schema_version": 0,
          "attributes": {
            "etag": "W/\"42d3d87b896b2602c66fdeff6724c99e6c4e3e91a95e6761c35af002942430e4\"",
            "id": "ictsc:NozomiSugiyama",
            "role": "member",
            "username": "NozomiSugiyama"
          },
          "sensitive_attributes": []
        }
      ]
    },
    {
      "mode": "managed",
      "type": "github_membership",
      "name": "SakurazakaShin",
      "provider": "provider[\"registry.terraform.io/integrations/github\"]",
      "instances": [
        {
          "schema_version": 0,
          "attributes": {
            "etag": "W/\"d59cf04eb1004cf68d95a16dce17a1001c9224e51fc9c4c0e75c26939f402ef6\"",
            "id": "ictsc:SakurazakaShin",
            "role": "member",
            "username": "SakurazakaShin"
          },
          "sensitive_attributes": []
        }
      ]
    },
    {
      "mode": "managed",
      "type": "github_membership",
      "name": "SallyAcolyte",
      "provider": "provider[\"registry.terraform.io/integrations/github\"]",
      "instances": [
        {
          "schema_version": 0,
          "attributes": {
            "etag": "W/\"58d9dc04dd6744576eb17c5c47b8feb8236d4582cbe1f6dbfd96adea7bad454c\"",
            "id": "ictsc:SallyAcolyte",
            "role": "member",
            "username": "SallyAcolyte"
          },
          "sensitive_attributes": []
        }
      ]
    },
    {
      "mode": "managed",
      "type": "github_membership",
      "name": "ShotaKitazawa",
      "provider": "provider[\"registry.terraform.io/integrations/github\"]",
      "instances": [
        {
          "schema_version": 0,
          "attributes": {
            "etag": "W/\"fcf9e1201314103d7e2abc8cf00698d53e6c52ca6b79a84ce385aef7e3b9f507\"",
            "id": "ictsc:ShotaKitazawa",
            "role": "member",
            "username": "ShotaKitazawa"
          },
          "sensitive_attributes": []
        }
      ]
    },
    {
      "mode": "managed",
      "type": "github_membership",
      "name": "SilEighty-ym",
      "provider": "provider[\"registry.terraform.io/integrations/github\"]",
      "instances": [
        {
          "schema_version": 0,
          "attributes": {
            "etag": "W/\"a47b03ad0382ef5e4f3745fa35898e59a8dfb4fb2976a023703ff8cd125fe9bd\"",
            "id": "ictsc:SilEighty-ym",
            "role": "member",
            "username": "SilEighty-ym"
          },
          "sensitive_attributes": []
        }
      ]
    },
    {
      "mode": "managed",
      "type": "github_membership",
      "name": "TenkiGit",
      "provider": "provider[\"registry.terraform.io/integrations/github\"]",
      "instances": [
        {
          "schema_version": 0,
          "attributes": {
            "etag": "W/\"58306ed0c060c79f5fc0136f549343e08bd5972cf976bfd02af63d59f0b2fb0a\"",
            "id": "ictsc:TenkiGit",
            "role": "member",
            "username": "TenkiGit"
          },
          "sensitive_attributes": []
        }
      ]
    },
    {
      "mode": "managed",
      "type": "github_membership",
      "name": "Terfno",
      "provider": "provider[\"registry.terraform.io/integrations/github\"]",
      "instances": [
        {
          "schema_version": 0,
          "attributes": {
            "etag": "W/\"bca2041544eb13c727f35b9955c8276081f29f5fdfd8afc94e270c5964e3a3be\"",
            "id": "ictsc:Terfno",
            "role": "member",
            "username": "Terfno"
          },
          "sensitive_attributes": []
        }
      ]
    },
    {
      "mode": "managed",
      "type": "github_membership",
      "name": "a-r-g-v",
      "provider": "provider[\"registry.terraform.io/integrations/github\"]",
      "instances": [
        {
          "schema_version": 0,
          "attributes": {
            "etag": "W/\"e57183011b1487dcd05c1b3aa9bc6dfdd810f6c621efff9f11746a7fab38133a\"",
            "id": "ictsc:a-r-g-v",
            "role": "member",
            "username": "a-r-g-v"
          },
          "sensitive_attributes": []
        }
      ]
    },
    {
      "mode": "managed",
      "type": "github_membership",
      "name": "acque2two",
      "provider": "provider[\"registry.terraform.io/integrations/github\"]",
      "instances": [
        {
          "schema_version": 0,
          "attributes": {
            "etag": "W/\"8babe8fb573897ee2d3bf9305216ef5fa7001275bfdf8380277cedc1626a7c7d\"",
            "id": "ictsc:acque2two",
            "role": "member",
            "username": "acque2two"
          },
          "sensitive_attributes": []
        }
      ]
    },
    {
      "mode": "managed",
      "type": "github_membership",
      "name": "alias-aria",
      "provider": "provider[\"registry.terraform.io/integrations/github\"]",
      "instances": [
        {
          "schema_version": 0,
          "attributes": {
            "etag": "W/\"b4bedc5ecb968ceea2621357febf53cfdd337ef4a74aa8a18132289174db4fe5\"",
            "id": "ictsc:alias-aria",
            "role": "member",
            "username": "alias-aria"
          },
          "sensitive_attributes": []
        }
      ]
    },
    {
      "mode": "managed",
      "type": "github_membership",
      "name": "aoi96",
      "provider": "provider[\"registry.terraform.io/integrations/github\"]",
      "instances": [
        {
          "schema_version": 0,
          "attributes": {
            "etag": "W/\"61a2a7ff430cacdd81546ee7398d7b3a89af11dd7634c62e75bec284190f89d7\"",
            "id": "ictsc:aoi96",
            "role": "member",
            "username": "aoi96"
          },
          "sensitive_attributes": []
        }
      ]
    },
    {
      "mode": "managed",
      "type": "github_membership",
      "name": "arupakan125",
      "provider": "provider[\"registry.terraform.io/integrations/github\"]",
      "instances": [
        {
          "schema_version": 0,
          "attributes": {
            "etag": "W/\"a3bdafe8e5a924a0fafdd7694681dfea31a492893df1b5614a774e4710cb6f1e\"",
            "id": "ictsc:arupakan125",
            "role": "member",
            "username": "arupakan125"
          },
          "sensitive_attributes": []
        }
      ]
    },
    {
      "mode": "managed",
      "type": "github_membership",
      "name": "asarijiru",
      "provider": "provider[\"registry.terraform.io/integrations/github\"]",
      "instances": [
        {
          "schema_version": 0,
          "attributes": {
            "etag": "W/\"8de9579894090815a772c4306929adcc23b3abb02f667143c5bbe8f6eab9d65d\"",
            "id": "ictsc:asarijiru",
            "role": "member",
            "username": "asarijiru"
          },
          "sensitive_attributes": []
        }
      ]
    },
    {
      "mode": "managed",
      "type": "github_membership",
      "name": "asdfec",
      "provider": "provider[\"registry.terraform.io/integrations/github\"]",
      "instances": [
        {
          "schema_version": 0,
          "attributes": {
            "etag": "W/\"8c502de55a048af6ee0b9e3aa070c8ad3103ec7282605cddb2100d3a63ee7f82\"",
            "id": "ictsc:asdfec",
            "role": "member",
            "username": "asdfec"
          },
          "sensitive_attributes": []
        }
      ]
    },
    {
      "mode": "managed",
      "type": "github_membership",
      "name": "beggarl",
      "provider": "provider[\"registry.terraform.io/integrations/github\"]",
      "instances": [
        {
          "schema_version": 0,
          "attributes": {
            "etag": "W/\"3ce1e0d185d4441aad9909ff168ab5efd757fa805c130ac26155f35582ac1210\"",
            "id": "ictsc:beggarl",
            "role": "member",
            "username": "beggarl"
          },
          "sensitive_attributes": []
        }
      ]
    },
    {
      "mode": "managed",
      "type": "github_membership",
      "name": "bosan120",
      "provider": "provider[\"registry.terraform.io/integrations/github\"]",
      "instances": [
        {
          "schema_version": 0,
          "attributes": {
            "etag": "W/\"64e7fe51a4e8939d530c819a04ec5815bafd0877e2b2819dfa48bc79bd2234a3\"",
            "id": "ictsc:bosan120",
            "role": "member",
            "username": "bosan120"
          },
          "sensitive_attributes": []
        }
      ]
    },
    {
      "mode": "managed",
      "type": "github_membership",
      "name": "chalkygames123",
      "provider": "provider[\"registry.terraform.io/integrations/github\"]",
      "instances": [
        {
          "schema_version": 0,
          "attributes": {
            "etag": "W/\"4d6567acb04197c7d15b59e042d49f6790b647ee82d67f7661ec2e097da946d4\"",
            "id": "ictsc:chalkygames123",
            "role": "member",
            "username": "chalkygames123"
          },
          "sensitive_attributes": []
        }
      ]
    },
    {
      "mode": "managed",
      "type": "github_membership",
      "name": "chamaharun",
      "provider": "provider[\"registry.terraform.io/integrations/github\"]",
      "instances": [
        {
          "schema_version": 0,
          "attributes": {
            "etag": "W/\"eb156b5127b9462e466c9acd5f27f1492022c48e2fa8366032dcd53d63269048\"",
            "id": "ictsc:chamaharun",
            "role": "member",
            "username": "chamaharun"
          },
          "sensitive_attributes": []
        }
      ]
    },
    {
      "mode": "managed",
      "type": "github_membership",
      "name": "chaya2z",
      "provider": "provider[\"registry.terraform.io/integrations/github\"]",
      "instances": [
        {
          "schema_version": 0,
          "attributes": {
            "etag": "W/\"edced9419a0022ffcf89b1ec063bae912e8b1dac54d15dea235a5edccc89c093\"",
            "id": "ictsc:chaya2z",
            "role": "member",
            "username": "chaya2z"
          },
          "sensitive_attributes": []
        }
      ]
    },
    {
      "mode": "managed",
      "type": "github_membership",
      "name": "chibiegg",
      "provider": "provider[\"registry.terraform.io/integrations/github\"]",
      "instances": [
        {
          "schema_version": 0,
          "attributes": {
            "etag": "W/\"ad63e44ed7c7f30705cde5f4ef31d1e760c23de15cc6b28067779ef06031191e\"",
            "id": "ictsc:chibiegg",
            "role": "member",
            "username": "chibiegg"
          },
          "sensitive_attributes": []
        }
      ]
    },
    {
      "mode": "managed",
      "type": "github_membership",
      "name": "chisaton1",
      "provider": "provider[\"registry.terraform.io/integrations/github\"]",
      "instances": [
        {
          "schema_version": 0,
          "attributes": {
            "etag": "W/\"075a42300d445641b1c0a794c634a0c4c14950c82e4282878ae67d635ce30a9b\"",
            "id": "ictsc:chisaton1",
            "role": "member",
            "username": "chisaton1"
          },
          "sensitive_attributes": []
        }
      ]
    },
    {
      "mode": "managed",
      "type": "github_membership",
      "name": "chouett0",
      "provider": "provider[\"registry.terraform.io/integrations/github\"]",
      "instances": [
        {
          "schema_version": 0,
          "attributes": {
            "etag": "W/\"c07687d3dce717ad85b989e30ca5ce5194198f8b6e3bed069758865f118933ab\"",
            "id": "ictsc:chouett0",
            "role": "member",
            "username": "chouett0"
          },
          "sensitive_attributes": []
        }
      ]
    },
    {
      "mode": "managed",
      "type": "github_membership",
      "name": "ecodrive-18",
      "provider": "provider[\"registry.terraform.io/integrations/github\"]",
      "instances": [
        {
          "schema_version": 0,
          "attributes": {
            "etag": "W/\"907461795f9ddcba77bb759d022577e72f696600e5fc42870f943c846bf2dd3f\"",
            "id": "ictsc:ecodrive-18",
            "role": "member",
            "username": "ecodrive-18"
          },
          "sensitive_attributes": []
        }
      ]
    },
    {
      "mode": "managed",
      "type": "github_membership",
      "name": "guragusan",
      "provider": "provider[\"registry.terraform.io/integrations/github\"]",
      "instances": [
        {
          "schema_version": 0,
          "attributes": {
            "etag": "W/\"28bf9e22e096dcbbfa9b5c31201643e12c85168bf7936dcaf12c10439704482d\"",
            "id": "ictsc:guragusan",
            "role": "member",
            "username": "guragusan"
          },
          "sensitive_attributes": []
        }
      ]
    },
    {
      "mode": "managed",
      "type": "github_membership",
      "name": "gurapomu",
      "provider": "provider[\"registry.terraform.io/integrations/github\"]",
      "instances": [
        {
          "schema_version": 0,
          "attributes": {
            "etag": "W/\"c0e10a2df2363db158893c4ddc92d84b7cfe3ae53a1f9710748589f2053d9c78\"",
            "id": "ictsc:gurapomu",
            "role": "member",
            "username": "gurapomu"
          },
          "sensitive_attributes": []
        }
      ]
    },
    {
      "mode": "managed",
      "type": "github_membership",
      "name": "h-otter",
      "provider": "provider[\"registry.terraform.io/integrations/github\"]",
      "instances": [
        {
          "schema_version": 0,
          "attributes": {
            "etag": "W/\"ddeed01f42bd334d6ff9dc8974b7f354f9327a0c5f60b0341d48928281229a0f\"",
            "id": "ictsc:h-otter",
            "role": "admin",
            "username": "h-otter"
          },
          "sensitive_attributes": []
        }
      ]
    },
    {
      "mode": "managed",
      "type": "github_membership",
      "name": "ha-kun0711",
      "provider": "provider[\"registry.terraform.io/integrations/github\"]",
      "instances": [
        {
          "schema_version": 0,
          "attributes": {
            "etag": "W/\"34dd40c92e400073e254afa0567e15e882fa8d176d4ae808c639f0432560dafb\"",
            "id": "ictsc:ha-kun0711",
            "role": "member",
            "username": "ha-kun0711"
          },
          "sensitive_attributes": []
        }
      ]
    },
    {
      "mode": "managed",
      "type": "github_membership",
      "name": "hibiki31",
      "provider": "provider[\"registry.terraform.io/integrations/github\"]",
      "instances": [
        {
          "schema_version": 0,
          "attributes": {
            "etag": "W/\"49cb84e27f956d6aa4365a0cd1080e44dab6169bf7673bf76abdf61386cedd90\"",
            "id": "ictsc:hibiki31",
            "role": "member",
            "username": "hibiki31"
          },
          "sensitive_attributes": []
        }
      ]
    },
    {
      "mode": "managed",
      "type": "github_membership",
      "name": "ibucho",
      "provider": "provider[\"registry.terraform.io/integrations/github\"]",
      "instances": [
        {
          "schema_version": 0,
          "attributes": {
            "etag": "W/\"dd518b441a7bc37321d7cb83a90601167c1b2ea3b9cd43661d5849a98bfe55f9\"",
            "id": "ictsc:ibucho",
            "role": "admin",
            "username": "ibucho"
          },
          "sensitive_attributes": []
        }
      ]
    },
    {
      "mode": "managed",
      "type": "github_membership",
      "name": "icchy",
      "provider": "provider[\"registry.terraform.io/integrations/github\"]",
      "instances": [
        {
          "schema_version": 0,
          "attributes": {
            "etag": "W/\"9de28508d5fc9c26b31480079260c42a3ece3845cd8947e87a6341413215b71c\"",
            "id": "ictsc:icchy",
            "role": "member",
            "username": "icchy"
          },
          "sensitive_attributes": []
        }
      ]
    },
    {
      "mode": "managed",
      "type": "github_membership",
      "name": "int-tt",
      "provider": "provider[\"registry.terraform.io/integrations/github\"]",
      "instances": [
        {
          "schema_version": 0,
          "attributes": {
            "etag": "W/\"2de8f2c37a1b5710400271975d68fb731d9408038a34a6348a2b75f297a730d2\"",
            "id": "ictsc:int-tt",
            "role": "member",
            "username": "int-tt"
          },
          "sensitive_attributes": []
        }
      ]
    },
    {
      "mode": "managed",
      "type": "github_membership",
      "name": "inuyosi",
      "provider": "provider[\"registry.terraform.io/integrations/github\"]",
      "instances": [
        {
          "schema_version": 0,
          "attributes": {
            "etag": "W/\"303535e2e9740dbd2f8ca72cfeceb8cccfa5145323ece82bf28c40ff7daef53c\"",
            "id": "ictsc:inuyosi",
            "role": "member",
            "username": "inuyosi"
          },
          "sensitive_attributes": []
        }
      ]
    },
    {
      "mode": "managed",
      "type": "github_membership",
      "name": "kadokusei",
      "provider": "provider[\"registry.terraform.io/integrations/github\"]",
      "instances": [
        {
          "schema_version": 0,
          "attributes": {
            "etag": "W/\"10ed8ce2d98d2f51a90f110d0ab538481919482b7cde2f9bcb90848462d0853e\"",
            "id": "ictsc:kadokusei",
            "role": "member",
            "username": "kadokusei"
          },
          "sensitive_attributes": []
        }
      ]
    },
    {
      "mode": "managed",
      "type": "github_membership",
      "name": "kamijin-fanta",
      "provider": "provider[\"registry.terraform.io/integrations/github\"]",
      "instances": [
        {
          "schema_version": 0,
          "attributes": {
            "etag": "W/\"4c57d884b6e1946a25a1f1878c9da4f6c5a8dbd56be06d5a09a8a1df786dca78\"",
            "id": "ictsc:kamijin-fanta",
            "role": "member",
            "username": "kamijin-fanta"
          },
          "sensitive_attributes": []
        }
      ]
    },
    {
      "mode": "managed",
      "type": "github_membership",
      "name": "kapibara824",
      "provider": "provider[\"registry.terraform.io/integrations/github\"]",
      "instances": [
        {
          "schema_version": 0,
          "attributes": {
            "etag": "W/\"923b7c6fed28ba3c6134aa6dae476b5bca407c177a095e6a71fa37184fd538cc\"",
            "id": "ictsc:kapibara824",
            "role": "member",
            "username": "kapibara824"
          },
          "sensitive_attributes": []
        }
      ]
    },
    {
      "mode": "managed",
      "type": "github_membership",
      "name": "kayo-tozaki",
      "provider": "provider[\"registry.terraform.io/integrations/github\"]",
      "instances": [
        {
          "schema_version": 0,
          "attributes": {
            "etag": "W/\"c918c98ae1abae893944590d56d3ee9db652435ee1c6340997c67d526928c30a\"",
            "id": "ictsc:kayo-tozaki",
            "role": "member",
            "username": "kayo-tozaki"
          },
          "sensitive_attributes": []
        }
      ]
    },
    {
      "mode": "managed",
      "type": "github_membership",
      "name": "keisukearakawa",
      "provider": "provider[\"registry.terraform.io/integrations/github\"]",
      "instances": [
        {
          "schema_version": 0,
          "attributes": {
            "etag": "W/\"5cba7b2bcf6029b03f1ea5364e4af67dc41ef3157b56bac6dfe8d6c442b02cfa\"",
            "id": "ictsc:keisukearakawa",
            "role": "member",
            "username": "keisukearakawa"
          },
          "sensitive_attributes": []
        }
      ]
    },
    {
      "mode": "managed",
      "type": "github_membership",
      "name": "keyakko",
      "provider": "provider[\"registry.terraform.io/integrations/github\"]",
      "instances": [
        {
          "schema_version": 0,
          "attributes": {
            "etag": "W/\"acfabf479579d60be16bb35b6c3eda34cae9b414f6a6ce6b6a9fd237d4efdc82\"",
            "id": "ictsc:keyakko",
            "role": "member",
            "username": "keyakko"
          },
          "sensitive_attributes": []
        }
      ]
    },
    {
      "mode": "managed",
      "type": "github_membership",
      "name": "kurochan",
      "provider": "provider[\"registry.terraform.io/integrations/github\"]",
      "instances": [
        {
          "schema_version": 0,
          "attributes": {
            "etag": "W/\"e512416c4128ef54f9c8df7f8faf70346a5cd95efdc174eeea7e305761f30b19\"",
            "id": "ictsc:kurochan",
            "role": "admin",
            "username": "kurochan"
          },
          "sensitive_attributes": []
        }
      ]
    },
    {
      "mode": "managed",
      "type": "github_membership",
      "name": "kyoko0514",
      "provider": "provider[\"registry.terraform.io/integrations/github\"]",
      "instances": [
        {
          "schema_version": 0,
          "attributes": {
            "etag": "W/\"a46ffe5255432a086ea2e398a01e8aaefca8c020f8eeefddf4b9e3463ac62046\"",
            "id": "ictsc:kyoko0514",
            "role": "member",
            "username": "kyoko0514"
          },
          "sensitive_attributes": []
        }
      ]
    },
    {
      "mode": "managed",
      "type": "github_membership",
      "name": "kyontan",
      "provider": "provider[\"registry.terraform.io/integrations/github\"]",
      "instances": [
        {
          "schema_version": 0,
          "attributes": {
            "etag": "W/\"e6a77e1174537d0891fbb776b89a4587b613da30c41e2521baaf86fc384c315c\"",
            "id": "ictsc:kyontan",
            "role": "member",
            "username": "kyontan"
          },
          "sensitive_attributes": []
        }
      ]
    },
    {
      "mode": "managed",
      "type": "github_membership",
      "name": "logica0419",
      "provider": "provider[\"registry.terraform.io/integrations/github\"]",
      "instances": [
        {
          "schema_version": 0,
          "attributes": {
            "etag": "W/\"38694468347edfaed0f0a4dce59b2a1982fed781bec336a667f293e9efd36e53\"",
            "id": "ictsc:logica0419",
            "role": "member",
            "username": "logica0419"
          },
          "sensitive_attributes": [],
          "private": "bnVsbA=="
        }
      ]
    },
    {
      "mode": "managed",
      "type": "github_membership",
      "name": "mbook-x86",
      "provider": "provider[\"registry.terraform.io/integrations/github\"]",
      "instances": [
        {
          "schema_version": 0,
          "attributes": {
            "etag": "W/\"7ef8df54f90ffd3f587e68eb4fc5b795773de06028a5ed5dbb501b324ad5a205\"",
            "id": "ictsc:mbook-x86",
            "role": "member",
            "username": "mbook-x86"
          },
          "sensitive_attributes": []
        }
      ]
    },
    {
      "mode": "managed",
      "type": "github_membership",
      "name": "miyao11",
      "provider": "provider[\"registry.terraform.io/integrations/github\"]",
      "instances": [
        {
          "schema_version": 0,
          "attributes": {
            "etag": "W/\"e06606fbe82c6bea66199ab49f0d7c61d268359399f08134fe3678b78aa55f2c\"",
            "id": "ictsc:Miyao11",
            "role": "member",
            "username": "Miyao11"
          },
          "sensitive_attributes": []
        }
      ]
    },
    {
      "mode": "managed",
      "type": "github_membership",
      "name": "mk0913mnck",
      "provider": "provider[\"registry.terraform.io/integrations/github\"]",
      "instances": [
        {
          "schema_version": 0,
          "attributes": {
            "etag": "W/\"68c004fbd494c4301eb5602cae7fa19ee02f741a192eb6bc3d0d46f5bf2fffea\"",
            "id": "ictsc:mk0913mnck",
            "role": "member",
            "username": "mk0913mnck"
          },
          "sensitive_attributes": []
        }
      ]
    },
    {
      "mode": "managed",
      "type": "github_membership",
      "name": "nakasyo2650",
      "provider": "provider[\"registry.terraform.io/integrations/github\"]",
      "instances": [
        {
          "schema_version": 0,
          "attributes": {
            "etag": "W/\"f90251cc3787eb229d8537a4d47f0250cdcf76179de9a695f9f9da15131bcfa3\"",
            "id": "ictsc:nakasyo2650",
            "role": "member",
            "username": "nakasyo2650"
          },
          "sensitive_attributes": []
        }
      ]
    },
    {
      "mode": "managed",
      "type": "github_membership",
      "name": "naoki2001",
      "provider": "provider[\"registry.terraform.io/integrations/github\"]",
      "instances": [
        {
          "schema_version": 0,
          "attributes": {
            "etag": "W/\"6896cc7778511f34ba9c1a25b070dcc12dfbc9c741cbcc4914f12a51774be17f\"",
            "id": "ictsc:naoki2001",
            "role": "member",
            "username": "naoki2001"
          },
          "sensitive_attributes": []
        }
      ]
    },
    {
      "mode": "managed",
      "type": "github_membership",
      "name": "naoki912",
      "provider": "provider[\"registry.terraform.io/integrations/github\"]",
      "instances": [
        {
          "schema_version": 0,
          "attributes": {
            "etag": "W/\"c73de4944b9ce615f5f73f7b0beb8431c6ba957694fadc96d6e68ecfced5c3f5\"",
            "id": "ictsc:naoki912",
            "role": "member",
            "username": "naoki912"
          },
          "sensitive_attributes": []
        }
      ]
    },
    {
      "mode": "managed",
      "type": "github_membership",
      "name": "netmarkjp",
      "provider": "provider[\"registry.terraform.io/integrations/github\"]",
      "instances": [
        {
          "schema_version": 0,
          "attributes": {
            "etag": "W/\"5d9d7ca7db06df8ac70842522a0fb43178c11ce0c62c5c746a1ce8a994f46165\"",
            "id": "ictsc:netmarkjp",
            "role": "admin",
            "username": "netmarkjp"
          },
          "sensitive_attributes": []
        }
      ]
    },
    {
      "mode": "managed",
      "type": "github_membership",
      "name": "nomeaning777",
      "provider": "provider[\"registry.terraform.io/integrations/github\"]",
      "instances": [
        {
          "schema_version": 0,
          "attributes": {
            "etag": "W/\"5177f94c853a33dc0cf467276d676df809a4015d0c3aeef4ec88c32bb9e52170\"",
            "id": "ictsc:nomeaning777",
            "role": "member",
            "username": "nomeaning777"
          },
          "sensitive_attributes": []
        }
      ]
    },
    {
      "mode": "managed",
      "type": "github_membership",
      "name": "notchi590",
      "provider": "provider[\"registry.terraform.io/integrations/github\"]",
      "instances": [
        {
          "schema_version": 0,
          "attributes": {
            "etag": "W/\"e8b01ed7ac1c842582156e20f38f318dfff7a459ae1f6a6b782847e3932dad35\"",
            "id": "ictsc:notchi590",
            "role": "member",
            "username": "notchi590"
          },
          "sensitive_attributes": []
        }
      ]
    },
    {
      "mode": "managed",
      "type": "github_membership",
      "name": "onokatio",
      "provider": "provider[\"registry.terraform.io/integrations/github\"]",
      "instances": [
        {
          "schema_version": 0,
          "attributes": {
            "etag": "W/\"304aff953e9c09d13a65a194de9cd234eb73f5e2bb744f6bd3ffd441c96d6022\"",
            "id": "ictsc:onokatio",
            "role": "admin",
            "username": "onokatio"
          },
          "sensitive_attributes": []
        }
      ]
    },
    {
      "mode": "managed",
      "type": "github_membership",
      "name": "oomorio",
      "provider": "provider[\"registry.terraform.io/integrations/github\"]",
      "instances": [
        {
          "schema_version": 0,
          "attributes": {
            "etag": "W/\"9b3f20a907385dc5583e75fd41a750cde0b00d2dd2e528a157bcbd3d37f3d028\"",
            "id": "ictsc:oomorio",
            "role": "member",
            "username": "oomorio"
          },
          "sensitive_attributes": []
        }
      ]
    },
    {
      "mode": "managed",
      "type": "github_membership",
      "name": "ophum",
      "provider": "provider[\"registry.terraform.io/integrations/github\"]",
      "instances": [
        {
          "schema_version": 0,
          "attributes": {
            "etag": "W/\"a753122e5d262e030b8a8721692e68df2d0cf207c830a38053cd08b7770c72a3\"",
            "id": "ictsc:ophum",
            "role": "member",
            "username": "ophum"
          },
          "sensitive_attributes": []
        }
      ]
    },
    {
      "mode": "managed",
      "type": "github_membership",
      "name": "orin24",
      "provider": "provider[\"registry.terraform.io/integrations/github\"]",
      "instances": [
        {
          "schema_version": 0,
          "attributes": {
            "etag": "W/\"77b6ab72da10546f755b807bb38f9a54b044f92210964bafab8cc76ee06acf55\"",
            "id": "ictsc:orin24",
            "role": "member",
            "username": "orin24"
          },
          "sensitive_attributes": []
        }
      ]
    },
    {
      "mode": "managed",
      "type": "github_membership",
      "name": "palloc",
      "provider": "provider[\"registry.terraform.io/integrations/github\"]",
      "instances": [
        {
          "schema_version": 0,
          "attributes": {
            "etag": "W/\"c18adc27025d9f3f580d859b4cd70d93f4ed0644d91c0e3c05293825b98c42f7\"",
            "id": "ictsc:palloc",
            "role": "member",
            "username": "palloc"
          },
          "sensitive_attributes": []
        }
      ]
    },
    {
      "mode": "managed",
      "type": "github_membership",
      "name": "potyama",
      "provider": "provider[\"registry.terraform.io/integrations/github\"]",
      "instances": [
        {
          "schema_version": 0,
          "attributes": {
            "etag": "W/\"22e755697023864d93c4568d55d550c14456efac3ac78bbb9a00b7a4bbc6ba13\"",
            "id": "ictsc:potyama",
            "role": "member",
            "username": "potyama"
          },
          "sensitive_attributes": []
        }
      ]
    },
    {
      "mode": "managed",
      "type": "github_membership",
      "name": "proelbtn",
      "provider": "provider[\"registry.terraform.io/integrations/github\"]",
      "instances": [
        {
          "schema_version": 0,
          "attributes": {
            "etag": "W/\"9b3dc56115d1792bc0f124a0074c0e6a7abab51a416cca43b2566acdc242a4a6\"",
            "id": "ictsc:proelbtn",
            "role": "admin",
            "username": "proelbtn"
          },
          "sensitive_attributes": []
        }
      ]
    },
    {
      "mode": "managed",
      "type": "github_membership",
      "name": "recuraki",
      "provider": "provider[\"registry.terraform.io/integrations/github\"]",
      "instances": [
        {
          "schema_version": 0,
          "attributes": {
            "etag": "W/\"638c7406651ea2352f1dcb5decb2f6824fa92764e1affcc55699640264ef8be9\"",
            "id": "ictsc:recuraki",
            "role": "member",
            "username": "recuraki"
          },
          "sensitive_attributes": []
        }
      ]
    },
    {
      "mode": "managed",
      "type": "github_membership",
      "name": "rlia",
      "provider": "provider[\"registry.terraform.io/integrations/github\"]",
      "instances": [
        {
          "schema_version": 0,
          "attributes": {
            "etag": "W/\"906bf94b4288746eb896e6ad4549b1d60736fa680b5c80f3dbfa6d9ad97936e1\"",
            "id": "ictsc:rlia",
            "role": "member",
            "username": "rlia"
          },
          "sensitive_attributes": []
        }
      ]
    },
    {
      "mode": "managed",
      "type": "github_membership",
      "name": "sharknasuhorse",
      "provider": "provider[\"registry.terraform.io/integrations/github\"]",
      "instances": [
        {
          "schema_version": 0,
          "attributes": {
            "etag": "W/\"0a61083c757362d327238fff599bd82bd7e6cb36e3c9fafcb7da1eeaf54cc242\"",
            "id": "ictsc:sharknasuhorse",
            "role": "admin",
            "username": "sharknasuhorse"
          },
          "sensitive_attributes": []
        }
      ]
    },
    {
      "mode": "managed",
      "type": "github_membership",
      "name": "shinonome01",
      "provider": "provider[\"registry.terraform.io/integrations/github\"]",
      "instances": [
        {
          "schema_version": 0,
          "attributes": {
            "etag": "W/\"93b69ced3148b199805f687c0e6986d6f08b9d5e5d10c4ada74d579bc21ce9c3\"",
            "id": "ictsc:shinonome01",
            "role": "member",
            "username": "shinonome01"
          },
          "sensitive_attributes": []
        }
      ]
    },
    {
      "mode": "managed",
      "type": "github_membership",
      "name": "site0801",
      "provider": "provider[\"registry.terraform.io/integrations/github\"]",
      "instances": [
        {
          "schema_version": 0,
          "attributes": {
            "etag": "W/\"2e5cd272c9e855c27c896d8f62adbae18992a36783aea6e5df83782688d4eebf\"",
            "id": "ictsc:site0801",
            "role": "member",
            "username": "site0801"
          },
          "sensitive_attributes": []
        }
      ]
    },
    {
      "mode": "managed",
      "type": "github_membership",
      "name": "sora34",
      "provider": "provider[\"registry.terraform.io/integrations/github\"]",
      "instances": [
        {
          "schema_version": 0,
          "attributes": {
            "etag": "W/\"ad68be3029cb85c048c05e0648af6f95b155b65521bee245777b5560563c4583\"",
            "id": "ictsc:sora34",
            "role": "member",
            "username": "sora34"
          },
          "sensitive_attributes": []
        }
      ]
    },
    {
      "mode": "managed",
      "type": "github_membership",
      "name": "staybuzz",
      "provider": "provider[\"registry.terraform.io/integrations/github\"]",
      "instances": [
        {
          "schema_version": 0,
          "attributes": {
            "etag": "W/\"5cba7ca8fd879c0e8208875318c788a098937b3e8c32b1756bc6445332917cb7\"",
            "id": "ictsc:staybuzz",
            "role": "member",
            "username": "staybuzz"
          },
          "sensitive_attributes": []
        }
      ]
    },
    {
      "mode": "managed",
      "type": "github_membership",
      "name": "sugiki-accelia",
      "provider": "provider[\"registry.terraform.io/integrations/github\"]",
      "instances": [
        {
          "schema_version": 0,
          "attributes": {
            "etag": "W/\"ea334c2aa51fe6f96c4f3c5aceb353186aad3435cc21f3542e6fce46fb562f74\"",
            "id": "ictsc:sugiki-accelia",
            "role": "member",
            "username": "sugiki-accelia"
          },
          "sensitive_attributes": []
        }
      ]
    },
    {
      "mode": "managed",
      "type": "github_membership",
      "name": "sukekawa-accelia",
      "provider": "provider[\"registry.terraform.io/integrations/github\"]",
      "instances": [
        {
          "schema_version": 0,
          "attributes": {
            "etag": "W/\"7174cc9cef5f403b48845dfaa2c0873af7c031b2a9acecf577aeb1b3fc4f2e2c\"",
            "id": "ictsc:sukekawa-accelia",
            "role": "member",
            "username": "sukekawa-accelia"
          },
          "sensitive_attributes": []
        }
      ]
    },
    {
      "mode": "managed",
      "type": "github_membership",
      "name": "syuli",
      "provider": "provider[\"registry.terraform.io/integrations/github\"]",
      "instances": [
        {
          "schema_version": 0,
          "attributes": {
            "etag": "W/\"9bfde9b5b0ccce74076dcfa1d728dfcd132d9fb0debd529de612d7642d98e766\"",
            "id": "ictsc:syuli",
            "role": "member",
            "username": "syuli"
          },
          "sensitive_attributes": []
        }
      ]
    },
    {
      "mode": "managed",
      "type": "github_membership",
      "name": "syuuya-nakatomi",
      "provider": "provider[\"registry.terraform.io/integrations/github\"]",
      "instances": [
        {
          "schema_version": 0,
          "attributes": {
            "etag": "W/\"32585a975121ba727d02fbe342960cf95e1301cff2c8f943332552ff5f4601d8\"",
            "id": "ictsc:syuuya-nakatomi",
            "role": "member",
            "username": "syuuya-nakatomi"
          },
          "sensitive_attributes": [],
          "private": "bnVsbA=="
        }
      ]
    },
    {
      "mode": "managed",
      "type": "github_membership",
      "name": "takehaya",
      "provider": "provider[\"registry.terraform.io/integrations/github\"]",
      "instances": [
        {
          "schema_version": 0,
          "attributes": {
            "etag": "W/\"703d8278e799d95f1b905b128f67bee4d6d20cc13d34b3ef0c6e1a15e0042918\"",
            "id": "ictsc:takehaya",
            "role": "admin",
            "username": "takehaya"
          },
          "sensitive_attributes": []
        }
      ]
    },
    {
      "mode": "managed",
      "type": "github_membership",
      "name": "takes3",
      "provider": "provider[\"registry.terraform.io/integrations/github\"]",
      "instances": [
        {
          "schema_version": 0,
          "attributes": {
            "etag": "W/\"a01110f4d2ab77acdef58b91e91a2302ade6642addbf7d5d5e4013973a41fc59\"",
            "id": "ictsc:takes3",
            "role": "member",
            "username": "takes3"
          },
          "sensitive_attributes": []
        }
      ]
    },
    {
      "mode": "managed",
      "type": "github_membership",
      "name": "tanishi001",
      "provider": "provider[\"registry.terraform.io/integrations/github\"]",
      "instances": [
        {
          "schema_version": 0,
          "attributes": {
            "etag": "W/\"f7641f5c666a0e55ddf81fe7582498c037473e3a99cee9edc2824172902c2421\"",
            "id": "ictsc:tanishi001",
            "role": "member",
            "username": "tanishi001"
          },
          "sensitive_attributes": []
        }
      ]
    },
    {
      "mode": "managed",
      "type": "github_membership",
      "name": "tar-xzvff",
      "provider": "provider[\"registry.terraform.io/integrations/github\"]",
      "instances": [
        {
          "schema_version": 0,
          "attributes": {
            "etag": "W/\"5adc7628810f620ad3b8ad2149e21fbd36bbd9181e6a25ca04ce5cda038a5d84\"",
            "id": "ictsc:tar-xzvff",
            "role": "admin",
            "username": "tar-xzvff"
          },
          "sensitive_attributes": []
        }
      ]
    },
    {
      "mode": "managed",
      "type": "github_membership",
      "name": "tom--bo",
      "provider": "provider[\"registry.terraform.io/integrations/github\"]",
      "instances": [
        {
          "schema_version": 0,
          "attributes": {
            "etag": "W/\"e955b9eb19a40bede9661ca6937538ff299c805816e89c14f6ae74872797a1d0\"",
            "id": "ictsc:tom--bo",
            "role": "member",
            "username": "tom--bo"
          },
          "sensitive_attributes": []
        }
      ]
    },
    {
      "mode": "managed",
      "type": "github_membership",
      "name": "tomatoaas",
      "provider": "provider[\"registry.terraform.io/integrations/github\"]",
      "instances": [
        {
          "schema_version": 0,
          "attributes": {
            "etag": "W/\"2b32addbec31b1308d6bc25317cd047b0bd22713ed179c23f4de979ce28befa9\"",
            "id": "ictsc:tomatoaas",
            "role": "member",
            "username": "tomatoaas"
          },
          "sensitive_attributes": []
        }
      ]
    },
    {
      "mode": "managed",
      "type": "github_membership",
      "name": "tsuttsu305",
      "provider": "provider[\"registry.terraform.io/integrations/github\"]",
      "instances": [
        {
          "schema_version": 0,
          "attributes": {
            "etag": "W/\"afb0599d0b21cb791d507dddc6135e1e360457392d23e8617ae63b2503993b38\"",
            "id": "ictsc:tsuttsu305",
            "role": "member",
            "username": "tsuttsu305"
          },
          "sensitive_attributes": []
        }
      ]
    },
    {
      "mode": "managed",
      "type": "github_membership",
      "name": "uplus",
      "provider": "provider[\"registry.terraform.io/integrations/github\"]",
      "instances": [
        {
          "schema_version": 0,
          "attributes": {
            "etag": "W/\"d574e35395ee327a6afbe97cd2b6ca4b6e714020770aa06100d46a19f1612f14\"",
            "id": "ictsc:uplus",
            "role": "admin",
            "username": "uplus"
          },
          "sensitive_attributes": []
        }
      ]
    },
    {
      "mode": "managed",
      "type": "github_membership",
      "name": "whywaita",
      "provider": "provider[\"registry.terraform.io/integrations/github\"]",
      "instances": [
        {
          "schema_version": 0,
          "attributes": {
            "etag": "W/\"d2df45182ea2409727a8b22201a85735b16f3ad395ac3759becbf88cccda6333\"",
            "id": "ictsc:whywaita",
            "role": "admin",
            "username": "whywaita"
          },
          "sensitive_attributes": []
        }
      ]
    },
    {
      "mode": "managed",
      "type": "github_membership",
      "name": "x86taka",
      "provider": "provider[\"registry.terraform.io/integrations/github\"]",
      "instances": [
        {
          "schema_version": 0,
          "attributes": {
            "etag": "W/\"adeeeedc68bdc685b3db0cccafd72bac9aac529da0349cf5f784fe99f59a2d50\"",
            "id": "ictsc:x86taka",
            "role": "admin",
            "username": "x86taka"
          },
          "sensitive_attributes": []
        }
      ]
    },
    {
      "mode": "managed",
      "type": "github_membership",
      "name": "y-monma",
      "provider": "provider[\"registry.terraform.io/integrations/github\"]",
      "instances": [
        {
          "schema_version": 0,
          "attributes": {
            "etag": "W/\"1e58adeaaa184e83afe50a27d60e62510781b55a25fc7ee50f88b3a636f4ef94\"",
            "id": "ictsc:y-monma",
            "role": "member",
            "username": "y-monma"
          },
          "sensitive_attributes": []
        }
      ]
    },
    {
      "mode": "managed",
      "type": "github_membership",
      "name": "yaminoma",
      "provider": "provider[\"registry.terraform.io/integrations/github\"]",
      "instances": [
        {
          "schema_version": 0,
          "attributes": {
            "etag": "W/\"9bd43e34eab262c0161426124feb7f310b922f56edb3e302955367af74dd1d3c\"",
            "id": "ictsc:yaminoma",
            "role": "member",
            "username": "yaminoma"
          },
          "sensitive_attributes": []
        }
      ]
    },
    {
      "mode": "managed",
      "type": "github_membership",
      "name": "yatuhashi",
      "provider": "provider[\"registry.terraform.io/integrations/github\"]",
      "instances": [
        {
          "schema_version": 0,
          "attributes": {
            "etag": "W/\"294d8123a64850b8bf6371dd50dee0c62aa79c8b5dec9854f69393e870a71089\"",
            "id": "ictsc:yatuhashi",
            "role": "member",
            "username": "yatuhashi"
          },
          "sensitive_attributes": []
        }
      ]
    },
    {
      "mode": "managed",
      "type": "github_membership",
      "name": "yo-kanyukari",
      "provider": "provider[\"registry.terraform.io/integrations/github\"]",
      "instances": [
        {
          "schema_version": 0,
          "attributes": {
            "etag": "W/\"41336141e141104c45e39987e696653e405a828bc0f6ec023d1f32dc59db2673\"",
            "id": "ictsc:siberiy4",
            "role": "member",
            "username": "siberiy4"
          },
          "sensitive_attributes": [],
          "private": "bnVsbA=="
        }
      ]
    },
    {
      "mode": "managed",
      "type": "github_membership",
      "name": "yo-taro",
      "provider": "provider[\"registry.terraform.io/integrations/github\"]",
      "instances": [
        {
          "schema_version": 0,
          "attributes": {
            "etag": "W/\"b79180ef05b1a860863178c974d07f778d24f0658484f361205a1c7862cbde98\"",
            "id": "ictsc:yo-taro",
            "role": "member",
            "username": "yo-taro"
          },
          "sensitive_attributes": []
        }
      ]
    },
    {
      "mode": "managed",
      "type": "github_membership",
      "name": "yoneyan",
      "provider": "provider[\"registry.terraform.io/integrations/github\"]",
      "instances": [
        {
          "schema_version": 0,
          "attributes": {
            "etag": "W/\"fc66ccb9af69598279f2d1f08932e085da6da8a1e10a7bb63ad99bbdb2d82067\"",
            "id": "ictsc:yoneyan",
            "role": "member",
            "username": "yoneyan"
          },
          "sensitive_attributes": []
        }
      ]
    },
    {
      "mode": "managed",
      "type": "github_membership",
      "name": "yu-tanaka00",
      "provider": "provider[\"registry.terraform.io/integrations/github\"]",
      "instances": [
        {
          "schema_version": 0,
          "attributes": {
            "etag": "W/\"59559356c908dc1f02145bcb1f7682d1e367d0cb4191564bfdf3bb0c1e365641\"",
            "id": "ictsc:yu-tanaka00",
            "role": "member",
            "username": "yu-tanaka00"
          },
          "sensitive_attributes": []
        }
      ]
    },
    {
      "mode": "managed",
      "type": "github_membership",
      "name": "yukamoja",
      "provider": "provider[\"registry.terraform.io/integrations/github\"]",
      "instances": [
        {
          "schema_version": 0,
          "attributes": {
            "etag": "W/\"a356c00d2d7cb2917a584873435851be0d199746fe29e0f7d5437f21688c15ac\"",
            "id": "ictsc:yukamoja",
            "role": "admin",
            "username": "yukamoja"
          },
          "sensitive_attributes": []
        }
      ]
    },
    {
      "mode": "managed",
      "type": "github_membership",
      "name": "yuukinetwork",
      "provider": "provider[\"registry.terraform.io/integrations/github\"]",
      "instances": [
        {
          "schema_version": 0,
          "attributes": {
            "etag": "W/\"b58c5ae61cafd53b14750d4dbcb152ab68576cdd687e4afc2381bc390e0709ec\"",
            "id": "ictsc:yuukinetwork",
            "role": "member",
            "username": "yuukinetwork"
          },
          "sensitive_attributes": []
        }
      ]
    },
    {
      "mode": "managed",
      "type": "github_membership",
      "name": "zeroalphat",
      "provider": "provider[\"registry.terraform.io/integrations/github\"]",
      "instances": [
        {
          "schema_version": 0,
          "attributes": {
            "etag": "W/\"a882b5db368b6698d44bc22dc7db0defb638360bc558cb8d6cbedb678b471adb\"",
            "id": "ictsc:zeroalphat",
            "role": "member",
            "username": "zeroalphat"
          },
          "sensitive_attributes": []
        }
      ]
    },
    {
      "mode": "managed",
      "type": "github_team",
      "name": "admin",
      "provider": "provider[\"registry.terraform.io/integrations/github\"]",
      "instances": [
        {
          "schema_version": 0,
          "attributes": {
            "create_default_maintainer": false,
            "description": "ictsc organization admins",
            "etag": "W/\"34d4443170457f01fce512634d72d301fc2db2cd2635aefbd1304d40b4432ba4\"",
            "id": "2008807",
            "ldap_dn": "",
            "members_count": 11,
            "name": "Admins",
            "node_id": "MDQ6VGVhbTIwMDg4MDc=",
            "parent_team_id": null,
            "privacy": "closed",
            "slug": "admins"
          },
          "sensitive_attributes": []
        }
      ]
    },
    {
      "mode": "managed",
      "type": "github_team",
      "name": "ictsc2018",
      "provider": "provider[\"registry.terraform.io/integrations/github\"]",
      "instances": [
        {
          "schema_version": 0,
          "attributes": {
            "create_default_maintainer": false,
            "description": "member of ictsc2018",
            "etag": "W/\"3329f3ceca321f4c5996e8d6039d856034a278031275273287b7b4c137239c1d\"",
            "id": "2818425",
            "ldap_dn": "",
            "members_count": 21,
            "name": "ictsc2018",
            "node_id": "MDQ6VGVhbTI4MTg0MjU=",
            "parent_team_id": null,
            "privacy": "closed",
            "slug": "ictsc2018"
          },
          "sensitive_attributes": []
        }
      ]
    },
    {
      "mode": "managed",
      "type": "github_team",
      "name": "ictsc2019",
      "provider": "provider[\"registry.terraform.io/integrations/github\"]",
      "instances": [
        {
          "schema_version": 0,
          "attributes": {
            "create_default_maintainer": false,
            "description": "member of ictsc2019",
            "etag": "W/\"bd7733a4808dc5aff854c5f8fb784816a6aed1b3de51c795116be5c8743c009f\"",
            "id": "3300293",
            "ldap_dn": "",
            "members_count": 36,
            "name": "ictsc2019",
            "node_id": "MDQ6VGVhbTMzMDAyOTM=",
            "parent_team_id": null,
            "privacy": "closed",
            "slug": "ictsc2019"
          },
          "sensitive_attributes": []
        }
      ]
    },
    {
      "mode": "managed",
      "type": "github_team",
      "name": "ictsc2020",
      "provider": "provider[\"registry.terraform.io/integrations/github\"]",
      "instances": [
        {
          "schema_version": 0,
          "attributes": {
            "create_default_maintainer": false,
            "description": "member of ictsc2020",
            "etag": "W/\"0a52a650ad34051c65a4ecb82b979fc4bab03b05703bb272f0f5f1fc35fcf31c\"",
            "id": "3894829",
            "ldap_dn": "",
            "members_count": 25,
            "name": "ictsc2020",
            "node_id": "MDQ6VGVhbTM4OTQ4Mjk=",
            "parent_team_id": null,
            "privacy": "closed",
            "slug": "ictsc2020"
          },
          "sensitive_attributes": []
        }
      ]
    },
    {
      "mode": "managed",
      "type": "github_team",
      "name": "ictsc2021",
      "provider": "provider[\"registry.terraform.io/integrations/github\"]",
      "instances": [
        {
          "schema_version": 0,
          "attributes": {
            "create_default_maintainer": false,
            "description": "member of ictsc2021",
            "etag": "W/\"30dd4bf83b4fb15cd476d45be6d679277eb32c342348022889a0a1891d38729a\"",
            "id": "4811781",
            "ldap_dn": "",
            "members_count": 15,
            "name": "ictsc2021",
            "node_id": "MDQ6VGVhbTQ4MTE3ODE=",
            "parent_team_id": null,
            "privacy": "closed",
            "slug": "ictsc2021"
          },
          "sensitive_attributes": []
        }
      ]
    },
    {
      "mode": "managed",
      "type": "github_team",
      "name": "ictsc2022",
      "provider": "provider[\"registry.terraform.io/integrations/github\"]",
      "instances": [
        {
          "schema_version": 0,
          "attributes": {
            "create_default_maintainer": false,
            "description": "member of ictsc2022",
            "etag": "W/\"bf7b37771f3acacb59f924ea57cfe94b1688915629d293369cbfabe47dbce7ea\"",
            "id": "7097691",
            "ldap_dn": "",
            "members_count": 12,
            "name": "ictsc2022",
            "node_id": "T_kwDOAKhxTs4AbE1b",
            "parent_team_id": null,
            "privacy": "closed",
            "slug": "ictsc2022"
          },
          "sensitive_attributes": [],
          "private": "bnVsbA=="
        }
      ]
    },
    {
      "mode": "managed",
      "type": "github_team",
      "name": "ictsc4",
      "provider": "provider[\"registry.terraform.io/integrations/github\"]",
      "instances": [
        {
          "schema_version": 0,
          "attributes": {
            "create_default_maintainer": false,
            "description": "member of ictsc4",
            "etag": "W/\"0da8e0ebeb321681240aaa4aa13a9bf1ba63a2ea5d677bc822dfc9e2539df8c5\"",
            "id": "2004351",
            "ldap_dn": "",
            "members_count": 11,
            "name": "ictsc4",
            "node_id": "MDQ6VGVhbTIwMDQzNTE=",
            "parent_team_id": null,
            "privacy": "closed",
            "slug": "ictsc4"
          },
          "sensitive_attributes": []
        }
      ]
    },
    {
      "mode": "managed",
      "type": "github_team",
      "name": "ictsc5",
      "provider": "provider[\"registry.terraform.io/integrations/github\"]",
      "instances": [
        {
          "schema_version": 0,
          "attributes": {
            "create_default_maintainer": false,
            "description": "member of ictsc5",
            "etag": "W/\"6e85ea4d1da0bfc986964462ab97428d05a71e8cf0b8b839d1f0d5bab2ff4250\"",
            "id": "2004352",
            "ldap_dn": "",
            "members_count": 28,
            "name": "ictsc5",
            "node_id": "MDQ6VGVhbTIwMDQzNTI=",
            "parent_team_id": null,
            "privacy": "closed",
            "slug": "ictsc5"
          },
          "sensitive_attributes": []
        }
      ]
    },
    {
      "mode": "managed",
      "type": "github_team",
      "name": "ictsc6",
      "provider": "provider[\"registry.terraform.io/integrations/github\"]",
      "instances": [
        {
          "schema_version": 0,
          "attributes": {
            "create_default_maintainer": false,
            "description": "member of ictsc6",
            "etag": "W/\"484190d3991c3b7a26b02dedabcf294827c0ea6247aad8e7f7a840d356ea55da\"",
            "id": "2004355",
            "ldap_dn": "",
            "members_count": 23,
            "name": "ictsc6",
            "node_id": "MDQ6VGVhbTIwMDQzNTU=",
            "parent_team_id": null,
            "privacy": "closed",
            "slug": "ictsc6"
          },
          "sensitive_attributes": []
        }
      ]
    },
    {
      "mode": "managed",
      "type": "github_team",
      "name": "ictsc7",
      "provider": "provider[\"registry.terraform.io/integrations/github\"]",
      "instances": [
        {
          "schema_version": 0,
          "attributes": {
            "create_default_maintainer": false,
            "description": "member of ictsc7",
            "etag": "W/\"eee0748ceecc0439c9214f1095ac20707e388dea1d91bd5c83f8d73a901439f1\"",
            "id": "2178374",
            "ldap_dn": "",
            "members_count": 17,
            "name": "ictsc7",
            "node_id": "MDQ6VGVhbTIxNzgzNzQ=",
            "parent_team_id": null,
            "privacy": "closed",
            "slug": "ictsc7"
          },
          "sensitive_attributes": []
        }
      ]
    },
    {
      "mode": "managed",
      "type": "github_team",
      "name": "ictsc8",
      "provider": "provider[\"registry.terraform.io/integrations/github\"]",
      "instances": [
        {
          "schema_version": 0,
          "attributes": {
            "create_default_maintainer": false,
            "description": "member of ictsc8",
            "etag": "W/\"a1a579ee03ed22b0be0408baa6c37ee925252f85a9cb6d83575b4c0a13ff0088\"",
            "id": "2341229",
            "ldap_dn": "",
            "members_count": 20,
            "name": "ictsc8",
            "node_id": "MDQ6VGVhbTIzNDEyMjk=",
            "parent_team_id": null,
            "privacy": "closed",
            "slug": "ictsc8"
          },
          "sensitive_attributes": []
        }
      ]
    },
    {
      "mode": "managed",
      "type": "github_team",
      "name": "ictsc9",
      "provider": "provider[\"registry.terraform.io/integrations/github\"]",
      "instances": [
        {
          "schema_version": 0,
          "attributes": {
            "create_default_maintainer": false,
            "description": "member of ictsc9",
            "etag": "W/\"0670f479dd32ec5c4d95f9711621a3707435d411dedb23aa9c29eec73713d70a\"",
            "id": "2818424",
            "ldap_dn": "",
            "members_count": 19,
            "name": "ictsc9",
            "node_id": "MDQ6VGVhbTI4MTg0MjQ=",
            "parent_team_id": null,
            "privacy": "closed",
            "slug": "ictsc9"
          },
          "sensitive_attributes": []
        }
      ]
    },
    {
      "mode": "managed",
      "type": "github_team",
      "name": "score-dev",
      "provider": "provider[\"registry.terraform.io/integrations/github\"]",
      "instances": [
        {
          "schema_version": 0,
          "attributes": {
            "create_default_maintainer": false,
            "description": "score server development team",
            "etag": "W/\"df61eef10d3c09e39919faefa572cadc85abfd603f300f633f4699565d15c490\"",
            "id": "2004353",
            "ldap_dn": "",
            "members_count": 1,
            "name": "score-dev",
            "node_id": "MDQ6VGVhbTIwMDQzNTM=",
            "parent_team_id": null,
            "privacy": "closed",
            "slug": "score-dev"
          },
          "sensitive_attributes": []
        }
      ]
    },
    {
      "mode": "managed",
      "type": "github_team_membership",
      "name": "admin-h-otter",
      "provider": "provider[\"registry.terraform.io/integrations/github\"]",
      "instances": [
        {
          "schema_version": 0,
          "attributes": {
            "etag": "W/\"0635cb1cc6a371e58fa5e70c8ca959e04d7c8936d452c336ccfe9c784f1b43ab\"",
            "id": "2008807:h-otter",
            "role": "member",
            "team_id": "2008807",
            "username": "h-otter"
          },
          "sensitive_attributes": [],
          "private": "bnVsbA==",
          "dependencies": [
            "github_membership.h-otter",
            "github_team.admin"
          ]
        }
      ]
    },
    {
      "mode": "managed",
      "type": "github_team_membership",
      "name": "admin-onokatio",
      "provider": "provider[\"registry.terraform.io/integrations/github\"]",
      "instances": [
        {
          "schema_version": 0,
          "attributes": {
            "etag": "W/\"88280244d091a2357030c7872bb2989bbbfdbdbe37cfe228c81edd1d71164fd4\"",
            "id": "2008807:onokatio",
            "role": "member",
            "team_id": "2008807",
            "username": "onokatio"
          },
          "sensitive_attributes": [],
          "private": "bnVsbA==",
          "dependencies": [
            "github_membership.onokatio",
            "github_team.admin"
          ]
        }
      ]
    },
    {
      "mode": "managed",
      "type": "github_team_membership",
      "name": "admin-proelbtn",
      "provider": "provider[\"registry.terraform.io/integrations/github\"]",
      "instances": [
        {
          "schema_version": 0,
          "attributes": {
            "etag": "W/\"dcce08faa7bd1c1dab008c2a361d41f82a3f4fde8cd8aa75a10e1c1c563d20b2\"",
            "id": "2008807:proelbtn",
            "role": "member",
            "team_id": "2008807",
            "username": "proelbtn"
          },
          "sensitive_attributes": [],
          "private": "bnVsbA==",
          "dependencies": [
            "github_membership.proelbtn",
            "github_team.admin"
          ]
        }
      ]
    },
    {
      "mode": "managed",
      "type": "github_team_membership",
      "name": "admin-sharknasuhorse",
      "provider": "provider[\"registry.terraform.io/integrations/github\"]",
      "instances": [
        {
          "schema_version": 0,
          "attributes": {
            "etag": "W/\"d99a2bc4f5140d6e7389476439ad128b3cd6f6d9856fc1b4750b423d6c1a1f1b\"",
            "id": "2008807:sharknasuhorse",
            "role": "member",
            "team_id": "2008807",
            "username": "sharknasuhorse"
          },
          "sensitive_attributes": [],
          "private": "bnVsbA==",
          "dependencies": [
            "github_membership.sharknasuhorse",
            "github_team.admin"
          ]
        }
      ]
    },
    {
      "mode": "managed",
      "type": "github_team_membership",
      "name": "admin-takemhaya",
      "provider": "provider[\"registry.terraform.io/integrations/github\"]",
      "instances": [
        {
          "schema_version": 0,
          "attributes": {
            "etag": "W/\"3dd6881e7b7bf922e2b267a76c6cb2336a6a6ce40adaf69f4fece32a61260a10\"",
            "id": "2008807:takehaya",
            "role": "member",
            "team_id": "2008807",
            "username": "takehaya"
          },
          "sensitive_attributes": [],
          "private": "bnVsbA==",
          "dependencies": [
            "github_membership.takehaya",
            "github_team.admin"
          ]
        }
      ]
    },
    {
      "mode": "managed",
      "type": "github_team_membership",
      "name": "admin-tar-xzvff",
      "provider": "provider[\"registry.terraform.io/integrations/github\"]",
      "instances": [
        {
          "schema_version": 0,
          "attributes": {
            "etag": "W/\"e7d843579e46e436ea6163637c8f08294e37890b0d2ff365b9c9c9a84e70632c\"",
            "id": "2008807:tar-xzvff",
            "role": "member",
            "team_id": "2008807",
            "username": "tar-xzvff"
          },
          "sensitive_attributes": [],
          "private": "bnVsbA==",
          "dependencies": [
            "github_membership.tar-xzvff",
            "github_team.admin"
          ]
        }
      ]
    },
    {
      "mode": "managed",
      "type": "github_team_membership",
      "name": "admin-uplus",
      "provider": "provider[\"registry.terraform.io/integrations/github\"]",
      "instances": [
        {
          "schema_version": 0,
          "attributes": {
            "etag": "W/\"9fac8b3beaf51f3d6505a8ff0b09452df1b23323e536aadafaad93bd61c118a3\"",
            "id": "2008807:uplus",
            "role": "member",
            "team_id": "2008807",
            "username": "uplus"
          },
          "sensitive_attributes": [],
          "private": "bnVsbA==",
          "dependencies": [
            "github_membership.uplus",
            "github_team.admin"
          ]
        }
      ]
    },
    {
      "mode": "managed",
      "type": "github_team_membership",
      "name": "admin-whywaita",
      "provider": "provider[\"registry.terraform.io/integrations/github\"]",
      "instances": [
        {
          "schema_version": 0,
          "attributes": {
            "etag": "W/\"792253674dbaa48efb67048fcf9ac0b6a9e0be33abae0e3bd406fc665e71423a\"",
            "id": "2008807:whywaita",
            "role": "member",
            "team_id": "2008807",
            "username": "whywaita"
          },
          "sensitive_attributes": [],
          "private": "bnVsbA==",
          "dependencies": [
            "github_membership.whywaita",
            "github_team.admin"
          ]
        }
      ]
    },
    {
      "mode": "managed",
      "type": "github_team_membership",
      "name": "admin-x86taka",
      "provider": "provider[\"registry.terraform.io/integrations/github\"]",
      "instances": [
        {
          "schema_version": 0,
          "attributes": {
            "etag": "W/\"fc0cf6ccd1f22dd1380bc84bfb8e3939e9e851a7f36327213b4ba822dd794709\"",
            "id": "2008807:x86taka",
            "role": "member",
            "team_id": "2008807",
            "username": "x86taka"
          },
          "sensitive_attributes": [],
          "private": "bnVsbA==",
          "dependencies": [
            "github_membership.x86taka",
            "github_team.admin"
          ]
        }
      ]
    },
    {
      "mode": "managed",
      "type": "github_team_membership",
      "name": "admin-yukamoja",
      "provider": "provider[\"registry.terraform.io/integrations/github\"]",
      "instances": [
        {
          "schema_version": 0,
          "attributes": {
            "etag": "W/\"0883e72e94ea31a1e63cc76c60fa37f388caf13d50e4ee88e55d8c240ac458bc\"",
            "id": "2008807:yukamoja",
            "role": "member",
            "team_id": "2008807",
            "username": "yukamoja"
          },
          "sensitive_attributes": [],
          "private": "bnVsbA==",
          "dependencies": [
            "github_membership.yukamoja",
            "github_team.admin"
          ]
        }
      ]
    },
    {
      "mode": "managed",
      "type": "github_team_membership",
      "name": "ictsc2018-Kurorororo",
      "provider": "provider[\"registry.terraform.io/integrations/github\"]",
      "instances": [
        {
          "schema_version": 0,
          "attributes": {
            "etag": "W/\"769ff237d2cc7646877be5b695a4cd2a971292000a4d6cf55bc9631089856c4d\"",
            "id": "2818425:Kurorororo",
            "role": "member",
            "team_id": "2818425",
            "username": "Kurorororo"
          },
          "sensitive_attributes": [],
          "dependencies": [
            "github_membership.Kurorororo",
            "github_team.ictsc2018"
          ]
        }
      ]
    },
    {
      "mode": "managed",
      "type": "github_team_membership",
      "name": "ictsc2018-NozomiSugiyama",
      "provider": "provider[\"registry.terraform.io/integrations/github\"]",
      "instances": [
        {
          "schema_version": 0,
          "attributes": {
            "etag": "W/\"485f02e81a138efeb1ec61dac0ca349262f735d2ae799f3403f7274e67a3d8aa\"",
            "id": "2818425:NozomiSugiyama",
            "role": "member",
            "team_id": "2818425",
            "username": "NozomiSugiyama"
          },
          "sensitive_attributes": [],
          "dependencies": [
            "github_membership.NozomiSugiyama",
            "github_team.ictsc2018"
          ]
        }
      ]
    },
    {
      "mode": "managed",
      "type": "github_team_membership",
      "name": "ictsc2018-ShotaKitazawa",
      "provider": "provider[\"registry.terraform.io/integrations/github\"]",
      "instances": [
        {
          "schema_version": 0,
          "attributes": {
            "etag": "W/\"6ff09dcdedb39fc87ef205d00974635e941cc18abf959ce8a73755f79d771587\"",
            "id": "2818425:ShotaKitazawa",
            "role": "member",
            "team_id": "2818425",
            "username": "ShotaKitazawa"
          },
          "sensitive_attributes": [],
          "dependencies": [
            "github_membership.ShotaKitazawa",
            "github_team.ictsc2018"
          ]
        }
      ]
    },
    {
      "mode": "managed",
      "type": "github_team_membership",
      "name": "ictsc2018-acque2two",
      "provider": "provider[\"registry.terraform.io/integrations/github\"]",
      "instances": [
        {
          "schema_version": 0,
          "attributes": {
            "etag": "W/\"6fc6f82ace0541cdb02e8916675fe75063740b04249a33a31e06653102081755\"",
            "id": "2818425:acque2two",
            "role": "member",
            "team_id": "2818425",
            "username": "acque2two"
          },
          "sensitive_attributes": [],
          "dependencies": [
            "github_membership.acque2two",
            "github_team.ictsc2018"
          ]
        }
      ]
    },
    {
      "mode": "managed",
      "type": "github_team_membership",
      "name": "ictsc2018-bosan120",
      "provider": "provider[\"registry.terraform.io/integrations/github\"]",
      "instances": [
        {
          "schema_version": 0,
          "attributes": {
            "etag": "W/\"e1fb1656c0b021817ef487bafbd233e1e13971660671430375f11eadc3f09cbf\"",
            "id": "2818425:bosan120",
            "role": "member",
            "team_id": "2818425",
            "username": "bosan120"
          },
          "sensitive_attributes": [],
          "dependencies": [
            "github_membership.bosan120",
            "github_team.ictsc2018"
          ]
        }
      ]
    },
    {
      "mode": "managed",
      "type": "github_team_membership",
      "name": "ictsc2018-gurapomu",
      "provider": "provider[\"registry.terraform.io/integrations/github\"]",
      "instances": [
        {
          "schema_version": 0,
          "attributes": {
            "etag": "W/\"e6838d697c11a121e50f5ff4fa6244add160a224d0181055a1042109f24094a7\"",
            "id": "2818425:gurapomu",
            "role": "member",
            "team_id": "2818425",
            "username": "gurapomu"
          },
          "sensitive_attributes": [],
          "dependencies": [
            "github_membership.gurapomu",
            "github_team.ictsc2018"
          ]
        }
      ]
    },
    {
      "mode": "managed",
      "type": "github_team_membership",
      "name": "ictsc2018-h-otter",
      "provider": "provider[\"registry.terraform.io/integrations/github\"]",
      "instances": [
        {
          "schema_version": 0,
          "attributes": {
            "etag": "W/\"516bc492ee047f95bcf4f3f324d197daa8a483f58d27e30691cb901e39b96458\"",
            "id": "2818425:h-otter",
            "role": "member",
            "team_id": "2818425",
            "username": "h-otter"
          },
          "sensitive_attributes": [],
          "private": "bnVsbA==",
          "dependencies": [
            "github_membership.h-otter",
            "github_team.ictsc2018"
          ]
        }
      ]
    },
    {
      "mode": "managed",
      "type": "github_team_membership",
      "name": "ictsc2018-ha-kun0711",
      "provider": "provider[\"registry.terraform.io/integrations/github\"]",
      "instances": [
        {
          "schema_version": 0,
          "attributes": {
            "etag": "W/\"79fea91ae95b0995da82c643b3bae92c2aa15072d70ecead09dcd413822574aa\"",
            "id": "2818425:ha-kun0711",
            "role": "member",
            "team_id": "2818425",
            "username": "ha-kun0711"
          },
          "sensitive_attributes": [],
          "dependencies": [
            "github_membership.ha-kun0711",
            "github_team.ictsc2018"
          ]
        }
      ]
    },
    {
      "mode": "managed",
      "type": "github_team_membership",
      "name": "ictsc2018-icchy",
      "provider": "provider[\"registry.terraform.io/integrations/github\"]",
      "instances": [
        {
          "schema_version": 0,
          "attributes": {
            "etag": "W/\"a686e1f0533cf316ee6caee476f29f290c4adcee29a1b1b74f486ea01c07b0db\"",
            "id": "2818425:icchy",
            "role": "member",
            "team_id": "2818425",
            "username": "icchy"
          },
          "sensitive_attributes": [],
          "dependencies": [
            "github_membership.icchy",
            "github_team.ictsc2018"
          ]
        }
      ]
    },
    {
      "mode": "managed",
      "type": "github_team_membership",
      "name": "ictsc2018-kyontan",
      "provider": "provider[\"registry.terraform.io/integrations/github\"]",
      "instances": [
        {
          "schema_version": 0,
          "attributes": {
            "etag": "W/\"8db832051b59d10251cd8c83e7249b4e7f8d22a44e9dc7d0858d7f6306bd9e83\"",
            "id": "2818425:kyontan",
            "role": "member",
            "team_id": "2818425",
            "username": "kyontan"
          },
          "sensitive_attributes": [],
          "dependencies": [
            "github_membership.kyontan",
            "github_team.ictsc2018"
          ]
        }
      ]
    },
    {
      "mode": "managed",
      "type": "github_team_membership",
      "name": "ictsc2018-onokatio",
      "provider": "provider[\"registry.terraform.io/integrations/github\"]",
      "instances": [
        {
          "schema_version": 0,
          "attributes": {
            "etag": "W/\"6d0634bca7b4e506a40cc7d439a86ce1d4548f75b93426a3fc1b226b5a4fd393\"",
            "id": "2818425:onokatio",
            "role": "member",
            "team_id": "2818425",
            "username": "onokatio"
          },
          "sensitive_attributes": [],
          "private": "bnVsbA==",
          "dependencies": [
            "github_membership.onokatio",
            "github_team.ictsc2018"
          ]
        }
      ]
    },
    {
      "mode": "managed",
      "type": "github_team_membership",
      "name": "ictsc2018-orin24",
      "provider": "provider[\"registry.terraform.io/integrations/github\"]",
      "instances": [
        {
          "schema_version": 0,
          "attributes": {
            "etag": "W/\"af40c5e4ca9086afe1b97af26d84d26726846fe327892ef87b10e55aeb5ed8c5\"",
            "id": "2818425:orin24",
            "role": "member",
            "team_id": "2818425",
            "username": "orin24"
          },
          "sensitive_attributes": [],
          "dependencies": [
            "github_membership.orin24",
            "github_team.ictsc2018"
          ]
        }
      ]
    },
    {
      "mode": "managed",
      "type": "github_team_membership",
      "name": "ictsc2018-palloc",
      "provider": "provider[\"registry.terraform.io/integrations/github\"]",
      "instances": [
        {
          "schema_version": 0,
          "attributes": {
            "etag": "W/\"944bbcce5616e74896f51b5ae3635cb6f20ade5a1b5f6d43bd02cbce8a3290cd\"",
            "id": "2818425:palloc",
            "role": "member",
            "team_id": "2818425",
            "username": "palloc"
          },
          "sensitive_attributes": [],
          "dependencies": [
            "github_membership.palloc",
            "github_team.ictsc2018"
          ]
        }
      ]
    },
    {
      "mode": "managed",
      "type": "github_team_membership",
      "name": "ictsc2018-potyama",
      "provider": "provider[\"registry.terraform.io/integrations/github\"]",
      "instances": [
        {
          "schema_version": 0,
          "attributes": {
            "etag": "W/\"5a0b48aead9329a2eaac05e1f404aed33f53da49f3f274505942f8eeecea3b6d\"",
            "id": "2818425:potyama",
            "role": "member",
            "team_id": "2818425",
            "username": "potyama"
          },
          "sensitive_attributes": [],
          "dependencies": [
            "github_membership.potyama",
            "github_team.ictsc2018"
          ]
        }
      ]
    },
    {
      "mode": "managed",
      "type": "github_team_membership",
      "name": "ictsc2018-proelbtn",
      "provider": "provider[\"registry.terraform.io/integrations/github\"]",
      "instances": [
        {
          "schema_version": 0,
          "attributes": {
            "etag": "W/\"de67a80f4a903997ffd0a5537ac0cbe29b91f5fc28daa36f62aebb762ae176f2\"",
            "id": "2818425:proelbtn",
            "role": "member",
            "team_id": "2818425",
            "username": "proelbtn"
          },
          "sensitive_attributes": [],
          "private": "bnVsbA==",
          "dependencies": [
            "github_membership.proelbtn",
            "github_team.ictsc2018"
          ]
        }
      ]
    },
    {
      "mode": "managed",
      "type": "github_team_membership",
      "name": "ictsc2018-sharknasuhorse",
      "provider": "provider[\"registry.terraform.io/integrations/github\"]",
      "instances": [
        {
          "schema_version": 0,
          "attributes": {
            "etag": "W/\"7540effc9c04bb8db2b74312a8bf9b266a391bb78a71646c253f46d0dd57c1db\"",
            "id": "2818425:sharknasuhorse",
            "role": "member",
            "team_id": "2818425",
            "username": "sharknasuhorse"
          },
          "sensitive_attributes": [],
          "private": "bnVsbA==",
          "dependencies": [
            "github_membership.sharknasuhorse",
            "github_team.ictsc2018"
          ]
        }
      ]
    },
    {
      "mode": "managed",
      "type": "github_team_membership",
      "name": "ictsc2018-takehaya",
      "provider": "provider[\"registry.terraform.io/integrations/github\"]",
      "instances": [
        {
          "schema_version": 0,
          "attributes": {
            "etag": "W/\"20ba1ef800d41a3f2471a3ab0fd1e3e05dfdbe4275175cca5cc985e5421a90e7\"",
            "id": "2818425:takehaya",
            "role": "member",
            "team_id": "2818425",
            "username": "takehaya"
          },
          "sensitive_attributes": [],
          "private": "bnVsbA==",
          "dependencies": [
            "github_membership.takehaya",
            "github_team.ictsc2018"
          ]
        }
      ]
    },
    {
      "mode": "managed",
      "type": "github_team_membership",
      "name": "ictsc2018-uplus",
      "provider": "provider[\"registry.terraform.io/integrations/github\"]",
      "instances": [
        {
          "schema_version": 0,
          "attributes": {
            "etag": "W/\"180b21d8183f405f9de895b1f71d7f047dba919ea205eddf98d87c6777c8a378\"",
            "id": "2818425:uplus",
            "role": "member",
            "team_id": "2818425",
            "username": "uplus"
          },
          "sensitive_attributes": [],
          "private": "bnVsbA==",
          "dependencies": [
            "github_membership.uplus",
            "github_team.ictsc2018"
          ]
        }
      ]
    },
    {
      "mode": "managed",
      "type": "github_team_membership",
      "name": "ictsc2018-whywaita",
      "provider": "provider[\"registry.terraform.io/integrations/github\"]",
      "instances": [
        {
          "schema_version": 0,
          "attributes": {
            "etag": "W/\"bf1a77debdb9719dba1749a60327f97da4d35f7d053897725ee8d60001388fb6\"",
            "id": "2818425:whywaita",
            "role": "member",
            "team_id": "2818425",
            "username": "whywaita"
          },
          "sensitive_attributes": [],
          "private": "bnVsbA==",
          "dependencies": [
            "github_membership.whywaita",
            "github_team.ictsc2018"
          ]
        }
      ]
    },
    {
      "mode": "managed",
      "type": "github_team_membership",
      "name": "ictsc2018-yatuhashi",
      "provider": "provider[\"registry.terraform.io/integrations/github\"]",
      "instances": [
        {
          "schema_version": 0,
          "attributes": {
            "etag": "W/\"a3e303d931afe2c1bb4bd9865a1d315b46ec7e219eb0a9d572873959110a3139\"",
            "id": "2818425:yatuhashi",
            "role": "member",
            "team_id": "2818425",
            "username": "yatuhashi"
          },
          "sensitive_attributes": [],
          "dependencies": [
            "github_membership.yatuhashi",
            "github_team.ictsc2018"
          ]
        }
      ]
    },
    {
      "mode": "managed",
      "type": "github_team_membership",
      "name": "ictsc2019-Iwancof",
      "provider": "provider[\"registry.terraform.io/integrations/github\"]",
      "instances": [
        {
          "schema_version": 0,
          "attributes": {
            "etag": "W/\"a6ec997f12379b84f2ba7d02f75b469f81100e23c0fbd868b931f37065efcea0\"",
            "id": "3300293:Iwancof",
            "role": "member",
            "team_id": "3300293",
            "username": "Iwancof"
          },
          "sensitive_attributes": [],
          "dependencies": [
            "github_membership.Iwancof",
            "github_team.ictsc2019"
          ]
        }
      ]
    },
    {
      "mode": "managed",
      "type": "github_team_membership",
      "name": "ictsc2019-Kurorororo",
      "provider": "provider[\"registry.terraform.io/integrations/github\"]",
      "instances": [
        {
          "schema_version": 0,
          "attributes": {
            "etag": "W/\"a9f32377822e77fad5fe07e28bbe8e955bbbed7d8f3a6703bf3dd7a1d0db27a2\"",
            "id": "3300293:Kurorororo",
            "role": "member",
            "team_id": "3300293",
            "username": "Kurorororo"
          },
          "sensitive_attributes": [],
          "dependencies": [
            "github_membership.Kurorororo",
            "github_team.ictsc2019"
          ]
        }
      ]
    },
    {
      "mode": "managed",
      "type": "github_team_membership",
      "name": "ictsc2019-SallyAcolyte",
      "provider": "provider[\"registry.terraform.io/integrations/github\"]",
      "instances": [
        {
          "schema_version": 0,
          "attributes": {
            "etag": "W/\"622df63200c1c1c38fb680005ccd77223533809c0c31946ad8ba0b4fb16d0369\"",
            "id": "3300293:SallyAcolyte",
            "role": "member",
            "team_id": "3300293",
            "username": "SallyAcolyte"
          },
          "sensitive_attributes": [],
          "dependencies": [
            "github_membership.SallyAcolyte",
            "github_team.ictsc2019"
          ]
        }
      ]
    },
    {
      "mode": "managed",
      "type": "github_team_membership",
      "name": "ictsc2019-SilEighty-ym",
      "provider": "provider[\"registry.terraform.io/integrations/github\"]",
      "instances": [
        {
          "schema_version": 0,
          "attributes": {
            "etag": "W/\"56b4aed7bd745077e3df99f9fddffc33991950868b53cabe9968bb4d6e18b3ba\"",
            "id": "3300293:SilEighty-ym",
            "role": "member",
            "team_id": "3300293",
            "username": "SilEighty-ym"
          },
          "sensitive_attributes": [],
          "dependencies": [
            "github_membership.SilEighty-ym",
            "github_team.ictsc2019"
          ]
        }
      ]
    },
    {
      "mode": "managed",
      "type": "github_team_membership",
      "name": "ictsc2019-TenkiGit",
      "provider": "provider[\"registry.terraform.io/integrations/github\"]",
      "instances": [
        {
          "schema_version": 0,
          "attributes": {
            "etag": "W/\"cb03115fba10b0f3d515f781f66596349686519651d0d35ceaa773cf4af784c4\"",
            "id": "3300293:TenkiGit",
            "role": "member",
            "team_id": "3300293",
            "username": "TenkiGit"
          },
          "sensitive_attributes": [],
          "dependencies": [
            "github_membership.TenkiGit",
            "github_team.ictsc2019"
          ]
        }
      ]
    },
    {
      "mode": "managed",
      "type": "github_team_membership",
      "name": "ictsc2019-Terfno",
      "provider": "provider[\"registry.terraform.io/integrations/github\"]",
      "instances": [
        {
          "schema_version": 0,
          "attributes": {
            "etag": "W/\"aea7915ee47e6cb52351ae188fef7fe93d925da210a671a7f9f56f10f62f1a98\"",
            "id": "3300293:Terfno",
            "role": "member",
            "team_id": "3300293",
            "username": "Terfno"
          },
          "sensitive_attributes": [],
          "dependencies": [
            "github_membership.Terfno",
            "github_team.ictsc2019"
          ]
        }
      ]
    },
    {
      "mode": "managed",
      "type": "github_team_membership",
      "name": "ictsc2019-arupakan125",
      "provider": "provider[\"registry.terraform.io/integrations/github\"]",
      "instances": [
        {
          "schema_version": 0,
          "attributes": {
            "etag": "W/\"c6d718f4874d4590afe8ae7c28dc0e504f112183d4d5609ff8da3754cff5d8a8\"",
            "id": "3300293:arupakan125",
            "role": "member",
            "team_id": "3300293",
            "username": "arupakan125"
          },
          "sensitive_attributes": [],
          "dependencies": [
            "github_membership.arupakan125",
            "github_team.ictsc2019"
          ]
        }
      ]
    },
    {
      "mode": "managed",
      "type": "github_team_membership",
      "name": "ictsc2019-beggarl",
      "provider": "provider[\"registry.terraform.io/integrations/github\"]",
      "instances": [
        {
          "schema_version": 0,
          "attributes": {
            "etag": "W/\"6b521cf85b50b553d825b86db4facc9239ac4caf98c187df5807712efb77603a\"",
            "id": "3300293:beggarl",
            "role": "member",
            "team_id": "3300293",
            "username": "beggarl"
          },
          "sensitive_attributes": [],
          "dependencies": [
            "github_membership.beggarl",
            "github_team.ictsc2019"
          ]
        }
      ]
    },
    {
      "mode": "managed",
      "type": "github_team_membership",
      "name": "ictsc2019-chouett0",
      "provider": "provider[\"registry.terraform.io/integrations/github\"]",
      "instances": [
        {
          "schema_version": 0,
          "attributes": {
            "etag": "W/\"7e9e28493e9c8fc45f265ec2796ca1ed0ad344b02ff3540c0ddd581138b5f279\"",
            "id": "3300293:chouett0",
            "role": "member",
            "team_id": "3300293",
            "username": "chouett0"
          },
          "sensitive_attributes": [],
          "dependencies": [
            "github_membership.chouett0",
            "github_team.ictsc2019"
          ]
        }
      ]
    },
    {
      "mode": "managed",
      "type": "github_team_membership",
      "name": "ictsc2019-ecodrive-18",
      "provider": "provider[\"registry.terraform.io/integrations/github\"]",
      "instances": [
        {
          "schema_version": 0,
          "attributes": {
            "etag": "W/\"60e5c7b17895b2d6463f959ff088c4a71b15fdf695239e60a41af1224fcc605a\"",
            "id": "3300293:ecodrive-18",
            "role": "member",
            "team_id": "3300293",
            "username": "ecodrive-18"
          },
          "sensitive_attributes": [],
          "dependencies": [
            "github_membership.ecodrive-18",
            "github_team.ictsc2019"
          ]
        }
      ]
    },
    {
      "mode": "managed",
      "type": "github_team_membership",
      "name": "ictsc2019-gurapomu",
      "provider": "provider[\"registry.terraform.io/integrations/github\"]",
      "instances": [
        {
          "schema_version": 0,
          "attributes": {
            "etag": "W/\"f10fcd66c5bd229989584a6f7b7e581d16bd4b2bbe811c9223adbf862334b118\"",
            "id": "3300293:gurapomu",
            "role": "member",
            "team_id": "3300293",
            "username": "gurapomu"
          },
          "sensitive_attributes": [],
          "dependencies": [
            "github_membership.gurapomu",
            "github_team.ictsc2019"
          ]
        }
      ]
    },
    {
      "mode": "managed",
      "type": "github_team_membership",
      "name": "ictsc2019-h-otter",
      "provider": "provider[\"registry.terraform.io/integrations/github\"]",
      "instances": [
        {
          "schema_version": 0,
          "attributes": {
            "etag": "W/\"496bccdf1191a7bd874fd19a3a0b3bb0796d593eaa67f3477e49bceab5b6ab19\"",
            "id": "3300293:h-otter",
            "role": "member",
            "team_id": "3300293",
            "username": "h-otter"
          },
          "sensitive_attributes": [],
          "private": "bnVsbA==",
          "dependencies": [
            "github_membership.h-otter",
            "github_team.ictsc2019"
          ]
        }
      ]
    },
    {
      "mode": "managed",
      "type": "github_team_membership",
      "name": "ictsc2019-hibiki31",
      "provider": "provider[\"registry.terraform.io/integrations/github\"]",
      "instances": [
        {
          "schema_version": 0,
          "attributes": {
            "etag": "W/\"1a74f8e8a8ab2728c6f8e6c45fbd6459dd843cab24378ffab37f44939dff7427\"",
            "id": "3300293:hibiki31",
            "role": "member",
            "team_id": "3300293",
            "username": "hibiki31"
          },
          "sensitive_attributes": [],
          "dependencies": [
            "github_membership.hibiki31",
            "github_team.ictsc2019"
          ]
        }
      ]
    },
    {
      "mode": "managed",
      "type": "github_team_membership",
      "name": "ictsc2019-icchy",
      "provider": "provider[\"registry.terraform.io/integrations/github\"]",
      "instances": [
        {
          "schema_version": 0,
          "attributes": {
            "etag": "W/\"4ef817a46922ac8135b12ad6d97eb29d82e58a2242260416bf30f31b8eee4425\"",
            "id": "3300293:icchy",
            "role": "member",
            "team_id": "3300293",
            "username": "icchy"
          },
          "sensitive_attributes": [],
          "dependencies": [
            "github_membership.icchy",
            "github_team.ictsc2019"
          ]
        }
      ]
    },
    {
      "mode": "managed",
      "type": "github_team_membership",
      "name": "ictsc2019-kapibara824",
      "provider": "provider[\"registry.terraform.io/integrations/github\"]",
      "instances": [
        {
          "schema_version": 0,
          "attributes": {
            "etag": "W/\"e59e22ba10f59f863263e7be11c9a693c4ada2b5deb2119a2a01ce1ad1597af9\"",
            "id": "3300293:kapibara824",
            "role": "member",
            "team_id": "3300293",
            "username": "kapibara824"
          },
          "sensitive_attributes": [],
          "dependencies": [
            "github_membership.kapibara824",
            "github_team.ictsc2019"
          ]
        }
      ]
    },
    {
      "mode": "managed",
      "type": "github_team_membership",
      "name": "ictsc2019-mbook-x86",
      "provider": "provider[\"registry.terraform.io/integrations/github\"]",
      "instances": [
        {
          "schema_version": 0,
          "attributes": {
            "etag": "W/\"c4e131160128b2682dc79a775f0c2f4151df0373d701baaae263c5ffac26e9be\"",
            "id": "3300293:mbook-x86",
            "role": "member",
            "team_id": "3300293",
            "username": "mbook-x86"
          },
          "sensitive_attributes": [],
          "dependencies": [
            "github_membership.mbook-x86",
            "github_team.ictsc2019"
          ]
        }
      ]
    },
    {
      "mode": "managed",
      "type": "github_team_membership",
      "name": "ictsc2019-naoki912",
      "provider": "provider[\"registry.terraform.io/integrations/github\"]",
      "instances": [
        {
          "schema_version": 0,
          "attributes": {
            "etag": "W/\"23416f40af02173e50ba90fb2e1dea7ff7bf7dae639da9a5326476355c61c27b\"",
            "id": "3300293:naoki912",
            "role": "member",
            "team_id": "3300293",
            "username": "naoki912"
          },
          "sensitive_attributes": [],
          "dependencies": [
            "github_membership.naoki912",
            "github_team.ictsc2019"
          ]
        }
      ]
    },
    {
      "mode": "managed",
      "type": "github_team_membership",
      "name": "ictsc2019-onokatio",
      "provider": "provider[\"registry.terraform.io/integrations/github\"]",
      "instances": [
        {
          "schema_version": 0,
          "attributes": {
            "etag": "W/\"e2884953eb8f8051cf91fc63bc16c213d5174b1cac2e6e17acad0768672939a1\"",
            "id": "3300293:onokatio",
            "role": "member",
            "team_id": "3300293",
            "username": "onokatio"
          },
          "sensitive_attributes": [],
          "private": "bnVsbA==",
          "dependencies": [
            "github_membership.onokatio",
            "github_team.ictsc2019"
          ]
        }
      ]
    },
    {
      "mode": "managed",
      "type": "github_team_membership",
      "name": "ictsc2019-ophum",
      "provider": "provider[\"registry.terraform.io/integrations/github\"]",
      "instances": [
        {
          "schema_version": 0,
          "attributes": {
            "etag": "W/\"49ecc3824db907fbecd58f6b71f6ff526cad8eface8395ae0c1c2fbbaeed483e\"",
            "id": "3300293:ophum",
            "role": "member",
            "team_id": "3300293",
            "username": "ophum"
          },
          "sensitive_attributes": [],
          "dependencies": [
            "github_membership.ophum",
            "github_team.ictsc2019"
          ]
        }
      ]
    },
    {
      "mode": "managed",
      "type": "github_team_membership",
      "name": "ictsc2019-potyama",
      "provider": "provider[\"registry.terraform.io/integrations/github\"]",
      "instances": [
        {
          "schema_version": 0,
          "attributes": {
            "etag": "W/\"d04d8fec81e978bc169627663622a8ded07aa570b31dea15b103b13d278a4689\"",
            "id": "3300293:potyama",
            "role": "member",
            "team_id": "3300293",
            "username": "potyama"
          },
          "sensitive_attributes": [],
          "dependencies": [
            "github_membership.potyama",
            "github_team.ictsc2019"
          ]
        }
      ]
    },
    {
      "mode": "managed",
      "type": "github_team_membership",
      "name": "ictsc2019-proelbtn",
      "provider": "provider[\"registry.terraform.io/integrations/github\"]",
      "instances": [
        {
          "schema_version": 0,
          "attributes": {
            "etag": "W/\"f98750d9d14d634ed4d964e8e4b6acf8c1134223f830546369f5d1f1d02cb5da\"",
            "id": "3300293:proelbtn",
            "role": "member",
            "team_id": "3300293",
            "username": "proelbtn"
          },
          "sensitive_attributes": [],
          "private": "bnVsbA==",
          "dependencies": [
            "github_membership.proelbtn",
            "github_team.ictsc2019"
          ]
        }
      ]
    },
    {
      "mode": "managed",
      "type": "github_team_membership",
      "name": "ictsc2019-recuraki",
      "provider": "provider[\"registry.terraform.io/integrations/github\"]",
      "instances": [
        {
          "schema_version": 0,
          "attributes": {
            "etag": "W/\"190aa139c84ba9805cd792760b76973d5472bc37aee6ca4f6bfc095e520a45df\"",
            "id": "3300293:recuraki",
            "role": "member",
            "team_id": "3300293",
            "username": "recuraki"
          },
          "sensitive_attributes": [],
          "dependencies": [
            "github_membership.recuraki",
            "github_team.ictsc2019"
          ]
        }
      ]
    },
    {
      "mode": "managed",
      "type": "github_team_membership",
      "name": "ictsc2019-rlia",
      "provider": "provider[\"registry.terraform.io/integrations/github\"]",
      "instances": [
        {
          "schema_version": 0,
          "attributes": {
            "etag": "W/\"40dca107fcef6470cf5bbd4103aac8136f8d479d21527e11a90964f24c6ea378\"",
            "id": "3300293:rlia",
            "role": "member",
            "team_id": "3300293",
            "username": "rlia"
          },
          "sensitive_attributes": [],
          "dependencies": [
            "github_membership.rlia",
            "github_team.ictsc2019"
          ]
        }
      ]
    },
    {
      "mode": "managed",
      "type": "github_team_membership",
      "name": "ictsc2019-sharknasuhorse",
      "provider": "provider[\"registry.terraform.io/integrations/github\"]",
      "instances": [
        {
          "schema_version": 0,
          "attributes": {
            "etag": "W/\"0c065d7480cef8a375b335f9b4f7042062ab87b9d35d2433728de09b1ec28fab\"",
            "id": "3300293:sharknasuhorse",
            "role": "member",
            "team_id": "3300293",
            "username": "sharknasuhorse"
          },
          "sensitive_attributes": [],
          "private": "bnVsbA==",
          "dependencies": [
            "github_membership.sharknasuhorse",
            "github_team.ictsc2019"
          ]
        }
      ]
    },
    {
      "mode": "managed",
      "type": "github_team_membership",
      "name": "ictsc2019-site0801",
      "provider": "provider[\"registry.terraform.io/integrations/github\"]",
      "instances": [
        {
          "schema_version": 0,
          "attributes": {
            "etag": "W/\"1da0355bd6ad05a8f04f7c5041d55132e8d9fbd138f20f77f10aa850a675ad24\"",
            "id": "3300293:site0801",
            "role": "member",
            "team_id": "3300293",
            "username": "site0801"
          },
          "sensitive_attributes": [],
          "dependencies": [
            "github_membership.site0801",
            "github_team.ictsc2019"
          ]
        }
      ]
    },
    {
      "mode": "managed",
      "type": "github_team_membership",
      "name": "ictsc2019-syuli",
      "provider": "provider[\"registry.terraform.io/integrations/github\"]",
      "instances": [
        {
          "schema_version": 0,
          "attributes": {
            "etag": "W/\"b358008626606876cea957043b072497d42596165f280d25bb0cfa646ff68dae\"",
            "id": "3300293:syuli",
            "role": "member",
            "team_id": "3300293",
            "username": "syuli"
          },
          "sensitive_attributes": [],
          "dependencies": [
            "github_membership.syuli",
            "github_team.ictsc2019"
          ]
        }
      ]
    },
    {
      "mode": "managed",
      "type": "github_team_membership",
      "name": "ictsc2019-takehaya",
      "provider": "provider[\"registry.terraform.io/integrations/github\"]",
      "instances": [
        {
          "schema_version": 0,
          "attributes": {
            "etag": "W/\"f43418c09f6c76bf38dd95b9faccf74599980d3a2fa53ecd3ab7c936ffaa9b0c\"",
            "id": "3300293:takehaya",
            "role": "member",
            "team_id": "3300293",
            "username": "takehaya"
          },
          "sensitive_attributes": [],
          "private": "bnVsbA==",
          "dependencies": [
            "github_membership.takehaya",
            "github_team.ictsc2019"
          ]
        }
      ]
    },
    {
      "mode": "managed",
      "type": "github_team_membership",
      "name": "ictsc2019-tom--bo",
      "provider": "provider[\"registry.terraform.io/integrations/github\"]",
      "instances": [
        {
          "schema_version": 0,
          "attributes": {
            "etag": "W/\"b05fdcd6b9bba851436cc1d51f35b4da600cf261899b4ac13165eed4f250ab8b\"",
            "id": "3300293:tom--bo",
            "role": "member",
            "team_id": "3300293",
            "username": "tom--bo"
          },
          "sensitive_attributes": [],
          "dependencies": [
            "github_membership.tom--bo",
            "github_team.ictsc2019"
          ]
        }
      ]
    },
    {
      "mode": "managed",
      "type": "github_team_membership",
      "name": "ictsc2019-uplus",
      "provider": "provider[\"registry.terraform.io/integrations/github\"]",
      "instances": [
        {
          "schema_version": 0,
          "attributes": {
            "etag": "W/\"79c497669a36b6a21ea20af87682c6831a476bff47d3644255089a127ab12796\"",
            "id": "3300293:uplus",
            "role": "member",
            "team_id": "3300293",
            "username": "uplus"
          },
          "sensitive_attributes": [],
          "private": "bnVsbA==",
          "dependencies": [
            "github_membership.uplus",
            "github_team.ictsc2019"
          ]
        }
      ]
    },
    {
      "mode": "managed",
      "type": "github_team_membership",
      "name": "ictsc2019-yo-kanyukari",
      "provider": "provider[\"registry.terraform.io/integrations/github\"]",
      "instances": [
        {
          "schema_version": 0,
          "attributes": {
            "etag": "W/\"7e6f60cca82282141d44fd9689f9de07797603bdc35842ebb70b8ecf9d398291\"",
            "id": "3300293:siberiy4",
            "role": "member",
            "team_id": "3300293",
            "username": "siberiy4"
          },
          "sensitive_attributes": [],
          "private": "bnVsbA==",
          "dependencies": [
            "github_membership.yo-kanyukari",
            "github_team.ictsc2019"
          ]
        }
      ]
    },
    {
      "mode": "managed",
      "type": "github_team_membership",
      "name": "ictsc2019-yoneyan",
      "provider": "provider[\"registry.terraform.io/integrations/github\"]",
      "instances": [
        {
          "schema_version": 0,
          "attributes": {
            "etag": "W/\"02f246c8ff499b98a98fe7684f1bc4848ca453d9c52eddc51ca73c6feffe137d\"",
            "id": "3300293:yoneyan",
            "role": "member",
            "team_id": "3300293",
            "username": "yoneyan"
          },
          "sensitive_attributes": [],
          "dependencies": [
            "github_membership.yoneyan",
            "github_team.ictsc2019"
          ]
        }
      ]
    },
    {
      "mode": "managed",
      "type": "github_team_membership",
      "name": "ictsc2019-yu-tanaka00",
      "provider": "provider[\"registry.terraform.io/integrations/github\"]",
      "instances": [
        {
          "schema_version": 0,
          "attributes": {
            "etag": "W/\"9a8a78c832928d4b38049b55df536597471a400ffd13ae038f0fe47e4bf230de\"",
            "id": "3300293:yu-tanaka00",
            "role": "member",
            "team_id": "3300293",
            "username": "yu-tanaka00"
          },
          "sensitive_attributes": [],
          "dependencies": [
            "github_membership.yu-tanaka00",
            "github_team.ictsc2019"
          ]
        }
      ]
    },
    {
      "mode": "managed",
      "type": "github_team_membership",
      "name": "ictsc2020-Hicky1025",
      "provider": "provider[\"registry.terraform.io/integrations/github\"]",
      "instances": [
        {
          "schema_version": 0,
          "attributes": {
            "etag": "W/\"d398901c2e5074dab9bf2c6e6556c6cbcd076a5997ed355b17bd2e15d6465752\"",
            "id": "3894829:Hicky1025",
            "role": "member",
            "team_id": "3894829",
            "username": "Hicky1025"
          },
          "sensitive_attributes": [],
          "dependencies": [
            "github_membership.Hicky1025",
            "github_team.ictsc2020"
          ]
        }
      ]
    },
    {
      "mode": "managed",
      "type": "github_team_membership",
      "name": "ictsc2020-TenkiGit",
      "provider": "provider[\"registry.terraform.io/integrations/github\"]",
      "instances": [
        {
          "schema_version": 0,
          "attributes": {
            "etag": "W/\"637394ef365a507e8b092ecc653847b5ffffbbb50c3f1a04101d8e3276125c79\"",
            "id": "3894829:TenkiGit",
            "role": "member",
            "team_id": "3894829",
            "username": "TenkiGit"
          },
          "sensitive_attributes": [],
          "dependencies": [
            "github_membership.TenkiGit",
            "github_team.ictsc2020"
          ]
        }
      ]
    },
    {
      "mode": "managed",
      "type": "github_team_membership",
      "name": "ictsc2020-Terfno",
      "provider": "provider[\"registry.terraform.io/integrations/github\"]",
      "instances": [
        {
          "schema_version": 0,
          "attributes": {
            "etag": "W/\"4cca9d56023f309bdae2936fdf8e71fa758c6223061f0a87fc13dfe1dc36ee70\"",
            "id": "3894829:Terfno",
            "role": "member",
            "team_id": "3894829",
            "username": "Terfno"
          },
          "sensitive_attributes": [],
          "dependencies": [
            "github_membership.Terfno",
            "github_team.ictsc2020"
          ]
        }
      ]
    },
    {
      "mode": "managed",
      "type": "github_team_membership",
      "name": "ictsc2020-arupakan125",
      "provider": "provider[\"registry.terraform.io/integrations/github\"]",
      "instances": [
        {
          "schema_version": 0,
          "attributes": {
            "etag": "W/\"2aa976962e20eb7f28674e65874864d8de8ffbb5e26bf004d03d1c020d690887\"",
            "id": "3894829:arupakan125",
            "role": "member",
            "team_id": "3894829",
            "username": "arupakan125"
          },
          "sensitive_attributes": [],
          "dependencies": [
            "github_membership.arupakan125",
            "github_team.ictsc2020"
          ]
        }
      ]
    },
    {
      "mode": "managed",
      "type": "github_team_membership",
      "name": "ictsc2020-hibiki31",
      "provider": "provider[\"registry.terraform.io/integrations/github\"]",
      "instances": [
        {
          "schema_version": 0,
          "attributes": {
            "etag": "W/\"7ae3040053a86b13cf1af1f3809968facf4aab38f08472e7d2395b1aaac1c9ee\"",
            "id": "3894829:hibiki31",
            "role": "member",
            "team_id": "3894829",
            "username": "hibiki31"
          },
          "sensitive_attributes": [],
          "dependencies": [
            "github_membership.hibiki31",
            "github_team.ictsc2020"
          ]
        }
      ]
    },
    {
      "mode": "managed",
      "type": "github_team_membership",
      "name": "ictsc2020-kapibara824",
      "provider": "provider[\"registry.terraform.io/integrations/github\"]",
      "instances": [
        {
          "schema_version": 0,
          "attributes": {
            "etag": "W/\"fce61afe49c57d29ff35e1116f0e6771de8a388c5cd486372edb15eaaa5fc276\"",
            "id": "3894829:kapibara824",
            "role": "member",
            "team_id": "3894829",
            "username": "kapibara824"
          },
          "sensitive_attributes": [],
          "dependencies": [
            "github_membership.kapibara824",
            "github_team.ictsc2020"
          ]
        }
      ]
    },
    {
      "mode": "managed",
      "type": "github_team_membership",
      "name": "ictsc2020-nakasyo2650",
      "provider": "provider[\"registry.terraform.io/integrations/github\"]",
      "instances": [
        {
          "schema_version": 0,
          "attributes": {
            "etag": "W/\"64c94a8d186c3cdd3082515f7451a22963285210a1bfcea5d38e1b27e7527d6a\"",
            "id": "3894829:nakasyo2650",
            "role": "member",
            "team_id": "3894829",
            "username": "nakasyo2650"
          },
          "sensitive_attributes": [],
          "dependencies": [
            "github_membership.nakasyo2650",
            "github_team.ictsc2020"
          ]
        }
      ]
    },
    {
      "mode": "managed",
      "type": "github_team_membership",
      "name": "ictsc2020-naoki2001",
      "provider": "provider[\"registry.terraform.io/integrations/github\"]",
      "instances": [
        {
          "schema_version": 0,
          "attributes": {
            "etag": "W/\"0a3fb747fa98913a7539af738847adcc1ce24dc9216e474b031cecd4ec166108\"",
            "id": "3894829:naoki2001",
            "role": "member",
            "team_id": "3894829",
            "username": "naoki2001"
          },
          "sensitive_attributes": [],
          "dependencies": [
            "github_membership.naoki2001",
            "github_team.ictsc2020"
          ]
        }
      ]
    },
    {
      "mode": "managed",
      "type": "github_team_membership",
      "name": "ictsc2020-onokatio",
      "provider": "provider[\"registry.terraform.io/integrations/github\"]",
      "instances": [
        {
          "schema_version": 0,
          "attributes": {
            "etag": "W/\"6d004b29cad9c6755b3b68069b5294a985ce19b67b6c926779dea8364dfeb471\"",
            "id": "3894829:onokatio",
            "role": "member",
            "team_id": "3894829",
            "username": "onokatio"
          },
          "sensitive_attributes": [],
          "private": "bnVsbA==",
          "dependencies": [
            "github_membership.onokatio",
            "github_team.ictsc2020"
          ]
        }
      ]
    },
    {
      "mode": "managed",
      "type": "github_team_membership",
      "name": "ictsc2020-ophum",
      "provider": "provider[\"registry.terraform.io/integrations/github\"]",
      "instances": [
        {
          "schema_version": 0,
          "attributes": {
            "etag": "W/\"52f7b6912309be8b7cb6e4aa2190659777a24d318ff26ca9da965cc591b962a4\"",
            "id": "3894829:ophum",
            "role": "member",
            "team_id": "3894829",
            "username": "ophum"
          },
          "sensitive_attributes": [],
          "dependencies": [
            "github_membership.ophum",
            "github_team.ictsc2020"
          ]
        }
      ]
    },
    {
      "mode": "managed",
      "type": "github_team_membership",
      "name": "ictsc2020-potyama",
      "provider": "provider[\"registry.terraform.io/integrations/github\"]",
      "instances": [
        {
          "schema_version": 0,
          "attributes": {
            "etag": "W/\"8a0a3a5309acea5541a95e3c3c11d1b792b5c7b9775cb68e538121d66129fcd0\"",
            "id": "3894829:potyama",
            "role": "member",
            "team_id": "3894829",
            "username": "potyama"
          },
          "sensitive_attributes": [],
          "dependencies": [
            "github_membership.potyama",
            "github_team.ictsc2020"
          ]
        }
      ]
    },
    {
      "mode": "managed",
      "type": "github_team_membership",
      "name": "ictsc2020-proelbtn",
      "provider": "provider[\"registry.terraform.io/integrations/github\"]",
      "instances": [
        {
          "schema_version": 0,
          "attributes": {
            "etag": "W/\"0cc702728d65c875236f58a764283d9edee437af1cd17e7c200768bb46e8876f\"",
            "id": "3894829:proelbtn",
            "role": "member",
            "team_id": "3894829",
            "username": "proelbtn"
          },
          "sensitive_attributes": [],
          "private": "bnVsbA==",
          "dependencies": [
            "github_membership.proelbtn",
            "github_team.ictsc2020"
          ]
        }
      ]
    },
    {
      "mode": "managed",
      "type": "github_team_membership",
      "name": "ictsc2020-rlia",
      "provider": "provider[\"registry.terraform.io/integrations/github\"]",
      "instances": [
        {
          "schema_version": 0,
          "attributes": {
            "etag": "W/\"b7c85aa71750d0029b24d9f774e2098052447031354bcab8d66ba7fd535ce8bd\"",
            "id": "3894829:rlia",
            "role": "member",
            "team_id": "3894829",
            "username": "rlia"
          },
          "sensitive_attributes": [],
          "dependencies": [
            "github_membership.rlia",
            "github_team.ictsc2020"
          ]
        }
      ]
    },
    {
      "mode": "managed",
      "type": "github_team_membership",
      "name": "ictsc2020-site0801",
      "provider": "provider[\"registry.terraform.io/integrations/github\"]",
      "instances": [
        {
          "schema_version": 0,
          "attributes": {
            "etag": "W/\"a1c64c712e94057474977f6942f8ed4e8a65292ea1868b2878fb181caae476b6\"",
            "id": "3894829:site0801",
            "role": "member",
            "team_id": "3894829",
            "username": "site0801"
          },
          "sensitive_attributes": [],
          "dependencies": [
            "github_membership.site0801",
            "github_team.ictsc2020"
          ]
        }
      ]
    },
    {
      "mode": "managed",
      "type": "github_team_membership",
      "name": "ictsc2020-takehaya",
      "provider": "provider[\"registry.terraform.io/integrations/github\"]",
      "instances": [
        {
          "schema_version": 0,
          "attributes": {
            "etag": "W/\"6ae45d230ee9cf9c6e178e31c590e0fcd95e0b8362cef67488b9b9032bc4b5e2\"",
            "id": "3894829:takehaya",
            "role": "member",
            "team_id": "3894829",
            "username": "takehaya"
          },
          "sensitive_attributes": [],
          "private": "bnVsbA==",
          "dependencies": [
            "github_membership.takehaya",
            "github_team.ictsc2020"
          ]
        }
      ]
    },
    {
      "mode": "managed",
      "type": "github_team_membership",
      "name": "ictsc2020-tanishi001",
      "provider": "provider[\"registry.terraform.io/integrations/github\"]",
      "instances": [
        {
          "schema_version": 0,
          "attributes": {
            "etag": "W/\"3554ecf6429e54c765653234837b0e32bfc08f8d5007a0899bd39d5a04014cec\"",
            "id": "3894829:tanishi001",
            "role": "member",
            "team_id": "3894829",
            "username": "tanishi001"
          },
          "sensitive_attributes": [],
          "dependencies": [
            "github_membership.tanishi001",
            "github_team.ictsc2020"
          ]
        }
      ]
    },
    {
      "mode": "managed",
      "type": "github_team_membership",
      "name": "ictsc2020-uplus",
      "provider": "provider[\"registry.terraform.io/integrations/github\"]",
      "instances": [
        {
          "schema_version": 0,
          "attributes": {
            "etag": "W/\"ec35fc3162b1b4b1e6c3f0082d9894a5ea36295fabcdd731cc97005c5e3ad9d8\"",
            "id": "3894829:uplus",
            "role": "member",
            "team_id": "3894829",
            "username": "uplus"
          },
          "sensitive_attributes": [],
          "private": "bnVsbA==",
          "dependencies": [
            "github_membership.uplus",
            "github_team.ictsc2020"
          ]
        }
      ]
    },
    {
      "mode": "managed",
      "type": "github_team_membership",
      "name": "ictsc2020-x86taka",
      "provider": "provider[\"registry.terraform.io/integrations/github\"]",
      "instances": [
        {
          "schema_version": 0,
          "attributes": {
            "etag": "W/\"01a1b9c303c1ef48db6bde3decaa3085399d939d5fe55ed12f3613b3587c8302\"",
            "id": "3894829:x86taka",
            "role": "member",
            "team_id": "3894829",
            "username": "x86taka"
          },
          "sensitive_attributes": [],
          "private": "bnVsbA==",
          "dependencies": [
            "github_membership.x86taka",
            "github_team.ictsc2020"
          ]
        }
      ]
    },
    {
      "mode": "managed",
      "type": "github_team_membership",
      "name": "ictsc2020-yo-kanyukari",
      "provider": "provider[\"registry.terraform.io/integrations/github\"]",
      "instances": [
        {
          "schema_version": 0,
          "attributes": {
            "etag": "W/\"0d0fafe9c2808bd58a66f04ccbed4d708d86c3ddff3a97d5869351e602c63d54\"",
            "id": "3894829:siberiy4",
            "role": "member",
            "team_id": "3894829",
            "username": "siberiy4"
          },
          "sensitive_attributes": [],
          "private": "bnVsbA==",
          "dependencies": [
            "github_membership.yo-kanyukari",
            "github_team.ictsc2020"
          ]
        }
      ]
    },
    {
      "mode": "managed",
      "type": "github_team_membership",
      "name": "ictsc2020-yoneyan",
      "provider": "provider[\"registry.terraform.io/integrations/github\"]",
      "instances": [
        {
          "schema_version": 0,
          "attributes": {
            "etag": "W/\"5253ed3a6c2917455b1dfb31d6cfa82dc7682727c7d55d0aa618b03c2f974f52\"",
            "id": "3894829:yoneyan",
            "role": "member",
            "team_id": "3894829",
            "username": "yoneyan"
          },
          "sensitive_attributes": [],
          "dependencies": [
            "github_membership.yoneyan",
            "github_team.ictsc2020"
          ]
        }
      ]
    },
    {
      "mode": "managed",
      "type": "github_team_membership",
      "name": "ictsc2020-yukamoja",
      "provider": "provider[\"registry.terraform.io/integrations/github\"]",
      "instances": [
        {
          "schema_version": 0,
          "attributes": {
            "etag": "W/\"fb3f8df4d0064b75982662ec14d3b942f8aa13864a5f0bbd21fdb598c052e2d1\"",
            "id": "3894829:yukamoja",
            "role": "member",
            "team_id": "3894829",
            "username": "yukamoja"
          },
          "sensitive_attributes": [],
          "private": "bnVsbA==",
          "dependencies": [
            "github_membership.yukamoja",
            "github_team.ictsc2020"
          ]
        }
      ]
    },
    {
      "mode": "managed",
      "type": "github_team_membership",
      "name": "ictsc2020-zeroalphat",
      "provider": "provider[\"registry.terraform.io/integrations/github\"]",
      "instances": [
        {
          "schema_version": 0,
          "attributes": {
            "etag": "W/\"755c8e955729f90a8147c47df6d1ef30015fbc325872e750b0123e47c43dada8\"",
            "id": "3894829:zeroalphat",
            "role": "member",
            "team_id": "3894829",
            "username": "zeroalphat"
          },
          "sensitive_attributes": [],
          "dependencies": [
            "github_membership.zeroalphat",
            "github_team.ictsc2020"
          ]
        }
      ]
    },
    {
      "mode": "managed",
      "type": "github_team_membership",
      "name": "ictsc2021-Explosive6363",
      "provider": "provider[\"registry.terraform.io/integrations/github\"]",
      "instances": [
        {
          "schema_version": 0,
          "attributes": {
            "etag": "W/\"b9954ddfb7326aec18b64ca58ea7e1ebd8860fc66841a1426cefc4a6a12c3d8a\"",
            "id": "4811781:Explosive6363",
            "role": "member",
            "team_id": "4811781",
            "username": "Explosive6363"
          },
          "sensitive_attributes": [],
          "private": "bnVsbA==",
          "dependencies": [
            "github_membership.Explosive6363",
            "github_team.ictsc2021"
          ]
        }
      ]
    },
    {
      "mode": "managed",
      "type": "github_team_membership",
      "name": "ictsc2021-Hicky1025",
      "provider": "provider[\"registry.terraform.io/integrations/github\"]",
      "instances": [
        {
          "schema_version": 0,
          "attributes": {
            "etag": "W/\"784704db4f32c80e421d87aedc1df21dc83f43401e5738414a76329e51536aca\"",
            "id": "4811781:Hicky1025",
            "role": "member",
            "team_id": "4811781",
            "username": "Hicky1025"
          },
          "sensitive_attributes": [],
          "dependencies": [
            "github_membership.Hicky1025",
            "github_team.ictsc2021"
          ]
        }
      ]
    },
    {
      "mode": "managed",
      "type": "github_team_membership",
      "name": "ictsc2021-K-shir0",
      "provider": "provider[\"registry.terraform.io/integrations/github\"]",
      "instances": [
        {
          "schema_version": 0,
          "attributes": {
            "etag": "W/\"4bab5ea3e55ca6f9509ec046b866f4782a7bae4e325eb5c975c7447d229b705e\"",
            "id": "4811781:K-shir0",
            "role": "member",
            "team_id": "4811781",
            "username": "K-shir0"
          },
          "sensitive_attributes": [],
          "dependencies": [
            "github_membership.K-shir0",
            "github_team.ictsc2021"
          ]
        }
      ]
    },
    {
      "mode": "managed",
      "type": "github_team_membership",
      "name": "ictsc2021-Terfno",
      "provider": "provider[\"registry.terraform.io/integrations/github\"]",
      "instances": [
        {
          "schema_version": 0,
          "attributes": {
            "etag": "W/\"5c0ee310d715a433ae5c619669c81054cd4d481cc1e515d04e3bb073f93db2d3\"",
            "id": "4811781:Terfno",
            "role": "member",
            "team_id": "4811781",
            "username": "Terfno"
          },
          "sensitive_attributes": [],
          "dependencies": [
            "github_membership.Terfno",
            "github_team.ictsc2021"
          ]
        }
      ]
    },
    {
      "mode": "managed",
      "type": "github_team_membership",
      "name": "ictsc2021-arupakan125",
      "provider": "provider[\"registry.terraform.io/integrations/github\"]",
      "instances": [
        {
          "schema_version": 0,
          "attributes": {
            "etag": "W/\"e632dcfb84ebf44aad212601ee0cb22b70117702291d07c18bf5dc906b6b22c7\"",
            "id": "4811781:arupakan125",
            "role": "member",
            "team_id": "4811781",
            "username": "arupakan125"
          },
          "sensitive_attributes": [],
          "dependencies": [
            "github_membership.arupakan125",
            "github_team.ictsc2021"
          ]
        }
      ]
    },
    {
      "mode": "managed",
      "type": "github_team_membership",
      "name": "ictsc2021-chaya2z",
      "provider": "provider[\"registry.terraform.io/integrations/github\"]",
      "instances": [
        {
          "schema_version": 0,
          "attributes": {
            "etag": "W/\"97a8c96bbf928175fb1aa9311e380ef33f27adba9a73b8d00565ee2df0122620\"",
            "id": "4811781:chaya2z",
            "role": "member",
            "team_id": "4811781",
            "username": "chaya2z"
          },
          "sensitive_attributes": [],
          "dependencies": [
            "github_membership.chaya2z",
            "github_team.ictsc2021"
          ]
        }
      ]
    },
    {
      "mode": "managed",
      "type": "github_team_membership",
      "name": "ictsc2021-kapibara824",
      "provider": "provider[\"registry.terraform.io/integrations/github\"]",
      "instances": [
        {
          "schema_version": 0,
          "attributes": {
            "etag": "W/\"f87cb500ab08837a219210c18ec88615e21608168ae9eab9b5fecf6eaaf04f7e\"",
            "id": "4811781:kapibara824",
            "role": "member",
            "team_id": "4811781",
            "username": "kapibara824"
          },
          "sensitive_attributes": [],
          "dependencies": [
            "github_membership.kapibara824",
            "github_team.ictsc2021"
          ]
        }
      ]
    },
    {
      "mode": "managed",
      "type": "github_team_membership",
      "name": "ictsc2021-onokatio",
      "provider": "provider[\"registry.terraform.io/integrations/github\"]",
      "instances": [
        {
          "schema_version": 0,
          "attributes": {
            "etag": "W/\"2db1bb3c88693666ee24c832fcfab52c1a8e4f7e61f1e5809ac45eb7d0e87cc4\"",
            "id": "4811781:onokatio",
            "role": "member",
            "team_id": "4811781",
            "username": "onokatio"
          },
          "sensitive_attributes": [],
          "private": "bnVsbA==",
          "dependencies": [
            "github_membership.onokatio",
            "github_team.ictsc2021"
          ]
        }
      ]
    },
    {
      "mode": "managed",
      "type": "github_team_membership",
      "name": "ictsc2021-ophum",
      "provider": "provider[\"registry.terraform.io/integrations/github\"]",
      "instances": [
        {
          "schema_version": 0,
          "attributes": {
            "etag": "W/\"466b52b9998ce62088668794cc54e19d53bd4de954ad099a32cc5a7349ea4d26\"",
            "id": "4811781:ophum",
            "role": "member",
            "team_id": "4811781",
            "username": "ophum"
          },
          "sensitive_attributes": [],
          "dependencies": [
            "github_membership.ophum",
            "github_team.ictsc2021"
          ]
        }
      ]
    },
    {
      "mode": "managed",
      "type": "github_team_membership",
      "name": "ictsc2021-proelbtn",
      "provider": "provider[\"registry.terraform.io/integrations/github\"]",
      "instances": [
        {
          "schema_version": 0,
          "attributes": {
            "etag": "W/\"f01cc9b149dc9ce7425058ff6209a31e100e4418cf27fa63e0c06f9183d01f5b\"",
            "id": "4811781:proelbtn",
            "role": "member",
            "team_id": "4811781",
            "username": "proelbtn"
          },
          "sensitive_attributes": [],
          "private": "bnVsbA==",
          "dependencies": [
            "github_membership.proelbtn",
            "github_team.ictsc2021"
          ]
        }
      ]
    },
    {
      "mode": "managed",
      "type": "github_team_membership",
      "name": "ictsc2021-site0801",
      "provider": "provider[\"registry.terraform.io/integrations/github\"]",
      "instances": [
        {
          "schema_version": 0,
          "attributes": {
            "etag": "W/\"845572d060dfa6896fe500f100555d040a75fd0b83e2eaaa753af0046189656e\"",
            "id": "4811781:site0801",
            "role": "member",
            "team_id": "4811781",
            "username": "site0801"
          },
          "sensitive_attributes": [],
          "dependencies": [
            "github_membership.site0801",
            "github_team.ictsc2021"
          ]
        }
      ]
    },
    {
      "mode": "managed",
      "type": "github_team_membership",
      "name": "ictsc2021-tomatoaas",
      "provider": "provider[\"registry.terraform.io/integrations/github\"]",
      "instances": [
        {
          "schema_version": 0,
          "attributes": {
            "etag": "W/\"fb11f0230c760206d900f0b09ea3e6439c8f065ecd93ab6225fc7d3936e2fbcb\"",
            "id": "4811781:tomatoaas",
            "role": "member",
            "team_id": "4811781",
            "username": "tomatoaas"
          },
          "sensitive_attributes": [],
          "dependencies": [
            "github_membership.tomatoaas",
            "github_team.ictsc2021"
          ]
        }
      ]
    },
    {
      "mode": "managed",
      "type": "github_team_membership",
      "name": "ictsc2021-x86taka",
      "provider": "provider[\"registry.terraform.io/integrations/github\"]",
      "instances": [
        {
          "schema_version": 0,
          "attributes": {
            "etag": "W/\"f96275d29ae275a67d6df89b59bef56d99195fe034abf6b2eef76d1bfa423d5f\"",
            "id": "4811781:x86taka",
            "role": "member",
            "team_id": "4811781",
            "username": "x86taka"
          },
          "sensitive_attributes": [],
          "private": "bnVsbA==",
          "dependencies": [
            "github_membership.x86taka",
            "github_team.ictsc2021"
          ]
        }
      ]
    },
    {
      "mode": "managed",
      "type": "github_team_membership",
      "name": "ictsc2021-yo-kanyukari",
      "provider": "provider[\"registry.terraform.io/integrations/github\"]",
      "instances": [
        {
          "schema_version": 0,
          "attributes": {
            "etag": "W/\"62bd0012b2b53f96854c5e9e0e6df4a63ab4391a61d084c6020c8f1be46759ef\"",
            "id": "4811781:siberiy4",
            "role": "member",
            "team_id": "4811781",
            "username": "siberiy4"
          },
          "sensitive_attributes": [],
          "private": "bnVsbA==",
          "dependencies": [
            "github_membership.yo-kanyukari",
            "github_team.ictsc2021"
          ]
        }
      ]
    },
    {
      "mode": "managed",
      "type": "github_team_membership",
      "name": "ictsc2021-yoneyan",
      "provider": "provider[\"registry.terraform.io/integrations/github\"]",
      "instances": [
        {
          "schema_version": 0,
          "attributes": {
            "etag": "W/\"4d193ba77420e78e0b7cf92f3ac3e96e275add9ab9c0b36357040774b1130873\"",
            "id": "4811781:yoneyan",
            "role": "member",
            "team_id": "4811781",
            "username": "yoneyan"
          },
          "sensitive_attributes": [],
          "dependencies": [
            "github_membership.yoneyan",
            "github_team.ictsc2021"
          ]
        }
      ]
    },
    {
      "mode": "managed",
      "type": "github_team_membership",
      "name": "ictsc2022-Crow314",
      "provider": "provider[\"registry.terraform.io/integrations/github\"]",
      "instances": [
        {
          "schema_version": 0,
          "attributes": {
            "etag": "W/\"32c8a838e74301b56d1ae0767e848ecc0235629520e815ff171f5826253baa23\"",
            "id": "7097691:Crow314",
            "role": "member",
            "team_id": "7097691",
            "username": "Crow314"
          },
          "sensitive_attributes": [],
          "private": "bnVsbA==",
          "dependencies": [
            "github_membership.Crow314",
            "github_team.ictsc2022"
          ]
        }
      ]
    },
    {
      "mode": "managed",
      "type": "github_team_membership",
      "name": "ictsc2022-Explosive6363",
      "provider": "provider[\"registry.terraform.io/integrations/github\"]",
      "instances": [
        {
          "schema_version": 0,
          "attributes": {
            "etag": "W/\"ec1aa8c50a9ae96dd7cbb08dcbdbcf4d88e626b4bf38a17a754bd2ab9547df5d\"",
            "id": "7097691:Explosive6363",
            "role": "member",
            "team_id": "7097691",
            "username": "Explosive6363"
          },
          "sensitive_attributes": [],
          "private": "bnVsbA==",
          "dependencies": [
            "github_membership.Explosive6363",
            "github_team.ictsc2022"
          ]
        }
      ]
    },
    {
      "mode": "managed",
      "type": "github_team_membership",
      "name": "ictsc2022-Hicky1025",
      "provider": "provider[\"registry.terraform.io/integrations/github\"]",
      "instances": [
        {
          "schema_version": 0,
          "attributes": {
            "etag": "W/\"e11ed06c293ec4893550deb11a3f162bca33f5f37381b5cc7578e7fd3df9e9ff\"",
            "id": "7097691:Hicky1025",
            "role": "member",
            "team_id": "7097691",
            "username": "Hicky1025"
          },
          "sensitive_attributes": [],
          "private": "bnVsbA==",
          "dependencies": [
            "github_membership.Hicky1025",
            "github_team.ictsc2022"
          ]
        }
      ]
    },
    {
      "mode": "managed",
      "type": "github_team_membership",
      "name": "ictsc2022-K-shir0",
      "provider": "provider[\"registry.terraform.io/integrations/github\"]",
      "instances": [
        {
          "schema_version": 0,
          "attributes": {
            "etag": "W/\"5a219bf43a0696d27bc8e4a7682a4f95da623638d286591cec76712c03773114\"",
            "id": "7097691:K-shir0",
            "role": "member",
            "team_id": "7097691",
            "username": "K-shir0"
          },
          "sensitive_attributes": [],
          "private": "bnVsbA==",
          "dependencies": [
            "github_membership.K-shir0",
            "github_team.ictsc2022"
          ]
        }
      ]
    },
    {
      "mode": "managed",
      "type": "github_team_membership",
      "name": "ictsc2022-Nishinoyama",
      "provider": "provider[\"registry.terraform.io/integrations/github\"]",
      "instances": [
        {
          "schema_version": 0,
          "attributes": {
            "etag": "W/\"c579d7e474fba6e1dd88dfd462e9f412d7918973e0229deefb29a14198a9e9a8\"",
            "id": "7097691:Nishinoyama",
            "role": "member",
            "team_id": "7097691",
            "username": "Nishinoyama"
          },
          "sensitive_attributes": [],
          "private": "bnVsbA==",
          "dependencies": [
            "github_membership.Nishinoyama",
            "github_team.ictsc2022"
          ]
        }
      ]
    },
    {
      "mode": "managed",
      "type": "github_team_membership",
      "name": "ictsc2022-chaya2z",
      "provider": "provider[\"registry.terraform.io/integrations/github\"]",
      "instances": [
        {
          "schema_version": 0,
          "attributes": {
            "etag": "W/\"1e4ac91ed98c549a3e3538f5848574d4f31e4ee64662df4d167886d2de80b6ee\"",
            "id": "7097691:chaya2z",
            "role": "member",
            "team_id": "7097691",
            "username": "chaya2z"
          },
          "sensitive_attributes": [],
          "private": "bnVsbA==",
          "dependencies": [
            "github_membership.chaya2z",
            "github_team.ictsc2022"
          ]
        }
      ]
    },
    {
      "mode": "managed",
      "type": "github_team_membership",
      "name": "ictsc2022-logica0419",
      "provider": "provider[\"registry.terraform.io/integrations/github\"]",
      "instances": [
        {
          "schema_version": 0,
          "attributes": {
            "etag": "W/\"70b7be7083c2f56a1096ecb29ea9bdaa1c30cf7d99444d946ecb65e2e5e6096b\"",
            "id": "7097691:logica0419",
            "role": "member",
            "team_id": "7097691",
            "username": "logica0419"
          },
          "sensitive_attributes": [],
          "private": "bnVsbA==",
          "dependencies": [
            "github_membership.logica0419",
            "github_team.ictsc2022"
          ]
        }
      ]
    },
    {
      "mode": "managed",
      "type": "github_team_membership",
      "name": "ictsc2022-onokatio",
      "provider": "provider[\"registry.terraform.io/integrations/github\"]",
      "instances": [
        {
          "schema_version": 0,
          "attributes": {
            "etag": "W/\"33c254e81416a36d51458d190a2945b1b79ef0c19a252609fdde3a0883ea5829\"",
            "id": "7097691:onokatio",
            "role": "member",
            "team_id": "7097691",
            "username": "onokatio"
          },
          "sensitive_attributes": [],
          "private": "bnVsbA==",
          "dependencies": [
            "github_membership.onokatio",
            "github_team.ictsc2022"
          ]
        }
      ]
    },
    {
      "mode": "managed",
      "type": "github_team_membership",
      "name": "ictsc2022-site0801",
      "provider": "provider[\"registry.terraform.io/integrations/github\"]",
      "instances": [
        {
          "schema_version": 0,
          "attributes": {
            "etag": "W/\"e1e1dadfcb33785c3310633b85f988ed6efcc2e8dc16d3b7961e1a79de76aef0\"",
            "id": "7097691:site0801",
            "role": "member",
            "team_id": "7097691",
            "username": "site0801"
          },
          "sensitive_attributes": [],
          "private": "bnVsbA==",
          "dependencies": [
            "github_membership.site0801",
            "github_team.ictsc2022"
          ]
        }
      ]
    },
    {
      "mode": "managed",
      "type": "github_team_membership",
      "name": "ictsc2022-syuuya-nakatomi",
      "provider": "provider[\"registry.terraform.io/integrations/github\"]",
      "instances": [
        {
          "schema_version": 0,
          "attributes": {
            "etag": "W/\"d97ca5e35bda8600e2ff1f5af78ba86bf39838275f21f375d479fe89a51101cb\"",
            "id": "7097691:syuuya-nakatomi",
            "role": "member",
            "team_id": "7097691",
            "username": "syuuya-nakatomi"
          },
          "sensitive_attributes": [],
          "private": "bnVsbA==",
          "dependencies": [
            "github_membership.syuuya-nakatomi",
            "github_team.ictsc2022"
          ]
        }
      ]
    },
    {
      "mode": "managed",
      "type": "github_team_membership",
      "name": "ictsc2022-x86taka",
      "provider": "provider[\"registry.terraform.io/integrations/github\"]",
      "instances": [
        {
          "schema_version": 0,
          "attributes": {
            "etag": "W/\"5ae1eaf00513754caba399fdc78e5b45d7009c3397751d9c260bafb2e3217417\"",
            "id": "7097691:x86taka",
            "role": "member",
            "team_id": "7097691",
            "username": "x86taka"
          },
          "sensitive_attributes": [],
          "private": "bnVsbA==",
          "dependencies": [
            "github_membership.x86taka",
            "github_team.ictsc2022"
          ]
        }
      ]
    },
    {
      "mode": "managed",
      "type": "github_team_membership",
      "name": "ictsc2022-yo-kanyukari",
      "provider": "provider[\"registry.terraform.io/integrations/github\"]",
      "instances": [
        {
          "schema_version": 0,
          "attributes": {
            "etag": "W/\"8973f38a6b9560f43dd53f76a01220ccbb8f1338f1c6c3b795c6d43c88a9458b\"",
            "id": "7097691:siberiy4",
            "role": "member",
            "team_id": "7097691",
            "username": "siberiy4"
          },
          "sensitive_attributes": [],
          "private": "bnVsbA==",
          "dependencies": [
            "github_membership.yo-kanyukari",
            "github_team.ictsc2022"
          ]
        }
      ]
    },
    {
      "mode": "managed",
      "type": "github_team_membership",
      "name": "ictsc4-chisaton1",
      "provider": "provider[\"registry.terraform.io/integrations/github\"]",
      "instances": [
        {
          "schema_version": 0,
          "attributes": {
            "etag": "W/\"8d523b3328946d09580b1ef7dc691d46ba442cbdaed4ed43211300e958aa52ca\"",
            "id": "2004351:chisaton1",
            "role": "member",
            "team_id": "2004351",
            "username": "chisaton1"
          },
          "sensitive_attributes": [],
          "dependencies": [
            "github_membership.chisaton1",
            "github_team.ictsc4"
          ]
        }
      ]
    },
    {
      "mode": "managed",
      "type": "github_team_membership",
      "name": "ictsc4-ibucho",
      "provider": "provider[\"registry.terraform.io/integrations/github\"]",
      "instances": [
        {
          "schema_version": 0,
          "attributes": {
            "etag": "W/\"0b74f290f2541f89f0322a56f23d9c578065de0ec5c35bc0c3ef46fbf4714907\"",
            "id": "2004351:ibucho",
            "role": "member",
            "team_id": "2004351",
            "username": "ibucho"
          },
          "sensitive_attributes": [],
          "private": "bnVsbA==",
          "dependencies": [
            "github_membership.ibucho",
            "github_team.ictsc4"
          ]
        }
      ]
    },
    {
      "mode": "managed",
      "type": "github_team_membership",
      "name": "ictsc4-kayo-tozaki",
      "provider": "provider[\"registry.terraform.io/integrations/github\"]",
      "instances": [
        {
          "schema_version": 0,
          "attributes": {
            "etag": "W/\"03d1343ee2f3b8e141b109fe185b4fab8f65528e2e245cbc45748d9d884ac7a8\"",
            "id": "2004351:kayo-tozaki",
            "role": "member",
            "team_id": "2004351",
            "username": "kayo-tozaki"
          },
          "sensitive_attributes": [],
          "dependencies": [
            "github_membership.kayo-tozaki",
            "github_team.ictsc4"
          ]
        }
      ]
    },
    {
      "mode": "managed",
      "type": "github_team_membership",
      "name": "ictsc4-keisukearakawa",
      "provider": "provider[\"registry.terraform.io/integrations/github\"]",
      "instances": [
        {
          "schema_version": 0,
          "attributes": {
            "etag": "W/\"f110a676c306668d444c6823f87387cb297bd2d83ac4e704091e71f1b9ba81ba\"",
            "id": "2004351:keisukearakawa",
            "role": "member",
            "team_id": "2004351",
            "username": "keisukearakawa"
          },
          "sensitive_attributes": [],
          "dependencies": [
            "github_membership.keisukearakawa",
            "github_team.ictsc4"
          ]
        }
      ]
    },
    {
      "mode": "managed",
      "type": "github_team_membership",
      "name": "ictsc4-kurochan",
      "provider": "provider[\"registry.terraform.io/integrations/github\"]",
      "instances": [
        {
          "schema_version": 0,
          "attributes": {
            "etag": "W/\"8d78561aab9c9a592257b959eb7c1c0ab2522efb8f174f9a2497850e495780e9\"",
            "id": "2004351:kurochan",
            "role": "member",
            "team_id": "2004351",
            "username": "kurochan"
          },
          "sensitive_attributes": [],
          "private": "bnVsbA==",
          "dependencies": [
            "github_membership.kurochan",
            "github_team.ictsc4"
          ]
        }
      ]
    },
    {
      "mode": "managed",
      "type": "github_team_membership",
      "name": "ictsc4-mbook-x86",
      "provider": "provider[\"registry.terraform.io/integrations/github\"]",
      "instances": [
        {
          "schema_version": 0,
          "attributes": {
            "etag": "W/\"186f9674e09697a9502d28a89f89543803a26b84c72df95e1c1ef31c4b290e0a\"",
            "id": "2004351:mbook-x86",
            "role": "member",
            "team_id": "2004351",
            "username": "mbook-x86"
          },
          "sensitive_attributes": [],
          "dependencies": [
            "github_membership.mbook-x86",
            "github_team.ictsc4"
          ]
        }
      ]
    },
    {
      "mode": "managed",
      "type": "github_team_membership",
      "name": "ictsc4-netmarkjp",
      "provider": "provider[\"registry.terraform.io/integrations/github\"]",
      "instances": [
        {
          "schema_version": 0,
          "attributes": {
            "etag": "W/\"9a20482a05df11a9cc6cf9e6236304d8fb436f712294f55a1e83ba657506d394\"",
            "id": "2004351:netmarkjp",
            "role": "member",
            "team_id": "2004351",
            "username": "netmarkjp"
          },
          "sensitive_attributes": [],
          "private": "bnVsbA==",
          "dependencies": [
            "github_membership.netmarkjp",
            "github_team.ictsc4"
          ]
        }
      ]
    },
    {
      "mode": "managed",
      "type": "github_team_membership",
      "name": "ictsc4-staybuzz",
      "provider": "provider[\"registry.terraform.io/integrations/github\"]",
      "instances": [
        {
          "schema_version": 0,
          "attributes": {
            "etag": "W/\"70a0bd153759d540366ef2b836cc74b9a9cc1ef1c6eebc9db8ebb5ead88d9d60\"",
            "id": "2004351:staybuzz",
            "role": "member",
            "team_id": "2004351",
            "username": "staybuzz"
          },
          "sensitive_attributes": [],
          "dependencies": [
            "github_membership.staybuzz",
            "github_team.ictsc4"
          ]
        }
      ]
    },
    {
      "mode": "managed",
      "type": "github_team_membership",
      "name": "ictsc4-whywaita",
      "provider": "provider[\"registry.terraform.io/integrations/github\"]",
      "instances": [
        {
          "schema_version": 0,
          "attributes": {
            "etag": "W/\"f484fef3bf7ea32ad6f224de8e110815dcc7e35d70670a960c6ea1057a800024\"",
            "id": "2004351:whywaita",
            "role": "member",
            "team_id": "2004351",
            "username": "whywaita"
          },
          "sensitive_attributes": [],
          "private": "bnVsbA==",
          "dependencies": [
            "github_membership.whywaita",
            "github_team.ictsc4"
          ]
        }
      ]
    },
    {
      "mode": "managed",
      "type": "github_team_membership",
      "name": "ictsc4-yatuhashi",
      "provider": "provider[\"registry.terraform.io/integrations/github\"]",
      "instances": [
        {
          "schema_version": 0,
          "attributes": {
            "etag": "W/\"7b335b1452be6d11c105788f23103ad1882cb662ca34620da9a592745ccb6b28\"",
            "id": "2004351:yatuhashi",
            "role": "member",
            "team_id": "2004351",
            "username": "yatuhashi"
          },
          "sensitive_attributes": [],
          "dependencies": [
            "github_membership.yatuhashi",
            "github_team.ictsc4"
          ]
        }
      ]
    },
    {
      "mode": "managed",
      "type": "github_team_membership",
      "name": "ictsc4-yo-taro",
      "provider": "provider[\"registry.terraform.io/integrations/github\"]",
      "instances": [
        {
          "schema_version": 0,
          "attributes": {
            "etag": "W/\"5f78ac6521e59666164880651f63a6e5c0aed79f6c60fd9ac40a258f60ace11a\"",
            "id": "2004351:yo-taro",
            "role": "member",
            "team_id": "2004351",
            "username": "yo-taro"
          },
          "sensitive_attributes": [],
          "dependencies": [
            "github_membership.yo-taro",
            "github_team.ictsc4"
          ]
        }
      ]
    },
    {
      "mode": "managed",
      "type": "github_team_membership",
      "name": "ictsc5-aoi96",
      "provider": "provider[\"registry.terraform.io/integrations/github\"]",
      "instances": [
        {
          "schema_version": 0,
          "attributes": {
            "etag": "W/\"5db8ae32d1af5b1c7208826b3d2a861fc881abed1db127166b2f60818516172c\"",
            "id": "2004352:aoi96",
            "role": "member",
            "team_id": "2004352",
            "username": "aoi96"
          },
          "sensitive_attributes": [],
          "dependencies": [
            "github_membership.aoi96",
            "github_team.ictsc5"
          ]
        }
      ]
    },
    {
      "mode": "managed",
      "type": "github_team_membership",
      "name": "ictsc5-asdfec",
      "provider": "provider[\"registry.terraform.io/integrations/github\"]",
      "instances": [
        {
          "schema_version": 0,
          "attributes": {
            "etag": "W/\"9d639e16d815c4f5d66db09d3fd3b6bf815b39057585ab89bfdf4a2ac547e34e\"",
            "id": "2004352:asdfec",
            "role": "member",
            "team_id": "2004352",
            "username": "asdfec"
          },
          "sensitive_attributes": [],
          "dependencies": [
            "github_membership.asdfec",
            "github_team.ictsc5"
          ]
        }
      ]
    },
    {
      "mode": "managed",
      "type": "github_team_membership",
      "name": "ictsc5-chamaharun",
      "provider": "provider[\"registry.terraform.io/integrations/github\"]",
      "instances": [
        {
          "schema_version": 0,
          "attributes": {
            "etag": "W/\"782d66ba27e49252eca88285ccc8066f81e1daeaecd2f70614d83fe4e3a583c9\"",
            "id": "2004352:chamaharun",
            "role": "member",
            "team_id": "2004352",
            "username": "chamaharun"
          },
          "sensitive_attributes": [],
          "dependencies": [
            "github_membership.chamaharun",
            "github_team.ictsc5"
          ]
        }
      ]
    },
    {
      "mode": "managed",
      "type": "github_team_membership",
      "name": "ictsc5-chibiegg",
      "provider": "provider[\"registry.terraform.io/integrations/github\"]",
      "instances": [
        {
          "schema_version": 0,
          "attributes": {
            "etag": "W/\"b43869b0314c11b94653c5a6fd8b1f9602fed621eb027073dec38c7ea087c102\"",
            "id": "2004352:chibiegg",
            "role": "member",
            "team_id": "2004352",
            "username": "chibiegg"
          },
          "sensitive_attributes": [],
          "dependencies": [
            "github_membership.chibiegg",
            "github_team.ictsc5"
          ]
        }
      ]
    },
    {
      "mode": "managed",
      "type": "github_team_membership",
      "name": "ictsc5-guragusan",
      "provider": "provider[\"registry.terraform.io/integrations/github\"]",
      "instances": [
        {
          "schema_version": 0,
          "attributes": {
            "etag": "W/\"079d3b134e6e20825031acf68461f141227ebf995036ceb8f990af18a69655b2\"",
            "id": "2004352:guragusan",
            "role": "member",
            "team_id": "2004352",
            "username": "guragusan"
          },
          "sensitive_attributes": [],
          "dependencies": [
            "github_membership.guragusan",
            "github_team.ictsc5"
          ]
        }
      ]
    },
    {
      "mode": "managed",
      "type": "github_team_membership",
      "name": "ictsc5-ibucho",
      "provider": "provider[\"registry.terraform.io/integrations/github\"]",
      "instances": [
        {
          "schema_version": 0,
          "attributes": {
            "etag": "W/\"ec33cf2903aa11b0fe288efc422e9eddb818f63f7b9c2d676b950b889521fb8c\"",
            "id": "2004352:ibucho",
            "role": "member",
            "team_id": "2004352",
            "username": "ibucho"
          },
          "sensitive_attributes": [],
          "private": "bnVsbA==",
          "dependencies": [
            "github_membership.ibucho",
            "github_team.ictsc5"
          ]
        }
      ]
    },
    {
      "mode": "managed",
      "type": "github_team_membership",
      "name": "ictsc5-icchy",
      "provider": "provider[\"registry.terraform.io/integrations/github\"]",
      "instances": [
        {
          "schema_version": 0,
          "attributes": {
            "etag": "W/\"11becc87ff317b17a5a45b515eb11662a8c2ccfd53f35fdb571f2f9c53a3b2b4\"",
            "id": "2004352:icchy",
            "role": "member",
            "team_id": "2004352",
            "username": "icchy"
          },
          "sensitive_attributes": [],
          "dependencies": [
            "github_membership.icchy",
            "github_team.ictsc5"
          ]
        }
      ]
    },
    {
      "mode": "managed",
      "type": "github_team_membership",
      "name": "ictsc5-kadokusei",
      "provider": "provider[\"registry.terraform.io/integrations/github\"]",
      "instances": [
        {
          "schema_version": 0,
          "attributes": {
            "etag": "W/\"99fde0d23c3c40680aa3821adc34ff1b395118a3080bb120db602836c6df2fa1\"",
            "id": "2004352:kadokusei",
            "role": "member",
            "team_id": "2004352",
            "username": "kadokusei"
          },
          "sensitive_attributes": [],
          "dependencies": [
            "github_membership.kadokusei",
            "github_team.ictsc5"
          ]
        }
      ]
    },
    {
      "mode": "managed",
      "type": "github_team_membership",
      "name": "ictsc5-kayo-tozaki",
      "provider": "provider[\"registry.terraform.io/integrations/github\"]",
      "instances": [
        {
          "schema_version": 0,
          "attributes": {
            "etag": "W/\"96377334788cc809f6e3d5456454ee0622cf76e95f429ecd5a45304408316bab\"",
            "id": "2004352:kayo-tozaki",
            "role": "member",
            "team_id": "2004352",
            "username": "kayo-tozaki"
          },
          "sensitive_attributes": [],
          "dependencies": [
            "github_membership.kayo-tozaki",
            "github_team.ictsc5"
          ]
        }
      ]
    },
    {
      "mode": "managed",
      "type": "github_team_membership",
      "name": "ictsc5-keisukearakawa",
      "provider": "provider[\"registry.terraform.io/integrations/github\"]",
      "instances": [
        {
          "schema_version": 0,
          "attributes": {
            "etag": "W/\"c46e66d8d8c083f827c84236e09fb22a58a98f99f72a3c2678657e3f8fdbf7ae\"",
            "id": "2004352:keisukearakawa",
            "role": "member",
            "team_id": "2004352",
            "username": "keisukearakawa"
          },
          "sensitive_attributes": [],
          "dependencies": [
            "github_membership.keisukearakawa",
            "github_team.ictsc5"
          ]
        }
      ]
    },
    {
      "mode": "managed",
      "type": "github_team_membership",
      "name": "ictsc5-kurochan",
      "provider": "provider[\"registry.terraform.io/integrations/github\"]",
      "instances": [
        {
          "schema_version": 0,
          "attributes": {
            "etag": "W/\"9bfc40237bfa39f52da30a9e58e77395ec524d692f886f8704c6a210b89672b1\"",
            "id": "2004352:kurochan",
            "role": "member",
            "team_id": "2004352",
            "username": "kurochan"
          },
          "sensitive_attributes": [],
          "private": "bnVsbA==",
          "dependencies": [
            "github_membership.kurochan",
            "github_team.ictsc5"
          ]
        }
      ]
    },
    {
      "mode": "managed",
      "type": "github_team_membership",
      "name": "ictsc5-kyoko0514",
      "provider": "provider[\"registry.terraform.io/integrations/github\"]",
      "instances": [
        {
          "schema_version": 0,
          "attributes": {
            "etag": "W/\"6f23437c1216bef128b25b964fec54a81e64545866e8c2d8d5930b1051b118e0\"",
            "id": "2004352:kyoko0514",
            "role": "member",
            "team_id": "2004352",
            "username": "kyoko0514"
          },
          "sensitive_attributes": [],
          "dependencies": [
            "github_membership.kyoko0514",
            "github_team.ictsc5"
          ]
        }
      ]
    },
    {
      "mode": "managed",
      "type": "github_team_membership",
      "name": "ictsc5-mbook-x86",
      "provider": "provider[\"registry.terraform.io/integrations/github\"]",
      "instances": [
        {
          "schema_version": 0,
          "attributes": {
            "etag": "W/\"4d660533fa68a8bed24fe046d94618432367f5d8ba40de3d2c098c122c8d575e\"",
            "id": "2004352:mbook-x86",
            "role": "member",
            "team_id": "2004352",
            "username": "mbook-x86"
          },
          "sensitive_attributes": [],
          "dependencies": [
            "github_membership.mbook-x86",
            "github_team.ictsc5"
          ]
        }
      ]
    },
    {
      "mode": "managed",
      "type": "github_team_membership",
      "name": "ictsc5-miyao11",
      "provider": "provider[\"registry.terraform.io/integrations/github\"]",
      "instances": [
        {
          "schema_version": 0,
          "attributes": {
            "etag": "W/\"00d3cf58c19c249af8ecc623c220733c582558c19e26b6362e0c650dc92b7129\"",
            "id": "2004352:Miyao11",
            "role": "member",
            "team_id": "2004352",
            "username": "Miyao11"
          },
          "sensitive_attributes": [],
          "dependencies": [
            "github_membership.miyao11",
            "github_team.ictsc5"
          ]
        }
      ]
    },
    {
      "mode": "managed",
      "type": "github_team_membership",
      "name": "ictsc5-mk0913mnck",
      "provider": "provider[\"registry.terraform.io/integrations/github\"]",
      "instances": [
        {
          "schema_version": 0,
          "attributes": {
            "etag": "W/\"c2df025db44ad73e657b8f103a035558dcaf989993326e4d9d2e536154b3632d\"",
            "id": "2004352:mk0913mnck",
            "role": "member",
            "team_id": "2004352",
            "username": "mk0913mnck"
          },
          "sensitive_attributes": [],
          "dependencies": [
            "github_membership.mk0913mnck",
            "github_team.ictsc5"
          ]
        }
      ]
    },
    {
      "mode": "managed",
      "type": "github_team_membership",
      "name": "ictsc5-netmarkjp",
      "provider": "provider[\"registry.terraform.io/integrations/github\"]",
      "instances": [
        {
          "schema_version": 0,
          "attributes": {
            "etag": "W/\"f9fef9ddc915dc87c7ec376bb8fc355ffaeb2e93baf0b69a36a707f8c277c308\"",
            "id": "2004352:netmarkjp",
            "role": "member",
            "team_id": "2004352",
            "username": "netmarkjp"
          },
          "sensitive_attributes": [],
          "private": "bnVsbA==",
          "dependencies": [
            "github_membership.netmarkjp",
            "github_team.ictsc5"
          ]
        }
      ]
    },
    {
      "mode": "managed",
      "type": "github_team_membership",
      "name": "ictsc5-notchi590",
      "provider": "provider[\"registry.terraform.io/integrations/github\"]",
      "instances": [
        {
          "schema_version": 0,
          "attributes": {
            "etag": "W/\"b83d6623f32d48df250ed7b10bb40a7672e7972239b5cf1592e994caf535cfbc\"",
            "id": "2004352:notchi590",
            "role": "member",
            "team_id": "2004352",
            "username": "notchi590"
          },
          "sensitive_attributes": [],
          "dependencies": [
            "github_membership.notchi590",
            "github_team.ictsc5"
          ]
        }
      ]
    },
    {
      "mode": "managed",
      "type": "github_team_membership",
      "name": "ictsc5-palloc",
      "provider": "provider[\"registry.terraform.io/integrations/github\"]",
      "instances": [
        {
          "schema_version": 0,
          "attributes": {
            "etag": "W/\"b567868be6b632c62f4a98999f7e1eb24167fe338a4c072016e1227e29bedd03\"",
            "id": "2004352:palloc",
            "role": "member",
            "team_id": "2004352",
            "username": "palloc"
          },
          "sensitive_attributes": [],
          "dependencies": [
            "github_membership.palloc",
            "github_team.ictsc5"
          ]
        }
      ]
    },
    {
      "mode": "managed",
      "type": "github_team_membership",
      "name": "ictsc5-sora34",
      "provider": "provider[\"registry.terraform.io/integrations/github\"]",
      "instances": [
        {
          "schema_version": 0,
          "attributes": {
            "etag": "W/\"0536664db1262ca7a637e1a9a0638e21d8eabbf9fd44f6c6a42da1fa4580358f\"",
            "id": "2004352:sora34",
            "role": "member",
            "team_id": "2004352",
            "username": "sora34"
          },
          "sensitive_attributes": [],
          "dependencies": [
            "github_membership.sora34",
            "github_team.ictsc5"
          ]
        }
      ]
    },
    {
      "mode": "managed",
      "type": "github_team_membership",
      "name": "ictsc5-staybuzz",
      "provider": "provider[\"registry.terraform.io/integrations/github\"]",
      "instances": [
        {
          "schema_version": 0,
          "attributes": {
            "etag": "W/\"a96d80ff7bb04cae13062db6355652a33b895c17f862b707b6d582ca49044c2e\"",
            "id": "2004352:staybuzz",
            "role": "member",
            "team_id": "2004352",
            "username": "staybuzz"
          },
          "sensitive_attributes": [],
          "dependencies": [
            "github_membership.staybuzz",
            "github_team.ictsc5"
          ]
        }
      ]
    },
    {
      "mode": "managed",
      "type": "github_team_membership",
      "name": "ictsc5-sugiki-accelia",
      "provider": "provider[\"registry.terraform.io/integrations/github\"]",
      "instances": [
        {
          "schema_version": 0,
          "attributes": {
            "etag": "W/\"ef1d68076dc5a8b896ded1e360a083278f5e54048a723276fb37c6e883c7169d\"",
            "id": "2004352:sugiki-accelia",
            "role": "member",
            "team_id": "2004352",
            "username": "sugiki-accelia"
          },
          "sensitive_attributes": [],
          "dependencies": [
            "github_membership.sugiki-accelia",
            "github_team.ictsc5"
          ]
        }
      ]
    },
    {
      "mode": "managed",
      "type": "github_team_membership",
      "name": "ictsc5-sukekawa-accelia",
      "provider": "provider[\"registry.terraform.io/integrations/github\"]",
      "instances": [
        {
          "schema_version": 0,
          "attributes": {
            "etag": "W/\"5347ccf7a98b43250b1b65d2b06be96e2ecf48ae3c540d0c4d84a22b1a820dd3\"",
            "id": "2004352:sukekawa-accelia",
            "role": "member",
            "team_id": "2004352",
            "username": "sukekawa-accelia"
          },
          "sensitive_attributes": [],
          "dependencies": [
            "github_membership.sukekawa-accelia",
            "github_team.ictsc5"
          ]
        }
      ]
    },
    {
      "mode": "managed",
      "type": "github_team_membership",
      "name": "ictsc5-takes3",
      "provider": "provider[\"registry.terraform.io/integrations/github\"]",
      "instances": [
        {
          "schema_version": 0,
          "attributes": {
            "etag": "W/\"8db2ddad9eca60827c1bc616018c2997da83f8da37188f252cd501b757511cae\"",
            "id": "2004352:takes3",
            "role": "member",
            "team_id": "2004352",
            "username": "takes3"
          },
          "sensitive_attributes": [],
          "dependencies": [
            "github_membership.takes3",
            "github_team.ictsc5"
          ]
        }
      ]
    },
    {
      "mode": "managed",
      "type": "github_team_membership",
      "name": "ictsc5-whywaita",
      "provider": "provider[\"registry.terraform.io/integrations/github\"]",
      "instances": [
        {
          "schema_version": 0,
          "attributes": {
            "etag": "W/\"6de7f5700a5c95c49445da2f54e963517dce7e0fbdaab92c1716093f529c2377\"",
            "id": "2004352:whywaita",
            "role": "member",
            "team_id": "2004352",
            "username": "whywaita"
          },
          "sensitive_attributes": [],
          "private": "bnVsbA==",
          "dependencies": [
            "github_membership.whywaita",
            "github_team.ictsc5"
          ]
        }
      ]
    },
    {
      "mode": "managed",
      "type": "github_team_membership",
      "name": "ictsc5-y-monma",
      "provider": "provider[\"registry.terraform.io/integrations/github\"]",
      "instances": [
        {
          "schema_version": 0,
          "attributes": {
            "etag": "W/\"d30070cf2f0656962c350ea8c231244aac07233d0fe6fcfa7c280ba508283f4d\"",
            "id": "2004352:y-monma",
            "role": "member",
            "team_id": "2004352",
            "username": "y-monma"
          },
          "sensitive_attributes": [],
          "dependencies": [
            "github_membership.y-monma",
            "github_team.ictsc5"
          ]
        }
      ]
    },
    {
      "mode": "managed",
      "type": "github_team_membership",
      "name": "ictsc5-yatuhashi",
      "provider": "provider[\"registry.terraform.io/integrations/github\"]",
      "instances": [
        {
          "schema_version": 0,
          "attributes": {
            "etag": "W/\"ced833eb31427948ff0e9ad72f75107fe502f91c870958c452c27e7314e5f2f3\"",
            "id": "2004352:yatuhashi",
            "role": "member",
            "team_id": "2004352",
            "username": "yatuhashi"
          },
          "sensitive_attributes": [],
          "dependencies": [
            "github_membership.yatuhashi",
            "github_team.ictsc5"
          ]
        }
      ]
    },
    {
      "mode": "managed",
      "type": "github_team_membership",
      "name": "ictsc5-yo-taro",
      "provider": "provider[\"registry.terraform.io/integrations/github\"]",
      "instances": [
        {
          "schema_version": 0,
          "attributes": {
            "etag": "W/\"3ef7037f1d7658e03afbe462877751028f3e2f8f7622d3ae051935592d268f52\"",
            "id": "2004352:yo-taro",
            "role": "member",
            "team_id": "2004352",
            "username": "yo-taro"
          },
          "sensitive_attributes": [],
          "dependencies": [
            "github_membership.yo-taro",
            "github_team.ictsc5"
          ]
        }
      ]
    },
    {
      "mode": "managed",
      "type": "github_team_membership",
      "name": "ictsc6-a-r-g-v",
      "provider": "provider[\"registry.terraform.io/integrations/github\"]",
      "instances": [
        {
          "schema_version": 0,
          "attributes": {
            "etag": "W/\"b9a8c50a8a26e525371257c54c784c96d41af3c85356aeef5e474e9ae124e973\"",
            "id": "2004355:a-r-g-v",
            "role": "member",
            "team_id": "2004355",
            "username": "a-r-g-v"
          },
          "sensitive_attributes": [],
          "dependencies": [
            "github_membership.a-r-g-v",
            "github_team.ictsc6"
          ]
        }
      ]
    },
    {
      "mode": "managed",
      "type": "github_team_membership",
      "name": "ictsc6-aoi96",
      "provider": "provider[\"registry.terraform.io/integrations/github\"]",
      "instances": [
        {
          "schema_version": 0,
          "attributes": {
            "etag": "W/\"d25bf3f3cc598d52cdfe401f21fd18d39064ef145a2ec29b4eb961214145bf02\"",
            "id": "2004355:aoi96",
            "role": "member",
            "team_id": "2004355",
            "username": "aoi96"
          },
          "sensitive_attributes": [],
          "dependencies": [
            "github_membership.aoi96",
            "github_team.ictsc6"
          ]
        }
      ]
    },
    {
      "mode": "managed",
      "type": "github_team_membership",
      "name": "ictsc6-asarijiru",
      "provider": "provider[\"registry.terraform.io/integrations/github\"]",
      "instances": [
        {
          "schema_version": 0,
          "attributes": {
            "etag": "W/\"844a3d445a27002f66ec662b8807a2ef56caba5ce016f8e3b6d6bd95c0e22a5b\"",
            "id": "2004355:asarijiru",
            "role": "member",
            "team_id": "2004355",
            "username": "asarijiru"
          },
          "sensitive_attributes": [],
          "dependencies": [
            "github_membership.asarijiru",
            "github_team.ictsc6"
          ]
        }
      ]
    },
    {
      "mode": "managed",
      "type": "github_team_membership",
      "name": "ictsc6-asdfec",
      "provider": "provider[\"registry.terraform.io/integrations/github\"]",
      "instances": [
        {
          "schema_version": 0,
          "attributes": {
            "etag": "W/\"78b7b19522ee0eb0e63c3adfd95d0584822c87ac25828dc829f5ca99ca691128\"",
            "id": "2004355:asdfec",
            "role": "member",
            "team_id": "2004355",
            "username": "asdfec"
          },
          "sensitive_attributes": [],
          "dependencies": [
            "github_membership.asdfec",
            "github_team.ictsc6"
          ]
        }
      ]
    },
    {
      "mode": "managed",
      "type": "github_team_membership",
      "name": "ictsc6-chalkygames123",
      "provider": "provider[\"registry.terraform.io/integrations/github\"]",
      "instances": [
        {
          "schema_version": 0,
          "attributes": {
            "etag": "W/\"c491ca02f8f7d2cbb8baa7ec045d12e8a6d881ef6f665a97cccacdc0b432c1b8\"",
            "id": "2004355:chalkygames123",
            "role": "member",
            "team_id": "2004355",
            "username": "chalkygames123"
          },
          "sensitive_attributes": [],
          "dependencies": [
            "github_membership.chalkygames123",
            "github_team.ictsc6"
          ]
        }
      ]
    },
    {
      "mode": "managed",
      "type": "github_team_membership",
      "name": "ictsc6-guragusan",
      "provider": "provider[\"registry.terraform.io/integrations/github\"]",
      "instances": [
        {
          "schema_version": 0,
          "attributes": {
            "etag": "W/\"0d6c0eaeb0cd68f91e84cf152d0b12d8a2051394c587beaa1299300f06ca3390\"",
            "id": "2004355:guragusan",
            "role": "member",
            "team_id": "2004355",
            "username": "guragusan"
          },
          "sensitive_attributes": [],
          "dependencies": [
            "github_membership.guragusan",
            "github_team.ictsc6"
          ]
        }
      ]
    },
    {
      "mode": "managed",
      "type": "github_team_membership",
      "name": "ictsc6-h-otter",
      "provider": "provider[\"registry.terraform.io/integrations/github\"]",
      "instances": [
        {
          "schema_version": 0,
          "attributes": {
            "etag": "W/\"85e1731741234ea91925d4fe660355b17205adef24c863fe5d15070e3ad5fa86\"",
            "id": "2004355:h-otter",
            "role": "member",
            "team_id": "2004355",
            "username": "h-otter"
          },
          "sensitive_attributes": [],
          "private": "bnVsbA==",
          "dependencies": [
            "github_membership.h-otter",
            "github_team.ictsc6"
          ]
        }
      ]
    },
    {
      "mode": "managed",
      "type": "github_team_membership",
      "name": "ictsc6-ibucho",
      "provider": "provider[\"registry.terraform.io/integrations/github\"]",
      "instances": [
        {
          "schema_version": 0,
          "attributes": {
            "etag": "W/\"490913e2702d884dac961efda326f4a23ac14b1cbc957eede7b2846e0a963421\"",
            "id": "2004355:ibucho",
            "role": "member",
            "team_id": "2004355",
            "username": "ibucho"
          },
          "sensitive_attributes": [],
          "private": "bnVsbA==",
          "dependencies": [
            "github_membership.ibucho",
            "github_team.ictsc6"
          ]
        }
      ]
    },
    {
      "mode": "managed",
      "type": "github_team_membership",
      "name": "ictsc6-int-tt",
      "provider": "provider[\"registry.terraform.io/integrations/github\"]",
      "instances": [
        {
          "schema_version": 0,
          "attributes": {
            "etag": "W/\"7bc9d85c8800a019797b2a17ffd6dcf30644334d77119ff2871b598ecbfccd1d\"",
            "id": "2004355:int-tt",
            "role": "member",
            "team_id": "2004355",
            "username": "int-tt"
          },
          "sensitive_attributes": [],
          "dependencies": [
            "github_membership.int-tt",
            "github_team.ictsc6"
          ]
        }
      ]
    },
    {
      "mode": "managed",
      "type": "github_team_membership",
      "name": "ictsc6-kamijin-fanta",
      "provider": "provider[\"registry.terraform.io/integrations/github\"]",
      "instances": [
        {
          "schema_version": 0,
          "attributes": {
            "etag": "W/\"bf0d74e7492996f5bbf53b2eb6798576d9cb958030ff38ccc6744aad27216b58\"",
            "id": "2004355:kamijin-fanta",
            "role": "member",
            "team_id": "2004355",
            "username": "kamijin-fanta"
          },
          "sensitive_attributes": [],
          "dependencies": [
            "github_membership.kamijin-fanta",
            "github_team.ictsc6"
          ]
        }
      ]
    },
    {
      "mode": "managed",
      "type": "github_team_membership",
      "name": "ictsc6-kurochan",
      "provider": "provider[\"registry.terraform.io/integrations/github\"]",
      "instances": [
        {
          "schema_version": 0,
          "attributes": {
            "etag": "W/\"a7eeffeb360a443c9be59adfc206685390d570d3a188fd5c6d7c45b26ad9ddd2\"",
            "id": "2004355:kurochan",
            "role": "member",
            "team_id": "2004355",
            "username": "kurochan"
          },
          "sensitive_attributes": [],
          "private": "bnVsbA==",
          "dependencies": [
            "github_membership.kurochan",
            "github_team.ictsc6"
          ]
        }
      ]
    },
    {
      "mode": "managed",
      "type": "github_team_membership",
      "name": "ictsc6-kyoko0514",
      "provider": "provider[\"registry.terraform.io/integrations/github\"]",
      "instances": [
        {
          "schema_version": 0,
          "attributes": {
            "etag": "W/\"4195835a8b5611e294b80a1146948dbce033d3cbf43fb3bda3f0599307fca9bd\"",
            "id": "2004355:kyoko0514",
            "role": "member",
            "team_id": "2004355",
            "username": "kyoko0514"
          },
          "sensitive_attributes": [],
          "dependencies": [
            "github_membership.kyoko0514",
            "github_team.ictsc6"
          ]
        }
      ]
    },
    {
      "mode": "managed",
      "type": "github_team_membership",
      "name": "ictsc6-kyontan",
      "provider": "provider[\"registry.terraform.io/integrations/github\"]",
      "instances": [
        {
          "schema_version": 0,
          "attributes": {
            "etag": "W/\"94437ce8a4da944df1bc11bac9dd3505d302f986449997131502be59321cfea1\"",
            "id": "2004355:kyontan",
            "role": "member",
            "team_id": "2004355",
            "username": "kyontan"
          },
          "sensitive_attributes": [],
          "dependencies": [
            "github_membership.kyontan",
            "github_team.ictsc6"
          ]
        }
      ]
    },
    {
      "mode": "managed",
      "type": "github_team_membership",
      "name": "ictsc6-miyao11",
      "provider": "provider[\"registry.terraform.io/integrations/github\"]",
      "instances": [
        {
          "schema_version": 0,
          "attributes": {
            "etag": "W/\"152be338e8aa196d38e7e5bf0bae40e17876916ea435a89b34751228b8838202\"",
            "id": "2004355:Miyao11",
            "role": "member",
            "team_id": "2004355",
            "username": "Miyao11"
          },
          "sensitive_attributes": [],
          "dependencies": [
            "github_membership.miyao11",
            "github_team.ictsc6"
          ]
        }
      ]
    },
    {
      "mode": "managed",
      "type": "github_team_membership",
      "name": "ictsc6-netmarkjp",
      "provider": "provider[\"registry.terraform.io/integrations/github\"]",
      "instances": [
        {
          "schema_version": 0,
          "attributes": {
            "etag": "W/\"e95364450fb38ee30c9c832b09d6db0bdff38ab7b21a075c7c310d0b1045ec27\"",
            "id": "2004355:netmarkjp",
            "role": "member",
            "team_id": "2004355",
            "username": "netmarkjp"
          },
          "sensitive_attributes": [],
          "private": "bnVsbA==",
          "dependencies": [
            "github_membership.netmarkjp",
            "github_team.ictsc6"
          ]
        }
      ]
    },
    {
      "mode": "managed",
      "type": "github_team_membership",
      "name": "ictsc6-notchi590",
      "provider": "provider[\"registry.terraform.io/integrations/github\"]",
      "instances": [
        {
          "schema_version": 0,
          "attributes": {
            "etag": "W/\"7888df7e2d3af85b834cc7501a57c68318abfa8f73edb89f1001bff07dc8a92d\"",
            "id": "2004355:notchi590",
            "role": "member",
            "team_id": "2004355",
            "username": "notchi590"
          },
          "sensitive_attributes": [],
          "dependencies": [
            "github_membership.notchi590",
            "github_team.ictsc6"
          ]
        }
      ]
    },
    {
      "mode": "managed",
      "type": "github_team_membership",
      "name": "ictsc6-palloc",
      "provider": "provider[\"registry.terraform.io/integrations/github\"]",
      "instances": [
        {
          "schema_version": 0,
          "attributes": {
            "etag": "W/\"0c5eaf2aefd567cc60d9f40fb89504e81878a381f6c41e49dfbc4d81406fba91\"",
            "id": "2004355:palloc",
            "role": "member",
            "team_id": "2004355",
            "username": "palloc"
          },
          "sensitive_attributes": [],
          "dependencies": [
            "github_membership.palloc",
            "github_team.ictsc6"
          ]
        }
      ]
    },
    {
      "mode": "managed",
      "type": "github_team_membership",
      "name": "ictsc6-tar-xzvff",
      "provider": "provider[\"registry.terraform.io/integrations/github\"]",
      "instances": [
        {
          "schema_version": 0,
          "attributes": {
            "etag": "W/\"ca16ed116602524063d8d45b90669780ea76bac514b83404c0fca339b59b168d\"",
            "id": "2004355:tar-xzvff",
            "role": "member",
            "team_id": "2004355",
            "username": "tar-xzvff"
          },
          "sensitive_attributes": [],
          "private": "bnVsbA==",
          "dependencies": [
            "github_membership.tar-xzvff",
            "github_team.ictsc6"
          ]
        }
      ]
    },
    {
      "mode": "managed",
      "type": "github_team_membership",
      "name": "ictsc6-y-monma",
      "provider": "provider[\"registry.terraform.io/integrations/github\"]",
      "instances": [
        {
          "schema_version": 0,
          "attributes": {
            "etag": "W/\"1241581b6a1be782265efb92e948297d90e3adc4f82de41cdcd03b3af67fd55b\"",
            "id": "2004355:y-monma",
            "role": "member",
            "team_id": "2004355",
            "username": "y-monma"
          },
          "sensitive_attributes": [],
          "dependencies": [
            "github_membership.y-monma",
            "github_team.ictsc6"
          ]
        }
      ]
    },
    {
      "mode": "managed",
      "type": "github_team_membership",
      "name": "ictsc6-yo-taro",
      "provider": "provider[\"registry.terraform.io/integrations/github\"]",
      "instances": [
        {
          "schema_version": 0,
          "attributes": {
            "etag": "W/\"98ca22f90a8092c530d1e8525e8d9c005119a435c1a52bd73810db845a8c9f66\"",
            "id": "2004355:yo-taro",
            "role": "member",
            "team_id": "2004355",
            "username": "yo-taro"
          },
          "sensitive_attributes": [],
          "dependencies": [
            "github_membership.yo-taro",
            "github_team.ictsc6"
          ]
        }
      ]
    },
    {
      "mode": "managed",
      "type": "github_team_membership",
      "name": "ictsc6-yuukinetwork",
      "provider": "provider[\"registry.terraform.io/integrations/github\"]",
      "instances": [
        {
          "schema_version": 0,
          "attributes": {
            "etag": "W/\"8068714a91fdc6e9c3a5bf0dad46dd96ed76eb7b0e17f41c1950f73c10e7275d\"",
            "id": "2004355:yuukinetwork",
            "role": "member",
            "team_id": "2004355",
            "username": "yuukinetwork"
          },
          "sensitive_attributes": [],
          "dependencies": [
            "github_membership.yuukinetwork",
            "github_team.ictsc6"
          ]
        }
      ]
    },
    {
      "mode": "managed",
      "type": "github_team_membership",
      "name": "ictsc7-Katsuya414",
      "provider": "provider[\"registry.terraform.io/integrations/github\"]",
      "instances": [
        {
          "schema_version": 0,
          "attributes": {
            "etag": "W/\"9c61ccadfc96cb967c1a9e4df32c1aef4116a307ac5243eaae92ab67e2b942ef\"",
            "id": "2178374:Katsuya414",
            "role": "member",
            "team_id": "2178374",
            "username": "Katsuya414"
          },
          "sensitive_attributes": [],
          "dependencies": [
            "github_membership.Katsuya414",
            "github_team.ictsc7"
          ]
        }
      ]
    },
    {
      "mode": "managed",
      "type": "github_team_membership",
      "name": "ictsc7-Kurorororo",
      "provider": "provider[\"registry.terraform.io/integrations/github\"]",
      "instances": [
        {
          "schema_version": 0,
          "attributes": {
            "etag": "W/\"ef55dcd21ed32a70fa3318bccb877a1e747d8e31ce09212a2fdd7ca105f14694\"",
            "id": "2178374:Kurorororo",
            "role": "member",
            "team_id": "2178374",
            "username": "Kurorororo"
          },
          "sensitive_attributes": [],
          "dependencies": [
            "github_membership.Kurorororo",
            "github_team.ictsc7"
          ]
        }
      ]
    },
    {
      "mode": "managed",
      "type": "github_team_membership",
      "name": "ictsc7-alias-aria",
      "provider": "provider[\"registry.terraform.io/integrations/github\"]",
      "instances": [
        {
          "schema_version": 0,
          "attributes": {
            "etag": "W/\"6b9fd26bb21ae82897f9b866d069f3f220aa2a8fd73f116d3e3077ffcd7bd1d6\"",
            "id": "2178374:alias-aria",
            "role": "member",
            "team_id": "2178374",
            "username": "alias-aria"
          },
          "sensitive_attributes": [],
          "dependencies": [
            "github_membership.alias-aria",
            "github_team.ictsc7"
          ]
        }
      ]
    },
    {
      "mode": "managed",
      "type": "github_team_membership",
      "name": "ictsc7-bosan120",
      "provider": "provider[\"registry.terraform.io/integrations/github\"]",
      "instances": [
        {
          "schema_version": 0,
          "attributes": {
            "etag": "W/\"ed5e6ddf2c3492329e98169240583ebd77f696414d85ce35f0f672c2129c9e25\"",
            "id": "2178374:bosan120",
            "role": "member",
            "team_id": "2178374",
            "username": "bosan120"
          },
          "sensitive_attributes": [],
          "dependencies": [
            "github_membership.bosan120",
            "github_team.ictsc7"
          ]
        }
      ]
    },
    {
      "mode": "managed",
      "type": "github_team_membership",
      "name": "ictsc7-ecodrive-18",
      "provider": "provider[\"registry.terraform.io/integrations/github\"]",
      "instances": [
        {
          "schema_version": 0,
          "attributes": {
            "etag": "W/\"707e9a9eef08903157364f6efa032712c3c746534ce3965539d173e9abf04920\"",
            "id": "2178374:ecodrive-18",
            "role": "member",
            "team_id": "2178374",
            "username": "ecodrive-18"
          },
          "sensitive_attributes": [],
          "dependencies": [
            "github_membership.ecodrive-18",
            "github_team.ictsc7"
          ]
        }
      ]
    },
    {
      "mode": "managed",
      "type": "github_team_membership",
      "name": "ictsc7-guragusan",
      "provider": "provider[\"registry.terraform.io/integrations/github\"]",
      "instances": [
        {
          "schema_version": 0,
          "attributes": {
            "etag": "W/\"b675fefc8dfd28b33b54a86873b171248e606511615f3c21ce4ebc46da6e6401\"",
            "id": "2178374:guragusan",
            "role": "member",
            "team_id": "2178374",
            "username": "guragusan"
          },
          "sensitive_attributes": [],
          "dependencies": [
            "github_membership.guragusan",
            "github_team.ictsc7"
          ]
        }
      ]
    },
    {
      "mode": "managed",
      "type": "github_team_membership",
      "name": "ictsc7-h-otter",
      "provider": "provider[\"registry.terraform.io/integrations/github\"]",
      "instances": [
        {
          "schema_version": 0,
          "attributes": {
            "etag": "W/\"09e45ed663f4a660bed966be46314277b6743b8f6e8995ac7ea556a0fff692d8\"",
            "id": "2178374:h-otter",
            "role": "member",
            "team_id": "2178374",
            "username": "h-otter"
          },
          "sensitive_attributes": [],
          "private": "bnVsbA==",
          "dependencies": [
            "github_membership.h-otter",
            "github_team.ictsc7"
          ]
        }
      ]
    },
    {
      "mode": "managed",
      "type": "github_team_membership",
      "name": "ictsc7-inuyosi",
      "provider": "provider[\"registry.terraform.io/integrations/github\"]",
      "instances": [
        {
          "schema_version": 0,
          "attributes": {
            "etag": "W/\"b40d93eb9dc3341d233222ab52b658b813ed3eefffa61fbfb43e95ddc6c7f764\"",
            "id": "2178374:inuyosi",
            "role": "member",
            "team_id": "2178374",
            "username": "inuyosi"
          },
          "sensitive_attributes": [],
          "dependencies": [
            "github_membership.inuyosi",
            "github_team.ictsc7"
          ]
        }
      ]
    },
    {
      "mode": "managed",
      "type": "github_team_membership",
      "name": "ictsc7-kadokusei",
      "provider": "provider[\"registry.terraform.io/integrations/github\"]",
      "instances": [
        {
          "schema_version": 0,
          "attributes": {
            "etag": "W/\"3ade44daa0930f22cd24405e291e3a4d789391883f8a6b36710a83a6e47331f4\"",
            "id": "2178374:kadokusei",
            "role": "member",
            "team_id": "2178374",
            "username": "kadokusei"
          },
          "sensitive_attributes": [],
          "dependencies": [
            "github_membership.kadokusei",
            "github_team.ictsc7"
          ]
        }
      ]
    },
    {
      "mode": "managed",
      "type": "github_team_membership",
      "name": "ictsc7-kyontan",
      "provider": "provider[\"registry.terraform.io/integrations/github\"]",
      "instances": [
        {
          "schema_version": 0,
          "attributes": {
            "etag": "W/\"0977be2a42a53c968fc73a45a983546a1e2d278e9cf88065e41417eae2b94aa9\"",
            "id": "2178374:kyontan",
            "role": "member",
            "team_id": "2178374",
            "username": "kyontan"
          },
          "sensitive_attributes": [],
          "dependencies": [
            "github_membership.kyontan",
            "github_team.ictsc7"
          ]
        }
      ]
    },
    {
      "mode": "managed",
      "type": "github_team_membership",
      "name": "ictsc7-mbook-x86",
      "provider": "provider[\"registry.terraform.io/integrations/github\"]",
      "instances": [
        {
          "schema_version": 0,
          "attributes": {
            "etag": "W/\"a2f24bf36fb73c09a24be8fd97fca39c8cc92cef901935beacd2be9f67d5707b\"",
            "id": "2178374:mbook-x86",
            "role": "member",
            "team_id": "2178374",
            "username": "mbook-x86"
          },
          "sensitive_attributes": [],
          "dependencies": [
            "github_membership.mbook-x86",
            "github_team.ictsc7"
          ]
        }
      ]
    },
    {
      "mode": "managed",
      "type": "github_team_membership",
      "name": "ictsc7-naoki912",
      "provider": "provider[\"registry.terraform.io/integrations/github\"]",
      "instances": [
        {
          "schema_version": 0,
          "attributes": {
            "etag": "W/\"03e0fefbe223bd515f46d0e9e8ac9580dd869eacd604a3176dbb3c9820ef3092\"",
            "id": "2178374:naoki912",
            "role": "member",
            "team_id": "2178374",
            "username": "naoki912"
          },
          "sensitive_attributes": [],
          "dependencies": [
            "github_membership.naoki912",
            "github_team.ictsc7"
          ]
        }
      ]
    },
    {
      "mode": "managed",
      "type": "github_team_membership",
      "name": "ictsc7-oomorio",
      "provider": "provider[\"registry.terraform.io/integrations/github\"]",
      "instances": [
        {
          "schema_version": 0,
          "attributes": {
            "etag": "W/\"70aba8c760d41319d228fabf10a15fa5d954695ecb6e1a20bb40a6190f80c205\"",
            "id": "2178374:oomorio",
            "role": "member",
            "team_id": "2178374",
            "username": "oomorio"
          },
          "sensitive_attributes": [],
          "dependencies": [
            "github_membership.oomorio",
            "github_team.ictsc7"
          ]
        }
      ]
    },
    {
      "mode": "managed",
      "type": "github_team_membership",
      "name": "ictsc7-palloc",
      "provider": "provider[\"registry.terraform.io/integrations/github\"]",
      "instances": [
        {
          "schema_version": 0,
          "attributes": {
            "etag": "W/\"768c3b5c2d2a8524304601c2b349883b400d6e9702409969f61162e8da004b3e\"",
            "id": "2178374:palloc",
            "role": "member",
            "team_id": "2178374",
            "username": "palloc"
          },
          "sensitive_attributes": [],
          "dependencies": [
            "github_membership.palloc",
            "github_team.ictsc7"
          ]
        }
      ]
    },
    {
      "mode": "managed",
      "type": "github_team_membership",
      "name": "ictsc7-yaminoma",
      "provider": "provider[\"registry.terraform.io/integrations/github\"]",
      "instances": [
        {
          "schema_version": 0,
          "attributes": {
            "etag": "W/\"04910b0605fb66645d05f852894691b3a9b766dd73a53367b06d38f6ad06aa69\"",
            "id": "2178374:yaminoma",
            "role": "member",
            "team_id": "2178374",
            "username": "yaminoma"
          },
          "sensitive_attributes": [],
          "dependencies": [
            "github_membership.yaminoma",
            "github_team.ictsc7"
          ]
        }
      ]
    },
    {
      "mode": "managed",
      "type": "github_team_membership",
      "name": "ictsc7-yatuhashi",
      "provider": "provider[\"registry.terraform.io/integrations/github\"]",
      "instances": [
        {
          "schema_version": 0,
          "attributes": {
            "etag": "W/\"220ac54f963b0148c909ab62b08b681af36ec836194e341217477f08ec0a3366\"",
            "id": "2178374:yatuhashi",
            "role": "member",
            "team_id": "2178374",
            "username": "yatuhashi"
          },
          "sensitive_attributes": [],
          "dependencies": [
            "github_membership.yatuhashi",
            "github_team.ictsc7"
          ]
        }
      ]
    },
    {
      "mode": "managed",
      "type": "github_team_membership",
      "name": "ictsc7-yuukinetwork",
      "provider": "provider[\"registry.terraform.io/integrations/github\"]",
      "instances": [
        {
          "schema_version": 0,
          "attributes": {
            "etag": "W/\"b25078bad5eafc25aef501f8c3adb91ad58ae87c5dda9b52ded1d82a4c7d3c20\"",
            "id": "2178374:yuukinetwork",
            "role": "member",
            "team_id": "2178374",
            "username": "yuukinetwork"
          },
          "sensitive_attributes": [],
          "dependencies": [
            "github_membership.yuukinetwork",
            "github_team.ictsc7"
          ]
        }
      ]
    },
    {
      "mode": "managed",
      "type": "github_team_membership",
      "name": "ictsc8-Azusa72",
      "provider": "provider[\"registry.terraform.io/integrations/github\"]",
      "instances": [
        {
          "schema_version": 0,
          "attributes": {
            "etag": "W/\"d5fca8a69fcad8c85c90b21fc3f271231987cd13b6c1638eb865a4e7967da1f9\"",
            "id": "2341229:Azusa72",
            "role": "member",
            "team_id": "2341229",
            "username": "Azusa72"
          },
          "sensitive_attributes": [],
          "dependencies": [
            "github_membership.Azusa72",
            "github_team.ictsc8"
          ]
        }
      ]
    },
    {
      "mode": "managed",
      "type": "github_team_membership",
      "name": "ictsc8-Katsuya414",
      "provider": "provider[\"registry.terraform.io/integrations/github\"]",
      "instances": [
        {
          "schema_version": 0,
          "attributes": {
            "etag": "W/\"cfb205ebc2eef5f09e99d6fbd52a07b56f8525529b0db46118479a968ab159e0\"",
            "id": "2341229:Katsuya414",
            "role": "member",
            "team_id": "2341229",
            "username": "Katsuya414"
          },
          "sensitive_attributes": [],
          "dependencies": [
            "github_membership.Katsuya414",
            "github_team.ictsc8"
          ]
        }
      ]
    },
    {
      "mode": "managed",
      "type": "github_team_membership",
      "name": "ictsc8-Kurorororo",
      "provider": "provider[\"registry.terraform.io/integrations/github\"]",
      "instances": [
        {
          "schema_version": 0,
          "attributes": {
            "etag": "W/\"a6d7a90bb43f7207c7c0796f011998824d9f644557b72534a8f9cb076261991d\"",
            "id": "2341229:Kurorororo",
            "role": "member",
            "team_id": "2341229",
            "username": "Kurorororo"
          },
          "sensitive_attributes": [],
          "dependencies": [
            "github_membership.Kurorororo",
            "github_team.ictsc8"
          ]
        }
      ]
    },
    {
      "mode": "managed",
      "type": "github_team_membership",
      "name": "ictsc8-alias-aria",
      "provider": "provider[\"registry.terraform.io/integrations/github\"]",
      "instances": [
        {
          "schema_version": 0,
          "attributes": {
            "etag": "W/\"ad1e8d50bd5e00f5711c4653a695e072ad3a66ff11c1574756456a9470b4a839\"",
            "id": "2341229:alias-aria",
            "role": "member",
            "team_id": "2341229",
            "username": "alias-aria"
          },
          "sensitive_attributes": [],
          "dependencies": [
            "github_membership.alias-aria",
            "github_team.ictsc8"
          ]
        }
      ]
    },
    {
      "mode": "managed",
      "type": "github_team_membership",
      "name": "ictsc8-aoi96",
      "provider": "provider[\"registry.terraform.io/integrations/github\"]",
      "instances": [
        {
          "schema_version": 0,
          "attributes": {
            "etag": "W/\"698ec4129c02eece25a59e7787fe127432aa009f674d481217ad04878adc2c3b\"",
            "id": "2341229:aoi96",
            "role": "member",
            "team_id": "2341229",
            "username": "aoi96"
          },
          "sensitive_attributes": [],
          "dependencies": [
            "github_membership.aoi96",
            "github_team.ictsc8"
          ]
        }
      ]
    },
    {
      "mode": "managed",
      "type": "github_team_membership",
      "name": "ictsc8-bosan120",
      "provider": "provider[\"registry.terraform.io/integrations/github\"]",
      "instances": [
        {
          "schema_version": 0,
          "attributes": {
            "etag": "W/\"0a0752890e0fc247d383fad55b1661137fbe5f8edd05a8d7b78a7fd5757700e7\"",
            "id": "2341229:bosan120",
            "role": "member",
            "team_id": "2341229",
            "username": "bosan120"
          },
          "sensitive_attributes": [],
          "dependencies": [
            "github_membership.bosan120",
            "github_team.ictsc8"
          ]
        }
      ]
    },
    {
      "mode": "managed",
      "type": "github_team_membership",
      "name": "ictsc8-chisaton1",
      "provider": "provider[\"registry.terraform.io/integrations/github\"]",
      "instances": [
        {
          "schema_version": 0,
          "attributes": {
            "etag": "W/\"389fb067fe522aafe9c04a2ce9230db4f155b8ba17fe22d003f75f8413481d5a\"",
            "id": "2341229:chisaton1",
            "role": "member",
            "team_id": "2341229",
            "username": "chisaton1"
          },
          "sensitive_attributes": [],
          "dependencies": [
            "github_membership.chisaton1",
            "github_team.ictsc8"
          ]
        }
      ]
    },
    {
      "mode": "managed",
      "type": "github_team_membership",
      "name": "ictsc8-ecodrive-18",
      "provider": "provider[\"registry.terraform.io/integrations/github\"]",
      "instances": [
        {
          "schema_version": 0,
          "attributes": {
            "etag": "W/\"41b2aa964684f7dc1992de28cb6bc9be6683e63b2c0a333530c29bd6081decd8\"",
            "id": "2341229:ecodrive-18",
            "role": "member",
            "team_id": "2341229",
            "username": "ecodrive-18"
          },
          "sensitive_attributes": [],
          "dependencies": [
            "github_membership.ecodrive-18",
            "github_team.ictsc8"
          ]
        }
      ]
    },
    {
      "mode": "managed",
      "type": "github_team_membership",
      "name": "ictsc8-h-otter",
      "provider": "provider[\"registry.terraform.io/integrations/github\"]",
      "instances": [
        {
          "schema_version": 0,
          "attributes": {
            "etag": "W/\"6599ba6732dcdc0f95f0d43413896a30e79894ede19e7f5fb22311624c65816d\"",
            "id": "2341229:h-otter",
            "role": "member",
            "team_id": "2341229",
            "username": "h-otter"
          },
          "sensitive_attributes": [],
          "private": "bnVsbA==",
          "dependencies": [
            "github_membership.h-otter",
            "github_team.ictsc8"
          ]
        }
      ]
    },
    {
      "mode": "managed",
      "type": "github_team_membership",
      "name": "ictsc8-icchy",
      "provider": "provider[\"registry.terraform.io/integrations/github\"]",
      "instances": [
        {
          "schema_version": 0,
          "attributes": {
            "etag": "W/\"cc70e4f7bc58a16bee1a302ec9be0475cc382f4115498b21b1e5fb3b35442d14\"",
            "id": "2341229:icchy",
            "role": "member",
            "team_id": "2341229",
            "username": "icchy"
          },
          "sensitive_attributes": [],
          "dependencies": [
            "github_membership.icchy",
            "github_team.ictsc8"
          ]
        }
      ]
    },
    {
      "mode": "managed",
      "type": "github_team_membership",
      "name": "ictsc8-inuyosi",
      "provider": "provider[\"registry.terraform.io/integrations/github\"]",
      "instances": [
        {
          "schema_version": 0,
          "attributes": {
            "etag": "W/\"2532f76f53d340b930a3697032f50ecd56d363fe61802226f7d8aced2afea330\"",
            "id": "2341229:inuyosi",
            "role": "member",
            "team_id": "2341229",
            "username": "inuyosi"
          },
          "sensitive_attributes": [],
          "dependencies": [
            "github_membership.inuyosi",
            "github_team.ictsc8"
          ]
        }
      ]
    },
    {
      "mode": "managed",
      "type": "github_team_membership",
      "name": "ictsc8-keyakko",
      "provider": "provider[\"registry.terraform.io/integrations/github\"]",
      "instances": [
        {
          "schema_version": 0,
          "attributes": {
            "etag": "W/\"a18427174409b3870069ff4a3fd1c1d2ca696b28daae655aa9beda4672bdf6c4\"",
            "id": "2341229:keyakko",
            "role": "member",
            "team_id": "2341229",
            "username": "keyakko"
          },
          "sensitive_attributes": [],
          "dependencies": [
            "github_membership.keyakko",
            "github_team.ictsc8"
          ]
        }
      ]
    },
    {
      "mode": "managed",
      "type": "github_team_membership",
      "name": "ictsc8-kyontan",
      "provider": "provider[\"registry.terraform.io/integrations/github\"]",
      "instances": [
        {
          "schema_version": 0,
          "attributes": {
            "etag": "W/\"2759287460b8d7c74534f3cf9a272675134fbea211c68b29a578a659292249ad\"",
            "id": "2341229:kyontan",
            "role": "member",
            "team_id": "2341229",
            "username": "kyontan"
          },
          "sensitive_attributes": [],
          "dependencies": [
            "github_membership.kyontan",
            "github_team.ictsc8"
          ]
        }
      ]
    },
    {
      "mode": "managed",
      "type": "github_team_membership",
      "name": "ictsc8-mbook-x86",
      "provider": "provider[\"registry.terraform.io/integrations/github\"]",
      "instances": [
        {
          "schema_version": 0,
          "attributes": {
            "etag": "W/\"7c996165dbd66fb53c3afe742e0f2d8dde65ce89021fc0606d31b391060a7b39\"",
            "id": "2341229:mbook-x86",
            "role": "member",
            "team_id": "2341229",
            "username": "mbook-x86"
          },
          "sensitive_attributes": [],
          "dependencies": [
            "github_membership.mbook-x86",
            "github_team.ictsc8"
          ]
        }
      ]
    },
    {
      "mode": "managed",
      "type": "github_team_membership",
      "name": "ictsc8-naoki912",
      "provider": "provider[\"registry.terraform.io/integrations/github\"]",
      "instances": [
        {
          "schema_version": 0,
          "attributes": {
            "etag": "W/\"0917c3405af5c9bf2bc0681acdd336d042ee00c0379c1707efc884dcce14a3e3\"",
            "id": "2341229:naoki912",
            "role": "member",
            "team_id": "2341229",
            "username": "naoki912"
          },
          "sensitive_attributes": [],
          "dependencies": [
            "github_membership.naoki912",
            "github_team.ictsc8"
          ]
        }
      ]
    },
    {
      "mode": "managed",
      "type": "github_team_membership",
      "name": "ictsc8-oomorio",
      "provider": "provider[\"registry.terraform.io/integrations/github\"]",
      "instances": [
        {
          "schema_version": 0,
          "attributes": {
            "etag": "W/\"ec78da633af125ba9504696827227da6aa3b291246faca7f0eaf6c98d4351b2a\"",
            "id": "2341229:oomorio",
            "role": "member",
            "team_id": "2341229",
            "username": "oomorio"
          },
          "sensitive_attributes": [],
          "dependencies": [
            "github_membership.oomorio",
            "github_team.ictsc8"
          ]
        }
      ]
    },
    {
      "mode": "managed",
      "type": "github_team_membership",
      "name": "ictsc8-palloc",
      "provider": "provider[\"registry.terraform.io/integrations/github\"]",
      "instances": [
        {
          "schema_version": 0,
          "attributes": {
            "etag": "W/\"467c5c28562242afaef33f6049b5a7bb8e730e7c6d0801749372e37943d14c95\"",
            "id": "2341229:palloc",
            "role": "member",
            "team_id": "2341229",
            "username": "palloc"
          },
          "sensitive_attributes": [],
          "dependencies": [
            "github_membership.palloc",
            "github_team.ictsc8"
          ]
        }
      ]
    },
    {
      "mode": "managed",
      "type": "github_team_membership",
      "name": "ictsc8-staybuzz",
      "provider": "provider[\"registry.terraform.io/integrations/github\"]",
      "instances": [
        {
          "schema_version": 0,
          "attributes": {
            "etag": "W/\"596aab539bc1c543590b0a6b4ea529a4c019bb0d2eacb3eeb3145ec4c896791b\"",
            "id": "2341229:staybuzz",
            "role": "member",
            "team_id": "2341229",
            "username": "staybuzz"
          },
          "sensitive_attributes": [],
          "dependencies": [
            "github_membership.staybuzz",
            "github_team.ictsc8"
          ]
        }
      ]
    },
    {
      "mode": "managed",
      "type": "github_team_membership",
      "name": "ictsc8-whywaita",
      "provider": "provider[\"registry.terraform.io/integrations/github\"]",
      "instances": [
        {
          "schema_version": 0,
          "attributes": {
            "etag": "W/\"b23ab99a619e014e52c759d89418625aa53fb4325fb25e1934a9a5b239d89522\"",
            "id": "2341229:whywaita",
            "role": "member",
            "team_id": "2341229",
            "username": "whywaita"
          },
          "sensitive_attributes": [],
          "private": "bnVsbA==",
          "dependencies": [
            "github_membership.whywaita",
            "github_team.ictsc8"
          ]
        }
      ]
    },
    {
      "mode": "managed",
      "type": "github_team_membership",
      "name": "ictsc8-yatuhashi",
      "provider": "provider[\"registry.terraform.io/integrations/github\"]",
      "instances": [
        {
          "schema_version": 0,
          "attributes": {
            "etag": "W/\"185bafe2dcda7d73e24c91a7e140189d4ed1618e41ed7040b6d109d542548dfd\"",
            "id": "2341229:yatuhashi",
            "role": "member",
            "team_id": "2341229",
            "username": "yatuhashi"
          },
          "sensitive_attributes": [],
          "dependencies": [
            "github_membership.yatuhashi",
            "github_team.ictsc8"
          ]
        }
      ]
    },
    {
      "mode": "managed",
      "type": "github_team_membership",
      "name": "ictsc9-Kurorororo",
      "provider": "provider[\"registry.terraform.io/integrations/github\"]",
      "instances": [
        {
          "schema_version": 0,
          "attributes": {
            "etag": "W/\"c2d07d8e7182a9611786873a0d4bbbc42bfd512b9df54542c8430a1a884e8688\"",
            "id": "2818424:Kurorororo",
            "role": "member",
            "team_id": "2818424",
            "username": "Kurorororo"
          },
          "sensitive_attributes": [],
          "dependencies": [
            "github_membership.Kurorororo",
            "github_team.ictsc9"
          ]
        }
      ]
    },
    {
      "mode": "managed",
      "type": "github_team_membership",
      "name": "ictsc9-SakurazakaShin",
      "provider": "provider[\"registry.terraform.io/integrations/github\"]",
      "instances": [
        {
          "schema_version": 0,
          "attributes": {
            "etag": "W/\"daadfcc29a25add82288f363f5c75325284e60a3976ab422b197ce35fdecb074\"",
            "id": "2818424:SakurazakaShin",
            "role": "member",
            "team_id": "2818424",
            "username": "SakurazakaShin"
          },
          "sensitive_attributes": [],
          "dependencies": [
            "github_membership.SakurazakaShin",
            "github_team.ictsc9"
          ]
        }
      ]
    },
    {
      "mode": "managed",
      "type": "github_team_membership",
      "name": "ictsc9-acque2two",
      "provider": "provider[\"registry.terraform.io/integrations/github\"]",
      "instances": [
        {
          "schema_version": 0,
          "attributes": {
            "etag": "W/\"b3c0c4ea9cee386d373e937d2ac03c6669d1efb1aba4c92b98f77349b0b7a67b\"",
            "id": "2818424:acque2two",
            "role": "member",
            "team_id": "2818424",
            "username": "acque2two"
          },
          "sensitive_attributes": [],
          "dependencies": [
            "github_membership.acque2two",
            "github_team.ictsc9"
          ]
        }
      ]
    },
    {
      "mode": "managed",
      "type": "github_team_membership",
      "name": "ictsc9-chisaton1",
      "provider": "provider[\"registry.terraform.io/integrations/github\"]",
      "instances": [
        {
          "schema_version": 0,
          "attributes": {
            "etag": "W/\"f8ef24b9f6b169fdb01ab29786ec14ba55a61d2d1e56f3b62170cd4ee74b80ec\"",
            "id": "2818424:chisaton1",
            "role": "member",
            "team_id": "2818424",
            "username": "chisaton1"
          },
          "sensitive_attributes": [],
          "dependencies": [
            "github_membership.chisaton1",
            "github_team.ictsc9"
          ]
        }
      ]
    },
    {
      "mode": "managed",
      "type": "github_team_membership",
      "name": "ictsc9-ecodrive-18",
      "provider": "provider[\"registry.terraform.io/integrations/github\"]",
      "instances": [
        {
          "schema_version": 0,
          "attributes": {
            "etag": "W/\"595bc0acd4818bb3603db6b561612062dd3f363618c48c7d74a0986dd50bd44b\"",
            "id": "2818424:ecodrive-18",
            "role": "member",
            "team_id": "2818424",
            "username": "ecodrive-18"
          },
          "sensitive_attributes": [],
          "dependencies": [
            "github_membership.ecodrive-18",
            "github_team.ictsc9"
          ]
        }
      ]
    },
    {
      "mode": "managed",
      "type": "github_team_membership",
      "name": "ictsc9-gurapomu",
      "provider": "provider[\"registry.terraform.io/integrations/github\"]",
      "instances": [
        {
          "schema_version": 0,
          "attributes": {
            "etag": "W/\"b36f7d8ba41bcc77521ecd2e20b6c5261b0dc7567428d1987f1f6b1e29565da9\"",
            "id": "2818424:gurapomu",
            "role": "member",
            "team_id": "2818424",
            "username": "gurapomu"
          },
          "sensitive_attributes": [],
          "dependencies": [
            "github_membership.gurapomu",
            "github_team.ictsc9"
          ]
        }
      ]
    },
    {
      "mode": "managed",
      "type": "github_team_membership",
      "name": "ictsc9-h-otter",
      "provider": "provider[\"registry.terraform.io/integrations/github\"]",
      "instances": [
        {
          "schema_version": 0,
          "attributes": {
            "etag": "W/\"6837edfbc9ba71cdf46a1ea5f4260c52fe3e9361a944dbb5758542ade18cc35d\"",
            "id": "2818424:h-otter",
            "role": "member",
            "team_id": "2818424",
            "username": "h-otter"
          },
          "sensitive_attributes": [],
          "private": "bnVsbA==",
          "dependencies": [
            "github_membership.h-otter",
            "github_team.ictsc9"
          ]
        }
      ]
    },
    {
      "mode": "managed",
      "type": "github_team_membership",
      "name": "ictsc9-ha-kun0711",
      "provider": "provider[\"registry.terraform.io/integrations/github\"]",
      "instances": [
        {
          "schema_version": 0,
          "attributes": {
            "etag": "W/\"c5ee33afcf40433f95e8718a092b64ac44fea6765c4264818c0aa7580a857452\"",
            "id": "2818424:ha-kun0711",
            "role": "member",
            "team_id": "2818424",
            "username": "ha-kun0711"
          },
          "sensitive_attributes": [],
          "dependencies": [
            "github_membership.ha-kun0711",
            "github_team.ictsc9"
          ]
        }
      ]
    },
    {
      "mode": "managed",
      "type": "github_team_membership",
      "name": "ictsc9-icchy",
      "provider": "provider[\"registry.terraform.io/integrations/github\"]",
      "instances": [
        {
          "schema_version": 0,
          "attributes": {
            "etag": "W/\"2a00300aab8a2e6ef31be96b04e1457caf281c756dd037a0fcfe447c73b10582\"",
            "id": "2818424:icchy",
            "role": "member",
            "team_id": "2818424",
            "username": "icchy"
          },
          "sensitive_attributes": [],
          "dependencies": [
            "github_membership.icchy",
            "github_team.ictsc9"
          ]
        }
      ]
    },
    {
      "mode": "managed",
      "type": "github_team_membership",
      "name": "ictsc9-mbook-x86",
      "provider": "provider[\"registry.terraform.io/integrations/github\"]",
      "instances": [
        {
          "schema_version": 0,
          "attributes": {
            "etag": "W/\"34f1b320c426d96432cde4ef98233ec419604505c26f69dc007c559c850f181d\"",
            "id": "2818424:mbook-x86",
            "role": "member",
            "team_id": "2818424",
            "username": "mbook-x86"
          },
          "sensitive_attributes": [],
          "dependencies": [
            "github_membership.mbook-x86",
            "github_team.ictsc9"
          ]
        }
      ]
    },
    {
      "mode": "managed",
      "type": "github_team_membership",
      "name": "ictsc9-naoki912",
      "provider": "provider[\"registry.terraform.io/integrations/github\"]",
      "instances": [
        {
          "schema_version": 0,
          "attributes": {
            "etag": "W/\"f4e9f93cf616ec7494500a78b2ca37121cb20a192805c5689d5506904a4a3021\"",
            "id": "2818424:naoki912",
            "role": "member",
            "team_id": "2818424",
            "username": "naoki912"
          },
          "sensitive_attributes": [],
          "dependencies": [
            "github_membership.naoki912",
            "github_team.ictsc9"
          ]
        }
      ]
    },
    {
      "mode": "managed",
      "type": "github_team_membership",
      "name": "ictsc9-nomeaning777",
      "provider": "provider[\"registry.terraform.io/integrations/github\"]",
      "instances": [
        {
          "schema_version": 0,
          "attributes": {
            "etag": "W/\"667dbf774fd08d06666cdaab92b07150290befcda225dc81c9e70fc372ca531a\"",
            "id": "2818424:nomeaning777",
            "role": "member",
            "team_id": "2818424",
            "username": "nomeaning777"
          },
          "sensitive_attributes": [],
          "dependencies": [
            "github_membership.nomeaning777",
            "github_team.ictsc9"
          ]
        }
      ]
    },
    {
      "mode": "managed",
      "type": "github_team_membership",
      "name": "ictsc9-palloc",
      "provider": "provider[\"registry.terraform.io/integrations/github\"]",
      "instances": [
        {
          "schema_version": 0,
          "attributes": {
            "etag": "W/\"68ca77fad2531067f1258708b2be24b65dd12851e06d8deb06bf11f13486eb48\"",
            "id": "2818424:palloc",
            "role": "member",
            "team_id": "2818424",
            "username": "palloc"
          },
          "sensitive_attributes": [],
          "dependencies": [
            "github_membership.palloc",
            "github_team.ictsc9"
          ]
        }
      ]
    },
    {
      "mode": "managed",
      "type": "github_team_membership",
      "name": "ictsc9-sharknasuhorse",
      "provider": "provider[\"registry.terraform.io/integrations/github\"]",
      "instances": [
        {
          "schema_version": 0,
          "attributes": {
            "etag": "W/\"b16966408cf875d45bff0433438fa136e7d6c0eb636983a6bbd3866b031cc29e\"",
            "id": "2818424:sharknasuhorse",
            "role": "member",
            "team_id": "2818424",
            "username": "sharknasuhorse"
          },
          "sensitive_attributes": [],
          "private": "bnVsbA==",
          "dependencies": [
            "github_membership.sharknasuhorse",
            "github_team.ictsc9"
          ]
        }
      ]
    },
    {
      "mode": "managed",
      "type": "github_team_membership",
      "name": "ictsc9-tsuttsu305",
      "provider": "provider[\"registry.terraform.io/integrations/github\"]",
      "instances": [
        {
          "schema_version": 0,
          "attributes": {
            "etag": "W/\"ed0ebe8b60b440f4c39d09e7659e4cb32a6a008b25ead7d51284964815c9596f\"",
            "id": "2818424:tsuttsu305",
            "role": "member",
            "team_id": "2818424",
            "username": "tsuttsu305"
          },
          "sensitive_attributes": [],
          "dependencies": [
            "github_membership.tsuttsu305",
            "github_team.ictsc9"
          ]
        }
      ]
    },
    {
      "mode": "managed",
      "type": "github_team_membership",
      "name": "ictsc9-uplus",
      "provider": "provider[\"registry.terraform.io/integrations/github\"]",
      "instances": [
        {
          "schema_version": 0,
          "attributes": {
            "etag": "W/\"307f598f84bf6015d81de7f3f27b0803b4108bfce5198e76ec282a1a20622baa\"",
            "id": "2818424:uplus",
            "role": "member",
            "team_id": "2818424",
            "username": "uplus"
          },
          "sensitive_attributes": [],
          "private": "bnVsbA==",
          "dependencies": [
            "github_membership.uplus",
            "github_team.ictsc9"
          ]
        }
      ]
    },
    {
      "mode": "managed",
      "type": "github_team_membership",
      "name": "ictsc9-whywaita",
      "provider": "provider[\"registry.terraform.io/integrations/github\"]",
      "instances": [
        {
          "schema_version": 0,
          "attributes": {
            "etag": "W/\"4e928ec232cc1eb6f48ae7e59a81cce1eb473a4ad2a742b5ef8b453621866b79\"",
            "id": "2818424:whywaita",
            "role": "member",
            "team_id": "2818424",
            "username": "whywaita"
          },
          "sensitive_attributes": [],
          "private": "bnVsbA==",
          "dependencies": [
            "github_membership.whywaita",
            "github_team.ictsc9"
          ]
        }
      ]
    },
    {
      "mode": "managed",
      "type": "github_team_membership",
      "name": "ictsc9-yatuhashi",
      "provider": "provider[\"registry.terraform.io/integrations/github\"]",
      "instances": [
        {
          "schema_version": 0,
          "attributes": {
            "etag": "W/\"486b749339cffeb2a471a6323c14451ee4030e2fb48749f064ea50408ca4607d\"",
            "id": "2818424:yatuhashi",
            "role": "member",
            "team_id": "2818424",
            "username": "yatuhashi"
          },
          "sensitive_attributes": [],
          "dependencies": [
            "github_membership.yatuhashi",
            "github_team.ictsc9"
          ]
        }
      ]
    },
    {
      "mode": "managed",
      "type": "github_team_membership",
      "name": "score-dev-uplus",
      "provider": "provider[\"registry.terraform.io/integrations/github\"]",
      "instances": [
        {
          "schema_version": 0,
          "attributes": {
            "etag": "W/\"2e9da42d22865596289019167983d3713ceb9c6947fd6e6625e6554a92ac5ae4\"",
            "id": "2004353:uplus",
            "role": "maintainer",
            "team_id": "2004353",
            "username": "uplus"
          },
          "sensitive_attributes": [],
          "dependencies": [
            "github_membership.uplus",
            "github_team.score-dev"
          ]
        }
      ]
    },
    {
      "mode": "managed",
      "type": "github_team_repository",
      "name": "score-dev-ictsc-score-server",
      "provider": "provider[\"registry.terraform.io/integrations/github\"]",
      "instances": [
        {
          "schema_version": 0,
          "attributes": {
            "etag": "W/\"0cce3c4a154280a418a4275a804ae22e47989ef101f8c26538d7525c01532501\"",
            "id": "2004353:ictsc-score-server",
            "permission": "admin",
            "repository": "ictsc-score-server",
            "team_id": "2004353"
          },
          "sensitive_attributes": [],
          "dependencies": [
            "github_team.score-dev"
          ]
        }
      ]
    }
  ],
  "check_results": null
}
